{
  "version": 4,
  "terraform_version": "1.3.9",
  "serial": 24,
  "lineage": "4a8ed803-02f2-ccac-1564-49269a3415e5",
  "outputs": {
    "bigquery_datasets": {
      "value": {
        "drop-bq-0": "y0y0_dev_data_drp_bq_0",
        "dwh-confidential-bq-0": "y0y0_dev_data_dwh_conf_bq_0",
        "dwh-curated-bq-0": "y0y0_dev_data_dwh_cur_bq_0",
        "dwh-landing-bq-0": "y0y0_dev_data_dwh_lnd_bq_0"
      },
      "type": [
        "object",
        {
          "drop-bq-0": "string",
          "dwh-confidential-bq-0": "string",
          "dwh-curated-bq-0": "string",
          "dwh-landing-bq-0": "string"
        }
      ]
    },
    "demo_commands": {
      "value": {
        "1": "gsutil -i y0y0-dev-data-drp-cs-0@y0y0-dev-data-drp-0.iam.gserviceaccount.com cp demo/data/*.csv gs://y0y0-dev-data-drp-cs-0",
        "2": "gsutil -i y0y0-dev-data-orc-cmp-0@y0y0-dev-data-orc-0.iam.gserviceaccount.com cp demo/data/*.j* gs://y0y0-dev-data-orc-cs-0",
        "3": "gsutil -i y0y0-dev-data-orc-cmp-0@y0y0-dev-data-orc-0.iam.gserviceaccount.com cp demo/*.py gs://europe-west1-y0y0-dev-data--68649d9f-bucket/dags/",
        "4": "    gcloud builds submit \\\n      --config=./demo/dataflow-csv2bq/cloudbuild.yaml \\\n      --project=y0y0-dev-data-orc-0 \\\n      --region=\"europe-west1\" \\\n      --gcs-log-dir=gs://y0y0-dev-data-orc-cs-build-staging/log \\\n      --gcs-source-staging-dir=gs://y0y0-dev-data-orc-cs-build-staging/staging \\\n      --impersonate-service-account=y0y0-dev-data-orc-sa-df-build@y0y0-dev-data-orc-0.iam.gserviceaccount.com \\\n      --substitutions=_TEMPLATE_IMAGE=\"europe-west1-docker.pkg.dev/y0y0-dev-data-orc-0/y0y0-dev-data-app-images/csv2bq:latest\",_TEMPLATE_PATH=\"gs://y0y0-dev-data-orc-cs-df-template/csv2bq.json\",_DOCKER_DIR=\"./demo/dataflow-csv2bq\"\n",
        "5": "Open https://58af96c158a841a8a3215a45cdbadb00-dot-europe-west1.composer.googleusercontent.com and run uploaded DAG.",
        "6": "           bq query --project_id=y0y0-dev-data-dwh-conf-0 --use_legacy_sql=false 'SELECT * EXCEPT (name, surname) FROM `y0y0-dev-data-dwh-conf-0.y0y0_dev_data_dwh_conf_bq_0.customer_purchase` LIMIT 1000'\"\n"
      },
      "type": [
        "object",
        {
          "1": "string",
          "2": "string",
          "3": "string",
          "4": "string",
          "5": "string",
          "6": "string"
        }
      ]
    },
    "gcs_buckets": {
      "value": {
        "drop-cs-0": "y0y0-dev-data-drp-cs-0",
        "dwh-confidential-cs-0": "y0y0-dev-data-dwh-conf-cs-0",
        "dwh-curated-cs-0": "y0y0-dev-data-dwh-cur-cs-0",
        "dwh-landing-cs-0": "y0y0-dev-data-dwh-lnd-cs-0",
        "lod-cs-df": "y0y0-dev-data-load-cs-0",
        "orch-cs-0": "y0y0-dev-data-orc-cs-0",
        "transf-cs-df": "y0y0-dev-data-trf-cs-0"
      },
      "type": [
        "object",
        {
          "drop-cs-0": "string",
          "dwh-confidential-cs-0": "string",
          "dwh-curated-cs-0": "string",
          "dwh-landing-cs-0": "string",
          "lod-cs-df": "string",
          "orch-cs-0": "string",
          "transf-cs-df": "string"
        }
      ]
    },
    "projects": {
      "value": {
        "project_id": {
          "dropoff": "y0y0-dev-data-drp-0",
          "dwh-confidential": "y0y0-dev-data-dwh-conf-0",
          "dwh-curated": "y0y0-dev-data-dwh-cur-0",
          "dwh-landing": "y0y0-dev-data-dwh-lnd-0",
          "exposure": "y0y0-dev-data-exp-0",
          "load": "y0y0-dev-data-lod-0",
          "orchestration": "y0y0-dev-data-orc-0",
          "transformation": "y0y0-dev-data-trf-0"
        },
        "project_number": {
          "dropoff": "668237629544",
          "dwh-confidential": "423373633348",
          "dwh-curated": "422180310674",
          "dwh-landing": "951256585501",
          "exposure": "305768502111",
          "load": "969708674185",
          "orchestration": "874131290478",
          "transformation": "413606672159"
        }
      },
      "type": [
        "object",
        {
          "project_id": [
            "object",
            {
              "dropoff": "string",
              "dwh-confidential": "string",
              "dwh-curated": "string",
              "dwh-landing": "string",
              "exposure": "string",
              "load": "string",
              "orchestration": "string",
              "transformation": "string"
            }
          ],
          "project_number": [
            "object",
            {
              "dropoff": "string",
              "dwh-confidential": "string",
              "dwh-curated": "string",
              "dwh-landing": "string",
              "exposure": "string",
              "load": "string",
              "orchestration": "string",
              "transformation": "string"
            }
          ]
        }
      ]
    },
    "vpc_network": {
      "value": {
        "load": "https://www.googleapis.com/compute/v1/projects/yoyo-dev-net-spoke-0/global/networks/dev-spoke-0",
        "orchestration": "https://www.googleapis.com/compute/v1/projects/yoyo-dev-net-spoke-0/global/networks/dev-spoke-0",
        "transformation": "https://www.googleapis.com/compute/v1/projects/yoyo-dev-net-spoke-0/global/networks/dev-spoke-0"
      },
      "type": [
        "object",
        {
          "load": "string",
          "orchestration": "string",
          "transformation": "string"
        }
      ]
    },
    "vpc_subnet": {
      "value": {
        "load": "https://www.googleapis.com/compute/v1/projects/yoyo-dev-net-spoke-0/regions/europe-west1/subnetworks/dev-dataplatform-ew1",
        "orchestration": "https://www.googleapis.com/compute/v1/projects/yoyo-dev-net-spoke-0/regions/europe-west1/subnetworks/dev-dataplatform-ew1",
        "transformation": "https://www.googleapis.com/compute/v1/projects/yoyo-dev-net-spoke-0/regions/europe-west1/subnetworks/dev-dataplatform-ew1"
      },
      "type": [
        "object",
        {
          "load": "string",
          "orchestration": "string",
          "transformation": "string"
        }
      ]
    }
  },
  "resources": [
    {
      "mode": "managed",
      "type": "google_storage_bucket_object",
      "name": "tfvars",
      "provider": "provider[\"registry.terraform.io/hashicorp/google\"]",
      "instances": [
        {
          "schema_version": 0,
          "attributes": {
            "bucket": "yoyo-prod-iac-core-outputs-0",
            "cache_control": "",
            "content": "{\"bigquery_dataset\":{\"drop-bq-0\":\"y0y0_dev_data_drp_bq_0\",\"dwh-confidential-bq-0\":\"y0y0_dev_data_dwh_conf_bq_0\",\"dwh-curated-bq-0\":\"y0y0_dev_data_dwh_cur_bq_0\",\"dwh-landing-bq-0\":\"y0y0_dev_data_dwh_lnd_bq_0\"},\"gcs_buckets\":{\"drop-cs-0\":\"y0y0-dev-data-drp-cs-0\",\"dwh-confidential-cs-0\":\"y0y0-dev-data-dwh-conf-cs-0\",\"dwh-curated-cs-0\":\"y0y0-dev-data-dwh-cur-cs-0\",\"dwh-landing-cs-0\":\"y0y0-dev-data-dwh-lnd-cs-0\",\"lod-cs-df\":\"y0y0-dev-data-load-cs-0\",\"orch-cs-0\":\"y0y0-dev-data-orc-cs-0\",\"transf-cs-df\":\"y0y0-dev-data-trf-cs-0\"},\"projects\":{\"project_id\":{\"dropoff\":\"y0y0-dev-data-drp-0\",\"dwh-confidential\":\"y0y0-dev-data-dwh-conf-0\",\"dwh-curated\":\"y0y0-dev-data-dwh-cur-0\",\"dwh-landing\":\"y0y0-dev-data-dwh-lnd-0\",\"exposure\":\"y0y0-dev-data-exp-0\",\"load\":\"y0y0-dev-data-lod-0\",\"orchestration\":\"y0y0-dev-data-orc-0\",\"transformation\":\"y0y0-dev-data-trf-0\"},\"project_number\":{\"dropoff\":\"668237629544\",\"dwh-confidential\":\"423373633348\",\"dwh-curated\":\"422180310674\",\"dwh-landing\":\"951256585501\",\"exposure\":\"305768502111\",\"load\":\"969708674185\",\"orchestration\":\"874131290478\",\"transformation\":\"413606672159\"}}}",
            "content_disposition": "",
            "content_encoding": "",
            "content_language": "",
            "content_type": "text/plain; charset=utf-8",
            "crc32c": "S72qCg==",
            "customer_encryption": [],
            "detect_md5hash": "b9YWyXWnW8wR8qPpbI/yEg==",
            "event_based_hold": false,
            "id": "yoyo-prod-iac-core-outputs-0-tfvars/3-data-platform-dev.auto.tfvars.json",
            "kms_key_name": "",
            "md5hash": "b9YWyXWnW8wR8qPpbI/yEg==",
            "media_link": "https://storage.googleapis.com/download/storage/v1/b/yoyo-prod-iac-core-outputs-0/o/tfvars%2F3-data-platform-dev.auto.tfvars.json?generation=1680677932329043\u0026alt=media",
            "metadata": {},
            "name": "tfvars/3-data-platform-dev.auto.tfvars.json",
            "output_name": "tfvars/3-data-platform-dev.auto.tfvars.json",
            "self_link": "https://www.googleapis.com/storage/v1/b/yoyo-prod-iac-core-outputs-0/o/tfvars%2F3-data-platform-dev.auto.tfvars.json",
            "source": null,
            "storage_class": "MULTI_REGIONAL",
            "temporary_hold": false,
            "timeouts": null
          },
          "sensitive_attributes": [],
          "private": "eyJlMmJmYjczMC1lY2FhLTExZTYtOGY4OC0zNDM2M2JjN2M0YzAiOnsiY3JlYXRlIjoyNDAwMDAwMDAwMDAsImRlbGV0ZSI6MjQwMDAwMDAwMDAwLCJ1cGRhdGUiOjI0MDAwMDAwMDAwMH19",
          "dependencies": [
            "module.data-platform.module.drop-bq-0.google_bigquery_dataset.default",
            "module.data-platform.module.drop-bq-0.google_bigquery_dataset_access.domain",
            "module.data-platform.module.drop-bq-0.google_bigquery_dataset_access.group_by_email",
            "module.data-platform.module.drop-bq-0.google_bigquery_dataset_access.special_group",
            "module.data-platform.module.drop-bq-0.google_bigquery_dataset_access.user_by_email",
            "module.data-platform.module.drop-bq-0.google_bigquery_dataset_access.views",
            "module.data-platform.module.drop-cs-0.google_storage_bucket.bucket",
            "module.data-platform.module.drop-cs-0.google_storage_bucket_iam_binding.bindings",
            "module.data-platform.module.drop-project.data.google_bigquery_default_service_account.bq_sa",
            "module.data-platform.module.drop-project.data.google_project.project",
            "module.data-platform.module.drop-project.data.google_storage_project_service_account.gcs_sa",
            "module.data-platform.module.drop-project.google_compute_shared_vpc_host_project.shared_vpc_host",
            "module.data-platform.module.drop-project.google_compute_shared_vpc_service_project.service_projects",
            "module.data-platform.module.drop-project.google_compute_shared_vpc_service_project.shared_vpc_service",
            "module.data-platform.module.drop-project.google_kms_crypto_key_iam_member.service_identity_cmek",
            "module.data-platform.module.drop-project.google_org_policy_policy.default",
            "module.data-platform.module.drop-project.google_project.project",
            "module.data-platform.module.drop-project.google_project_default_service_accounts.default_service_accounts",
            "module.data-platform.module.drop-project.google_project_iam_member.servicenetworking",
            "module.data-platform.module.drop-project.google_project_iam_member.shared_vpc_host_robots",
            "module.data-platform.module.drop-project.google_project_service.project_services",
            "module.data-platform.module.drop-project.google_project_service_identity.jit_si",
            "module.data-platform.module.drop-project.google_project_service_identity.servicenetworking",
            "module.data-platform.module.dwh-conf-bq-0.google_bigquery_dataset.default",
            "module.data-platform.module.dwh-conf-bq-0.google_bigquery_dataset_access.domain",
            "module.data-platform.module.dwh-conf-bq-0.google_bigquery_dataset_access.group_by_email",
            "module.data-platform.module.dwh-conf-bq-0.google_bigquery_dataset_access.special_group",
            "module.data-platform.module.dwh-conf-bq-0.google_bigquery_dataset_access.user_by_email",
            "module.data-platform.module.dwh-conf-bq-0.google_bigquery_dataset_access.views",
            "module.data-platform.module.dwh-conf-cs-0.google_storage_bucket.bucket",
            "module.data-platform.module.dwh-conf-cs-0.google_storage_bucket_iam_binding.bindings",
            "module.data-platform.module.dwh-conf-project.data.google_bigquery_default_service_account.bq_sa",
            "module.data-platform.module.dwh-conf-project.data.google_project.project",
            "module.data-platform.module.dwh-conf-project.data.google_storage_project_service_account.gcs_sa",
            "module.data-platform.module.dwh-conf-project.google_compute_shared_vpc_host_project.shared_vpc_host",
            "module.data-platform.module.dwh-conf-project.google_compute_shared_vpc_service_project.service_projects",
            "module.data-platform.module.dwh-conf-project.google_compute_shared_vpc_service_project.shared_vpc_service",
            "module.data-platform.module.dwh-conf-project.google_kms_crypto_key_iam_member.service_identity_cmek",
            "module.data-platform.module.dwh-conf-project.google_org_policy_policy.default",
            "module.data-platform.module.dwh-conf-project.google_project.project",
            "module.data-platform.module.dwh-conf-project.google_project_default_service_accounts.default_service_accounts",
            "module.data-platform.module.dwh-conf-project.google_project_iam_member.servicenetworking",
            "module.data-platform.module.dwh-conf-project.google_project_iam_member.shared_vpc_host_robots",
            "module.data-platform.module.dwh-conf-project.google_project_service.project_services",
            "module.data-platform.module.dwh-conf-project.google_project_service_identity.jit_si",
            "module.data-platform.module.dwh-conf-project.google_project_service_identity.servicenetworking",
            "module.data-platform.module.dwh-cur-bq-0.google_bigquery_dataset.default",
            "module.data-platform.module.dwh-cur-bq-0.google_bigquery_dataset_access.domain",
            "module.data-platform.module.dwh-cur-bq-0.google_bigquery_dataset_access.group_by_email",
            "module.data-platform.module.dwh-cur-bq-0.google_bigquery_dataset_access.special_group",
            "module.data-platform.module.dwh-cur-bq-0.google_bigquery_dataset_access.user_by_email",
            "module.data-platform.module.dwh-cur-bq-0.google_bigquery_dataset_access.views",
            "module.data-platform.module.dwh-cur-cs-0.google_storage_bucket.bucket",
            "module.data-platform.module.dwh-cur-cs-0.google_storage_bucket_iam_binding.bindings",
            "module.data-platform.module.dwh-cur-project.data.google_bigquery_default_service_account.bq_sa",
            "module.data-platform.module.dwh-cur-project.data.google_project.project",
            "module.data-platform.module.dwh-cur-project.data.google_storage_project_service_account.gcs_sa",
            "module.data-platform.module.dwh-cur-project.google_compute_shared_vpc_host_project.shared_vpc_host",
            "module.data-platform.module.dwh-cur-project.google_compute_shared_vpc_service_project.service_projects",
            "module.data-platform.module.dwh-cur-project.google_compute_shared_vpc_service_project.shared_vpc_service",
            "module.data-platform.module.dwh-cur-project.google_kms_crypto_key_iam_member.service_identity_cmek",
            "module.data-platform.module.dwh-cur-project.google_org_policy_policy.default",
            "module.data-platform.module.dwh-cur-project.google_project.project",
            "module.data-platform.module.dwh-cur-project.google_project_default_service_accounts.default_service_accounts",
            "module.data-platform.module.dwh-cur-project.google_project_iam_member.servicenetworking",
            "module.data-platform.module.dwh-cur-project.google_project_iam_member.shared_vpc_host_robots",
            "module.data-platform.module.dwh-cur-project.google_project_service.project_services",
            "module.data-platform.module.dwh-cur-project.google_project_service_identity.jit_si",
            "module.data-platform.module.dwh-cur-project.google_project_service_identity.servicenetworking",
            "module.data-platform.module.dwh-lnd-bq-0.google_bigquery_dataset.default",
            "module.data-platform.module.dwh-lnd-bq-0.google_bigquery_dataset_access.domain",
            "module.data-platform.module.dwh-lnd-bq-0.google_bigquery_dataset_access.group_by_email",
            "module.data-platform.module.dwh-lnd-bq-0.google_bigquery_dataset_access.special_group",
            "module.data-platform.module.dwh-lnd-bq-0.google_bigquery_dataset_access.user_by_email",
            "module.data-platform.module.dwh-lnd-bq-0.google_bigquery_dataset_access.views",
            "module.data-platform.module.dwh-lnd-cs-0.google_storage_bucket.bucket",
            "module.data-platform.module.dwh-lnd-cs-0.google_storage_bucket_iam_binding.bindings",
            "module.data-platform.module.dwh-lnd-project.data.google_bigquery_default_service_account.bq_sa",
            "module.data-platform.module.dwh-lnd-project.data.google_project.project",
            "module.data-platform.module.dwh-lnd-project.data.google_storage_project_service_account.gcs_sa",
            "module.data-platform.module.dwh-lnd-project.google_compute_shared_vpc_host_project.shared_vpc_host",
            "module.data-platform.module.dwh-lnd-project.google_compute_shared_vpc_service_project.service_projects",
            "module.data-platform.module.dwh-lnd-project.google_compute_shared_vpc_service_project.shared_vpc_service",
            "module.data-platform.module.dwh-lnd-project.google_kms_crypto_key_iam_member.service_identity_cmek",
            "module.data-platform.module.dwh-lnd-project.google_org_policy_policy.default",
            "module.data-platform.module.dwh-lnd-project.google_project.project",
            "module.data-platform.module.dwh-lnd-project.google_project_default_service_accounts.default_service_accounts",
            "module.data-platform.module.dwh-lnd-project.google_project_iam_member.servicenetworking",
            "module.data-platform.module.dwh-lnd-project.google_project_iam_member.shared_vpc_host_robots",
            "module.data-platform.module.dwh-lnd-project.google_project_service.project_services",
            "module.data-platform.module.dwh-lnd-project.google_project_service_identity.jit_si",
            "module.data-platform.module.dwh-lnd-project.google_project_service_identity.servicenetworking",
            "module.data-platform.module.exp-project.data.google_bigquery_default_service_account.bq_sa",
            "module.data-platform.module.exp-project.data.google_project.project",
            "module.data-platform.module.exp-project.data.google_storage_project_service_account.gcs_sa",
            "module.data-platform.module.exp-project.google_compute_shared_vpc_host_project.shared_vpc_host",
            "module.data-platform.module.exp-project.google_compute_shared_vpc_service_project.service_projects",
            "module.data-platform.module.exp-project.google_compute_shared_vpc_service_project.shared_vpc_service",
            "module.data-platform.module.exp-project.google_kms_crypto_key_iam_member.service_identity_cmek",
            "module.data-platform.module.exp-project.google_org_policy_policy.default",
            "module.data-platform.module.exp-project.google_project.project",
            "module.data-platform.module.exp-project.google_project_default_service_accounts.default_service_accounts",
            "module.data-platform.module.exp-project.google_project_iam_member.servicenetworking",
            "module.data-platform.module.exp-project.google_project_iam_member.shared_vpc_host_robots",
            "module.data-platform.module.exp-project.google_project_service.project_services",
            "module.data-platform.module.exp-project.google_project_service_identity.jit_si",
            "module.data-platform.module.exp-project.google_project_service_identity.servicenetworking",
            "module.data-platform.module.load-cs-df-0.google_storage_bucket.bucket",
            "module.data-platform.module.load-cs-df-0.google_storage_bucket_iam_binding.bindings",
            "module.data-platform.module.load-project.data.google_bigquery_default_service_account.bq_sa",
            "module.data-platform.module.load-project.data.google_project.project",
            "module.data-platform.module.load-project.data.google_storage_project_service_account.gcs_sa",
            "module.data-platform.module.load-project.google_compute_shared_vpc_host_project.shared_vpc_host",
            "module.data-platform.module.load-project.google_compute_shared_vpc_service_project.service_projects",
            "module.data-platform.module.load-project.google_compute_shared_vpc_service_project.shared_vpc_service",
            "module.data-platform.module.load-project.google_kms_crypto_key_iam_member.service_identity_cmek",
            "module.data-platform.module.load-project.google_org_policy_policy.default",
            "module.data-platform.module.load-project.google_project.project",
            "module.data-platform.module.load-project.google_project_default_service_accounts.default_service_accounts",
            "module.data-platform.module.load-project.google_project_iam_member.servicenetworking",
            "module.data-platform.module.load-project.google_project_iam_member.shared_vpc_host_robots",
            "module.data-platform.module.load-project.google_project_service.project_services",
            "module.data-platform.module.load-project.google_project_service_identity.jit_si",
            "module.data-platform.module.load-project.google_project_service_identity.servicenetworking",
            "module.data-platform.module.orch-cs-0.google_storage_bucket.bucket",
            "module.data-platform.module.orch-cs-0.google_storage_bucket_iam_binding.bindings",
            "module.data-platform.module.orch-project.data.google_bigquery_default_service_account.bq_sa",
            "module.data-platform.module.orch-project.data.google_project.project",
            "module.data-platform.module.orch-project.data.google_storage_project_service_account.gcs_sa",
            "module.data-platform.module.orch-project.google_compute_shared_vpc_host_project.shared_vpc_host",
            "module.data-platform.module.orch-project.google_compute_shared_vpc_service_project.service_projects",
            "module.data-platform.module.orch-project.google_compute_shared_vpc_service_project.shared_vpc_service",
            "module.data-platform.module.orch-project.google_kms_crypto_key_iam_member.service_identity_cmek",
            "module.data-platform.module.orch-project.google_org_policy_policy.default",
            "module.data-platform.module.orch-project.google_project.project",
            "module.data-platform.module.orch-project.google_project_default_service_accounts.default_service_accounts",
            "module.data-platform.module.orch-project.google_project_iam_member.servicenetworking",
            "module.data-platform.module.orch-project.google_project_iam_member.shared_vpc_host_robots",
            "module.data-platform.module.orch-project.google_project_service.project_services",
            "module.data-platform.module.orch-project.google_project_service_identity.jit_si",
            "module.data-platform.module.orch-project.google_project_service_identity.servicenetworking",
            "module.data-platform.module.transf-cs-df-0.google_storage_bucket.bucket",
            "module.data-platform.module.transf-cs-df-0.google_storage_bucket_iam_binding.bindings",
            "module.data-platform.module.transf-project.data.google_bigquery_default_service_account.bq_sa",
            "module.data-platform.module.transf-project.data.google_project.project",
            "module.data-platform.module.transf-project.data.google_storage_project_service_account.gcs_sa",
            "module.data-platform.module.transf-project.google_compute_shared_vpc_host_project.shared_vpc_host",
            "module.data-platform.module.transf-project.google_compute_shared_vpc_service_project.service_projects",
            "module.data-platform.module.transf-project.google_compute_shared_vpc_service_project.shared_vpc_service",
            "module.data-platform.module.transf-project.google_kms_crypto_key_iam_member.service_identity_cmek",
            "module.data-platform.module.transf-project.google_org_policy_policy.default",
            "module.data-platform.module.transf-project.google_project.project",
            "module.data-platform.module.transf-project.google_project_default_service_accounts.default_service_accounts",
            "module.data-platform.module.transf-project.google_project_iam_member.servicenetworking",
            "module.data-platform.module.transf-project.google_project_iam_member.shared_vpc_host_robots",
            "module.data-platform.module.transf-project.google_project_service.project_services",
            "module.data-platform.module.transf-project.google_project_service_identity.jit_si",
            "module.data-platform.module.transf-project.google_project_service_identity.servicenetworking"
          ]
        }
      ]
    },
    {
      "mode": "managed",
      "type": "local_file",
      "name": "tfvars",
      "provider": "provider[\"registry.terraform.io/hashicorp/local\"]",
      "instances": [
        {
          "index_key": "1",
          "schema_version": 0,
          "attributes": {
            "content": "{\"bigquery_dataset\":{\"drop-bq-0\":\"y0y0_dev_data_drp_bq_0\",\"dwh-confidential-bq-0\":\"y0y0_dev_data_dwh_conf_bq_0\",\"dwh-curated-bq-0\":\"y0y0_dev_data_dwh_cur_bq_0\",\"dwh-landing-bq-0\":\"y0y0_dev_data_dwh_lnd_bq_0\"},\"gcs_buckets\":{\"drop-cs-0\":\"y0y0-dev-data-drp-cs-0\",\"dwh-confidential-cs-0\":\"y0y0-dev-data-dwh-conf-cs-0\",\"dwh-curated-cs-0\":\"y0y0-dev-data-dwh-cur-cs-0\",\"dwh-landing-cs-0\":\"y0y0-dev-data-dwh-lnd-cs-0\",\"lod-cs-df\":\"y0y0-dev-data-load-cs-0\",\"orch-cs-0\":\"y0y0-dev-data-orc-cs-0\",\"transf-cs-df\":\"y0y0-dev-data-trf-cs-0\"},\"projects\":{\"project_id\":{\"dropoff\":\"y0y0-dev-data-drp-0\",\"dwh-confidential\":\"y0y0-dev-data-dwh-conf-0\",\"dwh-curated\":\"y0y0-dev-data-dwh-cur-0\",\"dwh-landing\":\"y0y0-dev-data-dwh-lnd-0\",\"exposure\":\"y0y0-dev-data-exp-0\",\"load\":\"y0y0-dev-data-lod-0\",\"orchestration\":\"y0y0-dev-data-orc-0\",\"transformation\":\"y0y0-dev-data-trf-0\"},\"project_number\":{\"dropoff\":\"668237629544\",\"dwh-confidential\":\"423373633348\",\"dwh-curated\":\"422180310674\",\"dwh-landing\":\"951256585501\",\"exposure\":\"305768502111\",\"load\":\"969708674185\",\"orchestration\":\"874131290478\",\"transformation\":\"413606672159\"}}}",
            "content_base64": null,
            "directory_permission": "0777",
            "file_permission": "0644",
            "filename": "/Users/lcaggioni/fast-config/tfvars/3-data-platform-dev.auto.tfvars.json",
            "id": "3648a3e0e3b5be81a9058951bd4c40491af80231",
            "sensitive_content": null,
            "source": null
          },
          "sensitive_attributes": [],
          "private": "bnVsbA==",
          "dependencies": [
            "module.data-platform.module.drop-bq-0.google_bigquery_dataset.default",
            "module.data-platform.module.drop-bq-0.google_bigquery_dataset_access.domain",
            "module.data-platform.module.drop-bq-0.google_bigquery_dataset_access.group_by_email",
            "module.data-platform.module.drop-bq-0.google_bigquery_dataset_access.special_group",
            "module.data-platform.module.drop-bq-0.google_bigquery_dataset_access.user_by_email",
            "module.data-platform.module.drop-bq-0.google_bigquery_dataset_access.views",
            "module.data-platform.module.drop-cs-0.google_storage_bucket.bucket",
            "module.data-platform.module.drop-cs-0.google_storage_bucket_iam_binding.bindings",
            "module.data-platform.module.drop-project.data.google_bigquery_default_service_account.bq_sa",
            "module.data-platform.module.drop-project.data.google_project.project",
            "module.data-platform.module.drop-project.data.google_storage_project_service_account.gcs_sa",
            "module.data-platform.module.drop-project.google_compute_shared_vpc_host_project.shared_vpc_host",
            "module.data-platform.module.drop-project.google_compute_shared_vpc_service_project.service_projects",
            "module.data-platform.module.drop-project.google_compute_shared_vpc_service_project.shared_vpc_service",
            "module.data-platform.module.drop-project.google_kms_crypto_key_iam_member.service_identity_cmek",
            "module.data-platform.module.drop-project.google_org_policy_policy.default",
            "module.data-platform.module.drop-project.google_project.project",
            "module.data-platform.module.drop-project.google_project_default_service_accounts.default_service_accounts",
            "module.data-platform.module.drop-project.google_project_iam_member.servicenetworking",
            "module.data-platform.module.drop-project.google_project_iam_member.shared_vpc_host_robots",
            "module.data-platform.module.drop-project.google_project_service.project_services",
            "module.data-platform.module.drop-project.google_project_service_identity.jit_si",
            "module.data-platform.module.drop-project.google_project_service_identity.servicenetworking",
            "module.data-platform.module.dwh-conf-bq-0.google_bigquery_dataset.default",
            "module.data-platform.module.dwh-conf-bq-0.google_bigquery_dataset_access.domain",
            "module.data-platform.module.dwh-conf-bq-0.google_bigquery_dataset_access.group_by_email",
            "module.data-platform.module.dwh-conf-bq-0.google_bigquery_dataset_access.special_group",
            "module.data-platform.module.dwh-conf-bq-0.google_bigquery_dataset_access.user_by_email",
            "module.data-platform.module.dwh-conf-bq-0.google_bigquery_dataset_access.views",
            "module.data-platform.module.dwh-conf-cs-0.google_storage_bucket.bucket",
            "module.data-platform.module.dwh-conf-cs-0.google_storage_bucket_iam_binding.bindings",
            "module.data-platform.module.dwh-conf-project.data.google_bigquery_default_service_account.bq_sa",
            "module.data-platform.module.dwh-conf-project.data.google_project.project",
            "module.data-platform.module.dwh-conf-project.data.google_storage_project_service_account.gcs_sa",
            "module.data-platform.module.dwh-conf-project.google_compute_shared_vpc_host_project.shared_vpc_host",
            "module.data-platform.module.dwh-conf-project.google_compute_shared_vpc_service_project.service_projects",
            "module.data-platform.module.dwh-conf-project.google_compute_shared_vpc_service_project.shared_vpc_service",
            "module.data-platform.module.dwh-conf-project.google_kms_crypto_key_iam_member.service_identity_cmek",
            "module.data-platform.module.dwh-conf-project.google_org_policy_policy.default",
            "module.data-platform.module.dwh-conf-project.google_project.project",
            "module.data-platform.module.dwh-conf-project.google_project_default_service_accounts.default_service_accounts",
            "module.data-platform.module.dwh-conf-project.google_project_iam_member.servicenetworking",
            "module.data-platform.module.dwh-conf-project.google_project_iam_member.shared_vpc_host_robots",
            "module.data-platform.module.dwh-conf-project.google_project_service.project_services",
            "module.data-platform.module.dwh-conf-project.google_project_service_identity.jit_si",
            "module.data-platform.module.dwh-conf-project.google_project_service_identity.servicenetworking",
            "module.data-platform.module.dwh-cur-bq-0.google_bigquery_dataset.default",
            "module.data-platform.module.dwh-cur-bq-0.google_bigquery_dataset_access.domain",
            "module.data-platform.module.dwh-cur-bq-0.google_bigquery_dataset_access.group_by_email",
            "module.data-platform.module.dwh-cur-bq-0.google_bigquery_dataset_access.special_group",
            "module.data-platform.module.dwh-cur-bq-0.google_bigquery_dataset_access.user_by_email",
            "module.data-platform.module.dwh-cur-bq-0.google_bigquery_dataset_access.views",
            "module.data-platform.module.dwh-cur-cs-0.google_storage_bucket.bucket",
            "module.data-platform.module.dwh-cur-cs-0.google_storage_bucket_iam_binding.bindings",
            "module.data-platform.module.dwh-cur-project.data.google_bigquery_default_service_account.bq_sa",
            "module.data-platform.module.dwh-cur-project.data.google_project.project",
            "module.data-platform.module.dwh-cur-project.data.google_storage_project_service_account.gcs_sa",
            "module.data-platform.module.dwh-cur-project.google_compute_shared_vpc_host_project.shared_vpc_host",
            "module.data-platform.module.dwh-cur-project.google_compute_shared_vpc_service_project.service_projects",
            "module.data-platform.module.dwh-cur-project.google_compute_shared_vpc_service_project.shared_vpc_service",
            "module.data-platform.module.dwh-cur-project.google_kms_crypto_key_iam_member.service_identity_cmek",
            "module.data-platform.module.dwh-cur-project.google_org_policy_policy.default",
            "module.data-platform.module.dwh-cur-project.google_project.project",
            "module.data-platform.module.dwh-cur-project.google_project_default_service_accounts.default_service_accounts",
            "module.data-platform.module.dwh-cur-project.google_project_iam_member.servicenetworking",
            "module.data-platform.module.dwh-cur-project.google_project_iam_member.shared_vpc_host_robots",
            "module.data-platform.module.dwh-cur-project.google_project_service.project_services",
            "module.data-platform.module.dwh-cur-project.google_project_service_identity.jit_si",
            "module.data-platform.module.dwh-cur-project.google_project_service_identity.servicenetworking",
            "module.data-platform.module.dwh-lnd-bq-0.google_bigquery_dataset.default",
            "module.data-platform.module.dwh-lnd-bq-0.google_bigquery_dataset_access.domain",
            "module.data-platform.module.dwh-lnd-bq-0.google_bigquery_dataset_access.group_by_email",
            "module.data-platform.module.dwh-lnd-bq-0.google_bigquery_dataset_access.special_group",
            "module.data-platform.module.dwh-lnd-bq-0.google_bigquery_dataset_access.user_by_email",
            "module.data-platform.module.dwh-lnd-bq-0.google_bigquery_dataset_access.views",
            "module.data-platform.module.dwh-lnd-cs-0.google_storage_bucket.bucket",
            "module.data-platform.module.dwh-lnd-cs-0.google_storage_bucket_iam_binding.bindings",
            "module.data-platform.module.dwh-lnd-project.data.google_bigquery_default_service_account.bq_sa",
            "module.data-platform.module.dwh-lnd-project.data.google_project.project",
            "module.data-platform.module.dwh-lnd-project.data.google_storage_project_service_account.gcs_sa",
            "module.data-platform.module.dwh-lnd-project.google_compute_shared_vpc_host_project.shared_vpc_host",
            "module.data-platform.module.dwh-lnd-project.google_compute_shared_vpc_service_project.service_projects",
            "module.data-platform.module.dwh-lnd-project.google_compute_shared_vpc_service_project.shared_vpc_service",
            "module.data-platform.module.dwh-lnd-project.google_kms_crypto_key_iam_member.service_identity_cmek",
            "module.data-platform.module.dwh-lnd-project.google_org_policy_policy.default",
            "module.data-platform.module.dwh-lnd-project.google_project.project",
            "module.data-platform.module.dwh-lnd-project.google_project_default_service_accounts.default_service_accounts",
            "module.data-platform.module.dwh-lnd-project.google_project_iam_member.servicenetworking",
            "module.data-platform.module.dwh-lnd-project.google_project_iam_member.shared_vpc_host_robots",
            "module.data-platform.module.dwh-lnd-project.google_project_service.project_services",
            "module.data-platform.module.dwh-lnd-project.google_project_service_identity.jit_si",
            "module.data-platform.module.dwh-lnd-project.google_project_service_identity.servicenetworking",
            "module.data-platform.module.exp-project.data.google_bigquery_default_service_account.bq_sa",
            "module.data-platform.module.exp-project.data.google_project.project",
            "module.data-platform.module.exp-project.data.google_storage_project_service_account.gcs_sa",
            "module.data-platform.module.exp-project.google_compute_shared_vpc_host_project.shared_vpc_host",
            "module.data-platform.module.exp-project.google_compute_shared_vpc_service_project.service_projects",
            "module.data-platform.module.exp-project.google_compute_shared_vpc_service_project.shared_vpc_service",
            "module.data-platform.module.exp-project.google_kms_crypto_key_iam_member.service_identity_cmek",
            "module.data-platform.module.exp-project.google_org_policy_policy.default",
            "module.data-platform.module.exp-project.google_project.project",
            "module.data-platform.module.exp-project.google_project_default_service_accounts.default_service_accounts",
            "module.data-platform.module.exp-project.google_project_iam_member.servicenetworking",
            "module.data-platform.module.exp-project.google_project_iam_member.shared_vpc_host_robots",
            "module.data-platform.module.exp-project.google_project_service.project_services",
            "module.data-platform.module.exp-project.google_project_service_identity.jit_si",
            "module.data-platform.module.exp-project.google_project_service_identity.servicenetworking",
            "module.data-platform.module.load-cs-df-0.google_storage_bucket.bucket",
            "module.data-platform.module.load-cs-df-0.google_storage_bucket_iam_binding.bindings",
            "module.data-platform.module.load-project.data.google_bigquery_default_service_account.bq_sa",
            "module.data-platform.module.load-project.data.google_project.project",
            "module.data-platform.module.load-project.data.google_storage_project_service_account.gcs_sa",
            "module.data-platform.module.load-project.google_compute_shared_vpc_host_project.shared_vpc_host",
            "module.data-platform.module.load-project.google_compute_shared_vpc_service_project.service_projects",
            "module.data-platform.module.load-project.google_compute_shared_vpc_service_project.shared_vpc_service",
            "module.data-platform.module.load-project.google_kms_crypto_key_iam_member.service_identity_cmek",
            "module.data-platform.module.load-project.google_org_policy_policy.default",
            "module.data-platform.module.load-project.google_project.project",
            "module.data-platform.module.load-project.google_project_default_service_accounts.default_service_accounts",
            "module.data-platform.module.load-project.google_project_iam_member.servicenetworking",
            "module.data-platform.module.load-project.google_project_iam_member.shared_vpc_host_robots",
            "module.data-platform.module.load-project.google_project_service.project_services",
            "module.data-platform.module.load-project.google_project_service_identity.jit_si",
            "module.data-platform.module.load-project.google_project_service_identity.servicenetworking",
            "module.data-platform.module.orch-cs-0.google_storage_bucket.bucket",
            "module.data-platform.module.orch-cs-0.google_storage_bucket_iam_binding.bindings",
            "module.data-platform.module.orch-project.data.google_bigquery_default_service_account.bq_sa",
            "module.data-platform.module.orch-project.data.google_project.project",
            "module.data-platform.module.orch-project.data.google_storage_project_service_account.gcs_sa",
            "module.data-platform.module.orch-project.google_compute_shared_vpc_host_project.shared_vpc_host",
            "module.data-platform.module.orch-project.google_compute_shared_vpc_service_project.service_projects",
            "module.data-platform.module.orch-project.google_compute_shared_vpc_service_project.shared_vpc_service",
            "module.data-platform.module.orch-project.google_kms_crypto_key_iam_member.service_identity_cmek",
            "module.data-platform.module.orch-project.google_org_policy_policy.default",
            "module.data-platform.module.orch-project.google_project.project",
            "module.data-platform.module.orch-project.google_project_default_service_accounts.default_service_accounts",
            "module.data-platform.module.orch-project.google_project_iam_member.servicenetworking",
            "module.data-platform.module.orch-project.google_project_iam_member.shared_vpc_host_robots",
            "module.data-platform.module.orch-project.google_project_service.project_services",
            "module.data-platform.module.orch-project.google_project_service_identity.jit_si",
            "module.data-platform.module.orch-project.google_project_service_identity.servicenetworking",
            "module.data-platform.module.transf-cs-df-0.google_storage_bucket.bucket",
            "module.data-platform.module.transf-cs-df-0.google_storage_bucket_iam_binding.bindings",
            "module.data-platform.module.transf-project.data.google_bigquery_default_service_account.bq_sa",
            "module.data-platform.module.transf-project.data.google_project.project",
            "module.data-platform.module.transf-project.data.google_storage_project_service_account.gcs_sa",
            "module.data-platform.module.transf-project.google_compute_shared_vpc_host_project.shared_vpc_host",
            "module.data-platform.module.transf-project.google_compute_shared_vpc_service_project.service_projects",
            "module.data-platform.module.transf-project.google_compute_shared_vpc_service_project.shared_vpc_service",
            "module.data-platform.module.transf-project.google_kms_crypto_key_iam_member.service_identity_cmek",
            "module.data-platform.module.transf-project.google_org_policy_policy.default",
            "module.data-platform.module.transf-project.google_project.project",
            "module.data-platform.module.transf-project.google_project_default_service_accounts.default_service_accounts",
            "module.data-platform.module.transf-project.google_project_iam_member.servicenetworking",
            "module.data-platform.module.transf-project.google_project_iam_member.shared_vpc_host_robots",
            "module.data-platform.module.transf-project.google_project_service.project_services",
            "module.data-platform.module.transf-project.google_project_service_identity.jit_si",
            "module.data-platform.module.transf-project.google_project_service_identity.servicenetworking"
          ]
        }
      ]
    },
    {
      "module": "module.data-platform",
      "mode": "managed",
      "type": "google_composer_environment",
      "name": "orch-cmp-0",
      "provider": "provider[\"registry.terraform.io/hashicorp/google\"]",
      "instances": [
        {
          "index_key": 0,
          "schema_version": 0,
          "attributes": {
            "config": [
              {
                "airflow_uri": "https://58af96c158a841a8a3215a45cdbadb00-dot-europe-west1.composer.googleusercontent.com",
                "dag_gcs_prefix": "gs://europe-west1-y0y0-dev-data--68649d9f-bucket/dags",
                "database_config": [],
                "encryption_config": [
                  {
                    "kms_key_name": ""
                  }
                ],
                "environment_size": "ENVIRONMENT_SIZE_SMALL",
                "gke_cluster": "projects/y0y0-dev-data-orc-0/locations/europe-west1/clusters/europe-west1-y0y0-dev-data--68649d9f-gke",
                "maintenance_window": [
                  {
                    "end_time": "1970-01-01T04:00:00Z",
                    "recurrence": "FREQ=WEEKLY;BYDAY=FR,SA,SU",
                    "start_time": "1970-01-01T00:00:00Z"
                  }
                ],
                "master_authorized_networks_config": [],
                "node_config": [
                  {
                    "disk_size_gb": 0,
                    "enable_ip_masq_agent": true,
                    "ip_allocation_policy": [
                      {
                        "cluster_ipv4_cidr_block": "",
                        "cluster_secondary_range_name": "pods",
                        "services_ipv4_cidr_block": "",
                        "services_secondary_range_name": "services",
                        "use_ip_aliases": false
                      }
                    ],
                    "machine_type": "",
                    "network": "projects/yoyo-dev-net-spoke-0/global/networks/dev-spoke-0",
                    "oauth_scopes": [],
                    "service_account": "y0y0-dev-data-orc-cmp-0@y0y0-dev-data-orc-0.iam.gserviceaccount.com",
                    "subnetwork": "projects/yoyo-dev-net-spoke-0/regions/europe-west1/subnetworks/dev-dataplatform-ew1",
                    "tags": [
                      "composer-worker"
                    ],
                    "zone": ""
                  }
                ],
                "node_count": 0,
                "private_environment_config": [
                  {
                    "cloud_composer_connection_subnetwork": "projects/yoyo-dev-net-spoke-0/regions/europe-west1/subnetworks/dev-dataplatform-ew1",
                    "cloud_composer_network_ipv4_cidr_block": "172.31.251.0/24",
                    "cloud_sql_ipv4_cidr_block": "192.168.254.0/24",
                    "enable_private_endpoint": true,
                    "enable_privately_used_public_ips": false,
                    "master_ipv4_cidr_block": "192.168.255.0/28",
                    "web_server_ipv4_cidr_block": ""
                  }
                ],
                "recovery_config": [],
                "software_config": [
                  {
                    "airflow_config_overrides": {},
                    "env_variables": {
                      "BQ_LOCATION": "eu",
                      "DATA_CAT_TAGS": "{\"1_Sensitive\":\"projects/y0y0-dev-data-cmn-0/locations/eu/taxonomies/1672315195122520332/policyTags/2102356272951086715\",\"2_Private\":\"projects/y0y0-dev-data-cmn-0/locations/eu/taxonomies/1672315195122520332/policyTags/2354719184010844475\",\"3_Confidential\":\"projects/y0y0-dev-data-cmn-0/locations/eu/taxonomies/1672315195122520332/policyTags/3191050383218866231\"}",
                      "DF_KMS_KEY": "",
                      "DRP_BQ": "y0y0_dev_data_drp_bq_0",
                      "DRP_GCS": "gs://y0y0-dev-data-drp-cs-0",
                      "DRP_PRJ": "y0y0-dev-data-drp-0",
                      "DRP_PS": "projects/y0y0-dev-data-drp-0/topics/y0y0-dev-data-drp-ps-0",
                      "DWH_CONFIDENTIAL_BQ_DATASET": "y0y0_dev_data_dwh_conf_bq_0",
                      "DWH_CONFIDENTIAL_GCS": "gs://y0y0-dev-data-dwh-conf-cs-0",
                      "DWH_CONFIDENTIAL_PRJ": "y0y0-dev-data-dwh-conf-0",
                      "DWH_CURATED_BQ_DATASET": "y0y0_dev_data_dwh_cur_bq_0",
                      "DWH_CURATED_GCS": "gs://y0y0-dev-data-dwh-cur-cs-0",
                      "DWH_CURATED_PRJ": "y0y0-dev-data-dwh-cur-0",
                      "DWH_LAND_BQ_DATASET": "y0y0_dev_data_dwh_lnd_bq_0",
                      "DWH_LAND_GCS": "gs://y0y0-dev-data-dwh-lnd-cs-0",
                      "DWH_LAND_PRJ": "y0y0-dev-data-dwh-lnd-0",
                      "GCP_REGION": "europe-west1",
                      "LOD_GCS_STAGING": "gs://y0y0-dev-data-load-cs-0",
                      "LOD_NET_SUBNET": "https://www.googleapis.com/compute/v1/projects/yoyo-dev-net-spoke-0/regions/europe-west1/subnetworks/dev-dataplatform-ew1",
                      "LOD_NET_VPC": "https://www.googleapis.com/compute/v1/projects/yoyo-dev-net-spoke-0/global/networks/dev-spoke-0",
                      "LOD_PRJ": "y0y0-dev-data-lod-0",
                      "LOD_SA_DF": "y0y0-dev-data-load-df-0@y0y0-dev-data-lod-0.iam.gserviceaccount.com",
                      "ORC_GCS": "gs://y0y0-dev-data-orc-cs-0",
                      "ORC_GCS_TMP_DF": "gs://y0y0-dev-data-orc-cs-df-template",
                      "ORC_PRJ": "y0y0-dev-data-orc-0",
                      "TRF_GCS_STAGING": "gs://y0y0-dev-data-trf-cs-0",
                      "TRF_NET_SUBNET": "https://www.googleapis.com/compute/v1/projects/yoyo-dev-net-spoke-0/regions/europe-west1/subnetworks/dev-dataplatform-ew1",
                      "TRF_NET_VPC": "https://www.googleapis.com/compute/v1/projects/yoyo-dev-net-spoke-0/global/networks/dev-spoke-0",
                      "TRF_PRJ": "y0y0-dev-data-trf-0",
                      "TRF_SA_BQ": "y0y0-dev-data-trf-bq-0@y0y0-dev-data-trf-0.iam.gserviceaccount.com",
                      "TRF_SA_DF": "y0y0-dev-data-trf-df-0@y0y0-dev-data-trf-0.iam.gserviceaccount.com"
                    },
                    "image_version": "composer-2.1.11-airflow-2.4.3",
                    "pypi_packages": {},
                    "python_version": "",
                    "scheduler_count": 0
                  }
                ],
                "web_server_config": [],
                "web_server_network_access_control": [
                  {
                    "allowed_ip_range": [
                      {
                        "description": "Allows access from all IPv4 addresses (default value)",
                        "value": "0.0.0.0/0"
                      },
                      {
                        "description": "Allows access from all IPv6 addresses (default value)",
                        "value": "::0/0"
                      }
                    ]
                  }
                ],
                "workloads_config": [
                  {
                    "scheduler": [
                      {
                        "count": 1,
                        "cpu": 0.5,
                        "memory_gb": 1.875,
                        "storage_gb": 1
                      }
                    ],
                    "web_server": [
                      {
                        "cpu": 0.5,
                        "memory_gb": 1.875,
                        "storage_gb": 1
                      }
                    ],
                    "worker": [
                      {
                        "cpu": 0.5,
                        "max_count": 3,
                        "memory_gb": 1.875,
                        "min_count": 1,
                        "storage_gb": 1
                      }
                    ]
                  }
                ]
              }
            ],
            "id": "projects/y0y0-dev-data-orc-0/locations/europe-west1/environments/y0y0-dev-data-orc-cmp-0",
            "labels": {},
            "name": "y0y0-dev-data-orc-cmp-0",
            "project": "y0y0-dev-data-orc-0",
            "region": "europe-west1",
            "timeouts": null
          },
          "sensitive_attributes": [],
          "private": "eyJlMmJmYjczMC1lY2FhLTExZTYtOGY4OC0zNDM2M2JjN2M0YzAiOnsiY3JlYXRlIjo3MjAwMDAwMDAwMDAwLCJkZWxldGUiOjE4MDAwMDAwMDAwMDAsInVwZGF0ZSI6NzIwMDAwMDAwMDAwMH19",
          "dependencies": [
            "module.data-platform.google_project_iam_member.shared_vpc",
            "module.data-platform.module.common-datacatalog.google_data_catalog_policy_tag.default",
            "module.data-platform.module.common-datacatalog.google_data_catalog_taxonomy.default",
            "module.data-platform.module.common-project.data.google_bigquery_default_service_account.bq_sa",
            "module.data-platform.module.common-project.data.google_project.project",
            "module.data-platform.module.common-project.data.google_storage_project_service_account.gcs_sa",
            "module.data-platform.module.common-project.google_compute_shared_vpc_host_project.shared_vpc_host",
            "module.data-platform.module.common-project.google_compute_shared_vpc_service_project.service_projects",
            "module.data-platform.module.common-project.google_compute_shared_vpc_service_project.shared_vpc_service",
            "module.data-platform.module.common-project.google_kms_crypto_key_iam_member.service_identity_cmek",
            "module.data-platform.module.common-project.google_org_policy_policy.default",
            "module.data-platform.module.common-project.google_project.project",
            "module.data-platform.module.common-project.google_project_default_service_accounts.default_service_accounts",
            "module.data-platform.module.common-project.google_project_iam_member.servicenetworking",
            "module.data-platform.module.common-project.google_project_iam_member.shared_vpc_host_robots",
            "module.data-platform.module.common-project.google_project_service.project_services",
            "module.data-platform.module.common-project.google_project_service_identity.jit_si",
            "module.data-platform.module.common-project.google_project_service_identity.servicenetworking",
            "module.data-platform.module.drop-bq-0.google_bigquery_dataset.default",
            "module.data-platform.module.drop-bq-0.google_bigquery_dataset_access.domain",
            "module.data-platform.module.drop-bq-0.google_bigquery_dataset_access.group_by_email",
            "module.data-platform.module.drop-bq-0.google_bigquery_dataset_access.special_group",
            "module.data-platform.module.drop-bq-0.google_bigquery_dataset_access.user_by_email",
            "module.data-platform.module.drop-bq-0.google_bigquery_dataset_access.views",
            "module.data-platform.module.drop-cs-0.google_storage_bucket.bucket",
            "module.data-platform.module.drop-project.data.google_bigquery_default_service_account.bq_sa",
            "module.data-platform.module.drop-project.data.google_project.project",
            "module.data-platform.module.drop-project.data.google_storage_project_service_account.gcs_sa",
            "module.data-platform.module.drop-project.google_compute_shared_vpc_host_project.shared_vpc_host",
            "module.data-platform.module.drop-project.google_compute_shared_vpc_service_project.service_projects",
            "module.data-platform.module.drop-project.google_compute_shared_vpc_service_project.shared_vpc_service",
            "module.data-platform.module.drop-project.google_kms_crypto_key_iam_member.service_identity_cmek",
            "module.data-platform.module.drop-project.google_org_policy_policy.default",
            "module.data-platform.module.drop-project.google_project.project",
            "module.data-platform.module.drop-project.google_project_default_service_accounts.default_service_accounts",
            "module.data-platform.module.drop-project.google_project_iam_member.servicenetworking",
            "module.data-platform.module.drop-project.google_project_iam_member.shared_vpc_host_robots",
            "module.data-platform.module.drop-project.google_project_service.project_services",
            "module.data-platform.module.drop-project.google_project_service_identity.jit_si",
            "module.data-platform.module.drop-project.google_project_service_identity.servicenetworking",
            "module.data-platform.module.drop-ps-0.google_pubsub_schema.default",
            "module.data-platform.module.drop-ps-0.google_pubsub_topic.default",
            "module.data-platform.module.drop-ps-0.google_pubsub_topic_iam_binding.default",
            "module.data-platform.module.dwh-conf-bq-0.google_bigquery_dataset.default",
            "module.data-platform.module.dwh-conf-bq-0.google_bigquery_dataset_access.domain",
            "module.data-platform.module.dwh-conf-bq-0.google_bigquery_dataset_access.group_by_email",
            "module.data-platform.module.dwh-conf-bq-0.google_bigquery_dataset_access.special_group",
            "module.data-platform.module.dwh-conf-bq-0.google_bigquery_dataset_access.user_by_email",
            "module.data-platform.module.dwh-conf-bq-0.google_bigquery_dataset_access.views",
            "module.data-platform.module.dwh-conf-cs-0.google_storage_bucket.bucket",
            "module.data-platform.module.dwh-conf-project.data.google_bigquery_default_service_account.bq_sa",
            "module.data-platform.module.dwh-conf-project.data.google_project.project",
            "module.data-platform.module.dwh-conf-project.data.google_storage_project_service_account.gcs_sa",
            "module.data-platform.module.dwh-conf-project.google_compute_shared_vpc_host_project.shared_vpc_host",
            "module.data-platform.module.dwh-conf-project.google_compute_shared_vpc_service_project.service_projects",
            "module.data-platform.module.dwh-conf-project.google_compute_shared_vpc_service_project.shared_vpc_service",
            "module.data-platform.module.dwh-conf-project.google_kms_crypto_key_iam_member.service_identity_cmek",
            "module.data-platform.module.dwh-conf-project.google_org_policy_policy.default",
            "module.data-platform.module.dwh-conf-project.google_project.project",
            "module.data-platform.module.dwh-conf-project.google_project_default_service_accounts.default_service_accounts",
            "module.data-platform.module.dwh-conf-project.google_project_iam_member.servicenetworking",
            "module.data-platform.module.dwh-conf-project.google_project_iam_member.shared_vpc_host_robots",
            "module.data-platform.module.dwh-conf-project.google_project_service.project_services",
            "module.data-platform.module.dwh-conf-project.google_project_service_identity.jit_si",
            "module.data-platform.module.dwh-conf-project.google_project_service_identity.servicenetworking",
            "module.data-platform.module.dwh-cur-bq-0.google_bigquery_dataset.default",
            "module.data-platform.module.dwh-cur-bq-0.google_bigquery_dataset_access.domain",
            "module.data-platform.module.dwh-cur-bq-0.google_bigquery_dataset_access.group_by_email",
            "module.data-platform.module.dwh-cur-bq-0.google_bigquery_dataset_access.special_group",
            "module.data-platform.module.dwh-cur-bq-0.google_bigquery_dataset_access.user_by_email",
            "module.data-platform.module.dwh-cur-bq-0.google_bigquery_dataset_access.views",
            "module.data-platform.module.dwh-cur-cs-0.google_storage_bucket.bucket",
            "module.data-platform.module.dwh-cur-project.data.google_bigquery_default_service_account.bq_sa",
            "module.data-platform.module.dwh-cur-project.data.google_project.project",
            "module.data-platform.module.dwh-cur-project.data.google_storage_project_service_account.gcs_sa",
            "module.data-platform.module.dwh-cur-project.google_compute_shared_vpc_host_project.shared_vpc_host",
            "module.data-platform.module.dwh-cur-project.google_compute_shared_vpc_service_project.service_projects",
            "module.data-platform.module.dwh-cur-project.google_compute_shared_vpc_service_project.shared_vpc_service",
            "module.data-platform.module.dwh-cur-project.google_kms_crypto_key_iam_member.service_identity_cmek",
            "module.data-platform.module.dwh-cur-project.google_org_policy_policy.default",
            "module.data-platform.module.dwh-cur-project.google_project.project",
            "module.data-platform.module.dwh-cur-project.google_project_default_service_accounts.default_service_accounts",
            "module.data-platform.module.dwh-cur-project.google_project_iam_member.servicenetworking",
            "module.data-platform.module.dwh-cur-project.google_project_iam_member.shared_vpc_host_robots",
            "module.data-platform.module.dwh-cur-project.google_project_service.project_services",
            "module.data-platform.module.dwh-cur-project.google_project_service_identity.jit_si",
            "module.data-platform.module.dwh-cur-project.google_project_service_identity.servicenetworking",
            "module.data-platform.module.dwh-lnd-bq-0.google_bigquery_dataset.default",
            "module.data-platform.module.dwh-lnd-bq-0.google_bigquery_dataset_access.domain",
            "module.data-platform.module.dwh-lnd-bq-0.google_bigquery_dataset_access.group_by_email",
            "module.data-platform.module.dwh-lnd-bq-0.google_bigquery_dataset_access.special_group",
            "module.data-platform.module.dwh-lnd-bq-0.google_bigquery_dataset_access.user_by_email",
            "module.data-platform.module.dwh-lnd-bq-0.google_bigquery_dataset_access.views",
            "module.data-platform.module.dwh-lnd-cs-0.google_storage_bucket.bucket",
            "module.data-platform.module.dwh-lnd-project.data.google_bigquery_default_service_account.bq_sa",
            "module.data-platform.module.dwh-lnd-project.data.google_project.project",
            "module.data-platform.module.dwh-lnd-project.data.google_storage_project_service_account.gcs_sa",
            "module.data-platform.module.dwh-lnd-project.google_compute_shared_vpc_host_project.shared_vpc_host",
            "module.data-platform.module.dwh-lnd-project.google_compute_shared_vpc_service_project.service_projects",
            "module.data-platform.module.dwh-lnd-project.google_compute_shared_vpc_service_project.shared_vpc_service",
            "module.data-platform.module.dwh-lnd-project.google_kms_crypto_key_iam_member.service_identity_cmek",
            "module.data-platform.module.dwh-lnd-project.google_org_policy_policy.default",
            "module.data-platform.module.dwh-lnd-project.google_project.project",
            "module.data-platform.module.dwh-lnd-project.google_project_default_service_accounts.default_service_accounts",
            "module.data-platform.module.dwh-lnd-project.google_project_iam_member.servicenetworking",
            "module.data-platform.module.dwh-lnd-project.google_project_iam_member.shared_vpc_host_robots",
            "module.data-platform.module.dwh-lnd-project.google_project_service.project_services",
            "module.data-platform.module.dwh-lnd-project.google_project_service_identity.jit_si",
            "module.data-platform.module.dwh-lnd-project.google_project_service_identity.servicenetworking",
            "module.data-platform.module.load-cs-df-0.google_storage_bucket.bucket",
            "module.data-platform.module.load-project.data.google_bigquery_default_service_account.bq_sa",
            "module.data-platform.module.load-project.data.google_project.project",
            "module.data-platform.module.load-project.data.google_storage_project_service_account.gcs_sa",
            "module.data-platform.module.load-project.google_compute_shared_vpc_host_project.shared_vpc_host",
            "module.data-platform.module.load-project.google_compute_shared_vpc_service_project.service_projects",
            "module.data-platform.module.load-project.google_compute_shared_vpc_service_project.shared_vpc_service",
            "module.data-platform.module.load-project.google_kms_crypto_key_iam_member.service_identity_cmek",
            "module.data-platform.module.load-project.google_org_policy_policy.default",
            "module.data-platform.module.load-project.google_project.project",
            "module.data-platform.module.load-project.google_project_default_service_accounts.default_service_accounts",
            "module.data-platform.module.load-project.google_project_iam_member.servicenetworking",
            "module.data-platform.module.load-project.google_project_iam_member.shared_vpc_host_robots",
            "module.data-platform.module.load-project.google_project_service.project_services",
            "module.data-platform.module.load-project.google_project_service_identity.jit_si",
            "module.data-platform.module.load-project.google_project_service_identity.servicenetworking",
            "module.data-platform.module.load-sa-df-0.data.google_service_account.service_account",
            "module.data-platform.module.load-sa-df-0.google_service_account.service_account",
            "module.data-platform.module.load-vpc.data.google_compute_network.network",
            "module.data-platform.module.load-vpc.google_compute_global_address.psa_ranges",
            "module.data-platform.module.load-vpc.google_compute_network.network",
            "module.data-platform.module.load-vpc.google_compute_network_peering.local",
            "module.data-platform.module.load-vpc.google_compute_network_peering.remote",
            "module.data-platform.module.load-vpc.google_compute_shared_vpc_host_project.shared_vpc_host",
            "module.data-platform.module.load-vpc.google_compute_shared_vpc_service_project.service_projects",
            "module.data-platform.module.load-vpc.google_compute_subnetwork.subnetwork",
            "module.data-platform.module.load-vpc.google_service_networking_connection.psa_connection",
            "module.data-platform.module.orch-cs-0.google_storage_bucket.bucket",
            "module.data-platform.module.orch-cs-df-template.google_storage_bucket.bucket",
            "module.data-platform.module.orch-project.data.google_bigquery_default_service_account.bq_sa",
            "module.data-platform.module.orch-project.data.google_project.project",
            "module.data-platform.module.orch-project.data.google_storage_project_service_account.gcs_sa",
            "module.data-platform.module.orch-project.google_access_context_manager_service_perimeter_resource.bridge",
            "module.data-platform.module.orch-project.google_access_context_manager_service_perimeter_resource.standard",
            "module.data-platform.module.orch-project.google_bigquery_dataset_iam_member.bq-sinks-binding",
            "module.data-platform.module.orch-project.google_compute_project_metadata_item.oslogin_meta",
            "module.data-platform.module.orch-project.google_compute_shared_vpc_host_project.shared_vpc_host",
            "module.data-platform.module.orch-project.google_compute_shared_vpc_service_project.service_projects",
            "module.data-platform.module.orch-project.google_compute_shared_vpc_service_project.shared_vpc_service",
            "module.data-platform.module.orch-project.google_essential_contacts_contact.contact",
            "module.data-platform.module.orch-project.google_kms_crypto_key_iam_member.service_identity_cmek",
            "module.data-platform.module.orch-project.google_logging_project_exclusion.logging-exclusion",
            "module.data-platform.module.orch-project.google_logging_project_sink.sink",
            "module.data-platform.module.orch-project.google_monitoring_monitored_project.primary",
            "module.data-platform.module.orch-project.google_org_policy_policy.default",
            "module.data-platform.module.orch-project.google_project.project",
            "module.data-platform.module.orch-project.google_project_default_service_accounts.default_service_accounts",
            "module.data-platform.module.orch-project.google_project_iam_binding.authoritative",
            "module.data-platform.module.orch-project.google_project_iam_custom_role.roles",
            "module.data-platform.module.orch-project.google_project_iam_member.additive",
            "module.data-platform.module.orch-project.google_project_iam_member.bucket-sinks-binding",
            "module.data-platform.module.orch-project.google_project_iam_member.oslogin_admins",
            "module.data-platform.module.orch-project.google_project_iam_member.oslogin_compute_viewer",
            "module.data-platform.module.orch-project.google_project_iam_member.oslogin_iam_serviceaccountuser",
            "module.data-platform.module.orch-project.google_project_iam_member.oslogin_users",
            "module.data-platform.module.orch-project.google_project_iam_member.servicenetworking",
            "module.data-platform.module.orch-project.google_project_iam_member.shared_vpc_host_robots",
            "module.data-platform.module.orch-project.google_project_service.project_services",
            "module.data-platform.module.orch-project.google_project_service_identity.jit_si",
            "module.data-platform.module.orch-project.google_project_service_identity.servicenetworking",
            "module.data-platform.module.orch-project.google_pubsub_topic_iam_member.pubsub-sinks-binding",
            "module.data-platform.module.orch-project.google_resource_manager_lien.lien",
            "module.data-platform.module.orch-project.google_storage_bucket_iam_member.gcs-sinks-binding",
            "module.data-platform.module.orch-project.google_tags_tag_binding.binding",
            "module.data-platform.module.orch-sa-cmp-0.data.google_service_account.service_account",
            "module.data-platform.module.orch-sa-cmp-0.google_service_account.service_account",
            "module.data-platform.module.orch-sa-df-build.data.google_service_account.service_account",
            "module.data-platform.module.orch-sa-df-build.google_service_account.service_account",
            "module.data-platform.module.orch-vpc.data.google_compute_network.network",
            "module.data-platform.module.orch-vpc.google_compute_global_address.psa_ranges",
            "module.data-platform.module.orch-vpc.google_compute_network.network",
            "module.data-platform.module.orch-vpc.google_compute_network_peering.local",
            "module.data-platform.module.orch-vpc.google_compute_network_peering.remote",
            "module.data-platform.module.orch-vpc.google_compute_shared_vpc_host_project.shared_vpc_host",
            "module.data-platform.module.orch-vpc.google_compute_shared_vpc_service_project.service_projects",
            "module.data-platform.module.orch-vpc.google_compute_subnetwork.subnetwork",
            "module.data-platform.module.orch-vpc.google_service_networking_connection.psa_connection",
            "module.data-platform.module.transf-cs-df-0.google_storage_bucket.bucket",
            "module.data-platform.module.transf-project.data.google_bigquery_default_service_account.bq_sa",
            "module.data-platform.module.transf-project.data.google_project.project",
            "module.data-platform.module.transf-project.data.google_storage_project_service_account.gcs_sa",
            "module.data-platform.module.transf-project.google_compute_shared_vpc_host_project.shared_vpc_host",
            "module.data-platform.module.transf-project.google_compute_shared_vpc_service_project.service_projects",
            "module.data-platform.module.transf-project.google_compute_shared_vpc_service_project.shared_vpc_service",
            "module.data-platform.module.transf-project.google_kms_crypto_key_iam_member.service_identity_cmek",
            "module.data-platform.module.transf-project.google_org_policy_policy.default",
            "module.data-platform.module.transf-project.google_project.project",
            "module.data-platform.module.transf-project.google_project_default_service_accounts.default_service_accounts",
            "module.data-platform.module.transf-project.google_project_iam_member.servicenetworking",
            "module.data-platform.module.transf-project.google_project_iam_member.shared_vpc_host_robots",
            "module.data-platform.module.transf-project.google_project_service.project_services",
            "module.data-platform.module.transf-project.google_project_service_identity.jit_si",
            "module.data-platform.module.transf-project.google_project_service_identity.servicenetworking",
            "module.data-platform.module.transf-sa-bq-0.data.google_service_account.service_account",
            "module.data-platform.module.transf-sa-bq-0.google_service_account.service_account",
            "module.data-platform.module.transf-sa-df-0.data.google_service_account.service_account",
            "module.data-platform.module.transf-sa-df-0.google_service_account.service_account",
            "module.data-platform.module.transf-vpc.data.google_compute_network.network",
            "module.data-platform.module.transf-vpc.google_compute_global_address.psa_ranges",
            "module.data-platform.module.transf-vpc.google_compute_network.network",
            "module.data-platform.module.transf-vpc.google_compute_network_peering.local",
            "module.data-platform.module.transf-vpc.google_compute_network_peering.remote",
            "module.data-platform.module.transf-vpc.google_compute_shared_vpc_host_project.shared_vpc_host",
            "module.data-platform.module.transf-vpc.google_compute_shared_vpc_service_project.service_projects",
            "module.data-platform.module.transf-vpc.google_compute_subnetwork.subnetwork",
            "module.data-platform.module.transf-vpc.google_service_networking_connection.psa_connection"
          ]
        }
      ]
    },
    {
      "module": "module.data-platform",
      "mode": "managed",
      "type": "google_project_iam_member",
      "name": "shared_vpc",
      "provider": "provider[\"registry.terraform.io/hashicorp/google\"]",
      "instances": [
        {
          "index_key": "roles/composer.sharedVpcAgent-orch-robot-cs",
          "schema_version": 0,
          "attributes": {
            "condition": [],
            "etag": "BwX4kVNCzFc=",
            "id": "yoyo-dev-net-spoke-0/roles/composer.sharedVpcAgent/serviceAccount:service-874131290478@cloudcomposer-accounts.iam.gserviceaccount.com",
            "member": "serviceAccount:service-874131290478@cloudcomposer-accounts.iam.gserviceaccount.com",
            "project": "yoyo-dev-net-spoke-0",
            "role": "roles/composer.sharedVpcAgent"
          },
          "sensitive_attributes": [],
          "private": "bnVsbA==",
          "dependencies": [
            "module.data-platform.module.load-project.data.google_bigquery_default_service_account.bq_sa",
            "module.data-platform.module.load-project.data.google_project.project",
            "module.data-platform.module.load-project.data.google_storage_project_service_account.gcs_sa",
            "module.data-platform.module.load-project.google_compute_shared_vpc_host_project.shared_vpc_host",
            "module.data-platform.module.load-project.google_compute_shared_vpc_service_project.service_projects",
            "module.data-platform.module.load-project.google_compute_shared_vpc_service_project.shared_vpc_service",
            "module.data-platform.module.load-project.google_kms_crypto_key_iam_member.service_identity_cmek",
            "module.data-platform.module.load-project.google_org_policy_policy.default",
            "module.data-platform.module.load-project.google_project.project",
            "module.data-platform.module.load-project.google_project_default_service_accounts.default_service_accounts",
            "module.data-platform.module.load-project.google_project_iam_member.servicenetworking",
            "module.data-platform.module.load-project.google_project_iam_member.shared_vpc_host_robots",
            "module.data-platform.module.load-project.google_project_service.project_services",
            "module.data-platform.module.load-project.google_project_service_identity.jit_si",
            "module.data-platform.module.load-project.google_project_service_identity.servicenetworking",
            "module.data-platform.module.load-sa-df-0.data.google_service_account.service_account",
            "module.data-platform.module.load-sa-df-0.google_service_account.service_account",
            "module.data-platform.module.orch-project.data.google_bigquery_default_service_account.bq_sa",
            "module.data-platform.module.orch-project.data.google_project.project",
            "module.data-platform.module.orch-project.data.google_storage_project_service_account.gcs_sa",
            "module.data-platform.module.orch-project.google_kms_crypto_key_iam_member.service_identity_cmek",
            "module.data-platform.module.orch-project.google_project.project",
            "module.data-platform.module.orch-project.google_project_service.project_services",
            "module.data-platform.module.orch-project.google_project_service_identity.jit_si",
            "module.data-platform.module.transf-project.data.google_bigquery_default_service_account.bq_sa",
            "module.data-platform.module.transf-project.data.google_project.project",
            "module.data-platform.module.transf-project.data.google_storage_project_service_account.gcs_sa",
            "module.data-platform.module.transf-project.google_compute_shared_vpc_host_project.shared_vpc_host",
            "module.data-platform.module.transf-project.google_compute_shared_vpc_service_project.service_projects",
            "module.data-platform.module.transf-project.google_compute_shared_vpc_service_project.shared_vpc_service",
            "module.data-platform.module.transf-project.google_kms_crypto_key_iam_member.service_identity_cmek",
            "module.data-platform.module.transf-project.google_org_policy_policy.default",
            "module.data-platform.module.transf-project.google_project.project",
            "module.data-platform.module.transf-project.google_project_default_service_accounts.default_service_accounts",
            "module.data-platform.module.transf-project.google_project_iam_member.servicenetworking",
            "module.data-platform.module.transf-project.google_project_iam_member.shared_vpc_host_robots",
            "module.data-platform.module.transf-project.google_project_service.project_services",
            "module.data-platform.module.transf-project.google_project_service_identity.jit_si",
            "module.data-platform.module.transf-project.google_project_service_identity.servicenetworking",
            "module.data-platform.module.transf-sa-df-0.data.google_service_account.service_account",
            "module.data-platform.module.transf-sa-df-0.google_service_account.service_account"
          ]
        },
        {
          "index_key": "roles/compute.networkUser-load-robot-df",
          "schema_version": 0,
          "attributes": {
            "condition": [],
            "etag": "BwX4kVNCzFc=",
            "id": "yoyo-dev-net-spoke-0/roles/compute.networkUser/serviceAccount:service-969708674185@dataflow-service-producer-prod.iam.gserviceaccount.com",
            "member": "serviceAccount:service-969708674185@dataflow-service-producer-prod.iam.gserviceaccount.com",
            "project": "yoyo-dev-net-spoke-0",
            "role": "roles/compute.networkUser"
          },
          "sensitive_attributes": [],
          "private": "bnVsbA==",
          "dependencies": [
            "module.data-platform.module.load-project.data.google_bigquery_default_service_account.bq_sa",
            "module.data-platform.module.load-project.data.google_project.project",
            "module.data-platform.module.load-project.data.google_storage_project_service_account.gcs_sa",
            "module.data-platform.module.load-project.google_compute_shared_vpc_host_project.shared_vpc_host",
            "module.data-platform.module.load-project.google_compute_shared_vpc_service_project.service_projects",
            "module.data-platform.module.load-project.google_compute_shared_vpc_service_project.shared_vpc_service",
            "module.data-platform.module.load-project.google_kms_crypto_key_iam_member.service_identity_cmek",
            "module.data-platform.module.load-project.google_org_policy_policy.default",
            "module.data-platform.module.load-project.google_project.project",
            "module.data-platform.module.load-project.google_project_default_service_accounts.default_service_accounts",
            "module.data-platform.module.load-project.google_project_iam_member.servicenetworking",
            "module.data-platform.module.load-project.google_project_iam_member.shared_vpc_host_robots",
            "module.data-platform.module.load-project.google_project_service.project_services",
            "module.data-platform.module.load-project.google_project_service_identity.jit_si",
            "module.data-platform.module.load-project.google_project_service_identity.servicenetworking",
            "module.data-platform.module.load-sa-df-0.data.google_service_account.service_account",
            "module.data-platform.module.load-sa-df-0.google_service_account.service_account",
            "module.data-platform.module.orch-project.data.google_bigquery_default_service_account.bq_sa",
            "module.data-platform.module.orch-project.data.google_project.project",
            "module.data-platform.module.orch-project.data.google_storage_project_service_account.gcs_sa",
            "module.data-platform.module.orch-project.google_kms_crypto_key_iam_member.service_identity_cmek",
            "module.data-platform.module.orch-project.google_project.project",
            "module.data-platform.module.orch-project.google_project_service.project_services",
            "module.data-platform.module.orch-project.google_project_service_identity.jit_si",
            "module.data-platform.module.transf-project.data.google_bigquery_default_service_account.bq_sa",
            "module.data-platform.module.transf-project.data.google_project.project",
            "module.data-platform.module.transf-project.data.google_storage_project_service_account.gcs_sa",
            "module.data-platform.module.transf-project.google_compute_shared_vpc_host_project.shared_vpc_host",
            "module.data-platform.module.transf-project.google_compute_shared_vpc_service_project.service_projects",
            "module.data-platform.module.transf-project.google_compute_shared_vpc_service_project.shared_vpc_service",
            "module.data-platform.module.transf-project.google_kms_crypto_key_iam_member.service_identity_cmek",
            "module.data-platform.module.transf-project.google_org_policy_policy.default",
            "module.data-platform.module.transf-project.google_project.project",
            "module.data-platform.module.transf-project.google_project_default_service_accounts.default_service_accounts",
            "module.data-platform.module.transf-project.google_project_iam_member.servicenetworking",
            "module.data-platform.module.transf-project.google_project_iam_member.shared_vpc_host_robots",
            "module.data-platform.module.transf-project.google_project_service.project_services",
            "module.data-platform.module.transf-project.google_project_service_identity.jit_si",
            "module.data-platform.module.transf-project.google_project_service_identity.servicenetworking",
            "module.data-platform.module.transf-sa-df-0.data.google_service_account.service_account",
            "module.data-platform.module.transf-sa-df-0.google_service_account.service_account"
          ]
        },
        {
          "index_key": "roles/compute.networkUser-load-sa-df-worker",
          "schema_version": 0,
          "attributes": {
            "condition": [],
            "etag": "BwX4kVNCzFc=",
            "id": "yoyo-dev-net-spoke-0/roles/compute.networkUser/serviceAccount:y0y0-dev-data-load-df-0@y0y0-dev-data-lod-0.iam.gserviceaccount.com",
            "member": "serviceAccount:y0y0-dev-data-load-df-0@y0y0-dev-data-lod-0.iam.gserviceaccount.com",
            "project": "yoyo-dev-net-spoke-0",
            "role": "roles/compute.networkUser"
          },
          "sensitive_attributes": [],
          "private": "bnVsbA==",
          "dependencies": [
            "module.data-platform.module.load-project.data.google_bigquery_default_service_account.bq_sa",
            "module.data-platform.module.load-project.data.google_project.project",
            "module.data-platform.module.load-project.data.google_storage_project_service_account.gcs_sa",
            "module.data-platform.module.load-project.google_compute_shared_vpc_host_project.shared_vpc_host",
            "module.data-platform.module.load-project.google_compute_shared_vpc_service_project.service_projects",
            "module.data-platform.module.load-project.google_compute_shared_vpc_service_project.shared_vpc_service",
            "module.data-platform.module.load-project.google_kms_crypto_key_iam_member.service_identity_cmek",
            "module.data-platform.module.load-project.google_org_policy_policy.default",
            "module.data-platform.module.load-project.google_project.project",
            "module.data-platform.module.load-project.google_project_default_service_accounts.default_service_accounts",
            "module.data-platform.module.load-project.google_project_iam_member.servicenetworking",
            "module.data-platform.module.load-project.google_project_iam_member.shared_vpc_host_robots",
            "module.data-platform.module.load-project.google_project_service.project_services",
            "module.data-platform.module.load-project.google_project_service_identity.jit_si",
            "module.data-platform.module.load-project.google_project_service_identity.servicenetworking",
            "module.data-platform.module.load-sa-df-0.data.google_service_account.service_account",
            "module.data-platform.module.load-sa-df-0.google_service_account.service_account",
            "module.data-platform.module.orch-project.data.google_bigquery_default_service_account.bq_sa",
            "module.data-platform.module.orch-project.data.google_project.project",
            "module.data-platform.module.orch-project.data.google_storage_project_service_account.gcs_sa",
            "module.data-platform.module.orch-project.google_kms_crypto_key_iam_member.service_identity_cmek",
            "module.data-platform.module.orch-project.google_project.project",
            "module.data-platform.module.orch-project.google_project_service.project_services",
            "module.data-platform.module.orch-project.google_project_service_identity.jit_si",
            "module.data-platform.module.transf-project.data.google_bigquery_default_service_account.bq_sa",
            "module.data-platform.module.transf-project.data.google_project.project",
            "module.data-platform.module.transf-project.data.google_storage_project_service_account.gcs_sa",
            "module.data-platform.module.transf-project.google_compute_shared_vpc_host_project.shared_vpc_host",
            "module.data-platform.module.transf-project.google_compute_shared_vpc_service_project.service_projects",
            "module.data-platform.module.transf-project.google_compute_shared_vpc_service_project.shared_vpc_service",
            "module.data-platform.module.transf-project.google_kms_crypto_key_iam_member.service_identity_cmek",
            "module.data-platform.module.transf-project.google_org_policy_policy.default",
            "module.data-platform.module.transf-project.google_project.project",
            "module.data-platform.module.transf-project.google_project_default_service_accounts.default_service_accounts",
            "module.data-platform.module.transf-project.google_project_iam_member.servicenetworking",
            "module.data-platform.module.transf-project.google_project_iam_member.shared_vpc_host_robots",
            "module.data-platform.module.transf-project.google_project_service.project_services",
            "module.data-platform.module.transf-project.google_project_service_identity.jit_si",
            "module.data-platform.module.transf-project.google_project_service_identity.servicenetworking",
            "module.data-platform.module.transf-sa-df-0.data.google_service_account.service_account",
            "module.data-platform.module.transf-sa-df-0.google_service_account.service_account"
          ]
        },
        {
          "index_key": "roles/compute.networkUser-orch-cloudservices",
          "schema_version": 0,
          "attributes": {
            "condition": [],
            "etag": "BwX4kVNCzFc=",
            "id": "yoyo-dev-net-spoke-0/roles/compute.networkUser/serviceAccount:874131290478@cloudservices.gserviceaccount.com",
            "member": "serviceAccount:874131290478@cloudservices.gserviceaccount.com",
            "project": "yoyo-dev-net-spoke-0",
            "role": "roles/compute.networkUser"
          },
          "sensitive_attributes": [],
          "private": "bnVsbA==",
          "dependencies": [
            "module.data-platform.module.load-project.data.google_bigquery_default_service_account.bq_sa",
            "module.data-platform.module.load-project.data.google_project.project",
            "module.data-platform.module.load-project.data.google_storage_project_service_account.gcs_sa",
            "module.data-platform.module.load-project.google_compute_shared_vpc_host_project.shared_vpc_host",
            "module.data-platform.module.load-project.google_compute_shared_vpc_service_project.service_projects",
            "module.data-platform.module.load-project.google_compute_shared_vpc_service_project.shared_vpc_service",
            "module.data-platform.module.load-project.google_kms_crypto_key_iam_member.service_identity_cmek",
            "module.data-platform.module.load-project.google_org_policy_policy.default",
            "module.data-platform.module.load-project.google_project.project",
            "module.data-platform.module.load-project.google_project_default_service_accounts.default_service_accounts",
            "module.data-platform.module.load-project.google_project_iam_member.servicenetworking",
            "module.data-platform.module.load-project.google_project_iam_member.shared_vpc_host_robots",
            "module.data-platform.module.load-project.google_project_service.project_services",
            "module.data-platform.module.load-project.google_project_service_identity.jit_si",
            "module.data-platform.module.load-project.google_project_service_identity.servicenetworking",
            "module.data-platform.module.load-sa-df-0.data.google_service_account.service_account",
            "module.data-platform.module.load-sa-df-0.google_service_account.service_account",
            "module.data-platform.module.orch-project.data.google_bigquery_default_service_account.bq_sa",
            "module.data-platform.module.orch-project.data.google_project.project",
            "module.data-platform.module.orch-project.data.google_storage_project_service_account.gcs_sa",
            "module.data-platform.module.orch-project.google_kms_crypto_key_iam_member.service_identity_cmek",
            "module.data-platform.module.orch-project.google_project.project",
            "module.data-platform.module.orch-project.google_project_service.project_services",
            "module.data-platform.module.orch-project.google_project_service_identity.jit_si",
            "module.data-platform.module.transf-project.data.google_bigquery_default_service_account.bq_sa",
            "module.data-platform.module.transf-project.data.google_project.project",
            "module.data-platform.module.transf-project.data.google_storage_project_service_account.gcs_sa",
            "module.data-platform.module.transf-project.google_compute_shared_vpc_host_project.shared_vpc_host",
            "module.data-platform.module.transf-project.google_compute_shared_vpc_service_project.service_projects",
            "module.data-platform.module.transf-project.google_compute_shared_vpc_service_project.shared_vpc_service",
            "module.data-platform.module.transf-project.google_kms_crypto_key_iam_member.service_identity_cmek",
            "module.data-platform.module.transf-project.google_org_policy_policy.default",
            "module.data-platform.module.transf-project.google_project.project",
            "module.data-platform.module.transf-project.google_project_default_service_accounts.default_service_accounts",
            "module.data-platform.module.transf-project.google_project_iam_member.servicenetworking",
            "module.data-platform.module.transf-project.google_project_iam_member.shared_vpc_host_robots",
            "module.data-platform.module.transf-project.google_project_service.project_services",
            "module.data-platform.module.transf-project.google_project_service_identity.jit_si",
            "module.data-platform.module.transf-project.google_project_service_identity.servicenetworking",
            "module.data-platform.module.transf-sa-df-0.data.google_service_account.service_account",
            "module.data-platform.module.transf-sa-df-0.google_service_account.service_account"
          ]
        },
        {
          "index_key": "roles/compute.networkUser-orch-robot-df",
          "schema_version": 0,
          "attributes": {
            "condition": [],
            "etag": "BwX4kVNCzFc=",
            "id": "yoyo-dev-net-spoke-0/roles/compute.networkUser/serviceAccount:service-874131290478@dataflow-service-producer-prod.iam.gserviceaccount.com",
            "member": "serviceAccount:service-874131290478@dataflow-service-producer-prod.iam.gserviceaccount.com",
            "project": "yoyo-dev-net-spoke-0",
            "role": "roles/compute.networkUser"
          },
          "sensitive_attributes": [],
          "private": "bnVsbA==",
          "dependencies": [
            "module.data-platform.module.load-project.data.google_bigquery_default_service_account.bq_sa",
            "module.data-platform.module.load-project.data.google_project.project",
            "module.data-platform.module.load-project.data.google_storage_project_service_account.gcs_sa",
            "module.data-platform.module.load-project.google_compute_shared_vpc_host_project.shared_vpc_host",
            "module.data-platform.module.load-project.google_compute_shared_vpc_service_project.service_projects",
            "module.data-platform.module.load-project.google_compute_shared_vpc_service_project.shared_vpc_service",
            "module.data-platform.module.load-project.google_kms_crypto_key_iam_member.service_identity_cmek",
            "module.data-platform.module.load-project.google_org_policy_policy.default",
            "module.data-platform.module.load-project.google_project.project",
            "module.data-platform.module.load-project.google_project_default_service_accounts.default_service_accounts",
            "module.data-platform.module.load-project.google_project_iam_member.servicenetworking",
            "module.data-platform.module.load-project.google_project_iam_member.shared_vpc_host_robots",
            "module.data-platform.module.load-project.google_project_service.project_services",
            "module.data-platform.module.load-project.google_project_service_identity.jit_si",
            "module.data-platform.module.load-project.google_project_service_identity.servicenetworking",
            "module.data-platform.module.load-sa-df-0.data.google_service_account.service_account",
            "module.data-platform.module.load-sa-df-0.google_service_account.service_account",
            "module.data-platform.module.orch-project.data.google_bigquery_default_service_account.bq_sa",
            "module.data-platform.module.orch-project.data.google_project.project",
            "module.data-platform.module.orch-project.data.google_storage_project_service_account.gcs_sa",
            "module.data-platform.module.orch-project.google_kms_crypto_key_iam_member.service_identity_cmek",
            "module.data-platform.module.orch-project.google_project.project",
            "module.data-platform.module.orch-project.google_project_service.project_services",
            "module.data-platform.module.orch-project.google_project_service_identity.jit_si",
            "module.data-platform.module.transf-project.data.google_bigquery_default_service_account.bq_sa",
            "module.data-platform.module.transf-project.data.google_project.project",
            "module.data-platform.module.transf-project.data.google_storage_project_service_account.gcs_sa",
            "module.data-platform.module.transf-project.google_compute_shared_vpc_host_project.shared_vpc_host",
            "module.data-platform.module.transf-project.google_compute_shared_vpc_service_project.service_projects",
            "module.data-platform.module.transf-project.google_compute_shared_vpc_service_project.shared_vpc_service",
            "module.data-platform.module.transf-project.google_kms_crypto_key_iam_member.service_identity_cmek",
            "module.data-platform.module.transf-project.google_org_policy_policy.default",
            "module.data-platform.module.transf-project.google_project.project",
            "module.data-platform.module.transf-project.google_project_default_service_accounts.default_service_accounts",
            "module.data-platform.module.transf-project.google_project_iam_member.servicenetworking",
            "module.data-platform.module.transf-project.google_project_iam_member.shared_vpc_host_robots",
            "module.data-platform.module.transf-project.google_project_service.project_services",
            "module.data-platform.module.transf-project.google_project_service_identity.jit_si",
            "module.data-platform.module.transf-project.google_project_service_identity.servicenetworking",
            "module.data-platform.module.transf-sa-df-0.data.google_service_account.service_account",
            "module.data-platform.module.transf-sa-df-0.google_service_account.service_account"
          ]
        },
        {
          "index_key": "roles/compute.networkUser-orch-robot-gke",
          "schema_version": 0,
          "attributes": {
            "condition": [],
            "etag": "BwX4kVNCzFc=",
            "id": "yoyo-dev-net-spoke-0/roles/compute.networkUser/serviceAccount:service-874131290478@container-engine-robot.iam.gserviceaccount.com",
            "member": "serviceAccount:service-874131290478@container-engine-robot.iam.gserviceaccount.com",
            "project": "yoyo-dev-net-spoke-0",
            "role": "roles/compute.networkUser"
          },
          "sensitive_attributes": [],
          "private": "bnVsbA==",
          "dependencies": [
            "module.data-platform.module.load-project.data.google_bigquery_default_service_account.bq_sa",
            "module.data-platform.module.load-project.data.google_project.project",
            "module.data-platform.module.load-project.data.google_storage_project_service_account.gcs_sa",
            "module.data-platform.module.load-project.google_compute_shared_vpc_host_project.shared_vpc_host",
            "module.data-platform.module.load-project.google_compute_shared_vpc_service_project.service_projects",
            "module.data-platform.module.load-project.google_compute_shared_vpc_service_project.shared_vpc_service",
            "module.data-platform.module.load-project.google_kms_crypto_key_iam_member.service_identity_cmek",
            "module.data-platform.module.load-project.google_org_policy_policy.default",
            "module.data-platform.module.load-project.google_project.project",
            "module.data-platform.module.load-project.google_project_default_service_accounts.default_service_accounts",
            "module.data-platform.module.load-project.google_project_iam_member.servicenetworking",
            "module.data-platform.module.load-project.google_project_iam_member.shared_vpc_host_robots",
            "module.data-platform.module.load-project.google_project_service.project_services",
            "module.data-platform.module.load-project.google_project_service_identity.jit_si",
            "module.data-platform.module.load-project.google_project_service_identity.servicenetworking",
            "module.data-platform.module.load-sa-df-0.data.google_service_account.service_account",
            "module.data-platform.module.load-sa-df-0.google_service_account.service_account",
            "module.data-platform.module.orch-project.data.google_bigquery_default_service_account.bq_sa",
            "module.data-platform.module.orch-project.data.google_project.project",
            "module.data-platform.module.orch-project.data.google_storage_project_service_account.gcs_sa",
            "module.data-platform.module.orch-project.google_kms_crypto_key_iam_member.service_identity_cmek",
            "module.data-platform.module.orch-project.google_project.project",
            "module.data-platform.module.orch-project.google_project_service.project_services",
            "module.data-platform.module.orch-project.google_project_service_identity.jit_si",
            "module.data-platform.module.transf-project.data.google_bigquery_default_service_account.bq_sa",
            "module.data-platform.module.transf-project.data.google_project.project",
            "module.data-platform.module.transf-project.data.google_storage_project_service_account.gcs_sa",
            "module.data-platform.module.transf-project.google_compute_shared_vpc_host_project.shared_vpc_host",
            "module.data-platform.module.transf-project.google_compute_shared_vpc_service_project.service_projects",
            "module.data-platform.module.transf-project.google_compute_shared_vpc_service_project.shared_vpc_service",
            "module.data-platform.module.transf-project.google_kms_crypto_key_iam_member.service_identity_cmek",
            "module.data-platform.module.transf-project.google_org_policy_policy.default",
            "module.data-platform.module.transf-project.google_project.project",
            "module.data-platform.module.transf-project.google_project_default_service_accounts.default_service_accounts",
            "module.data-platform.module.transf-project.google_project_iam_member.servicenetworking",
            "module.data-platform.module.transf-project.google_project_iam_member.shared_vpc_host_robots",
            "module.data-platform.module.transf-project.google_project_service.project_services",
            "module.data-platform.module.transf-project.google_project_service_identity.jit_si",
            "module.data-platform.module.transf-project.google_project_service_identity.servicenetworking",
            "module.data-platform.module.transf-sa-df-0.data.google_service_account.service_account",
            "module.data-platform.module.transf-sa-df-0.google_service_account.service_account"
          ]
        },
        {
          "index_key": "roles/compute.networkUser-transf-robot-df",
          "schema_version": 0,
          "attributes": {
            "condition": [],
            "etag": "BwX4kVNCzFc=",
            "id": "yoyo-dev-net-spoke-0/roles/compute.networkUser/serviceAccount:service-413606672159@dataflow-service-producer-prod.iam.gserviceaccount.com",
            "member": "serviceAccount:service-413606672159@dataflow-service-producer-prod.iam.gserviceaccount.com",
            "project": "yoyo-dev-net-spoke-0",
            "role": "roles/compute.networkUser"
          },
          "sensitive_attributes": [],
          "private": "bnVsbA==",
          "dependencies": [
            "module.data-platform.module.load-project.data.google_bigquery_default_service_account.bq_sa",
            "module.data-platform.module.load-project.data.google_project.project",
            "module.data-platform.module.load-project.data.google_storage_project_service_account.gcs_sa",
            "module.data-platform.module.load-project.google_compute_shared_vpc_host_project.shared_vpc_host",
            "module.data-platform.module.load-project.google_compute_shared_vpc_service_project.service_projects",
            "module.data-platform.module.load-project.google_compute_shared_vpc_service_project.shared_vpc_service",
            "module.data-platform.module.load-project.google_kms_crypto_key_iam_member.service_identity_cmek",
            "module.data-platform.module.load-project.google_org_policy_policy.default",
            "module.data-platform.module.load-project.google_project.project",
            "module.data-platform.module.load-project.google_project_default_service_accounts.default_service_accounts",
            "module.data-platform.module.load-project.google_project_iam_member.servicenetworking",
            "module.data-platform.module.load-project.google_project_iam_member.shared_vpc_host_robots",
            "module.data-platform.module.load-project.google_project_service.project_services",
            "module.data-platform.module.load-project.google_project_service_identity.jit_si",
            "module.data-platform.module.load-project.google_project_service_identity.servicenetworking",
            "module.data-platform.module.load-sa-df-0.data.google_service_account.service_account",
            "module.data-platform.module.load-sa-df-0.google_service_account.service_account",
            "module.data-platform.module.orch-project.data.google_bigquery_default_service_account.bq_sa",
            "module.data-platform.module.orch-project.data.google_project.project",
            "module.data-platform.module.orch-project.data.google_storage_project_service_account.gcs_sa",
            "module.data-platform.module.orch-project.google_kms_crypto_key_iam_member.service_identity_cmek",
            "module.data-platform.module.orch-project.google_project.project",
            "module.data-platform.module.orch-project.google_project_service.project_services",
            "module.data-platform.module.orch-project.google_project_service_identity.jit_si",
            "module.data-platform.module.transf-project.data.google_bigquery_default_service_account.bq_sa",
            "module.data-platform.module.transf-project.data.google_project.project",
            "module.data-platform.module.transf-project.data.google_storage_project_service_account.gcs_sa",
            "module.data-platform.module.transf-project.google_compute_shared_vpc_host_project.shared_vpc_host",
            "module.data-platform.module.transf-project.google_compute_shared_vpc_service_project.service_projects",
            "module.data-platform.module.transf-project.google_compute_shared_vpc_service_project.shared_vpc_service",
            "module.data-platform.module.transf-project.google_kms_crypto_key_iam_member.service_identity_cmek",
            "module.data-platform.module.transf-project.google_org_policy_policy.default",
            "module.data-platform.module.transf-project.google_project.project",
            "module.data-platform.module.transf-project.google_project_default_service_accounts.default_service_accounts",
            "module.data-platform.module.transf-project.google_project_iam_member.servicenetworking",
            "module.data-platform.module.transf-project.google_project_iam_member.shared_vpc_host_robots",
            "module.data-platform.module.transf-project.google_project_service.project_services",
            "module.data-platform.module.transf-project.google_project_service_identity.jit_si",
            "module.data-platform.module.transf-project.google_project_service_identity.servicenetworking",
            "module.data-platform.module.transf-sa-df-0.data.google_service_account.service_account",
            "module.data-platform.module.transf-sa-df-0.google_service_account.service_account"
          ]
        },
        {
          "index_key": "roles/compute.networkUser-transf-sa-df-worker",
          "schema_version": 0,
          "attributes": {
            "condition": [],
            "etag": "BwX4kVNCzFc=",
            "id": "yoyo-dev-net-spoke-0/roles/compute.networkUser/serviceAccount:y0y0-dev-data-trf-df-0@y0y0-dev-data-trf-0.iam.gserviceaccount.com",
            "member": "serviceAccount:y0y0-dev-data-trf-df-0@y0y0-dev-data-trf-0.iam.gserviceaccount.com",
            "project": "yoyo-dev-net-spoke-0",
            "role": "roles/compute.networkUser"
          },
          "sensitive_attributes": [],
          "private": "bnVsbA==",
          "dependencies": [
            "module.data-platform.module.load-project.data.google_bigquery_default_service_account.bq_sa",
            "module.data-platform.module.load-project.data.google_project.project",
            "module.data-platform.module.load-project.data.google_storage_project_service_account.gcs_sa",
            "module.data-platform.module.load-project.google_compute_shared_vpc_host_project.shared_vpc_host",
            "module.data-platform.module.load-project.google_compute_shared_vpc_service_project.service_projects",
            "module.data-platform.module.load-project.google_compute_shared_vpc_service_project.shared_vpc_service",
            "module.data-platform.module.load-project.google_kms_crypto_key_iam_member.service_identity_cmek",
            "module.data-platform.module.load-project.google_org_policy_policy.default",
            "module.data-platform.module.load-project.google_project.project",
            "module.data-platform.module.load-project.google_project_default_service_accounts.default_service_accounts",
            "module.data-platform.module.load-project.google_project_iam_member.servicenetworking",
            "module.data-platform.module.load-project.google_project_iam_member.shared_vpc_host_robots",
            "module.data-platform.module.load-project.google_project_service.project_services",
            "module.data-platform.module.load-project.google_project_service_identity.jit_si",
            "module.data-platform.module.load-project.google_project_service_identity.servicenetworking",
            "module.data-platform.module.load-sa-df-0.data.google_service_account.service_account",
            "module.data-platform.module.load-sa-df-0.google_service_account.service_account",
            "module.data-platform.module.orch-project.data.google_bigquery_default_service_account.bq_sa",
            "module.data-platform.module.orch-project.data.google_project.project",
            "module.data-platform.module.orch-project.data.google_storage_project_service_account.gcs_sa",
            "module.data-platform.module.orch-project.google_kms_crypto_key_iam_member.service_identity_cmek",
            "module.data-platform.module.orch-project.google_project.project",
            "module.data-platform.module.orch-project.google_project_service.project_services",
            "module.data-platform.module.orch-project.google_project_service_identity.jit_si",
            "module.data-platform.module.transf-project.data.google_bigquery_default_service_account.bq_sa",
            "module.data-platform.module.transf-project.data.google_project.project",
            "module.data-platform.module.transf-project.data.google_storage_project_service_account.gcs_sa",
            "module.data-platform.module.transf-project.google_compute_shared_vpc_host_project.shared_vpc_host",
            "module.data-platform.module.transf-project.google_compute_shared_vpc_service_project.service_projects",
            "module.data-platform.module.transf-project.google_compute_shared_vpc_service_project.shared_vpc_service",
            "module.data-platform.module.transf-project.google_kms_crypto_key_iam_member.service_identity_cmek",
            "module.data-platform.module.transf-project.google_org_policy_policy.default",
            "module.data-platform.module.transf-project.google_project.project",
            "module.data-platform.module.transf-project.google_project_default_service_accounts.default_service_accounts",
            "module.data-platform.module.transf-project.google_project_iam_member.servicenetworking",
            "module.data-platform.module.transf-project.google_project_iam_member.shared_vpc_host_robots",
            "module.data-platform.module.transf-project.google_project_service.project_services",
            "module.data-platform.module.transf-project.google_project_service_identity.jit_si",
            "module.data-platform.module.transf-project.google_project_service_identity.servicenetworking",
            "module.data-platform.module.transf-sa-df-0.data.google_service_account.service_account",
            "module.data-platform.module.transf-sa-df-0.google_service_account.service_account"
          ]
        },
        {
          "index_key": "roles/container.hostServiceAgentUser-orch-robot-df",
          "schema_version": 0,
          "attributes": {
            "condition": [],
            "etag": "BwX4kVNCzFc=",
            "id": "yoyo-dev-net-spoke-0/roles/container.hostServiceAgentUser/serviceAccount:service-874131290478@dataflow-service-producer-prod.iam.gserviceaccount.com",
            "member": "serviceAccount:service-874131290478@dataflow-service-producer-prod.iam.gserviceaccount.com",
            "project": "yoyo-dev-net-spoke-0",
            "role": "roles/container.hostServiceAgentUser"
          },
          "sensitive_attributes": [],
          "private": "bnVsbA==",
          "dependencies": [
            "module.data-platform.module.load-project.data.google_bigquery_default_service_account.bq_sa",
            "module.data-platform.module.load-project.data.google_project.project",
            "module.data-platform.module.load-project.data.google_storage_project_service_account.gcs_sa",
            "module.data-platform.module.load-project.google_compute_shared_vpc_host_project.shared_vpc_host",
            "module.data-platform.module.load-project.google_compute_shared_vpc_service_project.service_projects",
            "module.data-platform.module.load-project.google_compute_shared_vpc_service_project.shared_vpc_service",
            "module.data-platform.module.load-project.google_kms_crypto_key_iam_member.service_identity_cmek",
            "module.data-platform.module.load-project.google_org_policy_policy.default",
            "module.data-platform.module.load-project.google_project.project",
            "module.data-platform.module.load-project.google_project_default_service_accounts.default_service_accounts",
            "module.data-platform.module.load-project.google_project_iam_member.servicenetworking",
            "module.data-platform.module.load-project.google_project_iam_member.shared_vpc_host_robots",
            "module.data-platform.module.load-project.google_project_service.project_services",
            "module.data-platform.module.load-project.google_project_service_identity.jit_si",
            "module.data-platform.module.load-project.google_project_service_identity.servicenetworking",
            "module.data-platform.module.load-sa-df-0.data.google_service_account.service_account",
            "module.data-platform.module.load-sa-df-0.google_service_account.service_account",
            "module.data-platform.module.orch-project.data.google_bigquery_default_service_account.bq_sa",
            "module.data-platform.module.orch-project.data.google_project.project",
            "module.data-platform.module.orch-project.data.google_storage_project_service_account.gcs_sa",
            "module.data-platform.module.orch-project.google_kms_crypto_key_iam_member.service_identity_cmek",
            "module.data-platform.module.orch-project.google_project.project",
            "module.data-platform.module.orch-project.google_project_service.project_services",
            "module.data-platform.module.orch-project.google_project_service_identity.jit_si",
            "module.data-platform.module.transf-project.data.google_bigquery_default_service_account.bq_sa",
            "module.data-platform.module.transf-project.data.google_project.project",
            "module.data-platform.module.transf-project.data.google_storage_project_service_account.gcs_sa",
            "module.data-platform.module.transf-project.google_compute_shared_vpc_host_project.shared_vpc_host",
            "module.data-platform.module.transf-project.google_compute_shared_vpc_service_project.service_projects",
            "module.data-platform.module.transf-project.google_compute_shared_vpc_service_project.shared_vpc_service",
            "module.data-platform.module.transf-project.google_kms_crypto_key_iam_member.service_identity_cmek",
            "module.data-platform.module.transf-project.google_org_policy_policy.default",
            "module.data-platform.module.transf-project.google_project.project",
            "module.data-platform.module.transf-project.google_project_default_service_accounts.default_service_accounts",
            "module.data-platform.module.transf-project.google_project_iam_member.servicenetworking",
            "module.data-platform.module.transf-project.google_project_iam_member.shared_vpc_host_robots",
            "module.data-platform.module.transf-project.google_project_service.project_services",
            "module.data-platform.module.transf-project.google_project_service_identity.jit_si",
            "module.data-platform.module.transf-project.google_project_service_identity.servicenetworking",
            "module.data-platform.module.transf-sa-df-0.data.google_service_account.service_account",
            "module.data-platform.module.transf-sa-df-0.google_service_account.service_account"
          ]
        },
        {
          "index_key": "roles/container.hostServiceAgentUser-orch-robot-gke",
          "schema_version": 0,
          "attributes": {
            "condition": [],
            "etag": "BwX4kVNCzFc=",
            "id": "yoyo-dev-net-spoke-0/roles/container.hostServiceAgentUser/serviceAccount:service-874131290478@container-engine-robot.iam.gserviceaccount.com",
            "member": "serviceAccount:service-874131290478@container-engine-robot.iam.gserviceaccount.com",
            "project": "yoyo-dev-net-spoke-0",
            "role": "roles/container.hostServiceAgentUser"
          },
          "sensitive_attributes": [],
          "private": "bnVsbA==",
          "dependencies": [
            "module.data-platform.module.load-project.data.google_bigquery_default_service_account.bq_sa",
            "module.data-platform.module.load-project.data.google_project.project",
            "module.data-platform.module.load-project.data.google_storage_project_service_account.gcs_sa",
            "module.data-platform.module.load-project.google_compute_shared_vpc_host_project.shared_vpc_host",
            "module.data-platform.module.load-project.google_compute_shared_vpc_service_project.service_projects",
            "module.data-platform.module.load-project.google_compute_shared_vpc_service_project.shared_vpc_service",
            "module.data-platform.module.load-project.google_kms_crypto_key_iam_member.service_identity_cmek",
            "module.data-platform.module.load-project.google_org_policy_policy.default",
            "module.data-platform.module.load-project.google_project.project",
            "module.data-platform.module.load-project.google_project_default_service_accounts.default_service_accounts",
            "module.data-platform.module.load-project.google_project_iam_member.servicenetworking",
            "module.data-platform.module.load-project.google_project_iam_member.shared_vpc_host_robots",
            "module.data-platform.module.load-project.google_project_service.project_services",
            "module.data-platform.module.load-project.google_project_service_identity.jit_si",
            "module.data-platform.module.load-project.google_project_service_identity.servicenetworking",
            "module.data-platform.module.load-sa-df-0.data.google_service_account.service_account",
            "module.data-platform.module.load-sa-df-0.google_service_account.service_account",
            "module.data-platform.module.orch-project.data.google_bigquery_default_service_account.bq_sa",
            "module.data-platform.module.orch-project.data.google_project.project",
            "module.data-platform.module.orch-project.data.google_storage_project_service_account.gcs_sa",
            "module.data-platform.module.orch-project.google_kms_crypto_key_iam_member.service_identity_cmek",
            "module.data-platform.module.orch-project.google_project.project",
            "module.data-platform.module.orch-project.google_project_service.project_services",
            "module.data-platform.module.orch-project.google_project_service_identity.jit_si",
            "module.data-platform.module.transf-project.data.google_bigquery_default_service_account.bq_sa",
            "module.data-platform.module.transf-project.data.google_project.project",
            "module.data-platform.module.transf-project.data.google_storage_project_service_account.gcs_sa",
            "module.data-platform.module.transf-project.google_compute_shared_vpc_host_project.shared_vpc_host",
            "module.data-platform.module.transf-project.google_compute_shared_vpc_service_project.service_projects",
            "module.data-platform.module.transf-project.google_compute_shared_vpc_service_project.shared_vpc_service",
            "module.data-platform.module.transf-project.google_kms_crypto_key_iam_member.service_identity_cmek",
            "module.data-platform.module.transf-project.google_org_policy_policy.default",
            "module.data-platform.module.transf-project.google_project.project",
            "module.data-platform.module.transf-project.google_project_default_service_accounts.default_service_accounts",
            "module.data-platform.module.transf-project.google_project_iam_member.servicenetworking",
            "module.data-platform.module.transf-project.google_project_iam_member.shared_vpc_host_robots",
            "module.data-platform.module.transf-project.google_project_service.project_services",
            "module.data-platform.module.transf-project.google_project_service_identity.jit_si",
            "module.data-platform.module.transf-project.google_project_service_identity.servicenetworking",
            "module.data-platform.module.transf-sa-df-0.data.google_service_account.service_account",
            "module.data-platform.module.transf-sa-df-0.google_service_account.service_account"
          ]
        }
      ]
    },
    {
      "module": "module.data-platform.module.common-datacatalog",
      "mode": "managed",
      "type": "google_data_catalog_policy_tag",
      "name": "default",
      "provider": "provider[\"registry.terraform.io/hashicorp/google-beta\"]",
      "instances": [
        {
          "index_key": "1_Sensitive",
          "schema_version": 0,
          "attributes": {
            "child_policy_tags": [],
            "description": "1_Sensitive - Terraform managed.  ",
            "display_name": "1_Sensitive",
            "id": "projects/y0y0-dev-data-cmn-0/locations/eu/taxonomies/1672315195122520332/policyTags/2102356272951086715",
            "name": "projects/y0y0-dev-data-cmn-0/locations/eu/taxonomies/1672315195122520332/policyTags/2102356272951086715",
            "parent_policy_tag": "",
            "taxonomy": "projects/y0y0-dev-data-cmn-0/locations/eu/taxonomies/1672315195122520332",
            "timeouts": null
          },
          "sensitive_attributes": [],
          "private": "eyJlMmJmYjczMC1lY2FhLTExZTYtOGY4OC0zNDM2M2JjN2M0YzAiOnsiY3JlYXRlIjoxMjAwMDAwMDAwMDAwLCJkZWxldGUiOjEyMDAwMDAwMDAwMDAsInVwZGF0ZSI6MTIwMDAwMDAwMDAwMH19",
          "dependencies": [
            "module.data-platform.module.common-datacatalog.google_data_catalog_taxonomy.default",
            "module.data-platform.module.common-project.data.google_bigquery_default_service_account.bq_sa",
            "module.data-platform.module.common-project.data.google_project.project",
            "module.data-platform.module.common-project.data.google_storage_project_service_account.gcs_sa",
            "module.data-platform.module.common-project.google_compute_shared_vpc_host_project.shared_vpc_host",
            "module.data-platform.module.common-project.google_compute_shared_vpc_service_project.service_projects",
            "module.data-platform.module.common-project.google_compute_shared_vpc_service_project.shared_vpc_service",
            "module.data-platform.module.common-project.google_kms_crypto_key_iam_member.service_identity_cmek",
            "module.data-platform.module.common-project.google_org_policy_policy.default",
            "module.data-platform.module.common-project.google_project.project",
            "module.data-platform.module.common-project.google_project_default_service_accounts.default_service_accounts",
            "module.data-platform.module.common-project.google_project_iam_member.servicenetworking",
            "module.data-platform.module.common-project.google_project_iam_member.shared_vpc_host_robots",
            "module.data-platform.module.common-project.google_project_service.project_services",
            "module.data-platform.module.common-project.google_project_service_identity.jit_si",
            "module.data-platform.module.common-project.google_project_service_identity.servicenetworking"
          ]
        },
        {
          "index_key": "2_Private",
          "schema_version": 0,
          "attributes": {
            "child_policy_tags": [],
            "description": "2_Private - Terraform managed.  ",
            "display_name": "2_Private",
            "id": "projects/y0y0-dev-data-cmn-0/locations/eu/taxonomies/1672315195122520332/policyTags/2354719184010844475",
            "name": "projects/y0y0-dev-data-cmn-0/locations/eu/taxonomies/1672315195122520332/policyTags/2354719184010844475",
            "parent_policy_tag": "",
            "taxonomy": "projects/y0y0-dev-data-cmn-0/locations/eu/taxonomies/1672315195122520332",
            "timeouts": null
          },
          "sensitive_attributes": [],
          "private": "eyJlMmJmYjczMC1lY2FhLTExZTYtOGY4OC0zNDM2M2JjN2M0YzAiOnsiY3JlYXRlIjoxMjAwMDAwMDAwMDAwLCJkZWxldGUiOjEyMDAwMDAwMDAwMDAsInVwZGF0ZSI6MTIwMDAwMDAwMDAwMH19",
          "dependencies": [
            "module.data-platform.module.common-datacatalog.google_data_catalog_taxonomy.default",
            "module.data-platform.module.common-project.data.google_bigquery_default_service_account.bq_sa",
            "module.data-platform.module.common-project.data.google_project.project",
            "module.data-platform.module.common-project.data.google_storage_project_service_account.gcs_sa",
            "module.data-platform.module.common-project.google_compute_shared_vpc_host_project.shared_vpc_host",
            "module.data-platform.module.common-project.google_compute_shared_vpc_service_project.service_projects",
            "module.data-platform.module.common-project.google_compute_shared_vpc_service_project.shared_vpc_service",
            "module.data-platform.module.common-project.google_kms_crypto_key_iam_member.service_identity_cmek",
            "module.data-platform.module.common-project.google_org_policy_policy.default",
            "module.data-platform.module.common-project.google_project.project",
            "module.data-platform.module.common-project.google_project_default_service_accounts.default_service_accounts",
            "module.data-platform.module.common-project.google_project_iam_member.servicenetworking",
            "module.data-platform.module.common-project.google_project_iam_member.shared_vpc_host_robots",
            "module.data-platform.module.common-project.google_project_service.project_services",
            "module.data-platform.module.common-project.google_project_service_identity.jit_si",
            "module.data-platform.module.common-project.google_project_service_identity.servicenetworking"
          ]
        },
        {
          "index_key": "3_Confidential",
          "schema_version": 0,
          "attributes": {
            "child_policy_tags": [],
            "description": "3_Confidential - Terraform managed.  ",
            "display_name": "3_Confidential",
            "id": "projects/y0y0-dev-data-cmn-0/locations/eu/taxonomies/1672315195122520332/policyTags/3191050383218866231",
            "name": "projects/y0y0-dev-data-cmn-0/locations/eu/taxonomies/1672315195122520332/policyTags/3191050383218866231",
            "parent_policy_tag": "",
            "taxonomy": "projects/y0y0-dev-data-cmn-0/locations/eu/taxonomies/1672315195122520332",
            "timeouts": null
          },
          "sensitive_attributes": [],
          "private": "eyJlMmJmYjczMC1lY2FhLTExZTYtOGY4OC0zNDM2M2JjN2M0YzAiOnsiY3JlYXRlIjoxMjAwMDAwMDAwMDAwLCJkZWxldGUiOjEyMDAwMDAwMDAwMDAsInVwZGF0ZSI6MTIwMDAwMDAwMDAwMH19",
          "dependencies": [
            "module.data-platform.module.common-datacatalog.google_data_catalog_taxonomy.default",
            "module.data-platform.module.common-project.data.google_bigquery_default_service_account.bq_sa",
            "module.data-platform.module.common-project.data.google_project.project",
            "module.data-platform.module.common-project.data.google_storage_project_service_account.gcs_sa",
            "module.data-platform.module.common-project.google_compute_shared_vpc_host_project.shared_vpc_host",
            "module.data-platform.module.common-project.google_compute_shared_vpc_service_project.service_projects",
            "module.data-platform.module.common-project.google_compute_shared_vpc_service_project.shared_vpc_service",
            "module.data-platform.module.common-project.google_kms_crypto_key_iam_member.service_identity_cmek",
            "module.data-platform.module.common-project.google_org_policy_policy.default",
            "module.data-platform.module.common-project.google_project.project",
            "module.data-platform.module.common-project.google_project_default_service_accounts.default_service_accounts",
            "module.data-platform.module.common-project.google_project_iam_member.servicenetworking",
            "module.data-platform.module.common-project.google_project_iam_member.shared_vpc_host_robots",
            "module.data-platform.module.common-project.google_project_service.project_services",
            "module.data-platform.module.common-project.google_project_service_identity.jit_si",
            "module.data-platform.module.common-project.google_project_service_identity.servicenetworking"
          ]
        }
      ]
    },
    {
      "module": "module.data-platform.module.common-datacatalog",
      "mode": "managed",
      "type": "google_data_catalog_taxonomy",
      "name": "default",
      "provider": "provider[\"registry.terraform.io/hashicorp/google-beta\"]",
      "instances": [
        {
          "schema_version": 0,
          "attributes": {
            "activated_policy_types": [
              "FINE_GRAINED_ACCESS_CONTROL"
            ],
            "description": "Taxonomy - Terraform managed",
            "display_name": "y0y0-dev-data-datacatalog-policy-tags",
            "id": "projects/y0y0-dev-data-cmn-0/locations/eu/taxonomies/1672315195122520332",
            "name": "projects/y0y0-dev-data-cmn-0/locations/eu/taxonomies/1672315195122520332",
            "project": "y0y0-dev-data-cmn-0",
            "region": "eu",
            "timeouts": null
          },
          "sensitive_attributes": [],
          "private": "eyJlMmJmYjczMC1lY2FhLTExZTYtOGY4OC0zNDM2M2JjN2M0YzAiOnsiY3JlYXRlIjoxMjAwMDAwMDAwMDAwLCJkZWxldGUiOjEyMDAwMDAwMDAwMDAsInVwZGF0ZSI6MTIwMDAwMDAwMDAwMH19",
          "dependencies": [
            "module.data-platform.module.common-project.data.google_bigquery_default_service_account.bq_sa",
            "module.data-platform.module.common-project.data.google_project.project",
            "module.data-platform.module.common-project.data.google_storage_project_service_account.gcs_sa",
            "module.data-platform.module.common-project.google_compute_shared_vpc_host_project.shared_vpc_host",
            "module.data-platform.module.common-project.google_compute_shared_vpc_service_project.service_projects",
            "module.data-platform.module.common-project.google_compute_shared_vpc_service_project.shared_vpc_service",
            "module.data-platform.module.common-project.google_kms_crypto_key_iam_member.service_identity_cmek",
            "module.data-platform.module.common-project.google_org_policy_policy.default",
            "module.data-platform.module.common-project.google_project.project",
            "module.data-platform.module.common-project.google_project_default_service_accounts.default_service_accounts",
            "module.data-platform.module.common-project.google_project_iam_member.servicenetworking",
            "module.data-platform.module.common-project.google_project_iam_member.shared_vpc_host_robots",
            "module.data-platform.module.common-project.google_project_service.project_services",
            "module.data-platform.module.common-project.google_project_service_identity.jit_si",
            "module.data-platform.module.common-project.google_project_service_identity.servicenetworking"
          ]
        }
      ]
    },
    {
      "module": "module.data-platform.module.common-project",
      "mode": "managed",
      "type": "google_project",
      "name": "project",
      "provider": "provider[\"registry.terraform.io/hashicorp/google\"]",
      "instances": [
        {
          "index_key": 0,
          "schema_version": 1,
          "attributes": {
            "auto_create_network": false,
            "billing_account": "0189FA-E139FD-136A58",
            "folder_id": "907613514079",
            "id": "projects/y0y0-dev-data-cmn-0",
            "labels": {},
            "name": "y0y0-dev-data-cmn-0",
            "number": "1084505145010",
            "org_id": "",
            "project_id": "y0y0-dev-data-cmn-0",
            "skip_delete": false,
            "timeouts": null
          },
          "sensitive_attributes": [],
          "private": "eyJlMmJmYjczMC1lY2FhLTExZTYtOGY4OC0zNDM2M2JjN2M0YzAiOnsiY3JlYXRlIjo2MDAwMDAwMDAwMDAsImRlbGV0ZSI6NjAwMDAwMDAwMDAwLCJyZWFkIjo2MDAwMDAwMDAwMDAsInVwZGF0ZSI6NjAwMDAwMDAwMDAwfSwic2NoZW1hX3ZlcnNpb24iOiIxIn0="
        }
      ]
    },
    {
      "module": "module.data-platform.module.common-project",
      "mode": "managed",
      "type": "google_project_iam_binding",
      "name": "authoritative",
      "provider": "provider[\"registry.terraform.io/hashicorp/google\"]",
      "instances": [
        {
          "index_key": "roles/datacatalog.admin",
          "schema_version": 0,
          "attributes": {
            "condition": [],
            "etag": "BwX4kVPFf/A=",
            "id": "y0y0-dev-data-cmn-0/roles/datacatalog.admin",
            "members": [
              "group:gcp-data-security@yoyoland.joonix.net"
            ],
            "project": "y0y0-dev-data-cmn-0",
            "role": "roles/datacatalog.admin"
          },
          "sensitive_attributes": [],
          "private": "bnVsbA==",
          "dependencies": [
            "module.data-platform.module.common-project.data.google_project.project",
            "module.data-platform.module.common-project.google_project.project",
            "module.data-platform.module.common-project.google_project_iam_custom_role.roles",
            "module.data-platform.module.common-project.google_project_service.project_services",
            "module.data-platform.module.load-project.data.google_bigquery_default_service_account.bq_sa",
            "module.data-platform.module.load-project.data.google_project.project",
            "module.data-platform.module.load-project.data.google_storage_project_service_account.gcs_sa",
            "module.data-platform.module.load-project.google_compute_shared_vpc_host_project.shared_vpc_host",
            "module.data-platform.module.load-project.google_compute_shared_vpc_service_project.service_projects",
            "module.data-platform.module.load-project.google_compute_shared_vpc_service_project.shared_vpc_service",
            "module.data-platform.module.load-project.google_kms_crypto_key_iam_member.service_identity_cmek",
            "module.data-platform.module.load-project.google_org_policy_policy.default",
            "module.data-platform.module.load-project.google_project.project",
            "module.data-platform.module.load-project.google_project_default_service_accounts.default_service_accounts",
            "module.data-platform.module.load-project.google_project_iam_member.servicenetworking",
            "module.data-platform.module.load-project.google_project_iam_member.shared_vpc_host_robots",
            "module.data-platform.module.load-project.google_project_service.project_services",
            "module.data-platform.module.load-project.google_project_service_identity.jit_si",
            "module.data-platform.module.load-project.google_project_service_identity.servicenetworking",
            "module.data-platform.module.load-sa-df-0.data.google_service_account.service_account",
            "module.data-platform.module.load-sa-df-0.google_service_account.service_account",
            "module.data-platform.module.transf-project.data.google_bigquery_default_service_account.bq_sa",
            "module.data-platform.module.transf-project.data.google_project.project",
            "module.data-platform.module.transf-project.data.google_storage_project_service_account.gcs_sa",
            "module.data-platform.module.transf-project.google_compute_shared_vpc_host_project.shared_vpc_host",
            "module.data-platform.module.transf-project.google_compute_shared_vpc_service_project.service_projects",
            "module.data-platform.module.transf-project.google_compute_shared_vpc_service_project.shared_vpc_service",
            "module.data-platform.module.transf-project.google_kms_crypto_key_iam_member.service_identity_cmek",
            "module.data-platform.module.transf-project.google_org_policy_policy.default",
            "module.data-platform.module.transf-project.google_project.project",
            "module.data-platform.module.transf-project.google_project_default_service_accounts.default_service_accounts",
            "module.data-platform.module.transf-project.google_project_iam_member.servicenetworking",
            "module.data-platform.module.transf-project.google_project_iam_member.shared_vpc_host_robots",
            "module.data-platform.module.transf-project.google_project_service.project_services",
            "module.data-platform.module.transf-project.google_project_service_identity.jit_si",
            "module.data-platform.module.transf-project.google_project_service_identity.servicenetworking",
            "module.data-platform.module.transf-sa-bq-0.data.google_service_account.service_account",
            "module.data-platform.module.transf-sa-bq-0.google_service_account.service_account",
            "module.data-platform.module.transf-sa-df-0.data.google_service_account.service_account",
            "module.data-platform.module.transf-sa-df-0.google_service_account.service_account"
          ]
        },
        {
          "index_key": "roles/datacatalog.categoryFineGrainedReader",
          "schema_version": 0,
          "attributes": {
            "condition": [],
            "etag": "BwX4kVPFf/A=",
            "id": "y0y0-dev-data-cmn-0/roles/datacatalog.categoryFineGrainedReader",
            "members": [
              "serviceAccount:y0y0-dev-data-trf-bq-0@y0y0-dev-data-trf-0.iam.gserviceaccount.com",
              "serviceAccount:y0y0-dev-data-trf-df-0@y0y0-dev-data-trf-0.iam.gserviceaccount.com"
            ],
            "project": "y0y0-dev-data-cmn-0",
            "role": "roles/datacatalog.categoryFineGrainedReader"
          },
          "sensitive_attributes": [],
          "private": "bnVsbA==",
          "dependencies": [
            "module.data-platform.module.common-project.data.google_project.project",
            "module.data-platform.module.common-project.google_project.project",
            "module.data-platform.module.common-project.google_project_iam_custom_role.roles",
            "module.data-platform.module.common-project.google_project_service.project_services",
            "module.data-platform.module.load-project.data.google_bigquery_default_service_account.bq_sa",
            "module.data-platform.module.load-project.data.google_project.project",
            "module.data-platform.module.load-project.data.google_storage_project_service_account.gcs_sa",
            "module.data-platform.module.load-project.google_compute_shared_vpc_host_project.shared_vpc_host",
            "module.data-platform.module.load-project.google_compute_shared_vpc_service_project.service_projects",
            "module.data-platform.module.load-project.google_compute_shared_vpc_service_project.shared_vpc_service",
            "module.data-platform.module.load-project.google_kms_crypto_key_iam_member.service_identity_cmek",
            "module.data-platform.module.load-project.google_org_policy_policy.default",
            "module.data-platform.module.load-project.google_project.project",
            "module.data-platform.module.load-project.google_project_default_service_accounts.default_service_accounts",
            "module.data-platform.module.load-project.google_project_iam_member.servicenetworking",
            "module.data-platform.module.load-project.google_project_iam_member.shared_vpc_host_robots",
            "module.data-platform.module.load-project.google_project_service.project_services",
            "module.data-platform.module.load-project.google_project_service_identity.jit_si",
            "module.data-platform.module.load-project.google_project_service_identity.servicenetworking",
            "module.data-platform.module.load-sa-df-0.data.google_service_account.service_account",
            "module.data-platform.module.load-sa-df-0.google_service_account.service_account",
            "module.data-platform.module.transf-project.data.google_bigquery_default_service_account.bq_sa",
            "module.data-platform.module.transf-project.data.google_project.project",
            "module.data-platform.module.transf-project.data.google_storage_project_service_account.gcs_sa",
            "module.data-platform.module.transf-project.google_compute_shared_vpc_host_project.shared_vpc_host",
            "module.data-platform.module.transf-project.google_compute_shared_vpc_service_project.service_projects",
            "module.data-platform.module.transf-project.google_compute_shared_vpc_service_project.shared_vpc_service",
            "module.data-platform.module.transf-project.google_kms_crypto_key_iam_member.service_identity_cmek",
            "module.data-platform.module.transf-project.google_org_policy_policy.default",
            "module.data-platform.module.transf-project.google_project.project",
            "module.data-platform.module.transf-project.google_project_default_service_accounts.default_service_accounts",
            "module.data-platform.module.transf-project.google_project_iam_member.servicenetworking",
            "module.data-platform.module.transf-project.google_project_iam_member.shared_vpc_host_robots",
            "module.data-platform.module.transf-project.google_project_service.project_services",
            "module.data-platform.module.transf-project.google_project_service_identity.jit_si",
            "module.data-platform.module.transf-project.google_project_service_identity.servicenetworking",
            "module.data-platform.module.transf-sa-bq-0.data.google_service_account.service_account",
            "module.data-platform.module.transf-sa-bq-0.google_service_account.service_account",
            "module.data-platform.module.transf-sa-df-0.data.google_service_account.service_account",
            "module.data-platform.module.transf-sa-df-0.google_service_account.service_account"
          ]
        },
        {
          "index_key": "roles/datacatalog.viewer",
          "schema_version": 0,
          "attributes": {
            "condition": [],
            "etag": "BwX4kVPFf/A=",
            "id": "y0y0-dev-data-cmn-0/roles/datacatalog.viewer",
            "members": [
              "group:gcp-data-analysts@yoyoland.joonix.net",
              "serviceAccount:y0y0-dev-data-load-df-0@y0y0-dev-data-lod-0.iam.gserviceaccount.com",
              "serviceAccount:y0y0-dev-data-trf-bq-0@y0y0-dev-data-trf-0.iam.gserviceaccount.com",
              "serviceAccount:y0y0-dev-data-trf-df-0@y0y0-dev-data-trf-0.iam.gserviceaccount.com"
            ],
            "project": "y0y0-dev-data-cmn-0",
            "role": "roles/datacatalog.viewer"
          },
          "sensitive_attributes": [],
          "private": "bnVsbA==",
          "dependencies": [
            "module.data-platform.module.common-project.data.google_project.project",
            "module.data-platform.module.common-project.google_project.project",
            "module.data-platform.module.common-project.google_project_iam_custom_role.roles",
            "module.data-platform.module.common-project.google_project_service.project_services",
            "module.data-platform.module.load-project.data.google_bigquery_default_service_account.bq_sa",
            "module.data-platform.module.load-project.data.google_project.project",
            "module.data-platform.module.load-project.data.google_storage_project_service_account.gcs_sa",
            "module.data-platform.module.load-project.google_compute_shared_vpc_host_project.shared_vpc_host",
            "module.data-platform.module.load-project.google_compute_shared_vpc_service_project.service_projects",
            "module.data-platform.module.load-project.google_compute_shared_vpc_service_project.shared_vpc_service",
            "module.data-platform.module.load-project.google_kms_crypto_key_iam_member.service_identity_cmek",
            "module.data-platform.module.load-project.google_org_policy_policy.default",
            "module.data-platform.module.load-project.google_project.project",
            "module.data-platform.module.load-project.google_project_default_service_accounts.default_service_accounts",
            "module.data-platform.module.load-project.google_project_iam_member.servicenetworking",
            "module.data-platform.module.load-project.google_project_iam_member.shared_vpc_host_robots",
            "module.data-platform.module.load-project.google_project_service.project_services",
            "module.data-platform.module.load-project.google_project_service_identity.jit_si",
            "module.data-platform.module.load-project.google_project_service_identity.servicenetworking",
            "module.data-platform.module.load-sa-df-0.data.google_service_account.service_account",
            "module.data-platform.module.load-sa-df-0.google_service_account.service_account",
            "module.data-platform.module.transf-project.data.google_bigquery_default_service_account.bq_sa",
            "module.data-platform.module.transf-project.data.google_project.project",
            "module.data-platform.module.transf-project.data.google_storage_project_service_account.gcs_sa",
            "module.data-platform.module.transf-project.google_compute_shared_vpc_host_project.shared_vpc_host",
            "module.data-platform.module.transf-project.google_compute_shared_vpc_service_project.service_projects",
            "module.data-platform.module.transf-project.google_compute_shared_vpc_service_project.shared_vpc_service",
            "module.data-platform.module.transf-project.google_kms_crypto_key_iam_member.service_identity_cmek",
            "module.data-platform.module.transf-project.google_org_policy_policy.default",
            "module.data-platform.module.transf-project.google_project.project",
            "module.data-platform.module.transf-project.google_project_default_service_accounts.default_service_accounts",
            "module.data-platform.module.transf-project.google_project_iam_member.servicenetworking",
            "module.data-platform.module.transf-project.google_project_iam_member.shared_vpc_host_robots",
            "module.data-platform.module.transf-project.google_project_service.project_services",
            "module.data-platform.module.transf-project.google_project_service_identity.jit_si",
            "module.data-platform.module.transf-project.google_project_service_identity.servicenetworking",
            "module.data-platform.module.transf-sa-bq-0.data.google_service_account.service_account",
            "module.data-platform.module.transf-sa-bq-0.google_service_account.service_account",
            "module.data-platform.module.transf-sa-df-0.data.google_service_account.service_account",
            "module.data-platform.module.transf-sa-df-0.google_service_account.service_account"
          ]
        },
        {
          "index_key": "roles/dlp.admin",
          "schema_version": 0,
          "attributes": {
            "condition": [],
            "etag": "BwX4kVPFf/A=",
            "id": "y0y0-dev-data-cmn-0/roles/dlp.admin",
            "members": [
              "group:gcp-data-security@yoyoland.joonix.net"
            ],
            "project": "y0y0-dev-data-cmn-0",
            "role": "roles/dlp.admin"
          },
          "sensitive_attributes": [],
          "private": "bnVsbA==",
          "dependencies": [
            "module.data-platform.module.common-project.data.google_project.project",
            "module.data-platform.module.common-project.google_project.project",
            "module.data-platform.module.common-project.google_project_iam_custom_role.roles",
            "module.data-platform.module.common-project.google_project_service.project_services",
            "module.data-platform.module.load-project.data.google_bigquery_default_service_account.bq_sa",
            "module.data-platform.module.load-project.data.google_project.project",
            "module.data-platform.module.load-project.data.google_storage_project_service_account.gcs_sa",
            "module.data-platform.module.load-project.google_compute_shared_vpc_host_project.shared_vpc_host",
            "module.data-platform.module.load-project.google_compute_shared_vpc_service_project.service_projects",
            "module.data-platform.module.load-project.google_compute_shared_vpc_service_project.shared_vpc_service",
            "module.data-platform.module.load-project.google_kms_crypto_key_iam_member.service_identity_cmek",
            "module.data-platform.module.load-project.google_org_policy_policy.default",
            "module.data-platform.module.load-project.google_project.project",
            "module.data-platform.module.load-project.google_project_default_service_accounts.default_service_accounts",
            "module.data-platform.module.load-project.google_project_iam_member.servicenetworking",
            "module.data-platform.module.load-project.google_project_iam_member.shared_vpc_host_robots",
            "module.data-platform.module.load-project.google_project_service.project_services",
            "module.data-platform.module.load-project.google_project_service_identity.jit_si",
            "module.data-platform.module.load-project.google_project_service_identity.servicenetworking",
            "module.data-platform.module.load-sa-df-0.data.google_service_account.service_account",
            "module.data-platform.module.load-sa-df-0.google_service_account.service_account",
            "module.data-platform.module.transf-project.data.google_bigquery_default_service_account.bq_sa",
            "module.data-platform.module.transf-project.data.google_project.project",
            "module.data-platform.module.transf-project.data.google_storage_project_service_account.gcs_sa",
            "module.data-platform.module.transf-project.google_compute_shared_vpc_host_project.shared_vpc_host",
            "module.data-platform.module.transf-project.google_compute_shared_vpc_service_project.service_projects",
            "module.data-platform.module.transf-project.google_compute_shared_vpc_service_project.shared_vpc_service",
            "module.data-platform.module.transf-project.google_kms_crypto_key_iam_member.service_identity_cmek",
            "module.data-platform.module.transf-project.google_org_policy_policy.default",
            "module.data-platform.module.transf-project.google_project.project",
            "module.data-platform.module.transf-project.google_project_default_service_accounts.default_service_accounts",
            "module.data-platform.module.transf-project.google_project_iam_member.servicenetworking",
            "module.data-platform.module.transf-project.google_project_iam_member.shared_vpc_host_robots",
            "module.data-platform.module.transf-project.google_project_service.project_services",
            "module.data-platform.module.transf-project.google_project_service_identity.jit_si",
            "module.data-platform.module.transf-project.google_project_service_identity.servicenetworking",
            "module.data-platform.module.transf-sa-bq-0.data.google_service_account.service_account",
            "module.data-platform.module.transf-sa-bq-0.google_service_account.service_account",
            "module.data-platform.module.transf-sa-df-0.data.google_service_account.service_account",
            "module.data-platform.module.transf-sa-df-0.google_service_account.service_account"
          ]
        },
        {
          "index_key": "roles/dlp.estimatesAdmin",
          "schema_version": 0,
          "attributes": {
            "condition": [],
            "etag": "BwX4kVPFf/A=",
            "id": "y0y0-dev-data-cmn-0/roles/dlp.estimatesAdmin",
            "members": [
              "group:gcp-data-engineers@yoyoland.joonix.net"
            ],
            "project": "y0y0-dev-data-cmn-0",
            "role": "roles/dlp.estimatesAdmin"
          },
          "sensitive_attributes": [],
          "private": "bnVsbA==",
          "dependencies": [
            "module.data-platform.module.common-project.data.google_project.project",
            "module.data-platform.module.common-project.google_project.project",
            "module.data-platform.module.common-project.google_project_iam_custom_role.roles",
            "module.data-platform.module.common-project.google_project_service.project_services",
            "module.data-platform.module.load-project.data.google_bigquery_default_service_account.bq_sa",
            "module.data-platform.module.load-project.data.google_project.project",
            "module.data-platform.module.load-project.data.google_storage_project_service_account.gcs_sa",
            "module.data-platform.module.load-project.google_compute_shared_vpc_host_project.shared_vpc_host",
            "module.data-platform.module.load-project.google_compute_shared_vpc_service_project.service_projects",
            "module.data-platform.module.load-project.google_compute_shared_vpc_service_project.shared_vpc_service",
            "module.data-platform.module.load-project.google_kms_crypto_key_iam_member.service_identity_cmek",
            "module.data-platform.module.load-project.google_org_policy_policy.default",
            "module.data-platform.module.load-project.google_project.project",
            "module.data-platform.module.load-project.google_project_default_service_accounts.default_service_accounts",
            "module.data-platform.module.load-project.google_project_iam_member.servicenetworking",
            "module.data-platform.module.load-project.google_project_iam_member.shared_vpc_host_robots",
            "module.data-platform.module.load-project.google_project_service.project_services",
            "module.data-platform.module.load-project.google_project_service_identity.jit_si",
            "module.data-platform.module.load-project.google_project_service_identity.servicenetworking",
            "module.data-platform.module.load-sa-df-0.data.google_service_account.service_account",
            "module.data-platform.module.load-sa-df-0.google_service_account.service_account",
            "module.data-platform.module.transf-project.data.google_bigquery_default_service_account.bq_sa",
            "module.data-platform.module.transf-project.data.google_project.project",
            "module.data-platform.module.transf-project.data.google_storage_project_service_account.gcs_sa",
            "module.data-platform.module.transf-project.google_compute_shared_vpc_host_project.shared_vpc_host",
            "module.data-platform.module.transf-project.google_compute_shared_vpc_service_project.service_projects",
            "module.data-platform.module.transf-project.google_compute_shared_vpc_service_project.shared_vpc_service",
            "module.data-platform.module.transf-project.google_kms_crypto_key_iam_member.service_identity_cmek",
            "module.data-platform.module.transf-project.google_org_policy_policy.default",
            "module.data-platform.module.transf-project.google_project.project",
            "module.data-platform.module.transf-project.google_project_default_service_accounts.default_service_accounts",
            "module.data-platform.module.transf-project.google_project_iam_member.servicenetworking",
            "module.data-platform.module.transf-project.google_project_iam_member.shared_vpc_host_robots",
            "module.data-platform.module.transf-project.google_project_service.project_services",
            "module.data-platform.module.transf-project.google_project_service_identity.jit_si",
            "module.data-platform.module.transf-project.google_project_service_identity.servicenetworking",
            "module.data-platform.module.transf-sa-bq-0.data.google_service_account.service_account",
            "module.data-platform.module.transf-sa-bq-0.google_service_account.service_account",
            "module.data-platform.module.transf-sa-df-0.data.google_service_account.service_account",
            "module.data-platform.module.transf-sa-df-0.google_service_account.service_account"
          ]
        },
        {
          "index_key": "roles/dlp.reader",
          "schema_version": 0,
          "attributes": {
            "condition": [],
            "etag": "BwX4kVPFf/A=",
            "id": "y0y0-dev-data-cmn-0/roles/dlp.reader",
            "members": [
              "group:gcp-data-engineers@yoyoland.joonix.net"
            ],
            "project": "y0y0-dev-data-cmn-0",
            "role": "roles/dlp.reader"
          },
          "sensitive_attributes": [],
          "private": "bnVsbA==",
          "dependencies": [
            "module.data-platform.module.common-project.data.google_project.project",
            "module.data-platform.module.common-project.google_project.project",
            "module.data-platform.module.common-project.google_project_iam_custom_role.roles",
            "module.data-platform.module.common-project.google_project_service.project_services",
            "module.data-platform.module.load-project.data.google_bigquery_default_service_account.bq_sa",
            "module.data-platform.module.load-project.data.google_project.project",
            "module.data-platform.module.load-project.data.google_storage_project_service_account.gcs_sa",
            "module.data-platform.module.load-project.google_compute_shared_vpc_host_project.shared_vpc_host",
            "module.data-platform.module.load-project.google_compute_shared_vpc_service_project.service_projects",
            "module.data-platform.module.load-project.google_compute_shared_vpc_service_project.shared_vpc_service",
            "module.data-platform.module.load-project.google_kms_crypto_key_iam_member.service_identity_cmek",
            "module.data-platform.module.load-project.google_org_policy_policy.default",
            "module.data-platform.module.load-project.google_project.project",
            "module.data-platform.module.load-project.google_project_default_service_accounts.default_service_accounts",
            "module.data-platform.module.load-project.google_project_iam_member.servicenetworking",
            "module.data-platform.module.load-project.google_project_iam_member.shared_vpc_host_robots",
            "module.data-platform.module.load-project.google_project_service.project_services",
            "module.data-platform.module.load-project.google_project_service_identity.jit_si",
            "module.data-platform.module.load-project.google_project_service_identity.servicenetworking",
            "module.data-platform.module.load-sa-df-0.data.google_service_account.service_account",
            "module.data-platform.module.load-sa-df-0.google_service_account.service_account",
            "module.data-platform.module.transf-project.data.google_bigquery_default_service_account.bq_sa",
            "module.data-platform.module.transf-project.data.google_project.project",
            "module.data-platform.module.transf-project.data.google_storage_project_service_account.gcs_sa",
            "module.data-platform.module.transf-project.google_compute_shared_vpc_host_project.shared_vpc_host",
            "module.data-platform.module.transf-project.google_compute_shared_vpc_service_project.service_projects",
            "module.data-platform.module.transf-project.google_compute_shared_vpc_service_project.shared_vpc_service",
            "module.data-platform.module.transf-project.google_kms_crypto_key_iam_member.service_identity_cmek",
            "module.data-platform.module.transf-project.google_org_policy_policy.default",
            "module.data-platform.module.transf-project.google_project.project",
            "module.data-platform.module.transf-project.google_project_default_service_accounts.default_service_accounts",
            "module.data-platform.module.transf-project.google_project_iam_member.servicenetworking",
            "module.data-platform.module.transf-project.google_project_iam_member.shared_vpc_host_robots",
            "module.data-platform.module.transf-project.google_project_service.project_services",
            "module.data-platform.module.transf-project.google_project_service_identity.jit_si",
            "module.data-platform.module.transf-project.google_project_service_identity.servicenetworking",
            "module.data-platform.module.transf-sa-bq-0.data.google_service_account.service_account",
            "module.data-platform.module.transf-sa-bq-0.google_service_account.service_account",
            "module.data-platform.module.transf-sa-df-0.data.google_service_account.service_account",
            "module.data-platform.module.transf-sa-df-0.google_service_account.service_account"
          ]
        },
        {
          "index_key": "roles/dlp.user",
          "schema_version": 0,
          "attributes": {
            "condition": [],
            "etag": "BwX4kVPFf/A=",
            "id": "y0y0-dev-data-cmn-0/roles/dlp.user",
            "members": [
              "group:gcp-data-engineers@yoyoland.joonix.net",
              "serviceAccount:y0y0-dev-data-load-df-0@y0y0-dev-data-lod-0.iam.gserviceaccount.com",
              "serviceAccount:y0y0-dev-data-trf-df-0@y0y0-dev-data-trf-0.iam.gserviceaccount.com"
            ],
            "project": "y0y0-dev-data-cmn-0",
            "role": "roles/dlp.user"
          },
          "sensitive_attributes": [],
          "private": "bnVsbA==",
          "dependencies": [
            "module.data-platform.module.common-project.data.google_project.project",
            "module.data-platform.module.common-project.google_project.project",
            "module.data-platform.module.common-project.google_project_iam_custom_role.roles",
            "module.data-platform.module.common-project.google_project_service.project_services",
            "module.data-platform.module.load-project.data.google_bigquery_default_service_account.bq_sa",
            "module.data-platform.module.load-project.data.google_project.project",
            "module.data-platform.module.load-project.data.google_storage_project_service_account.gcs_sa",
            "module.data-platform.module.load-project.google_compute_shared_vpc_host_project.shared_vpc_host",
            "module.data-platform.module.load-project.google_compute_shared_vpc_service_project.service_projects",
            "module.data-platform.module.load-project.google_compute_shared_vpc_service_project.shared_vpc_service",
            "module.data-platform.module.load-project.google_kms_crypto_key_iam_member.service_identity_cmek",
            "module.data-platform.module.load-project.google_org_policy_policy.default",
            "module.data-platform.module.load-project.google_project.project",
            "module.data-platform.module.load-project.google_project_default_service_accounts.default_service_accounts",
            "module.data-platform.module.load-project.google_project_iam_member.servicenetworking",
            "module.data-platform.module.load-project.google_project_iam_member.shared_vpc_host_robots",
            "module.data-platform.module.load-project.google_project_service.project_services",
            "module.data-platform.module.load-project.google_project_service_identity.jit_si",
            "module.data-platform.module.load-project.google_project_service_identity.servicenetworking",
            "module.data-platform.module.load-sa-df-0.data.google_service_account.service_account",
            "module.data-platform.module.load-sa-df-0.google_service_account.service_account",
            "module.data-platform.module.transf-project.data.google_bigquery_default_service_account.bq_sa",
            "module.data-platform.module.transf-project.data.google_project.project",
            "module.data-platform.module.transf-project.data.google_storage_project_service_account.gcs_sa",
            "module.data-platform.module.transf-project.google_compute_shared_vpc_host_project.shared_vpc_host",
            "module.data-platform.module.transf-project.google_compute_shared_vpc_service_project.service_projects",
            "module.data-platform.module.transf-project.google_compute_shared_vpc_service_project.shared_vpc_service",
            "module.data-platform.module.transf-project.google_kms_crypto_key_iam_member.service_identity_cmek",
            "module.data-platform.module.transf-project.google_org_policy_policy.default",
            "module.data-platform.module.transf-project.google_project.project",
            "module.data-platform.module.transf-project.google_project_default_service_accounts.default_service_accounts",
            "module.data-platform.module.transf-project.google_project_iam_member.servicenetworking",
            "module.data-platform.module.transf-project.google_project_iam_member.shared_vpc_host_robots",
            "module.data-platform.module.transf-project.google_project_service.project_services",
            "module.data-platform.module.transf-project.google_project_service_identity.jit_si",
            "module.data-platform.module.transf-project.google_project_service_identity.servicenetworking",
            "module.data-platform.module.transf-sa-bq-0.data.google_service_account.service_account",
            "module.data-platform.module.transf-sa-bq-0.google_service_account.service_account",
            "module.data-platform.module.transf-sa-df-0.data.google_service_account.service_account",
            "module.data-platform.module.transf-sa-df-0.google_service_account.service_account"
          ]
        }
      ]
    },
    {
      "module": "module.data-platform.module.common-project",
      "mode": "managed",
      "type": "google_project_service",
      "name": "project_services",
      "provider": "provider[\"registry.terraform.io/hashicorp/google\"]",
      "instances": [
        {
          "index_key": "cloudresourcemanager.googleapis.com",
          "schema_version": 0,
          "attributes": {
            "disable_dependent_services": false,
            "disable_on_destroy": false,
            "id": "y0y0-dev-data-cmn-0/cloudresourcemanager.googleapis.com",
            "project": "y0y0-dev-data-cmn-0",
            "service": "cloudresourcemanager.googleapis.com",
            "timeouts": null
          },
          "sensitive_attributes": [],
          "private": "eyJlMmJmYjczMC1lY2FhLTExZTYtOGY4OC0zNDM2M2JjN2M0YzAiOnsiY3JlYXRlIjoxMjAwMDAwMDAwMDAwLCJkZWxldGUiOjEyMDAwMDAwMDAwMDAsInJlYWQiOjYwMDAwMDAwMDAwMCwidXBkYXRlIjoxMjAwMDAwMDAwMDAwfX0=",
          "dependencies": [
            "module.data-platform.module.common-project.data.google_project.project",
            "module.data-platform.module.common-project.google_project.project"
          ]
        },
        {
          "index_key": "datacatalog.googleapis.com",
          "schema_version": 0,
          "attributes": {
            "disable_dependent_services": false,
            "disable_on_destroy": false,
            "id": "y0y0-dev-data-cmn-0/datacatalog.googleapis.com",
            "project": "y0y0-dev-data-cmn-0",
            "service": "datacatalog.googleapis.com",
            "timeouts": null
          },
          "sensitive_attributes": [],
          "private": "eyJlMmJmYjczMC1lY2FhLTExZTYtOGY4OC0zNDM2M2JjN2M0YzAiOnsiY3JlYXRlIjoxMjAwMDAwMDAwMDAwLCJkZWxldGUiOjEyMDAwMDAwMDAwMDAsInJlYWQiOjYwMDAwMDAwMDAwMCwidXBkYXRlIjoxMjAwMDAwMDAwMDAwfX0=",
          "dependencies": [
            "module.data-platform.module.common-project.data.google_project.project",
            "module.data-platform.module.common-project.google_project.project"
          ]
        },
        {
          "index_key": "dlp.googleapis.com",
          "schema_version": 0,
          "attributes": {
            "disable_dependent_services": false,
            "disable_on_destroy": false,
            "id": "y0y0-dev-data-cmn-0/dlp.googleapis.com",
            "project": "y0y0-dev-data-cmn-0",
            "service": "dlp.googleapis.com",
            "timeouts": null
          },
          "sensitive_attributes": [],
          "private": "eyJlMmJmYjczMC1lY2FhLTExZTYtOGY4OC0zNDM2M2JjN2M0YzAiOnsiY3JlYXRlIjoxMjAwMDAwMDAwMDAwLCJkZWxldGUiOjEyMDAwMDAwMDAwMDAsInJlYWQiOjYwMDAwMDAwMDAwMCwidXBkYXRlIjoxMjAwMDAwMDAwMDAwfX0=",
          "dependencies": [
            "module.data-platform.module.common-project.data.google_project.project",
            "module.data-platform.module.common-project.google_project.project"
          ]
        },
        {
          "index_key": "iam.googleapis.com",
          "schema_version": 0,
          "attributes": {
            "disable_dependent_services": false,
            "disable_on_destroy": false,
            "id": "y0y0-dev-data-cmn-0/iam.googleapis.com",
            "project": "y0y0-dev-data-cmn-0",
            "service": "iam.googleapis.com",
            "timeouts": null
          },
          "sensitive_attributes": [],
          "private": "eyJlMmJmYjczMC1lY2FhLTExZTYtOGY4OC0zNDM2M2JjN2M0YzAiOnsiY3JlYXRlIjoxMjAwMDAwMDAwMDAwLCJkZWxldGUiOjEyMDAwMDAwMDAwMDAsInJlYWQiOjYwMDAwMDAwMDAwMCwidXBkYXRlIjoxMjAwMDAwMDAwMDAwfX0=",
          "dependencies": [
            "module.data-platform.module.common-project.data.google_project.project",
            "module.data-platform.module.common-project.google_project.project"
          ]
        },
        {
          "index_key": "serviceusage.googleapis.com",
          "schema_version": 0,
          "attributes": {
            "disable_dependent_services": false,
            "disable_on_destroy": false,
            "id": "y0y0-dev-data-cmn-0/serviceusage.googleapis.com",
            "project": "y0y0-dev-data-cmn-0",
            "service": "serviceusage.googleapis.com",
            "timeouts": null
          },
          "sensitive_attributes": [],
          "private": "eyJlMmJmYjczMC1lY2FhLTExZTYtOGY4OC0zNDM2M2JjN2M0YzAiOnsiY3JlYXRlIjoxMjAwMDAwMDAwMDAwLCJkZWxldGUiOjEyMDAwMDAwMDAwMDAsInJlYWQiOjYwMDAwMDAwMDAwMCwidXBkYXRlIjoxMjAwMDAwMDAwMDAwfX0=",
          "dependencies": [
            "module.data-platform.module.common-project.data.google_project.project",
            "module.data-platform.module.common-project.google_project.project"
          ]
        },
        {
          "index_key": "stackdriver.googleapis.com",
          "schema_version": 0,
          "attributes": {
            "disable_dependent_services": false,
            "disable_on_destroy": false,
            "id": "y0y0-dev-data-cmn-0/stackdriver.googleapis.com",
            "project": "y0y0-dev-data-cmn-0",
            "service": "stackdriver.googleapis.com",
            "timeouts": null
          },
          "sensitive_attributes": [],
          "private": "eyJlMmJmYjczMC1lY2FhLTExZTYtOGY4OC0zNDM2M2JjN2M0YzAiOnsiY3JlYXRlIjoxMjAwMDAwMDAwMDAwLCJkZWxldGUiOjEyMDAwMDAwMDAwMDAsInJlYWQiOjYwMDAwMDAwMDAwMCwidXBkYXRlIjoxMjAwMDAwMDAwMDAwfX0=",
          "dependencies": [
            "module.data-platform.module.common-project.data.google_project.project",
            "module.data-platform.module.common-project.google_project.project"
          ]
        }
      ]
    },
    {
      "module": "module.data-platform.module.drop-bq-0",
      "mode": "managed",
      "type": "google_bigquery_dataset",
      "name": "default",
      "provider": "provider[\"registry.terraform.io/hashicorp/google\"]",
      "instances": [
        {
          "schema_version": 0,
          "attributes": {
            "access": [
              {
                "dataset": [],
                "domain": "",
                "group_by_email": "",
                "role": "OWNER",
                "routine": [],
                "special_group": "",
                "user_by_email": "yoyo-dev-resman-dp-0@yoyo-prod-iac-core-0.iam.gserviceaccount.com",
                "view": []
              },
              {
                "dataset": [],
                "domain": "",
                "group_by_email": "",
                "role": "OWNER",
                "routine": [],
                "special_group": "projectOwners",
                "user_by_email": "",
                "view": []
              },
              {
                "dataset": [],
                "domain": "",
                "group_by_email": "",
                "role": "READER",
                "routine": [],
                "special_group": "projectReaders",
                "user_by_email": "",
                "view": []
              },
              {
                "dataset": [],
                "domain": "",
                "group_by_email": "",
                "role": "WRITER",
                "routine": [],
                "special_group": "projectWriters",
                "user_by_email": "",
                "view": []
              }
            ],
            "creation_time": 1680677881503,
            "dataset_id": "y0y0_dev_data_drp_bq_0",
            "default_collation": "",
            "default_encryption_configuration": [],
            "default_partition_expiration_ms": 0,
            "default_table_expiration_ms": 0,
            "delete_contents_on_destroy": false,
            "description": "Terraform managed.",
            "etag": "KkEyFmwGT5FSVMtUHJcuCA==",
            "friendly_name": "",
            "id": "projects/y0y0-dev-data-drp-0/datasets/y0y0_dev_data_drp_bq_0",
            "is_case_insensitive": false,
            "labels": {},
            "last_modified_time": 1680677881503,
            "location": "EU",
            "max_time_travel_hours": "168",
            "project": "y0y0-dev-data-drp-0",
            "self_link": "https://bigquery.googleapis.com/bigquery/v2/projects/y0y0-dev-data-drp-0/datasets/y0y0_dev_data_drp_bq_0",
            "timeouts": null
          },
          "sensitive_attributes": [],
          "private": "eyJlMmJmYjczMC1lY2FhLTExZTYtOGY4OC0zNDM2M2JjN2M0YzAiOnsiY3JlYXRlIjoxMjAwMDAwMDAwMDAwLCJkZWxldGUiOjEyMDAwMDAwMDAwMDAsInVwZGF0ZSI6MTIwMDAwMDAwMDAwMH19",
          "dependencies": [
            "module.data-platform.module.drop-project.data.google_bigquery_default_service_account.bq_sa",
            "module.data-platform.module.drop-project.data.google_project.project",
            "module.data-platform.module.drop-project.data.google_storage_project_service_account.gcs_sa",
            "module.data-platform.module.drop-project.google_compute_shared_vpc_host_project.shared_vpc_host",
            "module.data-platform.module.drop-project.google_compute_shared_vpc_service_project.service_projects",
            "module.data-platform.module.drop-project.google_compute_shared_vpc_service_project.shared_vpc_service",
            "module.data-platform.module.drop-project.google_kms_crypto_key_iam_member.service_identity_cmek",
            "module.data-platform.module.drop-project.google_org_policy_policy.default",
            "module.data-platform.module.drop-project.google_project.project",
            "module.data-platform.module.drop-project.google_project_default_service_accounts.default_service_accounts",
            "module.data-platform.module.drop-project.google_project_iam_member.servicenetworking",
            "module.data-platform.module.drop-project.google_project_iam_member.shared_vpc_host_robots",
            "module.data-platform.module.drop-project.google_project_service.project_services",
            "module.data-platform.module.drop-project.google_project_service_identity.jit_si",
            "module.data-platform.module.drop-project.google_project_service_identity.servicenetworking"
          ]
        }
      ]
    },
    {
      "module": "module.data-platform.module.drop-cs-0",
      "mode": "managed",
      "type": "google_storage_bucket",
      "name": "bucket",
      "provider": "provider[\"registry.terraform.io/hashicorp/google\"]",
      "instances": [
        {
          "schema_version": 0,
          "attributes": {
            "autoclass": [],
            "cors": [],
            "custom_placement_config": [],
            "default_event_based_hold": false,
            "encryption": [],
            "force_destroy": false,
            "id": "y0y0-dev-data-drp-cs-0",
            "labels": {},
            "lifecycle_rule": [],
            "location": "EU",
            "logging": [],
            "name": "y0y0-dev-data-drp-cs-0",
            "project": "y0y0-dev-data-drp-0",
            "public_access_prevention": "inherited",
            "requester_pays": false,
            "retention_policy": [],
            "self_link": "https://www.googleapis.com/storage/v1/b/y0y0-dev-data-drp-cs-0",
            "storage_class": "MULTI_REGIONAL",
            "timeouts": null,
            "uniform_bucket_level_access": true,
            "url": "gs://y0y0-dev-data-drp-cs-0",
            "versioning": [
              {
                "enabled": false
              }
            ],
            "website": []
          },
          "sensitive_attributes": [],
          "private": "eyJlMmJmYjczMC1lY2FhLTExZTYtOGY4OC0zNDM2M2JjN2M0YzAiOnsiY3JlYXRlIjo2MDAwMDAwMDAwMDAsInJlYWQiOjI0MDAwMDAwMDAwMCwidXBkYXRlIjoyNDAwMDAwMDAwMDB9fQ==",
          "dependencies": [
            "module.data-platform.module.drop-project.data.google_bigquery_default_service_account.bq_sa",
            "module.data-platform.module.drop-project.data.google_project.project",
            "module.data-platform.module.drop-project.data.google_storage_project_service_account.gcs_sa",
            "module.data-platform.module.drop-project.google_compute_shared_vpc_host_project.shared_vpc_host",
            "module.data-platform.module.drop-project.google_compute_shared_vpc_service_project.service_projects",
            "module.data-platform.module.drop-project.google_compute_shared_vpc_service_project.shared_vpc_service",
            "module.data-platform.module.drop-project.google_kms_crypto_key_iam_member.service_identity_cmek",
            "module.data-platform.module.drop-project.google_org_policy_policy.default",
            "module.data-platform.module.drop-project.google_project.project",
            "module.data-platform.module.drop-project.google_project_default_service_accounts.default_service_accounts",
            "module.data-platform.module.drop-project.google_project_iam_member.servicenetworking",
            "module.data-platform.module.drop-project.google_project_iam_member.shared_vpc_host_robots",
            "module.data-platform.module.drop-project.google_project_service.project_services",
            "module.data-platform.module.drop-project.google_project_service_identity.jit_si",
            "module.data-platform.module.drop-project.google_project_service_identity.servicenetworking"
          ]
        }
      ]
    },
    {
      "module": "module.data-platform.module.drop-project",
      "mode": "data",
      "type": "google_bigquery_default_service_account",
      "name": "bq_sa",
      "provider": "provider[\"registry.terraform.io/hashicorp/google\"]",
      "instances": [
        {
          "index_key": 0,
          "schema_version": 0,
          "attributes": {
            "email": "bq-668237629544@bigquery-encryption.iam.gserviceaccount.com",
            "id": "bq-668237629544@bigquery-encryption.iam.gserviceaccount.com",
            "member": "serviceAccount:bq-668237629544@bigquery-encryption.iam.gserviceaccount.com",
            "project": "y0y0-dev-data-drp-0"
          },
          "sensitive_attributes": []
        }
      ]
    },
    {
      "module": "module.data-platform.module.drop-project",
      "mode": "data",
      "type": "google_storage_project_service_account",
      "name": "gcs_sa",
      "provider": "provider[\"registry.terraform.io/hashicorp/google\"]",
      "instances": [
        {
          "index_key": 0,
          "schema_version": 0,
          "attributes": {
            "email_address": "service-668237629544@gs-project-accounts.iam.gserviceaccount.com",
            "id": "service-668237629544@gs-project-accounts.iam.gserviceaccount.com",
            "member": "serviceAccount:service-668237629544@gs-project-accounts.iam.gserviceaccount.com",
            "project": "y0y0-dev-data-drp-0",
            "user_project": null
          },
          "sensitive_attributes": []
        }
      ]
    },
    {
      "module": "module.data-platform.module.drop-project",
      "mode": "managed",
      "type": "google_project",
      "name": "project",
      "provider": "provider[\"registry.terraform.io/hashicorp/google\"]",
      "instances": [
        {
          "index_key": 0,
          "schema_version": 1,
          "attributes": {
            "auto_create_network": false,
            "billing_account": "0189FA-E139FD-136A58",
            "folder_id": "907613514079",
            "id": "projects/y0y0-dev-data-drp-0",
            "labels": {},
            "name": "y0y0-dev-data-drp-0",
            "number": "668237629544",
            "org_id": "",
            "project_id": "y0y0-dev-data-drp-0",
            "skip_delete": false,
            "timeouts": null
          },
          "sensitive_attributes": [],
          "private": "eyJlMmJmYjczMC1lY2FhLTExZTYtOGY4OC0zNDM2M2JjN2M0YzAiOnsiY3JlYXRlIjo2MDAwMDAwMDAwMDAsImRlbGV0ZSI6NjAwMDAwMDAwMDAwLCJyZWFkIjo2MDAwMDAwMDAwMDAsInVwZGF0ZSI6NjAwMDAwMDAwMDAwfSwic2NoZW1hX3ZlcnNpb24iOiIxIn0="
        }
      ]
    },
    {
      "module": "module.data-platform.module.drop-project",
      "mode": "managed",
      "type": "google_project_iam_binding",
      "name": "authoritative",
      "provider": "provider[\"registry.terraform.io/hashicorp/google\"]",
      "instances": [
        {
          "index_key": "roles/bigquery.dataEditor",
          "schema_version": 0,
          "attributes": {
            "condition": [],
            "etag": "BwX4kVUr+gw=",
            "id": "y0y0-dev-data-drp-0/roles/bigquery.dataEditor",
            "members": [
              "group:gcp-data-engineers@yoyoland.joonix.net",
              "serviceAccount:y0y0-dev-data-drp-bq-0@y0y0-dev-data-drp-0.iam.gserviceaccount.com"
            ],
            "project": "y0y0-dev-data-drp-0",
            "role": "roles/bigquery.dataEditor"
          },
          "sensitive_attributes": [],
          "private": "bnVsbA==",
          "dependencies": [
            "module.data-platform.module.drop-project.data.google_bigquery_default_service_account.bq_sa",
            "module.data-platform.module.drop-project.data.google_project.project",
            "module.data-platform.module.drop-project.data.google_storage_project_service_account.gcs_sa",
            "module.data-platform.module.drop-project.google_compute_shared_vpc_host_project.shared_vpc_host",
            "module.data-platform.module.drop-project.google_compute_shared_vpc_service_project.service_projects",
            "module.data-platform.module.drop-project.google_compute_shared_vpc_service_project.shared_vpc_service",
            "module.data-platform.module.drop-project.google_kms_crypto_key_iam_member.service_identity_cmek",
            "module.data-platform.module.drop-project.google_org_policy_policy.default",
            "module.data-platform.module.drop-project.google_project.project",
            "module.data-platform.module.drop-project.google_project_default_service_accounts.default_service_accounts",
            "module.data-platform.module.drop-project.google_project_iam_custom_role.roles",
            "module.data-platform.module.drop-project.google_project_iam_member.servicenetworking",
            "module.data-platform.module.drop-project.google_project_iam_member.shared_vpc_host_robots",
            "module.data-platform.module.drop-project.google_project_service.project_services",
            "module.data-platform.module.drop-project.google_project_service_identity.jit_si",
            "module.data-platform.module.drop-project.google_project_service_identity.servicenetworking",
            "module.data-platform.module.drop-sa-bq-0.data.google_service_account.service_account",
            "module.data-platform.module.drop-sa-bq-0.google_service_account.service_account",
            "module.data-platform.module.drop-sa-cs-0.data.google_service_account.service_account",
            "module.data-platform.module.drop-sa-cs-0.google_service_account.service_account",
            "module.data-platform.module.drop-sa-ps-0.data.google_service_account.service_account",
            "module.data-platform.module.drop-sa-ps-0.google_service_account.service_account",
            "module.data-platform.module.load-project.data.google_bigquery_default_service_account.bq_sa",
            "module.data-platform.module.load-project.data.google_project.project",
            "module.data-platform.module.load-project.data.google_storage_project_service_account.gcs_sa",
            "module.data-platform.module.load-project.google_compute_shared_vpc_host_project.shared_vpc_host",
            "module.data-platform.module.load-project.google_compute_shared_vpc_service_project.service_projects",
            "module.data-platform.module.load-project.google_compute_shared_vpc_service_project.shared_vpc_service",
            "module.data-platform.module.load-project.google_kms_crypto_key_iam_member.service_identity_cmek",
            "module.data-platform.module.load-project.google_org_policy_policy.default",
            "module.data-platform.module.load-project.google_project.project",
            "module.data-platform.module.load-project.google_project_default_service_accounts.default_service_accounts",
            "module.data-platform.module.load-project.google_project_iam_member.servicenetworking",
            "module.data-platform.module.load-project.google_project_iam_member.shared_vpc_host_robots",
            "module.data-platform.module.load-project.google_project_service.project_services",
            "module.data-platform.module.load-project.google_project_service_identity.jit_si",
            "module.data-platform.module.load-project.google_project_service_identity.servicenetworking",
            "module.data-platform.module.load-sa-df-0.data.google_service_account.service_account",
            "module.data-platform.module.load-sa-df-0.google_service_account.service_account",
            "module.data-platform.module.orch-project.data.google_bigquery_default_service_account.bq_sa",
            "module.data-platform.module.orch-project.data.google_project.project",
            "module.data-platform.module.orch-project.data.google_storage_project_service_account.gcs_sa",
            "module.data-platform.module.orch-project.google_compute_shared_vpc_host_project.shared_vpc_host",
            "module.data-platform.module.orch-project.google_compute_shared_vpc_service_project.service_projects",
            "module.data-platform.module.orch-project.google_compute_shared_vpc_service_project.shared_vpc_service",
            "module.data-platform.module.orch-project.google_kms_crypto_key_iam_member.service_identity_cmek",
            "module.data-platform.module.orch-project.google_org_policy_policy.default",
            "module.data-platform.module.orch-project.google_project.project",
            "module.data-platform.module.orch-project.google_project_default_service_accounts.default_service_accounts",
            "module.data-platform.module.orch-project.google_project_iam_member.servicenetworking",
            "module.data-platform.module.orch-project.google_project_iam_member.shared_vpc_host_robots",
            "module.data-platform.module.orch-project.google_project_service.project_services",
            "module.data-platform.module.orch-project.google_project_service_identity.jit_si",
            "module.data-platform.module.orch-project.google_project_service_identity.servicenetworking",
            "module.data-platform.module.orch-sa-cmp-0.data.google_service_account.service_account",
            "module.data-platform.module.orch-sa-cmp-0.google_service_account.service_account"
          ]
        },
        {
          "index_key": "roles/bigquery.user",
          "schema_version": 0,
          "attributes": {
            "condition": [],
            "etag": "BwX4kVUr+gw=",
            "id": "y0y0-dev-data-drp-0/roles/bigquery.user",
            "members": [
              "group:gcp-data-engineers@yoyoland.joonix.net",
              "serviceAccount:y0y0-dev-data-load-df-0@y0y0-dev-data-lod-0.iam.gserviceaccount.com"
            ],
            "project": "y0y0-dev-data-drp-0",
            "role": "roles/bigquery.user"
          },
          "sensitive_attributes": [],
          "private": "bnVsbA==",
          "dependencies": [
            "module.data-platform.module.drop-project.data.google_bigquery_default_service_account.bq_sa",
            "module.data-platform.module.drop-project.data.google_project.project",
            "module.data-platform.module.drop-project.data.google_storage_project_service_account.gcs_sa",
            "module.data-platform.module.drop-project.google_compute_shared_vpc_host_project.shared_vpc_host",
            "module.data-platform.module.drop-project.google_compute_shared_vpc_service_project.service_projects",
            "module.data-platform.module.drop-project.google_compute_shared_vpc_service_project.shared_vpc_service",
            "module.data-platform.module.drop-project.google_kms_crypto_key_iam_member.service_identity_cmek",
            "module.data-platform.module.drop-project.google_org_policy_policy.default",
            "module.data-platform.module.drop-project.google_project.project",
            "module.data-platform.module.drop-project.google_project_default_service_accounts.default_service_accounts",
            "module.data-platform.module.drop-project.google_project_iam_custom_role.roles",
            "module.data-platform.module.drop-project.google_project_iam_member.servicenetworking",
            "module.data-platform.module.drop-project.google_project_iam_member.shared_vpc_host_robots",
            "module.data-platform.module.drop-project.google_project_service.project_services",
            "module.data-platform.module.drop-project.google_project_service_identity.jit_si",
            "module.data-platform.module.drop-project.google_project_service_identity.servicenetworking",
            "module.data-platform.module.drop-sa-bq-0.data.google_service_account.service_account",
            "module.data-platform.module.drop-sa-bq-0.google_service_account.service_account",
            "module.data-platform.module.drop-sa-cs-0.data.google_service_account.service_account",
            "module.data-platform.module.drop-sa-cs-0.google_service_account.service_account",
            "module.data-platform.module.drop-sa-ps-0.data.google_service_account.service_account",
            "module.data-platform.module.drop-sa-ps-0.google_service_account.service_account",
            "module.data-platform.module.load-project.data.google_bigquery_default_service_account.bq_sa",
            "module.data-platform.module.load-project.data.google_project.project",
            "module.data-platform.module.load-project.data.google_storage_project_service_account.gcs_sa",
            "module.data-platform.module.load-project.google_compute_shared_vpc_host_project.shared_vpc_host",
            "module.data-platform.module.load-project.google_compute_shared_vpc_service_project.service_projects",
            "module.data-platform.module.load-project.google_compute_shared_vpc_service_project.shared_vpc_service",
            "module.data-platform.module.load-project.google_kms_crypto_key_iam_member.service_identity_cmek",
            "module.data-platform.module.load-project.google_org_policy_policy.default",
            "module.data-platform.module.load-project.google_project.project",
            "module.data-platform.module.load-project.google_project_default_service_accounts.default_service_accounts",
            "module.data-platform.module.load-project.google_project_iam_member.servicenetworking",
            "module.data-platform.module.load-project.google_project_iam_member.shared_vpc_host_robots",
            "module.data-platform.module.load-project.google_project_service.project_services",
            "module.data-platform.module.load-project.google_project_service_identity.jit_si",
            "module.data-platform.module.load-project.google_project_service_identity.servicenetworking",
            "module.data-platform.module.load-sa-df-0.data.google_service_account.service_account",
            "module.data-platform.module.load-sa-df-0.google_service_account.service_account",
            "module.data-platform.module.orch-project.data.google_bigquery_default_service_account.bq_sa",
            "module.data-platform.module.orch-project.data.google_project.project",
            "module.data-platform.module.orch-project.data.google_storage_project_service_account.gcs_sa",
            "module.data-platform.module.orch-project.google_compute_shared_vpc_host_project.shared_vpc_host",
            "module.data-platform.module.orch-project.google_compute_shared_vpc_service_project.service_projects",
            "module.data-platform.module.orch-project.google_compute_shared_vpc_service_project.shared_vpc_service",
            "module.data-platform.module.orch-project.google_kms_crypto_key_iam_member.service_identity_cmek",
            "module.data-platform.module.orch-project.google_org_policy_policy.default",
            "module.data-platform.module.orch-project.google_project.project",
            "module.data-platform.module.orch-project.google_project_default_service_accounts.default_service_accounts",
            "module.data-platform.module.orch-project.google_project_iam_member.servicenetworking",
            "module.data-platform.module.orch-project.google_project_iam_member.shared_vpc_host_robots",
            "module.data-platform.module.orch-project.google_project_service.project_services",
            "module.data-platform.module.orch-project.google_project_service_identity.jit_si",
            "module.data-platform.module.orch-project.google_project_service_identity.servicenetworking",
            "module.data-platform.module.orch-sa-cmp-0.data.google_service_account.service_account",
            "module.data-platform.module.orch-sa-cmp-0.google_service_account.service_account"
          ]
        },
        {
          "index_key": "roles/pubsub.publisher",
          "schema_version": 0,
          "attributes": {
            "condition": [],
            "etag": "BwX4kVUr+gw=",
            "id": "y0y0-dev-data-drp-0/roles/pubsub.publisher",
            "members": [
              "serviceAccount:y0y0-dev-data-drp-ps-0@y0y0-dev-data-drp-0.iam.gserviceaccount.com"
            ],
            "project": "y0y0-dev-data-drp-0",
            "role": "roles/pubsub.publisher"
          },
          "sensitive_attributes": [],
          "private": "bnVsbA==",
          "dependencies": [
            "module.data-platform.module.drop-project.data.google_bigquery_default_service_account.bq_sa",
            "module.data-platform.module.drop-project.data.google_project.project",
            "module.data-platform.module.drop-project.data.google_storage_project_service_account.gcs_sa",
            "module.data-platform.module.drop-project.google_compute_shared_vpc_host_project.shared_vpc_host",
            "module.data-platform.module.drop-project.google_compute_shared_vpc_service_project.service_projects",
            "module.data-platform.module.drop-project.google_compute_shared_vpc_service_project.shared_vpc_service",
            "module.data-platform.module.drop-project.google_kms_crypto_key_iam_member.service_identity_cmek",
            "module.data-platform.module.drop-project.google_org_policy_policy.default",
            "module.data-platform.module.drop-project.google_project.project",
            "module.data-platform.module.drop-project.google_project_default_service_accounts.default_service_accounts",
            "module.data-platform.module.drop-project.google_project_iam_custom_role.roles",
            "module.data-platform.module.drop-project.google_project_iam_member.servicenetworking",
            "module.data-platform.module.drop-project.google_project_iam_member.shared_vpc_host_robots",
            "module.data-platform.module.drop-project.google_project_service.project_services",
            "module.data-platform.module.drop-project.google_project_service_identity.jit_si",
            "module.data-platform.module.drop-project.google_project_service_identity.servicenetworking",
            "module.data-platform.module.drop-sa-bq-0.data.google_service_account.service_account",
            "module.data-platform.module.drop-sa-bq-0.google_service_account.service_account",
            "module.data-platform.module.drop-sa-cs-0.data.google_service_account.service_account",
            "module.data-platform.module.drop-sa-cs-0.google_service_account.service_account",
            "module.data-platform.module.drop-sa-ps-0.data.google_service_account.service_account",
            "module.data-platform.module.drop-sa-ps-0.google_service_account.service_account",
            "module.data-platform.module.load-project.data.google_bigquery_default_service_account.bq_sa",
            "module.data-platform.module.load-project.data.google_project.project",
            "module.data-platform.module.load-project.data.google_storage_project_service_account.gcs_sa",
            "module.data-platform.module.load-project.google_compute_shared_vpc_host_project.shared_vpc_host",
            "module.data-platform.module.load-project.google_compute_shared_vpc_service_project.service_projects",
            "module.data-platform.module.load-project.google_compute_shared_vpc_service_project.shared_vpc_service",
            "module.data-platform.module.load-project.google_kms_crypto_key_iam_member.service_identity_cmek",
            "module.data-platform.module.load-project.google_org_policy_policy.default",
            "module.data-platform.module.load-project.google_project.project",
            "module.data-platform.module.load-project.google_project_default_service_accounts.default_service_accounts",
            "module.data-platform.module.load-project.google_project_iam_member.servicenetworking",
            "module.data-platform.module.load-project.google_project_iam_member.shared_vpc_host_robots",
            "module.data-platform.module.load-project.google_project_service.project_services",
            "module.data-platform.module.load-project.google_project_service_identity.jit_si",
            "module.data-platform.module.load-project.google_project_service_identity.servicenetworking",
            "module.data-platform.module.load-sa-df-0.data.google_service_account.service_account",
            "module.data-platform.module.load-sa-df-0.google_service_account.service_account",
            "module.data-platform.module.orch-project.data.google_bigquery_default_service_account.bq_sa",
            "module.data-platform.module.orch-project.data.google_project.project",
            "module.data-platform.module.orch-project.data.google_storage_project_service_account.gcs_sa",
            "module.data-platform.module.orch-project.google_compute_shared_vpc_host_project.shared_vpc_host",
            "module.data-platform.module.orch-project.google_compute_shared_vpc_service_project.service_projects",
            "module.data-platform.module.orch-project.google_compute_shared_vpc_service_project.shared_vpc_service",
            "module.data-platform.module.orch-project.google_kms_crypto_key_iam_member.service_identity_cmek",
            "module.data-platform.module.orch-project.google_org_policy_policy.default",
            "module.data-platform.module.orch-project.google_project.project",
            "module.data-platform.module.orch-project.google_project_default_service_accounts.default_service_accounts",
            "module.data-platform.module.orch-project.google_project_iam_member.servicenetworking",
            "module.data-platform.module.orch-project.google_project_iam_member.shared_vpc_host_robots",
            "module.data-platform.module.orch-project.google_project_service.project_services",
            "module.data-platform.module.orch-project.google_project_service_identity.jit_si",
            "module.data-platform.module.orch-project.google_project_service_identity.servicenetworking",
            "module.data-platform.module.orch-sa-cmp-0.data.google_service_account.service_account",
            "module.data-platform.module.orch-sa-cmp-0.google_service_account.service_account"
          ]
        },
        {
          "index_key": "roles/pubsub.subscriber",
          "schema_version": 0,
          "attributes": {
            "condition": [],
            "etag": "BwX4kVUr+gw=",
            "id": "y0y0-dev-data-drp-0/roles/pubsub.subscriber",
            "members": [
              "serviceAccount:y0y0-dev-data-load-df-0@y0y0-dev-data-lod-0.iam.gserviceaccount.com",
              "serviceAccount:y0y0-dev-data-orc-cmp-0@y0y0-dev-data-orc-0.iam.gserviceaccount.com"
            ],
            "project": "y0y0-dev-data-drp-0",
            "role": "roles/pubsub.subscriber"
          },
          "sensitive_attributes": [],
          "private": "bnVsbA==",
          "dependencies": [
            "module.data-platform.module.drop-project.data.google_bigquery_default_service_account.bq_sa",
            "module.data-platform.module.drop-project.data.google_project.project",
            "module.data-platform.module.drop-project.data.google_storage_project_service_account.gcs_sa",
            "module.data-platform.module.drop-project.google_compute_shared_vpc_host_project.shared_vpc_host",
            "module.data-platform.module.drop-project.google_compute_shared_vpc_service_project.service_projects",
            "module.data-platform.module.drop-project.google_compute_shared_vpc_service_project.shared_vpc_service",
            "module.data-platform.module.drop-project.google_kms_crypto_key_iam_member.service_identity_cmek",
            "module.data-platform.module.drop-project.google_org_policy_policy.default",
            "module.data-platform.module.drop-project.google_project.project",
            "module.data-platform.module.drop-project.google_project_default_service_accounts.default_service_accounts",
            "module.data-platform.module.drop-project.google_project_iam_custom_role.roles",
            "module.data-platform.module.drop-project.google_project_iam_member.servicenetworking",
            "module.data-platform.module.drop-project.google_project_iam_member.shared_vpc_host_robots",
            "module.data-platform.module.drop-project.google_project_service.project_services",
            "module.data-platform.module.drop-project.google_project_service_identity.jit_si",
            "module.data-platform.module.drop-project.google_project_service_identity.servicenetworking",
            "module.data-platform.module.drop-sa-bq-0.data.google_service_account.service_account",
            "module.data-platform.module.drop-sa-bq-0.google_service_account.service_account",
            "module.data-platform.module.drop-sa-cs-0.data.google_service_account.service_account",
            "module.data-platform.module.drop-sa-cs-0.google_service_account.service_account",
            "module.data-platform.module.drop-sa-ps-0.data.google_service_account.service_account",
            "module.data-platform.module.drop-sa-ps-0.google_service_account.service_account",
            "module.data-platform.module.load-project.data.google_bigquery_default_service_account.bq_sa",
            "module.data-platform.module.load-project.data.google_project.project",
            "module.data-platform.module.load-project.data.google_storage_project_service_account.gcs_sa",
            "module.data-platform.module.load-project.google_compute_shared_vpc_host_project.shared_vpc_host",
            "module.data-platform.module.load-project.google_compute_shared_vpc_service_project.service_projects",
            "module.data-platform.module.load-project.google_compute_shared_vpc_service_project.shared_vpc_service",
            "module.data-platform.module.load-project.google_kms_crypto_key_iam_member.service_identity_cmek",
            "module.data-platform.module.load-project.google_org_policy_policy.default",
            "module.data-platform.module.load-project.google_project.project",
            "module.data-platform.module.load-project.google_project_default_service_accounts.default_service_accounts",
            "module.data-platform.module.load-project.google_project_iam_member.servicenetworking",
            "module.data-platform.module.load-project.google_project_iam_member.shared_vpc_host_robots",
            "module.data-platform.module.load-project.google_project_service.project_services",
            "module.data-platform.module.load-project.google_project_service_identity.jit_si",
            "module.data-platform.module.load-project.google_project_service_identity.servicenetworking",
            "module.data-platform.module.load-sa-df-0.data.google_service_account.service_account",
            "module.data-platform.module.load-sa-df-0.google_service_account.service_account",
            "module.data-platform.module.orch-project.data.google_bigquery_default_service_account.bq_sa",
            "module.data-platform.module.orch-project.data.google_project.project",
            "module.data-platform.module.orch-project.data.google_storage_project_service_account.gcs_sa",
            "module.data-platform.module.orch-project.google_compute_shared_vpc_host_project.shared_vpc_host",
            "module.data-platform.module.orch-project.google_compute_shared_vpc_service_project.service_projects",
            "module.data-platform.module.orch-project.google_compute_shared_vpc_service_project.shared_vpc_service",
            "module.data-platform.module.orch-project.google_kms_crypto_key_iam_member.service_identity_cmek",
            "module.data-platform.module.orch-project.google_org_policy_policy.default",
            "module.data-platform.module.orch-project.google_project.project",
            "module.data-platform.module.orch-project.google_project_default_service_accounts.default_service_accounts",
            "module.data-platform.module.orch-project.google_project_iam_member.servicenetworking",
            "module.data-platform.module.orch-project.google_project_iam_member.shared_vpc_host_robots",
            "module.data-platform.module.orch-project.google_project_service.project_services",
            "module.data-platform.module.orch-project.google_project_service_identity.jit_si",
            "module.data-platform.module.orch-project.google_project_service_identity.servicenetworking",
            "module.data-platform.module.orch-sa-cmp-0.data.google_service_account.service_account",
            "module.data-platform.module.orch-sa-cmp-0.google_service_account.service_account"
          ]
        },
        {
          "index_key": "roles/storage.objectAdmin",
          "schema_version": 0,
          "attributes": {
            "condition": [],
            "etag": "BwX4kVUr+gw=",
            "id": "y0y0-dev-data-drp-0/roles/storage.objectAdmin",
            "members": [
              "serviceAccount:y0y0-dev-data-load-df-0@y0y0-dev-data-lod-0.iam.gserviceaccount.com"
            ],
            "project": "y0y0-dev-data-drp-0",
            "role": "roles/storage.objectAdmin"
          },
          "sensitive_attributes": [],
          "private": "bnVsbA==",
          "dependencies": [
            "module.data-platform.module.drop-project.data.google_bigquery_default_service_account.bq_sa",
            "module.data-platform.module.drop-project.data.google_project.project",
            "module.data-platform.module.drop-project.data.google_storage_project_service_account.gcs_sa",
            "module.data-platform.module.drop-project.google_compute_shared_vpc_host_project.shared_vpc_host",
            "module.data-platform.module.drop-project.google_compute_shared_vpc_service_project.service_projects",
            "module.data-platform.module.drop-project.google_compute_shared_vpc_service_project.shared_vpc_service",
            "module.data-platform.module.drop-project.google_kms_crypto_key_iam_member.service_identity_cmek",
            "module.data-platform.module.drop-project.google_org_policy_policy.default",
            "module.data-platform.module.drop-project.google_project.project",
            "module.data-platform.module.drop-project.google_project_default_service_accounts.default_service_accounts",
            "module.data-platform.module.drop-project.google_project_iam_custom_role.roles",
            "module.data-platform.module.drop-project.google_project_iam_member.servicenetworking",
            "module.data-platform.module.drop-project.google_project_iam_member.shared_vpc_host_robots",
            "module.data-platform.module.drop-project.google_project_service.project_services",
            "module.data-platform.module.drop-project.google_project_service_identity.jit_si",
            "module.data-platform.module.drop-project.google_project_service_identity.servicenetworking",
            "module.data-platform.module.drop-sa-bq-0.data.google_service_account.service_account",
            "module.data-platform.module.drop-sa-bq-0.google_service_account.service_account",
            "module.data-platform.module.drop-sa-cs-0.data.google_service_account.service_account",
            "module.data-platform.module.drop-sa-cs-0.google_service_account.service_account",
            "module.data-platform.module.drop-sa-ps-0.data.google_service_account.service_account",
            "module.data-platform.module.drop-sa-ps-0.google_service_account.service_account",
            "module.data-platform.module.load-project.data.google_bigquery_default_service_account.bq_sa",
            "module.data-platform.module.load-project.data.google_project.project",
            "module.data-platform.module.load-project.data.google_storage_project_service_account.gcs_sa",
            "module.data-platform.module.load-project.google_compute_shared_vpc_host_project.shared_vpc_host",
            "module.data-platform.module.load-project.google_compute_shared_vpc_service_project.service_projects",
            "module.data-platform.module.load-project.google_compute_shared_vpc_service_project.shared_vpc_service",
            "module.data-platform.module.load-project.google_kms_crypto_key_iam_member.service_identity_cmek",
            "module.data-platform.module.load-project.google_org_policy_policy.default",
            "module.data-platform.module.load-project.google_project.project",
            "module.data-platform.module.load-project.google_project_default_service_accounts.default_service_accounts",
            "module.data-platform.module.load-project.google_project_iam_member.servicenetworking",
            "module.data-platform.module.load-project.google_project_iam_member.shared_vpc_host_robots",
            "module.data-platform.module.load-project.google_project_service.project_services",
            "module.data-platform.module.load-project.google_project_service_identity.jit_si",
            "module.data-platform.module.load-project.google_project_service_identity.servicenetworking",
            "module.data-platform.module.load-sa-df-0.data.google_service_account.service_account",
            "module.data-platform.module.load-sa-df-0.google_service_account.service_account",
            "module.data-platform.module.orch-project.data.google_bigquery_default_service_account.bq_sa",
            "module.data-platform.module.orch-project.data.google_project.project",
            "module.data-platform.module.orch-project.data.google_storage_project_service_account.gcs_sa",
            "module.data-platform.module.orch-project.google_compute_shared_vpc_host_project.shared_vpc_host",
            "module.data-platform.module.orch-project.google_compute_shared_vpc_service_project.service_projects",
            "module.data-platform.module.orch-project.google_compute_shared_vpc_service_project.shared_vpc_service",
            "module.data-platform.module.orch-project.google_kms_crypto_key_iam_member.service_identity_cmek",
            "module.data-platform.module.orch-project.google_org_policy_policy.default",
            "module.data-platform.module.orch-project.google_project.project",
            "module.data-platform.module.orch-project.google_project_default_service_accounts.default_service_accounts",
            "module.data-platform.module.orch-project.google_project_iam_member.servicenetworking",
            "module.data-platform.module.orch-project.google_project_iam_member.shared_vpc_host_robots",
            "module.data-platform.module.orch-project.google_project_service.project_services",
            "module.data-platform.module.orch-project.google_project_service_identity.jit_si",
            "module.data-platform.module.orch-project.google_project_service_identity.servicenetworking",
            "module.data-platform.module.orch-sa-cmp-0.data.google_service_account.service_account",
            "module.data-platform.module.orch-sa-cmp-0.google_service_account.service_account"
          ]
        },
        {
          "index_key": "roles/storage.objectCreator",
          "schema_version": 0,
          "attributes": {
            "condition": [],
            "etag": "BwX4kVUr+gw=",
            "id": "y0y0-dev-data-drp-0/roles/storage.objectCreator",
            "members": [
              "serviceAccount:y0y0-dev-data-drp-cs-0@y0y0-dev-data-drp-0.iam.gserviceaccount.com"
            ],
            "project": "y0y0-dev-data-drp-0",
            "role": "roles/storage.objectCreator"
          },
          "sensitive_attributes": [],
          "private": "bnVsbA==",
          "dependencies": [
            "module.data-platform.module.drop-project.data.google_bigquery_default_service_account.bq_sa",
            "module.data-platform.module.drop-project.data.google_project.project",
            "module.data-platform.module.drop-project.data.google_storage_project_service_account.gcs_sa",
            "module.data-platform.module.drop-project.google_compute_shared_vpc_host_project.shared_vpc_host",
            "module.data-platform.module.drop-project.google_compute_shared_vpc_service_project.service_projects",
            "module.data-platform.module.drop-project.google_compute_shared_vpc_service_project.shared_vpc_service",
            "module.data-platform.module.drop-project.google_kms_crypto_key_iam_member.service_identity_cmek",
            "module.data-platform.module.drop-project.google_org_policy_policy.default",
            "module.data-platform.module.drop-project.google_project.project",
            "module.data-platform.module.drop-project.google_project_default_service_accounts.default_service_accounts",
            "module.data-platform.module.drop-project.google_project_iam_custom_role.roles",
            "module.data-platform.module.drop-project.google_project_iam_member.servicenetworking",
            "module.data-platform.module.drop-project.google_project_iam_member.shared_vpc_host_robots",
            "module.data-platform.module.drop-project.google_project_service.project_services",
            "module.data-platform.module.drop-project.google_project_service_identity.jit_si",
            "module.data-platform.module.drop-project.google_project_service_identity.servicenetworking",
            "module.data-platform.module.drop-sa-bq-0.data.google_service_account.service_account",
            "module.data-platform.module.drop-sa-bq-0.google_service_account.service_account",
            "module.data-platform.module.drop-sa-cs-0.data.google_service_account.service_account",
            "module.data-platform.module.drop-sa-cs-0.google_service_account.service_account",
            "module.data-platform.module.drop-sa-ps-0.data.google_service_account.service_account",
            "module.data-platform.module.drop-sa-ps-0.google_service_account.service_account",
            "module.data-platform.module.load-project.data.google_bigquery_default_service_account.bq_sa",
            "module.data-platform.module.load-project.data.google_project.project",
            "module.data-platform.module.load-project.data.google_storage_project_service_account.gcs_sa",
            "module.data-platform.module.load-project.google_compute_shared_vpc_host_project.shared_vpc_host",
            "module.data-platform.module.load-project.google_compute_shared_vpc_service_project.service_projects",
            "module.data-platform.module.load-project.google_compute_shared_vpc_service_project.shared_vpc_service",
            "module.data-platform.module.load-project.google_kms_crypto_key_iam_member.service_identity_cmek",
            "module.data-platform.module.load-project.google_org_policy_policy.default",
            "module.data-platform.module.load-project.google_project.project",
            "module.data-platform.module.load-project.google_project_default_service_accounts.default_service_accounts",
            "module.data-platform.module.load-project.google_project_iam_member.servicenetworking",
            "module.data-platform.module.load-project.google_project_iam_member.shared_vpc_host_robots",
            "module.data-platform.module.load-project.google_project_service.project_services",
            "module.data-platform.module.load-project.google_project_service_identity.jit_si",
            "module.data-platform.module.load-project.google_project_service_identity.servicenetworking",
            "module.data-platform.module.load-sa-df-0.data.google_service_account.service_account",
            "module.data-platform.module.load-sa-df-0.google_service_account.service_account",
            "module.data-platform.module.orch-project.data.google_bigquery_default_service_account.bq_sa",
            "module.data-platform.module.orch-project.data.google_project.project",
            "module.data-platform.module.orch-project.data.google_storage_project_service_account.gcs_sa",
            "module.data-platform.module.orch-project.google_compute_shared_vpc_host_project.shared_vpc_host",
            "module.data-platform.module.orch-project.google_compute_shared_vpc_service_project.service_projects",
            "module.data-platform.module.orch-project.google_compute_shared_vpc_service_project.shared_vpc_service",
            "module.data-platform.module.orch-project.google_kms_crypto_key_iam_member.service_identity_cmek",
            "module.data-platform.module.orch-project.google_org_policy_policy.default",
            "module.data-platform.module.orch-project.google_project.project",
            "module.data-platform.module.orch-project.google_project_default_service_accounts.default_service_accounts",
            "module.data-platform.module.orch-project.google_project_iam_member.servicenetworking",
            "module.data-platform.module.orch-project.google_project_iam_member.shared_vpc_host_robots",
            "module.data-platform.module.orch-project.google_project_service.project_services",
            "module.data-platform.module.orch-project.google_project_service_identity.jit_si",
            "module.data-platform.module.orch-project.google_project_service_identity.servicenetworking",
            "module.data-platform.module.orch-sa-cmp-0.data.google_service_account.service_account",
            "module.data-platform.module.orch-sa-cmp-0.google_service_account.service_account"
          ]
        },
        {
          "index_key": "roles/storage.objectViewer",
          "schema_version": 0,
          "attributes": {
            "condition": [],
            "etag": "BwX4kVUr+gw=",
            "id": "y0y0-dev-data-drp-0/roles/storage.objectViewer",
            "members": [
              "serviceAccount:y0y0-dev-data-orc-cmp-0@y0y0-dev-data-orc-0.iam.gserviceaccount.com"
            ],
            "project": "y0y0-dev-data-drp-0",
            "role": "roles/storage.objectViewer"
          },
          "sensitive_attributes": [],
          "private": "bnVsbA==",
          "dependencies": [
            "module.data-platform.module.drop-project.data.google_bigquery_default_service_account.bq_sa",
            "module.data-platform.module.drop-project.data.google_project.project",
            "module.data-platform.module.drop-project.data.google_storage_project_service_account.gcs_sa",
            "module.data-platform.module.drop-project.google_compute_shared_vpc_host_project.shared_vpc_host",
            "module.data-platform.module.drop-project.google_compute_shared_vpc_service_project.service_projects",
            "module.data-platform.module.drop-project.google_compute_shared_vpc_service_project.shared_vpc_service",
            "module.data-platform.module.drop-project.google_kms_crypto_key_iam_member.service_identity_cmek",
            "module.data-platform.module.drop-project.google_org_policy_policy.default",
            "module.data-platform.module.drop-project.google_project.project",
            "module.data-platform.module.drop-project.google_project_default_service_accounts.default_service_accounts",
            "module.data-platform.module.drop-project.google_project_iam_custom_role.roles",
            "module.data-platform.module.drop-project.google_project_iam_member.servicenetworking",
            "module.data-platform.module.drop-project.google_project_iam_member.shared_vpc_host_robots",
            "module.data-platform.module.drop-project.google_project_service.project_services",
            "module.data-platform.module.drop-project.google_project_service_identity.jit_si",
            "module.data-platform.module.drop-project.google_project_service_identity.servicenetworking",
            "module.data-platform.module.drop-sa-bq-0.data.google_service_account.service_account",
            "module.data-platform.module.drop-sa-bq-0.google_service_account.service_account",
            "module.data-platform.module.drop-sa-cs-0.data.google_service_account.service_account",
            "module.data-platform.module.drop-sa-cs-0.google_service_account.service_account",
            "module.data-platform.module.drop-sa-ps-0.data.google_service_account.service_account",
            "module.data-platform.module.drop-sa-ps-0.google_service_account.service_account",
            "module.data-platform.module.load-project.data.google_bigquery_default_service_account.bq_sa",
            "module.data-platform.module.load-project.data.google_project.project",
            "module.data-platform.module.load-project.data.google_storage_project_service_account.gcs_sa",
            "module.data-platform.module.load-project.google_compute_shared_vpc_host_project.shared_vpc_host",
            "module.data-platform.module.load-project.google_compute_shared_vpc_service_project.service_projects",
            "module.data-platform.module.load-project.google_compute_shared_vpc_service_project.shared_vpc_service",
            "module.data-platform.module.load-project.google_kms_crypto_key_iam_member.service_identity_cmek",
            "module.data-platform.module.load-project.google_org_policy_policy.default",
            "module.data-platform.module.load-project.google_project.project",
            "module.data-platform.module.load-project.google_project_default_service_accounts.default_service_accounts",
            "module.data-platform.module.load-project.google_project_iam_member.servicenetworking",
            "module.data-platform.module.load-project.google_project_iam_member.shared_vpc_host_robots",
            "module.data-platform.module.load-project.google_project_service.project_services",
            "module.data-platform.module.load-project.google_project_service_identity.jit_si",
            "module.data-platform.module.load-project.google_project_service_identity.servicenetworking",
            "module.data-platform.module.load-sa-df-0.data.google_service_account.service_account",
            "module.data-platform.module.load-sa-df-0.google_service_account.service_account",
            "module.data-platform.module.orch-project.data.google_bigquery_default_service_account.bq_sa",
            "module.data-platform.module.orch-project.data.google_project.project",
            "module.data-platform.module.orch-project.data.google_storage_project_service_account.gcs_sa",
            "module.data-platform.module.orch-project.google_compute_shared_vpc_host_project.shared_vpc_host",
            "module.data-platform.module.orch-project.google_compute_shared_vpc_service_project.service_projects",
            "module.data-platform.module.orch-project.google_compute_shared_vpc_service_project.shared_vpc_service",
            "module.data-platform.module.orch-project.google_kms_crypto_key_iam_member.service_identity_cmek",
            "module.data-platform.module.orch-project.google_org_policy_policy.default",
            "module.data-platform.module.orch-project.google_project.project",
            "module.data-platform.module.orch-project.google_project_default_service_accounts.default_service_accounts",
            "module.data-platform.module.orch-project.google_project_iam_member.servicenetworking",
            "module.data-platform.module.orch-project.google_project_iam_member.shared_vpc_host_robots",
            "module.data-platform.module.orch-project.google_project_service.project_services",
            "module.data-platform.module.orch-project.google_project_service_identity.jit_si",
            "module.data-platform.module.orch-project.google_project_service_identity.servicenetworking",
            "module.data-platform.module.orch-sa-cmp-0.data.google_service_account.service_account",
            "module.data-platform.module.orch-sa-cmp-0.google_service_account.service_account"
          ]
        }
      ]
    },
    {
      "module": "module.data-platform.module.drop-project",
      "mode": "managed",
      "type": "google_project_service",
      "name": "project_services",
      "provider": "provider[\"registry.terraform.io/hashicorp/google\"]",
      "instances": [
        {
          "index_key": "bigquery.googleapis.com",
          "schema_version": 0,
          "attributes": {
            "disable_dependent_services": false,
            "disable_on_destroy": false,
            "id": "y0y0-dev-data-drp-0/bigquery.googleapis.com",
            "project": "y0y0-dev-data-drp-0",
            "service": "bigquery.googleapis.com",
            "timeouts": null
          },
          "sensitive_attributes": [],
          "private": "eyJlMmJmYjczMC1lY2FhLTExZTYtOGY4OC0zNDM2M2JjN2M0YzAiOnsiY3JlYXRlIjoxMjAwMDAwMDAwMDAwLCJkZWxldGUiOjEyMDAwMDAwMDAwMDAsInJlYWQiOjYwMDAwMDAwMDAwMCwidXBkYXRlIjoxMjAwMDAwMDAwMDAwfX0=",
          "dependencies": [
            "module.data-platform.module.drop-project.data.google_project.project",
            "module.data-platform.module.drop-project.google_project.project"
          ]
        },
        {
          "index_key": "bigqueryreservation.googleapis.com",
          "schema_version": 0,
          "attributes": {
            "disable_dependent_services": false,
            "disable_on_destroy": false,
            "id": "y0y0-dev-data-drp-0/bigqueryreservation.googleapis.com",
            "project": "y0y0-dev-data-drp-0",
            "service": "bigqueryreservation.googleapis.com",
            "timeouts": null
          },
          "sensitive_attributes": [],
          "private": "eyJlMmJmYjczMC1lY2FhLTExZTYtOGY4OC0zNDM2M2JjN2M0YzAiOnsiY3JlYXRlIjoxMjAwMDAwMDAwMDAwLCJkZWxldGUiOjEyMDAwMDAwMDAwMDAsInJlYWQiOjYwMDAwMDAwMDAwMCwidXBkYXRlIjoxMjAwMDAwMDAwMDAwfX0=",
          "dependencies": [
            "module.data-platform.module.drop-project.data.google_project.project",
            "module.data-platform.module.drop-project.google_project.project"
          ]
        },
        {
          "index_key": "bigquerystorage.googleapis.com",
          "schema_version": 0,
          "attributes": {
            "disable_dependent_services": false,
            "disable_on_destroy": false,
            "id": "y0y0-dev-data-drp-0/bigquerystorage.googleapis.com",
            "project": "y0y0-dev-data-drp-0",
            "service": "bigquerystorage.googleapis.com",
            "timeouts": null
          },
          "sensitive_attributes": [],
          "private": "eyJlMmJmYjczMC1lY2FhLTExZTYtOGY4OC0zNDM2M2JjN2M0YzAiOnsiY3JlYXRlIjoxMjAwMDAwMDAwMDAwLCJkZWxldGUiOjEyMDAwMDAwMDAwMDAsInJlYWQiOjYwMDAwMDAwMDAwMCwidXBkYXRlIjoxMjAwMDAwMDAwMDAwfX0=",
          "dependencies": [
            "module.data-platform.module.drop-project.data.google_project.project",
            "module.data-platform.module.drop-project.google_project.project"
          ]
        },
        {
          "index_key": "cloudkms.googleapis.com",
          "schema_version": 0,
          "attributes": {
            "disable_dependent_services": false,
            "disable_on_destroy": false,
            "id": "y0y0-dev-data-drp-0/cloudkms.googleapis.com",
            "project": "y0y0-dev-data-drp-0",
            "service": "cloudkms.googleapis.com",
            "timeouts": null
          },
          "sensitive_attributes": [],
          "private": "eyJlMmJmYjczMC1lY2FhLTExZTYtOGY4OC0zNDM2M2JjN2M0YzAiOnsiY3JlYXRlIjoxMjAwMDAwMDAwMDAwLCJkZWxldGUiOjEyMDAwMDAwMDAwMDAsInJlYWQiOjYwMDAwMDAwMDAwMCwidXBkYXRlIjoxMjAwMDAwMDAwMDAwfX0=",
          "dependencies": [
            "module.data-platform.module.drop-project.data.google_project.project",
            "module.data-platform.module.drop-project.google_project.project"
          ]
        },
        {
          "index_key": "cloudresourcemanager.googleapis.com",
          "schema_version": 0,
          "attributes": {
            "disable_dependent_services": false,
            "disable_on_destroy": false,
            "id": "y0y0-dev-data-drp-0/cloudresourcemanager.googleapis.com",
            "project": "y0y0-dev-data-drp-0",
            "service": "cloudresourcemanager.googleapis.com",
            "timeouts": null
          },
          "sensitive_attributes": [],
          "private": "eyJlMmJmYjczMC1lY2FhLTExZTYtOGY4OC0zNDM2M2JjN2M0YzAiOnsiY3JlYXRlIjoxMjAwMDAwMDAwMDAwLCJkZWxldGUiOjEyMDAwMDAwMDAwMDAsInJlYWQiOjYwMDAwMDAwMDAwMCwidXBkYXRlIjoxMjAwMDAwMDAwMDAwfX0=",
          "dependencies": [
            "module.data-platform.module.drop-project.data.google_project.project",
            "module.data-platform.module.drop-project.google_project.project"
          ]
        },
        {
          "index_key": "iam.googleapis.com",
          "schema_version": 0,
          "attributes": {
            "disable_dependent_services": false,
            "disable_on_destroy": false,
            "id": "y0y0-dev-data-drp-0/iam.googleapis.com",
            "project": "y0y0-dev-data-drp-0",
            "service": "iam.googleapis.com",
            "timeouts": null
          },
          "sensitive_attributes": [],
          "private": "eyJlMmJmYjczMC1lY2FhLTExZTYtOGY4OC0zNDM2M2JjN2M0YzAiOnsiY3JlYXRlIjoxMjAwMDAwMDAwMDAwLCJkZWxldGUiOjEyMDAwMDAwMDAwMDAsInJlYWQiOjYwMDAwMDAwMDAwMCwidXBkYXRlIjoxMjAwMDAwMDAwMDAwfX0=",
          "dependencies": [
            "module.data-platform.module.drop-project.data.google_project.project",
            "module.data-platform.module.drop-project.google_project.project"
          ]
        },
        {
          "index_key": "pubsub.googleapis.com",
          "schema_version": 0,
          "attributes": {
            "disable_dependent_services": false,
            "disable_on_destroy": false,
            "id": "y0y0-dev-data-drp-0/pubsub.googleapis.com",
            "project": "y0y0-dev-data-drp-0",
            "service": "pubsub.googleapis.com",
            "timeouts": null
          },
          "sensitive_attributes": [],
          "private": "eyJlMmJmYjczMC1lY2FhLTExZTYtOGY4OC0zNDM2M2JjN2M0YzAiOnsiY3JlYXRlIjoxMjAwMDAwMDAwMDAwLCJkZWxldGUiOjEyMDAwMDAwMDAwMDAsInJlYWQiOjYwMDAwMDAwMDAwMCwidXBkYXRlIjoxMjAwMDAwMDAwMDAwfX0=",
          "dependencies": [
            "module.data-platform.module.drop-project.data.google_project.project",
            "module.data-platform.module.drop-project.google_project.project"
          ]
        },
        {
          "index_key": "serviceusage.googleapis.com",
          "schema_version": 0,
          "attributes": {
            "disable_dependent_services": false,
            "disable_on_destroy": false,
            "id": "y0y0-dev-data-drp-0/serviceusage.googleapis.com",
            "project": "y0y0-dev-data-drp-0",
            "service": "serviceusage.googleapis.com",
            "timeouts": null
          },
          "sensitive_attributes": [],
          "private": "eyJlMmJmYjczMC1lY2FhLTExZTYtOGY4OC0zNDM2M2JjN2M0YzAiOnsiY3JlYXRlIjoxMjAwMDAwMDAwMDAwLCJkZWxldGUiOjEyMDAwMDAwMDAwMDAsInJlYWQiOjYwMDAwMDAwMDAwMCwidXBkYXRlIjoxMjAwMDAwMDAwMDAwfX0=",
          "dependencies": [
            "module.data-platform.module.drop-project.data.google_project.project",
            "module.data-platform.module.drop-project.google_project.project"
          ]
        },
        {
          "index_key": "stackdriver.googleapis.com",
          "schema_version": 0,
          "attributes": {
            "disable_dependent_services": false,
            "disable_on_destroy": false,
            "id": "y0y0-dev-data-drp-0/stackdriver.googleapis.com",
            "project": "y0y0-dev-data-drp-0",
            "service": "stackdriver.googleapis.com",
            "timeouts": null
          },
          "sensitive_attributes": [],
          "private": "eyJlMmJmYjczMC1lY2FhLTExZTYtOGY4OC0zNDM2M2JjN2M0YzAiOnsiY3JlYXRlIjoxMjAwMDAwMDAwMDAwLCJkZWxldGUiOjEyMDAwMDAwMDAwMDAsInJlYWQiOjYwMDAwMDAwMDAwMCwidXBkYXRlIjoxMjAwMDAwMDAwMDAwfX0=",
          "dependencies": [
            "module.data-platform.module.drop-project.data.google_project.project",
            "module.data-platform.module.drop-project.google_project.project"
          ]
        },
        {
          "index_key": "storage-component.googleapis.com",
          "schema_version": 0,
          "attributes": {
            "disable_dependent_services": false,
            "disable_on_destroy": false,
            "id": "y0y0-dev-data-drp-0/storage-component.googleapis.com",
            "project": "y0y0-dev-data-drp-0",
            "service": "storage-component.googleapis.com",
            "timeouts": null
          },
          "sensitive_attributes": [],
          "private": "eyJlMmJmYjczMC1lY2FhLTExZTYtOGY4OC0zNDM2M2JjN2M0YzAiOnsiY3JlYXRlIjoxMjAwMDAwMDAwMDAwLCJkZWxldGUiOjEyMDAwMDAwMDAwMDAsInJlYWQiOjYwMDAwMDAwMDAwMCwidXBkYXRlIjoxMjAwMDAwMDAwMDAwfX0=",
          "dependencies": [
            "module.data-platform.module.drop-project.data.google_project.project",
            "module.data-platform.module.drop-project.google_project.project"
          ]
        },
        {
          "index_key": "storage.googleapis.com",
          "schema_version": 0,
          "attributes": {
            "disable_dependent_services": false,
            "disable_on_destroy": false,
            "id": "y0y0-dev-data-drp-0/storage.googleapis.com",
            "project": "y0y0-dev-data-drp-0",
            "service": "storage.googleapis.com",
            "timeouts": null
          },
          "sensitive_attributes": [],
          "private": "eyJlMmJmYjczMC1lY2FhLTExZTYtOGY4OC0zNDM2M2JjN2M0YzAiOnsiY3JlYXRlIjoxMjAwMDAwMDAwMDAwLCJkZWxldGUiOjEyMDAwMDAwMDAwMDAsInJlYWQiOjYwMDAwMDAwMDAwMCwidXBkYXRlIjoxMjAwMDAwMDAwMDAwfX0=",
          "dependencies": [
            "module.data-platform.module.drop-project.data.google_project.project",
            "module.data-platform.module.drop-project.google_project.project"
          ]
        }
      ]
    },
    {
      "module": "module.data-platform.module.drop-project",
      "mode": "managed",
      "type": "google_project_service_identity",
      "name": "jit_si",
      "provider": "provider[\"registry.terraform.io/hashicorp/google-beta\"]",
      "instances": [
        {
          "index_key": "pubsub.googleapis.com",
          "schema_version": 0,
          "attributes": {
            "email": "service-668237629544@gcp-sa-pubsub.iam.gserviceaccount.com",
            "id": "projects/y0y0-dev-data-drp-0/services/pubsub.googleapis.com",
            "project": "y0y0-dev-data-drp-0",
            "service": "pubsub.googleapis.com",
            "timeouts": null
          },
          "sensitive_attributes": [],
          "private": "eyJlMmJmYjczMC1lY2FhLTExZTYtOGY4OC0zNDM2M2JjN2M0YzAiOnsiY3JlYXRlIjoxMjAwMDAwMDAwMDAwLCJkZWxldGUiOjEyMDAwMDAwMDAwMDAsInJlYWQiOjYwMDAwMDAwMDAwMH19",
          "dependencies": [
            "module.data-platform.module.drop-project.data.google_project.project",
            "module.data-platform.module.drop-project.google_project.project",
            "module.data-platform.module.drop-project.google_project_service.project_services"
          ]
        }
      ]
    },
    {
      "module": "module.data-platform.module.drop-ps-0",
      "mode": "managed",
      "type": "google_pubsub_topic",
      "name": "default",
      "provider": "provider[\"registry.terraform.io/hashicorp/google\"]",
      "instances": [
        {
          "schema_version": 0,
          "attributes": {
            "id": "projects/y0y0-dev-data-drp-0/topics/y0y0-dev-data-drp-ps-0",
            "kms_key_name": "",
            "labels": {},
            "message_retention_duration": "",
            "message_storage_policy": [],
            "name": "y0y0-dev-data-drp-ps-0",
            "project": "y0y0-dev-data-drp-0",
            "schema_settings": [],
            "timeouts": null
          },
          "sensitive_attributes": [],
          "private": "eyJlMmJmYjczMC1lY2FhLTExZTYtOGY4OC0zNDM2M2JjN2M0YzAiOnsiY3JlYXRlIjoxMjAwMDAwMDAwMDAwLCJkZWxldGUiOjEyMDAwMDAwMDAwMDAsInVwZGF0ZSI6MTIwMDAwMDAwMDAwMH19",
          "dependencies": [
            "module.data-platform.module.drop-project.data.google_bigquery_default_service_account.bq_sa",
            "module.data-platform.module.drop-project.data.google_project.project",
            "module.data-platform.module.drop-project.data.google_storage_project_service_account.gcs_sa",
            "module.data-platform.module.drop-project.google_compute_shared_vpc_host_project.shared_vpc_host",
            "module.data-platform.module.drop-project.google_compute_shared_vpc_service_project.service_projects",
            "module.data-platform.module.drop-project.google_compute_shared_vpc_service_project.shared_vpc_service",
            "module.data-platform.module.drop-project.google_kms_crypto_key_iam_member.service_identity_cmek",
            "module.data-platform.module.drop-project.google_org_policy_policy.default",
            "module.data-platform.module.drop-project.google_project.project",
            "module.data-platform.module.drop-project.google_project_default_service_accounts.default_service_accounts",
            "module.data-platform.module.drop-project.google_project_iam_member.servicenetworking",
            "module.data-platform.module.drop-project.google_project_iam_member.shared_vpc_host_robots",
            "module.data-platform.module.drop-project.google_project_service.project_services",
            "module.data-platform.module.drop-project.google_project_service_identity.jit_si",
            "module.data-platform.module.drop-project.google_project_service_identity.servicenetworking",
            "module.data-platform.module.drop-ps-0.google_pubsub_schema.default"
          ]
        }
      ]
    },
    {
      "module": "module.data-platform.module.drop-sa-bq-0",
      "mode": "managed",
      "type": "google_service_account",
      "name": "service_account",
      "provider": "provider[\"registry.terraform.io/hashicorp/google\"]",
      "instances": [
        {
          "index_key": 0,
          "schema_version": 0,
          "attributes": {
            "account_id": "y0y0-dev-data-drp-bq-0",
            "description": "",
            "disabled": false,
            "display_name": "Data platform BigQuery drop off service account",
            "email": "y0y0-dev-data-drp-bq-0@y0y0-dev-data-drp-0.iam.gserviceaccount.com",
            "id": "projects/y0y0-dev-data-drp-0/serviceAccounts/y0y0-dev-data-drp-bq-0@y0y0-dev-data-drp-0.iam.gserviceaccount.com",
            "member": "serviceAccount:y0y0-dev-data-drp-bq-0@y0y0-dev-data-drp-0.iam.gserviceaccount.com",
            "name": "projects/y0y0-dev-data-drp-0/serviceAccounts/y0y0-dev-data-drp-bq-0@y0y0-dev-data-drp-0.iam.gserviceaccount.com",
            "project": "y0y0-dev-data-drp-0",
            "timeouts": null,
            "unique_id": "116717338538505525031"
          },
          "sensitive_attributes": [],
          "private": "eyJlMmJmYjczMC1lY2FhLTExZTYtOGY4OC0zNDM2M2JjN2M0YzAiOnsiY3JlYXRlIjozMDAwMDAwMDAwMDB9fQ==",
          "dependencies": [
            "module.data-platform.module.drop-project.data.google_bigquery_default_service_account.bq_sa",
            "module.data-platform.module.drop-project.data.google_project.project",
            "module.data-platform.module.drop-project.data.google_storage_project_service_account.gcs_sa",
            "module.data-platform.module.drop-project.google_compute_shared_vpc_host_project.shared_vpc_host",
            "module.data-platform.module.drop-project.google_compute_shared_vpc_service_project.service_projects",
            "module.data-platform.module.drop-project.google_compute_shared_vpc_service_project.shared_vpc_service",
            "module.data-platform.module.drop-project.google_kms_crypto_key_iam_member.service_identity_cmek",
            "module.data-platform.module.drop-project.google_org_policy_policy.default",
            "module.data-platform.module.drop-project.google_project.project",
            "module.data-platform.module.drop-project.google_project_default_service_accounts.default_service_accounts",
            "module.data-platform.module.drop-project.google_project_iam_member.servicenetworking",
            "module.data-platform.module.drop-project.google_project_iam_member.shared_vpc_host_robots",
            "module.data-platform.module.drop-project.google_project_service.project_services",
            "module.data-platform.module.drop-project.google_project_service_identity.jit_si",
            "module.data-platform.module.drop-project.google_project_service_identity.servicenetworking"
          ]
        }
      ]
    },
    {
      "module": "module.data-platform.module.drop-sa-bq-0",
      "mode": "managed",
      "type": "google_service_account_iam_binding",
      "name": "roles",
      "provider": "provider[\"registry.terraform.io/hashicorp/google\"]",
      "instances": [
        {
          "index_key": "roles/iam.serviceAccountTokenCreator",
          "schema_version": 0,
          "attributes": {
            "condition": [],
            "etag": "BwX4kVBWz3M=",
            "id": "projects/y0y0-dev-data-drp-0/serviceAccounts/y0y0-dev-data-drp-bq-0@y0y0-dev-data-drp-0.iam.gserviceaccount.com/roles/iam.serviceAccountTokenCreator",
            "members": [
              "group:gcp-data-engineers@yoyoland.joonix.net"
            ],
            "role": "roles/iam.serviceAccountTokenCreator",
            "service_account_id": "projects/y0y0-dev-data-drp-0/serviceAccounts/y0y0-dev-data-drp-bq-0@y0y0-dev-data-drp-0.iam.gserviceaccount.com"
          },
          "sensitive_attributes": [],
          "private": "bnVsbA==",
          "dependencies": [
            "module.data-platform.module.drop-project.data.google_bigquery_default_service_account.bq_sa",
            "module.data-platform.module.drop-project.data.google_project.project",
            "module.data-platform.module.drop-project.data.google_storage_project_service_account.gcs_sa",
            "module.data-platform.module.drop-project.google_compute_shared_vpc_host_project.shared_vpc_host",
            "module.data-platform.module.drop-project.google_compute_shared_vpc_service_project.service_projects",
            "module.data-platform.module.drop-project.google_compute_shared_vpc_service_project.shared_vpc_service",
            "module.data-platform.module.drop-project.google_kms_crypto_key_iam_member.service_identity_cmek",
            "module.data-platform.module.drop-project.google_org_policy_policy.default",
            "module.data-platform.module.drop-project.google_project.project",
            "module.data-platform.module.drop-project.google_project_default_service_accounts.default_service_accounts",
            "module.data-platform.module.drop-project.google_project_iam_member.servicenetworking",
            "module.data-platform.module.drop-project.google_project_iam_member.shared_vpc_host_robots",
            "module.data-platform.module.drop-project.google_project_service.project_services",
            "module.data-platform.module.drop-project.google_project_service_identity.jit_si",
            "module.data-platform.module.drop-project.google_project_service_identity.servicenetworking",
            "module.data-platform.module.drop-sa-bq-0.data.google_service_account.service_account",
            "module.data-platform.module.drop-sa-bq-0.google_service_account.service_account"
          ]
        }
      ]
    },
    {
      "module": "module.data-platform.module.drop-sa-cs-0",
      "mode": "managed",
      "type": "google_service_account",
      "name": "service_account",
      "provider": "provider[\"registry.terraform.io/hashicorp/google\"]",
      "instances": [
        {
          "index_key": 0,
          "schema_version": 0,
          "attributes": {
            "account_id": "y0y0-dev-data-drp-cs-0",
            "description": "",
            "disabled": false,
            "display_name": "Data platform GCS drop off service account.",
            "email": "y0y0-dev-data-drp-cs-0@y0y0-dev-data-drp-0.iam.gserviceaccount.com",
            "id": "projects/y0y0-dev-data-drp-0/serviceAccounts/y0y0-dev-data-drp-cs-0@y0y0-dev-data-drp-0.iam.gserviceaccount.com",
            "member": "serviceAccount:y0y0-dev-data-drp-cs-0@y0y0-dev-data-drp-0.iam.gserviceaccount.com",
            "name": "projects/y0y0-dev-data-drp-0/serviceAccounts/y0y0-dev-data-drp-cs-0@y0y0-dev-data-drp-0.iam.gserviceaccount.com",
            "project": "y0y0-dev-data-drp-0",
            "timeouts": null,
            "unique_id": "101975517805120474841"
          },
          "sensitive_attributes": [],
          "private": "eyJlMmJmYjczMC1lY2FhLTExZTYtOGY4OC0zNDM2M2JjN2M0YzAiOnsiY3JlYXRlIjozMDAwMDAwMDAwMDB9fQ==",
          "dependencies": [
            "module.data-platform.module.drop-project.data.google_bigquery_default_service_account.bq_sa",
            "module.data-platform.module.drop-project.data.google_project.project",
            "module.data-platform.module.drop-project.data.google_storage_project_service_account.gcs_sa",
            "module.data-platform.module.drop-project.google_compute_shared_vpc_host_project.shared_vpc_host",
            "module.data-platform.module.drop-project.google_compute_shared_vpc_service_project.service_projects",
            "module.data-platform.module.drop-project.google_compute_shared_vpc_service_project.shared_vpc_service",
            "module.data-platform.module.drop-project.google_kms_crypto_key_iam_member.service_identity_cmek",
            "module.data-platform.module.drop-project.google_org_policy_policy.default",
            "module.data-platform.module.drop-project.google_project.project",
            "module.data-platform.module.drop-project.google_project_default_service_accounts.default_service_accounts",
            "module.data-platform.module.drop-project.google_project_iam_member.servicenetworking",
            "module.data-platform.module.drop-project.google_project_iam_member.shared_vpc_host_robots",
            "module.data-platform.module.drop-project.google_project_service.project_services",
            "module.data-platform.module.drop-project.google_project_service_identity.jit_si",
            "module.data-platform.module.drop-project.google_project_service_identity.servicenetworking"
          ]
        }
      ]
    },
    {
      "module": "module.data-platform.module.drop-sa-cs-0",
      "mode": "managed",
      "type": "google_service_account_iam_binding",
      "name": "roles",
      "provider": "provider[\"registry.terraform.io/hashicorp/google\"]",
      "instances": [
        {
          "index_key": "roles/iam.serviceAccountTokenCreator",
          "schema_version": 0,
          "attributes": {
            "condition": [],
            "etag": "BwX4kVAyDaU=",
            "id": "projects/y0y0-dev-data-drp-0/serviceAccounts/y0y0-dev-data-drp-cs-0@y0y0-dev-data-drp-0.iam.gserviceaccount.com/roles/iam.serviceAccountTokenCreator",
            "members": [
              "group:gcp-data-engineers@yoyoland.joonix.net"
            ],
            "role": "roles/iam.serviceAccountTokenCreator",
            "service_account_id": "projects/y0y0-dev-data-drp-0/serviceAccounts/y0y0-dev-data-drp-cs-0@y0y0-dev-data-drp-0.iam.gserviceaccount.com"
          },
          "sensitive_attributes": [],
          "private": "bnVsbA==",
          "dependencies": [
            "module.data-platform.module.drop-project.data.google_bigquery_default_service_account.bq_sa",
            "module.data-platform.module.drop-project.data.google_project.project",
            "module.data-platform.module.drop-project.data.google_storage_project_service_account.gcs_sa",
            "module.data-platform.module.drop-project.google_compute_shared_vpc_host_project.shared_vpc_host",
            "module.data-platform.module.drop-project.google_compute_shared_vpc_service_project.service_projects",
            "module.data-platform.module.drop-project.google_compute_shared_vpc_service_project.shared_vpc_service",
            "module.data-platform.module.drop-project.google_kms_crypto_key_iam_member.service_identity_cmek",
            "module.data-platform.module.drop-project.google_org_policy_policy.default",
            "module.data-platform.module.drop-project.google_project.project",
            "module.data-platform.module.drop-project.google_project_default_service_accounts.default_service_accounts",
            "module.data-platform.module.drop-project.google_project_iam_member.servicenetworking",
            "module.data-platform.module.drop-project.google_project_iam_member.shared_vpc_host_robots",
            "module.data-platform.module.drop-project.google_project_service.project_services",
            "module.data-platform.module.drop-project.google_project_service_identity.jit_si",
            "module.data-platform.module.drop-project.google_project_service_identity.servicenetworking",
            "module.data-platform.module.drop-sa-cs-0.data.google_service_account.service_account",
            "module.data-platform.module.drop-sa-cs-0.google_service_account.service_account"
          ]
        }
      ]
    },
    {
      "module": "module.data-platform.module.drop-sa-ps-0",
      "mode": "managed",
      "type": "google_service_account",
      "name": "service_account",
      "provider": "provider[\"registry.terraform.io/hashicorp/google\"]",
      "instances": [
        {
          "index_key": 0,
          "schema_version": 0,
          "attributes": {
            "account_id": "y0y0-dev-data-drp-ps-0",
            "description": "",
            "disabled": false,
            "display_name": "Data platform PubSub drop off service account",
            "email": "y0y0-dev-data-drp-ps-0@y0y0-dev-data-drp-0.iam.gserviceaccount.com",
            "id": "projects/y0y0-dev-data-drp-0/serviceAccounts/y0y0-dev-data-drp-ps-0@y0y0-dev-data-drp-0.iam.gserviceaccount.com",
            "member": "serviceAccount:y0y0-dev-data-drp-ps-0@y0y0-dev-data-drp-0.iam.gserviceaccount.com",
            "name": "projects/y0y0-dev-data-drp-0/serviceAccounts/y0y0-dev-data-drp-ps-0@y0y0-dev-data-drp-0.iam.gserviceaccount.com",
            "project": "y0y0-dev-data-drp-0",
            "timeouts": null,
            "unique_id": "105157230756254421089"
          },
          "sensitive_attributes": [],
          "private": "eyJlMmJmYjczMC1lY2FhLTExZTYtOGY4OC0zNDM2M2JjN2M0YzAiOnsiY3JlYXRlIjozMDAwMDAwMDAwMDB9fQ==",
          "dependencies": [
            "module.data-platform.module.drop-project.data.google_bigquery_default_service_account.bq_sa",
            "module.data-platform.module.drop-project.data.google_project.project",
            "module.data-platform.module.drop-project.data.google_storage_project_service_account.gcs_sa",
            "module.data-platform.module.drop-project.google_compute_shared_vpc_host_project.shared_vpc_host",
            "module.data-platform.module.drop-project.google_compute_shared_vpc_service_project.service_projects",
            "module.data-platform.module.drop-project.google_compute_shared_vpc_service_project.shared_vpc_service",
            "module.data-platform.module.drop-project.google_kms_crypto_key_iam_member.service_identity_cmek",
            "module.data-platform.module.drop-project.google_org_policy_policy.default",
            "module.data-platform.module.drop-project.google_project.project",
            "module.data-platform.module.drop-project.google_project_default_service_accounts.default_service_accounts",
            "module.data-platform.module.drop-project.google_project_iam_member.servicenetworking",
            "module.data-platform.module.drop-project.google_project_iam_member.shared_vpc_host_robots",
            "module.data-platform.module.drop-project.google_project_service.project_services",
            "module.data-platform.module.drop-project.google_project_service_identity.jit_si",
            "module.data-platform.module.drop-project.google_project_service_identity.servicenetworking"
          ]
        }
      ]
    },
    {
      "module": "module.data-platform.module.drop-sa-ps-0",
      "mode": "managed",
      "type": "google_service_account_iam_binding",
      "name": "roles",
      "provider": "provider[\"registry.terraform.io/hashicorp/google\"]",
      "instances": [
        {
          "index_key": "roles/iam.serviceAccountTokenCreator",
          "schema_version": 0,
          "attributes": {
            "condition": [],
            "etag": "BwX4kVAzwTs=",
            "id": "projects/y0y0-dev-data-drp-0/serviceAccounts/y0y0-dev-data-drp-ps-0@y0y0-dev-data-drp-0.iam.gserviceaccount.com/roles/iam.serviceAccountTokenCreator",
            "members": [
              "group:gcp-data-engineers@yoyoland.joonix.net"
            ],
            "role": "roles/iam.serviceAccountTokenCreator",
            "service_account_id": "projects/y0y0-dev-data-drp-0/serviceAccounts/y0y0-dev-data-drp-ps-0@y0y0-dev-data-drp-0.iam.gserviceaccount.com"
          },
          "sensitive_attributes": [],
          "private": "bnVsbA==",
          "dependencies": [
            "module.data-platform.module.drop-project.data.google_bigquery_default_service_account.bq_sa",
            "module.data-platform.module.drop-project.data.google_project.project",
            "module.data-platform.module.drop-project.data.google_storage_project_service_account.gcs_sa",
            "module.data-platform.module.drop-project.google_compute_shared_vpc_host_project.shared_vpc_host",
            "module.data-platform.module.drop-project.google_compute_shared_vpc_service_project.service_projects",
            "module.data-platform.module.drop-project.google_compute_shared_vpc_service_project.shared_vpc_service",
            "module.data-platform.module.drop-project.google_kms_crypto_key_iam_member.service_identity_cmek",
            "module.data-platform.module.drop-project.google_org_policy_policy.default",
            "module.data-platform.module.drop-project.google_project.project",
            "module.data-platform.module.drop-project.google_project_default_service_accounts.default_service_accounts",
            "module.data-platform.module.drop-project.google_project_iam_member.servicenetworking",
            "module.data-platform.module.drop-project.google_project_iam_member.shared_vpc_host_robots",
            "module.data-platform.module.drop-project.google_project_service.project_services",
            "module.data-platform.module.drop-project.google_project_service_identity.jit_si",
            "module.data-platform.module.drop-project.google_project_service_identity.servicenetworking",
            "module.data-platform.module.drop-sa-ps-0.data.google_service_account.service_account",
            "module.data-platform.module.drop-sa-ps-0.google_service_account.service_account"
          ]
        }
      ]
    },
    {
      "module": "module.data-platform.module.dwh-conf-bq-0",
      "mode": "managed",
      "type": "google_bigquery_dataset",
      "name": "default",
      "provider": "provider[\"registry.terraform.io/hashicorp/google\"]",
      "instances": [
        {
          "schema_version": 0,
          "attributes": {
            "access": [
              {
                "dataset": [],
                "domain": "",
                "group_by_email": "",
                "role": "OWNER",
                "routine": [],
                "special_group": "",
                "user_by_email": "yoyo-dev-resman-dp-0@yoyo-prod-iac-core-0.iam.gserviceaccount.com",
                "view": []
              },
              {
                "dataset": [],
                "domain": "",
                "group_by_email": "",
                "role": "OWNER",
                "routine": [],
                "special_group": "projectOwners",
                "user_by_email": "",
                "view": []
              },
              {
                "dataset": [],
                "domain": "",
                "group_by_email": "",
                "role": "READER",
                "routine": [],
                "special_group": "projectReaders",
                "user_by_email": "",
                "view": []
              },
              {
                "dataset": [],
                "domain": "",
                "group_by_email": "",
                "role": "WRITER",
                "routine": [],
                "special_group": "projectWriters",
                "user_by_email": "",
                "view": []
              }
            ],
            "creation_time": 1680677887401,
            "dataset_id": "y0y0_dev_data_dwh_conf_bq_0",
            "default_collation": "",
            "default_encryption_configuration": [],
            "default_partition_expiration_ms": 0,
            "default_table_expiration_ms": 0,
            "delete_contents_on_destroy": false,
            "description": "Terraform managed.",
            "etag": "xBkQYdfD47qEjLB/e3iw6A==",
            "friendly_name": "",
            "id": "projects/y0y0-dev-data-dwh-conf-0/datasets/y0y0_dev_data_dwh_conf_bq_0",
            "is_case_insensitive": false,
            "labels": {},
            "last_modified_time": 1680677887401,
            "location": "EU",
            "max_time_travel_hours": "168",
            "project": "y0y0-dev-data-dwh-conf-0",
            "self_link": "https://bigquery.googleapis.com/bigquery/v2/projects/y0y0-dev-data-dwh-conf-0/datasets/y0y0_dev_data_dwh_conf_bq_0",
            "timeouts": null
          },
          "sensitive_attributes": [],
          "private": "eyJlMmJmYjczMC1lY2FhLTExZTYtOGY4OC0zNDM2M2JjN2M0YzAiOnsiY3JlYXRlIjoxMjAwMDAwMDAwMDAwLCJkZWxldGUiOjEyMDAwMDAwMDAwMDAsInVwZGF0ZSI6MTIwMDAwMDAwMDAwMH19",
          "dependencies": [
            "module.data-platform.module.dwh-conf-project.data.google_bigquery_default_service_account.bq_sa",
            "module.data-platform.module.dwh-conf-project.data.google_project.project",
            "module.data-platform.module.dwh-conf-project.data.google_storage_project_service_account.gcs_sa",
            "module.data-platform.module.dwh-conf-project.google_compute_shared_vpc_host_project.shared_vpc_host",
            "module.data-platform.module.dwh-conf-project.google_compute_shared_vpc_service_project.service_projects",
            "module.data-platform.module.dwh-conf-project.google_compute_shared_vpc_service_project.shared_vpc_service",
            "module.data-platform.module.dwh-conf-project.google_kms_crypto_key_iam_member.service_identity_cmek",
            "module.data-platform.module.dwh-conf-project.google_org_policy_policy.default",
            "module.data-platform.module.dwh-conf-project.google_project.project",
            "module.data-platform.module.dwh-conf-project.google_project_default_service_accounts.default_service_accounts",
            "module.data-platform.module.dwh-conf-project.google_project_iam_member.servicenetworking",
            "module.data-platform.module.dwh-conf-project.google_project_iam_member.shared_vpc_host_robots",
            "module.data-platform.module.dwh-conf-project.google_project_service.project_services",
            "module.data-platform.module.dwh-conf-project.google_project_service_identity.jit_si",
            "module.data-platform.module.dwh-conf-project.google_project_service_identity.servicenetworking"
          ]
        }
      ]
    },
    {
      "module": "module.data-platform.module.dwh-conf-cs-0",
      "mode": "managed",
      "type": "google_storage_bucket",
      "name": "bucket",
      "provider": "provider[\"registry.terraform.io/hashicorp/google\"]",
      "instances": [
        {
          "schema_version": 0,
          "attributes": {
            "autoclass": [],
            "cors": [],
            "custom_placement_config": [],
            "default_event_based_hold": false,
            "encryption": [],
            "force_destroy": false,
            "id": "y0y0-dev-data-dwh-conf-cs-0",
            "labels": {},
            "lifecycle_rule": [],
            "location": "EU",
            "logging": [],
            "name": "y0y0-dev-data-dwh-conf-cs-0",
            "project": "y0y0-dev-data-dwh-conf-0",
            "public_access_prevention": "inherited",
            "requester_pays": false,
            "retention_policy": [],
            "self_link": "https://www.googleapis.com/storage/v1/b/y0y0-dev-data-dwh-conf-cs-0",
            "storage_class": "MULTI_REGIONAL",
            "timeouts": null,
            "uniform_bucket_level_access": true,
            "url": "gs://y0y0-dev-data-dwh-conf-cs-0",
            "versioning": [
              {
                "enabled": false
              }
            ],
            "website": []
          },
          "sensitive_attributes": [],
          "private": "eyJlMmJmYjczMC1lY2FhLTExZTYtOGY4OC0zNDM2M2JjN2M0YzAiOnsiY3JlYXRlIjo2MDAwMDAwMDAwMDAsInJlYWQiOjI0MDAwMDAwMDAwMCwidXBkYXRlIjoyNDAwMDAwMDAwMDB9fQ==",
          "dependencies": [
            "module.data-platform.module.dwh-conf-project.data.google_bigquery_default_service_account.bq_sa",
            "module.data-platform.module.dwh-conf-project.data.google_project.project",
            "module.data-platform.module.dwh-conf-project.data.google_storage_project_service_account.gcs_sa",
            "module.data-platform.module.dwh-conf-project.google_compute_shared_vpc_host_project.shared_vpc_host",
            "module.data-platform.module.dwh-conf-project.google_compute_shared_vpc_service_project.service_projects",
            "module.data-platform.module.dwh-conf-project.google_compute_shared_vpc_service_project.shared_vpc_service",
            "module.data-platform.module.dwh-conf-project.google_kms_crypto_key_iam_member.service_identity_cmek",
            "module.data-platform.module.dwh-conf-project.google_org_policy_policy.default",
            "module.data-platform.module.dwh-conf-project.google_project.project",
            "module.data-platform.module.dwh-conf-project.google_project_default_service_accounts.default_service_accounts",
            "module.data-platform.module.dwh-conf-project.google_project_iam_member.servicenetworking",
            "module.data-platform.module.dwh-conf-project.google_project_iam_member.shared_vpc_host_robots",
            "module.data-platform.module.dwh-conf-project.google_project_service.project_services",
            "module.data-platform.module.dwh-conf-project.google_project_service_identity.jit_si",
            "module.data-platform.module.dwh-conf-project.google_project_service_identity.servicenetworking"
          ]
        }
      ]
    },
    {
      "module": "module.data-platform.module.dwh-conf-project",
      "mode": "data",
      "type": "google_bigquery_default_service_account",
      "name": "bq_sa",
      "provider": "provider[\"registry.terraform.io/hashicorp/google\"]",
      "instances": [
        {
          "index_key": 0,
          "schema_version": 0,
          "attributes": {
            "email": "bq-423373633348@bigquery-encryption.iam.gserviceaccount.com",
            "id": "bq-423373633348@bigquery-encryption.iam.gserviceaccount.com",
            "member": "serviceAccount:bq-423373633348@bigquery-encryption.iam.gserviceaccount.com",
            "project": "y0y0-dev-data-dwh-conf-0"
          },
          "sensitive_attributes": []
        }
      ]
    },
    {
      "module": "module.data-platform.module.dwh-conf-project",
      "mode": "data",
      "type": "google_storage_project_service_account",
      "name": "gcs_sa",
      "provider": "provider[\"registry.terraform.io/hashicorp/google\"]",
      "instances": [
        {
          "index_key": 0,
          "schema_version": 0,
          "attributes": {
            "email_address": "service-423373633348@gs-project-accounts.iam.gserviceaccount.com",
            "id": "service-423373633348@gs-project-accounts.iam.gserviceaccount.com",
            "member": "serviceAccount:service-423373633348@gs-project-accounts.iam.gserviceaccount.com",
            "project": "y0y0-dev-data-dwh-conf-0",
            "user_project": null
          },
          "sensitive_attributes": []
        }
      ]
    },
    {
      "module": "module.data-platform.module.dwh-conf-project",
      "mode": "managed",
      "type": "google_project",
      "name": "project",
      "provider": "provider[\"registry.terraform.io/hashicorp/google\"]",
      "instances": [
        {
          "index_key": 0,
          "schema_version": 1,
          "attributes": {
            "auto_create_network": false,
            "billing_account": "0189FA-E139FD-136A58",
            "folder_id": "907613514079",
            "id": "projects/y0y0-dev-data-dwh-conf-0",
            "labels": {},
            "name": "y0y0-dev-data-dwh-conf-0",
            "number": "423373633348",
            "org_id": "",
            "project_id": "y0y0-dev-data-dwh-conf-0",
            "skip_delete": false,
            "timeouts": null
          },
          "sensitive_attributes": [],
          "private": "eyJlMmJmYjczMC1lY2FhLTExZTYtOGY4OC0zNDM2M2JjN2M0YzAiOnsiY3JlYXRlIjo2MDAwMDAwMDAwMDAsImRlbGV0ZSI6NjAwMDAwMDAwMDAwLCJyZWFkIjo2MDAwMDAwMDAwMDAsInVwZGF0ZSI6NjAwMDAwMDAwMDAwfSwic2NoZW1hX3ZlcnNpb24iOiIxIn0="
        }
      ]
    },
    {
      "module": "module.data-platform.module.dwh-conf-project",
      "mode": "managed",
      "type": "google_project_iam_binding",
      "name": "authoritative",
      "provider": "provider[\"registry.terraform.io/hashicorp/google\"]",
      "instances": [
        {
          "index_key": "roles/bigquery.dataOwner",
          "schema_version": 0,
          "attributes": {
            "condition": [],
            "etag": "BwX4kVD7ejU=",
            "id": "y0y0-dev-data-dwh-conf-0/roles/bigquery.dataOwner",
            "members": [
              "serviceAccount:y0y0-dev-data-trf-bq-0@y0y0-dev-data-trf-0.iam.gserviceaccount.com",
              "serviceAccount:y0y0-dev-data-trf-df-0@y0y0-dev-data-trf-0.iam.gserviceaccount.com"
            ],
            "project": "y0y0-dev-data-dwh-conf-0",
            "role": "roles/bigquery.dataOwner"
          },
          "sensitive_attributes": [],
          "private": "bnVsbA==",
          "dependencies": [
            "module.data-platform.module.dwh-conf-project.data.google_project.project",
            "module.data-platform.module.dwh-conf-project.google_project.project",
            "module.data-platform.module.dwh-conf-project.google_project_iam_custom_role.roles",
            "module.data-platform.module.dwh-conf-project.google_project_service.project_services",
            "module.data-platform.module.transf-project.data.google_bigquery_default_service_account.bq_sa",
            "module.data-platform.module.transf-project.data.google_project.project",
            "module.data-platform.module.transf-project.data.google_storage_project_service_account.gcs_sa",
            "module.data-platform.module.transf-project.google_compute_shared_vpc_host_project.shared_vpc_host",
            "module.data-platform.module.transf-project.google_compute_shared_vpc_service_project.service_projects",
            "module.data-platform.module.transf-project.google_compute_shared_vpc_service_project.shared_vpc_service",
            "module.data-platform.module.transf-project.google_kms_crypto_key_iam_member.service_identity_cmek",
            "module.data-platform.module.transf-project.google_org_policy_policy.default",
            "module.data-platform.module.transf-project.google_project.project",
            "module.data-platform.module.transf-project.google_project_default_service_accounts.default_service_accounts",
            "module.data-platform.module.transf-project.google_project_iam_member.servicenetworking",
            "module.data-platform.module.transf-project.google_project_iam_member.shared_vpc_host_robots",
            "module.data-platform.module.transf-project.google_project_service.project_services",
            "module.data-platform.module.transf-project.google_project_service_identity.jit_si",
            "module.data-platform.module.transf-project.google_project_service_identity.servicenetworking",
            "module.data-platform.module.transf-sa-bq-0.data.google_service_account.service_account",
            "module.data-platform.module.transf-sa-bq-0.google_service_account.service_account",
            "module.data-platform.module.transf-sa-df-0.data.google_service_account.service_account",
            "module.data-platform.module.transf-sa-df-0.google_service_account.service_account"
          ]
        },
        {
          "index_key": "roles/bigquery.dataViewer",
          "schema_version": 0,
          "attributes": {
            "condition": [],
            "etag": "BwX4kVD7ejU=",
            "id": "y0y0-dev-data-dwh-conf-0/roles/bigquery.dataViewer",
            "members": [
              "group:gcp-data-analysts@yoyoland.joonix.net",
              "group:gcp-data-engineers@yoyoland.joonix.net"
            ],
            "project": "y0y0-dev-data-dwh-conf-0",
            "role": "roles/bigquery.dataViewer"
          },
          "sensitive_attributes": [],
          "private": "bnVsbA==",
          "dependencies": [
            "module.data-platform.module.dwh-conf-project.data.google_project.project",
            "module.data-platform.module.dwh-conf-project.google_project.project",
            "module.data-platform.module.dwh-conf-project.google_project_iam_custom_role.roles",
            "module.data-platform.module.dwh-conf-project.google_project_service.project_services",
            "module.data-platform.module.transf-project.data.google_bigquery_default_service_account.bq_sa",
            "module.data-platform.module.transf-project.data.google_project.project",
            "module.data-platform.module.transf-project.data.google_storage_project_service_account.gcs_sa",
            "module.data-platform.module.transf-project.google_compute_shared_vpc_host_project.shared_vpc_host",
            "module.data-platform.module.transf-project.google_compute_shared_vpc_service_project.service_projects",
            "module.data-platform.module.transf-project.google_compute_shared_vpc_service_project.shared_vpc_service",
            "module.data-platform.module.transf-project.google_kms_crypto_key_iam_member.service_identity_cmek",
            "module.data-platform.module.transf-project.google_org_policy_policy.default",
            "module.data-platform.module.transf-project.google_project.project",
            "module.data-platform.module.transf-project.google_project_default_service_accounts.default_service_accounts",
            "module.data-platform.module.transf-project.google_project_iam_member.servicenetworking",
            "module.data-platform.module.transf-project.google_project_iam_member.shared_vpc_host_robots",
            "module.data-platform.module.transf-project.google_project_service.project_services",
            "module.data-platform.module.transf-project.google_project_service_identity.jit_si",
            "module.data-platform.module.transf-project.google_project_service_identity.servicenetworking",
            "module.data-platform.module.transf-sa-bq-0.data.google_service_account.service_account",
            "module.data-platform.module.transf-sa-bq-0.google_service_account.service_account",
            "module.data-platform.module.transf-sa-df-0.data.google_service_account.service_account",
            "module.data-platform.module.transf-sa-df-0.google_service_account.service_account"
          ]
        },
        {
          "index_key": "roles/bigquery.jobUser",
          "schema_version": 0,
          "attributes": {
            "condition": [],
            "etag": "BwX4kVD7ejU=",
            "id": "y0y0-dev-data-dwh-conf-0/roles/bigquery.jobUser",
            "members": [
              "group:gcp-data-analysts@yoyoland.joonix.net",
              "group:gcp-data-engineers@yoyoland.joonix.net",
              "serviceAccount:y0y0-dev-data-trf-bq-0@y0y0-dev-data-trf-0.iam.gserviceaccount.com"
            ],
            "project": "y0y0-dev-data-dwh-conf-0",
            "role": "roles/bigquery.jobUser"
          },
          "sensitive_attributes": [],
          "private": "bnVsbA==",
          "dependencies": [
            "module.data-platform.module.dwh-conf-project.data.google_project.project",
            "module.data-platform.module.dwh-conf-project.google_project.project",
            "module.data-platform.module.dwh-conf-project.google_project_iam_custom_role.roles",
            "module.data-platform.module.dwh-conf-project.google_project_service.project_services",
            "module.data-platform.module.transf-project.data.google_bigquery_default_service_account.bq_sa",
            "module.data-platform.module.transf-project.data.google_project.project",
            "module.data-platform.module.transf-project.data.google_storage_project_service_account.gcs_sa",
            "module.data-platform.module.transf-project.google_compute_shared_vpc_host_project.shared_vpc_host",
            "module.data-platform.module.transf-project.google_compute_shared_vpc_service_project.service_projects",
            "module.data-platform.module.transf-project.google_compute_shared_vpc_service_project.shared_vpc_service",
            "module.data-platform.module.transf-project.google_kms_crypto_key_iam_member.service_identity_cmek",
            "module.data-platform.module.transf-project.google_org_policy_policy.default",
            "module.data-platform.module.transf-project.google_project.project",
            "module.data-platform.module.transf-project.google_project_default_service_accounts.default_service_accounts",
            "module.data-platform.module.transf-project.google_project_iam_member.servicenetworking",
            "module.data-platform.module.transf-project.google_project_iam_member.shared_vpc_host_robots",
            "module.data-platform.module.transf-project.google_project_service.project_services",
            "module.data-platform.module.transf-project.google_project_service_identity.jit_si",
            "module.data-platform.module.transf-project.google_project_service_identity.servicenetworking",
            "module.data-platform.module.transf-sa-bq-0.data.google_service_account.service_account",
            "module.data-platform.module.transf-sa-bq-0.google_service_account.service_account",
            "module.data-platform.module.transf-sa-df-0.data.google_service_account.service_account",
            "module.data-platform.module.transf-sa-df-0.google_service_account.service_account"
          ]
        },
        {
          "index_key": "roles/datacatalog.tagTemplateViewer",
          "schema_version": 0,
          "attributes": {
            "condition": [],
            "etag": "BwX4kVD7ejU=",
            "id": "y0y0-dev-data-dwh-conf-0/roles/datacatalog.tagTemplateViewer",
            "members": [
              "group:gcp-data-analysts@yoyoland.joonix.net",
              "group:gcp-data-engineers@yoyoland.joonix.net"
            ],
            "project": "y0y0-dev-data-dwh-conf-0",
            "role": "roles/datacatalog.tagTemplateViewer"
          },
          "sensitive_attributes": [],
          "private": "bnVsbA==",
          "dependencies": [
            "module.data-platform.module.dwh-conf-project.data.google_project.project",
            "module.data-platform.module.dwh-conf-project.google_project.project",
            "module.data-platform.module.dwh-conf-project.google_project_iam_custom_role.roles",
            "module.data-platform.module.dwh-conf-project.google_project_service.project_services",
            "module.data-platform.module.transf-project.data.google_bigquery_default_service_account.bq_sa",
            "module.data-platform.module.transf-project.data.google_project.project",
            "module.data-platform.module.transf-project.data.google_storage_project_service_account.gcs_sa",
            "module.data-platform.module.transf-project.google_compute_shared_vpc_host_project.shared_vpc_host",
            "module.data-platform.module.transf-project.google_compute_shared_vpc_service_project.service_projects",
            "module.data-platform.module.transf-project.google_compute_shared_vpc_service_project.shared_vpc_service",
            "module.data-platform.module.transf-project.google_kms_crypto_key_iam_member.service_identity_cmek",
            "module.data-platform.module.transf-project.google_org_policy_policy.default",
            "module.data-platform.module.transf-project.google_project.project",
            "module.data-platform.module.transf-project.google_project_default_service_accounts.default_service_accounts",
            "module.data-platform.module.transf-project.google_project_iam_member.servicenetworking",
            "module.data-platform.module.transf-project.google_project_iam_member.shared_vpc_host_robots",
            "module.data-platform.module.transf-project.google_project_service.project_services",
            "module.data-platform.module.transf-project.google_project_service_identity.jit_si",
            "module.data-platform.module.transf-project.google_project_service_identity.servicenetworking",
            "module.data-platform.module.transf-sa-bq-0.data.google_service_account.service_account",
            "module.data-platform.module.transf-sa-bq-0.google_service_account.service_account",
            "module.data-platform.module.transf-sa-df-0.data.google_service_account.service_account",
            "module.data-platform.module.transf-sa-df-0.google_service_account.service_account"
          ]
        },
        {
          "index_key": "roles/datacatalog.viewer",
          "schema_version": 0,
          "attributes": {
            "condition": [],
            "etag": "BwX4kVD7ejU=",
            "id": "y0y0-dev-data-dwh-conf-0/roles/datacatalog.viewer",
            "members": [
              "group:gcp-data-analysts@yoyoland.joonix.net",
              "group:gcp-data-engineers@yoyoland.joonix.net"
            ],
            "project": "y0y0-dev-data-dwh-conf-0",
            "role": "roles/datacatalog.viewer"
          },
          "sensitive_attributes": [],
          "private": "bnVsbA==",
          "dependencies": [
            "module.data-platform.module.dwh-conf-project.data.google_project.project",
            "module.data-platform.module.dwh-conf-project.google_project.project",
            "module.data-platform.module.dwh-conf-project.google_project_iam_custom_role.roles",
            "module.data-platform.module.dwh-conf-project.google_project_service.project_services",
            "module.data-platform.module.transf-project.data.google_bigquery_default_service_account.bq_sa",
            "module.data-platform.module.transf-project.data.google_project.project",
            "module.data-platform.module.transf-project.data.google_storage_project_service_account.gcs_sa",
            "module.data-platform.module.transf-project.google_compute_shared_vpc_host_project.shared_vpc_host",
            "module.data-platform.module.transf-project.google_compute_shared_vpc_service_project.service_projects",
            "module.data-platform.module.transf-project.google_compute_shared_vpc_service_project.shared_vpc_service",
            "module.data-platform.module.transf-project.google_kms_crypto_key_iam_member.service_identity_cmek",
            "module.data-platform.module.transf-project.google_org_policy_policy.default",
            "module.data-platform.module.transf-project.google_project.project",
            "module.data-platform.module.transf-project.google_project_default_service_accounts.default_service_accounts",
            "module.data-platform.module.transf-project.google_project_iam_member.servicenetworking",
            "module.data-platform.module.transf-project.google_project_iam_member.shared_vpc_host_robots",
            "module.data-platform.module.transf-project.google_project_service.project_services",
            "module.data-platform.module.transf-project.google_project_service_identity.jit_si",
            "module.data-platform.module.transf-project.google_project_service_identity.servicenetworking",
            "module.data-platform.module.transf-sa-bq-0.data.google_service_account.service_account",
            "module.data-platform.module.transf-sa-bq-0.google_service_account.service_account",
            "module.data-platform.module.transf-sa-df-0.data.google_service_account.service_account",
            "module.data-platform.module.transf-sa-df-0.google_service_account.service_account"
          ]
        },
        {
          "index_key": "roles/storage.objectAdmin",
          "schema_version": 0,
          "attributes": {
            "condition": [],
            "etag": "BwX4kVD7ejU=",
            "id": "y0y0-dev-data-dwh-conf-0/roles/storage.objectAdmin",
            "members": [
              "serviceAccount:y0y0-dev-data-trf-df-0@y0y0-dev-data-trf-0.iam.gserviceaccount.com"
            ],
            "project": "y0y0-dev-data-dwh-conf-0",
            "role": "roles/storage.objectAdmin"
          },
          "sensitive_attributes": [],
          "private": "bnVsbA==",
          "dependencies": [
            "module.data-platform.module.dwh-conf-project.data.google_project.project",
            "module.data-platform.module.dwh-conf-project.google_project.project",
            "module.data-platform.module.dwh-conf-project.google_project_iam_custom_role.roles",
            "module.data-platform.module.dwh-conf-project.google_project_service.project_services",
            "module.data-platform.module.transf-project.data.google_bigquery_default_service_account.bq_sa",
            "module.data-platform.module.transf-project.data.google_project.project",
            "module.data-platform.module.transf-project.data.google_storage_project_service_account.gcs_sa",
            "module.data-platform.module.transf-project.google_compute_shared_vpc_host_project.shared_vpc_host",
            "module.data-platform.module.transf-project.google_compute_shared_vpc_service_project.service_projects",
            "module.data-platform.module.transf-project.google_compute_shared_vpc_service_project.shared_vpc_service",
            "module.data-platform.module.transf-project.google_kms_crypto_key_iam_member.service_identity_cmek",
            "module.data-platform.module.transf-project.google_org_policy_policy.default",
            "module.data-platform.module.transf-project.google_project.project",
            "module.data-platform.module.transf-project.google_project_default_service_accounts.default_service_accounts",
            "module.data-platform.module.transf-project.google_project_iam_member.servicenetworking",
            "module.data-platform.module.transf-project.google_project_iam_member.shared_vpc_host_robots",
            "module.data-platform.module.transf-project.google_project_service.project_services",
            "module.data-platform.module.transf-project.google_project_service_identity.jit_si",
            "module.data-platform.module.transf-project.google_project_service_identity.servicenetworking",
            "module.data-platform.module.transf-sa-bq-0.data.google_service_account.service_account",
            "module.data-platform.module.transf-sa-bq-0.google_service_account.service_account",
            "module.data-platform.module.transf-sa-df-0.data.google_service_account.service_account",
            "module.data-platform.module.transf-sa-df-0.google_service_account.service_account"
          ]
        },
        {
          "index_key": "roles/storage.objectViewer",
          "schema_version": 0,
          "attributes": {
            "condition": [],
            "etag": "BwX4kVD7ejU=",
            "id": "y0y0-dev-data-dwh-conf-0/roles/storage.objectViewer",
            "members": [
              "group:gcp-data-analysts@yoyoland.joonix.net",
              "group:gcp-data-engineers@yoyoland.joonix.net"
            ],
            "project": "y0y0-dev-data-dwh-conf-0",
            "role": "roles/storage.objectViewer"
          },
          "sensitive_attributes": [],
          "private": "bnVsbA==",
          "dependencies": [
            "module.data-platform.module.dwh-conf-project.data.google_project.project",
            "module.data-platform.module.dwh-conf-project.google_project.project",
            "module.data-platform.module.dwh-conf-project.google_project_iam_custom_role.roles",
            "module.data-platform.module.dwh-conf-project.google_project_service.project_services",
            "module.data-platform.module.transf-project.data.google_bigquery_default_service_account.bq_sa",
            "module.data-platform.module.transf-project.data.google_project.project",
            "module.data-platform.module.transf-project.data.google_storage_project_service_account.gcs_sa",
            "module.data-platform.module.transf-project.google_compute_shared_vpc_host_project.shared_vpc_host",
            "module.data-platform.module.transf-project.google_compute_shared_vpc_service_project.service_projects",
            "module.data-platform.module.transf-project.google_compute_shared_vpc_service_project.shared_vpc_service",
            "module.data-platform.module.transf-project.google_kms_crypto_key_iam_member.service_identity_cmek",
            "module.data-platform.module.transf-project.google_org_policy_policy.default",
            "module.data-platform.module.transf-project.google_project.project",
            "module.data-platform.module.transf-project.google_project_default_service_accounts.default_service_accounts",
            "module.data-platform.module.transf-project.google_project_iam_member.servicenetworking",
            "module.data-platform.module.transf-project.google_project_iam_member.shared_vpc_host_robots",
            "module.data-platform.module.transf-project.google_project_service.project_services",
            "module.data-platform.module.transf-project.google_project_service_identity.jit_si",
            "module.data-platform.module.transf-project.google_project_service_identity.servicenetworking",
            "module.data-platform.module.transf-sa-bq-0.data.google_service_account.service_account",
            "module.data-platform.module.transf-sa-bq-0.google_service_account.service_account",
            "module.data-platform.module.transf-sa-df-0.data.google_service_account.service_account",
            "module.data-platform.module.transf-sa-df-0.google_service_account.service_account"
          ]
        }
      ]
    },
    {
      "module": "module.data-platform.module.dwh-conf-project",
      "mode": "managed",
      "type": "google_project_iam_member",
      "name": "servicenetworking",
      "provider": "provider[\"registry.terraform.io/hashicorp/google\"]",
      "instances": [
        {
          "index_key": 0,
          "schema_version": 0,
          "attributes": {
            "condition": [],
            "etag": "BwX4kVD7ejU=",
            "id": "y0y0-dev-data-dwh-conf-0/roles/servicenetworking.serviceAgent/serviceAccount:service-423373633348@service-networking.iam.gserviceaccount.com",
            "member": "serviceAccount:service-423373633348@service-networking.iam.gserviceaccount.com",
            "project": "y0y0-dev-data-dwh-conf-0",
            "role": "roles/servicenetworking.serviceAgent"
          },
          "sensitive_attributes": [],
          "private": "bnVsbA==",
          "dependencies": [
            "module.data-platform.module.dwh-conf-project.data.google_project.project",
            "module.data-platform.module.dwh-conf-project.google_project.project",
            "module.data-platform.module.dwh-conf-project.google_project_service.project_services",
            "module.data-platform.module.dwh-conf-project.google_project_service_identity.servicenetworking"
          ]
        }
      ]
    },
    {
      "module": "module.data-platform.module.dwh-conf-project",
      "mode": "managed",
      "type": "google_project_service",
      "name": "project_services",
      "provider": "provider[\"registry.terraform.io/hashicorp/google\"]",
      "instances": [
        {
          "index_key": "bigquery.googleapis.com",
          "schema_version": 0,
          "attributes": {
            "disable_dependent_services": false,
            "disable_on_destroy": false,
            "id": "y0y0-dev-data-dwh-conf-0/bigquery.googleapis.com",
            "project": "y0y0-dev-data-dwh-conf-0",
            "service": "bigquery.googleapis.com",
            "timeouts": null
          },
          "sensitive_attributes": [],
          "private": "eyJlMmJmYjczMC1lY2FhLTExZTYtOGY4OC0zNDM2M2JjN2M0YzAiOnsiY3JlYXRlIjoxMjAwMDAwMDAwMDAwLCJkZWxldGUiOjEyMDAwMDAwMDAwMDAsInJlYWQiOjYwMDAwMDAwMDAwMCwidXBkYXRlIjoxMjAwMDAwMDAwMDAwfX0=",
          "dependencies": [
            "module.data-platform.module.dwh-conf-project.data.google_project.project",
            "module.data-platform.module.dwh-conf-project.google_project.project"
          ]
        },
        {
          "index_key": "bigqueryreservation.googleapis.com",
          "schema_version": 0,
          "attributes": {
            "disable_dependent_services": false,
            "disable_on_destroy": false,
            "id": "y0y0-dev-data-dwh-conf-0/bigqueryreservation.googleapis.com",
            "project": "y0y0-dev-data-dwh-conf-0",
            "service": "bigqueryreservation.googleapis.com",
            "timeouts": null
          },
          "sensitive_attributes": [],
          "private": "eyJlMmJmYjczMC1lY2FhLTExZTYtOGY4OC0zNDM2M2JjN2M0YzAiOnsiY3JlYXRlIjoxMjAwMDAwMDAwMDAwLCJkZWxldGUiOjEyMDAwMDAwMDAwMDAsInJlYWQiOjYwMDAwMDAwMDAwMCwidXBkYXRlIjoxMjAwMDAwMDAwMDAwfX0=",
          "dependencies": [
            "module.data-platform.module.dwh-conf-project.data.google_project.project",
            "module.data-platform.module.dwh-conf-project.google_project.project"
          ]
        },
        {
          "index_key": "bigquerystorage.googleapis.com",
          "schema_version": 0,
          "attributes": {
            "disable_dependent_services": false,
            "disable_on_destroy": false,
            "id": "y0y0-dev-data-dwh-conf-0/bigquerystorage.googleapis.com",
            "project": "y0y0-dev-data-dwh-conf-0",
            "service": "bigquerystorage.googleapis.com",
            "timeouts": null
          },
          "sensitive_attributes": [],
          "private": "eyJlMmJmYjczMC1lY2FhLTExZTYtOGY4OC0zNDM2M2JjN2M0YzAiOnsiY3JlYXRlIjoxMjAwMDAwMDAwMDAwLCJkZWxldGUiOjEyMDAwMDAwMDAwMDAsInJlYWQiOjYwMDAwMDAwMDAwMCwidXBkYXRlIjoxMjAwMDAwMDAwMDAwfX0=",
          "dependencies": [
            "module.data-platform.module.dwh-conf-project.data.google_project.project",
            "module.data-platform.module.dwh-conf-project.google_project.project"
          ]
        },
        {
          "index_key": "cloudkms.googleapis.com",
          "schema_version": 0,
          "attributes": {
            "disable_dependent_services": false,
            "disable_on_destroy": false,
            "id": "y0y0-dev-data-dwh-conf-0/cloudkms.googleapis.com",
            "project": "y0y0-dev-data-dwh-conf-0",
            "service": "cloudkms.googleapis.com",
            "timeouts": null
          },
          "sensitive_attributes": [],
          "private": "eyJlMmJmYjczMC1lY2FhLTExZTYtOGY4OC0zNDM2M2JjN2M0YzAiOnsiY3JlYXRlIjoxMjAwMDAwMDAwMDAwLCJkZWxldGUiOjEyMDAwMDAwMDAwMDAsInJlYWQiOjYwMDAwMDAwMDAwMCwidXBkYXRlIjoxMjAwMDAwMDAwMDAwfX0=",
          "dependencies": [
            "module.data-platform.module.dwh-conf-project.data.google_project.project",
            "module.data-platform.module.dwh-conf-project.google_project.project"
          ]
        },
        {
          "index_key": "cloudresourcemanager.googleapis.com",
          "schema_version": 0,
          "attributes": {
            "disable_dependent_services": false,
            "disable_on_destroy": false,
            "id": "y0y0-dev-data-dwh-conf-0/cloudresourcemanager.googleapis.com",
            "project": "y0y0-dev-data-dwh-conf-0",
            "service": "cloudresourcemanager.googleapis.com",
            "timeouts": null
          },
          "sensitive_attributes": [],
          "private": "eyJlMmJmYjczMC1lY2FhLTExZTYtOGY4OC0zNDM2M2JjN2M0YzAiOnsiY3JlYXRlIjoxMjAwMDAwMDAwMDAwLCJkZWxldGUiOjEyMDAwMDAwMDAwMDAsInJlYWQiOjYwMDAwMDAwMDAwMCwidXBkYXRlIjoxMjAwMDAwMDAwMDAwfX0=",
          "dependencies": [
            "module.data-platform.module.dwh-conf-project.data.google_project.project",
            "module.data-platform.module.dwh-conf-project.google_project.project"
          ]
        },
        {
          "index_key": "compute.googleapis.com",
          "schema_version": 0,
          "attributes": {
            "disable_dependent_services": false,
            "disable_on_destroy": false,
            "id": "y0y0-dev-data-dwh-conf-0/compute.googleapis.com",
            "project": "y0y0-dev-data-dwh-conf-0",
            "service": "compute.googleapis.com",
            "timeouts": null
          },
          "sensitive_attributes": [],
          "private": "eyJlMmJmYjczMC1lY2FhLTExZTYtOGY4OC0zNDM2M2JjN2M0YzAiOnsiY3JlYXRlIjoxMjAwMDAwMDAwMDAwLCJkZWxldGUiOjEyMDAwMDAwMDAwMDAsInJlYWQiOjYwMDAwMDAwMDAwMCwidXBkYXRlIjoxMjAwMDAwMDAwMDAwfX0=",
          "dependencies": [
            "module.data-platform.module.dwh-conf-project.data.google_project.project",
            "module.data-platform.module.dwh-conf-project.google_project.project"
          ]
        },
        {
          "index_key": "dataflow.googleapis.com",
          "schema_version": 0,
          "attributes": {
            "disable_dependent_services": false,
            "disable_on_destroy": false,
            "id": "y0y0-dev-data-dwh-conf-0/dataflow.googleapis.com",
            "project": "y0y0-dev-data-dwh-conf-0",
            "service": "dataflow.googleapis.com",
            "timeouts": null
          },
          "sensitive_attributes": [],
          "private": "eyJlMmJmYjczMC1lY2FhLTExZTYtOGY4OC0zNDM2M2JjN2M0YzAiOnsiY3JlYXRlIjoxMjAwMDAwMDAwMDAwLCJkZWxldGUiOjEyMDAwMDAwMDAwMDAsInJlYWQiOjYwMDAwMDAwMDAwMCwidXBkYXRlIjoxMjAwMDAwMDAwMDAwfX0=",
          "dependencies": [
            "module.data-platform.module.dwh-conf-project.data.google_project.project",
            "module.data-platform.module.dwh-conf-project.google_project.project"
          ]
        },
        {
          "index_key": "iam.googleapis.com",
          "schema_version": 0,
          "attributes": {
            "disable_dependent_services": false,
            "disable_on_destroy": false,
            "id": "y0y0-dev-data-dwh-conf-0/iam.googleapis.com",
            "project": "y0y0-dev-data-dwh-conf-0",
            "service": "iam.googleapis.com",
            "timeouts": null
          },
          "sensitive_attributes": [],
          "private": "eyJlMmJmYjczMC1lY2FhLTExZTYtOGY4OC0zNDM2M2JjN2M0YzAiOnsiY3JlYXRlIjoxMjAwMDAwMDAwMDAwLCJkZWxldGUiOjEyMDAwMDAwMDAwMDAsInJlYWQiOjYwMDAwMDAwMDAwMCwidXBkYXRlIjoxMjAwMDAwMDAwMDAwfX0=",
          "dependencies": [
            "module.data-platform.module.dwh-conf-project.data.google_project.project",
            "module.data-platform.module.dwh-conf-project.google_project.project"
          ]
        },
        {
          "index_key": "pubsub.googleapis.com",
          "schema_version": 0,
          "attributes": {
            "disable_dependent_services": false,
            "disable_on_destroy": false,
            "id": "y0y0-dev-data-dwh-conf-0/pubsub.googleapis.com",
            "project": "y0y0-dev-data-dwh-conf-0",
            "service": "pubsub.googleapis.com",
            "timeouts": null
          },
          "sensitive_attributes": [],
          "private": "eyJlMmJmYjczMC1lY2FhLTExZTYtOGY4OC0zNDM2M2JjN2M0YzAiOnsiY3JlYXRlIjoxMjAwMDAwMDAwMDAwLCJkZWxldGUiOjEyMDAwMDAwMDAwMDAsInJlYWQiOjYwMDAwMDAwMDAwMCwidXBkYXRlIjoxMjAwMDAwMDAwMDAwfX0=",
          "dependencies": [
            "module.data-platform.module.dwh-conf-project.data.google_project.project",
            "module.data-platform.module.dwh-conf-project.google_project.project"
          ]
        },
        {
          "index_key": "servicenetworking.googleapis.com",
          "schema_version": 0,
          "attributes": {
            "disable_dependent_services": false,
            "disable_on_destroy": false,
            "id": "y0y0-dev-data-dwh-conf-0/servicenetworking.googleapis.com",
            "project": "y0y0-dev-data-dwh-conf-0",
            "service": "servicenetworking.googleapis.com",
            "timeouts": null
          },
          "sensitive_attributes": [],
          "private": "eyJlMmJmYjczMC1lY2FhLTExZTYtOGY4OC0zNDM2M2JjN2M0YzAiOnsiY3JlYXRlIjoxMjAwMDAwMDAwMDAwLCJkZWxldGUiOjEyMDAwMDAwMDAwMDAsInJlYWQiOjYwMDAwMDAwMDAwMCwidXBkYXRlIjoxMjAwMDAwMDAwMDAwfX0=",
          "dependencies": [
            "module.data-platform.module.dwh-conf-project.data.google_project.project",
            "module.data-platform.module.dwh-conf-project.google_project.project"
          ]
        },
        {
          "index_key": "serviceusage.googleapis.com",
          "schema_version": 0,
          "attributes": {
            "disable_dependent_services": false,
            "disable_on_destroy": false,
            "id": "y0y0-dev-data-dwh-conf-0/serviceusage.googleapis.com",
            "project": "y0y0-dev-data-dwh-conf-0",
            "service": "serviceusage.googleapis.com",
            "timeouts": null
          },
          "sensitive_attributes": [],
          "private": "eyJlMmJmYjczMC1lY2FhLTExZTYtOGY4OC0zNDM2M2JjN2M0YzAiOnsiY3JlYXRlIjoxMjAwMDAwMDAwMDAwLCJkZWxldGUiOjEyMDAwMDAwMDAwMDAsInJlYWQiOjYwMDAwMDAwMDAwMCwidXBkYXRlIjoxMjAwMDAwMDAwMDAwfX0=",
          "dependencies": [
            "module.data-platform.module.dwh-conf-project.data.google_project.project",
            "module.data-platform.module.dwh-conf-project.google_project.project"
          ]
        },
        {
          "index_key": "stackdriver.googleapis.com",
          "schema_version": 0,
          "attributes": {
            "disable_dependent_services": false,
            "disable_on_destroy": false,
            "id": "y0y0-dev-data-dwh-conf-0/stackdriver.googleapis.com",
            "project": "y0y0-dev-data-dwh-conf-0",
            "service": "stackdriver.googleapis.com",
            "timeouts": null
          },
          "sensitive_attributes": [],
          "private": "eyJlMmJmYjczMC1lY2FhLTExZTYtOGY4OC0zNDM2M2JjN2M0YzAiOnsiY3JlYXRlIjoxMjAwMDAwMDAwMDAwLCJkZWxldGUiOjEyMDAwMDAwMDAwMDAsInJlYWQiOjYwMDAwMDAwMDAwMCwidXBkYXRlIjoxMjAwMDAwMDAwMDAwfX0=",
          "dependencies": [
            "module.data-platform.module.dwh-conf-project.data.google_project.project",
            "module.data-platform.module.dwh-conf-project.google_project.project"
          ]
        },
        {
          "index_key": "storage-component.googleapis.com",
          "schema_version": 0,
          "attributes": {
            "disable_dependent_services": false,
            "disable_on_destroy": false,
            "id": "y0y0-dev-data-dwh-conf-0/storage-component.googleapis.com",
            "project": "y0y0-dev-data-dwh-conf-0",
            "service": "storage-component.googleapis.com",
            "timeouts": null
          },
          "sensitive_attributes": [],
          "private": "eyJlMmJmYjczMC1lY2FhLTExZTYtOGY4OC0zNDM2M2JjN2M0YzAiOnsiY3JlYXRlIjoxMjAwMDAwMDAwMDAwLCJkZWxldGUiOjEyMDAwMDAwMDAwMDAsInJlYWQiOjYwMDAwMDAwMDAwMCwidXBkYXRlIjoxMjAwMDAwMDAwMDAwfX0=",
          "dependencies": [
            "module.data-platform.module.dwh-conf-project.data.google_project.project",
            "module.data-platform.module.dwh-conf-project.google_project.project"
          ]
        },
        {
          "index_key": "storage.googleapis.com",
          "schema_version": 0,
          "attributes": {
            "disable_dependent_services": false,
            "disable_on_destroy": false,
            "id": "y0y0-dev-data-dwh-conf-0/storage.googleapis.com",
            "project": "y0y0-dev-data-dwh-conf-0",
            "service": "storage.googleapis.com",
            "timeouts": null
          },
          "sensitive_attributes": [],
          "private": "eyJlMmJmYjczMC1lY2FhLTExZTYtOGY4OC0zNDM2M2JjN2M0YzAiOnsiY3JlYXRlIjoxMjAwMDAwMDAwMDAwLCJkZWxldGUiOjEyMDAwMDAwMDAwMDAsInJlYWQiOjYwMDAwMDAwMDAwMCwidXBkYXRlIjoxMjAwMDAwMDAwMDAwfX0=",
          "dependencies": [
            "module.data-platform.module.dwh-conf-project.data.google_project.project",
            "module.data-platform.module.dwh-conf-project.google_project.project"
          ]
        }
      ]
    },
    {
      "module": "module.data-platform.module.dwh-conf-project",
      "mode": "managed",
      "type": "google_project_service_identity",
      "name": "jit_si",
      "provider": "provider[\"registry.terraform.io/hashicorp/google-beta\"]",
      "instances": [
        {
          "index_key": "pubsub.googleapis.com",
          "schema_version": 0,
          "attributes": {
            "email": "service-423373633348@gcp-sa-pubsub.iam.gserviceaccount.com",
            "id": "projects/y0y0-dev-data-dwh-conf-0/services/pubsub.googleapis.com",
            "project": "y0y0-dev-data-dwh-conf-0",
            "service": "pubsub.googleapis.com",
            "timeouts": null
          },
          "sensitive_attributes": [],
          "private": "eyJlMmJmYjczMC1lY2FhLTExZTYtOGY4OC0zNDM2M2JjN2M0YzAiOnsiY3JlYXRlIjoxMjAwMDAwMDAwMDAwLCJkZWxldGUiOjEyMDAwMDAwMDAwMDAsInJlYWQiOjYwMDAwMDAwMDAwMH19",
          "dependencies": [
            "module.data-platform.module.dwh-conf-project.data.google_project.project",
            "module.data-platform.module.dwh-conf-project.google_project.project",
            "module.data-platform.module.dwh-conf-project.google_project_service.project_services"
          ]
        }
      ]
    },
    {
      "module": "module.data-platform.module.dwh-conf-project",
      "mode": "managed",
      "type": "google_project_service_identity",
      "name": "servicenetworking",
      "provider": "provider[\"registry.terraform.io/hashicorp/google-beta\"]",
      "instances": [
        {
          "index_key": 0,
          "schema_version": 0,
          "attributes": {
            "email": "service-423373633348@service-networking.iam.gserviceaccount.com",
            "id": "projects/y0y0-dev-data-dwh-conf-0/services/servicenetworking.googleapis.com",
            "project": "y0y0-dev-data-dwh-conf-0",
            "service": "servicenetworking.googleapis.com",
            "timeouts": null
          },
          "sensitive_attributes": [],
          "private": "eyJlMmJmYjczMC1lY2FhLTExZTYtOGY4OC0zNDM2M2JjN2M0YzAiOnsiY3JlYXRlIjoxMjAwMDAwMDAwMDAwLCJkZWxldGUiOjEyMDAwMDAwMDAwMDAsInJlYWQiOjYwMDAwMDAwMDAwMH19",
          "dependencies": [
            "module.data-platform.module.dwh-conf-project.data.google_project.project",
            "module.data-platform.module.dwh-conf-project.google_project.project",
            "module.data-platform.module.dwh-conf-project.google_project_service.project_services"
          ]
        }
      ]
    },
    {
      "module": "module.data-platform.module.dwh-cur-bq-0",
      "mode": "managed",
      "type": "google_bigquery_dataset",
      "name": "default",
      "provider": "provider[\"registry.terraform.io/hashicorp/google\"]",
      "instances": [
        {
          "schema_version": 0,
          "attributes": {
            "access": [
              {
                "dataset": [],
                "domain": "",
                "group_by_email": "",
                "role": "OWNER",
                "routine": [],
                "special_group": "",
                "user_by_email": "yoyo-dev-resman-dp-0@yoyo-prod-iac-core-0.iam.gserviceaccount.com",
                "view": []
              },
              {
                "dataset": [],
                "domain": "",
                "group_by_email": "",
                "role": "OWNER",
                "routine": [],
                "special_group": "projectOwners",
                "user_by_email": "",
                "view": []
              },
              {
                "dataset": [],
                "domain": "",
                "group_by_email": "",
                "role": "READER",
                "routine": [],
                "special_group": "projectReaders",
                "user_by_email": "",
                "view": []
              },
              {
                "dataset": [],
                "domain": "",
                "group_by_email": "",
                "role": "WRITER",
                "routine": [],
                "special_group": "projectWriters",
                "user_by_email": "",
                "view": []
              }
            ],
            "creation_time": 1680677885119,
            "dataset_id": "y0y0_dev_data_dwh_cur_bq_0",
            "default_collation": "",
            "default_encryption_configuration": [],
            "default_partition_expiration_ms": 0,
            "default_table_expiration_ms": 0,
            "delete_contents_on_destroy": false,
            "description": "Terraform managed.",
            "etag": "oPdWbKYHAgLmNrgz9ViF2Q==",
            "friendly_name": "",
            "id": "projects/y0y0-dev-data-dwh-cur-0/datasets/y0y0_dev_data_dwh_cur_bq_0",
            "is_case_insensitive": false,
            "labels": {},
            "last_modified_time": 1680677885119,
            "location": "EU",
            "max_time_travel_hours": "168",
            "project": "y0y0-dev-data-dwh-cur-0",
            "self_link": "https://bigquery.googleapis.com/bigquery/v2/projects/y0y0-dev-data-dwh-cur-0/datasets/y0y0_dev_data_dwh_cur_bq_0",
            "timeouts": null
          },
          "sensitive_attributes": [],
          "private": "eyJlMmJmYjczMC1lY2FhLTExZTYtOGY4OC0zNDM2M2JjN2M0YzAiOnsiY3JlYXRlIjoxMjAwMDAwMDAwMDAwLCJkZWxldGUiOjEyMDAwMDAwMDAwMDAsInVwZGF0ZSI6MTIwMDAwMDAwMDAwMH19",
          "dependencies": [
            "module.data-platform.module.dwh-cur-project.data.google_bigquery_default_service_account.bq_sa",
            "module.data-platform.module.dwh-cur-project.data.google_project.project",
            "module.data-platform.module.dwh-cur-project.data.google_storage_project_service_account.gcs_sa",
            "module.data-platform.module.dwh-cur-project.google_compute_shared_vpc_host_project.shared_vpc_host",
            "module.data-platform.module.dwh-cur-project.google_compute_shared_vpc_service_project.service_projects",
            "module.data-platform.module.dwh-cur-project.google_compute_shared_vpc_service_project.shared_vpc_service",
            "module.data-platform.module.dwh-cur-project.google_kms_crypto_key_iam_member.service_identity_cmek",
            "module.data-platform.module.dwh-cur-project.google_org_policy_policy.default",
            "module.data-platform.module.dwh-cur-project.google_project.project",
            "module.data-platform.module.dwh-cur-project.google_project_default_service_accounts.default_service_accounts",
            "module.data-platform.module.dwh-cur-project.google_project_iam_member.servicenetworking",
            "module.data-platform.module.dwh-cur-project.google_project_iam_member.shared_vpc_host_robots",
            "module.data-platform.module.dwh-cur-project.google_project_service.project_services",
            "module.data-platform.module.dwh-cur-project.google_project_service_identity.jit_si",
            "module.data-platform.module.dwh-cur-project.google_project_service_identity.servicenetworking"
          ]
        }
      ]
    },
    {
      "module": "module.data-platform.module.dwh-cur-cs-0",
      "mode": "managed",
      "type": "google_storage_bucket",
      "name": "bucket",
      "provider": "provider[\"registry.terraform.io/hashicorp/google\"]",
      "instances": [
        {
          "schema_version": 0,
          "attributes": {
            "autoclass": [],
            "cors": [],
            "custom_placement_config": [],
            "default_event_based_hold": false,
            "encryption": [],
            "force_destroy": false,
            "id": "y0y0-dev-data-dwh-cur-cs-0",
            "labels": {},
            "lifecycle_rule": [],
            "location": "EU",
            "logging": [],
            "name": "y0y0-dev-data-dwh-cur-cs-0",
            "project": "y0y0-dev-data-dwh-cur-0",
            "public_access_prevention": "inherited",
            "requester_pays": false,
            "retention_policy": [],
            "self_link": "https://www.googleapis.com/storage/v1/b/y0y0-dev-data-dwh-cur-cs-0",
            "storage_class": "MULTI_REGIONAL",
            "timeouts": null,
            "uniform_bucket_level_access": true,
            "url": "gs://y0y0-dev-data-dwh-cur-cs-0",
            "versioning": [
              {
                "enabled": false
              }
            ],
            "website": []
          },
          "sensitive_attributes": [],
          "private": "eyJlMmJmYjczMC1lY2FhLTExZTYtOGY4OC0zNDM2M2JjN2M0YzAiOnsiY3JlYXRlIjo2MDAwMDAwMDAwMDAsInJlYWQiOjI0MDAwMDAwMDAwMCwidXBkYXRlIjoyNDAwMDAwMDAwMDB9fQ==",
          "dependencies": [
            "module.data-platform.module.dwh-cur-project.data.google_bigquery_default_service_account.bq_sa",
            "module.data-platform.module.dwh-cur-project.data.google_project.project",
            "module.data-platform.module.dwh-cur-project.data.google_storage_project_service_account.gcs_sa",
            "module.data-platform.module.dwh-cur-project.google_compute_shared_vpc_host_project.shared_vpc_host",
            "module.data-platform.module.dwh-cur-project.google_compute_shared_vpc_service_project.service_projects",
            "module.data-platform.module.dwh-cur-project.google_compute_shared_vpc_service_project.shared_vpc_service",
            "module.data-platform.module.dwh-cur-project.google_kms_crypto_key_iam_member.service_identity_cmek",
            "module.data-platform.module.dwh-cur-project.google_org_policy_policy.default",
            "module.data-platform.module.dwh-cur-project.google_project.project",
            "module.data-platform.module.dwh-cur-project.google_project_default_service_accounts.default_service_accounts",
            "module.data-platform.module.dwh-cur-project.google_project_iam_member.servicenetworking",
            "module.data-platform.module.dwh-cur-project.google_project_iam_member.shared_vpc_host_robots",
            "module.data-platform.module.dwh-cur-project.google_project_service.project_services",
            "module.data-platform.module.dwh-cur-project.google_project_service_identity.jit_si",
            "module.data-platform.module.dwh-cur-project.google_project_service_identity.servicenetworking"
          ]
        }
      ]
    },
    {
      "module": "module.data-platform.module.dwh-cur-project",
      "mode": "data",
      "type": "google_bigquery_default_service_account",
      "name": "bq_sa",
      "provider": "provider[\"registry.terraform.io/hashicorp/google\"]",
      "instances": [
        {
          "index_key": 0,
          "schema_version": 0,
          "attributes": {
            "email": "bq-422180310674@bigquery-encryption.iam.gserviceaccount.com",
            "id": "bq-422180310674@bigquery-encryption.iam.gserviceaccount.com",
            "member": "serviceAccount:bq-422180310674@bigquery-encryption.iam.gserviceaccount.com",
            "project": "y0y0-dev-data-dwh-cur-0"
          },
          "sensitive_attributes": []
        }
      ]
    },
    {
      "module": "module.data-platform.module.dwh-cur-project",
      "mode": "data",
      "type": "google_storage_project_service_account",
      "name": "gcs_sa",
      "provider": "provider[\"registry.terraform.io/hashicorp/google\"]",
      "instances": [
        {
          "index_key": 0,
          "schema_version": 0,
          "attributes": {
            "email_address": "service-422180310674@gs-project-accounts.iam.gserviceaccount.com",
            "id": "service-422180310674@gs-project-accounts.iam.gserviceaccount.com",
            "member": "serviceAccount:service-422180310674@gs-project-accounts.iam.gserviceaccount.com",
            "project": "y0y0-dev-data-dwh-cur-0",
            "user_project": null
          },
          "sensitive_attributes": []
        }
      ]
    },
    {
      "module": "module.data-platform.module.dwh-cur-project",
      "mode": "managed",
      "type": "google_project",
      "name": "project",
      "provider": "provider[\"registry.terraform.io/hashicorp/google\"]",
      "instances": [
        {
          "index_key": 0,
          "schema_version": 1,
          "attributes": {
            "auto_create_network": false,
            "billing_account": "0189FA-E139FD-136A58",
            "folder_id": "907613514079",
            "id": "projects/y0y0-dev-data-dwh-cur-0",
            "labels": {},
            "name": "y0y0-dev-data-dwh-cur-0",
            "number": "422180310674",
            "org_id": "",
            "project_id": "y0y0-dev-data-dwh-cur-0",
            "skip_delete": false,
            "timeouts": null
          },
          "sensitive_attributes": [],
          "private": "eyJlMmJmYjczMC1lY2FhLTExZTYtOGY4OC0zNDM2M2JjN2M0YzAiOnsiY3JlYXRlIjo2MDAwMDAwMDAwMDAsImRlbGV0ZSI6NjAwMDAwMDAwMDAwLCJyZWFkIjo2MDAwMDAwMDAwMDAsInVwZGF0ZSI6NjAwMDAwMDAwMDAwfSwic2NoZW1hX3ZlcnNpb24iOiIxIn0="
        }
      ]
    },
    {
      "module": "module.data-platform.module.dwh-cur-project",
      "mode": "managed",
      "type": "google_project_iam_binding",
      "name": "authoritative",
      "provider": "provider[\"registry.terraform.io/hashicorp/google\"]",
      "instances": [
        {
          "index_key": "roles/bigquery.dataOwner",
          "schema_version": 0,
          "attributes": {
            "condition": [],
            "etag": "BwX4kVEn/XQ=",
            "id": "y0y0-dev-data-dwh-cur-0/roles/bigquery.dataOwner",
            "members": [
              "serviceAccount:y0y0-dev-data-trf-bq-0@y0y0-dev-data-trf-0.iam.gserviceaccount.com",
              "serviceAccount:y0y0-dev-data-trf-df-0@y0y0-dev-data-trf-0.iam.gserviceaccount.com"
            ],
            "project": "y0y0-dev-data-dwh-cur-0",
            "role": "roles/bigquery.dataOwner"
          },
          "sensitive_attributes": [],
          "private": "bnVsbA==",
          "dependencies": [
            "module.data-platform.module.dwh-cur-project.data.google_project.project",
            "module.data-platform.module.dwh-cur-project.google_project.project",
            "module.data-platform.module.dwh-cur-project.google_project_iam_custom_role.roles",
            "module.data-platform.module.dwh-cur-project.google_project_service.project_services",
            "module.data-platform.module.transf-project.data.google_bigquery_default_service_account.bq_sa",
            "module.data-platform.module.transf-project.data.google_project.project",
            "module.data-platform.module.transf-project.data.google_storage_project_service_account.gcs_sa",
            "module.data-platform.module.transf-project.google_compute_shared_vpc_host_project.shared_vpc_host",
            "module.data-platform.module.transf-project.google_compute_shared_vpc_service_project.service_projects",
            "module.data-platform.module.transf-project.google_compute_shared_vpc_service_project.shared_vpc_service",
            "module.data-platform.module.transf-project.google_kms_crypto_key_iam_member.service_identity_cmek",
            "module.data-platform.module.transf-project.google_org_policy_policy.default",
            "module.data-platform.module.transf-project.google_project.project",
            "module.data-platform.module.transf-project.google_project_default_service_accounts.default_service_accounts",
            "module.data-platform.module.transf-project.google_project_iam_member.servicenetworking",
            "module.data-platform.module.transf-project.google_project_iam_member.shared_vpc_host_robots",
            "module.data-platform.module.transf-project.google_project_service.project_services",
            "module.data-platform.module.transf-project.google_project_service_identity.jit_si",
            "module.data-platform.module.transf-project.google_project_service_identity.servicenetworking",
            "module.data-platform.module.transf-sa-bq-0.data.google_service_account.service_account",
            "module.data-platform.module.transf-sa-bq-0.google_service_account.service_account",
            "module.data-platform.module.transf-sa-df-0.data.google_service_account.service_account",
            "module.data-platform.module.transf-sa-df-0.google_service_account.service_account"
          ]
        },
        {
          "index_key": "roles/bigquery.dataViewer",
          "schema_version": 0,
          "attributes": {
            "condition": [],
            "etag": "BwX4kVEn/XQ=",
            "id": "y0y0-dev-data-dwh-cur-0/roles/bigquery.dataViewer",
            "members": [
              "group:gcp-data-analysts@yoyoland.joonix.net",
              "group:gcp-data-engineers@yoyoland.joonix.net"
            ],
            "project": "y0y0-dev-data-dwh-cur-0",
            "role": "roles/bigquery.dataViewer"
          },
          "sensitive_attributes": [],
          "private": "bnVsbA==",
          "dependencies": [
            "module.data-platform.module.dwh-cur-project.data.google_project.project",
            "module.data-platform.module.dwh-cur-project.google_project.project",
            "module.data-platform.module.dwh-cur-project.google_project_iam_custom_role.roles",
            "module.data-platform.module.dwh-cur-project.google_project_service.project_services",
            "module.data-platform.module.transf-project.data.google_bigquery_default_service_account.bq_sa",
            "module.data-platform.module.transf-project.data.google_project.project",
            "module.data-platform.module.transf-project.data.google_storage_project_service_account.gcs_sa",
            "module.data-platform.module.transf-project.google_compute_shared_vpc_host_project.shared_vpc_host",
            "module.data-platform.module.transf-project.google_compute_shared_vpc_service_project.service_projects",
            "module.data-platform.module.transf-project.google_compute_shared_vpc_service_project.shared_vpc_service",
            "module.data-platform.module.transf-project.google_kms_crypto_key_iam_member.service_identity_cmek",
            "module.data-platform.module.transf-project.google_org_policy_policy.default",
            "module.data-platform.module.transf-project.google_project.project",
            "module.data-platform.module.transf-project.google_project_default_service_accounts.default_service_accounts",
            "module.data-platform.module.transf-project.google_project_iam_member.servicenetworking",
            "module.data-platform.module.transf-project.google_project_iam_member.shared_vpc_host_robots",
            "module.data-platform.module.transf-project.google_project_service.project_services",
            "module.data-platform.module.transf-project.google_project_service_identity.jit_si",
            "module.data-platform.module.transf-project.google_project_service_identity.servicenetworking",
            "module.data-platform.module.transf-sa-bq-0.data.google_service_account.service_account",
            "module.data-platform.module.transf-sa-bq-0.google_service_account.service_account",
            "module.data-platform.module.transf-sa-df-0.data.google_service_account.service_account",
            "module.data-platform.module.transf-sa-df-0.google_service_account.service_account"
          ]
        },
        {
          "index_key": "roles/bigquery.jobUser",
          "schema_version": 0,
          "attributes": {
            "condition": [],
            "etag": "BwX4kVEn/XQ=",
            "id": "y0y0-dev-data-dwh-cur-0/roles/bigquery.jobUser",
            "members": [
              "group:gcp-data-analysts@yoyoland.joonix.net",
              "group:gcp-data-engineers@yoyoland.joonix.net",
              "serviceAccount:y0y0-dev-data-trf-bq-0@y0y0-dev-data-trf-0.iam.gserviceaccount.com"
            ],
            "project": "y0y0-dev-data-dwh-cur-0",
            "role": "roles/bigquery.jobUser"
          },
          "sensitive_attributes": [],
          "private": "bnVsbA==",
          "dependencies": [
            "module.data-platform.module.dwh-cur-project.data.google_project.project",
            "module.data-platform.module.dwh-cur-project.google_project.project",
            "module.data-platform.module.dwh-cur-project.google_project_iam_custom_role.roles",
            "module.data-platform.module.dwh-cur-project.google_project_service.project_services",
            "module.data-platform.module.transf-project.data.google_bigquery_default_service_account.bq_sa",
            "module.data-platform.module.transf-project.data.google_project.project",
            "module.data-platform.module.transf-project.data.google_storage_project_service_account.gcs_sa",
            "module.data-platform.module.transf-project.google_compute_shared_vpc_host_project.shared_vpc_host",
            "module.data-platform.module.transf-project.google_compute_shared_vpc_service_project.service_projects",
            "module.data-platform.module.transf-project.google_compute_shared_vpc_service_project.shared_vpc_service",
            "module.data-platform.module.transf-project.google_kms_crypto_key_iam_member.service_identity_cmek",
            "module.data-platform.module.transf-project.google_org_policy_policy.default",
            "module.data-platform.module.transf-project.google_project.project",
            "module.data-platform.module.transf-project.google_project_default_service_accounts.default_service_accounts",
            "module.data-platform.module.transf-project.google_project_iam_member.servicenetworking",
            "module.data-platform.module.transf-project.google_project_iam_member.shared_vpc_host_robots",
            "module.data-platform.module.transf-project.google_project_service.project_services",
            "module.data-platform.module.transf-project.google_project_service_identity.jit_si",
            "module.data-platform.module.transf-project.google_project_service_identity.servicenetworking",
            "module.data-platform.module.transf-sa-bq-0.data.google_service_account.service_account",
            "module.data-platform.module.transf-sa-bq-0.google_service_account.service_account",
            "module.data-platform.module.transf-sa-df-0.data.google_service_account.service_account",
            "module.data-platform.module.transf-sa-df-0.google_service_account.service_account"
          ]
        },
        {
          "index_key": "roles/datacatalog.tagTemplateViewer",
          "schema_version": 0,
          "attributes": {
            "condition": [],
            "etag": "BwX4kVEn/XQ=",
            "id": "y0y0-dev-data-dwh-cur-0/roles/datacatalog.tagTemplateViewer",
            "members": [
              "group:gcp-data-analysts@yoyoland.joonix.net",
              "group:gcp-data-engineers@yoyoland.joonix.net"
            ],
            "project": "y0y0-dev-data-dwh-cur-0",
            "role": "roles/datacatalog.tagTemplateViewer"
          },
          "sensitive_attributes": [],
          "private": "bnVsbA==",
          "dependencies": [
            "module.data-platform.module.dwh-cur-project.data.google_project.project",
            "module.data-platform.module.dwh-cur-project.google_project.project",
            "module.data-platform.module.dwh-cur-project.google_project_iam_custom_role.roles",
            "module.data-platform.module.dwh-cur-project.google_project_service.project_services",
            "module.data-platform.module.transf-project.data.google_bigquery_default_service_account.bq_sa",
            "module.data-platform.module.transf-project.data.google_project.project",
            "module.data-platform.module.transf-project.data.google_storage_project_service_account.gcs_sa",
            "module.data-platform.module.transf-project.google_compute_shared_vpc_host_project.shared_vpc_host",
            "module.data-platform.module.transf-project.google_compute_shared_vpc_service_project.service_projects",
            "module.data-platform.module.transf-project.google_compute_shared_vpc_service_project.shared_vpc_service",
            "module.data-platform.module.transf-project.google_kms_crypto_key_iam_member.service_identity_cmek",
            "module.data-platform.module.transf-project.google_org_policy_policy.default",
            "module.data-platform.module.transf-project.google_project.project",
            "module.data-platform.module.transf-project.google_project_default_service_accounts.default_service_accounts",
            "module.data-platform.module.transf-project.google_project_iam_member.servicenetworking",
            "module.data-platform.module.transf-project.google_project_iam_member.shared_vpc_host_robots",
            "module.data-platform.module.transf-project.google_project_service.project_services",
            "module.data-platform.module.transf-project.google_project_service_identity.jit_si",
            "module.data-platform.module.transf-project.google_project_service_identity.servicenetworking",
            "module.data-platform.module.transf-sa-bq-0.data.google_service_account.service_account",
            "module.data-platform.module.transf-sa-bq-0.google_service_account.service_account",
            "module.data-platform.module.transf-sa-df-0.data.google_service_account.service_account",
            "module.data-platform.module.transf-sa-df-0.google_service_account.service_account"
          ]
        },
        {
          "index_key": "roles/datacatalog.viewer",
          "schema_version": 0,
          "attributes": {
            "condition": [],
            "etag": "BwX4kVEn/XQ=",
            "id": "y0y0-dev-data-dwh-cur-0/roles/datacatalog.viewer",
            "members": [
              "group:gcp-data-analysts@yoyoland.joonix.net",
              "group:gcp-data-engineers@yoyoland.joonix.net"
            ],
            "project": "y0y0-dev-data-dwh-cur-0",
            "role": "roles/datacatalog.viewer"
          },
          "sensitive_attributes": [],
          "private": "bnVsbA==",
          "dependencies": [
            "module.data-platform.module.dwh-cur-project.data.google_project.project",
            "module.data-platform.module.dwh-cur-project.google_project.project",
            "module.data-platform.module.dwh-cur-project.google_project_iam_custom_role.roles",
            "module.data-platform.module.dwh-cur-project.google_project_service.project_services",
            "module.data-platform.module.transf-project.data.google_bigquery_default_service_account.bq_sa",
            "module.data-platform.module.transf-project.data.google_project.project",
            "module.data-platform.module.transf-project.data.google_storage_project_service_account.gcs_sa",
            "module.data-platform.module.transf-project.google_compute_shared_vpc_host_project.shared_vpc_host",
            "module.data-platform.module.transf-project.google_compute_shared_vpc_service_project.service_projects",
            "module.data-platform.module.transf-project.google_compute_shared_vpc_service_project.shared_vpc_service",
            "module.data-platform.module.transf-project.google_kms_crypto_key_iam_member.service_identity_cmek",
            "module.data-platform.module.transf-project.google_org_policy_policy.default",
            "module.data-platform.module.transf-project.google_project.project",
            "module.data-platform.module.transf-project.google_project_default_service_accounts.default_service_accounts",
            "module.data-platform.module.transf-project.google_project_iam_member.servicenetworking",
            "module.data-platform.module.transf-project.google_project_iam_member.shared_vpc_host_robots",
            "module.data-platform.module.transf-project.google_project_service.project_services",
            "module.data-platform.module.transf-project.google_project_service_identity.jit_si",
            "module.data-platform.module.transf-project.google_project_service_identity.servicenetworking",
            "module.data-platform.module.transf-sa-bq-0.data.google_service_account.service_account",
            "module.data-platform.module.transf-sa-bq-0.google_service_account.service_account",
            "module.data-platform.module.transf-sa-df-0.data.google_service_account.service_account",
            "module.data-platform.module.transf-sa-df-0.google_service_account.service_account"
          ]
        },
        {
          "index_key": "roles/storage.objectAdmin",
          "schema_version": 0,
          "attributes": {
            "condition": [],
            "etag": "BwX4kVEn/XQ=",
            "id": "y0y0-dev-data-dwh-cur-0/roles/storage.objectAdmin",
            "members": [
              "serviceAccount:y0y0-dev-data-trf-df-0@y0y0-dev-data-trf-0.iam.gserviceaccount.com"
            ],
            "project": "y0y0-dev-data-dwh-cur-0",
            "role": "roles/storage.objectAdmin"
          },
          "sensitive_attributes": [],
          "private": "bnVsbA==",
          "dependencies": [
            "module.data-platform.module.dwh-cur-project.data.google_project.project",
            "module.data-platform.module.dwh-cur-project.google_project.project",
            "module.data-platform.module.dwh-cur-project.google_project_iam_custom_role.roles",
            "module.data-platform.module.dwh-cur-project.google_project_service.project_services",
            "module.data-platform.module.transf-project.data.google_bigquery_default_service_account.bq_sa",
            "module.data-platform.module.transf-project.data.google_project.project",
            "module.data-platform.module.transf-project.data.google_storage_project_service_account.gcs_sa",
            "module.data-platform.module.transf-project.google_compute_shared_vpc_host_project.shared_vpc_host",
            "module.data-platform.module.transf-project.google_compute_shared_vpc_service_project.service_projects",
            "module.data-platform.module.transf-project.google_compute_shared_vpc_service_project.shared_vpc_service",
            "module.data-platform.module.transf-project.google_kms_crypto_key_iam_member.service_identity_cmek",
            "module.data-platform.module.transf-project.google_org_policy_policy.default",
            "module.data-platform.module.transf-project.google_project.project",
            "module.data-platform.module.transf-project.google_project_default_service_accounts.default_service_accounts",
            "module.data-platform.module.transf-project.google_project_iam_member.servicenetworking",
            "module.data-platform.module.transf-project.google_project_iam_member.shared_vpc_host_robots",
            "module.data-platform.module.transf-project.google_project_service.project_services",
            "module.data-platform.module.transf-project.google_project_service_identity.jit_si",
            "module.data-platform.module.transf-project.google_project_service_identity.servicenetworking",
            "module.data-platform.module.transf-sa-bq-0.data.google_service_account.service_account",
            "module.data-platform.module.transf-sa-bq-0.google_service_account.service_account",
            "module.data-platform.module.transf-sa-df-0.data.google_service_account.service_account",
            "module.data-platform.module.transf-sa-df-0.google_service_account.service_account"
          ]
        },
        {
          "index_key": "roles/storage.objectViewer",
          "schema_version": 0,
          "attributes": {
            "condition": [],
            "etag": "BwX4kVEn/XQ=",
            "id": "y0y0-dev-data-dwh-cur-0/roles/storage.objectViewer",
            "members": [
              "group:gcp-data-analysts@yoyoland.joonix.net",
              "group:gcp-data-engineers@yoyoland.joonix.net"
            ],
            "project": "y0y0-dev-data-dwh-cur-0",
            "role": "roles/storage.objectViewer"
          },
          "sensitive_attributes": [],
          "private": "bnVsbA==",
          "dependencies": [
            "module.data-platform.module.dwh-cur-project.data.google_project.project",
            "module.data-platform.module.dwh-cur-project.google_project.project",
            "module.data-platform.module.dwh-cur-project.google_project_iam_custom_role.roles",
            "module.data-platform.module.dwh-cur-project.google_project_service.project_services",
            "module.data-platform.module.transf-project.data.google_bigquery_default_service_account.bq_sa",
            "module.data-platform.module.transf-project.data.google_project.project",
            "module.data-platform.module.transf-project.data.google_storage_project_service_account.gcs_sa",
            "module.data-platform.module.transf-project.google_compute_shared_vpc_host_project.shared_vpc_host",
            "module.data-platform.module.transf-project.google_compute_shared_vpc_service_project.service_projects",
            "module.data-platform.module.transf-project.google_compute_shared_vpc_service_project.shared_vpc_service",
            "module.data-platform.module.transf-project.google_kms_crypto_key_iam_member.service_identity_cmek",
            "module.data-platform.module.transf-project.google_org_policy_policy.default",
            "module.data-platform.module.transf-project.google_project.project",
            "module.data-platform.module.transf-project.google_project_default_service_accounts.default_service_accounts",
            "module.data-platform.module.transf-project.google_project_iam_member.servicenetworking",
            "module.data-platform.module.transf-project.google_project_iam_member.shared_vpc_host_robots",
            "module.data-platform.module.transf-project.google_project_service.project_services",
            "module.data-platform.module.transf-project.google_project_service_identity.jit_si",
            "module.data-platform.module.transf-project.google_project_service_identity.servicenetworking",
            "module.data-platform.module.transf-sa-bq-0.data.google_service_account.service_account",
            "module.data-platform.module.transf-sa-bq-0.google_service_account.service_account",
            "module.data-platform.module.transf-sa-df-0.data.google_service_account.service_account",
            "module.data-platform.module.transf-sa-df-0.google_service_account.service_account"
          ]
        }
      ]
    },
    {
      "module": "module.data-platform.module.dwh-cur-project",
      "mode": "managed",
      "type": "google_project_iam_member",
      "name": "servicenetworking",
      "provider": "provider[\"registry.terraform.io/hashicorp/google\"]",
      "instances": [
        {
          "index_key": 0,
          "schema_version": 0,
          "attributes": {
            "condition": [],
            "etag": "BwX4kVEn/XQ=",
            "id": "y0y0-dev-data-dwh-cur-0/roles/servicenetworking.serviceAgent/serviceAccount:service-422180310674@service-networking.iam.gserviceaccount.com",
            "member": "serviceAccount:service-422180310674@service-networking.iam.gserviceaccount.com",
            "project": "y0y0-dev-data-dwh-cur-0",
            "role": "roles/servicenetworking.serviceAgent"
          },
          "sensitive_attributes": [],
          "private": "bnVsbA==",
          "dependencies": [
            "module.data-platform.module.dwh-cur-project.data.google_project.project",
            "module.data-platform.module.dwh-cur-project.google_project.project",
            "module.data-platform.module.dwh-cur-project.google_project_service.project_services",
            "module.data-platform.module.dwh-cur-project.google_project_service_identity.servicenetworking"
          ]
        }
      ]
    },
    {
      "module": "module.data-platform.module.dwh-cur-project",
      "mode": "managed",
      "type": "google_project_service",
      "name": "project_services",
      "provider": "provider[\"registry.terraform.io/hashicorp/google\"]",
      "instances": [
        {
          "index_key": "bigquery.googleapis.com",
          "schema_version": 0,
          "attributes": {
            "disable_dependent_services": false,
            "disable_on_destroy": false,
            "id": "y0y0-dev-data-dwh-cur-0/bigquery.googleapis.com",
            "project": "y0y0-dev-data-dwh-cur-0",
            "service": "bigquery.googleapis.com",
            "timeouts": null
          },
          "sensitive_attributes": [],
          "private": "eyJlMmJmYjczMC1lY2FhLTExZTYtOGY4OC0zNDM2M2JjN2M0YzAiOnsiY3JlYXRlIjoxMjAwMDAwMDAwMDAwLCJkZWxldGUiOjEyMDAwMDAwMDAwMDAsInJlYWQiOjYwMDAwMDAwMDAwMCwidXBkYXRlIjoxMjAwMDAwMDAwMDAwfX0=",
          "dependencies": [
            "module.data-platform.module.dwh-cur-project.data.google_project.project",
            "module.data-platform.module.dwh-cur-project.google_project.project"
          ]
        },
        {
          "index_key": "bigqueryreservation.googleapis.com",
          "schema_version": 0,
          "attributes": {
            "disable_dependent_services": false,
            "disable_on_destroy": false,
            "id": "y0y0-dev-data-dwh-cur-0/bigqueryreservation.googleapis.com",
            "project": "y0y0-dev-data-dwh-cur-0",
            "service": "bigqueryreservation.googleapis.com",
            "timeouts": null
          },
          "sensitive_attributes": [],
          "private": "eyJlMmJmYjczMC1lY2FhLTExZTYtOGY4OC0zNDM2M2JjN2M0YzAiOnsiY3JlYXRlIjoxMjAwMDAwMDAwMDAwLCJkZWxldGUiOjEyMDAwMDAwMDAwMDAsInJlYWQiOjYwMDAwMDAwMDAwMCwidXBkYXRlIjoxMjAwMDAwMDAwMDAwfX0=",
          "dependencies": [
            "module.data-platform.module.dwh-cur-project.data.google_project.project",
            "module.data-platform.module.dwh-cur-project.google_project.project"
          ]
        },
        {
          "index_key": "bigquerystorage.googleapis.com",
          "schema_version": 0,
          "attributes": {
            "disable_dependent_services": false,
            "disable_on_destroy": false,
            "id": "y0y0-dev-data-dwh-cur-0/bigquerystorage.googleapis.com",
            "project": "y0y0-dev-data-dwh-cur-0",
            "service": "bigquerystorage.googleapis.com",
            "timeouts": null
          },
          "sensitive_attributes": [],
          "private": "eyJlMmJmYjczMC1lY2FhLTExZTYtOGY4OC0zNDM2M2JjN2M0YzAiOnsiY3JlYXRlIjoxMjAwMDAwMDAwMDAwLCJkZWxldGUiOjEyMDAwMDAwMDAwMDAsInJlYWQiOjYwMDAwMDAwMDAwMCwidXBkYXRlIjoxMjAwMDAwMDAwMDAwfX0=",
          "dependencies": [
            "module.data-platform.module.dwh-cur-project.data.google_project.project",
            "module.data-platform.module.dwh-cur-project.google_project.project"
          ]
        },
        {
          "index_key": "cloudkms.googleapis.com",
          "schema_version": 0,
          "attributes": {
            "disable_dependent_services": false,
            "disable_on_destroy": false,
            "id": "y0y0-dev-data-dwh-cur-0/cloudkms.googleapis.com",
            "project": "y0y0-dev-data-dwh-cur-0",
            "service": "cloudkms.googleapis.com",
            "timeouts": null
          },
          "sensitive_attributes": [],
          "private": "eyJlMmJmYjczMC1lY2FhLTExZTYtOGY4OC0zNDM2M2JjN2M0YzAiOnsiY3JlYXRlIjoxMjAwMDAwMDAwMDAwLCJkZWxldGUiOjEyMDAwMDAwMDAwMDAsInJlYWQiOjYwMDAwMDAwMDAwMCwidXBkYXRlIjoxMjAwMDAwMDAwMDAwfX0=",
          "dependencies": [
            "module.data-platform.module.dwh-cur-project.data.google_project.project",
            "module.data-platform.module.dwh-cur-project.google_project.project"
          ]
        },
        {
          "index_key": "cloudresourcemanager.googleapis.com",
          "schema_version": 0,
          "attributes": {
            "disable_dependent_services": false,
            "disable_on_destroy": false,
            "id": "y0y0-dev-data-dwh-cur-0/cloudresourcemanager.googleapis.com",
            "project": "y0y0-dev-data-dwh-cur-0",
            "service": "cloudresourcemanager.googleapis.com",
            "timeouts": null
          },
          "sensitive_attributes": [],
          "private": "eyJlMmJmYjczMC1lY2FhLTExZTYtOGY4OC0zNDM2M2JjN2M0YzAiOnsiY3JlYXRlIjoxMjAwMDAwMDAwMDAwLCJkZWxldGUiOjEyMDAwMDAwMDAwMDAsInJlYWQiOjYwMDAwMDAwMDAwMCwidXBkYXRlIjoxMjAwMDAwMDAwMDAwfX0=",
          "dependencies": [
            "module.data-platform.module.dwh-cur-project.data.google_project.project",
            "module.data-platform.module.dwh-cur-project.google_project.project"
          ]
        },
        {
          "index_key": "compute.googleapis.com",
          "schema_version": 0,
          "attributes": {
            "disable_dependent_services": false,
            "disable_on_destroy": false,
            "id": "y0y0-dev-data-dwh-cur-0/compute.googleapis.com",
            "project": "y0y0-dev-data-dwh-cur-0",
            "service": "compute.googleapis.com",
            "timeouts": null
          },
          "sensitive_attributes": [],
          "private": "eyJlMmJmYjczMC1lY2FhLTExZTYtOGY4OC0zNDM2M2JjN2M0YzAiOnsiY3JlYXRlIjoxMjAwMDAwMDAwMDAwLCJkZWxldGUiOjEyMDAwMDAwMDAwMDAsInJlYWQiOjYwMDAwMDAwMDAwMCwidXBkYXRlIjoxMjAwMDAwMDAwMDAwfX0=",
          "dependencies": [
            "module.data-platform.module.dwh-cur-project.data.google_project.project",
            "module.data-platform.module.dwh-cur-project.google_project.project"
          ]
        },
        {
          "index_key": "dataflow.googleapis.com",
          "schema_version": 0,
          "attributes": {
            "disable_dependent_services": false,
            "disable_on_destroy": false,
            "id": "y0y0-dev-data-dwh-cur-0/dataflow.googleapis.com",
            "project": "y0y0-dev-data-dwh-cur-0",
            "service": "dataflow.googleapis.com",
            "timeouts": null
          },
          "sensitive_attributes": [],
          "private": "eyJlMmJmYjczMC1lY2FhLTExZTYtOGY4OC0zNDM2M2JjN2M0YzAiOnsiY3JlYXRlIjoxMjAwMDAwMDAwMDAwLCJkZWxldGUiOjEyMDAwMDAwMDAwMDAsInJlYWQiOjYwMDAwMDAwMDAwMCwidXBkYXRlIjoxMjAwMDAwMDAwMDAwfX0=",
          "dependencies": [
            "module.data-platform.module.dwh-cur-project.data.google_project.project",
            "module.data-platform.module.dwh-cur-project.google_project.project"
          ]
        },
        {
          "index_key": "iam.googleapis.com",
          "schema_version": 0,
          "attributes": {
            "disable_dependent_services": false,
            "disable_on_destroy": false,
            "id": "y0y0-dev-data-dwh-cur-0/iam.googleapis.com",
            "project": "y0y0-dev-data-dwh-cur-0",
            "service": "iam.googleapis.com",
            "timeouts": null
          },
          "sensitive_attributes": [],
          "private": "eyJlMmJmYjczMC1lY2FhLTExZTYtOGY4OC0zNDM2M2JjN2M0YzAiOnsiY3JlYXRlIjoxMjAwMDAwMDAwMDAwLCJkZWxldGUiOjEyMDAwMDAwMDAwMDAsInJlYWQiOjYwMDAwMDAwMDAwMCwidXBkYXRlIjoxMjAwMDAwMDAwMDAwfX0=",
          "dependencies": [
            "module.data-platform.module.dwh-cur-project.data.google_project.project",
            "module.data-platform.module.dwh-cur-project.google_project.project"
          ]
        },
        {
          "index_key": "pubsub.googleapis.com",
          "schema_version": 0,
          "attributes": {
            "disable_dependent_services": false,
            "disable_on_destroy": false,
            "id": "y0y0-dev-data-dwh-cur-0/pubsub.googleapis.com",
            "project": "y0y0-dev-data-dwh-cur-0",
            "service": "pubsub.googleapis.com",
            "timeouts": null
          },
          "sensitive_attributes": [],
          "private": "eyJlMmJmYjczMC1lY2FhLTExZTYtOGY4OC0zNDM2M2JjN2M0YzAiOnsiY3JlYXRlIjoxMjAwMDAwMDAwMDAwLCJkZWxldGUiOjEyMDAwMDAwMDAwMDAsInJlYWQiOjYwMDAwMDAwMDAwMCwidXBkYXRlIjoxMjAwMDAwMDAwMDAwfX0=",
          "dependencies": [
            "module.data-platform.module.dwh-cur-project.data.google_project.project",
            "module.data-platform.module.dwh-cur-project.google_project.project"
          ]
        },
        {
          "index_key": "servicenetworking.googleapis.com",
          "schema_version": 0,
          "attributes": {
            "disable_dependent_services": false,
            "disable_on_destroy": false,
            "id": "y0y0-dev-data-dwh-cur-0/servicenetworking.googleapis.com",
            "project": "y0y0-dev-data-dwh-cur-0",
            "service": "servicenetworking.googleapis.com",
            "timeouts": null
          },
          "sensitive_attributes": [],
          "private": "eyJlMmJmYjczMC1lY2FhLTExZTYtOGY4OC0zNDM2M2JjN2M0YzAiOnsiY3JlYXRlIjoxMjAwMDAwMDAwMDAwLCJkZWxldGUiOjEyMDAwMDAwMDAwMDAsInJlYWQiOjYwMDAwMDAwMDAwMCwidXBkYXRlIjoxMjAwMDAwMDAwMDAwfX0=",
          "dependencies": [
            "module.data-platform.module.dwh-cur-project.data.google_project.project",
            "module.data-platform.module.dwh-cur-project.google_project.project"
          ]
        },
        {
          "index_key": "serviceusage.googleapis.com",
          "schema_version": 0,
          "attributes": {
            "disable_dependent_services": false,
            "disable_on_destroy": false,
            "id": "y0y0-dev-data-dwh-cur-0/serviceusage.googleapis.com",
            "project": "y0y0-dev-data-dwh-cur-0",
            "service": "serviceusage.googleapis.com",
            "timeouts": null
          },
          "sensitive_attributes": [],
          "private": "eyJlMmJmYjczMC1lY2FhLTExZTYtOGY4OC0zNDM2M2JjN2M0YzAiOnsiY3JlYXRlIjoxMjAwMDAwMDAwMDAwLCJkZWxldGUiOjEyMDAwMDAwMDAwMDAsInJlYWQiOjYwMDAwMDAwMDAwMCwidXBkYXRlIjoxMjAwMDAwMDAwMDAwfX0=",
          "dependencies": [
            "module.data-platform.module.dwh-cur-project.data.google_project.project",
            "module.data-platform.module.dwh-cur-project.google_project.project"
          ]
        },
        {
          "index_key": "stackdriver.googleapis.com",
          "schema_version": 0,
          "attributes": {
            "disable_dependent_services": false,
            "disable_on_destroy": false,
            "id": "y0y0-dev-data-dwh-cur-0/stackdriver.googleapis.com",
            "project": "y0y0-dev-data-dwh-cur-0",
            "service": "stackdriver.googleapis.com",
            "timeouts": null
          },
          "sensitive_attributes": [],
          "private": "eyJlMmJmYjczMC1lY2FhLTExZTYtOGY4OC0zNDM2M2JjN2M0YzAiOnsiY3JlYXRlIjoxMjAwMDAwMDAwMDAwLCJkZWxldGUiOjEyMDAwMDAwMDAwMDAsInJlYWQiOjYwMDAwMDAwMDAwMCwidXBkYXRlIjoxMjAwMDAwMDAwMDAwfX0=",
          "dependencies": [
            "module.data-platform.module.dwh-cur-project.data.google_project.project",
            "module.data-platform.module.dwh-cur-project.google_project.project"
          ]
        },
        {
          "index_key": "storage-component.googleapis.com",
          "schema_version": 0,
          "attributes": {
            "disable_dependent_services": false,
            "disable_on_destroy": false,
            "id": "y0y0-dev-data-dwh-cur-0/storage-component.googleapis.com",
            "project": "y0y0-dev-data-dwh-cur-0",
            "service": "storage-component.googleapis.com",
            "timeouts": null
          },
          "sensitive_attributes": [],
          "private": "eyJlMmJmYjczMC1lY2FhLTExZTYtOGY4OC0zNDM2M2JjN2M0YzAiOnsiY3JlYXRlIjoxMjAwMDAwMDAwMDAwLCJkZWxldGUiOjEyMDAwMDAwMDAwMDAsInJlYWQiOjYwMDAwMDAwMDAwMCwidXBkYXRlIjoxMjAwMDAwMDAwMDAwfX0=",
          "dependencies": [
            "module.data-platform.module.dwh-cur-project.data.google_project.project",
            "module.data-platform.module.dwh-cur-project.google_project.project"
          ]
        },
        {
          "index_key": "storage.googleapis.com",
          "schema_version": 0,
          "attributes": {
            "disable_dependent_services": false,
            "disable_on_destroy": false,
            "id": "y0y0-dev-data-dwh-cur-0/storage.googleapis.com",
            "project": "y0y0-dev-data-dwh-cur-0",
            "service": "storage.googleapis.com",
            "timeouts": null
          },
          "sensitive_attributes": [],
          "private": "eyJlMmJmYjczMC1lY2FhLTExZTYtOGY4OC0zNDM2M2JjN2M0YzAiOnsiY3JlYXRlIjoxMjAwMDAwMDAwMDAwLCJkZWxldGUiOjEyMDAwMDAwMDAwMDAsInJlYWQiOjYwMDAwMDAwMDAwMCwidXBkYXRlIjoxMjAwMDAwMDAwMDAwfX0=",
          "dependencies": [
            "module.data-platform.module.dwh-cur-project.data.google_project.project",
            "module.data-platform.module.dwh-cur-project.google_project.project"
          ]
        }
      ]
    },
    {
      "module": "module.data-platform.module.dwh-cur-project",
      "mode": "managed",
      "type": "google_project_service_identity",
      "name": "jit_si",
      "provider": "provider[\"registry.terraform.io/hashicorp/google-beta\"]",
      "instances": [
        {
          "index_key": "pubsub.googleapis.com",
          "schema_version": 0,
          "attributes": {
            "email": "service-422180310674@gcp-sa-pubsub.iam.gserviceaccount.com",
            "id": "projects/y0y0-dev-data-dwh-cur-0/services/pubsub.googleapis.com",
            "project": "y0y0-dev-data-dwh-cur-0",
            "service": "pubsub.googleapis.com",
            "timeouts": null
          },
          "sensitive_attributes": [],
          "private": "eyJlMmJmYjczMC1lY2FhLTExZTYtOGY4OC0zNDM2M2JjN2M0YzAiOnsiY3JlYXRlIjoxMjAwMDAwMDAwMDAwLCJkZWxldGUiOjEyMDAwMDAwMDAwMDAsInJlYWQiOjYwMDAwMDAwMDAwMH19",
          "dependencies": [
            "module.data-platform.module.dwh-cur-project.data.google_project.project",
            "module.data-platform.module.dwh-cur-project.google_project.project",
            "module.data-platform.module.dwh-cur-project.google_project_service.project_services"
          ]
        }
      ]
    },
    {
      "module": "module.data-platform.module.dwh-cur-project",
      "mode": "managed",
      "type": "google_project_service_identity",
      "name": "servicenetworking",
      "provider": "provider[\"registry.terraform.io/hashicorp/google-beta\"]",
      "instances": [
        {
          "index_key": 0,
          "schema_version": 0,
          "attributes": {
            "email": "service-422180310674@service-networking.iam.gserviceaccount.com",
            "id": "projects/y0y0-dev-data-dwh-cur-0/services/servicenetworking.googleapis.com",
            "project": "y0y0-dev-data-dwh-cur-0",
            "service": "servicenetworking.googleapis.com",
            "timeouts": null
          },
          "sensitive_attributes": [],
          "private": "eyJlMmJmYjczMC1lY2FhLTExZTYtOGY4OC0zNDM2M2JjN2M0YzAiOnsiY3JlYXRlIjoxMjAwMDAwMDAwMDAwLCJkZWxldGUiOjEyMDAwMDAwMDAwMDAsInJlYWQiOjYwMDAwMDAwMDAwMH19",
          "dependencies": [
            "module.data-platform.module.dwh-cur-project.data.google_project.project",
            "module.data-platform.module.dwh-cur-project.google_project.project",
            "module.data-platform.module.dwh-cur-project.google_project_service.project_services"
          ]
        }
      ]
    },
    {
      "module": "module.data-platform.module.dwh-lnd-bq-0",
      "mode": "managed",
      "type": "google_bigquery_dataset",
      "name": "default",
      "provider": "provider[\"registry.terraform.io/hashicorp/google\"]",
      "instances": [
        {
          "schema_version": 0,
          "attributes": {
            "access": [
              {
                "dataset": [],
                "domain": "",
                "group_by_email": "",
                "role": "OWNER",
                "routine": [],
                "special_group": "",
                "user_by_email": "yoyo-dev-resman-dp-0@yoyo-prod-iac-core-0.iam.gserviceaccount.com",
                "view": []
              },
              {
                "dataset": [],
                "domain": "",
                "group_by_email": "",
                "role": "OWNER",
                "routine": [],
                "special_group": "projectOwners",
                "user_by_email": "",
                "view": []
              },
              {
                "dataset": [],
                "domain": "",
                "group_by_email": "",
                "role": "READER",
                "routine": [],
                "special_group": "projectReaders",
                "user_by_email": "",
                "view": []
              },
              {
                "dataset": [],
                "domain": "",
                "group_by_email": "",
                "role": "WRITER",
                "routine": [],
                "special_group": "projectWriters",
                "user_by_email": "",
                "view": []
              }
            ],
            "creation_time": 1680677884697,
            "dataset_id": "y0y0_dev_data_dwh_lnd_bq_0",
            "default_collation": "",
            "default_encryption_configuration": [],
            "default_partition_expiration_ms": 0,
            "default_table_expiration_ms": 0,
            "delete_contents_on_destroy": false,
            "description": "Terraform managed.",
            "etag": "Xl0vsAh7iHgmBejXqtzMjA==",
            "friendly_name": "",
            "id": "projects/y0y0-dev-data-dwh-lnd-0/datasets/y0y0_dev_data_dwh_lnd_bq_0",
            "is_case_insensitive": false,
            "labels": {},
            "last_modified_time": 1680677884697,
            "location": "EU",
            "max_time_travel_hours": "168",
            "project": "y0y0-dev-data-dwh-lnd-0",
            "self_link": "https://bigquery.googleapis.com/bigquery/v2/projects/y0y0-dev-data-dwh-lnd-0/datasets/y0y0_dev_data_dwh_lnd_bq_0",
            "timeouts": null
          },
          "sensitive_attributes": [],
          "private": "eyJlMmJmYjczMC1lY2FhLTExZTYtOGY4OC0zNDM2M2JjN2M0YzAiOnsiY3JlYXRlIjoxMjAwMDAwMDAwMDAwLCJkZWxldGUiOjEyMDAwMDAwMDAwMDAsInVwZGF0ZSI6MTIwMDAwMDAwMDAwMH19",
          "dependencies": [
            "module.data-platform.module.dwh-lnd-project.data.google_bigquery_default_service_account.bq_sa",
            "module.data-platform.module.dwh-lnd-project.data.google_project.project",
            "module.data-platform.module.dwh-lnd-project.data.google_storage_project_service_account.gcs_sa",
            "module.data-platform.module.dwh-lnd-project.google_compute_shared_vpc_host_project.shared_vpc_host",
            "module.data-platform.module.dwh-lnd-project.google_compute_shared_vpc_service_project.service_projects",
            "module.data-platform.module.dwh-lnd-project.google_compute_shared_vpc_service_project.shared_vpc_service",
            "module.data-platform.module.dwh-lnd-project.google_kms_crypto_key_iam_member.service_identity_cmek",
            "module.data-platform.module.dwh-lnd-project.google_org_policy_policy.default",
            "module.data-platform.module.dwh-lnd-project.google_project.project",
            "module.data-platform.module.dwh-lnd-project.google_project_default_service_accounts.default_service_accounts",
            "module.data-platform.module.dwh-lnd-project.google_project_iam_member.servicenetworking",
            "module.data-platform.module.dwh-lnd-project.google_project_iam_member.shared_vpc_host_robots",
            "module.data-platform.module.dwh-lnd-project.google_project_service.project_services",
            "module.data-platform.module.dwh-lnd-project.google_project_service_identity.jit_si",
            "module.data-platform.module.dwh-lnd-project.google_project_service_identity.servicenetworking"
          ]
        }
      ]
    },
    {
      "module": "module.data-platform.module.dwh-lnd-cs-0",
      "mode": "managed",
      "type": "google_storage_bucket",
      "name": "bucket",
      "provider": "provider[\"registry.terraform.io/hashicorp/google\"]",
      "instances": [
        {
          "schema_version": 0,
          "attributes": {
            "autoclass": [],
            "cors": [],
            "custom_placement_config": [],
            "default_event_based_hold": false,
            "encryption": [],
            "force_destroy": false,
            "id": "y0y0-dev-data-dwh-lnd-cs-0",
            "labels": {},
            "lifecycle_rule": [],
            "location": "EU",
            "logging": [],
            "name": "y0y0-dev-data-dwh-lnd-cs-0",
            "project": "y0y0-dev-data-dwh-lnd-0",
            "public_access_prevention": "inherited",
            "requester_pays": false,
            "retention_policy": [],
            "self_link": "https://www.googleapis.com/storage/v1/b/y0y0-dev-data-dwh-lnd-cs-0",
            "storage_class": "MULTI_REGIONAL",
            "timeouts": null,
            "uniform_bucket_level_access": true,
            "url": "gs://y0y0-dev-data-dwh-lnd-cs-0",
            "versioning": [
              {
                "enabled": false
              }
            ],
            "website": []
          },
          "sensitive_attributes": [],
          "private": "eyJlMmJmYjczMC1lY2FhLTExZTYtOGY4OC0zNDM2M2JjN2M0YzAiOnsiY3JlYXRlIjo2MDAwMDAwMDAwMDAsInJlYWQiOjI0MDAwMDAwMDAwMCwidXBkYXRlIjoyNDAwMDAwMDAwMDB9fQ==",
          "dependencies": [
            "module.data-platform.module.dwh-lnd-project.data.google_bigquery_default_service_account.bq_sa",
            "module.data-platform.module.dwh-lnd-project.data.google_project.project",
            "module.data-platform.module.dwh-lnd-project.data.google_storage_project_service_account.gcs_sa",
            "module.data-platform.module.dwh-lnd-project.google_compute_shared_vpc_host_project.shared_vpc_host",
            "module.data-platform.module.dwh-lnd-project.google_compute_shared_vpc_service_project.service_projects",
            "module.data-platform.module.dwh-lnd-project.google_compute_shared_vpc_service_project.shared_vpc_service",
            "module.data-platform.module.dwh-lnd-project.google_kms_crypto_key_iam_member.service_identity_cmek",
            "module.data-platform.module.dwh-lnd-project.google_org_policy_policy.default",
            "module.data-platform.module.dwh-lnd-project.google_project.project",
            "module.data-platform.module.dwh-lnd-project.google_project_default_service_accounts.default_service_accounts",
            "module.data-platform.module.dwh-lnd-project.google_project_iam_member.servicenetworking",
            "module.data-platform.module.dwh-lnd-project.google_project_iam_member.shared_vpc_host_robots",
            "module.data-platform.module.dwh-lnd-project.google_project_service.project_services",
            "module.data-platform.module.dwh-lnd-project.google_project_service_identity.jit_si",
            "module.data-platform.module.dwh-lnd-project.google_project_service_identity.servicenetworking"
          ]
        }
      ]
    },
    {
      "module": "module.data-platform.module.dwh-lnd-project",
      "mode": "data",
      "type": "google_bigquery_default_service_account",
      "name": "bq_sa",
      "provider": "provider[\"registry.terraform.io/hashicorp/google\"]",
      "instances": [
        {
          "index_key": 0,
          "schema_version": 0,
          "attributes": {
            "email": "bq-951256585501@bigquery-encryption.iam.gserviceaccount.com",
            "id": "bq-951256585501@bigquery-encryption.iam.gserviceaccount.com",
            "member": "serviceAccount:bq-951256585501@bigquery-encryption.iam.gserviceaccount.com",
            "project": "y0y0-dev-data-dwh-lnd-0"
          },
          "sensitive_attributes": []
        }
      ]
    },
    {
      "module": "module.data-platform.module.dwh-lnd-project",
      "mode": "data",
      "type": "google_storage_project_service_account",
      "name": "gcs_sa",
      "provider": "provider[\"registry.terraform.io/hashicorp/google\"]",
      "instances": [
        {
          "index_key": 0,
          "schema_version": 0,
          "attributes": {
            "email_address": "service-951256585501@gs-project-accounts.iam.gserviceaccount.com",
            "id": "service-951256585501@gs-project-accounts.iam.gserviceaccount.com",
            "member": "serviceAccount:service-951256585501@gs-project-accounts.iam.gserviceaccount.com",
            "project": "y0y0-dev-data-dwh-lnd-0",
            "user_project": null
          },
          "sensitive_attributes": []
        }
      ]
    },
    {
      "module": "module.data-platform.module.dwh-lnd-project",
      "mode": "managed",
      "type": "google_project",
      "name": "project",
      "provider": "provider[\"registry.terraform.io/hashicorp/google\"]",
      "instances": [
        {
          "index_key": 0,
          "schema_version": 1,
          "attributes": {
            "auto_create_network": false,
            "billing_account": "0189FA-E139FD-136A58",
            "folder_id": "907613514079",
            "id": "projects/y0y0-dev-data-dwh-lnd-0",
            "labels": {},
            "name": "y0y0-dev-data-dwh-lnd-0",
            "number": "951256585501",
            "org_id": "",
            "project_id": "y0y0-dev-data-dwh-lnd-0",
            "skip_delete": false,
            "timeouts": null
          },
          "sensitive_attributes": [],
          "private": "eyJlMmJmYjczMC1lY2FhLTExZTYtOGY4OC0zNDM2M2JjN2M0YzAiOnsiY3JlYXRlIjo2MDAwMDAwMDAwMDAsImRlbGV0ZSI6NjAwMDAwMDAwMDAwLCJyZWFkIjo2MDAwMDAwMDAwMDAsInVwZGF0ZSI6NjAwMDAwMDAwMDAwfSwic2NoZW1hX3ZlcnNpb24iOiIxIn0="
        }
      ]
    },
    {
      "module": "module.data-platform.module.dwh-lnd-project",
      "mode": "managed",
      "type": "google_project_iam_binding",
      "name": "authoritative",
      "provider": "provider[\"registry.terraform.io/hashicorp/google\"]",
      "instances": [
        {
          "index_key": "roles/bigquery.dataOwner",
          "schema_version": 0,
          "attributes": {
            "condition": [],
            "etag": "BwX4kVO+I8g=",
            "id": "y0y0-dev-data-dwh-lnd-0/roles/bigquery.dataOwner",
            "members": [
              "serviceAccount:y0y0-dev-data-load-df-0@y0y0-dev-data-lod-0.iam.gserviceaccount.com"
            ],
            "project": "y0y0-dev-data-dwh-lnd-0",
            "role": "roles/bigquery.dataOwner"
          },
          "sensitive_attributes": [],
          "private": "bnVsbA==",
          "dependencies": [
            "module.data-platform.module.dwh-lnd-project.data.google_project.project",
            "module.data-platform.module.dwh-lnd-project.google_project.project",
            "module.data-platform.module.dwh-lnd-project.google_project_iam_custom_role.roles",
            "module.data-platform.module.dwh-lnd-project.google_project_service.project_services",
            "module.data-platform.module.load-project.data.google_bigquery_default_service_account.bq_sa",
            "module.data-platform.module.load-project.data.google_project.project",
            "module.data-platform.module.load-project.data.google_storage_project_service_account.gcs_sa",
            "module.data-platform.module.load-project.google_compute_shared_vpc_host_project.shared_vpc_host",
            "module.data-platform.module.load-project.google_compute_shared_vpc_service_project.service_projects",
            "module.data-platform.module.load-project.google_compute_shared_vpc_service_project.shared_vpc_service",
            "module.data-platform.module.load-project.google_kms_crypto_key_iam_member.service_identity_cmek",
            "module.data-platform.module.load-project.google_org_policy_policy.default",
            "module.data-platform.module.load-project.google_project.project",
            "module.data-platform.module.load-project.google_project_default_service_accounts.default_service_accounts",
            "module.data-platform.module.load-project.google_project_iam_member.servicenetworking",
            "module.data-platform.module.load-project.google_project_iam_member.shared_vpc_host_robots",
            "module.data-platform.module.load-project.google_project_service.project_services",
            "module.data-platform.module.load-project.google_project_service_identity.jit_si",
            "module.data-platform.module.load-project.google_project_service_identity.servicenetworking",
            "module.data-platform.module.load-sa-df-0.data.google_service_account.service_account",
            "module.data-platform.module.load-sa-df-0.google_service_account.service_account",
            "module.data-platform.module.transf-project.data.google_bigquery_default_service_account.bq_sa",
            "module.data-platform.module.transf-project.data.google_project.project",
            "module.data-platform.module.transf-project.data.google_storage_project_service_account.gcs_sa",
            "module.data-platform.module.transf-project.google_compute_shared_vpc_host_project.shared_vpc_host",
            "module.data-platform.module.transf-project.google_compute_shared_vpc_service_project.service_projects",
            "module.data-platform.module.transf-project.google_compute_shared_vpc_service_project.shared_vpc_service",
            "module.data-platform.module.transf-project.google_kms_crypto_key_iam_member.service_identity_cmek",
            "module.data-platform.module.transf-project.google_org_policy_policy.default",
            "module.data-platform.module.transf-project.google_project.project",
            "module.data-platform.module.transf-project.google_project_default_service_accounts.default_service_accounts",
            "module.data-platform.module.transf-project.google_project_iam_member.servicenetworking",
            "module.data-platform.module.transf-project.google_project_iam_member.shared_vpc_host_robots",
            "module.data-platform.module.transf-project.google_project_service.project_services",
            "module.data-platform.module.transf-project.google_project_service_identity.jit_si",
            "module.data-platform.module.transf-project.google_project_service_identity.servicenetworking",
            "module.data-platform.module.transf-sa-bq-0.data.google_service_account.service_account",
            "module.data-platform.module.transf-sa-bq-0.google_service_account.service_account",
            "module.data-platform.module.transf-sa-df-0.data.google_service_account.service_account",
            "module.data-platform.module.transf-sa-df-0.google_service_account.service_account"
          ]
        },
        {
          "index_key": "roles/bigquery.dataViewer",
          "schema_version": 0,
          "attributes": {
            "condition": [],
            "etag": "BwX4kVO+I8g=",
            "id": "y0y0-dev-data-dwh-lnd-0/roles/bigquery.dataViewer",
            "members": [
              "group:gcp-data-engineers@yoyoland.joonix.net",
              "serviceAccount:y0y0-dev-data-trf-bq-0@y0y0-dev-data-trf-0.iam.gserviceaccount.com",
              "serviceAccount:y0y0-dev-data-trf-df-0@y0y0-dev-data-trf-0.iam.gserviceaccount.com"
            ],
            "project": "y0y0-dev-data-dwh-lnd-0",
            "role": "roles/bigquery.dataViewer"
          },
          "sensitive_attributes": [],
          "private": "bnVsbA==",
          "dependencies": [
            "module.data-platform.module.dwh-lnd-project.data.google_project.project",
            "module.data-platform.module.dwh-lnd-project.google_project.project",
            "module.data-platform.module.dwh-lnd-project.google_project_iam_custom_role.roles",
            "module.data-platform.module.dwh-lnd-project.google_project_service.project_services",
            "module.data-platform.module.load-project.data.google_bigquery_default_service_account.bq_sa",
            "module.data-platform.module.load-project.data.google_project.project",
            "module.data-platform.module.load-project.data.google_storage_project_service_account.gcs_sa",
            "module.data-platform.module.load-project.google_compute_shared_vpc_host_project.shared_vpc_host",
            "module.data-platform.module.load-project.google_compute_shared_vpc_service_project.service_projects",
            "module.data-platform.module.load-project.google_compute_shared_vpc_service_project.shared_vpc_service",
            "module.data-platform.module.load-project.google_kms_crypto_key_iam_member.service_identity_cmek",
            "module.data-platform.module.load-project.google_org_policy_policy.default",
            "module.data-platform.module.load-project.google_project.project",
            "module.data-platform.module.load-project.google_project_default_service_accounts.default_service_accounts",
            "module.data-platform.module.load-project.google_project_iam_member.servicenetworking",
            "module.data-platform.module.load-project.google_project_iam_member.shared_vpc_host_robots",
            "module.data-platform.module.load-project.google_project_service.project_services",
            "module.data-platform.module.load-project.google_project_service_identity.jit_si",
            "module.data-platform.module.load-project.google_project_service_identity.servicenetworking",
            "module.data-platform.module.load-sa-df-0.data.google_service_account.service_account",
            "module.data-platform.module.load-sa-df-0.google_service_account.service_account",
            "module.data-platform.module.transf-project.data.google_bigquery_default_service_account.bq_sa",
            "module.data-platform.module.transf-project.data.google_project.project",
            "module.data-platform.module.transf-project.data.google_storage_project_service_account.gcs_sa",
            "module.data-platform.module.transf-project.google_compute_shared_vpc_host_project.shared_vpc_host",
            "module.data-platform.module.transf-project.google_compute_shared_vpc_service_project.service_projects",
            "module.data-platform.module.transf-project.google_compute_shared_vpc_service_project.shared_vpc_service",
            "module.data-platform.module.transf-project.google_kms_crypto_key_iam_member.service_identity_cmek",
            "module.data-platform.module.transf-project.google_org_policy_policy.default",
            "module.data-platform.module.transf-project.google_project.project",
            "module.data-platform.module.transf-project.google_project_default_service_accounts.default_service_accounts",
            "module.data-platform.module.transf-project.google_project_iam_member.servicenetworking",
            "module.data-platform.module.transf-project.google_project_iam_member.shared_vpc_host_robots",
            "module.data-platform.module.transf-project.google_project_service.project_services",
            "module.data-platform.module.transf-project.google_project_service_identity.jit_si",
            "module.data-platform.module.transf-project.google_project_service_identity.servicenetworking",
            "module.data-platform.module.transf-sa-bq-0.data.google_service_account.service_account",
            "module.data-platform.module.transf-sa-bq-0.google_service_account.service_account",
            "module.data-platform.module.transf-sa-df-0.data.google_service_account.service_account",
            "module.data-platform.module.transf-sa-df-0.google_service_account.service_account"
          ]
        },
        {
          "index_key": "roles/bigquery.jobUser",
          "schema_version": 0,
          "attributes": {
            "condition": [],
            "etag": "BwX4kVO+I8g=",
            "id": "y0y0-dev-data-dwh-lnd-0/roles/bigquery.jobUser",
            "members": [
              "group:gcp-data-engineers@yoyoland.joonix.net",
              "serviceAccount:y0y0-dev-data-load-df-0@y0y0-dev-data-lod-0.iam.gserviceaccount.com"
            ],
            "project": "y0y0-dev-data-dwh-lnd-0",
            "role": "roles/bigquery.jobUser"
          },
          "sensitive_attributes": [],
          "private": "bnVsbA==",
          "dependencies": [
            "module.data-platform.module.dwh-lnd-project.data.google_project.project",
            "module.data-platform.module.dwh-lnd-project.google_project.project",
            "module.data-platform.module.dwh-lnd-project.google_project_iam_custom_role.roles",
            "module.data-platform.module.dwh-lnd-project.google_project_service.project_services",
            "module.data-platform.module.load-project.data.google_bigquery_default_service_account.bq_sa",
            "module.data-platform.module.load-project.data.google_project.project",
            "module.data-platform.module.load-project.data.google_storage_project_service_account.gcs_sa",
            "module.data-platform.module.load-project.google_compute_shared_vpc_host_project.shared_vpc_host",
            "module.data-platform.module.load-project.google_compute_shared_vpc_service_project.service_projects",
            "module.data-platform.module.load-project.google_compute_shared_vpc_service_project.shared_vpc_service",
            "module.data-platform.module.load-project.google_kms_crypto_key_iam_member.service_identity_cmek",
            "module.data-platform.module.load-project.google_org_policy_policy.default",
            "module.data-platform.module.load-project.google_project.project",
            "module.data-platform.module.load-project.google_project_default_service_accounts.default_service_accounts",
            "module.data-platform.module.load-project.google_project_iam_member.servicenetworking",
            "module.data-platform.module.load-project.google_project_iam_member.shared_vpc_host_robots",
            "module.data-platform.module.load-project.google_project_service.project_services",
            "module.data-platform.module.load-project.google_project_service_identity.jit_si",
            "module.data-platform.module.load-project.google_project_service_identity.servicenetworking",
            "module.data-platform.module.load-sa-df-0.data.google_service_account.service_account",
            "module.data-platform.module.load-sa-df-0.google_service_account.service_account",
            "module.data-platform.module.transf-project.data.google_bigquery_default_service_account.bq_sa",
            "module.data-platform.module.transf-project.data.google_project.project",
            "module.data-platform.module.transf-project.data.google_storage_project_service_account.gcs_sa",
            "module.data-platform.module.transf-project.google_compute_shared_vpc_host_project.shared_vpc_host",
            "module.data-platform.module.transf-project.google_compute_shared_vpc_service_project.service_projects",
            "module.data-platform.module.transf-project.google_compute_shared_vpc_service_project.shared_vpc_service",
            "module.data-platform.module.transf-project.google_kms_crypto_key_iam_member.service_identity_cmek",
            "module.data-platform.module.transf-project.google_org_policy_policy.default",
            "module.data-platform.module.transf-project.google_project.project",
            "module.data-platform.module.transf-project.google_project_default_service_accounts.default_service_accounts",
            "module.data-platform.module.transf-project.google_project_iam_member.servicenetworking",
            "module.data-platform.module.transf-project.google_project_iam_member.shared_vpc_host_robots",
            "module.data-platform.module.transf-project.google_project_service.project_services",
            "module.data-platform.module.transf-project.google_project_service_identity.jit_si",
            "module.data-platform.module.transf-project.google_project_service_identity.servicenetworking",
            "module.data-platform.module.transf-sa-bq-0.data.google_service_account.service_account",
            "module.data-platform.module.transf-sa-bq-0.google_service_account.service_account",
            "module.data-platform.module.transf-sa-df-0.data.google_service_account.service_account",
            "module.data-platform.module.transf-sa-df-0.google_service_account.service_account"
          ]
        },
        {
          "index_key": "roles/datacatalog.categoryAdmin",
          "schema_version": 0,
          "attributes": {
            "condition": [],
            "etag": "BwX4kVO+I8g=",
            "id": "y0y0-dev-data-dwh-lnd-0/roles/datacatalog.categoryAdmin",
            "members": [
              "serviceAccount:y0y0-dev-data-trf-bq-0@y0y0-dev-data-trf-0.iam.gserviceaccount.com"
            ],
            "project": "y0y0-dev-data-dwh-lnd-0",
            "role": "roles/datacatalog.categoryAdmin"
          },
          "sensitive_attributes": [],
          "private": "bnVsbA==",
          "dependencies": [
            "module.data-platform.module.dwh-lnd-project.data.google_project.project",
            "module.data-platform.module.dwh-lnd-project.google_project.project",
            "module.data-platform.module.dwh-lnd-project.google_project_iam_custom_role.roles",
            "module.data-platform.module.dwh-lnd-project.google_project_service.project_services",
            "module.data-platform.module.load-project.data.google_bigquery_default_service_account.bq_sa",
            "module.data-platform.module.load-project.data.google_project.project",
            "module.data-platform.module.load-project.data.google_storage_project_service_account.gcs_sa",
            "module.data-platform.module.load-project.google_compute_shared_vpc_host_project.shared_vpc_host",
            "module.data-platform.module.load-project.google_compute_shared_vpc_service_project.service_projects",
            "module.data-platform.module.load-project.google_compute_shared_vpc_service_project.shared_vpc_service",
            "module.data-platform.module.load-project.google_kms_crypto_key_iam_member.service_identity_cmek",
            "module.data-platform.module.load-project.google_org_policy_policy.default",
            "module.data-platform.module.load-project.google_project.project",
            "module.data-platform.module.load-project.google_project_default_service_accounts.default_service_accounts",
            "module.data-platform.module.load-project.google_project_iam_member.servicenetworking",
            "module.data-platform.module.load-project.google_project_iam_member.shared_vpc_host_robots",
            "module.data-platform.module.load-project.google_project_service.project_services",
            "module.data-platform.module.load-project.google_project_service_identity.jit_si",
            "module.data-platform.module.load-project.google_project_service_identity.servicenetworking",
            "module.data-platform.module.load-sa-df-0.data.google_service_account.service_account",
            "module.data-platform.module.load-sa-df-0.google_service_account.service_account",
            "module.data-platform.module.transf-project.data.google_bigquery_default_service_account.bq_sa",
            "module.data-platform.module.transf-project.data.google_project.project",
            "module.data-platform.module.transf-project.data.google_storage_project_service_account.gcs_sa",
            "module.data-platform.module.transf-project.google_compute_shared_vpc_host_project.shared_vpc_host",
            "module.data-platform.module.transf-project.google_compute_shared_vpc_service_project.service_projects",
            "module.data-platform.module.transf-project.google_compute_shared_vpc_service_project.shared_vpc_service",
            "module.data-platform.module.transf-project.google_kms_crypto_key_iam_member.service_identity_cmek",
            "module.data-platform.module.transf-project.google_org_policy_policy.default",
            "module.data-platform.module.transf-project.google_project.project",
            "module.data-platform.module.transf-project.google_project_default_service_accounts.default_service_accounts",
            "module.data-platform.module.transf-project.google_project_iam_member.servicenetworking",
            "module.data-platform.module.transf-project.google_project_iam_member.shared_vpc_host_robots",
            "module.data-platform.module.transf-project.google_project_service.project_services",
            "module.data-platform.module.transf-project.google_project_service_identity.jit_si",
            "module.data-platform.module.transf-project.google_project_service_identity.servicenetworking",
            "module.data-platform.module.transf-sa-bq-0.data.google_service_account.service_account",
            "module.data-platform.module.transf-sa-bq-0.google_service_account.service_account",
            "module.data-platform.module.transf-sa-df-0.data.google_service_account.service_account",
            "module.data-platform.module.transf-sa-df-0.google_service_account.service_account"
          ]
        },
        {
          "index_key": "roles/datacatalog.tagTemplateViewer",
          "schema_version": 0,
          "attributes": {
            "condition": [],
            "etag": "BwX4kVO+I8g=",
            "id": "y0y0-dev-data-dwh-lnd-0/roles/datacatalog.tagTemplateViewer",
            "members": [
              "group:gcp-data-engineers@yoyoland.joonix.net"
            ],
            "project": "y0y0-dev-data-dwh-lnd-0",
            "role": "roles/datacatalog.tagTemplateViewer"
          },
          "sensitive_attributes": [],
          "private": "bnVsbA==",
          "dependencies": [
            "module.data-platform.module.dwh-lnd-project.data.google_project.project",
            "module.data-platform.module.dwh-lnd-project.google_project.project",
            "module.data-platform.module.dwh-lnd-project.google_project_iam_custom_role.roles",
            "module.data-platform.module.dwh-lnd-project.google_project_service.project_services",
            "module.data-platform.module.load-project.data.google_bigquery_default_service_account.bq_sa",
            "module.data-platform.module.load-project.data.google_project.project",
            "module.data-platform.module.load-project.data.google_storage_project_service_account.gcs_sa",
            "module.data-platform.module.load-project.google_compute_shared_vpc_host_project.shared_vpc_host",
            "module.data-platform.module.load-project.google_compute_shared_vpc_service_project.service_projects",
            "module.data-platform.module.load-project.google_compute_shared_vpc_service_project.shared_vpc_service",
            "module.data-platform.module.load-project.google_kms_crypto_key_iam_member.service_identity_cmek",
            "module.data-platform.module.load-project.google_org_policy_policy.default",
            "module.data-platform.module.load-project.google_project.project",
            "module.data-platform.module.load-project.google_project_default_service_accounts.default_service_accounts",
            "module.data-platform.module.load-project.google_project_iam_member.servicenetworking",
            "module.data-platform.module.load-project.google_project_iam_member.shared_vpc_host_robots",
            "module.data-platform.module.load-project.google_project_service.project_services",
            "module.data-platform.module.load-project.google_project_service_identity.jit_si",
            "module.data-platform.module.load-project.google_project_service_identity.servicenetworking",
            "module.data-platform.module.load-sa-df-0.data.google_service_account.service_account",
            "module.data-platform.module.load-sa-df-0.google_service_account.service_account",
            "module.data-platform.module.transf-project.data.google_bigquery_default_service_account.bq_sa",
            "module.data-platform.module.transf-project.data.google_project.project",
            "module.data-platform.module.transf-project.data.google_storage_project_service_account.gcs_sa",
            "module.data-platform.module.transf-project.google_compute_shared_vpc_host_project.shared_vpc_host",
            "module.data-platform.module.transf-project.google_compute_shared_vpc_service_project.service_projects",
            "module.data-platform.module.transf-project.google_compute_shared_vpc_service_project.shared_vpc_service",
            "module.data-platform.module.transf-project.google_kms_crypto_key_iam_member.service_identity_cmek",
            "module.data-platform.module.transf-project.google_org_policy_policy.default",
            "module.data-platform.module.transf-project.google_project.project",
            "module.data-platform.module.transf-project.google_project_default_service_accounts.default_service_accounts",
            "module.data-platform.module.transf-project.google_project_iam_member.servicenetworking",
            "module.data-platform.module.transf-project.google_project_iam_member.shared_vpc_host_robots",
            "module.data-platform.module.transf-project.google_project_service.project_services",
            "module.data-platform.module.transf-project.google_project_service_identity.jit_si",
            "module.data-platform.module.transf-project.google_project_service_identity.servicenetworking",
            "module.data-platform.module.transf-sa-bq-0.data.google_service_account.service_account",
            "module.data-platform.module.transf-sa-bq-0.google_service_account.service_account",
            "module.data-platform.module.transf-sa-df-0.data.google_service_account.service_account",
            "module.data-platform.module.transf-sa-df-0.google_service_account.service_account"
          ]
        },
        {
          "index_key": "roles/datacatalog.viewer",
          "schema_version": 0,
          "attributes": {
            "condition": [],
            "etag": "BwX4kVO+I8g=",
            "id": "y0y0-dev-data-dwh-lnd-0/roles/datacatalog.viewer",
            "members": [
              "group:gcp-data-engineers@yoyoland.joonix.net"
            ],
            "project": "y0y0-dev-data-dwh-lnd-0",
            "role": "roles/datacatalog.viewer"
          },
          "sensitive_attributes": [],
          "private": "bnVsbA==",
          "dependencies": [
            "module.data-platform.module.dwh-lnd-project.data.google_project.project",
            "module.data-platform.module.dwh-lnd-project.google_project.project",
            "module.data-platform.module.dwh-lnd-project.google_project_iam_custom_role.roles",
            "module.data-platform.module.dwh-lnd-project.google_project_service.project_services",
            "module.data-platform.module.load-project.data.google_bigquery_default_service_account.bq_sa",
            "module.data-platform.module.load-project.data.google_project.project",
            "module.data-platform.module.load-project.data.google_storage_project_service_account.gcs_sa",
            "module.data-platform.module.load-project.google_compute_shared_vpc_host_project.shared_vpc_host",
            "module.data-platform.module.load-project.google_compute_shared_vpc_service_project.service_projects",
            "module.data-platform.module.load-project.google_compute_shared_vpc_service_project.shared_vpc_service",
            "module.data-platform.module.load-project.google_kms_crypto_key_iam_member.service_identity_cmek",
            "module.data-platform.module.load-project.google_org_policy_policy.default",
            "module.data-platform.module.load-project.google_project.project",
            "module.data-platform.module.load-project.google_project_default_service_accounts.default_service_accounts",
            "module.data-platform.module.load-project.google_project_iam_member.servicenetworking",
            "module.data-platform.module.load-project.google_project_iam_member.shared_vpc_host_robots",
            "module.data-platform.module.load-project.google_project_service.project_services",
            "module.data-platform.module.load-project.google_project_service_identity.jit_si",
            "module.data-platform.module.load-project.google_project_service_identity.servicenetworking",
            "module.data-platform.module.load-sa-df-0.data.google_service_account.service_account",
            "module.data-platform.module.load-sa-df-0.google_service_account.service_account",
            "module.data-platform.module.transf-project.data.google_bigquery_default_service_account.bq_sa",
            "module.data-platform.module.transf-project.data.google_project.project",
            "module.data-platform.module.transf-project.data.google_storage_project_service_account.gcs_sa",
            "module.data-platform.module.transf-project.google_compute_shared_vpc_host_project.shared_vpc_host",
            "module.data-platform.module.transf-project.google_compute_shared_vpc_service_project.service_projects",
            "module.data-platform.module.transf-project.google_compute_shared_vpc_service_project.shared_vpc_service",
            "module.data-platform.module.transf-project.google_kms_crypto_key_iam_member.service_identity_cmek",
            "module.data-platform.module.transf-project.google_org_policy_policy.default",
            "module.data-platform.module.transf-project.google_project.project",
            "module.data-platform.module.transf-project.google_project_default_service_accounts.default_service_accounts",
            "module.data-platform.module.transf-project.google_project_iam_member.servicenetworking",
            "module.data-platform.module.transf-project.google_project_iam_member.shared_vpc_host_robots",
            "module.data-platform.module.transf-project.google_project_service.project_services",
            "module.data-platform.module.transf-project.google_project_service_identity.jit_si",
            "module.data-platform.module.transf-project.google_project_service_identity.servicenetworking",
            "module.data-platform.module.transf-sa-bq-0.data.google_service_account.service_account",
            "module.data-platform.module.transf-sa-bq-0.google_service_account.service_account",
            "module.data-platform.module.transf-sa-df-0.data.google_service_account.service_account",
            "module.data-platform.module.transf-sa-df-0.google_service_account.service_account"
          ]
        },
        {
          "index_key": "roles/storage.objectCreator",
          "schema_version": 0,
          "attributes": {
            "condition": [],
            "etag": "BwX4kVO+I8g=",
            "id": "y0y0-dev-data-dwh-lnd-0/roles/storage.objectCreator",
            "members": [
              "serviceAccount:y0y0-dev-data-load-df-0@y0y0-dev-data-lod-0.iam.gserviceaccount.com"
            ],
            "project": "y0y0-dev-data-dwh-lnd-0",
            "role": "roles/storage.objectCreator"
          },
          "sensitive_attributes": [],
          "private": "bnVsbA==",
          "dependencies": [
            "module.data-platform.module.dwh-lnd-project.data.google_project.project",
            "module.data-platform.module.dwh-lnd-project.google_project.project",
            "module.data-platform.module.dwh-lnd-project.google_project_iam_custom_role.roles",
            "module.data-platform.module.dwh-lnd-project.google_project_service.project_services",
            "module.data-platform.module.load-project.data.google_bigquery_default_service_account.bq_sa",
            "module.data-platform.module.load-project.data.google_project.project",
            "module.data-platform.module.load-project.data.google_storage_project_service_account.gcs_sa",
            "module.data-platform.module.load-project.google_compute_shared_vpc_host_project.shared_vpc_host",
            "module.data-platform.module.load-project.google_compute_shared_vpc_service_project.service_projects",
            "module.data-platform.module.load-project.google_compute_shared_vpc_service_project.shared_vpc_service",
            "module.data-platform.module.load-project.google_kms_crypto_key_iam_member.service_identity_cmek",
            "module.data-platform.module.load-project.google_org_policy_policy.default",
            "module.data-platform.module.load-project.google_project.project",
            "module.data-platform.module.load-project.google_project_default_service_accounts.default_service_accounts",
            "module.data-platform.module.load-project.google_project_iam_member.servicenetworking",
            "module.data-platform.module.load-project.google_project_iam_member.shared_vpc_host_robots",
            "module.data-platform.module.load-project.google_project_service.project_services",
            "module.data-platform.module.load-project.google_project_service_identity.jit_si",
            "module.data-platform.module.load-project.google_project_service_identity.servicenetworking",
            "module.data-platform.module.load-sa-df-0.data.google_service_account.service_account",
            "module.data-platform.module.load-sa-df-0.google_service_account.service_account",
            "module.data-platform.module.transf-project.data.google_bigquery_default_service_account.bq_sa",
            "module.data-platform.module.transf-project.data.google_project.project",
            "module.data-platform.module.transf-project.data.google_storage_project_service_account.gcs_sa",
            "module.data-platform.module.transf-project.google_compute_shared_vpc_host_project.shared_vpc_host",
            "module.data-platform.module.transf-project.google_compute_shared_vpc_service_project.service_projects",
            "module.data-platform.module.transf-project.google_compute_shared_vpc_service_project.shared_vpc_service",
            "module.data-platform.module.transf-project.google_kms_crypto_key_iam_member.service_identity_cmek",
            "module.data-platform.module.transf-project.google_org_policy_policy.default",
            "module.data-platform.module.transf-project.google_project.project",
            "module.data-platform.module.transf-project.google_project_default_service_accounts.default_service_accounts",
            "module.data-platform.module.transf-project.google_project_iam_member.servicenetworking",
            "module.data-platform.module.transf-project.google_project_iam_member.shared_vpc_host_robots",
            "module.data-platform.module.transf-project.google_project_service.project_services",
            "module.data-platform.module.transf-project.google_project_service_identity.jit_si",
            "module.data-platform.module.transf-project.google_project_service_identity.servicenetworking",
            "module.data-platform.module.transf-sa-bq-0.data.google_service_account.service_account",
            "module.data-platform.module.transf-sa-bq-0.google_service_account.service_account",
            "module.data-platform.module.transf-sa-df-0.data.google_service_account.service_account",
            "module.data-platform.module.transf-sa-df-0.google_service_account.service_account"
          ]
        },
        {
          "index_key": "roles/storage.objectViewer",
          "schema_version": 0,
          "attributes": {
            "condition": [],
            "etag": "BwX4kVO+I8g=",
            "id": "y0y0-dev-data-dwh-lnd-0/roles/storage.objectViewer",
            "members": [
              "group:gcp-data-engineers@yoyoland.joonix.net"
            ],
            "project": "y0y0-dev-data-dwh-lnd-0",
            "role": "roles/storage.objectViewer"
          },
          "sensitive_attributes": [],
          "private": "bnVsbA==",
          "dependencies": [
            "module.data-platform.module.dwh-lnd-project.data.google_project.project",
            "module.data-platform.module.dwh-lnd-project.google_project.project",
            "module.data-platform.module.dwh-lnd-project.google_project_iam_custom_role.roles",
            "module.data-platform.module.dwh-lnd-project.google_project_service.project_services",
            "module.data-platform.module.load-project.data.google_bigquery_default_service_account.bq_sa",
            "module.data-platform.module.load-project.data.google_project.project",
            "module.data-platform.module.load-project.data.google_storage_project_service_account.gcs_sa",
            "module.data-platform.module.load-project.google_compute_shared_vpc_host_project.shared_vpc_host",
            "module.data-platform.module.load-project.google_compute_shared_vpc_service_project.service_projects",
            "module.data-platform.module.load-project.google_compute_shared_vpc_service_project.shared_vpc_service",
            "module.data-platform.module.load-project.google_kms_crypto_key_iam_member.service_identity_cmek",
            "module.data-platform.module.load-project.google_org_policy_policy.default",
            "module.data-platform.module.load-project.google_project.project",
            "module.data-platform.module.load-project.google_project_default_service_accounts.default_service_accounts",
            "module.data-platform.module.load-project.google_project_iam_member.servicenetworking",
            "module.data-platform.module.load-project.google_project_iam_member.shared_vpc_host_robots",
            "module.data-platform.module.load-project.google_project_service.project_services",
            "module.data-platform.module.load-project.google_project_service_identity.jit_si",
            "module.data-platform.module.load-project.google_project_service_identity.servicenetworking",
            "module.data-platform.module.load-sa-df-0.data.google_service_account.service_account",
            "module.data-platform.module.load-sa-df-0.google_service_account.service_account",
            "module.data-platform.module.transf-project.data.google_bigquery_default_service_account.bq_sa",
            "module.data-platform.module.transf-project.data.google_project.project",
            "module.data-platform.module.transf-project.data.google_storage_project_service_account.gcs_sa",
            "module.data-platform.module.transf-project.google_compute_shared_vpc_host_project.shared_vpc_host",
            "module.data-platform.module.transf-project.google_compute_shared_vpc_service_project.service_projects",
            "module.data-platform.module.transf-project.google_compute_shared_vpc_service_project.shared_vpc_service",
            "module.data-platform.module.transf-project.google_kms_crypto_key_iam_member.service_identity_cmek",
            "module.data-platform.module.transf-project.google_org_policy_policy.default",
            "module.data-platform.module.transf-project.google_project.project",
            "module.data-platform.module.transf-project.google_project_default_service_accounts.default_service_accounts",
            "module.data-platform.module.transf-project.google_project_iam_member.servicenetworking",
            "module.data-platform.module.transf-project.google_project_iam_member.shared_vpc_host_robots",
            "module.data-platform.module.transf-project.google_project_service.project_services",
            "module.data-platform.module.transf-project.google_project_service_identity.jit_si",
            "module.data-platform.module.transf-project.google_project_service_identity.servicenetworking",
            "module.data-platform.module.transf-sa-bq-0.data.google_service_account.service_account",
            "module.data-platform.module.transf-sa-bq-0.google_service_account.service_account",
            "module.data-platform.module.transf-sa-df-0.data.google_service_account.service_account",
            "module.data-platform.module.transf-sa-df-0.google_service_account.service_account"
          ]
        }
      ]
    },
    {
      "module": "module.data-platform.module.dwh-lnd-project",
      "mode": "managed",
      "type": "google_project_iam_member",
      "name": "servicenetworking",
      "provider": "provider[\"registry.terraform.io/hashicorp/google\"]",
      "instances": [
        {
          "index_key": 0,
          "schema_version": 0,
          "attributes": {
            "condition": [],
            "etag": "BwX4kVO+I8g=",
            "id": "y0y0-dev-data-dwh-lnd-0/roles/servicenetworking.serviceAgent/serviceAccount:service-951256585501@service-networking.iam.gserviceaccount.com",
            "member": "serviceAccount:service-951256585501@service-networking.iam.gserviceaccount.com",
            "project": "y0y0-dev-data-dwh-lnd-0",
            "role": "roles/servicenetworking.serviceAgent"
          },
          "sensitive_attributes": [],
          "private": "bnVsbA==",
          "dependencies": [
            "module.data-platform.module.dwh-lnd-project.data.google_project.project",
            "module.data-platform.module.dwh-lnd-project.google_project.project",
            "module.data-platform.module.dwh-lnd-project.google_project_service.project_services",
            "module.data-platform.module.dwh-lnd-project.google_project_service_identity.servicenetworking"
          ]
        }
      ]
    },
    {
      "module": "module.data-platform.module.dwh-lnd-project",
      "mode": "managed",
      "type": "google_project_service",
      "name": "project_services",
      "provider": "provider[\"registry.terraform.io/hashicorp/google\"]",
      "instances": [
        {
          "index_key": "bigquery.googleapis.com",
          "schema_version": 0,
          "attributes": {
            "disable_dependent_services": false,
            "disable_on_destroy": false,
            "id": "y0y0-dev-data-dwh-lnd-0/bigquery.googleapis.com",
            "project": "y0y0-dev-data-dwh-lnd-0",
            "service": "bigquery.googleapis.com",
            "timeouts": null
          },
          "sensitive_attributes": [],
          "private": "eyJlMmJmYjczMC1lY2FhLTExZTYtOGY4OC0zNDM2M2JjN2M0YzAiOnsiY3JlYXRlIjoxMjAwMDAwMDAwMDAwLCJkZWxldGUiOjEyMDAwMDAwMDAwMDAsInJlYWQiOjYwMDAwMDAwMDAwMCwidXBkYXRlIjoxMjAwMDAwMDAwMDAwfX0=",
          "dependencies": [
            "module.data-platform.module.dwh-lnd-project.data.google_project.project",
            "module.data-platform.module.dwh-lnd-project.google_project.project"
          ]
        },
        {
          "index_key": "bigqueryreservation.googleapis.com",
          "schema_version": 0,
          "attributes": {
            "disable_dependent_services": false,
            "disable_on_destroy": false,
            "id": "y0y0-dev-data-dwh-lnd-0/bigqueryreservation.googleapis.com",
            "project": "y0y0-dev-data-dwh-lnd-0",
            "service": "bigqueryreservation.googleapis.com",
            "timeouts": null
          },
          "sensitive_attributes": [],
          "private": "eyJlMmJmYjczMC1lY2FhLTExZTYtOGY4OC0zNDM2M2JjN2M0YzAiOnsiY3JlYXRlIjoxMjAwMDAwMDAwMDAwLCJkZWxldGUiOjEyMDAwMDAwMDAwMDAsInJlYWQiOjYwMDAwMDAwMDAwMCwidXBkYXRlIjoxMjAwMDAwMDAwMDAwfX0=",
          "dependencies": [
            "module.data-platform.module.dwh-lnd-project.data.google_project.project",
            "module.data-platform.module.dwh-lnd-project.google_project.project"
          ]
        },
        {
          "index_key": "bigquerystorage.googleapis.com",
          "schema_version": 0,
          "attributes": {
            "disable_dependent_services": false,
            "disable_on_destroy": false,
            "id": "y0y0-dev-data-dwh-lnd-0/bigquerystorage.googleapis.com",
            "project": "y0y0-dev-data-dwh-lnd-0",
            "service": "bigquerystorage.googleapis.com",
            "timeouts": null
          },
          "sensitive_attributes": [],
          "private": "eyJlMmJmYjczMC1lY2FhLTExZTYtOGY4OC0zNDM2M2JjN2M0YzAiOnsiY3JlYXRlIjoxMjAwMDAwMDAwMDAwLCJkZWxldGUiOjEyMDAwMDAwMDAwMDAsInJlYWQiOjYwMDAwMDAwMDAwMCwidXBkYXRlIjoxMjAwMDAwMDAwMDAwfX0=",
          "dependencies": [
            "module.data-platform.module.dwh-lnd-project.data.google_project.project",
            "module.data-platform.module.dwh-lnd-project.google_project.project"
          ]
        },
        {
          "index_key": "cloudkms.googleapis.com",
          "schema_version": 0,
          "attributes": {
            "disable_dependent_services": false,
            "disable_on_destroy": false,
            "id": "y0y0-dev-data-dwh-lnd-0/cloudkms.googleapis.com",
            "project": "y0y0-dev-data-dwh-lnd-0",
            "service": "cloudkms.googleapis.com",
            "timeouts": null
          },
          "sensitive_attributes": [],
          "private": "eyJlMmJmYjczMC1lY2FhLTExZTYtOGY4OC0zNDM2M2JjN2M0YzAiOnsiY3JlYXRlIjoxMjAwMDAwMDAwMDAwLCJkZWxldGUiOjEyMDAwMDAwMDAwMDAsInJlYWQiOjYwMDAwMDAwMDAwMCwidXBkYXRlIjoxMjAwMDAwMDAwMDAwfX0=",
          "dependencies": [
            "module.data-platform.module.dwh-lnd-project.data.google_project.project",
            "module.data-platform.module.dwh-lnd-project.google_project.project"
          ]
        },
        {
          "index_key": "cloudresourcemanager.googleapis.com",
          "schema_version": 0,
          "attributes": {
            "disable_dependent_services": false,
            "disable_on_destroy": false,
            "id": "y0y0-dev-data-dwh-lnd-0/cloudresourcemanager.googleapis.com",
            "project": "y0y0-dev-data-dwh-lnd-0",
            "service": "cloudresourcemanager.googleapis.com",
            "timeouts": null
          },
          "sensitive_attributes": [],
          "private": "eyJlMmJmYjczMC1lY2FhLTExZTYtOGY4OC0zNDM2M2JjN2M0YzAiOnsiY3JlYXRlIjoxMjAwMDAwMDAwMDAwLCJkZWxldGUiOjEyMDAwMDAwMDAwMDAsInJlYWQiOjYwMDAwMDAwMDAwMCwidXBkYXRlIjoxMjAwMDAwMDAwMDAwfX0=",
          "dependencies": [
            "module.data-platform.module.dwh-lnd-project.data.google_project.project",
            "module.data-platform.module.dwh-lnd-project.google_project.project"
          ]
        },
        {
          "index_key": "compute.googleapis.com",
          "schema_version": 0,
          "attributes": {
            "disable_dependent_services": false,
            "disable_on_destroy": false,
            "id": "y0y0-dev-data-dwh-lnd-0/compute.googleapis.com",
            "project": "y0y0-dev-data-dwh-lnd-0",
            "service": "compute.googleapis.com",
            "timeouts": null
          },
          "sensitive_attributes": [],
          "private": "eyJlMmJmYjczMC1lY2FhLTExZTYtOGY4OC0zNDM2M2JjN2M0YzAiOnsiY3JlYXRlIjoxMjAwMDAwMDAwMDAwLCJkZWxldGUiOjEyMDAwMDAwMDAwMDAsInJlYWQiOjYwMDAwMDAwMDAwMCwidXBkYXRlIjoxMjAwMDAwMDAwMDAwfX0=",
          "dependencies": [
            "module.data-platform.module.dwh-lnd-project.data.google_project.project",
            "module.data-platform.module.dwh-lnd-project.google_project.project"
          ]
        },
        {
          "index_key": "dataflow.googleapis.com",
          "schema_version": 0,
          "attributes": {
            "disable_dependent_services": false,
            "disable_on_destroy": false,
            "id": "y0y0-dev-data-dwh-lnd-0/dataflow.googleapis.com",
            "project": "y0y0-dev-data-dwh-lnd-0",
            "service": "dataflow.googleapis.com",
            "timeouts": null
          },
          "sensitive_attributes": [],
          "private": "eyJlMmJmYjczMC1lY2FhLTExZTYtOGY4OC0zNDM2M2JjN2M0YzAiOnsiY3JlYXRlIjoxMjAwMDAwMDAwMDAwLCJkZWxldGUiOjEyMDAwMDAwMDAwMDAsInJlYWQiOjYwMDAwMDAwMDAwMCwidXBkYXRlIjoxMjAwMDAwMDAwMDAwfX0=",
          "dependencies": [
            "module.data-platform.module.dwh-lnd-project.data.google_project.project",
            "module.data-platform.module.dwh-lnd-project.google_project.project"
          ]
        },
        {
          "index_key": "iam.googleapis.com",
          "schema_version": 0,
          "attributes": {
            "disable_dependent_services": false,
            "disable_on_destroy": false,
            "id": "y0y0-dev-data-dwh-lnd-0/iam.googleapis.com",
            "project": "y0y0-dev-data-dwh-lnd-0",
            "service": "iam.googleapis.com",
            "timeouts": null
          },
          "sensitive_attributes": [],
          "private": "eyJlMmJmYjczMC1lY2FhLTExZTYtOGY4OC0zNDM2M2JjN2M0YzAiOnsiY3JlYXRlIjoxMjAwMDAwMDAwMDAwLCJkZWxldGUiOjEyMDAwMDAwMDAwMDAsInJlYWQiOjYwMDAwMDAwMDAwMCwidXBkYXRlIjoxMjAwMDAwMDAwMDAwfX0=",
          "dependencies": [
            "module.data-platform.module.dwh-lnd-project.data.google_project.project",
            "module.data-platform.module.dwh-lnd-project.google_project.project"
          ]
        },
        {
          "index_key": "pubsub.googleapis.com",
          "schema_version": 0,
          "attributes": {
            "disable_dependent_services": false,
            "disable_on_destroy": false,
            "id": "y0y0-dev-data-dwh-lnd-0/pubsub.googleapis.com",
            "project": "y0y0-dev-data-dwh-lnd-0",
            "service": "pubsub.googleapis.com",
            "timeouts": null
          },
          "sensitive_attributes": [],
          "private": "eyJlMmJmYjczMC1lY2FhLTExZTYtOGY4OC0zNDM2M2JjN2M0YzAiOnsiY3JlYXRlIjoxMjAwMDAwMDAwMDAwLCJkZWxldGUiOjEyMDAwMDAwMDAwMDAsInJlYWQiOjYwMDAwMDAwMDAwMCwidXBkYXRlIjoxMjAwMDAwMDAwMDAwfX0=",
          "dependencies": [
            "module.data-platform.module.dwh-lnd-project.data.google_project.project",
            "module.data-platform.module.dwh-lnd-project.google_project.project"
          ]
        },
        {
          "index_key": "servicenetworking.googleapis.com",
          "schema_version": 0,
          "attributes": {
            "disable_dependent_services": false,
            "disable_on_destroy": false,
            "id": "y0y0-dev-data-dwh-lnd-0/servicenetworking.googleapis.com",
            "project": "y0y0-dev-data-dwh-lnd-0",
            "service": "servicenetworking.googleapis.com",
            "timeouts": null
          },
          "sensitive_attributes": [],
          "private": "eyJlMmJmYjczMC1lY2FhLTExZTYtOGY4OC0zNDM2M2JjN2M0YzAiOnsiY3JlYXRlIjoxMjAwMDAwMDAwMDAwLCJkZWxldGUiOjEyMDAwMDAwMDAwMDAsInJlYWQiOjYwMDAwMDAwMDAwMCwidXBkYXRlIjoxMjAwMDAwMDAwMDAwfX0=",
          "dependencies": [
            "module.data-platform.module.dwh-lnd-project.data.google_project.project",
            "module.data-platform.module.dwh-lnd-project.google_project.project"
          ]
        },
        {
          "index_key": "serviceusage.googleapis.com",
          "schema_version": 0,
          "attributes": {
            "disable_dependent_services": false,
            "disable_on_destroy": false,
            "id": "y0y0-dev-data-dwh-lnd-0/serviceusage.googleapis.com",
            "project": "y0y0-dev-data-dwh-lnd-0",
            "service": "serviceusage.googleapis.com",
            "timeouts": null
          },
          "sensitive_attributes": [],
          "private": "eyJlMmJmYjczMC1lY2FhLTExZTYtOGY4OC0zNDM2M2JjN2M0YzAiOnsiY3JlYXRlIjoxMjAwMDAwMDAwMDAwLCJkZWxldGUiOjEyMDAwMDAwMDAwMDAsInJlYWQiOjYwMDAwMDAwMDAwMCwidXBkYXRlIjoxMjAwMDAwMDAwMDAwfX0=",
          "dependencies": [
            "module.data-platform.module.dwh-lnd-project.data.google_project.project",
            "module.data-platform.module.dwh-lnd-project.google_project.project"
          ]
        },
        {
          "index_key": "stackdriver.googleapis.com",
          "schema_version": 0,
          "attributes": {
            "disable_dependent_services": false,
            "disable_on_destroy": false,
            "id": "y0y0-dev-data-dwh-lnd-0/stackdriver.googleapis.com",
            "project": "y0y0-dev-data-dwh-lnd-0",
            "service": "stackdriver.googleapis.com",
            "timeouts": null
          },
          "sensitive_attributes": [],
          "private": "eyJlMmJmYjczMC1lY2FhLTExZTYtOGY4OC0zNDM2M2JjN2M0YzAiOnsiY3JlYXRlIjoxMjAwMDAwMDAwMDAwLCJkZWxldGUiOjEyMDAwMDAwMDAwMDAsInJlYWQiOjYwMDAwMDAwMDAwMCwidXBkYXRlIjoxMjAwMDAwMDAwMDAwfX0=",
          "dependencies": [
            "module.data-platform.module.dwh-lnd-project.data.google_project.project",
            "module.data-platform.module.dwh-lnd-project.google_project.project"
          ]
        },
        {
          "index_key": "storage-component.googleapis.com",
          "schema_version": 0,
          "attributes": {
            "disable_dependent_services": false,
            "disable_on_destroy": false,
            "id": "y0y0-dev-data-dwh-lnd-0/storage-component.googleapis.com",
            "project": "y0y0-dev-data-dwh-lnd-0",
            "service": "storage-component.googleapis.com",
            "timeouts": null
          },
          "sensitive_attributes": [],
          "private": "eyJlMmJmYjczMC1lY2FhLTExZTYtOGY4OC0zNDM2M2JjN2M0YzAiOnsiY3JlYXRlIjoxMjAwMDAwMDAwMDAwLCJkZWxldGUiOjEyMDAwMDAwMDAwMDAsInJlYWQiOjYwMDAwMDAwMDAwMCwidXBkYXRlIjoxMjAwMDAwMDAwMDAwfX0=",
          "dependencies": [
            "module.data-platform.module.dwh-lnd-project.data.google_project.project",
            "module.data-platform.module.dwh-lnd-project.google_project.project"
          ]
        },
        {
          "index_key": "storage.googleapis.com",
          "schema_version": 0,
          "attributes": {
            "disable_dependent_services": false,
            "disable_on_destroy": false,
            "id": "y0y0-dev-data-dwh-lnd-0/storage.googleapis.com",
            "project": "y0y0-dev-data-dwh-lnd-0",
            "service": "storage.googleapis.com",
            "timeouts": null
          },
          "sensitive_attributes": [],
          "private": "eyJlMmJmYjczMC1lY2FhLTExZTYtOGY4OC0zNDM2M2JjN2M0YzAiOnsiY3JlYXRlIjoxMjAwMDAwMDAwMDAwLCJkZWxldGUiOjEyMDAwMDAwMDAwMDAsInJlYWQiOjYwMDAwMDAwMDAwMCwidXBkYXRlIjoxMjAwMDAwMDAwMDAwfX0=",
          "dependencies": [
            "module.data-platform.module.dwh-lnd-project.data.google_project.project",
            "module.data-platform.module.dwh-lnd-project.google_project.project"
          ]
        }
      ]
    },
    {
      "module": "module.data-platform.module.dwh-lnd-project",
      "mode": "managed",
      "type": "google_project_service_identity",
      "name": "jit_si",
      "provider": "provider[\"registry.terraform.io/hashicorp/google-beta\"]",
      "instances": [
        {
          "index_key": "pubsub.googleapis.com",
          "schema_version": 0,
          "attributes": {
            "email": "service-951256585501@gcp-sa-pubsub.iam.gserviceaccount.com",
            "id": "projects/y0y0-dev-data-dwh-lnd-0/services/pubsub.googleapis.com",
            "project": "y0y0-dev-data-dwh-lnd-0",
            "service": "pubsub.googleapis.com",
            "timeouts": null
          },
          "sensitive_attributes": [],
          "private": "eyJlMmJmYjczMC1lY2FhLTExZTYtOGY4OC0zNDM2M2JjN2M0YzAiOnsiY3JlYXRlIjoxMjAwMDAwMDAwMDAwLCJkZWxldGUiOjEyMDAwMDAwMDAwMDAsInJlYWQiOjYwMDAwMDAwMDAwMH19",
          "dependencies": [
            "module.data-platform.module.dwh-lnd-project.data.google_project.project",
            "module.data-platform.module.dwh-lnd-project.google_project.project",
            "module.data-platform.module.dwh-lnd-project.google_project_service.project_services"
          ]
        }
      ]
    },
    {
      "module": "module.data-platform.module.dwh-lnd-project",
      "mode": "managed",
      "type": "google_project_service_identity",
      "name": "servicenetworking",
      "provider": "provider[\"registry.terraform.io/hashicorp/google-beta\"]",
      "instances": [
        {
          "index_key": 0,
          "schema_version": 0,
          "attributes": {
            "email": "service-951256585501@service-networking.iam.gserviceaccount.com",
            "id": "projects/y0y0-dev-data-dwh-lnd-0/services/servicenetworking.googleapis.com",
            "project": "y0y0-dev-data-dwh-lnd-0",
            "service": "servicenetworking.googleapis.com",
            "timeouts": null
          },
          "sensitive_attributes": [],
          "private": "eyJlMmJmYjczMC1lY2FhLTExZTYtOGY4OC0zNDM2M2JjN2M0YzAiOnsiY3JlYXRlIjoxMjAwMDAwMDAwMDAwLCJkZWxldGUiOjEyMDAwMDAwMDAwMDAsInJlYWQiOjYwMDAwMDAwMDAwMH19",
          "dependencies": [
            "module.data-platform.module.dwh-lnd-project.data.google_project.project",
            "module.data-platform.module.dwh-lnd-project.google_project.project",
            "module.data-platform.module.dwh-lnd-project.google_project_service.project_services"
          ]
        }
      ]
    },
    {
      "module": "module.data-platform.module.exp-project",
      "mode": "managed",
      "type": "google_project",
      "name": "project",
      "provider": "provider[\"registry.terraform.io/hashicorp/google\"]",
      "instances": [
        {
          "index_key": 0,
          "schema_version": 1,
          "attributes": {
            "auto_create_network": false,
            "billing_account": "0189FA-E139FD-136A58",
            "folder_id": "907613514079",
            "id": "projects/y0y0-dev-data-exp-0",
            "labels": {},
            "name": "y0y0-dev-data-exp-0",
            "number": "305768502111",
            "org_id": "",
            "project_id": "y0y0-dev-data-exp-0",
            "skip_delete": false,
            "timeouts": null
          },
          "sensitive_attributes": [],
          "private": "eyJlMmJmYjczMC1lY2FhLTExZTYtOGY4OC0zNDM2M2JjN2M0YzAiOnsiY3JlYXRlIjo2MDAwMDAwMDAwMDAsImRlbGV0ZSI6NjAwMDAwMDAwMDAwLCJyZWFkIjo2MDAwMDAwMDAwMDAsInVwZGF0ZSI6NjAwMDAwMDAwMDAwfSwic2NoZW1hX3ZlcnNpb24iOiIxIn0="
        }
      ]
    },
    {
      "module": "module.data-platform.module.load-cs-df-0",
      "mode": "managed",
      "type": "google_storage_bucket",
      "name": "bucket",
      "provider": "provider[\"registry.terraform.io/hashicorp/google\"]",
      "instances": [
        {
          "schema_version": 0,
          "attributes": {
            "autoclass": [],
            "cors": [],
            "custom_placement_config": [],
            "default_event_based_hold": false,
            "encryption": [],
            "force_destroy": false,
            "id": "y0y0-dev-data-load-cs-0",
            "labels": {},
            "lifecycle_rule": [],
            "location": "EU",
            "logging": [],
            "name": "y0y0-dev-data-load-cs-0",
            "project": "y0y0-dev-data-lod-0",
            "public_access_prevention": "inherited",
            "requester_pays": false,
            "retention_policy": [],
            "self_link": "https://www.googleapis.com/storage/v1/b/y0y0-dev-data-load-cs-0",
            "storage_class": "MULTI_REGIONAL",
            "timeouts": null,
            "uniform_bucket_level_access": true,
            "url": "gs://y0y0-dev-data-load-cs-0",
            "versioning": [
              {
                "enabled": false
              }
            ],
            "website": []
          },
          "sensitive_attributes": [],
          "private": "eyJlMmJmYjczMC1lY2FhLTExZTYtOGY4OC0zNDM2M2JjN2M0YzAiOnsiY3JlYXRlIjo2MDAwMDAwMDAwMDAsInJlYWQiOjI0MDAwMDAwMDAwMCwidXBkYXRlIjoyNDAwMDAwMDAwMDB9fQ==",
          "dependencies": [
            "module.data-platform.module.load-project.data.google_bigquery_default_service_account.bq_sa",
            "module.data-platform.module.load-project.data.google_project.project",
            "module.data-platform.module.load-project.data.google_storage_project_service_account.gcs_sa",
            "module.data-platform.module.load-project.google_compute_shared_vpc_host_project.shared_vpc_host",
            "module.data-platform.module.load-project.google_compute_shared_vpc_service_project.service_projects",
            "module.data-platform.module.load-project.google_compute_shared_vpc_service_project.shared_vpc_service",
            "module.data-platform.module.load-project.google_kms_crypto_key_iam_member.service_identity_cmek",
            "module.data-platform.module.load-project.google_org_policy_policy.default",
            "module.data-platform.module.load-project.google_project.project",
            "module.data-platform.module.load-project.google_project_default_service_accounts.default_service_accounts",
            "module.data-platform.module.load-project.google_project_iam_member.servicenetworking",
            "module.data-platform.module.load-project.google_project_iam_member.shared_vpc_host_robots",
            "module.data-platform.module.load-project.google_project_service.project_services",
            "module.data-platform.module.load-project.google_project_service_identity.jit_si",
            "module.data-platform.module.load-project.google_project_service_identity.servicenetworking"
          ]
        }
      ]
    },
    {
      "module": "module.data-platform.module.load-project",
      "mode": "data",
      "type": "google_bigquery_default_service_account",
      "name": "bq_sa",
      "provider": "provider[\"registry.terraform.io/hashicorp/google\"]",
      "instances": [
        {
          "index_key": 0,
          "schema_version": 0,
          "attributes": {
            "email": "bq-969708674185@bigquery-encryption.iam.gserviceaccount.com",
            "id": "bq-969708674185@bigquery-encryption.iam.gserviceaccount.com",
            "member": "serviceAccount:bq-969708674185@bigquery-encryption.iam.gserviceaccount.com",
            "project": "y0y0-dev-data-lod-0"
          },
          "sensitive_attributes": []
        }
      ]
    },
    {
      "module": "module.data-platform.module.load-project",
      "mode": "data",
      "type": "google_storage_project_service_account",
      "name": "gcs_sa",
      "provider": "provider[\"registry.terraform.io/hashicorp/google\"]",
      "instances": [
        {
          "index_key": 0,
          "schema_version": 0,
          "attributes": {
            "email_address": "service-969708674185@gs-project-accounts.iam.gserviceaccount.com",
            "id": "service-969708674185@gs-project-accounts.iam.gserviceaccount.com",
            "member": "serviceAccount:service-969708674185@gs-project-accounts.iam.gserviceaccount.com",
            "project": "y0y0-dev-data-lod-0",
            "user_project": null
          },
          "sensitive_attributes": []
        }
      ]
    },
    {
      "module": "module.data-platform.module.load-project",
      "mode": "managed",
      "type": "google_compute_shared_vpc_service_project",
      "name": "shared_vpc_service",
      "provider": "provider[\"registry.terraform.io/hashicorp/google-beta\"]",
      "instances": [
        {
          "index_key": 0,
          "schema_version": 0,
          "attributes": {
            "deletion_policy": null,
            "host_project": "yoyo-dev-net-spoke-0",
            "id": "yoyo-dev-net-spoke-0/y0y0-dev-data-lod-0",
            "service_project": "y0y0-dev-data-lod-0",
            "timeouts": null
          },
          "sensitive_attributes": [],
          "private": "eyJlMmJmYjczMC1lY2FhLTExZTYtOGY4OC0zNDM2M2JjN2M0YzAiOnsiY3JlYXRlIjoyNDAwMDAwMDAwMDAsImRlbGV0ZSI6MjQwMDAwMDAwMDAwfX0=",
          "dependencies": [
            "module.data-platform.module.load-project.data.google_project.project",
            "module.data-platform.module.load-project.google_project.project"
          ]
        }
      ]
    },
    {
      "module": "module.data-platform.module.load-project",
      "mode": "managed",
      "type": "google_project",
      "name": "project",
      "provider": "provider[\"registry.terraform.io/hashicorp/google\"]",
      "instances": [
        {
          "index_key": 0,
          "schema_version": 1,
          "attributes": {
            "auto_create_network": false,
            "billing_account": "0189FA-E139FD-136A58",
            "folder_id": "907613514079",
            "id": "projects/y0y0-dev-data-lod-0",
            "labels": {},
            "name": "y0y0-dev-data-lod-0",
            "number": "969708674185",
            "org_id": "",
            "project_id": "y0y0-dev-data-lod-0",
            "skip_delete": false,
            "timeouts": null
          },
          "sensitive_attributes": [],
          "private": "eyJlMmJmYjczMC1lY2FhLTExZTYtOGY4OC0zNDM2M2JjN2M0YzAiOnsiY3JlYXRlIjo2MDAwMDAwMDAwMDAsImRlbGV0ZSI6NjAwMDAwMDAwMDAwLCJyZWFkIjo2MDAwMDAwMDAwMDAsInVwZGF0ZSI6NjAwMDAwMDAwMDAwfSwic2NoZW1hX3ZlcnNpb24iOiIxIn0="
        }
      ]
    },
    {
      "module": "module.data-platform.module.load-project",
      "mode": "managed",
      "type": "google_project_iam_binding",
      "name": "authoritative",
      "provider": "provider[\"registry.terraform.io/hashicorp/google\"]",
      "instances": [
        {
          "index_key": "roles/bigquery.jobUser",
          "schema_version": 0,
          "attributes": {
            "condition": [],
            "etag": "BwX4kVUvaK4=",
            "id": "y0y0-dev-data-lod-0/roles/bigquery.jobUser",
            "members": [
              "serviceAccount:y0y0-dev-data-load-df-0@y0y0-dev-data-lod-0.iam.gserviceaccount.com"
            ],
            "project": "y0y0-dev-data-lod-0",
            "role": "roles/bigquery.jobUser"
          },
          "sensitive_attributes": [],
          "private": "bnVsbA==",
          "dependencies": [
            "module.data-platform.module.load-project.data.google_bigquery_default_service_account.bq_sa",
            "module.data-platform.module.load-project.data.google_project.project",
            "module.data-platform.module.load-project.data.google_storage_project_service_account.gcs_sa",
            "module.data-platform.module.load-project.google_compute_shared_vpc_host_project.shared_vpc_host",
            "module.data-platform.module.load-project.google_compute_shared_vpc_service_project.service_projects",
            "module.data-platform.module.load-project.google_compute_shared_vpc_service_project.shared_vpc_service",
            "module.data-platform.module.load-project.google_kms_crypto_key_iam_member.service_identity_cmek",
            "module.data-platform.module.load-project.google_org_policy_policy.default",
            "module.data-platform.module.load-project.google_project.project",
            "module.data-platform.module.load-project.google_project_default_service_accounts.default_service_accounts",
            "module.data-platform.module.load-project.google_project_iam_custom_role.roles",
            "module.data-platform.module.load-project.google_project_iam_member.servicenetworking",
            "module.data-platform.module.load-project.google_project_iam_member.shared_vpc_host_robots",
            "module.data-platform.module.load-project.google_project_service.project_services",
            "module.data-platform.module.load-project.google_project_service_identity.jit_si",
            "module.data-platform.module.load-project.google_project_service_identity.servicenetworking",
            "module.data-platform.module.load-sa-df-0.data.google_service_account.service_account",
            "module.data-platform.module.load-sa-df-0.google_service_account.service_account",
            "module.data-platform.module.orch-project.data.google_bigquery_default_service_account.bq_sa",
            "module.data-platform.module.orch-project.data.google_project.project",
            "module.data-platform.module.orch-project.data.google_storage_project_service_account.gcs_sa",
            "module.data-platform.module.orch-project.google_compute_shared_vpc_host_project.shared_vpc_host",
            "module.data-platform.module.orch-project.google_compute_shared_vpc_service_project.service_projects",
            "module.data-platform.module.orch-project.google_compute_shared_vpc_service_project.shared_vpc_service",
            "module.data-platform.module.orch-project.google_kms_crypto_key_iam_member.service_identity_cmek",
            "module.data-platform.module.orch-project.google_org_policy_policy.default",
            "module.data-platform.module.orch-project.google_project.project",
            "module.data-platform.module.orch-project.google_project_default_service_accounts.default_service_accounts",
            "module.data-platform.module.orch-project.google_project_iam_member.servicenetworking",
            "module.data-platform.module.orch-project.google_project_iam_member.shared_vpc_host_robots",
            "module.data-platform.module.orch-project.google_project_service.project_services",
            "module.data-platform.module.orch-project.google_project_service_identity.jit_si",
            "module.data-platform.module.orch-project.google_project_service_identity.servicenetworking",
            "module.data-platform.module.orch-sa-cmp-0.data.google_service_account.service_account",
            "module.data-platform.module.orch-sa-cmp-0.google_service_account.service_account"
          ]
        },
        {
          "index_key": "roles/dataflow.admin",
          "schema_version": 0,
          "attributes": {
            "condition": [],
            "etag": "BwX4kVUvaK4=",
            "id": "y0y0-dev-data-lod-0/roles/dataflow.admin",
            "members": [
              "group:gcp-data-engineers@yoyoland.joonix.net",
              "serviceAccount:y0y0-dev-data-load-df-0@y0y0-dev-data-lod-0.iam.gserviceaccount.com",
              "serviceAccount:y0y0-dev-data-orc-cmp-0@y0y0-dev-data-orc-0.iam.gserviceaccount.com"
            ],
            "project": "y0y0-dev-data-lod-0",
            "role": "roles/dataflow.admin"
          },
          "sensitive_attributes": [],
          "private": "bnVsbA==",
          "dependencies": [
            "module.data-platform.module.load-project.data.google_bigquery_default_service_account.bq_sa",
            "module.data-platform.module.load-project.data.google_project.project",
            "module.data-platform.module.load-project.data.google_storage_project_service_account.gcs_sa",
            "module.data-platform.module.load-project.google_compute_shared_vpc_host_project.shared_vpc_host",
            "module.data-platform.module.load-project.google_compute_shared_vpc_service_project.service_projects",
            "module.data-platform.module.load-project.google_compute_shared_vpc_service_project.shared_vpc_service",
            "module.data-platform.module.load-project.google_kms_crypto_key_iam_member.service_identity_cmek",
            "module.data-platform.module.load-project.google_org_policy_policy.default",
            "module.data-platform.module.load-project.google_project.project",
            "module.data-platform.module.load-project.google_project_default_service_accounts.default_service_accounts",
            "module.data-platform.module.load-project.google_project_iam_custom_role.roles",
            "module.data-platform.module.load-project.google_project_iam_member.servicenetworking",
            "module.data-platform.module.load-project.google_project_iam_member.shared_vpc_host_robots",
            "module.data-platform.module.load-project.google_project_service.project_services",
            "module.data-platform.module.load-project.google_project_service_identity.jit_si",
            "module.data-platform.module.load-project.google_project_service_identity.servicenetworking",
            "module.data-platform.module.load-sa-df-0.data.google_service_account.service_account",
            "module.data-platform.module.load-sa-df-0.google_service_account.service_account",
            "module.data-platform.module.orch-project.data.google_bigquery_default_service_account.bq_sa",
            "module.data-platform.module.orch-project.data.google_project.project",
            "module.data-platform.module.orch-project.data.google_storage_project_service_account.gcs_sa",
            "module.data-platform.module.orch-project.google_compute_shared_vpc_host_project.shared_vpc_host",
            "module.data-platform.module.orch-project.google_compute_shared_vpc_service_project.service_projects",
            "module.data-platform.module.orch-project.google_compute_shared_vpc_service_project.shared_vpc_service",
            "module.data-platform.module.orch-project.google_kms_crypto_key_iam_member.service_identity_cmek",
            "module.data-platform.module.orch-project.google_org_policy_policy.default",
            "module.data-platform.module.orch-project.google_project.project",
            "module.data-platform.module.orch-project.google_project_default_service_accounts.default_service_accounts",
            "module.data-platform.module.orch-project.google_project_iam_member.servicenetworking",
            "module.data-platform.module.orch-project.google_project_iam_member.shared_vpc_host_robots",
            "module.data-platform.module.orch-project.google_project_service.project_services",
            "module.data-platform.module.orch-project.google_project_service_identity.jit_si",
            "module.data-platform.module.orch-project.google_project_service_identity.servicenetworking",
            "module.data-platform.module.orch-sa-cmp-0.data.google_service_account.service_account",
            "module.data-platform.module.orch-sa-cmp-0.google_service_account.service_account"
          ]
        },
        {
          "index_key": "roles/dataflow.developer",
          "schema_version": 0,
          "attributes": {
            "condition": [],
            "etag": "BwX4kVUvaK4=",
            "id": "y0y0-dev-data-lod-0/roles/dataflow.developer",
            "members": [
              "group:gcp-data-engineers@yoyoland.joonix.net"
            ],
            "project": "y0y0-dev-data-lod-0",
            "role": "roles/dataflow.developer"
          },
          "sensitive_attributes": [],
          "private": "bnVsbA==",
          "dependencies": [
            "module.data-platform.module.load-project.data.google_bigquery_default_service_account.bq_sa",
            "module.data-platform.module.load-project.data.google_project.project",
            "module.data-platform.module.load-project.data.google_storage_project_service_account.gcs_sa",
            "module.data-platform.module.load-project.google_compute_shared_vpc_host_project.shared_vpc_host",
            "module.data-platform.module.load-project.google_compute_shared_vpc_service_project.service_projects",
            "module.data-platform.module.load-project.google_compute_shared_vpc_service_project.shared_vpc_service",
            "module.data-platform.module.load-project.google_kms_crypto_key_iam_member.service_identity_cmek",
            "module.data-platform.module.load-project.google_org_policy_policy.default",
            "module.data-platform.module.load-project.google_project.project",
            "module.data-platform.module.load-project.google_project_default_service_accounts.default_service_accounts",
            "module.data-platform.module.load-project.google_project_iam_custom_role.roles",
            "module.data-platform.module.load-project.google_project_iam_member.servicenetworking",
            "module.data-platform.module.load-project.google_project_iam_member.shared_vpc_host_robots",
            "module.data-platform.module.load-project.google_project_service.project_services",
            "module.data-platform.module.load-project.google_project_service_identity.jit_si",
            "module.data-platform.module.load-project.google_project_service_identity.servicenetworking",
            "module.data-platform.module.load-sa-df-0.data.google_service_account.service_account",
            "module.data-platform.module.load-sa-df-0.google_service_account.service_account",
            "module.data-platform.module.orch-project.data.google_bigquery_default_service_account.bq_sa",
            "module.data-platform.module.orch-project.data.google_project.project",
            "module.data-platform.module.orch-project.data.google_storage_project_service_account.gcs_sa",
            "module.data-platform.module.orch-project.google_compute_shared_vpc_host_project.shared_vpc_host",
            "module.data-platform.module.orch-project.google_compute_shared_vpc_service_project.service_projects",
            "module.data-platform.module.orch-project.google_compute_shared_vpc_service_project.shared_vpc_service",
            "module.data-platform.module.orch-project.google_kms_crypto_key_iam_member.service_identity_cmek",
            "module.data-platform.module.orch-project.google_org_policy_policy.default",
            "module.data-platform.module.orch-project.google_project.project",
            "module.data-platform.module.orch-project.google_project_default_service_accounts.default_service_accounts",
            "module.data-platform.module.orch-project.google_project_iam_member.servicenetworking",
            "module.data-platform.module.orch-project.google_project_iam_member.shared_vpc_host_robots",
            "module.data-platform.module.orch-project.google_project_service.project_services",
            "module.data-platform.module.orch-project.google_project_service_identity.jit_si",
            "module.data-platform.module.orch-project.google_project_service_identity.servicenetworking",
            "module.data-platform.module.orch-sa-cmp-0.data.google_service_account.service_account",
            "module.data-platform.module.orch-sa-cmp-0.google_service_account.service_account"
          ]
        },
        {
          "index_key": "roles/dataflow.worker",
          "schema_version": 0,
          "attributes": {
            "condition": [],
            "etag": "BwX4kVUvaK4=",
            "id": "y0y0-dev-data-lod-0/roles/dataflow.worker",
            "members": [
              "serviceAccount:y0y0-dev-data-load-df-0@y0y0-dev-data-lod-0.iam.gserviceaccount.com"
            ],
            "project": "y0y0-dev-data-lod-0",
            "role": "roles/dataflow.worker"
          },
          "sensitive_attributes": [],
          "private": "bnVsbA==",
          "dependencies": [
            "module.data-platform.module.load-project.data.google_bigquery_default_service_account.bq_sa",
            "module.data-platform.module.load-project.data.google_project.project",
            "module.data-platform.module.load-project.data.google_storage_project_service_account.gcs_sa",
            "module.data-platform.module.load-project.google_compute_shared_vpc_host_project.shared_vpc_host",
            "module.data-platform.module.load-project.google_compute_shared_vpc_service_project.service_projects",
            "module.data-platform.module.load-project.google_compute_shared_vpc_service_project.shared_vpc_service",
            "module.data-platform.module.load-project.google_kms_crypto_key_iam_member.service_identity_cmek",
            "module.data-platform.module.load-project.google_org_policy_policy.default",
            "module.data-platform.module.load-project.google_project.project",
            "module.data-platform.module.load-project.google_project_default_service_accounts.default_service_accounts",
            "module.data-platform.module.load-project.google_project_iam_custom_role.roles",
            "module.data-platform.module.load-project.google_project_iam_member.servicenetworking",
            "module.data-platform.module.load-project.google_project_iam_member.shared_vpc_host_robots",
            "module.data-platform.module.load-project.google_project_service.project_services",
            "module.data-platform.module.load-project.google_project_service_identity.jit_si",
            "module.data-platform.module.load-project.google_project_service_identity.servicenetworking",
            "module.data-platform.module.load-sa-df-0.data.google_service_account.service_account",
            "module.data-platform.module.load-sa-df-0.google_service_account.service_account",
            "module.data-platform.module.orch-project.data.google_bigquery_default_service_account.bq_sa",
            "module.data-platform.module.orch-project.data.google_project.project",
            "module.data-platform.module.orch-project.data.google_storage_project_service_account.gcs_sa",
            "module.data-platform.module.orch-project.google_compute_shared_vpc_host_project.shared_vpc_host",
            "module.data-platform.module.orch-project.google_compute_shared_vpc_service_project.service_projects",
            "module.data-platform.module.orch-project.google_compute_shared_vpc_service_project.shared_vpc_service",
            "module.data-platform.module.orch-project.google_kms_crypto_key_iam_member.service_identity_cmek",
            "module.data-platform.module.orch-project.google_org_policy_policy.default",
            "module.data-platform.module.orch-project.google_project.project",
            "module.data-platform.module.orch-project.google_project_default_service_accounts.default_service_accounts",
            "module.data-platform.module.orch-project.google_project_iam_member.servicenetworking",
            "module.data-platform.module.orch-project.google_project_iam_member.shared_vpc_host_robots",
            "module.data-platform.module.orch-project.google_project_service.project_services",
            "module.data-platform.module.orch-project.google_project_service_identity.jit_si",
            "module.data-platform.module.orch-project.google_project_service_identity.servicenetworking",
            "module.data-platform.module.orch-sa-cmp-0.data.google_service_account.service_account",
            "module.data-platform.module.orch-sa-cmp-0.google_service_account.service_account"
          ]
        },
        {
          "index_key": "roles/storage.objectAdmin",
          "schema_version": 0,
          "attributes": {
            "condition": [],
            "etag": "BwX4kVUvaK4=",
            "id": "y0y0-dev-data-lod-0/roles/storage.objectAdmin",
            "members": [
              "serviceAccount:service-969708674185@dataflow-service-producer-prod.iam.gserviceaccount.com",
              "serviceAccount:y0y0-dev-data-load-df-0@y0y0-dev-data-lod-0.iam.gserviceaccount.com"
            ],
            "project": "y0y0-dev-data-lod-0",
            "role": "roles/storage.objectAdmin"
          },
          "sensitive_attributes": [],
          "private": "bnVsbA==",
          "dependencies": [
            "module.data-platform.module.load-project.data.google_bigquery_default_service_account.bq_sa",
            "module.data-platform.module.load-project.data.google_project.project",
            "module.data-platform.module.load-project.data.google_storage_project_service_account.gcs_sa",
            "module.data-platform.module.load-project.google_compute_shared_vpc_host_project.shared_vpc_host",
            "module.data-platform.module.load-project.google_compute_shared_vpc_service_project.service_projects",
            "module.data-platform.module.load-project.google_compute_shared_vpc_service_project.shared_vpc_service",
            "module.data-platform.module.load-project.google_kms_crypto_key_iam_member.service_identity_cmek",
            "module.data-platform.module.load-project.google_org_policy_policy.default",
            "module.data-platform.module.load-project.google_project.project",
            "module.data-platform.module.load-project.google_project_default_service_accounts.default_service_accounts",
            "module.data-platform.module.load-project.google_project_iam_custom_role.roles",
            "module.data-platform.module.load-project.google_project_iam_member.servicenetworking",
            "module.data-platform.module.load-project.google_project_iam_member.shared_vpc_host_robots",
            "module.data-platform.module.load-project.google_project_service.project_services",
            "module.data-platform.module.load-project.google_project_service_identity.jit_si",
            "module.data-platform.module.load-project.google_project_service_identity.servicenetworking",
            "module.data-platform.module.load-sa-df-0.data.google_service_account.service_account",
            "module.data-platform.module.load-sa-df-0.google_service_account.service_account",
            "module.data-platform.module.orch-project.data.google_bigquery_default_service_account.bq_sa",
            "module.data-platform.module.orch-project.data.google_project.project",
            "module.data-platform.module.orch-project.data.google_storage_project_service_account.gcs_sa",
            "module.data-platform.module.orch-project.google_compute_shared_vpc_host_project.shared_vpc_host",
            "module.data-platform.module.orch-project.google_compute_shared_vpc_service_project.service_projects",
            "module.data-platform.module.orch-project.google_compute_shared_vpc_service_project.shared_vpc_service",
            "module.data-platform.module.orch-project.google_kms_crypto_key_iam_member.service_identity_cmek",
            "module.data-platform.module.orch-project.google_org_policy_policy.default",
            "module.data-platform.module.orch-project.google_project.project",
            "module.data-platform.module.orch-project.google_project_default_service_accounts.default_service_accounts",
            "module.data-platform.module.orch-project.google_project_iam_member.servicenetworking",
            "module.data-platform.module.orch-project.google_project_iam_member.shared_vpc_host_robots",
            "module.data-platform.module.orch-project.google_project_service.project_services",
            "module.data-platform.module.orch-project.google_project_service_identity.jit_si",
            "module.data-platform.module.orch-project.google_project_service_identity.servicenetworking",
            "module.data-platform.module.orch-sa-cmp-0.data.google_service_account.service_account",
            "module.data-platform.module.orch-sa-cmp-0.google_service_account.service_account"
          ]
        }
      ]
    },
    {
      "module": "module.data-platform.module.load-project",
      "mode": "managed",
      "type": "google_project_iam_member",
      "name": "servicenetworking",
      "provider": "provider[\"registry.terraform.io/hashicorp/google\"]",
      "instances": [
        {
          "index_key": 0,
          "schema_version": 0,
          "attributes": {
            "condition": [],
            "etag": "BwX4kVUvaK4=",
            "id": "y0y0-dev-data-lod-0/roles/servicenetworking.serviceAgent/serviceAccount:service-969708674185@service-networking.iam.gserviceaccount.com",
            "member": "serviceAccount:service-969708674185@service-networking.iam.gserviceaccount.com",
            "project": "y0y0-dev-data-lod-0",
            "role": "roles/servicenetworking.serviceAgent"
          },
          "sensitive_attributes": [],
          "private": "bnVsbA==",
          "dependencies": [
            "module.data-platform.module.load-project.data.google_project.project",
            "module.data-platform.module.load-project.google_project.project",
            "module.data-platform.module.load-project.google_project_service.project_services",
            "module.data-platform.module.load-project.google_project_service_identity.servicenetworking"
          ]
        }
      ]
    },
    {
      "module": "module.data-platform.module.load-project",
      "mode": "managed",
      "type": "google_project_service",
      "name": "project_services",
      "provider": "provider[\"registry.terraform.io/hashicorp/google\"]",
      "instances": [
        {
          "index_key": "bigquery.googleapis.com",
          "schema_version": 0,
          "attributes": {
            "disable_dependent_services": false,
            "disable_on_destroy": false,
            "id": "y0y0-dev-data-lod-0/bigquery.googleapis.com",
            "project": "y0y0-dev-data-lod-0",
            "service": "bigquery.googleapis.com",
            "timeouts": null
          },
          "sensitive_attributes": [],
          "private": "eyJlMmJmYjczMC1lY2FhLTExZTYtOGY4OC0zNDM2M2JjN2M0YzAiOnsiY3JlYXRlIjoxMjAwMDAwMDAwMDAwLCJkZWxldGUiOjEyMDAwMDAwMDAwMDAsInJlYWQiOjYwMDAwMDAwMDAwMCwidXBkYXRlIjoxMjAwMDAwMDAwMDAwfX0=",
          "dependencies": [
            "module.data-platform.module.load-project.data.google_project.project",
            "module.data-platform.module.load-project.google_project.project"
          ]
        },
        {
          "index_key": "bigqueryreservation.googleapis.com",
          "schema_version": 0,
          "attributes": {
            "disable_dependent_services": false,
            "disable_on_destroy": false,
            "id": "y0y0-dev-data-lod-0/bigqueryreservation.googleapis.com",
            "project": "y0y0-dev-data-lod-0",
            "service": "bigqueryreservation.googleapis.com",
            "timeouts": null
          },
          "sensitive_attributes": [],
          "private": "eyJlMmJmYjczMC1lY2FhLTExZTYtOGY4OC0zNDM2M2JjN2M0YzAiOnsiY3JlYXRlIjoxMjAwMDAwMDAwMDAwLCJkZWxldGUiOjEyMDAwMDAwMDAwMDAsInJlYWQiOjYwMDAwMDAwMDAwMCwidXBkYXRlIjoxMjAwMDAwMDAwMDAwfX0=",
          "dependencies": [
            "module.data-platform.module.load-project.data.google_project.project",
            "module.data-platform.module.load-project.google_project.project"
          ]
        },
        {
          "index_key": "bigquerystorage.googleapis.com",
          "schema_version": 0,
          "attributes": {
            "disable_dependent_services": false,
            "disable_on_destroy": false,
            "id": "y0y0-dev-data-lod-0/bigquerystorage.googleapis.com",
            "project": "y0y0-dev-data-lod-0",
            "service": "bigquerystorage.googleapis.com",
            "timeouts": null
          },
          "sensitive_attributes": [],
          "private": "eyJlMmJmYjczMC1lY2FhLTExZTYtOGY4OC0zNDM2M2JjN2M0YzAiOnsiY3JlYXRlIjoxMjAwMDAwMDAwMDAwLCJkZWxldGUiOjEyMDAwMDAwMDAwMDAsInJlYWQiOjYwMDAwMDAwMDAwMCwidXBkYXRlIjoxMjAwMDAwMDAwMDAwfX0=",
          "dependencies": [
            "module.data-platform.module.load-project.data.google_project.project",
            "module.data-platform.module.load-project.google_project.project"
          ]
        },
        {
          "index_key": "cloudkms.googleapis.com",
          "schema_version": 0,
          "attributes": {
            "disable_dependent_services": false,
            "disable_on_destroy": false,
            "id": "y0y0-dev-data-lod-0/cloudkms.googleapis.com",
            "project": "y0y0-dev-data-lod-0",
            "service": "cloudkms.googleapis.com",
            "timeouts": null
          },
          "sensitive_attributes": [],
          "private": "eyJlMmJmYjczMC1lY2FhLTExZTYtOGY4OC0zNDM2M2JjN2M0YzAiOnsiY3JlYXRlIjoxMjAwMDAwMDAwMDAwLCJkZWxldGUiOjEyMDAwMDAwMDAwMDAsInJlYWQiOjYwMDAwMDAwMDAwMCwidXBkYXRlIjoxMjAwMDAwMDAwMDAwfX0=",
          "dependencies": [
            "module.data-platform.module.load-project.data.google_project.project",
            "module.data-platform.module.load-project.google_project.project"
          ]
        },
        {
          "index_key": "cloudresourcemanager.googleapis.com",
          "schema_version": 0,
          "attributes": {
            "disable_dependent_services": false,
            "disable_on_destroy": false,
            "id": "y0y0-dev-data-lod-0/cloudresourcemanager.googleapis.com",
            "project": "y0y0-dev-data-lod-0",
            "service": "cloudresourcemanager.googleapis.com",
            "timeouts": null
          },
          "sensitive_attributes": [],
          "private": "eyJlMmJmYjczMC1lY2FhLTExZTYtOGY4OC0zNDM2M2JjN2M0YzAiOnsiY3JlYXRlIjoxMjAwMDAwMDAwMDAwLCJkZWxldGUiOjEyMDAwMDAwMDAwMDAsInJlYWQiOjYwMDAwMDAwMDAwMCwidXBkYXRlIjoxMjAwMDAwMDAwMDAwfX0=",
          "dependencies": [
            "module.data-platform.module.load-project.data.google_project.project",
            "module.data-platform.module.load-project.google_project.project"
          ]
        },
        {
          "index_key": "compute.googleapis.com",
          "schema_version": 0,
          "attributes": {
            "disable_dependent_services": false,
            "disable_on_destroy": false,
            "id": "y0y0-dev-data-lod-0/compute.googleapis.com",
            "project": "y0y0-dev-data-lod-0",
            "service": "compute.googleapis.com",
            "timeouts": null
          },
          "sensitive_attributes": [],
          "private": "eyJlMmJmYjczMC1lY2FhLTExZTYtOGY4OC0zNDM2M2JjN2M0YzAiOnsiY3JlYXRlIjoxMjAwMDAwMDAwMDAwLCJkZWxldGUiOjEyMDAwMDAwMDAwMDAsInJlYWQiOjYwMDAwMDAwMDAwMCwidXBkYXRlIjoxMjAwMDAwMDAwMDAwfX0=",
          "dependencies": [
            "module.data-platform.module.load-project.data.google_project.project",
            "module.data-platform.module.load-project.google_project.project"
          ]
        },
        {
          "index_key": "dataflow.googleapis.com",
          "schema_version": 0,
          "attributes": {
            "disable_dependent_services": false,
            "disable_on_destroy": false,
            "id": "y0y0-dev-data-lod-0/dataflow.googleapis.com",
            "project": "y0y0-dev-data-lod-0",
            "service": "dataflow.googleapis.com",
            "timeouts": null
          },
          "sensitive_attributes": [],
          "private": "eyJlMmJmYjczMC1lY2FhLTExZTYtOGY4OC0zNDM2M2JjN2M0YzAiOnsiY3JlYXRlIjoxMjAwMDAwMDAwMDAwLCJkZWxldGUiOjEyMDAwMDAwMDAwMDAsInJlYWQiOjYwMDAwMDAwMDAwMCwidXBkYXRlIjoxMjAwMDAwMDAwMDAwfX0=",
          "dependencies": [
            "module.data-platform.module.load-project.data.google_project.project",
            "module.data-platform.module.load-project.google_project.project"
          ]
        },
        {
          "index_key": "dlp.googleapis.com",
          "schema_version": 0,
          "attributes": {
            "disable_dependent_services": false,
            "disable_on_destroy": false,
            "id": "y0y0-dev-data-lod-0/dlp.googleapis.com",
            "project": "y0y0-dev-data-lod-0",
            "service": "dlp.googleapis.com",
            "timeouts": null
          },
          "sensitive_attributes": [],
          "private": "eyJlMmJmYjczMC1lY2FhLTExZTYtOGY4OC0zNDM2M2JjN2M0YzAiOnsiY3JlYXRlIjoxMjAwMDAwMDAwMDAwLCJkZWxldGUiOjEyMDAwMDAwMDAwMDAsInJlYWQiOjYwMDAwMDAwMDAwMCwidXBkYXRlIjoxMjAwMDAwMDAwMDAwfX0=",
          "dependencies": [
            "module.data-platform.module.load-project.data.google_project.project",
            "module.data-platform.module.load-project.google_project.project"
          ]
        },
        {
          "index_key": "iam.googleapis.com",
          "schema_version": 0,
          "attributes": {
            "disable_dependent_services": false,
            "disable_on_destroy": false,
            "id": "y0y0-dev-data-lod-0/iam.googleapis.com",
            "project": "y0y0-dev-data-lod-0",
            "service": "iam.googleapis.com",
            "timeouts": null
          },
          "sensitive_attributes": [],
          "private": "eyJlMmJmYjczMC1lY2FhLTExZTYtOGY4OC0zNDM2M2JjN2M0YzAiOnsiY3JlYXRlIjoxMjAwMDAwMDAwMDAwLCJkZWxldGUiOjEyMDAwMDAwMDAwMDAsInJlYWQiOjYwMDAwMDAwMDAwMCwidXBkYXRlIjoxMjAwMDAwMDAwMDAwfX0=",
          "dependencies": [
            "module.data-platform.module.load-project.data.google_project.project",
            "module.data-platform.module.load-project.google_project.project"
          ]
        },
        {
          "index_key": "pubsub.googleapis.com",
          "schema_version": 0,
          "attributes": {
            "disable_dependent_services": false,
            "disable_on_destroy": false,
            "id": "y0y0-dev-data-lod-0/pubsub.googleapis.com",
            "project": "y0y0-dev-data-lod-0",
            "service": "pubsub.googleapis.com",
            "timeouts": null
          },
          "sensitive_attributes": [],
          "private": "eyJlMmJmYjczMC1lY2FhLTExZTYtOGY4OC0zNDM2M2JjN2M0YzAiOnsiY3JlYXRlIjoxMjAwMDAwMDAwMDAwLCJkZWxldGUiOjEyMDAwMDAwMDAwMDAsInJlYWQiOjYwMDAwMDAwMDAwMCwidXBkYXRlIjoxMjAwMDAwMDAwMDAwfX0=",
          "dependencies": [
            "module.data-platform.module.load-project.data.google_project.project",
            "module.data-platform.module.load-project.google_project.project"
          ]
        },
        {
          "index_key": "servicenetworking.googleapis.com",
          "schema_version": 0,
          "attributes": {
            "disable_dependent_services": false,
            "disable_on_destroy": false,
            "id": "y0y0-dev-data-lod-0/servicenetworking.googleapis.com",
            "project": "y0y0-dev-data-lod-0",
            "service": "servicenetworking.googleapis.com",
            "timeouts": null
          },
          "sensitive_attributes": [],
          "private": "eyJlMmJmYjczMC1lY2FhLTExZTYtOGY4OC0zNDM2M2JjN2M0YzAiOnsiY3JlYXRlIjoxMjAwMDAwMDAwMDAwLCJkZWxldGUiOjEyMDAwMDAwMDAwMDAsInJlYWQiOjYwMDAwMDAwMDAwMCwidXBkYXRlIjoxMjAwMDAwMDAwMDAwfX0=",
          "dependencies": [
            "module.data-platform.module.load-project.data.google_project.project",
            "module.data-platform.module.load-project.google_project.project"
          ]
        },
        {
          "index_key": "serviceusage.googleapis.com",
          "schema_version": 0,
          "attributes": {
            "disable_dependent_services": false,
            "disable_on_destroy": false,
            "id": "y0y0-dev-data-lod-0/serviceusage.googleapis.com",
            "project": "y0y0-dev-data-lod-0",
            "service": "serviceusage.googleapis.com",
            "timeouts": null
          },
          "sensitive_attributes": [],
          "private": "eyJlMmJmYjczMC1lY2FhLTExZTYtOGY4OC0zNDM2M2JjN2M0YzAiOnsiY3JlYXRlIjoxMjAwMDAwMDAwMDAwLCJkZWxldGUiOjEyMDAwMDAwMDAwMDAsInJlYWQiOjYwMDAwMDAwMDAwMCwidXBkYXRlIjoxMjAwMDAwMDAwMDAwfX0=",
          "dependencies": [
            "module.data-platform.module.load-project.data.google_project.project",
            "module.data-platform.module.load-project.google_project.project"
          ]
        },
        {
          "index_key": "stackdriver.googleapis.com",
          "schema_version": 0,
          "attributes": {
            "disable_dependent_services": false,
            "disable_on_destroy": false,
            "id": "y0y0-dev-data-lod-0/stackdriver.googleapis.com",
            "project": "y0y0-dev-data-lod-0",
            "service": "stackdriver.googleapis.com",
            "timeouts": null
          },
          "sensitive_attributes": [],
          "private": "eyJlMmJmYjczMC1lY2FhLTExZTYtOGY4OC0zNDM2M2JjN2M0YzAiOnsiY3JlYXRlIjoxMjAwMDAwMDAwMDAwLCJkZWxldGUiOjEyMDAwMDAwMDAwMDAsInJlYWQiOjYwMDAwMDAwMDAwMCwidXBkYXRlIjoxMjAwMDAwMDAwMDAwfX0=",
          "dependencies": [
            "module.data-platform.module.load-project.data.google_project.project",
            "module.data-platform.module.load-project.google_project.project"
          ]
        },
        {
          "index_key": "storage-component.googleapis.com",
          "schema_version": 0,
          "attributes": {
            "disable_dependent_services": false,
            "disable_on_destroy": false,
            "id": "y0y0-dev-data-lod-0/storage-component.googleapis.com",
            "project": "y0y0-dev-data-lod-0",
            "service": "storage-component.googleapis.com",
            "timeouts": null
          },
          "sensitive_attributes": [],
          "private": "eyJlMmJmYjczMC1lY2FhLTExZTYtOGY4OC0zNDM2M2JjN2M0YzAiOnsiY3JlYXRlIjoxMjAwMDAwMDAwMDAwLCJkZWxldGUiOjEyMDAwMDAwMDAwMDAsInJlYWQiOjYwMDAwMDAwMDAwMCwidXBkYXRlIjoxMjAwMDAwMDAwMDAwfX0=",
          "dependencies": [
            "module.data-platform.module.load-project.data.google_project.project",
            "module.data-platform.module.load-project.google_project.project"
          ]
        },
        {
          "index_key": "storage.googleapis.com",
          "schema_version": 0,
          "attributes": {
            "disable_dependent_services": false,
            "disable_on_destroy": false,
            "id": "y0y0-dev-data-lod-0/storage.googleapis.com",
            "project": "y0y0-dev-data-lod-0",
            "service": "storage.googleapis.com",
            "timeouts": null
          },
          "sensitive_attributes": [],
          "private": "eyJlMmJmYjczMC1lY2FhLTExZTYtOGY4OC0zNDM2M2JjN2M0YzAiOnsiY3JlYXRlIjoxMjAwMDAwMDAwMDAwLCJkZWxldGUiOjEyMDAwMDAwMDAwMDAsInJlYWQiOjYwMDAwMDAwMDAwMCwidXBkYXRlIjoxMjAwMDAwMDAwMDAwfX0=",
          "dependencies": [
            "module.data-platform.module.load-project.data.google_project.project",
            "module.data-platform.module.load-project.google_project.project"
          ]
        }
      ]
    },
    {
      "module": "module.data-platform.module.load-project",
      "mode": "managed",
      "type": "google_project_service_identity",
      "name": "jit_si",
      "provider": "provider[\"registry.terraform.io/hashicorp/google-beta\"]",
      "instances": [
        {
          "index_key": "pubsub.googleapis.com",
          "schema_version": 0,
          "attributes": {
            "email": "service-969708674185@gcp-sa-pubsub.iam.gserviceaccount.com",
            "id": "projects/y0y0-dev-data-lod-0/services/pubsub.googleapis.com",
            "project": "y0y0-dev-data-lod-0",
            "service": "pubsub.googleapis.com",
            "timeouts": null
          },
          "sensitive_attributes": [],
          "private": "eyJlMmJmYjczMC1lY2FhLTExZTYtOGY4OC0zNDM2M2JjN2M0YzAiOnsiY3JlYXRlIjoxMjAwMDAwMDAwMDAwLCJkZWxldGUiOjEyMDAwMDAwMDAwMDAsInJlYWQiOjYwMDAwMDAwMDAwMH19",
          "dependencies": [
            "module.data-platform.module.load-project.data.google_project.project",
            "module.data-platform.module.load-project.google_project.project",
            "module.data-platform.module.load-project.google_project_service.project_services"
          ]
        }
      ]
    },
    {
      "module": "module.data-platform.module.load-project",
      "mode": "managed",
      "type": "google_project_service_identity",
      "name": "servicenetworking",
      "provider": "provider[\"registry.terraform.io/hashicorp/google-beta\"]",
      "instances": [
        {
          "index_key": 0,
          "schema_version": 0,
          "attributes": {
            "email": "service-969708674185@service-networking.iam.gserviceaccount.com",
            "id": "projects/y0y0-dev-data-lod-0/services/servicenetworking.googleapis.com",
            "project": "y0y0-dev-data-lod-0",
            "service": "servicenetworking.googleapis.com",
            "timeouts": null
          },
          "sensitive_attributes": [],
          "private": "eyJlMmJmYjczMC1lY2FhLTExZTYtOGY4OC0zNDM2M2JjN2M0YzAiOnsiY3JlYXRlIjoxMjAwMDAwMDAwMDAwLCJkZWxldGUiOjEyMDAwMDAwMDAwMDAsInJlYWQiOjYwMDAwMDAwMDAwMH19",
          "dependencies": [
            "module.data-platform.module.load-project.data.google_project.project",
            "module.data-platform.module.load-project.google_project.project",
            "module.data-platform.module.load-project.google_project_service.project_services"
          ]
        }
      ]
    },
    {
      "module": "module.data-platform.module.load-sa-df-0",
      "mode": "managed",
      "type": "google_service_account",
      "name": "service_account",
      "provider": "provider[\"registry.terraform.io/hashicorp/google\"]",
      "instances": [
        {
          "index_key": 0,
          "schema_version": 0,
          "attributes": {
            "account_id": "y0y0-dev-data-load-df-0",
            "description": "",
            "disabled": false,
            "display_name": "Data platform Dataflow load service account",
            "email": "y0y0-dev-data-load-df-0@y0y0-dev-data-lod-0.iam.gserviceaccount.com",
            "id": "projects/y0y0-dev-data-lod-0/serviceAccounts/y0y0-dev-data-load-df-0@y0y0-dev-data-lod-0.iam.gserviceaccount.com",
            "member": "serviceAccount:y0y0-dev-data-load-df-0@y0y0-dev-data-lod-0.iam.gserviceaccount.com",
            "name": "projects/y0y0-dev-data-lod-0/serviceAccounts/y0y0-dev-data-load-df-0@y0y0-dev-data-lod-0.iam.gserviceaccount.com",
            "project": "y0y0-dev-data-lod-0",
            "timeouts": null,
            "unique_id": "104015930754558686457"
          },
          "sensitive_attributes": [],
          "private": "eyJlMmJmYjczMC1lY2FhLTExZTYtOGY4OC0zNDM2M2JjN2M0YzAiOnsiY3JlYXRlIjozMDAwMDAwMDAwMDB9fQ==",
          "dependencies": [
            "module.data-platform.module.load-project.data.google_bigquery_default_service_account.bq_sa",
            "module.data-platform.module.load-project.data.google_project.project",
            "module.data-platform.module.load-project.data.google_storage_project_service_account.gcs_sa",
            "module.data-platform.module.load-project.google_compute_shared_vpc_host_project.shared_vpc_host",
            "module.data-platform.module.load-project.google_compute_shared_vpc_service_project.service_projects",
            "module.data-platform.module.load-project.google_compute_shared_vpc_service_project.shared_vpc_service",
            "module.data-platform.module.load-project.google_kms_crypto_key_iam_member.service_identity_cmek",
            "module.data-platform.module.load-project.google_org_policy_policy.default",
            "module.data-platform.module.load-project.google_project.project",
            "module.data-platform.module.load-project.google_project_default_service_accounts.default_service_accounts",
            "module.data-platform.module.load-project.google_project_iam_member.servicenetworking",
            "module.data-platform.module.load-project.google_project_iam_member.shared_vpc_host_robots",
            "module.data-platform.module.load-project.google_project_service.project_services",
            "module.data-platform.module.load-project.google_project_service_identity.jit_si",
            "module.data-platform.module.load-project.google_project_service_identity.servicenetworking"
          ]
        }
      ]
    },
    {
      "module": "module.data-platform.module.load-sa-df-0",
      "mode": "managed",
      "type": "google_service_account_iam_binding",
      "name": "roles",
      "provider": "provider[\"registry.terraform.io/hashicorp/google\"]",
      "instances": [
        {
          "index_key": "roles/iam.serviceAccountTokenCreator",
          "schema_version": 0,
          "attributes": {
            "condition": [],
            "etag": "BwX4kVI6ZIk=",
            "id": "projects/y0y0-dev-data-lod-0/serviceAccounts/y0y0-dev-data-load-df-0@y0y0-dev-data-lod-0.iam.gserviceaccount.com/roles/iam.serviceAccountTokenCreator",
            "members": [
              "group:gcp-data-engineers@yoyoland.joonix.net",
              "serviceAccount:y0y0-dev-data-orc-cmp-0@y0y0-dev-data-orc-0.iam.gserviceaccount.com"
            ],
            "role": "roles/iam.serviceAccountTokenCreator",
            "service_account_id": "projects/y0y0-dev-data-lod-0/serviceAccounts/y0y0-dev-data-load-df-0@y0y0-dev-data-lod-0.iam.gserviceaccount.com"
          },
          "sensitive_attributes": [],
          "private": "bnVsbA==",
          "dependencies": [
            "module.data-platform.module.load-project.data.google_bigquery_default_service_account.bq_sa",
            "module.data-platform.module.load-project.data.google_project.project",
            "module.data-platform.module.load-project.data.google_storage_project_service_account.gcs_sa",
            "module.data-platform.module.load-project.google_compute_shared_vpc_host_project.shared_vpc_host",
            "module.data-platform.module.load-project.google_compute_shared_vpc_service_project.service_projects",
            "module.data-platform.module.load-project.google_compute_shared_vpc_service_project.shared_vpc_service",
            "module.data-platform.module.load-project.google_kms_crypto_key_iam_member.service_identity_cmek",
            "module.data-platform.module.load-project.google_org_policy_policy.default",
            "module.data-platform.module.load-project.google_project.project",
            "module.data-platform.module.load-project.google_project_default_service_accounts.default_service_accounts",
            "module.data-platform.module.load-project.google_project_iam_member.servicenetworking",
            "module.data-platform.module.load-project.google_project_iam_member.shared_vpc_host_robots",
            "module.data-platform.module.load-project.google_project_service.project_services",
            "module.data-platform.module.load-project.google_project_service_identity.jit_si",
            "module.data-platform.module.load-project.google_project_service_identity.servicenetworking",
            "module.data-platform.module.load-sa-df-0.data.google_service_account.service_account",
            "module.data-platform.module.load-sa-df-0.google_service_account.service_account",
            "module.data-platform.module.orch-project.data.google_bigquery_default_service_account.bq_sa",
            "module.data-platform.module.orch-project.data.google_project.project",
            "module.data-platform.module.orch-project.data.google_storage_project_service_account.gcs_sa",
            "module.data-platform.module.orch-project.google_compute_shared_vpc_host_project.shared_vpc_host",
            "module.data-platform.module.orch-project.google_compute_shared_vpc_service_project.service_projects",
            "module.data-platform.module.orch-project.google_compute_shared_vpc_service_project.shared_vpc_service",
            "module.data-platform.module.orch-project.google_kms_crypto_key_iam_member.service_identity_cmek",
            "module.data-platform.module.orch-project.google_org_policy_policy.default",
            "module.data-platform.module.orch-project.google_project.project",
            "module.data-platform.module.orch-project.google_project_default_service_accounts.default_service_accounts",
            "module.data-platform.module.orch-project.google_project_iam_member.servicenetworking",
            "module.data-platform.module.orch-project.google_project_iam_member.shared_vpc_host_robots",
            "module.data-platform.module.orch-project.google_project_service.project_services",
            "module.data-platform.module.orch-project.google_project_service_identity.jit_si",
            "module.data-platform.module.orch-project.google_project_service_identity.servicenetworking",
            "module.data-platform.module.orch-sa-cmp-0.data.google_service_account.service_account",
            "module.data-platform.module.orch-sa-cmp-0.google_service_account.service_account"
          ]
        },
        {
          "index_key": "roles/iam.serviceAccountUser",
          "schema_version": 0,
          "attributes": {
            "condition": [],
            "etag": "BwX4kVI6ZIk=",
            "id": "projects/y0y0-dev-data-lod-0/serviceAccounts/y0y0-dev-data-load-df-0@y0y0-dev-data-lod-0.iam.gserviceaccount.com/roles/iam.serviceAccountUser",
            "members": [
              "serviceAccount:y0y0-dev-data-orc-cmp-0@y0y0-dev-data-orc-0.iam.gserviceaccount.com"
            ],
            "role": "roles/iam.serviceAccountUser",
            "service_account_id": "projects/y0y0-dev-data-lod-0/serviceAccounts/y0y0-dev-data-load-df-0@y0y0-dev-data-lod-0.iam.gserviceaccount.com"
          },
          "sensitive_attributes": [],
          "private": "bnVsbA==",
          "dependencies": [
            "module.data-platform.module.load-project.data.google_bigquery_default_service_account.bq_sa",
            "module.data-platform.module.load-project.data.google_project.project",
            "module.data-platform.module.load-project.data.google_storage_project_service_account.gcs_sa",
            "module.data-platform.module.load-project.google_compute_shared_vpc_host_project.shared_vpc_host",
            "module.data-platform.module.load-project.google_compute_shared_vpc_service_project.service_projects",
            "module.data-platform.module.load-project.google_compute_shared_vpc_service_project.shared_vpc_service",
            "module.data-platform.module.load-project.google_kms_crypto_key_iam_member.service_identity_cmek",
            "module.data-platform.module.load-project.google_org_policy_policy.default",
            "module.data-platform.module.load-project.google_project.project",
            "module.data-platform.module.load-project.google_project_default_service_accounts.default_service_accounts",
            "module.data-platform.module.load-project.google_project_iam_member.servicenetworking",
            "module.data-platform.module.load-project.google_project_iam_member.shared_vpc_host_robots",
            "module.data-platform.module.load-project.google_project_service.project_services",
            "module.data-platform.module.load-project.google_project_service_identity.jit_si",
            "module.data-platform.module.load-project.google_project_service_identity.servicenetworking",
            "module.data-platform.module.load-sa-df-0.data.google_service_account.service_account",
            "module.data-platform.module.load-sa-df-0.google_service_account.service_account",
            "module.data-platform.module.orch-project.data.google_bigquery_default_service_account.bq_sa",
            "module.data-platform.module.orch-project.data.google_project.project",
            "module.data-platform.module.orch-project.data.google_storage_project_service_account.gcs_sa",
            "module.data-platform.module.orch-project.google_compute_shared_vpc_host_project.shared_vpc_host",
            "module.data-platform.module.orch-project.google_compute_shared_vpc_service_project.service_projects",
            "module.data-platform.module.orch-project.google_compute_shared_vpc_service_project.shared_vpc_service",
            "module.data-platform.module.orch-project.google_kms_crypto_key_iam_member.service_identity_cmek",
            "module.data-platform.module.orch-project.google_org_policy_policy.default",
            "module.data-platform.module.orch-project.google_project.project",
            "module.data-platform.module.orch-project.google_project_default_service_accounts.default_service_accounts",
            "module.data-platform.module.orch-project.google_project_iam_member.servicenetworking",
            "module.data-platform.module.orch-project.google_project_iam_member.shared_vpc_host_robots",
            "module.data-platform.module.orch-project.google_project_service.project_services",
            "module.data-platform.module.orch-project.google_project_service_identity.jit_si",
            "module.data-platform.module.orch-project.google_project_service_identity.servicenetworking",
            "module.data-platform.module.orch-sa-cmp-0.data.google_service_account.service_account",
            "module.data-platform.module.orch-sa-cmp-0.google_service_account.service_account"
          ]
        }
      ]
    },
    {
      "module": "module.data-platform.module.orch-artifact-reg",
      "mode": "managed",
      "type": "google_artifact_registry_repository",
      "name": "registry",
      "provider": "provider[\"registry.terraform.io/hashicorp/google-beta\"]",
      "instances": [
        {
          "schema_version": 0,
          "attributes": {
            "create_time": "2023-04-05T06:58:39.633139Z",
            "description": "Docker repository storing application images e.g. Dataflow, Cloud Run etc...",
            "format": "DOCKER",
            "id": "projects/y0y0-dev-data-orc-0/locations/europe-west1/repositories/y0y0-dev-data-app-images",
            "kms_key_name": "",
            "labels": {},
            "location": "europe-west1",
            "maven_config": [],
            "mode": "STANDARD_REPOSITORY",
            "name": "y0y0-dev-data-app-images",
            "project": "y0y0-dev-data-orc-0",
            "remote_repository_config": [],
            "repository_id": "y0y0-dev-data-app-images",
            "timeouts": null,
            "update_time": "2023-04-05T06:58:39.633139Z",
            "virtual_repository_config": []
          },
          "sensitive_attributes": [],
          "private": "eyJlMmJmYjczMC1lY2FhLTExZTYtOGY4OC0zNDM2M2JjN2M0YzAiOnsiY3JlYXRlIjoxMjAwMDAwMDAwMDAwLCJkZWxldGUiOjEyMDAwMDAwMDAwMDAsInVwZGF0ZSI6MTIwMDAwMDAwMDAwMH19",
          "dependencies": [
            "module.data-platform.module.orch-project.data.google_bigquery_default_service_account.bq_sa",
            "module.data-platform.module.orch-project.data.google_project.project",
            "module.data-platform.module.orch-project.data.google_storage_project_service_account.gcs_sa",
            "module.data-platform.module.orch-project.google_compute_shared_vpc_host_project.shared_vpc_host",
            "module.data-platform.module.orch-project.google_compute_shared_vpc_service_project.service_projects",
            "module.data-platform.module.orch-project.google_compute_shared_vpc_service_project.shared_vpc_service",
            "module.data-platform.module.orch-project.google_kms_crypto_key_iam_member.service_identity_cmek",
            "module.data-platform.module.orch-project.google_org_policy_policy.default",
            "module.data-platform.module.orch-project.google_project.project",
            "module.data-platform.module.orch-project.google_project_default_service_accounts.default_service_accounts",
            "module.data-platform.module.orch-project.google_project_iam_member.servicenetworking",
            "module.data-platform.module.orch-project.google_project_iam_member.shared_vpc_host_robots",
            "module.data-platform.module.orch-project.google_project_service.project_services",
            "module.data-platform.module.orch-project.google_project_service_identity.jit_si",
            "module.data-platform.module.orch-project.google_project_service_identity.servicenetworking"
          ]
        }
      ]
    },
    {
      "module": "module.data-platform.module.orch-cs-0",
      "mode": "managed",
      "type": "google_storage_bucket",
      "name": "bucket",
      "provider": "provider[\"registry.terraform.io/hashicorp/google\"]",
      "instances": [
        {
          "schema_version": 0,
          "attributes": {
            "autoclass": [],
            "cors": [],
            "custom_placement_config": [],
            "default_event_based_hold": false,
            "encryption": [],
            "force_destroy": false,
            "id": "y0y0-dev-data-orc-cs-0",
            "labels": {},
            "lifecycle_rule": [],
            "location": "EU",
            "logging": [],
            "name": "y0y0-dev-data-orc-cs-0",
            "project": "y0y0-dev-data-orc-0",
            "public_access_prevention": "inherited",
            "requester_pays": false,
            "retention_policy": [],
            "self_link": "https://www.googleapis.com/storage/v1/b/y0y0-dev-data-orc-cs-0",
            "storage_class": "MULTI_REGIONAL",
            "timeouts": null,
            "uniform_bucket_level_access": true,
            "url": "gs://y0y0-dev-data-orc-cs-0",
            "versioning": [
              {
                "enabled": false
              }
            ],
            "website": []
          },
          "sensitive_attributes": [],
          "private": "eyJlMmJmYjczMC1lY2FhLTExZTYtOGY4OC0zNDM2M2JjN2M0YzAiOnsiY3JlYXRlIjo2MDAwMDAwMDAwMDAsInJlYWQiOjI0MDAwMDAwMDAwMCwidXBkYXRlIjoyNDAwMDAwMDAwMDB9fQ==",
          "dependencies": [
            "module.data-platform.module.orch-project.data.google_bigquery_default_service_account.bq_sa",
            "module.data-platform.module.orch-project.data.google_project.project",
            "module.data-platform.module.orch-project.data.google_storage_project_service_account.gcs_sa",
            "module.data-platform.module.orch-project.google_compute_shared_vpc_host_project.shared_vpc_host",
            "module.data-platform.module.orch-project.google_compute_shared_vpc_service_project.service_projects",
            "module.data-platform.module.orch-project.google_compute_shared_vpc_service_project.shared_vpc_service",
            "module.data-platform.module.orch-project.google_kms_crypto_key_iam_member.service_identity_cmek",
            "module.data-platform.module.orch-project.google_org_policy_policy.default",
            "module.data-platform.module.orch-project.google_project.project",
            "module.data-platform.module.orch-project.google_project_default_service_accounts.default_service_accounts",
            "module.data-platform.module.orch-project.google_project_iam_member.servicenetworking",
            "module.data-platform.module.orch-project.google_project_iam_member.shared_vpc_host_robots",
            "module.data-platform.module.orch-project.google_project_service.project_services",
            "module.data-platform.module.orch-project.google_project_service_identity.jit_si",
            "module.data-platform.module.orch-project.google_project_service_identity.servicenetworking"
          ]
        }
      ]
    },
    {
      "module": "module.data-platform.module.orch-cs-build-staging",
      "mode": "managed",
      "type": "google_storage_bucket",
      "name": "bucket",
      "provider": "provider[\"registry.terraform.io/hashicorp/google\"]",
      "instances": [
        {
          "schema_version": 0,
          "attributes": {
            "autoclass": [],
            "cors": [],
            "custom_placement_config": [],
            "default_event_based_hold": false,
            "encryption": [],
            "force_destroy": false,
            "id": "y0y0-dev-data-orc-cs-build-staging",
            "labels": {},
            "lifecycle_rule": [],
            "location": "EUROPE-WEST1",
            "logging": [],
            "name": "y0y0-dev-data-orc-cs-build-staging",
            "project": "y0y0-dev-data-orc-0",
            "public_access_prevention": "inherited",
            "requester_pays": false,
            "retention_policy": [],
            "self_link": "https://www.googleapis.com/storage/v1/b/y0y0-dev-data-orc-cs-build-staging",
            "storage_class": "REGIONAL",
            "timeouts": null,
            "uniform_bucket_level_access": true,
            "url": "gs://y0y0-dev-data-orc-cs-build-staging",
            "versioning": [
              {
                "enabled": false
              }
            ],
            "website": []
          },
          "sensitive_attributes": [],
          "private": "eyJlMmJmYjczMC1lY2FhLTExZTYtOGY4OC0zNDM2M2JjN2M0YzAiOnsiY3JlYXRlIjo2MDAwMDAwMDAwMDAsInJlYWQiOjI0MDAwMDAwMDAwMCwidXBkYXRlIjoyNDAwMDAwMDAwMDB9fQ==",
          "dependencies": [
            "module.data-platform.module.orch-project.data.google_bigquery_default_service_account.bq_sa",
            "module.data-platform.module.orch-project.data.google_project.project",
            "module.data-platform.module.orch-project.data.google_storage_project_service_account.gcs_sa",
            "module.data-platform.module.orch-project.google_compute_shared_vpc_host_project.shared_vpc_host",
            "module.data-platform.module.orch-project.google_compute_shared_vpc_service_project.service_projects",
            "module.data-platform.module.orch-project.google_compute_shared_vpc_service_project.shared_vpc_service",
            "module.data-platform.module.orch-project.google_kms_crypto_key_iam_member.service_identity_cmek",
            "module.data-platform.module.orch-project.google_org_policy_policy.default",
            "module.data-platform.module.orch-project.google_project.project",
            "module.data-platform.module.orch-project.google_project_default_service_accounts.default_service_accounts",
            "module.data-platform.module.orch-project.google_project_iam_member.servicenetworking",
            "module.data-platform.module.orch-project.google_project_iam_member.shared_vpc_host_robots",
            "module.data-platform.module.orch-project.google_project_service.project_services",
            "module.data-platform.module.orch-project.google_project_service_identity.jit_si",
            "module.data-platform.module.orch-project.google_project_service_identity.servicenetworking"
          ]
        }
      ]
    },
    {
      "module": "module.data-platform.module.orch-cs-df-template",
      "mode": "managed",
      "type": "google_storage_bucket",
      "name": "bucket",
      "provider": "provider[\"registry.terraform.io/hashicorp/google\"]",
      "instances": [
        {
          "schema_version": 0,
          "attributes": {
            "autoclass": [],
            "cors": [],
            "custom_placement_config": [],
            "default_event_based_hold": false,
            "encryption": [],
            "force_destroy": false,
            "id": "y0y0-dev-data-orc-cs-df-template",
            "labels": {},
            "lifecycle_rule": [],
            "location": "EUROPE-WEST1",
            "logging": [],
            "name": "y0y0-dev-data-orc-cs-df-template",
            "project": "y0y0-dev-data-orc-0",
            "public_access_prevention": "inherited",
            "requester_pays": false,
            "retention_policy": [],
            "self_link": "https://www.googleapis.com/storage/v1/b/y0y0-dev-data-orc-cs-df-template",
            "storage_class": "REGIONAL",
            "timeouts": null,
            "uniform_bucket_level_access": true,
            "url": "gs://y0y0-dev-data-orc-cs-df-template",
            "versioning": [
              {
                "enabled": false
              }
            ],
            "website": []
          },
          "sensitive_attributes": [],
          "private": "eyJlMmJmYjczMC1lY2FhLTExZTYtOGY4OC0zNDM2M2JjN2M0YzAiOnsiY3JlYXRlIjo2MDAwMDAwMDAwMDAsInJlYWQiOjI0MDAwMDAwMDAwMCwidXBkYXRlIjoyNDAwMDAwMDAwMDB9fQ==",
          "dependencies": [
            "module.data-platform.module.orch-project.data.google_bigquery_default_service_account.bq_sa",
            "module.data-platform.module.orch-project.data.google_project.project",
            "module.data-platform.module.orch-project.data.google_storage_project_service_account.gcs_sa",
            "module.data-platform.module.orch-project.google_compute_shared_vpc_host_project.shared_vpc_host",
            "module.data-platform.module.orch-project.google_compute_shared_vpc_service_project.service_projects",
            "module.data-platform.module.orch-project.google_compute_shared_vpc_service_project.shared_vpc_service",
            "module.data-platform.module.orch-project.google_kms_crypto_key_iam_member.service_identity_cmek",
            "module.data-platform.module.orch-project.google_org_policy_policy.default",
            "module.data-platform.module.orch-project.google_project.project",
            "module.data-platform.module.orch-project.google_project_default_service_accounts.default_service_accounts",
            "module.data-platform.module.orch-project.google_project_iam_member.servicenetworking",
            "module.data-platform.module.orch-project.google_project_iam_member.shared_vpc_host_robots",
            "module.data-platform.module.orch-project.google_project_service.project_services",
            "module.data-platform.module.orch-project.google_project_service_identity.jit_si",
            "module.data-platform.module.orch-project.google_project_service_identity.servicenetworking"
          ]
        }
      ]
    },
    {
      "module": "module.data-platform.module.orch-project",
      "mode": "data",
      "type": "google_bigquery_default_service_account",
      "name": "bq_sa",
      "provider": "provider[\"registry.terraform.io/hashicorp/google\"]",
      "instances": [
        {
          "index_key": 0,
          "schema_version": 0,
          "attributes": {
            "email": "bq-874131290478@bigquery-encryption.iam.gserviceaccount.com",
            "id": "bq-874131290478@bigquery-encryption.iam.gserviceaccount.com",
            "member": "serviceAccount:bq-874131290478@bigquery-encryption.iam.gserviceaccount.com",
            "project": "y0y0-dev-data-orc-0"
          },
          "sensitive_attributes": []
        }
      ]
    },
    {
      "module": "module.data-platform.module.orch-project",
      "mode": "data",
      "type": "google_storage_project_service_account",
      "name": "gcs_sa",
      "provider": "provider[\"registry.terraform.io/hashicorp/google\"]",
      "instances": [
        {
          "index_key": 0,
          "schema_version": 0,
          "attributes": {
            "email_address": "service-874131290478@gs-project-accounts.iam.gserviceaccount.com",
            "id": "service-874131290478@gs-project-accounts.iam.gserviceaccount.com",
            "member": "serviceAccount:service-874131290478@gs-project-accounts.iam.gserviceaccount.com",
            "project": "y0y0-dev-data-orc-0",
            "user_project": null
          },
          "sensitive_attributes": []
        }
      ]
    },
    {
      "module": "module.data-platform.module.orch-project",
      "mode": "managed",
      "type": "google_compute_shared_vpc_service_project",
      "name": "shared_vpc_service",
      "provider": "provider[\"registry.terraform.io/hashicorp/google-beta\"]",
      "instances": [
        {
          "index_key": 0,
          "schema_version": 0,
          "attributes": {
            "deletion_policy": null,
            "host_project": "yoyo-dev-net-spoke-0",
            "id": "yoyo-dev-net-spoke-0/y0y0-dev-data-orc-0",
            "service_project": "y0y0-dev-data-orc-0",
            "timeouts": null
          },
          "sensitive_attributes": [],
          "private": "eyJlMmJmYjczMC1lY2FhLTExZTYtOGY4OC0zNDM2M2JjN2M0YzAiOnsiY3JlYXRlIjoyNDAwMDAwMDAwMDAsImRlbGV0ZSI6MjQwMDAwMDAwMDAwfX0=",
          "dependencies": [
            "module.data-platform.module.orch-project.data.google_project.project",
            "module.data-platform.module.orch-project.google_project.project"
          ]
        }
      ]
    },
    {
      "module": "module.data-platform.module.orch-project",
      "mode": "managed",
      "type": "google_project",
      "name": "project",
      "provider": "provider[\"registry.terraform.io/hashicorp/google\"]",
      "instances": [
        {
          "index_key": 0,
          "schema_version": 1,
          "attributes": {
            "auto_create_network": false,
            "billing_account": "0189FA-E139FD-136A58",
            "folder_id": "907613514079",
            "id": "projects/y0y0-dev-data-orc-0",
            "labels": {},
            "name": "y0y0-dev-data-orc-0",
            "number": "874131290478",
            "org_id": "",
            "project_id": "y0y0-dev-data-orc-0",
            "skip_delete": false,
            "timeouts": null
          },
          "sensitive_attributes": [],
          "private": "eyJlMmJmYjczMC1lY2FhLTExZTYtOGY4OC0zNDM2M2JjN2M0YzAiOnsiY3JlYXRlIjo2MDAwMDAwMDAwMDAsImRlbGV0ZSI6NjAwMDAwMDAwMDAwLCJyZWFkIjo2MDAwMDAwMDAwMDAsInVwZGF0ZSI6NjAwMDAwMDAwMDAwfSwic2NoZW1hX3ZlcnNpb24iOiIxIn0="
        }
      ]
    },
    {
      "module": "module.data-platform.module.orch-project",
      "mode": "managed",
      "type": "google_project_iam_binding",
      "name": "authoritative",
      "provider": "provider[\"registry.terraform.io/hashicorp/google\"]",
      "instances": [
        {
          "index_key": "roles/artifactregistry.admin",
          "schema_version": 0,
          "attributes": {
            "condition": [],
            "etag": "BwX4kVSzjXc=",
            "id": "y0y0-dev-data-orc-0/roles/artifactregistry.admin",
            "members": [
              "group:gcp-data-engineers@yoyoland.joonix.net"
            ],
            "project": "y0y0-dev-data-orc-0",
            "role": "roles/artifactregistry.admin"
          },
          "sensitive_attributes": [],
          "private": "bnVsbA==",
          "dependencies": [
            "module.data-platform.module.load-project.data.google_bigquery_default_service_account.bq_sa",
            "module.data-platform.module.load-project.data.google_project.project",
            "module.data-platform.module.load-project.data.google_storage_project_service_account.gcs_sa",
            "module.data-platform.module.load-project.google_compute_shared_vpc_host_project.shared_vpc_host",
            "module.data-platform.module.load-project.google_compute_shared_vpc_service_project.service_projects",
            "module.data-platform.module.load-project.google_compute_shared_vpc_service_project.shared_vpc_service",
            "module.data-platform.module.load-project.google_kms_crypto_key_iam_member.service_identity_cmek",
            "module.data-platform.module.load-project.google_org_policy_policy.default",
            "module.data-platform.module.load-project.google_project.project",
            "module.data-platform.module.load-project.google_project_default_service_accounts.default_service_accounts",
            "module.data-platform.module.load-project.google_project_iam_member.servicenetworking",
            "module.data-platform.module.load-project.google_project_iam_member.shared_vpc_host_robots",
            "module.data-platform.module.load-project.google_project_service.project_services",
            "module.data-platform.module.load-project.google_project_service_identity.jit_si",
            "module.data-platform.module.load-project.google_project_service_identity.servicenetworking",
            "module.data-platform.module.load-sa-df-0.data.google_service_account.service_account",
            "module.data-platform.module.load-sa-df-0.google_service_account.service_account",
            "module.data-platform.module.orch-project.data.google_bigquery_default_service_account.bq_sa",
            "module.data-platform.module.orch-project.data.google_project.project",
            "module.data-platform.module.orch-project.data.google_storage_project_service_account.gcs_sa",
            "module.data-platform.module.orch-project.google_compute_shared_vpc_host_project.shared_vpc_host",
            "module.data-platform.module.orch-project.google_compute_shared_vpc_service_project.service_projects",
            "module.data-platform.module.orch-project.google_compute_shared_vpc_service_project.shared_vpc_service",
            "module.data-platform.module.orch-project.google_kms_crypto_key_iam_member.service_identity_cmek",
            "module.data-platform.module.orch-project.google_org_policy_policy.default",
            "module.data-platform.module.orch-project.google_project.project",
            "module.data-platform.module.orch-project.google_project_default_service_accounts.default_service_accounts",
            "module.data-platform.module.orch-project.google_project_iam_custom_role.roles",
            "module.data-platform.module.orch-project.google_project_iam_member.servicenetworking",
            "module.data-platform.module.orch-project.google_project_iam_member.shared_vpc_host_robots",
            "module.data-platform.module.orch-project.google_project_service.project_services",
            "module.data-platform.module.orch-project.google_project_service_identity.jit_si",
            "module.data-platform.module.orch-project.google_project_service_identity.servicenetworking",
            "module.data-platform.module.orch-sa-cmp-0.data.google_service_account.service_account",
            "module.data-platform.module.orch-sa-cmp-0.google_service_account.service_account",
            "module.data-platform.module.orch-sa-df-build.data.google_service_account.service_account",
            "module.data-platform.module.orch-sa-df-build.google_service_account.service_account",
            "module.data-platform.module.transf-project.data.google_bigquery_default_service_account.bq_sa",
            "module.data-platform.module.transf-project.data.google_project.project",
            "module.data-platform.module.transf-project.data.google_storage_project_service_account.gcs_sa",
            "module.data-platform.module.transf-project.google_compute_shared_vpc_host_project.shared_vpc_host",
            "module.data-platform.module.transf-project.google_compute_shared_vpc_service_project.service_projects",
            "module.data-platform.module.transf-project.google_compute_shared_vpc_service_project.shared_vpc_service",
            "module.data-platform.module.transf-project.google_kms_crypto_key_iam_member.service_identity_cmek",
            "module.data-platform.module.transf-project.google_org_policy_policy.default",
            "module.data-platform.module.transf-project.google_project.project",
            "module.data-platform.module.transf-project.google_project_default_service_accounts.default_service_accounts",
            "module.data-platform.module.transf-project.google_project_iam_member.servicenetworking",
            "module.data-platform.module.transf-project.google_project_iam_member.shared_vpc_host_robots",
            "module.data-platform.module.transf-project.google_project_service.project_services",
            "module.data-platform.module.transf-project.google_project_service_identity.jit_si",
            "module.data-platform.module.transf-project.google_project_service_identity.servicenetworking",
            "module.data-platform.module.transf-sa-df-0.data.google_service_account.service_account",
            "module.data-platform.module.transf-sa-df-0.google_service_account.service_account"
          ]
        },
        {
          "index_key": "roles/artifactregistry.reader",
          "schema_version": 0,
          "attributes": {
            "condition": [],
            "etag": "BwX4kVSzjXc=",
            "id": "y0y0-dev-data-orc-0/roles/artifactregistry.reader",
            "members": [
              "serviceAccount:y0y0-dev-data-load-df-0@y0y0-dev-data-lod-0.iam.gserviceaccount.com"
            ],
            "project": "y0y0-dev-data-orc-0",
            "role": "roles/artifactregistry.reader"
          },
          "sensitive_attributes": [],
          "private": "bnVsbA==",
          "dependencies": [
            "module.data-platform.module.load-project.data.google_bigquery_default_service_account.bq_sa",
            "module.data-platform.module.load-project.data.google_project.project",
            "module.data-platform.module.load-project.data.google_storage_project_service_account.gcs_sa",
            "module.data-platform.module.load-project.google_compute_shared_vpc_host_project.shared_vpc_host",
            "module.data-platform.module.load-project.google_compute_shared_vpc_service_project.service_projects",
            "module.data-platform.module.load-project.google_compute_shared_vpc_service_project.shared_vpc_service",
            "module.data-platform.module.load-project.google_kms_crypto_key_iam_member.service_identity_cmek",
            "module.data-platform.module.load-project.google_org_policy_policy.default",
            "module.data-platform.module.load-project.google_project.project",
            "module.data-platform.module.load-project.google_project_default_service_accounts.default_service_accounts",
            "module.data-platform.module.load-project.google_project_iam_member.servicenetworking",
            "module.data-platform.module.load-project.google_project_iam_member.shared_vpc_host_robots",
            "module.data-platform.module.load-project.google_project_service.project_services",
            "module.data-platform.module.load-project.google_project_service_identity.jit_si",
            "module.data-platform.module.load-project.google_project_service_identity.servicenetworking",
            "module.data-platform.module.load-sa-df-0.data.google_service_account.service_account",
            "module.data-platform.module.load-sa-df-0.google_service_account.service_account",
            "module.data-platform.module.orch-project.data.google_bigquery_default_service_account.bq_sa",
            "module.data-platform.module.orch-project.data.google_project.project",
            "module.data-platform.module.orch-project.data.google_storage_project_service_account.gcs_sa",
            "module.data-platform.module.orch-project.google_compute_shared_vpc_host_project.shared_vpc_host",
            "module.data-platform.module.orch-project.google_compute_shared_vpc_service_project.service_projects",
            "module.data-platform.module.orch-project.google_compute_shared_vpc_service_project.shared_vpc_service",
            "module.data-platform.module.orch-project.google_kms_crypto_key_iam_member.service_identity_cmek",
            "module.data-platform.module.orch-project.google_org_policy_policy.default",
            "module.data-platform.module.orch-project.google_project.project",
            "module.data-platform.module.orch-project.google_project_default_service_accounts.default_service_accounts",
            "module.data-platform.module.orch-project.google_project_iam_custom_role.roles",
            "module.data-platform.module.orch-project.google_project_iam_member.servicenetworking",
            "module.data-platform.module.orch-project.google_project_iam_member.shared_vpc_host_robots",
            "module.data-platform.module.orch-project.google_project_service.project_services",
            "module.data-platform.module.orch-project.google_project_service_identity.jit_si",
            "module.data-platform.module.orch-project.google_project_service_identity.servicenetworking",
            "module.data-platform.module.orch-sa-cmp-0.data.google_service_account.service_account",
            "module.data-platform.module.orch-sa-cmp-0.google_service_account.service_account",
            "module.data-platform.module.orch-sa-df-build.data.google_service_account.service_account",
            "module.data-platform.module.orch-sa-df-build.google_service_account.service_account",
            "module.data-platform.module.transf-project.data.google_bigquery_default_service_account.bq_sa",
            "module.data-platform.module.transf-project.data.google_project.project",
            "module.data-platform.module.transf-project.data.google_storage_project_service_account.gcs_sa",
            "module.data-platform.module.transf-project.google_compute_shared_vpc_host_project.shared_vpc_host",
            "module.data-platform.module.transf-project.google_compute_shared_vpc_service_project.service_projects",
            "module.data-platform.module.transf-project.google_compute_shared_vpc_service_project.shared_vpc_service",
            "module.data-platform.module.transf-project.google_kms_crypto_key_iam_member.service_identity_cmek",
            "module.data-platform.module.transf-project.google_org_policy_policy.default",
            "module.data-platform.module.transf-project.google_project.project",
            "module.data-platform.module.transf-project.google_project_default_service_accounts.default_service_accounts",
            "module.data-platform.module.transf-project.google_project_iam_member.servicenetworking",
            "module.data-platform.module.transf-project.google_project_iam_member.shared_vpc_host_robots",
            "module.data-platform.module.transf-project.google_project_service.project_services",
            "module.data-platform.module.transf-project.google_project_service_identity.jit_si",
            "module.data-platform.module.transf-project.google_project_service_identity.servicenetworking",
            "module.data-platform.module.transf-sa-df-0.data.google_service_account.service_account",
            "module.data-platform.module.transf-sa-df-0.google_service_account.service_account"
          ]
        },
        {
          "index_key": "roles/bigquery.dataEditor",
          "schema_version": 0,
          "attributes": {
            "condition": [],
            "etag": "BwX4kVSzjXc=",
            "id": "y0y0-dev-data-orc-0/roles/bigquery.dataEditor",
            "members": [
              "group:gcp-data-engineers@yoyoland.joonix.net",
              "serviceAccount:y0y0-dev-data-load-df-0@y0y0-dev-data-lod-0.iam.gserviceaccount.com",
              "serviceAccount:y0y0-dev-data-trf-df-0@y0y0-dev-data-trf-0.iam.gserviceaccount.com"
            ],
            "project": "y0y0-dev-data-orc-0",
            "role": "roles/bigquery.dataEditor"
          },
          "sensitive_attributes": [],
          "private": "bnVsbA==",
          "dependencies": [
            "module.data-platform.module.load-project.data.google_bigquery_default_service_account.bq_sa",
            "module.data-platform.module.load-project.data.google_project.project",
            "module.data-platform.module.load-project.data.google_storage_project_service_account.gcs_sa",
            "module.data-platform.module.load-project.google_compute_shared_vpc_host_project.shared_vpc_host",
            "module.data-platform.module.load-project.google_compute_shared_vpc_service_project.service_projects",
            "module.data-platform.module.load-project.google_compute_shared_vpc_service_project.shared_vpc_service",
            "module.data-platform.module.load-project.google_kms_crypto_key_iam_member.service_identity_cmek",
            "module.data-platform.module.load-project.google_org_policy_policy.default",
            "module.data-platform.module.load-project.google_project.project",
            "module.data-platform.module.load-project.google_project_default_service_accounts.default_service_accounts",
            "module.data-platform.module.load-project.google_project_iam_member.servicenetworking",
            "module.data-platform.module.load-project.google_project_iam_member.shared_vpc_host_robots",
            "module.data-platform.module.load-project.google_project_service.project_services",
            "module.data-platform.module.load-project.google_project_service_identity.jit_si",
            "module.data-platform.module.load-project.google_project_service_identity.servicenetworking",
            "module.data-platform.module.load-sa-df-0.data.google_service_account.service_account",
            "module.data-platform.module.load-sa-df-0.google_service_account.service_account",
            "module.data-platform.module.orch-project.data.google_bigquery_default_service_account.bq_sa",
            "module.data-platform.module.orch-project.data.google_project.project",
            "module.data-platform.module.orch-project.data.google_storage_project_service_account.gcs_sa",
            "module.data-platform.module.orch-project.google_compute_shared_vpc_host_project.shared_vpc_host",
            "module.data-platform.module.orch-project.google_compute_shared_vpc_service_project.service_projects",
            "module.data-platform.module.orch-project.google_compute_shared_vpc_service_project.shared_vpc_service",
            "module.data-platform.module.orch-project.google_kms_crypto_key_iam_member.service_identity_cmek",
            "module.data-platform.module.orch-project.google_org_policy_policy.default",
            "module.data-platform.module.orch-project.google_project.project",
            "module.data-platform.module.orch-project.google_project_default_service_accounts.default_service_accounts",
            "module.data-platform.module.orch-project.google_project_iam_custom_role.roles",
            "module.data-platform.module.orch-project.google_project_iam_member.servicenetworking",
            "module.data-platform.module.orch-project.google_project_iam_member.shared_vpc_host_robots",
            "module.data-platform.module.orch-project.google_project_service.project_services",
            "module.data-platform.module.orch-project.google_project_service_identity.jit_si",
            "module.data-platform.module.orch-project.google_project_service_identity.servicenetworking",
            "module.data-platform.module.orch-sa-cmp-0.data.google_service_account.service_account",
            "module.data-platform.module.orch-sa-cmp-0.google_service_account.service_account",
            "module.data-platform.module.orch-sa-df-build.data.google_service_account.service_account",
            "module.data-platform.module.orch-sa-df-build.google_service_account.service_account",
            "module.data-platform.module.transf-project.data.google_bigquery_default_service_account.bq_sa",
            "module.data-platform.module.transf-project.data.google_project.project",
            "module.data-platform.module.transf-project.data.google_storage_project_service_account.gcs_sa",
            "module.data-platform.module.transf-project.google_compute_shared_vpc_host_project.shared_vpc_host",
            "module.data-platform.module.transf-project.google_compute_shared_vpc_service_project.service_projects",
            "module.data-platform.module.transf-project.google_compute_shared_vpc_service_project.shared_vpc_service",
            "module.data-platform.module.transf-project.google_kms_crypto_key_iam_member.service_identity_cmek",
            "module.data-platform.module.transf-project.google_org_policy_policy.default",
            "module.data-platform.module.transf-project.google_project.project",
            "module.data-platform.module.transf-project.google_project_default_service_accounts.default_service_accounts",
            "module.data-platform.module.transf-project.google_project_iam_member.servicenetworking",
            "module.data-platform.module.transf-project.google_project_iam_member.shared_vpc_host_robots",
            "module.data-platform.module.transf-project.google_project_service.project_services",
            "module.data-platform.module.transf-project.google_project_service_identity.jit_si",
            "module.data-platform.module.transf-project.google_project_service_identity.servicenetworking",
            "module.data-platform.module.transf-sa-df-0.data.google_service_account.service_account",
            "module.data-platform.module.transf-sa-df-0.google_service_account.service_account"
          ]
        },
        {
          "index_key": "roles/bigquery.jobUser",
          "schema_version": 0,
          "attributes": {
            "condition": [],
            "etag": "BwX4kVSzjXc=",
            "id": "y0y0-dev-data-orc-0/roles/bigquery.jobUser",
            "members": [
              "group:gcp-data-engineers@yoyoland.joonix.net",
              "serviceAccount:y0y0-dev-data-orc-cmp-0@y0y0-dev-data-orc-0.iam.gserviceaccount.com"
            ],
            "project": "y0y0-dev-data-orc-0",
            "role": "roles/bigquery.jobUser"
          },
          "sensitive_attributes": [],
          "private": "bnVsbA==",
          "dependencies": [
            "module.data-platform.module.load-project.data.google_bigquery_default_service_account.bq_sa",
            "module.data-platform.module.load-project.data.google_project.project",
            "module.data-platform.module.load-project.data.google_storage_project_service_account.gcs_sa",
            "module.data-platform.module.load-project.google_compute_shared_vpc_host_project.shared_vpc_host",
            "module.data-platform.module.load-project.google_compute_shared_vpc_service_project.service_projects",
            "module.data-platform.module.load-project.google_compute_shared_vpc_service_project.shared_vpc_service",
            "module.data-platform.module.load-project.google_kms_crypto_key_iam_member.service_identity_cmek",
            "module.data-platform.module.load-project.google_org_policy_policy.default",
            "module.data-platform.module.load-project.google_project.project",
            "module.data-platform.module.load-project.google_project_default_service_accounts.default_service_accounts",
            "module.data-platform.module.load-project.google_project_iam_member.servicenetworking",
            "module.data-platform.module.load-project.google_project_iam_member.shared_vpc_host_robots",
            "module.data-platform.module.load-project.google_project_service.project_services",
            "module.data-platform.module.load-project.google_project_service_identity.jit_si",
            "module.data-platform.module.load-project.google_project_service_identity.servicenetworking",
            "module.data-platform.module.load-sa-df-0.data.google_service_account.service_account",
            "module.data-platform.module.load-sa-df-0.google_service_account.service_account",
            "module.data-platform.module.orch-project.data.google_bigquery_default_service_account.bq_sa",
            "module.data-platform.module.orch-project.data.google_project.project",
            "module.data-platform.module.orch-project.data.google_storage_project_service_account.gcs_sa",
            "module.data-platform.module.orch-project.google_compute_shared_vpc_host_project.shared_vpc_host",
            "module.data-platform.module.orch-project.google_compute_shared_vpc_service_project.service_projects",
            "module.data-platform.module.orch-project.google_compute_shared_vpc_service_project.shared_vpc_service",
            "module.data-platform.module.orch-project.google_kms_crypto_key_iam_member.service_identity_cmek",
            "module.data-platform.module.orch-project.google_org_policy_policy.default",
            "module.data-platform.module.orch-project.google_project.project",
            "module.data-platform.module.orch-project.google_project_default_service_accounts.default_service_accounts",
            "module.data-platform.module.orch-project.google_project_iam_custom_role.roles",
            "module.data-platform.module.orch-project.google_project_iam_member.servicenetworking",
            "module.data-platform.module.orch-project.google_project_iam_member.shared_vpc_host_robots",
            "module.data-platform.module.orch-project.google_project_service.project_services",
            "module.data-platform.module.orch-project.google_project_service_identity.jit_si",
            "module.data-platform.module.orch-project.google_project_service_identity.servicenetworking",
            "module.data-platform.module.orch-sa-cmp-0.data.google_service_account.service_account",
            "module.data-platform.module.orch-sa-cmp-0.google_service_account.service_account",
            "module.data-platform.module.orch-sa-df-build.data.google_service_account.service_account",
            "module.data-platform.module.orch-sa-df-build.google_service_account.service_account",
            "module.data-platform.module.transf-project.data.google_bigquery_default_service_account.bq_sa",
            "module.data-platform.module.transf-project.data.google_project.project",
            "module.data-platform.module.transf-project.data.google_storage_project_service_account.gcs_sa",
            "module.data-platform.module.transf-project.google_compute_shared_vpc_host_project.shared_vpc_host",
            "module.data-platform.module.transf-project.google_compute_shared_vpc_service_project.service_projects",
            "module.data-platform.module.transf-project.google_compute_shared_vpc_service_project.shared_vpc_service",
            "module.data-platform.module.transf-project.google_kms_crypto_key_iam_member.service_identity_cmek",
            "module.data-platform.module.transf-project.google_org_policy_policy.default",
            "module.data-platform.module.transf-project.google_project.project",
            "module.data-platform.module.transf-project.google_project_default_service_accounts.default_service_accounts",
            "module.data-platform.module.transf-project.google_project_iam_member.servicenetworking",
            "module.data-platform.module.transf-project.google_project_iam_member.shared_vpc_host_robots",
            "module.data-platform.module.transf-project.google_project_service.project_services",
            "module.data-platform.module.transf-project.google_project_service_identity.jit_si",
            "module.data-platform.module.transf-project.google_project_service_identity.servicenetworking",
            "module.data-platform.module.transf-sa-df-0.data.google_service_account.service_account",
            "module.data-platform.module.transf-sa-df-0.google_service_account.service_account"
          ]
        },
        {
          "index_key": "roles/cloudbuild.builds.editor",
          "schema_version": 0,
          "attributes": {
            "condition": [],
            "etag": "BwX4kVSzjXc=",
            "id": "y0y0-dev-data-orc-0/roles/cloudbuild.builds.editor",
            "members": [
              "group:gcp-data-engineers@yoyoland.joonix.net"
            ],
            "project": "y0y0-dev-data-orc-0",
            "role": "roles/cloudbuild.builds.editor"
          },
          "sensitive_attributes": [],
          "private": "bnVsbA==",
          "dependencies": [
            "module.data-platform.module.load-project.data.google_bigquery_default_service_account.bq_sa",
            "module.data-platform.module.load-project.data.google_project.project",
            "module.data-platform.module.load-project.data.google_storage_project_service_account.gcs_sa",
            "module.data-platform.module.load-project.google_compute_shared_vpc_host_project.shared_vpc_host",
            "module.data-platform.module.load-project.google_compute_shared_vpc_service_project.service_projects",
            "module.data-platform.module.load-project.google_compute_shared_vpc_service_project.shared_vpc_service",
            "module.data-platform.module.load-project.google_kms_crypto_key_iam_member.service_identity_cmek",
            "module.data-platform.module.load-project.google_org_policy_policy.default",
            "module.data-platform.module.load-project.google_project.project",
            "module.data-platform.module.load-project.google_project_default_service_accounts.default_service_accounts",
            "module.data-platform.module.load-project.google_project_iam_member.servicenetworking",
            "module.data-platform.module.load-project.google_project_iam_member.shared_vpc_host_robots",
            "module.data-platform.module.load-project.google_project_service.project_services",
            "module.data-platform.module.load-project.google_project_service_identity.jit_si",
            "module.data-platform.module.load-project.google_project_service_identity.servicenetworking",
            "module.data-platform.module.load-sa-df-0.data.google_service_account.service_account",
            "module.data-platform.module.load-sa-df-0.google_service_account.service_account",
            "module.data-platform.module.orch-project.data.google_bigquery_default_service_account.bq_sa",
            "module.data-platform.module.orch-project.data.google_project.project",
            "module.data-platform.module.orch-project.data.google_storage_project_service_account.gcs_sa",
            "module.data-platform.module.orch-project.google_compute_shared_vpc_host_project.shared_vpc_host",
            "module.data-platform.module.orch-project.google_compute_shared_vpc_service_project.service_projects",
            "module.data-platform.module.orch-project.google_compute_shared_vpc_service_project.shared_vpc_service",
            "module.data-platform.module.orch-project.google_kms_crypto_key_iam_member.service_identity_cmek",
            "module.data-platform.module.orch-project.google_org_policy_policy.default",
            "module.data-platform.module.orch-project.google_project.project",
            "module.data-platform.module.orch-project.google_project_default_service_accounts.default_service_accounts",
            "module.data-platform.module.orch-project.google_project_iam_custom_role.roles",
            "module.data-platform.module.orch-project.google_project_iam_member.servicenetworking",
            "module.data-platform.module.orch-project.google_project_iam_member.shared_vpc_host_robots",
            "module.data-platform.module.orch-project.google_project_service.project_services",
            "module.data-platform.module.orch-project.google_project_service_identity.jit_si",
            "module.data-platform.module.orch-project.google_project_service_identity.servicenetworking",
            "module.data-platform.module.orch-sa-cmp-0.data.google_service_account.service_account",
            "module.data-platform.module.orch-sa-cmp-0.google_service_account.service_account",
            "module.data-platform.module.orch-sa-df-build.data.google_service_account.service_account",
            "module.data-platform.module.orch-sa-df-build.google_service_account.service_account",
            "module.data-platform.module.transf-project.data.google_bigquery_default_service_account.bq_sa",
            "module.data-platform.module.transf-project.data.google_project.project",
            "module.data-platform.module.transf-project.data.google_storage_project_service_account.gcs_sa",
            "module.data-platform.module.transf-project.google_compute_shared_vpc_host_project.shared_vpc_host",
            "module.data-platform.module.transf-project.google_compute_shared_vpc_service_project.service_projects",
            "module.data-platform.module.transf-project.google_compute_shared_vpc_service_project.shared_vpc_service",
            "module.data-platform.module.transf-project.google_kms_crypto_key_iam_member.service_identity_cmek",
            "module.data-platform.module.transf-project.google_org_policy_policy.default",
            "module.data-platform.module.transf-project.google_project.project",
            "module.data-platform.module.transf-project.google_project_default_service_accounts.default_service_accounts",
            "module.data-platform.module.transf-project.google_project_iam_member.servicenetworking",
            "module.data-platform.module.transf-project.google_project_iam_member.shared_vpc_host_robots",
            "module.data-platform.module.transf-project.google_project_service.project_services",
            "module.data-platform.module.transf-project.google_project_service_identity.jit_si",
            "module.data-platform.module.transf-project.google_project_service_identity.servicenetworking",
            "module.data-platform.module.transf-sa-df-0.data.google_service_account.service_account",
            "module.data-platform.module.transf-sa-df-0.google_service_account.service_account"
          ]
        },
        {
          "index_key": "roles/cloudbuild.serviceAgent",
          "schema_version": 0,
          "attributes": {
            "condition": [],
            "etag": "BwX4kVSzjXc=",
            "id": "y0y0-dev-data-orc-0/roles/cloudbuild.serviceAgent",
            "members": [
              "serviceAccount:y0y0-dev-data-orc-sa-df-build@y0y0-dev-data-orc-0.iam.gserviceaccount.com"
            ],
            "project": "y0y0-dev-data-orc-0",
            "role": "roles/cloudbuild.serviceAgent"
          },
          "sensitive_attributes": [],
          "private": "bnVsbA==",
          "dependencies": [
            "module.data-platform.module.load-project.data.google_bigquery_default_service_account.bq_sa",
            "module.data-platform.module.load-project.data.google_project.project",
            "module.data-platform.module.load-project.data.google_storage_project_service_account.gcs_sa",
            "module.data-platform.module.load-project.google_compute_shared_vpc_host_project.shared_vpc_host",
            "module.data-platform.module.load-project.google_compute_shared_vpc_service_project.service_projects",
            "module.data-platform.module.load-project.google_compute_shared_vpc_service_project.shared_vpc_service",
            "module.data-platform.module.load-project.google_kms_crypto_key_iam_member.service_identity_cmek",
            "module.data-platform.module.load-project.google_org_policy_policy.default",
            "module.data-platform.module.load-project.google_project.project",
            "module.data-platform.module.load-project.google_project_default_service_accounts.default_service_accounts",
            "module.data-platform.module.load-project.google_project_iam_member.servicenetworking",
            "module.data-platform.module.load-project.google_project_iam_member.shared_vpc_host_robots",
            "module.data-platform.module.load-project.google_project_service.project_services",
            "module.data-platform.module.load-project.google_project_service_identity.jit_si",
            "module.data-platform.module.load-project.google_project_service_identity.servicenetworking",
            "module.data-platform.module.load-sa-df-0.data.google_service_account.service_account",
            "module.data-platform.module.load-sa-df-0.google_service_account.service_account",
            "module.data-platform.module.orch-project.data.google_bigquery_default_service_account.bq_sa",
            "module.data-platform.module.orch-project.data.google_project.project",
            "module.data-platform.module.orch-project.data.google_storage_project_service_account.gcs_sa",
            "module.data-platform.module.orch-project.google_compute_shared_vpc_host_project.shared_vpc_host",
            "module.data-platform.module.orch-project.google_compute_shared_vpc_service_project.service_projects",
            "module.data-platform.module.orch-project.google_compute_shared_vpc_service_project.shared_vpc_service",
            "module.data-platform.module.orch-project.google_kms_crypto_key_iam_member.service_identity_cmek",
            "module.data-platform.module.orch-project.google_org_policy_policy.default",
            "module.data-platform.module.orch-project.google_project.project",
            "module.data-platform.module.orch-project.google_project_default_service_accounts.default_service_accounts",
            "module.data-platform.module.orch-project.google_project_iam_custom_role.roles",
            "module.data-platform.module.orch-project.google_project_iam_member.servicenetworking",
            "module.data-platform.module.orch-project.google_project_iam_member.shared_vpc_host_robots",
            "module.data-platform.module.orch-project.google_project_service.project_services",
            "module.data-platform.module.orch-project.google_project_service_identity.jit_si",
            "module.data-platform.module.orch-project.google_project_service_identity.servicenetworking",
            "module.data-platform.module.orch-sa-cmp-0.data.google_service_account.service_account",
            "module.data-platform.module.orch-sa-cmp-0.google_service_account.service_account",
            "module.data-platform.module.orch-sa-df-build.data.google_service_account.service_account",
            "module.data-platform.module.orch-sa-df-build.google_service_account.service_account",
            "module.data-platform.module.transf-project.data.google_bigquery_default_service_account.bq_sa",
            "module.data-platform.module.transf-project.data.google_project.project",
            "module.data-platform.module.transf-project.data.google_storage_project_service_account.gcs_sa",
            "module.data-platform.module.transf-project.google_compute_shared_vpc_host_project.shared_vpc_host",
            "module.data-platform.module.transf-project.google_compute_shared_vpc_service_project.service_projects",
            "module.data-platform.module.transf-project.google_compute_shared_vpc_service_project.shared_vpc_service",
            "module.data-platform.module.transf-project.google_kms_crypto_key_iam_member.service_identity_cmek",
            "module.data-platform.module.transf-project.google_org_policy_policy.default",
            "module.data-platform.module.transf-project.google_project.project",
            "module.data-platform.module.transf-project.google_project_default_service_accounts.default_service_accounts",
            "module.data-platform.module.transf-project.google_project_iam_member.servicenetworking",
            "module.data-platform.module.transf-project.google_project_iam_member.shared_vpc_host_robots",
            "module.data-platform.module.transf-project.google_project_service.project_services",
            "module.data-platform.module.transf-project.google_project_service_identity.jit_si",
            "module.data-platform.module.transf-project.google_project_service_identity.servicenetworking",
            "module.data-platform.module.transf-sa-df-0.data.google_service_account.service_account",
            "module.data-platform.module.transf-sa-df-0.google_service_account.service_account"
          ]
        },
        {
          "index_key": "roles/composer.ServiceAgentV2Ext",
          "schema_version": 0,
          "attributes": {
            "condition": [],
            "etag": "BwX4kVSzjXc=",
            "id": "y0y0-dev-data-orc-0/roles/composer.ServiceAgentV2Ext",
            "members": [
              "serviceAccount:service-874131290478@cloudcomposer-accounts.iam.gserviceaccount.com"
            ],
            "project": "y0y0-dev-data-orc-0",
            "role": "roles/composer.ServiceAgentV2Ext"
          },
          "sensitive_attributes": [],
          "private": "bnVsbA==",
          "dependencies": [
            "module.data-platform.module.load-project.data.google_bigquery_default_service_account.bq_sa",
            "module.data-platform.module.load-project.data.google_project.project",
            "module.data-platform.module.load-project.data.google_storage_project_service_account.gcs_sa",
            "module.data-platform.module.load-project.google_compute_shared_vpc_host_project.shared_vpc_host",
            "module.data-platform.module.load-project.google_compute_shared_vpc_service_project.service_projects",
            "module.data-platform.module.load-project.google_compute_shared_vpc_service_project.shared_vpc_service",
            "module.data-platform.module.load-project.google_kms_crypto_key_iam_member.service_identity_cmek",
            "module.data-platform.module.load-project.google_org_policy_policy.default",
            "module.data-platform.module.load-project.google_project.project",
            "module.data-platform.module.load-project.google_project_default_service_accounts.default_service_accounts",
            "module.data-platform.module.load-project.google_project_iam_member.servicenetworking",
            "module.data-platform.module.load-project.google_project_iam_member.shared_vpc_host_robots",
            "module.data-platform.module.load-project.google_project_service.project_services",
            "module.data-platform.module.load-project.google_project_service_identity.jit_si",
            "module.data-platform.module.load-project.google_project_service_identity.servicenetworking",
            "module.data-platform.module.load-sa-df-0.data.google_service_account.service_account",
            "module.data-platform.module.load-sa-df-0.google_service_account.service_account",
            "module.data-platform.module.orch-project.data.google_bigquery_default_service_account.bq_sa",
            "module.data-platform.module.orch-project.data.google_project.project",
            "module.data-platform.module.orch-project.data.google_storage_project_service_account.gcs_sa",
            "module.data-platform.module.orch-project.google_compute_shared_vpc_host_project.shared_vpc_host",
            "module.data-platform.module.orch-project.google_compute_shared_vpc_service_project.service_projects",
            "module.data-platform.module.orch-project.google_compute_shared_vpc_service_project.shared_vpc_service",
            "module.data-platform.module.orch-project.google_kms_crypto_key_iam_member.service_identity_cmek",
            "module.data-platform.module.orch-project.google_org_policy_policy.default",
            "module.data-platform.module.orch-project.google_project.project",
            "module.data-platform.module.orch-project.google_project_default_service_accounts.default_service_accounts",
            "module.data-platform.module.orch-project.google_project_iam_custom_role.roles",
            "module.data-platform.module.orch-project.google_project_iam_member.servicenetworking",
            "module.data-platform.module.orch-project.google_project_iam_member.shared_vpc_host_robots",
            "module.data-platform.module.orch-project.google_project_service.project_services",
            "module.data-platform.module.orch-project.google_project_service_identity.jit_si",
            "module.data-platform.module.orch-project.google_project_service_identity.servicenetworking",
            "module.data-platform.module.orch-sa-cmp-0.data.google_service_account.service_account",
            "module.data-platform.module.orch-sa-cmp-0.google_service_account.service_account",
            "module.data-platform.module.orch-sa-df-build.data.google_service_account.service_account",
            "module.data-platform.module.orch-sa-df-build.google_service_account.service_account",
            "module.data-platform.module.transf-project.data.google_bigquery_default_service_account.bq_sa",
            "module.data-platform.module.transf-project.data.google_project.project",
            "module.data-platform.module.transf-project.data.google_storage_project_service_account.gcs_sa",
            "module.data-platform.module.transf-project.google_compute_shared_vpc_host_project.shared_vpc_host",
            "module.data-platform.module.transf-project.google_compute_shared_vpc_service_project.service_projects",
            "module.data-platform.module.transf-project.google_compute_shared_vpc_service_project.shared_vpc_service",
            "module.data-platform.module.transf-project.google_kms_crypto_key_iam_member.service_identity_cmek",
            "module.data-platform.module.transf-project.google_org_policy_policy.default",
            "module.data-platform.module.transf-project.google_project.project",
            "module.data-platform.module.transf-project.google_project_default_service_accounts.default_service_accounts",
            "module.data-platform.module.transf-project.google_project_iam_member.servicenetworking",
            "module.data-platform.module.transf-project.google_project_iam_member.shared_vpc_host_robots",
            "module.data-platform.module.transf-project.google_project_service.project_services",
            "module.data-platform.module.transf-project.google_project_service_identity.jit_si",
            "module.data-platform.module.transf-project.google_project_service_identity.servicenetworking",
            "module.data-platform.module.transf-sa-df-0.data.google_service_account.service_account",
            "module.data-platform.module.transf-sa-df-0.google_service_account.service_account"
          ]
        },
        {
          "index_key": "roles/composer.admin",
          "schema_version": 0,
          "attributes": {
            "condition": [],
            "etag": "BwX4kVSzjXc=",
            "id": "y0y0-dev-data-orc-0/roles/composer.admin",
            "members": [
              "group:gcp-data-engineers@yoyoland.joonix.net"
            ],
            "project": "y0y0-dev-data-orc-0",
            "role": "roles/composer.admin"
          },
          "sensitive_attributes": [],
          "private": "bnVsbA==",
          "dependencies": [
            "module.data-platform.module.load-project.data.google_bigquery_default_service_account.bq_sa",
            "module.data-platform.module.load-project.data.google_project.project",
            "module.data-platform.module.load-project.data.google_storage_project_service_account.gcs_sa",
            "module.data-platform.module.load-project.google_compute_shared_vpc_host_project.shared_vpc_host",
            "module.data-platform.module.load-project.google_compute_shared_vpc_service_project.service_projects",
            "module.data-platform.module.load-project.google_compute_shared_vpc_service_project.shared_vpc_service",
            "module.data-platform.module.load-project.google_kms_crypto_key_iam_member.service_identity_cmek",
            "module.data-platform.module.load-project.google_org_policy_policy.default",
            "module.data-platform.module.load-project.google_project.project",
            "module.data-platform.module.load-project.google_project_default_service_accounts.default_service_accounts",
            "module.data-platform.module.load-project.google_project_iam_member.servicenetworking",
            "module.data-platform.module.load-project.google_project_iam_member.shared_vpc_host_robots",
            "module.data-platform.module.load-project.google_project_service.project_services",
            "module.data-platform.module.load-project.google_project_service_identity.jit_si",
            "module.data-platform.module.load-project.google_project_service_identity.servicenetworking",
            "module.data-platform.module.load-sa-df-0.data.google_service_account.service_account",
            "module.data-platform.module.load-sa-df-0.google_service_account.service_account",
            "module.data-platform.module.orch-project.data.google_bigquery_default_service_account.bq_sa",
            "module.data-platform.module.orch-project.data.google_project.project",
            "module.data-platform.module.orch-project.data.google_storage_project_service_account.gcs_sa",
            "module.data-platform.module.orch-project.google_compute_shared_vpc_host_project.shared_vpc_host",
            "module.data-platform.module.orch-project.google_compute_shared_vpc_service_project.service_projects",
            "module.data-platform.module.orch-project.google_compute_shared_vpc_service_project.shared_vpc_service",
            "module.data-platform.module.orch-project.google_kms_crypto_key_iam_member.service_identity_cmek",
            "module.data-platform.module.orch-project.google_org_policy_policy.default",
            "module.data-platform.module.orch-project.google_project.project",
            "module.data-platform.module.orch-project.google_project_default_service_accounts.default_service_accounts",
            "module.data-platform.module.orch-project.google_project_iam_custom_role.roles",
            "module.data-platform.module.orch-project.google_project_iam_member.servicenetworking",
            "module.data-platform.module.orch-project.google_project_iam_member.shared_vpc_host_robots",
            "module.data-platform.module.orch-project.google_project_service.project_services",
            "module.data-platform.module.orch-project.google_project_service_identity.jit_si",
            "module.data-platform.module.orch-project.google_project_service_identity.servicenetworking",
            "module.data-platform.module.orch-sa-cmp-0.data.google_service_account.service_account",
            "module.data-platform.module.orch-sa-cmp-0.google_service_account.service_account",
            "module.data-platform.module.orch-sa-df-build.data.google_service_account.service_account",
            "module.data-platform.module.orch-sa-df-build.google_service_account.service_account",
            "module.data-platform.module.transf-project.data.google_bigquery_default_service_account.bq_sa",
            "module.data-platform.module.transf-project.data.google_project.project",
            "module.data-platform.module.transf-project.data.google_storage_project_service_account.gcs_sa",
            "module.data-platform.module.transf-project.google_compute_shared_vpc_host_project.shared_vpc_host",
            "module.data-platform.module.transf-project.google_compute_shared_vpc_service_project.service_projects",
            "module.data-platform.module.transf-project.google_compute_shared_vpc_service_project.shared_vpc_service",
            "module.data-platform.module.transf-project.google_kms_crypto_key_iam_member.service_identity_cmek",
            "module.data-platform.module.transf-project.google_org_policy_policy.default",
            "module.data-platform.module.transf-project.google_project.project",
            "module.data-platform.module.transf-project.google_project_default_service_accounts.default_service_accounts",
            "module.data-platform.module.transf-project.google_project_iam_member.servicenetworking",
            "module.data-platform.module.transf-project.google_project_iam_member.shared_vpc_host_robots",
            "module.data-platform.module.transf-project.google_project_service.project_services",
            "module.data-platform.module.transf-project.google_project_service_identity.jit_si",
            "module.data-platform.module.transf-project.google_project_service_identity.servicenetworking",
            "module.data-platform.module.transf-sa-df-0.data.google_service_account.service_account",
            "module.data-platform.module.transf-sa-df-0.google_service_account.service_account"
          ]
        },
        {
          "index_key": "roles/composer.environmentAndStorageObjectAdmin",
          "schema_version": 0,
          "attributes": {
            "condition": [],
            "etag": "BwX4kVSzjXc=",
            "id": "y0y0-dev-data-orc-0/roles/composer.environmentAndStorageObjectAdmin",
            "members": [
              "group:gcp-data-engineers@yoyoland.joonix.net"
            ],
            "project": "y0y0-dev-data-orc-0",
            "role": "roles/composer.environmentAndStorageObjectAdmin"
          },
          "sensitive_attributes": [],
          "private": "bnVsbA==",
          "dependencies": [
            "module.data-platform.module.load-project.data.google_bigquery_default_service_account.bq_sa",
            "module.data-platform.module.load-project.data.google_project.project",
            "module.data-platform.module.load-project.data.google_storage_project_service_account.gcs_sa",
            "module.data-platform.module.load-project.google_compute_shared_vpc_host_project.shared_vpc_host",
            "module.data-platform.module.load-project.google_compute_shared_vpc_service_project.service_projects",
            "module.data-platform.module.load-project.google_compute_shared_vpc_service_project.shared_vpc_service",
            "module.data-platform.module.load-project.google_kms_crypto_key_iam_member.service_identity_cmek",
            "module.data-platform.module.load-project.google_org_policy_policy.default",
            "module.data-platform.module.load-project.google_project.project",
            "module.data-platform.module.load-project.google_project_default_service_accounts.default_service_accounts",
            "module.data-platform.module.load-project.google_project_iam_member.servicenetworking",
            "module.data-platform.module.load-project.google_project_iam_member.shared_vpc_host_robots",
            "module.data-platform.module.load-project.google_project_service.project_services",
            "module.data-platform.module.load-project.google_project_service_identity.jit_si",
            "module.data-platform.module.load-project.google_project_service_identity.servicenetworking",
            "module.data-platform.module.load-sa-df-0.data.google_service_account.service_account",
            "module.data-platform.module.load-sa-df-0.google_service_account.service_account",
            "module.data-platform.module.orch-project.data.google_bigquery_default_service_account.bq_sa",
            "module.data-platform.module.orch-project.data.google_project.project",
            "module.data-platform.module.orch-project.data.google_storage_project_service_account.gcs_sa",
            "module.data-platform.module.orch-project.google_compute_shared_vpc_host_project.shared_vpc_host",
            "module.data-platform.module.orch-project.google_compute_shared_vpc_service_project.service_projects",
            "module.data-platform.module.orch-project.google_compute_shared_vpc_service_project.shared_vpc_service",
            "module.data-platform.module.orch-project.google_kms_crypto_key_iam_member.service_identity_cmek",
            "module.data-platform.module.orch-project.google_org_policy_policy.default",
            "module.data-platform.module.orch-project.google_project.project",
            "module.data-platform.module.orch-project.google_project_default_service_accounts.default_service_accounts",
            "module.data-platform.module.orch-project.google_project_iam_custom_role.roles",
            "module.data-platform.module.orch-project.google_project_iam_member.servicenetworking",
            "module.data-platform.module.orch-project.google_project_iam_member.shared_vpc_host_robots",
            "module.data-platform.module.orch-project.google_project_service.project_services",
            "module.data-platform.module.orch-project.google_project_service_identity.jit_si",
            "module.data-platform.module.orch-project.google_project_service_identity.servicenetworking",
            "module.data-platform.module.orch-sa-cmp-0.data.google_service_account.service_account",
            "module.data-platform.module.orch-sa-cmp-0.google_service_account.service_account",
            "module.data-platform.module.orch-sa-df-build.data.google_service_account.service_account",
            "module.data-platform.module.orch-sa-df-build.google_service_account.service_account",
            "module.data-platform.module.transf-project.data.google_bigquery_default_service_account.bq_sa",
            "module.data-platform.module.transf-project.data.google_project.project",
            "module.data-platform.module.transf-project.data.google_storage_project_service_account.gcs_sa",
            "module.data-platform.module.transf-project.google_compute_shared_vpc_host_project.shared_vpc_host",
            "module.data-platform.module.transf-project.google_compute_shared_vpc_service_project.service_projects",
            "module.data-platform.module.transf-project.google_compute_shared_vpc_service_project.shared_vpc_service",
            "module.data-platform.module.transf-project.google_kms_crypto_key_iam_member.service_identity_cmek",
            "module.data-platform.module.transf-project.google_org_policy_policy.default",
            "module.data-platform.module.transf-project.google_project.project",
            "module.data-platform.module.transf-project.google_project_default_service_accounts.default_service_accounts",
            "module.data-platform.module.transf-project.google_project_iam_member.servicenetworking",
            "module.data-platform.module.transf-project.google_project_iam_member.shared_vpc_host_robots",
            "module.data-platform.module.transf-project.google_project_service.project_services",
            "module.data-platform.module.transf-project.google_project_service_identity.jit_si",
            "module.data-platform.module.transf-project.google_project_service_identity.servicenetworking",
            "module.data-platform.module.transf-sa-df-0.data.google_service_account.service_account",
            "module.data-platform.module.transf-sa-df-0.google_service_account.service_account"
          ]
        },
        {
          "index_key": "roles/composer.user",
          "schema_version": 0,
          "attributes": {
            "condition": [],
            "etag": "BwX4qOTOIok=",
            "id": "y0y0-dev-data-orc-0/roles/composer.user",
            "members": [
              "group:gcp-data-engineers@yoyoland.joonix.net"
            ],
            "project": "y0y0-dev-data-orc-0",
            "role": "roles/composer.user"
          },
          "sensitive_attributes": [],
          "private": "bnVsbA==",
          "dependencies": [
            "module.data-platform.module.load-project.data.google_project.project",
            "module.data-platform.module.load-project.google_compute_shared_vpc_host_project.shared_vpc_host",
            "module.data-platform.module.load-project.google_compute_shared_vpc_service_project.service_projects",
            "module.data-platform.module.load-project.google_compute_shared_vpc_service_project.shared_vpc_service",
            "module.data-platform.module.load-project.google_kms_crypto_key_iam_member.service_identity_cmek",
            "module.data-platform.module.load-project.google_org_policy_policy.default",
            "module.data-platform.module.load-project.google_project.project",
            "module.data-platform.module.load-project.google_project_iam_member.servicenetworking",
            "module.data-platform.module.load-project.google_project_iam_member.shared_vpc_host_robots",
            "module.data-platform.module.load-project.google_project_service.project_services",
            "module.data-platform.module.load-project.google_project_service_identity.jit_si",
            "module.data-platform.module.load-project.google_project_service_identity.servicenetworking",
            "module.data-platform.module.load-sa-df-0.data.google_service_account.service_account",
            "module.data-platform.module.load-sa-df-0.google_service_account.service_account",
            "module.data-platform.module.orch-project.data.google_bigquery_default_service_account.bq_sa",
            "module.data-platform.module.orch-project.data.google_project.project",
            "module.data-platform.module.orch-project.data.google_storage_project_service_account.gcs_sa",
            "module.data-platform.module.orch-project.google_compute_shared_vpc_host_project.shared_vpc_host",
            "module.data-platform.module.orch-project.google_compute_shared_vpc_service_project.service_projects",
            "module.data-platform.module.orch-project.google_compute_shared_vpc_service_project.shared_vpc_service",
            "module.data-platform.module.orch-project.google_kms_crypto_key_iam_member.service_identity_cmek",
            "module.data-platform.module.orch-project.google_org_policy_policy.default",
            "module.data-platform.module.orch-project.google_project.project",
            "module.data-platform.module.orch-project.google_project_iam_custom_role.roles",
            "module.data-platform.module.orch-project.google_project_iam_member.servicenetworking",
            "module.data-platform.module.orch-project.google_project_iam_member.shared_vpc_host_robots",
            "module.data-platform.module.orch-project.google_project_service.project_services",
            "module.data-platform.module.orch-project.google_project_service_identity.jit_si",
            "module.data-platform.module.orch-project.google_project_service_identity.servicenetworking",
            "module.data-platform.module.orch-sa-cmp-0.data.google_service_account.service_account",
            "module.data-platform.module.orch-sa-cmp-0.google_service_account.service_account",
            "module.data-platform.module.orch-sa-df-build.data.google_service_account.service_account",
            "module.data-platform.module.orch-sa-df-build.google_service_account.service_account",
            "module.data-platform.module.transf-project.data.google_project.project",
            "module.data-platform.module.transf-project.google_compute_shared_vpc_host_project.shared_vpc_host",
            "module.data-platform.module.transf-project.google_compute_shared_vpc_service_project.service_projects",
            "module.data-platform.module.transf-project.google_compute_shared_vpc_service_project.shared_vpc_service",
            "module.data-platform.module.transf-project.google_kms_crypto_key_iam_member.service_identity_cmek",
            "module.data-platform.module.transf-project.google_org_policy_policy.default",
            "module.data-platform.module.transf-project.google_project.project",
            "module.data-platform.module.transf-project.google_project_iam_member.servicenetworking",
            "module.data-platform.module.transf-project.google_project_iam_member.shared_vpc_host_robots",
            "module.data-platform.module.transf-project.google_project_service.project_services",
            "module.data-platform.module.transf-project.google_project_service_identity.jit_si",
            "module.data-platform.module.transf-project.google_project_service_identity.servicenetworking",
            "module.data-platform.module.transf-sa-df-0.data.google_service_account.service_account",
            "module.data-platform.module.transf-sa-df-0.google_service_account.service_account"
          ]
        },
        {
          "index_key": "roles/composer.worker",
          "schema_version": 0,
          "attributes": {
            "condition": [],
            "etag": "BwX4kVSzjXc=",
            "id": "y0y0-dev-data-orc-0/roles/composer.worker",
            "members": [
              "serviceAccount:y0y0-dev-data-orc-cmp-0@y0y0-dev-data-orc-0.iam.gserviceaccount.com"
            ],
            "project": "y0y0-dev-data-orc-0",
            "role": "roles/composer.worker"
          },
          "sensitive_attributes": [],
          "private": "bnVsbA==",
          "dependencies": [
            "module.data-platform.module.load-project.data.google_bigquery_default_service_account.bq_sa",
            "module.data-platform.module.load-project.data.google_project.project",
            "module.data-platform.module.load-project.data.google_storage_project_service_account.gcs_sa",
            "module.data-platform.module.load-project.google_compute_shared_vpc_host_project.shared_vpc_host",
            "module.data-platform.module.load-project.google_compute_shared_vpc_service_project.service_projects",
            "module.data-platform.module.load-project.google_compute_shared_vpc_service_project.shared_vpc_service",
            "module.data-platform.module.load-project.google_kms_crypto_key_iam_member.service_identity_cmek",
            "module.data-platform.module.load-project.google_org_policy_policy.default",
            "module.data-platform.module.load-project.google_project.project",
            "module.data-platform.module.load-project.google_project_default_service_accounts.default_service_accounts",
            "module.data-platform.module.load-project.google_project_iam_member.servicenetworking",
            "module.data-platform.module.load-project.google_project_iam_member.shared_vpc_host_robots",
            "module.data-platform.module.load-project.google_project_service.project_services",
            "module.data-platform.module.load-project.google_project_service_identity.jit_si",
            "module.data-platform.module.load-project.google_project_service_identity.servicenetworking",
            "module.data-platform.module.load-sa-df-0.data.google_service_account.service_account",
            "module.data-platform.module.load-sa-df-0.google_service_account.service_account",
            "module.data-platform.module.orch-project.data.google_bigquery_default_service_account.bq_sa",
            "module.data-platform.module.orch-project.data.google_project.project",
            "module.data-platform.module.orch-project.data.google_storage_project_service_account.gcs_sa",
            "module.data-platform.module.orch-project.google_compute_shared_vpc_host_project.shared_vpc_host",
            "module.data-platform.module.orch-project.google_compute_shared_vpc_service_project.service_projects",
            "module.data-platform.module.orch-project.google_compute_shared_vpc_service_project.shared_vpc_service",
            "module.data-platform.module.orch-project.google_kms_crypto_key_iam_member.service_identity_cmek",
            "module.data-platform.module.orch-project.google_org_policy_policy.default",
            "module.data-platform.module.orch-project.google_project.project",
            "module.data-platform.module.orch-project.google_project_default_service_accounts.default_service_accounts",
            "module.data-platform.module.orch-project.google_project_iam_custom_role.roles",
            "module.data-platform.module.orch-project.google_project_iam_member.servicenetworking",
            "module.data-platform.module.orch-project.google_project_iam_member.shared_vpc_host_robots",
            "module.data-platform.module.orch-project.google_project_service.project_services",
            "module.data-platform.module.orch-project.google_project_service_identity.jit_si",
            "module.data-platform.module.orch-project.google_project_service_identity.servicenetworking",
            "module.data-platform.module.orch-sa-cmp-0.data.google_service_account.service_account",
            "module.data-platform.module.orch-sa-cmp-0.google_service_account.service_account",
            "module.data-platform.module.orch-sa-df-build.data.google_service_account.service_account",
            "module.data-platform.module.orch-sa-df-build.google_service_account.service_account",
            "module.data-platform.module.transf-project.data.google_bigquery_default_service_account.bq_sa",
            "module.data-platform.module.transf-project.data.google_project.project",
            "module.data-platform.module.transf-project.data.google_storage_project_service_account.gcs_sa",
            "module.data-platform.module.transf-project.google_compute_shared_vpc_host_project.shared_vpc_host",
            "module.data-platform.module.transf-project.google_compute_shared_vpc_service_project.service_projects",
            "module.data-platform.module.transf-project.google_compute_shared_vpc_service_project.shared_vpc_service",
            "module.data-platform.module.transf-project.google_kms_crypto_key_iam_member.service_identity_cmek",
            "module.data-platform.module.transf-project.google_org_policy_policy.default",
            "module.data-platform.module.transf-project.google_project.project",
            "module.data-platform.module.transf-project.google_project_default_service_accounts.default_service_accounts",
            "module.data-platform.module.transf-project.google_project_iam_member.servicenetworking",
            "module.data-platform.module.transf-project.google_project_iam_member.shared_vpc_host_robots",
            "module.data-platform.module.transf-project.google_project_service.project_services",
            "module.data-platform.module.transf-project.google_project_service_identity.jit_si",
            "module.data-platform.module.transf-project.google_project_service_identity.servicenetworking",
            "module.data-platform.module.transf-sa-df-0.data.google_service_account.service_account",
            "module.data-platform.module.transf-sa-df-0.google_service_account.service_account"
          ]
        },
        {
          "index_key": "roles/iam.serviceAccountUser",
          "schema_version": 0,
          "attributes": {
            "condition": [],
            "etag": "BwX4kVSzjXc=",
            "id": "y0y0-dev-data-orc-0/roles/iam.serviceAccountUser",
            "members": [
              "group:gcp-data-engineers@yoyoland.joonix.net",
              "serviceAccount:y0y0-dev-data-orc-cmp-0@y0y0-dev-data-orc-0.iam.gserviceaccount.com"
            ],
            "project": "y0y0-dev-data-orc-0",
            "role": "roles/iam.serviceAccountUser"
          },
          "sensitive_attributes": [],
          "private": "bnVsbA==",
          "dependencies": [
            "module.data-platform.module.load-project.data.google_bigquery_default_service_account.bq_sa",
            "module.data-platform.module.load-project.data.google_project.project",
            "module.data-platform.module.load-project.data.google_storage_project_service_account.gcs_sa",
            "module.data-platform.module.load-project.google_compute_shared_vpc_host_project.shared_vpc_host",
            "module.data-platform.module.load-project.google_compute_shared_vpc_service_project.service_projects",
            "module.data-platform.module.load-project.google_compute_shared_vpc_service_project.shared_vpc_service",
            "module.data-platform.module.load-project.google_kms_crypto_key_iam_member.service_identity_cmek",
            "module.data-platform.module.load-project.google_org_policy_policy.default",
            "module.data-platform.module.load-project.google_project.project",
            "module.data-platform.module.load-project.google_project_default_service_accounts.default_service_accounts",
            "module.data-platform.module.load-project.google_project_iam_member.servicenetworking",
            "module.data-platform.module.load-project.google_project_iam_member.shared_vpc_host_robots",
            "module.data-platform.module.load-project.google_project_service.project_services",
            "module.data-platform.module.load-project.google_project_service_identity.jit_si",
            "module.data-platform.module.load-project.google_project_service_identity.servicenetworking",
            "module.data-platform.module.load-sa-df-0.data.google_service_account.service_account",
            "module.data-platform.module.load-sa-df-0.google_service_account.service_account",
            "module.data-platform.module.orch-project.data.google_bigquery_default_service_account.bq_sa",
            "module.data-platform.module.orch-project.data.google_project.project",
            "module.data-platform.module.orch-project.data.google_storage_project_service_account.gcs_sa",
            "module.data-platform.module.orch-project.google_compute_shared_vpc_host_project.shared_vpc_host",
            "module.data-platform.module.orch-project.google_compute_shared_vpc_service_project.service_projects",
            "module.data-platform.module.orch-project.google_compute_shared_vpc_service_project.shared_vpc_service",
            "module.data-platform.module.orch-project.google_kms_crypto_key_iam_member.service_identity_cmek",
            "module.data-platform.module.orch-project.google_org_policy_policy.default",
            "module.data-platform.module.orch-project.google_project.project",
            "module.data-platform.module.orch-project.google_project_default_service_accounts.default_service_accounts",
            "module.data-platform.module.orch-project.google_project_iam_custom_role.roles",
            "module.data-platform.module.orch-project.google_project_iam_member.servicenetworking",
            "module.data-platform.module.orch-project.google_project_iam_member.shared_vpc_host_robots",
            "module.data-platform.module.orch-project.google_project_service.project_services",
            "module.data-platform.module.orch-project.google_project_service_identity.jit_si",
            "module.data-platform.module.orch-project.google_project_service_identity.servicenetworking",
            "module.data-platform.module.orch-sa-cmp-0.data.google_service_account.service_account",
            "module.data-platform.module.orch-sa-cmp-0.google_service_account.service_account",
            "module.data-platform.module.orch-sa-df-build.data.google_service_account.service_account",
            "module.data-platform.module.orch-sa-df-build.google_service_account.service_account",
            "module.data-platform.module.transf-project.data.google_bigquery_default_service_account.bq_sa",
            "module.data-platform.module.transf-project.data.google_project.project",
            "module.data-platform.module.transf-project.data.google_storage_project_service_account.gcs_sa",
            "module.data-platform.module.transf-project.google_compute_shared_vpc_host_project.shared_vpc_host",
            "module.data-platform.module.transf-project.google_compute_shared_vpc_service_project.service_projects",
            "module.data-platform.module.transf-project.google_compute_shared_vpc_service_project.shared_vpc_service",
            "module.data-platform.module.transf-project.google_kms_crypto_key_iam_member.service_identity_cmek",
            "module.data-platform.module.transf-project.google_org_policy_policy.default",
            "module.data-platform.module.transf-project.google_project.project",
            "module.data-platform.module.transf-project.google_project_default_service_accounts.default_service_accounts",
            "module.data-platform.module.transf-project.google_project_iam_member.servicenetworking",
            "module.data-platform.module.transf-project.google_project_iam_member.shared_vpc_host_robots",
            "module.data-platform.module.transf-project.google_project_service.project_services",
            "module.data-platform.module.transf-project.google_project_service_identity.jit_si",
            "module.data-platform.module.transf-project.google_project_service_identity.servicenetworking",
            "module.data-platform.module.transf-sa-df-0.data.google_service_account.service_account",
            "module.data-platform.module.transf-sa-df-0.google_service_account.service_account"
          ]
        },
        {
          "index_key": "roles/iap.httpsResourceAccessor",
          "schema_version": 0,
          "attributes": {
            "condition": [],
            "etag": "BwX4kVSzjXc=",
            "id": "y0y0-dev-data-orc-0/roles/iap.httpsResourceAccessor",
            "members": [
              "group:gcp-data-engineers@yoyoland.joonix.net"
            ],
            "project": "y0y0-dev-data-orc-0",
            "role": "roles/iap.httpsResourceAccessor"
          },
          "sensitive_attributes": [],
          "private": "bnVsbA==",
          "dependencies": [
            "module.data-platform.module.load-project.data.google_bigquery_default_service_account.bq_sa",
            "module.data-platform.module.load-project.data.google_project.project",
            "module.data-platform.module.load-project.data.google_storage_project_service_account.gcs_sa",
            "module.data-platform.module.load-project.google_compute_shared_vpc_host_project.shared_vpc_host",
            "module.data-platform.module.load-project.google_compute_shared_vpc_service_project.service_projects",
            "module.data-platform.module.load-project.google_compute_shared_vpc_service_project.shared_vpc_service",
            "module.data-platform.module.load-project.google_kms_crypto_key_iam_member.service_identity_cmek",
            "module.data-platform.module.load-project.google_org_policy_policy.default",
            "module.data-platform.module.load-project.google_project.project",
            "module.data-platform.module.load-project.google_project_default_service_accounts.default_service_accounts",
            "module.data-platform.module.load-project.google_project_iam_member.servicenetworking",
            "module.data-platform.module.load-project.google_project_iam_member.shared_vpc_host_robots",
            "module.data-platform.module.load-project.google_project_service.project_services",
            "module.data-platform.module.load-project.google_project_service_identity.jit_si",
            "module.data-platform.module.load-project.google_project_service_identity.servicenetworking",
            "module.data-platform.module.load-sa-df-0.data.google_service_account.service_account",
            "module.data-platform.module.load-sa-df-0.google_service_account.service_account",
            "module.data-platform.module.orch-project.data.google_bigquery_default_service_account.bq_sa",
            "module.data-platform.module.orch-project.data.google_project.project",
            "module.data-platform.module.orch-project.data.google_storage_project_service_account.gcs_sa",
            "module.data-platform.module.orch-project.google_compute_shared_vpc_host_project.shared_vpc_host",
            "module.data-platform.module.orch-project.google_compute_shared_vpc_service_project.service_projects",
            "module.data-platform.module.orch-project.google_compute_shared_vpc_service_project.shared_vpc_service",
            "module.data-platform.module.orch-project.google_kms_crypto_key_iam_member.service_identity_cmek",
            "module.data-platform.module.orch-project.google_org_policy_policy.default",
            "module.data-platform.module.orch-project.google_project.project",
            "module.data-platform.module.orch-project.google_project_default_service_accounts.default_service_accounts",
            "module.data-platform.module.orch-project.google_project_iam_custom_role.roles",
            "module.data-platform.module.orch-project.google_project_iam_member.servicenetworking",
            "module.data-platform.module.orch-project.google_project_iam_member.shared_vpc_host_robots",
            "module.data-platform.module.orch-project.google_project_service.project_services",
            "module.data-platform.module.orch-project.google_project_service_identity.jit_si",
            "module.data-platform.module.orch-project.google_project_service_identity.servicenetworking",
            "module.data-platform.module.orch-sa-cmp-0.data.google_service_account.service_account",
            "module.data-platform.module.orch-sa-cmp-0.google_service_account.service_account",
            "module.data-platform.module.orch-sa-df-build.data.google_service_account.service_account",
            "module.data-platform.module.orch-sa-df-build.google_service_account.service_account",
            "module.data-platform.module.transf-project.data.google_bigquery_default_service_account.bq_sa",
            "module.data-platform.module.transf-project.data.google_project.project",
            "module.data-platform.module.transf-project.data.google_storage_project_service_account.gcs_sa",
            "module.data-platform.module.transf-project.google_compute_shared_vpc_host_project.shared_vpc_host",
            "module.data-platform.module.transf-project.google_compute_shared_vpc_service_project.service_projects",
            "module.data-platform.module.transf-project.google_compute_shared_vpc_service_project.shared_vpc_service",
            "module.data-platform.module.transf-project.google_kms_crypto_key_iam_member.service_identity_cmek",
            "module.data-platform.module.transf-project.google_org_policy_policy.default",
            "module.data-platform.module.transf-project.google_project.project",
            "module.data-platform.module.transf-project.google_project_default_service_accounts.default_service_accounts",
            "module.data-platform.module.transf-project.google_project_iam_member.servicenetworking",
            "module.data-platform.module.transf-project.google_project_iam_member.shared_vpc_host_robots",
            "module.data-platform.module.transf-project.google_project_service.project_services",
            "module.data-platform.module.transf-project.google_project_service_identity.jit_si",
            "module.data-platform.module.transf-project.google_project_service_identity.servicenetworking",
            "module.data-platform.module.transf-sa-df-0.data.google_service_account.service_account",
            "module.data-platform.module.transf-sa-df-0.google_service_account.service_account"
          ]
        },
        {
          "index_key": "roles/serviceusage.serviceUsageConsumer",
          "schema_version": 0,
          "attributes": {
            "condition": [],
            "etag": "BwX4kVSzjXc=",
            "id": "y0y0-dev-data-orc-0/roles/serviceusage.serviceUsageConsumer",
            "members": [
              "group:gcp-data-engineers@yoyoland.joonix.net"
            ],
            "project": "y0y0-dev-data-orc-0",
            "role": "roles/serviceusage.serviceUsageConsumer"
          },
          "sensitive_attributes": [],
          "private": "bnVsbA==",
          "dependencies": [
            "module.data-platform.module.load-project.data.google_bigquery_default_service_account.bq_sa",
            "module.data-platform.module.load-project.data.google_project.project",
            "module.data-platform.module.load-project.data.google_storage_project_service_account.gcs_sa",
            "module.data-platform.module.load-project.google_compute_shared_vpc_host_project.shared_vpc_host",
            "module.data-platform.module.load-project.google_compute_shared_vpc_service_project.service_projects",
            "module.data-platform.module.load-project.google_compute_shared_vpc_service_project.shared_vpc_service",
            "module.data-platform.module.load-project.google_kms_crypto_key_iam_member.service_identity_cmek",
            "module.data-platform.module.load-project.google_org_policy_policy.default",
            "module.data-platform.module.load-project.google_project.project",
            "module.data-platform.module.load-project.google_project_default_service_accounts.default_service_accounts",
            "module.data-platform.module.load-project.google_project_iam_member.servicenetworking",
            "module.data-platform.module.load-project.google_project_iam_member.shared_vpc_host_robots",
            "module.data-platform.module.load-project.google_project_service.project_services",
            "module.data-platform.module.load-project.google_project_service_identity.jit_si",
            "module.data-platform.module.load-project.google_project_service_identity.servicenetworking",
            "module.data-platform.module.load-sa-df-0.data.google_service_account.service_account",
            "module.data-platform.module.load-sa-df-0.google_service_account.service_account",
            "module.data-platform.module.orch-project.data.google_bigquery_default_service_account.bq_sa",
            "module.data-platform.module.orch-project.data.google_project.project",
            "module.data-platform.module.orch-project.data.google_storage_project_service_account.gcs_sa",
            "module.data-platform.module.orch-project.google_compute_shared_vpc_host_project.shared_vpc_host",
            "module.data-platform.module.orch-project.google_compute_shared_vpc_service_project.service_projects",
            "module.data-platform.module.orch-project.google_compute_shared_vpc_service_project.shared_vpc_service",
            "module.data-platform.module.orch-project.google_kms_crypto_key_iam_member.service_identity_cmek",
            "module.data-platform.module.orch-project.google_org_policy_policy.default",
            "module.data-platform.module.orch-project.google_project.project",
            "module.data-platform.module.orch-project.google_project_default_service_accounts.default_service_accounts",
            "module.data-platform.module.orch-project.google_project_iam_custom_role.roles",
            "module.data-platform.module.orch-project.google_project_iam_member.servicenetworking",
            "module.data-platform.module.orch-project.google_project_iam_member.shared_vpc_host_robots",
            "module.data-platform.module.orch-project.google_project_service.project_services",
            "module.data-platform.module.orch-project.google_project_service_identity.jit_si",
            "module.data-platform.module.orch-project.google_project_service_identity.servicenetworking",
            "module.data-platform.module.orch-sa-cmp-0.data.google_service_account.service_account",
            "module.data-platform.module.orch-sa-cmp-0.google_service_account.service_account",
            "module.data-platform.module.orch-sa-df-build.data.google_service_account.service_account",
            "module.data-platform.module.orch-sa-df-build.google_service_account.service_account",
            "module.data-platform.module.transf-project.data.google_bigquery_default_service_account.bq_sa",
            "module.data-platform.module.transf-project.data.google_project.project",
            "module.data-platform.module.transf-project.data.google_storage_project_service_account.gcs_sa",
            "module.data-platform.module.transf-project.google_compute_shared_vpc_host_project.shared_vpc_host",
            "module.data-platform.module.transf-project.google_compute_shared_vpc_service_project.service_projects",
            "module.data-platform.module.transf-project.google_compute_shared_vpc_service_project.shared_vpc_service",
            "module.data-platform.module.transf-project.google_kms_crypto_key_iam_member.service_identity_cmek",
            "module.data-platform.module.transf-project.google_org_policy_policy.default",
            "module.data-platform.module.transf-project.google_project.project",
            "module.data-platform.module.transf-project.google_project_default_service_accounts.default_service_accounts",
            "module.data-platform.module.transf-project.google_project_iam_member.servicenetworking",
            "module.data-platform.module.transf-project.google_project_iam_member.shared_vpc_host_robots",
            "module.data-platform.module.transf-project.google_project_service.project_services",
            "module.data-platform.module.transf-project.google_project_service_identity.jit_si",
            "module.data-platform.module.transf-project.google_project_service_identity.servicenetworking",
            "module.data-platform.module.transf-sa-df-0.data.google_service_account.service_account",
            "module.data-platform.module.transf-sa-df-0.google_service_account.service_account"
          ]
        },
        {
          "index_key": "roles/storage.objectAdmin",
          "schema_version": 0,
          "attributes": {
            "condition": [],
            "etag": "BwX4kVSzjXc=",
            "id": "y0y0-dev-data-orc-0/roles/storage.objectAdmin",
            "members": [
              "group:gcp-data-engineers@yoyoland.joonix.net",
              "serviceAccount:service-874131290478@cloudcomposer-accounts.iam.gserviceaccount.com",
              "serviceAccount:service-874131290478@gcp-sa-cloudbuild.iam.gserviceaccount.com",
              "serviceAccount:y0y0-dev-data-orc-cmp-0@y0y0-dev-data-orc-0.iam.gserviceaccount.com",
              "serviceAccount:y0y0-dev-data-orc-sa-df-build@y0y0-dev-data-orc-0.iam.gserviceaccount.com"
            ],
            "project": "y0y0-dev-data-orc-0",
            "role": "roles/storage.objectAdmin"
          },
          "sensitive_attributes": [],
          "private": "bnVsbA==",
          "dependencies": [
            "module.data-platform.module.load-project.data.google_bigquery_default_service_account.bq_sa",
            "module.data-platform.module.load-project.data.google_project.project",
            "module.data-platform.module.load-project.data.google_storage_project_service_account.gcs_sa",
            "module.data-platform.module.load-project.google_compute_shared_vpc_host_project.shared_vpc_host",
            "module.data-platform.module.load-project.google_compute_shared_vpc_service_project.service_projects",
            "module.data-platform.module.load-project.google_compute_shared_vpc_service_project.shared_vpc_service",
            "module.data-platform.module.load-project.google_kms_crypto_key_iam_member.service_identity_cmek",
            "module.data-platform.module.load-project.google_org_policy_policy.default",
            "module.data-platform.module.load-project.google_project.project",
            "module.data-platform.module.load-project.google_project_default_service_accounts.default_service_accounts",
            "module.data-platform.module.load-project.google_project_iam_member.servicenetworking",
            "module.data-platform.module.load-project.google_project_iam_member.shared_vpc_host_robots",
            "module.data-platform.module.load-project.google_project_service.project_services",
            "module.data-platform.module.load-project.google_project_service_identity.jit_si",
            "module.data-platform.module.load-project.google_project_service_identity.servicenetworking",
            "module.data-platform.module.load-sa-df-0.data.google_service_account.service_account",
            "module.data-platform.module.load-sa-df-0.google_service_account.service_account",
            "module.data-platform.module.orch-project.data.google_bigquery_default_service_account.bq_sa",
            "module.data-platform.module.orch-project.data.google_project.project",
            "module.data-platform.module.orch-project.data.google_storage_project_service_account.gcs_sa",
            "module.data-platform.module.orch-project.google_compute_shared_vpc_host_project.shared_vpc_host",
            "module.data-platform.module.orch-project.google_compute_shared_vpc_service_project.service_projects",
            "module.data-platform.module.orch-project.google_compute_shared_vpc_service_project.shared_vpc_service",
            "module.data-platform.module.orch-project.google_kms_crypto_key_iam_member.service_identity_cmek",
            "module.data-platform.module.orch-project.google_org_policy_policy.default",
            "module.data-platform.module.orch-project.google_project.project",
            "module.data-platform.module.orch-project.google_project_default_service_accounts.default_service_accounts",
            "module.data-platform.module.orch-project.google_project_iam_custom_role.roles",
            "module.data-platform.module.orch-project.google_project_iam_member.servicenetworking",
            "module.data-platform.module.orch-project.google_project_iam_member.shared_vpc_host_robots",
            "module.data-platform.module.orch-project.google_project_service.project_services",
            "module.data-platform.module.orch-project.google_project_service_identity.jit_si",
            "module.data-platform.module.orch-project.google_project_service_identity.servicenetworking",
            "module.data-platform.module.orch-sa-cmp-0.data.google_service_account.service_account",
            "module.data-platform.module.orch-sa-cmp-0.google_service_account.service_account",
            "module.data-platform.module.orch-sa-df-build.data.google_service_account.service_account",
            "module.data-platform.module.orch-sa-df-build.google_service_account.service_account",
            "module.data-platform.module.transf-project.data.google_bigquery_default_service_account.bq_sa",
            "module.data-platform.module.transf-project.data.google_project.project",
            "module.data-platform.module.transf-project.data.google_storage_project_service_account.gcs_sa",
            "module.data-platform.module.transf-project.google_compute_shared_vpc_host_project.shared_vpc_host",
            "module.data-platform.module.transf-project.google_compute_shared_vpc_service_project.service_projects",
            "module.data-platform.module.transf-project.google_compute_shared_vpc_service_project.shared_vpc_service",
            "module.data-platform.module.transf-project.google_kms_crypto_key_iam_member.service_identity_cmek",
            "module.data-platform.module.transf-project.google_org_policy_policy.default",
            "module.data-platform.module.transf-project.google_project.project",
            "module.data-platform.module.transf-project.google_project_default_service_accounts.default_service_accounts",
            "module.data-platform.module.transf-project.google_project_iam_member.servicenetworking",
            "module.data-platform.module.transf-project.google_project_iam_member.shared_vpc_host_robots",
            "module.data-platform.module.transf-project.google_project_service.project_services",
            "module.data-platform.module.transf-project.google_project_service_identity.jit_si",
            "module.data-platform.module.transf-project.google_project_service_identity.servicenetworking",
            "module.data-platform.module.transf-sa-df-0.data.google_service_account.service_account",
            "module.data-platform.module.transf-sa-df-0.google_service_account.service_account"
          ]
        },
        {
          "index_key": "roles/storage.objectViewer",
          "schema_version": 0,
          "attributes": {
            "condition": [],
            "etag": "BwX4kVSzjXc=",
            "id": "y0y0-dev-data-orc-0/roles/storage.objectViewer",
            "members": [
              "serviceAccount:y0y0-dev-data-load-df-0@y0y0-dev-data-lod-0.iam.gserviceaccount.com"
            ],
            "project": "y0y0-dev-data-orc-0",
            "role": "roles/storage.objectViewer"
          },
          "sensitive_attributes": [],
          "private": "bnVsbA==",
          "dependencies": [
            "module.data-platform.module.load-project.data.google_bigquery_default_service_account.bq_sa",
            "module.data-platform.module.load-project.data.google_project.project",
            "module.data-platform.module.load-project.data.google_storage_project_service_account.gcs_sa",
            "module.data-platform.module.load-project.google_compute_shared_vpc_host_project.shared_vpc_host",
            "module.data-platform.module.load-project.google_compute_shared_vpc_service_project.service_projects",
            "module.data-platform.module.load-project.google_compute_shared_vpc_service_project.shared_vpc_service",
            "module.data-platform.module.load-project.google_kms_crypto_key_iam_member.service_identity_cmek",
            "module.data-platform.module.load-project.google_org_policy_policy.default",
            "module.data-platform.module.load-project.google_project.project",
            "module.data-platform.module.load-project.google_project_default_service_accounts.default_service_accounts",
            "module.data-platform.module.load-project.google_project_iam_member.servicenetworking",
            "module.data-platform.module.load-project.google_project_iam_member.shared_vpc_host_robots",
            "module.data-platform.module.load-project.google_project_service.project_services",
            "module.data-platform.module.load-project.google_project_service_identity.jit_si",
            "module.data-platform.module.load-project.google_project_service_identity.servicenetworking",
            "module.data-platform.module.load-sa-df-0.data.google_service_account.service_account",
            "module.data-platform.module.load-sa-df-0.google_service_account.service_account",
            "module.data-platform.module.orch-project.data.google_bigquery_default_service_account.bq_sa",
            "module.data-platform.module.orch-project.data.google_project.project",
            "module.data-platform.module.orch-project.data.google_storage_project_service_account.gcs_sa",
            "module.data-platform.module.orch-project.google_compute_shared_vpc_host_project.shared_vpc_host",
            "module.data-platform.module.orch-project.google_compute_shared_vpc_service_project.service_projects",
            "module.data-platform.module.orch-project.google_compute_shared_vpc_service_project.shared_vpc_service",
            "module.data-platform.module.orch-project.google_kms_crypto_key_iam_member.service_identity_cmek",
            "module.data-platform.module.orch-project.google_org_policy_policy.default",
            "module.data-platform.module.orch-project.google_project.project",
            "module.data-platform.module.orch-project.google_project_default_service_accounts.default_service_accounts",
            "module.data-platform.module.orch-project.google_project_iam_custom_role.roles",
            "module.data-platform.module.orch-project.google_project_iam_member.servicenetworking",
            "module.data-platform.module.orch-project.google_project_iam_member.shared_vpc_host_robots",
            "module.data-platform.module.orch-project.google_project_service.project_services",
            "module.data-platform.module.orch-project.google_project_service_identity.jit_si",
            "module.data-platform.module.orch-project.google_project_service_identity.servicenetworking",
            "module.data-platform.module.orch-sa-cmp-0.data.google_service_account.service_account",
            "module.data-platform.module.orch-sa-cmp-0.google_service_account.service_account",
            "module.data-platform.module.orch-sa-df-build.data.google_service_account.service_account",
            "module.data-platform.module.orch-sa-df-build.google_service_account.service_account",
            "module.data-platform.module.transf-project.data.google_bigquery_default_service_account.bq_sa",
            "module.data-platform.module.transf-project.data.google_project.project",
            "module.data-platform.module.transf-project.data.google_storage_project_service_account.gcs_sa",
            "module.data-platform.module.transf-project.google_compute_shared_vpc_host_project.shared_vpc_host",
            "module.data-platform.module.transf-project.google_compute_shared_vpc_service_project.service_projects",
            "module.data-platform.module.transf-project.google_compute_shared_vpc_service_project.shared_vpc_service",
            "module.data-platform.module.transf-project.google_kms_crypto_key_iam_member.service_identity_cmek",
            "module.data-platform.module.transf-project.google_org_policy_policy.default",
            "module.data-platform.module.transf-project.google_project.project",
            "module.data-platform.module.transf-project.google_project_default_service_accounts.default_service_accounts",
            "module.data-platform.module.transf-project.google_project_iam_member.servicenetworking",
            "module.data-platform.module.transf-project.google_project_iam_member.shared_vpc_host_robots",
            "module.data-platform.module.transf-project.google_project_service.project_services",
            "module.data-platform.module.transf-project.google_project_service_identity.jit_si",
            "module.data-platform.module.transf-project.google_project_service_identity.servicenetworking",
            "module.data-platform.module.transf-sa-df-0.data.google_service_account.service_account",
            "module.data-platform.module.transf-sa-df-0.google_service_account.service_account"
          ]
        }
      ]
    },
    {
      "module": "module.data-platform.module.orch-project",
      "mode": "managed",
      "type": "google_project_iam_member",
      "name": "servicenetworking",
      "provider": "provider[\"registry.terraform.io/hashicorp/google\"]",
      "instances": [
        {
          "index_key": 0,
          "schema_version": 0,
          "attributes": {
            "condition": [],
            "etag": "BwX4kVSzjXc=",
            "id": "y0y0-dev-data-orc-0/roles/servicenetworking.serviceAgent/serviceAccount:service-874131290478@service-networking.iam.gserviceaccount.com",
            "member": "serviceAccount:service-874131290478@service-networking.iam.gserviceaccount.com",
            "project": "y0y0-dev-data-orc-0",
            "role": "roles/servicenetworking.serviceAgent"
          },
          "sensitive_attributes": [],
          "private": "bnVsbA==",
          "dependencies": [
            "module.data-platform.module.orch-project.data.google_project.project",
            "module.data-platform.module.orch-project.google_project.project",
            "module.data-platform.module.orch-project.google_project_service.project_services",
            "module.data-platform.module.orch-project.google_project_service_identity.servicenetworking"
          ]
        }
      ]
    },
    {
      "module": "module.data-platform.module.orch-project",
      "mode": "managed",
      "type": "google_project_service",
      "name": "project_services",
      "provider": "provider[\"registry.terraform.io/hashicorp/google\"]",
      "instances": [
        {
          "index_key": "artifactregistry.googleapis.com",
          "schema_version": 0,
          "attributes": {
            "disable_dependent_services": false,
            "disable_on_destroy": false,
            "id": "y0y0-dev-data-orc-0/artifactregistry.googleapis.com",
            "project": "y0y0-dev-data-orc-0",
            "service": "artifactregistry.googleapis.com",
            "timeouts": null
          },
          "sensitive_attributes": [],
          "private": "eyJlMmJmYjczMC1lY2FhLTExZTYtOGY4OC0zNDM2M2JjN2M0YzAiOnsiY3JlYXRlIjoxMjAwMDAwMDAwMDAwLCJkZWxldGUiOjEyMDAwMDAwMDAwMDAsInJlYWQiOjYwMDAwMDAwMDAwMCwidXBkYXRlIjoxMjAwMDAwMDAwMDAwfX0=",
          "dependencies": [
            "module.data-platform.module.orch-project.data.google_project.project",
            "module.data-platform.module.orch-project.google_project.project"
          ]
        },
        {
          "index_key": "bigquery.googleapis.com",
          "schema_version": 0,
          "attributes": {
            "disable_dependent_services": false,
            "disable_on_destroy": false,
            "id": "y0y0-dev-data-orc-0/bigquery.googleapis.com",
            "project": "y0y0-dev-data-orc-0",
            "service": "bigquery.googleapis.com",
            "timeouts": null
          },
          "sensitive_attributes": [],
          "private": "eyJlMmJmYjczMC1lY2FhLTExZTYtOGY4OC0zNDM2M2JjN2M0YzAiOnsiY3JlYXRlIjoxMjAwMDAwMDAwMDAwLCJkZWxldGUiOjEyMDAwMDAwMDAwMDAsInJlYWQiOjYwMDAwMDAwMDAwMCwidXBkYXRlIjoxMjAwMDAwMDAwMDAwfX0=",
          "dependencies": [
            "module.data-platform.module.orch-project.data.google_project.project",
            "module.data-platform.module.orch-project.google_project.project"
          ]
        },
        {
          "index_key": "bigqueryreservation.googleapis.com",
          "schema_version": 0,
          "attributes": {
            "disable_dependent_services": false,
            "disable_on_destroy": false,
            "id": "y0y0-dev-data-orc-0/bigqueryreservation.googleapis.com",
            "project": "y0y0-dev-data-orc-0",
            "service": "bigqueryreservation.googleapis.com",
            "timeouts": null
          },
          "sensitive_attributes": [],
          "private": "eyJlMmJmYjczMC1lY2FhLTExZTYtOGY4OC0zNDM2M2JjN2M0YzAiOnsiY3JlYXRlIjoxMjAwMDAwMDAwMDAwLCJkZWxldGUiOjEyMDAwMDAwMDAwMDAsInJlYWQiOjYwMDAwMDAwMDAwMCwidXBkYXRlIjoxMjAwMDAwMDAwMDAwfX0=",
          "dependencies": [
            "module.data-platform.module.orch-project.data.google_project.project",
            "module.data-platform.module.orch-project.google_project.project"
          ]
        },
        {
          "index_key": "bigquerystorage.googleapis.com",
          "schema_version": 0,
          "attributes": {
            "disable_dependent_services": false,
            "disable_on_destroy": false,
            "id": "y0y0-dev-data-orc-0/bigquerystorage.googleapis.com",
            "project": "y0y0-dev-data-orc-0",
            "service": "bigquerystorage.googleapis.com",
            "timeouts": null
          },
          "sensitive_attributes": [],
          "private": "eyJlMmJmYjczMC1lY2FhLTExZTYtOGY4OC0zNDM2M2JjN2M0YzAiOnsiY3JlYXRlIjoxMjAwMDAwMDAwMDAwLCJkZWxldGUiOjEyMDAwMDAwMDAwMDAsInJlYWQiOjYwMDAwMDAwMDAwMCwidXBkYXRlIjoxMjAwMDAwMDAwMDAwfX0=",
          "dependencies": [
            "module.data-platform.module.orch-project.data.google_project.project",
            "module.data-platform.module.orch-project.google_project.project"
          ]
        },
        {
          "index_key": "cloudbuild.googleapis.com",
          "schema_version": 0,
          "attributes": {
            "disable_dependent_services": false,
            "disable_on_destroy": false,
            "id": "y0y0-dev-data-orc-0/cloudbuild.googleapis.com",
            "project": "y0y0-dev-data-orc-0",
            "service": "cloudbuild.googleapis.com",
            "timeouts": null
          },
          "sensitive_attributes": [],
          "private": "eyJlMmJmYjczMC1lY2FhLTExZTYtOGY4OC0zNDM2M2JjN2M0YzAiOnsiY3JlYXRlIjoxMjAwMDAwMDAwMDAwLCJkZWxldGUiOjEyMDAwMDAwMDAwMDAsInJlYWQiOjYwMDAwMDAwMDAwMCwidXBkYXRlIjoxMjAwMDAwMDAwMDAwfX0=",
          "dependencies": [
            "module.data-platform.module.orch-project.data.google_project.project",
            "module.data-platform.module.orch-project.google_project.project"
          ]
        },
        {
          "index_key": "cloudkms.googleapis.com",
          "schema_version": 0,
          "attributes": {
            "disable_dependent_services": false,
            "disable_on_destroy": false,
            "id": "y0y0-dev-data-orc-0/cloudkms.googleapis.com",
            "project": "y0y0-dev-data-orc-0",
            "service": "cloudkms.googleapis.com",
            "timeouts": null
          },
          "sensitive_attributes": [],
          "private": "eyJlMmJmYjczMC1lY2FhLTExZTYtOGY4OC0zNDM2M2JjN2M0YzAiOnsiY3JlYXRlIjoxMjAwMDAwMDAwMDAwLCJkZWxldGUiOjEyMDAwMDAwMDAwMDAsInJlYWQiOjYwMDAwMDAwMDAwMCwidXBkYXRlIjoxMjAwMDAwMDAwMDAwfX0=",
          "dependencies": [
            "module.data-platform.module.orch-project.data.google_project.project",
            "module.data-platform.module.orch-project.google_project.project"
          ]
        },
        {
          "index_key": "cloudresourcemanager.googleapis.com",
          "schema_version": 0,
          "attributes": {
            "disable_dependent_services": false,
            "disable_on_destroy": false,
            "id": "y0y0-dev-data-orc-0/cloudresourcemanager.googleapis.com",
            "project": "y0y0-dev-data-orc-0",
            "service": "cloudresourcemanager.googleapis.com",
            "timeouts": null
          },
          "sensitive_attributes": [],
          "private": "eyJlMmJmYjczMC1lY2FhLTExZTYtOGY4OC0zNDM2M2JjN2M0YzAiOnsiY3JlYXRlIjoxMjAwMDAwMDAwMDAwLCJkZWxldGUiOjEyMDAwMDAwMDAwMDAsInJlYWQiOjYwMDAwMDAwMDAwMCwidXBkYXRlIjoxMjAwMDAwMDAwMDAwfX0=",
          "dependencies": [
            "module.data-platform.module.orch-project.data.google_project.project",
            "module.data-platform.module.orch-project.google_project.project"
          ]
        },
        {
          "index_key": "composer.googleapis.com",
          "schema_version": 0,
          "attributes": {
            "disable_dependent_services": false,
            "disable_on_destroy": false,
            "id": "y0y0-dev-data-orc-0/composer.googleapis.com",
            "project": "y0y0-dev-data-orc-0",
            "service": "composer.googleapis.com",
            "timeouts": null
          },
          "sensitive_attributes": [],
          "private": "eyJlMmJmYjczMC1lY2FhLTExZTYtOGY4OC0zNDM2M2JjN2M0YzAiOnsiY3JlYXRlIjoxMjAwMDAwMDAwMDAwLCJkZWxldGUiOjEyMDAwMDAwMDAwMDAsInJlYWQiOjYwMDAwMDAwMDAwMCwidXBkYXRlIjoxMjAwMDAwMDAwMDAwfX0=",
          "dependencies": [
            "module.data-platform.module.orch-project.data.google_project.project",
            "module.data-platform.module.orch-project.google_project.project"
          ]
        },
        {
          "index_key": "compute.googleapis.com",
          "schema_version": 0,
          "attributes": {
            "disable_dependent_services": false,
            "disable_on_destroy": false,
            "id": "y0y0-dev-data-orc-0/compute.googleapis.com",
            "project": "y0y0-dev-data-orc-0",
            "service": "compute.googleapis.com",
            "timeouts": null
          },
          "sensitive_attributes": [],
          "private": "eyJlMmJmYjczMC1lY2FhLTExZTYtOGY4OC0zNDM2M2JjN2M0YzAiOnsiY3JlYXRlIjoxMjAwMDAwMDAwMDAwLCJkZWxldGUiOjEyMDAwMDAwMDAwMDAsInJlYWQiOjYwMDAwMDAwMDAwMCwidXBkYXRlIjoxMjAwMDAwMDAwMDAwfX0=",
          "dependencies": [
            "module.data-platform.module.orch-project.data.google_project.project",
            "module.data-platform.module.orch-project.google_project.project"
          ]
        },
        {
          "index_key": "container.googleapis.com",
          "schema_version": 0,
          "attributes": {
            "disable_dependent_services": false,
            "disable_on_destroy": false,
            "id": "y0y0-dev-data-orc-0/container.googleapis.com",
            "project": "y0y0-dev-data-orc-0",
            "service": "container.googleapis.com",
            "timeouts": null
          },
          "sensitive_attributes": [],
          "private": "eyJlMmJmYjczMC1lY2FhLTExZTYtOGY4OC0zNDM2M2JjN2M0YzAiOnsiY3JlYXRlIjoxMjAwMDAwMDAwMDAwLCJkZWxldGUiOjEyMDAwMDAwMDAwMDAsInJlYWQiOjYwMDAwMDAwMDAwMCwidXBkYXRlIjoxMjAwMDAwMDAwMDAwfX0=",
          "dependencies": [
            "module.data-platform.module.orch-project.data.google_project.project",
            "module.data-platform.module.orch-project.google_project.project"
          ]
        },
        {
          "index_key": "containerregistry.googleapis.com",
          "schema_version": 0,
          "attributes": {
            "disable_dependent_services": false,
            "disable_on_destroy": false,
            "id": "y0y0-dev-data-orc-0/containerregistry.googleapis.com",
            "project": "y0y0-dev-data-orc-0",
            "service": "containerregistry.googleapis.com",
            "timeouts": null
          },
          "sensitive_attributes": [],
          "private": "eyJlMmJmYjczMC1lY2FhLTExZTYtOGY4OC0zNDM2M2JjN2M0YzAiOnsiY3JlYXRlIjoxMjAwMDAwMDAwMDAwLCJkZWxldGUiOjEyMDAwMDAwMDAwMDAsInJlYWQiOjYwMDAwMDAwMDAwMCwidXBkYXRlIjoxMjAwMDAwMDAwMDAwfX0=",
          "dependencies": [
            "module.data-platform.module.orch-project.data.google_project.project",
            "module.data-platform.module.orch-project.google_project.project"
          ]
        },
        {
          "index_key": "dataflow.googleapis.com",
          "schema_version": 0,
          "attributes": {
            "disable_dependent_services": false,
            "disable_on_destroy": false,
            "id": "y0y0-dev-data-orc-0/dataflow.googleapis.com",
            "project": "y0y0-dev-data-orc-0",
            "service": "dataflow.googleapis.com",
            "timeouts": null
          },
          "sensitive_attributes": [],
          "private": "eyJlMmJmYjczMC1lY2FhLTExZTYtOGY4OC0zNDM2M2JjN2M0YzAiOnsiY3JlYXRlIjoxMjAwMDAwMDAwMDAwLCJkZWxldGUiOjEyMDAwMDAwMDAwMDAsInJlYWQiOjYwMDAwMDAwMDAwMCwidXBkYXRlIjoxMjAwMDAwMDAwMDAwfX0=",
          "dependencies": [
            "module.data-platform.module.orch-project.data.google_project.project",
            "module.data-platform.module.orch-project.google_project.project"
          ]
        },
        {
          "index_key": "iam.googleapis.com",
          "schema_version": 0,
          "attributes": {
            "disable_dependent_services": false,
            "disable_on_destroy": false,
            "id": "y0y0-dev-data-orc-0/iam.googleapis.com",
            "project": "y0y0-dev-data-orc-0",
            "service": "iam.googleapis.com",
            "timeouts": null
          },
          "sensitive_attributes": [],
          "private": "eyJlMmJmYjczMC1lY2FhLTExZTYtOGY4OC0zNDM2M2JjN2M0YzAiOnsiY3JlYXRlIjoxMjAwMDAwMDAwMDAwLCJkZWxldGUiOjEyMDAwMDAwMDAwMDAsInJlYWQiOjYwMDAwMDAwMDAwMCwidXBkYXRlIjoxMjAwMDAwMDAwMDAwfX0=",
          "dependencies": [
            "module.data-platform.module.orch-project.data.google_project.project",
            "module.data-platform.module.orch-project.google_project.project"
          ]
        },
        {
          "index_key": "orgpolicy.googleapis.com",
          "schema_version": 0,
          "attributes": {
            "disable_dependent_services": false,
            "disable_on_destroy": false,
            "id": "y0y0-dev-data-orc-0/orgpolicy.googleapis.com",
            "project": "y0y0-dev-data-orc-0",
            "service": "orgpolicy.googleapis.com",
            "timeouts": null
          },
          "sensitive_attributes": [],
          "private": "eyJlMmJmYjczMC1lY2FhLTExZTYtOGY4OC0zNDM2M2JjN2M0YzAiOnsiY3JlYXRlIjoxMjAwMDAwMDAwMDAwLCJkZWxldGUiOjEyMDAwMDAwMDAwMDAsInJlYWQiOjYwMDAwMDAwMDAwMCwidXBkYXRlIjoxMjAwMDAwMDAwMDAwfX0=",
          "dependencies": [
            "module.data-platform.module.orch-project.data.google_project.project",
            "module.data-platform.module.orch-project.google_project.project"
          ]
        },
        {
          "index_key": "pubsub.googleapis.com",
          "schema_version": 0,
          "attributes": {
            "disable_dependent_services": false,
            "disable_on_destroy": false,
            "id": "y0y0-dev-data-orc-0/pubsub.googleapis.com",
            "project": "y0y0-dev-data-orc-0",
            "service": "pubsub.googleapis.com",
            "timeouts": null
          },
          "sensitive_attributes": [],
          "private": "eyJlMmJmYjczMC1lY2FhLTExZTYtOGY4OC0zNDM2M2JjN2M0YzAiOnsiY3JlYXRlIjoxMjAwMDAwMDAwMDAwLCJkZWxldGUiOjEyMDAwMDAwMDAwMDAsInJlYWQiOjYwMDAwMDAwMDAwMCwidXBkYXRlIjoxMjAwMDAwMDAwMDAwfX0=",
          "dependencies": [
            "module.data-platform.module.orch-project.data.google_project.project",
            "module.data-platform.module.orch-project.google_project.project"
          ]
        },
        {
          "index_key": "servicenetworking.googleapis.com",
          "schema_version": 0,
          "attributes": {
            "disable_dependent_services": false,
            "disable_on_destroy": false,
            "id": "y0y0-dev-data-orc-0/servicenetworking.googleapis.com",
            "project": "y0y0-dev-data-orc-0",
            "service": "servicenetworking.googleapis.com",
            "timeouts": null
          },
          "sensitive_attributes": [],
          "private": "eyJlMmJmYjczMC1lY2FhLTExZTYtOGY4OC0zNDM2M2JjN2M0YzAiOnsiY3JlYXRlIjoxMjAwMDAwMDAwMDAwLCJkZWxldGUiOjEyMDAwMDAwMDAwMDAsInJlYWQiOjYwMDAwMDAwMDAwMCwidXBkYXRlIjoxMjAwMDAwMDAwMDAwfX0=",
          "dependencies": [
            "module.data-platform.module.orch-project.data.google_project.project",
            "module.data-platform.module.orch-project.google_project.project"
          ]
        },
        {
          "index_key": "serviceusage.googleapis.com",
          "schema_version": 0,
          "attributes": {
            "disable_dependent_services": false,
            "disable_on_destroy": false,
            "id": "y0y0-dev-data-orc-0/serviceusage.googleapis.com",
            "project": "y0y0-dev-data-orc-0",
            "service": "serviceusage.googleapis.com",
            "timeouts": null
          },
          "sensitive_attributes": [],
          "private": "eyJlMmJmYjczMC1lY2FhLTExZTYtOGY4OC0zNDM2M2JjN2M0YzAiOnsiY3JlYXRlIjoxMjAwMDAwMDAwMDAwLCJkZWxldGUiOjEyMDAwMDAwMDAwMDAsInJlYWQiOjYwMDAwMDAwMDAwMCwidXBkYXRlIjoxMjAwMDAwMDAwMDAwfX0=",
          "dependencies": [
            "module.data-platform.module.orch-project.data.google_project.project",
            "module.data-platform.module.orch-project.google_project.project"
          ]
        },
        {
          "index_key": "stackdriver.googleapis.com",
          "schema_version": 0,
          "attributes": {
            "disable_dependent_services": false,
            "disable_on_destroy": false,
            "id": "y0y0-dev-data-orc-0/stackdriver.googleapis.com",
            "project": "y0y0-dev-data-orc-0",
            "service": "stackdriver.googleapis.com",
            "timeouts": null
          },
          "sensitive_attributes": [],
          "private": "eyJlMmJmYjczMC1lY2FhLTExZTYtOGY4OC0zNDM2M2JjN2M0YzAiOnsiY3JlYXRlIjoxMjAwMDAwMDAwMDAwLCJkZWxldGUiOjEyMDAwMDAwMDAwMDAsInJlYWQiOjYwMDAwMDAwMDAwMCwidXBkYXRlIjoxMjAwMDAwMDAwMDAwfX0=",
          "dependencies": [
            "module.data-platform.module.orch-project.data.google_project.project",
            "module.data-platform.module.orch-project.google_project.project"
          ]
        },
        {
          "index_key": "storage-component.googleapis.com",
          "schema_version": 0,
          "attributes": {
            "disable_dependent_services": false,
            "disable_on_destroy": false,
            "id": "y0y0-dev-data-orc-0/storage-component.googleapis.com",
            "project": "y0y0-dev-data-orc-0",
            "service": "storage-component.googleapis.com",
            "timeouts": null
          },
          "sensitive_attributes": [],
          "private": "eyJlMmJmYjczMC1lY2FhLTExZTYtOGY4OC0zNDM2M2JjN2M0YzAiOnsiY3JlYXRlIjoxMjAwMDAwMDAwMDAwLCJkZWxldGUiOjEyMDAwMDAwMDAwMDAsInJlYWQiOjYwMDAwMDAwMDAwMCwidXBkYXRlIjoxMjAwMDAwMDAwMDAwfX0=",
          "dependencies": [
            "module.data-platform.module.orch-project.data.google_project.project",
            "module.data-platform.module.orch-project.google_project.project"
          ]
        },
        {
          "index_key": "storage.googleapis.com",
          "schema_version": 0,
          "attributes": {
            "disable_dependent_services": false,
            "disable_on_destroy": false,
            "id": "y0y0-dev-data-orc-0/storage.googleapis.com",
            "project": "y0y0-dev-data-orc-0",
            "service": "storage.googleapis.com",
            "timeouts": null
          },
          "sensitive_attributes": [],
          "private": "eyJlMmJmYjczMC1lY2FhLTExZTYtOGY4OC0zNDM2M2JjN2M0YzAiOnsiY3JlYXRlIjoxMjAwMDAwMDAwMDAwLCJkZWxldGUiOjEyMDAwMDAwMDAwMDAsInJlYWQiOjYwMDAwMDAwMDAwMCwidXBkYXRlIjoxMjAwMDAwMDAwMDAwfX0=",
          "dependencies": [
            "module.data-platform.module.orch-project.data.google_project.project",
            "module.data-platform.module.orch-project.google_project.project"
          ]
        }
      ]
    },
    {
      "module": "module.data-platform.module.orch-project",
      "mode": "managed",
      "type": "google_project_service_identity",
      "name": "jit_si",
      "provider": "provider[\"registry.terraform.io/hashicorp/google-beta\"]",
      "instances": [
        {
          "index_key": "artifactregistry.googleapis.com",
          "schema_version": 0,
          "attributes": {
            "email": "service-874131290478@gcp-sa-artifactregistry.iam.gserviceaccount.com",
            "id": "projects/y0y0-dev-data-orc-0/services/artifactregistry.googleapis.com",
            "project": "y0y0-dev-data-orc-0",
            "service": "artifactregistry.googleapis.com",
            "timeouts": null
          },
          "sensitive_attributes": [],
          "private": "eyJlMmJmYjczMC1lY2FhLTExZTYtOGY4OC0zNDM2M2JjN2M0YzAiOnsiY3JlYXRlIjoxMjAwMDAwMDAwMDAwLCJkZWxldGUiOjEyMDAwMDAwMDAwMDAsInJlYWQiOjYwMDAwMDAwMDAwMH19",
          "dependencies": [
            "module.data-platform.module.orch-project.data.google_project.project",
            "module.data-platform.module.orch-project.google_project.project",
            "module.data-platform.module.orch-project.google_project_service.project_services"
          ]
        },
        {
          "index_key": "cloudbuild.googleapis.com",
          "schema_version": 0,
          "attributes": {
            "email": "874131290478@cloudbuild.gserviceaccount.com",
            "id": "projects/y0y0-dev-data-orc-0/services/cloudbuild.googleapis.com",
            "project": "y0y0-dev-data-orc-0",
            "service": "cloudbuild.googleapis.com",
            "timeouts": null
          },
          "sensitive_attributes": [],
          "private": "eyJlMmJmYjczMC1lY2FhLTExZTYtOGY4OC0zNDM2M2JjN2M0YzAiOnsiY3JlYXRlIjoxMjAwMDAwMDAwMDAwLCJkZWxldGUiOjEyMDAwMDAwMDAwMDAsInJlYWQiOjYwMDAwMDAwMDAwMH19",
          "dependencies": [
            "module.data-platform.module.orch-project.data.google_project.project",
            "module.data-platform.module.orch-project.google_project.project",
            "module.data-platform.module.orch-project.google_project_service.project_services"
          ]
        },
        {
          "index_key": "pubsub.googleapis.com",
          "schema_version": 0,
          "attributes": {
            "email": "service-874131290478@gcp-sa-pubsub.iam.gserviceaccount.com",
            "id": "projects/y0y0-dev-data-orc-0/services/pubsub.googleapis.com",
            "project": "y0y0-dev-data-orc-0",
            "service": "pubsub.googleapis.com",
            "timeouts": null
          },
          "sensitive_attributes": [],
          "private": "eyJlMmJmYjczMC1lY2FhLTExZTYtOGY4OC0zNDM2M2JjN2M0YzAiOnsiY3JlYXRlIjoxMjAwMDAwMDAwMDAwLCJkZWxldGUiOjEyMDAwMDAwMDAwMDAsInJlYWQiOjYwMDAwMDAwMDAwMH19",
          "dependencies": [
            "module.data-platform.module.orch-project.data.google_project.project",
            "module.data-platform.module.orch-project.google_project.project",
            "module.data-platform.module.orch-project.google_project_service.project_services"
          ]
        }
      ]
    },
    {
      "module": "module.data-platform.module.orch-project",
      "mode": "managed",
      "type": "google_project_service_identity",
      "name": "servicenetworking",
      "provider": "provider[\"registry.terraform.io/hashicorp/google-beta\"]",
      "instances": [
        {
          "index_key": 0,
          "schema_version": 0,
          "attributes": {
            "email": "service-874131290478@service-networking.iam.gserviceaccount.com",
            "id": "projects/y0y0-dev-data-orc-0/services/servicenetworking.googleapis.com",
            "project": "y0y0-dev-data-orc-0",
            "service": "servicenetworking.googleapis.com",
            "timeouts": null
          },
          "sensitive_attributes": [],
          "private": "eyJlMmJmYjczMC1lY2FhLTExZTYtOGY4OC0zNDM2M2JjN2M0YzAiOnsiY3JlYXRlIjoxMjAwMDAwMDAwMDAwLCJkZWxldGUiOjEyMDAwMDAwMDAwMDAsInJlYWQiOjYwMDAwMDAwMDAwMH19",
          "dependencies": [
            "module.data-platform.module.orch-project.data.google_project.project",
            "module.data-platform.module.orch-project.google_project.project",
            "module.data-platform.module.orch-project.google_project_service.project_services"
          ]
        }
      ]
    },
    {
      "module": "module.data-platform.module.orch-sa-cmp-0",
      "mode": "managed",
      "type": "google_service_account",
      "name": "service_account",
      "provider": "provider[\"registry.terraform.io/hashicorp/google\"]",
      "instances": [
        {
          "index_key": 0,
          "schema_version": 0,
          "attributes": {
            "account_id": "y0y0-dev-data-orc-cmp-0",
            "description": "",
            "disabled": false,
            "display_name": "Data platform Composer service account",
            "email": "y0y0-dev-data-orc-cmp-0@y0y0-dev-data-orc-0.iam.gserviceaccount.com",
            "id": "projects/y0y0-dev-data-orc-0/serviceAccounts/y0y0-dev-data-orc-cmp-0@y0y0-dev-data-orc-0.iam.gserviceaccount.com",
            "member": "serviceAccount:y0y0-dev-data-orc-cmp-0@y0y0-dev-data-orc-0.iam.gserviceaccount.com",
            "name": "projects/y0y0-dev-data-orc-0/serviceAccounts/y0y0-dev-data-orc-cmp-0@y0y0-dev-data-orc-0.iam.gserviceaccount.com",
            "project": "y0y0-dev-data-orc-0",
            "timeouts": null,
            "unique_id": "103659249703251102123"
          },
          "sensitive_attributes": [],
          "private": "eyJlMmJmYjczMC1lY2FhLTExZTYtOGY4OC0zNDM2M2JjN2M0YzAiOnsiY3JlYXRlIjozMDAwMDAwMDAwMDB9fQ==",
          "dependencies": [
            "module.data-platform.module.orch-project.data.google_bigquery_default_service_account.bq_sa",
            "module.data-platform.module.orch-project.data.google_project.project",
            "module.data-platform.module.orch-project.data.google_storage_project_service_account.gcs_sa",
            "module.data-platform.module.orch-project.google_compute_shared_vpc_host_project.shared_vpc_host",
            "module.data-platform.module.orch-project.google_compute_shared_vpc_service_project.service_projects",
            "module.data-platform.module.orch-project.google_compute_shared_vpc_service_project.shared_vpc_service",
            "module.data-platform.module.orch-project.google_kms_crypto_key_iam_member.service_identity_cmek",
            "module.data-platform.module.orch-project.google_org_policy_policy.default",
            "module.data-platform.module.orch-project.google_project.project",
            "module.data-platform.module.orch-project.google_project_default_service_accounts.default_service_accounts",
            "module.data-platform.module.orch-project.google_project_iam_member.servicenetworking",
            "module.data-platform.module.orch-project.google_project_iam_member.shared_vpc_host_robots",
            "module.data-platform.module.orch-project.google_project_service.project_services",
            "module.data-platform.module.orch-project.google_project_service_identity.jit_si",
            "module.data-platform.module.orch-project.google_project_service_identity.servicenetworking"
          ]
        }
      ]
    },
    {
      "module": "module.data-platform.module.orch-sa-cmp-0",
      "mode": "managed",
      "type": "google_service_account_iam_binding",
      "name": "roles",
      "provider": "provider[\"registry.terraform.io/hashicorp/google\"]",
      "instances": [
        {
          "index_key": "roles/iam.serviceAccountTokenCreator",
          "schema_version": 0,
          "attributes": {
            "condition": [],
            "etag": "BwX4kYzeNtU=",
            "id": "projects/y0y0-dev-data-orc-0/serviceAccounts/y0y0-dev-data-orc-cmp-0@y0y0-dev-data-orc-0.iam.gserviceaccount.com/roles/iam.serviceAccountTokenCreator",
            "members": [
              "group:gcp-data-engineers@yoyoland.joonix.net"
            ],
            "role": "roles/iam.serviceAccountTokenCreator",
            "service_account_id": "projects/y0y0-dev-data-orc-0/serviceAccounts/y0y0-dev-data-orc-cmp-0@y0y0-dev-data-orc-0.iam.gserviceaccount.com"
          },
          "sensitive_attributes": [],
          "private": "bnVsbA==",
          "dependencies": [
            "module.data-platform.module.orch-project.data.google_bigquery_default_service_account.bq_sa",
            "module.data-platform.module.orch-project.data.google_project.project",
            "module.data-platform.module.orch-project.data.google_storage_project_service_account.gcs_sa",
            "module.data-platform.module.orch-project.google_compute_shared_vpc_host_project.shared_vpc_host",
            "module.data-platform.module.orch-project.google_compute_shared_vpc_service_project.service_projects",
            "module.data-platform.module.orch-project.google_compute_shared_vpc_service_project.shared_vpc_service",
            "module.data-platform.module.orch-project.google_kms_crypto_key_iam_member.service_identity_cmek",
            "module.data-platform.module.orch-project.google_org_policy_policy.default",
            "module.data-platform.module.orch-project.google_project.project",
            "module.data-platform.module.orch-project.google_project_default_service_accounts.default_service_accounts",
            "module.data-platform.module.orch-project.google_project_iam_member.servicenetworking",
            "module.data-platform.module.orch-project.google_project_iam_member.shared_vpc_host_robots",
            "module.data-platform.module.orch-project.google_project_service.project_services",
            "module.data-platform.module.orch-project.google_project_service_identity.jit_si",
            "module.data-platform.module.orch-project.google_project_service_identity.servicenetworking",
            "module.data-platform.module.orch-sa-cmp-0.data.google_service_account.service_account",
            "module.data-platform.module.orch-sa-cmp-0.google_service_account.service_account"
          ]
        },
        {
          "index_key": "roles/iam.serviceAccountUser",
          "schema_version": 0,
          "attributes": {
            "condition": [],
            "etag": "BwX4kYzeNtU=",
            "id": "projects/y0y0-dev-data-orc-0/serviceAccounts/y0y0-dev-data-orc-cmp-0@y0y0-dev-data-orc-0.iam.gserviceaccount.com/roles/iam.serviceAccountUser",
            "members": [
              "serviceAccount:y0y0-dev-data-orc-cmp-0@y0y0-dev-data-orc-0.iam.gserviceaccount.com"
            ],
            "role": "roles/iam.serviceAccountUser",
            "service_account_id": "projects/y0y0-dev-data-orc-0/serviceAccounts/y0y0-dev-data-orc-cmp-0@y0y0-dev-data-orc-0.iam.gserviceaccount.com"
          },
          "sensitive_attributes": [],
          "private": "bnVsbA==",
          "dependencies": [
            "module.data-platform.module.orch-project.data.google_bigquery_default_service_account.bq_sa",
            "module.data-platform.module.orch-project.data.google_project.project",
            "module.data-platform.module.orch-project.data.google_storage_project_service_account.gcs_sa",
            "module.data-platform.module.orch-project.google_compute_shared_vpc_host_project.shared_vpc_host",
            "module.data-platform.module.orch-project.google_compute_shared_vpc_service_project.service_projects",
            "module.data-platform.module.orch-project.google_compute_shared_vpc_service_project.shared_vpc_service",
            "module.data-platform.module.orch-project.google_kms_crypto_key_iam_member.service_identity_cmek",
            "module.data-platform.module.orch-project.google_org_policy_policy.default",
            "module.data-platform.module.orch-project.google_project.project",
            "module.data-platform.module.orch-project.google_project_default_service_accounts.default_service_accounts",
            "module.data-platform.module.orch-project.google_project_iam_member.servicenetworking",
            "module.data-platform.module.orch-project.google_project_iam_member.shared_vpc_host_robots",
            "module.data-platform.module.orch-project.google_project_service.project_services",
            "module.data-platform.module.orch-project.google_project_service_identity.jit_si",
            "module.data-platform.module.orch-project.google_project_service_identity.servicenetworking",
            "module.data-platform.module.orch-sa-cmp-0.data.google_service_account.service_account",
            "module.data-platform.module.orch-sa-cmp-0.google_service_account.service_account"
          ]
        }
      ]
    },
    {
      "module": "module.data-platform.module.orch-sa-df-build",
      "mode": "managed",
      "type": "google_service_account",
      "name": "service_account",
      "provider": "provider[\"registry.terraform.io/hashicorp/google\"]",
      "instances": [
        {
          "index_key": 0,
          "schema_version": 0,
          "attributes": {
            "account_id": "y0y0-dev-data-orc-sa-df-build",
            "description": "",
            "disabled": false,
            "display_name": "Data platform Dataflow build service account",
            "email": "y0y0-dev-data-orc-sa-df-build@y0y0-dev-data-orc-0.iam.gserviceaccount.com",
            "id": "projects/y0y0-dev-data-orc-0/serviceAccounts/y0y0-dev-data-orc-sa-df-build@y0y0-dev-data-orc-0.iam.gserviceaccount.com",
            "member": "serviceAccount:y0y0-dev-data-orc-sa-df-build@y0y0-dev-data-orc-0.iam.gserviceaccount.com",
            "name": "projects/y0y0-dev-data-orc-0/serviceAccounts/y0y0-dev-data-orc-sa-df-build@y0y0-dev-data-orc-0.iam.gserviceaccount.com",
            "project": "y0y0-dev-data-orc-0",
            "timeouts": null,
            "unique_id": "113882948879566390609"
          },
          "sensitive_attributes": [],
          "private": "eyJlMmJmYjczMC1lY2FhLTExZTYtOGY4OC0zNDM2M2JjN2M0YzAiOnsiY3JlYXRlIjozMDAwMDAwMDAwMDB9fQ==",
          "dependencies": [
            "module.data-platform.module.orch-project.data.google_bigquery_default_service_account.bq_sa",
            "module.data-platform.module.orch-project.data.google_project.project",
            "module.data-platform.module.orch-project.data.google_storage_project_service_account.gcs_sa",
            "module.data-platform.module.orch-project.google_compute_shared_vpc_host_project.shared_vpc_host",
            "module.data-platform.module.orch-project.google_compute_shared_vpc_service_project.service_projects",
            "module.data-platform.module.orch-project.google_compute_shared_vpc_service_project.shared_vpc_service",
            "module.data-platform.module.orch-project.google_kms_crypto_key_iam_member.service_identity_cmek",
            "module.data-platform.module.orch-project.google_org_policy_policy.default",
            "module.data-platform.module.orch-project.google_project.project",
            "module.data-platform.module.orch-project.google_project_default_service_accounts.default_service_accounts",
            "module.data-platform.module.orch-project.google_project_iam_member.servicenetworking",
            "module.data-platform.module.orch-project.google_project_iam_member.shared_vpc_host_robots",
            "module.data-platform.module.orch-project.google_project_service.project_services",
            "module.data-platform.module.orch-project.google_project_service_identity.jit_si",
            "module.data-platform.module.orch-project.google_project_service_identity.servicenetworking"
          ]
        }
      ]
    },
    {
      "module": "module.data-platform.module.orch-sa-df-build",
      "mode": "managed",
      "type": "google_service_account_iam_binding",
      "name": "roles",
      "provider": "provider[\"registry.terraform.io/hashicorp/google\"]",
      "instances": [
        {
          "index_key": "roles/iam.serviceAccountTokenCreator",
          "schema_version": 0,
          "attributes": {
            "condition": [],
            "etag": "BwX4kVIjhuA=",
            "id": "projects/y0y0-dev-data-orc-0/serviceAccounts/y0y0-dev-data-orc-sa-df-build@y0y0-dev-data-orc-0.iam.gserviceaccount.com/roles/iam.serviceAccountTokenCreator",
            "members": [
              "group:gcp-data-engineers@yoyoland.joonix.net"
            ],
            "role": "roles/iam.serviceAccountTokenCreator",
            "service_account_id": "projects/y0y0-dev-data-orc-0/serviceAccounts/y0y0-dev-data-orc-sa-df-build@y0y0-dev-data-orc-0.iam.gserviceaccount.com"
          },
          "sensitive_attributes": [],
          "private": "bnVsbA==",
          "dependencies": [
            "module.data-platform.module.orch-project.data.google_bigquery_default_service_account.bq_sa",
            "module.data-platform.module.orch-project.data.google_project.project",
            "module.data-platform.module.orch-project.data.google_storage_project_service_account.gcs_sa",
            "module.data-platform.module.orch-project.google_compute_shared_vpc_host_project.shared_vpc_host",
            "module.data-platform.module.orch-project.google_compute_shared_vpc_service_project.service_projects",
            "module.data-platform.module.orch-project.google_compute_shared_vpc_service_project.shared_vpc_service",
            "module.data-platform.module.orch-project.google_kms_crypto_key_iam_member.service_identity_cmek",
            "module.data-platform.module.orch-project.google_org_policy_policy.default",
            "module.data-platform.module.orch-project.google_project.project",
            "module.data-platform.module.orch-project.google_project_default_service_accounts.default_service_accounts",
            "module.data-platform.module.orch-project.google_project_iam_member.servicenetworking",
            "module.data-platform.module.orch-project.google_project_iam_member.shared_vpc_host_robots",
            "module.data-platform.module.orch-project.google_project_service.project_services",
            "module.data-platform.module.orch-project.google_project_service_identity.jit_si",
            "module.data-platform.module.orch-project.google_project_service_identity.servicenetworking",
            "module.data-platform.module.orch-sa-df-build.data.google_service_account.service_account",
            "module.data-platform.module.orch-sa-df-build.google_service_account.service_account"
          ]
        },
        {
          "index_key": "roles/iam.serviceAccountUser",
          "schema_version": 0,
          "attributes": {
            "condition": [],
            "etag": "BwX4kVIjhuA=",
            "id": "projects/y0y0-dev-data-orc-0/serviceAccounts/y0y0-dev-data-orc-sa-df-build@y0y0-dev-data-orc-0.iam.gserviceaccount.com/roles/iam.serviceAccountUser",
            "members": [
              "group:gcp-data-engineers@yoyoland.joonix.net"
            ],
            "role": "roles/iam.serviceAccountUser",
            "service_account_id": "projects/y0y0-dev-data-orc-0/serviceAccounts/y0y0-dev-data-orc-sa-df-build@y0y0-dev-data-orc-0.iam.gserviceaccount.com"
          },
          "sensitive_attributes": [],
          "private": "bnVsbA==",
          "dependencies": [
            "module.data-platform.module.orch-project.data.google_bigquery_default_service_account.bq_sa",
            "module.data-platform.module.orch-project.data.google_project.project",
            "module.data-platform.module.orch-project.data.google_storage_project_service_account.gcs_sa",
            "module.data-platform.module.orch-project.google_compute_shared_vpc_host_project.shared_vpc_host",
            "module.data-platform.module.orch-project.google_compute_shared_vpc_service_project.service_projects",
            "module.data-platform.module.orch-project.google_compute_shared_vpc_service_project.shared_vpc_service",
            "module.data-platform.module.orch-project.google_kms_crypto_key_iam_member.service_identity_cmek",
            "module.data-platform.module.orch-project.google_org_policy_policy.default",
            "module.data-platform.module.orch-project.google_project.project",
            "module.data-platform.module.orch-project.google_project_default_service_accounts.default_service_accounts",
            "module.data-platform.module.orch-project.google_project_iam_member.servicenetworking",
            "module.data-platform.module.orch-project.google_project_iam_member.shared_vpc_host_robots",
            "module.data-platform.module.orch-project.google_project_service.project_services",
            "module.data-platform.module.orch-project.google_project_service_identity.jit_si",
            "module.data-platform.module.orch-project.google_project_service_identity.servicenetworking",
            "module.data-platform.module.orch-sa-df-build.data.google_service_account.service_account",
            "module.data-platform.module.orch-sa-df-build.google_service_account.service_account"
          ]
        }
      ]
    },
    {
      "module": "module.data-platform.module.transf-cs-df-0",
      "mode": "managed",
      "type": "google_storage_bucket",
      "name": "bucket",
      "provider": "provider[\"registry.terraform.io/hashicorp/google\"]",
      "instances": [
        {
          "schema_version": 0,
          "attributes": {
            "autoclass": [],
            "cors": [],
            "custom_placement_config": [],
            "default_event_based_hold": false,
            "encryption": [],
            "force_destroy": false,
            "id": "y0y0-dev-data-trf-cs-0",
            "labels": {},
            "lifecycle_rule": [],
            "location": "EU",
            "logging": [],
            "name": "y0y0-dev-data-trf-cs-0",
            "project": "y0y0-dev-data-trf-0",
            "public_access_prevention": "inherited",
            "requester_pays": false,
            "retention_policy": [],
            "self_link": "https://www.googleapis.com/storage/v1/b/y0y0-dev-data-trf-cs-0",
            "storage_class": "MULTI_REGIONAL",
            "timeouts": null,
            "uniform_bucket_level_access": true,
            "url": "gs://y0y0-dev-data-trf-cs-0",
            "versioning": [
              {
                "enabled": false
              }
            ],
            "website": []
          },
          "sensitive_attributes": [],
          "private": "eyJlMmJmYjczMC1lY2FhLTExZTYtOGY4OC0zNDM2M2JjN2M0YzAiOnsiY3JlYXRlIjo2MDAwMDAwMDAwMDAsInJlYWQiOjI0MDAwMDAwMDAwMCwidXBkYXRlIjoyNDAwMDAwMDAwMDB9fQ==",
          "dependencies": [
            "module.data-platform.module.transf-project.data.google_bigquery_default_service_account.bq_sa",
            "module.data-platform.module.transf-project.data.google_project.project",
            "module.data-platform.module.transf-project.data.google_storage_project_service_account.gcs_sa",
            "module.data-platform.module.transf-project.google_compute_shared_vpc_host_project.shared_vpc_host",
            "module.data-platform.module.transf-project.google_compute_shared_vpc_service_project.service_projects",
            "module.data-platform.module.transf-project.google_compute_shared_vpc_service_project.shared_vpc_service",
            "module.data-platform.module.transf-project.google_kms_crypto_key_iam_member.service_identity_cmek",
            "module.data-platform.module.transf-project.google_org_policy_policy.default",
            "module.data-platform.module.transf-project.google_project.project",
            "module.data-platform.module.transf-project.google_project_default_service_accounts.default_service_accounts",
            "module.data-platform.module.transf-project.google_project_iam_member.servicenetworking",
            "module.data-platform.module.transf-project.google_project_iam_member.shared_vpc_host_robots",
            "module.data-platform.module.transf-project.google_project_service.project_services",
            "module.data-platform.module.transf-project.google_project_service_identity.jit_si",
            "module.data-platform.module.transf-project.google_project_service_identity.servicenetworking"
          ]
        }
      ]
    },
    {
      "module": "module.data-platform.module.transf-project",
      "mode": "data",
      "type": "google_bigquery_default_service_account",
      "name": "bq_sa",
      "provider": "provider[\"registry.terraform.io/hashicorp/google\"]",
      "instances": [
        {
          "index_key": 0,
          "schema_version": 0,
          "attributes": {
            "email": "bq-413606672159@bigquery-encryption.iam.gserviceaccount.com",
            "id": "bq-413606672159@bigquery-encryption.iam.gserviceaccount.com",
            "member": "serviceAccount:bq-413606672159@bigquery-encryption.iam.gserviceaccount.com",
            "project": "y0y0-dev-data-trf-0"
          },
          "sensitive_attributes": []
        }
      ]
    },
    {
      "module": "module.data-platform.module.transf-project",
      "mode": "data",
      "type": "google_storage_project_service_account",
      "name": "gcs_sa",
      "provider": "provider[\"registry.terraform.io/hashicorp/google\"]",
      "instances": [
        {
          "index_key": 0,
          "schema_version": 0,
          "attributes": {
            "email_address": "service-413606672159@gs-project-accounts.iam.gserviceaccount.com",
            "id": "service-413606672159@gs-project-accounts.iam.gserviceaccount.com",
            "member": "serviceAccount:service-413606672159@gs-project-accounts.iam.gserviceaccount.com",
            "project": "y0y0-dev-data-trf-0",
            "user_project": null
          },
          "sensitive_attributes": []
        }
      ]
    },
    {
      "module": "module.data-platform.module.transf-project",
      "mode": "managed",
      "type": "google_compute_shared_vpc_service_project",
      "name": "shared_vpc_service",
      "provider": "provider[\"registry.terraform.io/hashicorp/google-beta\"]",
      "instances": [
        {
          "index_key": 0,
          "schema_version": 0,
          "attributes": {
            "deletion_policy": null,
            "host_project": "yoyo-dev-net-spoke-0",
            "id": "yoyo-dev-net-spoke-0/y0y0-dev-data-trf-0",
            "service_project": "y0y0-dev-data-trf-0",
            "timeouts": null
          },
          "sensitive_attributes": [],
          "private": "eyJlMmJmYjczMC1lY2FhLTExZTYtOGY4OC0zNDM2M2JjN2M0YzAiOnsiY3JlYXRlIjoyNDAwMDAwMDAwMDAsImRlbGV0ZSI6MjQwMDAwMDAwMDAwfX0=",
          "dependencies": [
            "module.data-platform.module.transf-project.data.google_project.project",
            "module.data-platform.module.transf-project.google_project.project"
          ]
        }
      ]
    },
    {
      "module": "module.data-platform.module.transf-project",
      "mode": "managed",
      "type": "google_project",
      "name": "project",
      "provider": "provider[\"registry.terraform.io/hashicorp/google\"]",
      "instances": [
        {
          "index_key": 0,
          "schema_version": 1,
          "attributes": {
            "auto_create_network": false,
            "billing_account": "0189FA-E139FD-136A58",
            "folder_id": "907613514079",
            "id": "projects/y0y0-dev-data-trf-0",
            "labels": {},
            "name": "y0y0-dev-data-trf-0",
            "number": "413606672159",
            "org_id": "",
            "project_id": "y0y0-dev-data-trf-0",
            "skip_delete": false,
            "timeouts": null
          },
          "sensitive_attributes": [],
          "private": "eyJlMmJmYjczMC1lY2FhLTExZTYtOGY4OC0zNDM2M2JjN2M0YzAiOnsiY3JlYXRlIjo2MDAwMDAwMDAwMDAsImRlbGV0ZSI6NjAwMDAwMDAwMDAwLCJyZWFkIjo2MDAwMDAwMDAwMDAsInVwZGF0ZSI6NjAwMDAwMDAwMDAwfSwic2NoZW1hX3ZlcnNpb24iOiIxIn0="
        }
      ]
    },
    {
      "module": "module.data-platform.module.transf-project",
      "mode": "managed",
      "type": "google_project_iam_binding",
      "name": "authoritative",
      "provider": "provider[\"registry.terraform.io/hashicorp/google\"]",
      "instances": [
        {
          "index_key": "roles/bigquery.jobUser",
          "schema_version": 0,
          "attributes": {
            "condition": [],
            "etag": "BwX4kVIYpBg=",
            "id": "y0y0-dev-data-trf-0/roles/bigquery.jobUser",
            "members": [
              "group:gcp-data-engineers@yoyoland.joonix.net",
              "serviceAccount:y0y0-dev-data-trf-bq-0@y0y0-dev-data-trf-0.iam.gserviceaccount.com"
            ],
            "project": "y0y0-dev-data-trf-0",
            "role": "roles/bigquery.jobUser"
          },
          "sensitive_attributes": [],
          "private": "bnVsbA==",
          "dependencies": [
            "module.data-platform.module.orch-project.data.google_bigquery_default_service_account.bq_sa",
            "module.data-platform.module.orch-project.data.google_project.project",
            "module.data-platform.module.orch-project.data.google_storage_project_service_account.gcs_sa",
            "module.data-platform.module.orch-project.google_compute_shared_vpc_host_project.shared_vpc_host",
            "module.data-platform.module.orch-project.google_compute_shared_vpc_service_project.service_projects",
            "module.data-platform.module.orch-project.google_compute_shared_vpc_service_project.shared_vpc_service",
            "module.data-platform.module.orch-project.google_kms_crypto_key_iam_member.service_identity_cmek",
            "module.data-platform.module.orch-project.google_org_policy_policy.default",
            "module.data-platform.module.orch-project.google_project.project",
            "module.data-platform.module.orch-project.google_project_default_service_accounts.default_service_accounts",
            "module.data-platform.module.orch-project.google_project_iam_member.servicenetworking",
            "module.data-platform.module.orch-project.google_project_iam_member.shared_vpc_host_robots",
            "module.data-platform.module.orch-project.google_project_service.project_services",
            "module.data-platform.module.orch-project.google_project_service_identity.jit_si",
            "module.data-platform.module.orch-project.google_project_service_identity.servicenetworking",
            "module.data-platform.module.orch-sa-cmp-0.data.google_service_account.service_account",
            "module.data-platform.module.orch-sa-cmp-0.google_service_account.service_account",
            "module.data-platform.module.transf-project.data.google_bigquery_default_service_account.bq_sa",
            "module.data-platform.module.transf-project.data.google_project.project",
            "module.data-platform.module.transf-project.data.google_storage_project_service_account.gcs_sa",
            "module.data-platform.module.transf-project.google_compute_shared_vpc_host_project.shared_vpc_host",
            "module.data-platform.module.transf-project.google_compute_shared_vpc_service_project.service_projects",
            "module.data-platform.module.transf-project.google_compute_shared_vpc_service_project.shared_vpc_service",
            "module.data-platform.module.transf-project.google_kms_crypto_key_iam_member.service_identity_cmek",
            "module.data-platform.module.transf-project.google_org_policy_policy.default",
            "module.data-platform.module.transf-project.google_project.project",
            "module.data-platform.module.transf-project.google_project_default_service_accounts.default_service_accounts",
            "module.data-platform.module.transf-project.google_project_iam_custom_role.roles",
            "module.data-platform.module.transf-project.google_project_iam_member.servicenetworking",
            "module.data-platform.module.transf-project.google_project_iam_member.shared_vpc_host_robots",
            "module.data-platform.module.transf-project.google_project_service.project_services",
            "module.data-platform.module.transf-project.google_project_service_identity.jit_si",
            "module.data-platform.module.transf-project.google_project_service_identity.servicenetworking",
            "module.data-platform.module.transf-sa-bq-0.data.google_service_account.service_account",
            "module.data-platform.module.transf-sa-bq-0.google_service_account.service_account",
            "module.data-platform.module.transf-sa-df-0.data.google_service_account.service_account",
            "module.data-platform.module.transf-sa-df-0.google_service_account.service_account"
          ]
        },
        {
          "index_key": "roles/dataflow.admin",
          "schema_version": 0,
          "attributes": {
            "condition": [],
            "etag": "BwX4kVIYpBg=",
            "id": "y0y0-dev-data-trf-0/roles/dataflow.admin",
            "members": [
              "group:gcp-data-engineers@yoyoland.joonix.net",
              "serviceAccount:y0y0-dev-data-orc-cmp-0@y0y0-dev-data-orc-0.iam.gserviceaccount.com"
            ],
            "project": "y0y0-dev-data-trf-0",
            "role": "roles/dataflow.admin"
          },
          "sensitive_attributes": [],
          "private": "bnVsbA==",
          "dependencies": [
            "module.data-platform.module.orch-project.data.google_bigquery_default_service_account.bq_sa",
            "module.data-platform.module.orch-project.data.google_project.project",
            "module.data-platform.module.orch-project.data.google_storage_project_service_account.gcs_sa",
            "module.data-platform.module.orch-project.google_compute_shared_vpc_host_project.shared_vpc_host",
            "module.data-platform.module.orch-project.google_compute_shared_vpc_service_project.service_projects",
            "module.data-platform.module.orch-project.google_compute_shared_vpc_service_project.shared_vpc_service",
            "module.data-platform.module.orch-project.google_kms_crypto_key_iam_member.service_identity_cmek",
            "module.data-platform.module.orch-project.google_org_policy_policy.default",
            "module.data-platform.module.orch-project.google_project.project",
            "module.data-platform.module.orch-project.google_project_default_service_accounts.default_service_accounts",
            "module.data-platform.module.orch-project.google_project_iam_member.servicenetworking",
            "module.data-platform.module.orch-project.google_project_iam_member.shared_vpc_host_robots",
            "module.data-platform.module.orch-project.google_project_service.project_services",
            "module.data-platform.module.orch-project.google_project_service_identity.jit_si",
            "module.data-platform.module.orch-project.google_project_service_identity.servicenetworking",
            "module.data-platform.module.orch-sa-cmp-0.data.google_service_account.service_account",
            "module.data-platform.module.orch-sa-cmp-0.google_service_account.service_account",
            "module.data-platform.module.transf-project.data.google_bigquery_default_service_account.bq_sa",
            "module.data-platform.module.transf-project.data.google_project.project",
            "module.data-platform.module.transf-project.data.google_storage_project_service_account.gcs_sa",
            "module.data-platform.module.transf-project.google_compute_shared_vpc_host_project.shared_vpc_host",
            "module.data-platform.module.transf-project.google_compute_shared_vpc_service_project.service_projects",
            "module.data-platform.module.transf-project.google_compute_shared_vpc_service_project.shared_vpc_service",
            "module.data-platform.module.transf-project.google_kms_crypto_key_iam_member.service_identity_cmek",
            "module.data-platform.module.transf-project.google_org_policy_policy.default",
            "module.data-platform.module.transf-project.google_project.project",
            "module.data-platform.module.transf-project.google_project_default_service_accounts.default_service_accounts",
            "module.data-platform.module.transf-project.google_project_iam_custom_role.roles",
            "module.data-platform.module.transf-project.google_project_iam_member.servicenetworking",
            "module.data-platform.module.transf-project.google_project_iam_member.shared_vpc_host_robots",
            "module.data-platform.module.transf-project.google_project_service.project_services",
            "module.data-platform.module.transf-project.google_project_service_identity.jit_si",
            "module.data-platform.module.transf-project.google_project_service_identity.servicenetworking",
            "module.data-platform.module.transf-sa-bq-0.data.google_service_account.service_account",
            "module.data-platform.module.transf-sa-bq-0.google_service_account.service_account",
            "module.data-platform.module.transf-sa-df-0.data.google_service_account.service_account",
            "module.data-platform.module.transf-sa-df-0.google_service_account.service_account"
          ]
        },
        {
          "index_key": "roles/dataflow.worker",
          "schema_version": 0,
          "attributes": {
            "condition": [],
            "etag": "BwX4kVIYpBg=",
            "id": "y0y0-dev-data-trf-0/roles/dataflow.worker",
            "members": [
              "serviceAccount:y0y0-dev-data-trf-df-0@y0y0-dev-data-trf-0.iam.gserviceaccount.com"
            ],
            "project": "y0y0-dev-data-trf-0",
            "role": "roles/dataflow.worker"
          },
          "sensitive_attributes": [],
          "private": "bnVsbA==",
          "dependencies": [
            "module.data-platform.module.orch-project.data.google_bigquery_default_service_account.bq_sa",
            "module.data-platform.module.orch-project.data.google_project.project",
            "module.data-platform.module.orch-project.data.google_storage_project_service_account.gcs_sa",
            "module.data-platform.module.orch-project.google_compute_shared_vpc_host_project.shared_vpc_host",
            "module.data-platform.module.orch-project.google_compute_shared_vpc_service_project.service_projects",
            "module.data-platform.module.orch-project.google_compute_shared_vpc_service_project.shared_vpc_service",
            "module.data-platform.module.orch-project.google_kms_crypto_key_iam_member.service_identity_cmek",
            "module.data-platform.module.orch-project.google_org_policy_policy.default",
            "module.data-platform.module.orch-project.google_project.project",
            "module.data-platform.module.orch-project.google_project_default_service_accounts.default_service_accounts",
            "module.data-platform.module.orch-project.google_project_iam_member.servicenetworking",
            "module.data-platform.module.orch-project.google_project_iam_member.shared_vpc_host_robots",
            "module.data-platform.module.orch-project.google_project_service.project_services",
            "module.data-platform.module.orch-project.google_project_service_identity.jit_si",
            "module.data-platform.module.orch-project.google_project_service_identity.servicenetworking",
            "module.data-platform.module.orch-sa-cmp-0.data.google_service_account.service_account",
            "module.data-platform.module.orch-sa-cmp-0.google_service_account.service_account",
            "module.data-platform.module.transf-project.data.google_bigquery_default_service_account.bq_sa",
            "module.data-platform.module.transf-project.data.google_project.project",
            "module.data-platform.module.transf-project.data.google_storage_project_service_account.gcs_sa",
            "module.data-platform.module.transf-project.google_compute_shared_vpc_host_project.shared_vpc_host",
            "module.data-platform.module.transf-project.google_compute_shared_vpc_service_project.service_projects",
            "module.data-platform.module.transf-project.google_compute_shared_vpc_service_project.shared_vpc_service",
            "module.data-platform.module.transf-project.google_kms_crypto_key_iam_member.service_identity_cmek",
            "module.data-platform.module.transf-project.google_org_policy_policy.default",
            "module.data-platform.module.transf-project.google_project.project",
            "module.data-platform.module.transf-project.google_project_default_service_accounts.default_service_accounts",
            "module.data-platform.module.transf-project.google_project_iam_custom_role.roles",
            "module.data-platform.module.transf-project.google_project_iam_member.servicenetworking",
            "module.data-platform.module.transf-project.google_project_iam_member.shared_vpc_host_robots",
            "module.data-platform.module.transf-project.google_project_service.project_services",
            "module.data-platform.module.transf-project.google_project_service_identity.jit_si",
            "module.data-platform.module.transf-project.google_project_service_identity.servicenetworking",
            "module.data-platform.module.transf-sa-bq-0.data.google_service_account.service_account",
            "module.data-platform.module.transf-sa-bq-0.google_service_account.service_account",
            "module.data-platform.module.transf-sa-df-0.data.google_service_account.service_account",
            "module.data-platform.module.transf-sa-df-0.google_service_account.service_account"
          ]
        },
        {
          "index_key": "roles/storage.objectAdmin",
          "schema_version": 0,
          "attributes": {
            "condition": [],
            "etag": "BwX4kVIYpBg=",
            "id": "y0y0-dev-data-trf-0/roles/storage.objectAdmin",
            "members": [
              "serviceAccount:service-413606672159@dataflow-service-producer-prod.iam.gserviceaccount.com",
              "serviceAccount:y0y0-dev-data-trf-df-0@y0y0-dev-data-trf-0.iam.gserviceaccount.com"
            ],
            "project": "y0y0-dev-data-trf-0",
            "role": "roles/storage.objectAdmin"
          },
          "sensitive_attributes": [],
          "private": "bnVsbA==",
          "dependencies": [
            "module.data-platform.module.orch-project.data.google_bigquery_default_service_account.bq_sa",
            "module.data-platform.module.orch-project.data.google_project.project",
            "module.data-platform.module.orch-project.data.google_storage_project_service_account.gcs_sa",
            "module.data-platform.module.orch-project.google_compute_shared_vpc_host_project.shared_vpc_host",
            "module.data-platform.module.orch-project.google_compute_shared_vpc_service_project.service_projects",
            "module.data-platform.module.orch-project.google_compute_shared_vpc_service_project.shared_vpc_service",
            "module.data-platform.module.orch-project.google_kms_crypto_key_iam_member.service_identity_cmek",
            "module.data-platform.module.orch-project.google_org_policy_policy.default",
            "module.data-platform.module.orch-project.google_project.project",
            "module.data-platform.module.orch-project.google_project_default_service_accounts.default_service_accounts",
            "module.data-platform.module.orch-project.google_project_iam_member.servicenetworking",
            "module.data-platform.module.orch-project.google_project_iam_member.shared_vpc_host_robots",
            "module.data-platform.module.orch-project.google_project_service.project_services",
            "module.data-platform.module.orch-project.google_project_service_identity.jit_si",
            "module.data-platform.module.orch-project.google_project_service_identity.servicenetworking",
            "module.data-platform.module.orch-sa-cmp-0.data.google_service_account.service_account",
            "module.data-platform.module.orch-sa-cmp-0.google_service_account.service_account",
            "module.data-platform.module.transf-project.data.google_bigquery_default_service_account.bq_sa",
            "module.data-platform.module.transf-project.data.google_project.project",
            "module.data-platform.module.transf-project.data.google_storage_project_service_account.gcs_sa",
            "module.data-platform.module.transf-project.google_compute_shared_vpc_host_project.shared_vpc_host",
            "module.data-platform.module.transf-project.google_compute_shared_vpc_service_project.service_projects",
            "module.data-platform.module.transf-project.google_compute_shared_vpc_service_project.shared_vpc_service",
            "module.data-platform.module.transf-project.google_kms_crypto_key_iam_member.service_identity_cmek",
            "module.data-platform.module.transf-project.google_org_policy_policy.default",
            "module.data-platform.module.transf-project.google_project.project",
            "module.data-platform.module.transf-project.google_project_default_service_accounts.default_service_accounts",
            "module.data-platform.module.transf-project.google_project_iam_custom_role.roles",
            "module.data-platform.module.transf-project.google_project_iam_member.servicenetworking",
            "module.data-platform.module.transf-project.google_project_iam_member.shared_vpc_host_robots",
            "module.data-platform.module.transf-project.google_project_service.project_services",
            "module.data-platform.module.transf-project.google_project_service_identity.jit_si",
            "module.data-platform.module.transf-project.google_project_service_identity.servicenetworking",
            "module.data-platform.module.transf-sa-bq-0.data.google_service_account.service_account",
            "module.data-platform.module.transf-sa-bq-0.google_service_account.service_account",
            "module.data-platform.module.transf-sa-df-0.data.google_service_account.service_account",
            "module.data-platform.module.transf-sa-df-0.google_service_account.service_account"
          ]
        }
      ]
    },
    {
      "module": "module.data-platform.module.transf-project",
      "mode": "managed",
      "type": "google_project_iam_member",
      "name": "servicenetworking",
      "provider": "provider[\"registry.terraform.io/hashicorp/google\"]",
      "instances": [
        {
          "index_key": 0,
          "schema_version": 0,
          "attributes": {
            "condition": [],
            "etag": "BwX4kVIYpBg=",
            "id": "y0y0-dev-data-trf-0/roles/servicenetworking.serviceAgent/serviceAccount:service-413606672159@service-networking.iam.gserviceaccount.com",
            "member": "serviceAccount:service-413606672159@service-networking.iam.gserviceaccount.com",
            "project": "y0y0-dev-data-trf-0",
            "role": "roles/servicenetworking.serviceAgent"
          },
          "sensitive_attributes": [],
          "private": "bnVsbA==",
          "dependencies": [
            "module.data-platform.module.transf-project.data.google_project.project",
            "module.data-platform.module.transf-project.google_project.project",
            "module.data-platform.module.transf-project.google_project_service.project_services",
            "module.data-platform.module.transf-project.google_project_service_identity.servicenetworking"
          ]
        }
      ]
    },
    {
      "module": "module.data-platform.module.transf-project",
      "mode": "managed",
      "type": "google_project_service",
      "name": "project_services",
      "provider": "provider[\"registry.terraform.io/hashicorp/google\"]",
      "instances": [
        {
          "index_key": "bigquery.googleapis.com",
          "schema_version": 0,
          "attributes": {
            "disable_dependent_services": false,
            "disable_on_destroy": false,
            "id": "y0y0-dev-data-trf-0/bigquery.googleapis.com",
            "project": "y0y0-dev-data-trf-0",
            "service": "bigquery.googleapis.com",
            "timeouts": null
          },
          "sensitive_attributes": [],
          "private": "eyJlMmJmYjczMC1lY2FhLTExZTYtOGY4OC0zNDM2M2JjN2M0YzAiOnsiY3JlYXRlIjoxMjAwMDAwMDAwMDAwLCJkZWxldGUiOjEyMDAwMDAwMDAwMDAsInJlYWQiOjYwMDAwMDAwMDAwMCwidXBkYXRlIjoxMjAwMDAwMDAwMDAwfX0=",
          "dependencies": [
            "module.data-platform.module.transf-project.data.google_project.project",
            "module.data-platform.module.transf-project.google_project.project"
          ]
        },
        {
          "index_key": "bigqueryreservation.googleapis.com",
          "schema_version": 0,
          "attributes": {
            "disable_dependent_services": false,
            "disable_on_destroy": false,
            "id": "y0y0-dev-data-trf-0/bigqueryreservation.googleapis.com",
            "project": "y0y0-dev-data-trf-0",
            "service": "bigqueryreservation.googleapis.com",
            "timeouts": null
          },
          "sensitive_attributes": [],
          "private": "eyJlMmJmYjczMC1lY2FhLTExZTYtOGY4OC0zNDM2M2JjN2M0YzAiOnsiY3JlYXRlIjoxMjAwMDAwMDAwMDAwLCJkZWxldGUiOjEyMDAwMDAwMDAwMDAsInJlYWQiOjYwMDAwMDAwMDAwMCwidXBkYXRlIjoxMjAwMDAwMDAwMDAwfX0=",
          "dependencies": [
            "module.data-platform.module.transf-project.data.google_project.project",
            "module.data-platform.module.transf-project.google_project.project"
          ]
        },
        {
          "index_key": "bigquerystorage.googleapis.com",
          "schema_version": 0,
          "attributes": {
            "disable_dependent_services": false,
            "disable_on_destroy": false,
            "id": "y0y0-dev-data-trf-0/bigquerystorage.googleapis.com",
            "project": "y0y0-dev-data-trf-0",
            "service": "bigquerystorage.googleapis.com",
            "timeouts": null
          },
          "sensitive_attributes": [],
          "private": "eyJlMmJmYjczMC1lY2FhLTExZTYtOGY4OC0zNDM2M2JjN2M0YzAiOnsiY3JlYXRlIjoxMjAwMDAwMDAwMDAwLCJkZWxldGUiOjEyMDAwMDAwMDAwMDAsInJlYWQiOjYwMDAwMDAwMDAwMCwidXBkYXRlIjoxMjAwMDAwMDAwMDAwfX0=",
          "dependencies": [
            "module.data-platform.module.transf-project.data.google_project.project",
            "module.data-platform.module.transf-project.google_project.project"
          ]
        },
        {
          "index_key": "cloudkms.googleapis.com",
          "schema_version": 0,
          "attributes": {
            "disable_dependent_services": false,
            "disable_on_destroy": false,
            "id": "y0y0-dev-data-trf-0/cloudkms.googleapis.com",
            "project": "y0y0-dev-data-trf-0",
            "service": "cloudkms.googleapis.com",
            "timeouts": null
          },
          "sensitive_attributes": [],
          "private": "eyJlMmJmYjczMC1lY2FhLTExZTYtOGY4OC0zNDM2M2JjN2M0YzAiOnsiY3JlYXRlIjoxMjAwMDAwMDAwMDAwLCJkZWxldGUiOjEyMDAwMDAwMDAwMDAsInJlYWQiOjYwMDAwMDAwMDAwMCwidXBkYXRlIjoxMjAwMDAwMDAwMDAwfX0=",
          "dependencies": [
            "module.data-platform.module.transf-project.data.google_project.project",
            "module.data-platform.module.transf-project.google_project.project"
          ]
        },
        {
          "index_key": "cloudresourcemanager.googleapis.com",
          "schema_version": 0,
          "attributes": {
            "disable_dependent_services": false,
            "disable_on_destroy": false,
            "id": "y0y0-dev-data-trf-0/cloudresourcemanager.googleapis.com",
            "project": "y0y0-dev-data-trf-0",
            "service": "cloudresourcemanager.googleapis.com",
            "timeouts": null
          },
          "sensitive_attributes": [],
          "private": "eyJlMmJmYjczMC1lY2FhLTExZTYtOGY4OC0zNDM2M2JjN2M0YzAiOnsiY3JlYXRlIjoxMjAwMDAwMDAwMDAwLCJkZWxldGUiOjEyMDAwMDAwMDAwMDAsInJlYWQiOjYwMDAwMDAwMDAwMCwidXBkYXRlIjoxMjAwMDAwMDAwMDAwfX0=",
          "dependencies": [
            "module.data-platform.module.transf-project.data.google_project.project",
            "module.data-platform.module.transf-project.google_project.project"
          ]
        },
        {
          "index_key": "compute.googleapis.com",
          "schema_version": 0,
          "attributes": {
            "disable_dependent_services": false,
            "disable_on_destroy": false,
            "id": "y0y0-dev-data-trf-0/compute.googleapis.com",
            "project": "y0y0-dev-data-trf-0",
            "service": "compute.googleapis.com",
            "timeouts": null
          },
          "sensitive_attributes": [],
          "private": "eyJlMmJmYjczMC1lY2FhLTExZTYtOGY4OC0zNDM2M2JjN2M0YzAiOnsiY3JlYXRlIjoxMjAwMDAwMDAwMDAwLCJkZWxldGUiOjEyMDAwMDAwMDAwMDAsInJlYWQiOjYwMDAwMDAwMDAwMCwidXBkYXRlIjoxMjAwMDAwMDAwMDAwfX0=",
          "dependencies": [
            "module.data-platform.module.transf-project.data.google_project.project",
            "module.data-platform.module.transf-project.google_project.project"
          ]
        },
        {
          "index_key": "dataflow.googleapis.com",
          "schema_version": 0,
          "attributes": {
            "disable_dependent_services": false,
            "disable_on_destroy": false,
            "id": "y0y0-dev-data-trf-0/dataflow.googleapis.com",
            "project": "y0y0-dev-data-trf-0",
            "service": "dataflow.googleapis.com",
            "timeouts": null
          },
          "sensitive_attributes": [],
          "private": "eyJlMmJmYjczMC1lY2FhLTExZTYtOGY4OC0zNDM2M2JjN2M0YzAiOnsiY3JlYXRlIjoxMjAwMDAwMDAwMDAwLCJkZWxldGUiOjEyMDAwMDAwMDAwMDAsInJlYWQiOjYwMDAwMDAwMDAwMCwidXBkYXRlIjoxMjAwMDAwMDAwMDAwfX0=",
          "dependencies": [
            "module.data-platform.module.transf-project.data.google_project.project",
            "module.data-platform.module.transf-project.google_project.project"
          ]
        },
        {
          "index_key": "dlp.googleapis.com",
          "schema_version": 0,
          "attributes": {
            "disable_dependent_services": false,
            "disable_on_destroy": false,
            "id": "y0y0-dev-data-trf-0/dlp.googleapis.com",
            "project": "y0y0-dev-data-trf-0",
            "service": "dlp.googleapis.com",
            "timeouts": null
          },
          "sensitive_attributes": [],
          "private": "eyJlMmJmYjczMC1lY2FhLTExZTYtOGY4OC0zNDM2M2JjN2M0YzAiOnsiY3JlYXRlIjoxMjAwMDAwMDAwMDAwLCJkZWxldGUiOjEyMDAwMDAwMDAwMDAsInJlYWQiOjYwMDAwMDAwMDAwMCwidXBkYXRlIjoxMjAwMDAwMDAwMDAwfX0=",
          "dependencies": [
            "module.data-platform.module.transf-project.data.google_project.project",
            "module.data-platform.module.transf-project.google_project.project"
          ]
        },
        {
          "index_key": "iam.googleapis.com",
          "schema_version": 0,
          "attributes": {
            "disable_dependent_services": false,
            "disable_on_destroy": false,
            "id": "y0y0-dev-data-trf-0/iam.googleapis.com",
            "project": "y0y0-dev-data-trf-0",
            "service": "iam.googleapis.com",
            "timeouts": null
          },
          "sensitive_attributes": [],
          "private": "eyJlMmJmYjczMC1lY2FhLTExZTYtOGY4OC0zNDM2M2JjN2M0YzAiOnsiY3JlYXRlIjoxMjAwMDAwMDAwMDAwLCJkZWxldGUiOjEyMDAwMDAwMDAwMDAsInJlYWQiOjYwMDAwMDAwMDAwMCwidXBkYXRlIjoxMjAwMDAwMDAwMDAwfX0=",
          "dependencies": [
            "module.data-platform.module.transf-project.data.google_project.project",
            "module.data-platform.module.transf-project.google_project.project"
          ]
        },
        {
          "index_key": "pubsub.googleapis.com",
          "schema_version": 0,
          "attributes": {
            "disable_dependent_services": false,
            "disable_on_destroy": false,
            "id": "y0y0-dev-data-trf-0/pubsub.googleapis.com",
            "project": "y0y0-dev-data-trf-0",
            "service": "pubsub.googleapis.com",
            "timeouts": null
          },
          "sensitive_attributes": [],
          "private": "eyJlMmJmYjczMC1lY2FhLTExZTYtOGY4OC0zNDM2M2JjN2M0YzAiOnsiY3JlYXRlIjoxMjAwMDAwMDAwMDAwLCJkZWxldGUiOjEyMDAwMDAwMDAwMDAsInJlYWQiOjYwMDAwMDAwMDAwMCwidXBkYXRlIjoxMjAwMDAwMDAwMDAwfX0=",
          "dependencies": [
            "module.data-platform.module.transf-project.data.google_project.project",
            "module.data-platform.module.transf-project.google_project.project"
          ]
        },
        {
          "index_key": "servicenetworking.googleapis.com",
          "schema_version": 0,
          "attributes": {
            "disable_dependent_services": false,
            "disable_on_destroy": false,
            "id": "y0y0-dev-data-trf-0/servicenetworking.googleapis.com",
            "project": "y0y0-dev-data-trf-0",
            "service": "servicenetworking.googleapis.com",
            "timeouts": null
          },
          "sensitive_attributes": [],
          "private": "eyJlMmJmYjczMC1lY2FhLTExZTYtOGY4OC0zNDM2M2JjN2M0YzAiOnsiY3JlYXRlIjoxMjAwMDAwMDAwMDAwLCJkZWxldGUiOjEyMDAwMDAwMDAwMDAsInJlYWQiOjYwMDAwMDAwMDAwMCwidXBkYXRlIjoxMjAwMDAwMDAwMDAwfX0=",
          "dependencies": [
            "module.data-platform.module.transf-project.data.google_project.project",
            "module.data-platform.module.transf-project.google_project.project"
          ]
        },
        {
          "index_key": "serviceusage.googleapis.com",
          "schema_version": 0,
          "attributes": {
            "disable_dependent_services": false,
            "disable_on_destroy": false,
            "id": "y0y0-dev-data-trf-0/serviceusage.googleapis.com",
            "project": "y0y0-dev-data-trf-0",
            "service": "serviceusage.googleapis.com",
            "timeouts": null
          },
          "sensitive_attributes": [],
          "private": "eyJlMmJmYjczMC1lY2FhLTExZTYtOGY4OC0zNDM2M2JjN2M0YzAiOnsiY3JlYXRlIjoxMjAwMDAwMDAwMDAwLCJkZWxldGUiOjEyMDAwMDAwMDAwMDAsInJlYWQiOjYwMDAwMDAwMDAwMCwidXBkYXRlIjoxMjAwMDAwMDAwMDAwfX0=",
          "dependencies": [
            "module.data-platform.module.transf-project.data.google_project.project",
            "module.data-platform.module.transf-project.google_project.project"
          ]
        },
        {
          "index_key": "stackdriver.googleapis.com",
          "schema_version": 0,
          "attributes": {
            "disable_dependent_services": false,
            "disable_on_destroy": false,
            "id": "y0y0-dev-data-trf-0/stackdriver.googleapis.com",
            "project": "y0y0-dev-data-trf-0",
            "service": "stackdriver.googleapis.com",
            "timeouts": null
          },
          "sensitive_attributes": [],
          "private": "eyJlMmJmYjczMC1lY2FhLTExZTYtOGY4OC0zNDM2M2JjN2M0YzAiOnsiY3JlYXRlIjoxMjAwMDAwMDAwMDAwLCJkZWxldGUiOjEyMDAwMDAwMDAwMDAsInJlYWQiOjYwMDAwMDAwMDAwMCwidXBkYXRlIjoxMjAwMDAwMDAwMDAwfX0=",
          "dependencies": [
            "module.data-platform.module.transf-project.data.google_project.project",
            "module.data-platform.module.transf-project.google_project.project"
          ]
        },
        {
          "index_key": "storage-component.googleapis.com",
          "schema_version": 0,
          "attributes": {
            "disable_dependent_services": false,
            "disable_on_destroy": false,
            "id": "y0y0-dev-data-trf-0/storage-component.googleapis.com",
            "project": "y0y0-dev-data-trf-0",
            "service": "storage-component.googleapis.com",
            "timeouts": null
          },
          "sensitive_attributes": [],
          "private": "eyJlMmJmYjczMC1lY2FhLTExZTYtOGY4OC0zNDM2M2JjN2M0YzAiOnsiY3JlYXRlIjoxMjAwMDAwMDAwMDAwLCJkZWxldGUiOjEyMDAwMDAwMDAwMDAsInJlYWQiOjYwMDAwMDAwMDAwMCwidXBkYXRlIjoxMjAwMDAwMDAwMDAwfX0=",
          "dependencies": [
            "module.data-platform.module.transf-project.data.google_project.project",
            "module.data-platform.module.transf-project.google_project.project"
          ]
        },
        {
          "index_key": "storage.googleapis.com",
          "schema_version": 0,
          "attributes": {
            "disable_dependent_services": false,
            "disable_on_destroy": false,
            "id": "y0y0-dev-data-trf-0/storage.googleapis.com",
            "project": "y0y0-dev-data-trf-0",
            "service": "storage.googleapis.com",
            "timeouts": null
          },
          "sensitive_attributes": [],
          "private": "eyJlMmJmYjczMC1lY2FhLTExZTYtOGY4OC0zNDM2M2JjN2M0YzAiOnsiY3JlYXRlIjoxMjAwMDAwMDAwMDAwLCJkZWxldGUiOjEyMDAwMDAwMDAwMDAsInJlYWQiOjYwMDAwMDAwMDAwMCwidXBkYXRlIjoxMjAwMDAwMDAwMDAwfX0=",
          "dependencies": [
            "module.data-platform.module.transf-project.data.google_project.project",
            "module.data-platform.module.transf-project.google_project.project"
          ]
        }
      ]
    },
    {
      "module": "module.data-platform.module.transf-project",
      "mode": "managed",
      "type": "google_project_service_identity",
      "name": "jit_si",
      "provider": "provider[\"registry.terraform.io/hashicorp/google-beta\"]",
      "instances": [
        {
          "index_key": "pubsub.googleapis.com",
          "schema_version": 0,
          "attributes": {
            "email": "service-413606672159@gcp-sa-pubsub.iam.gserviceaccount.com",
            "id": "projects/y0y0-dev-data-trf-0/services/pubsub.googleapis.com",
            "project": "y0y0-dev-data-trf-0",
            "service": "pubsub.googleapis.com",
            "timeouts": null
          },
          "sensitive_attributes": [],
          "private": "eyJlMmJmYjczMC1lY2FhLTExZTYtOGY4OC0zNDM2M2JjN2M0YzAiOnsiY3JlYXRlIjoxMjAwMDAwMDAwMDAwLCJkZWxldGUiOjEyMDAwMDAwMDAwMDAsInJlYWQiOjYwMDAwMDAwMDAwMH19",
          "dependencies": [
            "module.data-platform.module.transf-project.data.google_project.project",
            "module.data-platform.module.transf-project.google_project.project",
            "module.data-platform.module.transf-project.google_project_service.project_services"
          ]
        }
      ]
    },
    {
      "module": "module.data-platform.module.transf-project",
      "mode": "managed",
      "type": "google_project_service_identity",
      "name": "servicenetworking",
      "provider": "provider[\"registry.terraform.io/hashicorp/google-beta\"]",
      "instances": [
        {
          "index_key": 0,
          "schema_version": 0,
          "attributes": {
            "email": "service-413606672159@service-networking.iam.gserviceaccount.com",
            "id": "projects/y0y0-dev-data-trf-0/services/servicenetworking.googleapis.com",
            "project": "y0y0-dev-data-trf-0",
            "service": "servicenetworking.googleapis.com",
            "timeouts": null
          },
          "sensitive_attributes": [],
          "private": "eyJlMmJmYjczMC1lY2FhLTExZTYtOGY4OC0zNDM2M2JjN2M0YzAiOnsiY3JlYXRlIjoxMjAwMDAwMDAwMDAwLCJkZWxldGUiOjEyMDAwMDAwMDAwMDAsInJlYWQiOjYwMDAwMDAwMDAwMH19",
          "dependencies": [
            "module.data-platform.module.transf-project.data.google_project.project",
            "module.data-platform.module.transf-project.google_project.project",
            "module.data-platform.module.transf-project.google_project_service.project_services"
          ]
        }
      ]
    },
    {
      "module": "module.data-platform.module.transf-sa-bq-0",
      "mode": "managed",
      "type": "google_service_account",
      "name": "service_account",
      "provider": "provider[\"registry.terraform.io/hashicorp/google\"]",
      "instances": [
        {
          "index_key": 0,
          "schema_version": 0,
          "attributes": {
            "account_id": "y0y0-dev-data-trf-bq-0",
            "description": "",
            "disabled": false,
            "display_name": "Data platform BigQuery transformation service account",
            "email": "y0y0-dev-data-trf-bq-0@y0y0-dev-data-trf-0.iam.gserviceaccount.com",
            "id": "projects/y0y0-dev-data-trf-0/serviceAccounts/y0y0-dev-data-trf-bq-0@y0y0-dev-data-trf-0.iam.gserviceaccount.com",
            "member": "serviceAccount:y0y0-dev-data-trf-bq-0@y0y0-dev-data-trf-0.iam.gserviceaccount.com",
            "name": "projects/y0y0-dev-data-trf-0/serviceAccounts/y0y0-dev-data-trf-bq-0@y0y0-dev-data-trf-0.iam.gserviceaccount.com",
            "project": "y0y0-dev-data-trf-0",
            "timeouts": null,
            "unique_id": "115633161257007884064"
          },
          "sensitive_attributes": [],
          "private": "eyJlMmJmYjczMC1lY2FhLTExZTYtOGY4OC0zNDM2M2JjN2M0YzAiOnsiY3JlYXRlIjozMDAwMDAwMDAwMDB9fQ==",
          "dependencies": [
            "module.data-platform.module.transf-project.data.google_bigquery_default_service_account.bq_sa",
            "module.data-platform.module.transf-project.data.google_project.project",
            "module.data-platform.module.transf-project.data.google_storage_project_service_account.gcs_sa",
            "module.data-platform.module.transf-project.google_compute_shared_vpc_host_project.shared_vpc_host",
            "module.data-platform.module.transf-project.google_compute_shared_vpc_service_project.service_projects",
            "module.data-platform.module.transf-project.google_compute_shared_vpc_service_project.shared_vpc_service",
            "module.data-platform.module.transf-project.google_kms_crypto_key_iam_member.service_identity_cmek",
            "module.data-platform.module.transf-project.google_org_policy_policy.default",
            "module.data-platform.module.transf-project.google_project.project",
            "module.data-platform.module.transf-project.google_project_default_service_accounts.default_service_accounts",
            "module.data-platform.module.transf-project.google_project_iam_member.servicenetworking",
            "module.data-platform.module.transf-project.google_project_iam_member.shared_vpc_host_robots",
            "module.data-platform.module.transf-project.google_project_service.project_services",
            "module.data-platform.module.transf-project.google_project_service_identity.jit_si",
            "module.data-platform.module.transf-project.google_project_service_identity.servicenetworking"
          ]
        }
      ]
    },
    {
      "module": "module.data-platform.module.transf-sa-bq-0",
      "mode": "managed",
      "type": "google_service_account_iam_binding",
      "name": "roles",
      "provider": "provider[\"registry.terraform.io/hashicorp/google\"]",
      "instances": [
        {
          "index_key": "roles/iam.serviceAccountTokenCreator",
          "schema_version": 0,
          "attributes": {
            "condition": [],
            "etag": "BwX4kVKrm5w=",
            "id": "projects/y0y0-dev-data-trf-0/serviceAccounts/y0y0-dev-data-trf-bq-0@y0y0-dev-data-trf-0.iam.gserviceaccount.com/roles/iam.serviceAccountTokenCreator",
            "members": [
              "group:gcp-data-engineers@yoyoland.joonix.net",
              "serviceAccount:y0y0-dev-data-orc-cmp-0@y0y0-dev-data-orc-0.iam.gserviceaccount.com"
            ],
            "role": "roles/iam.serviceAccountTokenCreator",
            "service_account_id": "projects/y0y0-dev-data-trf-0/serviceAccounts/y0y0-dev-data-trf-bq-0@y0y0-dev-data-trf-0.iam.gserviceaccount.com"
          },
          "sensitive_attributes": [],
          "private": "bnVsbA==",
          "dependencies": [
            "module.data-platform.module.orch-project.data.google_bigquery_default_service_account.bq_sa",
            "module.data-platform.module.orch-project.data.google_project.project",
            "module.data-platform.module.orch-project.data.google_storage_project_service_account.gcs_sa",
            "module.data-platform.module.orch-project.google_compute_shared_vpc_host_project.shared_vpc_host",
            "module.data-platform.module.orch-project.google_compute_shared_vpc_service_project.service_projects",
            "module.data-platform.module.orch-project.google_compute_shared_vpc_service_project.shared_vpc_service",
            "module.data-platform.module.orch-project.google_kms_crypto_key_iam_member.service_identity_cmek",
            "module.data-platform.module.orch-project.google_org_policy_policy.default",
            "module.data-platform.module.orch-project.google_project.project",
            "module.data-platform.module.orch-project.google_project_default_service_accounts.default_service_accounts",
            "module.data-platform.module.orch-project.google_project_iam_member.servicenetworking",
            "module.data-platform.module.orch-project.google_project_iam_member.shared_vpc_host_robots",
            "module.data-platform.module.orch-project.google_project_service.project_services",
            "module.data-platform.module.orch-project.google_project_service_identity.jit_si",
            "module.data-platform.module.orch-project.google_project_service_identity.servicenetworking",
            "module.data-platform.module.orch-sa-cmp-0.data.google_service_account.service_account",
            "module.data-platform.module.orch-sa-cmp-0.google_service_account.service_account",
            "module.data-platform.module.transf-project.data.google_bigquery_default_service_account.bq_sa",
            "module.data-platform.module.transf-project.data.google_project.project",
            "module.data-platform.module.transf-project.data.google_storage_project_service_account.gcs_sa",
            "module.data-platform.module.transf-project.google_compute_shared_vpc_host_project.shared_vpc_host",
            "module.data-platform.module.transf-project.google_compute_shared_vpc_service_project.service_projects",
            "module.data-platform.module.transf-project.google_compute_shared_vpc_service_project.shared_vpc_service",
            "module.data-platform.module.transf-project.google_kms_crypto_key_iam_member.service_identity_cmek",
            "module.data-platform.module.transf-project.google_org_policy_policy.default",
            "module.data-platform.module.transf-project.google_project.project",
            "module.data-platform.module.transf-project.google_project_default_service_accounts.default_service_accounts",
            "module.data-platform.module.transf-project.google_project_iam_member.servicenetworking",
            "module.data-platform.module.transf-project.google_project_iam_member.shared_vpc_host_robots",
            "module.data-platform.module.transf-project.google_project_service.project_services",
            "module.data-platform.module.transf-project.google_project_service_identity.jit_si",
            "module.data-platform.module.transf-project.google_project_service_identity.servicenetworking",
            "module.data-platform.module.transf-sa-bq-0.data.google_service_account.service_account",
            "module.data-platform.module.transf-sa-bq-0.google_service_account.service_account"
          ]
        },
        {
          "index_key": "roles/iam.serviceAccountUser",
          "schema_version": 0,
          "attributes": {
            "condition": [],
            "etag": "BwX4kVKrm5w=",
            "id": "projects/y0y0-dev-data-trf-0/serviceAccounts/y0y0-dev-data-trf-bq-0@y0y0-dev-data-trf-0.iam.gserviceaccount.com/roles/iam.serviceAccountUser",
            "members": [
              "serviceAccount:y0y0-dev-data-orc-cmp-0@y0y0-dev-data-orc-0.iam.gserviceaccount.com"
            ],
            "role": "roles/iam.serviceAccountUser",
            "service_account_id": "projects/y0y0-dev-data-trf-0/serviceAccounts/y0y0-dev-data-trf-bq-0@y0y0-dev-data-trf-0.iam.gserviceaccount.com"
          },
          "sensitive_attributes": [],
          "private": "bnVsbA==",
          "dependencies": [
            "module.data-platform.module.orch-project.data.google_bigquery_default_service_account.bq_sa",
            "module.data-platform.module.orch-project.data.google_project.project",
            "module.data-platform.module.orch-project.data.google_storage_project_service_account.gcs_sa",
            "module.data-platform.module.orch-project.google_compute_shared_vpc_host_project.shared_vpc_host",
            "module.data-platform.module.orch-project.google_compute_shared_vpc_service_project.service_projects",
            "module.data-platform.module.orch-project.google_compute_shared_vpc_service_project.shared_vpc_service",
            "module.data-platform.module.orch-project.google_kms_crypto_key_iam_member.service_identity_cmek",
            "module.data-platform.module.orch-project.google_org_policy_policy.default",
            "module.data-platform.module.orch-project.google_project.project",
            "module.data-platform.module.orch-project.google_project_default_service_accounts.default_service_accounts",
            "module.data-platform.module.orch-project.google_project_iam_member.servicenetworking",
            "module.data-platform.module.orch-project.google_project_iam_member.shared_vpc_host_robots",
            "module.data-platform.module.orch-project.google_project_service.project_services",
            "module.data-platform.module.orch-project.google_project_service_identity.jit_si",
            "module.data-platform.module.orch-project.google_project_service_identity.servicenetworking",
            "module.data-platform.module.orch-sa-cmp-0.data.google_service_account.service_account",
            "module.data-platform.module.orch-sa-cmp-0.google_service_account.service_account",
            "module.data-platform.module.transf-project.data.google_bigquery_default_service_account.bq_sa",
            "module.data-platform.module.transf-project.data.google_project.project",
            "module.data-platform.module.transf-project.data.google_storage_project_service_account.gcs_sa",
            "module.data-platform.module.transf-project.google_compute_shared_vpc_host_project.shared_vpc_host",
            "module.data-platform.module.transf-project.google_compute_shared_vpc_service_project.service_projects",
            "module.data-platform.module.transf-project.google_compute_shared_vpc_service_project.shared_vpc_service",
            "module.data-platform.module.transf-project.google_kms_crypto_key_iam_member.service_identity_cmek",
            "module.data-platform.module.transf-project.google_org_policy_policy.default",
            "module.data-platform.module.transf-project.google_project.project",
            "module.data-platform.module.transf-project.google_project_default_service_accounts.default_service_accounts",
            "module.data-platform.module.transf-project.google_project_iam_member.servicenetworking",
            "module.data-platform.module.transf-project.google_project_iam_member.shared_vpc_host_robots",
            "module.data-platform.module.transf-project.google_project_service.project_services",
            "module.data-platform.module.transf-project.google_project_service_identity.jit_si",
            "module.data-platform.module.transf-project.google_project_service_identity.servicenetworking",
            "module.data-platform.module.transf-sa-bq-0.data.google_service_account.service_account",
            "module.data-platform.module.transf-sa-bq-0.google_service_account.service_account"
          ]
        }
      ]
    },
    {
      "module": "module.data-platform.module.transf-sa-df-0",
      "mode": "managed",
      "type": "google_service_account",
      "name": "service_account",
      "provider": "provider[\"registry.terraform.io/hashicorp/google\"]",
      "instances": [
        {
          "index_key": 0,
          "schema_version": 0,
          "attributes": {
            "account_id": "y0y0-dev-data-trf-df-0",
            "description": "",
            "disabled": false,
            "display_name": "Data platform Dataflow transformation service account",
            "email": "y0y0-dev-data-trf-df-0@y0y0-dev-data-trf-0.iam.gserviceaccount.com",
            "id": "projects/y0y0-dev-data-trf-0/serviceAccounts/y0y0-dev-data-trf-df-0@y0y0-dev-data-trf-0.iam.gserviceaccount.com",
            "member": "serviceAccount:y0y0-dev-data-trf-df-0@y0y0-dev-data-trf-0.iam.gserviceaccount.com",
            "name": "projects/y0y0-dev-data-trf-0/serviceAccounts/y0y0-dev-data-trf-df-0@y0y0-dev-data-trf-0.iam.gserviceaccount.com",
            "project": "y0y0-dev-data-trf-0",
            "timeouts": null,
            "unique_id": "104718603731749991664"
          },
          "sensitive_attributes": [],
          "private": "eyJlMmJmYjczMC1lY2FhLTExZTYtOGY4OC0zNDM2M2JjN2M0YzAiOnsiY3JlYXRlIjozMDAwMDAwMDAwMDB9fQ==",
          "dependencies": [
            "module.data-platform.module.transf-project.data.google_bigquery_default_service_account.bq_sa",
            "module.data-platform.module.transf-project.data.google_project.project",
            "module.data-platform.module.transf-project.data.google_storage_project_service_account.gcs_sa",
            "module.data-platform.module.transf-project.google_compute_shared_vpc_host_project.shared_vpc_host",
            "module.data-platform.module.transf-project.google_compute_shared_vpc_service_project.service_projects",
            "module.data-platform.module.transf-project.google_compute_shared_vpc_service_project.shared_vpc_service",
            "module.data-platform.module.transf-project.google_kms_crypto_key_iam_member.service_identity_cmek",
            "module.data-platform.module.transf-project.google_org_policy_policy.default",
            "module.data-platform.module.transf-project.google_project.project",
            "module.data-platform.module.transf-project.google_project_default_service_accounts.default_service_accounts",
            "module.data-platform.module.transf-project.google_project_iam_member.servicenetworking",
            "module.data-platform.module.transf-project.google_project_iam_member.shared_vpc_host_robots",
            "module.data-platform.module.transf-project.google_project_service.project_services",
            "module.data-platform.module.transf-project.google_project_service_identity.jit_si",
            "module.data-platform.module.transf-project.google_project_service_identity.servicenetworking"
          ]
        }
      ]
    },
    {
      "module": "module.data-platform.module.transf-sa-df-0",
      "mode": "managed",
      "type": "google_service_account_iam_binding",
      "name": "roles",
      "provider": "provider[\"registry.terraform.io/hashicorp/google\"]",
      "instances": [
        {
          "index_key": "roles/iam.serviceAccountTokenCreator",
          "schema_version": 0,
          "attributes": {
            "condition": [],
            "etag": "BwX4kVKgynI=",
            "id": "projects/y0y0-dev-data-trf-0/serviceAccounts/y0y0-dev-data-trf-df-0@y0y0-dev-data-trf-0.iam.gserviceaccount.com/roles/iam.serviceAccountTokenCreator",
            "members": [
              "group:gcp-data-engineers@yoyoland.joonix.net",
              "serviceAccount:y0y0-dev-data-orc-cmp-0@y0y0-dev-data-orc-0.iam.gserviceaccount.com"
            ],
            "role": "roles/iam.serviceAccountTokenCreator",
            "service_account_id": "projects/y0y0-dev-data-trf-0/serviceAccounts/y0y0-dev-data-trf-df-0@y0y0-dev-data-trf-0.iam.gserviceaccount.com"
          },
          "sensitive_attributes": [],
          "private": "bnVsbA==",
          "dependencies": [
            "module.data-platform.module.orch-project.data.google_bigquery_default_service_account.bq_sa",
            "module.data-platform.module.orch-project.data.google_project.project",
            "module.data-platform.module.orch-project.data.google_storage_project_service_account.gcs_sa",
            "module.data-platform.module.orch-project.google_compute_shared_vpc_host_project.shared_vpc_host",
            "module.data-platform.module.orch-project.google_compute_shared_vpc_service_project.service_projects",
            "module.data-platform.module.orch-project.google_compute_shared_vpc_service_project.shared_vpc_service",
            "module.data-platform.module.orch-project.google_kms_crypto_key_iam_member.service_identity_cmek",
            "module.data-platform.module.orch-project.google_org_policy_policy.default",
            "module.data-platform.module.orch-project.google_project.project",
            "module.data-platform.module.orch-project.google_project_default_service_accounts.default_service_accounts",
            "module.data-platform.module.orch-project.google_project_iam_member.servicenetworking",
            "module.data-platform.module.orch-project.google_project_iam_member.shared_vpc_host_robots",
            "module.data-platform.module.orch-project.google_project_service.project_services",
            "module.data-platform.module.orch-project.google_project_service_identity.jit_si",
            "module.data-platform.module.orch-project.google_project_service_identity.servicenetworking",
            "module.data-platform.module.orch-sa-cmp-0.data.google_service_account.service_account",
            "module.data-platform.module.orch-sa-cmp-0.google_service_account.service_account",
            "module.data-platform.module.transf-project.data.google_bigquery_default_service_account.bq_sa",
            "module.data-platform.module.transf-project.data.google_project.project",
            "module.data-platform.module.transf-project.data.google_storage_project_service_account.gcs_sa",
            "module.data-platform.module.transf-project.google_compute_shared_vpc_host_project.shared_vpc_host",
            "module.data-platform.module.transf-project.google_compute_shared_vpc_service_project.service_projects",
            "module.data-platform.module.transf-project.google_compute_shared_vpc_service_project.shared_vpc_service",
            "module.data-platform.module.transf-project.google_kms_crypto_key_iam_member.service_identity_cmek",
            "module.data-platform.module.transf-project.google_org_policy_policy.default",
            "module.data-platform.module.transf-project.google_project.project",
            "module.data-platform.module.transf-project.google_project_default_service_accounts.default_service_accounts",
            "module.data-platform.module.transf-project.google_project_iam_member.servicenetworking",
            "module.data-platform.module.transf-project.google_project_iam_member.shared_vpc_host_robots",
            "module.data-platform.module.transf-project.google_project_service.project_services",
            "module.data-platform.module.transf-project.google_project_service_identity.jit_si",
            "module.data-platform.module.transf-project.google_project_service_identity.servicenetworking",
            "module.data-platform.module.transf-sa-df-0.data.google_service_account.service_account",
            "module.data-platform.module.transf-sa-df-0.google_service_account.service_account"
          ]
        },
        {
          "index_key": "roles/iam.serviceAccountUser",
          "schema_version": 0,
          "attributes": {
            "condition": [],
            "etag": "BwX4kVKgynI=",
            "id": "projects/y0y0-dev-data-trf-0/serviceAccounts/y0y0-dev-data-trf-df-0@y0y0-dev-data-trf-0.iam.gserviceaccount.com/roles/iam.serviceAccountUser",
            "members": [
              "serviceAccount:y0y0-dev-data-orc-cmp-0@y0y0-dev-data-orc-0.iam.gserviceaccount.com"
            ],
            "role": "roles/iam.serviceAccountUser",
            "service_account_id": "projects/y0y0-dev-data-trf-0/serviceAccounts/y0y0-dev-data-trf-df-0@y0y0-dev-data-trf-0.iam.gserviceaccount.com"
          },
          "sensitive_attributes": [],
          "private": "bnVsbA==",
          "dependencies": [
            "module.data-platform.module.orch-project.data.google_bigquery_default_service_account.bq_sa",
            "module.data-platform.module.orch-project.data.google_project.project",
            "module.data-platform.module.orch-project.data.google_storage_project_service_account.gcs_sa",
            "module.data-platform.module.orch-project.google_compute_shared_vpc_host_project.shared_vpc_host",
            "module.data-platform.module.orch-project.google_compute_shared_vpc_service_project.service_projects",
            "module.data-platform.module.orch-project.google_compute_shared_vpc_service_project.shared_vpc_service",
            "module.data-platform.module.orch-project.google_kms_crypto_key_iam_member.service_identity_cmek",
            "module.data-platform.module.orch-project.google_org_policy_policy.default",
            "module.data-platform.module.orch-project.google_project.project",
            "module.data-platform.module.orch-project.google_project_default_service_accounts.default_service_accounts",
            "module.data-platform.module.orch-project.google_project_iam_member.servicenetworking",
            "module.data-platform.module.orch-project.google_project_iam_member.shared_vpc_host_robots",
            "module.data-platform.module.orch-project.google_project_service.project_services",
            "module.data-platform.module.orch-project.google_project_service_identity.jit_si",
            "module.data-platform.module.orch-project.google_project_service_identity.servicenetworking",
            "module.data-platform.module.orch-sa-cmp-0.data.google_service_account.service_account",
            "module.data-platform.module.orch-sa-cmp-0.google_service_account.service_account",
            "module.data-platform.module.transf-project.data.google_bigquery_default_service_account.bq_sa",
            "module.data-platform.module.transf-project.data.google_project.project",
            "module.data-platform.module.transf-project.data.google_storage_project_service_account.gcs_sa",
            "module.data-platform.module.transf-project.google_compute_shared_vpc_host_project.shared_vpc_host",
            "module.data-platform.module.transf-project.google_compute_shared_vpc_service_project.service_projects",
            "module.data-platform.module.transf-project.google_compute_shared_vpc_service_project.shared_vpc_service",
            "module.data-platform.module.transf-project.google_kms_crypto_key_iam_member.service_identity_cmek",
            "module.data-platform.module.transf-project.google_org_policy_policy.default",
            "module.data-platform.module.transf-project.google_project.project",
            "module.data-platform.module.transf-project.google_project_default_service_accounts.default_service_accounts",
            "module.data-platform.module.transf-project.google_project_iam_member.servicenetworking",
            "module.data-platform.module.transf-project.google_project_iam_member.shared_vpc_host_robots",
            "module.data-platform.module.transf-project.google_project_service.project_services",
            "module.data-platform.module.transf-project.google_project_service_identity.jit_si",
            "module.data-platform.module.transf-project.google_project_service_identity.servicenetworking",
            "module.data-platform.module.transf-sa-df-0.data.google_service_account.service_account",
            "module.data-platform.module.transf-sa-df-0.google_service_account.service_account"
          ]
        }
      ]
    }
  ],
  "check_results": null
}
