{"format_version":"1.2","terraform_version":"1.14.0","variables":{"automation":{"value":{"outputs_bucket":"ldj-prod-iac-org-0-iac-outputs"}},"billing_account":{"value":{"id":"017479-47ADAB-670295"}},"context":{"value":{"condition_vars":{},"custom_roles":{},"email_addresses":{},"folder_ids":{},"iam_principals":{},"kms_keys":{},"locations":{},"notification_channels":{},"project_ids":{},"tag_values":{},"vpc_host_projects":{},"vpc_sc_perimeters":{}}},"custom_roles":{"value":{"dns_zone_binder":"organizations/366118655033/roles/dnsZoneBinder","network_firewall_policies_admin":"organizations/366118655033/roles/networkFirewallPoliciesAdmin","ngfw_enterprise_admin":"organizations/366118655033/roles/ngfwEnterpriseAdmin","ngfw_enterprise_viewer":"organizations/366118655033/roles/ngfwEnterpriseViewer","organization_admin_viewer":"organizations/366118655033/roles/organizationAdminViewer","organization_iam_admin":"organizations/366118655033/roles/organizationIamAdmin","project_iam_viewer":"organizations/366118655033/roles/projectIamViewer","service_project_network_admin":"organizations/366118655033/roles/serviceProjectNetworkAdmin","storage_viewer":"organizations/366118655033/roles/storageViewer","tag_viewer":"organizations/366118655033/roles/tagViewer"}},"data_defaults":{"value":{"billing_account":null,"bucket":{"force_destroy":null},"contacts":{},"deletion_policy":null,"factories_config":{"custom_roles":null,"observability":null,"org_policies":null,"quotas":null},"labels":{},"locations":{"bigquery":null,"logging":null,"storage":null},"logging_data_access":{},"metric_scopes":[],"parent":null,"prefix":null,"project_reuse":null,"service_accounts":{},"service_encryption_key_ids":{},"services":[],"shared_vpc_service_config":null,"tag_bindings":{},"universe":null,"vpc_sc":null}},"data_merges":{"value":{"contacts":{},"labels":{},"metric_scopes":[],"service_accounts":{},"service_encryption_key_ids":{},"services":[],"tag_bindings":{}}},"data_overrides":{"value":{"billing_account":null,"bucket":{"force_destroy":null},"contacts":null,"deletion_policy":null,"factories_config":{"custom_roles":null,"observability":null,"org_policies":null,"quotas":null},"locations":{"bigquery":null,"logging":null,"storage":null},"logging_data_access":null,"parent":null,"prefix":null,"service_accounts":null,"service_encryption_key_ids":null,"services":null,"tag_bindings":null,"universe":null,"vpc_sc":null}},"factories_config":{"value":{"dataset":"datasets/classic","paths":{"budgets":null,"defaults":"defaults.yaml","folders":"folders","projects":"projects"}}},"folder_ids":{"value":{"networking":"folders/843203210689","playground":"folders/210938489642","security":"folders/529729299752","shared":"folders/886258750608"}},"host_project_ids":{"value":{"net-core-0":"ldj-prod-net-landing-0","net-dev-0":"ldj-dev-net-spoke-0","net-dr-0":"ldj-dr-net-spoke-0","net-prod-0":"ldj-prod-net-spoke-0"}},"iam_principals":{"value":{"domain":"domain:ludo.joonix.net","gcp-billing-admins":"group:gcp-billing-admins@ludo.joonix.net","gcp-devops":"group:gcp-devops@ludo.joonix.net","gcp-network-admins":"group:gcp-network-admins@ludo.joonix.net","gcp-organization-admins":"group:fabric-fast-owners@google.com","gcp-secops-admins":"group:gcp-secops-admins@ludo.joonix.net","gcp-security-admins":"group:gcp-security-admins@ludo.joonix.net","gcp-support":"group:gcp-support@ludo.joonix.net","guest-users":"group:corp-guests@ludo.joonix.net"}},"kms_keys":{"value":{"compute-dev-primary-default":"projects/ldj-dev-sec-core/locations/europe-west8/keyRings/dev-primary-default/cryptoKeys/compute","compute-dev-secondary-default":"projects/ldj-dev-sec-core/locations/europe-west1/keyRings/dev-secondary-default/cryptoKeys/compute","compute-prod-global-default":"projects/ldj-prod-sec-core/locations/global/keyRings/prod-global-default/cryptoKeys/compute","compute-prod-primary-default":"projects/ldj-prod-sec-core/locations/europe-west8/keyRings/prod-primary-default/cryptoKeys/compute","compute-prod-secondary-default":"projects/ldj-prod-sec-core/locations/europe-west1/keyRings/prod-secondary-default/cryptoKeys/compute","secrets-dev-primary-default":"projects/ldj-dev-sec-core/locations/europe-west8/keyRings/dev-primary-default/cryptoKeys/secrets","secrets-dev-secondary-default":"projects/ldj-dev-sec-core/locations/europe-west1/keyRings/dev-secondary-default/cryptoKeys/secrets","secrets-prod-global-default":"projects/ldj-prod-sec-core/locations/global/keyRings/prod-global-default/cryptoKeys/secrets","secrets-prod-primary-default":"projects/ldj-prod-sec-core/locations/europe-west8/keyRings/prod-primary-default/cryptoKeys/secrets","secrets-prod-secondary-default":"projects/ldj-prod-sec-core/locations/europe-west1/keyRings/prod-secondary-default/cryptoKeys/secrets","storage-dev-primary-default":"projects/ldj-dev-sec-core/locations/europe-west8/keyRings/dev-primary-default/cryptoKeys/storage","storage-dev-secondary-default":"projects/ldj-dev-sec-core/locations/europe-west1/keyRings/dev-secondary-default/cryptoKeys/storage","storage-prod-global-default":"projects/ldj-prod-sec-core/locations/global/keyRings/prod-global-default/cryptoKeys/storage","storage-prod-primary-default":"projects/ldj-prod-sec-core/locations/europe-west8/keyRings/prod-primary-default/cryptoKeys/storage","storage-prod-secondary-default":"projects/ldj-prod-sec-core/locations/europe-west1/keyRings/prod-secondary-default/cryptoKeys/storage"}},"organization":{"value":{"customer_id":"C01twn59h","domain":"ludo.joonix.net","id":"366118655033"}},"perimeters":{"value":{"default":"accessPolicies/278440118580/servicePerimeters/default","dr":"accessPolicies/278440118580/servicePerimeters/dr"}},"prefix":{"value":"ldj"},"project_ids":{"value":{"iac-0":"ldj-prod-iac-org-0","log-0":"ldj-prod-audit-org-0"}},"service_accounts":{"value":{"iac-0/iac-networking-ro":"iac-networking-ro@ldj-prod-iac-org-0.iam.gserviceaccount.com","iac-0/iac-networking-rw":"iac-networking-rw@ldj-prod-iac-org-0.iam.gserviceaccount.com","iac-0/iac-org-cicd-ro":"iac-org-cicd-ro@ldj-prod-iac-org-0.iam.gserviceaccount.com","iac-0/iac-org-cicd-rw":"iac-org-cicd-rw@ldj-prod-iac-org-0.iam.gserviceaccount.com","iac-0/iac-org-ro":"iac-org-ro@ldj-prod-iac-org-0.iam.gserviceaccount.com","iac-0/iac-org-rw":"iac-org-rw@ldj-prod-iac-org-0.iam.gserviceaccount.com","iac-0/iac-pf-ro":"iac-pf-ro@ldj-prod-iac-org-0.iam.gserviceaccount.com","iac-0/iac-pf-rw":"iac-pf-rw@ldj-prod-iac-org-0.iam.gserviceaccount.com","iac-0/iac-security-ro":"iac-security-ro@ldj-prod-iac-org-0.iam.gserviceaccount.com","iac-0/iac-security-rw":"iac-security-rw@ldj-prod-iac-org-0.iam.gserviceaccount.com","iac-0/iac-vpcsc-ro":"iac-vpcsc-ro@ldj-prod-iac-org-0.iam.gserviceaccount.com","iac-0/iac-vpcsc-rw":"iac-vpcsc-rw@ldj-prod-iac-org-0.iam.gserviceaccount.com"}},"stage_name":{"value":"2-data-platform"},"subnet_self_links":{"value":{"dev":{"europe-west1/gce":"projects/ldj-dev-net-spoke-0/regions/europe-west1/subnetworks/gce","europe-west12/gke":"projects/ldj-dev-net-spoke-0/regions/europe-west12/subnetworks/gke","europe-west2/gce":"projects/ldj-dev-net-spoke-0/regions/europe-west2/subnetworks/gce","europe-west3/gce":"projects/ldj-dev-net-spoke-0/regions/europe-west3/subnetworks/gce","europe-west4/gce":"projects/ldj-dev-net-spoke-0/regions/europe-west4/subnetworks/gce","europe-west8/gce":"projects/ldj-dev-net-spoke-0/regions/europe-west8/subnetworks/gce","europe-west8/gke":"projects/ldj-dev-net-spoke-0/regions/europe-west8/subnetworks/gke","europe-west9/gce":"projects/ldj-dev-net-spoke-0/regions/europe-west9/subnetworks/gce","northamerica-northeast1/gce":"projects/ldj-dev-net-spoke-0/regions/northamerica-northeast1/subnetworks/gce"},"dr":{"europe-west12/gke":"projects/ldj-dr-net-spoke-0/regions/europe-west12/subnetworks/gke","europe-west8/gce":"projects/ldj-dr-net-spoke-0/regions/europe-west8/subnetworks/gce"},"hub":{"europe-west8/net":"projects/ldj-prod-net-landing-0/regions/europe-west8/subnetworks/net","europe-west8/ws":"projects/ldj-prod-net-landing-0/regions/europe-west8/subnetworks/ws"},"prod":{"europe-west3/gce":"projects/ldj-prod-net-spoke-0/regions/europe-west3/subnetworks/gce","europe-west4/gce":"projects/ldj-prod-net-spoke-0/regions/europe-west4/subnetworks/gce","europe-west8/gce":"projects/ldj-prod-net-spoke-0/regions/europe-west8/subnetworks/gce"}}},"tag_values":{"value":{"context/project-factory":"tagValues/281477318996497","environment/development":"tagValues/281477641375074","environment/production":"tagValues/281483903790472","org-policies/allowed-essential-contacts-domains-all":"tagValues/281482360203106","org-policies/allowed-policy-member-domains-all":"tagValues/281478449693421"}},"universe":{"value":null}},"planned_values":{"outputs":{"projects":{"sensitive":false}},"root_module":{"resources":[{"address":"google_storage_bucket_object.version[0]","mode":"managed","type":"google_storage_bucket_object","name":"version","index":0,"provider_name":"registry.terraform.io/hashicorp/google","schema_version":0,"values":{"bucket":"ldj-prod-iac-org-0-iac-outputs","cache_control":null,"content_disposition":null,"content_encoding":null,"content_language":null,"contexts":[],"customer_encryption":[],"deletion_policy":null,"detect_md5hash":null,"event_based_hold":null,"force_empty_content_type":null,"metadata":null,"name":"versions/2-data-platform-version.txt","retention":[],"source":"fast_version.txt","source_md5hash":"bd0ef4e3857492f0215774bdcb2f3dc7","temporary_hold":null,"timeouts":null},"sensitive_values":{"content":true,"contexts":[],"customer_encryption":[],"retention":[]}}],"child_modules":[{"resources":[{"address":"module.factory.terraform_data.defaults_preconditions","mode":"managed","type":"terraform_data","name":"defaults_preconditions","provider_name":"terraform.io/builtin/terraform","schema_version":0,"values":{"input":null,"output":null,"triggers_replace":null},"sensitive_values":{}},{"address":"module.factory.terraform_data.project-preconditions","mode":"managed","type":"terraform_data","name":"project-preconditions","provider_name":"terraform.io/builtin/terraform","schema_version":0,"values":{"input":null,"output":null,"triggers_replace":null},"sensitive_values":{}}],"address":"module.factory","child_modules":[{"resources":[{"address":"module.factory.module.folder-1[\"domain-a\"].google_folder.folder[0]","mode":"managed","type":"google_folder","name":"folder","index":0,"provider_name":"registry.terraform.io/hashicorp/google","schema_version":0,"values":{"deletion_protection":false,"display_name":"Domain A","parent":"$folder_ids:default","tags":null,"timeouts":null},"sensitive_values":{"configured_capabilities":[]}}],"address":"module.factory.module.folder-1[\"domain-a\"]"},{"resources":[{"address":"module.factory.module.projects[\"product-1\"].data.google_bigquery_default_service_account.bq_sa[0]","mode":"data","type":"google_bigquery_default_service_account","name":"bq_sa","index":0,"provider_name":"registry.terraform.io/hashicorp/google","schema_version":0,"values":{"project":"ldj-product-1"},"sensitive_values":{}},{"address":"module.factory.module.projects[\"product-1\"].data.google_logging_project_settings.logging_sa[0]","mode":"data","type":"google_logging_project_settings","name":"logging_sa","index":0,"provider_name":"registry.terraform.io/hashicorp/google","schema_version":0,"values":{"project":"ldj-product-1"},"sensitive_values":{}},{"address":"module.factory.module.projects[\"product-1\"].data.google_storage_project_service_account.gcs_sa[0]","mode":"data","type":"google_storage_project_service_account","name":"gcs_sa","index":0,"provider_name":"registry.terraform.io/hashicorp/google","schema_version":0,"values":{"project":"ldj-product-1","user_project":null},"sensitive_values":{}},{"address":"module.factory.module.projects[\"product-1\"].google_project.project[0]","mode":"managed","type":"google_project","name":"project","index":0,"provider_name":"registry.terraform.io/hashicorp/google","schema_version":1,"values":{"auto_create_network":false,"billing_account":"012345-67890A-BCDEF0","deletion_policy":"DELETE","effective_labels":{"goog-terraform-provisioned":"true"},"labels":null,"name":"ldj-product-1","org_id":null,"project_id":"ldj-product-1","tags":null,"terraform_labels":{"goog-terraform-provisioned":"true"},"timeouts":null},"sensitive_values":{"effective_labels":{},"terraform_labels":{}}},{"address":"module.factory.module.projects[\"product-1\"].google_project_iam_member.service_agents[\"monitoring-notification\"]","mode":"managed","type":"google_project_iam_member","name":"service_agents","index":"monitoring-notification","provider_name":"registry.terraform.io/hashicorp/google","schema_version":0,"values":{"condition":[],"project":"ldj-product-1","role":"roles/monitoring.notificationServiceAgent"},"sensitive_values":{"condition":[]}},{"address":"module.factory.module.projects[\"product-1\"].google_project_service.project_services[\"bigquery.googleapis.com\"]","mode":"managed","type":"google_project_service","name":"project_services","index":"bigquery.googleapis.com","provider_name":"registry.terraform.io/hashicorp/google","schema_version":0,"values":{"disable_dependent_services":false,"disable_on_destroy":false,"project":"ldj-product-1","service":"bigquery.googleapis.com","timeouts":null},"sensitive_values":{}},{"address":"module.factory.module.projects[\"product-1\"].google_project_service.project_services[\"logging.googleapis.com\"]","mode":"managed","type":"google_project_service","name":"project_services","index":"logging.googleapis.com","provider_name":"registry.terraform.io/hashicorp/google","schema_version":0,"values":{"disable_dependent_services":false,"disable_on_destroy":false,"project":"ldj-product-1","service":"logging.googleapis.com","timeouts":null},"sensitive_values":{}},{"address":"module.factory.module.projects[\"product-1\"].google_project_service.project_services[\"monitoring.googleapis.com\"]","mode":"managed","type":"google_project_service","name":"project_services","index":"monitoring.googleapis.com","provider_name":"registry.terraform.io/hashicorp/google","schema_version":0,"values":{"disable_dependent_services":false,"disable_on_destroy":false,"project":"ldj-product-1","service":"monitoring.googleapis.com","timeouts":null},"sensitive_values":{}},{"address":"module.factory.module.projects[\"product-1\"].google_project_service.project_services[\"storage.googleapis.com\"]","mode":"managed","type":"google_project_service","name":"project_services","index":"storage.googleapis.com","provider_name":"registry.terraform.io/hashicorp/google","schema_version":0,"values":{"disable_dependent_services":false,"disable_on_destroy":false,"project":"ldj-product-1","service":"storage.googleapis.com","timeouts":null},"sensitive_values":{}},{"address":"module.factory.module.projects[\"product-1\"].google_project_service_identity.default[\"monitoring.googleapis.com\"]","mode":"managed","type":"google_project_service_identity","name":"default","index":"monitoring.googleapis.com","provider_name":"registry.terraform.io/hashicorp/google-beta","schema_version":0,"values":{"project":"ldj-product-1","service":"monitoring.googleapis.com","timeouts":null},"sensitive_values":{}}],"address":"module.factory.module.projects[\"product-1\"]"},{"resources":[{"address":"module.factory.module.projects[\"central-0\"].data.google_bigquery_default_service_account.bq_sa[0]","mode":"data","type":"google_bigquery_default_service_account","name":"bq_sa","index":0,"provider_name":"registry.terraform.io/hashicorp/google","schema_version":0,"values":{"project":"ldj-central-0"},"sensitive_values":{}},{"address":"module.factory.module.projects[\"central-0\"].data.google_logging_project_settings.logging_sa[0]","mode":"data","type":"google_logging_project_settings","name":"logging_sa","index":0,"provider_name":"registry.terraform.io/hashicorp/google","schema_version":0,"values":{"project":"ldj-central-0"},"sensitive_values":{}},{"address":"module.factory.module.projects[\"central-0\"].data.google_storage_project_service_account.gcs_sa[0]","mode":"data","type":"google_storage_project_service_account","name":"gcs_sa","index":0,"provider_name":"registry.terraform.io/hashicorp/google","schema_version":0,"values":{"project":"ldj-central-0","user_project":null},"sensitive_values":{}},{"address":"module.factory.module.projects[\"central-0\"].google_project.project[0]","mode":"managed","type":"google_project","name":"project","index":0,"provider_name":"registry.terraform.io/hashicorp/google","schema_version":1,"values":{"auto_create_network":false,"billing_account":"017479-47ADAB-670295","deletion_policy":"DELETE","effective_labels":{"goog-terraform-provisioned":"true"},"folder_id":"$folder_ids:data-platform","labels":null,"name":"ldj-central-0","org_id":null,"project_id":"ldj-central-0","tags":null,"terraform_labels":{"goog-terraform-provisioned":"true"},"timeouts":null},"sensitive_values":{"effective_labels":{},"terraform_labels":{}}},{"address":"module.factory.module.projects[\"central-0\"].google_project_iam_member.service_agents[\"monitoring-notification\"]","mode":"managed","type":"google_project_iam_member","name":"service_agents","index":"monitoring-notification","provider_name":"registry.terraform.io/hashicorp/google","schema_version":0,"values":{"condition":[],"project":"ldj-central-0","role":"roles/monitoring.notificationServiceAgent"},"sensitive_values":{"condition":[]}},{"address":"module.factory.module.projects[\"central-0\"].google_project_service.project_services[\"bigquery.googleapis.com\"]","mode":"managed","type":"google_project_service","name":"project_services","index":"bigquery.googleapis.com","provider_name":"registry.terraform.io/hashicorp/google","schema_version":0,"values":{"disable_dependent_services":false,"disable_on_destroy":false,"project":"ldj-central-0","service":"bigquery.googleapis.com","timeouts":null},"sensitive_values":{}},{"address":"module.factory.module.projects[\"central-0\"].google_project_service.project_services[\"datacatalog.googleapis.com\"]","mode":"managed","type":"google_project_service","name":"project_services","index":"datacatalog.googleapis.com","provider_name":"registry.terraform.io/hashicorp/google","schema_version":0,"values":{"disable_dependent_services":false,"disable_on_destroy":false,"project":"ldj-central-0","service":"datacatalog.googleapis.com","timeouts":null},"sensitive_values":{}},{"address":"module.factory.module.projects[\"central-0\"].google_project_service.project_services[\"logging.googleapis.com\"]","mode":"managed","type":"google_project_service","name":"project_services","index":"logging.googleapis.com","provider_name":"registry.terraform.io/hashicorp/google","schema_version":0,"values":{"disable_dependent_services":false,"disable_on_destroy":false,"project":"ldj-central-0","service":"logging.googleapis.com","timeouts":null},"sensitive_values":{}},{"address":"module.factory.module.projects[\"central-0\"].google_project_service.project_services[\"monitoring.googleapis.com\"]","mode":"managed","type":"google_project_service","name":"project_services","index":"monitoring.googleapis.com","provider_name":"registry.terraform.io/hashicorp/google","schema_version":0,"values":{"disable_dependent_services":false,"disable_on_destroy":false,"project":"ldj-central-0","service":"monitoring.googleapis.com","timeouts":null},"sensitive_values":{}},{"address":"module.factory.module.projects[\"central-0\"].google_project_service.project_services[\"storage.googleapis.com\"]","mode":"managed","type":"google_project_service","name":"project_services","index":"storage.googleapis.com","provider_name":"registry.terraform.io/hashicorp/google","schema_version":0,"values":{"disable_dependent_services":false,"disable_on_destroy":false,"project":"ldj-central-0","service":"storage.googleapis.com","timeouts":null},"sensitive_values":{}},{"address":"module.factory.module.projects[\"central-0\"].google_project_service_identity.default[\"monitoring.googleapis.com\"]","mode":"managed","type":"google_project_service_identity","name":"default","index":"monitoring.googleapis.com","provider_name":"registry.terraform.io/hashicorp/google-beta","schema_version":0,"values":{"project":"ldj-central-0","service":"monitoring.googleapis.com","timeouts":null},"sensitive_values":{}}],"address":"module.factory.module.projects[\"central-0\"]"},{"resources":[{"address":"module.factory.module.folder-1-iam[\"domain-a\"].google_folder_iam_binding.authoritative[\"roles/viewer\"]","mode":"managed","type":"google_folder_iam_binding","name":"authoritative","index":"roles/viewer","provider_name":"registry.terraform.io/hashicorp/google","schema_version":0,"values":{"condition":[],"members":["group:domain-a-viewers@example.com"],"role":"roles/viewer"},"sensitive_values":{"condition":[],"members":[false]}}],"address":"module.factory.module.folder-1-iam[\"domain-a\"]"}]}]}},"resource_changes":[{"address":"google_storage_bucket_object.version[0]","mode":"managed","type":"google_storage_bucket_object","name":"version","index":0,"provider_name":"registry.terraform.io/hashicorp/google","change":{"actions":["create"],"before":null,"after":{"bucket":"ldj-prod-iac-org-0-iac-outputs","cache_control":null,"content_disposition":null,"content_encoding":null,"content_language":null,"contexts":[],"customer_encryption":[],"deletion_policy":null,"detect_md5hash":null,"event_based_hold":null,"force_empty_content_type":null,"metadata":null,"name":"versions/2-data-platform-version.txt","retention":[],"source":"fast_version.txt","source_md5hash":"bd0ef4e3857492f0215774bdcb2f3dc7","temporary_hold":null,"timeouts":null},"after_unknown":{"content":true,"content_type":true,"contexts":[],"crc32c":true,"customer_encryption":[],"generation":true,"id":true,"kms_key_name":true,"md5hash":true,"md5hexhash":true,"media_link":true,"output_name":true,"retention":[],"self_link":true,"storage_class":true},"before_sensitive":false,"after_sensitive":{"content":true,"contexts":[],"customer_encryption":[],"retention":[]}}},{"address":"module.factory.terraform_data.defaults_preconditions","module_address":"module.factory","mode":"managed","type":"terraform_data","name":"defaults_preconditions","provider_name":"terraform.io/builtin/terraform","change":{"actions":["create"],"before":null,"after":{"input":null,"output":null,"triggers_replace":null},"after_unknown":{"id":true},"before_sensitive":false,"after_sensitive":{}}},{"address":"module.factory.terraform_data.project-preconditions","module_address":"module.factory","mode":"managed","type":"terraform_data","name":"project-preconditions","provider_name":"terraform.io/builtin/terraform","change":{"actions":["create"],"before":null,"after":{"input":null,"output":null,"triggers_replace":null},"after_unknown":{"id":true},"before_sensitive":false,"after_sensitive":{}}},{"address":"module.factory.module.folder-1[\"domain-a\"].google_folder.folder[0]","module_address":"module.factory.module.folder-1[\"domain-a\"]","mode":"managed","type":"google_folder","name":"folder","index":0,"provider_name":"registry.terraform.io/hashicorp/google","change":{"actions":["create"],"before":null,"after":{"deletion_protection":false,"display_name":"Domain A","parent":"$folder_ids:default","tags":null,"timeouts":null},"after_unknown":{"configured_capabilities":true,"create_time":true,"folder_id":true,"id":true,"lifecycle_state":true,"management_project":true,"name":true},"before_sensitive":false,"after_sensitive":{"configured_capabilities":[]}}},{"address":"module.factory.module.folder-1-iam[\"domain-a\"].google_folder_iam_binding.authoritative[\"roles/viewer\"]","module_address":"module.factory.module.folder-1-iam[\"domain-a\"]","mode":"managed","type":"google_folder_iam_binding","name":"authoritative","index":"roles/viewer","provider_name":"registry.terraform.io/hashicorp/google","change":{"actions":["create"],"before":null,"after":{"condition":[],"members":["group:domain-a-viewers@example.com"],"role":"roles/viewer"},"after_unknown":{"condition":[],"etag":true,"folder":true,"id":true,"members":[false]},"before_sensitive":false,"after_sensitive":{"condition":[],"members":[false]}}},{"address":"module.factory.module.projects[\"central-0\"].data.google_bigquery_default_service_account.bq_sa[0]","module_address":"module.factory.module.projects[\"central-0\"]","mode":"data","type":"google_bigquery_default_service_account","name":"bq_sa","index":0,"provider_name":"registry.terraform.io/hashicorp/google","change":{"actions":["read"],"before":null,"after":{"project":"ldj-central-0"},"after_unknown":{"email":true,"id":true,"member":true},"before_sensitive":false,"after_sensitive":{}},"action_reason":"read_because_dependency_pending"},{"address":"module.factory.module.projects[\"central-0\"].data.google_logging_project_settings.logging_sa[0]","module_address":"module.factory.module.projects[\"central-0\"]","mode":"data","type":"google_logging_project_settings","name":"logging_sa","index":0,"provider_name":"registry.terraform.io/hashicorp/google","change":{"actions":["read"],"before":null,"after":{"project":"ldj-central-0"},"after_unknown":{"disable_default_sink":true,"id":true,"kms_key_name":true,"kms_service_account_id":true,"logging_service_account_id":true,"name":true,"storage_location":true},"before_sensitive":false,"after_sensitive":{}},"action_reason":"read_because_dependency_pending"},{"address":"module.factory.module.projects[\"central-0\"].data.google_storage_project_service_account.gcs_sa[0]","module_address":"module.factory.module.projects[\"central-0\"]","mode":"data","type":"google_storage_project_service_account","name":"gcs_sa","index":0,"provider_name":"registry.terraform.io/hashicorp/google","change":{"actions":["read"],"before":null,"after":{"project":"ldj-central-0","user_project":null},"after_unknown":{"email_address":true,"id":true,"member":true},"before_sensitive":false,"after_sensitive":{}},"action_reason":"read_because_dependency_pending"},{"address":"module.factory.module.projects[\"central-0\"].google_project.project[0]","module_address":"module.factory.module.projects[\"central-0\"]","mode":"managed","type":"google_project","name":"project","index":0,"provider_name":"registry.terraform.io/hashicorp/google","change":{"actions":["create"],"before":null,"after":{"auto_create_network":false,"billing_account":"017479-47ADAB-670295","deletion_policy":"DELETE","effective_labels":{"goog-terraform-provisioned":"true"},"folder_id":"$folder_ids:data-platform","labels":null,"name":"ldj-central-0","org_id":null,"project_id":"ldj-central-0","tags":null,"terraform_labels":{"goog-terraform-provisioned":"true"},"timeouts":null},"after_unknown":{"effective_labels":{},"id":true,"number":true,"terraform_labels":{}},"before_sensitive":false,"after_sensitive":{"effective_labels":{},"terraform_labels":{}}}},{"address":"module.factory.module.projects[\"central-0\"].google_project_iam_member.service_agents[\"monitoring-notification\"]","module_address":"module.factory.module.projects[\"central-0\"]","mode":"managed","type":"google_project_iam_member","name":"service_agents","index":"monitoring-notification","provider_name":"registry.terraform.io/hashicorp/google","change":{"actions":["create"],"before":null,"after":{"condition":[],"project":"ldj-central-0","role":"roles/monitoring.notificationServiceAgent"},"after_unknown":{"condition":[],"etag":true,"id":true,"member":true},"before_sensitive":false,"after_sensitive":{"condition":[]}}},{"address":"module.factory.module.projects[\"central-0\"].google_project_service.project_services[\"bigquery.googleapis.com\"]","module_address":"module.factory.module.projects[\"central-0\"]","mode":"managed","type":"google_project_service","name":"project_services","index":"bigquery.googleapis.com","provider_name":"registry.terraform.io/hashicorp/google","change":{"actions":["create"],"before":null,"after":{"disable_dependent_services":false,"disable_on_destroy":false,"project":"ldj-central-0","service":"bigquery.googleapis.com","timeouts":null},"after_unknown":{"id":true},"before_sensitive":false,"after_sensitive":{}}},{"address":"module.factory.module.projects[\"central-0\"].google_project_service.project_services[\"datacatalog.googleapis.com\"]","module_address":"module.factory.module.projects[\"central-0\"]","mode":"managed","type":"google_project_service","name":"project_services","index":"datacatalog.googleapis.com","provider_name":"registry.terraform.io/hashicorp/google","change":{"actions":["create"],"before":null,"after":{"disable_dependent_services":false,"disable_on_destroy":false,"project":"ldj-central-0","service":"datacatalog.googleapis.com","timeouts":null},"after_unknown":{"id":true},"before_sensitive":false,"after_sensitive":{}}},{"address":"module.factory.module.projects[\"central-0\"].google_project_service.project_services[\"logging.googleapis.com\"]","module_address":"module.factory.module.projects[\"central-0\"]","mode":"managed","type":"google_project_service","name":"project_services","index":"logging.googleapis.com","provider_name":"registry.terraform.io/hashicorp/google","change":{"actions":["create"],"before":null,"after":{"disable_dependent_services":false,"disable_on_destroy":false,"project":"ldj-central-0","service":"logging.googleapis.com","timeouts":null},"after_unknown":{"id":true},"before_sensitive":false,"after_sensitive":{}}},{"address":"module.factory.module.projects[\"central-0\"].google_project_service.project_services[\"monitoring.googleapis.com\"]","module_address":"module.factory.module.projects[\"central-0\"]","mode":"managed","type":"google_project_service","name":"project_services","index":"monitoring.googleapis.com","provider_name":"registry.terraform.io/hashicorp/google","change":{"actions":["create"],"before":null,"after":{"disable_dependent_services":false,"disable_on_destroy":false,"project":"ldj-central-0","service":"monitoring.googleapis.com","timeouts":null},"after_unknown":{"id":true},"before_sensitive":false,"after_sensitive":{}}},{"address":"module.factory.module.projects[\"central-0\"].google_project_service.project_services[\"storage.googleapis.com\"]","module_address":"module.factory.module.projects[\"central-0\"]","mode":"managed","type":"google_project_service","name":"project_services","index":"storage.googleapis.com","provider_name":"registry.terraform.io/hashicorp/google","change":{"actions":["create"],"before":null,"after":{"disable_dependent_services":false,"disable_on_destroy":false,"project":"ldj-central-0","service":"storage.googleapis.com","timeouts":null},"after_unknown":{"id":true},"before_sensitive":false,"after_sensitive":{}}},{"address":"module.factory.module.projects[\"central-0\"].google_project_service_identity.default[\"monitoring.googleapis.com\"]","module_address":"module.factory.module.projects[\"central-0\"]","mode":"managed","type":"google_project_service_identity","name":"default","index":"monitoring.googleapis.com","provider_name":"registry.terraform.io/hashicorp/google-beta","change":{"actions":["create"],"before":null,"after":{"project":"ldj-central-0","service":"monitoring.googleapis.com","timeouts":null},"after_unknown":{"email":true,"id":true,"member":true},"before_sensitive":false,"after_sensitive":{}}},{"address":"module.factory.module.projects[\"product-1\"].data.google_bigquery_default_service_account.bq_sa[0]","module_address":"module.factory.module.projects[\"product-1\"]","mode":"data","type":"google_bigquery_default_service_account","name":"bq_sa","index":0,"provider_name":"registry.terraform.io/hashicorp/google","change":{"actions":["read"],"before":null,"after":{"project":"ldj-product-1"},"after_unknown":{"email":true,"id":true,"member":true},"before_sensitive":false,"after_sensitive":{}},"action_reason":"read_because_dependency_pending"},{"address":"module.factory.module.projects[\"product-1\"].data.google_logging_project_settings.logging_sa[0]","module_address":"module.factory.module.projects[\"product-1\"]","mode":"data","type":"google_logging_project_settings","name":"logging_sa","index":0,"provider_name":"registry.terraform.io/hashicorp/google","change":{"actions":["read"],"before":null,"after":{"project":"ldj-product-1"},"after_unknown":{"disable_default_sink":true,"id":true,"kms_key_name":true,"kms_service_account_id":true,"logging_service_account_id":true,"name":true,"storage_location":true},"before_sensitive":false,"after_sensitive":{}},"action_reason":"read_because_dependency_pending"},{"address":"module.factory.module.projects[\"product-1\"].data.google_storage_project_service_account.gcs_sa[0]","module_address":"module.factory.module.projects[\"product-1\"]","mode":"data","type":"google_storage_project_service_account","name":"gcs_sa","index":0,"provider_name":"registry.terraform.io/hashicorp/google","change":{"actions":["read"],"before":null,"after":{"project":"ldj-product-1","user_project":null},"after_unknown":{"email_address":true,"id":true,"member":true},"before_sensitive":false,"after_sensitive":{}},"action_reason":"read_because_dependency_pending"},{"address":"module.factory.module.projects[\"product-1\"].google_project.project[0]","module_address":"module.factory.module.projects[\"product-1\"]","mode":"managed","type":"google_project","name":"project","index":0,"provider_name":"registry.terraform.io/hashicorp/google","change":{"actions":["create"],"before":null,"after":{"auto_create_network":false,"billing_account":"012345-67890A-BCDEF0","deletion_policy":"DELETE","effective_labels":{"goog-terraform-provisioned":"true"},"labels":null,"name":"ldj-product-1","org_id":null,"project_id":"ldj-product-1","tags":null,"terraform_labels":{"goog-terraform-provisioned":"true"},"timeouts":null},"after_unknown":{"effective_labels":{},"folder_id":true,"id":true,"number":true,"terraform_labels":{}},"before_sensitive":false,"after_sensitive":{"effective_labels":{},"terraform_labels":{}}}},{"address":"module.factory.module.projects[\"product-1\"].google_project_iam_member.service_agents[\"monitoring-notification\"]","module_address":"module.factory.module.projects[\"product-1\"]","mode":"managed","type":"google_project_iam_member","name":"service_agents","index":"monitoring-notification","provider_name":"registry.terraform.io/hashicorp/google","change":{"actions":["create"],"before":null,"after":{"condition":[],"project":"ldj-product-1","role":"roles/monitoring.notificationServiceAgent"},"after_unknown":{"condition":[],"etag":true,"id":true,"member":true},"before_sensitive":false,"after_sensitive":{"condition":[]}}},{"address":"module.factory.module.projects[\"product-1\"].google_project_service.project_services[\"bigquery.googleapis.com\"]","module_address":"module.factory.module.projects[\"product-1\"]","mode":"managed","type":"google_project_service","name":"project_services","index":"bigquery.googleapis.com","provider_name":"registry.terraform.io/hashicorp/google","change":{"actions":["create"],"before":null,"after":{"disable_dependent_services":false,"disable_on_destroy":false,"project":"ldj-product-1","service":"bigquery.googleapis.com","timeouts":null},"after_unknown":{"id":true},"before_sensitive":false,"after_sensitive":{}}},{"address":"module.factory.module.projects[\"product-1\"].google_project_service.project_services[\"logging.googleapis.com\"]","module_address":"module.factory.module.projects[\"product-1\"]","mode":"managed","type":"google_project_service","name":"project_services","index":"logging.googleapis.com","provider_name":"registry.terraform.io/hashicorp/google","change":{"actions":["create"],"before":null,"after":{"disable_dependent_services":false,"disable_on_destroy":false,"project":"ldj-product-1","service":"logging.googleapis.com","timeouts":null},"after_unknown":{"id":true},"before_sensitive":false,"after_sensitive":{}}},{"address":"module.factory.module.projects[\"product-1\"].google_project_service.project_services[\"monitoring.googleapis.com\"]","module_address":"module.factory.module.projects[\"product-1\"]","mode":"managed","type":"google_project_service","name":"project_services","index":"monitoring.googleapis.com","provider_name":"registry.terraform.io/hashicorp/google","change":{"actions":["create"],"before":null,"after":{"disable_dependent_services":false,"disable_on_destroy":false,"project":"ldj-product-1","service":"monitoring.googleapis.com","timeouts":null},"after_unknown":{"id":true},"before_sensitive":false,"after_sensitive":{}}},{"address":"module.factory.module.projects[\"product-1\"].google_project_service.project_services[\"storage.googleapis.com\"]","module_address":"module.factory.module.projects[\"product-1\"]","mode":"managed","type":"google_project_service","name":"project_services","index":"storage.googleapis.com","provider_name":"registry.terraform.io/hashicorp/google","change":{"actions":["create"],"before":null,"after":{"disable_dependent_services":false,"disable_on_destroy":false,"project":"ldj-product-1","service":"storage.googleapis.com","timeouts":null},"after_unknown":{"id":true},"before_sensitive":false,"after_sensitive":{}}},{"address":"module.factory.module.projects[\"product-1\"].google_project_service_identity.default[\"monitoring.googleapis.com\"]","module_address":"module.factory.module.projects[\"product-1\"]","mode":"managed","type":"google_project_service_identity","name":"default","index":"monitoring.googleapis.com","provider_name":"registry.terraform.io/hashicorp/google-beta","change":{"actions":["create"],"before":null,"after":{"project":"ldj-product-1","service":"monitoring.googleapis.com","timeouts":null},"after_unknown":{"email":true,"id":true,"member":true},"before_sensitive":false,"after_sensitive":{}}}],"output_changes":{"projects":{"actions":["create"],"before":null,"after":{"central-0":{"automation":{"bucket":null,"service_accounts":{}},"kms_keys":{},"log_buckets":{},"project_id":"ldj-central-0","pubsub_topics":{},"service_accounts":{},"storage_buckets":{},"workload_identity_pools":{},"workload_identity_providers":{}},"product-1":{"automation":{"bucket":null,"service_accounts":{}},"kms_keys":{},"log_buckets":{},"project_id":"ldj-product-1","pubsub_topics":{},"service_accounts":{},"storage_buckets":{},"workload_identity_pools":{},"workload_identity_providers":{}}},"after_unknown":{"central-0":{"automation":{"service_accounts":{}},"kms_keys":{},"log_buckets":{},"number":true,"pubsub_topics":{},"service_accounts":{},"storage_buckets":{},"workload_identity_pools":{},"workload_identity_providers":{}},"product-1":{"automation":{"service_accounts":{}},"kms_keys":{},"log_buckets":{},"number":true,"pubsub_topics":{},"service_accounts":{},"storage_buckets":{},"workload_identity_pools":{},"workload_identity_providers":{}}},"before_sensitive":false,"after_sensitive":false}},"configuration":{"provider_config":{"google":{"name":"google","full_name":"registry.terraform.io/hashicorp/google","expressions":{"impersonate_service_account":{"constant_value":"iac-dp-rw@ldj-prod-iac-org-0.iam.gserviceaccount.com"}}},"google-beta":{"name":"google-beta","full_name":"registry.terraform.io/hashicorp/google-beta","expressions":{"impersonate_service_account":{"constant_value":"iac-dp-rw@ldj-prod-iac-org-0.iam.gserviceaccount.com"}}},"local":{"name":"local","full_name":"registry.terraform.io/hashicorp/local"},"module.factory.module.automation-bucket:google":{"name":"google","full_name":"registry.terraform.io/hashicorp/google","version_constraint":"\u003e= 7.17.0, \u003c 8.0.0","module_address":"module.factory.module.automation-bucket"},"module.factory.module.automation-bucket:google-beta":{"name":"google-beta","full_name":"registry.terraform.io/hashicorp/google-beta","version_constraint":"\u003e= 7.17.0, \u003c 8.0.0","module_address":"module.factory.module.automation-bucket"},"module.factory.module.automation-service-accounts-iam:google":{"name":"google","full_name":"registry.terraform.io/hashicorp/google","version_constraint":"\u003e= 7.17.0, \u003c 8.0.0","module_address":"module.factory.module.automation-service-accounts-iam"},"module.factory.module.automation-service-accounts-iam:google-beta":{"name":"google-beta","full_name":"registry.terraform.io/hashicorp/google-beta","version_constraint":"\u003e= 7.17.0, \u003c 8.0.0","module_address":"module.factory.module.automation-service-accounts-iam"},"module.factory.module.automation-service-accounts:google":{"name":"google","full_name":"registry.terraform.io/hashicorp/google","version_constraint":"\u003e= 7.17.0, \u003c 8.0.0","module_address":"module.factory.module.automation-service-accounts"},"module.factory.module.automation-service-accounts:google-beta":{"name":"google-beta","full_name":"registry.terraform.io/hashicorp/google-beta","version_constraint":"\u003e= 7.17.0, \u003c 8.0.0","module_address":"module.factory.module.automation-service-accounts"},"module.factory.module.bigquery-datasets:google":{"name":"google","full_name":"registry.terraform.io/hashicorp/google","version_constraint":"\u003e= 7.17.0, \u003c 8.0.0","module_address":"module.factory.module.bigquery-datasets"},"module.factory.module.bigquery-datasets:google-beta":{"name":"google-beta","full_name":"registry.terraform.io/hashicorp/google-beta","version_constraint":"\u003e= 7.17.0, \u003c 8.0.0","module_address":"module.factory.module.bigquery-datasets"},"module.factory.module.billing-budgets:google":{"name":"google","full_name":"registry.terraform.io/hashicorp/google","version_constraint":"\u003e= 7.17.0, \u003c 8.0.0","module_address":"module.factory.module.billing-budgets"},"module.factory.module.billing-budgets:google-beta":{"name":"google-beta","full_name":"registry.terraform.io/hashicorp/google-beta","version_constraint":"\u003e= 7.17.0, \u003c 8.0.0","module_address":"module.factory.module.billing-budgets"},"module.factory.module.buckets:google":{"name":"google","full_name":"registry.terraform.io/hashicorp/google","version_constraint":"\u003e= 7.17.0, \u003c 8.0.0","module_address":"module.factory.module.buckets"},"module.factory.module.buckets:google-beta":{"name":"google-beta","full_name":"registry.terraform.io/hashicorp/google-beta","version_constraint":"\u003e= 7.17.0, \u003c 8.0.0","module_address":"module.factory.module.buckets"},"module.factory.module.folder-1-iam:google":{"name":"google","full_name":"registry.terraform.io/hashicorp/google","version_constraint":"\u003e= 7.17.0, \u003c 8.0.0","module_address":"module.factory.module.folder-1-iam"},"module.factory.module.folder-1-iam:google-beta":{"name":"google-beta","full_name":"registry.terraform.io/hashicorp/google-beta","version_constraint":"\u003e= 7.17.0, \u003c 8.0.0","module_address":"module.factory.module.folder-1-iam"},"module.factory.module.folder-1:google":{"name":"google","full_name":"registry.terraform.io/hashicorp/google","version_constraint":"\u003e= 7.17.0, \u003c 8.0.0","module_address":"module.factory.module.folder-1"},"module.factory.module.folder-1:google-beta":{"name":"google-beta","full_name":"registry.terraform.io/hashicorp/google-beta","version_constraint":"\u003e= 7.17.0, \u003c 8.0.0","module_address":"module.factory.module.folder-1"},"module.factory.module.folder-2-iam:google":{"name":"google","full_name":"registry.terraform.io/hashicorp/google","version_constraint":"\u003e= 7.17.0, \u003c 8.0.0","module_address":"module.factory.module.folder-2-iam"},"module.factory.module.folder-2-iam:google-beta":{"name":"google-beta","full_name":"registry.terraform.io/hashicorp/google-beta","version_constraint":"\u003e= 7.17.0, \u003c 8.0.0","module_address":"module.factory.module.folder-2-iam"},"module.factory.module.folder-2:google":{"name":"google","full_name":"registry.terraform.io/hashicorp/google","version_constraint":"\u003e= 7.17.0, \u003c 8.0.0","module_address":"module.factory.module.folder-2"},"module.factory.module.folder-2:google-beta":{"name":"google-beta","full_name":"registry.terraform.io/hashicorp/google-beta","version_constraint":"\u003e= 7.17.0, \u003c 8.0.0","module_address":"module.factory.module.folder-2"},"module.factory.module.folder-3-iam:google":{"name":"google","full_name":"registry.terraform.io/hashicorp/google","version_constraint":"\u003e= 7.17.0, \u003c 8.0.0","module_address":"module.factory.module.folder-3-iam"},"module.factory.module.folder-3-iam:google-beta":{"name":"google-beta","full_name":"registry.terraform.io/hashicorp/google-beta","version_constraint":"\u003e= 7.17.0, \u003c 8.0.0","module_address":"module.factory.module.folder-3-iam"},"module.factory.module.folder-3:google":{"name":"google","full_name":"registry.terraform.io/hashicorp/google","version_constraint":"\u003e= 7.17.0, \u003c 8.0.0","module_address":"module.factory.module.folder-3"},"module.factory.module.folder-3:google-beta":{"name":"google-beta","full_name":"registry.terraform.io/hashicorp/google-beta","version_constraint":"\u003e= 7.17.0, \u003c 8.0.0","module_address":"module.factory.module.folder-3"},"module.factory.module.folder-4-iam:google":{"name":"google","full_name":"registry.terraform.io/hashicorp/google","version_constraint":"\u003e= 7.17.0, \u003c 8.0.0","module_address":"module.factory.module.folder-4-iam"},"module.factory.module.folder-4-iam:google-beta":{"name":"google-beta","full_name":"registry.terraform.io/hashicorp/google-beta","version_constraint":"\u003e= 7.17.0, \u003c 8.0.0","module_address":"module.factory.module.folder-4-iam"},"module.factory.module.folder-4:google":{"name":"google","full_name":"registry.terraform.io/hashicorp/google","version_constraint":"\u003e= 7.17.0, \u003c 8.0.0","module_address":"module.factory.module.folder-4"},"module.factory.module.folder-4:google-beta":{"name":"google-beta","full_name":"registry.terraform.io/hashicorp/google-beta","version_constraint":"\u003e= 7.17.0, \u003c 8.0.0","module_address":"module.factory.module.folder-4"},"module.factory.module.kms:google":{"name":"google","full_name":"registry.terraform.io/hashicorp/google","version_constraint":"\u003e= 7.17.0, \u003c 8.0.0","module_address":"module.factory.module.kms"},"module.factory.module.kms:google-beta":{"name":"google-beta","full_name":"registry.terraform.io/hashicorp/google-beta","version_constraint":"\u003e= 7.17.0, \u003c 8.0.0","module_address":"module.factory.module.kms"},"module.factory.module.log-buckets:google":{"name":"google","full_name":"registry.terraform.io/hashicorp/google","version_constraint":"\u003e= 7.17.0, \u003c 8.0.0","module_address":"module.factory.module.log-buckets"},"module.factory.module.log-buckets:google-beta":{"name":"google-beta","full_name":"registry.terraform.io/hashicorp/google-beta","version_constraint":"\u003e= 7.17.0, \u003c 8.0.0","module_address":"module.factory.module.log-buckets"},"module.factory.module.projects-iam:google":{"name":"google","full_name":"registry.terraform.io/hashicorp/google","version_constraint":"\u003e= 7.17.0, \u003c 8.0.0","module_address":"module.factory.module.projects-iam"},"module.factory.module.projects-iam:google-beta":{"name":"google-beta","full_name":"registry.terraform.io/hashicorp/google-beta","version_constraint":"\u003e= 7.17.0, \u003c 8.0.0","module_address":"module.factory.module.projects-iam"},"module.factory.module.projects:google":{"name":"google","full_name":"registry.terraform.io/hashicorp/google","version_constraint":"\u003e= 7.17.0, \u003c 8.0.0","module_address":"module.factory.module.projects"},"module.factory.module.projects:google-beta":{"name":"google-beta","full_name":"registry.terraform.io/hashicorp/google-beta","version_constraint":"\u003e= 7.17.0, \u003c 8.0.0","module_address":"module.factory.module.projects"},"module.factory.module.pubsub:google":{"name":"google","full_name":"registry.terraform.io/hashicorp/google","version_constraint":"\u003e= 7.17.0, \u003c 8.0.0","module_address":"module.factory.module.pubsub"},"module.factory.module.pubsub:google-beta":{"name":"google-beta","full_name":"registry.terraform.io/hashicorp/google-beta","version_constraint":"\u003e= 7.17.0, \u003c 8.0.0","module_address":"module.factory.module.pubsub"},"module.factory.module.service-accounts:google":{"name":"google","full_name":"registry.terraform.io/hashicorp/google","version_constraint":"\u003e= 7.17.0, \u003c 8.0.0","module_address":"module.factory.module.service-accounts"},"module.factory.module.service-accounts:google-beta":{"name":"google-beta","full_name":"registry.terraform.io/hashicorp/google-beta","version_constraint":"\u003e= 7.17.0, \u003c 8.0.0","module_address":"module.factory.module.service-accounts"},"module.factory.module.service_accounts-iam:google":{"name":"google","full_name":"registry.terraform.io/hashicorp/google","version_constraint":"\u003e= 7.17.0, \u003c 8.0.0","module_address":"module.factory.module.service_accounts-iam"},"module.factory.module.service_accounts-iam:google-beta":{"name":"google-beta","full_name":"registry.terraform.io/hashicorp/google-beta","version_constraint":"\u003e= 7.17.0, \u003c 8.0.0","module_address":"module.factory.module.service_accounts-iam"},"module.factory:terraform":{"name":"terraform","full_name":"terraform.io/builtin/terraform","module_address":"module.factory"}},"root_module":{"outputs":{"projects":{"expression":{"references":["module.factory.projects","module.factory"]},"description":"Attributes for managed projects."}},"resources":[{"address":"google_storage_bucket_object.providers","mode":"managed","type":"google_storage_bucket_object","name":"providers","provider_config_key":"google","expressions":{"bucket":{"references":["local.of_storage_bucket"]},"content":{"references":["local.of_providers_content","each.key"]},"name":{"references":["each.value.filename","each.value"]},"source_md5hash":{"references":["local.of_providers_content","each.key"]}},"schema_version":0,"for_each_expression":{"references":["local.of_storage_bucket","local.of_providers"]}},{"address":"google_storage_bucket_object.tfvars","mode":"managed","type":"google_storage_bucket_object","name":"tfvars","provider_config_key":"google","expressions":{"bucket":{"references":["local.of_storage_bucket"]},"content":{"references":["module.factory.projects","module.factory","each.value"]},"name":{"references":["each.value"]},"source_md5hash":{"references":["module.factory.projects","module.factory","each.value"]}},"schema_version":0,"for_each_expression":{"references":["local.of_storage_bucket","local.of_tfvars_projects"]}},{"address":"google_storage_bucket_object.version","mode":"managed","type":"google_storage_bucket_object","name":"version","provider_config_key":"google","expressions":{"bucket":{"references":["var.automation.outputs_bucket","var.automation"]},"name":{"references":["var.stage_name"]},"source":{"constant_value":"fast_version.txt"},"source_md5hash":{}},"schema_version":0},{"address":"local_file.providers","mode":"managed","type":"local_file","name":"providers","provider_config_key":"local","expressions":{"content":{"references":["local.of_providers_content","each.key"]},"file_permission":{"constant_value":"0644"},"filename":{"references":["local.of_paths.local","local.of_paths","each.value.filename","each.value"]}},"schema_version":0,"for_each_expression":{"references":["local.of_paths.local","local.of_paths","local.of_providers"]}},{"address":"local_file.tfvars","mode":"managed","type":"local_file","name":"tfvars","provider_config_key":"local","expressions":{"content":{"references":["module.factory.projects","module.factory","each.value"]},"file_permission":{"constant_value":"0644"},"filename":{"references":["local.of_paths.local","local.of_paths","each.value"]}},"schema_version":0,"for_each_expression":{"references":["local.of_paths.local","local.of_paths","local.of_tfvars_projects"]}}],"module_calls":{"factory":{"source":"../../../modules/project-factory","expressions":{"context":{"references":["local.subnet_self_links","var.organization.id","var.organization","var.organization.domain","var.organization","var.organization.customer_id","var.organization","local.context.condition_vars","local.context","var.custom_roles","local.context.custom_roles","local.context","var.folder_ids","local.context.folder_ids","local.context","var.iam_principals","var.service_accounts","local.context.iam_principals","local.context","var.kms_keys","local.context.kms_keys","local.context","local.context.locations","local.context","local.context.notification_channels","local.context","var.project_ids","var.host_project_ids","local.context.project_ids","local.context","var.tag_values","local.context.tag_values","local.context","var.perimeters","local.context.vpc_sc_perimeters","local.context"]},"data_defaults":{"references":["local.project_defaults.defaults","local.project_defaults"]},"data_merges":{"references":["local.project_defaults.merges","local.project_defaults"]},"data_overrides":{"references":["local.project_defaults.overrides","local.project_defaults"]},"factories_config":{"references":["var.factories_config.dataset","var.factories_config","var.billing_account.id","var.billing_account","var.factories_config.paths","var.factories_config"]}},"module":{"outputs":{"folder_ids":{"expression":{"references":["local.folder_ids"]},"description":"Folder ids."},"iam_principals":{"expression":{"references":["local.iam_principals"]},"description":"IAM principals mappings."},"kms_keys":{"expression":{"references":["local.kms_keys"]},"description":"KMS key ids."},"log_buckets":{"expression":{"references":["local.outputs_projects"]},"description":"Log bucket ids."},"project_ids":{"expression":{"references":["local.project_ids"]},"description":"Project ids."},"project_numbers":{"expression":{"references":["local.outputs_projects"]},"description":"Project numbers."},"projects":{"expression":{"references":["local.outputs_projects"]},"description":"Project attributes."},"pubsub_topics":{"expression":{"references":["local.outputs_projects"]},"description":"PubSub topic ids."},"service_account_emails":{"expression":{"references":["local.outputs_service_accounts"]},"description":"Service account emails."},"service_account_iam_emails":{"expression":{"references":["local.outputs_service_accounts"]},"description":"Service account IAM-format emails."},"service_account_ids":{"expression":{"references":["local.outputs_service_accounts"]},"description":"Service account IDs."},"service_accounts":{"expression":{"references":["local.outputs_service_accounts"]},"description":"Service account emails."},"service_agents":{"expression":{"references":["local.projects_service_agents"]},"description":"Service agent emails."},"storage_buckets":{"expression":{"references":["local.outputs_projects","module.automation-bucket"]},"description":"Bucket names."}},"resources":[{"address":"terraform_data.defaults_preconditions","mode":"managed","type":"terraform_data","name":"defaults_preconditions","provider_config_key":"module.factory:terraform","schema_version":0},{"address":"terraform_data.project-preconditions","mode":"managed","type":"terraform_data","name":"project-preconditions","provider_config_key":"module.factory:terraform","schema_version":0}],"module_calls":{"automation-bucket":{"source":"../gcs","expressions":{"bucket_create":{"references":["each.value.create","each.value"]},"context":{"references":["local.ctx","local.ctx_project_ids","local.ctx_iam_principals","local.ctx.storage_buckets","local.ctx"]},"encryption_key":{"references":["each.value"]},"force_destroy":{"references":["local.data_defaults.overrides.bucket.force_destroy","local.data_defaults.overrides.bucket","local.data_defaults.overrides","local.data_defaults","each.value.force_destroy","each.value","local.data_defaults.defaults.force_destroy","local.data_defaults.defaults","local.data_defaults"]},"iam":{"references":["each.value"]},"iam_bindings":{"references":["each.value"]},"iam_bindings_additive":{"references":["each.value"]},"labels":{"references":["each.value"]},"lifecycle_rules":{"references":["each.value.lifecycle_rules","each.value"]},"location":{"references":["each.value.create","each.value","local.data_defaults.overrides.locations.storage","local.data_defaults.overrides.locations","local.data_defaults.overrides","local.data_defaults","each.value","local.data_defaults.defaults.locations.storage","local.data_defaults.defaults.locations","local.data_defaults.defaults","local.data_defaults"]},"logging_config":{"references":["each.value.logging_config","each.value"]},"managed_folders":{"references":["each.value"]},"name":{"references":["each.value.name","each.value"]},"prefix":{"references":["each.value.create","each.value","each.value.prefix","each.value","each.value.prefix","each.value","each.value.parent_name","each.value"]},"project_id":{"references":["each.value.automation_project","each.value"]},"retention_policy":{"references":["each.value.retention_policy","each.value"]},"soft_delete_retention":{"references":["each.value.soft_delete_retention","each.value"]},"storage_class":{"references":["each.value"]},"uniform_bucket_level_access":{"references":["each.value"]},"versioning":{"references":["each.value"]}},"for_each_expression":{"references":["local.automation_buckets"]},"module":{"outputs":{"bucket":{"expression":{"references":["google_storage_bucket.bucket"]},"description":"Bucket resource."},"id":{"expression":{"references":["local._name"]},"depends_on":["google_storage_bucket.bucket","google_storage_bucket_iam_binding.bindings","google_storage_bucket_iam_binding.authoritative","google_storage_bucket_iam_member.bindings"],"description":"Fully qualified bucket id."},"name":{"expression":{"references":["local._name"]},"depends_on":["google_storage_bucket.bucket","google_storage_bucket_iam_binding.bindings","google_storage_bucket_iam_binding.authoritative","google_storage_bucket_iam_member.bindings"],"description":"Bucket name."},"notification":{"expression":{"references":["local.notification","google_storage_notification.notification[0].self_link","google_storage_notification.notification[0]","google_storage_notification.notification"]},"description":"GCS Notification self link."},"objects":{"expression":{"references":["google_storage_bucket_object.objects"]},"description":"Objects in GCS bucket."},"topic":{"expression":{"references":["google_pubsub_topic.topic[0].id","google_pubsub_topic.topic[0]","google_pubsub_topic.topic"]},"description":"Topic ID used by GCS."},"url":{"expression":{"references":["local.bucket.url","local.bucket"]},"description":"Bucket URL."}},"resources":[{"address":"google_kms_key_handle.default","mode":"managed","type":"google_kms_key_handle","name":"default","provider_config_key":"module.factory.module.automation-bucket:google","expressions":{"location":{"references":["local.ctx.locations","local.ctx","each.value.location","each.value","each.value.location","each.value","local.location"]},"name":{"references":["each.key"]},"project":{"references":["local.project_id"]},"resource_type_selector":{"references":["each.value.resource_type_selector","each.value"]}},"schema_version":0,"for_each_expression":{"references":["var.kms_autokeys"]}},{"address":"google_pubsub_topic.topic","mode":"managed","type":"google_pubsub_topic","name":"topic","provider_config_key":"module.factory.module.automation-bucket:google","expressions":{"kms_key_name":{"references":["var.notification_config.topic_create.kms_key_id","var.notification_config.topic_create","var.notification_config"]},"name":{"references":["var.notification_config.topic_name","var.notification_config"]},"project":{"references":["local.project_id"]}},"schema_version":0,"count_expression":{"references":["local.topic_create"]}},{"address":"google_pubsub_topic_iam_binding.binding","mode":"managed","type":"google_pubsub_topic_iam_binding","name":"binding","provider_config_key":"module.factory.module.automation-bucket:google","expressions":{"members":{"references":["var.notification_config.sa_email","var.notification_config"]},"role":{"constant_value":"roles/pubsub.publisher"},"topic":{"references":["google_pubsub_topic.topic[0].id","google_pubsub_topic.topic[0]","google_pubsub_topic.topic"]}},"schema_version":0,"count_expression":{"references":["local.topic_create"]}},{"address":"google_storage_bucket.bucket","mode":"managed","type":"google_storage_bucket","name":"bucket","provider_config_key":"module.factory.module.automation-bucket:google","expressions":{"default_event_based_hold":{"references":["var.default_event_based_hold"]},"enable_object_retention":{"references":["var.enable_object_retention"]},"force_destroy":{"references":["var.force_destroy"]},"labels":{"references":["var.labels"]},"location":{"references":["local.location"]},"name":{"references":["local._name"]},"project":{"references":["local.project_id"]},"public_access_prevention":{"references":["var.public_access_prevention"]},"requester_pays":{"references":["var.requester_pays"]},"rpo":{"references":["var.rpo"]},"storage_class":{"references":["var.storage_class"]},"uniform_bucket_level_access":{"references":["var.uniform_bucket_level_access"]}},"schema_version":4,"count_expression":{"references":["var.bucket_create"]}},{"address":"google_storage_bucket_iam_binding.authoritative","mode":"managed","type":"google_storage_bucket_iam_binding","name":"authoritative","provider_config_key":"module.factory.module.automation-bucket:google","expressions":{"bucket":{"references":["local.bucket.name","local.bucket"]},"members":{"references":["each.value","local.ctx.iam_principals","local.ctx"]},"role":{"references":["local.ctx.custom_roles","local.ctx","each.key","each.key"]}},"schema_version":0,"for_each_expression":{"references":["local.iam"]}},{"address":"google_storage_bucket_iam_binding.bindings","mode":"managed","type":"google_storage_bucket_iam_binding","name":"bindings","provider_config_key":"module.factory.module.automation-bucket:google","expressions":{"bucket":{"references":["local.bucket.name","local.bucket"]},"members":{"references":["each.value.members","each.value","local.ctx.iam_principals","local.ctx"]},"role":{"references":["local.ctx.custom_roles","local.ctx","each.value.role","each.value","each.value.role","each.value"]}},"schema_version":0,"for_each_expression":{"references":["var.iam_bindings"]}},{"address":"google_storage_bucket_iam_member.bindings","mode":"managed","type":"google_storage_bucket_iam_member","name":"bindings","provider_config_key":"module.factory.module.automation-bucket:google","expressions":{"bucket":{"references":["local.bucket.name","local.bucket"]},"member":{"references":["local.ctx.iam_principals","local.ctx","each.value.member","each.value","each.value.member","each.value"]},"role":{"references":["local.ctx.custom_roles","local.ctx","each.value.role","each.value","each.value.role","each.value"]}},"schema_version":0,"for_each_expression":{"references":["var.iam_bindings_additive"]}},{"address":"google_storage_bucket_object.objects","mode":"managed","type":"google_storage_bucket_object","name":"objects","provider_config_key":"module.factory.module.automation-bucket:google","expressions":{"bucket":{"references":["local.bucket.id","local.bucket"]},"cache_control":{"references":["each.value.cache_control","each.value"]},"content":{"references":["each.value.content","each.value"]},"content_disposition":{"references":["each.value.content_disposition","each.value"]},"content_encoding":{"references":["each.value.content_encoding","each.value"]},"content_language":{"references":["each.value.content_language","each.value"]},"content_type":{"references":["each.value.content_type","each.value"]},"detect_md5hash":{"references":["each.value.detect_md5hash","each.value"]},"event_based_hold":{"references":["each.value.event_based_hold","each.value"]},"kms_key_name":{"references":["local.ctx_kms_keys","each.value.kms_key_name","each.value","each.value.kms_key_name","each.value"]},"metadata":{"references":["each.value.metadata","each.value"]},"name":{"references":["each.value.name","each.value"]},"source":{"references":["each.value.source","each.value"]},"storage_class":{"references":["each.value.storage_class","each.value"]},"temporary_hold":{"references":["each.value.temporary_hold","each.value"]}},"schema_version":0,"for_each_expression":{"references":["var.objects_to_upload"]}},{"address":"google_storage_managed_folder.folder","mode":"managed","type":"google_storage_managed_folder","name":"folder","provider_config_key":"module.factory.module.automation-bucket:google","expressions":{"bucket":{"references":["local.bucket.name","local.bucket"]},"force_destroy":{"references":["each.value.force_destroy","each.value"]},"name":{"references":["each.key"]}},"schema_version":0,"for_each_expression":{"references":["local.managed_folders"]}},{"address":"google_storage_managed_folder_iam_binding.authoritative","mode":"managed","type":"google_storage_managed_folder_iam_binding","name":"authoritative","provider_config_key":"module.factory.module.automation-bucket:google","expressions":{"bucket":{"references":["local.bucket.name","local.bucket"]},"managed_folder":{"references":["google_storage_managed_folder.folder","each.value.managed_folder","each.value"]},"members":{"references":["each.value.members","each.value","local.ctx.iam_principals","local.ctx"]},"role":{"references":["local.ctx.custom_roles","local.ctx","each.value.role","each.value","each.value.role","each.value"]}},"schema_version":0,"for_each_expression":{"references":["local.managed_folder_iam"]}},{"address":"google_storage_managed_folder_iam_binding.bindings","mode":"managed","type":"google_storage_managed_folder_iam_binding","name":"bindings","provider_config_key":"module.factory.module.automation-bucket:google","expressions":{"bucket":{"references":["local.bucket.name","local.bucket"]},"managed_folder":{"references":["google_storage_managed_folder.folder","each.value.managed_folder","each.value"]},"members":{"references":["each.value.members","each.value","local.ctx.iam_principals","local.ctx"]},"role":{"references":["local.ctx.custom_roles","local.ctx","each.value.role","each.value","each.value.role","each.value"]}},"schema_version":0,"for_each_expression":{"references":["local.managed_folder_iam_bindings"]}},{"address":"google_storage_managed_folder_iam_member.members","mode":"managed","type":"google_storage_managed_folder_iam_member","name":"members","provider_config_key":"module.factory.module.automation-bucket:google","expressions":{"bucket":{"references":["local.bucket.name","local.bucket"]},"managed_folder":{"references":["google_storage_managed_folder.folder","each.value.managed_folder","each.value"]},"member":{"references":["local.ctx.iam_principals","local.ctx","each.value.member","each.value","each.value.member","each.value"]},"role":{"references":["local.ctx.custom_roles","local.ctx","each.value.role","each.value","each.value.role","each.value"]}},"schema_version":0,"for_each_expression":{"references":["local.managed_folder_iam_bindings_additive"]}},{"address":"google_storage_notification.notification","mode":"managed","type":"google_storage_notification","name":"notification","provider_config_key":"module.factory.module.automation-bucket:google","expressions":{"bucket":{"references":["local.bucket.name","local.bucket"]},"custom_attributes":{"references":["var.notification_config.custom_attributes","var.notification_config"]},"event_types":{"references":["var.notification_config.event_types","var.notification_config"]},"object_name_prefix":{"references":["var.notification_config.object_name_prefix","var.notification_config"]},"payload_format":{"references":["var.notification_config.payload_format","var.notification_config"]},"topic":{"references":["google_pubsub_topic.topic[0].id","google_pubsub_topic.topic[0]","google_pubsub_topic.topic","var.notification_config.topic_name","var.notification_config"]}},"schema_version":1,"count_expression":{"references":["local.notification"]},"depends_on":["google_pubsub_topic_iam_binding.binding"]},{"address":"google_tags_location_tag_binding.binding","mode":"managed","type":"google_tags_location_tag_binding","name":"binding","provider_config_key":"module.factory.module.automation-bucket:google","expressions":{"location":{"references":["local.ctx.locations","local.ctx","var.location","var.location"]},"parent":{"references":["local._name"]},"tag_value":{"references":["local.ctx.tag_values","local.ctx","each.value","each.value"]}},"schema_version":0,"for_each_expression":{"references":["var.tag_bindings"]},"depends_on":["google_storage_bucket.bucket","google_storage_bucket_iam_binding.bindings"]}],"variables":{"autoclass":{"default":null,"description":"Enable autoclass to automatically transition objects to appropriate storage classes based on their access pattern. If set to true, storage_class must be set to STANDARD. Defaults to false."},"bucket_create":{"default":true,"description":"Create bucket."},"context":{"default":{"condition_vars":{},"custom_roles":{},"iam_principals":{},"kms_keys":{},"locations":{},"project_ids":{},"storage_buckets":{},"tag_values":{}},"description":"Context-specific interpolations."},"cors":{"default":null,"description":"CORS configuration for the bucket. Defaults to null."},"custom_placement_config":{"default":null,"description":"The bucket's custom location configuration, which specifies the individual regions that comprise a dual-region bucket. If the bucket is designated as REGIONAL or MULTI_REGIONAL, the parameters are empty."},"default_event_based_hold":{"default":null,"description":"Enable event based hold to new objects added to specific bucket, defaults to false."},"enable_hierarchical_namespace":{"default":null,"description":"Enables hierarchical namespace."},"enable_object_retention":{"default":null,"description":"Enables object retention on a storage bucket."},"encryption_key":{"default":null,"description":"KMS key that will be used for encryption."},"force_destroy":{"default":false,"description":"Optional map to set force destroy keyed by name, defaults to false."},"iam":{"default":{},"description":"IAM bindings in {ROLE =\u003e [MEMBERS]} format."},"iam_bindings":{"default":{},"description":"Authoritative IAM bindings in {KEY =\u003e {role = ROLE, members = [], condition = {}}}. Keys are arbitrary."},"iam_bindings_additive":{"default":{},"description":"Individual additive IAM bindings. Keys are arbitrary."},"iam_by_principals":{"default":{},"description":"Authoritative IAM binding in {PRINCIPAL =\u003e [ROLES]} format. Principals need to be statically defined to avoid cycle errors. Merged internally with the `iam` variable."},"ip_filter":{"default":null,"description":"The bucket's IP filter configuration."},"kms_autokeys":{"default":{},"description":"KMS Autokey key handles. If location is not specified the bucket location will be used. Key handle names will be added to the kms_keys context with an `autokeys/` prefix."},"labels":{"default":{},"description":"Labels to be attached to all buckets."},"lifecycle_rules":{"default":{},"description":"Bucket lifecycle rule."},"location":{"default":null,"description":"Bucket location."},"logging_config":{"default":null,"description":"Bucket logging configuration."},"managed_folders":{"default":{},"description":"Managed folders to create within the bucket in {PATH =\u003e CONFIG} format."},"name":{"description":"Bucket name suffix."},"notification_config":{"default":null,"description":"GCS Notification configuration."},"objects_to_upload":{"default":{},"description":"Objects to be uploaded to bucket."},"prefix":{"default":null,"description":"Optional prefix used to generate the bucket name."},"project_id":{"default":null,"description":"Bucket project id. Only required when creating buckets, or notification config topics."},"public_access_prevention":{"default":null,"description":"Prevents public access to the bucket."},"requester_pays":{"default":null,"description":"Enables Requester Pays on a storage bucket."},"retention_policy":{"default":null,"description":"Bucket retention policy."},"rpo":{"default":null,"description":"Bucket recovery point objective."},"soft_delete_retention":{"default":null,"description":"The duration in seconds that soft-deleted objects in the bucket will be retained and cannot be permanently deleted. Set to 0 to override the default and disable."},"storage_class":{"default":"STANDARD","description":"Bucket storage class."},"tag_bindings":{"default":{},"description":"Tag bindings for this folder, in key =\u003e tag value id format."},"uniform_bucket_level_access":{"default":true,"description":"Allow using object ACLs (false) or not (true, this is the recommended behavior) , defaults to true (which is the recommended practice, but not the behavior of storage API)."},"versioning":{"default":null,"description":"Enable versioning, defaults to false."},"website":{"default":null,"description":"Bucket website."}}}},"automation-service-accounts":{"source":"../iam-service-account","expressions":{"context":{"references":["local.ctx","local.ctx_project_ids","local.ctx.iam_principals","local.ctx","local.projects_sas_iam_emails"]},"description":{"references":["each.value"]},"display_name":{"references":["each.value","each.value.name","each.value","each.value.parent","each.value"]},"iam":{"references":["each.value"]},"iam_billing_roles":{"references":["each.value"]},"iam_bindings":{"references":["each.value"]},"iam_bindings_additive":{"references":["each.value"]},"iam_folder_roles":{"references":["each.value"]},"iam_organization_roles":{"references":["each.value"]},"iam_project_roles":{"references":["each.value"]},"iam_storage_roles":{"references":["each.value"]},"name":{"references":["each.value.name","each.value"]},"prefix":{"references":["each.value.parent_name","each.value"]},"project_id":{"references":["each.value.automation_project","each.value"]}},"for_each_expression":{"references":["local.automation_sas"]},"module":{"outputs":{"email":{"expression":{"references":["local.static_email"]},"depends_on":["local.service_account"],"description":"Service account email."},"iam_email":{"expression":{"references":["local.static_iam_email"]},"depends_on":["local.service_account"],"description":"IAM-format service account email."},"id":{"expression":{"references":["local.static_id"]},"depends_on":["local.service_account"],"description":"Fully qualified service account id."},"name":{"expression":{"references":["local.static_id"]},"depends_on":["local.service_account"],"description":"Service account name."},"service_account":{"expression":{"references":["local.service_account"]},"description":"Service account resource."},"unique_id":{"expression":{"references":["local.service_account.unique_id","local.service_account"]},"description":"Fully qualified service account id."}},"resources":[{"address":"google_billing_account_iam_member.billing-roles","mode":"managed","type":"google_billing_account_iam_member","name":"billing-roles","provider_config_key":"module.factory.module.automation-service-accounts:google","expressions":{"billing_account_id":{"references":["each.value.entity","each.value"]},"member":{"references":["local.iam_email"]},"role":{"references":["local.ctx.custom_roles","local.ctx","each.value.role","each.value","each.value.role","each.value"]}},"schema_version":0,"for_each_expression":{"references":["local.iam_billing_pairs"]}},{"address":"google_folder_iam_member.folder-roles","mode":"managed","type":"google_folder_iam_member","name":"folder-roles","provider_config_key":"module.factory.module.automation-service-accounts:google","expressions":{"folder":{"references":["local.ctx.folder_ids","local.ctx","each.value.entity","each.value","each.value.entity","each.value"]},"member":{"references":["local.iam_email"]},"role":{"references":["local.ctx.custom_roles","local.ctx","each.value.role","each.value","each.value.role","each.value"]}},"schema_version":0,"for_each_expression":{"references":["local.iam_folder_pairs"]}},{"address":"google_organization_iam_member.organization-roles","mode":"managed","type":"google_organization_iam_member","name":"organization-roles","provider_config_key":"module.factory.module.automation-service-accounts:google","expressions":{"member":{"references":["local.iam_email"]},"org_id":{"references":["each.value.entity","each.value"]},"role":{"references":["local.ctx.custom_roles","local.ctx","each.value.role","each.value","each.value.role","each.value"]}},"schema_version":0,"for_each_expression":{"references":["local.iam_organization_pairs"]}},{"address":"google_project_iam_member.project-roles","mode":"managed","type":"google_project_iam_member","name":"project-roles","provider_config_key":"module.factory.module.automation-service-accounts:google","expressions":{"member":{"references":["local.iam_email"]},"project":{"references":["local.ctx.project_ids","local.ctx","each.value.entity","each.value","each.value.entity","each.value"]},"role":{"references":["local.ctx.custom_roles","local.ctx","each.value.role","each.value","each.value.role","each.value"]}},"schema_version":0,"for_each_expression":{"references":["local.iam_project_pairs"]}},{"address":"google_service_account.service_account","mode":"managed","type":"google_service_account","name":"service_account","provider_config_key":"module.factory.module.automation-service-accounts:google","expressions":{"account_id":{"references":["local.prefix","local.name"]},"create_ignore_already_exists":{"references":["var.create_ignore_already_exists"]},"description":{"references":["var.description"]},"display_name":{"references":["var.display_name"]},"project":{"references":["local.project_id"]}},"schema_version":0,"count_expression":{"references":["var.service_account_reuse"]}},{"address":"google_service_account_iam_binding.authoritative","mode":"managed","type":"google_service_account_iam_binding","name":"authoritative","provider_config_key":"module.factory.module.automation-service-accounts:google","expressions":{"members":{"references":["each.value","local.ctx.iam_principals","local.ctx"]},"role":{"references":["local.ctx.custom_roles","local.ctx","each.key","each.key"]},"service_account_id":{"references":["local.service_account.name","local.service_account","local.static_id"]}},"schema_version":0,"for_each_expression":{"references":["local.iam"]}},{"address":"google_service_account_iam_binding.bindings","mode":"managed","type":"google_service_account_iam_binding","name":"bindings","provider_config_key":"module.factory.module.automation-service-accounts:google","expressions":{"members":{"references":["each.value.members","each.value","local.ctx.iam_principals","local.ctx"]},"role":{"references":["local.ctx.custom_roles","local.ctx","each.value.role","each.value","each.value.role","each.value"]},"service_account_id":{"references":["local.service_account.name","local.service_account","local.static_id"]}},"schema_version":0,"for_each_expression":{"references":["var.iam_bindings"]}},{"address":"google_service_account_iam_member.additive","mode":"managed","type":"google_service_account_iam_member","name":"additive","provider_config_key":"module.factory.module.automation-service-accounts:google","expressions":{"member":{"references":["local.iam_email"]},"role":{"references":["local.ctx.custom_roles","local.ctx","each.value.role","each.value","each.value.role","each.value"]},"service_account_id":{"references":["local.ctx.service_account_ids","local.ctx","each.value.entity","each.value","each.value.entity","each.value"]}},"schema_version":0,"for_each_expression":{"references":["local.iam_sa_pairs"]}},{"address":"google_service_account_iam_member.bindings","mode":"managed","type":"google_service_account_iam_member","name":"bindings","provider_config_key":"module.factory.module.automation-service-accounts:google","expressions":{"member":{"references":["local.ctx.iam_principals","local.ctx","each.value.member","each.value","each.value.member","each.value"]},"role":{"references":["local.ctx.custom_roles","local.ctx","each.value.role","each.value","each.value.role","each.value"]},"service_account_id":{"references":["local.service_account.name","local.service_account","local.static_id"]}},"schema_version":0,"for_each_expression":{"references":["local.iam_bindings_additive"]}},{"address":"google_storage_bucket_iam_member.bucket-roles","mode":"managed","type":"google_storage_bucket_iam_member","name":"bucket-roles","provider_config_key":"module.factory.module.automation-service-accounts:google","expressions":{"bucket":{"references":["local.ctx.storage_buckets","local.ctx","each.value.entity","each.value","each.value.entity","each.value"]},"member":{"references":["local.iam_email"]},"role":{"references":["local.ctx.custom_roles","local.ctx","each.value.role","each.value","each.value.role","each.value"]}},"schema_version":0,"for_each_expression":{"references":["local.iam_storage_pairs"]}},{"address":"google_tags_tag_binding.binding","mode":"managed","type":"google_tags_tag_binding","name":"binding","provider_config_key":"module.factory.module.automation-service-accounts:google","expressions":{"parent":{"references":["var.project_number","var.project_id","local.service_account.unique_id","local.service_account"]},"tag_value":{"references":["local.ctx.tag_values","local.ctx","each.value","each.value"]}},"schema_version":0,"for_each_expression":{"references":["local.tag_bindings"]}},{"address":"data.google_service_account.service_account","mode":"data","type":"google_service_account","name":"service_account","provider_config_key":"module.factory.module.automation-service-accounts:google","expressions":{"account_id":{"references":["local.prefix","local.name"]},"project":{"references":["local.project_id","local.project_id","local.project_id"]}},"schema_version":0,"count_expression":{"references":["local.use_data_source"]}}],"variables":{"context":{"default":{"condition_vars":{},"custom_roles":{},"folder_ids":{},"iam_principals":{},"project_ids":{},"service_account_ids":{},"storage_buckets":{},"tag_values":{}},"description":"External context used in replacements."},"create_ignore_already_exists":{"default":null,"description":"If set to true, skip service account creation if a service account with the same email already exists."},"description":{"default":null,"description":"Optional description."},"display_name":{"default":"Terraform-managed.","description":"Display name of the service account to create."},"iam":{"default":{},"description":"IAM bindings in {ROLE =\u003e [MEMBERS]} format."},"iam_billing_roles":{"default":{},"description":"Billing account roles granted to this service account, by billing account id. Non-authoritative."},"iam_bindings":{"default":{},"description":"Authoritative IAM bindings in {KEY =\u003e {role = ROLE, members = [], condition = {}}}. Keys are arbitrary."},"iam_bindings_additive":{"default":{},"description":"Individual additive IAM bindings. Keys are arbitrary."},"iam_by_principals":{"default":{},"description":"Authoritative IAM binding in {PRINCIPAL =\u003e [ROLES]} format. Principals need to be statically defined to avoid errors. Merged internally with the `iam` variable."},"iam_by_principals_additive":{"default":{},"description":"Additive IAM binding in {PRINCIPAL =\u003e [ROLES]} format. Principals need to be statically defined to avoid errors. Merged internally with the `iam_bindings_additive` variable."},"iam_folder_roles":{"default":{},"description":"Folder roles granted to this service account, by folder id. Non-authoritative."},"iam_organization_roles":{"default":{},"description":"Organization roles granted to this service account, by organization id. Non-authoritative."},"iam_project_roles":{"default":{},"description":"Project roles granted to this service account, by project id."},"iam_sa_roles":{"default":{},"description":"Service account roles granted to this service account, by service account name."},"iam_storage_roles":{"default":{},"description":"Storage roles granted to this service account, by bucket name."},"name":{"description":"Name of the service account to create."},"prefix":{"default":null,"description":"Prefix applied to service account names."},"project_id":{"default":null,"description":"Project id where service account will be created. This can be left null when reusing service accounts."},"project_number":{"default":null,"description":"Project number of var.project_id. Set this to avoid permadiffs when creating tag bindings. This can be left null when reusing service accounts and tags are not used."},"service_account_reuse":{"default":null,"description":"Reuse existing service account if not null. Data source can be forced disabled if tag bindings are not used, or unique id is set."},"tag_bindings":{"default":{},"description":"Tag bindings for this service accounts, in key =\u003e tag value id format."}}}},"automation-service-accounts-iam":{"source":"../iam-service-account","expressions":{"context":{"references":["local.ctx","local.projects_sas_ids"]},"iam_sa_roles":{"references":["each.value"]},"name":{"references":["module.automation-service-accounts","each.key"]},"project_id":{"references":["module.automation-service-accounts","each.key"]},"service_account_reuse":{"constant_value":{"use_data_source":false}}},"for_each_expression":{"references":["local.automation_sas"]},"module":{"outputs":{"email":{"expression":{"references":["local.static_email"]},"depends_on":["local.service_account"],"description":"Service account email."},"iam_email":{"expression":{"references":["local.static_iam_email"]},"depends_on":["local.service_account"],"description":"IAM-format service account email."},"id":{"expression":{"references":["local.static_id"]},"depends_on":["local.service_account"],"description":"Fully qualified service account id."},"name":{"expression":{"references":["local.static_id"]},"depends_on":["local.service_account"],"description":"Service account name."},"service_account":{"expression":{"references":["local.service_account"]},"description":"Service account resource."},"unique_id":{"expression":{"references":["local.service_account.unique_id","local.service_account"]},"description":"Fully qualified service account id."}},"resources":[{"address":"google_billing_account_iam_member.billing-roles","mode":"managed","type":"google_billing_account_iam_member","name":"billing-roles","provider_config_key":"module.factory.module.automation-service-accounts-iam:google","expressions":{"billing_account_id":{"references":["each.value.entity","each.value"]},"member":{"references":["local.iam_email"]},"role":{"references":["local.ctx.custom_roles","local.ctx","each.value.role","each.value","each.value.role","each.value"]}},"schema_version":0,"for_each_expression":{"references":["local.iam_billing_pairs"]}},{"address":"google_folder_iam_member.folder-roles","mode":"managed","type":"google_folder_iam_member","name":"folder-roles","provider_config_key":"module.factory.module.automation-service-accounts-iam:google","expressions":{"folder":{"references":["local.ctx.folder_ids","local.ctx","each.value.entity","each.value","each.value.entity","each.value"]},"member":{"references":["local.iam_email"]},"role":{"references":["local.ctx.custom_roles","local.ctx","each.value.role","each.value","each.value.role","each.value"]}},"schema_version":0,"for_each_expression":{"references":["local.iam_folder_pairs"]}},{"address":"google_organization_iam_member.organization-roles","mode":"managed","type":"google_organization_iam_member","name":"organization-roles","provider_config_key":"module.factory.module.automation-service-accounts-iam:google","expressions":{"member":{"references":["local.iam_email"]},"org_id":{"references":["each.value.entity","each.value"]},"role":{"references":["local.ctx.custom_roles","local.ctx","each.value.role","each.value","each.value.role","each.value"]}},"schema_version":0,"for_each_expression":{"references":["local.iam_organization_pairs"]}},{"address":"google_project_iam_member.project-roles","mode":"managed","type":"google_project_iam_member","name":"project-roles","provider_config_key":"module.factory.module.automation-service-accounts-iam:google","expressions":{"member":{"references":["local.iam_email"]},"project":{"references":["local.ctx.project_ids","local.ctx","each.value.entity","each.value","each.value.entity","each.value"]},"role":{"references":["local.ctx.custom_roles","local.ctx","each.value.role","each.value","each.value.role","each.value"]}},"schema_version":0,"for_each_expression":{"references":["local.iam_project_pairs"]}},{"address":"google_service_account.service_account","mode":"managed","type":"google_service_account","name":"service_account","provider_config_key":"module.factory.module.automation-service-accounts-iam:google","expressions":{"account_id":{"references":["local.prefix","local.name"]},"create_ignore_already_exists":{"references":["var.create_ignore_already_exists"]},"description":{"references":["var.description"]},"display_name":{"references":["var.display_name"]},"project":{"references":["local.project_id"]}},"schema_version":0,"count_expression":{"references":["var.service_account_reuse"]}},{"address":"google_service_account_iam_binding.authoritative","mode":"managed","type":"google_service_account_iam_binding","name":"authoritative","provider_config_key":"module.factory.module.automation-service-accounts-iam:google","expressions":{"members":{"references":["each.value","local.ctx.iam_principals","local.ctx"]},"role":{"references":["local.ctx.custom_roles","local.ctx","each.key","each.key"]},"service_account_id":{"references":["local.service_account.name","local.service_account","local.static_id"]}},"schema_version":0,"for_each_expression":{"references":["local.iam"]}},{"address":"google_service_account_iam_binding.bindings","mode":"managed","type":"google_service_account_iam_binding","name":"bindings","provider_config_key":"module.factory.module.automation-service-accounts-iam:google","expressions":{"members":{"references":["each.value.members","each.value","local.ctx.iam_principals","local.ctx"]},"role":{"references":["local.ctx.custom_roles","local.ctx","each.value.role","each.value","each.value.role","each.value"]},"service_account_id":{"references":["local.service_account.name","local.service_account","local.static_id"]}},"schema_version":0,"for_each_expression":{"references":["var.iam_bindings"]}},{"address":"google_service_account_iam_member.additive","mode":"managed","type":"google_service_account_iam_member","name":"additive","provider_config_key":"module.factory.module.automation-service-accounts-iam:google","expressions":{"member":{"references":["local.iam_email"]},"role":{"references":["local.ctx.custom_roles","local.ctx","each.value.role","each.value","each.value.role","each.value"]},"service_account_id":{"references":["local.ctx.service_account_ids","local.ctx","each.value.entity","each.value","each.value.entity","each.value"]}},"schema_version":0,"for_each_expression":{"references":["local.iam_sa_pairs"]}},{"address":"google_service_account_iam_member.bindings","mode":"managed","type":"google_service_account_iam_member","name":"bindings","provider_config_key":"module.factory.module.automation-service-accounts-iam:google","expressions":{"member":{"references":["local.ctx.iam_principals","local.ctx","each.value.member","each.value","each.value.member","each.value"]},"role":{"references":["local.ctx.custom_roles","local.ctx","each.value.role","each.value","each.value.role","each.value"]},"service_account_id":{"references":["local.service_account.name","local.service_account","local.static_id"]}},"schema_version":0,"for_each_expression":{"references":["local.iam_bindings_additive"]}},{"address":"google_storage_bucket_iam_member.bucket-roles","mode":"managed","type":"google_storage_bucket_iam_member","name":"bucket-roles","provider_config_key":"module.factory.module.automation-service-accounts-iam:google","expressions":{"bucket":{"references":["local.ctx.storage_buckets","local.ctx","each.value.entity","each.value","each.value.entity","each.value"]},"member":{"references":["local.iam_email"]},"role":{"references":["local.ctx.custom_roles","local.ctx","each.value.role","each.value","each.value.role","each.value"]}},"schema_version":0,"for_each_expression":{"references":["local.iam_storage_pairs"]}},{"address":"google_tags_tag_binding.binding","mode":"managed","type":"google_tags_tag_binding","name":"binding","provider_config_key":"module.factory.module.automation-service-accounts-iam:google","expressions":{"parent":{"references":["var.project_number","var.project_id","local.service_account.unique_id","local.service_account"]},"tag_value":{"references":["local.ctx.tag_values","local.ctx","each.value","each.value"]}},"schema_version":0,"for_each_expression":{"references":["local.tag_bindings"]}},{"address":"data.google_service_account.service_account","mode":"data","type":"google_service_account","name":"service_account","provider_config_key":"module.factory.module.automation-service-accounts-iam:google","expressions":{"account_id":{"references":["local.prefix","local.name"]},"project":{"references":["local.project_id","local.project_id","local.project_id"]}},"schema_version":0,"count_expression":{"references":["local.use_data_source"]}}],"variables":{"context":{"default":{"condition_vars":{},"custom_roles":{},"folder_ids":{},"iam_principals":{},"project_ids":{},"service_account_ids":{},"storage_buckets":{},"tag_values":{}},"description":"External context used in replacements."},"create_ignore_already_exists":{"default":null,"description":"If set to true, skip service account creation if a service account with the same email already exists."},"description":{"default":null,"description":"Optional description."},"display_name":{"default":"Terraform-managed.","description":"Display name of the service account to create."},"iam":{"default":{},"description":"IAM bindings in {ROLE =\u003e [MEMBERS]} format."},"iam_billing_roles":{"default":{},"description":"Billing account roles granted to this service account, by billing account id. Non-authoritative."},"iam_bindings":{"default":{},"description":"Authoritative IAM bindings in {KEY =\u003e {role = ROLE, members = [], condition = {}}}. Keys are arbitrary."},"iam_bindings_additive":{"default":{},"description":"Individual additive IAM bindings. Keys are arbitrary."},"iam_by_principals":{"default":{},"description":"Authoritative IAM binding in {PRINCIPAL =\u003e [ROLES]} format. Principals need to be statically defined to avoid errors. Merged internally with the `iam` variable."},"iam_by_principals_additive":{"default":{},"description":"Additive IAM binding in {PRINCIPAL =\u003e [ROLES]} format. Principals need to be statically defined to avoid errors. Merged internally with the `iam_bindings_additive` variable."},"iam_folder_roles":{"default":{},"description":"Folder roles granted to this service account, by folder id. Non-authoritative."},"iam_organization_roles":{"default":{},"description":"Organization roles granted to this service account, by organization id. Non-authoritative."},"iam_project_roles":{"default":{},"description":"Project roles granted to this service account, by project id."},"iam_sa_roles":{"default":{},"description":"Service account roles granted to this service account, by service account name."},"iam_storage_roles":{"default":{},"description":"Storage roles granted to this service account, by bucket name."},"name":{"description":"Name of the service account to create."},"prefix":{"default":null,"description":"Prefix applied to service account names."},"project_id":{"default":null,"description":"Project id where service account will be created. This can be left null when reusing service accounts."},"project_number":{"default":null,"description":"Project number of var.project_id. Set this to avoid permadiffs when creating tag bindings. This can be left null when reusing service accounts and tags are not used."},"service_account_reuse":{"default":null,"description":"Reuse existing service account if not null. Data source can be forced disabled if tag bindings are not used, or unique id is set."},"tag_bindings":{"default":{},"description":"Tag bindings for this service accounts, in key =\u003e tag value id format."}}}},"bigquery-datasets":{"source":"../bigquery-dataset","expressions":{"context":{"references":["local.ctx","local.ctx.iam_principals","local.ctx","local.projects_sas_iam_emails","local.automation_sas_iam_emails","local.self_sas_iam_emails","each.value.project_key","each.value","local.ctx.kms_keys","local.ctx","local.kms_keys","local.kms_autokeys","local.ctx.locations","local.ctx","local.ctx_project_ids","local.ctx_tag_keys","local.ctx_tag_values"]},"encryption_key":{"references":["each.value.encryption_key","each.value"]},"friendly_name":{"references":["each.value.friendly_name","each.value"]},"iam":{"references":["each.value.iam","each.value"]},"iam_bindings":{"references":["each.value.iam_bindings","each.value"]},"iam_bindings_additive":{"references":["each.value.iam_bindings_additive","each.value"]},"iam_by_principals":{"references":["each.value.iam_by_principals","each.value"]},"id":{"references":["each.value.id","each.value"]},"location":{"references":["local.data_defaults.overrides.locations.bigquery","local.data_defaults.overrides.locations","local.data_defaults.overrides","local.data_defaults","each.value","local.data_defaults.defaults.locations.bigquery","local.data_defaults.defaults.locations","local.data_defaults.defaults","local.data_defaults"]},"options":{"references":["each.value.options","each.value"]},"project_id":{"references":["module.projects-iam","each.value.project_key","each.value"]},"tag_bindings":{"references":["each.value.tag_bindings","each.value"]}},"for_each_expression":{"references":["local.projects_bigquery_datasets"]},"module":{"outputs":{"dataset":{"expression":{"references":["google_bigquery_dataset.default"]},"description":"Dataset resource."},"dataset_id":{"expression":{"references":["google_bigquery_dataset.default.dataset_id","google_bigquery_dataset.default"]},"depends_on":["google_bigquery_dataset_access.authorized_datasets","google_bigquery_dataset_access.authorized_routines","google_bigquery_dataset_access.authorized_views","google_bigquery_dataset_access.domain","google_bigquery_dataset_access.group_by_email","google_bigquery_dataset_access.special_group","google_bigquery_dataset_access.user_by_email","google_bigquery_dataset_iam_binding.bindings"],"description":"Dataset id."},"id":{"expression":{"references":["google_bigquery_dataset.default.id","google_bigquery_dataset.default"]},"depends_on":["google_bigquery_dataset_access.authorized_datasets","google_bigquery_dataset_access.authorized_routines","google_bigquery_dataset_access.authorized_views","google_bigquery_dataset_access.domain","google_bigquery_dataset_access.group_by_email","google_bigquery_dataset_access.special_group","google_bigquery_dataset_access.user_by_email","google_bigquery_dataset_iam_binding.bindings"],"description":"Fully qualified dataset id."},"materialized_view_ids":{"expression":{"references":["google_bigquery_table.materialized_view"]},"description":"Map of fully qualified materialized view ids keyed by view ids."},"materialized_views":{"expression":{"references":["google_bigquery_table.materialized_view"]},"description":"Materialized view resources."},"routine_ids":{"expression":{"references":["google_bigquery_routine.default"]},"description":"Map of fully qualified routine ids keyed by routine ids."},"routines":{"expression":{"references":["google_bigquery_routine.default"]},"description":"Routine resources."},"self_link":{"expression":{"references":["google_bigquery_dataset.default.self_link","google_bigquery_dataset.default"]},"depends_on":["google_bigquery_dataset_access.authorized_datasets","google_bigquery_dataset_access.authorized_routines","google_bigquery_dataset_access.authorized_views","google_bigquery_dataset_access.domain","google_bigquery_dataset_access.group_by_email","google_bigquery_dataset_access.special_group","google_bigquery_dataset_access.user_by_email","google_bigquery_dataset_iam_binding.bindings"],"description":"Dataset self link."},"table_ids":{"expression":{"references":["google_bigquery_table.default"]},"description":"Map of fully qualified table ids keyed by table ids."},"tables":{"expression":{"references":["google_bigquery_table.default"]},"description":"Table resources."},"view_ids":{"expression":{"references":["google_bigquery_table.views"]},"description":"Map of fully qualified view ids keyed by view ids."},"views":{"expression":{"references":["google_bigquery_table.views"]},"description":"View resources."}},"resources":[{"address":"google_bigquery_dataset.default","mode":"managed","type":"google_bigquery_dataset","name":"default","provider_config_key":"module.factory.module.bigquery-datasets:google","expressions":{"dataset_id":{"references":["var.id"]},"default_collation":{"references":["var.options.default_collation","var.options"]},"default_partition_expiration_ms":{"references":["var.options.default_partition_expiration_ms","var.options"]},"default_table_expiration_ms":{"references":["var.options.default_table_expiration_ms","var.options"]},"delete_contents_on_destroy":{"references":["var.options.delete_contents_on_destroy","var.options"]},"description":{"references":["var.description"]},"friendly_name":{"references":["var.friendly_name"]},"is_case_insensitive":{"references":["var.options.is_case_insensitive","var.options"]},"labels":{"references":["var.labels"]},"location":{"references":["local.location"]},"max_time_travel_hours":{"references":["var.options.max_time_travel_hours","var.options"]},"project":{"references":["local.project_id"]},"storage_billing_model":{"references":["var.options.storage_billing_model","var.options"]}},"schema_version":0},{"address":"google_bigquery_dataset_access.authorized_datasets","mode":"managed","type":"google_bigquery_dataset_access","name":"authorized_datasets","provider_config_key":"module.factory.module.bigquery-datasets:google","expressions":{"dataset":[{"dataset":[{"dataset_id":{"references":["each.value.dataset_id","each.value"]},"project_id":{"references":["local.ctx.project_ids","local.ctx","each.value.project_id","each.value","each.value.project_id","each.value"]}}],"target_types":{"constant_value":["VIEWS"]}}],"dataset_id":{"references":["google_bigquery_dataset.default.dataset_id","google_bigquery_dataset.default"]},"project":{"references":["local.project_id"]}},"schema_version":0,"for_each_expression":{"references":["var.dataset_access","local.authorized_datasets"]}},{"address":"google_bigquery_dataset_access.authorized_routines","mode":"managed","type":"google_bigquery_dataset_access","name":"authorized_routines","provider_config_key":"module.factory.module.bigquery-datasets:google","expressions":{"dataset_id":{"references":["google_bigquery_dataset.default.dataset_id","google_bigquery_dataset.default"]},"project":{"references":["local.project_id"]},"routine":[{"dataset_id":{"references":["each.value.dataset_id","each.value"]},"project_id":{"references":["local.ctx.project_ids","local.ctx","each.value.project_id","each.value","each.value.project_id","each.value"]},"routine_id":{"references":["each.value.routine_id","each.value"]}}]},"schema_version":0,"for_each_expression":{"references":["var.dataset_access","local.authorized_routines"]}},{"address":"google_bigquery_dataset_access.authorized_views","mode":"managed","type":"google_bigquery_dataset_access","name":"authorized_views","provider_config_key":"module.factory.module.bigquery-datasets:google","expressions":{"dataset_id":{"references":["google_bigquery_dataset.default.dataset_id","google_bigquery_dataset.default"]},"project":{"references":["local.project_id"]},"view":[{"dataset_id":{"references":["each.value.dataset_id","each.value"]},"project_id":{"references":["local.ctx.project_ids","local.ctx","each.value.project_id","each.value","each.value.project_id","each.value"]},"table_id":{"references":["each.value.table_id","each.value"]}}]},"schema_version":0,"for_each_expression":{"references":["var.dataset_access","local.authorized_views"]}},{"address":"google_bigquery_dataset_access.domain","mode":"managed","type":"google_bigquery_dataset_access","name":"domain","provider_config_key":"module.factory.module.bigquery-datasets:google-beta","expressions":{"dataset_id":{"references":["google_bigquery_dataset.default.dataset_id","google_bigquery_dataset.default"]},"domain":{"references":["var.access_identities","each.key"]},"project":{"references":["local.project_id"]},"role":{"references":["each.value.role","each.value"]}},"schema_version":0,"for_each_expression":{"references":["var.dataset_access","local.access_domain"]}},{"address":"google_bigquery_dataset_access.group_by_email","mode":"managed","type":"google_bigquery_dataset_access","name":"group_by_email","provider_config_key":"module.factory.module.bigquery-datasets:google-beta","expressions":{"dataset_id":{"references":["google_bigquery_dataset.default.dataset_id","google_bigquery_dataset.default"]},"group_by_email":{"references":["var.access_identities","each.key"]},"project":{"references":["local.project_id"]},"role":{"references":["each.value.role","each.value"]}},"schema_version":0,"for_each_expression":{"references":["var.dataset_access","local.access_group"]}},{"address":"google_bigquery_dataset_access.special_group","mode":"managed","type":"google_bigquery_dataset_access","name":"special_group","provider_config_key":"module.factory.module.bigquery-datasets:google-beta","expressions":{"dataset_id":{"references":["google_bigquery_dataset.default.dataset_id","google_bigquery_dataset.default"]},"project":{"references":["local.project_id"]},"role":{"references":["each.value.role","each.value"]},"special_group":{"references":["var.access_identities","each.key"]}},"schema_version":0,"for_each_expression":{"references":["var.dataset_access","local.access_special"]}},{"address":"google_bigquery_dataset_access.user_by_email","mode":"managed","type":"google_bigquery_dataset_access","name":"user_by_email","provider_config_key":"module.factory.module.bigquery-datasets:google-beta","expressions":{"dataset_id":{"references":["google_bigquery_dataset.default.dataset_id","google_bigquery_dataset.default"]},"project":{"references":["local.project_id"]},"role":{"references":["each.value.role","each.value"]},"user_by_email":{"references":["var.access_identities","each.key"]}},"schema_version":0,"for_each_expression":{"references":["var.dataset_access","local.access_user"]}},{"address":"google_bigquery_dataset_iam_binding.authoritative","mode":"managed","type":"google_bigquery_dataset_iam_binding","name":"authoritative","provider_config_key":"module.factory.module.bigquery-datasets:google","expressions":{"dataset_id":{"references":["google_bigquery_dataset.default.dataset_id","google_bigquery_dataset.default"]},"members":{"references":["each.value","local.ctx.iam_principals","local.ctx"]},"project":{"references":["local.project_id"]},"role":{"references":["local.ctx.custom_roles","local.ctx","each.key","each.key"]}},"schema_version":0,"for_each_expression":{"references":["local.iam"]}},{"address":"google_bigquery_dataset_iam_binding.bindings","mode":"managed","type":"google_bigquery_dataset_iam_binding","name":"bindings","provider_config_key":"module.factory.module.bigquery-datasets:google","expressions":{"dataset_id":{"references":["google_bigquery_dataset.default.dataset_id","google_bigquery_dataset.default"]},"members":{"references":["each.value.members","each.value","local.ctx.iam_principals","local.ctx"]},"project":{"references":["local.project_id"]},"role":{"references":["local.ctx.custom_roles","local.ctx","each.value.role","each.value","each.value.role","each.value"]}},"schema_version":0,"for_each_expression":{"references":["var.iam_bindings"]}},{"address":"google_bigquery_dataset_iam_member.bindings","mode":"managed","type":"google_bigquery_dataset_iam_member","name":"bindings","provider_config_key":"module.factory.module.bigquery-datasets:google","expressions":{"dataset_id":{"references":["google_bigquery_dataset.default.dataset_id","google_bigquery_dataset.default"]},"member":{"references":["local.ctx.iam_principals","local.ctx","each.value.member","each.value","each.value.member","each.value"]},"project":{"references":["local.project_id"]},"role":{"references":["local.ctx.custom_roles","local.ctx","each.value.role","each.value","each.value.role","each.value"]}},"schema_version":0,"for_each_expression":{"references":["var.iam_bindings_additive"]}},{"address":"google_bigquery_routine.default","mode":"managed","type":"google_bigquery_routine","name":"default","provider_config_key":"module.factory.module.bigquery-datasets:google","expressions":{"data_governance_type":{"references":["each.value.data_governance_type","each.value"]},"dataset_id":{"references":["google_bigquery_dataset.default.dataset_id","google_bigquery_dataset.default"]},"definition_body":{"references":["each.value.definition_body","each.value"]},"description":{"references":["each.value.description","each.value"]},"determinism_level":{"references":["each.value.determinism_level","each.value"]},"imported_libraries":{"references":["each.value.imported_libraries","each.value"]},"language":{"references":["each.value.language","each.value"]},"project":{"references":["local.project_id"]},"return_table_type":{"references":["each.value.return_table_type","each.value"]},"return_type":{"references":["each.value.return_type","each.value"]},"routine_id":{"references":["each.key"]},"routine_type":{"references":["each.value.routine_type","each.value"]}},"schema_version":0,"for_each_expression":{"references":["var.routines"]}},{"address":"google_bigquery_table.default","mode":"managed","type":"google_bigquery_table","name":"default","provider_config_key":"module.factory.module.bigquery-datasets:google-beta","expressions":{"clustering":{"references":["each.value.options.clustering","each.value.options","each.value"]},"dataset_id":{"references":["google_bigquery_dataset.default.dataset_id","google_bigquery_dataset.default"]},"deletion_protection":{"references":["each.value.deletion_protection","each.value"]},"description":{"references":["each.value.description","each.value"]},"expiration_time":{"references":["each.value.options.expiration_time","each.value.options","each.value"]},"friendly_name":{"references":["each.value.friendly_name","each.value"]},"labels":{"references":["each.value.labels","each.value"]},"max_staleness":{"references":["each.value.options.max_staleness","each.value.options","each.value"]},"project":{"references":["local.project_id"]},"require_partition_filter":{"references":["each.value.require_partition_filter","each.value"]},"schema":{"references":["each.value.schema","each.value"]},"table_id":{"references":["each.key"]}},"schema_version":0,"for_each_expression":{"references":["var.tables"]}},{"address":"google_bigquery_table.materialized_view","mode":"managed","type":"google_bigquery_table","name":"materialized_view","provider_config_key":"module.factory.module.bigquery-datasets:google","expressions":{"clustering":{"references":["each.value.options.clustering","each.value.options","each.value"]},"dataset_id":{"references":["google_bigquery_dataset.default.dataset_id","google_bigquery_dataset.default"]},"deletion_protection":{"references":["each.value.deletion_protection","each.value"]},"description":{"references":["each.value.description","each.value"]},"expiration_time":{"references":["each.value.options.expiration_time","each.value.options","each.value"]},"friendly_name":{"references":["each.value.friendly_name","each.value"]},"labels":{"references":["each.value.labels","each.value"]},"materialized_view":[{"allow_non_incremental_definition":{"references":["each.value.allow_non_incremental_definition","each.value"]},"enable_refresh":{"references":["each.value.enable_refresh","each.value"]},"query":{"references":["each.value.query","each.value"]},"refresh_interval_ms":{"references":["each.value.refresh_interval_ms","each.value"]}}],"project":{"references":["local.project_id"]},"require_partition_filter":{"references":["each.value.require_partition_filter","each.value"]},"table_id":{"references":["each.key"]}},"schema_version":0,"for_each_expression":{"references":["var.materialized_views"]},"depends_on":["google_bigquery_table.default"]},{"address":"google_bigquery_table.views","mode":"managed","type":"google_bigquery_table","name":"views","provider_config_key":"module.factory.module.bigquery-datasets:google","expressions":{"dataset_id":{"references":["google_bigquery_dataset.default.dataset_id","google_bigquery_dataset.default"]},"deletion_protection":{"references":["each.value.deletion_protection","each.value"]},"description":{"references":["each.value.description","each.value"]},"friendly_name":{"references":["each.value.friendly_name","each.value"]},"labels":{"references":["each.value.labels","each.value"]},"project":{"references":["local.project_id"]},"schema":{"references":["each.value.schema","each.value","each.value.schema","each.value"]},"table_id":{"references":["each.key"]},"view":[{"query":{"references":["each.value.query","each.value"]},"use_legacy_sql":{"references":["each.value.use_legacy_sql","each.value"]}}]},"schema_version":0,"for_each_expression":{"references":["var.views"]},"depends_on":["google_bigquery_table.default","google_bigquery_routine.default"]},{"address":"google_tags_location_tag_binding.binding","mode":"managed","type":"google_tags_location_tag_binding","name":"binding","provider_config_key":"module.factory.module.bigquery-datasets:google","expressions":{"location":{"references":["local.ctx.locations","local.ctx","var.location","var.location"]},"parent":{"references":["google_bigquery_dataset.default.id","google_bigquery_dataset.default"]},"tag_value":{"references":["local.ctx.tag_values","local.ctx","each.value","each.value"]}},"schema_version":0,"for_each_expression":{"references":["var.tag_bindings"]}}],"variables":{"access":{"default":{},"description":"Map of access rules with role and identity type. Keys are arbitrary and must match those in the `access_identities` variable, types are `domain`, `group`, `special_group`, `user`, `view`."},"access_identities":{"default":{},"description":"Map of access identities used for basic access roles. View identities have the format 'project_id|dataset_id|table_id'."},"authorized_datasets":{"default":[],"description":"An array of datasets to be authorized on the dataset."},"authorized_routines":{"default":[],"description":"An array of routines to be authorized on the dataset."},"authorized_views":{"default":[],"description":"An array of views to be authorized on the dataset."},"context":{"default":{"condition_vars":{},"custom_roles":{},"iam_principals":{},"kms_keys":{},"locations":{},"project_ids":{},"tag_values":{}},"description":"Context-specific interpolations."},"dataset_access":{"default":false,"description":"Set access in the dataset resource instead of using separate resources."},"description":{"default":"Terraform managed.","description":"Optional description."},"encryption_key":{"default":null,"description":"Self link of the KMS key that will be used to protect destination table."},"friendly_name":{"default":null,"description":"Dataset friendly name."},"iam":{"default":{},"description":"IAM bindings in {ROLE =\u003e [MEMBERS]} format. Mutually exclusive with the access_* variables used for basic roles."},"iam_bindings":{"default":{},"description":"Authoritative IAM bindings in {KEY =\u003e {role = ROLE, members = [], condition = {}}}. Keys are arbitrary."},"iam_bindings_additive":{"default":{},"description":"Individual additive IAM bindings. Keys are arbitrary."},"iam_by_principals":{"default":{},"description":"Authoritative IAM binding in {PRINCIPAL =\u003e [ROLES]} format. Principals need to be statically defined to avoid errors. Merged internally with the `iam` variable."},"id":{"description":"Dataset id."},"labels":{"default":{},"description":"Dataset labels."},"location":{"default":"EU","description":"Dataset location."},"materialized_views":{"default":{},"description":"Materialized views definitions."},"options":{"default":{"default_collation":null,"default_partition_expiration_ms":null,"default_table_expiration_ms":null,"delete_contents_on_destroy":false,"is_case_insensitive":null,"max_time_travel_hours":168,"storage_billing_model":null},"description":"Dataset options."},"project_id":{"description":"Id of the project where datasets will be created."},"routines":{"default":{},"description":"Routine definitions."},"tables":{"default":{},"description":"Table definitions. Options and partitioning default to null. Partitioning can only use `range` or `time`, set the unused one to null."},"tag_bindings":{"default":{},"description":"Tag bindings for this dataset, in key =\u003e tag value id format."},"views":{"default":{},"description":"View definitions."}}}},"billing-budgets":{"source":"../billing-account","expressions":{"budget_notification_channels":{"references":["var.notification_channels"]},"context":{"references":["local.ctx","local.ctx.folder_ids","local.ctx","local.budget_folder_sets","local.folder_ids","local.ctx_project_ids","local.budget_project_sets","local.outputs_projects","local.ctx_project_numbers"]},"factories_config":{"references":["local.paths.budgets","local.paths"]},"id":{"references":["var.factories_config.budgets.billing_account","var.factories_config.budgets","var.factories_config"]}},"count_expression":{"references":["local.budgets_enabled"]},"module":{"outputs":{"billing_budget_ids":{"expression":{"references":["google_billing_budget.default"]},"description":"Billing budget ids."},"monitoring_notification_channel_ids":{"expression":{"references":["google_monitoring_notification_channel.default"]},"description":"Monitoring notification channel ids."}},"resources":[{"address":"google_bigquery_dataset_iam_member.bq-sinks-binding","mode":"managed","type":"google_bigquery_dataset_iam_member","name":"bq-sinks-binding","provider_config_key":"module.factory.module.billing-budgets:google","expressions":{"dataset_id":{"references":["each.value.destination","each.value"]},"member":{"references":["google_logging_billing_account_sink.sink","each.key"]},"project":{"references":["each.value.destination","each.value"]},"role":{"constant_value":"roles/bigquery.dataEditor"}},"schema_version":0,"for_each_expression":{"references":["local.sink_bindings[\"bigquery\"]","local.sink_bindings"]}},{"address":"google_billing_account_iam_binding.authoritative","mode":"managed","type":"google_billing_account_iam_binding","name":"authoritative","provider_config_key":"module.factory.module.billing-budgets:google","expressions":{"billing_account_id":{"references":["var.id"]},"members":{"references":["each.value","local.ctx.iam_principals","local.ctx"]},"role":{"references":["local.ctx.custom_roles","local.ctx","each.key","each.key"]}},"schema_version":0,"for_each_expression":{"references":["local.iam"]}},{"address":"google_billing_account_iam_binding.bindings","mode":"managed","type":"google_billing_account_iam_binding","name":"bindings","provider_config_key":"module.factory.module.billing-budgets:google","expressions":{"billing_account_id":{"references":["var.id"]},"members":{"references":["each.value.members","each.value","local.ctx.iam_principals","local.ctx"]},"role":{"references":["local.ctx.custom_roles","local.ctx","each.value.role","each.value","each.value.role","each.value"]}},"schema_version":0,"for_each_expression":{"references":["var.iam_bindings"]}},{"address":"google_billing_account_iam_member.bindings","mode":"managed","type":"google_billing_account_iam_member","name":"bindings","provider_config_key":"module.factory.module.billing-budgets:google","expressions":{"billing_account_id":{"references":["var.id"]},"member":{"references":["local.ctx.iam_principals","local.ctx","each.value.member","each.value","each.value.member","each.value"]},"role":{"references":["local.ctx.custom_roles","local.ctx","each.value.role","each.value","each.value.role","each.value"]}},"schema_version":0,"for_each_expression":{"references":["var.iam_bindings_additive"]}},{"address":"google_billing_budget.default","mode":"managed","type":"google_billing_budget","name":"default","provider_config_key":"module.factory.module.billing-budgets:google","expressions":{"billing_account":{"references":["var.id"]},"budget_filter":[{"calendar_period":{"references":["each.value.filter.period.calendar","each.value.filter.period","each.value.filter","each.value"]},"credit_types_treatment":{"references":["each.value.filter.credit_types_treatment.exclude_all","each.value.filter.credit_types_treatment","each.value.filter","each.value","each.value.filter.credit_types_treatment.include_specified","each.value.filter.credit_types_treatment","each.value.filter","each.value"]},"labels":{"references":["each.value.filter.label","each.value.filter","each.value","each.value.filter.label.key","each.value.filter.label","each.value.filter","each.value","each.value.filter.label.value","each.value.filter.label","each.value.filter","each.value"]},"projects":{"references":["each.value.filter.projects","each.value.filter","each.value","local.ctx.project_numbers","local.ctx","local.ctx.project_sets","local.ctx","each.key"]},"resource_ancestors":{"references":["each.value.filter.resource_ancestors","each.value.filter","each.value","local.ctx.folder_ids","local.ctx","local.ctx.folder_sets","local.ctx","each.key"]},"services":{"references":["each.value.filter.services","each.value.filter","each.value"]},"subaccounts":{"references":["each.value.filter.subaccounts","each.value.filter","each.value"]}}],"display_name":{"references":["each.value.display_name","each.value"]},"ownership_scope":{"references":["each.value.ownership_scope","each.value"]}},"schema_version":1,"for_each_expression":{"references":["local.factory_budgets","var.budgets"]}},{"address":"google_billing_project_info.default","mode":"managed","type":"google_billing_project_info","name":"default","provider_config_key":"module.factory.module.billing-budgets:google","expressions":{"billing_account":{"references":["var.id"]},"project":{"references":["local.ctx.project_ids","local.ctx","each.key","each.key"]}},"schema_version":0,"for_each_expression":{"references":["var.projects"]}},{"address":"google_logging_billing_account_sink.sink","mode":"managed","type":"google_logging_billing_account_sink","name":"sink","provider_config_key":"module.factory.module.billing-budgets:google","expressions":{"billing_account":{"references":["var.id"]},"description":{"references":["each.value.description","each.value","each.key"]},"destination":{"references":["each.value.type","each.value","each.value.destination","each.value"]},"disabled":{"references":["each.value.disabled","each.value"]},"filter":{"references":["each.value.filter","each.value"]},"name":{"references":["each.key"]}},"schema_version":0,"for_each_expression":{"references":["local.logging_sinks"]}},{"address":"google_monitoring_notification_channel.default","mode":"managed","type":"google_monitoring_notification_channel","name":"default","provider_config_key":"module.factory.module.billing-budgets:google","expressions":{"description":{"references":["each.value.description","each.value"]},"display_name":{"references":["each.value.display_name","each.value","each.key"]},"enabled":{"references":["each.value.enabled","each.value"]},"force_delete":{"references":["each.value.force_delete","each.value"]},"labels":{"references":["each.value.labels","each.value"]},"project":{"references":["local.ctx.project_ids","local.ctx","each.value.project_id","each.value","each.value.project_id","each.value"]},"type":{"references":["each.value.type","each.value"]},"user_labels":{"references":["each.value.user_labels","each.value"]}},"schema_version":0,"for_each_expression":{"references":["var.budget_notification_channels"]}},{"address":"google_project_iam_member.bucket-sinks-binding","mode":"managed","type":"google_project_iam_member","name":"bucket-sinks-binding","provider_config_key":"module.factory.module.billing-budgets:google","expressions":{"condition":[{"description":{"references":["google_logging_billing_account_sink.sink","each.key","each.key","var.id"]},"expression":{"references":["each.value.destination","each.value"]},"title":{"references":["each.key"]}}],"member":{"references":["google_logging_billing_account_sink.sink","each.key"]},"project":{"references":["each.value.destination","each.value"]},"role":{"constant_value":"roles/logging.bucketWriter"}},"schema_version":0,"for_each_expression":{"references":["local.sink_bindings[\"logging\"]","local.sink_bindings"]}},{"address":"google_project_iam_member.project-sinks-binding","mode":"managed","type":"google_project_iam_member","name":"project-sinks-binding","provider_config_key":"module.factory.module.billing-budgets:google","expressions":{"member":{"references":["google_logging_billing_account_sink.sink","each.key"]},"project":{"references":["each.value.destination","each.value"]},"role":{"constant_value":"roles/logging.logWriter"}},"schema_version":0,"for_each_expression":{"references":["local.sink_bindings[\"project\"]","local.sink_bindings"]}},{"address":"google_pubsub_topic_iam_member.pubsub-sinks-binding","mode":"managed","type":"google_pubsub_topic_iam_member","name":"pubsub-sinks-binding","provider_config_key":"module.factory.module.billing-budgets:google","expressions":{"member":{"references":["google_logging_billing_account_sink.sink","each.key"]},"project":{"references":["each.value.destination","each.value"]},"role":{"constant_value":"roles/pubsub.publisher"},"topic":{"references":["each.value.destination","each.value"]}},"schema_version":0,"for_each_expression":{"references":["local.sink_bindings[\"pubsub\"]","local.sink_bindings"]}},{"address":"google_storage_bucket_iam_member.gcs-sinks-binding","mode":"managed","type":"google_storage_bucket_iam_member","name":"gcs-sinks-binding","provider_config_key":"module.factory.module.billing-budgets:google","expressions":{"bucket":{"references":["each.value.destination","each.value"]},"member":{"references":["google_logging_billing_account_sink.sink","each.key"]},"role":{"constant_value":"roles/storage.objectCreator"}},"schema_version":0,"for_each_expression":{"references":["local.sink_bindings[\"storage\"]","local.sink_bindings"]}}],"variables":{"budget_notification_channels":{"default":{},"description":"Notification channels used by budget alerts."},"budgets":{"default":{},"description":"Billing budgets. Notification channels are either keys in corresponding variable, or external ids."},"context":{"default":{"custom_roles":{},"folder_ids":{},"folder_sets":{},"iam_principals":{},"notification_channels":{},"project_ids":{},"project_numbers":{},"project_sets":{},"storage_buckets":{}},"description":"Context-specific interpolations."},"factories_config":{"default":{"budgets_data_path":"data/billing-budgets"},"description":"Path to folder containing budget alerts data files."},"iam":{"default":{},"description":"IAM bindings in {ROLE =\u003e [MEMBERS]} format."},"iam_bindings":{"default":{},"description":"Authoritative IAM bindings in {KEY =\u003e {role = ROLE, members = [], condition = {}}}. Keys are arbitrary."},"iam_bindings_additive":{"default":{},"description":"Individual additive IAM bindings. Keys are arbitrary."},"iam_by_principals":{"default":{},"description":"Authoritative IAM binding in {PRINCIPAL =\u003e [ROLES]} format. Principals need to be statically defined to avoid cycle errors. Merged internally with the `iam` variable."},"id":{"description":"Billing account id."},"logging_sinks":{"default":{},"description":"Logging sinks to create for the billing account."},"projects":{"default":[],"description":"Projects associated with this billing account."}}}},"buckets":{"source":"../gcs","expressions":{"bucket_create":{"references":["each.value.create","each.value"]},"context":{"references":["local.ctx","local.ctx.iam_principals","local.ctx","local.projects_sas_iam_emails","local.automation_sas_iam_emails","local.self_sas_iam_emails","each.value.project_key","each.value","local.ctx.kms_keys","local.ctx","local.kms_keys","local.kms_autokeys","local.ctx.locations","local.ctx","local.ctx_project_ids","local.ctx.storage_buckets","local.ctx","local.ctx_tag_keys","local.ctx_tag_values"]},"enable_object_retention":{"references":["each.value.enable_object_retention","each.value"]},"encryption_key":{"references":["each.value.encryption_key","each.value"]},"force_destroy":{"references":["each.value.force_destroy","each.value"]},"iam":{"references":["each.value.iam","each.value"]},"iam_bindings":{"references":["each.value.iam_bindings","each.value"]},"iam_bindings_additive":{"references":["each.value.iam_bindings_additive","each.value"]},"iam_by_principals":{"references":["each.value.iam_by_principals","each.value"]},"labels":{"references":["each.value.labels","each.value"]},"lifecycle_rules":{"references":["each.value.lifecycle_rules","each.value"]},"location":{"references":["local.data_defaults.overrides.locations.storage","local.data_defaults.overrides.locations","local.data_defaults.overrides","local.data_defaults","each.value","local.data_defaults.defaults.locations.storage","local.data_defaults.defaults.locations","local.data_defaults.defaults","local.data_defaults"]},"logging_config":{"references":["each.value.logging_config","each.value"]},"managed_folders":{"references":["each.value.managed_folders","each.value"]},"name":{"references":["each.value.name","each.value"]},"prefix":{"references":["each.value.prefix","each.value"]},"project_id":{"references":["module.projects-iam","each.value.project_key","each.value"]},"retention_policy":{"references":["each.value.retention_policy","each.value"]},"soft_delete_retention":{"references":["each.value.soft_delete_retention","each.value"]},"storage_class":{"references":["each.value.storage_class","each.value"]},"tag_bindings":{"references":["each.value.tag_bindings","each.value"]},"uniform_bucket_level_access":{"references":["each.value.uniform_bucket_level_access","each.value"]},"versioning":{"references":["each.value.versioning","each.value"]}},"for_each_expression":{"references":["local.projects_buckets"]},"module":{"outputs":{"bucket":{"expression":{"references":["google_storage_bucket.bucket"]},"description":"Bucket resource."},"id":{"expression":{"references":["local._name"]},"depends_on":["google_storage_bucket.bucket","google_storage_bucket_iam_binding.bindings","google_storage_bucket_iam_binding.authoritative","google_storage_bucket_iam_member.bindings"],"description":"Fully qualified bucket id."},"name":{"expression":{"references":["local._name"]},"depends_on":["google_storage_bucket.bucket","google_storage_bucket_iam_binding.bindings","google_storage_bucket_iam_binding.authoritative","google_storage_bucket_iam_member.bindings"],"description":"Bucket name."},"notification":{"expression":{"references":["local.notification","google_storage_notification.notification[0].self_link","google_storage_notification.notification[0]","google_storage_notification.notification"]},"description":"GCS Notification self link."},"objects":{"expression":{"references":["google_storage_bucket_object.objects"]},"description":"Objects in GCS bucket."},"topic":{"expression":{"references":["google_pubsub_topic.topic[0].id","google_pubsub_topic.topic[0]","google_pubsub_topic.topic"]},"description":"Topic ID used by GCS."},"url":{"expression":{"references":["local.bucket.url","local.bucket"]},"description":"Bucket URL."}},"resources":[{"address":"google_kms_key_handle.default","mode":"managed","type":"google_kms_key_handle","name":"default","provider_config_key":"module.factory.module.buckets:google","expressions":{"location":{"references":["local.ctx.locations","local.ctx","each.value.location","each.value","each.value.location","each.value","local.location"]},"name":{"references":["each.key"]},"project":{"references":["local.project_id"]},"resource_type_selector":{"references":["each.value.resource_type_selector","each.value"]}},"schema_version":0,"for_each_expression":{"references":["var.kms_autokeys"]}},{"address":"google_pubsub_topic.topic","mode":"managed","type":"google_pubsub_topic","name":"topic","provider_config_key":"module.factory.module.buckets:google","expressions":{"kms_key_name":{"references":["var.notification_config.topic_create.kms_key_id","var.notification_config.topic_create","var.notification_config"]},"name":{"references":["var.notification_config.topic_name","var.notification_config"]},"project":{"references":["local.project_id"]}},"schema_version":0,"count_expression":{"references":["local.topic_create"]}},{"address":"google_pubsub_topic_iam_binding.binding","mode":"managed","type":"google_pubsub_topic_iam_binding","name":"binding","provider_config_key":"module.factory.module.buckets:google","expressions":{"members":{"references":["var.notification_config.sa_email","var.notification_config"]},"role":{"constant_value":"roles/pubsub.publisher"},"topic":{"references":["google_pubsub_topic.topic[0].id","google_pubsub_topic.topic[0]","google_pubsub_topic.topic"]}},"schema_version":0,"count_expression":{"references":["local.topic_create"]}},{"address":"google_storage_bucket.bucket","mode":"managed","type":"google_storage_bucket","name":"bucket","provider_config_key":"module.factory.module.buckets:google","expressions":{"default_event_based_hold":{"references":["var.default_event_based_hold"]},"enable_object_retention":{"references":["var.enable_object_retention"]},"force_destroy":{"references":["var.force_destroy"]},"labels":{"references":["var.labels"]},"location":{"references":["local.location"]},"name":{"references":["local._name"]},"project":{"references":["local.project_id"]},"public_access_prevention":{"references":["var.public_access_prevention"]},"requester_pays":{"references":["var.requester_pays"]},"rpo":{"references":["var.rpo"]},"storage_class":{"references":["var.storage_class"]},"uniform_bucket_level_access":{"references":["var.uniform_bucket_level_access"]}},"schema_version":4,"count_expression":{"references":["var.bucket_create"]}},{"address":"google_storage_bucket_iam_binding.authoritative","mode":"managed","type":"google_storage_bucket_iam_binding","name":"authoritative","provider_config_key":"module.factory.module.buckets:google","expressions":{"bucket":{"references":["local.bucket.name","local.bucket"]},"members":{"references":["each.value","local.ctx.iam_principals","local.ctx"]},"role":{"references":["local.ctx.custom_roles","local.ctx","each.key","each.key"]}},"schema_version":0,"for_each_expression":{"references":["local.iam"]}},{"address":"google_storage_bucket_iam_binding.bindings","mode":"managed","type":"google_storage_bucket_iam_binding","name":"bindings","provider_config_key":"module.factory.module.buckets:google","expressions":{"bucket":{"references":["local.bucket.name","local.bucket"]},"members":{"references":["each.value.members","each.value","local.ctx.iam_principals","local.ctx"]},"role":{"references":["local.ctx.custom_roles","local.ctx","each.value.role","each.value","each.value.role","each.value"]}},"schema_version":0,"for_each_expression":{"references":["var.iam_bindings"]}},{"address":"google_storage_bucket_iam_member.bindings","mode":"managed","type":"google_storage_bucket_iam_member","name":"bindings","provider_config_key":"module.factory.module.buckets:google","expressions":{"bucket":{"references":["local.bucket.name","local.bucket"]},"member":{"references":["local.ctx.iam_principals","local.ctx","each.value.member","each.value","each.value.member","each.value"]},"role":{"references":["local.ctx.custom_roles","local.ctx","each.value.role","each.value","each.value.role","each.value"]}},"schema_version":0,"for_each_expression":{"references":["var.iam_bindings_additive"]}},{"address":"google_storage_bucket_object.objects","mode":"managed","type":"google_storage_bucket_object","name":"objects","provider_config_key":"module.factory.module.buckets:google","expressions":{"bucket":{"references":["local.bucket.id","local.bucket"]},"cache_control":{"references":["each.value.cache_control","each.value"]},"content":{"references":["each.value.content","each.value"]},"content_disposition":{"references":["each.value.content_disposition","each.value"]},"content_encoding":{"references":["each.value.content_encoding","each.value"]},"content_language":{"references":["each.value.content_language","each.value"]},"content_type":{"references":["each.value.content_type","each.value"]},"detect_md5hash":{"references":["each.value.detect_md5hash","each.value"]},"event_based_hold":{"references":["each.value.event_based_hold","each.value"]},"kms_key_name":{"references":["local.ctx_kms_keys","each.value.kms_key_name","each.value","each.value.kms_key_name","each.value"]},"metadata":{"references":["each.value.metadata","each.value"]},"name":{"references":["each.value.name","each.value"]},"source":{"references":["each.value.source","each.value"]},"storage_class":{"references":["each.value.storage_class","each.value"]},"temporary_hold":{"references":["each.value.temporary_hold","each.value"]}},"schema_version":0,"for_each_expression":{"references":["var.objects_to_upload"]}},{"address":"google_storage_managed_folder.folder","mode":"managed","type":"google_storage_managed_folder","name":"folder","provider_config_key":"module.factory.module.buckets:google","expressions":{"bucket":{"references":["local.bucket.name","local.bucket"]},"force_destroy":{"references":["each.value.force_destroy","each.value"]},"name":{"references":["each.key"]}},"schema_version":0,"for_each_expression":{"references":["local.managed_folders"]}},{"address":"google_storage_managed_folder_iam_binding.authoritative","mode":"managed","type":"google_storage_managed_folder_iam_binding","name":"authoritative","provider_config_key":"module.factory.module.buckets:google","expressions":{"bucket":{"references":["local.bucket.name","local.bucket"]},"managed_folder":{"references":["google_storage_managed_folder.folder","each.value.managed_folder","each.value"]},"members":{"references":["each.value.members","each.value","local.ctx.iam_principals","local.ctx"]},"role":{"references":["local.ctx.custom_roles","local.ctx","each.value.role","each.value","each.value.role","each.value"]}},"schema_version":0,"for_each_expression":{"references":["local.managed_folder_iam"]}},{"address":"google_storage_managed_folder_iam_binding.bindings","mode":"managed","type":"google_storage_managed_folder_iam_binding","name":"bindings","provider_config_key":"module.factory.module.buckets:google","expressions":{"bucket":{"references":["local.bucket.name","local.bucket"]},"managed_folder":{"references":["google_storage_managed_folder.folder","each.value.managed_folder","each.value"]},"members":{"references":["each.value.members","each.value","local.ctx.iam_principals","local.ctx"]},"role":{"references":["local.ctx.custom_roles","local.ctx","each.value.role","each.value","each.value.role","each.value"]}},"schema_version":0,"for_each_expression":{"references":["local.managed_folder_iam_bindings"]}},{"address":"google_storage_managed_folder_iam_member.members","mode":"managed","type":"google_storage_managed_folder_iam_member","name":"members","provider_config_key":"module.factory.module.buckets:google","expressions":{"bucket":{"references":["local.bucket.name","local.bucket"]},"managed_folder":{"references":["google_storage_managed_folder.folder","each.value.managed_folder","each.value"]},"member":{"references":["local.ctx.iam_principals","local.ctx","each.value.member","each.value","each.value.member","each.value"]},"role":{"references":["local.ctx.custom_roles","local.ctx","each.value.role","each.value","each.value.role","each.value"]}},"schema_version":0,"for_each_expression":{"references":["local.managed_folder_iam_bindings_additive"]}},{"address":"google_storage_notification.notification","mode":"managed","type":"google_storage_notification","name":"notification","provider_config_key":"module.factory.module.buckets:google","expressions":{"bucket":{"references":["local.bucket.name","local.bucket"]},"custom_attributes":{"references":["var.notification_config.custom_attributes","var.notification_config"]},"event_types":{"references":["var.notification_config.event_types","var.notification_config"]},"object_name_prefix":{"references":["var.notification_config.object_name_prefix","var.notification_config"]},"payload_format":{"references":["var.notification_config.payload_format","var.notification_config"]},"topic":{"references":["google_pubsub_topic.topic[0].id","google_pubsub_topic.topic[0]","google_pubsub_topic.topic","var.notification_config.topic_name","var.notification_config"]}},"schema_version":1,"count_expression":{"references":["local.notification"]},"depends_on":["google_pubsub_topic_iam_binding.binding"]},{"address":"google_tags_location_tag_binding.binding","mode":"managed","type":"google_tags_location_tag_binding","name":"binding","provider_config_key":"module.factory.module.buckets:google","expressions":{"location":{"references":["local.ctx.locations","local.ctx","var.location","var.location"]},"parent":{"references":["local._name"]},"tag_value":{"references":["local.ctx.tag_values","local.ctx","each.value","each.value"]}},"schema_version":0,"for_each_expression":{"references":["var.tag_bindings"]},"depends_on":["google_storage_bucket.bucket","google_storage_bucket_iam_binding.bindings"]}],"variables":{"autoclass":{"default":null,"description":"Enable autoclass to automatically transition objects to appropriate storage classes based on their access pattern. If set to true, storage_class must be set to STANDARD. Defaults to false."},"bucket_create":{"default":true,"description":"Create bucket."},"context":{"default":{"condition_vars":{},"custom_roles":{},"iam_principals":{},"kms_keys":{},"locations":{},"project_ids":{},"storage_buckets":{},"tag_values":{}},"description":"Context-specific interpolations."},"cors":{"default":null,"description":"CORS configuration for the bucket. Defaults to null."},"custom_placement_config":{"default":null,"description":"The bucket's custom location configuration, which specifies the individual regions that comprise a dual-region bucket. If the bucket is designated as REGIONAL or MULTI_REGIONAL, the parameters are empty."},"default_event_based_hold":{"default":null,"description":"Enable event based hold to new objects added to specific bucket, defaults to false."},"enable_hierarchical_namespace":{"default":null,"description":"Enables hierarchical namespace."},"enable_object_retention":{"default":null,"description":"Enables object retention on a storage bucket."},"encryption_key":{"default":null,"description":"KMS key that will be used for encryption."},"force_destroy":{"default":false,"description":"Optional map to set force destroy keyed by name, defaults to false."},"iam":{"default":{},"description":"IAM bindings in {ROLE =\u003e [MEMBERS]} format."},"iam_bindings":{"default":{},"description":"Authoritative IAM bindings in {KEY =\u003e {role = ROLE, members = [], condition = {}}}. Keys are arbitrary."},"iam_bindings_additive":{"default":{},"description":"Individual additive IAM bindings. Keys are arbitrary."},"iam_by_principals":{"default":{},"description":"Authoritative IAM binding in {PRINCIPAL =\u003e [ROLES]} format. Principals need to be statically defined to avoid cycle errors. Merged internally with the `iam` variable."},"ip_filter":{"default":null,"description":"The bucket's IP filter configuration."},"kms_autokeys":{"default":{},"description":"KMS Autokey key handles. If location is not specified the bucket location will be used. Key handle names will be added to the kms_keys context with an `autokeys/` prefix."},"labels":{"default":{},"description":"Labels to be attached to all buckets."},"lifecycle_rules":{"default":{},"description":"Bucket lifecycle rule."},"location":{"default":null,"description":"Bucket location."},"logging_config":{"default":null,"description":"Bucket logging configuration."},"managed_folders":{"default":{},"description":"Managed folders to create within the bucket in {PATH =\u003e CONFIG} format."},"name":{"description":"Bucket name suffix."},"notification_config":{"default":null,"description":"GCS Notification configuration."},"objects_to_upload":{"default":{},"description":"Objects to be uploaded to bucket."},"prefix":{"default":null,"description":"Optional prefix used to generate the bucket name."},"project_id":{"default":null,"description":"Bucket project id. Only required when creating buckets, or notification config topics."},"public_access_prevention":{"default":null,"description":"Prevents public access to the bucket."},"requester_pays":{"default":null,"description":"Enables Requester Pays on a storage bucket."},"retention_policy":{"default":null,"description":"Bucket retention policy."},"rpo":{"default":null,"description":"Bucket recovery point objective."},"soft_delete_retention":{"default":null,"description":"The duration in seconds that soft-deleted objects in the bucket will be retained and cannot be permanently deleted. Set to 0 to override the default and disable."},"storage_class":{"default":"STANDARD","description":"Bucket storage class."},"tag_bindings":{"default":{},"description":"Tag bindings for this folder, in key =\u003e tag value id format."},"uniform_bucket_level_access":{"default":true,"description":"Allow using object ACLs (false) or not (true, this is the recommended behavior) , defaults to true (which is the recommended practice, but not the behavior of storage API)."},"versioning":{"default":null,"description":"Enable versioning, defaults to false."},"website":{"default":null,"description":"Bucket website."}}}},"folder-1":{"source":"../folder","expressions":{"assured_workload_config":{"references":["each.value"]},"context":{"references":["local.ctx"]},"deletion_protection":{"references":["each.value"]},"factories_config":{"references":["each.value.factories_config.org_policies","each.value.factories_config","each.value","each.value.factories_config.scc_sha_custom_modules","each.value.factories_config","each.value"]},"name":{"references":["each.value.name","each.value"]},"org_policies":{"references":["each.value"]},"pam_entitlements":{"references":["each.value"]},"parent":{"references":["each.value.parent","each.value"]},"tag_bindings":{"references":["each.value"]}},"for_each_expression":{"references":["local.folders_input"]},"module":{"outputs":{"asset_search_results":{"expression":{"references":["data.google_cloud_asset_search_all_resources.default"]},"description":"Cloud Asset Inventory search results."},"assured_workload":{"expression":{"references":["google_assured_workloads_workload.folder[0]","google_assured_workloads_workload.folder"]},"description":"Assured Workloads workload resource."},"folder":{"expression":{"references":["google_folder.folder[0]","google_folder.folder"]},"description":"Folder resource."},"id":{"expression":{"references":["local.folder_id"]},"depends_on":["google_folder_iam_binding.authoritative","google_folder_iam_binding.bindings","google_folder_iam_member.bindings","google_org_policy_policy.default"],"description":"Fully qualified folder id."},"name":{"expression":{"references":["var.assured_workload_config","google_folder.folder[0].display_name","google_folder.folder[0]","google_folder.folder","google_assured_workloads_workload.folder[0].resource_settings[0].display_name","google_assured_workloads_workload.folder[0].resource_settings[0]","google_assured_workloads_workload.folder[0].resource_settings","google_assured_workloads_workload.folder[0]","google_assured_workloads_workload.folder"]},"description":"Folder name."},"organization_policies_ids":{"expression":{"references":["google_org_policy_policy.default"]},"description":"Map of ORGANIZATION_POLICIES =\u003e ID in the folder."},"scc_custom_sha_modules_ids":{"expression":{"references":["google_scc_management_folder_security_health_analytics_custom_module.scc_folder_custom_module"]},"description":"Map of SCC CUSTOM SHA MODULES =\u003e ID in the folder."},"service_agents":{"expression":{"references":["local.service_agents"]},"description":"Identities of all folder-level service agents."},"sink_writer_identities":{"expression":{"references":["google_logging_folder_sink.sink"]},"description":"Writer identities created for each sink."}},"resources":[{"address":"google_assured_workloads_workload.folder","mode":"managed","type":"google_assured_workloads_workload","name":"folder","provider_config_key":"module.factory.module.folder-1:google","expressions":{"compliance_regime":{"references":["var.assured_workload_config.compliance_regime","var.assured_workload_config"]},"display_name":{"references":["var.assured_workload_config.display_name","var.assured_workload_config"]},"enable_sovereign_controls":{"references":["var.assured_workload_config.enable_sovereign_controls","var.assured_workload_config"]},"labels":{"references":["var.assured_workload_config.labels","var.assured_workload_config"]},"location":{"references":["var.assured_workload_config.location","var.assured_workload_config"]},"organization":{"references":["var.assured_workload_config.organization","var.assured_workload_config","var.context.condition_vars","var.context"]},"partner":{"references":["var.assured_workload_config.partner","var.assured_workload_config"]},"provisioned_resources_parent":{"references":["local.aw_parent"]},"resource_settings":[{"display_name":{"references":["var.name"]},"resource_type":{"constant_value":"CONSUMER_FOLDER"}}],"violation_notifications_enabled":{"references":["var.assured_workload_config.violation_notifications_enabled","var.assured_workload_config"]}},"schema_version":0,"count_expression":{"references":["var.assured_workload_config","var.folder_create"]}},{"address":"google_bigquery_dataset_iam_member.bq-sinks-binding","mode":"managed","type":"google_bigquery_dataset_iam_member","name":"bq-sinks-binding","provider_config_key":"module.factory.module.folder-1:google","expressions":{"dataset_id":{"references":["each.value.destination","each.value"]},"member":{"references":["google_logging_folder_sink.sink","each.key"]},"project":{"references":["each.value.destination","each.value"]},"role":{"constant_value":"roles/bigquery.dataEditor"}},"schema_version":0,"for_each_expression":{"references":["local.sink_bindings[\"bigquery\"]","local.sink_bindings"]}},{"address":"google_cloud_asset_folder_feed.default","mode":"managed","type":"google_cloud_asset_folder_feed","name":"default","provider_config_key":"module.factory.module.folder-1:google","expressions":{"asset_names":{"references":["each.value.asset_names","each.value"]},"asset_types":{"references":["each.value.asset_types","each.value"]},"billing_project":{"references":["local.ctx.project_ids","local.ctx","each.value.billing_project","each.value","each.value.billing_project","each.value"]},"content_type":{"references":["each.value.content_type","each.value"]},"feed_id":{"references":["each.key"]},"feed_output_config":[{"pubsub_destination":[{"topic":{"references":["local.ctx.pubsub_topics","local.ctx","each.value.feed_output_config.pubsub_destination.topic","each.value.feed_output_config.pubsub_destination","each.value.feed_output_config","each.value","each.value.feed_output_config.pubsub_destination.topic","each.value.feed_output_config.pubsub_destination","each.value.feed_output_config","each.value"]}}]}],"folder":{"references":["local.folder_id"]}},"schema_version":0,"for_each_expression":{"references":["var.asset_feeds"]}},{"address":"google_compute_firewall_policy_association.default","mode":"managed","type":"google_compute_firewall_policy_association","name":"default","provider_config_key":"module.factory.module.folder-1:google","expressions":{"attachment_target":{"references":["local.folder_id"]},"firewall_policy":{"references":["var.firewall_policy.policy","var.firewall_policy"]},"name":{"references":["var.firewall_policy.name","var.firewall_policy"]}},"schema_version":0,"count_expression":{"references":["var.firewall_policy"]}},{"address":"google_essential_contacts_contact.contact","mode":"managed","type":"google_essential_contacts_contact","name":"contact","provider_config_key":"module.factory.module.folder-1:google-beta","expressions":{"email":{"references":["local.ctx.email_addresses","local.ctx","each.key","each.key"]},"language_tag":{"constant_value":"en"},"notification_category_subscriptions":{"references":["each.value"]},"parent":{"references":["local.folder_id"]}},"schema_version":0,"for_each_expression":{"references":["var.contacts"]},"depends_on":["google_folder_iam_binding.authoritative","google_folder_iam_binding.bindings","google_folder_iam_member.bindings"]},{"address":"google_folder.folder","mode":"managed","type":"google_folder","name":"folder","provider_config_key":"module.factory.module.folder-1:google","expressions":{"deletion_protection":{"references":["var.deletion_protection"]},"display_name":{"references":["var.name"]},"parent":{"references":["local.ctx.folder_ids","local.ctx","var.parent","var.parent"]}},"schema_version":0,"count_expression":{"references":["var.folder_create","var.assured_workload_config"]}},{"address":"google_folder_iam_audit_config.default","mode":"managed","type":"google_folder_iam_audit_config","name":"default","provider_config_key":"module.factory.module.folder-1:google","expressions":{"folder":{"references":["local.folder_id"]},"service":{"references":["each.key"]}},"schema_version":0,"for_each_expression":{"references":["var.logging_data_access"]}},{"address":"google_folder_iam_binding.authoritative","mode":"managed","type":"google_folder_iam_binding","name":"authoritative","provider_config_key":"module.factory.module.folder-1:google","expressions":{"folder":{"references":["local.folder_id"]},"members":{"references":["each.value","local.ctx_iam_principals"]},"role":{"references":["local.ctx.custom_roles","local.ctx","each.key","each.key"]}},"schema_version":0,"for_each_expression":{"references":["local.iam"]}},{"address":"google_folder_iam_binding.bindings","mode":"managed","type":"google_folder_iam_binding","name":"bindings","provider_config_key":"module.factory.module.folder-1:google","expressions":{"folder":{"references":["local.folder_id"]},"members":{"references":["each.value.members","each.value","local.ctx_iam_principals"]},"role":{"references":["local.ctx.custom_roles","local.ctx","each.value.role","each.value","each.value.role","each.value"]}},"schema_version":0,"for_each_expression":{"references":["local.iam_bindings"]}},{"address":"google_folder_iam_member.bindings","mode":"managed","type":"google_folder_iam_member","name":"bindings","provider_config_key":"module.factory.module.folder-1:google","expressions":{"folder":{"references":["local.folder_id"]},"member":{"references":["local.ctx.iam_principals","local.ctx","each.value.member","each.value","each.value.member","each.value"]},"role":{"references":["local.ctx.custom_roles","local.ctx","each.value.role","each.value","each.value.role","each.value"]}},"schema_version":0,"for_each_expression":{"references":["local.iam_bindings_additive"]}},{"address":"google_kms_autokey_config.default","mode":"managed","type":"google_kms_autokey_config","name":"default","provider_config_key":"module.factory.module.folder-1:google-beta","expressions":{"folder":{"references":["local.folder_id"]},"key_project":{"references":["local.ctx.project_ids","local.ctx","var.autokey_config.project","var.autokey_config","local.ctx.project_numbers","local.ctx","var.autokey_config.project","var.autokey_config","var.autokey_config.project","var.autokey_config"]}},"schema_version":0,"count_expression":{"references":["var.autokey_config"]}},{"address":"google_logging_folder_exclusion.logging-exclusion","mode":"managed","type":"google_logging_folder_exclusion","name":"logging-exclusion","provider_config_key":"module.factory.module.folder-1:google","expressions":{"description":{"references":["each.key"]},"filter":{"references":["each.value"]},"folder":{"references":["local.folder_id"]},"name":{"references":["each.key"]}},"schema_version":0,"for_each_expression":{"references":["var.logging_exclusions"]}},{"address":"google_logging_folder_settings.default","mode":"managed","type":"google_logging_folder_settings","name":"default","provider_config_key":"module.factory.module.folder-1:google","expressions":{"disable_default_sink":{"references":["var.logging_settings.disable_default_sink","var.logging_settings"]},"folder":{"references":["local.folder_id"]},"storage_location":{"references":["var.logging_settings.storage_location","var.logging_settings"]}},"schema_version":0,"count_expression":{"references":["var.logging_settings"]}},{"address":"google_logging_folder_sink.sink","mode":"managed","type":"google_logging_folder_sink","name":"sink","provider_config_key":"module.factory.module.folder-1:google","expressions":{"description":{"references":["each.value.description","each.value","each.key"]},"destination":{"references":["each.value","each.value.type","each.value","each.value.destination","each.value"]},"disabled":{"references":["each.value.disabled","each.value"]},"filter":{"references":["each.value.filter","each.value"]},"folder":{"references":["local.folder_id"]},"include_children":{"references":["each.value.include_children","each.value"]},"intercept_children":{"references":["each.value.intercept_children","each.value"]},"name":{"references":["each.key"]}},"schema_version":0,"for_each_expression":{"references":["local.logging_sinks"]},"depends_on":["google_folder_iam_binding.authoritative"]},{"address":"google_org_policy_policy.default","mode":"managed","type":"google_org_policy_policy","name":"default","provider_config_key":"module.factory.module.folder-1:google","expressions":{"name":{"references":["local.folder_id","each.value"]},"parent":{"references":["local.folder_id"]}},"schema_version":0,"for_each_expression":{"references":["local._org_policies"]}},{"address":"google_privileged_access_manager_entitlement.default","mode":"managed","type":"google_privileged_access_manager_entitlement","name":"default","provider_config_key":"module.factory.module.folder-1:google","expressions":{"eligible_users":[{"principals":{"references":["each.value.eligible_users","each.value","local.ctx_iam_principals"]}}],"entitlement_id":{"references":["each.key"]},"location":{"constant_value":"global"},"max_request_duration":{"references":["each.value.max_request_duration","each.value"]},"parent":{"references":["local.folder_id"]},"privileged_access":[{"gcp_iam_access":[{"resource":{"references":["local.folder_id"]},"resource_type":{"constant_value":"cloudresourcemanager.googleapis.com/Folder"}}]}],"requester_justification_config":[{}]},"schema_version":0,"for_each_expression":{"references":["local.pam_entitlements"]},"depends_on":["google_folder.folder","google_folder_iam_binding.authoritative","google_folder_iam_binding.bindings","google_folder_iam_member.bindings"]},{"address":"google_project_iam_member.bucket-sinks-binding","mode":"managed","type":"google_project_iam_member","name":"bucket-sinks-binding","provider_config_key":"module.factory.module.folder-1:google","expressions":{"condition":[{"description":{"references":["google_logging_folder_sink.sink","each.key","each.key","local.folder_id"]},"expression":{"references":["each.value.destination","each.value"]},"title":{"references":["each.key"]}}],"member":{"references":["google_logging_folder_sink.sink","each.key"]},"project":{"references":["each.value.destination","each.value"]},"role":{"constant_value":"roles/logging.bucketWriter"}},"schema_version":0,"for_each_expression":{"references":["local.sink_bindings[\"logging\"]","local.sink_bindings"]}},{"address":"google_project_iam_member.project-sinks-binding","mode":"managed","type":"google_project_iam_member","name":"project-sinks-binding","provider_config_key":"module.factory.module.folder-1:google","expressions":{"member":{"references":["google_logging_folder_sink.sink","each.key"]},"project":{"references":["each.value.destination","each.value"]},"role":{"constant_value":"roles/logging.logWriter"}},"schema_version":0,"for_each_expression":{"references":["local.sink_bindings[\"project\"]","local.sink_bindings"]}},{"address":"google_pubsub_topic_iam_member.pubsub-sinks-binding","mode":"managed","type":"google_pubsub_topic_iam_member","name":"pubsub-sinks-binding","provider_config_key":"module.factory.module.folder-1:google","expressions":{"member":{"references":["google_logging_folder_sink.sink","each.key"]},"project":{"references":["each.value.destination","each.value"]},"role":{"constant_value":"roles/pubsub.publisher"},"topic":{"references":["each.value.destination","each.value"]}},"schema_version":0,"for_each_expression":{"references":["local.sink_bindings[\"pubsub\"]","local.sink_bindings"]}},{"address":"google_scc_management_folder_security_health_analytics_custom_module.scc_folder_custom_module","mode":"managed","type":"google_scc_management_folder_security_health_analytics_custom_module","name":"scc_folder_custom_module","provider_config_key":"module.factory.module.folder-1:google","expressions":{"custom_config":[{"description":{"references":["each.value.description","each.value"]},"predicate":[{"expression":{"references":["each.value.predicate.expression","each.value.predicate","each.value"]}}],"recommendation":{"references":["each.value.recommendation","each.value"]},"resource_selector":[{"resource_types":{"references":["each.value.resource_selector.resource_types","each.value.resource_selector","each.value"]}}],"severity":{"references":["each.value.severity","each.value"]}}],"display_name":{"references":["each.value.name","each.value"]},"enablement_state":{"references":["each.value.enablement_state","each.value"]},"folder":{"references":["local.folder_id"]},"location":{"constant_value":"global"}},"schema_version":0,"for_each_expression":{"references":["local.scc_sha_custom_modules"]}},{"address":"google_scc_v2_folder_mute_config.scc_mute_configs","mode":"managed","type":"google_scc_v2_folder_mute_config","name":"scc_mute_configs","provider_config_key":"module.factory.module.folder-1:google","expressions":{"description":{"references":["each.value.description","each.value"]},"filter":{"references":["each.value.filter","each.value"]},"folder":{"references":["local.folder_id"]},"location":{"constant_value":"global"},"mute_config_id":{"references":["each.key"]},"type":{"references":["each.value.type","each.value"]}},"schema_version":0,"for_each_expression":{"references":["local.scc_mute_configs"]}},{"address":"google_storage_bucket_iam_member.gcs-sinks-binding","mode":"managed","type":"google_storage_bucket_iam_member","name":"gcs-sinks-binding","provider_config_key":"module.factory.module.folder-1:google","expressions":{"bucket":{"references":["each.value.destination","each.value"]},"member":{"references":["google_logging_folder_sink.sink","each.key"]},"role":{"constant_value":"roles/storage.objectCreator"}},"schema_version":0,"for_each_expression":{"references":["local.sink_bindings[\"storage\"]","local.sink_bindings"]}},{"address":"google_tags_tag_binding.binding","mode":"managed","type":"google_tags_tag_binding","name":"binding","provider_config_key":"module.factory.module.folder-1:google","expressions":{"parent":{"references":["local.folder_id"]},"tag_value":{"references":["local.ctx.tag_values","local.ctx","each.value","each.value"]}},"schema_version":0,"for_each_expression":{"references":["var.tag_bindings"]}},{"address":"data.google_cloud_asset_search_all_resources.default","mode":"data","type":"google_cloud_asset_search_all_resources","name":"default","provider_config_key":"module.factory.module.folder-1:google","expressions":{"asset_types":{"references":["each.value.asset_types","each.value"]},"query":{"references":["each.value.query","each.value"]},"scope":{"references":["local.folder_id"]}},"schema_version":0,"for_each_expression":{"references":["var.asset_search"]}}],"variables":{"asset_feeds":{"default":{},"description":"Cloud Asset Inventory feeds."},"asset_search":{"default":{},"description":"Cloud Asset Inventory search configurations."},"assured_workload_config":{"default":null,"description":"Create AssuredWorkloads folder instead of regular folder when value is provided. Incompatible with folder_create=false."},"autokey_config":{"default":null,"description":"Enable autokey support for this folder's children. Project accepts either project id or number."},"contacts":{"default":{},"description":"List of essential contacts for this resource. Must be in the form EMAIL -\u003e [NOTIFICATION_TYPES]. Valid notification types are ALL, SUSPENSION, SECURITY, TECHNICAL, BILLING, LEGAL, PRODUCT_UPDATES."},"context":{"default":{"bigquery_datasets":{},"condition_vars":{},"custom_roles":{},"email_addresses":{},"folder_ids":{},"iam_principals":{},"log_buckets":{},"project_ids":{},"project_numbers":{},"pubsub_topics":{},"storage_buckets":{},"tag_values":{}},"description":"Context-specific interpolations."},"deletion_protection":{"default":false,"description":"Deletion protection setting for this folder."},"factories_config":{"default":{"org_policies":null,"pam_entitlements":null,"scc_mute_configs":null,"scc_sha_custom_modules":null},"description":"Paths to data files and folders that enable factory functionality."},"firewall_policy":{"default":null,"description":"Hierarchical firewall policy to associate to this folder."},"folder_create":{"default":true,"description":"Create folder. When set to false, uses id to reference an existing folder."},"iam":{"default":{},"description":"IAM bindings in {ROLE =\u003e [MEMBERS]} format."},"iam_bindings":{"default":{},"description":"Authoritative IAM bindings in {KEY =\u003e {role = ROLE, members = [], condition = {}}}. Keys are arbitrary."},"iam_bindings_additive":{"default":{},"description":"Individual additive IAM bindings. Keys are arbitrary."},"iam_by_principals":{"default":{},"description":"Authoritative IAM binding in {PRINCIPAL =\u003e [ROLES]} format. Principals need to be statically defined to avoid errors. Merged internally with the `iam` variable."},"iam_by_principals_additive":{"default":{},"description":"Additive IAM binding in {PRINCIPAL =\u003e [ROLES]} format. Principals need to be statically defined to avoid errors. Merged internally with the `iam_bindings_additive` variable."},"iam_by_principals_conditional":{"default":{},"description":"Authoritative IAM binding in {PRINCIPAL =\u003e {roles = [roles], condition = {cond}}} format. Principals need to be statically defined to avoid errors. Condition is required."},"id":{"default":null,"description":"Folder ID in case you use folder_create=false."},"logging_data_access":{"default":{},"description":"Control activation of data access logs. The special 'allServices' key denotes configuration for all services."},"logging_exclusions":{"default":{},"description":"Logging exclusions for this folder in the form {NAME -\u003e FILTER}."},"logging_settings":{"default":null,"description":"Default settings for logging resources."},"logging_sinks":{"default":{},"description":"Logging sinks to create for the folder."},"name":{"default":null,"description":"Folder name."},"org_policies":{"default":{},"description":"Organization policies applied to this folder keyed by policy name."},"pam_entitlements":{"default":{},"description":"Privileged Access Manager entitlements for this resource, keyed by entitlement ID."},"parent":{"default":null,"description":"Parent in folders/folder_id or organizations/org_id format."},"scc_mute_configs":{"default":{},"description":"SCC mute configurations keyed by name."},"scc_sha_custom_modules":{"default":{},"description":"SCC custom modules keyed by module name."},"tag_bindings":{"default":null,"description":"Tag bindings for this folder, in key =\u003e tag value id format."}}}},"folder-1-iam":{"source":"../folder","expressions":{"asset_feeds":{"references":["each.value"]},"autokey_config":{"references":["each.value"]},"context":{"references":["local.ctx","local.ctx_iam_principals","local.ctx_project_ids","local.ctx_project_numbers"]},"factories_config":{"references":["each.value.factories_config.pam_entitlements","each.value.factories_config","each.value"]},"folder_create":{"constant_value":false},"iam":{"references":["each.value"]},"iam_bindings":{"references":["each.value"]},"iam_bindings_additive":{"references":["each.value"]},"iam_by_principals":{"references":["each.value"]},"iam_by_principals_additive":{"references":["each.value"]},"iam_by_principals_conditional":{"references":["each.value"]},"id":{"references":["module.folder-1","each.key"]},"logging_data_access":{"references":["each.value"]}},"for_each_expression":{"references":["local.folders_input"]},"module":{"outputs":{"asset_search_results":{"expression":{"references":["data.google_cloud_asset_search_all_resources.default"]},"description":"Cloud Asset Inventory search results."},"assured_workload":{"expression":{"references":["google_assured_workloads_workload.folder[0]","google_assured_workloads_workload.folder"]},"description":"Assured Workloads workload resource."},"folder":{"expression":{"references":["google_folder.folder[0]","google_folder.folder"]},"description":"Folder resource."},"id":{"expression":{"references":["local.folder_id"]},"depends_on":["google_folder_iam_binding.authoritative","google_folder_iam_binding.bindings","google_folder_iam_member.bindings","google_org_policy_policy.default"],"description":"Fully qualified folder id."},"name":{"expression":{"references":["var.assured_workload_config","google_folder.folder[0].display_name","google_folder.folder[0]","google_folder.folder","google_assured_workloads_workload.folder[0].resource_settings[0].display_name","google_assured_workloads_workload.folder[0].resource_settings[0]","google_assured_workloads_workload.folder[0].resource_settings","google_assured_workloads_workload.folder[0]","google_assured_workloads_workload.folder"]},"description":"Folder name."},"organization_policies_ids":{"expression":{"references":["google_org_policy_policy.default"]},"description":"Map of ORGANIZATION_POLICIES =\u003e ID in the folder."},"scc_custom_sha_modules_ids":{"expression":{"references":["google_scc_management_folder_security_health_analytics_custom_module.scc_folder_custom_module"]},"description":"Map of SCC CUSTOM SHA MODULES =\u003e ID in the folder."},"service_agents":{"expression":{"references":["local.service_agents"]},"description":"Identities of all folder-level service agents."},"sink_writer_identities":{"expression":{"references":["google_logging_folder_sink.sink"]},"description":"Writer identities created for each sink."}},"resources":[{"address":"google_assured_workloads_workload.folder","mode":"managed","type":"google_assured_workloads_workload","name":"folder","provider_config_key":"module.factory.module.folder-1-iam:google","expressions":{"compliance_regime":{"references":["var.assured_workload_config.compliance_regime","var.assured_workload_config"]},"display_name":{"references":["var.assured_workload_config.display_name","var.assured_workload_config"]},"enable_sovereign_controls":{"references":["var.assured_workload_config.enable_sovereign_controls","var.assured_workload_config"]},"labels":{"references":["var.assured_workload_config.labels","var.assured_workload_config"]},"location":{"references":["var.assured_workload_config.location","var.assured_workload_config"]},"organization":{"references":["var.assured_workload_config.organization","var.assured_workload_config","var.context.condition_vars","var.context"]},"partner":{"references":["var.assured_workload_config.partner","var.assured_workload_config"]},"provisioned_resources_parent":{"references":["local.aw_parent"]},"resource_settings":[{"display_name":{"references":["var.name"]},"resource_type":{"constant_value":"CONSUMER_FOLDER"}}],"violation_notifications_enabled":{"references":["var.assured_workload_config.violation_notifications_enabled","var.assured_workload_config"]}},"schema_version":0,"count_expression":{"references":["var.assured_workload_config","var.folder_create"]}},{"address":"google_bigquery_dataset_iam_member.bq-sinks-binding","mode":"managed","type":"google_bigquery_dataset_iam_member","name":"bq-sinks-binding","provider_config_key":"module.factory.module.folder-1-iam:google","expressions":{"dataset_id":{"references":["each.value.destination","each.value"]},"member":{"references":["google_logging_folder_sink.sink","each.key"]},"project":{"references":["each.value.destination","each.value"]},"role":{"constant_value":"roles/bigquery.dataEditor"}},"schema_version":0,"for_each_expression":{"references":["local.sink_bindings[\"bigquery\"]","local.sink_bindings"]}},{"address":"google_cloud_asset_folder_feed.default","mode":"managed","type":"google_cloud_asset_folder_feed","name":"default","provider_config_key":"module.factory.module.folder-1-iam:google","expressions":{"asset_names":{"references":["each.value.asset_names","each.value"]},"asset_types":{"references":["each.value.asset_types","each.value"]},"billing_project":{"references":["local.ctx.project_ids","local.ctx","each.value.billing_project","each.value","each.value.billing_project","each.value"]},"content_type":{"references":["each.value.content_type","each.value"]},"feed_id":{"references":["each.key"]},"feed_output_config":[{"pubsub_destination":[{"topic":{"references":["local.ctx.pubsub_topics","local.ctx","each.value.feed_output_config.pubsub_destination.topic","each.value.feed_output_config.pubsub_destination","each.value.feed_output_config","each.value","each.value.feed_output_config.pubsub_destination.topic","each.value.feed_output_config.pubsub_destination","each.value.feed_output_config","each.value"]}}]}],"folder":{"references":["local.folder_id"]}},"schema_version":0,"for_each_expression":{"references":["var.asset_feeds"]}},{"address":"google_compute_firewall_policy_association.default","mode":"managed","type":"google_compute_firewall_policy_association","name":"default","provider_config_key":"module.factory.module.folder-1-iam:google","expressions":{"attachment_target":{"references":["local.folder_id"]},"firewall_policy":{"references":["var.firewall_policy.policy","var.firewall_policy"]},"name":{"references":["var.firewall_policy.name","var.firewall_policy"]}},"schema_version":0,"count_expression":{"references":["var.firewall_policy"]}},{"address":"google_essential_contacts_contact.contact","mode":"managed","type":"google_essential_contacts_contact","name":"contact","provider_config_key":"module.factory.module.folder-1-iam:google-beta","expressions":{"email":{"references":["local.ctx.email_addresses","local.ctx","each.key","each.key"]},"language_tag":{"constant_value":"en"},"notification_category_subscriptions":{"references":["each.value"]},"parent":{"references":["local.folder_id"]}},"schema_version":0,"for_each_expression":{"references":["var.contacts"]},"depends_on":["google_folder_iam_binding.authoritative","google_folder_iam_binding.bindings","google_folder_iam_member.bindings"]},{"address":"google_folder.folder","mode":"managed","type":"google_folder","name":"folder","provider_config_key":"module.factory.module.folder-1-iam:google","expressions":{"deletion_protection":{"references":["var.deletion_protection"]},"display_name":{"references":["var.name"]},"parent":{"references":["local.ctx.folder_ids","local.ctx","var.parent","var.parent"]}},"schema_version":0,"count_expression":{"references":["var.folder_create","var.assured_workload_config"]}},{"address":"google_folder_iam_audit_config.default","mode":"managed","type":"google_folder_iam_audit_config","name":"default","provider_config_key":"module.factory.module.folder-1-iam:google","expressions":{"folder":{"references":["local.folder_id"]},"service":{"references":["each.key"]}},"schema_version":0,"for_each_expression":{"references":["var.logging_data_access"]}},{"address":"google_folder_iam_binding.authoritative","mode":"managed","type":"google_folder_iam_binding","name":"authoritative","provider_config_key":"module.factory.module.folder-1-iam:google","expressions":{"folder":{"references":["local.folder_id"]},"members":{"references":["each.value","local.ctx_iam_principals"]},"role":{"references":["local.ctx.custom_roles","local.ctx","each.key","each.key"]}},"schema_version":0,"for_each_expression":{"references":["local.iam"]}},{"address":"google_folder_iam_binding.bindings","mode":"managed","type":"google_folder_iam_binding","name":"bindings","provider_config_key":"module.factory.module.folder-1-iam:google","expressions":{"folder":{"references":["local.folder_id"]},"members":{"references":["each.value.members","each.value","local.ctx_iam_principals"]},"role":{"references":["local.ctx.custom_roles","local.ctx","each.value.role","each.value","each.value.role","each.value"]}},"schema_version":0,"for_each_expression":{"references":["local.iam_bindings"]}},{"address":"google_folder_iam_member.bindings","mode":"managed","type":"google_folder_iam_member","name":"bindings","provider_config_key":"module.factory.module.folder-1-iam:google","expressions":{"folder":{"references":["local.folder_id"]},"member":{"references":["local.ctx.iam_principals","local.ctx","each.value.member","each.value","each.value.member","each.value"]},"role":{"references":["local.ctx.custom_roles","local.ctx","each.value.role","each.value","each.value.role","each.value"]}},"schema_version":0,"for_each_expression":{"references":["local.iam_bindings_additive"]}},{"address":"google_kms_autokey_config.default","mode":"managed","type":"google_kms_autokey_config","name":"default","provider_config_key":"module.factory.module.folder-1-iam:google-beta","expressions":{"folder":{"references":["local.folder_id"]},"key_project":{"references":["local.ctx.project_ids","local.ctx","var.autokey_config.project","var.autokey_config","local.ctx.project_numbers","local.ctx","var.autokey_config.project","var.autokey_config","var.autokey_config.project","var.autokey_config"]}},"schema_version":0,"count_expression":{"references":["var.autokey_config"]}},{"address":"google_logging_folder_exclusion.logging-exclusion","mode":"managed","type":"google_logging_folder_exclusion","name":"logging-exclusion","provider_config_key":"module.factory.module.folder-1-iam:google","expressions":{"description":{"references":["each.key"]},"filter":{"references":["each.value"]},"folder":{"references":["local.folder_id"]},"name":{"references":["each.key"]}},"schema_version":0,"for_each_expression":{"references":["var.logging_exclusions"]}},{"address":"google_logging_folder_settings.default","mode":"managed","type":"google_logging_folder_settings","name":"default","provider_config_key":"module.factory.module.folder-1-iam:google","expressions":{"disable_default_sink":{"references":["var.logging_settings.disable_default_sink","var.logging_settings"]},"folder":{"references":["local.folder_id"]},"storage_location":{"references":["var.logging_settings.storage_location","var.logging_settings"]}},"schema_version":0,"count_expression":{"references":["var.logging_settings"]}},{"address":"google_logging_folder_sink.sink","mode":"managed","type":"google_logging_folder_sink","name":"sink","provider_config_key":"module.factory.module.folder-1-iam:google","expressions":{"description":{"references":["each.value.description","each.value","each.key"]},"destination":{"references":["each.value","each.value.type","each.value","each.value.destination","each.value"]},"disabled":{"references":["each.value.disabled","each.value"]},"filter":{"references":["each.value.filter","each.value"]},"folder":{"references":["local.folder_id"]},"include_children":{"references":["each.value.include_children","each.value"]},"intercept_children":{"references":["each.value.intercept_children","each.value"]},"name":{"references":["each.key"]}},"schema_version":0,"for_each_expression":{"references":["local.logging_sinks"]},"depends_on":["google_folder_iam_binding.authoritative"]},{"address":"google_org_policy_policy.default","mode":"managed","type":"google_org_policy_policy","name":"default","provider_config_key":"module.factory.module.folder-1-iam:google","expressions":{"name":{"references":["local.folder_id","each.value"]},"parent":{"references":["local.folder_id"]}},"schema_version":0,"for_each_expression":{"references":["local._org_policies"]}},{"address":"google_privileged_access_manager_entitlement.default","mode":"managed","type":"google_privileged_access_manager_entitlement","name":"default","provider_config_key":"module.factory.module.folder-1-iam:google","expressions":{"eligible_users":[{"principals":{"references":["each.value.eligible_users","each.value","local.ctx_iam_principals"]}}],"entitlement_id":{"references":["each.key"]},"location":{"constant_value":"global"},"max_request_duration":{"references":["each.value.max_request_duration","each.value"]},"parent":{"references":["local.folder_id"]},"privileged_access":[{"gcp_iam_access":[{"resource":{"references":["local.folder_id"]},"resource_type":{"constant_value":"cloudresourcemanager.googleapis.com/Folder"}}]}],"requester_justification_config":[{}]},"schema_version":0,"for_each_expression":{"references":["local.pam_entitlements"]},"depends_on":["google_folder.folder","google_folder_iam_binding.authoritative","google_folder_iam_binding.bindings","google_folder_iam_member.bindings"]},{"address":"google_project_iam_member.bucket-sinks-binding","mode":"managed","type":"google_project_iam_member","name":"bucket-sinks-binding","provider_config_key":"module.factory.module.folder-1-iam:google","expressions":{"condition":[{"description":{"references":["google_logging_folder_sink.sink","each.key","each.key","local.folder_id"]},"expression":{"references":["each.value.destination","each.value"]},"title":{"references":["each.key"]}}],"member":{"references":["google_logging_folder_sink.sink","each.key"]},"project":{"references":["each.value.destination","each.value"]},"role":{"constant_value":"roles/logging.bucketWriter"}},"schema_version":0,"for_each_expression":{"references":["local.sink_bindings[\"logging\"]","local.sink_bindings"]}},{"address":"google_project_iam_member.project-sinks-binding","mode":"managed","type":"google_project_iam_member","name":"project-sinks-binding","provider_config_key":"module.factory.module.folder-1-iam:google","expressions":{"member":{"references":["google_logging_folder_sink.sink","each.key"]},"project":{"references":["each.value.destination","each.value"]},"role":{"constant_value":"roles/logging.logWriter"}},"schema_version":0,"for_each_expression":{"references":["local.sink_bindings[\"project\"]","local.sink_bindings"]}},{"address":"google_pubsub_topic_iam_member.pubsub-sinks-binding","mode":"managed","type":"google_pubsub_topic_iam_member","name":"pubsub-sinks-binding","provider_config_key":"module.factory.module.folder-1-iam:google","expressions":{"member":{"references":["google_logging_folder_sink.sink","each.key"]},"project":{"references":["each.value.destination","each.value"]},"role":{"constant_value":"roles/pubsub.publisher"},"topic":{"references":["each.value.destination","each.value"]}},"schema_version":0,"for_each_expression":{"references":["local.sink_bindings[\"pubsub\"]","local.sink_bindings"]}},{"address":"google_scc_management_folder_security_health_analytics_custom_module.scc_folder_custom_module","mode":"managed","type":"google_scc_management_folder_security_health_analytics_custom_module","name":"scc_folder_custom_module","provider_config_key":"module.factory.module.folder-1-iam:google","expressions":{"custom_config":[{"description":{"references":["each.value.description","each.value"]},"predicate":[{"expression":{"references":["each.value.predicate.expression","each.value.predicate","each.value"]}}],"recommendation":{"references":["each.value.recommendation","each.value"]},"resource_selector":[{"resource_types":{"references":["each.value.resource_selector.resource_types","each.value.resource_selector","each.value"]}}],"severity":{"references":["each.value.severity","each.value"]}}],"display_name":{"references":["each.value.name","each.value"]},"enablement_state":{"references":["each.value.enablement_state","each.value"]},"folder":{"references":["local.folder_id"]},"location":{"constant_value":"global"}},"schema_version":0,"for_each_expression":{"references":["local.scc_sha_custom_modules"]}},{"address":"google_scc_v2_folder_mute_config.scc_mute_configs","mode":"managed","type":"google_scc_v2_folder_mute_config","name":"scc_mute_configs","provider_config_key":"module.factory.module.folder-1-iam:google","expressions":{"description":{"references":["each.value.description","each.value"]},"filter":{"references":["each.value.filter","each.value"]},"folder":{"references":["local.folder_id"]},"location":{"constant_value":"global"},"mute_config_id":{"references":["each.key"]},"type":{"references":["each.value.type","each.value"]}},"schema_version":0,"for_each_expression":{"references":["local.scc_mute_configs"]}},{"address":"google_storage_bucket_iam_member.gcs-sinks-binding","mode":"managed","type":"google_storage_bucket_iam_member","name":"gcs-sinks-binding","provider_config_key":"module.factory.module.folder-1-iam:google","expressions":{"bucket":{"references":["each.value.destination","each.value"]},"member":{"references":["google_logging_folder_sink.sink","each.key"]},"role":{"constant_value":"roles/storage.objectCreator"}},"schema_version":0,"for_each_expression":{"references":["local.sink_bindings[\"storage\"]","local.sink_bindings"]}},{"address":"google_tags_tag_binding.binding","mode":"managed","type":"google_tags_tag_binding","name":"binding","provider_config_key":"module.factory.module.folder-1-iam:google","expressions":{"parent":{"references":["local.folder_id"]},"tag_value":{"references":["local.ctx.tag_values","local.ctx","each.value","each.value"]}},"schema_version":0,"for_each_expression":{"references":["var.tag_bindings"]}},{"address":"data.google_cloud_asset_search_all_resources.default","mode":"data","type":"google_cloud_asset_search_all_resources","name":"default","provider_config_key":"module.factory.module.folder-1-iam:google","expressions":{"asset_types":{"references":["each.value.asset_types","each.value"]},"query":{"references":["each.value.query","each.value"]},"scope":{"references":["local.folder_id"]}},"schema_version":0,"for_each_expression":{"references":["var.asset_search"]}}],"variables":{"asset_feeds":{"default":{},"description":"Cloud Asset Inventory feeds."},"asset_search":{"default":{},"description":"Cloud Asset Inventory search configurations."},"assured_workload_config":{"default":null,"description":"Create AssuredWorkloads folder instead of regular folder when value is provided. Incompatible with folder_create=false."},"autokey_config":{"default":null,"description":"Enable autokey support for this folder's children. Project accepts either project id or number."},"contacts":{"default":{},"description":"List of essential contacts for this resource. Must be in the form EMAIL -\u003e [NOTIFICATION_TYPES]. Valid notification types are ALL, SUSPENSION, SECURITY, TECHNICAL, BILLING, LEGAL, PRODUCT_UPDATES."},"context":{"default":{"bigquery_datasets":{},"condition_vars":{},"custom_roles":{},"email_addresses":{},"folder_ids":{},"iam_principals":{},"log_buckets":{},"project_ids":{},"project_numbers":{},"pubsub_topics":{},"storage_buckets":{},"tag_values":{}},"description":"Context-specific interpolations."},"deletion_protection":{"default":false,"description":"Deletion protection setting for this folder."},"factories_config":{"default":{"org_policies":null,"pam_entitlements":null,"scc_mute_configs":null,"scc_sha_custom_modules":null},"description":"Paths to data files and folders that enable factory functionality."},"firewall_policy":{"default":null,"description":"Hierarchical firewall policy to associate to this folder."},"folder_create":{"default":true,"description":"Create folder. When set to false, uses id to reference an existing folder."},"iam":{"default":{},"description":"IAM bindings in {ROLE =\u003e [MEMBERS]} format."},"iam_bindings":{"default":{},"description":"Authoritative IAM bindings in {KEY =\u003e {role = ROLE, members = [], condition = {}}}. Keys are arbitrary."},"iam_bindings_additive":{"default":{},"description":"Individual additive IAM bindings. Keys are arbitrary."},"iam_by_principals":{"default":{},"description":"Authoritative IAM binding in {PRINCIPAL =\u003e [ROLES]} format. Principals need to be statically defined to avoid errors. Merged internally with the `iam` variable."},"iam_by_principals_additive":{"default":{},"description":"Additive IAM binding in {PRINCIPAL =\u003e [ROLES]} format. Principals need to be statically defined to avoid errors. Merged internally with the `iam_bindings_additive` variable."},"iam_by_principals_conditional":{"default":{},"description":"Authoritative IAM binding in {PRINCIPAL =\u003e {roles = [roles], condition = {cond}}} format. Principals need to be statically defined to avoid errors. Condition is required."},"id":{"default":null,"description":"Folder ID in case you use folder_create=false."},"logging_data_access":{"default":{},"description":"Control activation of data access logs. The special 'allServices' key denotes configuration for all services."},"logging_exclusions":{"default":{},"description":"Logging exclusions for this folder in the form {NAME -\u003e FILTER}."},"logging_settings":{"default":null,"description":"Default settings for logging resources."},"logging_sinks":{"default":{},"description":"Logging sinks to create for the folder."},"name":{"default":null,"description":"Folder name."},"org_policies":{"default":{},"description":"Organization policies applied to this folder keyed by policy name."},"pam_entitlements":{"default":{},"description":"Privileged Access Manager entitlements for this resource, keyed by entitlement ID."},"parent":{"default":null,"description":"Parent in folders/folder_id or organizations/org_id format."},"scc_mute_configs":{"default":{},"description":"SCC mute configurations keyed by name."},"scc_sha_custom_modules":{"default":{},"description":"SCC custom modules keyed by module name."},"tag_bindings":{"default":null,"description":"Tag bindings for this folder, in key =\u003e tag value id format."}}}},"folder-2":{"source":"../folder","expressions":{"assured_workload_config":{"references":["each.value"]},"context":{"references":["local.ctx","local.ctx.folder_ids","local.ctx","module.folder-1"]},"deletion_protection":{"references":["each.value"]},"factories_config":{"references":["each.value.factories_config.org_policies","each.value.factories_config","each.value","each.value.factories_config.scc_sha_custom_modules","each.value.factories_config","each.value"]},"name":{"references":["each.value.name","each.value"]},"org_policies":{"references":["each.value"]},"pam_entitlements":{"references":["each.value"]},"parent":{"references":["each.value.parent","each.value","each.value.parent_key","each.value"]},"tag_bindings":{"references":["each.value"]}},"for_each_expression":{"references":["local.folders_input"]},"module":{"outputs":{"asset_search_results":{"expression":{"references":["data.google_cloud_asset_search_all_resources.default"]},"description":"Cloud Asset Inventory search results."},"assured_workload":{"expression":{"references":["google_assured_workloads_workload.folder[0]","google_assured_workloads_workload.folder"]},"description":"Assured Workloads workload resource."},"folder":{"expression":{"references":["google_folder.folder[0]","google_folder.folder"]},"description":"Folder resource."},"id":{"expression":{"references":["local.folder_id"]},"depends_on":["google_folder_iam_binding.authoritative","google_folder_iam_binding.bindings","google_folder_iam_member.bindings","google_org_policy_policy.default"],"description":"Fully qualified folder id."},"name":{"expression":{"references":["var.assured_workload_config","google_folder.folder[0].display_name","google_folder.folder[0]","google_folder.folder","google_assured_workloads_workload.folder[0].resource_settings[0].display_name","google_assured_workloads_workload.folder[0].resource_settings[0]","google_assured_workloads_workload.folder[0].resource_settings","google_assured_workloads_workload.folder[0]","google_assured_workloads_workload.folder"]},"description":"Folder name."},"organization_policies_ids":{"expression":{"references":["google_org_policy_policy.default"]},"description":"Map of ORGANIZATION_POLICIES =\u003e ID in the folder."},"scc_custom_sha_modules_ids":{"expression":{"references":["google_scc_management_folder_security_health_analytics_custom_module.scc_folder_custom_module"]},"description":"Map of SCC CUSTOM SHA MODULES =\u003e ID in the folder."},"service_agents":{"expression":{"references":["local.service_agents"]},"description":"Identities of all folder-level service agents."},"sink_writer_identities":{"expression":{"references":["google_logging_folder_sink.sink"]},"description":"Writer identities created for each sink."}},"resources":[{"address":"google_assured_workloads_workload.folder","mode":"managed","type":"google_assured_workloads_workload","name":"folder","provider_config_key":"module.factory.module.folder-2:google","expressions":{"compliance_regime":{"references":["var.assured_workload_config.compliance_regime","var.assured_workload_config"]},"display_name":{"references":["var.assured_workload_config.display_name","var.assured_workload_config"]},"enable_sovereign_controls":{"references":["var.assured_workload_config.enable_sovereign_controls","var.assured_workload_config"]},"labels":{"references":["var.assured_workload_config.labels","var.assured_workload_config"]},"location":{"references":["var.assured_workload_config.location","var.assured_workload_config"]},"organization":{"references":["var.assured_workload_config.organization","var.assured_workload_config","var.context.condition_vars","var.context"]},"partner":{"references":["var.assured_workload_config.partner","var.assured_workload_config"]},"provisioned_resources_parent":{"references":["local.aw_parent"]},"resource_settings":[{"display_name":{"references":["var.name"]},"resource_type":{"constant_value":"CONSUMER_FOLDER"}}],"violation_notifications_enabled":{"references":["var.assured_workload_config.violation_notifications_enabled","var.assured_workload_config"]}},"schema_version":0,"count_expression":{"references":["var.assured_workload_config","var.folder_create"]}},{"address":"google_bigquery_dataset_iam_member.bq-sinks-binding","mode":"managed","type":"google_bigquery_dataset_iam_member","name":"bq-sinks-binding","provider_config_key":"module.factory.module.folder-2:google","expressions":{"dataset_id":{"references":["each.value.destination","each.value"]},"member":{"references":["google_logging_folder_sink.sink","each.key"]},"project":{"references":["each.value.destination","each.value"]},"role":{"constant_value":"roles/bigquery.dataEditor"}},"schema_version":0,"for_each_expression":{"references":["local.sink_bindings[\"bigquery\"]","local.sink_bindings"]}},{"address":"google_cloud_asset_folder_feed.default","mode":"managed","type":"google_cloud_asset_folder_feed","name":"default","provider_config_key":"module.factory.module.folder-2:google","expressions":{"asset_names":{"references":["each.value.asset_names","each.value"]},"asset_types":{"references":["each.value.asset_types","each.value"]},"billing_project":{"references":["local.ctx.project_ids","local.ctx","each.value.billing_project","each.value","each.value.billing_project","each.value"]},"content_type":{"references":["each.value.content_type","each.value"]},"feed_id":{"references":["each.key"]},"feed_output_config":[{"pubsub_destination":[{"topic":{"references":["local.ctx.pubsub_topics","local.ctx","each.value.feed_output_config.pubsub_destination.topic","each.value.feed_output_config.pubsub_destination","each.value.feed_output_config","each.value","each.value.feed_output_config.pubsub_destination.topic","each.value.feed_output_config.pubsub_destination","each.value.feed_output_config","each.value"]}}]}],"folder":{"references":["local.folder_id"]}},"schema_version":0,"for_each_expression":{"references":["var.asset_feeds"]}},{"address":"google_compute_firewall_policy_association.default","mode":"managed","type":"google_compute_firewall_policy_association","name":"default","provider_config_key":"module.factory.module.folder-2:google","expressions":{"attachment_target":{"references":["local.folder_id"]},"firewall_policy":{"references":["var.firewall_policy.policy","var.firewall_policy"]},"name":{"references":["var.firewall_policy.name","var.firewall_policy"]}},"schema_version":0,"count_expression":{"references":["var.firewall_policy"]}},{"address":"google_essential_contacts_contact.contact","mode":"managed","type":"google_essential_contacts_contact","name":"contact","provider_config_key":"module.factory.module.folder-2:google-beta","expressions":{"email":{"references":["local.ctx.email_addresses","local.ctx","each.key","each.key"]},"language_tag":{"constant_value":"en"},"notification_category_subscriptions":{"references":["each.value"]},"parent":{"references":["local.folder_id"]}},"schema_version":0,"for_each_expression":{"references":["var.contacts"]},"depends_on":["google_folder_iam_binding.authoritative","google_folder_iam_binding.bindings","google_folder_iam_member.bindings"]},{"address":"google_folder.folder","mode":"managed","type":"google_folder","name":"folder","provider_config_key":"module.factory.module.folder-2:google","expressions":{"deletion_protection":{"references":["var.deletion_protection"]},"display_name":{"references":["var.name"]},"parent":{"references":["local.ctx.folder_ids","local.ctx","var.parent","var.parent"]}},"schema_version":0,"count_expression":{"references":["var.folder_create","var.assured_workload_config"]}},{"address":"google_folder_iam_audit_config.default","mode":"managed","type":"google_folder_iam_audit_config","name":"default","provider_config_key":"module.factory.module.folder-2:google","expressions":{"folder":{"references":["local.folder_id"]},"service":{"references":["each.key"]}},"schema_version":0,"for_each_expression":{"references":["var.logging_data_access"]}},{"address":"google_folder_iam_binding.authoritative","mode":"managed","type":"google_folder_iam_binding","name":"authoritative","provider_config_key":"module.factory.module.folder-2:google","expressions":{"folder":{"references":["local.folder_id"]},"members":{"references":["each.value","local.ctx_iam_principals"]},"role":{"references":["local.ctx.custom_roles","local.ctx","each.key","each.key"]}},"schema_version":0,"for_each_expression":{"references":["local.iam"]}},{"address":"google_folder_iam_binding.bindings","mode":"managed","type":"google_folder_iam_binding","name":"bindings","provider_config_key":"module.factory.module.folder-2:google","expressions":{"folder":{"references":["local.folder_id"]},"members":{"references":["each.value.members","each.value","local.ctx_iam_principals"]},"role":{"references":["local.ctx.custom_roles","local.ctx","each.value.role","each.value","each.value.role","each.value"]}},"schema_version":0,"for_each_expression":{"references":["local.iam_bindings"]}},{"address":"google_folder_iam_member.bindings","mode":"managed","type":"google_folder_iam_member","name":"bindings","provider_config_key":"module.factory.module.folder-2:google","expressions":{"folder":{"references":["local.folder_id"]},"member":{"references":["local.ctx.iam_principals","local.ctx","each.value.member","each.value","each.value.member","each.value"]},"role":{"references":["local.ctx.custom_roles","local.ctx","each.value.role","each.value","each.value.role","each.value"]}},"schema_version":0,"for_each_expression":{"references":["local.iam_bindings_additive"]}},{"address":"google_kms_autokey_config.default","mode":"managed","type":"google_kms_autokey_config","name":"default","provider_config_key":"module.factory.module.folder-2:google-beta","expressions":{"folder":{"references":["local.folder_id"]},"key_project":{"references":["local.ctx.project_ids","local.ctx","var.autokey_config.project","var.autokey_config","local.ctx.project_numbers","local.ctx","var.autokey_config.project","var.autokey_config","var.autokey_config.project","var.autokey_config"]}},"schema_version":0,"count_expression":{"references":["var.autokey_config"]}},{"address":"google_logging_folder_exclusion.logging-exclusion","mode":"managed","type":"google_logging_folder_exclusion","name":"logging-exclusion","provider_config_key":"module.factory.module.folder-2:google","expressions":{"description":{"references":["each.key"]},"filter":{"references":["each.value"]},"folder":{"references":["local.folder_id"]},"name":{"references":["each.key"]}},"schema_version":0,"for_each_expression":{"references":["var.logging_exclusions"]}},{"address":"google_logging_folder_settings.default","mode":"managed","type":"google_logging_folder_settings","name":"default","provider_config_key":"module.factory.module.folder-2:google","expressions":{"disable_default_sink":{"references":["var.logging_settings.disable_default_sink","var.logging_settings"]},"folder":{"references":["local.folder_id"]},"storage_location":{"references":["var.logging_settings.storage_location","var.logging_settings"]}},"schema_version":0,"count_expression":{"references":["var.logging_settings"]}},{"address":"google_logging_folder_sink.sink","mode":"managed","type":"google_logging_folder_sink","name":"sink","provider_config_key":"module.factory.module.folder-2:google","expressions":{"description":{"references":["each.value.description","each.value","each.key"]},"destination":{"references":["each.value","each.value.type","each.value","each.value.destination","each.value"]},"disabled":{"references":["each.value.disabled","each.value"]},"filter":{"references":["each.value.filter","each.value"]},"folder":{"references":["local.folder_id"]},"include_children":{"references":["each.value.include_children","each.value"]},"intercept_children":{"references":["each.value.intercept_children","each.value"]},"name":{"references":["each.key"]}},"schema_version":0,"for_each_expression":{"references":["local.logging_sinks"]},"depends_on":["google_folder_iam_binding.authoritative"]},{"address":"google_org_policy_policy.default","mode":"managed","type":"google_org_policy_policy","name":"default","provider_config_key":"module.factory.module.folder-2:google","expressions":{"name":{"references":["local.folder_id","each.value"]},"parent":{"references":["local.folder_id"]}},"schema_version":0,"for_each_expression":{"references":["local._org_policies"]}},{"address":"google_privileged_access_manager_entitlement.default","mode":"managed","type":"google_privileged_access_manager_entitlement","name":"default","provider_config_key":"module.factory.module.folder-2:google","expressions":{"eligible_users":[{"principals":{"references":["each.value.eligible_users","each.value","local.ctx_iam_principals"]}}],"entitlement_id":{"references":["each.key"]},"location":{"constant_value":"global"},"max_request_duration":{"references":["each.value.max_request_duration","each.value"]},"parent":{"references":["local.folder_id"]},"privileged_access":[{"gcp_iam_access":[{"resource":{"references":["local.folder_id"]},"resource_type":{"constant_value":"cloudresourcemanager.googleapis.com/Folder"}}]}],"requester_justification_config":[{}]},"schema_version":0,"for_each_expression":{"references":["local.pam_entitlements"]},"depends_on":["google_folder.folder","google_folder_iam_binding.authoritative","google_folder_iam_binding.bindings","google_folder_iam_member.bindings"]},{"address":"google_project_iam_member.bucket-sinks-binding","mode":"managed","type":"google_project_iam_member","name":"bucket-sinks-binding","provider_config_key":"module.factory.module.folder-2:google","expressions":{"condition":[{"description":{"references":["google_logging_folder_sink.sink","each.key","each.key","local.folder_id"]},"expression":{"references":["each.value.destination","each.value"]},"title":{"references":["each.key"]}}],"member":{"references":["google_logging_folder_sink.sink","each.key"]},"project":{"references":["each.value.destination","each.value"]},"role":{"constant_value":"roles/logging.bucketWriter"}},"schema_version":0,"for_each_expression":{"references":["local.sink_bindings[\"logging\"]","local.sink_bindings"]}},{"address":"google_project_iam_member.project-sinks-binding","mode":"managed","type":"google_project_iam_member","name":"project-sinks-binding","provider_config_key":"module.factory.module.folder-2:google","expressions":{"member":{"references":["google_logging_folder_sink.sink","each.key"]},"project":{"references":["each.value.destination","each.value"]},"role":{"constant_value":"roles/logging.logWriter"}},"schema_version":0,"for_each_expression":{"references":["local.sink_bindings[\"project\"]","local.sink_bindings"]}},{"address":"google_pubsub_topic_iam_member.pubsub-sinks-binding","mode":"managed","type":"google_pubsub_topic_iam_member","name":"pubsub-sinks-binding","provider_config_key":"module.factory.module.folder-2:google","expressions":{"member":{"references":["google_logging_folder_sink.sink","each.key"]},"project":{"references":["each.value.destination","each.value"]},"role":{"constant_value":"roles/pubsub.publisher"},"topic":{"references":["each.value.destination","each.value"]}},"schema_version":0,"for_each_expression":{"references":["local.sink_bindings[\"pubsub\"]","local.sink_bindings"]}},{"address":"google_scc_management_folder_security_health_analytics_custom_module.scc_folder_custom_module","mode":"managed","type":"google_scc_management_folder_security_health_analytics_custom_module","name":"scc_folder_custom_module","provider_config_key":"module.factory.module.folder-2:google","expressions":{"custom_config":[{"description":{"references":["each.value.description","each.value"]},"predicate":[{"expression":{"references":["each.value.predicate.expression","each.value.predicate","each.value"]}}],"recommendation":{"references":["each.value.recommendation","each.value"]},"resource_selector":[{"resource_types":{"references":["each.value.resource_selector.resource_types","each.value.resource_selector","each.value"]}}],"severity":{"references":["each.value.severity","each.value"]}}],"display_name":{"references":["each.value.name","each.value"]},"enablement_state":{"references":["each.value.enablement_state","each.value"]},"folder":{"references":["local.folder_id"]},"location":{"constant_value":"global"}},"schema_version":0,"for_each_expression":{"references":["local.scc_sha_custom_modules"]}},{"address":"google_scc_v2_folder_mute_config.scc_mute_configs","mode":"managed","type":"google_scc_v2_folder_mute_config","name":"scc_mute_configs","provider_config_key":"module.factory.module.folder-2:google","expressions":{"description":{"references":["each.value.description","each.value"]},"filter":{"references":["each.value.filter","each.value"]},"folder":{"references":["local.folder_id"]},"location":{"constant_value":"global"},"mute_config_id":{"references":["each.key"]},"type":{"references":["each.value.type","each.value"]}},"schema_version":0,"for_each_expression":{"references":["local.scc_mute_configs"]}},{"address":"google_storage_bucket_iam_member.gcs-sinks-binding","mode":"managed","type":"google_storage_bucket_iam_member","name":"gcs-sinks-binding","provider_config_key":"module.factory.module.folder-2:google","expressions":{"bucket":{"references":["each.value.destination","each.value"]},"member":{"references":["google_logging_folder_sink.sink","each.key"]},"role":{"constant_value":"roles/storage.objectCreator"}},"schema_version":0,"for_each_expression":{"references":["local.sink_bindings[\"storage\"]","local.sink_bindings"]}},{"address":"google_tags_tag_binding.binding","mode":"managed","type":"google_tags_tag_binding","name":"binding","provider_config_key":"module.factory.module.folder-2:google","expressions":{"parent":{"references":["local.folder_id"]},"tag_value":{"references":["local.ctx.tag_values","local.ctx","each.value","each.value"]}},"schema_version":0,"for_each_expression":{"references":["var.tag_bindings"]}},{"address":"data.google_cloud_asset_search_all_resources.default","mode":"data","type":"google_cloud_asset_search_all_resources","name":"default","provider_config_key":"module.factory.module.folder-2:google","expressions":{"asset_types":{"references":["each.value.asset_types","each.value"]},"query":{"references":["each.value.query","each.value"]},"scope":{"references":["local.folder_id"]}},"schema_version":0,"for_each_expression":{"references":["var.asset_search"]}}],"variables":{"asset_feeds":{"default":{},"description":"Cloud Asset Inventory feeds."},"asset_search":{"default":{},"description":"Cloud Asset Inventory search configurations."},"assured_workload_config":{"default":null,"description":"Create AssuredWorkloads folder instead of regular folder when value is provided. Incompatible with folder_create=false."},"autokey_config":{"default":null,"description":"Enable autokey support for this folder's children. Project accepts either project id or number."},"contacts":{"default":{},"description":"List of essential contacts for this resource. Must be in the form EMAIL -\u003e [NOTIFICATION_TYPES]. Valid notification types are ALL, SUSPENSION, SECURITY, TECHNICAL, BILLING, LEGAL, PRODUCT_UPDATES."},"context":{"default":{"bigquery_datasets":{},"condition_vars":{},"custom_roles":{},"email_addresses":{},"folder_ids":{},"iam_principals":{},"log_buckets":{},"project_ids":{},"project_numbers":{},"pubsub_topics":{},"storage_buckets":{},"tag_values":{}},"description":"Context-specific interpolations."},"deletion_protection":{"default":false,"description":"Deletion protection setting for this folder."},"factories_config":{"default":{"org_policies":null,"pam_entitlements":null,"scc_mute_configs":null,"scc_sha_custom_modules":null},"description":"Paths to data files and folders that enable factory functionality."},"firewall_policy":{"default":null,"description":"Hierarchical firewall policy to associate to this folder."},"folder_create":{"default":true,"description":"Create folder. When set to false, uses id to reference an existing folder."},"iam":{"default":{},"description":"IAM bindings in {ROLE =\u003e [MEMBERS]} format."},"iam_bindings":{"default":{},"description":"Authoritative IAM bindings in {KEY =\u003e {role = ROLE, members = [], condition = {}}}. Keys are arbitrary."},"iam_bindings_additive":{"default":{},"description":"Individual additive IAM bindings. Keys are arbitrary."},"iam_by_principals":{"default":{},"description":"Authoritative IAM binding in {PRINCIPAL =\u003e [ROLES]} format. Principals need to be statically defined to avoid errors. Merged internally with the `iam` variable."},"iam_by_principals_additive":{"default":{},"description":"Additive IAM binding in {PRINCIPAL =\u003e [ROLES]} format. Principals need to be statically defined to avoid errors. Merged internally with the `iam_bindings_additive` variable."},"iam_by_principals_conditional":{"default":{},"description":"Authoritative IAM binding in {PRINCIPAL =\u003e {roles = [roles], condition = {cond}}} format. Principals need to be statically defined to avoid errors. Condition is required."},"id":{"default":null,"description":"Folder ID in case you use folder_create=false."},"logging_data_access":{"default":{},"description":"Control activation of data access logs. The special 'allServices' key denotes configuration for all services."},"logging_exclusions":{"default":{},"description":"Logging exclusions for this folder in the form {NAME -\u003e FILTER}."},"logging_settings":{"default":null,"description":"Default settings for logging resources."},"logging_sinks":{"default":{},"description":"Logging sinks to create for the folder."},"name":{"default":null,"description":"Folder name."},"org_policies":{"default":{},"description":"Organization policies applied to this folder keyed by policy name."},"pam_entitlements":{"default":{},"description":"Privileged Access Manager entitlements for this resource, keyed by entitlement ID."},"parent":{"default":null,"description":"Parent in folders/folder_id or organizations/org_id format."},"scc_mute_configs":{"default":{},"description":"SCC mute configurations keyed by name."},"scc_sha_custom_modules":{"default":{},"description":"SCC custom modules keyed by module name."},"tag_bindings":{"default":null,"description":"Tag bindings for this folder, in key =\u003e tag value id format."}}},"depends_on":["module.folder-1"]},"folder-2-iam":{"source":"../folder","expressions":{"asset_feeds":{"references":["each.value"]},"autokey_config":{"references":["each.value"]},"context":{"references":["local.ctx","local.ctx.folder_ids","local.ctx","module.folder-1","local.ctx_iam_principals","local.ctx_project_ids","local.ctx_project_numbers"]},"factories_config":{"references":["each.value.factories_config.pam_entitlements","each.value.factories_config","each.value"]},"folder_create":{"constant_value":false},"iam":{"references":["each.value"]},"iam_bindings":{"references":["each.value"]},"iam_bindings_additive":{"references":["each.value"]},"iam_by_principals":{"references":["each.value"]},"iam_by_principals_additive":{"references":["each.value"]},"iam_by_principals_conditional":{"references":["each.value"]},"id":{"references":["module.folder-2","each.key"]},"logging_data_access":{"references":["each.value"]}},"for_each_expression":{"references":["local.folders_input"]},"module":{"outputs":{"asset_search_results":{"expression":{"references":["data.google_cloud_asset_search_all_resources.default"]},"description":"Cloud Asset Inventory search results."},"assured_workload":{"expression":{"references":["google_assured_workloads_workload.folder[0]","google_assured_workloads_workload.folder"]},"description":"Assured Workloads workload resource."},"folder":{"expression":{"references":["google_folder.folder[0]","google_folder.folder"]},"description":"Folder resource."},"id":{"expression":{"references":["local.folder_id"]},"depends_on":["google_folder_iam_binding.authoritative","google_folder_iam_binding.bindings","google_folder_iam_member.bindings","google_org_policy_policy.default"],"description":"Fully qualified folder id."},"name":{"expression":{"references":["var.assured_workload_config","google_folder.folder[0].display_name","google_folder.folder[0]","google_folder.folder","google_assured_workloads_workload.folder[0].resource_settings[0].display_name","google_assured_workloads_workload.folder[0].resource_settings[0]","google_assured_workloads_workload.folder[0].resource_settings","google_assured_workloads_workload.folder[0]","google_assured_workloads_workload.folder"]},"description":"Folder name."},"organization_policies_ids":{"expression":{"references":["google_org_policy_policy.default"]},"description":"Map of ORGANIZATION_POLICIES =\u003e ID in the folder."},"scc_custom_sha_modules_ids":{"expression":{"references":["google_scc_management_folder_security_health_analytics_custom_module.scc_folder_custom_module"]},"description":"Map of SCC CUSTOM SHA MODULES =\u003e ID in the folder."},"service_agents":{"expression":{"references":["local.service_agents"]},"description":"Identities of all folder-level service agents."},"sink_writer_identities":{"expression":{"references":["google_logging_folder_sink.sink"]},"description":"Writer identities created for each sink."}},"resources":[{"address":"google_assured_workloads_workload.folder","mode":"managed","type":"google_assured_workloads_workload","name":"folder","provider_config_key":"module.factory.module.folder-2-iam:google","expressions":{"compliance_regime":{"references":["var.assured_workload_config.compliance_regime","var.assured_workload_config"]},"display_name":{"references":["var.assured_workload_config.display_name","var.assured_workload_config"]},"enable_sovereign_controls":{"references":["var.assured_workload_config.enable_sovereign_controls","var.assured_workload_config"]},"labels":{"references":["var.assured_workload_config.labels","var.assured_workload_config"]},"location":{"references":["var.assured_workload_config.location","var.assured_workload_config"]},"organization":{"references":["var.assured_workload_config.organization","var.assured_workload_config","var.context.condition_vars","var.context"]},"partner":{"references":["var.assured_workload_config.partner","var.assured_workload_config"]},"provisioned_resources_parent":{"references":["local.aw_parent"]},"resource_settings":[{"display_name":{"references":["var.name"]},"resource_type":{"constant_value":"CONSUMER_FOLDER"}}],"violation_notifications_enabled":{"references":["var.assured_workload_config.violation_notifications_enabled","var.assured_workload_config"]}},"schema_version":0,"count_expression":{"references":["var.assured_workload_config","var.folder_create"]}},{"address":"google_bigquery_dataset_iam_member.bq-sinks-binding","mode":"managed","type":"google_bigquery_dataset_iam_member","name":"bq-sinks-binding","provider_config_key":"module.factory.module.folder-2-iam:google","expressions":{"dataset_id":{"references":["each.value.destination","each.value"]},"member":{"references":["google_logging_folder_sink.sink","each.key"]},"project":{"references":["each.value.destination","each.value"]},"role":{"constant_value":"roles/bigquery.dataEditor"}},"schema_version":0,"for_each_expression":{"references":["local.sink_bindings[\"bigquery\"]","local.sink_bindings"]}},{"address":"google_cloud_asset_folder_feed.default","mode":"managed","type":"google_cloud_asset_folder_feed","name":"default","provider_config_key":"module.factory.module.folder-2-iam:google","expressions":{"asset_names":{"references":["each.value.asset_names","each.value"]},"asset_types":{"references":["each.value.asset_types","each.value"]},"billing_project":{"references":["local.ctx.project_ids","local.ctx","each.value.billing_project","each.value","each.value.billing_project","each.value"]},"content_type":{"references":["each.value.content_type","each.value"]},"feed_id":{"references":["each.key"]},"feed_output_config":[{"pubsub_destination":[{"topic":{"references":["local.ctx.pubsub_topics","local.ctx","each.value.feed_output_config.pubsub_destination.topic","each.value.feed_output_config.pubsub_destination","each.value.feed_output_config","each.value","each.value.feed_output_config.pubsub_destination.topic","each.value.feed_output_config.pubsub_destination","each.value.feed_output_config","each.value"]}}]}],"folder":{"references":["local.folder_id"]}},"schema_version":0,"for_each_expression":{"references":["var.asset_feeds"]}},{"address":"google_compute_firewall_policy_association.default","mode":"managed","type":"google_compute_firewall_policy_association","name":"default","provider_config_key":"module.factory.module.folder-2-iam:google","expressions":{"attachment_target":{"references":["local.folder_id"]},"firewall_policy":{"references":["var.firewall_policy.policy","var.firewall_policy"]},"name":{"references":["var.firewall_policy.name","var.firewall_policy"]}},"schema_version":0,"count_expression":{"references":["var.firewall_policy"]}},{"address":"google_essential_contacts_contact.contact","mode":"managed","type":"google_essential_contacts_contact","name":"contact","provider_config_key":"module.factory.module.folder-2-iam:google-beta","expressions":{"email":{"references":["local.ctx.email_addresses","local.ctx","each.key","each.key"]},"language_tag":{"constant_value":"en"},"notification_category_subscriptions":{"references":["each.value"]},"parent":{"references":["local.folder_id"]}},"schema_version":0,"for_each_expression":{"references":["var.contacts"]},"depends_on":["google_folder_iam_binding.authoritative","google_folder_iam_binding.bindings","google_folder_iam_member.bindings"]},{"address":"google_folder.folder","mode":"managed","type":"google_folder","name":"folder","provider_config_key":"module.factory.module.folder-2-iam:google","expressions":{"deletion_protection":{"references":["var.deletion_protection"]},"display_name":{"references":["var.name"]},"parent":{"references":["local.ctx.folder_ids","local.ctx","var.parent","var.parent"]}},"schema_version":0,"count_expression":{"references":["var.folder_create","var.assured_workload_config"]}},{"address":"google_folder_iam_audit_config.default","mode":"managed","type":"google_folder_iam_audit_config","name":"default","provider_config_key":"module.factory.module.folder-2-iam:google","expressions":{"folder":{"references":["local.folder_id"]},"service":{"references":["each.key"]}},"schema_version":0,"for_each_expression":{"references":["var.logging_data_access"]}},{"address":"google_folder_iam_binding.authoritative","mode":"managed","type":"google_folder_iam_binding","name":"authoritative","provider_config_key":"module.factory.module.folder-2-iam:google","expressions":{"folder":{"references":["local.folder_id"]},"members":{"references":["each.value","local.ctx_iam_principals"]},"role":{"references":["local.ctx.custom_roles","local.ctx","each.key","each.key"]}},"schema_version":0,"for_each_expression":{"references":["local.iam"]}},{"address":"google_folder_iam_binding.bindings","mode":"managed","type":"google_folder_iam_binding","name":"bindings","provider_config_key":"module.factory.module.folder-2-iam:google","expressions":{"folder":{"references":["local.folder_id"]},"members":{"references":["each.value.members","each.value","local.ctx_iam_principals"]},"role":{"references":["local.ctx.custom_roles","local.ctx","each.value.role","each.value","each.value.role","each.value"]}},"schema_version":0,"for_each_expression":{"references":["local.iam_bindings"]}},{"address":"google_folder_iam_member.bindings","mode":"managed","type":"google_folder_iam_member","name":"bindings","provider_config_key":"module.factory.module.folder-2-iam:google","expressions":{"folder":{"references":["local.folder_id"]},"member":{"references":["local.ctx.iam_principals","local.ctx","each.value.member","each.value","each.value.member","each.value"]},"role":{"references":["local.ctx.custom_roles","local.ctx","each.value.role","each.value","each.value.role","each.value"]}},"schema_version":0,"for_each_expression":{"references":["local.iam_bindings_additive"]}},{"address":"google_kms_autokey_config.default","mode":"managed","type":"google_kms_autokey_config","name":"default","provider_config_key":"module.factory.module.folder-2-iam:google-beta","expressions":{"folder":{"references":["local.folder_id"]},"key_project":{"references":["local.ctx.project_ids","local.ctx","var.autokey_config.project","var.autokey_config","local.ctx.project_numbers","local.ctx","var.autokey_config.project","var.autokey_config","var.autokey_config.project","var.autokey_config"]}},"schema_version":0,"count_expression":{"references":["var.autokey_config"]}},{"address":"google_logging_folder_exclusion.logging-exclusion","mode":"managed","type":"google_logging_folder_exclusion","name":"logging-exclusion","provider_config_key":"module.factory.module.folder-2-iam:google","expressions":{"description":{"references":["each.key"]},"filter":{"references":["each.value"]},"folder":{"references":["local.folder_id"]},"name":{"references":["each.key"]}},"schema_version":0,"for_each_expression":{"references":["var.logging_exclusions"]}},{"address":"google_logging_folder_settings.default","mode":"managed","type":"google_logging_folder_settings","name":"default","provider_config_key":"module.factory.module.folder-2-iam:google","expressions":{"disable_default_sink":{"references":["var.logging_settings.disable_default_sink","var.logging_settings"]},"folder":{"references":["local.folder_id"]},"storage_location":{"references":["var.logging_settings.storage_location","var.logging_settings"]}},"schema_version":0,"count_expression":{"references":["var.logging_settings"]}},{"address":"google_logging_folder_sink.sink","mode":"managed","type":"google_logging_folder_sink","name":"sink","provider_config_key":"module.factory.module.folder-2-iam:google","expressions":{"description":{"references":["each.value.description","each.value","each.key"]},"destination":{"references":["each.value","each.value.type","each.value","each.value.destination","each.value"]},"disabled":{"references":["each.value.disabled","each.value"]},"filter":{"references":["each.value.filter","each.value"]},"folder":{"references":["local.folder_id"]},"include_children":{"references":["each.value.include_children","each.value"]},"intercept_children":{"references":["each.value.intercept_children","each.value"]},"name":{"references":["each.key"]}},"schema_version":0,"for_each_expression":{"references":["local.logging_sinks"]},"depends_on":["google_folder_iam_binding.authoritative"]},{"address":"google_org_policy_policy.default","mode":"managed","type":"google_org_policy_policy","name":"default","provider_config_key":"module.factory.module.folder-2-iam:google","expressions":{"name":{"references":["local.folder_id","each.value"]},"parent":{"references":["local.folder_id"]}},"schema_version":0,"for_each_expression":{"references":["local._org_policies"]}},{"address":"google_privileged_access_manager_entitlement.default","mode":"managed","type":"google_privileged_access_manager_entitlement","name":"default","provider_config_key":"module.factory.module.folder-2-iam:google","expressions":{"eligible_users":[{"principals":{"references":["each.value.eligible_users","each.value","local.ctx_iam_principals"]}}],"entitlement_id":{"references":["each.key"]},"location":{"constant_value":"global"},"max_request_duration":{"references":["each.value.max_request_duration","each.value"]},"parent":{"references":["local.folder_id"]},"privileged_access":[{"gcp_iam_access":[{"resource":{"references":["local.folder_id"]},"resource_type":{"constant_value":"cloudresourcemanager.googleapis.com/Folder"}}]}],"requester_justification_config":[{}]},"schema_version":0,"for_each_expression":{"references":["local.pam_entitlements"]},"depends_on":["google_folder.folder","google_folder_iam_binding.authoritative","google_folder_iam_binding.bindings","google_folder_iam_member.bindings"]},{"address":"google_project_iam_member.bucket-sinks-binding","mode":"managed","type":"google_project_iam_member","name":"bucket-sinks-binding","provider_config_key":"module.factory.module.folder-2-iam:google","expressions":{"condition":[{"description":{"references":["google_logging_folder_sink.sink","each.key","each.key","local.folder_id"]},"expression":{"references":["each.value.destination","each.value"]},"title":{"references":["each.key"]}}],"member":{"references":["google_logging_folder_sink.sink","each.key"]},"project":{"references":["each.value.destination","each.value"]},"role":{"constant_value":"roles/logging.bucketWriter"}},"schema_version":0,"for_each_expression":{"references":["local.sink_bindings[\"logging\"]","local.sink_bindings"]}},{"address":"google_project_iam_member.project-sinks-binding","mode":"managed","type":"google_project_iam_member","name":"project-sinks-binding","provider_config_key":"module.factory.module.folder-2-iam:google","expressions":{"member":{"references":["google_logging_folder_sink.sink","each.key"]},"project":{"references":["each.value.destination","each.value"]},"role":{"constant_value":"roles/logging.logWriter"}},"schema_version":0,"for_each_expression":{"references":["local.sink_bindings[\"project\"]","local.sink_bindings"]}},{"address":"google_pubsub_topic_iam_member.pubsub-sinks-binding","mode":"managed","type":"google_pubsub_topic_iam_member","name":"pubsub-sinks-binding","provider_config_key":"module.factory.module.folder-2-iam:google","expressions":{"member":{"references":["google_logging_folder_sink.sink","each.key"]},"project":{"references":["each.value.destination","each.value"]},"role":{"constant_value":"roles/pubsub.publisher"},"topic":{"references":["each.value.destination","each.value"]}},"schema_version":0,"for_each_expression":{"references":["local.sink_bindings[\"pubsub\"]","local.sink_bindings"]}},{"address":"google_scc_management_folder_security_health_analytics_custom_module.scc_folder_custom_module","mode":"managed","type":"google_scc_management_folder_security_health_analytics_custom_module","name":"scc_folder_custom_module","provider_config_key":"module.factory.module.folder-2-iam:google","expressions":{"custom_config":[{"description":{"references":["each.value.description","each.value"]},"predicate":[{"expression":{"references":["each.value.predicate.expression","each.value.predicate","each.value"]}}],"recommendation":{"references":["each.value.recommendation","each.value"]},"resource_selector":[{"resource_types":{"references":["each.value.resource_selector.resource_types","each.value.resource_selector","each.value"]}}],"severity":{"references":["each.value.severity","each.value"]}}],"display_name":{"references":["each.value.name","each.value"]},"enablement_state":{"references":["each.value.enablement_state","each.value"]},"folder":{"references":["local.folder_id"]},"location":{"constant_value":"global"}},"schema_version":0,"for_each_expression":{"references":["local.scc_sha_custom_modules"]}},{"address":"google_scc_v2_folder_mute_config.scc_mute_configs","mode":"managed","type":"google_scc_v2_folder_mute_config","name":"scc_mute_configs","provider_config_key":"module.factory.module.folder-2-iam:google","expressions":{"description":{"references":["each.value.description","each.value"]},"filter":{"references":["each.value.filter","each.value"]},"folder":{"references":["local.folder_id"]},"location":{"constant_value":"global"},"mute_config_id":{"references":["each.key"]},"type":{"references":["each.value.type","each.value"]}},"schema_version":0,"for_each_expression":{"references":["local.scc_mute_configs"]}},{"address":"google_storage_bucket_iam_member.gcs-sinks-binding","mode":"managed","type":"google_storage_bucket_iam_member","name":"gcs-sinks-binding","provider_config_key":"module.factory.module.folder-2-iam:google","expressions":{"bucket":{"references":["each.value.destination","each.value"]},"member":{"references":["google_logging_folder_sink.sink","each.key"]},"role":{"constant_value":"roles/storage.objectCreator"}},"schema_version":0,"for_each_expression":{"references":["local.sink_bindings[\"storage\"]","local.sink_bindings"]}},{"address":"google_tags_tag_binding.binding","mode":"managed","type":"google_tags_tag_binding","name":"binding","provider_config_key":"module.factory.module.folder-2-iam:google","expressions":{"parent":{"references":["local.folder_id"]},"tag_value":{"references":["local.ctx.tag_values","local.ctx","each.value","each.value"]}},"schema_version":0,"for_each_expression":{"references":["var.tag_bindings"]}},{"address":"data.google_cloud_asset_search_all_resources.default","mode":"data","type":"google_cloud_asset_search_all_resources","name":"default","provider_config_key":"module.factory.module.folder-2-iam:google","expressions":{"asset_types":{"references":["each.value.asset_types","each.value"]},"query":{"references":["each.value.query","each.value"]},"scope":{"references":["local.folder_id"]}},"schema_version":0,"for_each_expression":{"references":["var.asset_search"]}}],"variables":{"asset_feeds":{"default":{},"description":"Cloud Asset Inventory feeds."},"asset_search":{"default":{},"description":"Cloud Asset Inventory search configurations."},"assured_workload_config":{"default":null,"description":"Create AssuredWorkloads folder instead of regular folder when value is provided. Incompatible with folder_create=false."},"autokey_config":{"default":null,"description":"Enable autokey support for this folder's children. Project accepts either project id or number."},"contacts":{"default":{},"description":"List of essential contacts for this resource. Must be in the form EMAIL -\u003e [NOTIFICATION_TYPES]. Valid notification types are ALL, SUSPENSION, SECURITY, TECHNICAL, BILLING, LEGAL, PRODUCT_UPDATES."},"context":{"default":{"bigquery_datasets":{},"condition_vars":{},"custom_roles":{},"email_addresses":{},"folder_ids":{},"iam_principals":{},"log_buckets":{},"project_ids":{},"project_numbers":{},"pubsub_topics":{},"storage_buckets":{},"tag_values":{}},"description":"Context-specific interpolations."},"deletion_protection":{"default":false,"description":"Deletion protection setting for this folder."},"factories_config":{"default":{"org_policies":null,"pam_entitlements":null,"scc_mute_configs":null,"scc_sha_custom_modules":null},"description":"Paths to data files and folders that enable factory functionality."},"firewall_policy":{"default":null,"description":"Hierarchical firewall policy to associate to this folder."},"folder_create":{"default":true,"description":"Create folder. When set to false, uses id to reference an existing folder."},"iam":{"default":{},"description":"IAM bindings in {ROLE =\u003e [MEMBERS]} format."},"iam_bindings":{"default":{},"description":"Authoritative IAM bindings in {KEY =\u003e {role = ROLE, members = [], condition = {}}}. Keys are arbitrary."},"iam_bindings_additive":{"default":{},"description":"Individual additive IAM bindings. Keys are arbitrary."},"iam_by_principals":{"default":{},"description":"Authoritative IAM binding in {PRINCIPAL =\u003e [ROLES]} format. Principals need to be statically defined to avoid errors. Merged internally with the `iam` variable."},"iam_by_principals_additive":{"default":{},"description":"Additive IAM binding in {PRINCIPAL =\u003e [ROLES]} format. Principals need to be statically defined to avoid errors. Merged internally with the `iam_bindings_additive` variable."},"iam_by_principals_conditional":{"default":{},"description":"Authoritative IAM binding in {PRINCIPAL =\u003e {roles = [roles], condition = {cond}}} format. Principals need to be statically defined to avoid errors. Condition is required."},"id":{"default":null,"description":"Folder ID in case you use folder_create=false."},"logging_data_access":{"default":{},"description":"Control activation of data access logs. The special 'allServices' key denotes configuration for all services."},"logging_exclusions":{"default":{},"description":"Logging exclusions for this folder in the form {NAME -\u003e FILTER}."},"logging_settings":{"default":null,"description":"Default settings for logging resources."},"logging_sinks":{"default":{},"description":"Logging sinks to create for the folder."},"name":{"default":null,"description":"Folder name."},"org_policies":{"default":{},"description":"Organization policies applied to this folder keyed by policy name."},"pam_entitlements":{"default":{},"description":"Privileged Access Manager entitlements for this resource, keyed by entitlement ID."},"parent":{"default":null,"description":"Parent in folders/folder_id or organizations/org_id format."},"scc_mute_configs":{"default":{},"description":"SCC mute configurations keyed by name."},"scc_sha_custom_modules":{"default":{},"description":"SCC custom modules keyed by module name."},"tag_bindings":{"default":null,"description":"Tag bindings for this folder, in key =\u003e tag value id format."}}}},"folder-3":{"source":"../folder","expressions":{"assured_workload_config":{"references":["each.value"]},"context":{"references":["local.ctx","local.ctx.folder_ids","local.ctx","module.folder-2"]},"deletion_protection":{"references":["each.value"]},"factories_config":{"references":["each.value.factories_config.org_policies","each.value.factories_config","each.value","each.value.factories_config.scc_sha_custom_modules","each.value.factories_config","each.value"]},"name":{"references":["each.value.name","each.value"]},"org_policies":{"references":["each.value"]},"pam_entitlements":{"references":["each.value"]},"parent":{"references":["each.value.parent","each.value","each.value.parent_key","each.value"]},"tag_bindings":{"references":["each.value"]}},"for_each_expression":{"references":["local.folders_input"]},"module":{"outputs":{"asset_search_results":{"expression":{"references":["data.google_cloud_asset_search_all_resources.default"]},"description":"Cloud Asset Inventory search results."},"assured_workload":{"expression":{"references":["google_assured_workloads_workload.folder[0]","google_assured_workloads_workload.folder"]},"description":"Assured Workloads workload resource."},"folder":{"expression":{"references":["google_folder.folder[0]","google_folder.folder"]},"description":"Folder resource."},"id":{"expression":{"references":["local.folder_id"]},"depends_on":["google_folder_iam_binding.authoritative","google_folder_iam_binding.bindings","google_folder_iam_member.bindings","google_org_policy_policy.default"],"description":"Fully qualified folder id."},"name":{"expression":{"references":["var.assured_workload_config","google_folder.folder[0].display_name","google_folder.folder[0]","google_folder.folder","google_assured_workloads_workload.folder[0].resource_settings[0].display_name","google_assured_workloads_workload.folder[0].resource_settings[0]","google_assured_workloads_workload.folder[0].resource_settings","google_assured_workloads_workload.folder[0]","google_assured_workloads_workload.folder"]},"description":"Folder name."},"organization_policies_ids":{"expression":{"references":["google_org_policy_policy.default"]},"description":"Map of ORGANIZATION_POLICIES =\u003e ID in the folder."},"scc_custom_sha_modules_ids":{"expression":{"references":["google_scc_management_folder_security_health_analytics_custom_module.scc_folder_custom_module"]},"description":"Map of SCC CUSTOM SHA MODULES =\u003e ID in the folder."},"service_agents":{"expression":{"references":["local.service_agents"]},"description":"Identities of all folder-level service agents."},"sink_writer_identities":{"expression":{"references":["google_logging_folder_sink.sink"]},"description":"Writer identities created for each sink."}},"resources":[{"address":"google_assured_workloads_workload.folder","mode":"managed","type":"google_assured_workloads_workload","name":"folder","provider_config_key":"module.factory.module.folder-3:google","expressions":{"compliance_regime":{"references":["var.assured_workload_config.compliance_regime","var.assured_workload_config"]},"display_name":{"references":["var.assured_workload_config.display_name","var.assured_workload_config"]},"enable_sovereign_controls":{"references":["var.assured_workload_config.enable_sovereign_controls","var.assured_workload_config"]},"labels":{"references":["var.assured_workload_config.labels","var.assured_workload_config"]},"location":{"references":["var.assured_workload_config.location","var.assured_workload_config"]},"organization":{"references":["var.assured_workload_config.organization","var.assured_workload_config","var.context.condition_vars","var.context"]},"partner":{"references":["var.assured_workload_config.partner","var.assured_workload_config"]},"provisioned_resources_parent":{"references":["local.aw_parent"]},"resource_settings":[{"display_name":{"references":["var.name"]},"resource_type":{"constant_value":"CONSUMER_FOLDER"}}],"violation_notifications_enabled":{"references":["var.assured_workload_config.violation_notifications_enabled","var.assured_workload_config"]}},"schema_version":0,"count_expression":{"references":["var.assured_workload_config","var.folder_create"]}},{"address":"google_bigquery_dataset_iam_member.bq-sinks-binding","mode":"managed","type":"google_bigquery_dataset_iam_member","name":"bq-sinks-binding","provider_config_key":"module.factory.module.folder-3:google","expressions":{"dataset_id":{"references":["each.value.destination","each.value"]},"member":{"references":["google_logging_folder_sink.sink","each.key"]},"project":{"references":["each.value.destination","each.value"]},"role":{"constant_value":"roles/bigquery.dataEditor"}},"schema_version":0,"for_each_expression":{"references":["local.sink_bindings[\"bigquery\"]","local.sink_bindings"]}},{"address":"google_cloud_asset_folder_feed.default","mode":"managed","type":"google_cloud_asset_folder_feed","name":"default","provider_config_key":"module.factory.module.folder-3:google","expressions":{"asset_names":{"references":["each.value.asset_names","each.value"]},"asset_types":{"references":["each.value.asset_types","each.value"]},"billing_project":{"references":["local.ctx.project_ids","local.ctx","each.value.billing_project","each.value","each.value.billing_project","each.value"]},"content_type":{"references":["each.value.content_type","each.value"]},"feed_id":{"references":["each.key"]},"feed_output_config":[{"pubsub_destination":[{"topic":{"references":["local.ctx.pubsub_topics","local.ctx","each.value.feed_output_config.pubsub_destination.topic","each.value.feed_output_config.pubsub_destination","each.value.feed_output_config","each.value","each.value.feed_output_config.pubsub_destination.topic","each.value.feed_output_config.pubsub_destination","each.value.feed_output_config","each.value"]}}]}],"folder":{"references":["local.folder_id"]}},"schema_version":0,"for_each_expression":{"references":["var.asset_feeds"]}},{"address":"google_compute_firewall_policy_association.default","mode":"managed","type":"google_compute_firewall_policy_association","name":"default","provider_config_key":"module.factory.module.folder-3:google","expressions":{"attachment_target":{"references":["local.folder_id"]},"firewall_policy":{"references":["var.firewall_policy.policy","var.firewall_policy"]},"name":{"references":["var.firewall_policy.name","var.firewall_policy"]}},"schema_version":0,"count_expression":{"references":["var.firewall_policy"]}},{"address":"google_essential_contacts_contact.contact","mode":"managed","type":"google_essential_contacts_contact","name":"contact","provider_config_key":"module.factory.module.folder-3:google-beta","expressions":{"email":{"references":["local.ctx.email_addresses","local.ctx","each.key","each.key"]},"language_tag":{"constant_value":"en"},"notification_category_subscriptions":{"references":["each.value"]},"parent":{"references":["local.folder_id"]}},"schema_version":0,"for_each_expression":{"references":["var.contacts"]},"depends_on":["google_folder_iam_binding.authoritative","google_folder_iam_binding.bindings","google_folder_iam_member.bindings"]},{"address":"google_folder.folder","mode":"managed","type":"google_folder","name":"folder","provider_config_key":"module.factory.module.folder-3:google","expressions":{"deletion_protection":{"references":["var.deletion_protection"]},"display_name":{"references":["var.name"]},"parent":{"references":["local.ctx.folder_ids","local.ctx","var.parent","var.parent"]}},"schema_version":0,"count_expression":{"references":["var.folder_create","var.assured_workload_config"]}},{"address":"google_folder_iam_audit_config.default","mode":"managed","type":"google_folder_iam_audit_config","name":"default","provider_config_key":"module.factory.module.folder-3:google","expressions":{"folder":{"references":["local.folder_id"]},"service":{"references":["each.key"]}},"schema_version":0,"for_each_expression":{"references":["var.logging_data_access"]}},{"address":"google_folder_iam_binding.authoritative","mode":"managed","type":"google_folder_iam_binding","name":"authoritative","provider_config_key":"module.factory.module.folder-3:google","expressions":{"folder":{"references":["local.folder_id"]},"members":{"references":["each.value","local.ctx_iam_principals"]},"role":{"references":["local.ctx.custom_roles","local.ctx","each.key","each.key"]}},"schema_version":0,"for_each_expression":{"references":["local.iam"]}},{"address":"google_folder_iam_binding.bindings","mode":"managed","type":"google_folder_iam_binding","name":"bindings","provider_config_key":"module.factory.module.folder-3:google","expressions":{"folder":{"references":["local.folder_id"]},"members":{"references":["each.value.members","each.value","local.ctx_iam_principals"]},"role":{"references":["local.ctx.custom_roles","local.ctx","each.value.role","each.value","each.value.role","each.value"]}},"schema_version":0,"for_each_expression":{"references":["local.iam_bindings"]}},{"address":"google_folder_iam_member.bindings","mode":"managed","type":"google_folder_iam_member","name":"bindings","provider_config_key":"module.factory.module.folder-3:google","expressions":{"folder":{"references":["local.folder_id"]},"member":{"references":["local.ctx.iam_principals","local.ctx","each.value.member","each.value","each.value.member","each.value"]},"role":{"references":["local.ctx.custom_roles","local.ctx","each.value.role","each.value","each.value.role","each.value"]}},"schema_version":0,"for_each_expression":{"references":["local.iam_bindings_additive"]}},{"address":"google_kms_autokey_config.default","mode":"managed","type":"google_kms_autokey_config","name":"default","provider_config_key":"module.factory.module.folder-3:google-beta","expressions":{"folder":{"references":["local.folder_id"]},"key_project":{"references":["local.ctx.project_ids","local.ctx","var.autokey_config.project","var.autokey_config","local.ctx.project_numbers","local.ctx","var.autokey_config.project","var.autokey_config","var.autokey_config.project","var.autokey_config"]}},"schema_version":0,"count_expression":{"references":["var.autokey_config"]}},{"address":"google_logging_folder_exclusion.logging-exclusion","mode":"managed","type":"google_logging_folder_exclusion","name":"logging-exclusion","provider_config_key":"module.factory.module.folder-3:google","expressions":{"description":{"references":["each.key"]},"filter":{"references":["each.value"]},"folder":{"references":["local.folder_id"]},"name":{"references":["each.key"]}},"schema_version":0,"for_each_expression":{"references":["var.logging_exclusions"]}},{"address":"google_logging_folder_settings.default","mode":"managed","type":"google_logging_folder_settings","name":"default","provider_config_key":"module.factory.module.folder-3:google","expressions":{"disable_default_sink":{"references":["var.logging_settings.disable_default_sink","var.logging_settings"]},"folder":{"references":["local.folder_id"]},"storage_location":{"references":["var.logging_settings.storage_location","var.logging_settings"]}},"schema_version":0,"count_expression":{"references":["var.logging_settings"]}},{"address":"google_logging_folder_sink.sink","mode":"managed","type":"google_logging_folder_sink","name":"sink","provider_config_key":"module.factory.module.folder-3:google","expressions":{"description":{"references":["each.value.description","each.value","each.key"]},"destination":{"references":["each.value","each.value.type","each.value","each.value.destination","each.value"]},"disabled":{"references":["each.value.disabled","each.value"]},"filter":{"references":["each.value.filter","each.value"]},"folder":{"references":["local.folder_id"]},"include_children":{"references":["each.value.include_children","each.value"]},"intercept_children":{"references":["each.value.intercept_children","each.value"]},"name":{"references":["each.key"]}},"schema_version":0,"for_each_expression":{"references":["local.logging_sinks"]},"depends_on":["google_folder_iam_binding.authoritative"]},{"address":"google_org_policy_policy.default","mode":"managed","type":"google_org_policy_policy","name":"default","provider_config_key":"module.factory.module.folder-3:google","expressions":{"name":{"references":["local.folder_id","each.value"]},"parent":{"references":["local.folder_id"]}},"schema_version":0,"for_each_expression":{"references":["local._org_policies"]}},{"address":"google_privileged_access_manager_entitlement.default","mode":"managed","type":"google_privileged_access_manager_entitlement","name":"default","provider_config_key":"module.factory.module.folder-3:google","expressions":{"eligible_users":[{"principals":{"references":["each.value.eligible_users","each.value","local.ctx_iam_principals"]}}],"entitlement_id":{"references":["each.key"]},"location":{"constant_value":"global"},"max_request_duration":{"references":["each.value.max_request_duration","each.value"]},"parent":{"references":["local.folder_id"]},"privileged_access":[{"gcp_iam_access":[{"resource":{"references":["local.folder_id"]},"resource_type":{"constant_value":"cloudresourcemanager.googleapis.com/Folder"}}]}],"requester_justification_config":[{}]},"schema_version":0,"for_each_expression":{"references":["local.pam_entitlements"]},"depends_on":["google_folder.folder","google_folder_iam_binding.authoritative","google_folder_iam_binding.bindings","google_folder_iam_member.bindings"]},{"address":"google_project_iam_member.bucket-sinks-binding","mode":"managed","type":"google_project_iam_member","name":"bucket-sinks-binding","provider_config_key":"module.factory.module.folder-3:google","expressions":{"condition":[{"description":{"references":["google_logging_folder_sink.sink","each.key","each.key","local.folder_id"]},"expression":{"references":["each.value.destination","each.value"]},"title":{"references":["each.key"]}}],"member":{"references":["google_logging_folder_sink.sink","each.key"]},"project":{"references":["each.value.destination","each.value"]},"role":{"constant_value":"roles/logging.bucketWriter"}},"schema_version":0,"for_each_expression":{"references":["local.sink_bindings[\"logging\"]","local.sink_bindings"]}},{"address":"google_project_iam_member.project-sinks-binding","mode":"managed","type":"google_project_iam_member","name":"project-sinks-binding","provider_config_key":"module.factory.module.folder-3:google","expressions":{"member":{"references":["google_logging_folder_sink.sink","each.key"]},"project":{"references":["each.value.destination","each.value"]},"role":{"constant_value":"roles/logging.logWriter"}},"schema_version":0,"for_each_expression":{"references":["local.sink_bindings[\"project\"]","local.sink_bindings"]}},{"address":"google_pubsub_topic_iam_member.pubsub-sinks-binding","mode":"managed","type":"google_pubsub_topic_iam_member","name":"pubsub-sinks-binding","provider_config_key":"module.factory.module.folder-3:google","expressions":{"member":{"references":["google_logging_folder_sink.sink","each.key"]},"project":{"references":["each.value.destination","each.value"]},"role":{"constant_value":"roles/pubsub.publisher"},"topic":{"references":["each.value.destination","each.value"]}},"schema_version":0,"for_each_expression":{"references":["local.sink_bindings[\"pubsub\"]","local.sink_bindings"]}},{"address":"google_scc_management_folder_security_health_analytics_custom_module.scc_folder_custom_module","mode":"managed","type":"google_scc_management_folder_security_health_analytics_custom_module","name":"scc_folder_custom_module","provider_config_key":"module.factory.module.folder-3:google","expressions":{"custom_config":[{"description":{"references":["each.value.description","each.value"]},"predicate":[{"expression":{"references":["each.value.predicate.expression","each.value.predicate","each.value"]}}],"recommendation":{"references":["each.value.recommendation","each.value"]},"resource_selector":[{"resource_types":{"references":["each.value.resource_selector.resource_types","each.value.resource_selector","each.value"]}}],"severity":{"references":["each.value.severity","each.value"]}}],"display_name":{"references":["each.value.name","each.value"]},"enablement_state":{"references":["each.value.enablement_state","each.value"]},"folder":{"references":["local.folder_id"]},"location":{"constant_value":"global"}},"schema_version":0,"for_each_expression":{"references":["local.scc_sha_custom_modules"]}},{"address":"google_scc_v2_folder_mute_config.scc_mute_configs","mode":"managed","type":"google_scc_v2_folder_mute_config","name":"scc_mute_configs","provider_config_key":"module.factory.module.folder-3:google","expressions":{"description":{"references":["each.value.description","each.value"]},"filter":{"references":["each.value.filter","each.value"]},"folder":{"references":["local.folder_id"]},"location":{"constant_value":"global"},"mute_config_id":{"references":["each.key"]},"type":{"references":["each.value.type","each.value"]}},"schema_version":0,"for_each_expression":{"references":["local.scc_mute_configs"]}},{"address":"google_storage_bucket_iam_member.gcs-sinks-binding","mode":"managed","type":"google_storage_bucket_iam_member","name":"gcs-sinks-binding","provider_config_key":"module.factory.module.folder-3:google","expressions":{"bucket":{"references":["each.value.destination","each.value"]},"member":{"references":["google_logging_folder_sink.sink","each.key"]},"role":{"constant_value":"roles/storage.objectCreator"}},"schema_version":0,"for_each_expression":{"references":["local.sink_bindings[\"storage\"]","local.sink_bindings"]}},{"address":"google_tags_tag_binding.binding","mode":"managed","type":"google_tags_tag_binding","name":"binding","provider_config_key":"module.factory.module.folder-3:google","expressions":{"parent":{"references":["local.folder_id"]},"tag_value":{"references":["local.ctx.tag_values","local.ctx","each.value","each.value"]}},"schema_version":0,"for_each_expression":{"references":["var.tag_bindings"]}},{"address":"data.google_cloud_asset_search_all_resources.default","mode":"data","type":"google_cloud_asset_search_all_resources","name":"default","provider_config_key":"module.factory.module.folder-3:google","expressions":{"asset_types":{"references":["each.value.asset_types","each.value"]},"query":{"references":["each.value.query","each.value"]},"scope":{"references":["local.folder_id"]}},"schema_version":0,"for_each_expression":{"references":["var.asset_search"]}}],"variables":{"asset_feeds":{"default":{},"description":"Cloud Asset Inventory feeds."},"asset_search":{"default":{},"description":"Cloud Asset Inventory search configurations."},"assured_workload_config":{"default":null,"description":"Create AssuredWorkloads folder instead of regular folder when value is provided. Incompatible with folder_create=false."},"autokey_config":{"default":null,"description":"Enable autokey support for this folder's children. Project accepts either project id or number."},"contacts":{"default":{},"description":"List of essential contacts for this resource. Must be in the form EMAIL -\u003e [NOTIFICATION_TYPES]. Valid notification types are ALL, SUSPENSION, SECURITY, TECHNICAL, BILLING, LEGAL, PRODUCT_UPDATES."},"context":{"default":{"bigquery_datasets":{},"condition_vars":{},"custom_roles":{},"email_addresses":{},"folder_ids":{},"iam_principals":{},"log_buckets":{},"project_ids":{},"project_numbers":{},"pubsub_topics":{},"storage_buckets":{},"tag_values":{}},"description":"Context-specific interpolations."},"deletion_protection":{"default":false,"description":"Deletion protection setting for this folder."},"factories_config":{"default":{"org_policies":null,"pam_entitlements":null,"scc_mute_configs":null,"scc_sha_custom_modules":null},"description":"Paths to data files and folders that enable factory functionality."},"firewall_policy":{"default":null,"description":"Hierarchical firewall policy to associate to this folder."},"folder_create":{"default":true,"description":"Create folder. When set to false, uses id to reference an existing folder."},"iam":{"default":{},"description":"IAM bindings in {ROLE =\u003e [MEMBERS]} format."},"iam_bindings":{"default":{},"description":"Authoritative IAM bindings in {KEY =\u003e {role = ROLE, members = [], condition = {}}}. Keys are arbitrary."},"iam_bindings_additive":{"default":{},"description":"Individual additive IAM bindings. Keys are arbitrary."},"iam_by_principals":{"default":{},"description":"Authoritative IAM binding in {PRINCIPAL =\u003e [ROLES]} format. Principals need to be statically defined to avoid errors. Merged internally with the `iam` variable."},"iam_by_principals_additive":{"default":{},"description":"Additive IAM binding in {PRINCIPAL =\u003e [ROLES]} format. Principals need to be statically defined to avoid errors. Merged internally with the `iam_bindings_additive` variable."},"iam_by_principals_conditional":{"default":{},"description":"Authoritative IAM binding in {PRINCIPAL =\u003e {roles = [roles], condition = {cond}}} format. Principals need to be statically defined to avoid errors. Condition is required."},"id":{"default":null,"description":"Folder ID in case you use folder_create=false."},"logging_data_access":{"default":{},"description":"Control activation of data access logs. The special 'allServices' key denotes configuration for all services."},"logging_exclusions":{"default":{},"description":"Logging exclusions for this folder in the form {NAME -\u003e FILTER}."},"logging_settings":{"default":null,"description":"Default settings for logging resources."},"logging_sinks":{"default":{},"description":"Logging sinks to create for the folder."},"name":{"default":null,"description":"Folder name."},"org_policies":{"default":{},"description":"Organization policies applied to this folder keyed by policy name."},"pam_entitlements":{"default":{},"description":"Privileged Access Manager entitlements for this resource, keyed by entitlement ID."},"parent":{"default":null,"description":"Parent in folders/folder_id or organizations/org_id format."},"scc_mute_configs":{"default":{},"description":"SCC mute configurations keyed by name."},"scc_sha_custom_modules":{"default":{},"description":"SCC custom modules keyed by module name."},"tag_bindings":{"default":null,"description":"Tag bindings for this folder, in key =\u003e tag value id format."}}},"depends_on":["module.folder-2"]},"folder-3-iam":{"source":"../folder","expressions":{"asset_feeds":{"references":["each.value"]},"autokey_config":{"references":["each.value"]},"context":{"references":["local.ctx","local.ctx.folder_ids","local.ctx","module.folder-2","local.ctx_iam_principals","local.ctx_project_ids","local.ctx_project_numbers"]},"factories_config":{"references":["each.value.factories_config.pam_entitlements","each.value.factories_config","each.value"]},"folder_create":{"constant_value":false},"iam":{"references":["each.value"]},"iam_bindings":{"references":["each.value"]},"iam_bindings_additive":{"references":["each.value"]},"iam_by_principals":{"references":["each.value"]},"iam_by_principals_additive":{"references":["each.value"]},"iam_by_principals_conditional":{"references":["each.value"]},"id":{"references":["module.folder-3","each.key"]},"logging_data_access":{"references":["each.value"]}},"for_each_expression":{"references":["local.folders_input"]},"module":{"outputs":{"asset_search_results":{"expression":{"references":["data.google_cloud_asset_search_all_resources.default"]},"description":"Cloud Asset Inventory search results."},"assured_workload":{"expression":{"references":["google_assured_workloads_workload.folder[0]","google_assured_workloads_workload.folder"]},"description":"Assured Workloads workload resource."},"folder":{"expression":{"references":["google_folder.folder[0]","google_folder.folder"]},"description":"Folder resource."},"id":{"expression":{"references":["local.folder_id"]},"depends_on":["google_folder_iam_binding.authoritative","google_folder_iam_binding.bindings","google_folder_iam_member.bindings","google_org_policy_policy.default"],"description":"Fully qualified folder id."},"name":{"expression":{"references":["var.assured_workload_config","google_folder.folder[0].display_name","google_folder.folder[0]","google_folder.folder","google_assured_workloads_workload.folder[0].resource_settings[0].display_name","google_assured_workloads_workload.folder[0].resource_settings[0]","google_assured_workloads_workload.folder[0].resource_settings","google_assured_workloads_workload.folder[0]","google_assured_workloads_workload.folder"]},"description":"Folder name."},"organization_policies_ids":{"expression":{"references":["google_org_policy_policy.default"]},"description":"Map of ORGANIZATION_POLICIES =\u003e ID in the folder."},"scc_custom_sha_modules_ids":{"expression":{"references":["google_scc_management_folder_security_health_analytics_custom_module.scc_folder_custom_module"]},"description":"Map of SCC CUSTOM SHA MODULES =\u003e ID in the folder."},"service_agents":{"expression":{"references":["local.service_agents"]},"description":"Identities of all folder-level service agents."},"sink_writer_identities":{"expression":{"references":["google_logging_folder_sink.sink"]},"description":"Writer identities created for each sink."}},"resources":[{"address":"google_assured_workloads_workload.folder","mode":"managed","type":"google_assured_workloads_workload","name":"folder","provider_config_key":"module.factory.module.folder-3-iam:google","expressions":{"compliance_regime":{"references":["var.assured_workload_config.compliance_regime","var.assured_workload_config"]},"display_name":{"references":["var.assured_workload_config.display_name","var.assured_workload_config"]},"enable_sovereign_controls":{"references":["var.assured_workload_config.enable_sovereign_controls","var.assured_workload_config"]},"labels":{"references":["var.assured_workload_config.labels","var.assured_workload_config"]},"location":{"references":["var.assured_workload_config.location","var.assured_workload_config"]},"organization":{"references":["var.assured_workload_config.organization","var.assured_workload_config","var.context.condition_vars","var.context"]},"partner":{"references":["var.assured_workload_config.partner","var.assured_workload_config"]},"provisioned_resources_parent":{"references":["local.aw_parent"]},"resource_settings":[{"display_name":{"references":["var.name"]},"resource_type":{"constant_value":"CONSUMER_FOLDER"}}],"violation_notifications_enabled":{"references":["var.assured_workload_config.violation_notifications_enabled","var.assured_workload_config"]}},"schema_version":0,"count_expression":{"references":["var.assured_workload_config","var.folder_create"]}},{"address":"google_bigquery_dataset_iam_member.bq-sinks-binding","mode":"managed","type":"google_bigquery_dataset_iam_member","name":"bq-sinks-binding","provider_config_key":"module.factory.module.folder-3-iam:google","expressions":{"dataset_id":{"references":["each.value.destination","each.value"]},"member":{"references":["google_logging_folder_sink.sink","each.key"]},"project":{"references":["each.value.destination","each.value"]},"role":{"constant_value":"roles/bigquery.dataEditor"}},"schema_version":0,"for_each_expression":{"references":["local.sink_bindings[\"bigquery\"]","local.sink_bindings"]}},{"address":"google_cloud_asset_folder_feed.default","mode":"managed","type":"google_cloud_asset_folder_feed","name":"default","provider_config_key":"module.factory.module.folder-3-iam:google","expressions":{"asset_names":{"references":["each.value.asset_names","each.value"]},"asset_types":{"references":["each.value.asset_types","each.value"]},"billing_project":{"references":["local.ctx.project_ids","local.ctx","each.value.billing_project","each.value","each.value.billing_project","each.value"]},"content_type":{"references":["each.value.content_type","each.value"]},"feed_id":{"references":["each.key"]},"feed_output_config":[{"pubsub_destination":[{"topic":{"references":["local.ctx.pubsub_topics","local.ctx","each.value.feed_output_config.pubsub_destination.topic","each.value.feed_output_config.pubsub_destination","each.value.feed_output_config","each.value","each.value.feed_output_config.pubsub_destination.topic","each.value.feed_output_config.pubsub_destination","each.value.feed_output_config","each.value"]}}]}],"folder":{"references":["local.folder_id"]}},"schema_version":0,"for_each_expression":{"references":["var.asset_feeds"]}},{"address":"google_compute_firewall_policy_association.default","mode":"managed","type":"google_compute_firewall_policy_association","name":"default","provider_config_key":"module.factory.module.folder-3-iam:google","expressions":{"attachment_target":{"references":["local.folder_id"]},"firewall_policy":{"references":["var.firewall_policy.policy","var.firewall_policy"]},"name":{"references":["var.firewall_policy.name","var.firewall_policy"]}},"schema_version":0,"count_expression":{"references":["var.firewall_policy"]}},{"address":"google_essential_contacts_contact.contact","mode":"managed","type":"google_essential_contacts_contact","name":"contact","provider_config_key":"module.factory.module.folder-3-iam:google-beta","expressions":{"email":{"references":["local.ctx.email_addresses","local.ctx","each.key","each.key"]},"language_tag":{"constant_value":"en"},"notification_category_subscriptions":{"references":["each.value"]},"parent":{"references":["local.folder_id"]}},"schema_version":0,"for_each_expression":{"references":["var.contacts"]},"depends_on":["google_folder_iam_binding.authoritative","google_folder_iam_binding.bindings","google_folder_iam_member.bindings"]},{"address":"google_folder.folder","mode":"managed","type":"google_folder","name":"folder","provider_config_key":"module.factory.module.folder-3-iam:google","expressions":{"deletion_protection":{"references":["var.deletion_protection"]},"display_name":{"references":["var.name"]},"parent":{"references":["local.ctx.folder_ids","local.ctx","var.parent","var.parent"]}},"schema_version":0,"count_expression":{"references":["var.folder_create","var.assured_workload_config"]}},{"address":"google_folder_iam_audit_config.default","mode":"managed","type":"google_folder_iam_audit_config","name":"default","provider_config_key":"module.factory.module.folder-3-iam:google","expressions":{"folder":{"references":["local.folder_id"]},"service":{"references":["each.key"]}},"schema_version":0,"for_each_expression":{"references":["var.logging_data_access"]}},{"address":"google_folder_iam_binding.authoritative","mode":"managed","type":"google_folder_iam_binding","name":"authoritative","provider_config_key":"module.factory.module.folder-3-iam:google","expressions":{"folder":{"references":["local.folder_id"]},"members":{"references":["each.value","local.ctx_iam_principals"]},"role":{"references":["local.ctx.custom_roles","local.ctx","each.key","each.key"]}},"schema_version":0,"for_each_expression":{"references":["local.iam"]}},{"address":"google_folder_iam_binding.bindings","mode":"managed","type":"google_folder_iam_binding","name":"bindings","provider_config_key":"module.factory.module.folder-3-iam:google","expressions":{"folder":{"references":["local.folder_id"]},"members":{"references":["each.value.members","each.value","local.ctx_iam_principals"]},"role":{"references":["local.ctx.custom_roles","local.ctx","each.value.role","each.value","each.value.role","each.value"]}},"schema_version":0,"for_each_expression":{"references":["local.iam_bindings"]}},{"address":"google_folder_iam_member.bindings","mode":"managed","type":"google_folder_iam_member","name":"bindings","provider_config_key":"module.factory.module.folder-3-iam:google","expressions":{"folder":{"references":["local.folder_id"]},"member":{"references":["local.ctx.iam_principals","local.ctx","each.value.member","each.value","each.value.member","each.value"]},"role":{"references":["local.ctx.custom_roles","local.ctx","each.value.role","each.value","each.value.role","each.value"]}},"schema_version":0,"for_each_expression":{"references":["local.iam_bindings_additive"]}},{"address":"google_kms_autokey_config.default","mode":"managed","type":"google_kms_autokey_config","name":"default","provider_config_key":"module.factory.module.folder-3-iam:google-beta","expressions":{"folder":{"references":["local.folder_id"]},"key_project":{"references":["local.ctx.project_ids","local.ctx","var.autokey_config.project","var.autokey_config","local.ctx.project_numbers","local.ctx","var.autokey_config.project","var.autokey_config","var.autokey_config.project","var.autokey_config"]}},"schema_version":0,"count_expression":{"references":["var.autokey_config"]}},{"address":"google_logging_folder_exclusion.logging-exclusion","mode":"managed","type":"google_logging_folder_exclusion","name":"logging-exclusion","provider_config_key":"module.factory.module.folder-3-iam:google","expressions":{"description":{"references":["each.key"]},"filter":{"references":["each.value"]},"folder":{"references":["local.folder_id"]},"name":{"references":["each.key"]}},"schema_version":0,"for_each_expression":{"references":["var.logging_exclusions"]}},{"address":"google_logging_folder_settings.default","mode":"managed","type":"google_logging_folder_settings","name":"default","provider_config_key":"module.factory.module.folder-3-iam:google","expressions":{"disable_default_sink":{"references":["var.logging_settings.disable_default_sink","var.logging_settings"]},"folder":{"references":["local.folder_id"]},"storage_location":{"references":["var.logging_settings.storage_location","var.logging_settings"]}},"schema_version":0,"count_expression":{"references":["var.logging_settings"]}},{"address":"google_logging_folder_sink.sink","mode":"managed","type":"google_logging_folder_sink","name":"sink","provider_config_key":"module.factory.module.folder-3-iam:google","expressions":{"description":{"references":["each.value.description","each.value","each.key"]},"destination":{"references":["each.value","each.value.type","each.value","each.value.destination","each.value"]},"disabled":{"references":["each.value.disabled","each.value"]},"filter":{"references":["each.value.filter","each.value"]},"folder":{"references":["local.folder_id"]},"include_children":{"references":["each.value.include_children","each.value"]},"intercept_children":{"references":["each.value.intercept_children","each.value"]},"name":{"references":["each.key"]}},"schema_version":0,"for_each_expression":{"references":["local.logging_sinks"]},"depends_on":["google_folder_iam_binding.authoritative"]},{"address":"google_org_policy_policy.default","mode":"managed","type":"google_org_policy_policy","name":"default","provider_config_key":"module.factory.module.folder-3-iam:google","expressions":{"name":{"references":["local.folder_id","each.value"]},"parent":{"references":["local.folder_id"]}},"schema_version":0,"for_each_expression":{"references":["local._org_policies"]}},{"address":"google_privileged_access_manager_entitlement.default","mode":"managed","type":"google_privileged_access_manager_entitlement","name":"default","provider_config_key":"module.factory.module.folder-3-iam:google","expressions":{"eligible_users":[{"principals":{"references":["each.value.eligible_users","each.value","local.ctx_iam_principals"]}}],"entitlement_id":{"references":["each.key"]},"location":{"constant_value":"global"},"max_request_duration":{"references":["each.value.max_request_duration","each.value"]},"parent":{"references":["local.folder_id"]},"privileged_access":[{"gcp_iam_access":[{"resource":{"references":["local.folder_id"]},"resource_type":{"constant_value":"cloudresourcemanager.googleapis.com/Folder"}}]}],"requester_justification_config":[{}]},"schema_version":0,"for_each_expression":{"references":["local.pam_entitlements"]},"depends_on":["google_folder.folder","google_folder_iam_binding.authoritative","google_folder_iam_binding.bindings","google_folder_iam_member.bindings"]},{"address":"google_project_iam_member.bucket-sinks-binding","mode":"managed","type":"google_project_iam_member","name":"bucket-sinks-binding","provider_config_key":"module.factory.module.folder-3-iam:google","expressions":{"condition":[{"description":{"references":["google_logging_folder_sink.sink","each.key","each.key","local.folder_id"]},"expression":{"references":["each.value.destination","each.value"]},"title":{"references":["each.key"]}}],"member":{"references":["google_logging_folder_sink.sink","each.key"]},"project":{"references":["each.value.destination","each.value"]},"role":{"constant_value":"roles/logging.bucketWriter"}},"schema_version":0,"for_each_expression":{"references":["local.sink_bindings[\"logging\"]","local.sink_bindings"]}},{"address":"google_project_iam_member.project-sinks-binding","mode":"managed","type":"google_project_iam_member","name":"project-sinks-binding","provider_config_key":"module.factory.module.folder-3-iam:google","expressions":{"member":{"references":["google_logging_folder_sink.sink","each.key"]},"project":{"references":["each.value.destination","each.value"]},"role":{"constant_value":"roles/logging.logWriter"}},"schema_version":0,"for_each_expression":{"references":["local.sink_bindings[\"project\"]","local.sink_bindings"]}},{"address":"google_pubsub_topic_iam_member.pubsub-sinks-binding","mode":"managed","type":"google_pubsub_topic_iam_member","name":"pubsub-sinks-binding","provider_config_key":"module.factory.module.folder-3-iam:google","expressions":{"member":{"references":["google_logging_folder_sink.sink","each.key"]},"project":{"references":["each.value.destination","each.value"]},"role":{"constant_value":"roles/pubsub.publisher"},"topic":{"references":["each.value.destination","each.value"]}},"schema_version":0,"for_each_expression":{"references":["local.sink_bindings[\"pubsub\"]","local.sink_bindings"]}},{"address":"google_scc_management_folder_security_health_analytics_custom_module.scc_folder_custom_module","mode":"managed","type":"google_scc_management_folder_security_health_analytics_custom_module","name":"scc_folder_custom_module","provider_config_key":"module.factory.module.folder-3-iam:google","expressions":{"custom_config":[{"description":{"references":["each.value.description","each.value"]},"predicate":[{"expression":{"references":["each.value.predicate.expression","each.value.predicate","each.value"]}}],"recommendation":{"references":["each.value.recommendation","each.value"]},"resource_selector":[{"resource_types":{"references":["each.value.resource_selector.resource_types","each.value.resource_selector","each.value"]}}],"severity":{"references":["each.value.severity","each.value"]}}],"display_name":{"references":["each.value.name","each.value"]},"enablement_state":{"references":["each.value.enablement_state","each.value"]},"folder":{"references":["local.folder_id"]},"location":{"constant_value":"global"}},"schema_version":0,"for_each_expression":{"references":["local.scc_sha_custom_modules"]}},{"address":"google_scc_v2_folder_mute_config.scc_mute_configs","mode":"managed","type":"google_scc_v2_folder_mute_config","name":"scc_mute_configs","provider_config_key":"module.factory.module.folder-3-iam:google","expressions":{"description":{"references":["each.value.description","each.value"]},"filter":{"references":["each.value.filter","each.value"]},"folder":{"references":["local.folder_id"]},"location":{"constant_value":"global"},"mute_config_id":{"references":["each.key"]},"type":{"references":["each.value.type","each.value"]}},"schema_version":0,"for_each_expression":{"references":["local.scc_mute_configs"]}},{"address":"google_storage_bucket_iam_member.gcs-sinks-binding","mode":"managed","type":"google_storage_bucket_iam_member","name":"gcs-sinks-binding","provider_config_key":"module.factory.module.folder-3-iam:google","expressions":{"bucket":{"references":["each.value.destination","each.value"]},"member":{"references":["google_logging_folder_sink.sink","each.key"]},"role":{"constant_value":"roles/storage.objectCreator"}},"schema_version":0,"for_each_expression":{"references":["local.sink_bindings[\"storage\"]","local.sink_bindings"]}},{"address":"google_tags_tag_binding.binding","mode":"managed","type":"google_tags_tag_binding","name":"binding","provider_config_key":"module.factory.module.folder-3-iam:google","expressions":{"parent":{"references":["local.folder_id"]},"tag_value":{"references":["local.ctx.tag_values","local.ctx","each.value","each.value"]}},"schema_version":0,"for_each_expression":{"references":["var.tag_bindings"]}},{"address":"data.google_cloud_asset_search_all_resources.default","mode":"data","type":"google_cloud_asset_search_all_resources","name":"default","provider_config_key":"module.factory.module.folder-3-iam:google","expressions":{"asset_types":{"references":["each.value.asset_types","each.value"]},"query":{"references":["each.value.query","each.value"]},"scope":{"references":["local.folder_id"]}},"schema_version":0,"for_each_expression":{"references":["var.asset_search"]}}],"variables":{"asset_feeds":{"default":{},"description":"Cloud Asset Inventory feeds."},"asset_search":{"default":{},"description":"Cloud Asset Inventory search configurations."},"assured_workload_config":{"default":null,"description":"Create AssuredWorkloads folder instead of regular folder when value is provided. Incompatible with folder_create=false."},"autokey_config":{"default":null,"description":"Enable autokey support for this folder's children. Project accepts either project id or number."},"contacts":{"default":{},"description":"List of essential contacts for this resource. Must be in the form EMAIL -\u003e [NOTIFICATION_TYPES]. Valid notification types are ALL, SUSPENSION, SECURITY, TECHNICAL, BILLING, LEGAL, PRODUCT_UPDATES."},"context":{"default":{"bigquery_datasets":{},"condition_vars":{},"custom_roles":{},"email_addresses":{},"folder_ids":{},"iam_principals":{},"log_buckets":{},"project_ids":{},"project_numbers":{},"pubsub_topics":{},"storage_buckets":{},"tag_values":{}},"description":"Context-specific interpolations."},"deletion_protection":{"default":false,"description":"Deletion protection setting for this folder."},"factories_config":{"default":{"org_policies":null,"pam_entitlements":null,"scc_mute_configs":null,"scc_sha_custom_modules":null},"description":"Paths to data files and folders that enable factory functionality."},"firewall_policy":{"default":null,"description":"Hierarchical firewall policy to associate to this folder."},"folder_create":{"default":true,"description":"Create folder. When set to false, uses id to reference an existing folder."},"iam":{"default":{},"description":"IAM bindings in {ROLE =\u003e [MEMBERS]} format."},"iam_bindings":{"default":{},"description":"Authoritative IAM bindings in {KEY =\u003e {role = ROLE, members = [], condition = {}}}. Keys are arbitrary."},"iam_bindings_additive":{"default":{},"description":"Individual additive IAM bindings. Keys are arbitrary."},"iam_by_principals":{"default":{},"description":"Authoritative IAM binding in {PRINCIPAL =\u003e [ROLES]} format. Principals need to be statically defined to avoid errors. Merged internally with the `iam` variable."},"iam_by_principals_additive":{"default":{},"description":"Additive IAM binding in {PRINCIPAL =\u003e [ROLES]} format. Principals need to be statically defined to avoid errors. Merged internally with the `iam_bindings_additive` variable."},"iam_by_principals_conditional":{"default":{},"description":"Authoritative IAM binding in {PRINCIPAL =\u003e {roles = [roles], condition = {cond}}} format. Principals need to be statically defined to avoid errors. Condition is required."},"id":{"default":null,"description":"Folder ID in case you use folder_create=false."},"logging_data_access":{"default":{},"description":"Control activation of data access logs. The special 'allServices' key denotes configuration for all services."},"logging_exclusions":{"default":{},"description":"Logging exclusions for this folder in the form {NAME -\u003e FILTER}."},"logging_settings":{"default":null,"description":"Default settings for logging resources."},"logging_sinks":{"default":{},"description":"Logging sinks to create for the folder."},"name":{"default":null,"description":"Folder name."},"org_policies":{"default":{},"description":"Organization policies applied to this folder keyed by policy name."},"pam_entitlements":{"default":{},"description":"Privileged Access Manager entitlements for this resource, keyed by entitlement ID."},"parent":{"default":null,"description":"Parent in folders/folder_id or organizations/org_id format."},"scc_mute_configs":{"default":{},"description":"SCC mute configurations keyed by name."},"scc_sha_custom_modules":{"default":{},"description":"SCC custom modules keyed by module name."},"tag_bindings":{"default":null,"description":"Tag bindings for this folder, in key =\u003e tag value id format."}}}},"folder-4":{"source":"../folder","expressions":{"assured_workload_config":{"references":["each.value"]},"context":{"references":["local.ctx","local.ctx.folder_ids","local.ctx","module.folder-3"]},"deletion_protection":{"references":["each.value"]},"factories_config":{"references":["each.value.factories_config.org_policies","each.value.factories_config","each.value","each.value.factories_config.scc_sha_custom_modules","each.value.factories_config","each.value"]},"name":{"references":["each.value.name","each.value"]},"org_policies":{"references":["each.value"]},"pam_entitlements":{"references":["each.value"]},"parent":{"references":["each.value.parent","each.value","each.value.parent_key","each.value"]},"tag_bindings":{"references":["each.value"]}},"for_each_expression":{"references":["local.folders_input"]},"module":{"outputs":{"asset_search_results":{"expression":{"references":["data.google_cloud_asset_search_all_resources.default"]},"description":"Cloud Asset Inventory search results."},"assured_workload":{"expression":{"references":["google_assured_workloads_workload.folder[0]","google_assured_workloads_workload.folder"]},"description":"Assured Workloads workload resource."},"folder":{"expression":{"references":["google_folder.folder[0]","google_folder.folder"]},"description":"Folder resource."},"id":{"expression":{"references":["local.folder_id"]},"depends_on":["google_folder_iam_binding.authoritative","google_folder_iam_binding.bindings","google_folder_iam_member.bindings","google_org_policy_policy.default"],"description":"Fully qualified folder id."},"name":{"expression":{"references":["var.assured_workload_config","google_folder.folder[0].display_name","google_folder.folder[0]","google_folder.folder","google_assured_workloads_workload.folder[0].resource_settings[0].display_name","google_assured_workloads_workload.folder[0].resource_settings[0]","google_assured_workloads_workload.folder[0].resource_settings","google_assured_workloads_workload.folder[0]","google_assured_workloads_workload.folder"]},"description":"Folder name."},"organization_policies_ids":{"expression":{"references":["google_org_policy_policy.default"]},"description":"Map of ORGANIZATION_POLICIES =\u003e ID in the folder."},"scc_custom_sha_modules_ids":{"expression":{"references":["google_scc_management_folder_security_health_analytics_custom_module.scc_folder_custom_module"]},"description":"Map of SCC CUSTOM SHA MODULES =\u003e ID in the folder."},"service_agents":{"expression":{"references":["local.service_agents"]},"description":"Identities of all folder-level service agents."},"sink_writer_identities":{"expression":{"references":["google_logging_folder_sink.sink"]},"description":"Writer identities created for each sink."}},"resources":[{"address":"google_assured_workloads_workload.folder","mode":"managed","type":"google_assured_workloads_workload","name":"folder","provider_config_key":"module.factory.module.folder-4:google","expressions":{"compliance_regime":{"references":["var.assured_workload_config.compliance_regime","var.assured_workload_config"]},"display_name":{"references":["var.assured_workload_config.display_name","var.assured_workload_config"]},"enable_sovereign_controls":{"references":["var.assured_workload_config.enable_sovereign_controls","var.assured_workload_config"]},"labels":{"references":["var.assured_workload_config.labels","var.assured_workload_config"]},"location":{"references":["var.assured_workload_config.location","var.assured_workload_config"]},"organization":{"references":["var.assured_workload_config.organization","var.assured_workload_config","var.context.condition_vars","var.context"]},"partner":{"references":["var.assured_workload_config.partner","var.assured_workload_config"]},"provisioned_resources_parent":{"references":["local.aw_parent"]},"resource_settings":[{"display_name":{"references":["var.name"]},"resource_type":{"constant_value":"CONSUMER_FOLDER"}}],"violation_notifications_enabled":{"references":["var.assured_workload_config.violation_notifications_enabled","var.assured_workload_config"]}},"schema_version":0,"count_expression":{"references":["var.assured_workload_config","var.folder_create"]}},{"address":"google_bigquery_dataset_iam_member.bq-sinks-binding","mode":"managed","type":"google_bigquery_dataset_iam_member","name":"bq-sinks-binding","provider_config_key":"module.factory.module.folder-4:google","expressions":{"dataset_id":{"references":["each.value.destination","each.value"]},"member":{"references":["google_logging_folder_sink.sink","each.key"]},"project":{"references":["each.value.destination","each.value"]},"role":{"constant_value":"roles/bigquery.dataEditor"}},"schema_version":0,"for_each_expression":{"references":["local.sink_bindings[\"bigquery\"]","local.sink_bindings"]}},{"address":"google_cloud_asset_folder_feed.default","mode":"managed","type":"google_cloud_asset_folder_feed","name":"default","provider_config_key":"module.factory.module.folder-4:google","expressions":{"asset_names":{"references":["each.value.asset_names","each.value"]},"asset_types":{"references":["each.value.asset_types","each.value"]},"billing_project":{"references":["local.ctx.project_ids","local.ctx","each.value.billing_project","each.value","each.value.billing_project","each.value"]},"content_type":{"references":["each.value.content_type","each.value"]},"feed_id":{"references":["each.key"]},"feed_output_config":[{"pubsub_destination":[{"topic":{"references":["local.ctx.pubsub_topics","local.ctx","each.value.feed_output_config.pubsub_destination.topic","each.value.feed_output_config.pubsub_destination","each.value.feed_output_config","each.value","each.value.feed_output_config.pubsub_destination.topic","each.value.feed_output_config.pubsub_destination","each.value.feed_output_config","each.value"]}}]}],"folder":{"references":["local.folder_id"]}},"schema_version":0,"for_each_expression":{"references":["var.asset_feeds"]}},{"address":"google_compute_firewall_policy_association.default","mode":"managed","type":"google_compute_firewall_policy_association","name":"default","provider_config_key":"module.factory.module.folder-4:google","expressions":{"attachment_target":{"references":["local.folder_id"]},"firewall_policy":{"references":["var.firewall_policy.policy","var.firewall_policy"]},"name":{"references":["var.firewall_policy.name","var.firewall_policy"]}},"schema_version":0,"count_expression":{"references":["var.firewall_policy"]}},{"address":"google_essential_contacts_contact.contact","mode":"managed","type":"google_essential_contacts_contact","name":"contact","provider_config_key":"module.factory.module.folder-4:google-beta","expressions":{"email":{"references":["local.ctx.email_addresses","local.ctx","each.key","each.key"]},"language_tag":{"constant_value":"en"},"notification_category_subscriptions":{"references":["each.value"]},"parent":{"references":["local.folder_id"]}},"schema_version":0,"for_each_expression":{"references":["var.contacts"]},"depends_on":["google_folder_iam_binding.authoritative","google_folder_iam_binding.bindings","google_folder_iam_member.bindings"]},{"address":"google_folder.folder","mode":"managed","type":"google_folder","name":"folder","provider_config_key":"module.factory.module.folder-4:google","expressions":{"deletion_protection":{"references":["var.deletion_protection"]},"display_name":{"references":["var.name"]},"parent":{"references":["local.ctx.folder_ids","local.ctx","var.parent","var.parent"]}},"schema_version":0,"count_expression":{"references":["var.folder_create","var.assured_workload_config"]}},{"address":"google_folder_iam_audit_config.default","mode":"managed","type":"google_folder_iam_audit_config","name":"default","provider_config_key":"module.factory.module.folder-4:google","expressions":{"folder":{"references":["local.folder_id"]},"service":{"references":["each.key"]}},"schema_version":0,"for_each_expression":{"references":["var.logging_data_access"]}},{"address":"google_folder_iam_binding.authoritative","mode":"managed","type":"google_folder_iam_binding","name":"authoritative","provider_config_key":"module.factory.module.folder-4:google","expressions":{"folder":{"references":["local.folder_id"]},"members":{"references":["each.value","local.ctx_iam_principals"]},"role":{"references":["local.ctx.custom_roles","local.ctx","each.key","each.key"]}},"schema_version":0,"for_each_expression":{"references":["local.iam"]}},{"address":"google_folder_iam_binding.bindings","mode":"managed","type":"google_folder_iam_binding","name":"bindings","provider_config_key":"module.factory.module.folder-4:google","expressions":{"folder":{"references":["local.folder_id"]},"members":{"references":["each.value.members","each.value","local.ctx_iam_principals"]},"role":{"references":["local.ctx.custom_roles","local.ctx","each.value.role","each.value","each.value.role","each.value"]}},"schema_version":0,"for_each_expression":{"references":["local.iam_bindings"]}},{"address":"google_folder_iam_member.bindings","mode":"managed","type":"google_folder_iam_member","name":"bindings","provider_config_key":"module.factory.module.folder-4:google","expressions":{"folder":{"references":["local.folder_id"]},"member":{"references":["local.ctx.iam_principals","local.ctx","each.value.member","each.value","each.value.member","each.value"]},"role":{"references":["local.ctx.custom_roles","local.ctx","each.value.role","each.value","each.value.role","each.value"]}},"schema_version":0,"for_each_expression":{"references":["local.iam_bindings_additive"]}},{"address":"google_kms_autokey_config.default","mode":"managed","type":"google_kms_autokey_config","name":"default","provider_config_key":"module.factory.module.folder-4:google-beta","expressions":{"folder":{"references":["local.folder_id"]},"key_project":{"references":["local.ctx.project_ids","local.ctx","var.autokey_config.project","var.autokey_config","local.ctx.project_numbers","local.ctx","var.autokey_config.project","var.autokey_config","var.autokey_config.project","var.autokey_config"]}},"schema_version":0,"count_expression":{"references":["var.autokey_config"]}},{"address":"google_logging_folder_exclusion.logging-exclusion","mode":"managed","type":"google_logging_folder_exclusion","name":"logging-exclusion","provider_config_key":"module.factory.module.folder-4:google","expressions":{"description":{"references":["each.key"]},"filter":{"references":["each.value"]},"folder":{"references":["local.folder_id"]},"name":{"references":["each.key"]}},"schema_version":0,"for_each_expression":{"references":["var.logging_exclusions"]}},{"address":"google_logging_folder_settings.default","mode":"managed","type":"google_logging_folder_settings","name":"default","provider_config_key":"module.factory.module.folder-4:google","expressions":{"disable_default_sink":{"references":["var.logging_settings.disable_default_sink","var.logging_settings"]},"folder":{"references":["local.folder_id"]},"storage_location":{"references":["var.logging_settings.storage_location","var.logging_settings"]}},"schema_version":0,"count_expression":{"references":["var.logging_settings"]}},{"address":"google_logging_folder_sink.sink","mode":"managed","type":"google_logging_folder_sink","name":"sink","provider_config_key":"module.factory.module.folder-4:google","expressions":{"description":{"references":["each.value.description","each.value","each.key"]},"destination":{"references":["each.value","each.value.type","each.value","each.value.destination","each.value"]},"disabled":{"references":["each.value.disabled","each.value"]},"filter":{"references":["each.value.filter","each.value"]},"folder":{"references":["local.folder_id"]},"include_children":{"references":["each.value.include_children","each.value"]},"intercept_children":{"references":["each.value.intercept_children","each.value"]},"name":{"references":["each.key"]}},"schema_version":0,"for_each_expression":{"references":["local.logging_sinks"]},"depends_on":["google_folder_iam_binding.authoritative"]},{"address":"google_org_policy_policy.default","mode":"managed","type":"google_org_policy_policy","name":"default","provider_config_key":"module.factory.module.folder-4:google","expressions":{"name":{"references":["local.folder_id","each.value"]},"parent":{"references":["local.folder_id"]}},"schema_version":0,"for_each_expression":{"references":["local._org_policies"]}},{"address":"google_privileged_access_manager_entitlement.default","mode":"managed","type":"google_privileged_access_manager_entitlement","name":"default","provider_config_key":"module.factory.module.folder-4:google","expressions":{"eligible_users":[{"principals":{"references":["each.value.eligible_users","each.value","local.ctx_iam_principals"]}}],"entitlement_id":{"references":["each.key"]},"location":{"constant_value":"global"},"max_request_duration":{"references":["each.value.max_request_duration","each.value"]},"parent":{"references":["local.folder_id"]},"privileged_access":[{"gcp_iam_access":[{"resource":{"references":["local.folder_id"]},"resource_type":{"constant_value":"cloudresourcemanager.googleapis.com/Folder"}}]}],"requester_justification_config":[{}]},"schema_version":0,"for_each_expression":{"references":["local.pam_entitlements"]},"depends_on":["google_folder.folder","google_folder_iam_binding.authoritative","google_folder_iam_binding.bindings","google_folder_iam_member.bindings"]},{"address":"google_project_iam_member.bucket-sinks-binding","mode":"managed","type":"google_project_iam_member","name":"bucket-sinks-binding","provider_config_key":"module.factory.module.folder-4:google","expressions":{"condition":[{"description":{"references":["google_logging_folder_sink.sink","each.key","each.key","local.folder_id"]},"expression":{"references":["each.value.destination","each.value"]},"title":{"references":["each.key"]}}],"member":{"references":["google_logging_folder_sink.sink","each.key"]},"project":{"references":["each.value.destination","each.value"]},"role":{"constant_value":"roles/logging.bucketWriter"}},"schema_version":0,"for_each_expression":{"references":["local.sink_bindings[\"logging\"]","local.sink_bindings"]}},{"address":"google_project_iam_member.project-sinks-binding","mode":"managed","type":"google_project_iam_member","name":"project-sinks-binding","provider_config_key":"module.factory.module.folder-4:google","expressions":{"member":{"references":["google_logging_folder_sink.sink","each.key"]},"project":{"references":["each.value.destination","each.value"]},"role":{"constant_value":"roles/logging.logWriter"}},"schema_version":0,"for_each_expression":{"references":["local.sink_bindings[\"project\"]","local.sink_bindings"]}},{"address":"google_pubsub_topic_iam_member.pubsub-sinks-binding","mode":"managed","type":"google_pubsub_topic_iam_member","name":"pubsub-sinks-binding","provider_config_key":"module.factory.module.folder-4:google","expressions":{"member":{"references":["google_logging_folder_sink.sink","each.key"]},"project":{"references":["each.value.destination","each.value"]},"role":{"constant_value":"roles/pubsub.publisher"},"topic":{"references":["each.value.destination","each.value"]}},"schema_version":0,"for_each_expression":{"references":["local.sink_bindings[\"pubsub\"]","local.sink_bindings"]}},{"address":"google_scc_management_folder_security_health_analytics_custom_module.scc_folder_custom_module","mode":"managed","type":"google_scc_management_folder_security_health_analytics_custom_module","name":"scc_folder_custom_module","provider_config_key":"module.factory.module.folder-4:google","expressions":{"custom_config":[{"description":{"references":["each.value.description","each.value"]},"predicate":[{"expression":{"references":["each.value.predicate.expression","each.value.predicate","each.value"]}}],"recommendation":{"references":["each.value.recommendation","each.value"]},"resource_selector":[{"resource_types":{"references":["each.value.resource_selector.resource_types","each.value.resource_selector","each.value"]}}],"severity":{"references":["each.value.severity","each.value"]}}],"display_name":{"references":["each.value.name","each.value"]},"enablement_state":{"references":["each.value.enablement_state","each.value"]},"folder":{"references":["local.folder_id"]},"location":{"constant_value":"global"}},"schema_version":0,"for_each_expression":{"references":["local.scc_sha_custom_modules"]}},{"address":"google_scc_v2_folder_mute_config.scc_mute_configs","mode":"managed","type":"google_scc_v2_folder_mute_config","name":"scc_mute_configs","provider_config_key":"module.factory.module.folder-4:google","expressions":{"description":{"references":["each.value.description","each.value"]},"filter":{"references":["each.value.filter","each.value"]},"folder":{"references":["local.folder_id"]},"location":{"constant_value":"global"},"mute_config_id":{"references":["each.key"]},"type":{"references":["each.value.type","each.value"]}},"schema_version":0,"for_each_expression":{"references":["local.scc_mute_configs"]}},{"address":"google_storage_bucket_iam_member.gcs-sinks-binding","mode":"managed","type":"google_storage_bucket_iam_member","name":"gcs-sinks-binding","provider_config_key":"module.factory.module.folder-4:google","expressions":{"bucket":{"references":["each.value.destination","each.value"]},"member":{"references":["google_logging_folder_sink.sink","each.key"]},"role":{"constant_value":"roles/storage.objectCreator"}},"schema_version":0,"for_each_expression":{"references":["local.sink_bindings[\"storage\"]","local.sink_bindings"]}},{"address":"google_tags_tag_binding.binding","mode":"managed","type":"google_tags_tag_binding","name":"binding","provider_config_key":"module.factory.module.folder-4:google","expressions":{"parent":{"references":["local.folder_id"]},"tag_value":{"references":["local.ctx.tag_values","local.ctx","each.value","each.value"]}},"schema_version":0,"for_each_expression":{"references":["var.tag_bindings"]}},{"address":"data.google_cloud_asset_search_all_resources.default","mode":"data","type":"google_cloud_asset_search_all_resources","name":"default","provider_config_key":"module.factory.module.folder-4:google","expressions":{"asset_types":{"references":["each.value.asset_types","each.value"]},"query":{"references":["each.value.query","each.value"]},"scope":{"references":["local.folder_id"]}},"schema_version":0,"for_each_expression":{"references":["var.asset_search"]}}],"variables":{"asset_feeds":{"default":{},"description":"Cloud Asset Inventory feeds."},"asset_search":{"default":{},"description":"Cloud Asset Inventory search configurations."},"assured_workload_config":{"default":null,"description":"Create AssuredWorkloads folder instead of regular folder when value is provided. Incompatible with folder_create=false."},"autokey_config":{"default":null,"description":"Enable autokey support for this folder's children. Project accepts either project id or number."},"contacts":{"default":{},"description":"List of essential contacts for this resource. Must be in the form EMAIL -\u003e [NOTIFICATION_TYPES]. Valid notification types are ALL, SUSPENSION, SECURITY, TECHNICAL, BILLING, LEGAL, PRODUCT_UPDATES."},"context":{"default":{"bigquery_datasets":{},"condition_vars":{},"custom_roles":{},"email_addresses":{},"folder_ids":{},"iam_principals":{},"log_buckets":{},"project_ids":{},"project_numbers":{},"pubsub_topics":{},"storage_buckets":{},"tag_values":{}},"description":"Context-specific interpolations."},"deletion_protection":{"default":false,"description":"Deletion protection setting for this folder."},"factories_config":{"default":{"org_policies":null,"pam_entitlements":null,"scc_mute_configs":null,"scc_sha_custom_modules":null},"description":"Paths to data files and folders that enable factory functionality."},"firewall_policy":{"default":null,"description":"Hierarchical firewall policy to associate to this folder."},"folder_create":{"default":true,"description":"Create folder. When set to false, uses id to reference an existing folder."},"iam":{"default":{},"description":"IAM bindings in {ROLE =\u003e [MEMBERS]} format."},"iam_bindings":{"default":{},"description":"Authoritative IAM bindings in {KEY =\u003e {role = ROLE, members = [], condition = {}}}. Keys are arbitrary."},"iam_bindings_additive":{"default":{},"description":"Individual additive IAM bindings. Keys are arbitrary."},"iam_by_principals":{"default":{},"description":"Authoritative IAM binding in {PRINCIPAL =\u003e [ROLES]} format. Principals need to be statically defined to avoid errors. Merged internally with the `iam` variable."},"iam_by_principals_additive":{"default":{},"description":"Additive IAM binding in {PRINCIPAL =\u003e [ROLES]} format. Principals need to be statically defined to avoid errors. Merged internally with the `iam_bindings_additive` variable."},"iam_by_principals_conditional":{"default":{},"description":"Authoritative IAM binding in {PRINCIPAL =\u003e {roles = [roles], condition = {cond}}} format. Principals need to be statically defined to avoid errors. Condition is required."},"id":{"default":null,"description":"Folder ID in case you use folder_create=false."},"logging_data_access":{"default":{},"description":"Control activation of data access logs. The special 'allServices' key denotes configuration for all services."},"logging_exclusions":{"default":{},"description":"Logging exclusions for this folder in the form {NAME -\u003e FILTER}."},"logging_settings":{"default":null,"description":"Default settings for logging resources."},"logging_sinks":{"default":{},"description":"Logging sinks to create for the folder."},"name":{"default":null,"description":"Folder name."},"org_policies":{"default":{},"description":"Organization policies applied to this folder keyed by policy name."},"pam_entitlements":{"default":{},"description":"Privileged Access Manager entitlements for this resource, keyed by entitlement ID."},"parent":{"default":null,"description":"Parent in folders/folder_id or organizations/org_id format."},"scc_mute_configs":{"default":{},"description":"SCC mute configurations keyed by name."},"scc_sha_custom_modules":{"default":{},"description":"SCC custom modules keyed by module name."},"tag_bindings":{"default":null,"description":"Tag bindings for this folder, in key =\u003e tag value id format."}}},"depends_on":["module.folder-3"]},"folder-4-iam":{"source":"../folder","expressions":{"asset_feeds":{"references":["each.value"]},"autokey_config":{"references":["each.value"]},"context":{"references":["local.ctx","local.ctx.folder_ids","local.ctx","module.folder-3","local.ctx_iam_principals","local.ctx_project_ids","local.ctx_project_numbers"]},"factories_config":{"references":["each.value.factories_config.pam_entitlements","each.value.factories_config","each.value"]},"folder_create":{"constant_value":false},"iam":{"references":["each.value"]},"iam_bindings":{"references":["each.value"]},"iam_bindings_additive":{"references":["each.value"]},"iam_by_principals":{"references":["each.value"]},"iam_by_principals_additive":{"references":["each.value"]},"iam_by_principals_conditional":{"references":["each.value"]},"id":{"references":["module.folder-4","each.key"]},"logging_data_access":{"references":["each.value"]}},"for_each_expression":{"references":["local.folders_input"]},"module":{"outputs":{"asset_search_results":{"expression":{"references":["data.google_cloud_asset_search_all_resources.default"]},"description":"Cloud Asset Inventory search results."},"assured_workload":{"expression":{"references":["google_assured_workloads_workload.folder[0]","google_assured_workloads_workload.folder"]},"description":"Assured Workloads workload resource."},"folder":{"expression":{"references":["google_folder.folder[0]","google_folder.folder"]},"description":"Folder resource."},"id":{"expression":{"references":["local.folder_id"]},"depends_on":["google_folder_iam_binding.authoritative","google_folder_iam_binding.bindings","google_folder_iam_member.bindings","google_org_policy_policy.default"],"description":"Fully qualified folder id."},"name":{"expression":{"references":["var.assured_workload_config","google_folder.folder[0].display_name","google_folder.folder[0]","google_folder.folder","google_assured_workloads_workload.folder[0].resource_settings[0].display_name","google_assured_workloads_workload.folder[0].resource_settings[0]","google_assured_workloads_workload.folder[0].resource_settings","google_assured_workloads_workload.folder[0]","google_assured_workloads_workload.folder"]},"description":"Folder name."},"organization_policies_ids":{"expression":{"references":["google_org_policy_policy.default"]},"description":"Map of ORGANIZATION_POLICIES =\u003e ID in the folder."},"scc_custom_sha_modules_ids":{"expression":{"references":["google_scc_management_folder_security_health_analytics_custom_module.scc_folder_custom_module"]},"description":"Map of SCC CUSTOM SHA MODULES =\u003e ID in the folder."},"service_agents":{"expression":{"references":["local.service_agents"]},"description":"Identities of all folder-level service agents."},"sink_writer_identities":{"expression":{"references":["google_logging_folder_sink.sink"]},"description":"Writer identities created for each sink."}},"resources":[{"address":"google_assured_workloads_workload.folder","mode":"managed","type":"google_assured_workloads_workload","name":"folder","provider_config_key":"module.factory.module.folder-4-iam:google","expressions":{"compliance_regime":{"references":["var.assured_workload_config.compliance_regime","var.assured_workload_config"]},"display_name":{"references":["var.assured_workload_config.display_name","var.assured_workload_config"]},"enable_sovereign_controls":{"references":["var.assured_workload_config.enable_sovereign_controls","var.assured_workload_config"]},"labels":{"references":["var.assured_workload_config.labels","var.assured_workload_config"]},"location":{"references":["var.assured_workload_config.location","var.assured_workload_config"]},"organization":{"references":["var.assured_workload_config.organization","var.assured_workload_config","var.context.condition_vars","var.context"]},"partner":{"references":["var.assured_workload_config.partner","var.assured_workload_config"]},"provisioned_resources_parent":{"references":["local.aw_parent"]},"resource_settings":[{"display_name":{"references":["var.name"]},"resource_type":{"constant_value":"CONSUMER_FOLDER"}}],"violation_notifications_enabled":{"references":["var.assured_workload_config.violation_notifications_enabled","var.assured_workload_config"]}},"schema_version":0,"count_expression":{"references":["var.assured_workload_config","var.folder_create"]}},{"address":"google_bigquery_dataset_iam_member.bq-sinks-binding","mode":"managed","type":"google_bigquery_dataset_iam_member","name":"bq-sinks-binding","provider_config_key":"module.factory.module.folder-4-iam:google","expressions":{"dataset_id":{"references":["each.value.destination","each.value"]},"member":{"references":["google_logging_folder_sink.sink","each.key"]},"project":{"references":["each.value.destination","each.value"]},"role":{"constant_value":"roles/bigquery.dataEditor"}},"schema_version":0,"for_each_expression":{"references":["local.sink_bindings[\"bigquery\"]","local.sink_bindings"]}},{"address":"google_cloud_asset_folder_feed.default","mode":"managed","type":"google_cloud_asset_folder_feed","name":"default","provider_config_key":"module.factory.module.folder-4-iam:google","expressions":{"asset_names":{"references":["each.value.asset_names","each.value"]},"asset_types":{"references":["each.value.asset_types","each.value"]},"billing_project":{"references":["local.ctx.project_ids","local.ctx","each.value.billing_project","each.value","each.value.billing_project","each.value"]},"content_type":{"references":["each.value.content_type","each.value"]},"feed_id":{"references":["each.key"]},"feed_output_config":[{"pubsub_destination":[{"topic":{"references":["local.ctx.pubsub_topics","local.ctx","each.value.feed_output_config.pubsub_destination.topic","each.value.feed_output_config.pubsub_destination","each.value.feed_output_config","each.value","each.value.feed_output_config.pubsub_destination.topic","each.value.feed_output_config.pubsub_destination","each.value.feed_output_config","each.value"]}}]}],"folder":{"references":["local.folder_id"]}},"schema_version":0,"for_each_expression":{"references":["var.asset_feeds"]}},{"address":"google_compute_firewall_policy_association.default","mode":"managed","type":"google_compute_firewall_policy_association","name":"default","provider_config_key":"module.factory.module.folder-4-iam:google","expressions":{"attachment_target":{"references":["local.folder_id"]},"firewall_policy":{"references":["var.firewall_policy.policy","var.firewall_policy"]},"name":{"references":["var.firewall_policy.name","var.firewall_policy"]}},"schema_version":0,"count_expression":{"references":["var.firewall_policy"]}},{"address":"google_essential_contacts_contact.contact","mode":"managed","type":"google_essential_contacts_contact","name":"contact","provider_config_key":"module.factory.module.folder-4-iam:google-beta","expressions":{"email":{"references":["local.ctx.email_addresses","local.ctx","each.key","each.key"]},"language_tag":{"constant_value":"en"},"notification_category_subscriptions":{"references":["each.value"]},"parent":{"references":["local.folder_id"]}},"schema_version":0,"for_each_expression":{"references":["var.contacts"]},"depends_on":["google_folder_iam_binding.authoritative","google_folder_iam_binding.bindings","google_folder_iam_member.bindings"]},{"address":"google_folder.folder","mode":"managed","type":"google_folder","name":"folder","provider_config_key":"module.factory.module.folder-4-iam:google","expressions":{"deletion_protection":{"references":["var.deletion_protection"]},"display_name":{"references":["var.name"]},"parent":{"references":["local.ctx.folder_ids","local.ctx","var.parent","var.parent"]}},"schema_version":0,"count_expression":{"references":["var.folder_create","var.assured_workload_config"]}},{"address":"google_folder_iam_audit_config.default","mode":"managed","type":"google_folder_iam_audit_config","name":"default","provider_config_key":"module.factory.module.folder-4-iam:google","expressions":{"folder":{"references":["local.folder_id"]},"service":{"references":["each.key"]}},"schema_version":0,"for_each_expression":{"references":["var.logging_data_access"]}},{"address":"google_folder_iam_binding.authoritative","mode":"managed","type":"google_folder_iam_binding","name":"authoritative","provider_config_key":"module.factory.module.folder-4-iam:google","expressions":{"folder":{"references":["local.folder_id"]},"members":{"references":["each.value","local.ctx_iam_principals"]},"role":{"references":["local.ctx.custom_roles","local.ctx","each.key","each.key"]}},"schema_version":0,"for_each_expression":{"references":["local.iam"]}},{"address":"google_folder_iam_binding.bindings","mode":"managed","type":"google_folder_iam_binding","name":"bindings","provider_config_key":"module.factory.module.folder-4-iam:google","expressions":{"folder":{"references":["local.folder_id"]},"members":{"references":["each.value.members","each.value","local.ctx_iam_principals"]},"role":{"references":["local.ctx.custom_roles","local.ctx","each.value.role","each.value","each.value.role","each.value"]}},"schema_version":0,"for_each_expression":{"references":["local.iam_bindings"]}},{"address":"google_folder_iam_member.bindings","mode":"managed","type":"google_folder_iam_member","name":"bindings","provider_config_key":"module.factory.module.folder-4-iam:google","expressions":{"folder":{"references":["local.folder_id"]},"member":{"references":["local.ctx.iam_principals","local.ctx","each.value.member","each.value","each.value.member","each.value"]},"role":{"references":["local.ctx.custom_roles","local.ctx","each.value.role","each.value","each.value.role","each.value"]}},"schema_version":0,"for_each_expression":{"references":["local.iam_bindings_additive"]}},{"address":"google_kms_autokey_config.default","mode":"managed","type":"google_kms_autokey_config","name":"default","provider_config_key":"module.factory.module.folder-4-iam:google-beta","expressions":{"folder":{"references":["local.folder_id"]},"key_project":{"references":["local.ctx.project_ids","local.ctx","var.autokey_config.project","var.autokey_config","local.ctx.project_numbers","local.ctx","var.autokey_config.project","var.autokey_config","var.autokey_config.project","var.autokey_config"]}},"schema_version":0,"count_expression":{"references":["var.autokey_config"]}},{"address":"google_logging_folder_exclusion.logging-exclusion","mode":"managed","type":"google_logging_folder_exclusion","name":"logging-exclusion","provider_config_key":"module.factory.module.folder-4-iam:google","expressions":{"description":{"references":["each.key"]},"filter":{"references":["each.value"]},"folder":{"references":["local.folder_id"]},"name":{"references":["each.key"]}},"schema_version":0,"for_each_expression":{"references":["var.logging_exclusions"]}},{"address":"google_logging_folder_settings.default","mode":"managed","type":"google_logging_folder_settings","name":"default","provider_config_key":"module.factory.module.folder-4-iam:google","expressions":{"disable_default_sink":{"references":["var.logging_settings.disable_default_sink","var.logging_settings"]},"folder":{"references":["local.folder_id"]},"storage_location":{"references":["var.logging_settings.storage_location","var.logging_settings"]}},"schema_version":0,"count_expression":{"references":["var.logging_settings"]}},{"address":"google_logging_folder_sink.sink","mode":"managed","type":"google_logging_folder_sink","name":"sink","provider_config_key":"module.factory.module.folder-4-iam:google","expressions":{"description":{"references":["each.value.description","each.value","each.key"]},"destination":{"references":["each.value","each.value.type","each.value","each.value.destination","each.value"]},"disabled":{"references":["each.value.disabled","each.value"]},"filter":{"references":["each.value.filter","each.value"]},"folder":{"references":["local.folder_id"]},"include_children":{"references":["each.value.include_children","each.value"]},"intercept_children":{"references":["each.value.intercept_children","each.value"]},"name":{"references":["each.key"]}},"schema_version":0,"for_each_expression":{"references":["local.logging_sinks"]},"depends_on":["google_folder_iam_binding.authoritative"]},{"address":"google_org_policy_policy.default","mode":"managed","type":"google_org_policy_policy","name":"default","provider_config_key":"module.factory.module.folder-4-iam:google","expressions":{"name":{"references":["local.folder_id","each.value"]},"parent":{"references":["local.folder_id"]}},"schema_version":0,"for_each_expression":{"references":["local._org_policies"]}},{"address":"google_privileged_access_manager_entitlement.default","mode":"managed","type":"google_privileged_access_manager_entitlement","name":"default","provider_config_key":"module.factory.module.folder-4-iam:google","expressions":{"eligible_users":[{"principals":{"references":["each.value.eligible_users","each.value","local.ctx_iam_principals"]}}],"entitlement_id":{"references":["each.key"]},"location":{"constant_value":"global"},"max_request_duration":{"references":["each.value.max_request_duration","each.value"]},"parent":{"references":["local.folder_id"]},"privileged_access":[{"gcp_iam_access":[{"resource":{"references":["local.folder_id"]},"resource_type":{"constant_value":"cloudresourcemanager.googleapis.com/Folder"}}]}],"requester_justification_config":[{}]},"schema_version":0,"for_each_expression":{"references":["local.pam_entitlements"]},"depends_on":["google_folder.folder","google_folder_iam_binding.authoritative","google_folder_iam_binding.bindings","google_folder_iam_member.bindings"]},{"address":"google_project_iam_member.bucket-sinks-binding","mode":"managed","type":"google_project_iam_member","name":"bucket-sinks-binding","provider_config_key":"module.factory.module.folder-4-iam:google","expressions":{"condition":[{"description":{"references":["google_logging_folder_sink.sink","each.key","each.key","local.folder_id"]},"expression":{"references":["each.value.destination","each.value"]},"title":{"references":["each.key"]}}],"member":{"references":["google_logging_folder_sink.sink","each.key"]},"project":{"references":["each.value.destination","each.value"]},"role":{"constant_value":"roles/logging.bucketWriter"}},"schema_version":0,"for_each_expression":{"references":["local.sink_bindings[\"logging\"]","local.sink_bindings"]}},{"address":"google_project_iam_member.project-sinks-binding","mode":"managed","type":"google_project_iam_member","name":"project-sinks-binding","provider_config_key":"module.factory.module.folder-4-iam:google","expressions":{"member":{"references":["google_logging_folder_sink.sink","each.key"]},"project":{"references":["each.value.destination","each.value"]},"role":{"constant_value":"roles/logging.logWriter"}},"schema_version":0,"for_each_expression":{"references":["local.sink_bindings[\"project\"]","local.sink_bindings"]}},{"address":"google_pubsub_topic_iam_member.pubsub-sinks-binding","mode":"managed","type":"google_pubsub_topic_iam_member","name":"pubsub-sinks-binding","provider_config_key":"module.factory.module.folder-4-iam:google","expressions":{"member":{"references":["google_logging_folder_sink.sink","each.key"]},"project":{"references":["each.value.destination","each.value"]},"role":{"constant_value":"roles/pubsub.publisher"},"topic":{"references":["each.value.destination","each.value"]}},"schema_version":0,"for_each_expression":{"references":["local.sink_bindings[\"pubsub\"]","local.sink_bindings"]}},{"address":"google_scc_management_folder_security_health_analytics_custom_module.scc_folder_custom_module","mode":"managed","type":"google_scc_management_folder_security_health_analytics_custom_module","name":"scc_folder_custom_module","provider_config_key":"module.factory.module.folder-4-iam:google","expressions":{"custom_config":[{"description":{"references":["each.value.description","each.value"]},"predicate":[{"expression":{"references":["each.value.predicate.expression","each.value.predicate","each.value"]}}],"recommendation":{"references":["each.value.recommendation","each.value"]},"resource_selector":[{"resource_types":{"references":["each.value.resource_selector.resource_types","each.value.resource_selector","each.value"]}}],"severity":{"references":["each.value.severity","each.value"]}}],"display_name":{"references":["each.value.name","each.value"]},"enablement_state":{"references":["each.value.enablement_state","each.value"]},"folder":{"references":["local.folder_id"]},"location":{"constant_value":"global"}},"schema_version":0,"for_each_expression":{"references":["local.scc_sha_custom_modules"]}},{"address":"google_scc_v2_folder_mute_config.scc_mute_configs","mode":"managed","type":"google_scc_v2_folder_mute_config","name":"scc_mute_configs","provider_config_key":"module.factory.module.folder-4-iam:google","expressions":{"description":{"references":["each.value.description","each.value"]},"filter":{"references":["each.value.filter","each.value"]},"folder":{"references":["local.folder_id"]},"location":{"constant_value":"global"},"mute_config_id":{"references":["each.key"]},"type":{"references":["each.value.type","each.value"]}},"schema_version":0,"for_each_expression":{"references":["local.scc_mute_configs"]}},{"address":"google_storage_bucket_iam_member.gcs-sinks-binding","mode":"managed","type":"google_storage_bucket_iam_member","name":"gcs-sinks-binding","provider_config_key":"module.factory.module.folder-4-iam:google","expressions":{"bucket":{"references":["each.value.destination","each.value"]},"member":{"references":["google_logging_folder_sink.sink","each.key"]},"role":{"constant_value":"roles/storage.objectCreator"}},"schema_version":0,"for_each_expression":{"references":["local.sink_bindings[\"storage\"]","local.sink_bindings"]}},{"address":"google_tags_tag_binding.binding","mode":"managed","type":"google_tags_tag_binding","name":"binding","provider_config_key":"module.factory.module.folder-4-iam:google","expressions":{"parent":{"references":["local.folder_id"]},"tag_value":{"references":["local.ctx.tag_values","local.ctx","each.value","each.value"]}},"schema_version":0,"for_each_expression":{"references":["var.tag_bindings"]}},{"address":"data.google_cloud_asset_search_all_resources.default","mode":"data","type":"google_cloud_asset_search_all_resources","name":"default","provider_config_key":"module.factory.module.folder-4-iam:google","expressions":{"asset_types":{"references":["each.value.asset_types","each.value"]},"query":{"references":["each.value.query","each.value"]},"scope":{"references":["local.folder_id"]}},"schema_version":0,"for_each_expression":{"references":["var.asset_search"]}}],"variables":{"asset_feeds":{"default":{},"description":"Cloud Asset Inventory feeds."},"asset_search":{"default":{},"description":"Cloud Asset Inventory search configurations."},"assured_workload_config":{"default":null,"description":"Create AssuredWorkloads folder instead of regular folder when value is provided. Incompatible with folder_create=false."},"autokey_config":{"default":null,"description":"Enable autokey support for this folder's children. Project accepts either project id or number."},"contacts":{"default":{},"description":"List of essential contacts for this resource. Must be in the form EMAIL -\u003e [NOTIFICATION_TYPES]. Valid notification types are ALL, SUSPENSION, SECURITY, TECHNICAL, BILLING, LEGAL, PRODUCT_UPDATES."},"context":{"default":{"bigquery_datasets":{},"condition_vars":{},"custom_roles":{},"email_addresses":{},"folder_ids":{},"iam_principals":{},"log_buckets":{},"project_ids":{},"project_numbers":{},"pubsub_topics":{},"storage_buckets":{},"tag_values":{}},"description":"Context-specific interpolations."},"deletion_protection":{"default":false,"description":"Deletion protection setting for this folder."},"factories_config":{"default":{"org_policies":null,"pam_entitlements":null,"scc_mute_configs":null,"scc_sha_custom_modules":null},"description":"Paths to data files and folders that enable factory functionality."},"firewall_policy":{"default":null,"description":"Hierarchical firewall policy to associate to this folder."},"folder_create":{"default":true,"description":"Create folder. When set to false, uses id to reference an existing folder."},"iam":{"default":{},"description":"IAM bindings in {ROLE =\u003e [MEMBERS]} format."},"iam_bindings":{"default":{},"description":"Authoritative IAM bindings in {KEY =\u003e {role = ROLE, members = [], condition = {}}}. Keys are arbitrary."},"iam_bindings_additive":{"default":{},"description":"Individual additive IAM bindings. Keys are arbitrary."},"iam_by_principals":{"default":{},"description":"Authoritative IAM binding in {PRINCIPAL =\u003e [ROLES]} format. Principals need to be statically defined to avoid errors. Merged internally with the `iam` variable."},"iam_by_principals_additive":{"default":{},"description":"Additive IAM binding in {PRINCIPAL =\u003e [ROLES]} format. Principals need to be statically defined to avoid errors. Merged internally with the `iam_bindings_additive` variable."},"iam_by_principals_conditional":{"default":{},"description":"Authoritative IAM binding in {PRINCIPAL =\u003e {roles = [roles], condition = {cond}}} format. Principals need to be statically defined to avoid errors. Condition is required."},"id":{"default":null,"description":"Folder ID in case you use folder_create=false."},"logging_data_access":{"default":{},"description":"Control activation of data access logs. The special 'allServices' key denotes configuration for all services."},"logging_exclusions":{"default":{},"description":"Logging exclusions for this folder in the form {NAME -\u003e FILTER}."},"logging_settings":{"default":null,"description":"Default settings for logging resources."},"logging_sinks":{"default":{},"description":"Logging sinks to create for the folder."},"name":{"default":null,"description":"Folder name."},"org_policies":{"default":{},"description":"Organization policies applied to this folder keyed by policy name."},"pam_entitlements":{"default":{},"description":"Privileged Access Manager entitlements for this resource, keyed by entitlement ID."},"parent":{"default":null,"description":"Parent in folders/folder_id or organizations/org_id format."},"scc_mute_configs":{"default":{},"description":"SCC mute configurations keyed by name."},"scc_sha_custom_modules":{"default":{},"description":"SCC custom modules keyed by module name."},"tag_bindings":{"default":null,"description":"Tag bindings for this folder, in key =\u003e tag value id format."}}}},"kms":{"source":"../kms","expressions":{"context":{"references":["local.ctx","local.ctx.iam_principals","local.ctx","local.projects_sas_iam_emails","local.automation_sas_iam_emails","local.self_sas_iam_emails","each.value.project_key","each.value","local.projects_service_agents","local.ctx.locations","local.ctx","local.ctx_project_ids","local.ctx_tag_keys","local.ctx_tag_values"]},"iam":{"references":["each.value.iam","each.value"]},"iam_bindings":{"references":["each.value.iam_bindings","each.value"]},"iam_bindings_additive":{"references":["each.value.iam_bindings_additive","each.value"]},"keyring":{"references":["local.data_defaults.overrides.locations.storage","local.data_defaults.overrides.locations","local.data_defaults.overrides","local.data_defaults","each.value","local.data_defaults.defaults.locations.storage","local.data_defaults.defaults.locations","local.data_defaults.defaults","local.data_defaults","each.value.name","each.value"]},"keys":{"references":["each.value.keys","each.value"]},"project_id":{"references":["module.projects","each.value.project_key","each.value"]},"tag_bindings":{"references":["each.value.tag_bindings","each.value"]}},"for_each_expression":{"references":["local.projects_keyrings"]},"module":{"outputs":{"id":{"expression":{"references":["local.keyring.id","local.keyring"]},"depends_on":["google_kms_key_ring_iam_binding.authoritative","google_kms_key_ring_iam_binding.bindings","google_kms_key_ring_iam_member.bindings","google_kms_crypto_key_iam_binding.authoritative","google_kms_crypto_key_iam_binding.bindings","google_kms_crypto_key_iam_member.members"],"description":"Fully qualified keyring id."},"import_job":{"expression":{"references":["google_kms_key_ring_import_job.default"]},"depends_on":["google_kms_key_ring_iam_binding.authoritative","google_kms_key_ring_iam_binding.bindings","google_kms_key_ring_iam_member.bindings","google_kms_crypto_key_iam_binding.authoritative","google_kms_crypto_key_iam_binding.bindings","google_kms_crypto_key_iam_member.members"],"description":"Keyring import job resources."},"key_ids":{"expression":{"references":["google_kms_crypto_key.default"]},"depends_on":["google_kms_crypto_key_iam_binding.authoritative","google_kms_crypto_key_iam_binding.bindings","google_kms_crypto_key_iam_member.members"],"description":"Fully qualified key ids."},"keyring":{"expression":{"references":["local.keyring"]},"depends_on":["google_kms_key_ring_iam_binding.authoritative","google_kms_key_ring_iam_binding.bindings","google_kms_crypto_key_iam_member.members","google_kms_crypto_key_iam_binding.authoritative","google_kms_crypto_key_iam_binding.bindings","google_kms_crypto_key_iam_member.members"],"description":"Keyring resource."},"keys":{"expression":{"references":["google_kms_crypto_key.default"]},"depends_on":["google_kms_key_ring_iam_binding.authoritative","google_kms_key_ring_iam_binding.bindings","google_kms_key_ring_iam_member.bindings","google_kms_crypto_key_iam_binding.authoritative","google_kms_crypto_key_iam_binding.bindings","google_kms_crypto_key_iam_member.members"],"description":"Key resources."},"location":{"expression":{"references":["local.keyring.location","local.keyring"]},"depends_on":["google_kms_key_ring_iam_binding.authoritative","google_kms_key_ring_iam_binding.bindings","google_kms_key_ring_iam_member.bindings","google_kms_crypto_key_iam_binding.authoritative","google_kms_crypto_key_iam_binding.bindings","google_kms_crypto_key_iam_member.members"],"description":"Keyring location."},"name":{"expression":{"references":["local.keyring.name","local.keyring"]},"depends_on":["google_kms_key_ring_iam_binding.authoritative","google_kms_key_ring_iam_binding.bindings","google_kms_key_ring_iam_member.bindings","google_kms_crypto_key_iam_binding.authoritative","google_kms_crypto_key_iam_binding.bindings","google_kms_crypto_key_iam_member.members"],"description":"Keyring name."}},"resources":[{"address":"google_kms_crypto_key.default","mode":"managed","type":"google_kms_crypto_key","name":"default","provider_config_key":"module.factory.module.kms:google","expressions":{"destroy_scheduled_duration":{"references":["each.value.destroy_scheduled_duration","each.value"]},"key_ring":{"references":["local.keyring.id","local.keyring"]},"labels":{"references":["each.value.labels","each.value"]},"name":{"references":["each.key"]},"purpose":{"references":["each.value.purpose","each.value"]},"rotation_period":{"references":["each.value.rotation_period","each.value"]},"skip_initial_version_creation":{"references":["each.value.skip_initial_version_creation","each.value"]}},"schema_version":1,"for_each_expression":{"references":["var.keys"]}},{"address":"google_kms_crypto_key_iam_binding.authoritative","mode":"managed","type":"google_kms_crypto_key_iam_binding","name":"authoritative","provider_config_key":"module.factory.module.kms:google","expressions":{"crypto_key_id":{"references":["google_kms_crypto_key.default","each.value.key","each.value"]},"members":{"references":["each.value.members","each.value","local.ctx.iam_principals","local.ctx"]},"role":{"references":["local.ctx.custom_roles","local.ctx","each.value.role","each.value","each.value.role","each.value"]}},"schema_version":0,"for_each_expression":{"references":["local.key_iam"]}},{"address":"google_kms_crypto_key_iam_binding.bindings","mode":"managed","type":"google_kms_crypto_key_iam_binding","name":"bindings","provider_config_key":"module.factory.module.kms:google","expressions":{"crypto_key_id":{"references":["google_kms_crypto_key.default","each.value.key","each.value"]},"members":{"references":["each.value.members","each.value","local.ctx.iam_principals","local.ctx"]},"role":{"references":["local.ctx.custom_roles","local.ctx","each.value.role","each.value","each.value.role","each.value"]}},"schema_version":0,"for_each_expression":{"references":["local.key_iam_bindings"]}},{"address":"google_kms_crypto_key_iam_member.members","mode":"managed","type":"google_kms_crypto_key_iam_member","name":"members","provider_config_key":"module.factory.module.kms:google","expressions":{"crypto_key_id":{"references":["google_kms_crypto_key.default","each.value.key","each.value"]},"member":{"references":["local.ctx.iam_principals","local.ctx","each.value.member","each.value","each.value.member","each.value"]},"role":{"references":["local.ctx.custom_roles","local.ctx","each.value.role","each.value","each.value.role","each.value"]}},"schema_version":0,"for_each_expression":{"references":["local.key_iam_bindings_additive"]}},{"address":"google_kms_key_ring.default","mode":"managed","type":"google_kms_key_ring","name":"default","provider_config_key":"module.factory.module.kms:google","expressions":{"location":{"references":["local.ctx.locations","local.ctx","var.keyring.location","var.keyring","var.keyring.location","var.keyring"]},"name":{"references":["var.keyring.name","var.keyring"]},"project":{"references":["local.project_id"]}},"schema_version":0,"count_expression":{"references":["var.keyring_create"]}},{"address":"google_kms_key_ring_iam_binding.authoritative","mode":"managed","type":"google_kms_key_ring_iam_binding","name":"authoritative","provider_config_key":"module.factory.module.kms:google","expressions":{"key_ring_id":{"references":["local.keyring.id","local.keyring"]},"members":{"references":["each.value","local.ctx.iam_principals","local.ctx"]},"role":{"references":["local.ctx.custom_roles","local.ctx","each.key","each.key"]}},"schema_version":0,"for_each_expression":{"references":["var.iam"]}},{"address":"google_kms_key_ring_iam_binding.bindings","mode":"managed","type":"google_kms_key_ring_iam_binding","name":"bindings","provider_config_key":"module.factory.module.kms:google","expressions":{"key_ring_id":{"references":["local.keyring.id","local.keyring"]},"members":{"references":["each.value.members","each.value","local.ctx.iam_principals","local.ctx"]},"role":{"references":["local.ctx.custom_roles","local.ctx","each.value.role","each.value","each.value.role","each.value"]}},"schema_version":0,"for_each_expression":{"references":["var.iam_bindings"]}},{"address":"google_kms_key_ring_iam_member.bindings","mode":"managed","type":"google_kms_key_ring_iam_member","name":"bindings","provider_config_key":"module.factory.module.kms:google","expressions":{"key_ring_id":{"references":["local.keyring.id","local.keyring"]},"member":{"references":["local.ctx.iam_principals","local.ctx","each.value.member","each.value","each.value.member","each.value"]},"role":{"references":["local.ctx.custom_roles","local.ctx","each.value.role","each.value","each.value.role","each.value"]}},"schema_version":0,"for_each_expression":{"references":["var.iam_bindings_additive"]}},{"address":"google_kms_key_ring_import_job.default","mode":"managed","type":"google_kms_key_ring_import_job","name":"default","provider_config_key":"module.factory.module.kms:google","expressions":{"import_job_id":{"references":["var.import_job.id","var.import_job"]},"import_method":{"references":["var.import_job.import_method","var.import_job"]},"key_ring":{"references":["local.keyring.id","local.keyring"]},"protection_level":{"references":["var.import_job.protection_level","var.import_job"]}},"schema_version":0,"count_expression":{"references":["var.import_job"]}},{"address":"google_tags_location_tag_binding.binding","mode":"managed","type":"google_tags_location_tag_binding","name":"binding","provider_config_key":"module.factory.module.kms:google","expressions":{"location":{"references":["local.ctx.locations","local.ctx","var.keyring.location","var.keyring","var.keyring.location","var.keyring"]},"parent":{"references":["local.keyring.id","local.keyring"]},"tag_value":{"references":["local.ctx.tag_values","local.ctx","each.value","each.value"]}},"schema_version":0,"for_each_expression":{"references":["var.tag_bindings"]}},{"address":"data.google_kms_key_ring.default","mode":"data","type":"google_kms_key_ring","name":"default","provider_config_key":"module.factory.module.kms:google","expressions":{"location":{"references":["local.ctx.locations","local.ctx","var.keyring.location","var.keyring","var.keyring.location","var.keyring"]},"name":{"references":["var.keyring.name","var.keyring"]},"project":{"references":["local.project_id"]}},"schema_version":0,"count_expression":{"references":["var.keyring_create"]}}],"variables":{"context":{"default":{"condition_vars":{},"custom_roles":{},"iam_principals":{},"kms_keys":{},"locations":{},"project_ids":{},"tag_keys":{},"tag_values":{}},"description":"Context-specific interpolations."},"iam":{"default":{},"description":"Keyring IAM bindings in {ROLE =\u003e [MEMBERS]} format."},"iam_bindings":{"default":{},"description":"Authoritative IAM bindings in {KEY =\u003e {role = ROLE, members = [], condition = {}}}. Keys are arbitrary."},"iam_bindings_additive":{"default":{},"description":"Keyring individual additive IAM bindings. Keys are arbitrary."},"import_job":{"default":null,"description":"Keyring import job attributes."},"keyring":{"description":"Keyring attributes."},"keyring_create":{"default":true,"description":"Set to false to manage keys and IAM bindings in an existing keyring."},"keys":{"default":{},"description":"Key names and base attributes. Set attributes to null if not needed."},"project_id":{"description":"Project id where the keyring will be created."},"tag_bindings":{"default":{},"description":"Tag bindings for this keyring, in key =\u003e tag value id format."}}}},"log-buckets":{"source":"../logging-bucket","expressions":{"context":{"references":["local.ctx","local.ctx_folder_ids","local.ctx.iam_principals","local.ctx","local.projects_sas_iam_emails","local.automation_sas_iam_emails","local.self_sas_iam_emails","each.value.project_key","each.value","local.ctx.kms_keys","local.ctx","local.kms_keys","local.kms_autokeys","local.ctx.locations","local.ctx","local.ctx_project_ids"]},"kms_key_name":{"references":["each.value.kms_key_name","each.value"]},"location":{"references":["each.value.location","each.value"]},"log_analytics":{"references":["each.value.log_analytics","each.value"]},"name":{"references":["each.value.name","each.value"]},"parent":{"references":["module.projects-iam","each.value.project_key","each.value"]},"retention":{"references":["each.value.retention","each.value"]}},"for_each_expression":{"references":["local.projects_log_buckets"]},"module":{"outputs":{"id":{"expression":{"references":["local.bucket.id","local.bucket"]},"description":"Fully qualified logging bucket id."},"view_ids":{"expression":{"references":["google_logging_log_view.views","local.bucket.id","local.bucket"]},"description":"The automatic and user-created views in this bucket."}},"resources":[{"address":"google_logging_billing_account_bucket_config.bucket","mode":"managed","type":"google_logging_billing_account_bucket_config","name":"bucket","provider_config_key":"module.factory.module.log-buckets:google","expressions":{"billing_account":{"references":["local.parent_id"]},"bucket_id":{"references":["var.name"]},"description":{"references":["var.description"]},"location":{"references":["local.location"]},"retention_days":{"references":["var.retention"]}},"schema_version":0,"count_expression":{"references":["var.parent_type"]}},{"address":"google_logging_folder_bucket_config.bucket","mode":"managed","type":"google_logging_folder_bucket_config","name":"bucket","provider_config_key":"module.factory.module.log-buckets:google","expressions":{"bucket_id":{"references":["var.name"]},"description":{"references":["var.description"]},"folder":{"references":["local.parent_id"]},"location":{"references":["local.location"]},"retention_days":{"references":["var.retention"]}},"schema_version":0,"count_expression":{"references":["var.parent_type"]}},{"address":"google_logging_linked_dataset.dataset","mode":"managed","type":"google_logging_linked_dataset","name":"dataset","provider_config_key":"module.factory.module.log-buckets:google","expressions":{"bucket":{"references":["google_logging_project_bucket_config.bucket[0].id","google_logging_project_bucket_config.bucket[0]","google_logging_project_bucket_config.bucket"]},"description":{"references":["var.log_analytics.description","var.log_analytics"]},"link_id":{"references":["var.log_analytics.dataset_link_id","var.log_analytics"]},"location":{"references":["local.location"]},"parent":{"references":["google_logging_project_bucket_config.bucket[0].project","google_logging_project_bucket_config.bucket[0]","google_logging_project_bucket_config.bucket"]}},"schema_version":0,"count_expression":{"references":["var.log_analytics.dataset_link_id","var.log_analytics","var.parent_type"]}},{"address":"google_logging_log_view.views","mode":"managed","type":"google_logging_log_view","name":"views","provider_config_key":"module.factory.module.log-buckets:google","expressions":{"bucket":{"references":["local.bucket.id","local.bucket"]},"description":{"references":["each.value.description","each.value"]},"filter":{"references":["each.value.filter","each.value"]},"location":{"references":["local.ctx.locations","local.ctx","each.value.location","each.value","each.value.location","each.value"]},"name":{"references":["each.key"]}},"schema_version":0,"for_each_expression":{"references":["local.views"]}},{"address":"google_logging_log_view_iam_binding.authoritative","mode":"managed","type":"google_logging_log_view_iam_binding","name":"authoritative","provider_config_key":"module.factory.module.log-buckets:google","expressions":{"bucket":{"references":["google_logging_log_view.views","each.value.view","each.value"]},"location":{"references":["google_logging_log_view.views","each.value.view","each.value"]},"members":{"references":["each.value.members","each.value","local.ctx.iam_principals","local.ctx"]},"name":{"references":["google_logging_log_view.views","each.value.view","each.value"]},"parent":{"references":["google_logging_log_view.views","each.value.view","each.value"]},"role":{"references":["local.ctx.custom_roles","local.ctx","each.value.role","each.value","each.value.role","each.value"]}},"schema_version":0,"for_each_expression":{"references":["local.view_iam"]}},{"address":"google_logging_log_view_iam_binding.bindings","mode":"managed","type":"google_logging_log_view_iam_binding","name":"bindings","provider_config_key":"module.factory.module.log-buckets:google","expressions":{"bucket":{"references":["google_logging_log_view.views","each.value.view","each.value"]},"location":{"references":["google_logging_log_view.views","each.value.view","each.value"]},"members":{"references":["each.value.members","each.value","local.ctx.iam_principals","local.ctx"]},"name":{"references":["google_logging_log_view.views","each.value.view","each.value"]},"parent":{"references":["google_logging_log_view.views","each.value.view","each.value"]},"role":{"references":["local.ctx.custom_roles","local.ctx","each.value.role","each.value","each.value.role","each.value"]}},"schema_version":0,"for_each_expression":{"references":["local.view_iam_bindings"]}},{"address":"google_logging_log_view_iam_member.members","mode":"managed","type":"google_logging_log_view_iam_member","name":"members","provider_config_key":"module.factory.module.log-buckets:google","expressions":{"bucket":{"references":["google_logging_log_view.views","each.value.view","each.value"]},"location":{"references":["google_logging_log_view.views","each.value.view","each.value"]},"member":{"references":["local.ctx.iam_principals","local.ctx","each.value.member","each.value","each.value.member","each.value"]},"name":{"references":["google_logging_log_view.views","each.value.view","each.value"]},"parent":{"references":["google_logging_log_view.views","each.value.view","each.value"]},"role":{"references":["local.ctx.custom_roles","local.ctx","each.value.role","each.value","each.value.role","each.value"]}},"schema_version":0,"for_each_expression":{"references":["local.view_iam_bindings_additive"]}},{"address":"google_logging_organization_bucket_config.bucket","mode":"managed","type":"google_logging_organization_bucket_config","name":"bucket","provider_config_key":"module.factory.module.log-buckets:google","expressions":{"bucket_id":{"references":["var.name"]},"description":{"references":["var.description"]},"location":{"references":["local.location"]},"organization":{"references":["local.parent_id"]},"retention_days":{"references":["var.retention"]}},"schema_version":0,"count_expression":{"references":["var.parent_type"]}},{"address":"google_logging_project_bucket_config.bucket","mode":"managed","type":"google_logging_project_bucket_config","name":"bucket","provider_config_key":"module.factory.module.log-buckets:google","expressions":{"bucket_id":{"references":["var.name"]},"description":{"references":["var.description"]},"enable_analytics":{"references":["var.log_analytics.enable","var.log_analytics"]},"location":{"references":["local.location"]},"locked":{"references":["var.locked"]},"project":{"references":["local.parent_id"]},"retention_days":{"references":["var.retention"]}},"schema_version":0,"count_expression":{"references":["var.parent_type"]}},{"address":"google_tags_tag_binding.binding","mode":"managed","type":"google_tags_tag_binding","name":"binding","provider_config_key":"module.factory.module.log-buckets:google","expressions":{"parent":{"references":["local.bucket.id","local.bucket"]},"tag_value":{"references":["local.ctx.tag_values","local.ctx","each.value","each.value"]}},"schema_version":0,"for_each_expression":{"references":["var.tag_bindings"]}}],"variables":{"context":{"default":{"custom_roles":{},"folder_ids":{},"iam_principals":{},"kms_keys":{},"locations":{},"project_ids":{},"tag_values":{}},"description":"Context-specific interpolations."},"description":{"default":null,"description":"Human-readable description for the logging bucket."},"kms_key_name":{"default":null,"description":"To enable CMEK for a project logging bucket, set this field to a valid name. The associated service account requires cloudkms.cryptoKeyEncrypterDecrypter roles assigned for the key."},"location":{"default":"global","description":"Location of the bucket."},"locked":{"default":null,"description":"Whether the bucket is locked. Locked buckets may only be deleted if they are empty. This can only be set for project-level buckets."},"log_analytics":{"default":{"dataset_link_id":null,"description":"Log Analytics Dataset","enable":false},"description":"Enable and configure Analytics Log."},"name":{"description":"Name of the logging bucket."},"parent":{"description":"ID of the parent resource containing the bucket in the format 'project_id' 'folders/folder_id', 'organizations/organization_id' or 'billing_account_id'."},"parent_type":{"default":"project","description":"Parent object type for the bucket (project, folder, organization, billing_account)."},"retention":{"default":30,"description":"Retention time in days for the logging bucket."},"tag_bindings":{"default":{},"description":"Tag bindings for this bucket, in key =\u003e tag value id format."},"views":{"default":{},"description":"Log views for this bucket."}}}},"projects":{"source":"../project","expressions":{"alerts":{"references":["each.value.alerts","each.value"]},"asset_feeds":{"references":["each.value.asset_feeds","each.value"]},"auto_create_network":{"references":["each.value.auto_create_network","each.value"]},"billing_account":{"references":["each.value.billing_account","each.value"]},"compute_metadata":{"references":["each.value.compute_metadata","each.value"]},"contacts":{"references":["each.value.contacts","each.value","var.data_merges.contacts","var.data_merges"]},"context":{"references":["local.ctx","local.ctx.condition_vars","local.ctx","local.ctx_folder_ids","local.ctx_folder_ids"]},"default_service_account":{"references":["each.value.default_service_account","each.value"]},"deletion_policy":{"references":["each.value.deletion_policy","each.value"]},"descriptive_name":{"references":["each.value.descriptive_name","each.value"]},"factories_config":{"references":["each.value.factories_config","each.value","var.factories_config.basepath","var.factories_config","var.factories_config.basepath","var.factories_config"]},"kms_autokeys":{"references":["each.value.kms.autokeys","each.value.kms","each.value"]},"labels":{"references":["each.value.labels","each.value","var.data_merges.labels","var.data_merges"]},"lien_reason":{"references":["each.value.lien_reason","each.value"]},"log_scopes":{"references":["each.value.log_scopes","each.value"]},"logging_exclusions":{"references":["each.value.logging_exclusions","each.value"]},"logging_metrics":{"references":["each.value.logging_metrics","each.value"]},"logging_sinks":{"references":["each.value.logging_sinks","each.value"]},"metric_scopes":{"references":["each.value.metric_scopes","each.value","var.data_merges.metric_scopes","var.data_merges"]},"name":{"references":["each.value.name","each.value"]},"notification_channels":{"references":["each.value.notification_channels","each.value"]},"org_policies":{"references":["each.value.org_policies","each.value"]},"parent":{"references":["each.value.parent","each.value"]},"prefix":{"references":["each.value.prefix","each.value"]},"project_reuse":{"references":["each.value.project_reuse","each.value"]},"quotas":{"references":["each.value.quotas","each.value"]},"services":{"references":["each.value.services","each.value","var.data_merges.services","var.data_merges"]},"tags":{"references":["each.value.tags","each.value"]},"tags_config":{"constant_value":{"ignore_iam":true}},"universe":{"references":["each.value.universe","each.value"]},"vpc_sc":{"references":["each.value.vpc_sc","each.value"]},"workload_identity_pools":{"references":["each.value.workload_identity_pools","each.value"]}},"for_each_expression":{"references":["local.projects_input"]},"module":{"outputs":{"alert_ids":{"expression":{"references":["google_monitoring_alert_policy.alerts"]},"description":"Monitoring alert IDs."},"asset_search_results":{"expression":{"references":["data.google_cloud_asset_search_all_resources.default"]},"description":"Cloud Asset Inventory search results."},"bigquery_reservations":{"expression":{"references":["google_bigquery_reservation.default","local.bigquery_reservations_assigments"]},"description":"BigQuery reservations and assignments."},"custom_role_id":{"expression":{"references":["local.custom_role_ids"]},"description":"Map of custom role IDs created in the project."},"custom_roles":{"expression":{"references":["google_project_iam_custom_role.roles"]},"description":"Map of custom roles resources created in the project."},"default_service_accounts":{"expression":{"references":["local.default_service_accounts"]},"description":"Emails of the default service accounts for this project."},"id":{"expression":{"references":["local.project_id"]},"depends_on":["google_project.project","data.google_project.project","google_org_policy_policy.default","google_project_service.project_services","google_compute_shared_vpc_host_project.shared_vpc_host","google_compute_shared_vpc_service_project.shared_vpc_service","google_compute_shared_vpc_service_project.service_projects","google_project_iam_member.shared_vpc_host_robots","google_kms_crypto_key_iam_member.service_agent_cmek","google_project_service_identity.default","google_project_iam_member.service_agents"],"description":"Project id."},"kms_autokeys":{"expression":{"references":["google_kms_key_handle.default"]},"description":"KMS Autokey key ids."},"name":{"expression":{"references":["local.project.name","local.project"]},"depends_on":["google_org_policy_policy.default","google_project_service.project_services","google_compute_shared_vpc_service_project.service_projects","google_project_iam_member.shared_vpc_host_robots","google_kms_crypto_key_iam_member.service_agent_cmek"],"description":"Project name."},"network_tag_keys":{"expression":{"references":["google_tags_tag_key.default"]},"description":"Tag key resources."},"network_tag_values":{"expression":{"references":["google_tags_tag_value.default","local.tag_values"]},"description":"Tag value resources."},"notification_channel_names":{"expression":{"references":["google_monitoring_notification_channel.channels"]},"description":"Notification channel names."},"notification_channels":{"expression":{"references":["google_monitoring_notification_channel.channels"]},"description":"Full notification channel objects."},"number":{"expression":{"references":["local.project.number","local.project"]},"depends_on":["google_org_policy_policy.default","google_project_service.project_services","google_compute_shared_vpc_host_project.shared_vpc_host","google_compute_shared_vpc_service_project.shared_vpc_service","google_compute_shared_vpc_service_project.service_projects","google_project_iam_member.shared_vpc_host_robots","google_kms_crypto_key_iam_member.service_agent_cmek","google_project_service_identity.default","google_project_iam_member.service_agents"],"description":"Project number."},"organization_policies_ids":{"expression":{"references":["google_org_policy_policy.default"]},"description":"Map of ORGANIZATION_POLICIES =\u003e ID in the organization."},"project_id":{"expression":{"references":["local.project_id"]},"depends_on":["google_project.project","data.google_project.project","google_org_policy_policy.default","google_project_service.project_services","google_compute_shared_vpc_host_project.shared_vpc_host","google_compute_shared_vpc_service_project.shared_vpc_service","google_compute_shared_vpc_service_project.service_projects","google_project_iam_member.shared_vpc_host_robots","google_kms_crypto_key_iam_member.service_agent_cmek","google_project_service_identity.default","google_project_iam_member.service_agents"],"description":"Project id."},"quota_configs":{"expression":{"references":["google_cloud_quotas_quota_preference.default"]},"description":"Quota configurations."},"quotas":{"expression":{"references":["google_cloud_quotas_quota_preference.default"]},"description":"Quota resources."},"scc_custom_sha_modules_ids":{"expression":{"references":["google_scc_management_project_security_health_analytics_custom_module.scc_project_custom_module"]},"description":"Map of SCC CUSTOM SHA MODULES =\u003e ID in the project."},"service_agents":{"expression":{"references":["local.aliased_service_agents"]},"depends_on":["google_project_service_identity.default","google_project_iam_member.service_agents"],"description":"List of all (active) service agents for this project."},"services":{"expression":{"references":["local.available_services"]},"depends_on":["google_project_service.project_services","google_project_service_identity.default"],"description":"Service APIs to enable in the project."},"sink_writer_identities":{"expression":{"references":["google_logging_project_sink.sink"]},"description":"Writer identities created for each sink."},"tag_keys":{"expression":{"references":["google_tags_tag_key.default"]},"description":"Tag key resources."},"tag_values":{"expression":{"references":["google_tags_tag_value.default","local.tag_values"]},"description":"Tag value resources."},"workload_identity_pool_ids":{"expression":{"references":["google_iam_workload_identity_pool.default"]},"description":"Workload identity provider ids."},"workload_identity_provider_ids":{"expression":{"references":["google_iam_workload_identity_pool_provider.default"]},"description":"Workload identity provider attributes."},"workload_identity_providers":{"expression":{"references":["local.wif_providers","google_iam_workload_identity_pool_provider.default","google_iam_workload_identity_pool.default"]},"description":"Workload identity provider attributes."}},"resources":[{"address":"google_access_context_manager_service_perimeter_dry_run_resource.default","mode":"managed","type":"google_access_context_manager_service_perimeter_dry_run_resource","name":"default","provider_config_key":"module.factory.module.projects:google","expressions":{"perimeter_name":{"references":["local.ctx.vpc_sc_perimeters","local.ctx","each.key","each.key"]},"resource":{"references":["local.project.number","local.project"]}},"schema_version":0,"for_each_expression":{"references":["local.vpc_sc_perimeter","local.vpc_sc_dry_run","var.vpc_sc.perimeter_name","var.vpc_sc"]}},{"address":"google_access_context_manager_service_perimeter_resource.default","mode":"managed","type":"google_access_context_manager_service_perimeter_resource","name":"default","provider_config_key":"module.factory.module.projects:google","expressions":{"perimeter_name":{"references":["local.ctx.vpc_sc_perimeters","local.ctx","each.key","each.key"]},"resource":{"references":["local.project.number","local.project"]}},"schema_version":0,"for_each_expression":{"references":["local.vpc_sc_perimeter","local.vpc_sc_dry_run","var.vpc_sc.perimeter_name","var.vpc_sc"]}},{"address":"google_bigquery_dataset_iam_member.bq-sinks-binding","mode":"managed","type":"google_bigquery_dataset_iam_member","name":"bq-sinks-binding","provider_config_key":"module.factory.module.projects:google","expressions":{"dataset_id":{"references":["each.value.destination","each.value"]},"member":{"references":["google_logging_project_sink.sink","each.key"]},"project":{"references":["each.value.destination","each.value"]},"role":{"constant_value":"roles/bigquery.dataEditor"}},"schema_version":0,"for_each_expression":{"references":["local.sink_bindings[\"bigquery\"]","local.sink_bindings"]}},{"address":"google_bigquery_reservation.default","mode":"managed","type":"google_bigquery_reservation","name":"default","provider_config_key":"module.factory.module.projects:google","expressions":{"concurrency":{"references":["each.value.concurrency","each.value"]},"edition":{"references":["each.value.edition","each.value"]},"ignore_idle_slots":{"references":["each.value.ignore_idle_slots","each.value"]},"location":{"references":["each.value.location","each.value"]},"name":{"references":["each.key"]},"project":{"references":["local.project.project_id","local.project"]},"secondary_location":{"references":["each.value.secondary_location","each.value"]},"slot_capacity":{"references":["each.value.slot_capacity","each.value"]}},"schema_version":0,"for_each_expression":{"references":["var.bigquery_reservations"]},"depends_on":["google_project_service.project_services"]},{"address":"google_bigquery_reservation_assignment.default","mode":"managed","type":"google_bigquery_reservation_assignment","name":"default","provider_config_key":"module.factory.module.projects:google","expressions":{"assignee":{"references":["each.value.assignee","each.value"]},"job_type":{"references":["each.value.job_type","each.value"]},"location":{"references":["each.value.location","each.value"]},"project":{"references":["local.project.project_id","local.project"]},"reservation":{"references":["google_bigquery_reservation.default","each.value.reservation_name","each.value"]}},"schema_version":0,"for_each_expression":{"references":["local.assignments"]}},{"address":"google_cloud_asset_project_feed.default","mode":"managed","type":"google_cloud_asset_project_feed","name":"default","provider_config_key":"module.factory.module.projects:google","expressions":{"asset_names":{"references":["each.value.asset_names","each.value"]},"asset_types":{"references":["each.value.asset_types","each.value"]},"billing_project":{"references":["local.ctx.project_ids","local.ctx","each.value.billing_project","each.value","local.project.project_id","local.project","each.value.billing_project","each.value","local.project.project_id","local.project"]},"content_type":{"references":["each.value.content_type","each.value"]},"feed_id":{"references":["each.key"]},"feed_output_config":[{"pubsub_destination":[{"topic":{"references":["local.ctx.pubsub_topics","local.ctx","each.value.feed_output_config.pubsub_destination.topic","each.value.feed_output_config.pubsub_destination","each.value.feed_output_config","each.value","each.value.feed_output_config.pubsub_destination.topic","each.value.feed_output_config.pubsub_destination","each.value.feed_output_config","each.value"]}}]}],"project":{"references":["local.project.project_id","local.project"]}},"schema_version":0,"for_each_expression":{"references":["var.asset_feeds"]}},{"address":"google_cloud_quotas_quota_preference.default","mode":"managed","type":"google_cloud_quotas_quota_preference","name":"default","provider_config_key":"module.factory.module.projects:google","expressions":{"contact_email":{"references":["each.value.contact_email","each.value"]},"dimensions":{"references":["each.value.dimensions","each.value"]},"ignore_safety_checks":{"references":["each.value.ignore_safety_checks","each.value"]},"justification":{"references":["each.value.justification","each.value"]},"name":{"references":["each.key"]},"parent":{"references":["local.project.project_id","local.project"]},"quota_config":[{"annotations":{"references":["each.value.annotations","each.value"]},"preferred_value":{"references":["each.value.preferred_value","each.value"]}}],"quota_id":{"references":["each.value.quota_id","each.value"]},"service":{"references":["each.value.service","each.value"]}},"schema_version":0,"for_each_expression":{"references":["local.quotas"]},"depends_on":["google_project_service.project_services"]},{"address":"google_compute_project_default_network_tier.default_network_tier","mode":"managed","type":"google_compute_project_default_network_tier","name":"default_network_tier","provider_config_key":"module.factory.module.projects:google","expressions":{"network_tier":{"references":["var.default_network_tier"]},"project":{"references":["local.project.project_id","local.project"]}},"schema_version":0,"count_expression":{"references":["var.default_network_tier"]}},{"address":"google_compute_project_metadata_item.default","mode":"managed","type":"google_compute_project_metadata_item","name":"default","provider_config_key":"module.factory.module.projects:google","expressions":{"key":{"references":["each.key"]},"project":{"references":["local.project.project_id","local.project"]},"value":{"references":["each.value"]}},"schema_version":0,"for_each_expression":{"references":["local.available_services","var.compute_metadata"]},"depends_on":["google_project_service.project_services"]},{"address":"google_compute_shared_vpc_host_project.shared_vpc_host","mode":"managed","type":"google_compute_shared_vpc_host_project","name":"shared_vpc_host","provider_config_key":"module.factory.module.projects:google-beta","expressions":{"project":{"references":["local.project.project_id","local.project"]}},"schema_version":0,"count_expression":{"references":["local.svpc_host_config.enabled","local.svpc_host_config"]},"depends_on":["google_project_service.project_services"]},{"address":"google_compute_shared_vpc_service_project.service_projects","mode":"managed","type":"google_compute_shared_vpc_service_project","name":"service_projects","provider_config_key":"module.factory.module.projects:google-beta","expressions":{"host_project":{"references":["local.ctx.project_ids","local.ctx","local.project.project_id","local.project","local.project.project_id","local.project"]},"service_project":{"references":["local.ctx.project_ids","local.ctx","each.value","each.value"]}},"schema_version":0,"for_each_expression":{"references":["local.svpc_host_config.service_projects","local.svpc_host_config"]},"depends_on":["google_compute_shared_vpc_host_project.shared_vpc_host"]},{"address":"google_compute_shared_vpc_service_project.shared_vpc_service","mode":"managed","type":"google_compute_shared_vpc_service_project","name":"shared_vpc_service","provider_config_key":"module.factory.module.projects:google-beta","expressions":{"host_project":{"references":["local.ctx.project_ids","local.ctx","var.shared_vpc_service_config.host_project","var.shared_vpc_service_config","var.shared_vpc_service_config.host_project","var.shared_vpc_service_config"]},"service_project":{"references":["local.project.project_id","local.project"]}},"schema_version":0,"count_expression":{"references":["var.shared_vpc_service_config.host_project","var.shared_vpc_service_config"]},"depends_on":["google_access_context_manager_service_perimeter_dry_run_resource.default","google_access_context_manager_service_perimeter_resource.default"]},{"address":"google_compute_subnetwork_iam_member.shared_vpc_host_robots","mode":"managed","type":"google_compute_subnetwork_iam_member","name":"shared_vpc_host_robots","provider_config_key":"module.factory.module.projects:google","expressions":{"member":{"references":["local.aliased_service_agents","each.value.service","each.value","each.value.service","each.value"]},"project":{"references":["local.ctx.project_ids","local.ctx","var.shared_vpc_service_config.host_project","var.shared_vpc_service_config","var.shared_vpc_service_config.host_project","var.shared_vpc_service_config"]},"region":{"references":["each.value.region","each.value"]},"role":{"constant_value":"roles/compute.networkUser"},"subnetwork":{"references":["each.value.subnet","each.value"]}},"schema_version":0,"for_each_expression":{"references":["local.svpc_service_subnet_iam"]},"depends_on":["google_project_service.project_services","google_project_service_identity.default","google_project_default_service_accounts.default_service_accounts","data.google_bigquery_default_service_account.bq_sa","data.google_storage_project_service_account.gcs_sa"]},{"address":"google_compute_subnetwork_iam_member.shared_vpc_host_subnets_iam","mode":"managed","type":"google_compute_subnetwork_iam_member","name":"shared_vpc_host_subnets_iam","provider_config_key":"module.factory.module.projects:google","expressions":{"member":{"references":["local.ctx_iam_principals","each.value.member","each.value","each.value.member","each.value"]},"project":{"references":["local.ctx.project_ids","local.ctx","var.shared_vpc_service_config.host_project","var.shared_vpc_service_config","var.shared_vpc_service_config.host_project","var.shared_vpc_service_config"]},"region":{"references":["each.value.region","each.value"]},"role":{"constant_value":"roles/compute.networkUser"},"subnetwork":{"references":["each.value.subnet","each.value"]}},"schema_version":0,"for_each_expression":{"references":["local.svpc_network_user_subnet_iam"]}},{"address":"google_essential_contacts_contact.contact","mode":"managed","type":"google_essential_contacts_contact","name":"contact","provider_config_key":"module.factory.module.projects:google-beta","expressions":{"email":{"references":["local.ctx.email_addresses","local.ctx","each.key","each.key"]},"language_tag":{"constant_value":"en"},"notification_category_subscriptions":{"references":["each.value"]},"parent":{"references":["local.project.project_id","local.project"]}},"schema_version":0,"for_each_expression":{"references":["var.contacts"]},"depends_on":["google_project_iam_binding.authoritative","google_project_iam_binding.bindings","google_project_iam_member.bindings"]},{"address":"google_iam_workload_identity_pool.default","mode":"managed","type":"google_iam_workload_identity_pool","name":"default","provider_config_key":"module.factory.module.projects:google","expressions":{"description":{"references":["each.value.description","each.value"]},"disabled":{"references":["each.value.disabled","each.value"]},"display_name":{"references":["each.value.display_name","each.value"]},"project":{"references":["local.project.project_id","local.project"]},"workload_identity_pool_id":{"references":["each.key"]}},"schema_version":0,"for_each_expression":{"references":["var.workload_identity_pools"]}},{"address":"google_iam_workload_identity_pool_provider.default","mode":"managed","type":"google_iam_workload_identity_pool_provider","name":"default","provider_config_key":"module.factory.module.projects:google","expressions":{"attribute_condition":{"references":["each.value.attribute_condition","each.value"]},"attribute_mapping":{"references":["each.value.attribute_mapping","each.value"]},"description":{"references":["each.value.description","each.value"]},"disabled":{"references":["each.value.disabled","each.value"]},"display_name":{"references":["each.value.display_name","each.value"]},"project":{"references":["local.project.project_id","local.project"]},"workload_identity_pool_id":{"references":["google_iam_workload_identity_pool.default","each.value.pool","each.value"]},"workload_identity_pool_provider_id":{"references":["each.value.provider_id","each.value"]}},"schema_version":0,"for_each_expression":{"references":["local.wif_providers"]}},{"address":"google_kms_crypto_key_iam_member.service_agent_cmek","mode":"managed","type":"google_kms_crypto_key_iam_member","name":"service_agent_cmek","provider_config_key":"module.factory.module.projects:google","expressions":{"crypto_key_id":{"references":["local.ctx.kms_keys","local.ctx","each.value.key","each.value","each.value.key","each.value"]},"member":{"references":["each.value.agent","each.value"]},"role":{"constant_value":"roles/cloudkms.cryptoKeyEncrypterDecrypter"}},"schema_version":0,"for_each_expression":{"references":["local._cmek_members"]},"depends_on":["google_project.project","google_project_service.project_services","google_project_service_identity.default","google_project_iam_member.service_agents","data.google_project.project","data.google_bigquery_default_service_account.bq_sa","data.google_storage_project_service_account.gcs_sa","data.google_logging_project_settings.logging_sa"]},{"address":"google_kms_key_handle.default","mode":"managed","type":"google_kms_key_handle","name":"default","provider_config_key":"module.factory.module.projects:google","expressions":{"location":{"references":["local.ctx.locations","local.ctx","each.value.location","each.value","each.value.location","each.value"]},"name":{"references":["each.key"]},"project":{"references":["local.project.project_id","local.project"]},"resource_type_selector":{"references":["each.value.resource_type_selector","each.value"]}},"schema_version":0,"for_each_expression":{"references":["var.kms_autokeys"]}},{"address":"google_logging_log_scope.log-scopes","mode":"managed","type":"google_logging_log_scope","name":"log-scopes","provider_config_key":"module.factory.module.projects:google","expressions":{"description":{"references":["each.value.description","each.value"]},"location":{"constant_value":"global"},"name":{"references":["each.key"]},"parent":{"references":["local.project.project_id","local.project"]},"resource_names":{"references":["each.value.resource_names","each.value"]}},"schema_version":0,"for_each_expression":{"references":["local.log_scopes"]}},{"address":"google_logging_metric.metrics","mode":"managed","type":"google_logging_metric","name":"metrics","provider_config_key":"module.factory.module.projects:google","expressions":{"bucket_name":{"references":["local.ctx.log_buckets","local.ctx","each.value.bucket_name","each.value","each.value.bucket_name","each.value"]},"description":{"references":["each.value.description","each.value"]},"disabled":{"references":["each.value.disabled","each.value"]},"filter":{"references":["each.value.filter","each.value"]},"label_extractors":{"references":["each.value.label_extractors","each.value"]},"name":{"references":["each.key"]},"project":{"references":["local.project.project_id","local.project"]},"value_extractor":{"references":["each.value.value_extractor","each.value"]}},"schema_version":0,"for_each_expression":{"references":["local.metrics"]}},{"address":"google_logging_project_exclusion.logging-exclusion","mode":"managed","type":"google_logging_project_exclusion","name":"logging-exclusion","provider_config_key":"module.factory.module.projects:google","expressions":{"description":{"references":["each.key"]},"filter":{"references":["each.value"]},"name":{"references":["each.key"]},"project":{"references":["local.project.project_id","local.project"]}},"schema_version":0,"for_each_expression":{"references":["var.logging_exclusions"]}},{"address":"google_logging_project_sink.sink","mode":"managed","type":"google_logging_project_sink","name":"sink","provider_config_key":"module.factory.module.projects:google","expressions":{"description":{"references":["each.value.description","each.value","each.key"]},"destination":{"references":["each.value","each.value.type","each.value","each.value.destination","each.value"]},"disabled":{"references":["each.value.disabled","each.value"]},"filter":{"references":["each.value.filter","each.value"]},"name":{"references":["each.key"]},"project":{"references":["local.project.project_id","local.project"]},"unique_writer_identity":{"references":["each.value.unique_writer","each.value"]}},"schema_version":0,"for_each_expression":{"references":["local.logging_sinks"]},"depends_on":["google_project_iam_binding.authoritative","google_project_iam_binding.bindings","google_project_iam_member.bindings","google_project_service.project_services"]},{"address":"google_monitoring_alert_policy.alerts","mode":"managed","type":"google_monitoring_alert_policy","name":"alerts","provider_config_key":"module.factory.module.projects:google","expressions":{"combiner":{"references":["each.value.combiner","each.value"]},"display_name":{"references":["each.value.display_name","each.value"]},"enabled":{"references":["each.value.enabled","each.value"]},"notification_channels":{"references":["each.value.notification_channels","each.value","google_monitoring_notification_channel.channels","local.ctx.notification_channels","local.ctx"]},"project":{"references":["local.project.project_id","local.project"]},"severity":{"references":["each.value.severity","each.value"]},"user_labels":{"references":["each.value.user_labels","each.value"]}},"schema_version":0,"for_each_expression":{"references":["local.alerts"]},"depends_on":["google_logging_metric.metrics"]},{"address":"google_monitoring_monitored_project.primary","mode":"managed","type":"google_monitoring_monitored_project","name":"primary","provider_config_key":"module.factory.module.projects:google-beta","expressions":{"metrics_scope":{"references":["each.value"]},"name":{"references":["local.project.project_id","local.project"]}},"schema_version":1,"for_each_expression":{"references":["var.metric_scopes"]}},{"address":"google_monitoring_notification_channel.channels","mode":"managed","type":"google_monitoring_notification_channel","name":"channels","provider_config_key":"module.factory.module.projects:google","expressions":{"description":{"references":["each.value.description","each.value"]},"display_name":{"references":["each.value.display_name","each.value"]},"enabled":{"references":["each.value.enabled","each.value"]},"labels":{"references":["each.value.labels","each.value","each.value.labels","each.value","local.ctx.email_addresses","local.ctx","local.ctx.pubsub_topics","local.ctx"]},"project":{"references":["local.project.project_id","local.project"]},"type":{"references":["each.value.type","each.value"]},"user_labels":{"references":["each.value.user_labels","each.value"]}},"schema_version":0,"for_each_expression":{"references":["local.channels"]}},{"address":"google_org_policy_policy.default","mode":"managed","type":"google_org_policy_policy","name":"default","provider_config_key":"module.factory.module.projects:google","expressions":{"name":{"references":["local.project.project_id","local.project","each.value"]},"parent":{"references":["local.project.project_id","local.project"]}},"schema_version":0,"for_each_expression":{"references":["local._org_policies"]},"depends_on":["google_project_service.org_policy_service"]},{"address":"google_privileged_access_manager_entitlement.default","mode":"managed","type":"google_privileged_access_manager_entitlement","name":"default","provider_config_key":"module.factory.module.projects:google","expressions":{"eligible_users":[{"principals":{"references":["each.value.eligible_users","each.value","local.ctx.iam_principals","local.ctx"]}}],"entitlement_id":{"references":["each.key"]},"location":{"constant_value":"global"},"max_request_duration":{"references":["each.value.max_request_duration","each.value"]},"parent":{"references":["local.project_id"]},"privileged_access":[{"gcp_iam_access":[{"resource":{"references":["local.project.project_id","local.project"]},"resource_type":{"constant_value":"cloudresourcemanager.googleapis.com/Project"}}]}],"requester_justification_config":[{}]},"schema_version":0,"for_each_expression":{"references":["local.pam_entitlements"]},"depends_on":["google_project_service.project_services","google_project_iam_binding.authoritative","google_project_iam_binding.bindings","google_project_iam_member.bindings"]},{"address":"google_project.project","mode":"managed","type":"google_project","name":"project","provider_config_key":"module.factory.module.projects:google","expressions":{"auto_create_network":{"references":["var.auto_create_network"]},"billing_account":{"references":["var.billing_account"]},"deletion_policy":{"references":["var.deletion_policy"]},"folder_id":{"references":["local.parent_type","local.ctx.folder_ids","local.ctx","local.parent_id","local.parent_id"]},"labels":{"references":["var.labels"]},"name":{"references":["local.descriptive_name"]},"org_id":{"references":["local.parent_type","local.parent_id"]},"project_id":{"references":["local.project_id"]}},"schema_version":1,"count_expression":{"references":["var.project_reuse"]}},{"address":"google_project_default_service_accounts.default_service_accounts","mode":"managed","type":"google_project_default_service_accounts","name":"default_service_accounts","provider_config_key":"module.factory.module.projects:google","expressions":{"action":{"references":["var.default_service_account"]},"project":{"references":["local.project.project_id","local.project"]},"restore_policy":{"constant_value":"REVERT_AND_IGNORE_FAILURE"}},"schema_version":0,"count_expression":{"references":["var.default_service_account"]},"depends_on":["google_project_service.project_services"]},{"address":"google_project_iam_audit_config.default","mode":"managed","type":"google_project_iam_audit_config","name":"default","provider_config_key":"module.factory.module.projects:google","expressions":{"project":{"references":["local.project.project_id","local.project"]},"service":{"references":["each.key"]}},"schema_version":0,"for_each_expression":{"references":["var.logging_data_access"]}},{"address":"google_project_iam_binding.authoritative","mode":"managed","type":"google_project_iam_binding","name":"authoritative","provider_config_key":"module.factory.module.projects:google","expressions":{"members":{"references":["each.value","local.ctx_iam_principals"]},"project":{"references":["local.project.project_id","local.project"]},"role":{"references":["local.ctx.custom_roles","local.ctx","each.key","each.key"]}},"schema_version":0,"for_each_expression":{"references":["local.iam"]},"depends_on":["google_project_service.project_services","google_project_iam_custom_role.roles"]},{"address":"google_project_iam_binding.bindings","mode":"managed","type":"google_project_iam_binding","name":"bindings","provider_config_key":"module.factory.module.projects:google","expressions":{"members":{"references":["each.value.members","each.value","local.ctx_iam_principals"]},"project":{"references":["local.project.project_id","local.project"]},"role":{"references":["local.ctx.custom_roles","local.ctx","each.value.role","each.value","each.value.role","each.value"]}},"schema_version":0,"for_each_expression":{"references":["local.iam_bindings"]},"depends_on":["google_project_service.project_services","google_project_iam_custom_role.roles"]},{"address":"google_project_iam_custom_role.roles","mode":"managed","type":"google_project_iam_custom_role","name":"roles","provider_config_key":"module.factory.module.projects:google","expressions":{"description":{"constant_value":"Terraform-managed."},"permissions":{"references":["each.value.permissions","each.value"]},"project":{"references":["local.project.project_id","local.project"]},"role_id":{"references":["each.value.name","each.value"]},"title":{"references":["each.value.name","each.value"]}},"schema_version":0,"for_each_expression":{"references":["local.custom_roles"]}},{"address":"google_project_iam_member.bindings","mode":"managed","type":"google_project_iam_member","name":"bindings","provider_config_key":"module.factory.module.projects:google","expressions":{"member":{"references":["local.ctx_iam_principals","each.value.member","each.value","each.value.member","each.value"]},"project":{"references":["local.project.project_id","local.project"]},"role":{"references":["local.ctx.custom_roles","local.ctx","each.value.role","each.value","each.value.role","each.value"]}},"schema_version":0,"for_each_expression":{"references":["local.iam_bindings_additive"]},"depends_on":["google_project_service.project_services","google_project_iam_custom_role.roles"]},{"address":"google_project_iam_member.bucket-sinks-binding","mode":"managed","type":"google_project_iam_member","name":"bucket-sinks-binding","provider_config_key":"module.factory.module.projects:google","expressions":{"condition":[{"description":{"references":["google_logging_project_sink.sink","each.key","each.key","local.project.project_id","local.project"]},"expression":{"references":["each.value.destination","each.value"]},"title":{"references":["each.key"]}}],"member":{"references":["google_logging_project_sink.sink","each.key"]},"project":{"references":["each.value.destination","each.value"]},"role":{"constant_value":"roles/logging.bucketWriter"}},"schema_version":0,"for_each_expression":{"references":["local.sink_bindings[\"logging\"]","local.sink_bindings"]}},{"address":"google_project_iam_member.project-sinks-binding","mode":"managed","type":"google_project_iam_member","name":"project-sinks-binding","provider_config_key":"module.factory.module.projects:google","expressions":{"member":{"references":["google_logging_project_sink.sink","each.key"]},"project":{"references":["each.value.destination","each.value"]},"role":{"constant_value":"roles/logging.logWriter"}},"schema_version":0,"for_each_expression":{"references":["local.sink_bindings[\"project\"]","local.sink_bindings"]}},{"address":"google_project_iam_member.service_agents","mode":"managed","type":"google_project_iam_member","name":"service_agents","provider_config_key":"module.factory.module.projects:google","expressions":{"member":{"references":["each.value.iam_email","each.value"]},"project":{"references":["local.project.project_id","local.project"]},"role":{"references":["each.value.role","each.value"]}},"schema_version":0,"for_each_expression":{"references":["local.service_agent_roles"]},"depends_on":["google_project_service.project_services","google_project_service_identity.default"]},{"address":"google_project_iam_member.shared_vpc_host_iam","mode":"managed","type":"google_project_iam_member","name":"shared_vpc_host_iam","provider_config_key":"module.factory.module.projects:google","expressions":{"member":{"references":["local.ctx_iam_principals","each.value","each.value"]},"project":{"references":["local.ctx.project_ids","local.ctx","var.shared_vpc_service_config.host_project","var.shared_vpc_service_config","var.shared_vpc_service_config.host_project","var.shared_vpc_service_config"]},"role":{"constant_value":"roles/compute.networkUser"}},"schema_version":0,"for_each_expression":{"references":["var.shared_vpc_service_config.network_users","var.shared_vpc_service_config"]}},{"address":"google_project_iam_member.shared_vpc_host_iam_additive","mode":"managed","type":"google_project_iam_member","name":"shared_vpc_host_iam_additive","provider_config_key":"module.factory.module.projects:google","expressions":{"member":{"references":["local.ctx_iam_principals","each.value.member","each.value","each.value.member","each.value"]},"project":{"references":["local.ctx.project_ids","local.ctx","var.shared_vpc_service_config.host_project","var.shared_vpc_service_config","var.shared_vpc_service_config.host_project","var.shared_vpc_service_config"]},"role":{"references":["local.ctx.custom_roles","local.ctx","each.value.role","each.value","each.value.role","each.value"]}},"schema_version":0,"for_each_expression":{"references":["var.shared_vpc_service_config.iam_bindings_additive","var.shared_vpc_service_config"]}},{"address":"google_project_iam_member.shared_vpc_host_robots","mode":"managed","type":"google_project_iam_member","name":"shared_vpc_host_robots","provider_config_key":"module.factory.module.projects:google","expressions":{"member":{"references":["local.aliased_service_agents","each.value.service","each.value","each.value.service","each.value"]},"project":{"references":["local.ctx.project_ids","local.ctx","var.shared_vpc_service_config.host_project","var.shared_vpc_service_config","var.shared_vpc_service_config.host_project","var.shared_vpc_service_config"]},"role":{"references":["local.ctx.custom_roles","local.ctx","each.value.role","each.value","each.value.role","each.value"]}},"schema_version":0,"for_each_expression":{"references":["local.svpc_service_iam"]},"depends_on":["google_project_service.project_services","google_project_service_identity.default","google_project_default_service_accounts.default_service_accounts","data.google_bigquery_default_service_account.bq_sa","data.google_storage_project_service_account.gcs_sa","data.google_logging_project_settings.logging_sa"]},{"address":"google_project_service.org_policy_service","mode":"managed","type":"google_project_service","name":"org_policy_service","provider_config_key":"module.factory.module.projects:google","expressions":{"disable_dependent_services":{"references":["var.service_config.disable_dependent_services","var.service_config"]},"disable_on_destroy":{"references":["var.service_config.disable_on_destroy","var.service_config"]},"project":{"references":["local.project.project_id","local.project"]},"service":{"constant_value":"orgpolicy.googleapis.com"}},"schema_version":0,"count_expression":{"references":["local.enable_orgpolicy_service"]}},{"address":"google_project_service.project_services","mode":"managed","type":"google_project_service","name":"project_services","provider_config_key":"module.factory.module.projects:google","expressions":{"disable_dependent_services":{"references":["var.service_config.disable_dependent_services","var.service_config"]},"disable_on_destroy":{"references":["var.service_config.disable_on_destroy","var.service_config"]},"project":{"references":["local.project.project_id","local.project"]},"service":{"references":["each.value"]}},"schema_version":0,"for_each_expression":{"references":["local.available_services"]},"depends_on":["google_org_policy_policy.default"]},{"address":"google_project_service_identity.default","mode":"managed","type":"google_project_service_identity","name":"default","provider_config_key":"module.factory.module.projects:google-beta","expressions":{"project":{"references":["local.project.project_id","local.project"]},"service":{"references":["each.key"]}},"schema_version":0,"for_each_expression":{"references":["local.primary_service_agents"]},"depends_on":["google_project_service.project_services"]},{"address":"google_pubsub_topic_iam_member.pubsub-sinks-binding","mode":"managed","type":"google_pubsub_topic_iam_member","name":"pubsub-sinks-binding","provider_config_key":"module.factory.module.projects:google","expressions":{"member":{"references":["google_logging_project_sink.sink","each.key"]},"project":{"references":["each.value.destination","each.value"]},"role":{"constant_value":"roles/pubsub.publisher"},"topic":{"references":["each.value.destination","each.value"]}},"schema_version":0,"for_each_expression":{"references":["local.sink_bindings[\"pubsub\"]","local.sink_bindings"]}},{"address":"google_resource_manager_lien.lien","mode":"managed","type":"google_resource_manager_lien","name":"lien","provider_config_key":"module.factory.module.projects:google","expressions":{"origin":{"constant_value":"created-by-terraform"},"parent":{"references":["local.project.number","local.project"]},"reason":{"references":["var.lien_reason"]},"restrictions":{"constant_value":["resourcemanager.projects.delete"]}},"schema_version":0,"count_expression":{"references":["var.lien_reason"]}},{"address":"google_scc_management_project_security_health_analytics_custom_module.scc_project_custom_module","mode":"managed","type":"google_scc_management_project_security_health_analytics_custom_module","name":"scc_project_custom_module","provider_config_key":"module.factory.module.projects:google","expressions":{"custom_config":[{"description":{"references":["each.value.description","each.value"]},"predicate":[{"expression":{"references":["each.value.predicate.expression","each.value.predicate","each.value"]}}],"recommendation":{"references":["each.value.recommendation","each.value"]},"resource_selector":[{"resource_types":{"references":["each.value.resource_selector.resource_types","each.value.resource_selector","each.value"]}}],"severity":{"references":["each.value.severity","each.value"]}}],"display_name":{"references":["each.value.name","each.value"]},"enablement_state":{"references":["each.value.enablement_state","each.value"]},"location":{"constant_value":"global"},"project":{"references":["local.project.project_id","local.project"]}},"schema_version":0,"for_each_expression":{"references":["local.scc_sha_custom_modules"]}},{"address":"google_scc_v2_project_mute_config.scc_mute_configs","mode":"managed","type":"google_scc_v2_project_mute_config","name":"scc_mute_configs","provider_config_key":"module.factory.module.projects:google","expressions":{"description":{"references":["each.value.description","each.value"]},"filter":{"references":["each.value.filter","each.value"]},"location":{"constant_value":"global"},"mute_config_id":{"references":["each.key"]},"project":{"references":["local.project.project_id","local.project"]},"type":{"references":["each.value.type","each.value"]}},"schema_version":0,"for_each_expression":{"references":["local.scc_mute_configs"]}},{"address":"google_storage_bucket_iam_member.gcs-sinks-binding","mode":"managed","type":"google_storage_bucket_iam_member","name":"gcs-sinks-binding","provider_config_key":"module.factory.module.projects:google","expressions":{"bucket":{"references":["each.value.destination","each.value"]},"member":{"references":["google_logging_project_sink.sink","each.key"]},"role":{"constant_value":"roles/storage.objectCreator"}},"schema_version":0,"for_each_expression":{"references":["local.sink_bindings[\"storage\"]","local.sink_bindings"]}},{"address":"google_tags_tag_binding.binding","mode":"managed","type":"google_tags_tag_binding","name":"binding","provider_config_key":"module.factory.module.projects:google","expressions":{"parent":{"references":["local.project.number","local.project"]},"tag_value":{"references":["local.ctx.tag_values","local.ctx","each.value","each.value"]}},"schema_version":0,"for_each_expression":{"references":["var.tag_bindings"]}},{"address":"google_tags_tag_key.default","mode":"managed","type":"google_tags_tag_key","name":"default","provider_config_key":"module.factory.module.projects:google","expressions":{"description":{"references":["each.value.description","each.value"]},"parent":{"references":["local.project.project_id","local.project"]},"purpose":{"references":["each.value"]},"purpose_data":{"references":["each.value","each.value.network","each.value","each.value.network","each.value"]},"short_name":{"references":["each.key"]}},"schema_version":0,"for_each_expression":{"references":["local.tags"]}},{"address":"google_tags_tag_key_iam_binding.bindings","mode":"managed","type":"google_tags_tag_key_iam_binding","name":"bindings","provider_config_key":"module.factory.module.projects:google","expressions":{"members":{"references":["local.tags","each.value.tag","each.value","each.value.binding","each.value","local.ctx.iam_principals","local.ctx"]},"role":{"references":["local.tags","each.value.tag","each.value","each.value.binding","each.value"]},"tag_key":{"references":["each.value.tag_id","each.value","google_tags_tag_key.default","each.value.tag","each.value","local.ctx.tag_keys","local.ctx","each.value.tag_id","each.value","each.value.tag_id","each.value"]}},"schema_version":0,"for_each_expression":{"references":["local.tag_iam_bindings"]}},{"address":"google_tags_tag_key_iam_binding.default","mode":"managed","type":"google_tags_tag_key_iam_binding","name":"default","provider_config_key":"module.factory.module.projects:google","expressions":{"members":{"references":["local.tags","each.value.tag","each.value","each.value.role","each.value","local.ctx.iam_principals","local.ctx"]},"role":{"references":["each.value.role","each.value"]},"tag_key":{"references":["each.value.tag_id","each.value","google_tags_tag_key.default","each.value.tag","each.value","local.ctx.tag_keys","local.ctx","each.value.tag_id","each.value","each.value.tag_id","each.value"]}},"schema_version":0,"for_each_expression":{"references":["local.tag_iam"]}},{"address":"google_tags_tag_key_iam_member.bindings","mode":"managed","type":"google_tags_tag_key_iam_member","name":"bindings","provider_config_key":"module.factory.module.projects:google","expressions":{"member":{"references":["local.ctx.iam_principals","local.ctx","local.tags","each.value.tag","each.value","each.value.binding","each.value","local.tags","each.value.tag","each.value","each.value.binding","each.value"]},"role":{"references":["local.tags","each.value.tag","each.value","each.value.binding","each.value"]},"tag_key":{"references":["each.value.tag_id","each.value","google_tags_tag_key.default","each.value.tag","each.value","local.ctx.tag_keys","local.ctx","each.value.tag_id","each.value","each.value.tag_id","each.value"]}},"schema_version":0,"for_each_expression":{"references":["local.tag_iam_bindings_additive"]}},{"address":"google_tags_tag_value.default","mode":"managed","type":"google_tags_tag_value","name":"default","provider_config_key":"module.factory.module.projects:google","expressions":{"description":{"references":["each.value.description","each.value"]},"parent":{"references":["each.value.tag_id","each.value","google_tags_tag_key.default","each.value.tag","each.value","local.ctx.tag_keys","local.ctx","each.value.tag_id","each.value","each.value.tag_id","each.value"]},"short_name":{"references":["each.value.name","each.value"]}},"schema_version":0,"for_each_expression":{"references":["local.tag_values"]}},{"address":"google_tags_tag_value_iam_binding.bindings","mode":"managed","type":"google_tags_tag_value_iam_binding","name":"bindings","provider_config_key":"module.factory.module.projects:google","expressions":{"members":{"references":["local.tags","each.value.tag","each.value","each.value.name","each.value","each.value.binding","each.value","local.ctx.iam_principals","local.ctx"]},"role":{"references":["local.tags","each.value.tag","each.value","each.value.name","each.value","each.value.binding","each.value"]},"tag_value":{"references":["each.value.id","each.value","google_tags_tag_value.default","each.value.key","each.value","local.ctx.tag_values","local.ctx","each.value.id","each.value","each.value.id","each.value"]}},"schema_version":0,"for_each_expression":{"references":["local.tag_value_iam_bindings"]}},{"address":"google_tags_tag_value_iam_binding.default","mode":"managed","type":"google_tags_tag_value_iam_binding","name":"default","provider_config_key":"module.factory.module.projects:google","expressions":{"members":{"references":["local.tags","each.value.tag","each.value","each.value.name","each.value","each.value.role","each.value","local.ctx.iam_principals","local.ctx"]},"role":{"references":["each.value.role","each.value"]},"tag_value":{"references":["each.value.id","each.value","google_tags_tag_value.default","each.value.key","each.value","local.ctx.tag_values","local.ctx","each.value.id","each.value","each.value.id","each.value"]}},"schema_version":0,"for_each_expression":{"references":["local.tag_value_iam"]}},{"address":"google_tags_tag_value_iam_member.bindings","mode":"managed","type":"google_tags_tag_value_iam_member","name":"bindings","provider_config_key":"module.factory.module.projects:google","expressions":{"member":{"references":["local.ctx.iam_principals","local.ctx","local.tags","each.value.tag","each.value","each.value.name","each.value","each.value.binding","each.value","local.tags","each.value.tag","each.value","each.value.name","each.value","each.value.binding","each.value"]},"role":{"references":["local.tags","each.value.tag","each.value","each.value.name","each.value","each.value.binding","each.value"]},"tag_value":{"references":["each.value.id","each.value","google_tags_tag_value.default","each.value.key","each.value","local.ctx.tag_values","local.ctx","each.value.id","each.value","each.value.id","each.value"]}},"schema_version":0,"for_each_expression":{"references":["local.tag_value_iam_bindings_additive"]}},{"address":"data.google_bigquery_default_service_account.bq_sa","mode":"data","type":"google_bigquery_default_service_account","name":"bq_sa","provider_config_key":"module.factory.module.projects:google","expressions":{"project":{"references":["local.project.project_id","local.project"]}},"schema_version":0,"count_expression":{"references":["var.services"]},"depends_on":["google_project_service.project_services"]},{"address":"data.google_cloud_asset_search_all_resources.default","mode":"data","type":"google_cloud_asset_search_all_resources","name":"default","provider_config_key":"module.factory.module.projects:google","expressions":{"asset_types":{"references":["each.value.asset_types","each.value"]},"query":{"references":["each.value.query","each.value"]},"scope":{"references":["local.project.project_id","local.project"]}},"schema_version":0,"for_each_expression":{"references":["var.asset_search"]}},{"address":"data.google_logging_project_settings.logging_sa","mode":"data","type":"google_logging_project_settings","name":"logging_sa","provider_config_key":"module.factory.module.projects:google","expressions":{"project":{"references":["local.project.project_id","local.project"]}},"schema_version":0,"count_expression":{"references":["var.services"]},"depends_on":["google_project_service.project_services"]},{"address":"data.google_project.project","mode":"data","type":"google_project","name":"project","provider_config_key":"module.factory.module.projects:google","expressions":{"project_id":{"references":["local.project_id"]}},"schema_version":0,"count_expression":{"references":["var.project_reuse.use_data_source","var.project_reuse"]}},{"address":"data.google_storage_project_service_account.gcs_sa","mode":"data","type":"google_storage_project_service_account","name":"gcs_sa","provider_config_key":"module.factory.module.projects:google","expressions":{"project":{"references":["local.project.project_id","local.project"]}},"schema_version":0,"count_expression":{"references":["var.services"]},"depends_on":["google_project_service.project_services"]}],"variables":{"alerts":{"default":{},"description":"Monitoring alerts."},"asset_feeds":{"default":{},"description":"Cloud Asset Inventory feeds."},"asset_search":{"default":{},"description":"Cloud Asset Inventory search configurations."},"auto_create_network":{"default":false,"description":"Whether to create the default network for the project."},"bigquery_reservations":{"default":{},"description":"BigQuery reservations and assignments. Assignment specified as {JOB_TYPE = ['projects/PROJECT_ID']}."},"billing_account":{"default":null,"description":"Billing account id."},"compute_metadata":{"default":{},"description":"Optional compute metadata key/values. Only usable if compute API has been enabled."},"contacts":{"default":{},"description":"List of essential contacts for this resource. Must be in the form EMAIL -\u003e [NOTIFICATION_TYPES]. Valid notification types are ALL, SUSPENSION, SECURITY, TECHNICAL, BILLING, LEGAL, PRODUCT_UPDATES."},"context":{"default":{"bigquery_datasets":{},"condition_vars":{},"custom_roles":{},"email_addresses":{},"folder_ids":{},"iam_principals":{},"kms_keys":{},"log_buckets":{},"notification_channels":{},"project_ids":{},"pubsub_topics":{},"storage_buckets":{},"tag_keys":{},"tag_values":{},"vpc_sc_perimeters":{}},"description":"Context-specific interpolations."},"custom_roles":{"default":{},"description":"Map of role name =\u003e list of permissions to create in this project."},"default_network_tier":{"default":null,"description":"Default compute network tier for the project."},"default_service_account":{"default":"keep","description":"Project default service account setting: can be one of `delete`, `deprivilege`, `disable`, or `keep`."},"deletion_policy":{"default":"DELETE","description":"Deletion policy setting for this project."},"descriptive_name":{"default":null,"description":"Descriptive project name. Set when name differs from project id."},"factories_config":{"default":{"custom_roles":null,"observability":null,"org_policies":null,"pam_entitlements":null,"quotas":null,"scc_mute_configs":null,"scc_sha_custom_modules":null,"tags":null},"description":"Paths to data files and folders that enable factory functionality."},"iam":{"default":{},"description":"Authoritative IAM bindings in {ROLE =\u003e [MEMBERS]} format."},"iam_bindings":{"default":{},"description":"Authoritative IAM bindings in {KEY =\u003e {role = ROLE, members = [], condition = {}}}. Keys are arbitrary."},"iam_bindings_additive":{"default":{},"description":"Individual additive IAM bindings. Keys are arbitrary."},"iam_by_principals":{"default":{},"description":"Authoritative IAM binding in {PRINCIPAL =\u003e [ROLES]} format. Principals need to be statically defined to avoid errors. Merged internally with the `iam` variable."},"iam_by_principals_additive":{"default":{},"description":"Additive IAM binding in {PRINCIPAL =\u003e [ROLES]} format. Principals need to be statically defined to avoid errors. Merged internally with the `iam_bindings_additive` variable."},"iam_by_principals_conditional":{"default":{},"description":"Authoritative IAM binding in {PRINCIPAL =\u003e {roles = [roles], condition = {cond}}} format. Principals need to be statically defined to avoid errors. Condition is required."},"kms_autokeys":{"default":{},"description":"KMS Autokey key handles."},"labels":{"default":{},"description":"Resource labels."},"lien_reason":{"default":null,"description":"If non-empty, creates a project lien with this description."},"log_scopes":{"default":{},"description":"Log scopes under this project."},"logging_data_access":{"default":{},"description":"Control activation of data access logs. The special 'allServices' key denotes configuration for all services."},"logging_exclusions":{"default":{},"description":"Logging exclusions for this project in the form {NAME -\u003e FILTER}."},"logging_metrics":{"default":{},"description":"Log-based metrics."},"logging_sinks":{"default":{},"description":"Logging sinks to create for this project."},"metric_scopes":{"default":[],"description":"List of projects that will act as metric scopes for this project."},"name":{"description":"Project name and id suffix."},"network_tags":{"default":{},"description":"Network tags by key name. If `id` is provided, key creation is skipped. The `iam` attribute behaves like the similarly named one at module level."},"notification_channels":{"default":{},"description":"Monitoring notification channels."},"org_policies":{"default":{},"description":"Organization policies applied to this project keyed by policy name."},"pam_entitlements":{"default":{},"description":"Privileged Access Manager entitlements for this resource, keyed by entitlement ID."},"parent":{"default":null,"description":"Parent folder or organization in 'folders/folder_id' or 'organizations/org_id' format."},"prefix":{"default":null,"description":"Optional prefix used to generate project id and name."},"project_reuse":{"default":null,"description":"Reuse existing project if not null. If name and number are not passed in, a data source is used."},"quotas":{"default":{},"description":"Service quota configuration."},"scc_mute_configs":{"default":{},"description":"SCC mute configurations keyed by name."},"scc_sha_custom_modules":{"default":{},"description":"SCC custom modules keyed by module name."},"service_agents_config":{"default":{"create_primary_agents":true,"grant_default_roles":true,"grant_service_agent_editor":true},"description":"Automatic service agent configuration options."},"service_config":{"default":{"disable_dependent_services":false,"disable_on_destroy":false},"description":"Configure service API activation."},"service_encryption_key_ids":{"default":{},"description":"Service Agents to be granted encryption/decryption permissions over Cloud KMS encryption keys. Format {SERVICE_AGENT =\u003e [KEY_ID]}."},"services":{"default":[],"description":"Service APIs to enable."},"shared_vpc_host_config":{"default":null,"description":"Configures this project as a Shared VPC host project (mutually exclusive with shared_vpc_service_project)."},"shared_vpc_service_config":{"default":{"host_project":null,"iam_bindings_additive":{},"network_subnet_users":{},"network_users":[],"service_agent_iam":{},"service_agent_subnet_iam":{},"service_iam_grants":[]},"description":"Configures this project as a Shared VPC service project (mutually exclusive with shared_vpc_host_config)."},"skip_delete":{"default":null,"description":"Deprecated. Use deletion_policy."},"tag_bindings":{"default":null,"description":"Tag bindings for this project, in key =\u003e tag value id format."},"tags":{"default":{},"description":"Tags by key name. If `id` is provided, key or value creation is skipped. The `iam` attribute behaves like the similarly named one at module level."},"tags_config":{"default":{"force_context_ids":false,"ignore_iam":false},"description":"Fine-grained control on tag resource and IAM creation."},"universe":{"default":null,"description":"GCP universe where to deploy the project. The prefix will be prepended to the project id."},"vpc_sc":{"default":null,"description":"VPC-SC configuration for the project, use when `ignore_changes` for resources is set in the VPC-SC module."},"workload_identity_pools":{"default":{},"description":"Workload Identity Federation pools and providers."}}}},"projects-iam":{"source":"../project","expressions":{"context":{"references":["local.ctx","local.ctx.folder_ids","local.ctx","local.ctx.kms_keys","local.ctx","local.kms_keys","local.ctx_iam_principals","local.self_sas_iam_emails","each.key","local.projects_service_agents","local.ctx.project_ids","local.ctx","module.projects","local.ctx_tag_keys","local.ctx_tag_values"]},"factories_config":{"references":["each.value.factories_config.pam_entitlements","each.value.factories_config","each.value"]},"iam":{"references":["each.value"]},"iam_bindings":{"references":["each.value"]},"iam_bindings_additive":{"references":["each.value"]},"iam_by_principals":{"references":["each.value"]},"iam_by_principals_additive":{"references":["each.value"]},"iam_by_principals_conditional":{"references":["each.value"]},"logging_data_access":{"references":["each.value"]},"name":{"references":["each.value.name","each.value"]},"pam_entitlements":{"references":["each.value.pam_entitlements","each.value"]},"prefix":{"references":["each.value.prefix","each.value"]},"project_reuse":{"references":["module.projects","each.key","module.projects","each.key","module.projects","each.key"]},"service_agents_config":{"constant_value":{"create_primary_agents":false,"grant_default_roles":false}},"service_encryption_key_ids":{"references":["each.value.service_encryption_key_ids","each.value","var.data_merges.service_encryption_key_ids","var.data_merges"]},"shared_vpc_host_config":{"references":["each.value.shared_vpc_host_config","each.value"]},"shared_vpc_service_config":{"references":["each.value.shared_vpc_service_config","each.value"]},"tag_bindings":{"references":["each.value.tag_bindings","each.value","var.data_merges.tag_bindings","var.data_merges"]},"tags":{"references":["each.value.tags","each.value"]},"tags_config":{"constant_value":{"force_context_ids":true}},"universe":{"references":["each.value.universe","each.value"]}},"for_each_expression":{"references":["local.projects_input"]},"module":{"outputs":{"alert_ids":{"expression":{"references":["google_monitoring_alert_policy.alerts"]},"description":"Monitoring alert IDs."},"asset_search_results":{"expression":{"references":["data.google_cloud_asset_search_all_resources.default"]},"description":"Cloud Asset Inventory search results."},"bigquery_reservations":{"expression":{"references":["google_bigquery_reservation.default","local.bigquery_reservations_assigments"]},"description":"BigQuery reservations and assignments."},"custom_role_id":{"expression":{"references":["local.custom_role_ids"]},"description":"Map of custom role IDs created in the project."},"custom_roles":{"expression":{"references":["google_project_iam_custom_role.roles"]},"description":"Map of custom roles resources created in the project."},"default_service_accounts":{"expression":{"references":["local.default_service_accounts"]},"description":"Emails of the default service accounts for this project."},"id":{"expression":{"references":["local.project_id"]},"depends_on":["google_project.project","data.google_project.project","google_org_policy_policy.default","google_project_service.project_services","google_compute_shared_vpc_host_project.shared_vpc_host","google_compute_shared_vpc_service_project.shared_vpc_service","google_compute_shared_vpc_service_project.service_projects","google_project_iam_member.shared_vpc_host_robots","google_kms_crypto_key_iam_member.service_agent_cmek","google_project_service_identity.default","google_project_iam_member.service_agents"],"description":"Project id."},"kms_autokeys":{"expression":{"references":["google_kms_key_handle.default"]},"description":"KMS Autokey key ids."},"name":{"expression":{"references":["local.project.name","local.project"]},"depends_on":["google_org_policy_policy.default","google_project_service.project_services","google_compute_shared_vpc_service_project.service_projects","google_project_iam_member.shared_vpc_host_robots","google_kms_crypto_key_iam_member.service_agent_cmek"],"description":"Project name."},"network_tag_keys":{"expression":{"references":["google_tags_tag_key.default"]},"description":"Tag key resources."},"network_tag_values":{"expression":{"references":["google_tags_tag_value.default","local.tag_values"]},"description":"Tag value resources."},"notification_channel_names":{"expression":{"references":["google_monitoring_notification_channel.channels"]},"description":"Notification channel names."},"notification_channels":{"expression":{"references":["google_monitoring_notification_channel.channels"]},"description":"Full notification channel objects."},"number":{"expression":{"references":["local.project.number","local.project"]},"depends_on":["google_org_policy_policy.default","google_project_service.project_services","google_compute_shared_vpc_host_project.shared_vpc_host","google_compute_shared_vpc_service_project.shared_vpc_service","google_compute_shared_vpc_service_project.service_projects","google_project_iam_member.shared_vpc_host_robots","google_kms_crypto_key_iam_member.service_agent_cmek","google_project_service_identity.default","google_project_iam_member.service_agents"],"description":"Project number."},"organization_policies_ids":{"expression":{"references":["google_org_policy_policy.default"]},"description":"Map of ORGANIZATION_POLICIES =\u003e ID in the organization."},"project_id":{"expression":{"references":["local.project_id"]},"depends_on":["google_project.project","data.google_project.project","google_org_policy_policy.default","google_project_service.project_services","google_compute_shared_vpc_host_project.shared_vpc_host","google_compute_shared_vpc_service_project.shared_vpc_service","google_compute_shared_vpc_service_project.service_projects","google_project_iam_member.shared_vpc_host_robots","google_kms_crypto_key_iam_member.service_agent_cmek","google_project_service_identity.default","google_project_iam_member.service_agents"],"description":"Project id."},"quota_configs":{"expression":{"references":["google_cloud_quotas_quota_preference.default"]},"description":"Quota configurations."},"quotas":{"expression":{"references":["google_cloud_quotas_quota_preference.default"]},"description":"Quota resources."},"scc_custom_sha_modules_ids":{"expression":{"references":["google_scc_management_project_security_health_analytics_custom_module.scc_project_custom_module"]},"description":"Map of SCC CUSTOM SHA MODULES =\u003e ID in the project."},"service_agents":{"expression":{"references":["local.aliased_service_agents"]},"depends_on":["google_project_service_identity.default","google_project_iam_member.service_agents"],"description":"List of all (active) service agents for this project."},"services":{"expression":{"references":["local.available_services"]},"depends_on":["google_project_service.project_services","google_project_service_identity.default"],"description":"Service APIs to enable in the project."},"sink_writer_identities":{"expression":{"references":["google_logging_project_sink.sink"]},"description":"Writer identities created for each sink."},"tag_keys":{"expression":{"references":["google_tags_tag_key.default"]},"description":"Tag key resources."},"tag_values":{"expression":{"references":["google_tags_tag_value.default","local.tag_values"]},"description":"Tag value resources."},"workload_identity_pool_ids":{"expression":{"references":["google_iam_workload_identity_pool.default"]},"description":"Workload identity provider ids."},"workload_identity_provider_ids":{"expression":{"references":["google_iam_workload_identity_pool_provider.default"]},"description":"Workload identity provider attributes."},"workload_identity_providers":{"expression":{"references":["local.wif_providers","google_iam_workload_identity_pool_provider.default","google_iam_workload_identity_pool.default"]},"description":"Workload identity provider attributes."}},"resources":[{"address":"google_access_context_manager_service_perimeter_dry_run_resource.default","mode":"managed","type":"google_access_context_manager_service_perimeter_dry_run_resource","name":"default","provider_config_key":"module.factory.module.projects-iam:google","expressions":{"perimeter_name":{"references":["local.ctx.vpc_sc_perimeters","local.ctx","each.key","each.key"]},"resource":{"references":["local.project.number","local.project"]}},"schema_version":0,"for_each_expression":{"references":["local.vpc_sc_perimeter","local.vpc_sc_dry_run","var.vpc_sc.perimeter_name","var.vpc_sc"]}},{"address":"google_access_context_manager_service_perimeter_resource.default","mode":"managed","type":"google_access_context_manager_service_perimeter_resource","name":"default","provider_config_key":"module.factory.module.projects-iam:google","expressions":{"perimeter_name":{"references":["local.ctx.vpc_sc_perimeters","local.ctx","each.key","each.key"]},"resource":{"references":["local.project.number","local.project"]}},"schema_version":0,"for_each_expression":{"references":["local.vpc_sc_perimeter","local.vpc_sc_dry_run","var.vpc_sc.perimeter_name","var.vpc_sc"]}},{"address":"google_bigquery_dataset_iam_member.bq-sinks-binding","mode":"managed","type":"google_bigquery_dataset_iam_member","name":"bq-sinks-binding","provider_config_key":"module.factory.module.projects-iam:google","expressions":{"dataset_id":{"references":["each.value.destination","each.value"]},"member":{"references":["google_logging_project_sink.sink","each.key"]},"project":{"references":["each.value.destination","each.value"]},"role":{"constant_value":"roles/bigquery.dataEditor"}},"schema_version":0,"for_each_expression":{"references":["local.sink_bindings[\"bigquery\"]","local.sink_bindings"]}},{"address":"google_bigquery_reservation.default","mode":"managed","type":"google_bigquery_reservation","name":"default","provider_config_key":"module.factory.module.projects-iam:google","expressions":{"concurrency":{"references":["each.value.concurrency","each.value"]},"edition":{"references":["each.value.edition","each.value"]},"ignore_idle_slots":{"references":["each.value.ignore_idle_slots","each.value"]},"location":{"references":["each.value.location","each.value"]},"name":{"references":["each.key"]},"project":{"references":["local.project.project_id","local.project"]},"secondary_location":{"references":["each.value.secondary_location","each.value"]},"slot_capacity":{"references":["each.value.slot_capacity","each.value"]}},"schema_version":0,"for_each_expression":{"references":["var.bigquery_reservations"]},"depends_on":["google_project_service.project_services"]},{"address":"google_bigquery_reservation_assignment.default","mode":"managed","type":"google_bigquery_reservation_assignment","name":"default","provider_config_key":"module.factory.module.projects-iam:google","expressions":{"assignee":{"references":["each.value.assignee","each.value"]},"job_type":{"references":["each.value.job_type","each.value"]},"location":{"references":["each.value.location","each.value"]},"project":{"references":["local.project.project_id","local.project"]},"reservation":{"references":["google_bigquery_reservation.default","each.value.reservation_name","each.value"]}},"schema_version":0,"for_each_expression":{"references":["local.assignments"]}},{"address":"google_cloud_asset_project_feed.default","mode":"managed","type":"google_cloud_asset_project_feed","name":"default","provider_config_key":"module.factory.module.projects-iam:google","expressions":{"asset_names":{"references":["each.value.asset_names","each.value"]},"asset_types":{"references":["each.value.asset_types","each.value"]},"billing_project":{"references":["local.ctx.project_ids","local.ctx","each.value.billing_project","each.value","local.project.project_id","local.project","each.value.billing_project","each.value","local.project.project_id","local.project"]},"content_type":{"references":["each.value.content_type","each.value"]},"feed_id":{"references":["each.key"]},"feed_output_config":[{"pubsub_destination":[{"topic":{"references":["local.ctx.pubsub_topics","local.ctx","each.value.feed_output_config.pubsub_destination.topic","each.value.feed_output_config.pubsub_destination","each.value.feed_output_config","each.value","each.value.feed_output_config.pubsub_destination.topic","each.value.feed_output_config.pubsub_destination","each.value.feed_output_config","each.value"]}}]}],"project":{"references":["local.project.project_id","local.project"]}},"schema_version":0,"for_each_expression":{"references":["var.asset_feeds"]}},{"address":"google_cloud_quotas_quota_preference.default","mode":"managed","type":"google_cloud_quotas_quota_preference","name":"default","provider_config_key":"module.factory.module.projects-iam:google","expressions":{"contact_email":{"references":["each.value.contact_email","each.value"]},"dimensions":{"references":["each.value.dimensions","each.value"]},"ignore_safety_checks":{"references":["each.value.ignore_safety_checks","each.value"]},"justification":{"references":["each.value.justification","each.value"]},"name":{"references":["each.key"]},"parent":{"references":["local.project.project_id","local.project"]},"quota_config":[{"annotations":{"references":["each.value.annotations","each.value"]},"preferred_value":{"references":["each.value.preferred_value","each.value"]}}],"quota_id":{"references":["each.value.quota_id","each.value"]},"service":{"references":["each.value.service","each.value"]}},"schema_version":0,"for_each_expression":{"references":["local.quotas"]},"depends_on":["google_project_service.project_services"]},{"address":"google_compute_project_default_network_tier.default_network_tier","mode":"managed","type":"google_compute_project_default_network_tier","name":"default_network_tier","provider_config_key":"module.factory.module.projects-iam:google","expressions":{"network_tier":{"references":["var.default_network_tier"]},"project":{"references":["local.project.project_id","local.project"]}},"schema_version":0,"count_expression":{"references":["var.default_network_tier"]}},{"address":"google_compute_project_metadata_item.default","mode":"managed","type":"google_compute_project_metadata_item","name":"default","provider_config_key":"module.factory.module.projects-iam:google","expressions":{"key":{"references":["each.key"]},"project":{"references":["local.project.project_id","local.project"]},"value":{"references":["each.value"]}},"schema_version":0,"for_each_expression":{"references":["local.available_services","var.compute_metadata"]},"depends_on":["google_project_service.project_services"]},{"address":"google_compute_shared_vpc_host_project.shared_vpc_host","mode":"managed","type":"google_compute_shared_vpc_host_project","name":"shared_vpc_host","provider_config_key":"module.factory.module.projects-iam:google-beta","expressions":{"project":{"references":["local.project.project_id","local.project"]}},"schema_version":0,"count_expression":{"references":["local.svpc_host_config.enabled","local.svpc_host_config"]},"depends_on":["google_project_service.project_services"]},{"address":"google_compute_shared_vpc_service_project.service_projects","mode":"managed","type":"google_compute_shared_vpc_service_project","name":"service_projects","provider_config_key":"module.factory.module.projects-iam:google-beta","expressions":{"host_project":{"references":["local.ctx.project_ids","local.ctx","local.project.project_id","local.project","local.project.project_id","local.project"]},"service_project":{"references":["local.ctx.project_ids","local.ctx","each.value","each.value"]}},"schema_version":0,"for_each_expression":{"references":["local.svpc_host_config.service_projects","local.svpc_host_config"]},"depends_on":["google_compute_shared_vpc_host_project.shared_vpc_host"]},{"address":"google_compute_shared_vpc_service_project.shared_vpc_service","mode":"managed","type":"google_compute_shared_vpc_service_project","name":"shared_vpc_service","provider_config_key":"module.factory.module.projects-iam:google-beta","expressions":{"host_project":{"references":["local.ctx.project_ids","local.ctx","var.shared_vpc_service_config.host_project","var.shared_vpc_service_config","var.shared_vpc_service_config.host_project","var.shared_vpc_service_config"]},"service_project":{"references":["local.project.project_id","local.project"]}},"schema_version":0,"count_expression":{"references":["var.shared_vpc_service_config.host_project","var.shared_vpc_service_config"]},"depends_on":["google_access_context_manager_service_perimeter_dry_run_resource.default","google_access_context_manager_service_perimeter_resource.default"]},{"address":"google_compute_subnetwork_iam_member.shared_vpc_host_robots","mode":"managed","type":"google_compute_subnetwork_iam_member","name":"shared_vpc_host_robots","provider_config_key":"module.factory.module.projects-iam:google","expressions":{"member":{"references":["local.aliased_service_agents","each.value.service","each.value","each.value.service","each.value"]},"project":{"references":["local.ctx.project_ids","local.ctx","var.shared_vpc_service_config.host_project","var.shared_vpc_service_config","var.shared_vpc_service_config.host_project","var.shared_vpc_service_config"]},"region":{"references":["each.value.region","each.value"]},"role":{"constant_value":"roles/compute.networkUser"},"subnetwork":{"references":["each.value.subnet","each.value"]}},"schema_version":0,"for_each_expression":{"references":["local.svpc_service_subnet_iam"]},"depends_on":["google_project_service.project_services","google_project_service_identity.default","google_project_default_service_accounts.default_service_accounts","data.google_bigquery_default_service_account.bq_sa","data.google_storage_project_service_account.gcs_sa"]},{"address":"google_compute_subnetwork_iam_member.shared_vpc_host_subnets_iam","mode":"managed","type":"google_compute_subnetwork_iam_member","name":"shared_vpc_host_subnets_iam","provider_config_key":"module.factory.module.projects-iam:google","expressions":{"member":{"references":["local.ctx_iam_principals","each.value.member","each.value","each.value.member","each.value"]},"project":{"references":["local.ctx.project_ids","local.ctx","var.shared_vpc_service_config.host_project","var.shared_vpc_service_config","var.shared_vpc_service_config.host_project","var.shared_vpc_service_config"]},"region":{"references":["each.value.region","each.value"]},"role":{"constant_value":"roles/compute.networkUser"},"subnetwork":{"references":["each.value.subnet","each.value"]}},"schema_version":0,"for_each_expression":{"references":["local.svpc_network_user_subnet_iam"]}},{"address":"google_essential_contacts_contact.contact","mode":"managed","type":"google_essential_contacts_contact","name":"contact","provider_config_key":"module.factory.module.projects-iam:google-beta","expressions":{"email":{"references":["local.ctx.email_addresses","local.ctx","each.key","each.key"]},"language_tag":{"constant_value":"en"},"notification_category_subscriptions":{"references":["each.value"]},"parent":{"references":["local.project.project_id","local.project"]}},"schema_version":0,"for_each_expression":{"references":["var.contacts"]},"depends_on":["google_project_iam_binding.authoritative","google_project_iam_binding.bindings","google_project_iam_member.bindings"]},{"address":"google_iam_workload_identity_pool.default","mode":"managed","type":"google_iam_workload_identity_pool","name":"default","provider_config_key":"module.factory.module.projects-iam:google","expressions":{"description":{"references":["each.value.description","each.value"]},"disabled":{"references":["each.value.disabled","each.value"]},"display_name":{"references":["each.value.display_name","each.value"]},"project":{"references":["local.project.project_id","local.project"]},"workload_identity_pool_id":{"references":["each.key"]}},"schema_version":0,"for_each_expression":{"references":["var.workload_identity_pools"]}},{"address":"google_iam_workload_identity_pool_provider.default","mode":"managed","type":"google_iam_workload_identity_pool_provider","name":"default","provider_config_key":"module.factory.module.projects-iam:google","expressions":{"attribute_condition":{"references":["each.value.attribute_condition","each.value"]},"attribute_mapping":{"references":["each.value.attribute_mapping","each.value"]},"description":{"references":["each.value.description","each.value"]},"disabled":{"references":["each.value.disabled","each.value"]},"display_name":{"references":["each.value.display_name","each.value"]},"project":{"references":["local.project.project_id","local.project"]},"workload_identity_pool_id":{"references":["google_iam_workload_identity_pool.default","each.value.pool","each.value"]},"workload_identity_pool_provider_id":{"references":["each.value.provider_id","each.value"]}},"schema_version":0,"for_each_expression":{"references":["local.wif_providers"]}},{"address":"google_kms_crypto_key_iam_member.service_agent_cmek","mode":"managed","type":"google_kms_crypto_key_iam_member","name":"service_agent_cmek","provider_config_key":"module.factory.module.projects-iam:google","expressions":{"crypto_key_id":{"references":["local.ctx.kms_keys","local.ctx","each.value.key","each.value","each.value.key","each.value"]},"member":{"references":["each.value.agent","each.value"]},"role":{"constant_value":"roles/cloudkms.cryptoKeyEncrypterDecrypter"}},"schema_version":0,"for_each_expression":{"references":["local._cmek_members"]},"depends_on":["google_project.project","google_project_service.project_services","google_project_service_identity.default","google_project_iam_member.service_agents","data.google_project.project","data.google_bigquery_default_service_account.bq_sa","data.google_storage_project_service_account.gcs_sa","data.google_logging_project_settings.logging_sa"]},{"address":"google_kms_key_handle.default","mode":"managed","type":"google_kms_key_handle","name":"default","provider_config_key":"module.factory.module.projects-iam:google","expressions":{"location":{"references":["local.ctx.locations","local.ctx","each.value.location","each.value","each.value.location","each.value"]},"name":{"references":["each.key"]},"project":{"references":["local.project.project_id","local.project"]},"resource_type_selector":{"references":["each.value.resource_type_selector","each.value"]}},"schema_version":0,"for_each_expression":{"references":["var.kms_autokeys"]}},{"address":"google_logging_log_scope.log-scopes","mode":"managed","type":"google_logging_log_scope","name":"log-scopes","provider_config_key":"module.factory.module.projects-iam:google","expressions":{"description":{"references":["each.value.description","each.value"]},"location":{"constant_value":"global"},"name":{"references":["each.key"]},"parent":{"references":["local.project.project_id","local.project"]},"resource_names":{"references":["each.value.resource_names","each.value"]}},"schema_version":0,"for_each_expression":{"references":["local.log_scopes"]}},{"address":"google_logging_metric.metrics","mode":"managed","type":"google_logging_metric","name":"metrics","provider_config_key":"module.factory.module.projects-iam:google","expressions":{"bucket_name":{"references":["local.ctx.log_buckets","local.ctx","each.value.bucket_name","each.value","each.value.bucket_name","each.value"]},"description":{"references":["each.value.description","each.value"]},"disabled":{"references":["each.value.disabled","each.value"]},"filter":{"references":["each.value.filter","each.value"]},"label_extractors":{"references":["each.value.label_extractors","each.value"]},"name":{"references":["each.key"]},"project":{"references":["local.project.project_id","local.project"]},"value_extractor":{"references":["each.value.value_extractor","each.value"]}},"schema_version":0,"for_each_expression":{"references":["local.metrics"]}},{"address":"google_logging_project_exclusion.logging-exclusion","mode":"managed","type":"google_logging_project_exclusion","name":"logging-exclusion","provider_config_key":"module.factory.module.projects-iam:google","expressions":{"description":{"references":["each.key"]},"filter":{"references":["each.value"]},"name":{"references":["each.key"]},"project":{"references":["local.project.project_id","local.project"]}},"schema_version":0,"for_each_expression":{"references":["var.logging_exclusions"]}},{"address":"google_logging_project_sink.sink","mode":"managed","type":"google_logging_project_sink","name":"sink","provider_config_key":"module.factory.module.projects-iam:google","expressions":{"description":{"references":["each.value.description","each.value","each.key"]},"destination":{"references":["each.value","each.value.type","each.value","each.value.destination","each.value"]},"disabled":{"references":["each.value.disabled","each.value"]},"filter":{"references":["each.value.filter","each.value"]},"name":{"references":["each.key"]},"project":{"references":["local.project.project_id","local.project"]},"unique_writer_identity":{"references":["each.value.unique_writer","each.value"]}},"schema_version":0,"for_each_expression":{"references":["local.logging_sinks"]},"depends_on":["google_project_iam_binding.authoritative","google_project_iam_binding.bindings","google_project_iam_member.bindings","google_project_service.project_services"]},{"address":"google_monitoring_alert_policy.alerts","mode":"managed","type":"google_monitoring_alert_policy","name":"alerts","provider_config_key":"module.factory.module.projects-iam:google","expressions":{"combiner":{"references":["each.value.combiner","each.value"]},"display_name":{"references":["each.value.display_name","each.value"]},"enabled":{"references":["each.value.enabled","each.value"]},"notification_channels":{"references":["each.value.notification_channels","each.value","google_monitoring_notification_channel.channels","local.ctx.notification_channels","local.ctx"]},"project":{"references":["local.project.project_id","local.project"]},"severity":{"references":["each.value.severity","each.value"]},"user_labels":{"references":["each.value.user_labels","each.value"]}},"schema_version":0,"for_each_expression":{"references":["local.alerts"]},"depends_on":["google_logging_metric.metrics"]},{"address":"google_monitoring_monitored_project.primary","mode":"managed","type":"google_monitoring_monitored_project","name":"primary","provider_config_key":"module.factory.module.projects-iam:google-beta","expressions":{"metrics_scope":{"references":["each.value"]},"name":{"references":["local.project.project_id","local.project"]}},"schema_version":1,"for_each_expression":{"references":["var.metric_scopes"]}},{"address":"google_monitoring_notification_channel.channels","mode":"managed","type":"google_monitoring_notification_channel","name":"channels","provider_config_key":"module.factory.module.projects-iam:google","expressions":{"description":{"references":["each.value.description","each.value"]},"display_name":{"references":["each.value.display_name","each.value"]},"enabled":{"references":["each.value.enabled","each.value"]},"labels":{"references":["each.value.labels","each.value","each.value.labels","each.value","local.ctx.email_addresses","local.ctx","local.ctx.pubsub_topics","local.ctx"]},"project":{"references":["local.project.project_id","local.project"]},"type":{"references":["each.value.type","each.value"]},"user_labels":{"references":["each.value.user_labels","each.value"]}},"schema_version":0,"for_each_expression":{"references":["local.channels"]}},{"address":"google_org_policy_policy.default","mode":"managed","type":"google_org_policy_policy","name":"default","provider_config_key":"module.factory.module.projects-iam:google","expressions":{"name":{"references":["local.project.project_id","local.project","each.value"]},"parent":{"references":["local.project.project_id","local.project"]}},"schema_version":0,"for_each_expression":{"references":["local._org_policies"]},"depends_on":["google_project_service.org_policy_service"]},{"address":"google_privileged_access_manager_entitlement.default","mode":"managed","type":"google_privileged_access_manager_entitlement","name":"default","provider_config_key":"module.factory.module.projects-iam:google","expressions":{"eligible_users":[{"principals":{"references":["each.value.eligible_users","each.value","local.ctx.iam_principals","local.ctx"]}}],"entitlement_id":{"references":["each.key"]},"location":{"constant_value":"global"},"max_request_duration":{"references":["each.value.max_request_duration","each.value"]},"parent":{"references":["local.project_id"]},"privileged_access":[{"gcp_iam_access":[{"resource":{"references":["local.project.project_id","local.project"]},"resource_type":{"constant_value":"cloudresourcemanager.googleapis.com/Project"}}]}],"requester_justification_config":[{}]},"schema_version":0,"for_each_expression":{"references":["local.pam_entitlements"]},"depends_on":["google_project_service.project_services","google_project_iam_binding.authoritative","google_project_iam_binding.bindings","google_project_iam_member.bindings"]},{"address":"google_project.project","mode":"managed","type":"google_project","name":"project","provider_config_key":"module.factory.module.projects-iam:google","expressions":{"auto_create_network":{"references":["var.auto_create_network"]},"billing_account":{"references":["var.billing_account"]},"deletion_policy":{"references":["var.deletion_policy"]},"folder_id":{"references":["local.parent_type","local.ctx.folder_ids","local.ctx","local.parent_id","local.parent_id"]},"labels":{"references":["var.labels"]},"name":{"references":["local.descriptive_name"]},"org_id":{"references":["local.parent_type","local.parent_id"]},"project_id":{"references":["local.project_id"]}},"schema_version":1,"count_expression":{"references":["var.project_reuse"]}},{"address":"google_project_default_service_accounts.default_service_accounts","mode":"managed","type":"google_project_default_service_accounts","name":"default_service_accounts","provider_config_key":"module.factory.module.projects-iam:google","expressions":{"action":{"references":["var.default_service_account"]},"project":{"references":["local.project.project_id","local.project"]},"restore_policy":{"constant_value":"REVERT_AND_IGNORE_FAILURE"}},"schema_version":0,"count_expression":{"references":["var.default_service_account"]},"depends_on":["google_project_service.project_services"]},{"address":"google_project_iam_audit_config.default","mode":"managed","type":"google_project_iam_audit_config","name":"default","provider_config_key":"module.factory.module.projects-iam:google","expressions":{"project":{"references":["local.project.project_id","local.project"]},"service":{"references":["each.key"]}},"schema_version":0,"for_each_expression":{"references":["var.logging_data_access"]}},{"address":"google_project_iam_binding.authoritative","mode":"managed","type":"google_project_iam_binding","name":"authoritative","provider_config_key":"module.factory.module.projects-iam:google","expressions":{"members":{"references":["each.value","local.ctx_iam_principals"]},"project":{"references":["local.project.project_id","local.project"]},"role":{"references":["local.ctx.custom_roles","local.ctx","each.key","each.key"]}},"schema_version":0,"for_each_expression":{"references":["local.iam"]},"depends_on":["google_project_service.project_services","google_project_iam_custom_role.roles"]},{"address":"google_project_iam_binding.bindings","mode":"managed","type":"google_project_iam_binding","name":"bindings","provider_config_key":"module.factory.module.projects-iam:google","expressions":{"members":{"references":["each.value.members","each.value","local.ctx_iam_principals"]},"project":{"references":["local.project.project_id","local.project"]},"role":{"references":["local.ctx.custom_roles","local.ctx","each.value.role","each.value","each.value.role","each.value"]}},"schema_version":0,"for_each_expression":{"references":["local.iam_bindings"]},"depends_on":["google_project_service.project_services","google_project_iam_custom_role.roles"]},{"address":"google_project_iam_custom_role.roles","mode":"managed","type":"google_project_iam_custom_role","name":"roles","provider_config_key":"module.factory.module.projects-iam:google","expressions":{"description":{"constant_value":"Terraform-managed."},"permissions":{"references":["each.value.permissions","each.value"]},"project":{"references":["local.project.project_id","local.project"]},"role_id":{"references":["each.value.name","each.value"]},"title":{"references":["each.value.name","each.value"]}},"schema_version":0,"for_each_expression":{"references":["local.custom_roles"]}},{"address":"google_project_iam_member.bindings","mode":"managed","type":"google_project_iam_member","name":"bindings","provider_config_key":"module.factory.module.projects-iam:google","expressions":{"member":{"references":["local.ctx_iam_principals","each.value.member","each.value","each.value.member","each.value"]},"project":{"references":["local.project.project_id","local.project"]},"role":{"references":["local.ctx.custom_roles","local.ctx","each.value.role","each.value","each.value.role","each.value"]}},"schema_version":0,"for_each_expression":{"references":["local.iam_bindings_additive"]},"depends_on":["google_project_service.project_services","google_project_iam_custom_role.roles"]},{"address":"google_project_iam_member.bucket-sinks-binding","mode":"managed","type":"google_project_iam_member","name":"bucket-sinks-binding","provider_config_key":"module.factory.module.projects-iam:google","expressions":{"condition":[{"description":{"references":["google_logging_project_sink.sink","each.key","each.key","local.project.project_id","local.project"]},"expression":{"references":["each.value.destination","each.value"]},"title":{"references":["each.key"]}}],"member":{"references":["google_logging_project_sink.sink","each.key"]},"project":{"references":["each.value.destination","each.value"]},"role":{"constant_value":"roles/logging.bucketWriter"}},"schema_version":0,"for_each_expression":{"references":["local.sink_bindings[\"logging\"]","local.sink_bindings"]}},{"address":"google_project_iam_member.project-sinks-binding","mode":"managed","type":"google_project_iam_member","name":"project-sinks-binding","provider_config_key":"module.factory.module.projects-iam:google","expressions":{"member":{"references":["google_logging_project_sink.sink","each.key"]},"project":{"references":["each.value.destination","each.value"]},"role":{"constant_value":"roles/logging.logWriter"}},"schema_version":0,"for_each_expression":{"references":["local.sink_bindings[\"project\"]","local.sink_bindings"]}},{"address":"google_project_iam_member.service_agents","mode":"managed","type":"google_project_iam_member","name":"service_agents","provider_config_key":"module.factory.module.projects-iam:google","expressions":{"member":{"references":["each.value.iam_email","each.value"]},"project":{"references":["local.project.project_id","local.project"]},"role":{"references":["each.value.role","each.value"]}},"schema_version":0,"for_each_expression":{"references":["local.service_agent_roles"]},"depends_on":["google_project_service.project_services","google_project_service_identity.default"]},{"address":"google_project_iam_member.shared_vpc_host_iam","mode":"managed","type":"google_project_iam_member","name":"shared_vpc_host_iam","provider_config_key":"module.factory.module.projects-iam:google","expressions":{"member":{"references":["local.ctx_iam_principals","each.value","each.value"]},"project":{"references":["local.ctx.project_ids","local.ctx","var.shared_vpc_service_config.host_project","var.shared_vpc_service_config","var.shared_vpc_service_config.host_project","var.shared_vpc_service_config"]},"role":{"constant_value":"roles/compute.networkUser"}},"schema_version":0,"for_each_expression":{"references":["var.shared_vpc_service_config.network_users","var.shared_vpc_service_config"]}},{"address":"google_project_iam_member.shared_vpc_host_iam_additive","mode":"managed","type":"google_project_iam_member","name":"shared_vpc_host_iam_additive","provider_config_key":"module.factory.module.projects-iam:google","expressions":{"member":{"references":["local.ctx_iam_principals","each.value.member","each.value","each.value.member","each.value"]},"project":{"references":["local.ctx.project_ids","local.ctx","var.shared_vpc_service_config.host_project","var.shared_vpc_service_config","var.shared_vpc_service_config.host_project","var.shared_vpc_service_config"]},"role":{"references":["local.ctx.custom_roles","local.ctx","each.value.role","each.value","each.value.role","each.value"]}},"schema_version":0,"for_each_expression":{"references":["var.shared_vpc_service_config.iam_bindings_additive","var.shared_vpc_service_config"]}},{"address":"google_project_iam_member.shared_vpc_host_robots","mode":"managed","type":"google_project_iam_member","name":"shared_vpc_host_robots","provider_config_key":"module.factory.module.projects-iam:google","expressions":{"member":{"references":["local.aliased_service_agents","each.value.service","each.value","each.value.service","each.value"]},"project":{"references":["local.ctx.project_ids","local.ctx","var.shared_vpc_service_config.host_project","var.shared_vpc_service_config","var.shared_vpc_service_config.host_project","var.shared_vpc_service_config"]},"role":{"references":["local.ctx.custom_roles","local.ctx","each.value.role","each.value","each.value.role","each.value"]}},"schema_version":0,"for_each_expression":{"references":["local.svpc_service_iam"]},"depends_on":["google_project_service.project_services","google_project_service_identity.default","google_project_default_service_accounts.default_service_accounts","data.google_bigquery_default_service_account.bq_sa","data.google_storage_project_service_account.gcs_sa","data.google_logging_project_settings.logging_sa"]},{"address":"google_project_service.org_policy_service","mode":"managed","type":"google_project_service","name":"org_policy_service","provider_config_key":"module.factory.module.projects-iam:google","expressions":{"disable_dependent_services":{"references":["var.service_config.disable_dependent_services","var.service_config"]},"disable_on_destroy":{"references":["var.service_config.disable_on_destroy","var.service_config"]},"project":{"references":["local.project.project_id","local.project"]},"service":{"constant_value":"orgpolicy.googleapis.com"}},"schema_version":0,"count_expression":{"references":["local.enable_orgpolicy_service"]}},{"address":"google_project_service.project_services","mode":"managed","type":"google_project_service","name":"project_services","provider_config_key":"module.factory.module.projects-iam:google","expressions":{"disable_dependent_services":{"references":["var.service_config.disable_dependent_services","var.service_config"]},"disable_on_destroy":{"references":["var.service_config.disable_on_destroy","var.service_config"]},"project":{"references":["local.project.project_id","local.project"]},"service":{"references":["each.value"]}},"schema_version":0,"for_each_expression":{"references":["local.available_services"]},"depends_on":["google_org_policy_policy.default"]},{"address":"google_project_service_identity.default","mode":"managed","type":"google_project_service_identity","name":"default","provider_config_key":"module.factory.module.projects-iam:google-beta","expressions":{"project":{"references":["local.project.project_id","local.project"]},"service":{"references":["each.key"]}},"schema_version":0,"for_each_expression":{"references":["local.primary_service_agents"]},"depends_on":["google_project_service.project_services"]},{"address":"google_pubsub_topic_iam_member.pubsub-sinks-binding","mode":"managed","type":"google_pubsub_topic_iam_member","name":"pubsub-sinks-binding","provider_config_key":"module.factory.module.projects-iam:google","expressions":{"member":{"references":["google_logging_project_sink.sink","each.key"]},"project":{"references":["each.value.destination","each.value"]},"role":{"constant_value":"roles/pubsub.publisher"},"topic":{"references":["each.value.destination","each.value"]}},"schema_version":0,"for_each_expression":{"references":["local.sink_bindings[\"pubsub\"]","local.sink_bindings"]}},{"address":"google_resource_manager_lien.lien","mode":"managed","type":"google_resource_manager_lien","name":"lien","provider_config_key":"module.factory.module.projects-iam:google","expressions":{"origin":{"constant_value":"created-by-terraform"},"parent":{"references":["local.project.number","local.project"]},"reason":{"references":["var.lien_reason"]},"restrictions":{"constant_value":["resourcemanager.projects.delete"]}},"schema_version":0,"count_expression":{"references":["var.lien_reason"]}},{"address":"google_scc_management_project_security_health_analytics_custom_module.scc_project_custom_module","mode":"managed","type":"google_scc_management_project_security_health_analytics_custom_module","name":"scc_project_custom_module","provider_config_key":"module.factory.module.projects-iam:google","expressions":{"custom_config":[{"description":{"references":["each.value.description","each.value"]},"predicate":[{"expression":{"references":["each.value.predicate.expression","each.value.predicate","each.value"]}}],"recommendation":{"references":["each.value.recommendation","each.value"]},"resource_selector":[{"resource_types":{"references":["each.value.resource_selector.resource_types","each.value.resource_selector","each.value"]}}],"severity":{"references":["each.value.severity","each.value"]}}],"display_name":{"references":["each.value.name","each.value"]},"enablement_state":{"references":["each.value.enablement_state","each.value"]},"location":{"constant_value":"global"},"project":{"references":["local.project.project_id","local.project"]}},"schema_version":0,"for_each_expression":{"references":["local.scc_sha_custom_modules"]}},{"address":"google_scc_v2_project_mute_config.scc_mute_configs","mode":"managed","type":"google_scc_v2_project_mute_config","name":"scc_mute_configs","provider_config_key":"module.factory.module.projects-iam:google","expressions":{"description":{"references":["each.value.description","each.value"]},"filter":{"references":["each.value.filter","each.value"]},"location":{"constant_value":"global"},"mute_config_id":{"references":["each.key"]},"project":{"references":["local.project.project_id","local.project"]},"type":{"references":["each.value.type","each.value"]}},"schema_version":0,"for_each_expression":{"references":["local.scc_mute_configs"]}},{"address":"google_storage_bucket_iam_member.gcs-sinks-binding","mode":"managed","type":"google_storage_bucket_iam_member","name":"gcs-sinks-binding","provider_config_key":"module.factory.module.projects-iam:google","expressions":{"bucket":{"references":["each.value.destination","each.value"]},"member":{"references":["google_logging_project_sink.sink","each.key"]},"role":{"constant_value":"roles/storage.objectCreator"}},"schema_version":0,"for_each_expression":{"references":["local.sink_bindings[\"storage\"]","local.sink_bindings"]}},{"address":"google_tags_tag_binding.binding","mode":"managed","type":"google_tags_tag_binding","name":"binding","provider_config_key":"module.factory.module.projects-iam:google","expressions":{"parent":{"references":["local.project.number","local.project"]},"tag_value":{"references":["local.ctx.tag_values","local.ctx","each.value","each.value"]}},"schema_version":0,"for_each_expression":{"references":["var.tag_bindings"]}},{"address":"google_tags_tag_key.default","mode":"managed","type":"google_tags_tag_key","name":"default","provider_config_key":"module.factory.module.projects-iam:google","expressions":{"description":{"references":["each.value.description","each.value"]},"parent":{"references":["local.project.project_id","local.project"]},"purpose":{"references":["each.value"]},"purpose_data":{"references":["each.value","each.value.network","each.value","each.value.network","each.value"]},"short_name":{"references":["each.key"]}},"schema_version":0,"for_each_expression":{"references":["local.tags"]}},{"address":"google_tags_tag_key_iam_binding.bindings","mode":"managed","type":"google_tags_tag_key_iam_binding","name":"bindings","provider_config_key":"module.factory.module.projects-iam:google","expressions":{"members":{"references":["local.tags","each.value.tag","each.value","each.value.binding","each.value","local.ctx.iam_principals","local.ctx"]},"role":{"references":["local.tags","each.value.tag","each.value","each.value.binding","each.value"]},"tag_key":{"references":["each.value.tag_id","each.value","google_tags_tag_key.default","each.value.tag","each.value","local.ctx.tag_keys","local.ctx","each.value.tag_id","each.value","each.value.tag_id","each.value"]}},"schema_version":0,"for_each_expression":{"references":["local.tag_iam_bindings"]}},{"address":"google_tags_tag_key_iam_binding.default","mode":"managed","type":"google_tags_tag_key_iam_binding","name":"default","provider_config_key":"module.factory.module.projects-iam:google","expressions":{"members":{"references":["local.tags","each.value.tag","each.value","each.value.role","each.value","local.ctx.iam_principals","local.ctx"]},"role":{"references":["each.value.role","each.value"]},"tag_key":{"references":["each.value.tag_id","each.value","google_tags_tag_key.default","each.value.tag","each.value","local.ctx.tag_keys","local.ctx","each.value.tag_id","each.value","each.value.tag_id","each.value"]}},"schema_version":0,"for_each_expression":{"references":["local.tag_iam"]}},{"address":"google_tags_tag_key_iam_member.bindings","mode":"managed","type":"google_tags_tag_key_iam_member","name":"bindings","provider_config_key":"module.factory.module.projects-iam:google","expressions":{"member":{"references":["local.ctx.iam_principals","local.ctx","local.tags","each.value.tag","each.value","each.value.binding","each.value","local.tags","each.value.tag","each.value","each.value.binding","each.value"]},"role":{"references":["local.tags","each.value.tag","each.value","each.value.binding","each.value"]},"tag_key":{"references":["each.value.tag_id","each.value","google_tags_tag_key.default","each.value.tag","each.value","local.ctx.tag_keys","local.ctx","each.value.tag_id","each.value","each.value.tag_id","each.value"]}},"schema_version":0,"for_each_expression":{"references":["local.tag_iam_bindings_additive"]}},{"address":"google_tags_tag_value.default","mode":"managed","type":"google_tags_tag_value","name":"default","provider_config_key":"module.factory.module.projects-iam:google","expressions":{"description":{"references":["each.value.description","each.value"]},"parent":{"references":["each.value.tag_id","each.value","google_tags_tag_key.default","each.value.tag","each.value","local.ctx.tag_keys","local.ctx","each.value.tag_id","each.value","each.value.tag_id","each.value"]},"short_name":{"references":["each.value.name","each.value"]}},"schema_version":0,"for_each_expression":{"references":["local.tag_values"]}},{"address":"google_tags_tag_value_iam_binding.bindings","mode":"managed","type":"google_tags_tag_value_iam_binding","name":"bindings","provider_config_key":"module.factory.module.projects-iam:google","expressions":{"members":{"references":["local.tags","each.value.tag","each.value","each.value.name","each.value","each.value.binding","each.value","local.ctx.iam_principals","local.ctx"]},"role":{"references":["local.tags","each.value.tag","each.value","each.value.name","each.value","each.value.binding","each.value"]},"tag_value":{"references":["each.value.id","each.value","google_tags_tag_value.default","each.value.key","each.value","local.ctx.tag_values","local.ctx","each.value.id","each.value","each.value.id","each.value"]}},"schema_version":0,"for_each_expression":{"references":["local.tag_value_iam_bindings"]}},{"address":"google_tags_tag_value_iam_binding.default","mode":"managed","type":"google_tags_tag_value_iam_binding","name":"default","provider_config_key":"module.factory.module.projects-iam:google","expressions":{"members":{"references":["local.tags","each.value.tag","each.value","each.value.name","each.value","each.value.role","each.value","local.ctx.iam_principals","local.ctx"]},"role":{"references":["each.value.role","each.value"]},"tag_value":{"references":["each.value.id","each.value","google_tags_tag_value.default","each.value.key","each.value","local.ctx.tag_values","local.ctx","each.value.id","each.value","each.value.id","each.value"]}},"schema_version":0,"for_each_expression":{"references":["local.tag_value_iam"]}},{"address":"google_tags_tag_value_iam_member.bindings","mode":"managed","type":"google_tags_tag_value_iam_member","name":"bindings","provider_config_key":"module.factory.module.projects-iam:google","expressions":{"member":{"references":["local.ctx.iam_principals","local.ctx","local.tags","each.value.tag","each.value","each.value.name","each.value","each.value.binding","each.value","local.tags","each.value.tag","each.value","each.value.name","each.value","each.value.binding","each.value"]},"role":{"references":["local.tags","each.value.tag","each.value","each.value.name","each.value","each.value.binding","each.value"]},"tag_value":{"references":["each.value.id","each.value","google_tags_tag_value.default","each.value.key","each.value","local.ctx.tag_values","local.ctx","each.value.id","each.value","each.value.id","each.value"]}},"schema_version":0,"for_each_expression":{"references":["local.tag_value_iam_bindings_additive"]}},{"address":"data.google_bigquery_default_service_account.bq_sa","mode":"data","type":"google_bigquery_default_service_account","name":"bq_sa","provider_config_key":"module.factory.module.projects-iam:google","expressions":{"project":{"references":["local.project.project_id","local.project"]}},"schema_version":0,"count_expression":{"references":["var.services"]},"depends_on":["google_project_service.project_services"]},{"address":"data.google_cloud_asset_search_all_resources.default","mode":"data","type":"google_cloud_asset_search_all_resources","name":"default","provider_config_key":"module.factory.module.projects-iam:google","expressions":{"asset_types":{"references":["each.value.asset_types","each.value"]},"query":{"references":["each.value.query","each.value"]},"scope":{"references":["local.project.project_id","local.project"]}},"schema_version":0,"for_each_expression":{"references":["var.asset_search"]}},{"address":"data.google_logging_project_settings.logging_sa","mode":"data","type":"google_logging_project_settings","name":"logging_sa","provider_config_key":"module.factory.module.projects-iam:google","expressions":{"project":{"references":["local.project.project_id","local.project"]}},"schema_version":0,"count_expression":{"references":["var.services"]},"depends_on":["google_project_service.project_services"]},{"address":"data.google_project.project","mode":"data","type":"google_project","name":"project","provider_config_key":"module.factory.module.projects-iam:google","expressions":{"project_id":{"references":["local.project_id"]}},"schema_version":0,"count_expression":{"references":["var.project_reuse.use_data_source","var.project_reuse"]}},{"address":"data.google_storage_project_service_account.gcs_sa","mode":"data","type":"google_storage_project_service_account","name":"gcs_sa","provider_config_key":"module.factory.module.projects-iam:google","expressions":{"project":{"references":["local.project.project_id","local.project"]}},"schema_version":0,"count_expression":{"references":["var.services"]},"depends_on":["google_project_service.project_services"]}],"variables":{"alerts":{"default":{},"description":"Monitoring alerts."},"asset_feeds":{"default":{},"description":"Cloud Asset Inventory feeds."},"asset_search":{"default":{},"description":"Cloud Asset Inventory search configurations."},"auto_create_network":{"default":false,"description":"Whether to create the default network for the project."},"bigquery_reservations":{"default":{},"description":"BigQuery reservations and assignments. Assignment specified as {JOB_TYPE = ['projects/PROJECT_ID']}."},"billing_account":{"default":null,"description":"Billing account id."},"compute_metadata":{"default":{},"description":"Optional compute metadata key/values. Only usable if compute API has been enabled."},"contacts":{"default":{},"description":"List of essential contacts for this resource. Must be in the form EMAIL -\u003e [NOTIFICATION_TYPES]. Valid notification types are ALL, SUSPENSION, SECURITY, TECHNICAL, BILLING, LEGAL, PRODUCT_UPDATES."},"context":{"default":{"bigquery_datasets":{},"condition_vars":{},"custom_roles":{},"email_addresses":{},"folder_ids":{},"iam_principals":{},"kms_keys":{},"log_buckets":{},"notification_channels":{},"project_ids":{},"pubsub_topics":{},"storage_buckets":{},"tag_keys":{},"tag_values":{},"vpc_sc_perimeters":{}},"description":"Context-specific interpolations."},"custom_roles":{"default":{},"description":"Map of role name =\u003e list of permissions to create in this project."},"default_network_tier":{"default":null,"description":"Default compute network tier for the project."},"default_service_account":{"default":"keep","description":"Project default service account setting: can be one of `delete`, `deprivilege`, `disable`, or `keep`."},"deletion_policy":{"default":"DELETE","description":"Deletion policy setting for this project."},"descriptive_name":{"default":null,"description":"Descriptive project name. Set when name differs from project id."},"factories_config":{"default":{"custom_roles":null,"observability":null,"org_policies":null,"pam_entitlements":null,"quotas":null,"scc_mute_configs":null,"scc_sha_custom_modules":null,"tags":null},"description":"Paths to data files and folders that enable factory functionality."},"iam":{"default":{},"description":"Authoritative IAM bindings in {ROLE =\u003e [MEMBERS]} format."},"iam_bindings":{"default":{},"description":"Authoritative IAM bindings in {KEY =\u003e {role = ROLE, members = [], condition = {}}}. Keys are arbitrary."},"iam_bindings_additive":{"default":{},"description":"Individual additive IAM bindings. Keys are arbitrary."},"iam_by_principals":{"default":{},"description":"Authoritative IAM binding in {PRINCIPAL =\u003e [ROLES]} format. Principals need to be statically defined to avoid errors. Merged internally with the `iam` variable."},"iam_by_principals_additive":{"default":{},"description":"Additive IAM binding in {PRINCIPAL =\u003e [ROLES]} format. Principals need to be statically defined to avoid errors. Merged internally with the `iam_bindings_additive` variable."},"iam_by_principals_conditional":{"default":{},"description":"Authoritative IAM binding in {PRINCIPAL =\u003e {roles = [roles], condition = {cond}}} format. Principals need to be statically defined to avoid errors. Condition is required."},"kms_autokeys":{"default":{},"description":"KMS Autokey key handles."},"labels":{"default":{},"description":"Resource labels."},"lien_reason":{"default":null,"description":"If non-empty, creates a project lien with this description."},"log_scopes":{"default":{},"description":"Log scopes under this project."},"logging_data_access":{"default":{},"description":"Control activation of data access logs. The special 'allServices' key denotes configuration for all services."},"logging_exclusions":{"default":{},"description":"Logging exclusions for this project in the form {NAME -\u003e FILTER}."},"logging_metrics":{"default":{},"description":"Log-based metrics."},"logging_sinks":{"default":{},"description":"Logging sinks to create for this project."},"metric_scopes":{"default":[],"description":"List of projects that will act as metric scopes for this project."},"name":{"description":"Project name and id suffix."},"network_tags":{"default":{},"description":"Network tags by key name. If `id` is provided, key creation is skipped. The `iam` attribute behaves like the similarly named one at module level."},"notification_channels":{"default":{},"description":"Monitoring notification channels."},"org_policies":{"default":{},"description":"Organization policies applied to this project keyed by policy name."},"pam_entitlements":{"default":{},"description":"Privileged Access Manager entitlements for this resource, keyed by entitlement ID."},"parent":{"default":null,"description":"Parent folder or organization in 'folders/folder_id' or 'organizations/org_id' format."},"prefix":{"default":null,"description":"Optional prefix used to generate project id and name."},"project_reuse":{"default":null,"description":"Reuse existing project if not null. If name and number are not passed in, a data source is used."},"quotas":{"default":{},"description":"Service quota configuration."},"scc_mute_configs":{"default":{},"description":"SCC mute configurations keyed by name."},"scc_sha_custom_modules":{"default":{},"description":"SCC custom modules keyed by module name."},"service_agents_config":{"default":{"create_primary_agents":true,"grant_default_roles":true,"grant_service_agent_editor":true},"description":"Automatic service agent configuration options."},"service_config":{"default":{"disable_dependent_services":false,"disable_on_destroy":false},"description":"Configure service API activation."},"service_encryption_key_ids":{"default":{},"description":"Service Agents to be granted encryption/decryption permissions over Cloud KMS encryption keys. Format {SERVICE_AGENT =\u003e [KEY_ID]}."},"services":{"default":[],"description":"Service APIs to enable."},"shared_vpc_host_config":{"default":null,"description":"Configures this project as a Shared VPC host project (mutually exclusive with shared_vpc_service_project)."},"shared_vpc_service_config":{"default":{"host_project":null,"iam_bindings_additive":{},"network_subnet_users":{},"network_users":[],"service_agent_iam":{},"service_agent_subnet_iam":{},"service_iam_grants":[]},"description":"Configures this project as a Shared VPC service project (mutually exclusive with shared_vpc_host_config)."},"skip_delete":{"default":null,"description":"Deprecated. Use deletion_policy."},"tag_bindings":{"default":null,"description":"Tag bindings for this project, in key =\u003e tag value id format."},"tags":{"default":{},"description":"Tags by key name. If `id` is provided, key or value creation is skipped. The `iam` attribute behaves like the similarly named one at module level."},"tags_config":{"default":{"force_context_ids":false,"ignore_iam":false},"description":"Fine-grained control on tag resource and IAM creation."},"universe":{"default":null,"description":"GCP universe where to deploy the project. The prefix will be prepended to the project id."},"vpc_sc":{"default":null,"description":"VPC-SC configuration for the project, use when `ignore_changes` for resources is set in the VPC-SC module."},"workload_identity_pools":{"default":{},"description":"Workload Identity Federation pools and providers."}}},"depends_on":["module.projects"]},"pubsub":{"source":"../pubsub","expressions":{"context":{"references":["local.ctx","local.ctx.iam_principals","local.ctx","local.projects_sas_iam_emails","local.automation_sas_iam_emails","local.self_sas_iam_emails","each.value.project_key","each.value","local.ctx.kms_keys","local.ctx","local.kms_keys","local.kms_autokeys","local.ctx.locations","local.ctx","local.ctx_project_ids"]},"iam":{"references":["each.value.iam","each.value"]},"iam_bindings":{"references":["each.value.iam_bindings","each.value"]},"iam_bindings_additive":{"references":["each.value.iam_bindings_additive","each.value"]},"iam_by_principals":{"references":["each.value.iam_by_principals","each.value"]},"kms_key":{"references":["each.value.kms_key","each.value"]},"labels":{"references":["each.value.labels","each.value"]},"message_retention_duration":{"references":["each.value.message_retention_duration","each.value"]},"name":{"references":["each.value.name","each.value"]},"project_id":{"references":["module.projects-iam","each.value.project_key","each.value"]},"regions":{"references":["each.value.regions","each.value"]},"schema":{"references":["each.value.schema","each.value"]},"subscriptions":{"references":["each.value.subscriptions","each.value"]}},"for_each_expression":{"references":["local.projects_pubsub_topics"]},"module":{"outputs":{"id":{"expression":{"references":["local.topic_id_static"]},"depends_on":["google_pubsub_topic.default","google_pubsub_topic_iam_binding.authoritative","google_pubsub_topic_iam_binding.bindings","google_pubsub_topic_iam_member.bindings"],"description":"Fully qualified topic id."},"schema":{"expression":{"references":["google_pubsub_schema.default[0]","google_pubsub_schema.default"]},"description":"Schema resource."},"schema_id":{"expression":{"references":["google_pubsub_schema.default[0].id","google_pubsub_schema.default[0]","google_pubsub_schema.default"]},"description":"Schema resource id."},"subscription_id":{"expression":{"references":["google_pubsub_subscription.default"]},"depends_on":["google_pubsub_subscription_iam_binding.authoritative","google_pubsub_subscription_iam_binding.bindings","google_pubsub_subscription_iam_member.members"],"description":"Subscription ids."},"subscriptions":{"expression":{"references":["google_pubsub_subscription.default"]},"depends_on":["google_pubsub_subscription_iam_binding.authoritative","google_pubsub_subscription_iam_binding.bindings","google_pubsub_subscription_iam_member.members"],"description":"Subscription resources."},"topic":{"expression":{"references":["google_pubsub_topic.default"]},"depends_on":["google_pubsub_topic_iam_binding.authoritative","google_pubsub_topic_iam_binding.bindings","google_pubsub_topic_iam_member.bindings"],"description":"Topic resource."}},"resources":[{"address":"google_pubsub_schema.default","mode":"managed","type":"google_pubsub_schema","name":"default","provider_config_key":"module.factory.module.pubsub:google","expressions":{"definition":{"references":["var.schema.definition","var.schema"]},"name":{"references":["var.name"]},"project":{"references":["local.project_id"]},"type":{"references":["var.schema.schema_type","var.schema"]}},"schema_version":0,"count_expression":{"references":["var.schema"]}},{"address":"google_pubsub_subscription.default","mode":"managed","type":"google_pubsub_subscription","name":"default","provider_config_key":"module.factory.module.pubsub:google","expressions":{"ack_deadline_seconds":{"references":["each.value.ack_deadline_seconds","each.value"]},"enable_exactly_once_delivery":{"references":["each.value.enable_exactly_once_delivery","each.value"]},"enable_message_ordering":{"references":["each.value.enable_message_ordering","each.value"]},"filter":{"references":["each.value.filter","each.value"]},"labels":{"references":["each.value.labels","each.value","var.labels"]},"message_retention_duration":{"references":["each.value.message_retention_duration","each.value"]},"name":{"references":["each.key"]},"project":{"references":["local.project_id"]},"retain_acked_messages":{"references":["each.value.retain_acked_messages","each.value"]},"topic":{"references":["google_pubsub_topic.default.name","google_pubsub_topic.default"]}},"schema_version":0,"for_each_expression":{"references":["var.subscriptions"]}},{"address":"google_pubsub_subscription_iam_binding.authoritative","mode":"managed","type":"google_pubsub_subscription_iam_binding","name":"authoritative","provider_config_key":"module.factory.module.pubsub:google","expressions":{"members":{"references":["each.value.members","each.value","local.ctx.iam_principals","local.ctx"]},"project":{"references":["local.project_id"]},"role":{"references":["local.ctx.custom_roles","local.ctx","each.value.role","each.value","each.value.role","each.value"]},"subscription":{"references":["google_pubsub_subscription.default","each.value.subscription","each.value"]}},"schema_version":0,"for_each_expression":{"references":["local.subscription_iam"]}},{"address":"google_pubsub_subscription_iam_binding.bindings","mode":"managed","type":"google_pubsub_subscription_iam_binding","name":"bindings","provider_config_key":"module.factory.module.pubsub:google","expressions":{"members":{"references":["each.value.members","each.value","local.ctx.iam_principals","local.ctx"]},"project":{"references":["local.project_id"]},"role":{"references":["local.ctx.custom_roles","local.ctx","each.value.role","each.value","each.value.role","each.value"]},"subscription":{"references":["google_pubsub_subscription.default","each.value.subscription","each.value"]}},"schema_version":0,"for_each_expression":{"references":["local.subscription_iam_bindings"]}},{"address":"google_pubsub_subscription_iam_member.members","mode":"managed","type":"google_pubsub_subscription_iam_member","name":"members","provider_config_key":"module.factory.module.pubsub:google","expressions":{"member":{"references":["local.ctx.iam_principals","local.ctx","each.value.member","each.value","each.value.member","each.value"]},"project":{"references":["local.project_id"]},"role":{"references":["local.ctx.custom_roles","local.ctx","each.value.role","each.value","each.value.role","each.value"]},"subscription":{"references":["google_pubsub_subscription.default","each.value.subscription","each.value"]}},"schema_version":0,"for_each_expression":{"references":["local.subscription_iam_bindings_additive"]}},{"address":"google_pubsub_topic.default","mode":"managed","type":"google_pubsub_topic","name":"default","provider_config_key":"module.factory.module.pubsub:google","expressions":{"kms_key_name":{"references":["var.kms_key","local.ctx.kms_keys","local.ctx","var.kms_key","var.kms_key"]},"labels":{"references":["var.labels"]},"message_retention_duration":{"references":["var.message_retention_duration"]},"name":{"references":["var.name"]},"project":{"references":["local.project_id"]}},"schema_version":0},{"address":"google_pubsub_topic_iam_binding.authoritative","mode":"managed","type":"google_pubsub_topic_iam_binding","name":"authoritative","provider_config_key":"module.factory.module.pubsub:google","expressions":{"members":{"references":["each.value","local.ctx.iam_principals","local.ctx"]},"project":{"references":["local.project_id"]},"role":{"references":["local.ctx.custom_roles","local.ctx","each.key","each.key"]},"topic":{"references":["google_pubsub_topic.default.name","google_pubsub_topic.default"]}},"schema_version":0,"for_each_expression":{"references":["local.iam"]}},{"address":"google_pubsub_topic_iam_binding.bindings","mode":"managed","type":"google_pubsub_topic_iam_binding","name":"bindings","provider_config_key":"module.factory.module.pubsub:google","expressions":{"members":{"references":["each.value.members","each.value","local.ctx.iam_principals","local.ctx"]},"role":{"references":["local.ctx.custom_roles","local.ctx","each.value.role","each.value","each.value.role","each.value"]},"topic":{"references":["google_pubsub_topic.default.name","google_pubsub_topic.default"]}},"schema_version":0,"for_each_expression":{"references":["var.iam_bindings"]}},{"address":"google_pubsub_topic_iam_member.bindings","mode":"managed","type":"google_pubsub_topic_iam_member","name":"bindings","provider_config_key":"module.factory.module.pubsub:google","expressions":{"member":{"references":["local.ctx.iam_principals","local.ctx","each.value.member","each.value","each.value.member","each.value"]},"role":{"references":["local.ctx.custom_roles","local.ctx","each.value.role","each.value","each.value.role","each.value"]},"topic":{"references":["google_pubsub_topic.default.name","google_pubsub_topic.default"]}},"schema_version":0,"for_each_expression":{"references":["var.iam_bindings_additive"]}}],"variables":{"context":{"default":{"custom_roles":{},"iam_principals":{},"kms_keys":{},"locations":{},"project_ids":{}},"description":"Context-specific interpolations."},"iam":{"default":{},"description":"IAM bindings for topic in {ROLE =\u003e [MEMBERS]} format."},"iam_bindings":{"default":{},"description":"Authoritative IAM bindings in {KEY =\u003e {role = ROLE, members = [], condition = {}}}. Keys are arbitrary."},"iam_bindings_additive":{"default":{},"description":"Keyring individual additive IAM bindings. Keys are arbitrary."},"iam_by_principals":{"default":{},"description":"Authoritative IAM binding in {PRINCIPAL =\u003e [ROLES]} format. Principals need to be statically defined to avoid cycle errors. Merged internally with the `iam` variable."},"kms_key":{"default":null,"description":"KMS customer managed encryption key."},"labels":{"default":{},"description":"Labels."},"message_retention_duration":{"default":null,"description":"Minimum duration to retain a message after it is published to the topic."},"name":{"description":"PubSub topic name."},"project_id":{"description":"Project used for resources."},"regions":{"default":[],"description":"List of regions used to set persistence policy."},"schema":{"default":null,"description":"Topic schema. If set, all messages in this topic should follow this schema."},"subscriptions":{"default":{},"description":"Topic subscriptions. Also define push configs for push subscriptions. If options is set to null subscription defaults will be used. Labels default to topic labels if set to null."}}}},"service-accounts":{"source":"../iam-service-account","expressions":{"context":{"references":["local.ctx","local.ctx_project_ids","local.ctx_tag_values"]},"description":{"references":["each.value.description","each.value"]},"display_name":{"references":["each.value.display_name","each.value"]},"iam_project_roles":{"references":["each.value.iam_project_roles","each.value","each.value.project_key","each.value","each.value.iam_self_roles","each.value"]},"name":{"references":["each.value.name","each.value"]},"project_id":{"references":["module.projects","each.value.project_key","each.value"]},"tag_bindings":{"references":["each.value.tag_bindings","each.value"]}},"for_each_expression":{"references":["local.projects_service_accounts"]},"module":{"outputs":{"email":{"expression":{"references":["local.static_email"]},"depends_on":["local.service_account"],"description":"Service account email."},"iam_email":{"expression":{"references":["local.static_iam_email"]},"depends_on":["local.service_account"],"description":"IAM-format service account email."},"id":{"expression":{"references":["local.static_id"]},"depends_on":["local.service_account"],"description":"Fully qualified service account id."},"name":{"expression":{"references":["local.static_id"]},"depends_on":["local.service_account"],"description":"Service account name."},"service_account":{"expression":{"references":["local.service_account"]},"description":"Service account resource."},"unique_id":{"expression":{"references":["local.service_account.unique_id","local.service_account"]},"description":"Fully qualified service account id."}},"resources":[{"address":"google_billing_account_iam_member.billing-roles","mode":"managed","type":"google_billing_account_iam_member","name":"billing-roles","provider_config_key":"module.factory.module.service-accounts:google","expressions":{"billing_account_id":{"references":["each.value.entity","each.value"]},"member":{"references":["local.iam_email"]},"role":{"references":["local.ctx.custom_roles","local.ctx","each.value.role","each.value","each.value.role","each.value"]}},"schema_version":0,"for_each_expression":{"references":["local.iam_billing_pairs"]}},{"address":"google_folder_iam_member.folder-roles","mode":"managed","type":"google_folder_iam_member","name":"folder-roles","provider_config_key":"module.factory.module.service-accounts:google","expressions":{"folder":{"references":["local.ctx.folder_ids","local.ctx","each.value.entity","each.value","each.value.entity","each.value"]},"member":{"references":["local.iam_email"]},"role":{"references":["local.ctx.custom_roles","local.ctx","each.value.role","each.value","each.value.role","each.value"]}},"schema_version":0,"for_each_expression":{"references":["local.iam_folder_pairs"]}},{"address":"google_organization_iam_member.organization-roles","mode":"managed","type":"google_organization_iam_member","name":"organization-roles","provider_config_key":"module.factory.module.service-accounts:google","expressions":{"member":{"references":["local.iam_email"]},"org_id":{"references":["each.value.entity","each.value"]},"role":{"references":["local.ctx.custom_roles","local.ctx","each.value.role","each.value","each.value.role","each.value"]}},"schema_version":0,"for_each_expression":{"references":["local.iam_organization_pairs"]}},{"address":"google_project_iam_member.project-roles","mode":"managed","type":"google_project_iam_member","name":"project-roles","provider_config_key":"module.factory.module.service-accounts:google","expressions":{"member":{"references":["local.iam_email"]},"project":{"references":["local.ctx.project_ids","local.ctx","each.value.entity","each.value","each.value.entity","each.value"]},"role":{"references":["local.ctx.custom_roles","local.ctx","each.value.role","each.value","each.value.role","each.value"]}},"schema_version":0,"for_each_expression":{"references":["local.iam_project_pairs"]}},{"address":"google_service_account.service_account","mode":"managed","type":"google_service_account","name":"service_account","provider_config_key":"module.factory.module.service-accounts:google","expressions":{"account_id":{"references":["local.prefix","local.name"]},"create_ignore_already_exists":{"references":["var.create_ignore_already_exists"]},"description":{"references":["var.description"]},"display_name":{"references":["var.display_name"]},"project":{"references":["local.project_id"]}},"schema_version":0,"count_expression":{"references":["var.service_account_reuse"]}},{"address":"google_service_account_iam_binding.authoritative","mode":"managed","type":"google_service_account_iam_binding","name":"authoritative","provider_config_key":"module.factory.module.service-accounts:google","expressions":{"members":{"references":["each.value","local.ctx.iam_principals","local.ctx"]},"role":{"references":["local.ctx.custom_roles","local.ctx","each.key","each.key"]},"service_account_id":{"references":["local.service_account.name","local.service_account","local.static_id"]}},"schema_version":0,"for_each_expression":{"references":["local.iam"]}},{"address":"google_service_account_iam_binding.bindings","mode":"managed","type":"google_service_account_iam_binding","name":"bindings","provider_config_key":"module.factory.module.service-accounts:google","expressions":{"members":{"references":["each.value.members","each.value","local.ctx.iam_principals","local.ctx"]},"role":{"references":["local.ctx.custom_roles","local.ctx","each.value.role","each.value","each.value.role","each.value"]},"service_account_id":{"references":["local.service_account.name","local.service_account","local.static_id"]}},"schema_version":0,"for_each_expression":{"references":["var.iam_bindings"]}},{"address":"google_service_account_iam_member.additive","mode":"managed","type":"google_service_account_iam_member","name":"additive","provider_config_key":"module.factory.module.service-accounts:google","expressions":{"member":{"references":["local.iam_email"]},"role":{"references":["local.ctx.custom_roles","local.ctx","each.value.role","each.value","each.value.role","each.value"]},"service_account_id":{"references":["local.ctx.service_account_ids","local.ctx","each.value.entity","each.value","each.value.entity","each.value"]}},"schema_version":0,"for_each_expression":{"references":["local.iam_sa_pairs"]}},{"address":"google_service_account_iam_member.bindings","mode":"managed","type":"google_service_account_iam_member","name":"bindings","provider_config_key":"module.factory.module.service-accounts:google","expressions":{"member":{"references":["local.ctx.iam_principals","local.ctx","each.value.member","each.value","each.value.member","each.value"]},"role":{"references":["local.ctx.custom_roles","local.ctx","each.value.role","each.value","each.value.role","each.value"]},"service_account_id":{"references":["local.service_account.name","local.service_account","local.static_id"]}},"schema_version":0,"for_each_expression":{"references":["local.iam_bindings_additive"]}},{"address":"google_storage_bucket_iam_member.bucket-roles","mode":"managed","type":"google_storage_bucket_iam_member","name":"bucket-roles","provider_config_key":"module.factory.module.service-accounts:google","expressions":{"bucket":{"references":["local.ctx.storage_buckets","local.ctx","each.value.entity","each.value","each.value.entity","each.value"]},"member":{"references":["local.iam_email"]},"role":{"references":["local.ctx.custom_roles","local.ctx","each.value.role","each.value","each.value.role","each.value"]}},"schema_version":0,"for_each_expression":{"references":["local.iam_storage_pairs"]}},{"address":"google_tags_tag_binding.binding","mode":"managed","type":"google_tags_tag_binding","name":"binding","provider_config_key":"module.factory.module.service-accounts:google","expressions":{"parent":{"references":["var.project_number","var.project_id","local.service_account.unique_id","local.service_account"]},"tag_value":{"references":["local.ctx.tag_values","local.ctx","each.value","each.value"]}},"schema_version":0,"for_each_expression":{"references":["local.tag_bindings"]}},{"address":"data.google_service_account.service_account","mode":"data","type":"google_service_account","name":"service_account","provider_config_key":"module.factory.module.service-accounts:google","expressions":{"account_id":{"references":["local.prefix","local.name"]},"project":{"references":["local.project_id","local.project_id","local.project_id"]}},"schema_version":0,"count_expression":{"references":["local.use_data_source"]}}],"variables":{"context":{"default":{"condition_vars":{},"custom_roles":{},"folder_ids":{},"iam_principals":{},"project_ids":{},"service_account_ids":{},"storage_buckets":{},"tag_values":{}},"description":"External context used in replacements."},"create_ignore_already_exists":{"default":null,"description":"If set to true, skip service account creation if a service account with the same email already exists."},"description":{"default":null,"description":"Optional description."},"display_name":{"default":"Terraform-managed.","description":"Display name of the service account to create."},"iam":{"default":{},"description":"IAM bindings in {ROLE =\u003e [MEMBERS]} format."},"iam_billing_roles":{"default":{},"description":"Billing account roles granted to this service account, by billing account id. Non-authoritative."},"iam_bindings":{"default":{},"description":"Authoritative IAM bindings in {KEY =\u003e {role = ROLE, members = [], condition = {}}}. Keys are arbitrary."},"iam_bindings_additive":{"default":{},"description":"Individual additive IAM bindings. Keys are arbitrary."},"iam_by_principals":{"default":{},"description":"Authoritative IAM binding in {PRINCIPAL =\u003e [ROLES]} format. Principals need to be statically defined to avoid errors. Merged internally with the `iam` variable."},"iam_by_principals_additive":{"default":{},"description":"Additive IAM binding in {PRINCIPAL =\u003e [ROLES]} format. Principals need to be statically defined to avoid errors. Merged internally with the `iam_bindings_additive` variable."},"iam_folder_roles":{"default":{},"description":"Folder roles granted to this service account, by folder id. Non-authoritative."},"iam_organization_roles":{"default":{},"description":"Organization roles granted to this service account, by organization id. Non-authoritative."},"iam_project_roles":{"default":{},"description":"Project roles granted to this service account, by project id."},"iam_sa_roles":{"default":{},"description":"Service account roles granted to this service account, by service account name."},"iam_storage_roles":{"default":{},"description":"Storage roles granted to this service account, by bucket name."},"name":{"description":"Name of the service account to create."},"prefix":{"default":null,"description":"Prefix applied to service account names."},"project_id":{"default":null,"description":"Project id where service account will be created. This can be left null when reusing service accounts."},"project_number":{"default":null,"description":"Project number of var.project_id. Set this to avoid permadiffs when creating tag bindings. This can be left null when reusing service accounts and tags are not used."},"service_account_reuse":{"default":null,"description":"Reuse existing service account if not null. Data source can be forced disabled if tag bindings are not used, or unique id is set."},"tag_bindings":{"default":{},"description":"Tag bindings for this service accounts, in key =\u003e tag value id format."}}}},"service_accounts-iam":{"source":"../iam-service-account","expressions":{"context":{"references":["local.ctx","local.ctx_project_ids","local.ctx.iam_principals","local.ctx","local.projects_sas_iam_emails","local.automation_sas_iam_emails","local.self_sas_iam_emails","each.value.project_key","each.value","local.projects_sas_ids","local.self_sas_ids","each.value.project_key","each.value"]},"iam":{"references":["each.value.iam","each.value"]},"iam_bindings":{"references":["each.value.iam_bindings","each.value"]},"iam_bindings_additive":{"references":["each.value.iam_bindings_additive","each.value"]},"iam_sa_roles":{"references":["each.value.iam_sa_roles","each.value"]},"name":{"references":["each.value.name","each.value"]},"project_id":{"references":["module.service-accounts","each.key"]},"service_account_reuse":{"constant_value":{"use_data_source":false}}},"for_each_expression":{"references":["local.projects_service_accounts"]},"module":{"outputs":{"email":{"expression":{"references":["local.static_email"]},"depends_on":["local.service_account"],"description":"Service account email."},"iam_email":{"expression":{"references":["local.static_iam_email"]},"depends_on":["local.service_account"],"description":"IAM-format service account email."},"id":{"expression":{"references":["local.static_id"]},"depends_on":["local.service_account"],"description":"Fully qualified service account id."},"name":{"expression":{"references":["local.static_id"]},"depends_on":["local.service_account"],"description":"Service account name."},"service_account":{"expression":{"references":["local.service_account"]},"description":"Service account resource."},"unique_id":{"expression":{"references":["local.service_account.unique_id","local.service_account"]},"description":"Fully qualified service account id."}},"resources":[{"address":"google_billing_account_iam_member.billing-roles","mode":"managed","type":"google_billing_account_iam_member","name":"billing-roles","provider_config_key":"module.factory.module.service_accounts-iam:google","expressions":{"billing_account_id":{"references":["each.value.entity","each.value"]},"member":{"references":["local.iam_email"]},"role":{"references":["local.ctx.custom_roles","local.ctx","each.value.role","each.value","each.value.role","each.value"]}},"schema_version":0,"for_each_expression":{"references":["local.iam_billing_pairs"]}},{"address":"google_folder_iam_member.folder-roles","mode":"managed","type":"google_folder_iam_member","name":"folder-roles","provider_config_key":"module.factory.module.service_accounts-iam:google","expressions":{"folder":{"references":["local.ctx.folder_ids","local.ctx","each.value.entity","each.value","each.value.entity","each.value"]},"member":{"references":["local.iam_email"]},"role":{"references":["local.ctx.custom_roles","local.ctx","each.value.role","each.value","each.value.role","each.value"]}},"schema_version":0,"for_each_expression":{"references":["local.iam_folder_pairs"]}},{"address":"google_organization_iam_member.organization-roles","mode":"managed","type":"google_organization_iam_member","name":"organization-roles","provider_config_key":"module.factory.module.service_accounts-iam:google","expressions":{"member":{"references":["local.iam_email"]},"org_id":{"references":["each.value.entity","each.value"]},"role":{"references":["local.ctx.custom_roles","local.ctx","each.value.role","each.value","each.value.role","each.value"]}},"schema_version":0,"for_each_expression":{"references":["local.iam_organization_pairs"]}},{"address":"google_project_iam_member.project-roles","mode":"managed","type":"google_project_iam_member","name":"project-roles","provider_config_key":"module.factory.module.service_accounts-iam:google","expressions":{"member":{"references":["local.iam_email"]},"project":{"references":["local.ctx.project_ids","local.ctx","each.value.entity","each.value","each.value.entity","each.value"]},"role":{"references":["local.ctx.custom_roles","local.ctx","each.value.role","each.value","each.value.role","each.value"]}},"schema_version":0,"for_each_expression":{"references":["local.iam_project_pairs"]}},{"address":"google_service_account.service_account","mode":"managed","type":"google_service_account","name":"service_account","provider_config_key":"module.factory.module.service_accounts-iam:google","expressions":{"account_id":{"references":["local.prefix","local.name"]},"create_ignore_already_exists":{"references":["var.create_ignore_already_exists"]},"description":{"references":["var.description"]},"display_name":{"references":["var.display_name"]},"project":{"references":["local.project_id"]}},"schema_version":0,"count_expression":{"references":["var.service_account_reuse"]}},{"address":"google_service_account_iam_binding.authoritative","mode":"managed","type":"google_service_account_iam_binding","name":"authoritative","provider_config_key":"module.factory.module.service_accounts-iam:google","expressions":{"members":{"references":["each.value","local.ctx.iam_principals","local.ctx"]},"role":{"references":["local.ctx.custom_roles","local.ctx","each.key","each.key"]},"service_account_id":{"references":["local.service_account.name","local.service_account","local.static_id"]}},"schema_version":0,"for_each_expression":{"references":["local.iam"]}},{"address":"google_service_account_iam_binding.bindings","mode":"managed","type":"google_service_account_iam_binding","name":"bindings","provider_config_key":"module.factory.module.service_accounts-iam:google","expressions":{"members":{"references":["each.value.members","each.value","local.ctx.iam_principals","local.ctx"]},"role":{"references":["local.ctx.custom_roles","local.ctx","each.value.role","each.value","each.value.role","each.value"]},"service_account_id":{"references":["local.service_account.name","local.service_account","local.static_id"]}},"schema_version":0,"for_each_expression":{"references":["var.iam_bindings"]}},{"address":"google_service_account_iam_member.additive","mode":"managed","type":"google_service_account_iam_member","name":"additive","provider_config_key":"module.factory.module.service_accounts-iam:google","expressions":{"member":{"references":["local.iam_email"]},"role":{"references":["local.ctx.custom_roles","local.ctx","each.value.role","each.value","each.value.role","each.value"]},"service_account_id":{"references":["local.ctx.service_account_ids","local.ctx","each.value.entity","each.value","each.value.entity","each.value"]}},"schema_version":0,"for_each_expression":{"references":["local.iam_sa_pairs"]}},{"address":"google_service_account_iam_member.bindings","mode":"managed","type":"google_service_account_iam_member","name":"bindings","provider_config_key":"module.factory.module.service_accounts-iam:google","expressions":{"member":{"references":["local.ctx.iam_principals","local.ctx","each.value.member","each.value","each.value.member","each.value"]},"role":{"references":["local.ctx.custom_roles","local.ctx","each.value.role","each.value","each.value.role","each.value"]},"service_account_id":{"references":["local.service_account.name","local.service_account","local.static_id"]}},"schema_version":0,"for_each_expression":{"references":["local.iam_bindings_additive"]}},{"address":"google_storage_bucket_iam_member.bucket-roles","mode":"managed","type":"google_storage_bucket_iam_member","name":"bucket-roles","provider_config_key":"module.factory.module.service_accounts-iam:google","expressions":{"bucket":{"references":["local.ctx.storage_buckets","local.ctx","each.value.entity","each.value","each.value.entity","each.value"]},"member":{"references":["local.iam_email"]},"role":{"references":["local.ctx.custom_roles","local.ctx","each.value.role","each.value","each.value.role","each.value"]}},"schema_version":0,"for_each_expression":{"references":["local.iam_storage_pairs"]}},{"address":"google_tags_tag_binding.binding","mode":"managed","type":"google_tags_tag_binding","name":"binding","provider_config_key":"module.factory.module.service_accounts-iam:google","expressions":{"parent":{"references":["var.project_number","var.project_id","local.service_account.unique_id","local.service_account"]},"tag_value":{"references":["local.ctx.tag_values","local.ctx","each.value","each.value"]}},"schema_version":0,"for_each_expression":{"references":["local.tag_bindings"]}},{"address":"data.google_service_account.service_account","mode":"data","type":"google_service_account","name":"service_account","provider_config_key":"module.factory.module.service_accounts-iam:google","expressions":{"account_id":{"references":["local.prefix","local.name"]},"project":{"references":["local.project_id","local.project_id","local.project_id"]}},"schema_version":0,"count_expression":{"references":["local.use_data_source"]}}],"variables":{"context":{"default":{"condition_vars":{},"custom_roles":{},"folder_ids":{},"iam_principals":{},"project_ids":{},"service_account_ids":{},"storage_buckets":{},"tag_values":{}},"description":"External context used in replacements."},"create_ignore_already_exists":{"default":null,"description":"If set to true, skip service account creation if a service account with the same email already exists."},"description":{"default":null,"description":"Optional description."},"display_name":{"default":"Terraform-managed.","description":"Display name of the service account to create."},"iam":{"default":{},"description":"IAM bindings in {ROLE =\u003e [MEMBERS]} format."},"iam_billing_roles":{"default":{},"description":"Billing account roles granted to this service account, by billing account id. Non-authoritative."},"iam_bindings":{"default":{},"description":"Authoritative IAM bindings in {KEY =\u003e {role = ROLE, members = [], condition = {}}}. Keys are arbitrary."},"iam_bindings_additive":{"default":{},"description":"Individual additive IAM bindings. Keys are arbitrary."},"iam_by_principals":{"default":{},"description":"Authoritative IAM binding in {PRINCIPAL =\u003e [ROLES]} format. Principals need to be statically defined to avoid errors. Merged internally with the `iam` variable."},"iam_by_principals_additive":{"default":{},"description":"Additive IAM binding in {PRINCIPAL =\u003e [ROLES]} format. Principals need to be statically defined to avoid errors. Merged internally with the `iam_bindings_additive` variable."},"iam_folder_roles":{"default":{},"description":"Folder roles granted to this service account, by folder id. Non-authoritative."},"iam_organization_roles":{"default":{},"description":"Organization roles granted to this service account, by organization id. Non-authoritative."},"iam_project_roles":{"default":{},"description":"Project roles granted to this service account, by project id."},"iam_sa_roles":{"default":{},"description":"Service account roles granted to this service account, by service account name."},"iam_storage_roles":{"default":{},"description":"Storage roles granted to this service account, by bucket name."},"name":{"description":"Name of the service account to create."},"prefix":{"default":null,"description":"Prefix applied to service account names."},"project_id":{"default":null,"description":"Project id where service account will be created. This can be left null when reusing service accounts."},"project_number":{"default":null,"description":"Project number of var.project_id. Set this to avoid permadiffs when creating tag bindings. This can be left null when reusing service accounts and tags are not used."},"service_account_reuse":{"default":null,"description":"Reuse existing service account if not null. Data source can be forced disabled if tag bindings are not used, or unique id is set."},"tag_bindings":{"default":{},"description":"Tag bindings for this service accounts, in key =\u003e tag value id format."}}}}},"variables":{"context":{"default":{"condition_vars":{},"custom_roles":{},"email_addresses":{},"folder_ids":{},"iam_principals":{},"kms_keys":{},"locations":{},"log_buckets":{},"notification_channels":{},"project_ids":{},"project_numbers":{},"pubsub_topics":{},"storage_buckets":{},"tag_keys":{},"tag_values":{},"vpc_host_projects":{},"vpc_sc_perimeters":{}},"description":"Context-specific interpolations."},"data_defaults":{"default":{"billing_account":null,"bucket":{"force_destroy":null},"contacts":{},"deletion_policy":null,"labels":{},"locations":{"bigquery":null,"logging":null,"storage":null},"metric_scopes":[],"parent":null,"prefix":null,"project_reuse":null,"service_accounts":{},"service_encryption_key_ids":{},"services":[],"shared_vpc_service_config":null,"tag_bindings":{},"universe":null,"vpc_sc":null},"description":"Optional default values used when corresponding project or folder data from files are missing."},"data_merges":{"default":{"contacts":{},"labels":{},"metric_scopes":[],"service_accounts":{},"service_encryption_key_ids":{},"services":[],"tag_bindings":{}},"description":"Optional values that will be merged with corresponding data from files. Combines with `data_defaults`, file data, and `data_overrides`."},"data_overrides":{"default":{"billing_account":null,"bucket":{"force_destroy":null},"contacts":null,"deletion_policy":null,"locations":{"bigquery":null,"logging":null,"storage":null},"parent":null,"prefix":null,"service_accounts":null,"service_encryption_key_ids":null,"services":null,"tag_bindings":null,"universe":null,"vpc_sc":null},"description":"Optional values that override corresponding data from files. Takes precedence over file data and `data_defaults`."},"factories_config":{"description":"Path to folder with YAML resource description data files."},"folders":{"default":{},"description":"Folders data merged with factory data."},"notification_channels":{"default":{},"description":"Notification channels used by budget alerts."},"projects":{"default":{},"description":"Projects data merged with factory data."}}}},"output-pattern-folders":{"source":"../../../modules/gcs","expressions":{"bucket_create":{"constant_value":false},"managed_folders":{"references":["local.of_p.projects","local.of_p"]},"name":{"references":["local.of_storage_buckets","local.of_p.bucket","local.of_p","local.of_p.bucket","local.of_p"]}},"count_expression":{"references":["local.of_pf_create"]},"module":{"outputs":{"bucket":{"expression":{"references":["google_storage_bucket.bucket"]},"description":"Bucket resource."},"id":{"expression":{"references":["local._name"]},"depends_on":["google_storage_bucket.bucket","google_storage_bucket_iam_binding.bindings","google_storage_bucket_iam_binding.authoritative","google_storage_bucket_iam_member.bindings"],"description":"Fully qualified bucket id."},"name":{"expression":{"references":["local._name"]},"depends_on":["google_storage_bucket.bucket","google_storage_bucket_iam_binding.bindings","google_storage_bucket_iam_binding.authoritative","google_storage_bucket_iam_member.bindings"],"description":"Bucket name."},"notification":{"expression":{"references":["local.notification","google_storage_notification.notification[0].self_link","google_storage_notification.notification[0]","google_storage_notification.notification"]},"description":"GCS Notification self link."},"objects":{"expression":{"references":["google_storage_bucket_object.objects"]},"description":"Objects in GCS bucket."},"topic":{"expression":{"references":["google_pubsub_topic.topic[0].id","google_pubsub_topic.topic[0]","google_pubsub_topic.topic"]},"description":"Topic ID used by GCS."},"url":{"expression":{"references":["local.bucket.url","local.bucket"]},"description":"Bucket URL."}},"resources":[{"address":"google_kms_key_handle.default","mode":"managed","type":"google_kms_key_handle","name":"default","provider_config_key":"google","expressions":{"location":{"references":["local.ctx.locations","local.ctx","each.value.location","each.value","each.value.location","each.value","local.location"]},"name":{"references":["each.key"]},"project":{"references":["local.project_id"]},"resource_type_selector":{"references":["each.value.resource_type_selector","each.value"]}},"schema_version":0,"for_each_expression":{"references":["var.kms_autokeys"]}},{"address":"google_pubsub_topic.topic","mode":"managed","type":"google_pubsub_topic","name":"topic","provider_config_key":"google","expressions":{"kms_key_name":{"references":["var.notification_config.topic_create.kms_key_id","var.notification_config.topic_create","var.notification_config"]},"name":{"references":["var.notification_config.topic_name","var.notification_config"]},"project":{"references":["local.project_id"]}},"schema_version":0,"count_expression":{"references":["local.topic_create"]}},{"address":"google_pubsub_topic_iam_binding.binding","mode":"managed","type":"google_pubsub_topic_iam_binding","name":"binding","provider_config_key":"google","expressions":{"members":{"references":["var.notification_config.sa_email","var.notification_config"]},"role":{"constant_value":"roles/pubsub.publisher"},"topic":{"references":["google_pubsub_topic.topic[0].id","google_pubsub_topic.topic[0]","google_pubsub_topic.topic"]}},"schema_version":0,"count_expression":{"references":["local.topic_create"]}},{"address":"google_storage_bucket.bucket","mode":"managed","type":"google_storage_bucket","name":"bucket","provider_config_key":"google","expressions":{"default_event_based_hold":{"references":["var.default_event_based_hold"]},"enable_object_retention":{"references":["var.enable_object_retention"]},"force_destroy":{"references":["var.force_destroy"]},"labels":{"references":["var.labels"]},"location":{"references":["local.location"]},"name":{"references":["local._name"]},"project":{"references":["local.project_id"]},"public_access_prevention":{"references":["var.public_access_prevention"]},"requester_pays":{"references":["var.requester_pays"]},"rpo":{"references":["var.rpo"]},"storage_class":{"references":["var.storage_class"]},"uniform_bucket_level_access":{"references":["var.uniform_bucket_level_access"]}},"schema_version":4,"count_expression":{"references":["var.bucket_create"]}},{"address":"google_storage_bucket_iam_binding.authoritative","mode":"managed","type":"google_storage_bucket_iam_binding","name":"authoritative","provider_config_key":"google","expressions":{"bucket":{"references":["local.bucket.name","local.bucket"]},"members":{"references":["each.value","local.ctx.iam_principals","local.ctx"]},"role":{"references":["local.ctx.custom_roles","local.ctx","each.key","each.key"]}},"schema_version":0,"for_each_expression":{"references":["local.iam"]}},{"address":"google_storage_bucket_iam_binding.bindings","mode":"managed","type":"google_storage_bucket_iam_binding","name":"bindings","provider_config_key":"google","expressions":{"bucket":{"references":["local.bucket.name","local.bucket"]},"members":{"references":["each.value.members","each.value","local.ctx.iam_principals","local.ctx"]},"role":{"references":["local.ctx.custom_roles","local.ctx","each.value.role","each.value","each.value.role","each.value"]}},"schema_version":0,"for_each_expression":{"references":["var.iam_bindings"]}},{"address":"google_storage_bucket_iam_member.bindings","mode":"managed","type":"google_storage_bucket_iam_member","name":"bindings","provider_config_key":"google","expressions":{"bucket":{"references":["local.bucket.name","local.bucket"]},"member":{"references":["local.ctx.iam_principals","local.ctx","each.value.member","each.value","each.value.member","each.value"]},"role":{"references":["local.ctx.custom_roles","local.ctx","each.value.role","each.value","each.value.role","each.value"]}},"schema_version":0,"for_each_expression":{"references":["var.iam_bindings_additive"]}},{"address":"google_storage_bucket_object.objects","mode":"managed","type":"google_storage_bucket_object","name":"objects","provider_config_key":"google","expressions":{"bucket":{"references":["local.bucket.id","local.bucket"]},"cache_control":{"references":["each.value.cache_control","each.value"]},"content":{"references":["each.value.content","each.value"]},"content_disposition":{"references":["each.value.content_disposition","each.value"]},"content_encoding":{"references":["each.value.content_encoding","each.value"]},"content_language":{"references":["each.value.content_language","each.value"]},"content_type":{"references":["each.value.content_type","each.value"]},"detect_md5hash":{"references":["each.value.detect_md5hash","each.value"]},"event_based_hold":{"references":["each.value.event_based_hold","each.value"]},"kms_key_name":{"references":["local.ctx_kms_keys","each.value.kms_key_name","each.value","each.value.kms_key_name","each.value"]},"metadata":{"references":["each.value.metadata","each.value"]},"name":{"references":["each.value.name","each.value"]},"source":{"references":["each.value.source","each.value"]},"storage_class":{"references":["each.value.storage_class","each.value"]},"temporary_hold":{"references":["each.value.temporary_hold","each.value"]}},"schema_version":0,"for_each_expression":{"references":["var.objects_to_upload"]}},{"address":"google_storage_managed_folder.folder","mode":"managed","type":"google_storage_managed_folder","name":"folder","provider_config_key":"google","expressions":{"bucket":{"references":["local.bucket.name","local.bucket"]},"force_destroy":{"references":["each.value.force_destroy","each.value"]},"name":{"references":["each.key"]}},"schema_version":0,"for_each_expression":{"references":["local.managed_folders"]}},{"address":"google_storage_managed_folder_iam_binding.authoritative","mode":"managed","type":"google_storage_managed_folder_iam_binding","name":"authoritative","provider_config_key":"google","expressions":{"bucket":{"references":["local.bucket.name","local.bucket"]},"managed_folder":{"references":["google_storage_managed_folder.folder","each.value.managed_folder","each.value"]},"members":{"references":["each.value.members","each.value","local.ctx.iam_principals","local.ctx"]},"role":{"references":["local.ctx.custom_roles","local.ctx","each.value.role","each.value","each.value.role","each.value"]}},"schema_version":0,"for_each_expression":{"references":["local.managed_folder_iam"]}},{"address":"google_storage_managed_folder_iam_binding.bindings","mode":"managed","type":"google_storage_managed_folder_iam_binding","name":"bindings","provider_config_key":"google","expressions":{"bucket":{"references":["local.bucket.name","local.bucket"]},"managed_folder":{"references":["google_storage_managed_folder.folder","each.value.managed_folder","each.value"]},"members":{"references":["each.value.members","each.value","local.ctx.iam_principals","local.ctx"]},"role":{"references":["local.ctx.custom_roles","local.ctx","each.value.role","each.value","each.value.role","each.value"]}},"schema_version":0,"for_each_expression":{"references":["local.managed_folder_iam_bindings"]}},{"address":"google_storage_managed_folder_iam_member.members","mode":"managed","type":"google_storage_managed_folder_iam_member","name":"members","provider_config_key":"google","expressions":{"bucket":{"references":["local.bucket.name","local.bucket"]},"managed_folder":{"references":["google_storage_managed_folder.folder","each.value.managed_folder","each.value"]},"member":{"references":["local.ctx.iam_principals","local.ctx","each.value.member","each.value","each.value.member","each.value"]},"role":{"references":["local.ctx.custom_roles","local.ctx","each.value.role","each.value","each.value.role","each.value"]}},"schema_version":0,"for_each_expression":{"references":["local.managed_folder_iam_bindings_additive"]}},{"address":"google_storage_notification.notification","mode":"managed","type":"google_storage_notification","name":"notification","provider_config_key":"google","expressions":{"bucket":{"references":["local.bucket.name","local.bucket"]},"custom_attributes":{"references":["var.notification_config.custom_attributes","var.notification_config"]},"event_types":{"references":["var.notification_config.event_types","var.notification_config"]},"object_name_prefix":{"references":["var.notification_config.object_name_prefix","var.notification_config"]},"payload_format":{"references":["var.notification_config.payload_format","var.notification_config"]},"topic":{"references":["google_pubsub_topic.topic[0].id","google_pubsub_topic.topic[0]","google_pubsub_topic.topic","var.notification_config.topic_name","var.notification_config"]}},"schema_version":1,"count_expression":{"references":["local.notification"]},"depends_on":["google_pubsub_topic_iam_binding.binding"]},{"address":"google_tags_location_tag_binding.binding","mode":"managed","type":"google_tags_location_tag_binding","name":"binding","provider_config_key":"google","expressions":{"location":{"references":["local.ctx.locations","local.ctx","var.location","var.location"]},"parent":{"references":["local._name"]},"tag_value":{"references":["local.ctx.tag_values","local.ctx","each.value","each.value"]}},"schema_version":0,"for_each_expression":{"references":["var.tag_bindings"]},"depends_on":["google_storage_bucket.bucket","google_storage_bucket_iam_binding.bindings"]}],"variables":{"autoclass":{"default":null,"description":"Enable autoclass to automatically transition objects to appropriate storage classes based on their access pattern. If set to true, storage_class must be set to STANDARD. Defaults to false."},"bucket_create":{"default":true,"description":"Create bucket."},"context":{"default":{"condition_vars":{},"custom_roles":{},"iam_principals":{},"kms_keys":{},"locations":{},"project_ids":{},"storage_buckets":{},"tag_values":{}},"description":"Context-specific interpolations."},"cors":{"default":null,"description":"CORS configuration for the bucket. Defaults to null."},"custom_placement_config":{"default":null,"description":"The bucket's custom location configuration, which specifies the individual regions that comprise a dual-region bucket. If the bucket is designated as REGIONAL or MULTI_REGIONAL, the parameters are empty."},"default_event_based_hold":{"default":null,"description":"Enable event based hold to new objects added to specific bucket, defaults to false."},"enable_hierarchical_namespace":{"default":null,"description":"Enables hierarchical namespace."},"enable_object_retention":{"default":null,"description":"Enables object retention on a storage bucket."},"encryption_key":{"default":null,"description":"KMS key that will be used for encryption."},"force_destroy":{"default":false,"description":"Optional map to set force destroy keyed by name, defaults to false."},"iam":{"default":{},"description":"IAM bindings in {ROLE =\u003e [MEMBERS]} format."},"iam_bindings":{"default":{},"description":"Authoritative IAM bindings in {KEY =\u003e {role = ROLE, members = [], condition = {}}}. Keys are arbitrary."},"iam_bindings_additive":{"default":{},"description":"Individual additive IAM bindings. Keys are arbitrary."},"iam_by_principals":{"default":{},"description":"Authoritative IAM binding in {PRINCIPAL =\u003e [ROLES]} format. Principals need to be statically defined to avoid cycle errors. Merged internally with the `iam` variable."},"ip_filter":{"default":null,"description":"The bucket's IP filter configuration."},"kms_autokeys":{"default":{},"description":"KMS Autokey key handles. If location is not specified the bucket location will be used. Key handle names will be added to the kms_keys context with an `autokeys/` prefix."},"labels":{"default":{},"description":"Labels to be attached to all buckets."},"lifecycle_rules":{"default":{},"description":"Bucket lifecycle rule."},"location":{"default":null,"description":"Bucket location."},"logging_config":{"default":null,"description":"Bucket logging configuration."},"managed_folders":{"default":{},"description":"Managed folders to create within the bucket in {PATH =\u003e CONFIG} format."},"name":{"description":"Bucket name suffix."},"notification_config":{"default":null,"description":"GCS Notification configuration."},"objects_to_upload":{"default":{},"description":"Objects to be uploaded to bucket."},"prefix":{"default":null,"description":"Optional prefix used to generate the bucket name."},"project_id":{"default":null,"description":"Bucket project id. Only required when creating buckets, or notification config topics."},"public_access_prevention":{"default":null,"description":"Prevents public access to the bucket."},"requester_pays":{"default":null,"description":"Enables Requester Pays on a storage bucket."},"retention_policy":{"default":null,"description":"Bucket retention policy."},"rpo":{"default":null,"description":"Bucket recovery point objective."},"soft_delete_retention":{"default":null,"description":"The duration in seconds that soft-deleted objects in the bucket will be retained and cannot be permanently deleted. Set to 0 to override the default and disable."},"storage_class":{"default":"STANDARD","description":"Bucket storage class."},"tag_bindings":{"default":{},"description":"Tag bindings for this folder, in key =\u003e tag value id format."},"uniform_bucket_level_access":{"default":true,"description":"Allow using object ACLs (false) or not (true, this is the recommended behavior) , defaults to true (which is the recommended practice, but not the behavior of storage API)."},"versioning":{"default":null,"description":"Enable versioning, defaults to false."},"website":{"default":null,"description":"Bucket website."}}}}},"variables":{"automation":{"description":"Automation resources created by the bootstrap stage."},"billing_account":{"description":"Billing account id."},"context":{"default":{"condition_vars":{},"custom_roles":{},"email_addresses":{},"folder_ids":{},"iam_principals":{},"kms_keys":{},"locations":{},"notification_channels":{},"project_ids":{},"tag_values":{},"vpc_host_projects":{},"vpc_sc_perimeters":{}},"description":"Context-specific interpolations."},"custom_roles":{"default":{},"description":"Custom roles defined at the org level, in key =\u003e id format."},"data_defaults":{"default":{"billing_account":null,"bucket":{"force_destroy":null},"contacts":{},"deletion_policy":null,"factories_config":{"custom_roles":null,"observability":null,"org_policies":null,"quotas":null},"labels":{},"locations":{"bigquery":null,"logging":null,"storage":null},"logging_data_access":{},"metric_scopes":[],"parent":null,"prefix":null,"project_reuse":null,"service_accounts":{},"service_encryption_key_ids":{},"services":[],"shared_vpc_service_config":null,"tag_bindings":{},"universe":null,"vpc_sc":null},"description":"Optional default values used when corresponding project or folder data from files are missing."},"data_merges":{"default":{"contacts":{},"labels":{},"metric_scopes":[],"service_accounts":{},"service_encryption_key_ids":{},"services":[],"tag_bindings":{}},"description":"Optional values that will be merged with corresponding data from files. Combines with `data_defaults`, file data, and `data_overrides`."},"data_overrides":{"default":{"billing_account":null,"bucket":{"force_destroy":null},"contacts":null,"deletion_policy":null,"factories_config":{"custom_roles":null,"observability":null,"org_policies":null,"quotas":null},"locations":{"bigquery":null,"logging":null,"storage":null},"logging_data_access":null,"parent":null,"prefix":null,"service_accounts":null,"service_encryption_key_ids":null,"services":null,"tag_bindings":null,"universe":null,"vpc_sc":null},"description":"Optional values that override corresponding data from files. Takes precedence over file data and `data_defaults`."},"factories_config":{"default":{"dataset":"datasets/classic","paths":{"budgets":null,"defaults":"defaults.yaml","folders":"folders","projects":"projects"}},"description":"Path to folder with YAML resource description data files."},"folder_ids":{"default":{},"description":"Folders created in the bootstrap stage."},"host_project_ids":{"default":{},"description":"Host project for the shared VPC."},"iam_principals":{"default":{},"description":"IAM-format principals."},"kms_keys":{"default":{},"description":"KMS key ids."},"organization":{"description":"Organization details."},"perimeters":{"default":{},"description":"Optional VPC-SC perimeter ids."},"prefix":{"description":"Prefix used for resources that need unique names. Use a maximum of 9 chars for organizations, and 11 chars for tenants."},"project_ids":{"default":{},"description":"Projects created in the bootstrap stage."},"service_accounts":{"default":{},"description":"Service accounts created in the bootstrap stage."},"stage_name":{"default":"2-data-platform","description":"FAST stage name. Used to separate output files across different factories."},"subnet_self_links":{"default":{},"description":"Shared VPC subnet IDs."},"tag_values":{"default":{},"description":"FAST-managed resource manager tag values."},"universe":{"default":null,"description":"GCP universe where to deploy projects. The prefix will be prepended to the project id."}}}},"relevant_attributes":[{"resource":"module.factory.module.folder-1-iam[\"domain-a\"].data.google_cloud_asset_search_all_resources.default","attribute":[]},{"resource":"module.factory.module.projects[\"central-0\"].google_cloud_quotas_quota_preference.default","attribute":[]},{"resource":"module.factory.module.projects[\"product-1\"].google_tags_tag_value.default","attribute":[]},{"resource":"module.factory.module.folder-3.google_assured_workloads_workload.folder[0]","attribute":["resources",0,"resource_id"]},{"resource":"module.factory.module.projects-iam[\"central-0\"].google_project.project[0]","attribute":["project_id"]},{"resource":"module.factory.module.projects[\"central-0\"].google_bigquery_reservation.default","attribute":[]},{"resource":"module.factory.module.projects-iam[\"product-1\"].data.google_cloud_asset_search_all_resources.default","attribute":[]},{"resource":"module.factory.module.folder-4.google_folder.folder[0]","attribute":["display_name"]},{"resource":"module.factory.module.projects.google_bigquery_reservation.default","attribute":[]},{"resource":"module.factory.module.folder-4.google_folder.folder[0]","attribute":["id"]},{"resource":"module.factory.module.projects-iam[\"product-1\"].google_logging_project_sink.sink","attribute":[]},{"resource":"module.factory.module.automation-bucket.google_storage_bucket.bucket[0]","attribute":["name"]},{"resource":"module.factory.module.automation-bucket.google_kms_key_handle.default","attribute":[]},{"resource":"module.factory.module.projects[\"central-0\"].google_bigquery_reservation_assignment.default","attribute":[]},{"resource":"module.factory.module.projects-iam[\"product-1\"].google_project.project[0]","attribute":["name"]},{"resource":"module.factory.module.billing-budgets[0].google_billing_budget.default","attribute":[]},{"resource":"module.factory.module.automation-bucket.google_pubsub_topic.topic[0]","attribute":["id"]},{"resource":"module.factory.module.projects.data.google_project.project[0]","attribute":["name"]},{"resource":"module.factory.module.projects.google_scc_management_project_security_health_analytics_custom_module.scc_project_custom_module","attribute":[]},{"resource":"module.factory.module.folder-1.data.google_cloud_asset_search_all_resources.default","attribute":[]},{"resource":"module.factory.module.folder-2.google_assured_workloads_workload.folder[0]","attribute":["resources",0,"resource_id"]},{"resource":"module.factory.module.folder-1[\"domain-a\"].google_assured_workloads_workload.folder[0]","attribute":["resources",0,"resource_id"]},{"resource":"module.factory.module.folder-2.data.google_cloud_asset_search_all_resources.default","attribute":[]},{"resource":"module.factory.module.billing-budgets[0].google_monitoring_notification_channel.default","attribute":[]},{"resource":"module.factory.module.folder-1[\"domain-a\"].google_assured_workloads_workload.folder[0]","attribute":["resource_settings",0,"display_name"]},{"resource":"module.factory.module.folder-1[\"domain-a\"].data.google_cloud_asset_search_all_resources.default","attribute":[]},{"resource":"module.factory.module.folder-3.data.google_cloud_asset_search_all_resources.default","attribute":[]},{"resource":"module.factory.module.projects.google_cloud_quotas_quota_preference.default","attribute":[]},{"resource":"module.factory.module.service-accounts.google_service_account.service_account[0]","attribute":[]},{"resource":"module.factory.module.folder-1[\"domain-a\"].google_folder.folder[0]","attribute":["display_name"]},{"resource":"module.factory.module.projects[\"central-0\"].data.google_project.project[0]","attribute":["number"]},{"resource":"module.factory.module.folder-1[\"domain-a\"].google_logging_folder_sink.sink","attribute":[]},{"resource":"module.factory.module.projects-iam.google_project.project[0]","attribute":["number"]},{"resource":"module.factory.module.projects-iam.google_project.project[0]","attribute":["project_id"]},{"resource":"module.factory.module.projects.google_org_policy_policy.default","attribute":[]},{"resource":"module.factory.module.folder-1[\"domain-a\"].google_scc_management_folder_security_health_analytics_custom_module.scc_folder_custom_module","attribute":[]},{"resource":"module.factory.module.log-buckets.google_logging_folder_bucket_config.bucket[0]","attribute":[]},{"resource":"module.factory.module.projects[\"central-0\"].google_kms_key_handle.default","attribute":[]},{"resource":"module.factory.module.folder-2.google_folder.folder[0]","attribute":[]},{"resource":"module.factory.module.projects[\"product-1\"].google_logging_project_sink.sink","attribute":[]},{"resource":"module.factory.module.projects[\"product-1\"].google_org_policy_policy.default","attribute":[]},{"resource":"module.factory.module.folder-1[\"domain-a\"].google_folder.folder[0]","attribute":[]},{"resource":"module.factory.module.folder-3.google_folder.folder[0]","attribute":["id"]},{"resource":"module.factory.module.projects[\"product-1\"].google_cloud_quotas_quota_preference.default","attribute":[]},{"resource":"module.factory.module.projects-iam.google_kms_key_handle.default","attribute":[]},{"resource":"module.factory.module.buckets.google_kms_key_handle.default","attribute":[]},{"resource":"module.factory.module.projects[\"product-1\"].google_iam_workload_identity_pool.default","attribute":[]},{"resource":"module.factory.module.projects-iam[\"product-1\"].google_kms_key_handle.default","attribute":[]},{"resource":"module.factory.module.projects-iam[\"product-1\"].google_project_iam_custom_role.roles","attribute":[]},{"resource":"module.factory.module.folder-1.google_folder.folder[0]","attribute":[]},{"resource":"module.factory.module.projects-iam[\"product-1\"].data.google_project.project[0]","attribute":["name"]},{"resource":"module.factory.module.projects-iam[\"central-0\"].google_tags_tag_value.default","attribute":[]},{"resource":"module.factory.module.folder-1-iam[\"domain-a\"].google_logging_folder_sink.sink","attribute":[]},{"resource":"module.factory.module.folder-2.google_assured_workloads_workload.folder[0]","attribute":[]},{"resource":"module.factory.module.folder-2.google_logging_folder_sink.sink","attribute":[]},{"resource":"module.factory.module.projects[\"product-1\"].google_bigquery_reservation_assignment.default","attribute":[]},{"resource":"module.factory.module.projects.data.google_project.project[0]","attribute":["number"]},{"resource":"module.factory.module.projects-iam[\"central-0\"].google_cloud_quotas_quota_preference.default","attribute":[]},{"resource":"module.factory.module.projects-iam[\"product-1\"].google_scc_management_project_security_health_analytics_custom_module.scc_project_custom_module","attribute":[]},{"resource":"module.factory.module.folder-4.google_assured_workloads_workload.folder[0]","attribute":["resource_settings",0,"display_name"]},{"resource":"module.factory.module.projects-iam.data.google_cloud_asset_search_all_resources.default","attribute":[]},{"resource":"module.factory.module.projects-iam.google_bigquery_reservation.default","attribute":[]},{"resource":"module.factory.module.folder-1.google_folder.folder[0]","attribute":["display_name"]},{"resource":"module.factory.module.projects[\"central-0\"].google_project.project[0]","attribute":["project_id"]},{"resource":"module.factory.module.projects-iam[\"product-1\"].google_iam_workload_identity_pool_provider.default","attribute":[]},{"resource":"module.factory.module.buckets.google_storage_notification.notification[0]","attribute":["self_link"]},{"resource":"module.factory.module.projects.google_iam_workload_identity_pool_provider.default","attribute":[]},{"resource":"module.factory.module.folder-1-iam[\"domain-a\"].google_org_policy_policy.default","attribute":[]},{"resource":"module.factory.module.projects[\"central-0\"].google_iam_workload_identity_pool_provider.default","attribute":[]},{"resource":"module.factory.module.folder-1-iam[\"domain-a\"].google_scc_management_folder_security_health_analytics_custom_module.scc_folder_custom_module","attribute":[]},{"resource":"module.factory.module.folder-3.google_logging_folder_sink.sink","attribute":[]},{"resource":"module.factory.module.folder-4.data.google_cloud_asset_search_all_resources.default","attribute":[]},{"resource":"module.factory.module.folder-1[\"domain-a\"].google_folder.folder[0]","attribute":["id"]},{"resource":"module.factory.module.automation-bucket.google_storage_bucket.bucket[0]","attribute":["id"]},{"resource":"module.factory.module.projects-iam[\"product-1\"].data.google_project.project[0]","attribute":["number"]},{"resource":"module.factory.module.folder-1.google_assured_workloads_workload.folder[0]","attribute":["resource_settings",0,"display_name"]},{"resource":"module.factory.module.projects[\"central-0\"].google_project_iam_custom_role.roles","attribute":[]},{"resource":"module.factory.module.automation-bucket.google_storage_bucket_object.objects","attribute":[]},{"resource":"module.factory.module.projects-iam.google_monitoring_alert_policy.alerts","attribute":[]},{"resource":"module.factory.module.projects[\"central-0\"].google_project.project[0]","attribute":["number"]},{"resource":"module.factory.module.folder-3.google_org_policy_policy.default","attribute":[]},{"resource":"module.factory.module.projects-iam[\"central-0\"].google_scc_management_project_security_health_analytics_custom_module.scc_project_custom_module","attribute":[]},{"resource":"module.factory.module.folder-4.google_assured_workloads_workload.folder[0]","attribute":[]},{"resource":"module.factory.module.folder-3.google_assured_workloads_workload.folder[0]","attribute":["resource_settings",0,"display_name"]},{"resource":"module.factory.module.folder-4.google_logging_folder_sink.sink","attribute":[]},{"resource":"module.factory.module.kms.google_kms_crypto_key.default","attribute":[]},{"resource":"module.factory.module.folder-4.google_org_policy_policy.default","attribute":[]},{"resource":"module.factory.module.buckets.google_storage_bucket.bucket[0]","attribute":["url"]},{"resource":"module.factory.module.automation-bucket.google_storage_notification.notification[0]","attribute":["self_link"]},{"resource":"module.factory.module.projects.google_bigquery_reservation_assignment.default","attribute":[]},{"resource":"module.factory.module.projects.google_tags_tag_key.default","attribute":[]},{"resource":"module.factory.module.pubsub.google_pubsub_topic.default","attribute":[]},{"resource":"module.factory.module.kms.google_kms_key_ring_import_job.default","attribute":[]},{"resource":"module.factory.module.log-buckets.google_logging_log_view.views","attribute":[]},{"resource":"module.factory.module.automation-service-accounts.google_service_account.service_account[0]","attribute":[]},{"resource":"module.factory.module.projects.google_project.project[0]","attribute":["project_id"]},{"resource":"module.factory.module.projects[\"product-1\"].google_iam_workload_identity_pool_provider.default","attribute":[]},{"resource":"module.factory.module.projects-iam[\"central-0\"].google_kms_key_handle.default","attribute":[]},{"resource":"module.factory.module.projects-iam[\"product-1\"].google_org_policy_policy.default","attribute":[]},{"resource":"module.factory.module.projects[\"central-0\"].data.google_cloud_asset_search_all_resources.default","attribute":[]},{"resource":"module.factory.module.projects.google_kms_key_handle.default","attribute":[]},{"resource":"module.factory.module.projects-iam.google_cloud_quotas_quota_preference.default","attribute":[]},{"resource":"module.factory.module.projects-iam.google_project_iam_custom_role.roles","attribute":[]},{"resource":"module.factory.module.log-buckets.google_logging_project_bucket_config.bucket[0]","attribute":[]},{"resource":"module.factory.module.projects-iam[\"central-0\"].google_iam_workload_identity_pool_provider.default","attribute":[]},{"resource":"module.factory.module.projects-iam[\"product-1\"].google_project.project[0]","attribute":["project_id"]},{"resource":"module.factory.module.projects-iam.google_bigquery_reservation_assignment.default","attribute":[]},{"resource":"module.factory.module.kms.google_kms_key_ring.default[0]","attribute":[]},{"resource":"module.factory.module.projects-iam[\"central-0\"].google_bigquery_reservation_assignment.default","attribute":[]},{"resource":"module.factory.module.projects-iam[\"product-1\"].google_tags_tag_key.default","attribute":[]},{"resource":"module.factory.module.folder-3.google_folder.folder[0]","attribute":[]},{"resource":"module.factory.module.projects[\"central-0\"].google_monitoring_alert_policy.alerts","attribute":[]},{"resource":"module.factory.module.projects[\"product-1\"].google_scc_management_project_security_health_analytics_custom_module.scc_project_custom_module","attribute":[]},{"resource":"module.factory.module.projects-iam.data.google_project.project[0]","attribute":["number"]},{"resource":"module.factory.module.projects[\"central-0\"].data.google_project.project[0]","attribute":["name"]},{"resource":"module.factory.module.buckets.google_storage_bucket.bucket[0]","attribute":["name"]},{"resource":"module.factory.module.projects-iam[\"central-0\"].google_logging_project_sink.sink","attribute":[]},{"resource":"module.factory.module.projects-iam[\"central-0\"].google_monitoring_alert_policy.alerts","attribute":[]},{"resource":"module.factory.module.projects-iam.google_project.project[0]","attribute":["name"]},{"resource":"module.factory.module.automation-bucket.google_storage_bucket.bucket","attribute":[]},{"resource":"module.factory.module.projects-iam[\"central-0\"].google_monitoring_notification_channel.channels","attribute":[]},{"resource":"module.factory.module.projects.google_monitoring_alert_policy.alerts","attribute":[]},{"resource":"module.factory.module.pubsub.google_pubsub_subscription.default","attribute":[]},{"resource":"module.factory.module.projects-iam[\"product-1\"].google_monitoring_notification_channel.channels","attribute":[]},{"resource":"module.factory.module.projects[\"central-0\"].google_iam_workload_identity_pool.default","attribute":[]},{"resource":"module.factory.module.projects[\"product-1\"].google_monitoring_notification_channel.channels","attribute":[]},{"resource":"module.factory.module.projects-iam[\"central-0\"].google_org_policy_policy.default","attribute":[]},{"resource":"module.factory.module.buckets.google_storage_bucket_object.objects","attribute":[]},{"resource":"module.factory.module.projects-iam[\"product-1\"].google_bigquery_reservation_assignment.default","attribute":[]},{"resource":"module.factory.module.folder-4.google_scc_management_folder_security_health_analytics_custom_module.scc_folder_custom_module","attribute":[]},{"resource":"module.factory.module.folder-3.google_scc_management_folder_security_health_analytics_custom_module.scc_folder_custom_module","attribute":[]},{"resource":"module.factory.module.folder-1.google_assured_workloads_workload.folder[0]","attribute":["resources",0,"resource_id"]},{"resource":"module.factory.module.projects.google_project.project[0]","attribute":["name"]},{"resource":"module.factory.module.projects[\"central-0\"].google_monitoring_notification_channel.channels","attribute":[]},{"resource":"module.factory.module.folder-3.google_assured_workloads_workload.folder[0]","attribute":[]},{"resource":"module.factory.module.projects[\"central-0\"].google_tags_tag_value.default","attribute":[]},{"resource":"module.factory.module.folder-2.google_assured_workloads_workload.folder[0]","attribute":["resource_settings",0,"display_name"]},{"resource":"module.factory.module.projects.google_tags_tag_value.default","attribute":[]},{"resource":"module.factory.module.projects-iam[\"product-1\"].google_iam_workload_identity_pool.default","attribute":[]},{"resource":"module.factory.module.folder-1[\"domain-a\"].google_org_policy_policy.default","attribute":[]},{"resource":"module.factory.module.folder-1.google_folder.folder[0]","attribute":["id"]},{"resource":"module.factory.module.folder-4.google_folder.folder[0]","attribute":[]},{"resource":"module.factory.module.projects[\"product-1\"].google_bigquery_reservation.default","attribute":[]},{"resource":"module.factory.module.projects.google_project.project[0]","attribute":["number"]},{"resource":"module.factory.module.log-buckets.google_logging_billing_account_bucket_config.bucket[0]","attribute":[]},{"resource":"module.factory.module.projects-iam[\"product-1\"].google_tags_tag_value.default","attribute":[]},{"resource":"module.factory.module.folder-1-iam[\"domain-a\"].google_folder.folder[0]","attribute":["id"]},{"resource":"module.factory.module.folder-2.google_folder.folder[0]","attribute":["id"]},{"resource":"module.factory.module.log-buckets.google_logging_organization_bucket_config.bucket[0]","attribute":[]},{"resource":"module.factory.module.folder-1-iam[\"domain-a\"].google_assured_workloads_workload.folder[0]","attribute":["resources",0,"resource_id"]},{"resource":"module.factory.module.automation-service-accounts.data.google_service_account.service_account[0]","attribute":[]},{"resource":"module.factory.module.folder-4.google_assured_workloads_workload.folder[0]","attribute":["resources",0,"resource_id"]},{"resource":"module.factory.module.projects-iam[\"central-0\"].data.google_cloud_asset_search_all_resources.default","attribute":[]},{"resource":"module.factory.module.projects-iam[\"central-0\"].google_project_iam_custom_role.roles","attribute":[]},{"resource":"module.factory.module.projects-iam[\"central-0\"].google_project.project[0]","attribute":["name"]},{"resource":"module.factory.module.projects[\"central-0\"].google_tags_tag_key.default","attribute":[]},{"resource":"module.factory.module.folder-1.google_scc_management_folder_security_health_analytics_custom_module.scc_folder_custom_module","attribute":[]},{"resource":"module.factory.module.projects[\"product-1\"].google_kms_key_handle.default","attribute":[]},{"resource":"module.factory.module.projects[\"product-1\"].data.google_project.project[0]","attribute":["number"]},{"resource":"module.factory.module.projects[\"product-1\"].google_project.project[0]","attribute":["project_id"]},{"resource":"module.factory.module.projects[\"product-1\"].data.google_project.project[0]","attribute":["name"]},{"resource":"module.factory.module.projects-iam.google_tags_tag_key.default","attribute":[]},{"resource":"module.factory.module.projects[\"product-1\"].google_monitoring_alert_policy.alerts","attribute":[]},{"resource":"module.factory.module.folder-2.google_folder.folder[0]","attribute":["display_name"]},{"resource":"module.factory.module.projects[\"product-1\"].data.google_cloud_asset_search_all_resources.default","attribute":[]},{"resource":"module.factory.module.projects-iam.google_logging_project_sink.sink","attribute":[]},{"resource":"module.factory.module.projects-iam.google_monitoring_notification_channel.channels","attribute":[]},{"resource":"module.factory.module.projects-iam.google_scc_management_project_security_health_analytics_custom_module.scc_project_custom_module","attribute":[]},{"resource":"module.factory.module.projects-iam[\"product-1\"].google_bigquery_reservation.default","attribute":[]},{"resource":"module.factory.module.projects.google_iam_workload_identity_pool.default","attribute":[]},{"resource":"module.factory.module.projects[\"product-1\"].google_project.project[0]","attribute":["name"]},{"resource":"module.factory.module.projects-iam[\"product-1\"].google_cloud_quotas_quota_preference.default","attribute":[]},{"resource":"module.factory.module.projects[\"central-0\"].google_scc_management_project_security_health_analytics_custom_module.scc_project_custom_module","attribute":[]},{"resource":"module.factory.module.projects-iam[\"central-0\"].google_bigquery_reservation.default","attribute":[]},{"resource":"module.factory.module.projects-iam.data.google_project.project[0]","attribute":["name"]},{"resource":"module.factory.module.projects.google_monitoring_notification_channel.channels","attribute":[]},{"resource":"module.factory.module.projects-iam.google_tags_tag_value.default","attribute":[]},{"resource":"module.factory.module.projects-iam[\"central-0\"].data.google_project.project[0]","attribute":["number"]},{"resource":"module.factory.module.projects-iam.google_org_policy_policy.default","attribute":[]},{"resource":"module.factory.module.buckets.google_pubsub_topic.topic[0]","attribute":["id"]},{"resource":"module.factory.module.service-accounts.data.google_service_account.service_account[0]","attribute":[]},{"resource":"module.factory.module.projects-iam[\"product-1\"].google_project.project[0]","attribute":["number"]},{"resource":"module.factory.module.projects.google_project_iam_custom_role.roles","attribute":[]},{"resource":"module.factory.module.projects-iam[\"central-0\"].google_project.project[0]","attribute":["number"]},{"resource":"module.factory.module.folder-2.google_scc_management_folder_security_health_analytics_custom_module.scc_folder_custom_module","attribute":[]},{"resource":"module.factory.module.projects[\"central-0\"].google_logging_project_sink.sink","attribute":[]},{"resource":"module.factory.module.projects[\"central-0\"].google_org_policy_policy.default","attribute":[]},{"resource":"module.factory.module.pubsub.google_pubsub_topic.default","attribute":["name"]},{"resource":"module.factory.module.projects[\"product-1\"].google_project_iam_custom_role.roles","attribute":[]},{"resource":"module.factory.module.projects-iam.google_iam_workload_identity_pool_provider.default","attribute":[]},{"resource":"module.factory.module.projects-iam[\"central-0\"].google_tags_tag_key.default","attribute":[]},{"resource":"module.factory.module.folder-1.google_org_policy_policy.default","attribute":[]},{"resource":"module.factory.module.projects-iam[\"central-0\"].data.google_project.project[0]","attribute":["name"]},{"resource":"module.factory.module.projects[\"product-1\"].google_project.project[0]","attribute":["number"]},{"resource":"module.factory.module.projects-iam[\"product-1\"].google_monitoring_alert_policy.alerts","attribute":[]},{"resource":"module.factory.module.folder-2.google_org_policy_policy.default","attribute":[]},{"resource":"module.factory.module.kms.data.google_kms_key_ring.default[0]","attribute":[]},{"resource":"module.factory.module.projects.data.google_cloud_asset_search_all_resources.default","attribute":[]},{"resource":"module.factory.module.automation-bucket.google_storage_bucket.bucket[0]","attribute":["url"]},{"resource":"module.factory.module.projects[\"central-0\"].google_project.project[0]","attribute":["name"]},{"resource":"module.factory.module.projects-iam[\"central-0\"].google_iam_workload_identity_pool.default","attribute":[]},{"resource":"module.factory.module.pubsub.google_pubsub_schema.default[0]","attribute":["id"]},{"resource":"module.factory.module.buckets.google_storage_bucket.bucket","attribute":[]},{"resource":"module.factory.module.projects.google_logging_project_sink.sink","attribute":[]},{"resource":"module.factory.module.buckets.google_storage_bucket.bucket[0]","attribute":["id"]},{"resource":"module.factory.module.folder-3.google_folder.folder[0]","attribute":["display_name"]},{"resource":"module.factory.module.projects[\"product-1\"].google_tags_tag_key.default","attribute":[]},{"resource":"module.factory.module.projects-iam.google_iam_workload_identity_pool.default","attribute":[]},{"resource":"module.factory.module.folder-1.google_assured_workloads_workload.folder[0]","attribute":[]},{"resource":"module.factory.module.pubsub.google_pubsub_schema.default[0]","attribute":[]},{"resource":"module.factory.module.folder-1.google_logging_folder_sink.sink","attribute":[]}],"checks":[{"address":{"kind":"var","module":"module.factory.module.automation-bucket","name":"kms_autokeys","to_display":"module.factory.module.automation-bucket.var.kms_autokeys"},"status":"pass"},{"address":{"kind":"var","module":"module.factory.module.automation-bucket","name":"lifecycle_rules","to_display":"module.factory.module.automation-bucket.var.lifecycle_rules"},"status":"pass"},{"address":{"kind":"var","module":"module.factory.module.automation-bucket","name":"location","to_display":"module.factory.module.automation-bucket.var.location"},"status":"pass"},{"address":{"kind":"var","module":"module.factory.module.automation-bucket","name":"prefix","to_display":"module.factory.module.automation-bucket.var.prefix"},"status":"pass"},{"address":{"kind":"var","module":"module.factory.module.automation-bucket","name":"project_id","to_display":"module.factory.module.automation-bucket.var.project_id"},"status":"pass"},{"address":{"kind":"var","module":"module.factory.module.automation-bucket","name":"public_access_prevention","to_display":"module.factory.module.automation-bucket.var.public_access_prevention"},"status":"pass"},{"address":{"kind":"var","module":"module.factory.module.automation-bucket","name":"rpo","to_display":"module.factory.module.automation-bucket.var.rpo"},"status":"pass"},{"address":{"kind":"var","module":"module.factory.module.automation-bucket","name":"storage_class","to_display":"module.factory.module.automation-bucket.var.storage_class"},"status":"pass"},{"address":{"kind":"var","module":"module.factory.module.automation-service-accounts-iam","name":"create_ignore_already_exists","to_display":"module.factory.module.automation-service-accounts-iam.var.create_ignore_already_exists"},"status":"pass"},{"address":{"kind":"var","module":"module.factory.module.automation-service-accounts-iam","name":"prefix","to_display":"module.factory.module.automation-service-accounts-iam.var.prefix"},"status":"pass"},{"address":{"kind":"var","module":"module.factory.module.automation-service-accounts-iam","name":"project_id","to_display":"module.factory.module.automation-service-accounts-iam.var.project_id"},"status":"pass"},{"address":{"kind":"var","module":"module.factory.module.automation-service-accounts","name":"create_ignore_already_exists","to_display":"module.factory.module.automation-service-accounts.var.create_ignore_already_exists"},"status":"pass"},{"address":{"kind":"var","module":"module.factory.module.automation-service-accounts","name":"prefix","to_display":"module.factory.module.automation-service-accounts.var.prefix"},"status":"pass"},{"address":{"kind":"var","module":"module.factory.module.automation-service-accounts","name":"project_id","to_display":"module.factory.module.automation-service-accounts.var.project_id"},"status":"pass"},{"address":{"kind":"var","module":"module.factory.module.bigquery-datasets","name":"access","to_display":"module.factory.module.bigquery-datasets.var.access"},"status":"pass"},{"address":{"kind":"check","module":"module.factory.module.billing-budgets","name":"factory_budgets","to_display":"module.factory.module.billing-budgets.check.factory_budgets"},"status":"pass","instances":[{"address":{"module":"module.factory.module.billing-budgets[0]","to_display":"module.factory.module.billing-budgets[0].check.factory_budgets"},"status":"pass"}]},{"address":{"kind":"var","module":"module.factory.module.billing-budgets","name":"budget_notification_channels","to_display":"module.factory.module.billing-budgets.var.budget_notification_channels"},"status":"pass","instances":[{"address":{"module":"module.factory.module.billing-budgets[0]","to_display":"module.factory.module.billing-budgets[0].var.budget_notification_channels"},"status":"pass"}]},{"address":{"kind":"var","module":"module.factory.module.billing-budgets","name":"budgets","to_display":"module.factory.module.billing-budgets.var.budgets"},"status":"pass","instances":[{"address":{"module":"module.factory.module.billing-budgets[0]","to_display":"module.factory.module.billing-budgets[0].var.budgets"},"status":"pass"}]},{"address":{"kind":"var","module":"module.factory.module.billing-budgets","name":"logging_sinks","to_display":"module.factory.module.billing-budgets.var.logging_sinks"},"status":"pass","instances":[{"address":{"module":"module.factory.module.billing-budgets[0]","to_display":"module.factory.module.billing-budgets[0].var.logging_sinks"},"status":"pass"}]},{"address":{"kind":"var","module":"module.factory.module.buckets","name":"kms_autokeys","to_display":"module.factory.module.buckets.var.kms_autokeys"},"status":"pass"},{"address":{"kind":"var","module":"module.factory.module.buckets","name":"lifecycle_rules","to_display":"module.factory.module.buckets.var.lifecycle_rules"},"status":"pass"},{"address":{"kind":"var","module":"module.factory.module.buckets","name":"location","to_display":"module.factory.module.buckets.var.location"},"status":"pass"},{"address":{"kind":"var","module":"module.factory.module.buckets","name":"prefix","to_display":"module.factory.module.buckets.var.prefix"},"status":"pass"},{"address":{"kind":"var","module":"module.factory.module.buckets","name":"project_id","to_display":"module.factory.module.buckets.var.project_id"},"status":"pass"},{"address":{"kind":"var","module":"module.factory.module.buckets","name":"public_access_prevention","to_display":"module.factory.module.buckets.var.public_access_prevention"},"status":"pass"},{"address":{"kind":"var","module":"module.factory.module.buckets","name":"rpo","to_display":"module.factory.module.buckets.var.rpo"},"status":"pass"},{"address":{"kind":"var","module":"module.factory.module.buckets","name":"storage_class","to_display":"module.factory.module.buckets.var.storage_class"},"status":"pass"},{"address":{"kind":"var","module":"module.factory.module.folder-1-iam","name":"asset_feeds","to_display":"module.factory.module.folder-1-iam.var.asset_feeds"},"status":"pass","instances":[{"address":{"module":"module.factory.module.folder-1-iam[\"domain-a\"]","to_display":"module.factory.module.folder-1-iam[\"domain-a\"].var.asset_feeds"},"status":"pass"}]},{"address":{"kind":"var","module":"module.factory.module.folder-1-iam","name":"assured_workload_config","to_display":"module.factory.module.folder-1-iam.var.assured_workload_config"},"status":"pass","instances":[{"address":{"module":"module.factory.module.folder-1-iam[\"domain-a\"]","to_display":"module.factory.module.folder-1-iam[\"domain-a\"].var.assured_workload_config"},"status":"pass"}]},{"address":{"kind":"var","module":"module.factory.module.folder-1-iam","name":"contacts","to_display":"module.factory.module.folder-1-iam.var.contacts"},"status":"pass","instances":[{"address":{"module":"module.factory.module.folder-1-iam[\"domain-a\"]","to_display":"module.factory.module.folder-1-iam[\"domain-a\"].var.contacts"},"status":"pass"}]},{"address":{"kind":"var","module":"module.factory.module.folder-1-iam","name":"folder_create","to_display":"module.factory.module.folder-1-iam.var.folder_create"},"status":"unknown","instances":[{"address":{"module":"module.factory.module.folder-1-iam[\"domain-a\"]","to_display":"module.factory.module.folder-1-iam[\"domain-a\"].var.folder_create"},"status":"unknown"}]},{"address":{"kind":"var","module":"module.factory.module.folder-1-iam","name":"iam_by_principals_conditional","to_display":"module.factory.module.folder-1-iam.var.iam_by_principals_conditional"},"status":"pass","instances":[{"address":{"module":"module.factory.module.folder-1-iam[\"domain-a\"]","to_display":"module.factory.module.folder-1-iam[\"domain-a\"].var.iam_by_principals_conditional"},"status":"pass"}]},{"address":{"kind":"var","module":"module.factory.module.folder-1-iam","name":"logging_sinks","to_display":"module.factory.module.folder-1-iam.var.logging_sinks"},"status":"pass","instances":[{"address":{"module":"module.factory.module.folder-1-iam[\"domain-a\"]","to_display":"module.factory.module.folder-1-iam[\"domain-a\"].var.logging_sinks"},"status":"pass"}]},{"address":{"kind":"var","module":"module.factory.module.folder-1-iam","name":"pam_entitlements","to_display":"module.factory.module.folder-1-iam.var.pam_entitlements"},"status":"pass","instances":[{"address":{"module":"module.factory.module.folder-1-iam[\"domain-a\"]","to_display":"module.factory.module.folder-1-iam[\"domain-a\"].var.pam_entitlements"},"status":"pass"}]},{"address":{"kind":"var","module":"module.factory.module.folder-1-iam","name":"parent","to_display":"module.factory.module.folder-1-iam.var.parent"},"status":"pass","instances":[{"address":{"module":"module.factory.module.folder-1-iam[\"domain-a\"]","to_display":"module.factory.module.folder-1-iam[\"domain-a\"].var.parent"},"status":"pass"}]},{"address":{"kind":"var","module":"module.factory.module.folder-1","name":"asset_feeds","to_display":"module.factory.module.folder-1.var.asset_feeds"},"status":"pass","instances":[{"address":{"module":"module.factory.module.folder-1[\"domain-a\"]","to_display":"module.factory.module.folder-1[\"domain-a\"].var.asset_feeds"},"status":"pass"}]},{"address":{"kind":"var","module":"module.factory.module.folder-1","name":"assured_workload_config","to_display":"module.factory.module.folder-1.var.assured_workload_config"},"status":"pass","instances":[{"address":{"module":"module.factory.module.folder-1[\"domain-a\"]","to_display":"module.factory.module.folder-1[\"domain-a\"].var.assured_workload_config"},"status":"pass"}]},{"address":{"kind":"var","module":"module.factory.module.folder-1","name":"contacts","to_display":"module.factory.module.folder-1.var.contacts"},"status":"pass","instances":[{"address":{"module":"module.factory.module.folder-1[\"domain-a\"]","to_display":"module.factory.module.folder-1[\"domain-a\"].var.contacts"},"status":"pass"}]},{"address":{"kind":"var","module":"module.factory.module.folder-1","name":"folder_create","to_display":"module.factory.module.folder-1.var.folder_create"},"status":"pass","instances":[{"address":{"module":"module.factory.module.folder-1[\"domain-a\"]","to_display":"module.factory.module.folder-1[\"domain-a\"].var.folder_create"},"status":"pass"}]},{"address":{"kind":"var","module":"module.factory.module.folder-1","name":"iam_by_principals_conditional","to_display":"module.factory.module.folder-1.var.iam_by_principals_conditional"},"status":"pass","instances":[{"address":{"module":"module.factory.module.folder-1[\"domain-a\"]","to_display":"module.factory.module.folder-1[\"domain-a\"].var.iam_by_principals_conditional"},"status":"pass"}]},{"address":{"kind":"var","module":"module.factory.module.folder-1","name":"logging_sinks","to_display":"module.factory.module.folder-1.var.logging_sinks"},"status":"pass","instances":[{"address":{"module":"module.factory.module.folder-1[\"domain-a\"]","to_display":"module.factory.module.folder-1[\"domain-a\"].var.logging_sinks"},"status":"pass"}]},{"address":{"kind":"var","module":"module.factory.module.folder-1","name":"pam_entitlements","to_display":"module.factory.module.folder-1.var.pam_entitlements"},"status":"pass","instances":[{"address":{"module":"module.factory.module.folder-1[\"domain-a\"]","to_display":"module.factory.module.folder-1[\"domain-a\"].var.pam_entitlements"},"status":"pass"}]},{"address":{"kind":"var","module":"module.factory.module.folder-1","name":"parent","to_display":"module.factory.module.folder-1.var.parent"},"status":"pass","instances":[{"address":{"module":"module.factory.module.folder-1[\"domain-a\"]","to_display":"module.factory.module.folder-1[\"domain-a\"].var.parent"},"status":"pass"}]},{"address":{"kind":"var","module":"module.factory.module.folder-2-iam","name":"asset_feeds","to_display":"module.factory.module.folder-2-iam.var.asset_feeds"},"status":"pass"},{"address":{"kind":"var","module":"module.factory.module.folder-2-iam","name":"assured_workload_config","to_display":"module.factory.module.folder-2-iam.var.assured_workload_config"},"status":"pass"},{"address":{"kind":"var","module":"module.factory.module.folder-2-iam","name":"contacts","to_display":"module.factory.module.folder-2-iam.var.contacts"},"status":"pass"},{"address":{"kind":"var","module":"module.factory.module.folder-2-iam","name":"folder_create","to_display":"module.factory.module.folder-2-iam.var.folder_create"},"status":"pass"},{"address":{"kind":"var","module":"module.factory.module.folder-2-iam","name":"iam_by_principals_conditional","to_display":"module.factory.module.folder-2-iam.var.iam_by_principals_conditional"},"status":"pass"},{"address":{"kind":"var","module":"module.factory.module.folder-2-iam","name":"logging_sinks","to_display":"module.factory.module.folder-2-iam.var.logging_sinks"},"status":"pass"},{"address":{"kind":"var","module":"module.factory.module.folder-2-iam","name":"pam_entitlements","to_display":"module.factory.module.folder-2-iam.var.pam_entitlements"},"status":"pass"},{"address":{"kind":"var","module":"module.factory.module.folder-2-iam","name":"parent","to_display":"module.factory.module.folder-2-iam.var.parent"},"status":"pass"},{"address":{"kind":"var","module":"module.factory.module.folder-2","name":"asset_feeds","to_display":"module.factory.module.folder-2.var.asset_feeds"},"status":"pass"},{"address":{"kind":"var","module":"module.factory.module.folder-2","name":"assured_workload_config","to_display":"module.factory.module.folder-2.var.assured_workload_config"},"status":"pass"},{"address":{"kind":"var","module":"module.factory.module.folder-2","name":"contacts","to_display":"module.factory.module.folder-2.var.contacts"},"status":"pass"},{"address":{"kind":"var","module":"module.factory.module.folder-2","name":"folder_create","to_display":"module.factory.module.folder-2.var.folder_create"},"status":"pass"},{"address":{"kind":"var","module":"module.factory.module.folder-2","name":"iam_by_principals_conditional","to_display":"module.factory.module.folder-2.var.iam_by_principals_conditional"},"status":"pass"},{"address":{"kind":"var","module":"module.factory.module.folder-2","name":"logging_sinks","to_display":"module.factory.module.folder-2.var.logging_sinks"},"status":"pass"},{"address":{"kind":"var","module":"module.factory.module.folder-2","name":"pam_entitlements","to_display":"module.factory.module.folder-2.var.pam_entitlements"},"status":"pass"},{"address":{"kind":"var","module":"module.factory.module.folder-2","name":"parent","to_display":"module.factory.module.folder-2.var.parent"},"status":"pass"},{"address":{"kind":"var","module":"module.factory.module.folder-3-iam","name":"asset_feeds","to_display":"module.factory.module.folder-3-iam.var.asset_feeds"},"status":"pass"},{"address":{"kind":"var","module":"module.factory.module.folder-3-iam","name":"assured_workload_config","to_display":"module.factory.module.folder-3-iam.var.assured_workload_config"},"status":"pass"},{"address":{"kind":"var","module":"module.factory.module.folder-3-iam","name":"contacts","to_display":"module.factory.module.folder-3-iam.var.contacts"},"status":"pass"},{"address":{"kind":"var","module":"module.factory.module.folder-3-iam","name":"folder_create","to_display":"module.factory.module.folder-3-iam.var.folder_create"},"status":"pass"},{"address":{"kind":"var","module":"module.factory.module.folder-3-iam","name":"iam_by_principals_conditional","to_display":"module.factory.module.folder-3-iam.var.iam_by_principals_conditional"},"status":"pass"},{"address":{"kind":"var","module":"module.factory.module.folder-3-iam","name":"logging_sinks","to_display":"module.factory.module.folder-3-iam.var.logging_sinks"},"status":"pass"},{"address":{"kind":"var","module":"module.factory.module.folder-3-iam","name":"pam_entitlements","to_display":"module.factory.module.folder-3-iam.var.pam_entitlements"},"status":"pass"},{"address":{"kind":"var","module":"module.factory.module.folder-3-iam","name":"parent","to_display":"module.factory.module.folder-3-iam.var.parent"},"status":"pass"},{"address":{"kind":"var","module":"module.factory.module.folder-3","name":"asset_feeds","to_display":"module.factory.module.folder-3.var.asset_feeds"},"status":"pass"},{"address":{"kind":"var","module":"module.factory.module.folder-3","name":"assured_workload_config","to_display":"module.factory.module.folder-3.var.assured_workload_config"},"status":"pass"},{"address":{"kind":"var","module":"module.factory.module.folder-3","name":"contacts","to_display":"module.factory.module.folder-3.var.contacts"},"status":"pass"},{"address":{"kind":"var","module":"module.factory.module.folder-3","name":"folder_create","to_display":"module.factory.module.folder-3.var.folder_create"},"status":"pass"},{"address":{"kind":"var","module":"module.factory.module.folder-3","name":"iam_by_principals_conditional","to_display":"module.factory.module.folder-3.var.iam_by_principals_conditional"},"status":"pass"},{"address":{"kind":"var","module":"module.factory.module.folder-3","name":"logging_sinks","to_display":"module.factory.module.folder-3.var.logging_sinks"},"status":"pass"},{"address":{"kind":"var","module":"module.factory.module.folder-3","name":"pam_entitlements","to_display":"module.factory.module.folder-3.var.pam_entitlements"},"status":"pass"},{"address":{"kind":"var","module":"module.factory.module.folder-3","name":"parent","to_display":"module.factory.module.folder-3.var.parent"},"status":"pass"},{"address":{"kind":"var","module":"module.factory.module.folder-4-iam","name":"asset_feeds","to_display":"module.factory.module.folder-4-iam.var.asset_feeds"},"status":"pass"},{"address":{"kind":"var","module":"module.factory.module.folder-4-iam","name":"assured_workload_config","to_display":"module.factory.module.folder-4-iam.var.assured_workload_config"},"status":"pass"},{"address":{"kind":"var","module":"module.factory.module.folder-4-iam","name":"contacts","to_display":"module.factory.module.folder-4-iam.var.contacts"},"status":"pass"},{"address":{"kind":"var","module":"module.factory.module.folder-4-iam","name":"folder_create","to_display":"module.factory.module.folder-4-iam.var.folder_create"},"status":"pass"},{"address":{"kind":"var","module":"module.factory.module.folder-4-iam","name":"iam_by_principals_conditional","to_display":"module.factory.module.folder-4-iam.var.iam_by_principals_conditional"},"status":"pass"},{"address":{"kind":"var","module":"module.factory.module.folder-4-iam","name":"logging_sinks","to_display":"module.factory.module.folder-4-iam.var.logging_sinks"},"status":"pass"},{"address":{"kind":"var","module":"module.factory.module.folder-4-iam","name":"pam_entitlements","to_display":"module.factory.module.folder-4-iam.var.pam_entitlements"},"status":"pass"},{"address":{"kind":"var","module":"module.factory.module.folder-4-iam","name":"parent","to_display":"module.factory.module.folder-4-iam.var.parent"},"status":"pass"},{"address":{"kind":"var","module":"module.factory.module.folder-4","name":"asset_feeds","to_display":"module.factory.module.folder-4.var.asset_feeds"},"status":"pass"},{"address":{"kind":"var","module":"module.factory.module.folder-4","name":"assured_workload_config","to_display":"module.factory.module.folder-4.var.assured_workload_config"},"status":"pass"},{"address":{"kind":"var","module":"module.factory.module.folder-4","name":"contacts","to_display":"module.factory.module.folder-4.var.contacts"},"status":"pass"},{"address":{"kind":"var","module":"module.factory.module.folder-4","name":"folder_create","to_display":"module.factory.module.folder-4.var.folder_create"},"status":"pass"},{"address":{"kind":"var","module":"module.factory.module.folder-4","name":"iam_by_principals_conditional","to_display":"module.factory.module.folder-4.var.iam_by_principals_conditional"},"status":"pass"},{"address":{"kind":"var","module":"module.factory.module.folder-4","name":"logging_sinks","to_display":"module.factory.module.folder-4.var.logging_sinks"},"status":"pass"},{"address":{"kind":"var","module":"module.factory.module.folder-4","name":"pam_entitlements","to_display":"module.factory.module.folder-4.var.pam_entitlements"},"status":"pass"},{"address":{"kind":"var","module":"module.factory.module.folder-4","name":"parent","to_display":"module.factory.module.folder-4.var.parent"},"status":"pass"},{"address":{"kind":"var","module":"module.factory.module.kms","name":"keys","to_display":"module.factory.module.kms.var.keys"},"status":"pass"},{"address":{"kind":"var","module":"module.factory.module.log-buckets","name":"locked","to_display":"module.factory.module.log-buckets.var.locked"},"status":"pass"},{"address":{"kind":"check","module":"module.factory.module.projects-iam","name":"custom_roles","to_display":"module.factory.module.projects-iam.check.custom_roles"},"status":"pass","instances":[{"address":{"module":"module.factory.module.projects-iam[\"central-0\"]","to_display":"module.factory.module.projects-iam[\"central-0\"].check.custom_roles"},"status":"pass"},{"address":{"module":"module.factory.module.projects-iam[\"product-1\"]","to_display":"module.factory.module.projects-iam[\"product-1\"].check.custom_roles"},"status":"pass"}]},{"address":{"kind":"resource","mode":"managed","module":"module.factory.module.projects-iam","name":"project","to_display":"module.factory.module.projects-iam.google_project.project","type":"google_project"},"status":"pass"},{"address":{"kind":"var","module":"module.factory.module.projects-iam","name":"asset_feeds","to_display":"module.factory.module.projects-iam.var.asset_feeds"},"status":"pass","instances":[{"address":{"module":"module.factory.module.projects-iam[\"central-0\"]","to_display":"module.factory.module.projects-iam[\"central-0\"].var.asset_feeds"},"status":"pass"},{"address":{"module":"module.factory.module.projects-iam[\"product-1\"]","to_display":"module.factory.module.projects-iam[\"product-1\"].var.asset_feeds"},"status":"pass"}]},{"address":{"kind":"var","module":"module.factory.module.projects-iam","name":"bigquery_reservations","to_display":"module.factory.module.projects-iam.var.bigquery_reservations"},"status":"pass","instances":[{"address":{"module":"module.factory.module.projects-iam[\"central-0\"]","to_display":"module.factory.module.projects-iam[\"central-0\"].var.bigquery_reservations"},"status":"pass"},{"address":{"module":"module.factory.module.projects-iam[\"product-1\"]","to_display":"module.factory.module.projects-iam[\"product-1\"].var.bigquery_reservations"},"status":"pass"}]},{"address":{"kind":"var","module":"module.factory.module.projects-iam","name":"contacts","to_display":"module.factory.module.projects-iam.var.contacts"},"status":"pass","instances":[{"address":{"module":"module.factory.module.projects-iam[\"central-0\"]","to_display":"module.factory.module.projects-iam[\"central-0\"].var.contacts"},"status":"pass"},{"address":{"module":"module.factory.module.projects-iam[\"product-1\"]","to_display":"module.factory.module.projects-iam[\"product-1\"].var.contacts"},"status":"pass"}]},{"address":{"kind":"var","module":"module.factory.module.projects-iam","name":"default_service_account","to_display":"module.factory.module.projects-iam.var.default_service_account"},"status":"pass","instances":[{"address":{"module":"module.factory.module.projects-iam[\"central-0\"]","to_display":"module.factory.module.projects-iam[\"central-0\"].var.default_service_account"},"status":"pass"},{"address":{"module":"module.factory.module.projects-iam[\"product-1\"]","to_display":"module.factory.module.projects-iam[\"product-1\"].var.default_service_account"},"status":"pass"}]},{"address":{"kind":"var","module":"module.factory.module.projects-iam","name":"deletion_policy","to_display":"module.factory.module.projects-iam.var.deletion_policy"},"status":"pass","instances":[{"address":{"module":"module.factory.module.projects-iam[\"central-0\"]","to_display":"module.factory.module.projects-iam[\"central-0\"].var.deletion_policy"},"status":"pass"},{"address":{"module":"module.factory.module.projects-iam[\"product-1\"]","to_display":"module.factory.module.projects-iam[\"product-1\"].var.deletion_policy"},"status":"pass"}]},{"address":{"kind":"var","module":"module.factory.module.projects-iam","name":"iam_by_principals_conditional","to_display":"module.factory.module.projects-iam.var.iam_by_principals_conditional"},"status":"pass","instances":[{"address":{"module":"module.factory.module.projects-iam[\"central-0\"]","to_display":"module.factory.module.projects-iam[\"central-0\"].var.iam_by_principals_conditional"},"status":"pass"},{"address":{"module":"module.factory.module.projects-iam[\"product-1\"]","to_display":"module.factory.module.projects-iam[\"product-1\"].var.iam_by_principals_conditional"},"status":"pass"}]},{"address":{"kind":"var","module":"module.factory.module.projects-iam","name":"kms_autokeys","to_display":"module.factory.module.projects-iam.var.kms_autokeys"},"status":"pass","instances":[{"address":{"module":"module.factory.module.projects-iam[\"central-0\"]","to_display":"module.factory.module.projects-iam[\"central-0\"].var.kms_autokeys"},"status":"pass"},{"address":{"module":"module.factory.module.projects-iam[\"product-1\"]","to_display":"module.factory.module.projects-iam[\"product-1\"].var.kms_autokeys"},"status":"pass"}]},{"address":{"kind":"var","module":"module.factory.module.projects-iam","name":"logging_sinks","to_display":"module.factory.module.projects-iam.var.logging_sinks"},"status":"pass","instances":[{"address":{"module":"module.factory.module.projects-iam[\"central-0\"]","to_display":"module.factory.module.projects-iam[\"central-0\"].var.logging_sinks"},"status":"pass"},{"address":{"module":"module.factory.module.projects-iam[\"product-1\"]","to_display":"module.factory.module.projects-iam[\"product-1\"].var.logging_sinks"},"status":"pass"}]},{"address":{"kind":"var","module":"module.factory.module.projects-iam","name":"network_tags","to_display":"module.factory.module.projects-iam.var.network_tags"},"status":"pass","instances":[{"address":{"module":"module.factory.module.projects-iam[\"central-0\"]","to_display":"module.factory.module.projects-iam[\"central-0\"].var.network_tags"},"status":"pass"},{"address":{"module":"module.factory.module.projects-iam[\"product-1\"]","to_display":"module.factory.module.projects-iam[\"product-1\"].var.network_tags"},"status":"pass"}]},{"address":{"kind":"var","module":"module.factory.module.projects-iam","name":"pam_entitlements","to_display":"module.factory.module.projects-iam.var.pam_entitlements"},"status":"pass","instances":[{"address":{"module":"module.factory.module.projects-iam[\"central-0\"]","to_display":"module.factory.module.projects-iam[\"central-0\"].var.pam_entitlements"},"status":"pass"},{"address":{"module":"module.factory.module.projects-iam[\"product-1\"]","to_display":"module.factory.module.projects-iam[\"product-1\"].var.pam_entitlements"},"status":"pass"}]},{"address":{"kind":"var","module":"module.factory.module.projects-iam","name":"parent","to_display":"module.factory.module.projects-iam.var.parent"},"status":"pass","instances":[{"address":{"module":"module.factory.module.projects-iam[\"central-0\"]","to_display":"module.factory.module.projects-iam[\"central-0\"].var.parent"},"status":"pass"},{"address":{"module":"module.factory.module.projects-iam[\"product-1\"]","to_display":"module.factory.module.projects-iam[\"product-1\"].var.parent"},"status":"pass"}]},{"address":{"kind":"var","module":"module.factory.module.projects-iam","name":"prefix","to_display":"module.factory.module.projects-iam.var.prefix"},"status":"pass","instances":[{"address":{"module":"module.factory.module.projects-iam[\"central-0\"]","to_display":"module.factory.module.projects-iam[\"central-0\"].var.prefix"},"status":"pass"},{"address":{"module":"module.factory.module.projects-iam[\"product-1\"]","to_display":"module.factory.module.projects-iam[\"product-1\"].var.prefix"},"status":"pass"}]},{"address":{"kind":"var","module":"module.factory.module.projects-iam","name":"project_reuse","to_display":"module.factory.module.projects-iam.var.project_reuse"},"status":"unknown","instances":[{"address":{"module":"module.factory.module.projects-iam[\"central-0\"]","to_display":"module.factory.module.projects-iam[\"central-0\"].var.project_reuse"},"status":"unknown"},{"address":{"module":"module.factory.module.projects-iam[\"product-1\"]","to_display":"module.factory.module.projects-iam[\"product-1\"].var.project_reuse"},"status":"unknown"}]},{"address":{"kind":"var","module":"module.factory.module.projects-iam","name":"quotas","to_display":"module.factory.module.projects-iam.var.quotas"},"status":"pass","instances":[{"address":{"module":"module.factory.module.projects-iam[\"central-0\"]","to_display":"module.factory.module.projects-iam[\"central-0\"].var.quotas"},"status":"pass"},{"address":{"module":"module.factory.module.projects-iam[\"product-1\"]","to_display":"module.factory.module.projects-iam[\"product-1\"].var.quotas"},"status":"pass"}]},{"address":{"kind":"var","module":"module.factory.module.projects-iam","name":"shared_vpc_service_config","to_display":"module.factory.module.projects-iam.var.shared_vpc_service_config"},"status":"pass","instances":[{"address":{"module":"module.factory.module.projects-iam[\"central-0\"]","to_display":"module.factory.module.projects-iam[\"central-0\"].var.shared_vpc_service_config"},"status":"pass"},{"address":{"module":"module.factory.module.projects-iam[\"product-1\"]","to_display":"module.factory.module.projects-iam[\"product-1\"].var.shared_vpc_service_config"},"status":"pass"}]},{"address":{"kind":"var","module":"module.factory.module.projects-iam","name":"tags","to_display":"module.factory.module.projects-iam.var.tags"},"status":"pass","instances":[{"address":{"module":"module.factory.module.projects-iam[\"central-0\"]","to_display":"module.factory.module.projects-iam[\"central-0\"].var.tags"},"status":"pass"},{"address":{"module":"module.factory.module.projects-iam[\"product-1\"]","to_display":"module.factory.module.projects-iam[\"product-1\"].var.tags"},"status":"pass"}]},{"address":{"kind":"var","module":"module.factory.module.projects-iam","name":"workload_identity_pools","to_display":"module.factory.module.projects-iam.var.workload_identity_pools"},"status":"pass","instances":[{"address":{"module":"module.factory.module.projects-iam[\"central-0\"]","to_display":"module.factory.module.projects-iam[\"central-0\"].var.workload_identity_pools"},"status":"pass"},{"address":{"module":"module.factory.module.projects-iam[\"product-1\"]","to_display":"module.factory.module.projects-iam[\"product-1\"].var.workload_identity_pools"},"status":"pass"}]},{"address":{"kind":"check","module":"module.factory.module.projects","name":"custom_roles","to_display":"module.factory.module.projects.check.custom_roles"},"status":"pass","instances":[{"address":{"module":"module.factory.module.projects[\"central-0\"]","to_display":"module.factory.module.projects[\"central-0\"].check.custom_roles"},"status":"pass"},{"address":{"module":"module.factory.module.projects[\"product-1\"]","to_display":"module.factory.module.projects[\"product-1\"].check.custom_roles"},"status":"pass"}]},{"address":{"kind":"resource","mode":"managed","module":"module.factory.module.projects","name":"project","to_display":"module.factory.module.projects.google_project.project","type":"google_project"},"status":"pass","instances":[{"address":{"instance_key":0,"module":"module.factory.module.projects[\"central-0\"]","to_display":"module.factory.module.projects[\"central-0\"].google_project.project[0]"},"status":"pass"},{"address":{"instance_key":0,"module":"module.factory.module.projects[\"product-1\"]","to_display":"module.factory.module.projects[\"product-1\"].google_project.project[0]"},"status":"pass"}]},{"address":{"kind":"var","module":"module.factory.module.projects","name":"asset_feeds","to_display":"module.factory.module.projects.var.asset_feeds"},"status":"pass","instances":[{"address":{"module":"module.factory.module.projects[\"central-0\"]","to_display":"module.factory.module.projects[\"central-0\"].var.asset_feeds"},"status":"pass"},{"address":{"module":"module.factory.module.projects[\"product-1\"]","to_display":"module.factory.module.projects[\"product-1\"].var.asset_feeds"},"status":"pass"}]},{"address":{"kind":"var","module":"module.factory.module.projects","name":"bigquery_reservations","to_display":"module.factory.module.projects.var.bigquery_reservations"},"status":"pass","instances":[{"address":{"module":"module.factory.module.projects[\"central-0\"]","to_display":"module.factory.module.projects[\"central-0\"].var.bigquery_reservations"},"status":"pass"},{"address":{"module":"module.factory.module.projects[\"product-1\"]","to_display":"module.factory.module.projects[\"product-1\"].var.bigquery_reservations"},"status":"pass"}]},{"address":{"kind":"var","module":"module.factory.module.projects","name":"contacts","to_display":"module.factory.module.projects.var.contacts"},"status":"pass","instances":[{"address":{"module":"module.factory.module.projects[\"central-0\"]","to_display":"module.factory.module.projects[\"central-0\"].var.contacts"},"status":"pass"},{"address":{"module":"module.factory.module.projects[\"product-1\"]","to_display":"module.factory.module.projects[\"product-1\"].var.contacts"},"status":"pass"}]},{"address":{"kind":"var","module":"module.factory.module.projects","name":"default_service_account","to_display":"module.factory.module.projects.var.default_service_account"},"status":"pass","instances":[{"address":{"module":"module.factory.module.projects[\"central-0\"]","to_display":"module.factory.module.projects[\"central-0\"].var.default_service_account"},"status":"pass"},{"address":{"module":"module.factory.module.projects[\"product-1\"]","to_display":"module.factory.module.projects[\"product-1\"].var.default_service_account"},"status":"pass"}]},{"address":{"kind":"var","module":"module.factory.module.projects","name":"deletion_policy","to_display":"module.factory.module.projects.var.deletion_policy"},"status":"pass","instances":[{"address":{"module":"module.factory.module.projects[\"central-0\"]","to_display":"module.factory.module.projects[\"central-0\"].var.deletion_policy"},"status":"pass"},{"address":{"module":"module.factory.module.projects[\"product-1\"]","to_display":"module.factory.module.projects[\"product-1\"].var.deletion_policy"},"status":"pass"}]},{"address":{"kind":"var","module":"module.factory.module.projects","name":"iam_by_principals_conditional","to_display":"module.factory.module.projects.var.iam_by_principals_conditional"},"status":"pass","instances":[{"address":{"module":"module.factory.module.projects[\"central-0\"]","to_display":"module.factory.module.projects[\"central-0\"].var.iam_by_principals_conditional"},"status":"pass"},{"address":{"module":"module.factory.module.projects[\"product-1\"]","to_display":"module.factory.module.projects[\"product-1\"].var.iam_by_principals_conditional"},"status":"pass"}]},{"address":{"kind":"var","module":"module.factory.module.projects","name":"kms_autokeys","to_display":"module.factory.module.projects.var.kms_autokeys"},"status":"pass","instances":[{"address":{"module":"module.factory.module.projects[\"central-0\"]","to_display":"module.factory.module.projects[\"central-0\"].var.kms_autokeys"},"status":"pass"},{"address":{"module":"module.factory.module.projects[\"product-1\"]","to_display":"module.factory.module.projects[\"product-1\"].var.kms_autokeys"},"status":"pass"}]},{"address":{"kind":"var","module":"module.factory.module.projects","name":"logging_sinks","to_display":"module.factory.module.projects.var.logging_sinks"},"status":"pass","instances":[{"address":{"module":"module.factory.module.projects[\"central-0\"]","to_display":"module.factory.module.projects[\"central-0\"].var.logging_sinks"},"status":"pass"},{"address":{"module":"module.factory.module.projects[\"product-1\"]","to_display":"module.factory.module.projects[\"product-1\"].var.logging_sinks"},"status":"pass"}]},{"address":{"kind":"var","module":"module.factory.module.projects","name":"network_tags","to_display":"module.factory.module.projects.var.network_tags"},"status":"pass","instances":[{"address":{"module":"module.factory.module.projects[\"central-0\"]","to_display":"module.factory.module.projects[\"central-0\"].var.network_tags"},"status":"pass"},{"address":{"module":"module.factory.module.projects[\"product-1\"]","to_display":"module.factory.module.projects[\"product-1\"].var.network_tags"},"status":"pass"}]},{"address":{"kind":"var","module":"module.factory.module.projects","name":"pam_entitlements","to_display":"module.factory.module.projects.var.pam_entitlements"},"status":"pass","instances":[{"address":{"module":"module.factory.module.projects[\"central-0\"]","to_display":"module.factory.module.projects[\"central-0\"].var.pam_entitlements"},"status":"pass"},{"address":{"module":"module.factory.module.projects[\"product-1\"]","to_display":"module.factory.module.projects[\"product-1\"].var.pam_entitlements"},"status":"pass"}]},{"address":{"kind":"var","module":"module.factory.module.projects","name":"parent","to_display":"module.factory.module.projects.var.parent"},"status":"pass","instances":[{"address":{"module":"module.factory.module.projects[\"central-0\"]","to_display":"module.factory.module.projects[\"central-0\"].var.parent"},"status":"pass"},{"address":{"module":"module.factory.module.projects[\"product-1\"]","to_display":"module.factory.module.projects[\"product-1\"].var.parent"},"status":"pass"}]},{"address":{"kind":"var","module":"module.factory.module.projects","name":"prefix","to_display":"module.factory.module.projects.var.prefix"},"status":"pass","instances":[{"address":{"module":"module.factory.module.projects[\"central-0\"]","to_display":"module.factory.module.projects[\"central-0\"].var.prefix"},"status":"pass"},{"address":{"module":"module.factory.module.projects[\"product-1\"]","to_display":"module.factory.module.projects[\"product-1\"].var.prefix"},"status":"pass"}]},{"address":{"kind":"var","module":"module.factory.module.projects","name":"project_reuse","to_display":"module.factory.module.projects.var.project_reuse"},"status":"pass","instances":[{"address":{"module":"module.factory.module.projects[\"central-0\"]","to_display":"module.factory.module.projects[\"central-0\"].var.project_reuse"},"status":"pass"},{"address":{"module":"module.factory.module.projects[\"product-1\"]","to_display":"module.factory.module.projects[\"product-1\"].var.project_reuse"},"status":"pass"}]},{"address":{"kind":"var","module":"module.factory.module.projects","name":"quotas","to_display":"module.factory.module.projects.var.quotas"},"status":"pass","instances":[{"address":{"module":"module.factory.module.projects[\"central-0\"]","to_display":"module.factory.module.projects[\"central-0\"].var.quotas"},"status":"pass"},{"address":{"module":"module.factory.module.projects[\"product-1\"]","to_display":"module.factory.module.projects[\"product-1\"].var.quotas"},"status":"pass"}]},{"address":{"kind":"var","module":"module.factory.module.projects","name":"shared_vpc_service_config","to_display":"module.factory.module.projects.var.shared_vpc_service_config"},"status":"pass","instances":[{"address":{"module":"module.factory.module.projects[\"central-0\"]","to_display":"module.factory.module.projects[\"central-0\"].var.shared_vpc_service_config"},"status":"pass"},{"address":{"module":"module.factory.module.projects[\"product-1\"]","to_display":"module.factory.module.projects[\"product-1\"].var.shared_vpc_service_config"},"status":"pass"}]},{"address":{"kind":"var","module":"module.factory.module.projects","name":"tags","to_display":"module.factory.module.projects.var.tags"},"status":"pass","instances":[{"address":{"module":"module.factory.module.projects[\"central-0\"]","to_display":"module.factory.module.projects[\"central-0\"].var.tags"},"status":"pass"},{"address":{"module":"module.factory.module.projects[\"product-1\"]","to_display":"module.factory.module.projects[\"product-1\"].var.tags"},"status":"pass"}]},{"address":{"kind":"var","module":"module.factory.module.projects","name":"workload_identity_pools","to_display":"module.factory.module.projects.var.workload_identity_pools"},"status":"pass","instances":[{"address":{"module":"module.factory.module.projects[\"central-0\"]","to_display":"module.factory.module.projects[\"central-0\"].var.workload_identity_pools"},"status":"pass"},{"address":{"module":"module.factory.module.projects[\"product-1\"]","to_display":"module.factory.module.projects[\"product-1\"].var.workload_identity_pools"},"status":"pass"}]},{"address":{"kind":"var","module":"module.factory.module.service-accounts","name":"create_ignore_already_exists","to_display":"module.factory.module.service-accounts.var.create_ignore_already_exists"},"status":"pass"},{"address":{"kind":"var","module":"module.factory.module.service-accounts","name":"prefix","to_display":"module.factory.module.service-accounts.var.prefix"},"status":"pass"},{"address":{"kind":"var","module":"module.factory.module.service-accounts","name":"project_id","to_display":"module.factory.module.service-accounts.var.project_id"},"status":"pass"},{"address":{"kind":"var","module":"module.factory.module.service_accounts-iam","name":"create_ignore_already_exists","to_display":"module.factory.module.service_accounts-iam.var.create_ignore_already_exists"},"status":"pass"},{"address":{"kind":"var","module":"module.factory.module.service_accounts-iam","name":"prefix","to_display":"module.factory.module.service_accounts-iam.var.prefix"},"status":"pass"},{"address":{"kind":"var","module":"module.factory.module.service_accounts-iam","name":"project_id","to_display":"module.factory.module.service_accounts-iam.var.project_id"},"status":"pass"},{"address":{"kind":"resource","mode":"managed","module":"module.factory","name":"defaults_preconditions","to_display":"module.factory.terraform_data.defaults_preconditions","type":"terraform_data"},"status":"pass","instances":[{"address":{"module":"module.factory","to_display":"module.factory.terraform_data.defaults_preconditions"},"status":"pass"}]},{"address":{"kind":"resource","mode":"managed","module":"module.factory","name":"project-preconditions","to_display":"module.factory.terraform_data.project-preconditions","type":"terraform_data"},"status":"pass","instances":[{"address":{"module":"module.factory","to_display":"module.factory.terraform_data.project-preconditions"},"status":"pass"}]},{"address":{"kind":"var","module":"module.factory","name":"notification_channels","to_display":"module.factory.var.notification_channels"},"status":"pass","instances":[{"address":{"module":"module.factory","to_display":"module.factory.var.notification_channels"},"status":"pass"}]},{"address":{"kind":"var","module":"module.output-pattern-folders","name":"kms_autokeys","to_display":"module.output-pattern-folders.var.kms_autokeys"},"status":"pass"},{"address":{"kind":"var","module":"module.output-pattern-folders","name":"lifecycle_rules","to_display":"module.output-pattern-folders.var.lifecycle_rules"},"status":"pass"},{"address":{"kind":"var","module":"module.output-pattern-folders","name":"location","to_display":"module.output-pattern-folders.var.location"},"status":"pass"},{"address":{"kind":"var","module":"module.output-pattern-folders","name":"prefix","to_display":"module.output-pattern-folders.var.prefix"},"status":"pass"},{"address":{"kind":"var","module":"module.output-pattern-folders","name":"project_id","to_display":"module.output-pattern-folders.var.project_id"},"status":"pass"},{"address":{"kind":"var","module":"module.output-pattern-folders","name":"public_access_prevention","to_display":"module.output-pattern-folders.var.public_access_prevention"},"status":"pass"},{"address":{"kind":"var","module":"module.output-pattern-folders","name":"rpo","to_display":"module.output-pattern-folders.var.rpo"},"status":"pass"},{"address":{"kind":"var","module":"module.output-pattern-folders","name":"storage_class","to_display":"module.output-pattern-folders.var.storage_class"},"status":"pass"},{"address":{"kind":"var","name":"prefix","to_display":"var.prefix"},"status":"pass","instances":[{"address":{"to_display":"var.prefix"},"status":"pass"}]}],"timestamp":"2026-02-20T15:10:14Z","applyable":true,"complete":true,"errored":false}
