
Terraform used the selected providers to generate the following execution
plan. Resource actions are indicated with the following symbols:
  + create
 <= read (data resources)

Terraform will perform the following actions:

  # google_storage_bucket_object.version[0] will be created
  + resource "google_storage_bucket_object" "version" {
      + bucket         = "test-bucket"
      + content        = (sensitive value)
      + content_type   = (known after apply)
      + crc32c         = (known after apply)
      + generation     = (known after apply)
      + id             = (known after apply)
      + kms_key_name   = (known after apply)
      + md5hash        = (known after apply)
      + md5hexhash     = (known after apply)
      + media_link     = (known after apply)
      + name           = "versions/2-data-platform-version.txt"
      + output_name    = (known after apply)
      + self_link      = (known after apply)
      + source         = "fast_version.txt"
      + source_md5hash = "bd0ef4e3857492f0215774bdcb2f3dc7"
      + storage_class  = (known after apply)
    }

  # module.factory.terraform_data.defaults_preconditions will be created
  + resource "terraform_data" "defaults_preconditions" {
      + id = (known after apply)
    }

  # module.factory.terraform_data.project-preconditions will be created
  + resource "terraform_data" "project-preconditions" {
      + id = (known after apply)
    }

  # module.factory.module.buckets["prdc-0/exposed-0"].google_storage_bucket.bucket[0] will be created
  + resource "google_storage_bucket" "bucket" {
      + effective_labels            = {
          + "goog-terraform-provisioned" = "true"
        }
      + force_destroy               = false
      + id                          = (known after apply)
      + location                    = "EUROPE-WEST1"
      + name                        = "fast-prod-dp-prdc-0-exposed-0"
      + project                     = "fast-prod-dp-prdc-0"
      + project_number              = (known after apply)
      + public_access_prevention    = (known after apply)
      + rpo                         = (known after apply)
      + self_link                   = (known after apply)
      + storage_class               = "STANDARD"
      + terraform_labels            = {
          + "goog-terraform-provisioned" = "true"
        }
      + time_created                = (known after apply)
      + uniform_bucket_level_access = true
      + updated                     = (known after apply)
      + url                         = (known after apply)

      + soft_delete_policy (known after apply)

      + versioning {
          + enabled = true
        }

      + website (known after apply)
    }

  # module.factory.module.folder-1["domain-a"].google_folder.folder[0] will be created
  + resource "google_folder" "folder" {
      + configured_capabilities = (known after apply)
      + create_time             = (known after apply)
      + deletion_protection     = false
      + display_name            = "Domain A"
      + folder_id               = (known after apply)
      + id                      = (known after apply)
      + lifecycle_state         = (known after apply)
      + management_project      = (known after apply)
      + name                    = (known after apply)
      + parent                  = "$folder_ids:default"
    }

  # module.factory.module.folder-1-iam["domain-a"].google_folder_iam_binding.authoritative["roles/viewer"] will be created
  + resource "google_folder_iam_binding" "authoritative" {
      + etag    = (known after apply)
      + folder  = (known after apply)
      + id      = (known after apply)
      + members = [
          + "group:domain-a-viewers@example.com",
        ]
      + role    = "roles/viewer"
    }

  # module.factory.module.projects["central-0"].data.google_bigquery_default_service_account.bq_sa[0] will be read during apply
  # (depends on a resource or a module with changes pending)
 <= data "google_bigquery_default_service_account" "bq_sa" {
      + email   = (known after apply)
      + id      = (known after apply)
      + member  = (known after apply)
      + project = "fast-central-0"
    }

  # module.factory.module.projects["central-0"].data.google_logging_project_settings.logging_sa[0] will be read during apply
  # (depends on a resource or a module with changes pending)
 <= data "google_logging_project_settings" "logging_sa" {
      + disable_default_sink       = (known after apply)
      + id                         = (known after apply)
      + kms_key_name               = (known after apply)
      + kms_service_account_id     = (known after apply)
      + logging_service_account_id = (known after apply)
      + name                       = (known after apply)
      + project                    = "fast-central-0"
      + storage_location           = (known after apply)
    }

  # module.factory.module.projects["central-0"].data.google_storage_project_service_account.gcs_sa[0] will be read during apply
  # (depends on a resource or a module with changes pending)
 <= data "google_storage_project_service_account" "gcs_sa" {
      + email_address = (known after apply)
      + id            = (known after apply)
      + member        = (known after apply)
      + project       = "fast-central-0"
    }

  # module.factory.module.projects["central-0"].google_project.project[0] will be created
  + resource "google_project" "project" {
      + auto_create_network = false
      + billing_account     = "012345-67890A-BCDEF0"
      + deletion_policy     = "DELETE"
      + effective_labels    = {
          + "goog-terraform-provisioned" = "true"
        }
      + folder_id           = "$folder_ids:data-platform"
      + id                  = (known after apply)
      + name                = "fast-central-0"
      + number              = (known after apply)
      + project_id          = "fast-central-0"
      + terraform_labels    = {
          + "goog-terraform-provisioned" = "true"
        }
    }

  # module.factory.module.projects["central-0"].google_project_iam_member.service_agents["monitoring-notification"] will be created
  + resource "google_project_iam_member" "service_agents" {
      + etag    = (known after apply)
      + id      = (known after apply)
      + member  = (known after apply)
      + project = "fast-central-0"
      + role    = "roles/monitoring.notificationServiceAgent"
    }

  # module.factory.module.projects["central-0"].google_project_service.project_services["bigquery.googleapis.com"] will be created
  + resource "google_project_service" "project_services" {
      + disable_dependent_services = false
      + disable_on_destroy         = false
      + id                         = (known after apply)
      + project                    = "fast-central-0"
      + service                    = "bigquery.googleapis.com"
    }

  # module.factory.module.projects["central-0"].google_project_service.project_services["datacatalog.googleapis.com"] will be created
  + resource "google_project_service" "project_services" {
      + disable_dependent_services = false
      + disable_on_destroy         = false
      + id                         = (known after apply)
      + project                    = "fast-central-0"
      + service                    = "datacatalog.googleapis.com"
    }

  # module.factory.module.projects["central-0"].google_project_service.project_services["logging.googleapis.com"] will be created
  + resource "google_project_service" "project_services" {
      + disable_dependent_services = false
      + disable_on_destroy         = false
      + id                         = (known after apply)
      + project                    = "fast-central-0"
      + service                    = "logging.googleapis.com"
    }

  # module.factory.module.projects["central-0"].google_project_service.project_services["monitoring.googleapis.com"] will be created
  + resource "google_project_service" "project_services" {
      + disable_dependent_services = false
      + disable_on_destroy         = false
      + id                         = (known after apply)
      + project                    = "fast-central-0"
      + service                    = "monitoring.googleapis.com"
    }

  # module.factory.module.projects["central-0"].google_project_service.project_services["storage.googleapis.com"] will be created
  + resource "google_project_service" "project_services" {
      + disable_dependent_services = false
      + disable_on_destroy         = false
      + id                         = (known after apply)
      + project                    = "fast-central-0"
      + service                    = "storage.googleapis.com"
    }

  # module.factory.module.projects["central-0"].google_project_service_identity.default["monitoring.googleapis.com"] will be created
  + resource "google_project_service_identity" "default" {
      + email   = (known after apply)
      + id      = (known after apply)
      + member  = (known after apply)
      + project = "fast-central-0"
      + service = "monitoring.googleapis.com"
    }

  # module.factory.module.projects["prdc-0"].data.google_bigquery_default_service_account.bq_sa[0] will be read during apply
  # (depends on a resource or a module with changes pending)
 <= data "google_bigquery_default_service_account" "bq_sa" {
      + email   = (known after apply)
      + id      = (known after apply)
      + member  = (known after apply)
      + project = "fast-prod-dp-prdc-0"
    }

  # module.factory.module.projects["prdc-0"].data.google_logging_project_settings.logging_sa[0] will be read during apply
  # (depends on a resource or a module with changes pending)
 <= data "google_logging_project_settings" "logging_sa" {
      + disable_default_sink       = (known after apply)
      + id                         = (known after apply)
      + kms_key_name               = (known after apply)
      + kms_service_account_id     = (known after apply)
      + logging_service_account_id = (known after apply)
      + name                       = (known after apply)
      + project                    = "fast-prod-dp-prdc-0"
      + storage_location           = (known after apply)
    }

  # module.factory.module.projects["prdc-0"].data.google_storage_project_service_account.gcs_sa[0] will be read during apply
  # (depends on a resource or a module with changes pending)
 <= data "google_storage_project_service_account" "gcs_sa" {
      + email_address = (known after apply)
      + id            = (known after apply)
      + member        = (known after apply)
      + project       = "fast-prod-dp-prdc-0"
    }

  # module.factory.module.projects["prdc-0"].google_project.project[0] will be created
  + resource "google_project" "project" {
      + auto_create_network = false
      + billing_account     = "012345-67890A-BCDEF0"
      + deletion_policy     = "DELETE"
      + effective_labels    = {
          + "goog-terraform-provisioned" = "true"
        }
      + folder_id           = (known after apply)
      + id                  = (known after apply)
      + name                = "fast-prod-dp-prdc-0"
      + number              = (known after apply)
      + project_id          = "fast-prod-dp-prdc-0"
      + terraform_labels    = {
          + "goog-terraform-provisioned" = "true"
        }
    }

  # module.factory.module.projects["prdc-0"].google_project_iam_member.service_agents["dataplex"] will be created
  + resource "google_project_iam_member" "service_agents" {
      + etag    = (known after apply)
      + id      = (known after apply)
      + member  = (known after apply)
      + project = "fast-prod-dp-prdc-0"
      + role    = "roles/dataplex.serviceAgent"
    }

  # module.factory.module.projects["prdc-0"].google_project_iam_member.service_agents["datastream"] will be created
  + resource "google_project_iam_member" "service_agents" {
      + etag    = (known after apply)
      + id      = (known after apply)
      + member  = (known after apply)
      + project = "fast-prod-dp-prdc-0"
      + role    = "roles/datastream.serviceAgent"
    }

  # module.factory.module.projects["prdc-0"].google_project_iam_member.service_agents["monitoring-notification"] will be created
  + resource "google_project_iam_member" "service_agents" {
      + etag    = (known after apply)
      + id      = (known after apply)
      + member  = (known after apply)
      + project = "fast-prod-dp-prdc-0"
      + role    = "roles/monitoring.notificationServiceAgent"
    }

  # module.factory.module.projects["prdc-0"].google_project_iam_member.service_agents["notebooks"] will be created
  + resource "google_project_iam_member" "service_agents" {
      + etag    = (known after apply)
      + id      = (known after apply)
      + member  = (known after apply)
      + project = "fast-prod-dp-prdc-0"
      + role    = "roles/notebooks.serviceAgent"
    }

  # module.factory.module.projects["prdc-0"].google_project_iam_member.service_agents["notebooks-vm"] will be created
  + resource "google_project_iam_member" "service_agents" {
      + etag    = (known after apply)
      + id      = (known after apply)
      + member  = (known after apply)
      + project = "fast-prod-dp-prdc-0"
      + role    = "roles/aiplatform.notebookServiceAgent"
    }

  # module.factory.module.projects["prdc-0"].google_project_service.project_services["bigquery.googleapis.com"] will be created
  + resource "google_project_service" "project_services" {
      + disable_dependent_services = false
      + disable_on_destroy         = false
      + id                         = (known after apply)
      + project                    = "fast-prod-dp-prdc-0"
      + service                    = "bigquery.googleapis.com"
    }

  # module.factory.module.projects["prdc-0"].google_project_service.project_services["datacatalog.googleapis.com"] will be created
  + resource "google_project_service" "project_services" {
      + disable_dependent_services = false
      + disable_on_destroy         = false
      + id                         = (known after apply)
      + project                    = "fast-prod-dp-prdc-0"
      + service                    = "datacatalog.googleapis.com"
    }

  # module.factory.module.projects["prdc-0"].google_project_service.project_services["dataplex.googleapis.com"] will be created
  + resource "google_project_service" "project_services" {
      + disable_dependent_services = false
      + disable_on_destroy         = false
      + id                         = (known after apply)
      + project                    = "fast-prod-dp-prdc-0"
      + service                    = "dataplex.googleapis.com"
    }

  # module.factory.module.projects["prdc-0"].google_project_service.project_services["datastream.googleapis.com"] will be created
  + resource "google_project_service" "project_services" {
      + disable_dependent_services = false
      + disable_on_destroy         = false
      + id                         = (known after apply)
      + project                    = "fast-prod-dp-prdc-0"
      + service                    = "datastream.googleapis.com"
    }

  # module.factory.module.projects["prdc-0"].google_project_service.project_services["logging.googleapis.com"] will be created
  + resource "google_project_service" "project_services" {
      + disable_dependent_services = false
      + disable_on_destroy         = false
      + id                         = (known after apply)
      + project                    = "fast-prod-dp-prdc-0"
      + service                    = "logging.googleapis.com"
    }

  # module.factory.module.projects["prdc-0"].google_project_service.project_services["monitoring.googleapis.com"] will be created
  + resource "google_project_service" "project_services" {
      + disable_dependent_services = false
      + disable_on_destroy         = false
      + id                         = (known after apply)
      + project                    = "fast-prod-dp-prdc-0"
      + service                    = "monitoring.googleapis.com"
    }

  # module.factory.module.projects["prdc-0"].google_project_service.project_services["notebooks.googleapis.com"] will be created
  + resource "google_project_service" "project_services" {
      + disable_dependent_services = false
      + disable_on_destroy         = false
      + id                         = (known after apply)
      + project                    = "fast-prod-dp-prdc-0"
      + service                    = "notebooks.googleapis.com"
    }

  # module.factory.module.projects["prdc-0"].google_project_service.project_services["storage-component.googleapis.com"] will be created
  + resource "google_project_service" "project_services" {
      + disable_dependent_services = false
      + disable_on_destroy         = false
      + id                         = (known after apply)
      + project                    = "fast-prod-dp-prdc-0"
      + service                    = "storage-component.googleapis.com"
    }

  # module.factory.module.projects["prdc-0"].google_project_service.project_services["storage.googleapis.com"] will be created
  + resource "google_project_service" "project_services" {
      + disable_dependent_services = false
      + disable_on_destroy         = false
      + id                         = (known after apply)
      + project                    = "fast-prod-dp-prdc-0"
      + service                    = "storage.googleapis.com"
    }

  # module.factory.module.projects["prdc-0"].google_project_service_identity.default["dataplex.googleapis.com"] will be created
  + resource "google_project_service_identity" "default" {
      + email   = (known after apply)
      + id      = (known after apply)
      + member  = (known after apply)
      + project = "fast-prod-dp-prdc-0"
      + service = "dataplex.googleapis.com"
    }

  # module.factory.module.projects["prdc-0"].google_project_service_identity.default["datastream.googleapis.com"] will be created
  + resource "google_project_service_identity" "default" {
      + email   = (known after apply)
      + id      = (known after apply)
      + member  = (known after apply)
      + project = "fast-prod-dp-prdc-0"
      + service = "datastream.googleapis.com"
    }

  # module.factory.module.projects["prdc-0"].google_project_service_identity.default["monitoring.googleapis.com"] will be created
  + resource "google_project_service_identity" "default" {
      + email   = (known after apply)
      + id      = (known after apply)
      + member  = (known after apply)
      + project = "fast-prod-dp-prdc-0"
      + service = "monitoring.googleapis.com"
    }

  # module.factory.module.projects["prdc-0"].google_project_service_identity.default["notebooks.googleapis.com"] will be created
  + resource "google_project_service_identity" "default" {
      + email   = (known after apply)
      + id      = (known after apply)
      + member  = (known after apply)
      + project = "fast-prod-dp-prdc-0"
      + service = "notebooks.googleapis.com"
    }

  # module.factory.module.service-accounts["prdc-0/processing"].google_service_account.service_account[0] will be created
  + resource "google_service_account" "service_account" {
      + account_id   = "processing"
      + disabled     = false
      + display_name = "Terraform-managed."
      + email        = "processing@fast-prod-dp-prdc-0.iam.gserviceaccount.com"
      + id           = (known after apply)
      + member       = "serviceAccount:processing@fast-prod-dp-prdc-0.iam.gserviceaccount.com"
      + name         = (known after apply)
      + project      = "fast-prod-dp-prdc-0"
      + unique_id    = (known after apply)
    }

Plan: 34 to add, 0 to change, 0 to destroy.

Changes to Outputs:
  + projects = {
      + central-0 = {
          + automation                  = {
              + bucket           = null
              + service_accounts = {}
            }
          + kms_keys                    = {}
          + log_buckets                 = {}
          + number                      = (known after apply)
          + project_id                  = "fast-central-0"
          + pubsub_topics               = {}
          + service_accounts            = {}
          + storage_buckets             = {}
          + workload_identity_pools     = {}
          + workload_identity_providers = {}
        }
      + prdc-0    = {
          + automation                  = {
              + bucket           = null
              + service_accounts = {}
            }
          + kms_keys                    = {}
          + log_buckets                 = {}
          + number                      = (known after apply)
          + project_id                  = "fast-prod-dp-prdc-0"
          + pubsub_topics               = {}
          + service_accounts            = {
              + "prdc-0/processing" = {
                  + email     = "processing@fast-prod-dp-prdc-0.iam.gserviceaccount.com"
                  + iam_email = "serviceAccount:processing@fast-prod-dp-prdc-0.iam.gserviceaccount.com"
                  + id        = "projects/fast-prod-dp-prdc-0/serviceAccounts/processing@fast-prod-dp-prdc-0.iam.gserviceaccount.com"
                }
            }
          + storage_buckets             = {
              + "prdc-0/exposed-0" = "fast-prod-dp-prdc-0-exposed-0"
            }
          + workload_identity_pools     = {}
          + workload_identity_providers = {}
        }
    }
