
Terraform used the selected providers to generate the following execution
plan. Resource actions are indicated with the following symbols:
  + create
  ~ update in-place
  - destroy
-/+ destroy and then create replacement

Terraform will perform the following actions:

  # google_billing_account_iam_member.default["sa_net_costs_manager"] will be created
  + resource "google_billing_account_iam_member" "default" {
      + billing_account_id = "017479-47ADAB-670295"
      + etag               = (known after apply)
      + id                 = (known after apply)
      + member             = "serviceAccount:ldj-prod-resman-net-0@ldj-prod-iac-core-0.iam.gserviceaccount.com"
      + role               = "roles/billing.costsManager"
    }

  # google_billing_account_iam_member.default["sa_pf_billing"] must be replaced
-/+ resource "google_billing_account_iam_member" "default" {
      ~ etag               = "BwYmc0X+Ez0=" -> (known after apply)
      ~ id                 = "017479-47ADAB-670295/roles/billing.user/serviceAccount:ldj-resman-pf-0@ldj-prod-iac-core-0.iam.gserviceaccount.com" -> (known after apply)
      ~ member             = "serviceAccount:ldj-resman-pf-0@ldj-prod-iac-core-0.iam.gserviceaccount.com" -> "serviceAccount:ldj-prod-resman-pf-0@ldj-prod-iac-core-0.iam.gserviceaccount.com" # forces replacement
        # (2 unchanged attributes hidden)
    }

  # google_billing_account_iam_member.default["sa_pf_costs_manager"] must be replaced
-/+ resource "google_billing_account_iam_member" "default" {
      ~ etag               = "BwYmc0X+Ez0=" -> (known after apply)
      ~ id                 = "017479-47ADAB-670295/roles/billing.costsManager/serviceAccount:ldj-resman-pf-0@ldj-prod-iac-core-0.iam.gserviceaccount.com" -> (known after apply)
      ~ member             = "serviceAccount:ldj-resman-pf-0@ldj-prod-iac-core-0.iam.gserviceaccount.com" -> "serviceAccount:ldj-prod-resman-pf-0@ldj-prod-iac-core-0.iam.gserviceaccount.com" # forces replacement
        # (2 unchanged attributes hidden)
    }

  # google_billing_account_iam_member.default["sa_sec_costs_manager"] will be created
  + resource "google_billing_account_iam_member" "default" {
      + billing_account_id = "017479-47ADAB-670295"
      + etag               = (known after apply)
      + id                 = (known after apply)
      + member             = "serviceAccount:ldj-prod-resman-sec-0@ldj-prod-iac-core-0.iam.gserviceaccount.com"
      + role               = "roles/billing.costsManager"
    }

  # google_storage_bucket_object.providers["2-project-factory"] will be updated in-place
  ~ resource "google_storage_bucket_object" "providers" {
      ~ content             = (sensitive value)
      ~ detect_md5hash      = "X+FZ4iNoDGSt2n9RT7X1lQ==" -> "different hash"
        id                  = "ldj-prod-iac-core-outputs-0-providers/2-project-factory-providers.tf"
        name                = "providers/2-project-factory-providers.tf"
        # (17 unchanged attributes hidden)
    }

  # google_storage_bucket_object.providers["2-project-factory-r"] will be updated in-place
  ~ resource "google_storage_bucket_object" "providers" {
      ~ content             = (sensitive value)
      ~ detect_md5hash      = "RYK4LCAf76ES56xeN2jRiA==" -> "different hash"
        id                  = "ldj-prod-iac-core-outputs-0-providers/2-project-factory-r-providers.tf"
        name                = "providers/2-project-factory-r-providers.tf"
        # (17 unchanged attributes hidden)
    }

  # google_storage_bucket_object.tfvars will be updated in-place
  ~ resource "google_storage_bucket_object" "tfvars" {
      ~ content             = (sensitive value)
      ~ detect_md5hash      = "e+wqxKjvNVohdQhzPauHzA==" -> "different hash"
        id                  = "ldj-prod-iac-core-outputs-0-tfvars/1-resman.auto.tfvars.json"
        name                = "tfvars/1-resman.auto.tfvars.json"
        # (17 unchanged attributes hidden)
    }

  # google_storage_bucket_object.workflows["2-project-factory"] will be updated in-place
  ~ resource "google_storage_bucket_object" "workflows" {
      ~ content             = (sensitive value)
      ~ detect_md5hash      = "ZsLtpzXLKWidFRXl9GIGcw==" -> "different hash"
        id                  = "ldj-prod-iac-core-outputs-0-workflows/2-project-factory-workflow.yaml"
        name                = "workflows/2-project-factory-workflow.yaml"
        # (16 unchanged attributes hidden)
    }

  # local_file.providers["2-project-factory"] must be replaced
-/+ resource "local_file" "providers" {
      ~ content              = <<-EOT # forces replacement
            /**
             * Copyright 2022 Google LLC
             *
             * Licensed under the Apache License, Version 2.0 (the "License");
             * you may not use this file except in compliance with the License.
             * You may obtain a copy of the License at
             *
             *      http://www.apache.org/licenses/LICENSE-2.0
             *
             * Unless required by applicable law or agreed to in writing, software
             * distributed under the License is distributed on an "AS IS" BASIS,
             * WITHOUT WARRANTIES OR CONDITIONS OF ANY KIND, either express or implied.
             * See the License for the specific language governing permissions and
             * limitations under the License.
             */
            
            terraform {
              backend "gcs" {
          -     bucket                      = "ldj-resman-pf-0"
          +     bucket                      = "ldj-prod-resman-pf-0"
          -     impersonate_service_account = "ldj-resman-pf-0@ldj-prod-iac-core-0.iam.gserviceaccount.com"
          +     impersonate_service_account = "ldj-prod-resman-pf-0@ldj-prod-iac-core-0.iam.gserviceaccount.com"
              }
            }
            provider "google" {
          -   impersonate_service_account = "ldj-resman-pf-0@ldj-prod-iac-core-0.iam.gserviceaccount.com"
          +   impersonate_service_account = "ldj-prod-resman-pf-0@ldj-prod-iac-core-0.iam.gserviceaccount.com"
            }
            provider "google-beta" {
          -   impersonate_service_account = "ldj-resman-pf-0@ldj-prod-iac-core-0.iam.gserviceaccount.com"
          +   impersonate_service_account = "ldj-prod-resman-pf-0@ldj-prod-iac-core-0.iam.gserviceaccount.com"
            }
            
          - # end provider.tf for project_factory
          + # end provider.tf for project-factory
        EOT
      ~ content_base64sha256 = "RIO9xm3jbO+sP+evAcIagiyqcezFhtfOsEM4UWRk3Dg=" -> (known after apply)
      ~ content_base64sha512 = "eWSMfkNAy5mfFjtixsxK/EvxZnd/A9kzX5Rh58KfQXNFRkxCIDzGfVfEt9aXnmOk83YYqvRajv+1gCjfT2xQvQ==" -> (known after apply)
      ~ content_md5          = "5fe159e223680c64adda7f514fb5f595" -> (known after apply)
      ~ content_sha1         = "1e9502dd0a21d711996bed637ed9927e35b70813" -> (known after apply)
      ~ content_sha256       = "4483bdc66de36cefac3fe7af01c21a822caa71ecc586d7ceb04338516464dc38" -> (known after apply)
      ~ content_sha512       = "79648c7e4340cb999f163b62c6cc4afc4bf166777f03d9335f9461e7c29f417345464c42203cc67d57c4b7d6979e63a4f37618aaf45a8effb58028df4f6c50bd" -> (known after apply)
      ~ id                   = "1e9502dd0a21d711996bed637ed9927e35b70813" -> (known after apply)
        # (3 unchanged attributes hidden)
    }

  # local_file.providers["2-project-factory-r"] must be replaced
-/+ resource "local_file" "providers" {
      ~ content              = <<-EOT # forces replacement
            /**
             * Copyright 2022 Google LLC
             *
             * Licensed under the Apache License, Version 2.0 (the "License");
             * you may not use this file except in compliance with the License.
             * You may obtain a copy of the License at
             *
             *      http://www.apache.org/licenses/LICENSE-2.0
             *
             * Unless required by applicable law or agreed to in writing, software
             * distributed under the License is distributed on an "AS IS" BASIS,
             * WITHOUT WARRANTIES OR CONDITIONS OF ANY KIND, either express or implied.
             * See the License for the specific language governing permissions and
             * limitations under the License.
             */
            
            terraform {
              backend "gcs" {
          -     bucket                      = "ldj-resman-pf-0"
          +     bucket                      = "ldj-prod-resman-pf-0"
          -     impersonate_service_account = "ldj-resman-pf-0r@ldj-prod-iac-core-0.iam.gserviceaccount.com"
          +     impersonate_service_account = "ldj-prod-resman-pf-0r@ldj-prod-iac-core-0.iam.gserviceaccount.com"
              }
            }
            provider "google" {
          -   impersonate_service_account = "ldj-resman-pf-0r@ldj-prod-iac-core-0.iam.gserviceaccount.com"
          +   impersonate_service_account = "ldj-prod-resman-pf-0r@ldj-prod-iac-core-0.iam.gserviceaccount.com"
            }
            provider "google-beta" {
          -   impersonate_service_account = "ldj-resman-pf-0r@ldj-prod-iac-core-0.iam.gserviceaccount.com"
          +   impersonate_service_account = "ldj-prod-resman-pf-0r@ldj-prod-iac-core-0.iam.gserviceaccount.com"
            }
            
          - # end provider.tf for project_factory
          + # end provider.tf for project-factory
        EOT
      ~ content_base64sha256 = "1xVLgxrGDfJofy4n0yXtPXmmQj2YdskmGaDAuddnMaE=" -> (known after apply)
      ~ content_base64sha512 = "IIluKjfnyP9VKXaQJC0TqE/NdQRL0TzZXxy+3kp/hodZp6qJm6alfdS5aki7jaWTv2/AhOcZJ6gjjJUlWusfOg==" -> (known after apply)
      ~ content_md5          = "4582b82c201fefa112e7ac5e3768d188" -> (known after apply)
      ~ content_sha1         = "751d766570b59e5bc70cb917e0df86342ae82e84" -> (known after apply)
      ~ content_sha256       = "d7154b831ac60df2687f2e27d325ed3d79a6423d9876c92619a0c0b9d76731a1" -> (known after apply)
      ~ content_sha512       = "20896e2a37e7c8ff55297690242d13a84fcd75044bd13cd95f1cbede4a7f868759a7aa899ba6a57dd4b96a48bb8da593bf6fc084e71927a8238c95255aeb1f3a" -> (known after apply)
      ~ id                   = "751d766570b59e5bc70cb917e0df86342ae82e84" -> (known after apply)
        # (3 unchanged attributes hidden)
    }

  # local_file.tfvars["1"] must be replaced
-/+ resource "local_file" "tfvars" {
      ~ content              = jsonencode(
          ~ {
              ~ service_accounts = {
                  - gcve-dev           = "ldj-dev-resman-gcve-0@ldj-prod-iac-core-0.iam.gserviceaccount.com"
                  - gcve-dev-r         = "ldj-dev-resman-gcve-0r@ldj-prod-iac-core-0.iam.gserviceaccount.com"
                  + gcve-dev-ro        = "ldj-dev-resman-gcve-0r@ldj-prod-iac-core-0.iam.gserviceaccount.com"
                  + gcve-dev-rw        = "ldj-dev-resman-gcve-0@ldj-prod-iac-core-0.iam.gserviceaccount.com"
                  - gke-dev            = "ldj-dev-resman-gke-0@ldj-prod-iac-core-0.iam.gserviceaccount.com"
                  - gke-dev-r          = "ldj-dev-resman-gke-0r@ldj-prod-iac-core-0.iam.gserviceaccount.com"
                  + gke-dev-ro         = "ldj-dev-resman-gke-0r@ldj-prod-iac-core-0.iam.gserviceaccount.com"
                  + gke-dev-rw         = "ldj-dev-resman-gke-0@ldj-prod-iac-core-0.iam.gserviceaccount.com"
                  - networking         = "ldj-prod-resman-net-0@ldj-prod-iac-core-0.iam.gserviceaccount.com"
                  - networking-r       = "ldj-prod-resman-net-0r@ldj-prod-iac-core-0.iam.gserviceaccount.com"
                  + networking-ro      = "ldj-prod-resman-net-0r@ldj-prod-iac-core-0.iam.gserviceaccount.com"
                  + networking-rw      = "ldj-prod-resman-net-0@ldj-prod-iac-core-0.iam.gserviceaccount.com"
                  - project-factory    = "ldj-resman-pf-0@ldj-prod-iac-core-0.iam.gserviceaccount.com"
                  - project-factory-r  = "ldj-resman-pf-0r@ldj-prod-iac-core-0.iam.gserviceaccount.com"
                  + project-factory-ro = "ldj-prod-resman-pf-0r@ldj-prod-iac-core-0.iam.gserviceaccount.com"
                  + project-factory-rw = "ldj-prod-resman-pf-0@ldj-prod-iac-core-0.iam.gserviceaccount.com"
                  - security           = "ldj-prod-resman-sec-0@ldj-prod-iac-core-0.iam.gserviceaccount.com"
                  - security-r         = "ldj-prod-resman-sec-0r@ldj-prod-iac-core-0.iam.gserviceaccount.com"
                  + security-ro        = "ldj-prod-resman-sec-0r@ldj-prod-iac-core-0.iam.gserviceaccount.com"
                  + security-rw        = "ldj-prod-resman-sec-0@ldj-prod-iac-core-0.iam.gserviceaccount.com"
                    # (2 unchanged attributes hidden)
                }
              ~ stage_config     = {
                  ~ networking      = {
                      + iam_admin_delegated      = [
                          + "serviceAccount:ldj-dev-resman-gcve-0@ldj-prod-iac-core-0.iam.gserviceaccount.com",
                        ]
                      - iam_delegated_principals = {
                          - dev  = [
                              - "serviceAccount:ldj-dev-resman-gcve-0@ldj-prod-iac-core-0.iam.gserviceaccount.com",
                              - "serviceAccount:ldj-dev-resman-gke-0@ldj-prod-iac-core-0.iam.gserviceaccount.com",
                            ]
                          - prod = []
                        }
                      + iam_viewer               = [
                          + "serviceAccount:ldj-dev-resman-gcve-0r@ldj-prod-iac-core-0.iam.gserviceaccount.com",
                        ]
                      - iam_viewer_principals    = {
                          - dev  = [
                              - "serviceAccount:ldj-dev-resman-gcve-0r@ldj-prod-iac-core-0.iam.gserviceaccount.com",
                              - "serviceAccount:ldj-dev-resman-gke-0r@ldj-prod-iac-core-0.iam.gserviceaccount.com",
                            ]
                          - prod = []
                        }
                        # (1 unchanged attribute hidden)
                    }
                  + project-factory = {
                      + iam_admin_delegated = []
                      + iam_viewer          = []
                      + short_name          = "pf"
                    }
                  - project_factory = {
                      - iam_delegated_principals = {
                          - dev  = []
                          - prod = []
                        }
                      - iam_viewer_principals    = {
                          - dev  = []
                          - prod = []
                        }
                      - short_name               = "pf"
                    }
                  ~ security        = {
                      + iam_admin_delegated      = []
                      - iam_delegated_principals = {
                          - dev  = []
                          - prod = []
                        }
                      + iam_viewer               = []
                      - iam_viewer_principals    = {
                          - dev  = []
                          - prod = []
                        }
                        # (1 unchanged attribute hidden)
                    }
                    # (2 unchanged attributes hidden)
                }
                # (4 unchanged attributes hidden)
            } # forces replacement
        )
      ~ content_base64sha256 = "AmrP8jQGYWHpAs0ufhYvNgpLeYhAo4C9aQ9JgotKRcQ=" -> (known after apply)
      ~ content_base64sha512 = "WTzUVllEdlqcT6gtHMzDBUW6ryme6xkREtUmFTo/7mxvzF/PkwHhMwEU+mgReHAGW8+jq1ENBw6f8AaT+xXQ8Q==" -> (known after apply)
      ~ content_md5          = "7bec2ac4a8ef355a217508733dab87cc" -> (known after apply)
      ~ content_sha1         = "6cfeb85c300372977cafa7fa7033b80cfbaca96f" -> (known after apply)
      ~ content_sha256       = "026acff234066161e902cd2e7e162f360a4b798840a380bd690f49828b4a45c4" -> (known after apply)
      ~ content_sha512       = "593cd4565944765a9c4fa82d1cccc30545baaf299eeb191112d526153a3fee6c6fcc5fcf9301e1330114fa68117870065bcfa3ab510d070e9ff00693fb15d0f1" -> (known after apply)
      ~ id                   = "6cfeb85c300372977cafa7fa7033b80cfbaca96f" -> (known after apply)
        # (3 unchanged attributes hidden)
    }

  # local_file.workflows["2-project-factory"] must be replaced
-/+ resource "local_file" "workflows" {
      ~ content              = <<-EOT # forces replacement
            # Copyright 2025 Google LLC
            #
            # Licensed under the Apache License, Version 2.0 (the "License");
            # you may not use this file except in compliance with the License.
            # You may obtain a copy of the License at
            #
            #      http://www.apache.org/licenses/LICENSE-2.0
            #
            # Unless required by applicable law or agreed to in writing, software
            # distributed under the License is distributed on an "AS IS" BASIS,
            # WITHOUT WARRANTIES OR CONDITIONS OF ANY KIND, either express or implied.
            # See the License for the specific language governing permissions and
            # limitations under the License.
            
          - name: "FAST project_factory stage"
          + name: "FAST project-factory stage"
            
            on:
              pull_request:
                branches:
                  - main
                types:
                  - closed
                  - opened
                  - synchronize
            
            env:
              FAST_SERVICE_ACCOUNT: ldj-prod-resman-pf-1@ldj-prod-iac-core-0.iam.gserviceaccount.com
              FAST_SERVICE_ACCOUNT_PLAN: ldj-prod-resman-pf-1r@ldj-prod-iac-core-0.iam.gserviceaccount.com
              FAST_WIF_PROVIDER: 
              SSH_AUTH_SOCK: /tmp/ssh_agent.sock
          -   TF_PROVIDERS_FILE: 2-project_factory-providers.tf
          -   TF_PROVIDERS_FILE_PLAN: 2-project_factory-r-providers.tf
          +   TF_PROVIDERS_FILE: 2-project-factory-providers.tf
          +   TF_PROVIDERS_FILE_PLAN: 2-project-factory-r-providers.tf
              TF_VERSION: 1.10.2
            
            jobs:
              fast-pr:
                # Skip PRs which are closed without being merged.
                if: >-
                  github.event.action == 'closed' && 
                  github.event.pull_request.merged == true ||
                  github.event.action == 'opened' ||
                  github.event.action == 'synchronize'
                permissions:
                  contents: read
                  id-token: write
                  issues: write
                  pull-requests: write
                runs-on: ubuntu-latest
                steps:
                  - id: checkout
                    name: Checkout repository
                    uses: actions/checkout@v4
            
                  # set up SSH key authentication to the modules repository
            
                  - id: ssh-config
                    name: Configure SSH authentication
                    run: |
                      ssh-agent -a "$SSH_AUTH_SOCK" > /dev/null
                      ssh-add - <<< "${{ secrets.CICD_MODULES_KEY }}"
            
                  # set up step variables for plan / apply
            
                  - id: vars-plan
                    if: github.event.pull_request.merged != true && success()
                    name: Set up plan variables
                    run: |
                      echo "plan_opts=-lock=false" >> "$GITHUB_ENV"
                      echo "provider_file=${{env.TF_PROVIDERS_FILE_PLAN}}" >> "$GITHUB_ENV"
                      echo "service_account=${{env.FAST_SERVICE_ACCOUNT_PLAN}}" >> "$GITHUB_ENV"
            
                  - id: vars-apply
                    if: github.event.pull_request.merged == true && success()
                    name: Set up apply variables
                    run: |
                      echo "provider_file=${{env.TF_PROVIDERS_FILE}}" >> "$GITHUB_ENV"
                      echo "service_account=${{env.FAST_SERVICE_ACCOUNT}}" >> "$GITHUB_ENV"
            
                  # set up authentication via Workload identity Federation and gcloud
            
                  - id: gcp-auth
                    name: Authenticate to Google Cloud
                    uses: google-github-actions/auth@v2
                    with:
                      workload_identity_provider: ${{env.FAST_WIF_PROVIDER}}
                      service_account: ${{env.service_account}}
                      access_token_lifetime: 900s
            
                  - id: gcp-sdk
                    name: Set up Cloud SDK
                    uses: google-github-actions/setup-gcloud@v2
                    with:
                      install_components: alpha
            
                  # copy provider file
            
                  - id: tf-config-provider
                    name: Copy Terraform provider file
                    run: |
                      gcloud storage cp -r \
                        "gs://ldj-prod-iac-core-outputs-0/providers/${{env.provider_file}}" ./
                      gcloud storage cp -r \
                        "gs://ldj-prod-iac-core-outputs-0/tfvars/0-bootstrap.auto.tfvars.json" ./
                      gcloud storage cp -r \
                        "gs://ldj-prod-iac-core-outputs-0/tfvars/1-resman.auto.tfvars.json" ./
                      gcloud storage cp -r \
                        "gs://ldj-prod-iac-core-outputs-0/tfvars/0-globals.auto.tfvars.json" ./
          -           gcloud storage cp -r \
          -             "gs://ldj-prod-iac-core-outputs-0/tfvars/2-networking.auto.tfvars.json" ./
            
                  - id: tf-setup
                    name: Set up Terraform
                    uses: hashicorp/setup-terraform@v3
                    with:
                      terraform_version: ${{env.TF_VERSION}}
            
                  # run Terraform init/validate/plan
            
                  - id: tf-init
                    name: Terraform init
                    continue-on-error: true
                    run: |
                      terraform init -no-color
            
                  - id: tf-validate
                    continue-on-error: true
                    name: Terraform validate
                    run: terraform validate -no-color
            
                  - id: tf-plan
                    name: Terraform plan
                    continue-on-error: true
                    run: |
                      terraform plan -input=false -out ../plan.out -no-color ${{env.plan_opts}}
            
                  - id: tf-apply
                    if: github.event.pull_request.merged == true && success()
                    name: Terraform apply
                    continue-on-error: true
                    run: |
                      terraform apply -input=false -auto-approve -no-color ../plan.out
            
                  # PR comment with Terraform result from previous steps
                  # length is checked and trimmed for length so as to stay within the limit
            
                  - id: pr-comment
                    name: Post comment to Pull Request
                    continue-on-error: true
                    uses: actions/github-script@v7
                    if: github.event_name == 'pull_request'
                    env:
                      PLAN: ${{steps.tf-plan.outputs.stdout}}\n${{steps.tf-plan.outputs.stderr}}
                    with:
                      script: |
                        const output = `### Terraform Initialization \`${{steps.tf-init.outcome}}\`
            
                        ### Terraform Validation \`${{steps.tf-validate.outcome}}\`
            
                        <details><summary>Validation Output</summary>
            
                        \`\`\`\n
                        ${{steps.tf-validate.outputs.stdout}}
                        \`\`\`
            
                        </details>
            
                        ### Terraform Plan \`${{steps.tf-plan.outcome}}\`
            
                        <details><summary>Show Plan</summary>
            
                        \`\`\`\n
                        ${process.env.PLAN.split('\n').filter(l => l.match(/^([A-Z\s].*|)$$/)).join('\n')}
                        \`\`\`
            
                        </details>
            
                        ### Terraform Apply \`${{steps.tf-apply.outcome}}\`
            
                        *Pusher: @${{github.actor}}, Action: \`${{github.event_name}}\`, Working Directory: \`${{env.tf_actions_working_dir}}\`, Workflow: \`${{github.workflow}}\`*`;
            
                        github.rest.issues.createComment({
                          issue_number: context.issue.number,
                          owner: context.repo.owner,
                          repo: context.repo.repo,
                          body: output
                        })
            
                  - id: pr-short-comment
                    name: Post comment to Pull Request (abbreviated)
                    uses: actions/github-script@v7
                    if: github.event_name == 'pull_request' && steps.pr-comment.outcome != 'success'
                    with:
                      script: |
                        const output = `### Terraform Initialization \`${{steps.tf-init.outcome}}\`
            
                        ### Terraform Validation \`${{steps.tf-validate.outcome}}\`
            
                        ### Terraform Plan \`${{steps.tf-plan.outcome}}\`
            
                        Plan output is in the action log.
            
                        ### Terraform Apply \`${{steps.tf-apply.outcome}}\`
            
                        *Pusher: @${{github.actor}}, Action: \`${{github.event_name}}\`, Working Directory: \`${{env.tf_actions_working_dir}}\`, Workflow: \`${{github.workflow}}\`*`;
            
                        github.rest.issues.createComment({
                          issue_number: context.issue.number,
                          owner: context.repo.owner,
                          repo: context.repo.repo,
                          body: output
                        })
            
                  # exit on error from previous steps
            
                  - id: check-init
                    name: Check init failure
                    if: steps.tf-init.outcome != 'success'
                    run: exit 1
            
                  - id: check-validate
                    name: Check validate failure
                    if: steps.tf-validate.outcome != 'success'
                    run: exit 1
            
                  - id: check-plan
                    name: Check plan failure
                    if: steps.tf-plan.outcome != 'success'
                    run: exit 1
            
                  - id: check-apply
                    name: Check apply failure
                    if: github.event.pull_request.merged == true && steps.tf-apply.outcome != 'success'
                    run: exit 1
        EOT
      ~ content_base64sha256 = "QbiXyoXhfp6gr/wvV+EhJuBXUqd+uu2mIm4J6zco4rY=" -> (known after apply)
      ~ content_base64sha512 = "iB8VDgZesifEE7v2c5OfCYGYfH8bQ7X/MBKk6P9nGYxrKsgSs6AwbY9e6WPI/eUcGwzHm2AUy4DFaMIEcqObVQ==" -> (known after apply)
      ~ content_md5          = "66c2eda735cb29689d1515e5f4620673" -> (known after apply)
      ~ content_sha1         = "0b3c13e6a21c26f2a6eb00a5ec5483ad2a62ed67" -> (known after apply)
      ~ content_sha256       = "41b897ca85e17e9ea0affc2f57e12126e05752a77ebaeda6226e09eb3728e2b6" -> (known after apply)
      ~ content_sha512       = "881f150e065eb227c413bbf673939f0981987c7f1b43b5ff3012a4e8ff67198c6b2ac812b3a0306d8f5ee963c8fde51c1b0cc79b6014cb80c568c20472a39b55" -> (known after apply)
      ~ id                   = "0b3c13e6a21c26f2a6eb00a5ec5483ad2a62ed67" -> (known after apply)
        # (3 unchanged attributes hidden)
    }

  # module.cicd-sa-ro["project-factory"].google_project_iam_member.project-roles["ldj-prod-iac-core-0-roles/logging.logWriter"] will be created
  + resource "google_project_iam_member" "project-roles" {
      + etag    = (known after apply)
      + id      = (known after apply)
      + member  = (known after apply)
      + project = "ldj-prod-iac-core-0"
      + role    = "roles/logging.logWriter"
    }

  # module.cicd-sa-ro["project-factory"].google_service_account.service_account[0] will be created
  + resource "google_service_account" "service_account" {
      + account_id   = "ldj-prod-resman-pf-1r"
      + disabled     = false
      + display_name = "CI/CD 2-pf prod service account (read-only)."
      + email        = "ldj-prod-resman-pf-1r@ldj-prod-iac-core-0.iam.gserviceaccount.com"
      + id           = (known after apply)
      + member       = "serviceAccount:ldj-prod-resman-pf-1r@ldj-prod-iac-core-0.iam.gserviceaccount.com"
      + name         = (known after apply)
      + project      = "ldj-prod-iac-core-0"
      + unique_id    = (known after apply)
    }

  # module.cicd-sa-ro["project-factory"].google_service_account_iam_binding.authoritative["roles/iam.workloadIdentityUser"] will be created
  + resource "google_service_account_iam_binding" "authoritative" {
      + etag               = (known after apply)
      + id                 = (known after apply)
      + members            = [
          + "principalSet://iam.googleapis.com/projects/1067134626166/locations/global/workloadIdentityPools/ldj-bootstrap/attribute.repository/ludomagno/project-factory",
        ]
      + role               = "roles/iam.workloadIdentityUser"
      + service_account_id = (known after apply)
    }

  # module.cicd-sa-ro["project-factory"].google_storage_bucket_iam_member.bucket-roles["ldj-prod-iac-core-outputs-0-roles/storage.objectViewer"] will be created
  + resource "google_storage_bucket_iam_member" "bucket-roles" {
      + bucket = "ldj-prod-iac-core-outputs-0"
      + etag   = (known after apply)
      + id     = (known after apply)
      + member = (known after apply)
      + role   = "roles/storage.objectViewer"
    }

  # module.cicd-sa-ro["project_factory"].google_project_iam_member.project-roles["ldj-prod-iac-core-0-roles/logging.logWriter"] will be destroyed
  # (because module.cicd-sa-ro["project_factory"] is not in configuration)
  - resource "google_project_iam_member" "project-roles" {
      - etag    = "BwYqyTiW5iA=" -> null
      - id      = "ldj-prod-iac-core-0/roles/logging.logWriter/serviceAccount:ldj-prod-resman-pf-1r@ldj-prod-iac-core-0.iam.gserviceaccount.com" -> null
      - member  = "serviceAccount:ldj-prod-resman-pf-1r@ldj-prod-iac-core-0.iam.gserviceaccount.com" -> null
      - project = "ldj-prod-iac-core-0" -> null
      - role    = "roles/logging.logWriter" -> null
    }

  # module.cicd-sa-ro["project_factory"].google_service_account.service_account[0] will be destroyed
  # (because module.cicd-sa-ro["project_factory"] is not in configuration)
  - resource "google_service_account" "service_account" {
      - account_id   = "ldj-prod-resman-pf-1r" -> null
      - disabled     = false -> null
      - display_name = "CI/CD 2-pf prod service account (read-only)." -> null
      - email        = "ldj-prod-resman-pf-1r@ldj-prod-iac-core-0.iam.gserviceaccount.com" -> null
      - id           = "projects/ldj-prod-iac-core-0/serviceAccounts/ldj-prod-resman-pf-1r@ldj-prod-iac-core-0.iam.gserviceaccount.com" -> null
      - member       = "serviceAccount:ldj-prod-resman-pf-1r@ldj-prod-iac-core-0.iam.gserviceaccount.com" -> null
      - name         = "projects/ldj-prod-iac-core-0/serviceAccounts/ldj-prod-resman-pf-1r@ldj-prod-iac-core-0.iam.gserviceaccount.com" -> null
      - project      = "ldj-prod-iac-core-0" -> null
      - unique_id    = "100717387879057062463" -> null
        # (1 unchanged attribute hidden)
    }

  # module.cicd-sa-ro["project_factory"].google_service_account_iam_binding.authoritative["roles/iam.workloadIdentityUser"] will be destroyed
  # (because module.cicd-sa-ro["project_factory"] is not in configuration)
  - resource "google_service_account_iam_binding" "authoritative" {
      - etag               = "BwYqyThdaSQ=" -> null
      - id                 = "projects/ldj-prod-iac-core-0/serviceAccounts/ldj-prod-resman-pf-1r@ldj-prod-iac-core-0.iam.gserviceaccount.com/roles/iam.workloadIdentityUser" -> null
      - members            = [
          - "principalSet://iam.googleapis.com/projects/1067134626166/locations/global/workloadIdentityPools/ldj-bootstrap/attribute.repository/ludomagno/project-factory",
        ] -> null
      - role               = "roles/iam.workloadIdentityUser" -> null
      - service_account_id = "projects/ldj-prod-iac-core-0/serviceAccounts/ldj-prod-resman-pf-1r@ldj-prod-iac-core-0.iam.gserviceaccount.com" -> null
    }

  # module.cicd-sa-ro["project_factory"].google_storage_bucket_iam_member.bucket-roles["ldj-prod-iac-core-outputs-0-roles/storage.objectViewer"] will be destroyed
  # (because module.cicd-sa-ro["project_factory"] is not in configuration)
  - resource "google_storage_bucket_iam_member" "bucket-roles" {
      - bucket = "b/ldj-prod-iac-core-outputs-0" -> null
      - etag   = "CI4B" -> null
      - id     = "b/ldj-prod-iac-core-outputs-0/roles/storage.objectViewer/serviceAccount:ldj-prod-resman-pf-1r@ldj-prod-iac-core-0.iam.gserviceaccount.com" -> null
      - member = "serviceAccount:ldj-prod-resman-pf-1r@ldj-prod-iac-core-0.iam.gserviceaccount.com" -> null
      - role   = "roles/storage.objectViewer" -> null
    }

  # module.cicd-sa-rw["project-factory"].google_project_iam_member.project-roles["ldj-prod-iac-core-0-roles/logging.logWriter"] will be created
  + resource "google_project_iam_member" "project-roles" {
      + etag    = (known after apply)
      + id      = (known after apply)
      + member  = (known after apply)
      + project = "ldj-prod-iac-core-0"
      + role    = "roles/logging.logWriter"
    }

  # module.cicd-sa-rw["project-factory"].google_service_account.service_account[0] will be created
  + resource "google_service_account" "service_account" {
      + account_id   = "ldj-prod-resman-pf-1"
      + disabled     = false
      + display_name = "CI/CD 2-pf prod service account."
      + email        = "ldj-prod-resman-pf-1@ldj-prod-iac-core-0.iam.gserviceaccount.com"
      + id           = (known after apply)
      + member       = "serviceAccount:ldj-prod-resman-pf-1@ldj-prod-iac-core-0.iam.gserviceaccount.com"
      + name         = (known after apply)
      + project      = "ldj-prod-iac-core-0"
      + unique_id    = (known after apply)
    }

  # module.cicd-sa-rw["project-factory"].google_service_account_iam_binding.authoritative["roles/iam.workloadIdentityUser"] will be created
  + resource "google_service_account_iam_binding" "authoritative" {
      + etag               = (known after apply)
      + id                 = (known after apply)
      + members            = [
          + "principalSet://iam.googleapis.com/projects/1067134626166/locations/global/workloadIdentityPools/ldj-bootstrap/attribute.repository/ludomagno/project-factory",
        ]
      + role               = "roles/iam.workloadIdentityUser"
      + service_account_id = (known after apply)
    }

  # module.cicd-sa-rw["project-factory"].google_storage_bucket_iam_member.bucket-roles["ldj-prod-iac-core-outputs-0-roles/storage.objectViewer"] will be created
  + resource "google_storage_bucket_iam_member" "bucket-roles" {
      + bucket = "ldj-prod-iac-core-outputs-0"
      + etag   = (known after apply)
      + id     = (known after apply)
      + member = (known after apply)
      + role   = "roles/storage.objectViewer"
    }

  # module.cicd-sa-rw["project_factory"].google_project_iam_member.project-roles["ldj-prod-iac-core-0-roles/logging.logWriter"] will be destroyed
  # (because module.cicd-sa-rw["project_factory"] is not in configuration)
  - resource "google_project_iam_member" "project-roles" {
      - etag    = "BwYqyTiW5iA=" -> null
      - id      = "ldj-prod-iac-core-0/roles/logging.logWriter/serviceAccount:ldj-prod-resman-pf-1@ldj-prod-iac-core-0.iam.gserviceaccount.com" -> null
      - member  = "serviceAccount:ldj-prod-resman-pf-1@ldj-prod-iac-core-0.iam.gserviceaccount.com" -> null
      - project = "ldj-prod-iac-core-0" -> null
      - role    = "roles/logging.logWriter" -> null
    }

  # module.cicd-sa-rw["project_factory"].google_service_account.service_account[0] will be destroyed
  # (because module.cicd-sa-rw["project_factory"] is not in configuration)
  - resource "google_service_account" "service_account" {
      - account_id   = "ldj-prod-resman-pf-1" -> null
      - disabled     = false -> null
      - display_name = "CI/CD 2-pf prod service account." -> null
      - email        = "ldj-prod-resman-pf-1@ldj-prod-iac-core-0.iam.gserviceaccount.com" -> null
      - id           = "projects/ldj-prod-iac-core-0/serviceAccounts/ldj-prod-resman-pf-1@ldj-prod-iac-core-0.iam.gserviceaccount.com" -> null
      - member       = "serviceAccount:ldj-prod-resman-pf-1@ldj-prod-iac-core-0.iam.gserviceaccount.com" -> null
      - name         = "projects/ldj-prod-iac-core-0/serviceAccounts/ldj-prod-resman-pf-1@ldj-prod-iac-core-0.iam.gserviceaccount.com" -> null
      - project      = "ldj-prod-iac-core-0" -> null
      - unique_id    = "109243090000279850127" -> null
        # (1 unchanged attribute hidden)
    }

  # module.cicd-sa-rw["project_factory"].google_service_account_iam_binding.authoritative["roles/iam.workloadIdentityUser"] will be destroyed
  # (because module.cicd-sa-rw["project_factory"] is not in configuration)
  - resource "google_service_account_iam_binding" "authoritative" {
      - etag               = "BwYqyThiNJs=" -> null
      - id                 = "projects/ldj-prod-iac-core-0/serviceAccounts/ldj-prod-resman-pf-1@ldj-prod-iac-core-0.iam.gserviceaccount.com/roles/iam.workloadIdentityUser" -> null
      - members            = [
          - "principalSet://iam.googleapis.com/projects/1067134626166/locations/global/workloadIdentityPools/ldj-bootstrap/attribute.repository/ludomagno/project-factory",
        ] -> null
      - role               = "roles/iam.workloadIdentityUser" -> null
      - service_account_id = "projects/ldj-prod-iac-core-0/serviceAccounts/ldj-prod-resman-pf-1@ldj-prod-iac-core-0.iam.gserviceaccount.com" -> null
    }

  # module.cicd-sa-rw["project_factory"].google_storage_bucket_iam_member.bucket-roles["ldj-prod-iac-core-outputs-0-roles/storage.objectViewer"] will be destroyed
  # (because module.cicd-sa-rw["project_factory"] is not in configuration)
  - resource "google_storage_bucket_iam_member" "bucket-roles" {
      - bucket = "b/ldj-prod-iac-core-outputs-0" -> null
      - etag   = "CI4B" -> null
      - id     = "b/ldj-prod-iac-core-outputs-0/roles/storage.objectViewer/serviceAccount:ldj-prod-resman-pf-1@ldj-prod-iac-core-0.iam.gserviceaccount.com" -> null
      - member = "serviceAccount:ldj-prod-resman-pf-1@ldj-prod-iac-core-0.iam.gserviceaccount.com" -> null
      - role   = "roles/storage.objectViewer" -> null
    }

  # module.organization[0].google_organization_iam_member.bindings["sa_net_net_ro_ngfw_enterprise_viewer"] will be destroyed
  # (because key ["sa_net_net_ro_ngfw_enterprise_viewer"] is not in for_each map)
  - resource "google_organization_iam_member" "bindings" {
      - etag   = "BwYqyTpzsMk=" -> null
      - id     = "366118655033/organizations/366118655033/roles/ngfwEnterpriseViewer/serviceAccount:ldj-prod-resman-net-0r@ldj-prod-iac-core-0.iam.gserviceaccount.com" -> null
      - member = "serviceAccount:ldj-prod-resman-net-0r@ldj-prod-iac-core-0.iam.gserviceaccount.com" -> null
      - org_id = "366118655033" -> null
      - role   = "organizations/366118655033/roles/ngfwEnterpriseViewer" -> null
    }

  # module.organization[0].google_organization_iam_member.bindings["sa_net_ro_ngfw_enterprise_viewer"] will be created
  + resource "google_organization_iam_member" "bindings" {
      + etag   = (known after apply)
      + id     = (known after apply)
      + member = "serviceAccount:ldj-prod-resman-net-0r@ldj-prod-iac-core-0.iam.gserviceaccount.com"
      + org_id = "366118655033"
      + role   = "organizations/366118655033/roles/ngfwEnterpriseViewer"
    }

  # module.organization[0].google_organization_iam_member.bindings["sa_pf_conditional_org_policy"] must be replaced
-/+ resource "google_organization_iam_member" "bindings" {
      ~ etag   = "BwYl1S2ETis=" -> (known after apply)
      ~ id     = <<-EOT
            366118655033/roles/orgpolicy.policyAdmin/serviceAccount:ldj-resman-pf-0@ldj-prod-iac-core-0.iam.gserviceaccount.com/org_policy_tag_pf_scoped/Org policy tag scoped grant for project factory./resource.matchTag('366118655033/context', 'project-factory')
        EOT -> (known after apply)
      ~ member = "serviceAccount:ldj-resman-pf-0@ldj-prod-iac-core-0.iam.gserviceaccount.com" -> "serviceAccount:ldj-prod-resman-pf-0@ldj-prod-iac-core-0.iam.gserviceaccount.com" # forces replacement
        # (2 unchanged attributes hidden)

        # (1 unchanged block hidden)
    }

  # module.organization[0].google_tags_tag_value_iam_binding.default["environment/development:roles/resourcemanager.tagUser"] will be updated in-place
  ~ resource "google_tags_tag_value_iam_binding" "default" {
        id        = "tagValues/1028757044334/roles/resourcemanager.tagUser"
      ~ members   = [
          - "serviceAccount:ldj-resman-pf-0@ldj-prod-iac-core-0.iam.gserviceaccount.com",
          + "serviceAccount:ldj-prod-resman-pf-0@ldj-prod-iac-core-0.iam.gserviceaccount.com",
            # (2 unchanged elements hidden)
        ]
        # (3 unchanged attributes hidden)
    }

  # module.organization[0].google_tags_tag_value_iam_binding.default["environment/development:roles/resourcemanager.tagViewer"] will be updated in-place
  ~ resource "google_tags_tag_value_iam_binding" "default" {
        id        = "tagValues/1028757044334/roles/resourcemanager.tagViewer"
      ~ members   = [
          - "serviceAccount:ldj-resman-pf-0r@ldj-prod-iac-core-0.iam.gserviceaccount.com",
          + "serviceAccount:ldj-prod-resman-pf-0r@ldj-prod-iac-core-0.iam.gserviceaccount.com",
            # (2 unchanged elements hidden)
        ]
        # (3 unchanged attributes hidden)
    }

  # module.organization[0].google_tags_tag_value_iam_binding.default["environment/production:roles/resourcemanager.tagUser"] will be updated in-place
  ~ resource "google_tags_tag_value_iam_binding" "default" {
        id        = "tagValues/1067159199641/roles/resourcemanager.tagUser"
      ~ members   = [
          - "serviceAccount:ldj-resman-pf-0@ldj-prod-iac-core-0.iam.gserviceaccount.com",
          + "serviceAccount:ldj-prod-resman-pf-0@ldj-prod-iac-core-0.iam.gserviceaccount.com",
            # (2 unchanged elements hidden)
        ]
        # (3 unchanged attributes hidden)
    }

  # module.organization[0].google_tags_tag_value_iam_binding.default["environment/production:roles/resourcemanager.tagViewer"] will be updated in-place
  ~ resource "google_tags_tag_value_iam_binding" "default" {
        id        = "tagValues/1067159199641/roles/resourcemanager.tagViewer"
      ~ members   = [
          - "serviceAccount:ldj-resman-pf-0r@ldj-prod-iac-core-0.iam.gserviceaccount.com",
          + "serviceAccount:ldj-prod-resman-pf-0r@ldj-prod-iac-core-0.iam.gserviceaccount.com",
            # (2 unchanged elements hidden)
        ]
        # (3 unchanged attributes hidden)
    }

  # module.net-bucket[0].google_storage_bucket.bucket[0] has moved to module.stage2-bucket["networking"].google_storage_bucket.bucket[0]
    resource "google_storage_bucket" "bucket" {
        id                          = "ldj-prod-resman-net-0"
        name                        = "ldj-prod-resman-net-0"
        # (16 unchanged attributes hidden)

        # (2 unchanged blocks hidden)
    }

  # module.net-bucket[0].google_storage_bucket_iam_binding.authoritative["roles/storage.objectAdmin"] has moved to module.stage2-bucket["networking"].google_storage_bucket_iam_binding.authoritative["roles/storage.objectAdmin"]
    resource "google_storage_bucket_iam_binding" "authoritative" {
        id      = "b/ldj-prod-resman-net-0/roles/storage.objectAdmin"
        # (4 unchanged attributes hidden)
    }

  # module.net-bucket[0].google_storage_bucket_iam_binding.authoritative["roles/storage.objectViewer"] has moved to module.stage2-bucket["networking"].google_storage_bucket_iam_binding.authoritative["roles/storage.objectViewer"]
    resource "google_storage_bucket_iam_binding" "authoritative" {
        id      = "b/ldj-prod-resman-net-0/roles/storage.objectViewer"
        # (4 unchanged attributes hidden)
    }

  # module.stage2-bucket["project-factory"].google_storage_bucket.bucket[0] must be replaced
  # (moved from module.pf-bucket[0].google_storage_bucket.bucket[0])
-/+ resource "google_storage_bucket" "bucket" {
      - default_event_based_hold    = false -> null
      ~ effective_labels            = {
          + "goog-terraform-provisioned" = "true"
        }
      - enable_object_retention     = false -> null
      ~ id                          = "ldj-resman-pf-0" -> (known after apply)
      - labels                      = {} -> null
      ~ name                        = "ldj-resman-pf-0" -> "ldj-prod-resman-pf-0" # forces replacement
      ~ project_number              = 1067134626166 -> (known after apply)
      ~ public_access_prevention    = "inherited" -> (known after apply)
      - requester_pays              = false -> null
      ~ rpo                         = "DEFAULT" -> (known after apply)
      ~ self_link                   = "https://www.googleapis.com/storage/v1/b/ldj-resman-pf-0" -> (known after apply)
      ~ terraform_labels            = {
          + "goog-terraform-provisioned" = "true"
        }
      ~ url                         = "gs://ldj-resman-pf-0" -> (known after apply)
        # (5 unchanged attributes hidden)

      ~ soft_delete_policy (known after apply)
      - soft_delete_policy {
          - effective_time             = "2024-06-11T11:29:35.401Z" -> null
          - retention_duration_seconds = 604800 -> null
        }

      ~ website (known after apply)

        # (1 unchanged block hidden)
    }

  # module.stage2-bucket["project-factory"].google_storage_bucket_iam_binding.authoritative["roles/storage.objectAdmin"] must be replaced
  # (moved from module.pf-bucket[0].google_storage_bucket_iam_binding.authoritative["roles/storage.objectAdmin"])
-/+ resource "google_storage_bucket_iam_binding" "authoritative" {
      ~ bucket  = "b/ldj-resman-pf-0" -> "ldj-prod-resman-pf-0" # forces replacement
      ~ etag    = "CAM=" -> (known after apply)
      ~ id      = "b/ldj-resman-pf-0/roles/storage.objectAdmin" -> (known after apply)
      ~ members = [
          - "serviceAccount:ldj-resman-pf-0@ldj-prod-iac-core-0.iam.gserviceaccount.com",
          + "serviceAccount:ldj-prod-resman-pf-0@ldj-prod-iac-core-0.iam.gserviceaccount.com",
        ]
        # (1 unchanged attribute hidden)
    }

  # module.stage2-bucket["project-factory"].google_storage_bucket_iam_binding.authoritative["roles/storage.objectViewer"] must be replaced
  # (moved from module.pf-bucket[0].google_storage_bucket_iam_binding.authoritative["roles/storage.objectViewer"])
-/+ resource "google_storage_bucket_iam_binding" "authoritative" {
      ~ bucket  = "b/ldj-resman-pf-0" -> "ldj-prod-resman-pf-0" # forces replacement
      ~ etag    = "CAM=" -> (known after apply)
      ~ id      = "b/ldj-resman-pf-0/roles/storage.objectViewer" -> (known after apply)
      ~ members = [
          - "serviceAccount:ldj-resman-pf-0r@ldj-prod-iac-core-0.iam.gserviceaccount.com",
          + "serviceAccount:ldj-prod-resman-pf-0r@ldj-prod-iac-core-0.iam.gserviceaccount.com",
        ]
        # (1 unchanged attribute hidden)
    }

  # module.sec-bucket[0].google_storage_bucket.bucket[0] has moved to module.stage2-bucket["security"].google_storage_bucket.bucket[0]
    resource "google_storage_bucket" "bucket" {
        id                          = "ldj-prod-resman-sec-0"
        name                        = "ldj-prod-resman-sec-0"
        # (16 unchanged attributes hidden)

        # (2 unchanged blocks hidden)
    }

  # module.sec-bucket[0].google_storage_bucket_iam_binding.authoritative["roles/storage.objectAdmin"] has moved to module.stage2-bucket["security"].google_storage_bucket_iam_binding.authoritative["roles/storage.objectAdmin"]
    resource "google_storage_bucket_iam_binding" "authoritative" {
        id      = "b/ldj-prod-resman-sec-0/roles/storage.objectAdmin"
        # (4 unchanged attributes hidden)
    }

  # module.sec-bucket[0].google_storage_bucket_iam_binding.authoritative["roles/storage.objectViewer"] has moved to module.stage2-bucket["security"].google_storage_bucket_iam_binding.authoritative["roles/storage.objectViewer"]
    resource "google_storage_bucket_iam_binding" "authoritative" {
        id      = "b/ldj-prod-resman-sec-0/roles/storage.objectViewer"
        # (4 unchanged attributes hidden)
    }

  # module.net-folder[0].google_folder.folder[0] has moved to module.stage2-folder["networking"].google_folder.folder[0]
    resource "google_folder" "folder" {
        id                  = "folders/843203210689"
        name                = "folders/843203210689"
        # (6 unchanged attributes hidden)
    }

  # module.stage2-folder["networking"].google_folder_iam_binding.authoritative["organizations/366118655033/roles/projectIamViewer"] will be updated in-place
  # (moved from module.net-folder[0].google_folder_iam_binding.authoritative["organizations/366118655033/roles/projectIamViewer"])
  ~ resource "google_folder_iam_binding" "authoritative" {
        id      = "folders/843203210689/organizations/366118655033/roles/projectIamViewer"
      ~ members = [
          - "serviceAccount:ldj-resman-pf-0r@ldj-prod-iac-core-0.iam.gserviceaccount.com",
          + "serviceAccount:ldj-prod-resman-pf-0r@ldj-prod-iac-core-0.iam.gserviceaccount.com",
        ]
        # (3 unchanged attributes hidden)
    }

  # module.stage2-folder["networking"].google_folder_iam_binding.authoritative["organizations/366118655033/roles/serviceProjectNetworkAdmin"] will be updated in-place
  # (moved from module.net-folder[0].google_folder_iam_binding.authoritative["organizations/366118655033/roles/serviceProjectNetworkAdmin"])
  ~ resource "google_folder_iam_binding" "authoritative" {
        id      = "folders/843203210689/organizations/366118655033/roles/serviceProjectNetworkAdmin"
      ~ members = [
          - "serviceAccount:ldj-resman-pf-0@ldj-prod-iac-core-0.iam.gserviceaccount.com",
          + "serviceAccount:ldj-prod-resman-pf-0@ldj-prod-iac-core-0.iam.gserviceaccount.com",
        ]
        # (3 unchanged attributes hidden)
    }

  # module.stage2-folder["networking"].google_folder_iam_binding.authoritative["roles/compute.networkViewer"] will be updated in-place
  # (moved from module.net-folder[0].google_folder_iam_binding.authoritative["roles/compute.networkViewer"])
  ~ resource "google_folder_iam_binding" "authoritative" {
        id      = "folders/843203210689/roles/compute.networkViewer"
      ~ members = [
          - "serviceAccount:ldj-resman-pf-0r@ldj-prod-iac-core-0.iam.gserviceaccount.com",
          + "serviceAccount:ldj-prod-resman-pf-0r@ldj-prod-iac-core-0.iam.gserviceaccount.com",
        ]
        # (3 unchanged attributes hidden)
    }

  # module.net-folder[0].google_folder_iam_binding.authoritative["roles/compute.xpnAdmin"] has moved to module.stage2-folder["networking"].google_folder_iam_binding.authoritative["roles/compute.xpnAdmin"]
    resource "google_folder_iam_binding" "authoritative" {
        id      = "folders/843203210689/roles/compute.xpnAdmin"
        # (4 unchanged attributes hidden)
    }

  # module.net-folder[0].google_folder_iam_binding.authoritative["roles/editor"] has moved to module.stage2-folder["networking"].google_folder_iam_binding.authoritative["roles/editor"]
    resource "google_folder_iam_binding" "authoritative" {
        id      = "folders/843203210689/roles/editor"
        # (4 unchanged attributes hidden)
    }

  # module.net-folder[0].google_folder_iam_binding.authoritative["roles/logging.admin"] has moved to module.stage2-folder["networking"].google_folder_iam_binding.authoritative["roles/logging.admin"]
    resource "google_folder_iam_binding" "authoritative" {
        id      = "folders/843203210689/roles/logging.admin"
        # (4 unchanged attributes hidden)
    }

  # module.net-folder[0].google_folder_iam_binding.authoritative["roles/owner"] has moved to module.stage2-folder["networking"].google_folder_iam_binding.authoritative["roles/owner"]
    resource "google_folder_iam_binding" "authoritative" {
        id      = "folders/843203210689/roles/owner"
        # (4 unchanged attributes hidden)
    }

  # module.net-folder[0].google_folder_iam_binding.authoritative["roles/resourcemanager.folderAdmin"] has moved to module.stage2-folder["networking"].google_folder_iam_binding.authoritative["roles/resourcemanager.folderAdmin"]
    resource "google_folder_iam_binding" "authoritative" {
        id      = "folders/843203210689/roles/resourcemanager.folderAdmin"
        # (4 unchanged attributes hidden)
    }

  # module.net-folder[0].google_folder_iam_binding.authoritative["roles/resourcemanager.folderViewer"] has moved to module.stage2-folder["networking"].google_folder_iam_binding.authoritative["roles/resourcemanager.folderViewer"]
    resource "google_folder_iam_binding" "authoritative" {
        id      = "folders/843203210689/roles/resourcemanager.folderViewer"
        # (4 unchanged attributes hidden)
    }

  # module.net-folder[0].google_folder_iam_binding.authoritative["roles/resourcemanager.projectCreator"] has moved to module.stage2-folder["networking"].google_folder_iam_binding.authoritative["roles/resourcemanager.projectCreator"]
    resource "google_folder_iam_binding" "authoritative" {
        id      = "folders/843203210689/roles/resourcemanager.projectCreator"
        # (4 unchanged attributes hidden)
    }

  # module.net-folder[0].google_folder_iam_binding.authoritative["roles/resourcemanager.tagUser"] has moved to module.stage2-folder["networking"].google_folder_iam_binding.authoritative["roles/resourcemanager.tagUser"]
    resource "google_folder_iam_binding" "authoritative" {
        id      = "folders/843203210689/roles/resourcemanager.tagUser"
        # (4 unchanged attributes hidden)
    }

  # module.net-folder[0].google_folder_iam_binding.authoritative["roles/resourcemanager.tagViewer"] has moved to module.stage2-folder["networking"].google_folder_iam_binding.authoritative["roles/resourcemanager.tagViewer"]
    resource "google_folder_iam_binding" "authoritative" {
        id      = "folders/843203210689/roles/resourcemanager.tagViewer"
        # (4 unchanged attributes hidden)
    }

  # module.stage2-folder["networking"].google_folder_iam_binding.authoritative["roles/serviceusage.serviceUsageAdmin"] will be destroyed
  # (because key ["roles/serviceusage.serviceUsageAdmin"] is not in for_each map)
  # (moved from module.net-folder[0].google_folder_iam_binding.authoritative["roles/serviceusage.serviceUsageAdmin"])
  - resource "google_folder_iam_binding" "authoritative" {
      - etag    = "BwYl1SyIm6Q=" -> null
      - folder  = "folders/843203210689" -> null
      - id      = "folders/843203210689/roles/serviceusage.serviceUsageAdmin" -> null
      - members = [
          - "serviceAccount:ldj-prod-resman-sec-0@ldj-prod-iac-core-0.iam.gserviceaccount.com",
        ] -> null
      - role    = "roles/serviceusage.serviceUsageAdmin" -> null
    }

  # module.stage2-folder["networking"].google_folder_iam_binding.authoritative["roles/serviceusage.serviceUsageConsumer"] will be destroyed
  # (because key ["roles/serviceusage.serviceUsageConsumer"] is not in for_each map)
  # (moved from module.net-folder[0].google_folder_iam_binding.authoritative["roles/serviceusage.serviceUsageConsumer"])
  - resource "google_folder_iam_binding" "authoritative" {
      - etag    = "BwYl1SyIm6Q=" -> null
      - folder  = "folders/843203210689" -> null
      - id      = "folders/843203210689/roles/serviceusage.serviceUsageConsumer" -> null
      - members = [
          - "serviceAccount:ldj-prod-resman-sec-0r@ldj-prod-iac-core-0.iam.gserviceaccount.com",
        ] -> null
      - role    = "roles/serviceusage.serviceUsageConsumer" -> null
    }

  # module.net-folder[0].google_folder_iam_binding.authoritative["roles/viewer"] has moved to module.stage2-folder["networking"].google_folder_iam_binding.authoritative["roles/viewer"]
    resource "google_folder_iam_binding" "authoritative" {
        id      = "folders/843203210689/roles/viewer"
        # (4 unchanged attributes hidden)
    }

  # module.stage2-folder["networking"].google_folder_iam_binding.bindings["organizations/366118655033/roles/gcveNetworkAdmin:development"] will be destroyed
  # (because key ["organizations/366118655033/roles/gcveNetworkAdmin:development"] is not in for_each map)
  # (moved from module.net-folder[0].google_folder_iam_binding.bindings["organizations/366118655033/roles/gcveNetworkAdmin:development"])
  - resource "google_folder_iam_binding" "bindings" {
      - etag    = "BwYl1SyIm6Q=" -> null
      - folder  = "folders/843203210689" -> null
      - id      = <<-EOT
            folders/843203210689/organizations/366118655033/roles/gcveNetworkAdmin/stage 3 development//resource.matchTag(
              '366118655033/environment',
              'development'
            )
        EOT -> null
      - members = [
          - "serviceAccount:ldj-dev-resman-gcve-0@ldj-prod-iac-core-0.iam.gserviceaccount.com",
        ] -> null
      - role    = "organizations/366118655033/roles/gcveNetworkAdmin" -> null

      - condition {
          - expression  = <<-EOT
                resource.matchTag(
                  '366118655033/environment',
                  'development'
                )
            EOT -> null
          - title       = "stage 3 development" -> null
            # (1 unchanged attribute hidden)
        }
    }

  # module.stage2-folder["networking"].google_folder_iam_binding.bindings["organizations/366118655033/roles/gcveNetworkViewer:development"] will be destroyed
  # (because key ["organizations/366118655033/roles/gcveNetworkViewer:development"] is not in for_each map)
  # (moved from module.net-folder[0].google_folder_iam_binding.bindings["organizations/366118655033/roles/gcveNetworkViewer:development"])
  - resource "google_folder_iam_binding" "bindings" {
      - etag    = "BwYl1SyIm6Q=" -> null
      - folder  = "folders/843203210689" -> null
      - id      = <<-EOT
            folders/843203210689/organizations/366118655033/roles/gcveNetworkViewer/stage 3 development//resource.matchTag(
              '366118655033/environment',
              'development'
            )
        EOT -> null
      - members = [
          - "serviceAccount:ldj-dev-resman-gcve-0r@ldj-prod-iac-core-0.iam.gserviceaccount.com",
        ] -> null
      - role    = "organizations/366118655033/roles/gcveNetworkViewer" -> null

      - condition {
          - expression  = <<-EOT
                resource.matchTag(
                  '366118655033/environment',
                  'development'
                )
            EOT -> null
          - title       = "stage 3 development" -> null
            # (1 unchanged attribute hidden)
        }
    }

  # module.stage2-folder["networking"].google_folder_iam_binding.bindings["pf_delegated_grant"] will be destroyed
  # (because key ["pf_delegated_grant"] is not in for_each map)
  # (moved from module.net-folder[0].google_folder_iam_binding.bindings["pf_delegated_grant"])
  - resource "google_folder_iam_binding" "bindings" {
      - etag    = "BwYl1SyIm6Q=" -> null
      - folder  = "folders/843203210689" -> null
      - id      = "folders/843203210689/roles/resourcemanager.projectIamAdmin/project factory project delegated admin/Project factory delegated grant./api.getAttribute('iam.googleapis.com/modifiedGrantsByRole', []).hasOnly(['roles/compute.networkUser', 'roles/composer.sharedVpcAgent', 'roles/container.hostServiceAgentUser', 'roles/vpcaccess.user'])" -> null
      - members = [
          - "serviceAccount:ldj-resman-pf-0@ldj-prod-iac-core-0.iam.gserviceaccount.com",
        ] -> null
      - role    = "roles/resourcemanager.projectIamAdmin" -> null

      - condition {
          - description = "Project factory delegated grant." -> null
          - expression  = "api.getAttribute('iam.googleapis.com/modifiedGrantsByRole', []).hasOnly(['roles/compute.networkUser', 'roles/composer.sharedVpcAgent', 'roles/container.hostServiceAgentUser', 'roles/vpcaccess.user'])" -> null
          - title       = "project factory project delegated admin" -> null
        }
    }

  # module.stage2-folder["networking"].google_folder_iam_binding.bindings["project_factory"] will be created
  + resource "google_folder_iam_binding" "bindings" {
      + etag    = (known after apply)
      + folder  = "folders/843203210689"
      + id      = (known after apply)
      + members = [
          + "serviceAccount:ldj-prod-resman-pf-0@ldj-prod-iac-core-0.iam.gserviceaccount.com",
        ]
      + role    = "roles/resourcemanager.projectIamAdmin"

      + condition {
          + expression = <<-EOT
                api.getAttribute('iam.googleapis.com/modifiedGrantsByRole', []).hasOnly([
                  'roles/compute.networkUser', 'roles/composer.sharedVpcAgent',
                  'roles/container.hostServiceAgentUser', 'roles/vpcaccess.user'
                ])
            EOT
          + title      = "Project factory delegated IAM grant."
        }
    }

  # module.stage2-folder["networking"].google_folder_iam_binding.bindings["roles/dns.admin:development"] will be destroyed
  # (because key ["roles/dns.admin:development"] is not in for_each map)
  # (moved from module.net-folder[0].google_folder_iam_binding.bindings["roles/dns.admin:development"])
  - resource "google_folder_iam_binding" "bindings" {
      - etag    = "BwYl1SyIm6Q=" -> null
      - folder  = "folders/843203210689" -> null
      - id      = <<-EOT
            folders/843203210689/roles/dns.admin/stage 3 development//resource.matchTag(
              '366118655033/environment',
              'development'
            )
        EOT -> null
      - members = [
          - "serviceAccount:ldj-dev-resman-gke-0@ldj-prod-iac-core-0.iam.gserviceaccount.com",
        ] -> null
      - role    = "roles/dns.admin" -> null

      - condition {
          - expression  = <<-EOT
                resource.matchTag(
                  '366118655033/environment',
                  'development'
                )
            EOT -> null
          - title       = "stage 3 development" -> null
            # (1 unchanged attribute hidden)
        }
    }

  # module.stage2-folder["networking"].google_folder_iam_binding.bindings["roles/dns.reader:development"] will be destroyed
  # (because key ["roles/dns.reader:development"] is not in for_each map)
  # (moved from module.net-folder[0].google_folder_iam_binding.bindings["roles/dns.reader:development"])
  - resource "google_folder_iam_binding" "bindings" {
      - etag    = "BwYl1SyIm6Q=" -> null
      - folder  = "folders/843203210689" -> null
      - id      = <<-EOT
            folders/843203210689/roles/dns.reader/stage 3 development//resource.matchTag(
              '366118655033/environment',
              'development'
            )
        EOT -> null
      - members = [
          - "serviceAccount:ldj-dev-resman-gke-0r@ldj-prod-iac-core-0.iam.gserviceaccount.com",
        ] -> null
      - role    = "roles/dns.reader" -> null

      - condition {
          - expression  = <<-EOT
                resource.matchTag(
                  '366118655033/environment',
                  'development'
                )
            EOT -> null
          - title       = "stage 3 development" -> null
            # (1 unchanged attribute hidden)
        }
    }

  # module.stage2-folder["networking"].google_folder_iam_member.bindings["gcve_dev_net_admin"] will be created
  + resource "google_folder_iam_member" "bindings" {
      + etag   = (known after apply)
      + folder = "folders/843203210689"
      + id     = (known after apply)
      + member = "serviceAccount:ldj-dev-resman-gcve-0@ldj-prod-iac-core-0.iam.gserviceaccount.com"
      + role   = "organizations/366118655033/roles/gcveNetworkAdmin"

      + condition {
          + expression = <<-EOT
                resource.matchTag('366118655033/environment', 'development')
            EOT
          + title      = "GCVE dev network admin."
        }
    }

  # module.stage2-folder["networking"].google_folder_iam_member.bindings["gcve_dev_net_viewer"] will be created
  + resource "google_folder_iam_member" "bindings" {
      + etag   = (known after apply)
      + folder = "folders/843203210689"
      + id     = (known after apply)
      + member = "serviceAccount:ldj-dev-resman-gcve-0r@ldj-prod-iac-core-0.iam.gserviceaccount.com"
      + role   = "organizations/366118655033/roles/gcveNetworkViewer"

      + condition {
          + expression = <<-EOT
                resource.matchTag('366118655033/environment', 'development')
            EOT
          + title      = "GCVE dev network viewer."
        }
    }

  # module.stage2-folder["networking"].google_folder_iam_member.bindings["gke_dns_admin"] will be created
  + resource "google_folder_iam_member" "bindings" {
      + etag   = (known after apply)
      + folder = "folders/843203210689"
      + id     = (known after apply)
      + member = "serviceAccount:ldj-dev-resman-gke-0r@ldj-prod-iac-core-0.iam.gserviceaccount.com"
      + role   = "roles/dns.admin"

      + condition {
          + expression = <<-EOT
                resource.matchTag('366118655033/environment', 'development')
            EOT
          + title      = "GKE dev DNS admin."
        }
    }

  # module.stage2-folder["networking"].google_folder_iam_member.bindings["gke_dns_reader"] will be created
  + resource "google_folder_iam_member" "bindings" {
      + etag   = (known after apply)
      + folder = "folders/843203210689"
      + id     = (known after apply)
      + member = "serviceAccount:ldj-dev-resman-gke-0r@ldj-prod-iac-core-0.iam.gserviceaccount.com"
      + role   = "roles/dns.reader"

      + condition {
          + expression = <<-EOT
                resource.matchTag('366118655033/environment', 'development')
            EOT
          + title      = "GKE dev DNS reader."
        }
    }

  # module.net-folder[0].google_tags_tag_binding.binding["context"] has moved to module.stage2-folder["networking"].google_tags_tag_binding.binding["context"]
    resource "google_tags_tag_binding" "binding" {
        id        = "tagBindings/%2F%2Fcloudresourcemanager.googleapis.com%2Ffolders%2F843203210689/tagValues/1085868865377"
        name      = "%2F%2Fcloudresourcemanager.googleapis.com%2Ffolders%2F843203210689/tagValues/1085868865377"
        # (2 unchanged attributes hidden)
    }

  # module.sec-folder[0].google_folder.folder[0] has moved to module.stage2-folder["security"].google_folder.folder[0]
    resource "google_folder" "folder" {
        id                  = "folders/251257116248"
        name                = "folders/251257116248"
        # (6 unchanged attributes hidden)
    }

  # module.stage2-folder["security"].google_folder_iam_binding.authoritative["organizations/366118655033/roles/projectIamViewer"] will be updated in-place
  # (moved from module.sec-folder[0].google_folder_iam_binding.authoritative["organizations/366118655033/roles/projectIamViewer"])
  ~ resource "google_folder_iam_binding" "authoritative" {
        id      = "folders/251257116248/organizations/366118655033/roles/projectIamViewer"
      ~ members = [
          - "serviceAccount:ldj-resman-pf-0r@ldj-prod-iac-core-0.iam.gserviceaccount.com",
          + "serviceAccount:ldj-prod-resman-pf-0r@ldj-prod-iac-core-0.iam.gserviceaccount.com",
        ]
        # (3 unchanged attributes hidden)
    }

  # module.stage2-folder["security"].google_folder_iam_binding.authoritative["roles/cloudkms.cryptoKeyEncrypterDecrypter"] will be updated in-place
  # (moved from module.sec-folder[0].google_folder_iam_binding.authoritative["roles/cloudkms.cryptoKeyEncrypterDecrypter"])
  ~ resource "google_folder_iam_binding" "authoritative" {
        id      = "folders/251257116248/roles/cloudkms.cryptoKeyEncrypterDecrypter"
      ~ members = [
          - "serviceAccount:ldj-resman-pf-0@ldj-prod-iac-core-0.iam.gserviceaccount.com",
          + "serviceAccount:ldj-prod-resman-pf-0@ldj-prod-iac-core-0.iam.gserviceaccount.com",
        ]
        # (3 unchanged attributes hidden)
    }

  # module.stage2-folder["security"].google_folder_iam_binding.authoritative["roles/cloudkms.viewer"] will be updated in-place
  # (moved from module.sec-folder[0].google_folder_iam_binding.authoritative["roles/cloudkms.viewer"])
  ~ resource "google_folder_iam_binding" "authoritative" {
        id      = "folders/251257116248/roles/cloudkms.viewer"
      ~ members = [
          - "serviceAccount:ldj-resman-pf-0r@ldj-prod-iac-core-0.iam.gserviceaccount.com",
          + "serviceAccount:ldj-prod-resman-pf-0r@ldj-prod-iac-core-0.iam.gserviceaccount.com",
        ]
        # (3 unchanged attributes hidden)
    }

  # module.sec-folder[0].google_folder_iam_binding.authoritative["roles/editor"] has moved to module.stage2-folder["security"].google_folder_iam_binding.authoritative["roles/editor"]
    resource "google_folder_iam_binding" "authoritative" {
        id      = "folders/251257116248/roles/editor"
        # (4 unchanged attributes hidden)
    }

  # module.sec-folder[0].google_folder_iam_binding.authoritative["roles/logging.admin"] has moved to module.stage2-folder["security"].google_folder_iam_binding.authoritative["roles/logging.admin"]
    resource "google_folder_iam_binding" "authoritative" {
        id      = "folders/251257116248/roles/logging.admin"
        # (4 unchanged attributes hidden)
    }

  # module.sec-folder[0].google_folder_iam_binding.authoritative["roles/owner"] has moved to module.stage2-folder["security"].google_folder_iam_binding.authoritative["roles/owner"]
    resource "google_folder_iam_binding" "authoritative" {
        id      = "folders/251257116248/roles/owner"
        # (4 unchanged attributes hidden)
    }

  # module.sec-folder[0].google_folder_iam_binding.authoritative["roles/resourcemanager.folderAdmin"] has moved to module.stage2-folder["security"].google_folder_iam_binding.authoritative["roles/resourcemanager.folderAdmin"]
    resource "google_folder_iam_binding" "authoritative" {
        id      = "folders/251257116248/roles/resourcemanager.folderAdmin"
        # (4 unchanged attributes hidden)
    }

  # module.sec-folder[0].google_folder_iam_binding.authoritative["roles/resourcemanager.folderViewer"] has moved to module.stage2-folder["security"].google_folder_iam_binding.authoritative["roles/resourcemanager.folderViewer"]
    resource "google_folder_iam_binding" "authoritative" {
        id      = "folders/251257116248/roles/resourcemanager.folderViewer"
        # (4 unchanged attributes hidden)
    }

  # module.sec-folder[0].google_folder_iam_binding.authoritative["roles/resourcemanager.projectCreator"] has moved to module.stage2-folder["security"].google_folder_iam_binding.authoritative["roles/resourcemanager.projectCreator"]
    resource "google_folder_iam_binding" "authoritative" {
        id      = "folders/251257116248/roles/resourcemanager.projectCreator"
        # (4 unchanged attributes hidden)
    }

  # module.stage2-folder["security"].google_folder_iam_binding.authoritative["roles/resourcemanager.tagUser"] will be updated in-place
  # (moved from module.sec-folder[0].google_folder_iam_binding.authoritative["roles/resourcemanager.tagUser"])
  ~ resource "google_folder_iam_binding" "authoritative" {
        id      = "folders/251257116248/roles/resourcemanager.tagUser"
      ~ members = [
          - "serviceAccount:ldj-prod-resman-net-0@ldj-prod-iac-core-0.iam.gserviceaccount.com",
          + "serviceAccount:ldj-prod-resman-sec-0@ldj-prod-iac-core-0.iam.gserviceaccount.com",
        ]
        # (3 unchanged attributes hidden)
    }

  # module.stage2-folder["security"].google_folder_iam_binding.authoritative["roles/resourcemanager.tagViewer"] will be updated in-place
  # (moved from module.sec-folder[0].google_folder_iam_binding.authoritative["roles/resourcemanager.tagViewer"])
  ~ resource "google_folder_iam_binding" "authoritative" {
        id      = "folders/251257116248/roles/resourcemanager.tagViewer"
      ~ members = [
          - "serviceAccount:ldj-prod-resman-net-0r@ldj-prod-iac-core-0.iam.gserviceaccount.com",
          + "serviceAccount:ldj-prod-resman-sec-0r@ldj-prod-iac-core-0.iam.gserviceaccount.com",
        ]
        # (3 unchanged attributes hidden)
    }

  # module.sec-folder[0].google_folder_iam_binding.authoritative["roles/viewer"] has moved to module.stage2-folder["security"].google_folder_iam_binding.authoritative["roles/viewer"]
    resource "google_folder_iam_binding" "authoritative" {
        id      = "folders/251257116248/roles/viewer"
        # (4 unchanged attributes hidden)
    }

  # module.stage2-folder["security"].google_folder_iam_binding.bindings["pf_delegated_grant"] must be replaced
  # (moved from module.sec-folder[0].google_folder_iam_binding.bindings["pf_delegated_grant"])
-/+ resource "google_folder_iam_binding" "bindings" {
      ~ etag    = "BwYlyC7iDXM=" -> (known after apply)
      ~ id      = "folders/251257116248/roles/resourcemanager.projectIamAdmin/pf_delegated_grant/Project factory delegated grant./api.getAttribute('iam.googleapis.com/modifiedGrantsByRole', []).hasOnly(['roles/cloudkms.cryptoKeyEncrypterDecrypter'])" -> (known after apply)
      ~ members = [
          - "serviceAccount:ldj-resman-pf-0@ldj-prod-iac-core-0.iam.gserviceaccount.com",
          + "serviceAccount:ldj-prod-resman-pf-0@ldj-prod-iac-core-0.iam.gserviceaccount.com",
        ]
        # (2 unchanged attributes hidden)

      ~ condition {
          - description = "Project factory delegated grant." -> null # forces replacement
          ~ expression  = <<-EOT # forces replacement
              - api.getAttribute('iam.googleapis.com/modifiedGrantsByRole', []).hasOnly(['roles/cloudkms.cryptoKeyEncrypterDecrypter'])
              + api.getAttribute('iam.googleapis.com/modifiedGrantsByRole', []).hasOnly([
              +   'roles/cloudkms.cryptoKeyEncrypterDecrypter'
              + ])
            EOT
          ~ title       = "pf_delegated_grant" -> "Project factory delegated IAM grant." # forces replacement
        }
    }

  # module.sec-folder[0].google_tags_tag_binding.binding["context"] has moved to module.stage2-folder["security"].google_tags_tag_binding.binding["context"]
    resource "google_tags_tag_binding" "binding" {
        id        = "tagBindings/%2F%2Fcloudresourcemanager.googleapis.com%2Ffolders%2F251257116248/tagValues/111937801763"
        name      = "%2F%2Fcloudresourcemanager.googleapis.com%2Ffolders%2F251257116248/tagValues/111937801763"
        # (2 unchanged attributes hidden)
    }

  # module.net-folder-envs["dev"].google_folder.folder[0] has moved to module.stage2-folder-env["networking-dev"].google_folder.folder[0]
    resource "google_folder" "folder" {
        id                  = "folders/835049949636"
        name                = "folders/835049949636"
        # (6 unchanged attributes hidden)
    }

  # module.net-folder-envs["dev"].google_tags_tag_binding.binding["environment"] has moved to module.stage2-folder-env["networking-dev"].google_tags_tag_binding.binding["environment"]
    resource "google_tags_tag_binding" "binding" {
        id        = "tagBindings/%2F%2Fcloudresourcemanager.googleapis.com%2Ffolders%2F835049949636/tagValues/1028757044334"
        name      = "%2F%2Fcloudresourcemanager.googleapis.com%2Ffolders%2F835049949636/tagValues/1028757044334"
        # (2 unchanged attributes hidden)
    }

  # module.net-folder-envs["prod"].google_folder.folder[0] has moved to module.stage2-folder-env["networking-prod"].google_folder.folder[0]
    resource "google_folder" "folder" {
        id                  = "folders/572160545943"
        name                = "folders/572160545943"
        # (6 unchanged attributes hidden)
    }

  # module.net-folder-envs["prod"].google_tags_tag_binding.binding["environment"] has moved to module.stage2-folder-env["networking-prod"].google_tags_tag_binding.binding["environment"]
    resource "google_tags_tag_binding" "binding" {
        id        = "tagBindings/%2F%2Fcloudresourcemanager.googleapis.com%2Ffolders%2F572160545943/tagValues/1067159199641"
        name      = "%2F%2Fcloudresourcemanager.googleapis.com%2Ffolders%2F572160545943/tagValues/1067159199641"
        # (2 unchanged attributes hidden)
    }

  # module.net-sa-ro[0].google_project_iam_member.project-roles["ldj-prod-iac-core-0-roles/serviceusage.serviceUsageConsumer"] has moved to module.stage2-sa-ro["networking"].google_project_iam_member.project-roles["ldj-prod-iac-core-0-roles/serviceusage.serviceUsageConsumer"]
    resource "google_project_iam_member" "project-roles" {
        id      = "ldj-prod-iac-core-0/roles/serviceusage.serviceUsageConsumer/serviceAccount:ldj-prod-resman-net-0r@ldj-prod-iac-core-0.iam.gserviceaccount.com"
        # (4 unchanged attributes hidden)
    }

  # module.net-sa-ro[0].google_service_account.service_account[0] has moved to module.stage2-sa-ro["networking"].google_service_account.service_account[0]
    resource "google_service_account" "service_account" {
        id           = "projects/ldj-prod-iac-core-0/serviceAccounts/ldj-prod-resman-net-0r@ldj-prod-iac-core-0.iam.gserviceaccount.com"
        name         = "projects/ldj-prod-iac-core-0/serviceAccounts/ldj-prod-resman-net-0r@ldj-prod-iac-core-0.iam.gserviceaccount.com"
        # (8 unchanged attributes hidden)
    }

  # module.stage2-sa-ro["networking"].google_service_account_iam_binding.authoritative["roles/iam.serviceAccountTokenCreator"] will be updated in-place
  # (moved from module.net-sa-ro[0].google_service_account_iam_binding.authoritative["roles/iam.serviceAccountTokenCreator"])
  ~ resource "google_service_account_iam_binding" "authoritative" {
        id                 = "projects/ldj-prod-iac-core-0/serviceAccounts/ldj-prod-resman-net-0r@ldj-prod-iac-core-0.iam.gserviceaccount.com/roles/iam.serviceAccountTokenCreator"
      ~ members            = [
          - "serviceAccount:ldj-prod-resman-net-1r@ldj-prod-iac-core-0.iam.gserviceaccount.com",
        ]
        # (3 unchanged attributes hidden)
    }

  # module.net-sa-ro[0].google_storage_bucket_iam_member.bucket-roles["ldj-prod-iac-core-outputs-0-organizations/366118655033/roles/storageViewer"] has moved to module.stage2-sa-ro["networking"].google_storage_bucket_iam_member.bucket-roles["ldj-prod-iac-core-outputs-0-organizations/366118655033/roles/storageViewer"]
    resource "google_storage_bucket_iam_member" "bucket-roles" {
        id     = "b/ldj-prod-iac-core-outputs-0/organizations/366118655033/roles/storageViewer/serviceAccount:ldj-prod-resman-net-0r@ldj-prod-iac-core-0.iam.gserviceaccount.com"
        # (4 unchanged attributes hidden)
    }

  # module.stage2-sa-ro["project-factory"].google_project_iam_member.project-roles["ldj-prod-iac-core-0-roles/serviceusage.serviceUsageConsumer"] must be replaced
  # (moved from module.pf-sa-ro[0].google_project_iam_member.project-roles["ldj-prod-iac-core-0-roles/serviceusage.serviceUsageConsumer"])
-/+ resource "google_project_iam_member" "project-roles" {
      ~ etag    = "BwYl1aaqnzQ=" -> (known after apply)
      ~ id      = "ldj-prod-iac-core-0/roles/serviceusage.serviceUsageConsumer/serviceAccount:ldj-resman-pf-0r@ldj-prod-iac-core-0.iam.gserviceaccount.com" -> (known after apply)
      ~ member  = "serviceAccount:ldj-resman-pf-0r@ldj-prod-iac-core-0.iam.gserviceaccount.com" -> (known after apply) # forces replacement
        # (2 unchanged attributes hidden)
    }

  # module.stage2-sa-ro["project-factory"].google_service_account.service_account[0] must be replaced
  # (moved from module.pf-sa-ro[0].google_service_account.service_account[0])
-/+ resource "google_service_account" "service_account" {
      ~ account_id   = "ldj-resman-pf-0r" -> "ldj-prod-resman-pf-0r" # forces replacement
      ~ display_name = "Terraform resman project factory main service account (read-only)." -> "Terraform resman project-factory service account (read-only)."
      ~ email        = "ldj-resman-pf-0r@ldj-prod-iac-core-0.iam.gserviceaccount.com" -> "ldj-prod-resman-pf-0r@ldj-prod-iac-core-0.iam.gserviceaccount.com"
      ~ id           = "projects/ldj-prod-iac-core-0/serviceAccounts/ldj-resman-pf-0r@ldj-prod-iac-core-0.iam.gserviceaccount.com" -> (known after apply)
      ~ member       = "serviceAccount:ldj-resman-pf-0r@ldj-prod-iac-core-0.iam.gserviceaccount.com" -> "serviceAccount:ldj-prod-resman-pf-0r@ldj-prod-iac-core-0.iam.gserviceaccount.com"
      ~ name         = "projects/ldj-prod-iac-core-0/serviceAccounts/ldj-resman-pf-0r@ldj-prod-iac-core-0.iam.gserviceaccount.com" -> (known after apply)
      ~ unique_id    = "111757941899489524155" -> (known after apply)
        # (3 unchanged attributes hidden)
    }

  # module.stage2-sa-ro["project-factory"].google_service_account_iam_binding.authoritative["roles/iam.serviceAccountTokenCreator"] must be replaced
  # (moved from module.pf-sa-ro[0].google_service_account_iam_binding.authoritative["roles/iam.serviceAccountTokenCreator"])
-/+ resource "google_service_account_iam_binding" "authoritative" {
      ~ etag               = "BwYqyThjGZM=" -> (known after apply)
      ~ id                 = "projects/ldj-prod-iac-core-0/serviceAccounts/ldj-resman-pf-0r@ldj-prod-iac-core-0.iam.gserviceaccount.com/roles/iam.serviceAccountTokenCreator" -> (known after apply)
      - members            = [
          - "serviceAccount:ldj-prod-resman-pf-1r@ldj-prod-iac-core-0.iam.gserviceaccount.com",
        ] -> null
      ~ service_account_id = "projects/ldj-prod-iac-core-0/serviceAccounts/ldj-resman-pf-0r@ldj-prod-iac-core-0.iam.gserviceaccount.com" -> (known after apply) # forces replacement
        # (1 unchanged attribute hidden)
    }

  # module.stage2-sa-ro["project-factory"].google_storage_bucket_iam_member.bucket-roles["ldj-prod-iac-core-outputs-0-organizations/366118655033/roles/storageViewer"] must be replaced
  # (moved from module.pf-sa-ro[0].google_storage_bucket_iam_member.bucket-roles["ldj-prod-iac-core-outputs-0-organizations/366118655033/roles/storageViewer"])
-/+ resource "google_storage_bucket_iam_member" "bucket-roles" {
      ~ bucket = "b/ldj-prod-iac-core-outputs-0" -> "ldj-prod-iac-core-outputs-0"
      ~ etag   = "CIEB" -> (known after apply)
      ~ id     = "b/ldj-prod-iac-core-outputs-0/organizations/366118655033/roles/storageViewer/serviceAccount:ldj-resman-pf-0r@ldj-prod-iac-core-0.iam.gserviceaccount.com" -> (known after apply)
      ~ member = "serviceAccount:ldj-resman-pf-0r@ldj-prod-iac-core-0.iam.gserviceaccount.com" -> (known after apply) # forces replacement
        # (1 unchanged attribute hidden)
    }

  # module.sec-sa-ro[0].google_project_iam_member.project-roles["ldj-prod-iac-core-0-roles/serviceusage.serviceUsageConsumer"] has moved to module.stage2-sa-ro["security"].google_project_iam_member.project-roles["ldj-prod-iac-core-0-roles/serviceusage.serviceUsageConsumer"]
    resource "google_project_iam_member" "project-roles" {
        id      = "ldj-prod-iac-core-0/roles/serviceusage.serviceUsageConsumer/serviceAccount:ldj-prod-resman-sec-0r@ldj-prod-iac-core-0.iam.gserviceaccount.com"
        # (4 unchanged attributes hidden)
    }

  # module.sec-sa-ro[0].google_service_account.service_account[0] has moved to module.stage2-sa-ro["security"].google_service_account.service_account[0]
    resource "google_service_account" "service_account" {
        id           = "projects/ldj-prod-iac-core-0/serviceAccounts/ldj-prod-resman-sec-0r@ldj-prod-iac-core-0.iam.gserviceaccount.com"
        name         = "projects/ldj-prod-iac-core-0/serviceAccounts/ldj-prod-resman-sec-0r@ldj-prod-iac-core-0.iam.gserviceaccount.com"
        # (8 unchanged attributes hidden)
    }

  # module.stage2-sa-ro["security"].google_service_account_iam_binding.authoritative["roles/iam.serviceAccountTokenCreator"] will be updated in-place
  # (moved from module.sec-sa-ro[0].google_service_account_iam_binding.authoritative["roles/iam.serviceAccountTokenCreator"])
  ~ resource "google_service_account_iam_binding" "authoritative" {
        id                 = "projects/ldj-prod-iac-core-0/serviceAccounts/ldj-prod-resman-sec-0r@ldj-prod-iac-core-0.iam.gserviceaccount.com/roles/iam.serviceAccountTokenCreator"
      ~ members            = [
          - "serviceAccount:ldj-prod-resman-sec-1r@ldj-prod-iac-core-0.iam.gserviceaccount.com",
        ]
        # (3 unchanged attributes hidden)
    }

  # module.sec-sa-ro[0].google_storage_bucket_iam_member.bucket-roles["ldj-prod-iac-core-outputs-0-organizations/366118655033/roles/storageViewer"] has moved to module.stage2-sa-ro["security"].google_storage_bucket_iam_member.bucket-roles["ldj-prod-iac-core-outputs-0-organizations/366118655033/roles/storageViewer"]
    resource "google_storage_bucket_iam_member" "bucket-roles" {
        id     = "b/ldj-prod-iac-core-outputs-0/organizations/366118655033/roles/storageViewer/serviceAccount:ldj-prod-resman-sec-0r@ldj-prod-iac-core-0.iam.gserviceaccount.com"
        # (4 unchanged attributes hidden)
    }

  # module.net-sa-rw[0].google_project_iam_member.project-roles["ldj-prod-iac-core-0-roles/serviceusage.serviceUsageConsumer"] has moved to module.stage2-sa-rw["networking"].google_project_iam_member.project-roles["ldj-prod-iac-core-0-roles/serviceusage.serviceUsageConsumer"]
    resource "google_project_iam_member" "project-roles" {
        id      = "ldj-prod-iac-core-0/roles/serviceusage.serviceUsageConsumer/serviceAccount:ldj-prod-resman-net-0@ldj-prod-iac-core-0.iam.gserviceaccount.com"
        # (4 unchanged attributes hidden)
    }

  # module.net-sa-rw[0].google_service_account.service_account[0] has moved to module.stage2-sa-rw["networking"].google_service_account.service_account[0]
    resource "google_service_account" "service_account" {
        id           = "projects/ldj-prod-iac-core-0/serviceAccounts/ldj-prod-resman-net-0@ldj-prod-iac-core-0.iam.gserviceaccount.com"
        name         = "projects/ldj-prod-iac-core-0/serviceAccounts/ldj-prod-resman-net-0@ldj-prod-iac-core-0.iam.gserviceaccount.com"
        # (8 unchanged attributes hidden)
    }

  # module.stage2-sa-rw["networking"].google_service_account_iam_binding.authoritative["roles/iam.serviceAccountTokenCreator"] will be updated in-place
  # (moved from module.net-sa-rw[0].google_service_account_iam_binding.authoritative["roles/iam.serviceAccountTokenCreator"])
  ~ resource "google_service_account_iam_binding" "authoritative" {
        id                 = "projects/ldj-prod-iac-core-0/serviceAccounts/ldj-prod-resman-net-0@ldj-prod-iac-core-0.iam.gserviceaccount.com/roles/iam.serviceAccountTokenCreator"
      ~ members            = [
          - "serviceAccount:ldj-prod-resman-net-1@ldj-prod-iac-core-0.iam.gserviceaccount.com",
        ]
        # (3 unchanged attributes hidden)
    }

  # module.net-sa-rw[0].google_storage_bucket_iam_member.bucket-roles["ldj-prod-iac-core-outputs-0-roles/storage.objectAdmin"] has moved to module.stage2-sa-rw["networking"].google_storage_bucket_iam_member.bucket-roles["ldj-prod-iac-core-outputs-0-roles/storage.objectAdmin"]
    resource "google_storage_bucket_iam_member" "bucket-roles" {
        id     = "b/ldj-prod-iac-core-outputs-0/roles/storage.objectAdmin/serviceAccount:ldj-prod-resman-net-0@ldj-prod-iac-core-0.iam.gserviceaccount.com"
        # (4 unchanged attributes hidden)
    }

  # module.stage2-sa-rw["project-factory"].google_project_iam_member.project-roles["ldj-prod-iac-core-0-roles/serviceusage.serviceUsageConsumer"] must be replaced
  # (moved from module.pf-sa-rw[0].google_project_iam_member.project-roles["ldj-prod-iac-core-0-roles/serviceusage.serviceUsageConsumer"])
-/+ resource "google_project_iam_member" "project-roles" {
      ~ etag    = "BwYl1aaqnzQ=" -> (known after apply)
      ~ id      = "ldj-prod-iac-core-0/roles/serviceusage.serviceUsageConsumer/serviceAccount:ldj-resman-pf-0@ldj-prod-iac-core-0.iam.gserviceaccount.com" -> (known after apply)
      ~ member  = "serviceAccount:ldj-resman-pf-0@ldj-prod-iac-core-0.iam.gserviceaccount.com" -> (known after apply) # forces replacement
        # (2 unchanged attributes hidden)
    }

  # module.stage2-sa-rw["project-factory"].google_service_account.service_account[0] must be replaced
  # (moved from module.pf-sa-rw[0].google_service_account.service_account[0])
-/+ resource "google_service_account" "service_account" {
      ~ account_id   = "ldj-resman-pf-0" -> "ldj-prod-resman-pf-0" # forces replacement
      ~ display_name = "Terraform resman project factory main service account." -> "Terraform resman project-factory service account."
      ~ email        = "ldj-resman-pf-0@ldj-prod-iac-core-0.iam.gserviceaccount.com" -> "ldj-prod-resman-pf-0@ldj-prod-iac-core-0.iam.gserviceaccount.com"
      ~ id           = "projects/ldj-prod-iac-core-0/serviceAccounts/ldj-resman-pf-0@ldj-prod-iac-core-0.iam.gserviceaccount.com" -> (known after apply)
      ~ member       = "serviceAccount:ldj-resman-pf-0@ldj-prod-iac-core-0.iam.gserviceaccount.com" -> "serviceAccount:ldj-prod-resman-pf-0@ldj-prod-iac-core-0.iam.gserviceaccount.com"
      ~ name         = "projects/ldj-prod-iac-core-0/serviceAccounts/ldj-resman-pf-0@ldj-prod-iac-core-0.iam.gserviceaccount.com" -> (known after apply)
      ~ unique_id    = "105558095773911439720" -> (known after apply)
        # (3 unchanged attributes hidden)
    }

  # module.stage2-sa-rw["project-factory"].google_service_account_iam_binding.authoritative["roles/iam.serviceAccountTokenCreator"] must be replaced
  # (moved from module.pf-sa-rw[0].google_service_account_iam_binding.authoritative["roles/iam.serviceAccountTokenCreator"])
-/+ resource "google_service_account_iam_binding" "authoritative" {
      ~ etag               = "BwYqyThge2Q=" -> (known after apply)
      ~ id                 = "projects/ldj-prod-iac-core-0/serviceAccounts/ldj-resman-pf-0@ldj-prod-iac-core-0.iam.gserviceaccount.com/roles/iam.serviceAccountTokenCreator" -> (known after apply)
      - members            = [
          - "serviceAccount:ldj-prod-resman-pf-1@ldj-prod-iac-core-0.iam.gserviceaccount.com",
        ] -> null
      ~ service_account_id = "projects/ldj-prod-iac-core-0/serviceAccounts/ldj-resman-pf-0@ldj-prod-iac-core-0.iam.gserviceaccount.com" -> (known after apply) # forces replacement
        # (1 unchanged attribute hidden)
    }

  # module.stage2-sa-rw["project-factory"].google_storage_bucket_iam_member.bucket-roles["ldj-prod-iac-core-outputs-0-roles/storage.objectAdmin"] must be replaced
  # (moved from module.pf-sa-rw[0].google_storage_bucket_iam_member.bucket-roles["ldj-prod-iac-core-outputs-0-roles/storage.objectAdmin"])
-/+ resource "google_storage_bucket_iam_member" "bucket-roles" {
      ~ bucket = "b/ldj-prod-iac-core-outputs-0" -> "ldj-prod-iac-core-outputs-0"
      ~ etag   = "CIEB" -> (known after apply)
      ~ id     = "b/ldj-prod-iac-core-outputs-0/roles/storage.objectAdmin/serviceAccount:ldj-resman-pf-0@ldj-prod-iac-core-0.iam.gserviceaccount.com" -> (known after apply)
      ~ member = "serviceAccount:ldj-resman-pf-0@ldj-prod-iac-core-0.iam.gserviceaccount.com" -> (known after apply) # forces replacement
        # (1 unchanged attribute hidden)
    }

  # module.sec-sa-rw[0].google_project_iam_member.project-roles["ldj-prod-iac-core-0-roles/serviceusage.serviceUsageConsumer"] has moved to module.stage2-sa-rw["security"].google_project_iam_member.project-roles["ldj-prod-iac-core-0-roles/serviceusage.serviceUsageConsumer"]
    resource "google_project_iam_member" "project-roles" {
        id      = "ldj-prod-iac-core-0/roles/serviceusage.serviceUsageConsumer/serviceAccount:ldj-prod-resman-sec-0@ldj-prod-iac-core-0.iam.gserviceaccount.com"
        # (4 unchanged attributes hidden)
    }

  # module.sec-sa-rw[0].google_service_account.service_account[0] has moved to module.stage2-sa-rw["security"].google_service_account.service_account[0]
    resource "google_service_account" "service_account" {
        id           = "projects/ldj-prod-iac-core-0/serviceAccounts/ldj-prod-resman-sec-0@ldj-prod-iac-core-0.iam.gserviceaccount.com"
        name         = "projects/ldj-prod-iac-core-0/serviceAccounts/ldj-prod-resman-sec-0@ldj-prod-iac-core-0.iam.gserviceaccount.com"
        # (8 unchanged attributes hidden)
    }

  # module.stage2-sa-rw["security"].google_service_account_iam_binding.authoritative["roles/iam.serviceAccountTokenCreator"] will be updated in-place
  # (moved from module.sec-sa-rw[0].google_service_account_iam_binding.authoritative["roles/iam.serviceAccountTokenCreator"])
  ~ resource "google_service_account_iam_binding" "authoritative" {
        id                 = "projects/ldj-prod-iac-core-0/serviceAccounts/ldj-prod-resman-sec-0@ldj-prod-iac-core-0.iam.gserviceaccount.com/roles/iam.serviceAccountTokenCreator"
      ~ members            = [
          - "serviceAccount:ldj-prod-resman-sec-1@ldj-prod-iac-core-0.iam.gserviceaccount.com",
        ]
        # (3 unchanged attributes hidden)
    }

  # module.sec-sa-rw[0].google_storage_bucket_iam_member.bucket-roles["ldj-prod-iac-core-outputs-0-roles/storage.objectAdmin"] has moved to module.stage2-sa-rw["security"].google_storage_bucket_iam_member.bucket-roles["ldj-prod-iac-core-outputs-0-roles/storage.objectAdmin"]
    resource "google_storage_bucket_iam_member" "bucket-roles" {
        id     = "b/ldj-prod-iac-core-outputs-0/roles/storage.objectAdmin/serviceAccount:ldj-prod-resman-sec-0@ldj-prod-iac-core-0.iam.gserviceaccount.com"
        # (4 unchanged attributes hidden)
    }

  # module.top-level-folder["teams"].google_folder_iam_binding.authoritative["organizations/366118655033/roles/serviceProjectNetworkAdmin"] will be updated in-place
  ~ resource "google_folder_iam_binding" "authoritative" {
        id      = "folders/551661226665/organizations/366118655033/roles/serviceProjectNetworkAdmin"
      ~ members = [
          - "serviceAccount:ldj-resman-pf-0@ldj-prod-iac-core-0.iam.gserviceaccount.com",
          + "serviceAccount:ldj-prod-resman-pf-0@ldj-prod-iac-core-0.iam.gserviceaccount.com",
        ]
        # (3 unchanged attributes hidden)
    }

  # module.top-level-folder["teams"].google_folder_iam_binding.authoritative["roles/owner"] will be updated in-place
  ~ resource "google_folder_iam_binding" "authoritative" {
        id      = "folders/551661226665/roles/owner"
      ~ members = [
          - "serviceAccount:ldj-resman-pf-0@ldj-prod-iac-core-0.iam.gserviceaccount.com",
          + "serviceAccount:ldj-prod-resman-pf-0@ldj-prod-iac-core-0.iam.gserviceaccount.com",
        ]
        # (3 unchanged attributes hidden)
    }

  # module.top-level-folder["teams"].google_folder_iam_binding.authoritative["roles/resourcemanager.folderAdmin"] will be updated in-place
  ~ resource "google_folder_iam_binding" "authoritative" {
        id      = "folders/551661226665/roles/resourcemanager.folderAdmin"
      ~ members = [
          - "serviceAccount:ldj-resman-pf-0@ldj-prod-iac-core-0.iam.gserviceaccount.com",
          + "serviceAccount:ldj-prod-resman-pf-0@ldj-prod-iac-core-0.iam.gserviceaccount.com",
        ]
        # (3 unchanged attributes hidden)
    }

  # module.top-level-folder["teams"].google_folder_iam_binding.authoritative["roles/resourcemanager.folderViewer"] will be updated in-place
  ~ resource "google_folder_iam_binding" "authoritative" {
        id      = "folders/551661226665/roles/resourcemanager.folderViewer"
      ~ members = [
          - "serviceAccount:ldj-resman-pf-0r@ldj-prod-iac-core-0.iam.gserviceaccount.com",
          + "serviceAccount:ldj-prod-resman-pf-0r@ldj-prod-iac-core-0.iam.gserviceaccount.com",
        ]
        # (3 unchanged attributes hidden)
    }

  # module.top-level-folder["teams"].google_folder_iam_binding.authoritative["roles/resourcemanager.projectCreator"] will be updated in-place
  ~ resource "google_folder_iam_binding" "authoritative" {
        id      = "folders/551661226665/roles/resourcemanager.projectCreator"
      ~ members = [
          - "serviceAccount:ldj-resman-pf-0@ldj-prod-iac-core-0.iam.gserviceaccount.com",
          + "serviceAccount:ldj-prod-resman-pf-0@ldj-prod-iac-core-0.iam.gserviceaccount.com",
        ]
        # (3 unchanged attributes hidden)
    }

  # module.top-level-folder["teams"].google_folder_iam_binding.authoritative["roles/resourcemanager.tagUser"] will be updated in-place
  ~ resource "google_folder_iam_binding" "authoritative" {
        id      = "folders/551661226665/roles/resourcemanager.tagUser"
      ~ members = [
          - "serviceAccount:ldj-resman-pf-0@ldj-prod-iac-core-0.iam.gserviceaccount.com",
          + "serviceAccount:ldj-prod-resman-pf-0@ldj-prod-iac-core-0.iam.gserviceaccount.com",
        ]
        # (3 unchanged attributes hidden)
    }

  # module.top-level-folder["teams"].google_folder_iam_binding.authoritative["roles/resourcemanager.tagViewer"] will be updated in-place
  ~ resource "google_folder_iam_binding" "authoritative" {
        id      = "folders/551661226665/roles/resourcemanager.tagViewer"
      ~ members = [
          - "serviceAccount:ldj-resman-pf-0r@ldj-prod-iac-core-0.iam.gserviceaccount.com",
          + "serviceAccount:ldj-prod-resman-pf-0r@ldj-prod-iac-core-0.iam.gserviceaccount.com",
        ]
        # (3 unchanged attributes hidden)
    }

  # module.top-level-folder["teams"].google_folder_iam_binding.authoritative["roles/viewer"] will be updated in-place
  ~ resource "google_folder_iam_binding" "authoritative" {
        id      = "folders/551661226665/roles/viewer"
      ~ members = [
          - "serviceAccount:ldj-resman-pf-0r@ldj-prod-iac-core-0.iam.gserviceaccount.com",
          + "serviceAccount:ldj-prod-resman-pf-0r@ldj-prod-iac-core-0.iam.gserviceaccount.com",
        ]
        # (3 unchanged attributes hidden)
    }

Plan: 35 to add, 28 to change, 35 to destroy.

Changes to Outputs:
  ~ cicd_repositories = {
      + project-factory = {
          + provider   = "projects/1067134626166/locations/global/workloadIdentityPools/ldj-bootstrap/providers/ldj-bootstrap-github-ludomagno"
          + repository = {
              + branch = null
              + name   = "ludomagno/project-factory"
              + type   = "github"
            }
        }
      - project_factory = {
          - provider   = "projects/1067134626166/locations/global/workloadIdentityPools/ldj-bootstrap/providers/ldj-bootstrap-github-ludomagno"
          - repository = {
              - branch = null
              - name   = "ludomagno/project-factory"
              - type   = "github"
            }
        }
        # (2 unchanged attributes hidden)
    }
  ~ providers         = (sensitive value)
  ~ tfvars            = (sensitive value)

Warning: Value for undeclared variable

The root module does not declare a variable named "billing" but a value was found in file "0-bootstrap.auto.tfvars.json". If you meant to use this value, add a "variable"
block to the configuration.

To silence these warnings, use TF_VAR_... environment variables to provide certain "global" settings to all configurations in your organization. To reduce the verbosity of
these warnings, use the -compact-warnings option.

Warning: Value for undeclared variable

The root module does not declare a variable named "org_policy_tags" but a value was found in file "0-bootstrap.auto.tfvars.json". If you meant to use this value, add a
"variable" block to the configuration.

To silence these warnings, use TF_VAR_... environment variables to provide certain "global" settings to all configurations in your organization. To reduce the verbosity of
these warnings, use the -compact-warnings option.

─────────────────────────────────────────────────────────────────────────────

Note: You didn't use the -out option to save this plan, so Terraform can't
guarantee to take exactly these actions if you run "terraform apply" now.
