
Terraform used the selected providers to generate the following execution
plan. Resource actions are indicated with the following symbols:
  + create
  ~ update in-place
  - destroy
-/+ destroy and then create replacement

Terraform will perform the following actions:

  # google_billing_account_iam_member.billing_ext_costsmanager["serviceAccount:ldj-dev-resman-dp-0@ldj-prod-iac-core-0.iam.gserviceaccount.com"] will be destroyed
  # (because google_billing_account_iam_member.billing_ext_costsmanager is not in configuration)
  - resource "google_billing_account_iam_member" "billing_ext_costsmanager" {
      - billing_account_id = "017479-47ADAB-670295" -> null
      - etag               = "BwYgANfU8zg=" -> null
      - id                 = "017479-47ADAB-670295/roles/billing.costsManager/serviceAccount:ldj-dev-resman-dp-0@ldj-prod-iac-core-0.iam.gserviceaccount.com" -> null
      - member             = "serviceAccount:ldj-dev-resman-dp-0@ldj-prod-iac-core-0.iam.gserviceaccount.com" -> null
      - role               = "roles/billing.costsManager" -> null
    }

  # google_billing_account_iam_member.billing_ext_costsmanager["serviceAccount:ldj-dev-resman-gke-0@ldj-prod-iac-core-0.iam.gserviceaccount.com"] will be destroyed
  # (because google_billing_account_iam_member.billing_ext_costsmanager is not in configuration)
  - resource "google_billing_account_iam_member" "billing_ext_costsmanager" {
      - billing_account_id = "017479-47ADAB-670295" -> null
      - etag               = "BwYgANfU8zg=" -> null
      - id                 = "017479-47ADAB-670295/roles/billing.costsManager/serviceAccount:ldj-dev-resman-gke-0@ldj-prod-iac-core-0.iam.gserviceaccount.com" -> null
      - member             = "serviceAccount:ldj-dev-resman-gke-0@ldj-prod-iac-core-0.iam.gserviceaccount.com" -> null
      - role               = "roles/billing.costsManager" -> null
    }

  # google_billing_account_iam_member.billing_ext_costsmanager["serviceAccount:ldj-dev-resman-pf-0@ldj-prod-iac-core-0.iam.gserviceaccount.com"] will be destroyed
  # (because google_billing_account_iam_member.billing_ext_costsmanager is not in configuration)
  - resource "google_billing_account_iam_member" "billing_ext_costsmanager" {
      - billing_account_id = "017479-47ADAB-670295" -> null
      - etag               = "BwYgANfU8zg=" -> null
      - id                 = "017479-47ADAB-670295/roles/billing.costsManager/serviceAccount:ldj-dev-resman-pf-0@ldj-prod-iac-core-0.iam.gserviceaccount.com" -> null
      - member             = "serviceAccount:ldj-dev-resman-pf-0@ldj-prod-iac-core-0.iam.gserviceaccount.com" -> null
      - role               = "roles/billing.costsManager" -> null
    }

  # google_billing_account_iam_member.billing_ext_costsmanager["serviceAccount:ldj-prod-resman-dp-0@ldj-prod-iac-core-0.iam.gserviceaccount.com"] will be destroyed
  # (because google_billing_account_iam_member.billing_ext_costsmanager is not in configuration)
  - resource "google_billing_account_iam_member" "billing_ext_costsmanager" {
      - billing_account_id = "017479-47ADAB-670295" -> null
      - etag               = "BwYgANfU8zg=" -> null
      - id                 = "017479-47ADAB-670295/roles/billing.costsManager/serviceAccount:ldj-prod-resman-dp-0@ldj-prod-iac-core-0.iam.gserviceaccount.com" -> null
      - member             = "serviceAccount:ldj-prod-resman-dp-0@ldj-prod-iac-core-0.iam.gserviceaccount.com" -> null
      - role               = "roles/billing.costsManager" -> null
    }

  # google_billing_account_iam_member.billing_ext_costsmanager["serviceAccount:ldj-prod-resman-gke-0@ldj-prod-iac-core-0.iam.gserviceaccount.com"] will be destroyed
  # (because google_billing_account_iam_member.billing_ext_costsmanager is not in configuration)
  - resource "google_billing_account_iam_member" "billing_ext_costsmanager" {
      - billing_account_id = "017479-47ADAB-670295" -> null
      - etag               = "BwYgANfU8zg=" -> null
      - id                 = "017479-47ADAB-670295/roles/billing.costsManager/serviceAccount:ldj-prod-resman-gke-0@ldj-prod-iac-core-0.iam.gserviceaccount.com" -> null
      - member             = "serviceAccount:ldj-prod-resman-gke-0@ldj-prod-iac-core-0.iam.gserviceaccount.com" -> null
      - role               = "roles/billing.costsManager" -> null
    }

  # google_billing_account_iam_member.billing_ext_costsmanager["serviceAccount:ldj-prod-resman-net-0@ldj-prod-iac-core-0.iam.gserviceaccount.com"] will be destroyed
  # (because google_billing_account_iam_member.billing_ext_costsmanager is not in configuration)
  - resource "google_billing_account_iam_member" "billing_ext_costsmanager" {
      - billing_account_id = "017479-47ADAB-670295" -> null
      - etag               = "BwYgANfU8zg=" -> null
      - id                 = "017479-47ADAB-670295/roles/billing.costsManager/serviceAccount:ldj-prod-resman-net-0@ldj-prod-iac-core-0.iam.gserviceaccount.com" -> null
      - member             = "serviceAccount:ldj-prod-resman-net-0@ldj-prod-iac-core-0.iam.gserviceaccount.com" -> null
      - role               = "roles/billing.costsManager" -> null
    }

  # google_billing_account_iam_member.billing_ext_costsmanager["serviceAccount:ldj-prod-resman-pf-0@ldj-prod-iac-core-0.iam.gserviceaccount.com"] will be destroyed
  # (because google_billing_account_iam_member.billing_ext_costsmanager is not in configuration)
  - resource "google_billing_account_iam_member" "billing_ext_costsmanager" {
      - billing_account_id = "017479-47ADAB-670295" -> null
      - etag               = "BwYgANfU8zg=" -> null
      - id                 = "017479-47ADAB-670295/roles/billing.costsManager/serviceAccount:ldj-prod-resman-pf-0@ldj-prod-iac-core-0.iam.gserviceaccount.com" -> null
      - member             = "serviceAccount:ldj-prod-resman-pf-0@ldj-prod-iac-core-0.iam.gserviceaccount.com" -> null
      - role               = "roles/billing.costsManager" -> null
    }

  # google_billing_account_iam_member.billing_ext_costsmanager["serviceAccount:ldj-prod-resman-sec-0@ldj-prod-iac-core-0.iam.gserviceaccount.com"] will be destroyed
  # (because google_billing_account_iam_member.billing_ext_costsmanager is not in configuration)
  - resource "google_billing_account_iam_member" "billing_ext_costsmanager" {
      - billing_account_id = "017479-47ADAB-670295" -> null
      - etag               = "BwYgANfU8zg=" -> null
      - id                 = "017479-47ADAB-670295/roles/billing.costsManager/serviceAccount:ldj-prod-resman-sec-0@ldj-prod-iac-core-0.iam.gserviceaccount.com" -> null
      - member             = "serviceAccount:ldj-prod-resman-sec-0@ldj-prod-iac-core-0.iam.gserviceaccount.com" -> null
      - role               = "roles/billing.costsManager" -> null
    }

  # google_billing_account_iam_member.billing_ext_costsmanager["serviceAccount:ldj-resman-pf-0@ldj-prod-iac-core-0.iam.gserviceaccount.com"] will be destroyed
  # (because google_billing_account_iam_member.billing_ext_costsmanager is not in configuration)
  - resource "google_billing_account_iam_member" "billing_ext_costsmanager" {
      - billing_account_id = "017479-47ADAB-670295" -> null
      - etag               = "BwYgANfU8zg=" -> null
      - id                 = "017479-47ADAB-670295/roles/billing.costsManager/serviceAccount:ldj-resman-pf-0@ldj-prod-iac-core-0.iam.gserviceaccount.com" -> null
      - member             = "serviceAccount:ldj-resman-pf-0@ldj-prod-iac-core-0.iam.gserviceaccount.com" -> null
      - role               = "roles/billing.costsManager" -> null
    }

  # google_billing_account_iam_member.default["data-platform-dev"] will be created
  + resource "google_billing_account_iam_member" "default" {
      + billing_account_id = "017479-47ADAB-670295"
      + etag               = (known after apply)
      + id                 = (known after apply)
      + member             = "serviceAccount:ldj-dev-resman-dp-0@ldj-prod-iac-core-0.iam.gserviceaccount.com"
      + role               = "roles/billing.user"
    }

  # google_billing_account_iam_member.default["data-platform-prod"] will be created
  + resource "google_billing_account_iam_member" "default" {
      + billing_account_id = "017479-47ADAB-670295"
      + etag               = (known after apply)
      + id                 = (known after apply)
      + member             = "serviceAccount:ldj-prod-resman-dp-0@ldj-prod-iac-core-0.iam.gserviceaccount.com"
      + role               = "roles/billing.user"
    }

  # google_billing_account_iam_member.default["gcve-dev"] will be created
  + resource "google_billing_account_iam_member" "default" {
      + billing_account_id = "017479-47ADAB-670295"
      + etag               = (known after apply)
      + id                 = (known after apply)
      + member             = "serviceAccount:ldj-dev-resman-gcve-0@ldj-prod-iac-core-0.iam.gserviceaccount.com"
      + role               = "roles/billing.user"
    }

  # google_billing_account_iam_member.default["gcve-prod"] will be created
  + resource "google_billing_account_iam_member" "default" {
      + billing_account_id = "017479-47ADAB-670295"
      + etag               = (known after apply)
      + id                 = (known after apply)
      + member             = "serviceAccount:ldj-prod-resman-gcve-0@ldj-prod-iac-core-0.iam.gserviceaccount.com"
      + role               = "roles/billing.user"
    }

  # google_billing_account_iam_member.default["gke-dev"] will be created
  + resource "google_billing_account_iam_member" "default" {
      + billing_account_id = "017479-47ADAB-670295"
      + etag               = (known after apply)
      + id                 = (known after apply)
      + member             = "serviceAccount:ldj-dev-resman-gke-0@ldj-prod-iac-core-0.iam.gserviceaccount.com"
      + role               = "roles/billing.user"
    }

  # google_billing_account_iam_member.default["gke-prod"] will be created
  + resource "google_billing_account_iam_member" "default" {
      + billing_account_id = "017479-47ADAB-670295"
      + etag               = (known after apply)
      + id                 = (known after apply)
      + member             = "serviceAccount:ldj-prod-resman-gke-0@ldj-prod-iac-core-0.iam.gserviceaccount.com"
      + role               = "roles/billing.user"
    }

  # google_billing_account_iam_member.default["project-factory-dev"] will be created
  + resource "google_billing_account_iam_member" "default" {
      + billing_account_id = "017479-47ADAB-670295"
      + etag               = (known after apply)
      + id                 = (known after apply)
      + member             = "serviceAccount:ldj-dev-resman-pf-0@ldj-prod-iac-core-0.iam.gserviceaccount.com"
      + role               = "roles/billing.user"
    }

  # google_billing_account_iam_member.default["project-factory-prod"] will be created
  + resource "google_billing_account_iam_member" "default" {
      + billing_account_id = "017479-47ADAB-670295"
      + etag               = (known after apply)
      + id                 = (known after apply)
      + member             = "serviceAccount:ldj-prod-resman-pf-0@ldj-prod-iac-core-0.iam.gserviceaccount.com"
      + role               = "roles/billing.user"
    }

  # google_billing_account_iam_member.default["sa_net_billing"] will be created
  + resource "google_billing_account_iam_member" "default" {
      + billing_account_id = "017479-47ADAB-670295"
      + etag               = (known after apply)
      + id                 = (known after apply)
      + member             = "serviceAccount:ldj-prod-resman-net-0@ldj-prod-iac-core-0.iam.gserviceaccount.com"
      + role               = "roles/billing.user"
    }

  # google_billing_account_iam_member.default["sa_pf_billing"] will be created
  + resource "google_billing_account_iam_member" "default" {
      + billing_account_id = "017479-47ADAB-670295"
      + etag               = (known after apply)
      + id                 = (known after apply)
      + member             = "serviceAccount:ldj-resman-pf-0@ldj-prod-iac-core-0.iam.gserviceaccount.com"
      + role               = "roles/billing.user"
    }

  # google_billing_account_iam_member.default["sa_pf_costs_manager"] will be created
  + resource "google_billing_account_iam_member" "default" {
      + billing_account_id = "017479-47ADAB-670295"
      + etag               = (known after apply)
      + id                 = (known after apply)
      + member             = "serviceAccount:ldj-resman-pf-0@ldj-prod-iac-core-0.iam.gserviceaccount.com"
      + role               = "roles/billing.costsManager"
    }

  # google_billing_account_iam_member.default["sa_sec_billing"] will be created
  + resource "google_billing_account_iam_member" "default" {
      + billing_account_id = "017479-47ADAB-670295"
      + etag               = (known after apply)
      + id                 = (known after apply)
      + member             = "serviceAccount:ldj-prod-resman-sec-0@ldj-prod-iac-core-0.iam.gserviceaccount.com"
      + role               = "roles/billing.user"
    }

  # google_billing_account_iam_member.default["sandbox"] will be created
  + resource "google_billing_account_iam_member" "default" {
      + billing_account_id = "017479-47ADAB-670295"
      + etag               = (known after apply)
      + id                 = (known after apply)
      + member             = "serviceAccount:ldj-dev-resman-sbx-0@ldj-prod-iac-core-0.iam.gserviceaccount.com"
      + role               = "roles/billing.user"
    }

  # google_billing_account_iam_member.default["serviceAccount:ldj-dev-resman-dp-0@ldj-prod-iac-core-0.iam.gserviceaccount.com"] will be destroyed
  # (because key ["serviceAccount:ldj-dev-resman-dp-0@ldj-prod-iac-core-0.iam.gserviceaccount.com"] is not in for_each map)
  # (moved from google_billing_account_iam_member.billing_ext_admin["serviceAccount:ldj-dev-resman-dp-0@ldj-prod-iac-core-0.iam.gserviceaccount.com"])
  - resource "google_billing_account_iam_member" "default" {
      - billing_account_id = "017479-47ADAB-670295" -> null
      - etag               = "BwYgANfU8zg=" -> null
      - id                 = "017479-47ADAB-670295/roles/billing.user/serviceAccount:ldj-dev-resman-dp-0@ldj-prod-iac-core-0.iam.gserviceaccount.com" -> null
      - member             = "serviceAccount:ldj-dev-resman-dp-0@ldj-prod-iac-core-0.iam.gserviceaccount.com" -> null
      - role               = "roles/billing.user" -> null
    }

  # google_billing_account_iam_member.default["serviceAccount:ldj-dev-resman-gke-0@ldj-prod-iac-core-0.iam.gserviceaccount.com"] will be destroyed
  # (because key ["serviceAccount:ldj-dev-resman-gke-0@ldj-prod-iac-core-0.iam.gserviceaccount.com"] is not in for_each map)
  # (moved from google_billing_account_iam_member.billing_ext_admin["serviceAccount:ldj-dev-resman-gke-0@ldj-prod-iac-core-0.iam.gserviceaccount.com"])
  - resource "google_billing_account_iam_member" "default" {
      - billing_account_id = "017479-47ADAB-670295" -> null
      - etag               = "BwYgANfU8zg=" -> null
      - id                 = "017479-47ADAB-670295/roles/billing.user/serviceAccount:ldj-dev-resman-gke-0@ldj-prod-iac-core-0.iam.gserviceaccount.com" -> null
      - member             = "serviceAccount:ldj-dev-resman-gke-0@ldj-prod-iac-core-0.iam.gserviceaccount.com" -> null
      - role               = "roles/billing.user" -> null
    }

  # google_billing_account_iam_member.default["serviceAccount:ldj-dev-resman-pf-0@ldj-prod-iac-core-0.iam.gserviceaccount.com"] will be destroyed
  # (because key ["serviceAccount:ldj-dev-resman-pf-0@ldj-prod-iac-core-0.iam.gserviceaccount.com"] is not in for_each map)
  # (moved from google_billing_account_iam_member.billing_ext_admin["serviceAccount:ldj-dev-resman-pf-0@ldj-prod-iac-core-0.iam.gserviceaccount.com"])
  - resource "google_billing_account_iam_member" "default" {
      - billing_account_id = "017479-47ADAB-670295" -> null
      - etag               = "BwYgANfU8zg=" -> null
      - id                 = "017479-47ADAB-670295/roles/billing.user/serviceAccount:ldj-dev-resman-pf-0@ldj-prod-iac-core-0.iam.gserviceaccount.com" -> null
      - member             = "serviceAccount:ldj-dev-resman-pf-0@ldj-prod-iac-core-0.iam.gserviceaccount.com" -> null
      - role               = "roles/billing.user" -> null
    }

  # google_billing_account_iam_member.default["serviceAccount:ldj-prod-resman-dp-0@ldj-prod-iac-core-0.iam.gserviceaccount.com"] will be destroyed
  # (because key ["serviceAccount:ldj-prod-resman-dp-0@ldj-prod-iac-core-0.iam.gserviceaccount.com"] is not in for_each map)
  # (moved from google_billing_account_iam_member.billing_ext_admin["serviceAccount:ldj-prod-resman-dp-0@ldj-prod-iac-core-0.iam.gserviceaccount.com"])
  - resource "google_billing_account_iam_member" "default" {
      - billing_account_id = "017479-47ADAB-670295" -> null
      - etag               = "BwYgANfU8zg=" -> null
      - id                 = "017479-47ADAB-670295/roles/billing.user/serviceAccount:ldj-prod-resman-dp-0@ldj-prod-iac-core-0.iam.gserviceaccount.com" -> null
      - member             = "serviceAccount:ldj-prod-resman-dp-0@ldj-prod-iac-core-0.iam.gserviceaccount.com" -> null
      - role               = "roles/billing.user" -> null
    }

  # google_billing_account_iam_member.default["serviceAccount:ldj-prod-resman-gke-0@ldj-prod-iac-core-0.iam.gserviceaccount.com"] will be destroyed
  # (because key ["serviceAccount:ldj-prod-resman-gke-0@ldj-prod-iac-core-0.iam.gserviceaccount.com"] is not in for_each map)
  # (moved from google_billing_account_iam_member.billing_ext_admin["serviceAccount:ldj-prod-resman-gke-0@ldj-prod-iac-core-0.iam.gserviceaccount.com"])
  - resource "google_billing_account_iam_member" "default" {
      - billing_account_id = "017479-47ADAB-670295" -> null
      - etag               = "BwYgANfU8zg=" -> null
      - id                 = "017479-47ADAB-670295/roles/billing.user/serviceAccount:ldj-prod-resman-gke-0@ldj-prod-iac-core-0.iam.gserviceaccount.com" -> null
      - member             = "serviceAccount:ldj-prod-resman-gke-0@ldj-prod-iac-core-0.iam.gserviceaccount.com" -> null
      - role               = "roles/billing.user" -> null
    }

  # google_billing_account_iam_member.default["serviceAccount:ldj-prod-resman-net-0@ldj-prod-iac-core-0.iam.gserviceaccount.com"] will be destroyed
  # (because key ["serviceAccount:ldj-prod-resman-net-0@ldj-prod-iac-core-0.iam.gserviceaccount.com"] is not in for_each map)
  # (moved from google_billing_account_iam_member.billing_ext_admin["serviceAccount:ldj-prod-resman-net-0@ldj-prod-iac-core-0.iam.gserviceaccount.com"])
  - resource "google_billing_account_iam_member" "default" {
      - billing_account_id = "017479-47ADAB-670295" -> null
      - etag               = "BwYgANfU8zg=" -> null
      - id                 = "017479-47ADAB-670295/roles/billing.user/serviceAccount:ldj-prod-resman-net-0@ldj-prod-iac-core-0.iam.gserviceaccount.com" -> null
      - member             = "serviceAccount:ldj-prod-resman-net-0@ldj-prod-iac-core-0.iam.gserviceaccount.com" -> null
      - role               = "roles/billing.user" -> null
    }

  # google_billing_account_iam_member.default["serviceAccount:ldj-prod-resman-pf-0@ldj-prod-iac-core-0.iam.gserviceaccount.com"] will be destroyed
  # (because key ["serviceAccount:ldj-prod-resman-pf-0@ldj-prod-iac-core-0.iam.gserviceaccount.com"] is not in for_each map)
  # (moved from google_billing_account_iam_member.billing_ext_admin["serviceAccount:ldj-prod-resman-pf-0@ldj-prod-iac-core-0.iam.gserviceaccount.com"])
  - resource "google_billing_account_iam_member" "default" {
      - billing_account_id = "017479-47ADAB-670295" -> null
      - etag               = "BwYgANfU8zg=" -> null
      - id                 = "017479-47ADAB-670295/roles/billing.user/serviceAccount:ldj-prod-resman-pf-0@ldj-prod-iac-core-0.iam.gserviceaccount.com" -> null
      - member             = "serviceAccount:ldj-prod-resman-pf-0@ldj-prod-iac-core-0.iam.gserviceaccount.com" -> null
      - role               = "roles/billing.user" -> null
    }

  # google_billing_account_iam_member.default["serviceAccount:ldj-prod-resman-sec-0@ldj-prod-iac-core-0.iam.gserviceaccount.com"] will be destroyed
  # (because key ["serviceAccount:ldj-prod-resman-sec-0@ldj-prod-iac-core-0.iam.gserviceaccount.com"] is not in for_each map)
  # (moved from google_billing_account_iam_member.billing_ext_admin["serviceAccount:ldj-prod-resman-sec-0@ldj-prod-iac-core-0.iam.gserviceaccount.com"])
  - resource "google_billing_account_iam_member" "default" {
      - billing_account_id = "017479-47ADAB-670295" -> null
      - etag               = "BwYgANfU8zg=" -> null
      - id                 = "017479-47ADAB-670295/roles/billing.user/serviceAccount:ldj-prod-resman-sec-0@ldj-prod-iac-core-0.iam.gserviceaccount.com" -> null
      - member             = "serviceAccount:ldj-prod-resman-sec-0@ldj-prod-iac-core-0.iam.gserviceaccount.com" -> null
      - role               = "roles/billing.user" -> null
    }

  # google_billing_account_iam_member.default["serviceAccount:ldj-resman-pf-0@ldj-prod-iac-core-0.iam.gserviceaccount.com"] will be destroyed
  # (because key ["serviceAccount:ldj-resman-pf-0@ldj-prod-iac-core-0.iam.gserviceaccount.com"] is not in for_each map)
  # (moved from google_billing_account_iam_member.billing_ext_admin["serviceAccount:ldj-resman-pf-0@ldj-prod-iac-core-0.iam.gserviceaccount.com"])
  - resource "google_billing_account_iam_member" "default" {
      - billing_account_id = "017479-47ADAB-670295" -> null
      - etag               = "BwYgANfU8zg=" -> null
      - id                 = "017479-47ADAB-670295/roles/billing.user/serviceAccount:ldj-resman-pf-0@ldj-prod-iac-core-0.iam.gserviceaccount.com" -> null
      - member             = "serviceAccount:ldj-resman-pf-0@ldj-prod-iac-core-0.iam.gserviceaccount.com" -> null
      - role               = "roles/billing.user" -> null
    }

  # google_storage_bucket_object.providers["2-project-factory-dev"] will be destroyed
  # (because key ["2-project-factory-dev"] is not in for_each map)
  - resource "google_storage_bucket_object" "providers" {
      - bucket              = "ldj-prod-iac-core-outputs-0" -> null
      - content             = (sensitive value) -> null
      - content_type        = "text/plain; charset=utf-8" -> null
      - crc32c              = "1/U7aw==" -> null
      - detect_md5hash      = "2KhpBFsNgFLTtlft4+2vUg==" -> null
      - event_based_hold    = false -> null
      - generation          = 1724165864283522 -> null
      - id                  = "ldj-prod-iac-core-outputs-0-providers/2-project-factory-dev-providers.tf" -> null
      - md5hash             = "2KhpBFsNgFLTtlft4+2vUg==" -> null
      - media_link          = "https://storage.googleapis.com/download/storage/v1/b/ldj-prod-iac-core-outputs-0/o/providers%2F2-project-factory-dev-providers.tf?generation=1724165864283522&alt=media" -> null
      - name                = "providers/2-project-factory-dev-providers.tf" -> null
      - output_name         = "providers/2-project-factory-dev-providers.tf" -> null
      - self_link           = "https://www.googleapis.com/storage/v1/b/ldj-prod-iac-core-outputs-0/o/providers%2F2-project-factory-dev-providers.tf" -> null
      - storage_class       = "MULTI_REGIONAL" -> null
      - temporary_hold      = false -> null
        # (5 unchanged attributes hidden)
    }

  # google_storage_bucket_object.providers["2-project-factory-dev-r"] will be destroyed
  # (because key ["2-project-factory-dev-r"] is not in for_each map)
  - resource "google_storage_bucket_object" "providers" {
      - bucket              = "ldj-prod-iac-core-outputs-0" -> null
      - content             = (sensitive value) -> null
      - content_type        = "text/plain; charset=utf-8" -> null
      - crc32c              = "a+Kk2A==" -> null
      - detect_md5hash      = "vqeJdjws7rpHdGUcxwv4/w==" -> null
      - event_based_hold    = false -> null
      - generation          = 1724165861422489 -> null
      - id                  = "ldj-prod-iac-core-outputs-0-providers/2-project-factory-dev-r-providers.tf" -> null
      - md5hash             = "vqeJdjws7rpHdGUcxwv4/w==" -> null
      - media_link          = "https://storage.googleapis.com/download/storage/v1/b/ldj-prod-iac-core-outputs-0/o/providers%2F2-project-factory-dev-r-providers.tf?generation=1724165861422489&alt=media" -> null
      - name                = "providers/2-project-factory-dev-r-providers.tf" -> null
      - output_name         = "providers/2-project-factory-dev-r-providers.tf" -> null
      - self_link           = "https://www.googleapis.com/storage/v1/b/ldj-prod-iac-core-outputs-0/o/providers%2F2-project-factory-dev-r-providers.tf" -> null
      - storage_class       = "MULTI_REGIONAL" -> null
      - temporary_hold      = false -> null
        # (5 unchanged attributes hidden)
    }

  # google_storage_bucket_object.providers["2-project-factory-prod"] will be destroyed
  # (because key ["2-project-factory-prod"] is not in for_each map)
  - resource "google_storage_bucket_object" "providers" {
      - bucket              = "ldj-prod-iac-core-outputs-0" -> null
      - content             = (sensitive value) -> null
      - content_type        = "text/plain; charset=utf-8" -> null
      - crc32c              = "unYabQ==" -> null
      - detect_md5hash      = "weQqYVVKtTmXPi/v/YOGww==" -> null
      - event_based_hold    = false -> null
      - generation          = 1724165859084907 -> null
      - id                  = "ldj-prod-iac-core-outputs-0-providers/2-project-factory-prod-providers.tf" -> null
      - md5hash             = "weQqYVVKtTmXPi/v/YOGww==" -> null
      - media_link          = "https://storage.googleapis.com/download/storage/v1/b/ldj-prod-iac-core-outputs-0/o/providers%2F2-project-factory-prod-providers.tf?generation=1724165859084907&alt=media" -> null
      - name                = "providers/2-project-factory-prod-providers.tf" -> null
      - output_name         = "providers/2-project-factory-prod-providers.tf" -> null
      - self_link           = "https://www.googleapis.com/storage/v1/b/ldj-prod-iac-core-outputs-0/o/providers%2F2-project-factory-prod-providers.tf" -> null
      - storage_class       = "MULTI_REGIONAL" -> null
      - temporary_hold      = false -> null
        # (5 unchanged attributes hidden)
    }

  # google_storage_bucket_object.providers["2-project-factory-prod-r"] will be destroyed
  # (because key ["2-project-factory-prod-r"] is not in for_each map)
  - resource "google_storage_bucket_object" "providers" {
      - bucket              = "ldj-prod-iac-core-outputs-0" -> null
      - content             = (sensitive value) -> null
      - content_type        = "text/plain; charset=utf-8" -> null
      - crc32c              = "BzQS2w==" -> null
      - detect_md5hash      = "ffpfHrpcJL/w7ZwwdbFY7Q==" -> null
      - event_based_hold    = false -> null
      - generation          = 1724165860311488 -> null
      - id                  = "ldj-prod-iac-core-outputs-0-providers/2-project-factory-prod-r-providers.tf" -> null
      - md5hash             = "ffpfHrpcJL/w7ZwwdbFY7Q==" -> null
      - media_link          = "https://storage.googleapis.com/download/storage/v1/b/ldj-prod-iac-core-outputs-0/o/providers%2F2-project-factory-prod-r-providers.tf?generation=1724165860311488&alt=media" -> null
      - name                = "providers/2-project-factory-prod-r-providers.tf" -> null
      - output_name         = "providers/2-project-factory-prod-r-providers.tf" -> null
      - self_link           = "https://www.googleapis.com/storage/v1/b/ldj-prod-iac-core-outputs-0/o/providers%2F2-project-factory-prod-r-providers.tf" -> null
      - storage_class       = "MULTI_REGIONAL" -> null
      - temporary_hold      = false -> null
        # (5 unchanged attributes hidden)
    }

  # google_storage_bucket_object.providers["3-data-platform-dev"] will be updated in-place
  ~ resource "google_storage_bucket_object" "providers" {
      ~ content             = (sensitive value)
      ~ detect_md5hash      = "K7MT2KrZevadcRopR/1npQ==" -> "different hash"
        id                  = "ldj-prod-iac-core-outputs-0-providers/3-data-platform-dev-providers.tf"
        name                = "providers/3-data-platform-dev-providers.tf"
        # (17 unchanged attributes hidden)
    }

  # google_storage_bucket_object.providers["3-data-platform-dev-r"] will be updated in-place
  ~ resource "google_storage_bucket_object" "providers" {
      ~ content             = (sensitive value)
      ~ detect_md5hash      = "eKTJwex+CJ4uj6xbzxsJsw==" -> "different hash"
        id                  = "ldj-prod-iac-core-outputs-0-providers/3-data-platform-dev-r-providers.tf"
        name                = "providers/3-data-platform-dev-r-providers.tf"
        # (17 unchanged attributes hidden)
    }

  # google_storage_bucket_object.providers["3-data-platform-prod"] will be updated in-place
  ~ resource "google_storage_bucket_object" "providers" {
      ~ content             = (sensitive value)
      ~ detect_md5hash      = "hQhEy51JiltDXvRM35UeBQ==" -> "different hash"
        id                  = "ldj-prod-iac-core-outputs-0-providers/3-data-platform-prod-providers.tf"
        name                = "providers/3-data-platform-prod-providers.tf"
        # (17 unchanged attributes hidden)
    }

  # google_storage_bucket_object.providers["3-data-platform-prod-r"] will be updated in-place
  ~ resource "google_storage_bucket_object" "providers" {
      ~ content             = (sensitive value)
      ~ detect_md5hash      = "ixoiiKUUIufpgCqO2Gor6g==" -> "different hash"
        id                  = "ldj-prod-iac-core-outputs-0-providers/3-data-platform-prod-r-providers.tf"
        name                = "providers/3-data-platform-prod-r-providers.tf"
        # (17 unchanged attributes hidden)
    }

  # google_storage_bucket_object.providers["3-gcve-dev"] will be created
  + resource "google_storage_bucket_object" "providers" {
      + bucket         = "ldj-prod-iac-core-outputs-0"
      + content        = (sensitive value)
      + content_type   = (known after apply)
      + crc32c         = (known after apply)
      + detect_md5hash = "different hash"
      + generation     = (known after apply)
      + id             = (known after apply)
      + kms_key_name   = (known after apply)
      + md5hash        = (known after apply)
      + media_link     = (known after apply)
      + name           = "providers/3-gcve-dev-providers.tf"
      + output_name    = (known after apply)
      + self_link      = (known after apply)
      + storage_class  = (known after apply)
    }

  # google_storage_bucket_object.providers["3-gcve-dev-r"] will be created
  + resource "google_storage_bucket_object" "providers" {
      + bucket         = "ldj-prod-iac-core-outputs-0"
      + content        = (sensitive value)
      + content_type   = (known after apply)
      + crc32c         = (known after apply)
      + detect_md5hash = "different hash"
      + generation     = (known after apply)
      + id             = (known after apply)
      + kms_key_name   = (known after apply)
      + md5hash        = (known after apply)
      + media_link     = (known after apply)
      + name           = "providers/3-gcve-dev-r-providers.tf"
      + output_name    = (known after apply)
      + self_link      = (known after apply)
      + storage_class  = (known after apply)
    }

  # google_storage_bucket_object.providers["3-gcve-prod"] will be created
  + resource "google_storage_bucket_object" "providers" {
      + bucket         = "ldj-prod-iac-core-outputs-0"
      + content        = (sensitive value)
      + content_type   = (known after apply)
      + crc32c         = (known after apply)
      + detect_md5hash = "different hash"
      + generation     = (known after apply)
      + id             = (known after apply)
      + kms_key_name   = (known after apply)
      + md5hash        = (known after apply)
      + media_link     = (known after apply)
      + name           = "providers/3-gcve-prod-providers.tf"
      + output_name    = (known after apply)
      + self_link      = (known after apply)
      + storage_class  = (known after apply)
    }

  # google_storage_bucket_object.providers["3-gcve-prod-r"] will be created
  + resource "google_storage_bucket_object" "providers" {
      + bucket         = "ldj-prod-iac-core-outputs-0"
      + content        = (sensitive value)
      + content_type   = (known after apply)
      + crc32c         = (known after apply)
      + detect_md5hash = "different hash"
      + generation     = (known after apply)
      + id             = (known after apply)
      + kms_key_name   = (known after apply)
      + md5hash        = (known after apply)
      + media_link     = (known after apply)
      + name           = "providers/3-gcve-prod-r-providers.tf"
      + output_name    = (known after apply)
      + self_link      = (known after apply)
      + storage_class  = (known after apply)
    }

  # google_storage_bucket_object.providers["3-project-factory-dev"] will be created
  + resource "google_storage_bucket_object" "providers" {
      + bucket         = "ldj-prod-iac-core-outputs-0"
      + content        = (sensitive value)
      + content_type   = (known after apply)
      + crc32c         = (known after apply)
      + detect_md5hash = "different hash"
      + generation     = (known after apply)
      + id             = (known after apply)
      + kms_key_name   = (known after apply)
      + md5hash        = (known after apply)
      + media_link     = (known after apply)
      + name           = "providers/3-project-factory-dev-providers.tf"
      + output_name    = (known after apply)
      + self_link      = (known after apply)
      + storage_class  = (known after apply)
    }

  # google_storage_bucket_object.providers["3-project-factory-dev-r"] will be created
  + resource "google_storage_bucket_object" "providers" {
      + bucket         = "ldj-prod-iac-core-outputs-0"
      + content        = (sensitive value)
      + content_type   = (known after apply)
      + crc32c         = (known after apply)
      + detect_md5hash = "different hash"
      + generation     = (known after apply)
      + id             = (known after apply)
      + kms_key_name   = (known after apply)
      + md5hash        = (known after apply)
      + media_link     = (known after apply)
      + name           = "providers/3-project-factory-dev-r-providers.tf"
      + output_name    = (known after apply)
      + self_link      = (known after apply)
      + storage_class  = (known after apply)
    }

  # google_storage_bucket_object.providers["3-project-factory-prod"] will be created
  + resource "google_storage_bucket_object" "providers" {
      + bucket         = "ldj-prod-iac-core-outputs-0"
      + content        = (sensitive value)
      + content_type   = (known after apply)
      + crc32c         = (known after apply)
      + detect_md5hash = "different hash"
      + generation     = (known after apply)
      + id             = (known after apply)
      + kms_key_name   = (known after apply)
      + md5hash        = (known after apply)
      + media_link     = (known after apply)
      + name           = "providers/3-project-factory-prod-providers.tf"
      + output_name    = (known after apply)
      + self_link      = (known after apply)
      + storage_class  = (known after apply)
    }

  # google_storage_bucket_object.providers["3-project-factory-prod-r"] will be created
  + resource "google_storage_bucket_object" "providers" {
      + bucket         = "ldj-prod-iac-core-outputs-0"
      + content        = (sensitive value)
      + content_type   = (known after apply)
      + crc32c         = (known after apply)
      + detect_md5hash = "different hash"
      + generation     = (known after apply)
      + id             = (known after apply)
      + kms_key_name   = (known after apply)
      + md5hash        = (known after apply)
      + media_link     = (known after apply)
      + name           = "providers/3-project-factory-prod-r-providers.tf"
      + output_name    = (known after apply)
      + self_link      = (known after apply)
      + storage_class  = (known after apply)
    }

  # google_storage_bucket_object.providers["3-sandbox"] will be created
  + resource "google_storage_bucket_object" "providers" {
      + bucket         = "ldj-prod-iac-core-outputs-0"
      + content        = (sensitive value)
      + content_type   = (known after apply)
      + crc32c         = (known after apply)
      + detect_md5hash = "different hash"
      + generation     = (known after apply)
      + id             = (known after apply)
      + kms_key_name   = (known after apply)
      + md5hash        = (known after apply)
      + media_link     = (known after apply)
      + name           = "providers/3-sandbox-providers.tf"
      + output_name    = (known after apply)
      + self_link      = (known after apply)
      + storage_class  = (known after apply)
    }

  # google_storage_bucket_object.providers["3-sandbox-r"] will be created
  + resource "google_storage_bucket_object" "providers" {
      + bucket         = "ldj-prod-iac-core-outputs-0"
      + content        = (sensitive value)
      + content_type   = (known after apply)
      + crc32c         = (known after apply)
      + detect_md5hash = "different hash"
      + generation     = (known after apply)
      + id             = (known after apply)
      + kms_key_name   = (known after apply)
      + md5hash        = (known after apply)
      + media_link     = (known after apply)
      + name           = "providers/3-sandbox-r-providers.tf"
      + output_name    = (known after apply)
      + self_link      = (known after apply)
      + storage_class  = (known after apply)
    }

  # google_storage_bucket_object.providers["9-sandbox"] will be destroyed
  # (because key ["9-sandbox"] is not in for_each map)
  - resource "google_storage_bucket_object" "providers" {
      - bucket              = "ldj-prod-iac-core-outputs-0" -> null
      - content             = (sensitive value) -> null
      - content_type        = "text/plain; charset=utf-8" -> null
      - crc32c              = "hoBu4A==" -> null
      - detect_md5hash      = "hOSd0GG5FCkYkzf140qRuQ==" -> null
      - event_based_hold    = false -> null
      - generation          = 1724165862741840 -> null
      - id                  = "ldj-prod-iac-core-outputs-0-providers/9-sandbox-providers.tf" -> null
      - md5hash             = "hOSd0GG5FCkYkzf140qRuQ==" -> null
      - media_link          = "https://storage.googleapis.com/download/storage/v1/b/ldj-prod-iac-core-outputs-0/o/providers%2F9-sandbox-providers.tf?generation=1724165862741840&alt=media" -> null
      - metadata            = {} -> null
      - name                = "providers/9-sandbox-providers.tf" -> null
      - output_name         = "providers/9-sandbox-providers.tf" -> null
      - self_link           = "https://www.googleapis.com/storage/v1/b/ldj-prod-iac-core-outputs-0/o/providers%2F9-sandbox-providers.tf" -> null
      - storage_class       = "MULTI_REGIONAL" -> null
      - temporary_hold      = false -> null
        # (5 unchanged attributes hidden)
    }

  # google_storage_bucket_object.tfvars will be updated in-place
  ~ resource "google_storage_bucket_object" "tfvars" {
      ~ content             = (sensitive value)
      ~ detect_md5hash      = "N97vUaApkSkVsc5eJ/n+Ng==" -> "different hash"
        id                  = "ldj-prod-iac-core-outputs-0-tfvars/1-resman.auto.tfvars.json"
        name                = "tfvars/1-resman.auto.tfvars.json"
        # (17 unchanged attributes hidden)
    }

  # google_storage_bucket_object.workflows["networking"] will be updated in-place
  ~ resource "google_storage_bucket_object" "workflows" {
      ~ content             = (sensitive value)
      ~ detect_md5hash      = "XwJtleYexn+10HWW2AfoCg==" -> "different hash"
        id                  = "ldj-prod-iac-core-outputs-0-workflows/networking-workflow.yaml"
        name                = "workflows/networking-workflow.yaml"
        # (17 unchanged attributes hidden)
    }

  # google_storage_bucket_object.workflows["security"] will be updated in-place
  ~ resource "google_storage_bucket_object" "workflows" {
      ~ content             = (sensitive value)
      ~ detect_md5hash      = "qNnXf1H5cVwk1+Xg3PMB5g==" -> "different hash"
        id                  = "ldj-prod-iac-core-outputs-0-workflows/security-workflow.yaml"
        name                = "workflows/security-workflow.yaml"
        # (17 unchanged attributes hidden)
    }

  # local_file.providers["2-project-factory-dev"] will be destroyed
  # (because key ["2-project-factory-dev"] is not in for_each map)
  - resource "local_file" "providers" {
      - content              = <<-EOT
            /**
             * Copyright 2024 Google LLC
             *
             * Licensed under the Apache License, Version 2.0 (the "License");
             * you may not use this file except in compliance with the License.
             * You may obtain a copy of the License at
             *
             *      http://www.apache.org/licenses/LICENSE-2.0
             *
             * Unless required by applicable law or agreed to in writing, software
             * distributed under the License is distributed on an "AS IS" BASIS,
             * WITHOUT WARRANTIES OR CONDITIONS OF ANY KIND, either express or implied.
             * See the License for the specific language governing permissions and
             * limitations under the License.
             */
            
            terraform {
              backend "gcs" {
                bucket                      = "ldj-dev-resman-pf-0"
                impersonate_service_account = "ldj-dev-resman-pf-0@ldj-prod-iac-core-0.iam.gserviceaccount.com"
              }
            }
            provider "google" {
              impersonate_service_account = "ldj-dev-resman-pf-0@ldj-prod-iac-core-0.iam.gserviceaccount.com"
            }
            provider "google-beta" {
              impersonate_service_account = "ldj-dev-resman-pf-0@ldj-prod-iac-core-0.iam.gserviceaccount.com"
            }
            
            # end provider.tf for project-factory-dev
        EOT -> null
      - content_base64sha256 = "o9qjfysy9ElLubXF8AaKExZazX0+ff3Bkz5j/VZLhm4=" -> null
      - content_base64sha512 = "kil2VGo8jrAwawUYa5mHbJaZhPLr/2WuuEG8XpO99JOEqlBQzKua/d+5u4m0rSe05OselZGa1XocLY56oI4B2Q==" -> null
      - content_md5          = "d8a869045b0d8052d3b657ede3edaf52" -> null
      - content_sha1         = "7b455ebbccfc66acd18932023f9e9cf01670193e" -> null
      - content_sha256       = "a3daa37f2b32f4494bb9b5c5f0068a13165acd7d3e7dfdc1933e63fd564b866e" -> null
      - content_sha512       = "922976546a3c8eb0306b05186b99876c969984f2ebff65aeb841bc5e93bdf49384aa5050ccab9afddfb9bb89b4ad27b4e4eb1e95919ad57a1c2d8e7aa08e01d9" -> null
      - directory_permission = "0777" -> null
      - file_permission      = "0644" -> null
      - filename             = "/home/ludomagno/dev/tf-playground/fast-config/ludo/providers/2-project-factory-dev-providers.tf" -> null
      - id                   = "7b455ebbccfc66acd18932023f9e9cf01670193e" -> null
    }

  # local_file.providers["2-project-factory-dev-r"] will be destroyed
  # (because key ["2-project-factory-dev-r"] is not in for_each map)
  - resource "local_file" "providers" {
      - content              = <<-EOT
            /**
             * Copyright 2024 Google LLC
             *
             * Licensed under the Apache License, Version 2.0 (the "License");
             * you may not use this file except in compliance with the License.
             * You may obtain a copy of the License at
             *
             *      http://www.apache.org/licenses/LICENSE-2.0
             *
             * Unless required by applicable law or agreed to in writing, software
             * distributed under the License is distributed on an "AS IS" BASIS,
             * WITHOUT WARRANTIES OR CONDITIONS OF ANY KIND, either express or implied.
             * See the License for the specific language governing permissions and
             * limitations under the License.
             */
            
            terraform {
              backend "gcs" {
                bucket                      = "ldj-dev-resman-pf-0"
                impersonate_service_account = "ldj-dev-resman-pf-0r@ldj-prod-iac-core-0.iam.gserviceaccount.com"
              }
            }
            provider "google" {
              impersonate_service_account = "ldj-dev-resman-pf-0r@ldj-prod-iac-core-0.iam.gserviceaccount.com"
            }
            provider "google-beta" {
              impersonate_service_account = "ldj-dev-resman-pf-0r@ldj-prod-iac-core-0.iam.gserviceaccount.com"
            }
            
            # end provider.tf for project-factory-dev
        EOT -> null
      - content_base64sha256 = "oLhfDRlG4uEP29Zs5BMZjPIQq4MoupR5ebj8TCRhmGg=" -> null
      - content_base64sha512 = "bgKdn/XmqDljUqE0gj9DmX1LBMpx7AMsyx8AnRmnn7rNjE3PI/XlgZBl8+4cAqvYeCvkcH+dVyAJuzkMambHBQ==" -> null
      - content_md5          = "bea789763c2ceeba4774651cc70bf8ff" -> null
      - content_sha1         = "e2cb9c5d8a62354eb07183fb65f047875a91bdfd" -> null
      - content_sha256       = "a0b85f0d1946e2e10fdbd66ce413198cf210ab8328ba947979b8fc4c24619868" -> null
      - content_sha512       = "6e029d9ff5e6a8396352a134823f43997d4b04ca71ec032ccb1f009d19a79fbacd8c4dcf23f5e5819065f3ee1c02abd8782be4707f9d572009bb390c6a66c705" -> null
      - directory_permission = "0777" -> null
      - file_permission      = "0644" -> null
      - filename             = "/home/ludomagno/dev/tf-playground/fast-config/ludo/providers/2-project-factory-dev-r-providers.tf" -> null
      - id                   = "e2cb9c5d8a62354eb07183fb65f047875a91bdfd" -> null
    }

  # local_file.providers["2-project-factory-prod"] will be destroyed
  # (because key ["2-project-factory-prod"] is not in for_each map)
  - resource "local_file" "providers" {
      - content              = <<-EOT
            /**
             * Copyright 2024 Google LLC
             *
             * Licensed under the Apache License, Version 2.0 (the "License");
             * you may not use this file except in compliance with the License.
             * You may obtain a copy of the License at
             *
             *      http://www.apache.org/licenses/LICENSE-2.0
             *
             * Unless required by applicable law or agreed to in writing, software
             * distributed under the License is distributed on an "AS IS" BASIS,
             * WITHOUT WARRANTIES OR CONDITIONS OF ANY KIND, either express or implied.
             * See the License for the specific language governing permissions and
             * limitations under the License.
             */
            
            terraform {
              backend "gcs" {
                bucket                      = "ldj-prod-resman-pf-0"
                impersonate_service_account = "ldj-prod-resman-pf-0@ldj-prod-iac-core-0.iam.gserviceaccount.com"
              }
            }
            provider "google" {
              impersonate_service_account = "ldj-prod-resman-pf-0@ldj-prod-iac-core-0.iam.gserviceaccount.com"
            }
            provider "google-beta" {
              impersonate_service_account = "ldj-prod-resman-pf-0@ldj-prod-iac-core-0.iam.gserviceaccount.com"
            }
            
            # end provider.tf for project-factory-prod
        EOT -> null
      - content_base64sha256 = "SfGgfaWS91Jto+G8ADLc7D1DjC7HRAfAO0+zA/OMZ5g=" -> null
      - content_base64sha512 = "6FK9KtZH9wA21HgTO7V3fCCrRAnd5K64kugjyol5cDlz33ERRLwRMKjKVPIfUhMJg56UtM4TZcJhLEY65Di/2g==" -> null
      - content_md5          = "c1e42a61554ab539973e2feffd8386c3" -> null
      - content_sha1         = "4b591ee04c1e6ee01e69367752549077e806174a" -> null
      - content_sha256       = "49f1a07da592f7526da3e1bc0032dcec3d438c2ec74407c03b4fb303f38c6798" -> null
      - content_sha512       = "e852bd2ad647f70036d478133bb5777c20ab4409dde4aeb892e823ca8979703973df711144bc1130a8ca54f21f521309839e94b4ce1365c2612c463ae438bfda" -> null
      - directory_permission = "0777" -> null
      - file_permission      = "0644" -> null
      - filename             = "/home/ludomagno/dev/tf-playground/fast-config/ludo/providers/2-project-factory-prod-providers.tf" -> null
      - id                   = "4b591ee04c1e6ee01e69367752549077e806174a" -> null
    }

  # local_file.providers["2-project-factory-prod-r"] will be destroyed
  # (because key ["2-project-factory-prod-r"] is not in for_each map)
  - resource "local_file" "providers" {
      - content              = <<-EOT
            /**
             * Copyright 2024 Google LLC
             *
             * Licensed under the Apache License, Version 2.0 (the "License");
             * you may not use this file except in compliance with the License.
             * You may obtain a copy of the License at
             *
             *      http://www.apache.org/licenses/LICENSE-2.0
             *
             * Unless required by applicable law or agreed to in writing, software
             * distributed under the License is distributed on an "AS IS" BASIS,
             * WITHOUT WARRANTIES OR CONDITIONS OF ANY KIND, either express or implied.
             * See the License for the specific language governing permissions and
             * limitations under the License.
             */
            
            terraform {
              backend "gcs" {
                bucket                      = "ldj-prod-resman-pf-0"
                impersonate_service_account = "ldj-prod-resman-pf-0r@ldj-prod-iac-core-0.iam.gserviceaccount.com"
              }
            }
            provider "google" {
              impersonate_service_account = "ldj-prod-resman-pf-0r@ldj-prod-iac-core-0.iam.gserviceaccount.com"
            }
            provider "google-beta" {
              impersonate_service_account = "ldj-prod-resman-pf-0r@ldj-prod-iac-core-0.iam.gserviceaccount.com"
            }
            
            # end provider.tf for project-factory-prod
        EOT -> null
      - content_base64sha256 = "ZaO5mia+nbq3+saW8xHi1SdxXRnurc2l68x5s3S1pa4=" -> null
      - content_base64sha512 = "UBHvUSF7PStCZuAUdENyWO5KJdwq/ZCyqrRYMpzefD1MffOWKo6du1kfU9o2O9lbRI487VxqvEu3Z/N8PKxz7w==" -> null
      - content_md5          = "7dfa5f1eba5c24bff0ed9c3075b158ed" -> null
      - content_sha1         = "9ffd801dfeca04d566c17c19f4e468653c9f95fe" -> null
      - content_sha256       = "65a3b99a26be9dbab7fac696f311e2d527715d19eeadcda5ebcc79b374b5a5ae" -> null
      - content_sha512       = "5011ef51217b3d2b4266e01474437258ee4a25dc2afd90b2aab458329cde7c3d4c7df3962a8e9dbb591f53da363bd95b448e3ced5c6abc4bb767f37c3cac73ef" -> null
      - directory_permission = "0777" -> null
      - file_permission      = "0644" -> null
      - filename             = "/home/ludomagno/dev/tf-playground/fast-config/ludo/providers/2-project-factory-prod-r-providers.tf" -> null
      - id                   = "9ffd801dfeca04d566c17c19f4e468653c9f95fe" -> null
    }

  # local_file.providers["3-data-platform-dev"] must be replaced
-/+ resource "local_file" "providers" {
      ~ content              = <<-EOT # forces replacement
            /**
             * Copyright 2024 Google LLC
             *
             * Licensed under the Apache License, Version 2.0 (the "License");
             * you may not use this file except in compliance with the License.
             * You may obtain a copy of the License at
             *
             *      http://www.apache.org/licenses/LICENSE-2.0
             *
             * Unless required by applicable law or agreed to in writing, software
             * distributed under the License is distributed on an "AS IS" BASIS,
             * WITHOUT WARRANTIES OR CONDITIONS OF ANY KIND, either express or implied.
             * See the License for the specific language governing permissions and
             * limitations under the License.
             */
            
            terraform {
              backend "gcs" {
                bucket                      = "ldj-dev-resman-dp-0"
                impersonate_service_account = "ldj-dev-resman-dp-0@ldj-prod-iac-core-0.iam.gserviceaccount.com"
              }
            }
            provider "google" {
              impersonate_service_account = "ldj-dev-resman-dp-0@ldj-prod-iac-core-0.iam.gserviceaccount.com"
            }
            provider "google-beta" {
              impersonate_service_account = "ldj-dev-resman-dp-0@ldj-prod-iac-core-0.iam.gserviceaccount.com"
            }
            
          - # end provider.tf for dp-dev
          + # end provider.tf for data-platform-dev
        EOT
      ~ content_base64sha256 = "1qpn5QbXhb9gM73rDzHkQqaYWJNU2aNSdxkbtmL48tc=" -> (known after apply)
      ~ content_base64sha512 = "IfEveLtAPSiXsmIgI1ecqljSEtpR3Gks5VCkLs0p+B/EQxSyHuxOsvE+WsSXS6ZXW01O65HyfGyibLqzRPe4dQ==" -> (known after apply)
      ~ content_md5          = "2bb313d8aad97af69d711a2947fd67a5" -> (known after apply)
      ~ content_sha1         = "9e2275cf364ac73635e17e376861ac3c0aa270f1" -> (known after apply)
      ~ content_sha256       = "d6aa67e506d785bf6033bdeb0f31e442a698589354d9a35277191bb662f8f2d7" -> (known after apply)
      ~ content_sha512       = "21f12f78bb403d2897b2622023579caa58d212da51dc692ce550a42ecd29f81fc44314b21eec4eb2f13e5ac4974ba6575b4d4eeb91f27c6ca26cbab344f7b875" -> (known after apply)
      ~ id                   = "9e2275cf364ac73635e17e376861ac3c0aa270f1" -> (known after apply)
        # (3 unchanged attributes hidden)
    }

  # local_file.providers["3-data-platform-dev-r"] must be replaced
-/+ resource "local_file" "providers" {
      ~ content              = <<-EOT # forces replacement
            /**
             * Copyright 2024 Google LLC
             *
             * Licensed under the Apache License, Version 2.0 (the "License");
             * you may not use this file except in compliance with the License.
             * You may obtain a copy of the License at
             *
             *      http://www.apache.org/licenses/LICENSE-2.0
             *
             * Unless required by applicable law or agreed to in writing, software
             * distributed under the License is distributed on an "AS IS" BASIS,
             * WITHOUT WARRANTIES OR CONDITIONS OF ANY KIND, either express or implied.
             * See the License for the specific language governing permissions and
             * limitations under the License.
             */
            
            terraform {
              backend "gcs" {
                bucket                      = "ldj-dev-resman-dp-0"
                impersonate_service_account = "ldj-dev-resman-dp-0r@ldj-prod-iac-core-0.iam.gserviceaccount.com"
              }
            }
            provider "google" {
              impersonate_service_account = "ldj-dev-resman-dp-0r@ldj-prod-iac-core-0.iam.gserviceaccount.com"
            }
            provider "google-beta" {
              impersonate_service_account = "ldj-dev-resman-dp-0r@ldj-prod-iac-core-0.iam.gserviceaccount.com"
            }
            
          - # end provider.tf for dp-dev
          + # end provider.tf for data-platform-dev
        EOT
      ~ content_base64sha256 = "XASKu15jdK8HVbHe5g4ULiu9Gz8Oqm8ZxJ6RY05Ngnw=" -> (known after apply)
      ~ content_base64sha512 = "o9hykKPrfta/H7TCoMyBgJoy6fZAKCoD+q41iR0uz0WlwnXgdyovArDBhHDkfTFJrFPNYIDIiwyOxAhamZ0Hqg==" -> (known after apply)
      ~ content_md5          = "78a4c9c1ec7e089e2e8fac5bcf1b09b3" -> (known after apply)
      ~ content_sha1         = "47fc05248ac63321757bff9fdb74ef8f9a143a4f" -> (known after apply)
      ~ content_sha256       = "5c048abb5e6374af0755b1dee60e142e2bbd1b3f0eaa6f19c49e91634e4d827c" -> (known after apply)
      ~ content_sha512       = "a3d87290a3eb7ed6bf1fb4c2a0cc81809a32e9f640282a03faae35891d2ecf45a5c275e0772a2f02b0c18470e47d3149ac53cd6080c88b0c8ec4085a999d07aa" -> (known after apply)
      ~ id                   = "47fc05248ac63321757bff9fdb74ef8f9a143a4f" -> (known after apply)
        # (3 unchanged attributes hidden)
    }

  # local_file.providers["3-data-platform-prod"] must be replaced
-/+ resource "local_file" "providers" {
      ~ content              = <<-EOT # forces replacement
            /**
             * Copyright 2024 Google LLC
             *
             * Licensed under the Apache License, Version 2.0 (the "License");
             * you may not use this file except in compliance with the License.
             * You may obtain a copy of the License at
             *
             *      http://www.apache.org/licenses/LICENSE-2.0
             *
             * Unless required by applicable law or agreed to in writing, software
             * distributed under the License is distributed on an "AS IS" BASIS,
             * WITHOUT WARRANTIES OR CONDITIONS OF ANY KIND, either express or implied.
             * See the License for the specific language governing permissions and
             * limitations under the License.
             */
            
            terraform {
              backend "gcs" {
                bucket                      = "ldj-prod-resman-dp-0"
                impersonate_service_account = "ldj-prod-resman-dp-0@ldj-prod-iac-core-0.iam.gserviceaccount.com"
              }
            }
            provider "google" {
              impersonate_service_account = "ldj-prod-resman-dp-0@ldj-prod-iac-core-0.iam.gserviceaccount.com"
            }
            provider "google-beta" {
              impersonate_service_account = "ldj-prod-resman-dp-0@ldj-prod-iac-core-0.iam.gserviceaccount.com"
            }
            
          - # end provider.tf for dp-prod
          + # end provider.tf for data-platform-prod
        EOT
      ~ content_base64sha256 = "+AkAf7mnQbteCJTRF5+d+wceuobXcw6Nugll/qE+IkU=" -> (known after apply)
      ~ content_base64sha512 = "qVWaCTBAKabrpP+cuMV6lsWumRvIl4cL/7eOMrjLYLze2SqkknOTL/h0bLeaHcmZ5Gal0MljvAdWs2plWPVVOw==" -> (known after apply)
      ~ content_md5          = "850844cb9d498a5b435ef44cdf951e05" -> (known after apply)
      ~ content_sha1         = "7a9df0e7e42b6a4b1bf182d616733d1128330078" -> (known after apply)
      ~ content_sha256       = "f809007fb9a741bb5e0894d1179f9dfb071eba86d7730e8dba0965fea13e2245" -> (known after apply)
      ~ content_sha512       = "a9559a09304029a6eba4ff9cb8c57a96c5ae991bc897870bffb78e32b8cb60bcded92aa49273932ff8746cb79a1dc999e466a5d0c963bc0756b36a6558f5553b" -> (known after apply)
      ~ id                   = "7a9df0e7e42b6a4b1bf182d616733d1128330078" -> (known after apply)
        # (3 unchanged attributes hidden)
    }

  # local_file.providers["3-data-platform-prod-r"] must be replaced
-/+ resource "local_file" "providers" {
      ~ content              = <<-EOT # forces replacement
            /**
             * Copyright 2024 Google LLC
             *
             * Licensed under the Apache License, Version 2.0 (the "License");
             * you may not use this file except in compliance with the License.
             * You may obtain a copy of the License at
             *
             *      http://www.apache.org/licenses/LICENSE-2.0
             *
             * Unless required by applicable law or agreed to in writing, software
             * distributed under the License is distributed on an "AS IS" BASIS,
             * WITHOUT WARRANTIES OR CONDITIONS OF ANY KIND, either express or implied.
             * See the License for the specific language governing permissions and
             * limitations under the License.
             */
            
            terraform {
              backend "gcs" {
                bucket                      = "ldj-prod-resman-dp-0"
                impersonate_service_account = "ldj-prod-resman-dp-0r@ldj-prod-iac-core-0.iam.gserviceaccount.com"
              }
            }
            provider "google" {
              impersonate_service_account = "ldj-prod-resman-dp-0r@ldj-prod-iac-core-0.iam.gserviceaccount.com"
            }
            provider "google-beta" {
              impersonate_service_account = "ldj-prod-resman-dp-0r@ldj-prod-iac-core-0.iam.gserviceaccount.com"
            }
            
          - # end provider.tf for dp-prod
          + # end provider.tf for data-platform-prod
        EOT
      ~ content_base64sha256 = "eFvdBVb25p/9PIn57fqbnwSwdyCPnqEnYIArkIfXil8=" -> (known after apply)
      ~ content_base64sha512 = "6hgoo+MsUh7hSl+0Wvvbl7nlHXk8nUnTjWO2UguZZ/MFXskjxA/jzaNKNxvss3GKbGEIxMVuoXm27sKVSD94Hg==" -> (known after apply)
      ~ content_md5          = "8b1a2288a51422e7e9802a8ed86a2bea" -> (known after apply)
      ~ content_sha1         = "08332943453ec993a8b17779710a540b7f7b50b7" -> (known after apply)
      ~ content_sha256       = "785bdd0556f6e69ffd3c89f9edfa9b9f04b077208f9ea12760802b9087d78a5f" -> (known after apply)
      ~ content_sha512       = "ea1828a3e32c521ee14a5fb45afbdb97b9e51d793c9d49d38d63b6520b9967f3055ec923c40fe3cda34a371becb3718a6c6108c4c56ea179b6eec295483f781e" -> (known after apply)
      ~ id                   = "08332943453ec993a8b17779710a540b7f7b50b7" -> (known after apply)
        # (3 unchanged attributes hidden)
    }

  # local_file.providers["3-gcve-dev"] will be created
  + resource "local_file" "providers" {
      + content              = <<-EOT
            /**
             * Copyright 2024 Google LLC
             *
             * Licensed under the Apache License, Version 2.0 (the "License");
             * you may not use this file except in compliance with the License.
             * You may obtain a copy of the License at
             *
             *      http://www.apache.org/licenses/LICENSE-2.0
             *
             * Unless required by applicable law or agreed to in writing, software
             * distributed under the License is distributed on an "AS IS" BASIS,
             * WITHOUT WARRANTIES OR CONDITIONS OF ANY KIND, either express or implied.
             * See the License for the specific language governing permissions and
             * limitations under the License.
             */
            
            terraform {
              backend "gcs" {
                bucket                      = "ldj-dev-resman-gcve-0"
                impersonate_service_account = "ldj-dev-resman-gcve-0@ldj-prod-iac-core-0.iam.gserviceaccount.com"
              }
            }
            provider "google" {
              impersonate_service_account = "ldj-dev-resman-gcve-0@ldj-prod-iac-core-0.iam.gserviceaccount.com"
            }
            provider "google-beta" {
              impersonate_service_account = "ldj-dev-resman-gcve-0@ldj-prod-iac-core-0.iam.gserviceaccount.com"
            }
            
            # end provider.tf for gcve-dev
        EOT
      + content_base64sha256 = (known after apply)
      + content_base64sha512 = (known after apply)
      + content_md5          = (known after apply)
      + content_sha1         = (known after apply)
      + content_sha256       = (known after apply)
      + content_sha512       = (known after apply)
      + directory_permission = "0777"
      + file_permission      = "0644"
      + filename             = "/home/ludomagno/dev/tf-playground/fast-config/ludo/providers/3-gcve-dev-providers.tf"
      + id                   = (known after apply)
    }

  # local_file.providers["3-gcve-dev-r"] will be created
  + resource "local_file" "providers" {
      + content              = <<-EOT
            /**
             * Copyright 2024 Google LLC
             *
             * Licensed under the Apache License, Version 2.0 (the "License");
             * you may not use this file except in compliance with the License.
             * You may obtain a copy of the License at
             *
             *      http://www.apache.org/licenses/LICENSE-2.0
             *
             * Unless required by applicable law or agreed to in writing, software
             * distributed under the License is distributed on an "AS IS" BASIS,
             * WITHOUT WARRANTIES OR CONDITIONS OF ANY KIND, either express or implied.
             * See the License for the specific language governing permissions and
             * limitations under the License.
             */
            
            terraform {
              backend "gcs" {
                bucket                      = "ldj-dev-resman-gcve-0"
                impersonate_service_account = "ldj-dev-resman-gcve-0r@ldj-prod-iac-core-0.iam.gserviceaccount.com"
              }
            }
            provider "google" {
              impersonate_service_account = "ldj-dev-resman-gcve-0r@ldj-prod-iac-core-0.iam.gserviceaccount.com"
            }
            provider "google-beta" {
              impersonate_service_account = "ldj-dev-resman-gcve-0r@ldj-prod-iac-core-0.iam.gserviceaccount.com"
            }
            
            # end provider.tf for gcve-dev
        EOT
      + content_base64sha256 = (known after apply)
      + content_base64sha512 = (known after apply)
      + content_md5          = (known after apply)
      + content_sha1         = (known after apply)
      + content_sha256       = (known after apply)
      + content_sha512       = (known after apply)
      + directory_permission = "0777"
      + file_permission      = "0644"
      + filename             = "/home/ludomagno/dev/tf-playground/fast-config/ludo/providers/3-gcve-dev-r-providers.tf"
      + id                   = (known after apply)
    }

  # local_file.providers["3-gcve-prod"] will be created
  + resource "local_file" "providers" {
      + content              = <<-EOT
            /**
             * Copyright 2024 Google LLC
             *
             * Licensed under the Apache License, Version 2.0 (the "License");
             * you may not use this file except in compliance with the License.
             * You may obtain a copy of the License at
             *
             *      http://www.apache.org/licenses/LICENSE-2.0
             *
             * Unless required by applicable law or agreed to in writing, software
             * distributed under the License is distributed on an "AS IS" BASIS,
             * WITHOUT WARRANTIES OR CONDITIONS OF ANY KIND, either express or implied.
             * See the License for the specific language governing permissions and
             * limitations under the License.
             */
            
            terraform {
              backend "gcs" {
                bucket                      = "ldj-prod-resman-gcve-0"
                impersonate_service_account = "ldj-prod-resman-gcve-0@ldj-prod-iac-core-0.iam.gserviceaccount.com"
              }
            }
            provider "google" {
              impersonate_service_account = "ldj-prod-resman-gcve-0@ldj-prod-iac-core-0.iam.gserviceaccount.com"
            }
            provider "google-beta" {
              impersonate_service_account = "ldj-prod-resman-gcve-0@ldj-prod-iac-core-0.iam.gserviceaccount.com"
            }
            
            # end provider.tf for gcve-prod
        EOT
      + content_base64sha256 = (known after apply)
      + content_base64sha512 = (known after apply)
      + content_md5          = (known after apply)
      + content_sha1         = (known after apply)
      + content_sha256       = (known after apply)
      + content_sha512       = (known after apply)
      + directory_permission = "0777"
      + file_permission      = "0644"
      + filename             = "/home/ludomagno/dev/tf-playground/fast-config/ludo/providers/3-gcve-prod-providers.tf"
      + id                   = (known after apply)
    }

  # local_file.providers["3-gcve-prod-r"] will be created
  + resource "local_file" "providers" {
      + content              = <<-EOT
            /**
             * Copyright 2024 Google LLC
             *
             * Licensed under the Apache License, Version 2.0 (the "License");
             * you may not use this file except in compliance with the License.
             * You may obtain a copy of the License at
             *
             *      http://www.apache.org/licenses/LICENSE-2.0
             *
             * Unless required by applicable law or agreed to in writing, software
             * distributed under the License is distributed on an "AS IS" BASIS,
             * WITHOUT WARRANTIES OR CONDITIONS OF ANY KIND, either express or implied.
             * See the License for the specific language governing permissions and
             * limitations under the License.
             */
            
            terraform {
              backend "gcs" {
                bucket                      = "ldj-prod-resman-gcve-0"
                impersonate_service_account = "ldj-prod-resman-gcve-0r@ldj-prod-iac-core-0.iam.gserviceaccount.com"
              }
            }
            provider "google" {
              impersonate_service_account = "ldj-prod-resman-gcve-0r@ldj-prod-iac-core-0.iam.gserviceaccount.com"
            }
            provider "google-beta" {
              impersonate_service_account = "ldj-prod-resman-gcve-0r@ldj-prod-iac-core-0.iam.gserviceaccount.com"
            }
            
            # end provider.tf for gcve-prod
        EOT
      + content_base64sha256 = (known after apply)
      + content_base64sha512 = (known after apply)
      + content_md5          = (known after apply)
      + content_sha1         = (known after apply)
      + content_sha256       = (known after apply)
      + content_sha512       = (known after apply)
      + directory_permission = "0777"
      + file_permission      = "0644"
      + filename             = "/home/ludomagno/dev/tf-playground/fast-config/ludo/providers/3-gcve-prod-r-providers.tf"
      + id                   = (known after apply)
    }

  # local_file.providers["3-project-factory-dev"] will be created
  + resource "local_file" "providers" {
      + content              = <<-EOT
            /**
             * Copyright 2024 Google LLC
             *
             * Licensed under the Apache License, Version 2.0 (the "License");
             * you may not use this file except in compliance with the License.
             * You may obtain a copy of the License at
             *
             *      http://www.apache.org/licenses/LICENSE-2.0
             *
             * Unless required by applicable law or agreed to in writing, software
             * distributed under the License is distributed on an "AS IS" BASIS,
             * WITHOUT WARRANTIES OR CONDITIONS OF ANY KIND, either express or implied.
             * See the License for the specific language governing permissions and
             * limitations under the License.
             */
            
            terraform {
              backend "gcs" {
                bucket                      = "ldj-dev-resman-pf-0"
                impersonate_service_account = "ldj-dev-resman-pf-0@ldj-prod-iac-core-0.iam.gserviceaccount.com"
              }
            }
            provider "google" {
              impersonate_service_account = "ldj-dev-resman-pf-0@ldj-prod-iac-core-0.iam.gserviceaccount.com"
            }
            provider "google-beta" {
              impersonate_service_account = "ldj-dev-resman-pf-0@ldj-prod-iac-core-0.iam.gserviceaccount.com"
            }
            
            # end provider.tf for project-factory-dev
        EOT
      + content_base64sha256 = (known after apply)
      + content_base64sha512 = (known after apply)
      + content_md5          = (known after apply)
      + content_sha1         = (known after apply)
      + content_sha256       = (known after apply)
      + content_sha512       = (known after apply)
      + directory_permission = "0777"
      + file_permission      = "0644"
      + filename             = "/home/ludomagno/dev/tf-playground/fast-config/ludo/providers/3-project-factory-dev-providers.tf"
      + id                   = (known after apply)
    }

  # local_file.providers["3-project-factory-dev-r"] will be created
  + resource "local_file" "providers" {
      + content              = <<-EOT
            /**
             * Copyright 2024 Google LLC
             *
             * Licensed under the Apache License, Version 2.0 (the "License");
             * you may not use this file except in compliance with the License.
             * You may obtain a copy of the License at
             *
             *      http://www.apache.org/licenses/LICENSE-2.0
             *
             * Unless required by applicable law or agreed to in writing, software
             * distributed under the License is distributed on an "AS IS" BASIS,
             * WITHOUT WARRANTIES OR CONDITIONS OF ANY KIND, either express or implied.
             * See the License for the specific language governing permissions and
             * limitations under the License.
             */
            
            terraform {
              backend "gcs" {
                bucket                      = "ldj-dev-resman-pf-0"
                impersonate_service_account = "ldj-dev-resman-pf-0r@ldj-prod-iac-core-0.iam.gserviceaccount.com"
              }
            }
            provider "google" {
              impersonate_service_account = "ldj-dev-resman-pf-0r@ldj-prod-iac-core-0.iam.gserviceaccount.com"
            }
            provider "google-beta" {
              impersonate_service_account = "ldj-dev-resman-pf-0r@ldj-prod-iac-core-0.iam.gserviceaccount.com"
            }
            
            # end provider.tf for project-factory-dev
        EOT
      + content_base64sha256 = (known after apply)
      + content_base64sha512 = (known after apply)
      + content_md5          = (known after apply)
      + content_sha1         = (known after apply)
      + content_sha256       = (known after apply)
      + content_sha512       = (known after apply)
      + directory_permission = "0777"
      + file_permission      = "0644"
      + filename             = "/home/ludomagno/dev/tf-playground/fast-config/ludo/providers/3-project-factory-dev-r-providers.tf"
      + id                   = (known after apply)
    }

  # local_file.providers["3-project-factory-prod"] will be created
  + resource "local_file" "providers" {
      + content              = <<-EOT
            /**
             * Copyright 2024 Google LLC
             *
             * Licensed under the Apache License, Version 2.0 (the "License");
             * you may not use this file except in compliance with the License.
             * You may obtain a copy of the License at
             *
             *      http://www.apache.org/licenses/LICENSE-2.0
             *
             * Unless required by applicable law or agreed to in writing, software
             * distributed under the License is distributed on an "AS IS" BASIS,
             * WITHOUT WARRANTIES OR CONDITIONS OF ANY KIND, either express or implied.
             * See the License for the specific language governing permissions and
             * limitations under the License.
             */
            
            terraform {
              backend "gcs" {
                bucket                      = "ldj-prod-resman-pf-0"
                impersonate_service_account = "ldj-prod-resman-pf-0@ldj-prod-iac-core-0.iam.gserviceaccount.com"
              }
            }
            provider "google" {
              impersonate_service_account = "ldj-prod-resman-pf-0@ldj-prod-iac-core-0.iam.gserviceaccount.com"
            }
            provider "google-beta" {
              impersonate_service_account = "ldj-prod-resman-pf-0@ldj-prod-iac-core-0.iam.gserviceaccount.com"
            }
            
            # end provider.tf for project-factory-prod
        EOT
      + content_base64sha256 = (known after apply)
      + content_base64sha512 = (known after apply)
      + content_md5          = (known after apply)
      + content_sha1         = (known after apply)
      + content_sha256       = (known after apply)
      + content_sha512       = (known after apply)
      + directory_permission = "0777"
      + file_permission      = "0644"
      + filename             = "/home/ludomagno/dev/tf-playground/fast-config/ludo/providers/3-project-factory-prod-providers.tf"
      + id                   = (known after apply)
    }

  # local_file.providers["3-project-factory-prod-r"] will be created
  + resource "local_file" "providers" {
      + content              = <<-EOT
            /**
             * Copyright 2024 Google LLC
             *
             * Licensed under the Apache License, Version 2.0 (the "License");
             * you may not use this file except in compliance with the License.
             * You may obtain a copy of the License at
             *
             *      http://www.apache.org/licenses/LICENSE-2.0
             *
             * Unless required by applicable law or agreed to in writing, software
             * distributed under the License is distributed on an "AS IS" BASIS,
             * WITHOUT WARRANTIES OR CONDITIONS OF ANY KIND, either express or implied.
             * See the License for the specific language governing permissions and
             * limitations under the License.
             */
            
            terraform {
              backend "gcs" {
                bucket                      = "ldj-prod-resman-pf-0"
                impersonate_service_account = "ldj-prod-resman-pf-0r@ldj-prod-iac-core-0.iam.gserviceaccount.com"
              }
            }
            provider "google" {
              impersonate_service_account = "ldj-prod-resman-pf-0r@ldj-prod-iac-core-0.iam.gserviceaccount.com"
            }
            provider "google-beta" {
              impersonate_service_account = "ldj-prod-resman-pf-0r@ldj-prod-iac-core-0.iam.gserviceaccount.com"
            }
            
            # end provider.tf for project-factory-prod
        EOT
      + content_base64sha256 = (known after apply)
      + content_base64sha512 = (known after apply)
      + content_md5          = (known after apply)
      + content_sha1         = (known after apply)
      + content_sha256       = (known after apply)
      + content_sha512       = (known after apply)
      + directory_permission = "0777"
      + file_permission      = "0644"
      + filename             = "/home/ludomagno/dev/tf-playground/fast-config/ludo/providers/3-project-factory-prod-r-providers.tf"
      + id                   = (known after apply)
    }

  # local_file.providers["3-sandbox"] will be created
  + resource "local_file" "providers" {
      + content              = <<-EOT
            /**
             * Copyright 2024 Google LLC
             *
             * Licensed under the Apache License, Version 2.0 (the "License");
             * you may not use this file except in compliance with the License.
             * You may obtain a copy of the License at
             *
             *      http://www.apache.org/licenses/LICENSE-2.0
             *
             * Unless required by applicable law or agreed to in writing, software
             * distributed under the License is distributed on an "AS IS" BASIS,
             * WITHOUT WARRANTIES OR CONDITIONS OF ANY KIND, either express or implied.
             * See the License for the specific language governing permissions and
             * limitations under the License.
             */
            
            terraform {
              backend "gcs" {
                bucket                      = "ldj-dev-resman-sbx-0"
                impersonate_service_account = "ldj-dev-resman-sbx-0@ldj-prod-iac-core-0.iam.gserviceaccount.com"
              }
            }
            provider "google" {
              impersonate_service_account = "ldj-dev-resman-sbx-0@ldj-prod-iac-core-0.iam.gserviceaccount.com"
            }
            provider "google-beta" {
              impersonate_service_account = "ldj-dev-resman-sbx-0@ldj-prod-iac-core-0.iam.gserviceaccount.com"
            }
            
            # end provider.tf for sandbox
        EOT
      + content_base64sha256 = (known after apply)
      + content_base64sha512 = (known after apply)
      + content_md5          = (known after apply)
      + content_sha1         = (known after apply)
      + content_sha256       = (known after apply)
      + content_sha512       = (known after apply)
      + directory_permission = "0777"
      + file_permission      = "0644"
      + filename             = "/home/ludomagno/dev/tf-playground/fast-config/ludo/providers/3-sandbox-providers.tf"
      + id                   = (known after apply)
    }

  # local_file.providers["3-sandbox-r"] will be created
  + resource "local_file" "providers" {
      + content              = <<-EOT
            /**
             * Copyright 2024 Google LLC
             *
             * Licensed under the Apache License, Version 2.0 (the "License");
             * you may not use this file except in compliance with the License.
             * You may obtain a copy of the License at
             *
             *      http://www.apache.org/licenses/LICENSE-2.0
             *
             * Unless required by applicable law or agreed to in writing, software
             * distributed under the License is distributed on an "AS IS" BASIS,
             * WITHOUT WARRANTIES OR CONDITIONS OF ANY KIND, either express or implied.
             * See the License for the specific language governing permissions and
             * limitations under the License.
             */
            
            terraform {
              backend "gcs" {
                bucket                      = "ldj-dev-resman-sbx-0"
                impersonate_service_account = "ldj-dev-resman-sbx-0r@ldj-prod-iac-core-0.iam.gserviceaccount.com"
              }
            }
            provider "google" {
              impersonate_service_account = "ldj-dev-resman-sbx-0r@ldj-prod-iac-core-0.iam.gserviceaccount.com"
            }
            provider "google-beta" {
              impersonate_service_account = "ldj-dev-resman-sbx-0r@ldj-prod-iac-core-0.iam.gserviceaccount.com"
            }
            
            # end provider.tf for sandbox
        EOT
      + content_base64sha256 = (known after apply)
      + content_base64sha512 = (known after apply)
      + content_md5          = (known after apply)
      + content_sha1         = (known after apply)
      + content_sha256       = (known after apply)
      + content_sha512       = (known after apply)
      + directory_permission = "0777"
      + file_permission      = "0644"
      + filename             = "/home/ludomagno/dev/tf-playground/fast-config/ludo/providers/3-sandbox-r-providers.tf"
      + id                   = (known after apply)
    }

  # local_file.providers["9-sandbox"] will be destroyed
  # (because key ["9-sandbox"] is not in for_each map)
  - resource "local_file" "providers" {
      - content              = <<-EOT
            /**
             * Copyright 2024 Google LLC
             *
             * Licensed under the Apache License, Version 2.0 (the "License");
             * you may not use this file except in compliance with the License.
             * You may obtain a copy of the License at
             *
             *      http://www.apache.org/licenses/LICENSE-2.0
             *
             * Unless required by applicable law or agreed to in writing, software
             * distributed under the License is distributed on an "AS IS" BASIS,
             * WITHOUT WARRANTIES OR CONDITIONS OF ANY KIND, either express or implied.
             * See the License for the specific language governing permissions and
             * limitations under the License.
             */
            
            terraform {
              backend "gcs" {
                bucket                      = "ldj-dev-resman-sbox-0"
                impersonate_service_account = "ldj-dev-resman-sbox-0@ldj-prod-iac-core-0.iam.gserviceaccount.com"
              }
            }
            provider "google" {
              impersonate_service_account = "ldj-dev-resman-sbox-0@ldj-prod-iac-core-0.iam.gserviceaccount.com"
            }
            provider "google-beta" {
              impersonate_service_account = "ldj-dev-resman-sbox-0@ldj-prod-iac-core-0.iam.gserviceaccount.com"
            }
            
            # end provider.tf for sandbox
        EOT -> null
      - content_base64sha256 = "sxj7XXfYyf/wdly0AuijFHRLvOB8HMkV3yrhtOhJVjc=" -> null
      - content_base64sha512 = "5HhvcchEvqjX6COU5RkmuiQ73jnNqeUfkybM1fawSQ0n+VmpXcyuZ6r6CtCt6ljNWy3LuZavjZTYDMk+6P851g==" -> null
      - content_md5          = "84e49dd061b91429189337f5e34a91b9" -> null
      - content_sha1         = "344829bd4c47592067a551a2736173dda6c180a2" -> null
      - content_sha256       = "b318fb5d77d8c9fff0765cb402e8a314744bbce07c1cc915df2ae1b4e8495637" -> null
      - content_sha512       = "e4786f71c844bea8d7e82394e51926ba243bde39cda9e51f9326ccd5f6b0490d27f959a95dccae67aafa0ad0adea58cd5b2dcbb996af8d94d80cc93ee8ff39d6" -> null
      - directory_permission = "0777" -> null
      - file_permission      = "0644" -> null
      - filename             = "/home/ludomagno/dev/tf-playground/fast-config/ludo/providers/9-sandbox-providers.tf" -> null
      - id                   = "344829bd4c47592067a551a2736173dda6c180a2" -> null
    }

  # local_file.tfvars["1"] must be replaced
-/+ resource "local_file" "tfvars" {
      ~ content              = jsonencode(
            {
              - checklist_hierarchy = {}
              - fast_features       = {
                  - data_platform = true
                  - gcve          = false
                  - gke           = true
                  - nsec          = false
                  - sandbox       = true
                }
              - folder_ids          = {
                  - data-platform-dev  = "folders/777820411744"
                  - data-platform-prod = "folders/447111401824"
                  - gcve-dev           = null
                  - gcve-prod          = null
                  - gke-dev            = "folders/39661087317"
                  - gke-prod           = "folders/810789977048"
                  - networking         = "folders/843203210689"
                  - networking-dev     = "folders/835049949636"
                  - networking-prod    = "folders/572160545943"
                  - sandbox            = "folders/245438209825"
                  - security           = "folders/251257116248"
                  - teams              = "folders/551661226665"
                  - tenants            = "folders/1030800250254"
                }
              - service_accounts    = {
                  - data-platform-dev      = "ldj-dev-resman-dp-0@ldj-prod-iac-core-0.iam.gserviceaccount.com"
                  - data-platform-dev-r    = "ldj-dev-resman-dp-0r@ldj-prod-iac-core-0.iam.gserviceaccount.com"
                  - data-platform-prod     = "ldj-prod-resman-dp-0@ldj-prod-iac-core-0.iam.gserviceaccount.com"
                  - data-platform-prod-r   = "ldj-prod-resman-dp-0r@ldj-prod-iac-core-0.iam.gserviceaccount.com"
                  - gcve-dev               = null
                  - gcve-dev-r             = null
                  - gcve-prod              = null
                  - gcve-prod-r            = null
                  - gke-dev                = "ldj-dev-resman-gke-0@ldj-prod-iac-core-0.iam.gserviceaccount.com"
                  - gke-dev-r              = "ldj-dev-resman-gke-0r@ldj-prod-iac-core-0.iam.gserviceaccount.com"
                  - gke-prod               = "ldj-prod-resman-gke-0@ldj-prod-iac-core-0.iam.gserviceaccount.com"
                  - gke-prod-r             = "ldj-prod-resman-gke-0r@ldj-prod-iac-core-0.iam.gserviceaccount.com"
                  - networking             = "ldj-prod-resman-net-0@ldj-prod-iac-core-0.iam.gserviceaccount.com"
                  - networking-r           = "ldj-prod-resman-net-0r@ldj-prod-iac-core-0.iam.gserviceaccount.com"
                  - nsec                   = null
                  - nsec-r                 = null
                  - project-factory        = "ldj-resman-pf-0@ldj-prod-iac-core-0.iam.gserviceaccount.com"
                  - project-factory-dev    = "ldj-dev-resman-pf-0@ldj-prod-iac-core-0.iam.gserviceaccount.com"
                  - project-factory-dev-r  = "ldj-dev-resman-pf-0r@ldj-prod-iac-core-0.iam.gserviceaccount.com"
                  - project-factory-prod   = "ldj-prod-resman-pf-0@ldj-prod-iac-core-0.iam.gserviceaccount.com"
                  - project-factory-prod-r = "ldj-prod-resman-pf-0r@ldj-prod-iac-core-0.iam.gserviceaccount.com"
                  - project-factory-r      = "ldj-resman-pf-0r@ldj-prod-iac-core-0.iam.gserviceaccount.com"
                  - sandbox                = "ldj-dev-resman-sbox-0@ldj-prod-iac-core-0.iam.gserviceaccount.com"
                  - security               = "ldj-prod-resman-sec-0@ldj-prod-iac-core-0.iam.gserviceaccount.com"
                  - security-r             = "ldj-prod-resman-sec-0r@ldj-prod-iac-core-0.iam.gserviceaccount.com"
                }
              - tag_keys            = {
                  - context         = "tagKeys/123316001138"
                  - environment     = "tagKeys/534907385149"
                  - gcs_soft_delete = "tagKeys/281479009308987"
                }
              - tag_names           = {
                  - context     = "context"
                  - environment = "environment"
                }
              - tag_values          = {
                  - "context/data"              = "tagValues/420824284884"
                  - "context/gcve"              = "tagValues/281476934113589"
                  - "context/gke"               = "tagValues/1084887265324"
                  - "context/networking"        = "tagValues/1085868865377"
                  - "context/project-factory"   = "tagValues/281477339751191"
                  - "context/sandbox"           = "tagValues/918078731612"
                  - "context/security"          = "tagValues/111937801763"
                  - "environment/development"   = "tagValues/1028757044334"
                  - "environment/production"    = "tagValues/1067159199641"
                  - "gcs_soft_delete/allow-0"   = "tagValues/281478899316081"
                  - "gcs_soft_delete/allow-10"  = "tagValues/281483064391362"
                  - "gcs_soft_delete/allow-all" = "tagValues/281484261155708"
                }
            } # forces replacement
        ) -> (known after apply) # forces replacement
      ~ content_base64sha256 = "a1d0rz+g1lEsonOTCLJg1B4fYe3CNQlNHLyQJfiNABo=" -> (known after apply)
      ~ content_base64sha512 = "uYx5WoLh/SM2Ka2LpxVKh66Q8KX4/u6JaiJCbchLdOsCwL4soEEDBAn39HRhFr8guPjrUr7EbIVxyuwc/aLJMQ==" -> (known after apply)
      ~ content_md5          = "37deef51a029912915b1ce5e27f9fe36" -> (known after apply)
      ~ content_sha1         = "2d18dbd6d4a9f0c71e7b09dadc0131310eab54a6" -> (known after apply)
      ~ content_sha256       = "6b5774af3fa0d6512ca2739308b260d41e1f61edc235094d1cbc9025f88d001a" -> (known after apply)
      ~ content_sha512       = "b98c795a82e1fd233629ad8ba7154a87ae90f0a5f8feee896a22426dc84b74eb02c0be2ca041030409f7f4746116bf20b8f8eb52bec46c8571caec1cfda2c931" -> (known after apply)
      ~ id                   = "2d18dbd6d4a9f0c71e7b09dadc0131310eab54a6" -> (known after apply)
        # (3 unchanged attributes hidden)
    }

  # local_file.workflows["networking"] must be replaced
-/+ resource "local_file" "workflows" {
      ~ content              = <<-EOT # forces replacement
            # Copyright 2024 Google LLC
            #
            # Licensed under the Apache License, Version 2.0 (the "License");
            # you may not use this file except in compliance with the License.
            # You may obtain a copy of the License at
            #
            #      http://www.apache.org/licenses/LICENSE-2.0
            #
            # Unless required by applicable law or agreed to in writing, software
            # distributed under the License is distributed on an "AS IS" BASIS,
            # WITHOUT WARRANTIES OR CONDITIONS OF ANY KIND, either express or implied.
            # See the License for the specific language governing permissions and
            # limitations under the License.
            
            name: "FAST networking stage"
            
            on:
              pull_request:
                branches:
                  - main
                types:
                  - closed
                  - opened
                  - synchronize
            
            env:
          -   FAST_SERVICE_ACCOUNT: ldj-prod-resman-net-1@ldj-prod-iac-core-0.iam.gserviceaccount.com
          +   FAST_SERVICE_ACCOUNT: ldj-prod-resman-net-0@ldj-prod-iac-core-0.iam.gserviceaccount.com
          -   FAST_SERVICE_ACCOUNT_PLAN: ldj-prod-resman-net-1r@ldj-prod-iac-core-0.iam.gserviceaccount.com
          +   FAST_SERVICE_ACCOUNT_PLAN: ldj-prod-resman-net-0r@ldj-prod-iac-core-0.iam.gserviceaccount.com
              FAST_WIF_PROVIDER: projects/1067134626166/locations/global/workloadIdentityPools/ldj-bootstrap/providers/ldj-bootstrap-github-ludomagno
              SSH_AUTH_SOCK: /tmp/ssh_agent.sock
              TF_PROVIDERS_FILE: 2-networking-providers.tf
          -   TF_PROVIDERS_FILE_PLAN: 2-networking-r-providers.tf
          +   TF_PROVIDERS_FILE_PLAN: 2-networking-providers-r.tf
              TF_VERSION: 1.7.4
            
            jobs:
              fast-pr:
                # Skip PRs which are closed without being merged.
                if: >-
                  github.event.action == 'closed' && 
                  github.event.pull_request.merged == true ||
                  github.event.action == 'opened' ||
                  github.event.action == 'synchronize'
                permissions:
                  contents: read
                  id-token: write
                  issues: write
                  pull-requests: write
                runs-on: ubuntu-latest
                steps:
                  - id: checkout
                    name: Checkout repository
                    uses: actions/checkout@v4
            
                  # set up SSH key authentication to the modules repository
            
                  - id: ssh-config
                    name: Configure SSH authentication
                    run: |
                      ssh-agent -a "$SSH_AUTH_SOCK" > /dev/null
                      ssh-add - <<< "${{ secrets.CICD_MODULES_KEY }}"
            
                  # set up step variables for plan / apply
            
                  - id: vars-plan
                    if: github.event.pull_request.merged != true && success()
                    name: Set up plan variables
                    run: |
                      echo "plan_opts=-lock=false" >> "$GITHUB_ENV"
                      echo "provider_file=${{env.TF_PROVIDERS_FILE_PLAN}}" >> "$GITHUB_ENV"
                      echo "service_account=${{env.FAST_SERVICE_ACCOUNT_PLAN}}" >> "$GITHUB_ENV"
            
                  - id: vars-apply
                    if: github.event.pull_request.merged == true && success()
                    name: Set up apply variables
                    run: |
                      echo "provider_file=${{env.TF_PROVIDERS_FILE}}" >> "$GITHUB_ENV"
                      echo "service_account=${{env.FAST_SERVICE_ACCOUNT}}" >> "$GITHUB_ENV"
            
                  # set up authentication via Workload identity Federation and gcloud
            
                  - id: gcp-auth
                    name: Authenticate to Google Cloud
                    uses: google-github-actions/auth@v2
                    with:
                      workload_identity_provider: ${{env.FAST_WIF_PROVIDER}}
                      service_account: ${{env.service_account}}
                      access_token_lifetime: 900s
            
                  - id: gcp-sdk
                    name: Set up Cloud SDK
                    uses: google-github-actions/setup-gcloud@v2
                    with:
                      install_components: alpha
            
                  # copy provider file
            
                  - id: tf-config-provider
                    name: Copy Terraform provider file
                    run: |
                      gcloud storage cp -r \
                        "gs://ldj-prod-iac-core-outputs-0/providers/${{env.provider_file}}" ./
                      gcloud storage cp -r \
                        "gs://ldj-prod-iac-core-outputs-0/tfvars/0-bootstrap.auto.tfvars.json" ./
                      gcloud storage cp -r \
                        "gs://ldj-prod-iac-core-outputs-0/tfvars/1-resman.auto.tfvars.json" ./
                      gcloud storage cp -r \
                        "gs://ldj-prod-iac-core-outputs-0/tfvars/0-globals.auto.tfvars.json" ./
            
                  - id: tf-setup
                    name: Set up Terraform
                    uses: hashicorp/setup-terraform@v3
                    with:
                      terraform_version: ${{env.TF_VERSION}}
            
                  # run Terraform init/validate/plan
            
                  - id: tf-init
                    name: Terraform init
                    continue-on-error: true
                    run: |
                      terraform init -no-color
            
                  - id: tf-validate
                    continue-on-error: true
                    name: Terraform validate
                    run: terraform validate -no-color
            
                  - id: tf-plan
                    name: Terraform plan
                    continue-on-error: true
                    run: |
                      terraform plan -input=false -out ../plan.out -no-color ${{env.plan_opts}}
            
                  - id: tf-apply
                    if: github.event.pull_request.merged == true && success()
                    name: Terraform apply
                    continue-on-error: true
                    run: |
                      terraform apply -input=false -auto-approve -no-color ../plan.out
            
                  # PR comment with Terraform result from previous steps
                  # length is checked and trimmed for length so as to stay within the limit
            
                  - id: pr-comment
                    name: Post comment to Pull Request
                    continue-on-error: true
                    uses: actions/github-script@v7
                    if: github.event_name == 'pull_request'
                    env:
                      PLAN: ${{steps.tf-plan.outputs.stdout}}\n${{steps.tf-plan.outputs.stderr}}
                    with:
                      script: |
                        const output = `### Terraform Initialization \`${{steps.tf-init.outcome}}\`
            
                        ### Terraform Validation \`${{steps.tf-validate.outcome}}\`
            
                        <details><summary>Validation Output</summary>
            
                        \`\`\`\n
                        ${{steps.tf-validate.outputs.stdout}}
                        \`\`\`
            
                        </details>
            
                        ### Terraform Plan \`${{steps.tf-plan.outcome}}\`
            
                        <details><summary>Show Plan</summary>
            
                        \`\`\`\n
                        ${process.env.PLAN.split('\n').filter(l => l.match(/^([A-Z\s].*|)$$/)).join('\n')}
                        \`\`\`
            
                        </details>
            
                        ### Terraform Apply \`${{steps.tf-apply.outcome}}\`
            
                        *Pusher: @${{github.actor}}, Action: \`${{github.event_name}}\`, Working Directory: \`${{env.tf_actions_working_dir}}\`, Workflow: \`${{github.workflow}}\`*`;
            
                        github.rest.issues.createComment({
                          issue_number: context.issue.number,
                          owner: context.repo.owner,
                          repo: context.repo.repo,
                          body: output
                        })
            
                  - id: pr-short-comment
                    name: Post comment to Pull Request (abbreviated)
                    uses: actions/github-script@v7
                    if: github.event_name == 'pull_request' && steps.pr-comment.outcome != 'success'
                    with:
                      script: |
                        const output = `### Terraform Initialization \`${{steps.tf-init.outcome}}\`
            
                        ### Terraform Validation \`${{steps.tf-validate.outcome}}\`
            
                        ### Terraform Plan \`${{steps.tf-plan.outcome}}\`
            
                        Plan output is in the action log.
            
                        ### Terraform Apply \`${{steps.tf-apply.outcome}}\`
            
                        *Pusher: @${{github.actor}}, Action: \`${{github.event_name}}\`, Working Directory: \`${{env.tf_actions_working_dir}}\`, Workflow: \`${{github.workflow}}\`*`;
            
                        github.rest.issues.createComment({
                          issue_number: context.issue.number,
                          owner: context.repo.owner,
                          repo: context.repo.repo,
                          body: output
                        })
            
                  # exit on error from previous steps
            
                  - id: check-init
                    name: Check init failure
                    if: steps.tf-init.outcome != 'success'
                    run: exit 1
            
                  - id: check-validate
                    name: Check validate failure
                    if: steps.tf-validate.outcome != 'success'
                    run: exit 1
            
                  - id: check-plan
                    name: Check plan failure
                    if: steps.tf-plan.outcome != 'success'
                    run: exit 1
            
                  - id: check-apply
                    name: Check apply failure
                    if: github.event.pull_request.merged == true && steps.tf-apply.outcome != 'success'
                    run: exit 1
        EOT
      ~ content_base64sha256 = "kJ/RbUpuZbDOv2nqdxw+n15VOng/kJbaU55gRc5OPL8=" -> (known after apply)
      ~ content_base64sha512 = "XC963GpnEHYiR5nMyq6pvtZ8HmeGESF7GDOhmK6xQFYJl1N4/n5W7fGo09vYlqXxDBI2ZS2HEHdKsQzeO68MWQ==" -> (known after apply)
      ~ content_md5          = "5f026d95e61ec67fb5d07596d807e80a" -> (known after apply)
      ~ content_sha1         = "41caaadbe411c2ed1d6a81d8422ae4191e678925" -> (known after apply)
      ~ content_sha256       = "909fd16d4a6e65b0cebf69ea771c3e9f5e553a783f9096da539e6045ce4e3cbf" -> (known after apply)
      ~ content_sha512       = "5c2f7adc6a671076224799cccaaea9bed67c1e678611217b1833a198aeb1405609975378fe7e56edf1a8d3dbd896a5f10c1236652d8710774ab10cde3baf0c59" -> (known after apply)
      ~ id                   = "41caaadbe411c2ed1d6a81d8422ae4191e678925" -> (known after apply)
        # (3 unchanged attributes hidden)
    }

  # local_file.workflows["security"] must be replaced
-/+ resource "local_file" "workflows" {
      ~ content              = <<-EOT # forces replacement
            # Copyright 2024 Google LLC
            #
            # Licensed under the Apache License, Version 2.0 (the "License");
            # you may not use this file except in compliance with the License.
            # You may obtain a copy of the License at
            #
            #      http://www.apache.org/licenses/LICENSE-2.0
            #
            # Unless required by applicable law or agreed to in writing, software
            # distributed under the License is distributed on an "AS IS" BASIS,
            # WITHOUT WARRANTIES OR CONDITIONS OF ANY KIND, either express or implied.
            # See the License for the specific language governing permissions and
            # limitations under the License.
            
            variables:
              GOOGLE_CREDENTIALS: cicd-sa-credentials.json
              FAST_OUTPUTS_BUCKET: ldj-prod-iac-core-outputs-0
              FAST_WIF_PROVIDER: projects/1067134626166/locations/global/workloadIdentityPools/ldj-bootstrap/providers/ldj-bootstrap-gitlab-ludomagno
              SSH_AUTH_SOCK: /tmp/ssh_agent.sock
              TF_VAR_FILES: 0-bootstrap.auto.tfvars.json
                1-resman.auto.tfvars.json
                0-globals.auto.tfvars.json
            
            workflow:
              rules:
                # merge / apply
                - if: $CI_PIPELINE_SOURCE == 'push' && $CI_COMMIT_REF_NAME == $CI_DEFAULT_BRANCH
                  variables:
                    COMMAND: apply
          -         FAST_SERVICE_ACCOUNT: ldj-prod-resman-sec-1@ldj-prod-iac-core-0.iam.gserviceaccount.com
          +         FAST_SERVICE_ACCOUNT: ldj-prod-resman-sec-0@ldj-prod-iac-core-0.iam.gserviceaccount.com
                    TF_PROVIDERS_FILE: 2-security-providers.tf
                # pr / plan
                - if: $CI_PIPELINE_SOURCE == 'merge_request_event'
                  variables:
                    COMMAND: plan
          -         FAST_SERVICE_ACCOUNT: ldj-prod-resman-sec-1r@ldj-prod-iac-core-0.iam.gserviceaccount.com
          +         FAST_SERVICE_ACCOUNT: ldj-prod-resman-sec-0r@ldj-prod-iac-core-0.iam.gserviceaccount.com
          -         TF_PROVIDERS_FILE: 2-security-r-providers.tf
          +         TF_PROVIDERS_FILE: 2-security-providers-r.tf
            
            stages:
              - gcp-setup
              - tf-plan-apply
            
            # TODO: document project-level deploy key used to fetch modules
            
            gcp-setup:
              stage: gcp-setup
              image:
                name: google/cloud-sdk:slim
              artifacts:
                paths:
                  - cicd-sa-credentials.json
                  - providers.tf
                  - 0-bootstrap.auto.tfvars.json
                  - 1-resman.auto.tfvars.json
                  - 0-globals.auto.tfvars.json
              id_tokens:
                GITLAB_TOKEN:
                  aud:
                    - https://iam.googleapis.com/projects/1067134626166/locations/global/workloadIdentityPools/ldj-bootstrap/providers/ldj-bootstrap-gitlab-ludomagno
              before_script:
                - echo "$GITLAB_TOKEN" > token.txt
              script:
                - |
                  gcloud iam workload-identity-pools create-cred-config \
                    $FAST_WIF_PROVIDER \
                    --service-account=$FAST_SERVICE_ACCOUNT \
                    --service-account-token-lifetime-seconds=900 \
                    --output-file=$GOOGLE_CREDENTIALS \
                    --credential-source-file=token.txt
                - gcloud config set auth/credential_file_override $GOOGLE_CREDENTIALS
                - gcloud storage cp -r "gs://$FAST_OUTPUTS_BUCKET/providers/$TF_PROVIDERS_FILE" ./providers.tf
                - gcloud storage cp gs://$FAST_OUTPUTS_BUCKET/tfvars/0-bootstrap.auto.tfvars.json ./
                - gcloud storage cp gs://$FAST_OUTPUTS_BUCKET/tfvars/1-resman.auto.tfvars.json ./
                - gcloud storage cp gs://$FAST_OUTPUTS_BUCKET/tfvars/0-globals.auto.tfvars.json ./
            
            
            tf-plan-apply:
              stage: tf-plan-apply
              dependencies:
                - gcp-setup
              id_tokens:
                GITLAB_TOKEN:
                  aud:
                    - https://iam.googleapis.com/projects/1067134626166/locations/global/workloadIdentityPools/ldj-bootstrap/providers/ldj-bootstrap-gitlab-ludomagno
              image:
                name: hashicorp/terraform
                entrypoint:
                  - "/usr/bin/env"
              variables:
                SSH_AUTH_SOCK: /tmp/ssh-agent.sock
              script:
                - |
                  ssh-agent -a $SSH_AUTH_SOCK
                  echo "$CICD_MODULES_KEY" | ssh-add -
                  mkdir -p ~/.ssh
                  ssh-keyscan -H 'gitlab.com' >> ~/.ssh/known_hosts
                  ssh-keyscan gitlab.com | sort -u - ~/.ssh/known_hosts -o ~/.ssh/known_hosts
                - echo "$GITLAB_TOKEN" > token.txt
                - terraform init
                - terraform validate
                - "if [ $COMMAND == 'plan' ]; then terraform plan -input=false -no-color -lock=false; fi"
                - "if [ $COMMAND == 'apply' ]; then terraform apply -input=false -no-color -auto-approve; fi"
        EOT
      ~ content_base64sha256 = "YDdQp0d7sbSDrfOvasNaeyzSCjAchjRkh+apfx8H8po=" -> (known after apply)
      ~ content_base64sha512 = "Eur18ONmHQGXVmnTdehbKH0AeMwc/wtrfJOBzugqWJzINFR/YiokD6NT8/OUVVAPSpdzI69axy4iMQH+HTIXSw==" -> (known after apply)
      ~ content_md5          = "a8d9d77f51f9715c24d7e5e0dcf301e6" -> (known after apply)
      ~ content_sha1         = "bceac2341d2b92ec31c23acd38136fb966211023" -> (known after apply)
      ~ content_sha256       = "603750a7477bb1b483adf3af6ac35a7b2cd20a301c86346487e6a97f1f07f29a" -> (known after apply)
      ~ content_sha512       = "12eaf5f0e3661d01975669d375e85b287d0078cc1cff0b6b7c9381cee82a589cc834547f622a240fa353f3f39455500f4a977323af5ac72e223101fe1d32174b" -> (known after apply)
      ~ id                   = "bceac2341d2b92ec31c23acd38136fb966211023" -> (known after apply)
        # (3 unchanged attributes hidden)
    }

  # module.branch-network-r-sa-cicd["0"].google_project_iam_member.project-roles["ldj-prod-iac-core-0-roles/logging.logWriter"] has moved to module.cicd-sa-ro["networking"].google_project_iam_member.project-roles["ldj-prod-iac-core-0-roles/logging.logWriter"]
    resource "google_project_iam_member" "project-roles" {
        id      = "ldj-prod-iac-core-0/roles/logging.logWriter/serviceAccount:ldj-prod-resman-net-1r@ldj-prod-iac-core-0.iam.gserviceaccount.com"
        # (4 unchanged attributes hidden)
    }

  # module.cicd-sa-ro["networking"].google_service_account.service_account[0] will be updated in-place
  # (moved from module.branch-network-r-sa-cicd["0"].google_service_account.service_account[0])
  ~ resource "google_service_account" "service_account" {
      ~ display_name = "Terraform CI/CD stage 2 networking service account (read-only)." -> "CI/CD 2-net prod service account (read-only)."
        id           = "projects/ldj-prod-iac-core-0/serviceAccounts/ldj-prod-resman-net-1r@ldj-prod-iac-core-0.iam.gserviceaccount.com"
        name         = "projects/ldj-prod-iac-core-0/serviceAccounts/ldj-prod-resman-net-1r@ldj-prod-iac-core-0.iam.gserviceaccount.com"
        # (7 unchanged attributes hidden)
    }

  # module.branch-network-r-sa-cicd["0"].google_service_account_iam_binding.authoritative["roles/iam.workloadIdentityUser"] has moved to module.cicd-sa-ro["networking"].google_service_account_iam_binding.authoritative["roles/iam.workloadIdentityUser"]
    resource "google_service_account_iam_binding" "authoritative" {
        id                 = "projects/ldj-prod-iac-core-0/serviceAccounts/ldj-prod-resman-net-1r@ldj-prod-iac-core-0.iam.gserviceaccount.com/roles/iam.workloadIdentityUser"
        # (4 unchanged attributes hidden)
    }

  # module.branch-network-r-sa-cicd["0"].google_storage_bucket_iam_member.bucket-roles["ldj-prod-iac-core-outputs-0-roles/storage.objectViewer"] has moved to module.cicd-sa-ro["networking"].google_storage_bucket_iam_member.bucket-roles["ldj-prod-iac-core-outputs-0-roles/storage.objectViewer"]
    resource "google_storage_bucket_iam_member" "bucket-roles" {
        id     = "b/ldj-prod-iac-core-outputs-0/roles/storage.objectViewer/serviceAccount:ldj-prod-resman-net-1r@ldj-prod-iac-core-0.iam.gserviceaccount.com"
        # (4 unchanged attributes hidden)
    }

  # module.branch-security-r-sa-cicd["0"].google_project_iam_member.project-roles["ldj-prod-iac-core-0-roles/logging.logWriter"] has moved to module.cicd-sa-ro["security"].google_project_iam_member.project-roles["ldj-prod-iac-core-0-roles/logging.logWriter"]
    resource "google_project_iam_member" "project-roles" {
        id      = "ldj-prod-iac-core-0/roles/logging.logWriter/serviceAccount:ldj-prod-resman-sec-1r@ldj-prod-iac-core-0.iam.gserviceaccount.com"
        # (4 unchanged attributes hidden)
    }

  # module.cicd-sa-ro["security"].google_service_account.service_account[0] will be updated in-place
  # (moved from module.branch-security-r-sa-cicd["0"].google_service_account.service_account[0])
  ~ resource "google_service_account" "service_account" {
      ~ display_name = "Terraform CI/CD stage 2 security service account (read-only)." -> "CI/CD 2-sec prod service account (read-only)."
        id           = "projects/ldj-prod-iac-core-0/serviceAccounts/ldj-prod-resman-sec-1r@ldj-prod-iac-core-0.iam.gserviceaccount.com"
        name         = "projects/ldj-prod-iac-core-0/serviceAccounts/ldj-prod-resman-sec-1r@ldj-prod-iac-core-0.iam.gserviceaccount.com"
        # (7 unchanged attributes hidden)
    }

  # module.cicd-sa-ro["security"].google_service_account_iam_binding.authoritative["roles/iam.workloadIdentityUser"] will be updated in-place
  # (moved from module.branch-security-r-sa-cicd["0"].google_service_account_iam_binding.authoritative["roles/iam.workloadIdentityUser"])
  ~ resource "google_service_account_iam_binding" "authoritative" {
        id                 = "projects/ldj-prod-iac-core-0/serviceAccounts/ldj-prod-resman-sec-1r@ldj-prod-iac-core-0.iam.gserviceaccount.com/roles/iam.workloadIdentityUser"
      ~ members            = [
          - "principalSet://iam.googleapis.com/projects/1067134626166/locations/global/workloadIdentityPools/ldj-bootstrap/attribute.repository/ludomagno/fast-test",
          + "principalSet://iam.googleapis.com/projects/1067134626166/locations/global/workloadIdentityPools/ldj-bootstrap/attribute.repository/ludomagno/security",
        ]
        # (3 unchanged attributes hidden)
    }

  # module.branch-security-r-sa-cicd["0"].google_storage_bucket_iam_member.bucket-roles["ldj-prod-iac-core-outputs-0-roles/storage.objectViewer"] has moved to module.cicd-sa-ro["security"].google_storage_bucket_iam_member.bucket-roles["ldj-prod-iac-core-outputs-0-roles/storage.objectViewer"]
    resource "google_storage_bucket_iam_member" "bucket-roles" {
        id     = "b/ldj-prod-iac-core-outputs-0/roles/storage.objectViewer/serviceAccount:ldj-prod-resman-sec-1r@ldj-prod-iac-core-0.iam.gserviceaccount.com"
        # (4 unchanged attributes hidden)
    }

  # module.branch-network-sa-cicd["0"].google_project_iam_member.project-roles["ldj-prod-iac-core-0-roles/logging.logWriter"] has moved to module.cicd-sa-rw["networking"].google_project_iam_member.project-roles["ldj-prod-iac-core-0-roles/logging.logWriter"]
    resource "google_project_iam_member" "project-roles" {
        id      = "ldj-prod-iac-core-0/roles/logging.logWriter/serviceAccount:ldj-prod-resman-net-1@ldj-prod-iac-core-0.iam.gserviceaccount.com"
        # (4 unchanged attributes hidden)
    }

  # module.cicd-sa-rw["networking"].google_service_account.service_account[0] will be updated in-place
  # (moved from module.branch-network-sa-cicd["0"].google_service_account.service_account[0])
  ~ resource "google_service_account" "service_account" {
      ~ display_name = "Terraform CI/CD stage 2 networking service account." -> "CI/CD 2-net prod service account."
        id           = "projects/ldj-prod-iac-core-0/serviceAccounts/ldj-prod-resman-net-1@ldj-prod-iac-core-0.iam.gserviceaccount.com"
        name         = "projects/ldj-prod-iac-core-0/serviceAccounts/ldj-prod-resman-net-1@ldj-prod-iac-core-0.iam.gserviceaccount.com"
        # (7 unchanged attributes hidden)
    }

  # module.branch-network-sa-cicd["0"].google_service_account_iam_binding.authoritative["roles/iam.workloadIdentityUser"] has moved to module.cicd-sa-rw["networking"].google_service_account_iam_binding.authoritative["roles/iam.workloadIdentityUser"]
    resource "google_service_account_iam_binding" "authoritative" {
        id                 = "projects/ldj-prod-iac-core-0/serviceAccounts/ldj-prod-resman-net-1@ldj-prod-iac-core-0.iam.gserviceaccount.com/roles/iam.workloadIdentityUser"
        # (4 unchanged attributes hidden)
    }

  # module.branch-network-sa-cicd["0"].google_storage_bucket_iam_member.bucket-roles["ldj-prod-iac-core-outputs-0-roles/storage.objectViewer"] has moved to module.cicd-sa-rw["networking"].google_storage_bucket_iam_member.bucket-roles["ldj-prod-iac-core-outputs-0-roles/storage.objectViewer"]
    resource "google_storage_bucket_iam_member" "bucket-roles" {
        id     = "b/ldj-prod-iac-core-outputs-0/roles/storage.objectViewer/serviceAccount:ldj-prod-resman-net-1@ldj-prod-iac-core-0.iam.gserviceaccount.com"
        # (4 unchanged attributes hidden)
    }

  # module.branch-security-sa-cicd["0"].google_project_iam_member.project-roles["ldj-prod-iac-core-0-roles/logging.logWriter"] has moved to module.cicd-sa-rw["security"].google_project_iam_member.project-roles["ldj-prod-iac-core-0-roles/logging.logWriter"]
    resource "google_project_iam_member" "project-roles" {
        id      = "ldj-prod-iac-core-0/roles/logging.logWriter/serviceAccount:ldj-prod-resman-sec-1@ldj-prod-iac-core-0.iam.gserviceaccount.com"
        # (4 unchanged attributes hidden)
    }

  # module.cicd-sa-rw["security"].google_service_account.service_account[0] will be updated in-place
  # (moved from module.branch-security-sa-cicd["0"].google_service_account.service_account[0])
  ~ resource "google_service_account" "service_account" {
      ~ display_name = "Terraform CI/CD stage 2 security service account." -> "CI/CD 2-sec prod service account."
        id           = "projects/ldj-prod-iac-core-0/serviceAccounts/ldj-prod-resman-sec-1@ldj-prod-iac-core-0.iam.gserviceaccount.com"
        name         = "projects/ldj-prod-iac-core-0/serviceAccounts/ldj-prod-resman-sec-1@ldj-prod-iac-core-0.iam.gserviceaccount.com"
        # (7 unchanged attributes hidden)
    }

  # module.cicd-sa-rw["security"].google_service_account_iam_binding.authoritative["roles/iam.workloadIdentityUser"] will be updated in-place
  # (moved from module.branch-security-sa-cicd["0"].google_service_account_iam_binding.authoritative["roles/iam.workloadIdentityUser"])
  ~ resource "google_service_account_iam_binding" "authoritative" {
        id                 = "projects/ldj-prod-iac-core-0/serviceAccounts/ldj-prod-resman-sec-1@ldj-prod-iac-core-0.iam.gserviceaccount.com/roles/iam.workloadIdentityUser"
      ~ members            = [
          - "principalSet://iam.googleapis.com/projects/1067134626166/locations/global/workloadIdentityPools/ldj-bootstrap/attribute.repository/ludomagno/fast-test",
          + "principalSet://iam.googleapis.com/projects/1067134626166/locations/global/workloadIdentityPools/ldj-bootstrap/attribute.repository/ludomagno/security",
        ]
        # (3 unchanged attributes hidden)
    }

  # module.branch-security-sa-cicd["0"].google_storage_bucket_iam_member.bucket-roles["ldj-prod-iac-core-outputs-0-roles/storage.objectViewer"] has moved to module.cicd-sa-rw["security"].google_storage_bucket_iam_member.bucket-roles["ldj-prod-iac-core-outputs-0-roles/storage.objectViewer"]
    resource "google_storage_bucket_iam_member" "bucket-roles" {
        id     = "b/ldj-prod-iac-core-outputs-0/roles/storage.objectViewer/serviceAccount:ldj-prod-resman-sec-1@ldj-prod-iac-core-0.iam.gserviceaccount.com"
        # (4 unchanged attributes hidden)
    }

  # module.branch-network-gcs.google_storage_bucket.bucket has moved to module.net-bucket[0].google_storage_bucket.bucket
    resource "google_storage_bucket" "bucket" {
        id                          = "ldj-prod-resman-net-0"
        name                        = "ldj-prod-resman-net-0"
        # (16 unchanged attributes hidden)

        # (2 unchanged blocks hidden)
    }

  # module.branch-network-gcs.google_storage_bucket_iam_binding.authoritative["roles/storage.objectAdmin"] has moved to module.net-bucket[0].google_storage_bucket_iam_binding.authoritative["roles/storage.objectAdmin"]
    resource "google_storage_bucket_iam_binding" "authoritative" {
        id      = "b/ldj-prod-resman-net-0/roles/storage.objectAdmin"
        # (4 unchanged attributes hidden)
    }

  # module.branch-network-gcs.google_storage_bucket_iam_binding.authoritative["roles/storage.objectViewer"] has moved to module.net-bucket[0].google_storage_bucket_iam_binding.authoritative["roles/storage.objectViewer"]
    resource "google_storage_bucket_iam_binding" "authoritative" {
        id      = "b/ldj-prod-resman-net-0/roles/storage.objectViewer"
        # (4 unchanged attributes hidden)
    }

  # module.branch-network-folder.google_folder.folder[0] has moved to module.net-folder[0].google_folder.folder[0]
    resource "google_folder" "folder" {
        id              = "folders/843203210689"
        name            = "folders/843203210689"
        # (5 unchanged attributes hidden)
    }

  # module.net-folder[0].google_folder_iam_binding.authoritative["organizations/366118655033/roles/networkFirewallPoliciesAdmin"] will be created
  + resource "google_folder_iam_binding" "authoritative" {
      + etag    = (known after apply)
      + folder  = "folders/843203210689"
      + id      = (known after apply)
      + members = [
          + "serviceAccount:ldj-prod-resman-sec-0@ldj-prod-iac-core-0.iam.gserviceaccount.com",
        ]
      + role    = "organizations/366118655033/roles/networkFirewallPoliciesAdmin"
    }

  # module.net-folder[0].google_folder_iam_binding.authoritative["organizations/366118655033/roles/serviceProjectNetworkAdmin"] will be created
  + resource "google_folder_iam_binding" "authoritative" {
      + etag    = (known after apply)
      + folder  = "folders/843203210689"
      + id      = (known after apply)
      + members = [
          + "serviceAccount:ldj-resman-pf-0@ldj-prod-iac-core-0.iam.gserviceaccount.com",
        ]
      + role    = "organizations/366118655033/roles/serviceProjectNetworkAdmin"
    }

  # module.net-folder[0].google_folder_iam_binding.authoritative["roles/compute.networkViewer"] will be created
  + resource "google_folder_iam_binding" "authoritative" {
      + etag    = (known after apply)
      + folder  = "folders/843203210689"
      + id      = (known after apply)
      + members = [
          + "serviceAccount:ldj-resman-pf-0r@ldj-prod-iac-core-0.iam.gserviceaccount.com",
        ]
      + role    = "roles/compute.networkViewer"
    }

  # module.branch-network-folder.google_folder_iam_binding.authoritative["roles/compute.xpnAdmin"] has moved to module.net-folder[0].google_folder_iam_binding.authoritative["roles/compute.xpnAdmin"]
    resource "google_folder_iam_binding" "authoritative" {
        id      = "folders/843203210689/roles/compute.xpnAdmin"
        # (4 unchanged attributes hidden)
    }

  # module.branch-network-folder.google_folder_iam_binding.authoritative["roles/editor"] has moved to module.net-folder[0].google_folder_iam_binding.authoritative["roles/editor"]
    resource "google_folder_iam_binding" "authoritative" {
        id      = "folders/843203210689/roles/editor"
        # (4 unchanged attributes hidden)
    }

  # module.branch-network-folder.google_folder_iam_binding.authoritative["roles/logging.admin"] has moved to module.net-folder[0].google_folder_iam_binding.authoritative["roles/logging.admin"]
    resource "google_folder_iam_binding" "authoritative" {
        id      = "folders/843203210689/roles/logging.admin"
        # (4 unchanged attributes hidden)
    }

  # module.branch-network-folder.google_folder_iam_binding.authoritative["roles/owner"] has moved to module.net-folder[0].google_folder_iam_binding.authoritative["roles/owner"]
    resource "google_folder_iam_binding" "authoritative" {
        id      = "folders/843203210689/roles/owner"
        # (4 unchanged attributes hidden)
    }

  # module.branch-network-folder.google_folder_iam_binding.authoritative["roles/resourcemanager.folderAdmin"] has moved to module.net-folder[0].google_folder_iam_binding.authoritative["roles/resourcemanager.folderAdmin"]
    resource "google_folder_iam_binding" "authoritative" {
        id      = "folders/843203210689/roles/resourcemanager.folderAdmin"
        # (4 unchanged attributes hidden)
    }

  # module.branch-network-folder.google_folder_iam_binding.authoritative["roles/resourcemanager.folderViewer"] has moved to module.net-folder[0].google_folder_iam_binding.authoritative["roles/resourcemanager.folderViewer"]
    resource "google_folder_iam_binding" "authoritative" {
        id      = "folders/843203210689/roles/resourcemanager.folderViewer"
        # (4 unchanged attributes hidden)
    }

  # module.branch-network-folder.google_folder_iam_binding.authoritative["roles/resourcemanager.projectCreator"] has moved to module.net-folder[0].google_folder_iam_binding.authoritative["roles/resourcemanager.projectCreator"]
    resource "google_folder_iam_binding" "authoritative" {
        id      = "folders/843203210689/roles/resourcemanager.projectCreator"
        # (4 unchanged attributes hidden)
    }

  # module.net-folder[0].google_folder_iam_binding.authoritative["roles/serviceusage.serviceUsageAdmin"] will be created
  + resource "google_folder_iam_binding" "authoritative" {
      + etag    = (known after apply)
      + folder  = "folders/843203210689"
      + id      = (known after apply)
      + members = [
          + "serviceAccount:ldj-prod-resman-sec-0@ldj-prod-iac-core-0.iam.gserviceaccount.com",
        ]
      + role    = "roles/serviceusage.serviceUsageAdmin"
    }

  # module.net-folder[0].google_folder_iam_binding.authoritative["roles/serviceusage.serviceUsageConsumer"] will be created
  + resource "google_folder_iam_binding" "authoritative" {
      + etag    = (known after apply)
      + folder  = "folders/843203210689"
      + id      = (known after apply)
      + members = [
          + "serviceAccount:ldj-prod-resman-sec-0r@ldj-prod-iac-core-0.iam.gserviceaccount.com",
        ]
      + role    = "roles/serviceusage.serviceUsageConsumer"
    }

  # module.branch-network-folder.google_folder_iam_binding.authoritative["roles/viewer"] has moved to module.net-folder[0].google_folder_iam_binding.authoritative["roles/viewer"]
    resource "google_folder_iam_binding" "authoritative" {
        id      = "folders/843203210689/roles/viewer"
        # (4 unchanged attributes hidden)
    }

  # module.net-folder[0].google_folder_iam_binding.bindings["pf_delegated_grant"] will be created
  + resource "google_folder_iam_binding" "bindings" {
      + etag    = (known after apply)
      + folder  = "folders/843203210689"
      + id      = (known after apply)
      + members = [
          + "serviceAccount:ldj-resman-pf-0@ldj-prod-iac-core-0.iam.gserviceaccount.com",
        ]
      + role    = "roles/resourcemanager.projectIamAdmin"

      + condition {
          + description = "Project factory delegated grant."
          + expression  = "api.getAttribute('iam.googleapis.com/modifiedGrantsByRole', []).hasOnly([roles/compute.networkUser])"
          + title       = "project factory project delegated admin"
        }
    }

  # module.net-folder[0].google_folder_iam_binding.bindings["stage3_delegated_grant_dev"] will be created
  + resource "google_folder_iam_binding" "bindings" {
      + etag   = (known after apply)
      + folder = "folders/843203210689"
      + id     = (known after apply)
      + role   = "roles/resourcemanager.projectIamAdmin"

      + condition {
          + expression = <<-EOT
                resource.matchTag(
                  '366118655033/environment', 'development'
                )
                &&
                api.getAttribute(
                  'iam.googleapis.com/modifiedGrantsByRole', []).hasOnly(['roles/composer.sharedVpcAgent','roles/compute.networkUser','roles/compute.networkViewer','roles/container.hostServiceAgentUser','roles/multiclusterservicediscovery.serviceAgent','roles/vpcaccess.user']
                )
            EOT
          + title      = "stage 3 project delegated admin dev"
        }
    }

  # module.net-folder[0].google_folder_iam_binding.bindings["stage3_delegated_grant_prod"] will be created
  + resource "google_folder_iam_binding" "bindings" {
      + etag   = (known after apply)
      + folder = "folders/843203210689"
      + id     = (known after apply)
      + role   = "roles/resourcemanager.projectIamAdmin"

      + condition {
          + expression = <<-EOT
                resource.matchTag(
                  '366118655033/environment', 'production'
                )
                &&
                api.getAttribute(
                  'iam.googleapis.com/modifiedGrantsByRole', []).hasOnly(['roles/composer.sharedVpcAgent','roles/compute.networkUser','roles/compute.networkViewer','roles/container.hostServiceAgentUser','roles/multiclusterservicediscovery.serviceAgent','roles/vpcaccess.user']
                )
            EOT
          + title      = "stage 3 project delegated admin prod"
        }
    }

  # module.branch-network-folder.google_tags_tag_binding.binding["context"] has moved to module.net-folder[0].google_tags_tag_binding.binding["context"]
    resource "google_tags_tag_binding" "binding" {
        id        = "tagBindings/%2F%2Fcloudresourcemanager.googleapis.com%2Ffolders%2F843203210689/tagValues/1085868865377"
        name      = "%2F%2Fcloudresourcemanager.googleapis.com%2Ffolders%2F843203210689/tagValues/1085868865377"
        # (2 unchanged attributes hidden)
    }

  # module.branch-network-dev-folder.google_folder.folder[0] has moved to module.net-folder-dev[0].google_folder.folder[0]
    resource "google_folder" "folder" {
        id              = "folders/835049949636"
        name            = "folders/835049949636"
        # (5 unchanged attributes hidden)
    }

  # module.net-folder-dev[0].google_folder_iam_binding.authoritative["organizations/366118655033/roles/gcveNetworkAdmin"] will be destroyed
  # (because key ["organizations/366118655033/roles/gcveNetworkAdmin"] is not in for_each map)
  # (moved from module.branch-network-dev-folder.google_folder_iam_binding.authoritative["organizations/366118655033/roles/gcveNetworkAdmin"])
  - resource "google_folder_iam_binding" "authoritative" {
      - folder  = "folders/835049949636" -> null
      - id      = "folders/835049949636/organizations/366118655033/roles/gcveNetworkAdmin" -> null
      - members = [] -> null
      - role    = "organizations/366118655033/roles/gcveNetworkAdmin" -> null
    }

  # module.net-folder-dev[0].google_folder_iam_binding.authoritative["organizations/366118655033/roles/serviceProjectNetworkAdmin"] will be destroyed
  # (because key ["organizations/366118655033/roles/serviceProjectNetworkAdmin"] is not in for_each map)
  # (moved from module.branch-network-dev-folder.google_folder_iam_binding.authoritative["organizations/366118655033/roles/serviceProjectNetworkAdmin"])
  - resource "google_folder_iam_binding" "authoritative" {
      - etag    = "BwYam5Yf1IQ=" -> null
      - folder  = "folders/835049949636" -> null
      - id      = "folders/835049949636/organizations/366118655033/roles/serviceProjectNetworkAdmin" -> null
      - members = [
          - "serviceAccount:ldj-dev-resman-dp-0@ldj-prod-iac-core-0.iam.gserviceaccount.com",
          - "serviceAccount:ldj-dev-resman-gke-0@ldj-prod-iac-core-0.iam.gserviceaccount.com",
          - "serviceAccount:ldj-dev-resman-pf-0@ldj-prod-iac-core-0.iam.gserviceaccount.com",
          - "serviceAccount:ldj-resman-pf-0@ldj-prod-iac-core-0.iam.gserviceaccount.com",
        ] -> null
      - role    = "organizations/366118655033/roles/serviceProjectNetworkAdmin" -> null
    }

  # module.net-folder-dev[0].google_folder_iam_binding.authoritative["roles/compute.networkViewer"] will be destroyed
  # (because key ["roles/compute.networkViewer"] is not in for_each map)
  # (moved from module.branch-network-dev-folder.google_folder_iam_binding.authoritative["roles/compute.networkViewer"])
  - resource "google_folder_iam_binding" "authoritative" {
      - etag    = "BwYam5Yf1IQ=" -> null
      - folder  = "folders/835049949636" -> null
      - id      = "folders/835049949636/roles/compute.networkViewer" -> null
      - members = [
          - "serviceAccount:ldj-dev-resman-dp-0r@ldj-prod-iac-core-0.iam.gserviceaccount.com",
          - "serviceAccount:ldj-dev-resman-gke-0r@ldj-prod-iac-core-0.iam.gserviceaccount.com",
          - "serviceAccount:ldj-dev-resman-pf-0r@ldj-prod-iac-core-0.iam.gserviceaccount.com",
          - "serviceAccount:ldj-resman-pf-0r@ldj-prod-iac-core-0.iam.gserviceaccount.com",
        ] -> null
      - role    = "roles/compute.networkViewer" -> null
    }

  # module.branch-network-dev-folder.google_tags_tag_binding.binding["environment"] has moved to module.net-folder-dev[0].google_tags_tag_binding.binding["environment"]
    resource "google_tags_tag_binding" "binding" {
        id        = "tagBindings/%2F%2Fcloudresourcemanager.googleapis.com%2Ffolders%2F835049949636/tagValues/1028757044334"
        name      = "%2F%2Fcloudresourcemanager.googleapis.com%2Ffolders%2F835049949636/tagValues/1028757044334"
        # (2 unchanged attributes hidden)
    }

  # module.branch-network-prod-folder.google_folder.folder[0] has moved to module.net-folder-prod[0].google_folder.folder[0]
    resource "google_folder" "folder" {
        id              = "folders/572160545943"
        name            = "folders/572160545943"
        # (5 unchanged attributes hidden)
    }

  # module.net-folder-prod[0].google_folder_iam_binding.authoritative["organizations/366118655033/roles/gcveNetworkAdmin"] will be destroyed
  # (because key ["organizations/366118655033/roles/gcveNetworkAdmin"] is not in for_each map)
  # (moved from module.branch-network-prod-folder.google_folder_iam_binding.authoritative["organizations/366118655033/roles/gcveNetworkAdmin"])
  - resource "google_folder_iam_binding" "authoritative" {
      - folder  = "folders/572160545943" -> null
      - id      = "folders/572160545943/organizations/366118655033/roles/gcveNetworkAdmin" -> null
      - members = [] -> null
      - role    = "organizations/366118655033/roles/gcveNetworkAdmin" -> null
    }

  # module.net-folder-prod[0].google_folder_iam_binding.authoritative["organizations/366118655033/roles/serviceProjectNetworkAdmin"] will be destroyed
  # (because key ["organizations/366118655033/roles/serviceProjectNetworkAdmin"] is not in for_each map)
  # (moved from module.branch-network-prod-folder.google_folder_iam_binding.authoritative["organizations/366118655033/roles/serviceProjectNetworkAdmin"])
  - resource "google_folder_iam_binding" "authoritative" {
      - etag    = "BwYam5Y9ziM=" -> null
      - folder  = "folders/572160545943" -> null
      - id      = "folders/572160545943/organizations/366118655033/roles/serviceProjectNetworkAdmin" -> null
      - members = [
          - "serviceAccount:ldj-prod-resman-dp-0@ldj-prod-iac-core-0.iam.gserviceaccount.com",
          - "serviceAccount:ldj-prod-resman-gke-0@ldj-prod-iac-core-0.iam.gserviceaccount.com",
          - "serviceAccount:ldj-prod-resman-pf-0@ldj-prod-iac-core-0.iam.gserviceaccount.com",
          - "serviceAccount:ldj-resman-pf-0@ldj-prod-iac-core-0.iam.gserviceaccount.com",
        ] -> null
      - role    = "organizations/366118655033/roles/serviceProjectNetworkAdmin" -> null
    }

  # module.net-folder-prod[0].google_folder_iam_binding.authoritative["roles/compute.networkViewer"] will be destroyed
  # (because key ["roles/compute.networkViewer"] is not in for_each map)
  # (moved from module.branch-network-prod-folder.google_folder_iam_binding.authoritative["roles/compute.networkViewer"])
  - resource "google_folder_iam_binding" "authoritative" {
      - etag    = "BwYam5Y9ziM=" -> null
      - folder  = "folders/572160545943" -> null
      - id      = "folders/572160545943/roles/compute.networkViewer" -> null
      - members = [
          - "serviceAccount:ldj-prod-resman-dp-0r@ldj-prod-iac-core-0.iam.gserviceaccount.com",
          - "serviceAccount:ldj-prod-resman-gke-0r@ldj-prod-iac-core-0.iam.gserviceaccount.com",
          - "serviceAccount:ldj-prod-resman-pf-0r@ldj-prod-iac-core-0.iam.gserviceaccount.com",
          - "serviceAccount:ldj-resman-pf-0r@ldj-prod-iac-core-0.iam.gserviceaccount.com",
        ] -> null
      - role    = "roles/compute.networkViewer" -> null
    }

  # module.branch-network-prod-folder.google_tags_tag_binding.binding["environment"] has moved to module.net-folder-prod[0].google_tags_tag_binding.binding["environment"]
    resource "google_tags_tag_binding" "binding" {
        id        = "tagBindings/%2F%2Fcloudresourcemanager.googleapis.com%2Ffolders%2F572160545943/tagValues/1067159199641"
        name      = "%2F%2Fcloudresourcemanager.googleapis.com%2Ffolders%2F572160545943/tagValues/1067159199641"
        # (2 unchanged attributes hidden)
    }

  # module.branch-network-r-sa.google_project_iam_member.project-roles["ldj-prod-iac-core-0-roles/serviceusage.serviceUsageConsumer"] has moved to module.net-sa-ro[0].google_project_iam_member.project-roles["ldj-prod-iac-core-0-roles/serviceusage.serviceUsageConsumer"]
    resource "google_project_iam_member" "project-roles" {
        id      = "ldj-prod-iac-core-0/roles/serviceusage.serviceUsageConsumer/serviceAccount:ldj-prod-resman-net-0r@ldj-prod-iac-core-0.iam.gserviceaccount.com"
        # (4 unchanged attributes hidden)
    }

  # module.branch-network-r-sa.google_service_account.service_account[0] has moved to module.net-sa-ro[0].google_service_account.service_account[0]
    resource "google_service_account" "service_account" {
        id           = "projects/ldj-prod-iac-core-0/serviceAccounts/ldj-prod-resman-net-0r@ldj-prod-iac-core-0.iam.gserviceaccount.com"
        name         = "projects/ldj-prod-iac-core-0/serviceAccounts/ldj-prod-resman-net-0r@ldj-prod-iac-core-0.iam.gserviceaccount.com"
        # (8 unchanged attributes hidden)
    }

  # module.branch-network-r-sa.google_service_account_iam_binding.authoritative["roles/iam.serviceAccountTokenCreator"] has moved to module.net-sa-ro[0].google_service_account_iam_binding.authoritative["roles/iam.serviceAccountTokenCreator"]
    resource "google_service_account_iam_binding" "authoritative" {
        id                 = "projects/ldj-prod-iac-core-0/serviceAccounts/ldj-prod-resman-net-0r@ldj-prod-iac-core-0.iam.gserviceaccount.com/roles/iam.serviceAccountTokenCreator"
        # (4 unchanged attributes hidden)
    }

  # module.branch-network-r-sa.google_storage_bucket_iam_member.bucket-roles["ldj-prod-iac-core-outputs-0-organizations/366118655033/roles/storageViewer"] has moved to module.net-sa-ro[0].google_storage_bucket_iam_member.bucket-roles["ldj-prod-iac-core-outputs-0-organizations/366118655033/roles/storageViewer"]
    resource "google_storage_bucket_iam_member" "bucket-roles" {
        id     = "b/ldj-prod-iac-core-outputs-0/organizations/366118655033/roles/storageViewer/serviceAccount:ldj-prod-resman-net-0r@ldj-prod-iac-core-0.iam.gserviceaccount.com"
        # (4 unchanged attributes hidden)
    }

  # module.branch-network-sa.google_project_iam_member.project-roles["ldj-prod-iac-core-0-roles/serviceusage.serviceUsageConsumer"] has moved to module.net-sa-rw[0].google_project_iam_member.project-roles["ldj-prod-iac-core-0-roles/serviceusage.serviceUsageConsumer"]
    resource "google_project_iam_member" "project-roles" {
        id      = "ldj-prod-iac-core-0/roles/serviceusage.serviceUsageConsumer/serviceAccount:ldj-prod-resman-net-0@ldj-prod-iac-core-0.iam.gserviceaccount.com"
        # (4 unchanged attributes hidden)
    }

  # module.branch-network-sa.google_service_account.service_account[0] has moved to module.net-sa-rw[0].google_service_account.service_account[0]
    resource "google_service_account" "service_account" {
        id           = "projects/ldj-prod-iac-core-0/serviceAccounts/ldj-prod-resman-net-0@ldj-prod-iac-core-0.iam.gserviceaccount.com"
        name         = "projects/ldj-prod-iac-core-0/serviceAccounts/ldj-prod-resman-net-0@ldj-prod-iac-core-0.iam.gserviceaccount.com"
        # (8 unchanged attributes hidden)
    }

  # module.branch-network-sa.google_service_account_iam_binding.authoritative["roles/iam.serviceAccountTokenCreator"] has moved to module.net-sa-rw[0].google_service_account_iam_binding.authoritative["roles/iam.serviceAccountTokenCreator"]
    resource "google_service_account_iam_binding" "authoritative" {
        id                 = "projects/ldj-prod-iac-core-0/serviceAccounts/ldj-prod-resman-net-0@ldj-prod-iac-core-0.iam.gserviceaccount.com/roles/iam.serviceAccountTokenCreator"
        # (4 unchanged attributes hidden)
    }

  # module.branch-network-sa.google_storage_bucket_iam_member.bucket-roles["ldj-prod-iac-core-outputs-0-roles/storage.objectAdmin"] has moved to module.net-sa-rw[0].google_storage_bucket_iam_member.bucket-roles["ldj-prod-iac-core-outputs-0-roles/storage.objectAdmin"]
    resource "google_storage_bucket_iam_member" "bucket-roles" {
        id     = "b/ldj-prod-iac-core-outputs-0/roles/storage.objectAdmin/serviceAccount:ldj-prod-resman-net-0@ldj-prod-iac-core-0.iam.gserviceaccount.com"
        # (4 unchanged attributes hidden)
    }

  # module.organization[0].google_organization_iam_member.bindings["sa_pf_conditional_org_policy"] must be replaced
-/+ resource "google_organization_iam_member" "bindings" {
      ~ etag   = "BwYgHinYa9A=" -> (known after apply)
      ~ id     = <<-EOT
            366118655033/roles/orgpolicy.policyAdmin/serviceAccount:ldj-resman-pf-0@ldj-prod-iac-core-0.iam.gserviceaccount.com/org_policy_tag_pf_scoped/Org policy tag scoped grant for project factory main./resource.matchTag('366118655033/context', 'project-factory')
        EOT -> (known after apply)
        # (3 unchanged attributes hidden)

      ~ condition {
          ~ description = "Org policy tag scoped grant for project factory main." -> "Org policy tag scoped grant for project factory." # forces replacement
            # (2 unchanged attributes hidden)
        }
    }

  # module.organization[0].google_organization_iam_member.bindings["sa_pf_dev_conditional_org_policy"] will be destroyed
  # (because key ["sa_pf_dev_conditional_org_policy"] is not in for_each map)
  - resource "google_organization_iam_member" "bindings" {
      - etag   = "BwYgHqZE5xM=" -> null
      - id     = <<-EOT
            366118655033/roles/orgpolicy.policyAdmin/serviceAccount:ldj-dev-resman-pf-0@ldj-prod-iac-core-0.iam.gserviceaccount.com/org_policy_tag_pf_scoped_dev/Org policy tag scoped grant for project factory dev./resource.matchTag('366118655033/context', 'project-factory')
            &&
            resource.matchTag('366118655033/environment', 'development')
        EOT -> null
      - member = "serviceAccount:ldj-dev-resman-pf-0@ldj-prod-iac-core-0.iam.gserviceaccount.com" -> null
      - org_id = "366118655033" -> null
      - role   = "roles/orgpolicy.policyAdmin" -> null

      - condition {
          - description = "Org policy tag scoped grant for project factory dev." -> null
          - expression  = <<-EOT
                resource.matchTag('366118655033/context', 'project-factory')
                &&
                resource.matchTag('366118655033/environment', 'development')
            EOT -> null
          - title       = "org_policy_tag_pf_scoped_dev" -> null
        }
    }

  # module.organization[0].google_organization_iam_member.bindings["sa_pf_prod_conditional_org_policy"] will be destroyed
  # (because key ["sa_pf_prod_conditional_org_policy"] is not in for_each map)
  - resource "google_organization_iam_member" "bindings" {
      - etag   = "BwYgHqZE5xM=" -> null
      - id     = <<-EOT
            366118655033/roles/orgpolicy.policyAdmin/serviceAccount:ldj-prod-resman-pf-0@ldj-prod-iac-core-0.iam.gserviceaccount.com/org_policy_tag_pf_scoped_prod/Org policy tag scoped grant for project factory prod./resource.matchTag('366118655033/context', 'project-factory')
            &&
            resource.matchTag('366118655033/environment', 'production')
        EOT -> null
      - member = "serviceAccount:ldj-prod-resman-pf-0@ldj-prod-iac-core-0.iam.gserviceaccount.com" -> null
      - org_id = "366118655033" -> null
      - role   = "roles/orgpolicy.policyAdmin" -> null

      - condition {
          - description = "Org policy tag scoped grant for project factory prod." -> null
          - expression  = <<-EOT
                resource.matchTag('366118655033/context', 'project-factory')
                &&
                resource.matchTag('366118655033/environment', 'production')
            EOT -> null
          - title       = "org_policy_tag_pf_scoped_prod" -> null
        }
    }

  # module.organization[0].google_tags_tag_value.default["context/data"] will be destroyed
  # (because key ["context/data"] is not in for_each map)
  - resource "google_tags_tag_value" "default" {
      - create_time     = "2023-01-27T15:56:36.985441Z" -> null
      - description     = "Managed by the Terraform organization module." -> null
      - id              = "tagValues/420824284884" -> null
      - name            = "420824284884" -> null
      - namespaced_name = "366118655033/context/data" -> null
      - parent          = "tagKeys/123316001138" -> null
      - short_name      = "data" -> null
      - update_time     = "2023-01-27T15:56:39.073530Z" -> null
    }

  # module.organization[0].google_tags_tag_value.default["context/data-platform"] will be created
  + resource "google_tags_tag_value" "default" {
      + create_time     = (known after apply)
      + description     = "Managed by the Terraform organization module."
      + id              = (known after apply)
      + name            = (known after apply)
      + namespaced_name = (known after apply)
      + parent          = "tagKeys/123316001138"
      + short_name      = "data-platform"
      + update_time     = (known after apply)
    }

  # module.organization[0].google_tags_tag_value.default["context/nsec"] will be created
  + resource "google_tags_tag_value" "default" {
      + create_time     = (known after apply)
      + description     = "Managed by the Terraform organization module."
      + id              = (known after apply)
      + name            = (known after apply)
      + namespaced_name = (known after apply)
      + parent          = "tagKeys/123316001138"
      + short_name      = "nsec"
      + update_time     = (known after apply)
    }

  # module.organization[0].google_tags_tag_value_iam_binding.default["environment/production:roles/resourcemanager.tagUser"] will be created
  + resource "google_tags_tag_value_iam_binding" "default" {
      + etag      = (known after apply)
      + id        = (known after apply)
      + members   = [
          + "serviceAccount:ldj-prod-resman-pf-0@ldj-prod-iac-core-0.iam.gserviceaccount.com",
        ]
      + role      = "roles/resourcemanager.tagUser"
      + tag_value = "tagValues/1067159199641"
    }

  # module.branch-pf-gcs.google_storage_bucket.bucket has moved to module.pf-bucket[0].google_storage_bucket.bucket
    resource "google_storage_bucket" "bucket" {
        id                          = "ldj-resman-pf-0"
        name                        = "ldj-resman-pf-0"
        # (16 unchanged attributes hidden)

        # (2 unchanged blocks hidden)
    }

  # module.branch-pf-gcs.google_storage_bucket_iam_binding.authoritative["roles/storage.objectAdmin"] has moved to module.pf-bucket[0].google_storage_bucket_iam_binding.authoritative["roles/storage.objectAdmin"]
    resource "google_storage_bucket_iam_binding" "authoritative" {
        id      = "b/ldj-resman-pf-0/roles/storage.objectAdmin"
        # (4 unchanged attributes hidden)
    }

  # module.branch-pf-gcs.google_storage_bucket_iam_binding.authoritative["roles/storage.objectViewer"] has moved to module.pf-bucket[0].google_storage_bucket_iam_binding.authoritative["roles/storage.objectViewer"]
    resource "google_storage_bucket_iam_binding" "authoritative" {
        id      = "b/ldj-resman-pf-0/roles/storage.objectViewer"
        # (4 unchanged attributes hidden)
    }

  # module.branch-pf-r-sa.google_project_iam_member.project-roles["ldj-prod-iac-core-0-roles/serviceusage.serviceUsageConsumer"] has moved to module.pf-sa-ro[0].google_project_iam_member.project-roles["ldj-prod-iac-core-0-roles/serviceusage.serviceUsageConsumer"]
    resource "google_project_iam_member" "project-roles" {
        id      = "ldj-prod-iac-core-0/roles/serviceusage.serviceUsageConsumer/serviceAccount:ldj-resman-pf-0r@ldj-prod-iac-core-0.iam.gserviceaccount.com"
        # (4 unchanged attributes hidden)
    }

  # module.pf-sa-ro[0].google_service_account.service_account[0] will be updated in-place
  # (moved from module.branch-pf-r-sa.google_service_account.service_account[0])
  ~ resource "google_service_account" "service_account" {
      ~ display_name = "Terraform project factory main service account (read-only)." -> "Terraform resman project factory main service account (read-only)."
        id           = "projects/ldj-prod-iac-core-0/serviceAccounts/ldj-resman-pf-0r@ldj-prod-iac-core-0.iam.gserviceaccount.com"
        name         = "projects/ldj-prod-iac-core-0/serviceAccounts/ldj-resman-pf-0r@ldj-prod-iac-core-0.iam.gserviceaccount.com"
        # (7 unchanged attributes hidden)
    }

  # module.branch-pf-r-sa.google_service_account_iam_binding.authoritative["roles/iam.serviceAccountTokenCreator"] has moved to module.pf-sa-ro[0].google_service_account_iam_binding.authoritative["roles/iam.serviceAccountTokenCreator"]
    resource "google_service_account_iam_binding" "authoritative" {
        id                 = "projects/ldj-prod-iac-core-0/serviceAccounts/ldj-resman-pf-0r@ldj-prod-iac-core-0.iam.gserviceaccount.com/roles/iam.serviceAccountTokenCreator"
        # (3 unchanged attributes hidden)
    }

  # module.branch-pf-r-sa.google_storage_bucket_iam_member.bucket-roles["ldj-prod-iac-core-outputs-0-organizations/366118655033/roles/storageViewer"] has moved to module.pf-sa-ro[0].google_storage_bucket_iam_member.bucket-roles["ldj-prod-iac-core-outputs-0-organizations/366118655033/roles/storageViewer"]
    resource "google_storage_bucket_iam_member" "bucket-roles" {
        id     = "b/ldj-prod-iac-core-outputs-0/organizations/366118655033/roles/storageViewer/serviceAccount:ldj-resman-pf-0r@ldj-prod-iac-core-0.iam.gserviceaccount.com"
        # (4 unchanged attributes hidden)
    }

  # module.branch-pf-sa.google_project_iam_member.project-roles["ldj-prod-iac-core-0-roles/serviceusage.serviceUsageConsumer"] has moved to module.pf-sa-rw[0].google_project_iam_member.project-roles["ldj-prod-iac-core-0-roles/serviceusage.serviceUsageConsumer"]
    resource "google_project_iam_member" "project-roles" {
        id      = "ldj-prod-iac-core-0/roles/serviceusage.serviceUsageConsumer/serviceAccount:ldj-resman-pf-0@ldj-prod-iac-core-0.iam.gserviceaccount.com"
        # (4 unchanged attributes hidden)
    }

  # module.pf-sa-rw[0].google_service_account.service_account[0] will be updated in-place
  # (moved from module.branch-pf-sa.google_service_account.service_account[0])
  ~ resource "google_service_account" "service_account" {
      ~ display_name = "Terraform project factory main service account." -> "Terraform resman project factory main service account."
        id           = "projects/ldj-prod-iac-core-0/serviceAccounts/ldj-resman-pf-0@ldj-prod-iac-core-0.iam.gserviceaccount.com"
        name         = "projects/ldj-prod-iac-core-0/serviceAccounts/ldj-resman-pf-0@ldj-prod-iac-core-0.iam.gserviceaccount.com"
        # (7 unchanged attributes hidden)
    }

  # module.branch-pf-sa.google_service_account_iam_binding.authoritative["roles/iam.serviceAccountTokenCreator"] has moved to module.pf-sa-rw[0].google_service_account_iam_binding.authoritative["roles/iam.serviceAccountTokenCreator"]
    resource "google_service_account_iam_binding" "authoritative" {
        id                 = "projects/ldj-prod-iac-core-0/serviceAccounts/ldj-resman-pf-0@ldj-prod-iac-core-0.iam.gserviceaccount.com/roles/iam.serviceAccountTokenCreator"
        # (3 unchanged attributes hidden)
    }

  # module.branch-pf-sa.google_storage_bucket_iam_member.bucket-roles["ldj-prod-iac-core-outputs-0-roles/storage.objectAdmin"] has moved to module.pf-sa-rw[0].google_storage_bucket_iam_member.bucket-roles["ldj-prod-iac-core-outputs-0-roles/storage.objectAdmin"]
    resource "google_storage_bucket_iam_member" "bucket-roles" {
        id     = "b/ldj-prod-iac-core-outputs-0/roles/storage.objectAdmin/serviceAccount:ldj-resman-pf-0@ldj-prod-iac-core-0.iam.gserviceaccount.com"
        # (4 unchanged attributes hidden)
    }

  # module.branch-security-gcs.google_storage_bucket.bucket has moved to module.sec-bucket[0].google_storage_bucket.bucket
    resource "google_storage_bucket" "bucket" {
        id                          = "ldj-prod-resman-sec-0"
        name                        = "ldj-prod-resman-sec-0"
        # (16 unchanged attributes hidden)

        # (2 unchanged blocks hidden)
    }

  # module.branch-security-gcs.google_storage_bucket_iam_binding.authoritative["roles/storage.objectAdmin"] has moved to module.sec-bucket[0].google_storage_bucket_iam_binding.authoritative["roles/storage.objectAdmin"]
    resource "google_storage_bucket_iam_binding" "authoritative" {
        id      = "b/ldj-prod-resman-sec-0/roles/storage.objectAdmin"
        # (4 unchanged attributes hidden)
    }

  # module.branch-security-gcs.google_storage_bucket_iam_binding.authoritative["roles/storage.objectViewer"] has moved to module.sec-bucket[0].google_storage_bucket_iam_binding.authoritative["roles/storage.objectViewer"]
    resource "google_storage_bucket_iam_binding" "authoritative" {
        id      = "b/ldj-prod-resman-sec-0/roles/storage.objectViewer"
        # (4 unchanged attributes hidden)
    }

  # module.branch-security-folder.google_folder.folder[0] has moved to module.sec-folder[0].google_folder.folder[0]
    resource "google_folder" "folder" {
        id              = "folders/251257116248"
        name            = "folders/251257116248"
        # (5 unchanged attributes hidden)
    }

  # module.sec-folder[0].google_folder_iam_binding.authoritative["roles/cloudkms.cryptoKeyEncrypterDecrypter"] will be created
  + resource "google_folder_iam_binding" "authoritative" {
      + etag    = (known after apply)
      + folder  = "folders/251257116248"
      + id      = (known after apply)
      + members = [
          + "serviceAccount:ldj-resman-pf-0@ldj-prod-iac-core-0.iam.gserviceaccount.com",
        ]
      + role    = "roles/cloudkms.cryptoKeyEncrypterDecrypter"
    }

  # module.sec-folder[0].google_folder_iam_binding.authoritative["roles/cloudkms.viewer"] will be created
  + resource "google_folder_iam_binding" "authoritative" {
      + etag    = (known after apply)
      + folder  = "folders/251257116248"
      + id      = (known after apply)
      + members = [
          + "serviceAccount:ldj-resman-pf-0r@ldj-prod-iac-core-0.iam.gserviceaccount.com",
        ]
      + role    = "roles/cloudkms.viewer"
    }

  # module.branch-security-folder.google_folder_iam_binding.authoritative["roles/editor"] has moved to module.sec-folder[0].google_folder_iam_binding.authoritative["roles/editor"]
    resource "google_folder_iam_binding" "authoritative" {
        id      = "folders/251257116248/roles/editor"
        # (4 unchanged attributes hidden)
    }

  # module.branch-security-folder.google_folder_iam_binding.authoritative["roles/logging.admin"] has moved to module.sec-folder[0].google_folder_iam_binding.authoritative["roles/logging.admin"]
    resource "google_folder_iam_binding" "authoritative" {
        id      = "folders/251257116248/roles/logging.admin"
        # (4 unchanged attributes hidden)
    }

  # module.branch-security-folder.google_folder_iam_binding.authoritative["roles/owner"] has moved to module.sec-folder[0].google_folder_iam_binding.authoritative["roles/owner"]
    resource "google_folder_iam_binding" "authoritative" {
        id      = "folders/251257116248/roles/owner"
        # (4 unchanged attributes hidden)
    }

  # module.branch-security-folder.google_folder_iam_binding.authoritative["roles/resourcemanager.folderAdmin"] has moved to module.sec-folder[0].google_folder_iam_binding.authoritative["roles/resourcemanager.folderAdmin"]
    resource "google_folder_iam_binding" "authoritative" {
        id      = "folders/251257116248/roles/resourcemanager.folderAdmin"
        # (4 unchanged attributes hidden)
    }

  # module.branch-security-folder.google_folder_iam_binding.authoritative["roles/resourcemanager.folderViewer"] has moved to module.sec-folder[0].google_folder_iam_binding.authoritative["roles/resourcemanager.folderViewer"]
    resource "google_folder_iam_binding" "authoritative" {
        id      = "folders/251257116248/roles/resourcemanager.folderViewer"
        # (4 unchanged attributes hidden)
    }

  # module.branch-security-folder.google_folder_iam_binding.authoritative["roles/resourcemanager.projectCreator"] has moved to module.sec-folder[0].google_folder_iam_binding.authoritative["roles/resourcemanager.projectCreator"]
    resource "google_folder_iam_binding" "authoritative" {
        id      = "folders/251257116248/roles/resourcemanager.projectCreator"
        # (4 unchanged attributes hidden)
    }

  # module.branch-security-folder.google_folder_iam_binding.authoritative["roles/viewer"] has moved to module.sec-folder[0].google_folder_iam_binding.authoritative["roles/viewer"]
    resource "google_folder_iam_binding" "authoritative" {
        id      = "folders/251257116248/roles/viewer"
        # (4 unchanged attributes hidden)
    }

  # module.sec-folder[0].google_folder_iam_binding.bindings["pf_delegated_grant"] will be created
  + resource "google_folder_iam_binding" "bindings" {
      + etag    = (known after apply)
      + folder  = "folders/251257116248"
      + id      = (known after apply)
      + members = [
          + "serviceAccount:ldj-resman-pf-0@ldj-prod-iac-core-0.iam.gserviceaccount.com",
        ]
      + role    = "roles/resourcemanager.projectIamAdmin"

      + condition {
          + description = "Project factory delegated grant."
          + expression  = "api.getAttribute('iam.googleapis.com/modifiedGrantsByRole', []).hasOnly([roles/cloudkms.cryptoKeyEncrypterDecrypter])"
          + title       = "pf_delegated_grant"
        }
    }

  # module.branch-security-folder.google_tags_tag_binding.binding["context"] has moved to module.sec-folder[0].google_tags_tag_binding.binding["context"]
    resource "google_tags_tag_binding" "binding" {
        id        = "tagBindings/%2F%2Fcloudresourcemanager.googleapis.com%2Ffolders%2F251257116248/tagValues/111937801763"
        name      = "%2F%2Fcloudresourcemanager.googleapis.com%2Ffolders%2F251257116248/tagValues/111937801763"
        # (2 unchanged attributes hidden)
    }

  # module.branch-security-r-sa.google_project_iam_member.project-roles["ldj-prod-iac-core-0-roles/serviceusage.serviceUsageConsumer"] has moved to module.sec-sa-ro[0].google_project_iam_member.project-roles["ldj-prod-iac-core-0-roles/serviceusage.serviceUsageConsumer"]
    resource "google_project_iam_member" "project-roles" {
        id      = "ldj-prod-iac-core-0/roles/serviceusage.serviceUsageConsumer/serviceAccount:ldj-prod-resman-sec-0r@ldj-prod-iac-core-0.iam.gserviceaccount.com"
        # (4 unchanged attributes hidden)
    }

  # module.branch-security-r-sa.google_service_account.service_account[0] has moved to module.sec-sa-ro[0].google_service_account.service_account[0]
    resource "google_service_account" "service_account" {
        id           = "projects/ldj-prod-iac-core-0/serviceAccounts/ldj-prod-resman-sec-0r@ldj-prod-iac-core-0.iam.gserviceaccount.com"
        name         = "projects/ldj-prod-iac-core-0/serviceAccounts/ldj-prod-resman-sec-0r@ldj-prod-iac-core-0.iam.gserviceaccount.com"
        # (8 unchanged attributes hidden)
    }

  # module.branch-security-r-sa.google_service_account_iam_binding.authoritative["roles/iam.serviceAccountTokenCreator"] has moved to module.sec-sa-ro[0].google_service_account_iam_binding.authoritative["roles/iam.serviceAccountTokenCreator"]
    resource "google_service_account_iam_binding" "authoritative" {
        id                 = "projects/ldj-prod-iac-core-0/serviceAccounts/ldj-prod-resman-sec-0r@ldj-prod-iac-core-0.iam.gserviceaccount.com/roles/iam.serviceAccountTokenCreator"
        # (4 unchanged attributes hidden)
    }

  # module.branch-security-r-sa.google_storage_bucket_iam_member.bucket-roles["ldj-prod-iac-core-outputs-0-organizations/366118655033/roles/storageViewer"] has moved to module.sec-sa-ro[0].google_storage_bucket_iam_member.bucket-roles["ldj-prod-iac-core-outputs-0-organizations/366118655033/roles/storageViewer"]
    resource "google_storage_bucket_iam_member" "bucket-roles" {
        id     = "b/ldj-prod-iac-core-outputs-0/organizations/366118655033/roles/storageViewer/serviceAccount:ldj-prod-resman-sec-0r@ldj-prod-iac-core-0.iam.gserviceaccount.com"
        # (4 unchanged attributes hidden)
    }

  # module.branch-security-sa.google_project_iam_member.project-roles["ldj-prod-iac-core-0-roles/serviceusage.serviceUsageConsumer"] has moved to module.sec-sa-rw[0].google_project_iam_member.project-roles["ldj-prod-iac-core-0-roles/serviceusage.serviceUsageConsumer"]
    resource "google_project_iam_member" "project-roles" {
        id      = "ldj-prod-iac-core-0/roles/serviceusage.serviceUsageConsumer/serviceAccount:ldj-prod-resman-sec-0@ldj-prod-iac-core-0.iam.gserviceaccount.com"
        # (4 unchanged attributes hidden)
    }

  # module.branch-security-sa.google_service_account.service_account[0] has moved to module.sec-sa-rw[0].google_service_account.service_account[0]
    resource "google_service_account" "service_account" {
        id           = "projects/ldj-prod-iac-core-0/serviceAccounts/ldj-prod-resman-sec-0@ldj-prod-iac-core-0.iam.gserviceaccount.com"
        name         = "projects/ldj-prod-iac-core-0/serviceAccounts/ldj-prod-resman-sec-0@ldj-prod-iac-core-0.iam.gserviceaccount.com"
        # (8 unchanged attributes hidden)
    }

  # module.branch-security-sa.google_service_account_iam_binding.authoritative["roles/iam.serviceAccountTokenCreator"] has moved to module.sec-sa-rw[0].google_service_account_iam_binding.authoritative["roles/iam.serviceAccountTokenCreator"]
    resource "google_service_account_iam_binding" "authoritative" {
        id                 = "projects/ldj-prod-iac-core-0/serviceAccounts/ldj-prod-resman-sec-0@ldj-prod-iac-core-0.iam.gserviceaccount.com/roles/iam.serviceAccountTokenCreator"
        # (4 unchanged attributes hidden)
    }

  # module.branch-security-sa.google_storage_bucket_iam_member.bucket-roles["ldj-prod-iac-core-outputs-0-roles/storage.objectAdmin"] has moved to module.sec-sa-rw[0].google_storage_bucket_iam_member.bucket-roles["ldj-prod-iac-core-outputs-0-roles/storage.objectAdmin"]
    resource "google_storage_bucket_iam_member" "bucket-roles" {
        id     = "b/ldj-prod-iac-core-outputs-0/roles/storage.objectAdmin/serviceAccount:ldj-prod-resman-sec-0@ldj-prod-iac-core-0.iam.gserviceaccount.com"
        # (4 unchanged attributes hidden)
    }

  # module.branch-dp-dev-gcs[0].google_storage_bucket.bucket has moved to module.stage3-bucket["data-platform-dev"].google_storage_bucket.bucket
    resource "google_storage_bucket" "bucket" {
        id                          = "ldj-dev-resman-dp-0"
        name                        = "ldj-dev-resman-dp-0"
        # (16 unchanged attributes hidden)

        # (2 unchanged blocks hidden)
    }

  # module.branch-dp-dev-gcs[0].google_storage_bucket_iam_binding.authoritative["roles/storage.objectAdmin"] has moved to module.stage3-bucket["data-platform-dev"].google_storage_bucket_iam_binding.authoritative["roles/storage.objectAdmin"]
    resource "google_storage_bucket_iam_binding" "authoritative" {
        id      = "b/ldj-dev-resman-dp-0/roles/storage.objectAdmin"
        # (4 unchanged attributes hidden)
    }

  # module.branch-dp-dev-gcs[0].google_storage_bucket_iam_binding.authoritative["roles/storage.objectViewer"] has moved to module.stage3-bucket["data-platform-dev"].google_storage_bucket_iam_binding.authoritative["roles/storage.objectViewer"]
    resource "google_storage_bucket_iam_binding" "authoritative" {
        id      = "b/ldj-dev-resman-dp-0/roles/storage.objectViewer"
        # (4 unchanged attributes hidden)
    }

  # module.branch-dp-prod-gcs[0].google_storage_bucket.bucket has moved to module.stage3-bucket["data-platform-prod"].google_storage_bucket.bucket
    resource "google_storage_bucket" "bucket" {
        id                          = "ldj-prod-resman-dp-0"
        name                        = "ldj-prod-resman-dp-0"
        # (16 unchanged attributes hidden)

        # (2 unchanged blocks hidden)
    }

  # module.branch-dp-prod-gcs[0].google_storage_bucket_iam_binding.authoritative["roles/storage.objectAdmin"] has moved to module.stage3-bucket["data-platform-prod"].google_storage_bucket_iam_binding.authoritative["roles/storage.objectAdmin"]
    resource "google_storage_bucket_iam_binding" "authoritative" {
        id      = "b/ldj-prod-resman-dp-0/roles/storage.objectAdmin"
        # (4 unchanged attributes hidden)
    }

  # module.branch-dp-prod-gcs[0].google_storage_bucket_iam_binding.authoritative["roles/storage.objectViewer"] has moved to module.stage3-bucket["data-platform-prod"].google_storage_bucket_iam_binding.authoritative["roles/storage.objectViewer"]
    resource "google_storage_bucket_iam_binding" "authoritative" {
        id      = "b/ldj-prod-resman-dp-0/roles/storage.objectViewer"
        # (4 unchanged attributes hidden)
    }

  # module.stage3-bucket["gcve-dev"].google_storage_bucket.bucket will be created
  + resource "google_storage_bucket" "bucket" {
      + effective_labels            = (known after apply)
      + force_destroy               = false
      + id                          = (known after apply)
      + location                    = "EU"
      + name                        = "ldj-dev-resman-gcve-0"
      + project                     = "ldj-prod-iac-core-0"
      + project_number              = (known after apply)
      + public_access_prevention    = (known after apply)
      + rpo                         = (known after apply)
      + self_link                   = (known after apply)
      + storage_class               = "MULTI_REGIONAL"
      + terraform_labels            = (known after apply)
      + uniform_bucket_level_access = true
      + url                         = (known after apply)

      + autoclass {
          + enabled                = false
          + terminal_storage_class = (known after apply)
        }

      + soft_delete_policy (known after apply)

      + versioning {
          + enabled = true
        }

      + website (known after apply)
    }

  # module.stage3-bucket["gcve-dev"].google_storage_bucket_iam_binding.authoritative["roles/storage.objectAdmin"] will be created
  + resource "google_storage_bucket_iam_binding" "authoritative" {
      + bucket  = "ldj-dev-resman-gcve-0"
      + etag    = (known after apply)
      + id      = (known after apply)
      + members = [
          + "serviceAccount:ldj-dev-resman-gcve-0@ldj-prod-iac-core-0.iam.gserviceaccount.com",
        ]
      + role    = "roles/storage.objectAdmin"
    }

  # module.stage3-bucket["gcve-dev"].google_storage_bucket_iam_binding.authoritative["roles/storage.objectViewer"] will be created
  + resource "google_storage_bucket_iam_binding" "authoritative" {
      + bucket  = "ldj-dev-resman-gcve-0"
      + etag    = (known after apply)
      + id      = (known after apply)
      + members = [
          + "serviceAccount:ldj-dev-resman-gcve-0r@ldj-prod-iac-core-0.iam.gserviceaccount.com",
        ]
      + role    = "roles/storage.objectViewer"
    }

  # module.stage3-bucket["gcve-prod"].google_storage_bucket.bucket will be created
  + resource "google_storage_bucket" "bucket" {
      + effective_labels            = (known after apply)
      + force_destroy               = false
      + id                          = (known after apply)
      + location                    = "EU"
      + name                        = "ldj-prod-resman-gcve-0"
      + project                     = "ldj-prod-iac-core-0"
      + project_number              = (known after apply)
      + public_access_prevention    = (known after apply)
      + rpo                         = (known after apply)
      + self_link                   = (known after apply)
      + storage_class               = "MULTI_REGIONAL"
      + terraform_labels            = (known after apply)
      + uniform_bucket_level_access = true
      + url                         = (known after apply)

      + autoclass {
          + enabled                = false
          + terminal_storage_class = (known after apply)
        }

      + soft_delete_policy (known after apply)

      + versioning {
          + enabled = true
        }

      + website (known after apply)
    }

  # module.stage3-bucket["gcve-prod"].google_storage_bucket_iam_binding.authoritative["roles/storage.objectAdmin"] will be created
  + resource "google_storage_bucket_iam_binding" "authoritative" {
      + bucket  = "ldj-prod-resman-gcve-0"
      + etag    = (known after apply)
      + id      = (known after apply)
      + members = [
          + "serviceAccount:ldj-prod-resman-gcve-0@ldj-prod-iac-core-0.iam.gserviceaccount.com",
        ]
      + role    = "roles/storage.objectAdmin"
    }

  # module.stage3-bucket["gcve-prod"].google_storage_bucket_iam_binding.authoritative["roles/storage.objectViewer"] will be created
  + resource "google_storage_bucket_iam_binding" "authoritative" {
      + bucket  = "ldj-prod-resman-gcve-0"
      + etag    = (known after apply)
      + id      = (known after apply)
      + members = [
          + "serviceAccount:ldj-prod-resman-gcve-0r@ldj-prod-iac-core-0.iam.gserviceaccount.com",
        ]
      + role    = "roles/storage.objectViewer"
    }

  # module.branch-gke-dev-gcs[0].google_storage_bucket.bucket has moved to module.stage3-bucket["gke-dev"].google_storage_bucket.bucket
    resource "google_storage_bucket" "bucket" {
        id                          = "ldj-dev-resman-gke-0"
        name                        = "ldj-dev-resman-gke-0"
        # (16 unchanged attributes hidden)

        # (2 unchanged blocks hidden)
    }

  # module.branch-gke-dev-gcs[0].google_storage_bucket_iam_binding.authoritative["roles/storage.objectAdmin"] has moved to module.stage3-bucket["gke-dev"].google_storage_bucket_iam_binding.authoritative["roles/storage.objectAdmin"]
    resource "google_storage_bucket_iam_binding" "authoritative" {
        id      = "b/ldj-dev-resman-gke-0/roles/storage.objectAdmin"
        # (4 unchanged attributes hidden)
    }

  # module.branch-gke-dev-gcs[0].google_storage_bucket_iam_binding.authoritative["roles/storage.objectViewer"] has moved to module.stage3-bucket["gke-dev"].google_storage_bucket_iam_binding.authoritative["roles/storage.objectViewer"]
    resource "google_storage_bucket_iam_binding" "authoritative" {
        id      = "b/ldj-dev-resman-gke-0/roles/storage.objectViewer"
        # (4 unchanged attributes hidden)
    }

  # module.branch-gke-prod-gcs[0].google_storage_bucket.bucket has moved to module.stage3-bucket["gke-prod"].google_storage_bucket.bucket
    resource "google_storage_bucket" "bucket" {
        id                          = "ldj-prod-resman-gke-0"
        name                        = "ldj-prod-resman-gke-0"
        # (16 unchanged attributes hidden)

        # (2 unchanged blocks hidden)
    }

  # module.branch-gke-prod-gcs[0].google_storage_bucket_iam_binding.authoritative["roles/storage.objectAdmin"] has moved to module.stage3-bucket["gke-prod"].google_storage_bucket_iam_binding.authoritative["roles/storage.objectAdmin"]
    resource "google_storage_bucket_iam_binding" "authoritative" {
        id      = "b/ldj-prod-resman-gke-0/roles/storage.objectAdmin"
        # (4 unchanged attributes hidden)
    }

  # module.branch-gke-prod-gcs[0].google_storage_bucket_iam_binding.authoritative["roles/storage.objectViewer"] has moved to module.stage3-bucket["gke-prod"].google_storage_bucket_iam_binding.authoritative["roles/storage.objectViewer"]
    resource "google_storage_bucket_iam_binding" "authoritative" {
        id      = "b/ldj-prod-resman-gke-0/roles/storage.objectViewer"
        # (4 unchanged attributes hidden)
    }

  # module.branch-pf-dev-gcs.google_storage_bucket.bucket has moved to module.stage3-bucket["project-factory-dev"].google_storage_bucket.bucket
    resource "google_storage_bucket" "bucket" {
        id                          = "ldj-dev-resman-pf-0"
        name                        = "ldj-dev-resman-pf-0"
        # (16 unchanged attributes hidden)

        # (2 unchanged blocks hidden)
    }

  # module.branch-pf-dev-gcs.google_storage_bucket_iam_binding.authoritative["roles/storage.objectAdmin"] has moved to module.stage3-bucket["project-factory-dev"].google_storage_bucket_iam_binding.authoritative["roles/storage.objectAdmin"]
    resource "google_storage_bucket_iam_binding" "authoritative" {
        id      = "b/ldj-dev-resman-pf-0/roles/storage.objectAdmin"
        # (4 unchanged attributes hidden)
    }

  # module.branch-pf-dev-gcs.google_storage_bucket_iam_binding.authoritative["roles/storage.objectViewer"] has moved to module.stage3-bucket["project-factory-dev"].google_storage_bucket_iam_binding.authoritative["roles/storage.objectViewer"]
    resource "google_storage_bucket_iam_binding" "authoritative" {
        id      = "b/ldj-dev-resman-pf-0/roles/storage.objectViewer"
        # (4 unchanged attributes hidden)
    }

  # module.branch-pf-prod-gcs.google_storage_bucket.bucket has moved to module.stage3-bucket["project-factory-prod"].google_storage_bucket.bucket
    resource "google_storage_bucket" "bucket" {
        id                          = "ldj-prod-resman-pf-0"
        name                        = "ldj-prod-resman-pf-0"
        # (16 unchanged attributes hidden)

        # (2 unchanged blocks hidden)
    }

  # module.branch-pf-prod-gcs.google_storage_bucket_iam_binding.authoritative["roles/storage.objectAdmin"] has moved to module.stage3-bucket["project-factory-prod"].google_storage_bucket_iam_binding.authoritative["roles/storage.objectAdmin"]
    resource "google_storage_bucket_iam_binding" "authoritative" {
        id      = "b/ldj-prod-resman-pf-0/roles/storage.objectAdmin"
        # (4 unchanged attributes hidden)
    }

  # module.branch-pf-prod-gcs.google_storage_bucket_iam_binding.authoritative["roles/storage.objectViewer"] has moved to module.stage3-bucket["project-factory-prod"].google_storage_bucket_iam_binding.authoritative["roles/storage.objectViewer"]
    resource "google_storage_bucket_iam_binding" "authoritative" {
        id      = "b/ldj-prod-resman-pf-0/roles/storage.objectViewer"
        # (4 unchanged attributes hidden)
    }

  # module.stage3-bucket["sandbox"].google_storage_bucket.bucket must be replaced
  # (moved from module.branch-sandbox-gcs[0].google_storage_bucket.bucket)
-/+ resource "google_storage_bucket" "bucket" {
      - default_event_based_hold    = false -> null
      ~ effective_labels            = {} -> (known after apply)
      - enable_object_retention     = false -> null
      ~ id                          = "ldj-dev-resman-sbox-0" -> (known after apply)
      - labels                      = {} -> null
      ~ name                        = "ldj-dev-resman-sbox-0" -> "ldj-dev-resman-sbx-0" # forces replacement
      ~ project_number              = 1067134626166 -> (known after apply)
      ~ public_access_prevention    = "inherited" -> (known after apply)
      - requester_pays              = false -> null
      ~ rpo                         = "DEFAULT" -> (known after apply)
      ~ self_link                   = "https://www.googleapis.com/storage/v1/b/ldj-dev-resman-sbox-0" -> (known after apply)
      ~ terraform_labels            = {} -> (known after apply)
      ~ url                         = "gs://ldj-dev-resman-sbox-0" -> (known after apply)
        # (5 unchanged attributes hidden)

      + autoclass {
          + enabled                = false
          + terminal_storage_class = (known after apply)
        }

      ~ soft_delete_policy {
          + default_event_based_hold    = (known after apply)
          + effective_labels            = (known after apply)
          + enable_object_retention     = (known after apply)
          + force_destroy               = (known after apply)
          + id                          = (known after apply)
          + labels                      = (known after apply)
          + location                    = (known after apply)
          + name                        = (known after apply)
          + project                     = (known after apply)
          + project_number              = (known after apply)
          + public_access_prevention    = (known after apply)
          + requester_pays              = (known after apply)
          + rpo                         = (known after apply)
          + self_link                   = (known after apply)
          + storage_class               = (known after apply)
          + terraform_labels            = (known after apply)
          + uniform_bucket_level_access = (known after apply)
          + url                         = (known after apply)
        } -> (known after apply)

      ~ website {
          + default_event_based_hold    = (known after apply)
          + effective_labels            = (known after apply)
          + enable_object_retention     = (known after apply)
          + force_destroy               = (known after apply)
          + id                          = (known after apply)
          + labels                      = (known after apply)
          + location                    = (known after apply)
          + name                        = (known after apply)
          + project                     = (known after apply)
          + project_number              = (known after apply)
          + public_access_prevention    = (known after apply)
          + requester_pays              = (known after apply)
          + rpo                         = (known after apply)
          + self_link                   = (known after apply)
          + storage_class               = (known after apply)
          + terraform_labels            = (known after apply)
          + uniform_bucket_level_access = (known after apply)
          + url                         = (known after apply)
        } -> (known after apply)

        # (1 unchanged block hidden)
    }

  # module.stage3-bucket["sandbox"].google_storage_bucket_iam_binding.authoritative["roles/storage.objectAdmin"] must be replaced
  # (moved from module.branch-sandbox-gcs[0].google_storage_bucket_iam_binding.authoritative["roles/storage.objectAdmin"])
-/+ resource "google_storage_bucket_iam_binding" "authoritative" {
      ~ bucket  = "b/ldj-dev-resman-sbox-0" -> "ldj-dev-resman-sbx-0" # forces replacement
      ~ etag    = "CAg=" -> (known after apply)
      ~ id      = "b/ldj-dev-resman-sbox-0/roles/storage.objectAdmin" -> (known after apply)
      ~ members = [
          - "serviceAccount:ldj-dev-resman-sbox-0@ldj-prod-iac-core-0.iam.gserviceaccount.com",
          + "serviceAccount:ldj-dev-resman-sbx-0@ldj-prod-iac-core-0.iam.gserviceaccount.com",
        ]
        # (1 unchanged attribute hidden)
    }

  # module.stage3-bucket["sandbox"].google_storage_bucket_iam_binding.authoritative["roles/storage.objectViewer"] will be created
  + resource "google_storage_bucket_iam_binding" "authoritative" {
      + bucket  = "ldj-dev-resman-sbx-0"
      + etag    = (known after apply)
      + id      = (known after apply)
      + members = [
          + "serviceAccount:ldj-dev-resman-sbx-0r@ldj-prod-iac-core-0.iam.gserviceaccount.com",
        ]
      + role    = "roles/storage.objectViewer"
    }

  # module.branch-dp-dev-folder[0].google_folder.folder[0] has moved to module.stage3-folder["data-platform-dev"].google_folder.folder[0]
    resource "google_folder" "folder" {
        id              = "folders/777820411744"
        name            = "folders/777820411744"
        # (5 unchanged attributes hidden)
    }

  # module.stage3-folder["data-platform-dev"].google_folder_iam_binding.authoritative["organizations/366118655033/roles/serviceProjectNetworkAdmin"] will be destroyed
  # (because key ["organizations/366118655033/roles/serviceProjectNetworkAdmin"] is not in for_each map)
  # (moved from module.branch-dp-dev-folder[0].google_folder_iam_binding.authoritative["organizations/366118655033/roles/serviceProjectNetworkAdmin"])
  - resource "google_folder_iam_binding" "authoritative" {
      - etag    = "BwYMzP1eKiM=" -> null
      - folder  = "folders/777820411744" -> null
      - id      = "folders/777820411744/organizations/366118655033/roles/serviceProjectNetworkAdmin" -> null
      - members = [
          - "serviceAccount:ldj-dev-resman-dp-0@ldj-prod-iac-core-0.iam.gserviceaccount.com",
        ] -> null
      - role    = "organizations/366118655033/roles/serviceProjectNetworkAdmin" -> null
    }

  # module.stage3-folder["data-platform-dev"].google_folder_iam_binding.authoritative["roles/compute.xpnAdmin"] will be created
  + resource "google_folder_iam_binding" "authoritative" {
      + etag    = (known after apply)
      + folder  = "folders/777820411744"
      + id      = (known after apply)
      + members = [
          + "serviceAccount:ldj-dev-resman-dp-0@ldj-prod-iac-core-0.iam.gserviceaccount.com",
        ]
      + role    = "roles/compute.xpnAdmin"
    }

  # module.branch-dp-dev-folder[0].google_folder_iam_binding.authoritative["roles/logging.admin"] has moved to module.stage3-folder["data-platform-dev"].google_folder_iam_binding.authoritative["roles/logging.admin"]
    resource "google_folder_iam_binding" "authoritative" {
        id      = "folders/777820411744/roles/logging.admin"
        # (4 unchanged attributes hidden)
    }

  # module.branch-dp-dev-folder[0].google_folder_iam_binding.authoritative["roles/owner"] has moved to module.stage3-folder["data-platform-dev"].google_folder_iam_binding.authoritative["roles/owner"]
    resource "google_folder_iam_binding" "authoritative" {
        id      = "folders/777820411744/roles/owner"
        # (4 unchanged attributes hidden)
    }

  # module.branch-dp-dev-folder[0].google_folder_iam_binding.authoritative["roles/resourcemanager.folderAdmin"] has moved to module.stage3-folder["data-platform-dev"].google_folder_iam_binding.authoritative["roles/resourcemanager.folderAdmin"]
    resource "google_folder_iam_binding" "authoritative" {
        id      = "folders/777820411744/roles/resourcemanager.folderAdmin"
        # (4 unchanged attributes hidden)
    }

  # module.branch-dp-dev-folder[0].google_folder_iam_binding.authoritative["roles/resourcemanager.folderViewer"] has moved to module.stage3-folder["data-platform-dev"].google_folder_iam_binding.authoritative["roles/resourcemanager.folderViewer"]
    resource "google_folder_iam_binding" "authoritative" {
        id      = "folders/777820411744/roles/resourcemanager.folderViewer"
        # (4 unchanged attributes hidden)
    }

  # module.branch-dp-dev-folder[0].google_folder_iam_binding.authoritative["roles/resourcemanager.projectCreator"] has moved to module.stage3-folder["data-platform-dev"].google_folder_iam_binding.authoritative["roles/resourcemanager.projectCreator"]
    resource "google_folder_iam_binding" "authoritative" {
        id      = "folders/777820411744/roles/resourcemanager.projectCreator"
        # (4 unchanged attributes hidden)
    }

  # module.branch-dp-dev-folder[0].google_folder_iam_binding.authoritative["roles/viewer"] has moved to module.stage3-folder["data-platform-dev"].google_folder_iam_binding.authoritative["roles/viewer"]
    resource "google_folder_iam_binding" "authoritative" {
        id      = "folders/777820411744/roles/viewer"
        # (4 unchanged attributes hidden)
    }

  # module.stage3-folder["data-platform-dev"].google_tags_tag_binding.binding["context"] will be destroyed
  # (because key ["context"] is not in for_each map)
  # (moved from module.branch-dp-dev-folder[0].google_tags_tag_binding.binding["context"])
  - resource "google_tags_tag_binding" "binding" {
      - id        = "tagBindings/%2F%2Fcloudresourcemanager.googleapis.com%2Ffolders%2F777820411744/tagValues/1028757044334" -> null
      - name      = "%2F%2Fcloudresourcemanager.googleapis.com%2Ffolders%2F777820411744/tagValues/1028757044334" -> null
      - parent    = "//cloudresourcemanager.googleapis.com/folders/777820411744" -> null
      - tag_value = "tagValues/1028757044334" -> null
    }

  # module.stage3-folder["data-platform-dev"].google_tags_tag_binding.binding["environment"] will be created
  + resource "google_tags_tag_binding" "binding" {
      + id        = (known after apply)
      + name      = (known after apply)
      + parent    = "//cloudresourcemanager.googleapis.com/folders/777820411744"
      + tag_value = "tagValues/1028757044334"
    }

  # module.branch-dp-prod-folder[0].google_folder.folder[0] has moved to module.stage3-folder["data-platform-prod"].google_folder.folder[0]
    resource "google_folder" "folder" {
        id              = "folders/447111401824"
        name            = "folders/447111401824"
        # (5 unchanged attributes hidden)
    }

  # module.stage3-folder["data-platform-prod"].google_folder_iam_binding.authoritative["organizations/366118655033/roles/serviceProjectNetworkAdmin"] will be destroyed
  # (because key ["organizations/366118655033/roles/serviceProjectNetworkAdmin"] is not in for_each map)
  # (moved from module.branch-dp-prod-folder[0].google_folder_iam_binding.authoritative["organizations/366118655033/roles/serviceProjectNetworkAdmin"])
  - resource "google_folder_iam_binding" "authoritative" {
      - etag    = "BwYMzPxoric=" -> null
      - folder  = "folders/447111401824" -> null
      - id      = "folders/447111401824/organizations/366118655033/roles/serviceProjectNetworkAdmin" -> null
      - members = [
          - "serviceAccount:ldj-prod-resman-dp-0@ldj-prod-iac-core-0.iam.gserviceaccount.com",
        ] -> null
      - role    = "organizations/366118655033/roles/serviceProjectNetworkAdmin" -> null
    }

  # module.stage3-folder["data-platform-prod"].google_folder_iam_binding.authoritative["roles/compute.xpnAdmin"] will be created
  + resource "google_folder_iam_binding" "authoritative" {
      + etag    = (known after apply)
      + folder  = "folders/447111401824"
      + id      = (known after apply)
      + members = [
          + "serviceAccount:ldj-prod-resman-dp-0@ldj-prod-iac-core-0.iam.gserviceaccount.com",
        ]
      + role    = "roles/compute.xpnAdmin"
    }

  # module.branch-dp-prod-folder[0].google_folder_iam_binding.authoritative["roles/logging.admin"] has moved to module.stage3-folder["data-platform-prod"].google_folder_iam_binding.authoritative["roles/logging.admin"]
    resource "google_folder_iam_binding" "authoritative" {
        id      = "folders/447111401824/roles/logging.admin"
        # (4 unchanged attributes hidden)
    }

  # module.branch-dp-prod-folder[0].google_folder_iam_binding.authoritative["roles/owner"] has moved to module.stage3-folder["data-platform-prod"].google_folder_iam_binding.authoritative["roles/owner"]
    resource "google_folder_iam_binding" "authoritative" {
        id      = "folders/447111401824/roles/owner"
        # (4 unchanged attributes hidden)
    }

  # module.branch-dp-prod-folder[0].google_folder_iam_binding.authoritative["roles/resourcemanager.folderAdmin"] has moved to module.stage3-folder["data-platform-prod"].google_folder_iam_binding.authoritative["roles/resourcemanager.folderAdmin"]
    resource "google_folder_iam_binding" "authoritative" {
        id      = "folders/447111401824/roles/resourcemanager.folderAdmin"
        # (4 unchanged attributes hidden)
    }

  # module.branch-dp-prod-folder[0].google_folder_iam_binding.authoritative["roles/resourcemanager.folderViewer"] has moved to module.stage3-folder["data-platform-prod"].google_folder_iam_binding.authoritative["roles/resourcemanager.folderViewer"]
    resource "google_folder_iam_binding" "authoritative" {
        id      = "folders/447111401824/roles/resourcemanager.folderViewer"
        # (4 unchanged attributes hidden)
    }

  # module.branch-dp-prod-folder[0].google_folder_iam_binding.authoritative["roles/resourcemanager.projectCreator"] has moved to module.stage3-folder["data-platform-prod"].google_folder_iam_binding.authoritative["roles/resourcemanager.projectCreator"]
    resource "google_folder_iam_binding" "authoritative" {
        id      = "folders/447111401824/roles/resourcemanager.projectCreator"
        # (4 unchanged attributes hidden)
    }

  # module.branch-dp-prod-folder[0].google_folder_iam_binding.authoritative["roles/viewer"] has moved to module.stage3-folder["data-platform-prod"].google_folder_iam_binding.authoritative["roles/viewer"]
    resource "google_folder_iam_binding" "authoritative" {
        id      = "folders/447111401824/roles/viewer"
        # (4 unchanged attributes hidden)
    }

  # module.stage3-folder["data-platform-prod"].google_tags_tag_binding.binding["context"] will be destroyed
  # (because key ["context"] is not in for_each map)
  # (moved from module.branch-dp-prod-folder[0].google_tags_tag_binding.binding["context"])
  - resource "google_tags_tag_binding" "binding" {
      - id        = "tagBindings/%2F%2Fcloudresourcemanager.googleapis.com%2Ffolders%2F447111401824/tagValues/1067159199641" -> null
      - name      = "%2F%2Fcloudresourcemanager.googleapis.com%2Ffolders%2F447111401824/tagValues/1067159199641" -> null
      - parent    = "//cloudresourcemanager.googleapis.com/folders/447111401824" -> null
      - tag_value = "tagValues/1067159199641" -> null
    }

  # module.stage3-folder["data-platform-prod"].google_tags_tag_binding.binding["environment"] will be created
  + resource "google_tags_tag_binding" "binding" {
      + id        = (known after apply)
      + name      = (known after apply)
      + parent    = "//cloudresourcemanager.googleapis.com/folders/447111401824"
      + tag_value = "tagValues/1067159199641"
    }

  # module.stage3-folder["gcve-dev"].google_folder.folder[0] will be created
  + resource "google_folder" "folder" {
      + create_time     = (known after apply)
      + display_name    = "Development"
      + folder_id       = (known after apply)
      + id              = (known after apply)
      + lifecycle_state = (known after apply)
      + name            = (known after apply)
      + parent          = (known after apply)
    }

  # module.stage3-folder["gcve-dev"].google_folder_iam_binding.authoritative["roles/compute.xpnAdmin"] will be created
  + resource "google_folder_iam_binding" "authoritative" {
      + etag    = (known after apply)
      + folder  = (known after apply)
      + id      = (known after apply)
      + members = [
          + "serviceAccount:ldj-dev-resman-gcve-0@ldj-prod-iac-core-0.iam.gserviceaccount.com",
        ]
      + role    = "roles/compute.xpnAdmin"
    }

  # module.stage3-folder["gcve-dev"].google_folder_iam_binding.authoritative["roles/logging.admin"] will be created
  + resource "google_folder_iam_binding" "authoritative" {
      + etag    = (known after apply)
      + folder  = (known after apply)
      + id      = (known after apply)
      + members = [
          + "serviceAccount:ldj-dev-resman-gcve-0@ldj-prod-iac-core-0.iam.gserviceaccount.com",
        ]
      + role    = "roles/logging.admin"
    }

  # module.stage3-folder["gcve-dev"].google_folder_iam_binding.authoritative["roles/owner"] will be created
  + resource "google_folder_iam_binding" "authoritative" {
      + etag    = (known after apply)
      + folder  = (known after apply)
      + id      = (known after apply)
      + members = [
          + "serviceAccount:ldj-dev-resman-gcve-0@ldj-prod-iac-core-0.iam.gserviceaccount.com",
        ]
      + role    = "roles/owner"
    }

  # module.stage3-folder["gcve-dev"].google_folder_iam_binding.authoritative["roles/resourcemanager.folderAdmin"] will be created
  + resource "google_folder_iam_binding" "authoritative" {
      + etag    = (known after apply)
      + folder  = (known after apply)
      + id      = (known after apply)
      + members = [
          + "serviceAccount:ldj-dev-resman-gcve-0@ldj-prod-iac-core-0.iam.gserviceaccount.com",
        ]
      + role    = "roles/resourcemanager.folderAdmin"
    }

  # module.stage3-folder["gcve-dev"].google_folder_iam_binding.authoritative["roles/resourcemanager.folderViewer"] will be created
  + resource "google_folder_iam_binding" "authoritative" {
      + etag    = (known after apply)
      + folder  = (known after apply)
      + id      = (known after apply)
      + members = [
          + "serviceAccount:ldj-dev-resman-gcve-0r@ldj-prod-iac-core-0.iam.gserviceaccount.com",
        ]
      + role    = "roles/resourcemanager.folderViewer"
    }

  # module.stage3-folder["gcve-dev"].google_folder_iam_binding.authoritative["roles/resourcemanager.projectCreator"] will be created
  + resource "google_folder_iam_binding" "authoritative" {
      + etag    = (known after apply)
      + folder  = (known after apply)
      + id      = (known after apply)
      + members = [
          + "serviceAccount:ldj-dev-resman-gcve-0@ldj-prod-iac-core-0.iam.gserviceaccount.com",
        ]
      + role    = "roles/resourcemanager.projectCreator"
    }

  # module.stage3-folder["gcve-dev"].google_folder_iam_binding.authoritative["roles/viewer"] will be created
  + resource "google_folder_iam_binding" "authoritative" {
      + etag    = (known after apply)
      + folder  = (known after apply)
      + id      = (known after apply)
      + members = [
          + "serviceAccount:ldj-dev-resman-gcve-0r@ldj-prod-iac-core-0.iam.gserviceaccount.com",
        ]
      + role    = "roles/viewer"
    }

  # module.stage3-folder["gcve-dev"].google_tags_tag_binding.binding["environment"] will be created
  + resource "google_tags_tag_binding" "binding" {
      + id        = (known after apply)
      + name      = (known after apply)
      + parent    = (known after apply)
      + tag_value = "tagValues/1028757044334"
    }

  # module.stage3-folder["gcve-prod"].google_folder.folder[0] will be created
  + resource "google_folder" "folder" {
      + create_time     = (known after apply)
      + display_name    = "Production"
      + folder_id       = (known after apply)
      + id              = (known after apply)
      + lifecycle_state = (known after apply)
      + name            = (known after apply)
      + parent          = (known after apply)
    }

  # module.stage3-folder["gcve-prod"].google_folder_iam_binding.authoritative["roles/compute.xpnAdmin"] will be created
  + resource "google_folder_iam_binding" "authoritative" {
      + etag    = (known after apply)
      + folder  = (known after apply)
      + id      = (known after apply)
      + members = [
          + "serviceAccount:ldj-prod-resman-gcve-0@ldj-prod-iac-core-0.iam.gserviceaccount.com",
        ]
      + role    = "roles/compute.xpnAdmin"
    }

  # module.stage3-folder["gcve-prod"].google_folder_iam_binding.authoritative["roles/logging.admin"] will be created
  + resource "google_folder_iam_binding" "authoritative" {
      + etag    = (known after apply)
      + folder  = (known after apply)
      + id      = (known after apply)
      + members = [
          + "serviceAccount:ldj-prod-resman-gcve-0@ldj-prod-iac-core-0.iam.gserviceaccount.com",
        ]
      + role    = "roles/logging.admin"
    }

  # module.stage3-folder["gcve-prod"].google_folder_iam_binding.authoritative["roles/owner"] will be created
  + resource "google_folder_iam_binding" "authoritative" {
      + etag    = (known after apply)
      + folder  = (known after apply)
      + id      = (known after apply)
      + members = [
          + "serviceAccount:ldj-prod-resman-gcve-0@ldj-prod-iac-core-0.iam.gserviceaccount.com",
        ]
      + role    = "roles/owner"
    }

  # module.stage3-folder["gcve-prod"].google_folder_iam_binding.authoritative["roles/resourcemanager.folderAdmin"] will be created
  + resource "google_folder_iam_binding" "authoritative" {
      + etag    = (known after apply)
      + folder  = (known after apply)
      + id      = (known after apply)
      + members = [
          + "serviceAccount:ldj-prod-resman-gcve-0@ldj-prod-iac-core-0.iam.gserviceaccount.com",
        ]
      + role    = "roles/resourcemanager.folderAdmin"
    }

  # module.stage3-folder["gcve-prod"].google_folder_iam_binding.authoritative["roles/resourcemanager.folderViewer"] will be created
  + resource "google_folder_iam_binding" "authoritative" {
      + etag    = (known after apply)
      + folder  = (known after apply)
      + id      = (known after apply)
      + members = [
          + "serviceAccount:ldj-prod-resman-gcve-0r@ldj-prod-iac-core-0.iam.gserviceaccount.com",
        ]
      + role    = "roles/resourcemanager.folderViewer"
    }

  # module.stage3-folder["gcve-prod"].google_folder_iam_binding.authoritative["roles/resourcemanager.projectCreator"] will be created
  + resource "google_folder_iam_binding" "authoritative" {
      + etag    = (known after apply)
      + folder  = (known after apply)
      + id      = (known after apply)
      + members = [
          + "serviceAccount:ldj-prod-resman-gcve-0@ldj-prod-iac-core-0.iam.gserviceaccount.com",
        ]
      + role    = "roles/resourcemanager.projectCreator"
    }

  # module.stage3-folder["gcve-prod"].google_folder_iam_binding.authoritative["roles/viewer"] will be created
  + resource "google_folder_iam_binding" "authoritative" {
      + etag    = (known after apply)
      + folder  = (known after apply)
      + id      = (known after apply)
      + members = [
          + "serviceAccount:ldj-prod-resman-gcve-0r@ldj-prod-iac-core-0.iam.gserviceaccount.com",
        ]
      + role    = "roles/viewer"
    }

  # module.stage3-folder["gcve-prod"].google_tags_tag_binding.binding["environment"] will be created
  + resource "google_tags_tag_binding" "binding" {
      + id        = (known after apply)
      + name      = (known after apply)
      + parent    = (known after apply)
      + tag_value = "tagValues/1067159199641"
    }

  # module.branch-gke-dev-folder[0].google_folder.folder[0] has moved to module.stage3-folder["gke-dev"].google_folder.folder[0]
    resource "google_folder" "folder" {
        id              = "folders/39661087317"
        name            = "folders/39661087317"
        # (5 unchanged attributes hidden)
    }

  # module.branch-gke-dev-folder[0].google_folder_iam_binding.authoritative["roles/compute.xpnAdmin"] has moved to module.stage3-folder["gke-dev"].google_folder_iam_binding.authoritative["roles/compute.xpnAdmin"]
    resource "google_folder_iam_binding" "authoritative" {
        id      = "folders/39661087317/roles/compute.xpnAdmin"
        # (4 unchanged attributes hidden)
    }

  # module.branch-gke-dev-folder[0].google_folder_iam_binding.authoritative["roles/logging.admin"] has moved to module.stage3-folder["gke-dev"].google_folder_iam_binding.authoritative["roles/logging.admin"]
    resource "google_folder_iam_binding" "authoritative" {
        id      = "folders/39661087317/roles/logging.admin"
        # (4 unchanged attributes hidden)
    }

  # module.branch-gke-dev-folder[0].google_folder_iam_binding.authoritative["roles/owner"] has moved to module.stage3-folder["gke-dev"].google_folder_iam_binding.authoritative["roles/owner"]
    resource "google_folder_iam_binding" "authoritative" {
        id      = "folders/39661087317/roles/owner"
        # (4 unchanged attributes hidden)
    }

  # module.branch-gke-dev-folder[0].google_folder_iam_binding.authoritative["roles/resourcemanager.folderAdmin"] has moved to module.stage3-folder["gke-dev"].google_folder_iam_binding.authoritative["roles/resourcemanager.folderAdmin"]
    resource "google_folder_iam_binding" "authoritative" {
        id      = "folders/39661087317/roles/resourcemanager.folderAdmin"
        # (4 unchanged attributes hidden)
    }

  # module.branch-gke-dev-folder[0].google_folder_iam_binding.authoritative["roles/resourcemanager.folderViewer"] has moved to module.stage3-folder["gke-dev"].google_folder_iam_binding.authoritative["roles/resourcemanager.folderViewer"]
    resource "google_folder_iam_binding" "authoritative" {
        id      = "folders/39661087317/roles/resourcemanager.folderViewer"
        # (4 unchanged attributes hidden)
    }

  # module.branch-gke-dev-folder[0].google_folder_iam_binding.authoritative["roles/resourcemanager.projectCreator"] has moved to module.stage3-folder["gke-dev"].google_folder_iam_binding.authoritative["roles/resourcemanager.projectCreator"]
    resource "google_folder_iam_binding" "authoritative" {
        id      = "folders/39661087317/roles/resourcemanager.projectCreator"
        # (4 unchanged attributes hidden)
    }

  # module.branch-gke-dev-folder[0].google_folder_iam_binding.authoritative["roles/viewer"] has moved to module.stage3-folder["gke-dev"].google_folder_iam_binding.authoritative["roles/viewer"]
    resource "google_folder_iam_binding" "authoritative" {
        id      = "folders/39661087317/roles/viewer"
        # (4 unchanged attributes hidden)
    }

  # module.stage3-folder["gke-dev"].google_tags_tag_binding.binding["context"] will be destroyed
  # (because key ["context"] is not in for_each map)
  # (moved from module.branch-gke-dev-folder[0].google_tags_tag_binding.binding["context"])
  - resource "google_tags_tag_binding" "binding" {
      - id        = "tagBindings/%2F%2Fcloudresourcemanager.googleapis.com%2Ffolders%2F39661087317/tagValues/1028757044334" -> null
      - name      = "%2F%2Fcloudresourcemanager.googleapis.com%2Ffolders%2F39661087317/tagValues/1028757044334" -> null
      - parent    = "//cloudresourcemanager.googleapis.com/folders/39661087317" -> null
      - tag_value = "tagValues/1028757044334" -> null
    }

  # module.stage3-folder["gke-dev"].google_tags_tag_binding.binding["environment"] will be created
  + resource "google_tags_tag_binding" "binding" {
      + id        = (known after apply)
      + name      = (known after apply)
      + parent    = "//cloudresourcemanager.googleapis.com/folders/39661087317"
      + tag_value = "tagValues/1028757044334"
    }

  # module.branch-gke-prod-folder[0].google_folder.folder[0] has moved to module.stage3-folder["gke-prod"].google_folder.folder[0]
    resource "google_folder" "folder" {
        id              = "folders/810789977048"
        name            = "folders/810789977048"
        # (5 unchanged attributes hidden)
    }

  # module.branch-gke-prod-folder[0].google_folder_iam_binding.authoritative["roles/compute.xpnAdmin"] has moved to module.stage3-folder["gke-prod"].google_folder_iam_binding.authoritative["roles/compute.xpnAdmin"]
    resource "google_folder_iam_binding" "authoritative" {
        id      = "folders/810789977048/roles/compute.xpnAdmin"
        # (4 unchanged attributes hidden)
    }

  # module.branch-gke-prod-folder[0].google_folder_iam_binding.authoritative["roles/logging.admin"] has moved to module.stage3-folder["gke-prod"].google_folder_iam_binding.authoritative["roles/logging.admin"]
    resource "google_folder_iam_binding" "authoritative" {
        id      = "folders/810789977048/roles/logging.admin"
        # (4 unchanged attributes hidden)
    }

  # module.branch-gke-prod-folder[0].google_folder_iam_binding.authoritative["roles/owner"] has moved to module.stage3-folder["gke-prod"].google_folder_iam_binding.authoritative["roles/owner"]
    resource "google_folder_iam_binding" "authoritative" {
        id      = "folders/810789977048/roles/owner"
        # (4 unchanged attributes hidden)
    }

  # module.branch-gke-prod-folder[0].google_folder_iam_binding.authoritative["roles/resourcemanager.folderAdmin"] has moved to module.stage3-folder["gke-prod"].google_folder_iam_binding.authoritative["roles/resourcemanager.folderAdmin"]
    resource "google_folder_iam_binding" "authoritative" {
        id      = "folders/810789977048/roles/resourcemanager.folderAdmin"
        # (4 unchanged attributes hidden)
    }

  # module.branch-gke-prod-folder[0].google_folder_iam_binding.authoritative["roles/resourcemanager.folderViewer"] has moved to module.stage3-folder["gke-prod"].google_folder_iam_binding.authoritative["roles/resourcemanager.folderViewer"]
    resource "google_folder_iam_binding" "authoritative" {
        id      = "folders/810789977048/roles/resourcemanager.folderViewer"
        # (4 unchanged attributes hidden)
    }

  # module.branch-gke-prod-folder[0].google_folder_iam_binding.authoritative["roles/resourcemanager.projectCreator"] has moved to module.stage3-folder["gke-prod"].google_folder_iam_binding.authoritative["roles/resourcemanager.projectCreator"]
    resource "google_folder_iam_binding" "authoritative" {
        id      = "folders/810789977048/roles/resourcemanager.projectCreator"
        # (4 unchanged attributes hidden)
    }

  # module.branch-gke-prod-folder[0].google_folder_iam_binding.authoritative["roles/viewer"] has moved to module.stage3-folder["gke-prod"].google_folder_iam_binding.authoritative["roles/viewer"]
    resource "google_folder_iam_binding" "authoritative" {
        id      = "folders/810789977048/roles/viewer"
        # (4 unchanged attributes hidden)
    }

  # module.stage3-folder["gke-prod"].google_tags_tag_binding.binding["context"] will be destroyed
  # (because key ["context"] is not in for_each map)
  # (moved from module.branch-gke-prod-folder[0].google_tags_tag_binding.binding["context"])
  - resource "google_tags_tag_binding" "binding" {
      - id        = "tagBindings/%2F%2Fcloudresourcemanager.googleapis.com%2Ffolders%2F810789977048/tagValues/1067159199641" -> null
      - name      = "%2F%2Fcloudresourcemanager.googleapis.com%2Ffolders%2F810789977048/tagValues/1067159199641" -> null
      - parent    = "//cloudresourcemanager.googleapis.com/folders/810789977048" -> null
      - tag_value = "tagValues/1067159199641" -> null
    }

  # module.stage3-folder["gke-prod"].google_tags_tag_binding.binding["environment"] will be created
  + resource "google_tags_tag_binding" "binding" {
      + id        = (known after apply)
      + name      = (known after apply)
      + parent    = "//cloudresourcemanager.googleapis.com/folders/810789977048"
      + tag_value = "tagValues/1067159199641"
    }

  # module.branch-sandbox-folder[0].google_folder.folder[0] has moved to module.stage3-folder["sandbox"].google_folder.folder[0]
    resource "google_folder" "folder" {
        id              = "folders/245438209825"
        name            = "folders/245438209825"
        # (5 unchanged attributes hidden)
    }

  # module.stage3-folder["sandbox"].google_folder_iam_binding.authoritative["roles/compute.xpnAdmin"] will be created
  + resource "google_folder_iam_binding" "authoritative" {
      + etag    = (known after apply)
      + folder  = "folders/245438209825"
      + id      = (known after apply)
      + members = [
          + "serviceAccount:ldj-dev-resman-sbx-0@ldj-prod-iac-core-0.iam.gserviceaccount.com",
        ]
      + role    = "roles/compute.xpnAdmin"
    }

  # module.stage3-folder["sandbox"].google_folder_iam_binding.authoritative["roles/logging.admin"] will be updated in-place
  # (moved from module.branch-sandbox-folder[0].google_folder_iam_binding.authoritative["roles/logging.admin"])
  ~ resource "google_folder_iam_binding" "authoritative" {
        id      = "folders/245438209825/roles/logging.admin"
      ~ members = [
          - "serviceAccount:ldj-dev-resman-sbox-0@ldj-prod-iac-core-0.iam.gserviceaccount.com",
          + "serviceAccount:ldj-dev-resman-sbx-0@ldj-prod-iac-core-0.iam.gserviceaccount.com",
        ]
        # (3 unchanged attributes hidden)
    }

  # module.stage3-folder["sandbox"].google_folder_iam_binding.authoritative["roles/owner"] will be updated in-place
  # (moved from module.branch-sandbox-folder[0].google_folder_iam_binding.authoritative["roles/owner"])
  ~ resource "google_folder_iam_binding" "authoritative" {
        id      = "folders/245438209825/roles/owner"
      ~ members = [
          - "serviceAccount:ldj-dev-resman-sbox-0@ldj-prod-iac-core-0.iam.gserviceaccount.com",
          + "serviceAccount:ldj-dev-resman-sbx-0@ldj-prod-iac-core-0.iam.gserviceaccount.com",
        ]
        # (3 unchanged attributes hidden)
    }

  # module.stage3-folder["sandbox"].google_folder_iam_binding.authoritative["roles/resourcemanager.folderAdmin"] will be updated in-place
  # (moved from module.branch-sandbox-folder[0].google_folder_iam_binding.authoritative["roles/resourcemanager.folderAdmin"])
  ~ resource "google_folder_iam_binding" "authoritative" {
        id      = "folders/245438209825/roles/resourcemanager.folderAdmin"
      ~ members = [
          - "serviceAccount:ldj-dev-resman-sbox-0@ldj-prod-iac-core-0.iam.gserviceaccount.com",
          + "serviceAccount:ldj-dev-resman-sbx-0@ldj-prod-iac-core-0.iam.gserviceaccount.com",
        ]
        # (3 unchanged attributes hidden)
    }

  # module.stage3-folder["sandbox"].google_folder_iam_binding.authoritative["roles/resourcemanager.folderViewer"] will be created
  + resource "google_folder_iam_binding" "authoritative" {
      + etag    = (known after apply)
      + folder  = "folders/245438209825"
      + id      = (known after apply)
      + members = [
          + "serviceAccount:ldj-dev-resman-sbx-0r@ldj-prod-iac-core-0.iam.gserviceaccount.com",
        ]
      + role    = "roles/resourcemanager.folderViewer"
    }

  # module.stage3-folder["sandbox"].google_folder_iam_binding.authoritative["roles/resourcemanager.projectCreator"] will be updated in-place
  # (moved from module.branch-sandbox-folder[0].google_folder_iam_binding.authoritative["roles/resourcemanager.projectCreator"])
  ~ resource "google_folder_iam_binding" "authoritative" {
        id      = "folders/245438209825/roles/resourcemanager.projectCreator"
      ~ members = [
          - "serviceAccount:ldj-dev-resman-sbox-0@ldj-prod-iac-core-0.iam.gserviceaccount.com",
          + "serviceAccount:ldj-dev-resman-sbx-0@ldj-prod-iac-core-0.iam.gserviceaccount.com",
        ]
        # (3 unchanged attributes hidden)
    }

  # module.stage3-folder["sandbox"].google_folder_iam_binding.authoritative["roles/storage.objectAdmin"] will be destroyed
  # (because key ["roles/storage.objectAdmin"] is not in for_each map)
  # (moved from module.branch-sandbox-folder[0].google_folder_iam_binding.authoritative["roles/storage.objectAdmin"])
  - resource "google_folder_iam_binding" "authoritative" {
      - etag    = "BwYcGo1gLew=" -> null
      - folder  = "folders/245438209825" -> null
      - id      = "folders/245438209825/roles/storage.objectAdmin" -> null
      - members = [
          - "serviceAccount:ldj-dev-sbox-dualrun-0@ldj-prod-iac-core-0.iam.gserviceaccount.com",
        ] -> null
      - role    = "roles/storage.objectAdmin" -> null
    }

  # module.stage3-folder["sandbox"].google_folder_iam_binding.authoritative["roles/viewer"] will be created
  + resource "google_folder_iam_binding" "authoritative" {
      + etag    = (known after apply)
      + folder  = "folders/245438209825"
      + id      = (known after apply)
      + members = [
          + "serviceAccount:ldj-dev-resman-sbx-0r@ldj-prod-iac-core-0.iam.gserviceaccount.com",
        ]
      + role    = "roles/viewer"
    }

  # module.stage3-folder["sandbox"].google_org_policy_policy.default["compute.vmExternalIpAccess"] will be destroyed
  # (because key ["compute.vmExternalIpAccess"] is not in for_each map)
  # (moved from module.branch-sandbox-folder[0].google_org_policy_policy.default["compute.vmExternalIpAccess"])
  - resource "google_org_policy_policy" "default" {
      - etag   = "CMaZgaAGEPDbygw=-" -> null
      - id     = "folders/245438209825/policies/compute.vmExternalIpAccess" -> null
      - name   = "compute.vmExternalIpAccess" -> null
      - parent = "folders/245438209825" -> null

      - spec {
          - etag                = "CMaZgaAGEPDbygw=" -> null
          - inherit_from_parent = false -> null
          - reset               = false -> null
          - update_time         = "2023-03-02T07:14:14.026390Z" -> null

          - rules {
              - allow_all = "TRUE" -> null
                # (2 unchanged attributes hidden)
            }
        }
    }

  # module.stage3-folder["sandbox"].google_org_policy_policy.default["sql.restrictPublicIp"] will be destroyed
  # (because key ["sql.restrictPublicIp"] is not in for_each map)
  # (moved from module.branch-sandbox-folder[0].google_org_policy_policy.default["sql.restrictPublicIp"])
  - resource "google_org_policy_policy" "default" {
      - etag   = "CNr9nLIGELj/rMEC-" -> null
      - id     = "folders/245438209825/policies/sql.restrictPublicIp" -> null
      - name   = "sql.restrictPublicIp" -> null
      - parent = "folders/245438209825" -> null

      - spec {
          - etag                = "CNr9nLIGELj/rMEC" -> null
          - inherit_from_parent = false -> null
          - reset               = false -> null
          - update_time         = "2024-05-17T11:26:18.673923Z" -> null

          - rules {
              - enforce   = "TRUE" -> null
                # (2 unchanged attributes hidden)
            }
        }
    }

  # module.stage3-folder["sandbox"].google_tags_tag_binding.binding["context"] must be replaced
  # (moved from module.branch-sandbox-folder[0].google_tags_tag_binding.binding["context"])
-/+ resource "google_tags_tag_binding" "binding" {
      ~ id        = "tagBindings/%2F%2Fcloudresourcemanager.googleapis.com%2Ffolders%2F245438209825/tagValues/918078731612" -> (known after apply)
      ~ name      = "%2F%2Fcloudresourcemanager.googleapis.com%2Ffolders%2F245438209825/tagValues/918078731612" -> (known after apply)
      ~ tag_value = "tagValues/918078731612" # forces replacement -> (known after apply) # forces replacement
        # (1 unchanged attribute hidden)
    }

  # module.stage3-folder["sandbox"].google_tags_tag_binding.binding["environment"] will be created
  + resource "google_tags_tag_binding" "binding" {
      + id        = (known after apply)
      + name      = (known after apply)
      + parent    = "//cloudresourcemanager.googleapis.com/folders/245438209825"
      + tag_value = "tagValues/1028757044334"
    }

  # module.branch-dp-dev-r-sa[0].google_project_iam_member.project-roles["ldj-prod-iac-core-0-roles/serviceusage.serviceUsageConsumer"] has moved to module.stage3-sa-ro["data-platform-dev"].google_project_iam_member.project-roles["ldj-prod-iac-core-0-roles/serviceusage.serviceUsageConsumer"]
    resource "google_project_iam_member" "project-roles" {
        id      = "ldj-prod-iac-core-0/roles/serviceusage.serviceUsageConsumer/serviceAccount:ldj-dev-resman-dp-0r@ldj-prod-iac-core-0.iam.gserviceaccount.com"
        # (4 unchanged attributes hidden)
    }

  # module.stage3-sa-ro["data-platform-dev"].google_service_account.service_account[0] will be updated in-place
  # (moved from module.branch-dp-dev-r-sa[0].google_service_account.service_account[0])
  ~ resource "google_service_account" "service_account" {
      ~ display_name = "Terraform data platform development service account (read-only)." -> "Terraform resman data-platform-dev service account (read-only)."
        id           = "projects/ldj-prod-iac-core-0/serviceAccounts/ldj-dev-resman-dp-0r@ldj-prod-iac-core-0.iam.gserviceaccount.com"
        name         = "projects/ldj-prod-iac-core-0/serviceAccounts/ldj-dev-resman-dp-0r@ldj-prod-iac-core-0.iam.gserviceaccount.com"
        # (7 unchanged attributes hidden)
    }

  # module.branch-dp-dev-r-sa[0].google_service_account_iam_binding.authoritative["roles/iam.serviceAccountTokenCreator"] has moved to module.stage3-sa-ro["data-platform-dev"].google_service_account_iam_binding.authoritative["roles/iam.serviceAccountTokenCreator"]
    resource "google_service_account_iam_binding" "authoritative" {
        id                 = "projects/ldj-prod-iac-core-0/serviceAccounts/ldj-dev-resman-dp-0r@ldj-prod-iac-core-0.iam.gserviceaccount.com/roles/iam.serviceAccountTokenCreator"
        # (3 unchanged attributes hidden)
    }

  # module.branch-dp-dev-r-sa[0].google_storage_bucket_iam_member.bucket-roles["ldj-prod-iac-core-outputs-0-organizations/366118655033/roles/storageViewer"] has moved to module.stage3-sa-ro["data-platform-dev"].google_storage_bucket_iam_member.bucket-roles["ldj-prod-iac-core-outputs-0-organizations/366118655033/roles/storageViewer"]
    resource "google_storage_bucket_iam_member" "bucket-roles" {
        id     = "b/ldj-prod-iac-core-outputs-0/organizations/366118655033/roles/storageViewer/serviceAccount:ldj-dev-resman-dp-0r@ldj-prod-iac-core-0.iam.gserviceaccount.com"
        # (4 unchanged attributes hidden)
    }

  # module.branch-dp-prod-r-sa[0].google_project_iam_member.project-roles["ldj-prod-iac-core-0-roles/serviceusage.serviceUsageConsumer"] has moved to module.stage3-sa-ro["data-platform-prod"].google_project_iam_member.project-roles["ldj-prod-iac-core-0-roles/serviceusage.serviceUsageConsumer"]
    resource "google_project_iam_member" "project-roles" {
        id      = "ldj-prod-iac-core-0/roles/serviceusage.serviceUsageConsumer/serviceAccount:ldj-prod-resman-dp-0r@ldj-prod-iac-core-0.iam.gserviceaccount.com"
        # (4 unchanged attributes hidden)
    }

  # module.stage3-sa-ro["data-platform-prod"].google_service_account.service_account[0] will be updated in-place
  # (moved from module.branch-dp-prod-r-sa[0].google_service_account.service_account[0])
  ~ resource "google_service_account" "service_account" {
      ~ display_name = "Terraform data platform production service account (read-only)." -> "Terraform resman data-platform-prod service account (read-only)."
        id           = "projects/ldj-prod-iac-core-0/serviceAccounts/ldj-prod-resman-dp-0r@ldj-prod-iac-core-0.iam.gserviceaccount.com"
        name         = "projects/ldj-prod-iac-core-0/serviceAccounts/ldj-prod-resman-dp-0r@ldj-prod-iac-core-0.iam.gserviceaccount.com"
        # (7 unchanged attributes hidden)
    }

  # module.branch-dp-prod-r-sa[0].google_service_account_iam_binding.authoritative["roles/iam.serviceAccountTokenCreator"] has moved to module.stage3-sa-ro["data-platform-prod"].google_service_account_iam_binding.authoritative["roles/iam.serviceAccountTokenCreator"]
    resource "google_service_account_iam_binding" "authoritative" {
        id                 = "projects/ldj-prod-iac-core-0/serviceAccounts/ldj-prod-resman-dp-0r@ldj-prod-iac-core-0.iam.gserviceaccount.com/roles/iam.serviceAccountTokenCreator"
        # (3 unchanged attributes hidden)
    }

  # module.branch-dp-prod-r-sa[0].google_storage_bucket_iam_member.bucket-roles["ldj-prod-iac-core-outputs-0-organizations/366118655033/roles/storageViewer"] has moved to module.stage3-sa-ro["data-platform-prod"].google_storage_bucket_iam_member.bucket-roles["ldj-prod-iac-core-outputs-0-organizations/366118655033/roles/storageViewer"]
    resource "google_storage_bucket_iam_member" "bucket-roles" {
        id     = "b/ldj-prod-iac-core-outputs-0/organizations/366118655033/roles/storageViewer/serviceAccount:ldj-prod-resman-dp-0r@ldj-prod-iac-core-0.iam.gserviceaccount.com"
        # (4 unchanged attributes hidden)
    }

  # module.stage3-sa-ro["gcve-dev"].google_project_iam_member.project-roles["ldj-prod-iac-core-0-roles/serviceusage.serviceUsageConsumer"] will be created
  + resource "google_project_iam_member" "project-roles" {
      + etag    = (known after apply)
      + id      = (known after apply)
      + member  = (known after apply)
      + project = "ldj-prod-iac-core-0"
      + role    = "roles/serviceusage.serviceUsageConsumer"
    }

  # module.stage3-sa-ro["gcve-dev"].google_service_account.service_account[0] will be created
  + resource "google_service_account" "service_account" {
      + account_id   = "ldj-dev-resman-gcve-0r"
      + disabled     = false
      + display_name = "Terraform resman gcve-dev service account (read-only)."
      + email        = (known after apply)
      + id           = (known after apply)
      + member       = (known after apply)
      + name         = (known after apply)
      + project      = "ldj-prod-iac-core-0"
      + unique_id    = (known after apply)
    }

  # module.stage3-sa-ro["gcve-dev"].google_service_account_iam_binding.authoritative["roles/iam.serviceAccountTokenCreator"] will be created
  + resource "google_service_account_iam_binding" "authoritative" {
      + etag               = (known after apply)
      + id                 = (known after apply)
      + role               = "roles/iam.serviceAccountTokenCreator"
      + service_account_id = (known after apply)
    }

  # module.stage3-sa-ro["gcve-dev"].google_storage_bucket_iam_member.bucket-roles["ldj-prod-iac-core-outputs-0-organizations/366118655033/roles/storageViewer"] will be created
  + resource "google_storage_bucket_iam_member" "bucket-roles" {
      + bucket = "ldj-prod-iac-core-outputs-0"
      + etag   = (known after apply)
      + id     = (known after apply)
      + member = (known after apply)
      + role   = "organizations/366118655033/roles/storageViewer"
    }

  # module.stage3-sa-ro["gcve-prod"].google_project_iam_member.project-roles["ldj-prod-iac-core-0-roles/serviceusage.serviceUsageConsumer"] will be created
  + resource "google_project_iam_member" "project-roles" {
      + etag    = (known after apply)
      + id      = (known after apply)
      + member  = (known after apply)
      + project = "ldj-prod-iac-core-0"
      + role    = "roles/serviceusage.serviceUsageConsumer"
    }

  # module.stage3-sa-ro["gcve-prod"].google_service_account.service_account[0] will be created
  + resource "google_service_account" "service_account" {
      + account_id   = "ldj-prod-resman-gcve-0r"
      + disabled     = false
      + display_name = "Terraform resman gcve-prod service account (read-only)."
      + email        = (known after apply)
      + id           = (known after apply)
      + member       = (known after apply)
      + name         = (known after apply)
      + project      = "ldj-prod-iac-core-0"
      + unique_id    = (known after apply)
    }

  # module.stage3-sa-ro["gcve-prod"].google_service_account_iam_binding.authoritative["roles/iam.serviceAccountTokenCreator"] will be created
  + resource "google_service_account_iam_binding" "authoritative" {
      + etag               = (known after apply)
      + id                 = (known after apply)
      + role               = "roles/iam.serviceAccountTokenCreator"
      + service_account_id = (known after apply)
    }

  # module.stage3-sa-ro["gcve-prod"].google_storage_bucket_iam_member.bucket-roles["ldj-prod-iac-core-outputs-0-organizations/366118655033/roles/storageViewer"] will be created
  + resource "google_storage_bucket_iam_member" "bucket-roles" {
      + bucket = "ldj-prod-iac-core-outputs-0"
      + etag   = (known after apply)
      + id     = (known after apply)
      + member = (known after apply)
      + role   = "organizations/366118655033/roles/storageViewer"
    }

  # module.branch-gke-dev-r-sa[0].google_project_iam_member.project-roles["ldj-prod-iac-core-0-roles/serviceusage.serviceUsageConsumer"] has moved to module.stage3-sa-ro["gke-dev"].google_project_iam_member.project-roles["ldj-prod-iac-core-0-roles/serviceusage.serviceUsageConsumer"]
    resource "google_project_iam_member" "project-roles" {
        id      = "ldj-prod-iac-core-0/roles/serviceusage.serviceUsageConsumer/serviceAccount:ldj-dev-resman-gke-0r@ldj-prod-iac-core-0.iam.gserviceaccount.com"
        # (4 unchanged attributes hidden)
    }

  # module.stage3-sa-ro["gke-dev"].google_service_account.service_account[0] will be updated in-place
  # (moved from module.branch-gke-dev-r-sa[0].google_service_account.service_account[0])
  ~ resource "google_service_account" "service_account" {
      ~ display_name = "Terraform gke multitenant development service account (read-only)." -> "Terraform resman gke-dev service account (read-only)."
        id           = "projects/ldj-prod-iac-core-0/serviceAccounts/ldj-dev-resman-gke-0r@ldj-prod-iac-core-0.iam.gserviceaccount.com"
        name         = "projects/ldj-prod-iac-core-0/serviceAccounts/ldj-dev-resman-gke-0r@ldj-prod-iac-core-0.iam.gserviceaccount.com"
        # (7 unchanged attributes hidden)
    }

  # module.branch-gke-dev-r-sa[0].google_service_account_iam_binding.authoritative["roles/iam.serviceAccountTokenCreator"] has moved to module.stage3-sa-ro["gke-dev"].google_service_account_iam_binding.authoritative["roles/iam.serviceAccountTokenCreator"]
    resource "google_service_account_iam_binding" "authoritative" {
        id                 = "projects/ldj-prod-iac-core-0/serviceAccounts/ldj-dev-resman-gke-0r@ldj-prod-iac-core-0.iam.gserviceaccount.com/roles/iam.serviceAccountTokenCreator"
        # (3 unchanged attributes hidden)
    }

  # module.branch-gke-dev-r-sa[0].google_storage_bucket_iam_member.bucket-roles["ldj-prod-iac-core-outputs-0-organizations/366118655033/roles/storageViewer"] has moved to module.stage3-sa-ro["gke-dev"].google_storage_bucket_iam_member.bucket-roles["ldj-prod-iac-core-outputs-0-organizations/366118655033/roles/storageViewer"]
    resource "google_storage_bucket_iam_member" "bucket-roles" {
        id     = "b/ldj-prod-iac-core-outputs-0/organizations/366118655033/roles/storageViewer/serviceAccount:ldj-dev-resman-gke-0r@ldj-prod-iac-core-0.iam.gserviceaccount.com"
        # (4 unchanged attributes hidden)
    }

  # module.branch-gke-prod-r-sa[0].google_project_iam_member.project-roles["ldj-prod-iac-core-0-roles/serviceusage.serviceUsageConsumer"] has moved to module.stage3-sa-ro["gke-prod"].google_project_iam_member.project-roles["ldj-prod-iac-core-0-roles/serviceusage.serviceUsageConsumer"]
    resource "google_project_iam_member" "project-roles" {
        id      = "ldj-prod-iac-core-0/roles/serviceusage.serviceUsageConsumer/serviceAccount:ldj-prod-resman-gke-0r@ldj-prod-iac-core-0.iam.gserviceaccount.com"
        # (4 unchanged attributes hidden)
    }

  # module.stage3-sa-ro["gke-prod"].google_service_account.service_account[0] will be updated in-place
  # (moved from module.branch-gke-prod-r-sa[0].google_service_account.service_account[0])
  ~ resource "google_service_account" "service_account" {
      ~ display_name = "Terraform gke multitenant production service account (read-only)." -> "Terraform resman gke-prod service account (read-only)."
        id           = "projects/ldj-prod-iac-core-0/serviceAccounts/ldj-prod-resman-gke-0r@ldj-prod-iac-core-0.iam.gserviceaccount.com"
        name         = "projects/ldj-prod-iac-core-0/serviceAccounts/ldj-prod-resman-gke-0r@ldj-prod-iac-core-0.iam.gserviceaccount.com"
        # (7 unchanged attributes hidden)
    }

  # module.branch-gke-prod-r-sa[0].google_service_account_iam_binding.authoritative["roles/iam.serviceAccountTokenCreator"] has moved to module.stage3-sa-ro["gke-prod"].google_service_account_iam_binding.authoritative["roles/iam.serviceAccountTokenCreator"]
    resource "google_service_account_iam_binding" "authoritative" {
        id                 = "projects/ldj-prod-iac-core-0/serviceAccounts/ldj-prod-resman-gke-0r@ldj-prod-iac-core-0.iam.gserviceaccount.com/roles/iam.serviceAccountTokenCreator"
        # (3 unchanged attributes hidden)
    }

  # module.branch-gke-prod-r-sa[0].google_storage_bucket_iam_member.bucket-roles["ldj-prod-iac-core-outputs-0-organizations/366118655033/roles/storageViewer"] has moved to module.stage3-sa-ro["gke-prod"].google_storage_bucket_iam_member.bucket-roles["ldj-prod-iac-core-outputs-0-organizations/366118655033/roles/storageViewer"]
    resource "google_storage_bucket_iam_member" "bucket-roles" {
        id     = "b/ldj-prod-iac-core-outputs-0/organizations/366118655033/roles/storageViewer/serviceAccount:ldj-prod-resman-gke-0r@ldj-prod-iac-core-0.iam.gserviceaccount.com"
        # (4 unchanged attributes hidden)
    }

  # module.branch-pf-dev-r-sa.google_project_iam_member.project-roles["ldj-prod-iac-core-0-roles/serviceusage.serviceUsageConsumer"] has moved to module.stage3-sa-ro["project-factory-dev"].google_project_iam_member.project-roles["ldj-prod-iac-core-0-roles/serviceusage.serviceUsageConsumer"]
    resource "google_project_iam_member" "project-roles" {
        id      = "ldj-prod-iac-core-0/roles/serviceusage.serviceUsageConsumer/serviceAccount:ldj-dev-resman-pf-0r@ldj-prod-iac-core-0.iam.gserviceaccount.com"
        # (4 unchanged attributes hidden)
    }

  # module.stage3-sa-ro["project-factory-dev"].google_service_account.service_account[0] will be updated in-place
  # (moved from module.branch-pf-dev-r-sa.google_service_account.service_account[0])
  ~ resource "google_service_account" "service_account" {
      ~ display_name = "Terraform project factory development service account (read-only)." -> "Terraform resman project-factory-dev service account (read-only)."
        id           = "projects/ldj-prod-iac-core-0/serviceAccounts/ldj-dev-resman-pf-0r@ldj-prod-iac-core-0.iam.gserviceaccount.com"
        name         = "projects/ldj-prod-iac-core-0/serviceAccounts/ldj-dev-resman-pf-0r@ldj-prod-iac-core-0.iam.gserviceaccount.com"
        # (7 unchanged attributes hidden)
    }

  # module.branch-pf-dev-r-sa.google_service_account_iam_binding.authoritative["roles/iam.serviceAccountTokenCreator"] has moved to module.stage3-sa-ro["project-factory-dev"].google_service_account_iam_binding.authoritative["roles/iam.serviceAccountTokenCreator"]
    resource "google_service_account_iam_binding" "authoritative" {
        id                 = "projects/ldj-prod-iac-core-0/serviceAccounts/ldj-dev-resman-pf-0r@ldj-prod-iac-core-0.iam.gserviceaccount.com/roles/iam.serviceAccountTokenCreator"
        # (3 unchanged attributes hidden)
    }

  # module.branch-pf-dev-r-sa.google_storage_bucket_iam_member.bucket-roles["ldj-prod-iac-core-outputs-0-organizations/366118655033/roles/storageViewer"] has moved to module.stage3-sa-ro["project-factory-dev"].google_storage_bucket_iam_member.bucket-roles["ldj-prod-iac-core-outputs-0-organizations/366118655033/roles/storageViewer"]
    resource "google_storage_bucket_iam_member" "bucket-roles" {
        id     = "b/ldj-prod-iac-core-outputs-0/organizations/366118655033/roles/storageViewer/serviceAccount:ldj-dev-resman-pf-0r@ldj-prod-iac-core-0.iam.gserviceaccount.com"
        # (4 unchanged attributes hidden)
    }

  # module.branch-pf-prod-r-sa.google_project_iam_member.project-roles["ldj-prod-iac-core-0-roles/serviceusage.serviceUsageConsumer"] has moved to module.stage3-sa-ro["project-factory-prod"].google_project_iam_member.project-roles["ldj-prod-iac-core-0-roles/serviceusage.serviceUsageConsumer"]
    resource "google_project_iam_member" "project-roles" {
        id      = "ldj-prod-iac-core-0/roles/serviceusage.serviceUsageConsumer/serviceAccount:ldj-prod-resman-pf-0r@ldj-prod-iac-core-0.iam.gserviceaccount.com"
        # (4 unchanged attributes hidden)
    }

  # module.stage3-sa-ro["project-factory-prod"].google_service_account.service_account[0] will be updated in-place
  # (moved from module.branch-pf-prod-r-sa.google_service_account.service_account[0])
  ~ resource "google_service_account" "service_account" {
      ~ display_name = "Terraform project factory production service account (read-only)." -> "Terraform resman project-factory-prod service account (read-only)."
        id           = "projects/ldj-prod-iac-core-0/serviceAccounts/ldj-prod-resman-pf-0r@ldj-prod-iac-core-0.iam.gserviceaccount.com"
        name         = "projects/ldj-prod-iac-core-0/serviceAccounts/ldj-prod-resman-pf-0r@ldj-prod-iac-core-0.iam.gserviceaccount.com"
        # (7 unchanged attributes hidden)
    }

  # module.branch-pf-prod-r-sa.google_service_account_iam_binding.authoritative["roles/iam.serviceAccountTokenCreator"] has moved to module.stage3-sa-ro["project-factory-prod"].google_service_account_iam_binding.authoritative["roles/iam.serviceAccountTokenCreator"]
    resource "google_service_account_iam_binding" "authoritative" {
        id                 = "projects/ldj-prod-iac-core-0/serviceAccounts/ldj-prod-resman-pf-0r@ldj-prod-iac-core-0.iam.gserviceaccount.com/roles/iam.serviceAccountTokenCreator"
        # (3 unchanged attributes hidden)
    }

  # module.branch-pf-prod-r-sa.google_storage_bucket_iam_member.bucket-roles["ldj-prod-iac-core-outputs-0-organizations/366118655033/roles/storageViewer"] has moved to module.stage3-sa-ro["project-factory-prod"].google_storage_bucket_iam_member.bucket-roles["ldj-prod-iac-core-outputs-0-organizations/366118655033/roles/storageViewer"]
    resource "google_storage_bucket_iam_member" "bucket-roles" {
        id     = "b/ldj-prod-iac-core-outputs-0/organizations/366118655033/roles/storageViewer/serviceAccount:ldj-prod-resman-pf-0r@ldj-prod-iac-core-0.iam.gserviceaccount.com"
        # (4 unchanged attributes hidden)
    }

  # module.stage3-sa-ro["sandbox"].google_project_iam_member.project-roles["ldj-prod-iac-core-0-roles/serviceusage.serviceUsageConsumer"] will be created
  + resource "google_project_iam_member" "project-roles" {
      + etag    = (known after apply)
      + id      = (known after apply)
      + member  = (known after apply)
      + project = "ldj-prod-iac-core-0"
      + role    = "roles/serviceusage.serviceUsageConsumer"
    }

  # module.stage3-sa-ro["sandbox"].google_service_account.service_account[0] will be created
  + resource "google_service_account" "service_account" {
      + account_id   = "ldj-dev-resman-sbx-0r"
      + disabled     = false
      + display_name = "Terraform resman sandbox service account (read-only)."
      + email        = (known after apply)
      + id           = (known after apply)
      + member       = (known after apply)
      + name         = (known after apply)
      + project      = "ldj-prod-iac-core-0"
      + unique_id    = (known after apply)
    }

  # module.stage3-sa-ro["sandbox"].google_service_account_iam_binding.authoritative["roles/iam.serviceAccountTokenCreator"] will be created
  + resource "google_service_account_iam_binding" "authoritative" {
      + etag               = (known after apply)
      + id                 = (known after apply)
      + role               = "roles/iam.serviceAccountTokenCreator"
      + service_account_id = (known after apply)
    }

  # module.stage3-sa-ro["sandbox"].google_storage_bucket_iam_member.bucket-roles["ldj-prod-iac-core-outputs-0-organizations/366118655033/roles/storageViewer"] will be created
  + resource "google_storage_bucket_iam_member" "bucket-roles" {
      + bucket = "ldj-prod-iac-core-outputs-0"
      + etag   = (known after apply)
      + id     = (known after apply)
      + member = (known after apply)
      + role   = "organizations/366118655033/roles/storageViewer"
    }

  # module.branch-dp-dev-sa[0].google_project_iam_member.project-roles["ldj-prod-iac-core-0-roles/serviceusage.serviceUsageConsumer"] has moved to module.stage3-sa-rw["data-platform-dev"].google_project_iam_member.project-roles["ldj-prod-iac-core-0-roles/serviceusage.serviceUsageConsumer"]
    resource "google_project_iam_member" "project-roles" {
        id      = "ldj-prod-iac-core-0/roles/serviceusage.serviceUsageConsumer/serviceAccount:ldj-dev-resman-dp-0@ldj-prod-iac-core-0.iam.gserviceaccount.com"
        # (4 unchanged attributes hidden)
    }

  # module.stage3-sa-rw["data-platform-dev"].google_service_account.service_account[0] will be updated in-place
  # (moved from module.branch-dp-dev-sa[0].google_service_account.service_account[0])
  ~ resource "google_service_account" "service_account" {
      ~ display_name = "Terraform data platform development service account." -> "Terraform resman data-platform-dev service account."
        id           = "projects/ldj-prod-iac-core-0/serviceAccounts/ldj-dev-resman-dp-0@ldj-prod-iac-core-0.iam.gserviceaccount.com"
        name         = "projects/ldj-prod-iac-core-0/serviceAccounts/ldj-dev-resman-dp-0@ldj-prod-iac-core-0.iam.gserviceaccount.com"
        # (7 unchanged attributes hidden)
    }

  # module.branch-dp-dev-sa[0].google_service_account_iam_binding.authoritative["roles/iam.serviceAccountTokenCreator"] has moved to module.stage3-sa-rw["data-platform-dev"].google_service_account_iam_binding.authoritative["roles/iam.serviceAccountTokenCreator"]
    resource "google_service_account_iam_binding" "authoritative" {
        id                 = "projects/ldj-prod-iac-core-0/serviceAccounts/ldj-dev-resman-dp-0@ldj-prod-iac-core-0.iam.gserviceaccount.com/roles/iam.serviceAccountTokenCreator"
        # (3 unchanged attributes hidden)
    }

  # module.branch-dp-dev-sa[0].google_storage_bucket_iam_member.bucket-roles["ldj-prod-iac-core-outputs-0-roles/storage.objectAdmin"] has moved to module.stage3-sa-rw["data-platform-dev"].google_storage_bucket_iam_member.bucket-roles["ldj-prod-iac-core-outputs-0-roles/storage.objectAdmin"]
    resource "google_storage_bucket_iam_member" "bucket-roles" {
        id     = "b/ldj-prod-iac-core-outputs-0/roles/storage.objectAdmin/serviceAccount:ldj-dev-resman-dp-0@ldj-prod-iac-core-0.iam.gserviceaccount.com"
        # (4 unchanged attributes hidden)
    }

  # module.stage3-sa-rw["data-platform-prod"].google_project_iam_member.project-roles["ldj-prod-iac-core-0-roles/serviceusage.serviceUsageConsumer"] will be created
  + resource "google_project_iam_member" "project-roles" {
      + etag    = (known after apply)
      + id      = (known after apply)
      + member  = "serviceAccount:ldj-prod-resman-dp-0@ldj-prod-iac-core-0.iam.gserviceaccount.com"
      + project = "ldj-prod-iac-core-0"
      + role    = "roles/serviceusage.serviceUsageConsumer"
    }

  # module.stage3-sa-rw["data-platform-prod"].google_service_account.service_account[0] will be updated in-place
  # (moved from module.branch-dp-prod-sa[0].google_service_account.service_account[0])
  ~ resource "google_service_account" "service_account" {
      ~ display_name = "Terraform data platform production service account." -> "Terraform resman data-platform-prod service account."
        id           = "projects/ldj-prod-iac-core-0/serviceAccounts/ldj-prod-resman-dp-0@ldj-prod-iac-core-0.iam.gserviceaccount.com"
        name         = "projects/ldj-prod-iac-core-0/serviceAccounts/ldj-prod-resman-dp-0@ldj-prod-iac-core-0.iam.gserviceaccount.com"
        # (7 unchanged attributes hidden)
    }

  # module.branch-dp-prod-sa[0].google_service_account_iam_binding.authoritative["roles/iam.serviceAccountTokenCreator"] has moved to module.stage3-sa-rw["data-platform-prod"].google_service_account_iam_binding.authoritative["roles/iam.serviceAccountTokenCreator"]
    resource "google_service_account_iam_binding" "authoritative" {
        id                 = "projects/ldj-prod-iac-core-0/serviceAccounts/ldj-prod-resman-dp-0@ldj-prod-iac-core-0.iam.gserviceaccount.com/roles/iam.serviceAccountTokenCreator"
        # (3 unchanged attributes hidden)
    }

  # module.branch-dp-prod-sa[0].google_storage_bucket_iam_member.bucket-roles["ldj-prod-iac-core-outputs-0-roles/storage.objectAdmin"] has moved to module.stage3-sa-rw["data-platform-prod"].google_storage_bucket_iam_member.bucket-roles["ldj-prod-iac-core-outputs-0-roles/storage.objectAdmin"]
    resource "google_storage_bucket_iam_member" "bucket-roles" {
        id     = "b/ldj-prod-iac-core-outputs-0/roles/storage.objectAdmin/serviceAccount:ldj-prod-resman-dp-0@ldj-prod-iac-core-0.iam.gserviceaccount.com"
        # (4 unchanged attributes hidden)
    }

  # module.stage3-sa-rw["gcve-dev"].google_project_iam_member.project-roles["ldj-prod-iac-core-0-roles/serviceusage.serviceUsageConsumer"] will be created
  + resource "google_project_iam_member" "project-roles" {
      + etag    = (known after apply)
      + id      = (known after apply)
      + member  = (known after apply)
      + project = "ldj-prod-iac-core-0"
      + role    = "roles/serviceusage.serviceUsageConsumer"
    }

  # module.stage3-sa-rw["gcve-dev"].google_service_account.service_account[0] will be created
  + resource "google_service_account" "service_account" {
      + account_id   = "ldj-dev-resman-gcve-0"
      + disabled     = false
      + display_name = "Terraform resman gcve-dev service account."
      + email        = (known after apply)
      + id           = (known after apply)
      + member       = (known after apply)
      + name         = (known after apply)
      + project      = "ldj-prod-iac-core-0"
      + unique_id    = (known after apply)
    }

  # module.stage3-sa-rw["gcve-dev"].google_service_account_iam_binding.authoritative["roles/iam.serviceAccountTokenCreator"] will be created
  + resource "google_service_account_iam_binding" "authoritative" {
      + etag               = (known after apply)
      + id                 = (known after apply)
      + role               = "roles/iam.serviceAccountTokenCreator"
      + service_account_id = (known after apply)
    }

  # module.stage3-sa-rw["gcve-dev"].google_storage_bucket_iam_member.bucket-roles["ldj-prod-iac-core-outputs-0-roles/storage.objectAdmin"] will be created
  + resource "google_storage_bucket_iam_member" "bucket-roles" {
      + bucket = "ldj-prod-iac-core-outputs-0"
      + etag   = (known after apply)
      + id     = (known after apply)
      + member = (known after apply)
      + role   = "roles/storage.objectAdmin"
    }

  # module.stage3-sa-rw["gcve-prod"].google_project_iam_member.project-roles["ldj-prod-iac-core-0-roles/serviceusage.serviceUsageConsumer"] will be created
  + resource "google_project_iam_member" "project-roles" {
      + etag    = (known after apply)
      + id      = (known after apply)
      + member  = (known after apply)
      + project = "ldj-prod-iac-core-0"
      + role    = "roles/serviceusage.serviceUsageConsumer"
    }

  # module.stage3-sa-rw["gcve-prod"].google_service_account.service_account[0] will be created
  + resource "google_service_account" "service_account" {
      + account_id   = "ldj-prod-resman-gcve-0"
      + disabled     = false
      + display_name = "Terraform resman gcve-prod service account."
      + email        = (known after apply)
      + id           = (known after apply)
      + member       = (known after apply)
      + name         = (known after apply)
      + project      = "ldj-prod-iac-core-0"
      + unique_id    = (known after apply)
    }

  # module.stage3-sa-rw["gcve-prod"].google_service_account_iam_binding.authoritative["roles/iam.serviceAccountTokenCreator"] will be created
  + resource "google_service_account_iam_binding" "authoritative" {
      + etag               = (known after apply)
      + id                 = (known after apply)
      + role               = "roles/iam.serviceAccountTokenCreator"
      + service_account_id = (known after apply)
    }

  # module.stage3-sa-rw["gcve-prod"].google_storage_bucket_iam_member.bucket-roles["ldj-prod-iac-core-outputs-0-roles/storage.objectAdmin"] will be created
  + resource "google_storage_bucket_iam_member" "bucket-roles" {
      + bucket = "ldj-prod-iac-core-outputs-0"
      + etag   = (known after apply)
      + id     = (known after apply)
      + member = (known after apply)
      + role   = "roles/storage.objectAdmin"
    }

  # module.branch-gke-dev-sa[0].google_project_iam_member.project-roles["ldj-prod-iac-core-0-roles/serviceusage.serviceUsageConsumer"] has moved to module.stage3-sa-rw["gke-dev"].google_project_iam_member.project-roles["ldj-prod-iac-core-0-roles/serviceusage.serviceUsageConsumer"]
    resource "google_project_iam_member" "project-roles" {
        id      = "ldj-prod-iac-core-0/roles/serviceusage.serviceUsageConsumer/serviceAccount:ldj-dev-resman-gke-0@ldj-prod-iac-core-0.iam.gserviceaccount.com"
        # (4 unchanged attributes hidden)
    }

  # module.stage3-sa-rw["gke-dev"].google_service_account.service_account[0] will be updated in-place
  # (moved from module.branch-gke-dev-sa[0].google_service_account.service_account[0])
  ~ resource "google_service_account" "service_account" {
      ~ display_name = "Terraform gke multitenant dev service account." -> "Terraform resman gke-dev service account."
        id           = "projects/ldj-prod-iac-core-0/serviceAccounts/ldj-dev-resman-gke-0@ldj-prod-iac-core-0.iam.gserviceaccount.com"
        name         = "projects/ldj-prod-iac-core-0/serviceAccounts/ldj-dev-resman-gke-0@ldj-prod-iac-core-0.iam.gserviceaccount.com"
        # (7 unchanged attributes hidden)
    }

  # module.stage3-sa-rw["gke-dev"].google_service_account_iam_binding.authoritative["roles/iam.serviceAccountTokenCreator"] will be updated in-place
  # (moved from module.branch-gke-dev-sa[0].google_service_account_iam_binding.authoritative["roles/iam.serviceAccountTokenCreator"])
  ~ resource "google_service_account_iam_binding" "authoritative" {
        id                 = "projects/ldj-prod-iac-core-0/serviceAccounts/ldj-dev-resman-gke-0@ldj-prod-iac-core-0.iam.gserviceaccount.com/roles/iam.serviceAccountTokenCreator"
      ~ members            = [
          - "group:gcp-devops@ludo.joonix.net",
        ]
        # (3 unchanged attributes hidden)
    }

  # module.branch-gke-dev-sa[0].google_storage_bucket_iam_member.bucket-roles["ldj-prod-iac-core-outputs-0-roles/storage.objectAdmin"] has moved to module.stage3-sa-rw["gke-dev"].google_storage_bucket_iam_member.bucket-roles["ldj-prod-iac-core-outputs-0-roles/storage.objectAdmin"]
    resource "google_storage_bucket_iam_member" "bucket-roles" {
        id     = "b/ldj-prod-iac-core-outputs-0/roles/storage.objectAdmin/serviceAccount:ldj-dev-resman-gke-0@ldj-prod-iac-core-0.iam.gserviceaccount.com"
        # (4 unchanged attributes hidden)
    }

  # module.branch-gke-prod-sa[0].google_project_iam_member.project-roles["ldj-prod-iac-core-0-roles/serviceusage.serviceUsageConsumer"] has moved to module.stage3-sa-rw["gke-prod"].google_project_iam_member.project-roles["ldj-prod-iac-core-0-roles/serviceusage.serviceUsageConsumer"]
    resource "google_project_iam_member" "project-roles" {
        id      = "ldj-prod-iac-core-0/roles/serviceusage.serviceUsageConsumer/serviceAccount:ldj-prod-resman-gke-0@ldj-prod-iac-core-0.iam.gserviceaccount.com"
        # (4 unchanged attributes hidden)
    }

  # module.stage3-sa-rw["gke-prod"].google_service_account.service_account[0] will be updated in-place
  # (moved from module.branch-gke-prod-sa[0].google_service_account.service_account[0])
  ~ resource "google_service_account" "service_account" {
      ~ display_name = "Terraform gke multitenant prod service account." -> "Terraform resman gke-prod service account."
        id           = "projects/ldj-prod-iac-core-0/serviceAccounts/ldj-prod-resman-gke-0@ldj-prod-iac-core-0.iam.gserviceaccount.com"
        name         = "projects/ldj-prod-iac-core-0/serviceAccounts/ldj-prod-resman-gke-0@ldj-prod-iac-core-0.iam.gserviceaccount.com"
        # (7 unchanged attributes hidden)
    }

  # module.stage3-sa-rw["gke-prod"].google_service_account_iam_binding.authoritative["roles/iam.serviceAccountTokenCreator"] will be updated in-place
  # (moved from module.branch-gke-prod-sa[0].google_service_account_iam_binding.authoritative["roles/iam.serviceAccountTokenCreator"])
  ~ resource "google_service_account_iam_binding" "authoritative" {
        id                 = "projects/ldj-prod-iac-core-0/serviceAccounts/ldj-prod-resman-gke-0@ldj-prod-iac-core-0.iam.gserviceaccount.com/roles/iam.serviceAccountTokenCreator"
      ~ members            = [
          - "group:gcp-devops@ludo.joonix.net",
        ]
        # (3 unchanged attributes hidden)
    }

  # module.branch-gke-prod-sa[0].google_storage_bucket_iam_member.bucket-roles["ldj-prod-iac-core-outputs-0-roles/storage.objectAdmin"] has moved to module.stage3-sa-rw["gke-prod"].google_storage_bucket_iam_member.bucket-roles["ldj-prod-iac-core-outputs-0-roles/storage.objectAdmin"]
    resource "google_storage_bucket_iam_member" "bucket-roles" {
        id     = "b/ldj-prod-iac-core-outputs-0/roles/storage.objectAdmin/serviceAccount:ldj-prod-resman-gke-0@ldj-prod-iac-core-0.iam.gserviceaccount.com"
        # (4 unchanged attributes hidden)
    }

  # module.branch-pf-dev-sa.google_project_iam_member.project-roles["ldj-prod-iac-core-0-roles/serviceusage.serviceUsageConsumer"] has moved to module.stage3-sa-rw["project-factory-dev"].google_project_iam_member.project-roles["ldj-prod-iac-core-0-roles/serviceusage.serviceUsageConsumer"]
    resource "google_project_iam_member" "project-roles" {
        id      = "ldj-prod-iac-core-0/roles/serviceusage.serviceUsageConsumer/serviceAccount:ldj-dev-resman-pf-0@ldj-prod-iac-core-0.iam.gserviceaccount.com"
        # (4 unchanged attributes hidden)
    }

  # module.stage3-sa-rw["project-factory-dev"].google_service_account.service_account[0] will be updated in-place
  # (moved from module.branch-pf-dev-sa.google_service_account.service_account[0])
  ~ resource "google_service_account" "service_account" {
      ~ display_name = "Terraform project factory development service account." -> "Terraform resman project-factory-dev service account."
        id           = "projects/ldj-prod-iac-core-0/serviceAccounts/ldj-dev-resman-pf-0@ldj-prod-iac-core-0.iam.gserviceaccount.com"
        name         = "projects/ldj-prod-iac-core-0/serviceAccounts/ldj-dev-resman-pf-0@ldj-prod-iac-core-0.iam.gserviceaccount.com"
        # (7 unchanged attributes hidden)
    }

  # module.branch-pf-dev-sa.google_service_account_iam_binding.authoritative["roles/iam.serviceAccountTokenCreator"] has moved to module.stage3-sa-rw["project-factory-dev"].google_service_account_iam_binding.authoritative["roles/iam.serviceAccountTokenCreator"]
    resource "google_service_account_iam_binding" "authoritative" {
        id                 = "projects/ldj-prod-iac-core-0/serviceAccounts/ldj-dev-resman-pf-0@ldj-prod-iac-core-0.iam.gserviceaccount.com/roles/iam.serviceAccountTokenCreator"
        # (3 unchanged attributes hidden)
    }

  # module.branch-pf-dev-sa.google_storage_bucket_iam_member.bucket-roles["ldj-prod-iac-core-outputs-0-roles/storage.objectAdmin"] has moved to module.stage3-sa-rw["project-factory-dev"].google_storage_bucket_iam_member.bucket-roles["ldj-prod-iac-core-outputs-0-roles/storage.objectAdmin"]
    resource "google_storage_bucket_iam_member" "bucket-roles" {
        id     = "b/ldj-prod-iac-core-outputs-0/roles/storage.objectAdmin/serviceAccount:ldj-dev-resman-pf-0@ldj-prod-iac-core-0.iam.gserviceaccount.com"
        # (4 unchanged attributes hidden)
    }

  # module.branch-pf-prod-sa.google_project_iam_member.project-roles["ldj-prod-iac-core-0-roles/serviceusage.serviceUsageConsumer"] has moved to module.stage3-sa-rw["project-factory-prod"].google_project_iam_member.project-roles["ldj-prod-iac-core-0-roles/serviceusage.serviceUsageConsumer"]
    resource "google_project_iam_member" "project-roles" {
        id      = "ldj-prod-iac-core-0/roles/serviceusage.serviceUsageConsumer/serviceAccount:ldj-prod-resman-pf-0@ldj-prod-iac-core-0.iam.gserviceaccount.com"
        # (4 unchanged attributes hidden)
    }

  # module.stage3-sa-rw["project-factory-prod"].google_service_account.service_account[0] will be updated in-place
  # (moved from module.branch-pf-prod-sa.google_service_account.service_account[0])
  ~ resource "google_service_account" "service_account" {
      ~ display_name = "Terraform project factory production service account." -> "Terraform resman project-factory-prod service account."
        id           = "projects/ldj-prod-iac-core-0/serviceAccounts/ldj-prod-resman-pf-0@ldj-prod-iac-core-0.iam.gserviceaccount.com"
        name         = "projects/ldj-prod-iac-core-0/serviceAccounts/ldj-prod-resman-pf-0@ldj-prod-iac-core-0.iam.gserviceaccount.com"
        # (7 unchanged attributes hidden)
    }

  # module.branch-pf-prod-sa.google_service_account_iam_binding.authoritative["roles/iam.serviceAccountTokenCreator"] has moved to module.stage3-sa-rw["project-factory-prod"].google_service_account_iam_binding.authoritative["roles/iam.serviceAccountTokenCreator"]
    resource "google_service_account_iam_binding" "authoritative" {
        id                 = "projects/ldj-prod-iac-core-0/serviceAccounts/ldj-prod-resman-pf-0@ldj-prod-iac-core-0.iam.gserviceaccount.com/roles/iam.serviceAccountTokenCreator"
        # (3 unchanged attributes hidden)
    }

  # module.branch-pf-prod-sa.google_storage_bucket_iam_member.bucket-roles["ldj-prod-iac-core-outputs-0-roles/storage.objectAdmin"] has moved to module.stage3-sa-rw["project-factory-prod"].google_storage_bucket_iam_member.bucket-roles["ldj-prod-iac-core-outputs-0-roles/storage.objectAdmin"]
    resource "google_storage_bucket_iam_member" "bucket-roles" {
        id     = "b/ldj-prod-iac-core-outputs-0/roles/storage.objectAdmin/serviceAccount:ldj-prod-resman-pf-0@ldj-prod-iac-core-0.iam.gserviceaccount.com"
        # (4 unchanged attributes hidden)
    }

  # module.stage3-sa-rw["sandbox"].google_project_iam_member.project-roles["ldj-prod-iac-core-0-roles/serviceusage.serviceUsageConsumer"] must be replaced
  # (moved from module.branch-sandbox-sa[0].google_project_iam_member.project-roles["ldj-prod-iac-core-0-roles/serviceusage.serviceUsageConsumer"])
-/+ resource "google_project_iam_member" "project-roles" {
      ~ etag    = "BwYedUGoTDM=" -> (known after apply)
      ~ id      = "ldj-prod-iac-core-0/roles/serviceusage.serviceUsageConsumer/serviceAccount:ldj-dev-resman-sbox-0@ldj-prod-iac-core-0.iam.gserviceaccount.com" -> (known after apply)
      ~ member  = "serviceAccount:ldj-dev-resman-sbox-0@ldj-prod-iac-core-0.iam.gserviceaccount.com" # forces replacement -> (known after apply) # forces replacement
        # (2 unchanged attributes hidden)
    }

  # module.stage3-sa-rw["sandbox"].google_service_account.service_account[0] must be replaced
  # (moved from module.branch-sandbox-sa[0].google_service_account.service_account[0])
-/+ resource "google_service_account" "service_account" {
      ~ account_id   = "ldj-dev-resman-sbox-0" -> "ldj-dev-resman-sbx-0" # forces replacement
      ~ email        = "ldj-dev-resman-sbox-0@ldj-prod-iac-core-0.iam.gserviceaccount.com" -> (known after apply)
      ~ id           = "projects/ldj-prod-iac-core-0/serviceAccounts/ldj-dev-resman-sbox-0@ldj-prod-iac-core-0.iam.gserviceaccount.com" -> (known after apply)
      ~ member       = "serviceAccount:ldj-dev-resman-sbox-0@ldj-prod-iac-core-0.iam.gserviceaccount.com" -> (known after apply)
      ~ name         = "projects/ldj-prod-iac-core-0/serviceAccounts/ldj-dev-resman-sbox-0@ldj-prod-iac-core-0.iam.gserviceaccount.com" -> (known after apply)
      ~ unique_id    = "117443430578520793344" -> (known after apply)
        # (4 unchanged attributes hidden)
    }

  # module.stage3-sa-rw["sandbox"].google_service_account_iam_binding.authoritative["roles/iam.serviceAccountTokenCreator"] will be created
  + resource "google_service_account_iam_binding" "authoritative" {
      + etag               = (known after apply)
      + id                 = (known after apply)
      + role               = "roles/iam.serviceAccountTokenCreator"
      + service_account_id = (known after apply)
    }

  # module.stage3-sa-rw["sandbox"].google_storage_bucket_iam_member.bucket-roles["ldj-prod-iac-core-outputs-0-roles/storage.objectAdmin"] will be created
  + resource "google_storage_bucket_iam_member" "bucket-roles" {
      + bucket = "ldj-prod-iac-core-outputs-0"
      + etag   = (known after apply)
      + id     = (known after apply)
      + member = (known after apply)
      + role   = "roles/storage.objectAdmin"
    }

  # module.branch-dp-folder[0].google_folder.folder[0] has moved to module.top-level-folder["data-platform"].google_folder.folder[0]
    resource "google_folder" "folder" {
        id              = "folders/1004589610177"
        name            = "folders/1004589610177"
        # (5 unchanged attributes hidden)
    }

  # module.top-level-folder["data-platform"].google_tags_tag_binding.binding["context"] must be replaced
  # (moved from module.branch-dp-folder[0].google_tags_tag_binding.binding["context"])
-/+ resource "google_tags_tag_binding" "binding" {
      ~ id        = "tagBindings/%2F%2Fcloudresourcemanager.googleapis.com%2Ffolders%2F1004589610177/tagValues/420824284884" -> (known after apply)
      ~ name      = "%2F%2Fcloudresourcemanager.googleapis.com%2Ffolders%2F1004589610177/tagValues/420824284884" -> (known after apply)
      ~ tag_value = "tagValues/420824284884" # forces replacement -> (known after apply) # forces replacement
        # (1 unchanged attribute hidden)
    }

  # module.top-level-folder["gcve"].google_folder.folder[0] will be created
  + resource "google_folder" "folder" {
      + create_time     = (known after apply)
      + display_name    = "GCVE"
      + folder_id       = (known after apply)
      + id              = (known after apply)
      + lifecycle_state = (known after apply)
      + name            = (known after apply)
      + parent          = "organizations/366118655033"
    }

  # module.top-level-folder["gcve"].google_tags_tag_binding.binding["context"] will be created
  + resource "google_tags_tag_binding" "binding" {
      + id        = (known after apply)
      + name      = (known after apply)
      + parent    = (known after apply)
      + tag_value = (known after apply)
    }

  # module.branch-gke-folder[0].google_folder.folder[0] has moved to module.top-level-folder["gke"].google_folder.folder[0]
    resource "google_folder" "folder" {
        id              = "folders/219618653183"
        name            = "folders/219618653183"
        # (5 unchanged attributes hidden)
    }

  # module.top-level-folder["gke"].google_tags_tag_binding.binding["context"] must be replaced
  # (moved from module.branch-gke-folder[0].google_tags_tag_binding.binding["context"])
-/+ resource "google_tags_tag_binding" "binding" {
      ~ id        = "tagBindings/%2F%2Fcloudresourcemanager.googleapis.com%2Ffolders%2F219618653183/tagValues/1084887265324" -> (known after apply)
      ~ name      = "%2F%2Fcloudresourcemanager.googleapis.com%2Ffolders%2F219618653183/tagValues/1084887265324" -> (known after apply)
      ~ tag_value = "tagValues/1084887265324" # forces replacement -> (known after apply) # forces replacement
        # (1 unchanged attribute hidden)
    }

  # module.top-level-folder["teams"].google_tags_tag_binding.binding["context"] must be replaced
-/+ resource "google_tags_tag_binding" "binding" {
      ~ id        = "tagBindings/%2F%2Fcloudresourcemanager.googleapis.com%2Ffolders%2F551661226665/tagValues/281477339751191" -> (known after apply)
      ~ name      = "%2F%2Fcloudresourcemanager.googleapis.com%2Ffolders%2F551661226665/tagValues/281477339751191" -> (known after apply)
      ~ tag_value = "tagValues/281477339751191" # forces replacement -> (known after apply) # forces replacement
        # (1 unchanged attribute hidden)
    }

Plan: 123 to add, 33 to change, 62 to destroy.

Changes to Outputs:
  ~ cicd_repositories = {
      ~ networking = {
          - branch          = "main"
          - name            = "ludomagno/networking"
          + repository      = {
              + branch    = "main"
              + name      = "ludomagno/networking"
              + parent_id = null
              + type      = "github"
            }
          - service_account = {
              - apply = "ldj-prod-resman-net-1@ldj-prod-iac-core-0.iam.gserviceaccount.com"
              - plan  = "ldj-prod-resman-net-1r@ldj-prod-iac-core-0.iam.gserviceaccount.com"
            }
            # (1 unchanged attribute hidden)
        }
      ~ security   = {
          - branch          = null
          - name            = "ludomagno/fast-test"
          + repository      = {
              + branch = null
              + name   = "ludomagno/security"
              + type   = "gitlab"
            }
          - service_account = {
              - apply = "ldj-prod-resman-sec-1@ldj-prod-iac-core-0.iam.gserviceaccount.com"
              - plan  = "ldj-prod-resman-sec-1r@ldj-prod-iac-core-0.iam.gserviceaccount.com"
            }
            # (1 unchanged attribute hidden)
        }
    }
  - dataplatform      = {
      - dev  = {
          - folder          = "folders/777820411744"
          - gcs_bucket      = "ldj-dev-resman-dp-0"
          - service_account = "ldj-dev-resman-dp-0@ldj-prod-iac-core-0.iam.gserviceaccount.com"
        }
      - prod = {
          - folder          = "folders/447111401824"
          - gcs_bucket      = "ldj-prod-resman-dp-0"
          - service_account = "ldj-prod-resman-dp-0@ldj-prod-iac-core-0.iam.gserviceaccount.com"
        }
    } -> null
  ~ folder_ids        = {
      + data-platform      = "folders/1004589610177"
      + gcve               = (known after apply)
      + gcve-dev           = (known after apply)
      + gcve-prod          = (known after apply)
      + gke                = "folders/219618653183"
      + security-dev       = null
      + security-prod      = null
        # (11 unchanged attributes hidden)
    }
  - gcve              = {} -> null
  - gke_multitenant   = {
      - dev  = {
          - folder          = "folders/39661087317"
          - gcs_bucket      = "ldj-dev-resman-gke-0"
          - service_account = "ldj-dev-resman-gke-0@ldj-prod-iac-core-0.iam.gserviceaccount.com"
        }
      - prod = {
          - folder          = "folders/810789977048"
          - gcs_bucket      = "ldj-prod-resman-gke-0"
          - service_account = "ldj-prod-resman-gke-0@ldj-prod-iac-core-0.iam.gserviceaccount.com"
        }
    } -> null
  - networking        = {
      - folder          = "folders/843203210689"
      - gcs_bucket      = "ldj-prod-resman-net-0"
      - service_account = "serviceAccount:ldj-prod-resman-net-0@ldj-prod-iac-core-0.iam.gserviceaccount.com"
    } -> null
  - project_factories = {
      - dev  = {
          - bucket = "ldj-dev-resman-pf-0"
          - sa     = "ldj-dev-resman-pf-0@ldj-prod-iac-core-0.iam.gserviceaccount.com"
        }
      - main = {
          - bucket = "ldj-resman-pf-0"
          - sa     = "ldj-resman-pf-0@ldj-prod-iac-core-0.iam.gserviceaccount.com"
        }
      - prod = {
          - bucket = "ldj-prod-resman-pf-0"
          - sa     = "ldj-prod-resman-pf-0@ldj-prod-iac-core-0.iam.gserviceaccount.com"
        }
    } -> null
  ~ providers         = (sensitive value)
  - sandbox           = {
      - folder          = "folders/245438209825"
      - gcs_bucket      = "ldj-dev-resman-sbox-0"
      - service_account = "ldj-dev-resman-sbox-0@ldj-prod-iac-core-0.iam.gserviceaccount.com"
    } -> null
  - security          = {
      - folder          = "folders/251257116248"
      - gcs_bucket      = "ldj-prod-resman-sec-0"
      - service_account = "serviceAccount:ldj-prod-resman-sec-0@ldj-prod-iac-core-0.iam.gserviceaccount.com"
    } -> null
  ~ tfvars            = (sensitive value)

Warning: Value for undeclared variable

The root module does not declare a variable named "environments" but a value was found in file "0-globals.auto.tfvars.json". If you meant to use this value, add a "variable"
block to the configuration.

To silence these warnings, use TF_VAR_... environment variables to provide certain "global" settings to all configurations in your organization. To reduce the verbosity of
these warnings, use the -compact-warnings option.

Warning: Value for undeclared variable

The root module does not declare a variable named "org_policy_tags" but a value was found in file "0-bootstrap.auto.tfvars.json". If you meant to use this value, add a
"variable" block to the configuration.

To silence these warnings, use TF_VAR_... environment variables to provide certain "global" settings to all configurations in your organization. To reduce the verbosity of
these warnings, use the -compact-warnings option.

─────────────────────────────────────────────────────────────────────────────

Note: You didn't use the -out option to save this plan, so Terraform can't
guarantee to take exactly these actions if you run "terraform apply" now.
