[0m[1mmodule.landing-to-onprem-secondary-vpn[0].random_id.secret: Refreshing state... [id=iHnm8cZxUy4][0m
[0m[1mmodule.landing-to-onprem-primary-vpn[0].random_id.secret: Refreshing state... [id=U5Flgt7pVbk][0m
[0m[1mmodule.folder.data.google_folder.folder[0]: Reading...[0m[0m
[0m[1mmodule.dev-spoke-project.google_project.project[0]: Refreshing state... [id=projects/tmp-dev-net-spoke-0][0m
[0m[1mmodule.prod-spoke-project.google_project.project[0]: Refreshing state... [id=projects/tmp-prod-net-spoke-0][0m
[0m[1mmodule.landing-project.google_project.project[0]: Refreshing state... [id=projects/tmp-prod-net-landing-0][0m
[0m[1mmodule.folder.data.google_folder.folder[0]: Read complete after 1s [id=folders/66594781877][0m
[0m[1mmodule.landing-project.google_project_service.project_services["networkmanagement.googleapis.com"]: Refreshing state... [id=tmp-prod-net-landing-0/networkmanagement.googleapis.com][0m
[0m[1mmodule.landing-project.google_project_service.project_services["dns.googleapis.com"]: Refreshing state... [id=tmp-prod-net-landing-0/dns.googleapis.com][0m
[0m[1mmodule.landing-project.google_project_service.project_services["networkconnectivity.googleapis.com"]: Refreshing state... [id=tmp-prod-net-landing-0/networkconnectivity.googleapis.com][0m
[0m[1mmodule.landing-project.google_project_service.project_services["iap.googleapis.com"]: Refreshing state... [id=tmp-prod-net-landing-0/iap.googleapis.com][0m
[0m[1mmodule.landing-project.google_project_service.project_services["compute.googleapis.com"]: Refreshing state... [id=tmp-prod-net-landing-0/compute.googleapis.com][0m
[0m[1mmodule.landing-project.google_project_service.project_services["stackdriver.googleapis.com"]: Refreshing state... [id=tmp-prod-net-landing-0/stackdriver.googleapis.com][0m
[0m[1mmodule.dev-spoke-project.google_project_service.project_services["dns.googleapis.com"]: Refreshing state... [id=tmp-dev-net-spoke-0/dns.googleapis.com][0m
[0m[1mmodule.dev-spoke-project.google_project_service.project_services["networkmanagement.googleapis.com"]: Refreshing state... [id=tmp-dev-net-spoke-0/networkmanagement.googleapis.com][0m
[0m[1mmodule.dev-spoke-project.google_project_service.project_services["servicenetworking.googleapis.com"]: Refreshing state... [id=tmp-dev-net-spoke-0/servicenetworking.googleapis.com][0m
[0m[1mmodule.dev-spoke-project.google_project_service.project_services["iap.googleapis.com"]: Refreshing state... [id=tmp-dev-net-spoke-0/iap.googleapis.com][0m
[0m[1mmodule.dev-spoke-project.google_project_service.project_services["compute.googleapis.com"]: Refreshing state... [id=tmp-dev-net-spoke-0/compute.googleapis.com][0m
[0m[1mmodule.dev-spoke-project.google_project_service.project_services["stackdriver.googleapis.com"]: Refreshing state... [id=tmp-dev-net-spoke-0/stackdriver.googleapis.com][0m
[0m[1mmodule.landing-project.google_compute_shared_vpc_host_project.shared_vpc_host[0]: Refreshing state... [id=tmp-prod-net-landing-0][0m
[0m[1mmodule.landing-project.google_project_iam_binding.authoritative["roles/dns.admin"]: Refreshing state... [id=tmp-prod-net-landing-0/roles/dns.admin][0m
[0m[1mmodule.prod-spoke-project.google_project_service.project_services["compute.googleapis.com"]: Refreshing state... [id=tmp-prod-net-spoke-0/compute.googleapis.com][0m
[0m[1mmodule.landing-project.google_project_iam_binding.authoritative["organizations/828467380811/roles/serviceProjectNetworkAdmin"]: Refreshing state... [id=tmp-prod-net-landing-0/organizations/828467380811/roles/serviceProjectNetworkAdmin][0m
[0m[1mmodule.prod-spoke-project.google_project_service.project_services["dns.googleapis.com"]: Refreshing state... [id=tmp-prod-net-spoke-0/dns.googleapis.com][0m
[0m[1mmodule.prod-spoke-project.google_project_service.project_services["iap.googleapis.com"]: Refreshing state... [id=tmp-prod-net-spoke-0/iap.googleapis.com][0m
[0m[1mmodule.prod-spoke-project.google_project_service.project_services["stackdriver.googleapis.com"]: Refreshing state... [id=tmp-prod-net-spoke-0/stackdriver.googleapis.com][0m
[0m[1mmodule.prod-spoke-project.google_project_service.project_services["servicenetworking.googleapis.com"]: Refreshing state... [id=tmp-prod-net-spoke-0/servicenetworking.googleapis.com][0m
[0m[1mmodule.prod-spoke-project.google_project_service.project_services["networkmanagement.googleapis.com"]: Refreshing state... [id=tmp-prod-net-spoke-0/networkmanagement.googleapis.com][0m
[0m[1mgoogle_network_connectivity_hub.hub: Refreshing state... [id=projects/tmp-prod-net-landing-0/locations/global/hubs/prod-hub][0m
[0m[1mgoogle_monitoring_dashboard.dashboard["firewall_insights.json"]: Refreshing state... [id=projects/654986275365/dashboards/31ea6b3b-7db3-41e4-af69-3aeab8965590][0m
[0m[1mgoogle_monitoring_dashboard.dashboard["vpn.json"]: Refreshing state... [id=projects/654986275365/dashboards/9b7f7efb-eb50-4bc3-b686-cee915eb8108][0m
[0m[1mmodule.test-vm-landing-untrusted-ew4-0.google_service_account.service_account[0]: Refreshing state... [id=projects/tmp-prod-net-landing-0/serviceAccounts/tf-vm-test-vm-lnd-unt-ew4-0@tmp-prod-net-landing-0.iam.gserviceaccount.com][0m
[0m[1mmodule.dev-spoke-project.google_monitoring_monitored_project.primary["tmp-prod-net-landing-0"]: Refreshing state... [id=locations/global/metricsScopes/tmp-prod-net-landing-0/projects/tmp-dev-net-spoke-0][0m
[0m[1mmodule.landing-trusted-vpc.google_compute_network.network[0]: Refreshing state... [id=projects/tmp-prod-net-landing-0/global/networks/prod-trusted-landing-0][0m
[0m[1mmodule.prod-spoke-project.google_monitoring_monitored_project.primary["tmp-prod-net-landing-0"]: Refreshing state... [id=locations/global/metricsScopes/tmp-prod-net-landing-0/projects/tmp-prod-net-spoke-0][0m
[0m[1mmodule.landing-untrusted-vpc.google_compute_network.network[0]: Refreshing state... [id=projects/tmp-prod-net-landing-0/global/networks/prod-untrusted-landing-0][0m
[0m[1mmodule.test-vm-landing-trusted-ew4-0.google_service_account.service_account[0]: Refreshing state... [id=projects/tmp-prod-net-landing-0/serviceAccounts/tf-vm-test-vm-lnd-tru-ew4-0@tmp-prod-net-landing-0.iam.gserviceaccount.com][0m
[0m[1mmodule.landing-trusted-vpc.google_compute_subnetwork.subnetwork["europe-west1/landing-trusted-default-ew1"]: Refreshing state... [id=projects/tmp-prod-net-landing-0/regions/europe-west1/subnetworks/landing-trusted-default-ew1][0m
[0m[1mmodule.landing-trusted-vpc.google_compute_subnetwork.subnetwork["europe-west4/landing-trusted-default-ew4"]: Refreshing state... [id=projects/tmp-prod-net-landing-0/regions/europe-west4/subnetworks/landing-trusted-default-ew4][0m
[0m[1mmodule.landing-trusted-vpc.google_dns_policy.default[0]: Refreshing state... [id=projects/tmp-prod-net-landing-0/policies/prod-trusted-landing-0][0m
[0m[1mmodule.landing-untrusted-vpc.google_dns_policy.default[0]: Refreshing state... [id=projects/tmp-prod-net-landing-0/policies/prod-untrusted-landing-0][0m
[0m[1mmodule.landing-trusted-vpc.google_compute_route.gateway["private-googleapis"]: Refreshing state... [id=projects/tmp-prod-net-landing-0/global/routes/prod-trusted-landing-0-private-googleapis][0m
[0m[1mmodule.landing-untrusted-vpc.google_compute_subnetwork.subnetwork["europe-west1/landing-untrusted-default-ew1"]: Refreshing state... [id=projects/tmp-prod-net-landing-0/regions/europe-west1/subnetworks/landing-untrusted-default-ew1][0m
[0m[1mmodule.landing-trusted-vpc.google_compute_route.gateway["restricted-googleapis"]: Refreshing state... [id=projects/tmp-prod-net-landing-0/global/routes/prod-trusted-landing-0-restricted-googleapis][0m
[0m[1mmodule.landing-untrusted-vpc.google_compute_subnetwork.subnetwork["europe-west4/landing-untrusted-default-ew4"]: Refreshing state... [id=projects/tmp-prod-net-landing-0/regions/europe-west4/subnetworks/landing-untrusted-default-ew4][0m
[0m[1mmodule.dev-spoke-project.google_compute_shared_vpc_host_project.shared_vpc_host[0]: Refreshing state... [id=tmp-dev-net-spoke-0][0m
[0m[1mmodule.dev-spoke-project.google_project_iam_binding.authoritative["roles/dns.admin"]: Refreshing state... [id=tmp-dev-net-spoke-0/roles/dns.admin][0m
[0m[1mmodule.dev-spoke-project.google_project_service_identity.servicenetworking[0]: Refreshing state... [id=projects/tmp-dev-net-spoke-0/services/servicenetworking.googleapis.com][0m
[0m[1mmodule.prod-spoke-project.google_project_iam_binding.authoritative["roles/dns.admin"]: Refreshing state... [id=tmp-prod-net-spoke-0/roles/dns.admin][0m
[0m[1mmodule.prod-spoke-project.google_project_service_identity.servicenetworking[0]: Refreshing state... [id=projects/tmp-prod-net-spoke-0/services/servicenetworking.googleapis.com][0m
[0m[1mmodule.prod-spoke-project.google_compute_shared_vpc_host_project.shared_vpc_host[0]: Refreshing state... [id=tmp-prod-net-spoke-0][0m
[0m[1mmodule.dev-spoke-project.google_project_iam_member.servicenetworking[0]: Refreshing state... [id=tmp-dev-net-spoke-0/roles/servicenetworking.serviceAgent/serviceAccount:service-267493431073@service-networking.iam.gserviceaccount.com][0m
[0m[1mmodule.reverse-10-dns-forwarding.google_dns_managed_zone.non-public[0]: Refreshing state... [id=projects/tmp-prod-net-landing-0/managedZones/root-reverse-10][0m
[0m[1mmodule.onprem-example-dns-forwarding.google_dns_managed_zone.non-public[0]: Refreshing state... [id=projects/tmp-prod-net-landing-0/managedZones/example-com][0m
[0m[1mmodule.landing-untrusted-firewall.google_compute_firewall.custom-rules["allow-hc-nva-ssh-untrusted"]: Refreshing state... [id=projects/tmp-prod-net-landing-0/global/firewalls/allow-hc-nva-ssh-untrusted][0m
[0m[1mmodule.gcrio-private-zone.google_dns_managed_zone.non-public[0]: Refreshing state... [id=projects/tmp-prod-net-landing-0/managedZones/gcr-io][0m
[0m[1mmodule.packages-private-zone.google_dns_managed_zone.non-public[0]: Refreshing state... [id=projects/tmp-prod-net-landing-0/managedZones/packages-cloud][0m
[0m[1mmodule.pkigoog-private-zone.google_dns_managed_zone.non-public[0]: Refreshing state... [id=projects/tmp-prod-net-landing-0/managedZones/pki-goog][0m
[0m[1mmodule.pkgdev-private-zone.google_dns_managed_zone.non-public[0]: Refreshing state... [id=projects/tmp-prod-net-landing-0/managedZones/pkg-dev][0m
[0m[1mmodule.landing-trusted-firewall.google_compute_firewall.custom-rules["allow-hc-nva-ssh-trusted"]: Refreshing state... [id=projects/tmp-prod-net-landing-0/global/firewalls/allow-hc-nva-ssh-trusted][0m
[0m[1mmodule.landing-trusted-firewall.google_compute_firewall.custom-rules["allow-onprem-probes-trusted-example"]: Refreshing state... [id=projects/tmp-prod-net-landing-0/global/firewalls/allow-onprem-probes-trusted-example][0m
[0m[1mmodule.googleapis-private-zone.google_dns_managed_zone.non-public[0]: Refreshing state... [id=projects/tmp-prod-net-landing-0/managedZones/googleapis-com][0m
[0m[1mmodule.gcp-example-dns-private-zone.google_dns_managed_zone.non-public[0]: Refreshing state... [id=projects/tmp-prod-net-landing-0/managedZones/gcp-example-com][0m
[0m[1mmodule.prod-spoke-project.google_project_iam_member.servicenetworking[0]: Refreshing state... [id=tmp-prod-net-spoke-0/roles/servicenetworking.serviceAgent/serviceAccount:service-98735549361@service-networking.iam.gserviceaccount.com][0m
[0m[1mmodule.packages-private-zone.google_dns_record_set.cloud-static-records["A packages.cloud.google.com."]: Refreshing state... [id=projects/tmp-prod-net-landing-0/managedZones/packages-cloud/rrsets/packages.cloud.google.com./A][0m
[0m[1mmodule.packages-private-zone.google_dns_record_set.cloud-static-records["CNAME *"]: Refreshing state... [id=projects/tmp-prod-net-landing-0/managedZones/packages-cloud/rrsets/*.packages.cloud.google.com./CNAME][0m
[0m[1mmodule.gcrio-private-zone.google_dns_record_set.cloud-static-records["A gcr.io."]: Refreshing state... [id=projects/tmp-prod-net-landing-0/managedZones/gcr-io/rrsets/gcr.io./A][0m
[0m[1mmodule.gcrio-private-zone.google_dns_record_set.cloud-static-records["CNAME *"]: Refreshing state... [id=projects/tmp-prod-net-landing-0/managedZones/gcr-io/rrsets/*.gcr.io./CNAME][0m
[0m[1mmodule.pkgdev-private-zone.google_dns_record_set.cloud-static-records["CNAME *"]: Refreshing state... [id=projects/tmp-prod-net-landing-0/managedZones/pkg-dev/rrsets/*.pkg.dev./CNAME][0m
[0m[1mmodule.pkgdev-private-zone.google_dns_record_set.cloud-static-records["A pkg.dev."]: Refreshing state... [id=projects/tmp-prod-net-landing-0/managedZones/pkg-dev/rrsets/pkg.dev./A][0m
[0m[1mmodule.pkigoog-private-zone.google_dns_record_set.cloud-static-records["A pki.goog."]: Refreshing state... [id=projects/tmp-prod-net-landing-0/managedZones/pki-goog/rrsets/pki.goog./A][0m
[0m[1mmodule.pkigoog-private-zone.google_dns_record_set.cloud-static-records["CNAME *"]: Refreshing state... [id=projects/tmp-prod-net-landing-0/managedZones/pki-goog/rrsets/*.pki.goog./CNAME][0m
[0m[1mmodule.gcp-example-dns-private-zone.google_dns_record_set.cloud-static-records["A localhost"]: Refreshing state... [id=projects/tmp-prod-net-landing-0/managedZones/gcp-example-com/rrsets/localhost.gcp.example.com./A][0m
[0m[1mmodule.googleapis-private-zone.google_dns_record_set.cloud-static-records["A restricted"]: Refreshing state... [id=projects/tmp-prod-net-landing-0/managedZones/googleapis-com/rrsets/restricted.googleapis.com./A][0m
[0m[1mmodule.googleapis-private-zone.google_dns_record_set.cloud-static-records["A private"]: Refreshing state... [id=projects/tmp-prod-net-landing-0/managedZones/googleapis-com/rrsets/private.googleapis.com./A][0m
[0m[1mmodule.googleapis-private-zone.google_dns_record_set.cloud-static-records["CNAME *"]: Refreshing state... [id=projects/tmp-prod-net-landing-0/managedZones/googleapis-com/rrsets/*.googleapis.com./CNAME][0m
[0m[1mmodule.test-vm-landing-untrusted-ew4-0.google_compute_instance.default[0]: Refreshing state... [id=projects/tmp-prod-net-landing-0/zones/europe-west4-a/instances/test-vm-lnd-unt-ew4-0][0m
[0m[1mmodule.test-vm-landing-trusted-ew4-0.google_compute_instance.default[0]: Refreshing state... [id=projects/tmp-prod-net-landing-0/zones/europe-west4-a/instances/test-vm-lnd-tru-ew4-0][0m
[0m[1mgoogle_project_iam_binding.dev_spoke_project_iam_delegated: Refreshing state... [id=tmp-dev-net-spoke-0/roles/resourcemanager.projectIamAdmin/dev_stage3_sa_delegated_grants/Development host project delegated grants./api.getAttribute('iam.googleapis.com/modifiedGrantsByRole', []).hasOnly(['roles/composer.sharedVpcAgent','roles/compute.networkUser','roles/compute.networkViewer','roles/container.hostServiceAgentUser','roles/multiclusterservicediscovery.serviceAgent','roles/vpcaccess.user'])][0m
[0m[1mgoogle_project_iam_binding.prod_spoke_project_iam_delegated: Refreshing state... [id=tmp-prod-net-spoke-0/roles/resourcemanager.projectIamAdmin/prod_stage3_sa_delegated_grants/Production host project delegated grants./api.getAttribute('iam.googleapis.com/modifiedGrantsByRole', []).hasOnly(['roles/composer.sharedVpcAgent','roles/compute.networkUser','roles/compute.networkViewer','roles/container.hostServiceAgentUser','roles/multiclusterservicediscovery.serviceAgent','roles/vpcaccess.user'])][0m
[0m[1mmodule.dev-dns-private-zone.google_dns_managed_zone.non-public[0]: Refreshing state... [id=projects/tmp-dev-net-spoke-0/managedZones/dev-gcp-example-com][0m
[0m[1mmodule.test-vm-dev-ew1-0.google_service_account.service_account[0]: Refreshing state... [id=projects/tmp-dev-net-spoke-0/serviceAccounts/tf-vm-test-vm-dev-ew1-0@tmp-dev-net-spoke-0.iam.gserviceaccount.com][0m
[0m[1mmodule.dev-spoke-vpc.google_compute_network.network[0]: Refreshing state... [id=projects/tmp-dev-net-spoke-0/global/networks/dev-spoke-0][0m
[0m[1mmodule.test-vm-prod-ew4-0.google_service_account.service_account[0]: Refreshing state... [id=projects/tmp-prod-net-spoke-0/serviceAccounts/tf-vm-test-vm-prod-ew4-0@tmp-prod-net-spoke-0.iam.gserviceaccount.com][0m
[0m[1mmodule.prod-spoke-vpc.google_compute_network.network[0]: Refreshing state... [id=projects/tmp-prod-net-spoke-0/global/networks/prod-spoke-0][0m
[0m[1mmodule.prod-dns-private-zone.google_dns_managed_zone.non-public[0]: Refreshing state... [id=projects/tmp-prod-net-spoke-0/managedZones/prod-gcp-example-com][0m
[0m[1mmodule.dev-dns-private-zone.google_dns_record_set.cloud-static-records["A localhost"]: Refreshing state... [id=projects/tmp-dev-net-spoke-0/managedZones/dev-gcp-example-com/rrsets/localhost.dev.gcp.example.com./A][0m
[0m[1mmodule.prod-dns-private-zone.google_dns_record_set.cloud-static-records["A localhost"]: Refreshing state... [id=projects/tmp-prod-net-spoke-0/managedZones/prod-gcp-example-com/rrsets/localhost.prod.gcp.example.com./A][0m
[0m[1mmodule.dev-spoke-vpc.google_compute_route.gateway["private-googleapis"]: Refreshing state... [id=projects/tmp-dev-net-spoke-0/global/routes/dev-spoke-0-private-googleapis][0m
[0m[1mmodule.dev-spoke-vpc.google_compute_route.gateway["restricted-googleapis"]: Refreshing state... [id=projects/tmp-dev-net-spoke-0/global/routes/dev-spoke-0-restricted-googleapis][0m
[0m[1mmodule.dev-spoke-vpc.google_compute_subnetwork.subnetwork["europe-west1/dev-dataplatform-ew1"]: Refreshing state... [id=projects/tmp-dev-net-spoke-0/regions/europe-west1/subnetworks/dev-dataplatform-ew1][0m
[0m[1mmodule.dev-spoke-vpc.google_compute_subnetwork.subnetwork["europe-west4/dev-default-ew4"]: Refreshing state... [id=projects/tmp-dev-net-spoke-0/regions/europe-west4/subnetworks/dev-default-ew4][0m
[0m[1mmodule.dev-spoke-vpc.google_compute_subnetwork.subnetwork["europe-west1/dev-default-ew1"]: Refreshing state... [id=projects/tmp-dev-net-spoke-0/regions/europe-west1/subnetworks/dev-default-ew1][0m
[0m[1mmodule.dev-spoke-vpc.google_compute_subnetwork.proxy_only["europe-west1/dev-l7ilb-europe-west1"]: Refreshing state... [id=projects/tmp-dev-net-spoke-0/regions/europe-west1/subnetworks/dev-l7ilb-europe-west1][0m
[0m[1mmodule.dev-spoke-vpc.google_compute_subnetwork.proxy_only["europe-west4/dev-l7ilb-europe-west4"]: Refreshing state... [id=projects/tmp-dev-net-spoke-0/regions/europe-west4/subnetworks/dev-l7ilb-europe-west4][0m
[0m[1mmodule.prod-spoke-vpc.google_compute_subnetwork.proxy_only["europe-west4/prod-l7ilb-europe-west4"]: Refreshing state... [id=projects/tmp-prod-net-spoke-0/regions/europe-west4/subnetworks/prod-l7ilb-europe-west4][0m
[0m[1mmodule.prod-spoke-vpc.google_compute_subnetwork.proxy_only["europe-west1/prod-l7ilb-europe-west1"]: Refreshing state... [id=projects/tmp-prod-net-spoke-0/regions/europe-west1/subnetworks/prod-l7ilb-europe-west1][0m
[0m[1mmodule.prod-spoke-vpc.google_compute_subnetwork.subnetwork["europe-west1/prod-default-ew1"]: Refreshing state... [id=projects/tmp-prod-net-spoke-0/regions/europe-west1/subnetworks/prod-default-ew1][0m
[0m[1mmodule.prod-spoke-vpc.google_compute_route.gateway["private-googleapis"]: Refreshing state... [id=projects/tmp-prod-net-spoke-0/global/routes/prod-spoke-0-private-googleapis][0m
[0m[1mmodule.prod-spoke-vpc.google_compute_route.gateway["restricted-googleapis"]: Refreshing state... [id=projects/tmp-prod-net-spoke-0/global/routes/prod-spoke-0-restricted-googleapis][0m
[0m[1mmodule.prod-spoke-vpc.google_compute_subnetwork.subnetwork["europe-west4/prod-default-ew4"]: Refreshing state... [id=projects/tmp-prod-net-spoke-0/regions/europe-west4/subnetworks/prod-default-ew4][0m
[0m[1mmodule.dev-landing-root-dns-peering.google_dns_managed_zone.non-public[0]: Refreshing state... [id=projects/tmp-dev-net-spoke-0/managedZones/dev-root-dns-peering][0m
[0m[1mmodule.dev-reverse-10-dns-peering.google_dns_managed_zone.non-public[0]: Refreshing state... [id=projects/tmp-dev-net-spoke-0/managedZones/dev-reverse-10-dns-peering][0m
[0m[1mmodule.dev-spoke-firewall.google_compute_firewall.custom-rules["ingress-allow-composer-nodes"]: Refreshing state... [id=projects/tmp-dev-net-spoke-0/global/firewalls/ingress-allow-composer-nodes][0m
[0m[1mmodule.dev-spoke-firewall.google_compute_firewall.custom-rules["ingress-allow-dataflow-load"]: Refreshing state... [id=projects/tmp-dev-net-spoke-0/global/firewalls/ingress-allow-dataflow-load][0m
[0m[1mmodule.prod-landing-root-dns-peering.google_dns_managed_zone.non-public[0]: Refreshing state... [id=projects/tmp-prod-net-spoke-0/managedZones/prod-root-dns-peering][0m
[0m[1mmodule.prod-reverse-10-dns-peering.google_dns_managed_zone.non-public[0]: Refreshing state... [id=projects/tmp-prod-net-spoke-0/managedZones/prod-reverse-10-dns-peering][0m
[0m[1mmodule.test-vm-dev-ew1-0.google_compute_instance.default[0]: Refreshing state... [id=projects/tmp-dev-net-spoke-0/zones/europe-west1-b/instances/test-vm-dev-ew1-0][0m
[0m[1mmodule.peering-dev.google_compute_network_peering.local_network_peering: Refreshing state... [id=dev-spoke-0/dev-peering-0-dev-spoke-0-prod-trusted-landing-0][0m
[0m[1mmodule.peering-prod.google_compute_network_peering.local_network_peering: Refreshing state... [id=prod-spoke-0/prod-peering-0-prod-spoke-0-prod-trusted-landing-0][0m
[0m[1mgoogle_storage_bucket_object.tfvars: Refreshing state... [id=brz-prod-iac-core-outputs-0-tfvars/2-networking.auto.tfvars.json][0m
[0m[1mmodule.test-vm-prod-ew4-0.google_compute_instance.default[0]: Refreshing state... [id=projects/tmp-prod-net-spoke-0/zones/europe-west4-a/instances/test-vm-prod-ew4-0][0m
[0m[1mgoogle_compute_router.routers_trusted["europe-west1"]: Refreshing state... [id=projects/tmp-prod-net-landing-0/regions/europe-west1/routers/prod-trusted-ew1][0m
[0m[1mgoogle_compute_address.nva_static_ip_trusted["europe-west4-b"]: Refreshing state... [id=projects/tmp-prod-net-landing-0/regions/europe-west4/addresses/nva-ip-trusted-ew4-b][0m
[0m[1mgoogle_compute_router.routers_trusted["europe-west4"]: Refreshing state... [id=projects/tmp-prod-net-landing-0/regions/europe-west4/routers/prod-trusted-ew4][0m
[0m[1mgoogle_compute_address.nva_static_ip_trusted["europe-west4-c"]: Refreshing state... [id=projects/tmp-prod-net-landing-0/regions/europe-west4/addresses/nva-ip-trusted-ew4-c][0m
[0m[1mgoogle_compute_address.nva_static_ip_trusted["europe-west1-c"]: Refreshing state... [id=projects/tmp-prod-net-landing-0/regions/europe-west1/addresses/nva-ip-trusted-ew1-c][0m
[0m[1mgoogle_compute_address.nva_static_ip_trusted["europe-west1-b"]: Refreshing state... [id=projects/tmp-prod-net-landing-0/regions/europe-west1/addresses/nva-ip-trusted-ew1-b][0m
[0m[1mgoogle_compute_address.router_intf_addrs_trusted["ew10"]: Refreshing state... [id=projects/tmp-prod-net-landing-0/regions/europe-west1/addresses/prod-trusted-ew10][0m
[0m[1mgoogle_compute_address.router_intf_addrs_trusted["ew40"]: Refreshing state... [id=projects/tmp-prod-net-landing-0/regions/europe-west4/addresses/prod-trusted-ew40][0m
[0m[1mgoogle_compute_address.router_intf_addrs_trusted["ew11"]: Refreshing state... [id=projects/tmp-prod-net-landing-0/regions/europe-west1/addresses/prod-trusted-ew11][0m
[0m[1mgoogle_compute_address.router_intf_addrs_trusted["ew41"]: Refreshing state... [id=projects/tmp-prod-net-landing-0/regions/europe-west4/addresses/prod-trusted-ew41][0m
[0m[1mgoogle_compute_router.routers_untrusted["europe-west1"]: Refreshing state... [id=projects/tmp-prod-net-landing-0/regions/europe-west1/routers/prod-untrusted-ew1][0m
[0m[1mgoogle_compute_router.routers_untrusted["europe-west4"]: Refreshing state... [id=projects/tmp-prod-net-landing-0/regions/europe-west4/routers/prod-untrusted-ew4][0m
[0m[1mgoogle_compute_address.nva_static_ip_untrusted["europe-west1-c"]: Refreshing state... [id=projects/tmp-prod-net-landing-0/regions/europe-west1/addresses/nva-ip-untrusted-ew1-c][0m
[0m[1mgoogle_compute_address.nva_static_ip_untrusted["europe-west4-b"]: Refreshing state... [id=projects/tmp-prod-net-landing-0/regions/europe-west4/addresses/nva-ip-untrusted-ew4-b][0m
[0m[1mgoogle_compute_address.nva_static_ip_untrusted["europe-west4-c"]: Refreshing state... [id=projects/tmp-prod-net-landing-0/regions/europe-west4/addresses/nva-ip-untrusted-ew4-c][0m
[0m[1mgoogle_compute_address.nva_static_ip_untrusted["europe-west1-b"]: Refreshing state... [id=projects/tmp-prod-net-landing-0/regions/europe-west1/addresses/nva-ip-untrusted-ew1-b][0m
[0m[1mgoogle_compute_address.router_intf_addrs_untrusted["ew10"]: Refreshing state... [id=projects/tmp-prod-net-landing-0/regions/europe-west1/addresses/prod-untrusted-ew10][0m
[0m[1mgoogle_compute_address.router_intf_addrs_untrusted["ew11"]: Refreshing state... [id=projects/tmp-prod-net-landing-0/regions/europe-west1/addresses/prod-untrusted-ew11][0m
[0m[1mgoogle_compute_address.router_intf_addrs_untrusted["ew40"]: Refreshing state... [id=projects/tmp-prod-net-landing-0/regions/europe-west4/addresses/prod-untrusted-ew40][0m
[0m[1mgoogle_compute_address.router_intf_addrs_untrusted["ew41"]: Refreshing state... [id=projects/tmp-prod-net-landing-0/regions/europe-west4/addresses/prod-untrusted-ew41][0m
[0m[1mmodule.landing-to-onprem-secondary-vpn[0].google_compute_router.router[0]: Refreshing state... [id=projects/tmp-prod-net-landing-0/regions/europe-west4/routers/landing-onprem-vpn-ew4][0m
[0m[1mmodule.landing-to-onprem-secondary-vpn[0].google_compute_ha_vpn_gateway.ha_gateway[0]: Refreshing state... [id=projects/tmp-prod-net-landing-0/regions/europe-west4/vpnGateways/vpn-to-onprem-ew4][0m
[0m[1mmodule.landing-nat-primary.google_compute_router.router[0]: Refreshing state... [id=projects/tmp-prod-net-landing-0/regions/europe-west1/routers/prod-nat-ew1][0m
[0m[1mmodule.landing-nat-secondary.google_compute_router.router[0]: Refreshing state... [id=projects/tmp-prod-net-landing-0/regions/europe-west4/routers/prod-nat-ew4][0m
[0m[1mmodule.landing-to-onprem-secondary-vpn[0].google_compute_external_vpn_gateway.external_gateway[0]: Refreshing state... [id=projects/tmp-prod-net-landing-0/global/externalVpnGateways/external-vpn-to-onprem-ew4][0m
[0m[1mmodule.landing-to-onprem-primary-vpn[0].google_compute_router.router[0]: Refreshing state... [id=projects/tmp-prod-net-landing-0/regions/europe-west1/routers/landing-onprem-vpn-ew1][0m
[0m[1mmodule.landing-to-onprem-primary-vpn[0].google_compute_external_vpn_gateway.external_gateway[0]: Refreshing state... [id=projects/tmp-prod-net-landing-0/global/externalVpnGateways/external-vpn-to-onprem-ew1][0m
[0m[1mmodule.landing-to-onprem-primary-vpn[0].google_compute_ha_vpn_gateway.ha_gateway[0]: Refreshing state... [id=projects/tmp-prod-net-landing-0/regions/europe-west1/vpnGateways/vpn-to-onprem-ew1][0m
[0m[1mmodule.peering-prod.google_compute_network_peering.peer_network_peering[0]: Refreshing state... [id=prod-trusted-landing-0/prod-peering-0-prod-trusted-landing-0-prod-spoke-0][0m
[0m[1mmodule.peering-dev.google_compute_network_peering.peer_network_peering[0]: Refreshing state... [id=prod-trusted-landing-0/dev-peering-0-prod-trusted-landing-0-dev-spoke-0][0m
[0m[1mgoogle_compute_router_interface.router_intfs_trusted["ew10"]: Refreshing state... [id=europe-west1/prod-trusted-ew1/prod-trusted-ew10][0m
[0m[1mgoogle_compute_router_interface.router_intfs_trusted["ew40"]: Refreshing state... [id=europe-west4/prod-trusted-ew4/prod-trusted-ew40][0m
[0m[1mgoogle_compute_router_interface.router_intfs_untrusted["ew40"]: Refreshing state... [id=europe-west4/prod-untrusted-ew4/prod-untrusted-ew40][0m
[0m[1mgoogle_compute_router_interface.router_intfs_untrusted["ew10"]: Refreshing state... [id=europe-west1/prod-untrusted-ew1/prod-untrusted-ew10][0m
[0m[1mmodule.nva["europe-west4-c"].google_compute_instance.default[0]: Refreshing state... [id=projects/tmp-prod-net-landing-0/zones/europe-west4-c/instances/nva-ew4-c][0m
[0m[1mmodule.nva["europe-west1-b"].google_compute_instance.default[0]: Refreshing state... [id=projects/tmp-prod-net-landing-0/zones/europe-west1-b/instances/nva-ew1-b][0m
[0m[1mmodule.nva["europe-west1-c"].google_compute_instance.default[0]: Refreshing state... [id=projects/tmp-prod-net-landing-0/zones/europe-west1-c/instances/nva-ew1-c][0m
[0m[1mmodule.nva["europe-west4-b"].google_compute_instance.default[0]: Refreshing state... [id=projects/tmp-prod-net-landing-0/zones/europe-west4-b/instances/nva-ew4-b][0m
[0m[1mmodule.landing-nat-primary.google_compute_router_nat.nat: Refreshing state... [id=tmp-prod-net-landing-0/europe-west1/prod-nat-ew1/ew1][0m
[0m[1mmodule.ilb-nva-untrusted["europe-west1"].google_compute_health_check.default[0]: Refreshing state... [id=projects/tmp-prod-net-landing-0/global/healthChecks/nva-untrusted-ew1][0m
[0m[1mmodule.landing-nat-secondary.google_compute_router_nat.nat: Refreshing state... [id=tmp-prod-net-landing-0/europe-west4/prod-nat-ew4/ew4][0m
[0m[1mmodule.ilb-nva-untrusted["europe-west4"].google_compute_health_check.default[0]: Refreshing state... [id=projects/tmp-prod-net-landing-0/global/healthChecks/nva-untrusted-ew4][0m
[0m[1mmodule.ilb-nva-trusted["europe-west1"].google_compute_health_check.default[0]: Refreshing state... [id=projects/tmp-prod-net-landing-0/global/healthChecks/nva-trusted-ew1][0m
[0m[1mmodule.ilb-nva-trusted["europe-west4"].google_compute_health_check.default[0]: Refreshing state... [id=projects/tmp-prod-net-landing-0/global/healthChecks/nva-trusted-ew4][0m
[0m[1mgoogle_compute_router_interface.router_red_intfs_trusted["ew11"]: Refreshing state... [id=europe-west1/prod-trusted-ew1/prod-trusted-ew11][0m
[0m[1mgoogle_compute_router_interface.router_red_intfs_trusted["ew41"]: Refreshing state... [id=europe-west4/prod-trusted-ew4/prod-trusted-ew41][0m
[0m[1mgoogle_compute_router_interface.router_red_intfs_untrusted["ew11"]: Refreshing state... [id=europe-west1/prod-untrusted-ew1/prod-untrusted-ew11][0m
[0m[1mgoogle_compute_router_interface.router_red_intfs_untrusted["ew41"]: Refreshing state... [id=europe-west4/prod-untrusted-ew4/prod-untrusted-ew41][0m
[0m[1mmodule.landing-to-onprem-secondary-vpn[0].google_compute_vpn_tunnel.tunnels["remote-1-0"]: Refreshing state... [id=projects/tmp-prod-net-landing-0/regions/europe-west4/vpnTunnels/vpn-to-onprem-ew4-remote-1-0][0m
[0m[1mmodule.landing-to-onprem-secondary-vpn[0].google_compute_vpn_tunnel.tunnels["remote-0-0"]: Refreshing state... [id=projects/tmp-prod-net-landing-0/regions/europe-west4/vpnTunnels/vpn-to-onprem-ew4-remote-0-0][0m
[0m[1mmodule.landing-to-onprem-primary-vpn[0].google_compute_vpn_tunnel.tunnels["remote-0-0"]: Refreshing state... [id=projects/tmp-prod-net-landing-0/regions/europe-west1/vpnTunnels/vpn-to-onprem-ew1-remote-0-0][0m
[0m[1mmodule.landing-to-onprem-primary-vpn[0].google_compute_vpn_tunnel.tunnels["remote-1-0"]: Refreshing state... [id=projects/tmp-prod-net-landing-0/regions/europe-west1/vpnTunnels/vpn-to-onprem-ew1-remote-1-0][0m
[0m[1mgoogle_compute_router_peer.peers_trusted_to_nvas_zone_b["ew41"]: Refreshing state... [id=projects/tmp-prod-net-landing-0/regions/europe-west4/routers/prod-trusted-ew4/prod-trusted-ew41-b][0m
[0m[1mgoogle_compute_router_peer.peers_trusted_to_nvas_zone_b["ew11"]: Refreshing state... [id=projects/tmp-prod-net-landing-0/regions/europe-west1/routers/prod-trusted-ew1/prod-trusted-ew11-b][0m
[0m[1mgoogle_compute_router_peer.peers_trusted_to_nvas_zone_b["ew10"]: Refreshing state... [id=projects/tmp-prod-net-landing-0/regions/europe-west1/routers/prod-trusted-ew1/prod-trusted-ew10-b][0m
[0m[1mgoogle_compute_router_peer.peers_trusted_to_nvas_zone_b["ew40"]: Refreshing state... [id=projects/tmp-prod-net-landing-0/regions/europe-west4/routers/prod-trusted-ew4/prod-trusted-ew40-b][0m
[0m[1mgoogle_compute_router_peer.peers_untrusted_to_nvas_zone_b["ew41"]: Refreshing state... [id=projects/tmp-prod-net-landing-0/regions/europe-west4/routers/prod-untrusted-ew4/prod-untrusted-ew41-b][0m
[0m[1mgoogle_compute_router_peer.peers_untrusted_to_nvas_zone_b["ew10"]: Refreshing state... [id=projects/tmp-prod-net-landing-0/regions/europe-west1/routers/prod-untrusted-ew1/prod-untrusted-ew10-b][0m
[0m[1mgoogle_compute_router_peer.peers_untrusted_to_nvas_zone_b["ew11"]: Refreshing state... [id=projects/tmp-prod-net-landing-0/regions/europe-west1/routers/prod-untrusted-ew1/prod-untrusted-ew11-b][0m
[0m[1mgoogle_compute_router_peer.peers_untrusted_to_nvas_zone_b["ew40"]: Refreshing state... [id=projects/tmp-prod-net-landing-0/regions/europe-west4/routers/prod-untrusted-ew4/prod-untrusted-ew40-b][0m
[0m[1mgoogle_network_connectivity_spoke.spoke_untrusted["europe-west4"]: Refreshing state... [id=projects/tmp-prod-net-landing-0/locations/europe-west4/spokes/prod-spoke-untrusted-europe-west4][0m
[0m[1mgoogle_network_connectivity_spoke.spoke_untrusted["europe-west1"]: Refreshing state... [id=projects/tmp-prod-net-landing-0/locations/europe-west1/spokes/prod-spoke-untrusted-europe-west1][0m
[0m[1mgoogle_network_connectivity_spoke.spoke_trusted["europe-west1"]: Refreshing state... [id=projects/tmp-prod-net-landing-0/locations/europe-west1/spokes/prod-spoke-trusted-europe-west1][0m
[0m[1mgoogle_network_connectivity_spoke.spoke_trusted["europe-west4"]: Refreshing state... [id=projects/tmp-prod-net-landing-0/locations/europe-west4/spokes/prod-spoke-trusted-europe-west4][0m
[0m[1mgoogle_compute_router_peer.peers_untrusted_to_nvas_zone_c["ew11"]: Refreshing state... [id=projects/tmp-prod-net-landing-0/regions/europe-west1/routers/prod-untrusted-ew1/prod-untrusted-ew11-c][0m
[0m[1mgoogle_compute_router_peer.peers_untrusted_to_nvas_zone_c["ew10"]: Refreshing state... [id=projects/tmp-prod-net-landing-0/regions/europe-west1/routers/prod-untrusted-ew1/prod-untrusted-ew10-c][0m
[0m[1mgoogle_compute_router_peer.peers_untrusted_to_nvas_zone_c["ew40"]: Refreshing state... [id=projects/tmp-prod-net-landing-0/regions/europe-west4/routers/prod-untrusted-ew4/prod-untrusted-ew40-c][0m
[0m[1mgoogle_compute_router_peer.peers_untrusted_to_nvas_zone_c["ew41"]: Refreshing state... [id=projects/tmp-prod-net-landing-0/regions/europe-west4/routers/prod-untrusted-ew4/prod-untrusted-ew41-c][0m
[0m[1mgoogle_compute_router_peer.peers_trusted_to_nvas_zone_c["ew11"]: Refreshing state... [id=projects/tmp-prod-net-landing-0/regions/europe-west1/routers/prod-trusted-ew1/prod-trusted-ew11-c][0m
[0m[1mgoogle_compute_router_peer.peers_trusted_to_nvas_zone_c["ew10"]: Refreshing state... [id=projects/tmp-prod-net-landing-0/regions/europe-west1/routers/prod-trusted-ew1/prod-trusted-ew10-c][0m
[0m[1mgoogle_compute_router_peer.peers_trusted_to_nvas_zone_c["ew40"]: Refreshing state... [id=projects/tmp-prod-net-landing-0/regions/europe-west4/routers/prod-trusted-ew4/prod-trusted-ew40-c][0m
[0m[1mgoogle_compute_router_peer.peers_trusted_to_nvas_zone_c["ew41"]: Refreshing state... [id=projects/tmp-prod-net-landing-0/regions/europe-west4/routers/prod-trusted-ew4/prod-trusted-ew41-c][0m
[0m[1mgoogle_compute_instance_group.nva-instance-group["europe-west4-c"]: Refreshing state... [id=projects/tmp-prod-net-landing-0/zones/europe-west4-c/instanceGroups/nva-cos-ew4-c][0m
[0m[1mgoogle_compute_instance_group.nva-instance-group["europe-west4-b"]: Refreshing state... [id=projects/tmp-prod-net-landing-0/zones/europe-west4-b/instanceGroups/nva-cos-ew4-b][0m
[0m[1mgoogle_compute_instance_group.nva-instance-group["europe-west1-c"]: Refreshing state... [id=projects/tmp-prod-net-landing-0/zones/europe-west1-c/instanceGroups/nva-cos-ew1-c][0m
[0m[1mgoogle_compute_instance_group.nva-instance-group["europe-west1-b"]: Refreshing state... [id=projects/tmp-prod-net-landing-0/zones/europe-west1-b/instanceGroups/nva-cos-ew1-b][0m
[0m[1mmodule.landing-to-onprem-secondary-vpn[0].google_compute_router_interface.router_interface["remote-0-0"]: Refreshing state... [id=europe-west4/landing-onprem-vpn-ew4/vpn-to-onprem-ew4-remote-0-0][0m
[0m[1mmodule.landing-to-onprem-secondary-vpn[0].google_compute_router_interface.router_interface["remote-1-0"]: Refreshing state... [id=europe-west4/landing-onprem-vpn-ew4/vpn-to-onprem-ew4-remote-1-0][0m
[0m[1mmodule.landing-to-onprem-primary-vpn[0].google_compute_router_interface.router_interface["remote-0-0"]: Refreshing state... [id=europe-west1/landing-onprem-vpn-ew1/vpn-to-onprem-ew1-remote-0-0][0m
[0m[1mmodule.landing-to-onprem-primary-vpn[0].google_compute_router_interface.router_interface["remote-1-0"]: Refreshing state... [id=europe-west1/landing-onprem-vpn-ew1/vpn-to-onprem-ew1-remote-1-0][0m
[0m[1mmodule.landing-to-onprem-primary-vpn[0].google_compute_router_peer.bgp_peer["remote-1-0"]: Refreshing state... [id=projects/tmp-prod-net-landing-0/regions/europe-west1/routers/landing-onprem-vpn-ew1/vpn-to-onprem-ew1-remote-1-0][0m
[0m[1mmodule.landing-to-onprem-primary-vpn[0].google_compute_router_peer.bgp_peer["remote-0-0"]: Refreshing state... [id=projects/tmp-prod-net-landing-0/regions/europe-west1/routers/landing-onprem-vpn-ew1/vpn-to-onprem-ew1-remote-0-0][0m
[0m[1mmodule.landing-to-onprem-secondary-vpn[0].google_compute_router_peer.bgp_peer["remote-0-0"]: Refreshing state... [id=projects/tmp-prod-net-landing-0/regions/europe-west4/routers/landing-onprem-vpn-ew4/vpn-to-onprem-ew4-remote-0-0][0m
[0m[1mmodule.landing-to-onprem-secondary-vpn[0].google_compute_router_peer.bgp_peer["remote-1-0"]: Refreshing state... [id=projects/tmp-prod-net-landing-0/regions/europe-west4/routers/landing-onprem-vpn-ew4/vpn-to-onprem-ew4-remote-1-0][0m
[0m[1mmodule.ilb-nva-untrusted["europe-west1"].google_compute_region_backend_service.default: Refreshing state... [id=projects/tmp-prod-net-landing-0/regions/europe-west1/backendServices/nva-untrusted-ew1][0m
[0m[1mmodule.ilb-nva-trusted["europe-west4"].google_compute_region_backend_service.default: Refreshing state... [id=projects/tmp-prod-net-landing-0/regions/europe-west4/backendServices/nva-trusted-ew4][0m
[0m[1mmodule.ilb-nva-untrusted["europe-west4"].google_compute_region_backend_service.default: Refreshing state... [id=projects/tmp-prod-net-landing-0/regions/europe-west4/backendServices/nva-untrusted-ew4][0m
[0m[1mmodule.ilb-nva-trusted["europe-west1"].google_compute_region_backend_service.default: Refreshing state... [id=projects/tmp-prod-net-landing-0/regions/europe-west1/backendServices/nva-trusted-ew1][0m
[0m[1mmodule.ilb-nva-trusted["europe-west1"].google_compute_forwarding_rule.default: Refreshing state... [id=projects/tmp-prod-net-landing-0/regions/europe-west1/forwardingRules/nva-trusted-ew1][0m
[0m[1mmodule.ilb-nva-trusted["europe-west4"].google_compute_forwarding_rule.default: Refreshing state... [id=projects/tmp-prod-net-landing-0/regions/europe-west4/forwardingRules/nva-trusted-ew4][0m
[0m[1mmodule.ilb-nva-untrusted["europe-west1"].google_compute_forwarding_rule.default: Refreshing state... [id=projects/tmp-prod-net-landing-0/regions/europe-west1/forwardingRules/nva-untrusted-ew1][0m
[0m[1mmodule.ilb-nva-untrusted["europe-west4"].google_compute_forwarding_rule.default: Refreshing state... [id=projects/tmp-prod-net-landing-0/regions/europe-west4/forwardingRules/nva-untrusted-ew4][0m
[0m
[1m[36mNote:[0m[1m Objects have changed outside of Terraform[0m

[0mTerraform detected the following changes made outside of Terraform since the
last "terraform apply" which may have affected this plan:

[1m  # module.landing-to-onprem-primary-vpn[0].google_compute_vpn_tunnel.tunnels["remote-0-0"][0m has changed[0m[0m
[0m  # [0m(moved from module.landing-to-onprem-ew1-vpn[0].google_compute_vpn_tunnel.tunnels["remote-0-0"])
[0m  [33m~[0m[0m resource "google_compute_vpn_tunnel" "tunnels" {
      [33m~[0m [0m[1m[0mdetailed_status[0m[0m                 = "Cannot send packets to peer IP" [33m->[0m [0m"No incoming packets from peer"
        [1m[0mid[0m[0m                              = "projects/tmp-prod-net-landing-0/regions/europe-west1/vpnTunnels/vpn-to-onprem-ew1-remote-0-0"
        [1m[0mname[0m[0m                            = "vpn-to-onprem-ew1-remote-0-0"
        [90m# (16 unchanged attributes hidden)[0m[0m
    }

[1m  # module.landing-to-onprem-secondary-vpn[0].google_compute_vpn_tunnel.tunnels["remote-0-0"][0m has changed[0m[0m
[0m  # [0m(moved from module.landing-to-onprem-ew4-vpn[0].google_compute_vpn_tunnel.tunnels["remote-0-0"])
[0m  [33m~[0m[0m resource "google_compute_vpn_tunnel" "tunnels" {
      [33m~[0m [0m[1m[0mdetailed_status[0m[0m                 = "Cannot send packets to peer IP" [33m->[0m [0m"No incoming packets from peer"
        [1m[0mid[0m[0m                              = "projects/tmp-prod-net-landing-0/regions/europe-west4/vpnTunnels/vpn-to-onprem-ew4-remote-0-0"
        [1m[0mname[0m[0m                            = "vpn-to-onprem-ew4-remote-0-0"
        [90m# (16 unchanged attributes hidden)[0m[0m
    }

[1m  # module.landing-to-onprem-secondary-vpn[0].google_compute_vpn_tunnel.tunnels["remote-1-0"][0m has changed[0m[0m
[0m  # [0m(moved from module.landing-to-onprem-ew4-vpn[0].google_compute_vpn_tunnel.tunnels["remote-1-0"])
[0m  [33m~[0m[0m resource "google_compute_vpn_tunnel" "tunnels" {
      [33m~[0m [0m[1m[0mdetailed_status[0m[0m                 = "Cannot send packets to peer IP" [33m->[0m [0m"No incoming packets from peer"
        [1m[0mid[0m[0m                              = "projects/tmp-prod-net-landing-0/regions/europe-west4/vpnTunnels/vpn-to-onprem-ew4-remote-1-0"
        [1m[0mname[0m[0m                            = "vpn-to-onprem-ew4-remote-1-0"
        [90m# (16 unchanged attributes hidden)[0m[0m
    }

[1m  # module.nva["europe-west1-b"].google_compute_instance.default[0][0m has changed[0m[0m
[0m  [33m~[0m[0m resource "google_compute_instance" "default" {
      [33m~[0m [0m[1m[0mcpu_platform[0m[0m              = "Intel Broadwell" [33m->[0m [0m"Unknown CPU Platform"
      [33m~[0m [0m[1m[0mcurrent_status[0m[0m            = "RUNNING" [33m->[0m [0m"TERMINATED"
        [1m[0mid[0m[0m                        = "projects/tmp-prod-net-landing-0/zones/europe-west1-b/instances/nva-ew1-b"
        [1m[0mname[0m[0m                      = "nva-ew1-b"
        [1m[0mtags[0m[0m                      = [
            "nva",
        ]
        [90m# (17 unchanged attributes hidden)[0m[0m

        [90m# (6 unchanged blocks hidden)[0m[0m
    }


Unless you have made equivalent changes to your configuration, or ignored the
relevant attributes using ignore_changes, the following plan may include
actions to undo or respond to these changes.
[90m
─────────────────────────────────────────────────────────────────────────────[0m

Terraform used the selected providers to generate the following execution
plan. Resource actions are indicated with the following symbols:
  [32m+[0m create
  [33m~[0m update in-place
  [31m-[0m destroy
[0m
Terraform will perform the following actions:

[1m  # google_compute_router.routers_trusted["europe-west1"][0m will be [1m[31mdestroyed[0m
  # (because key ["europe-west1"] is not in for_each map)[0m
[0m  [31m-[0m[0m resource "google_compute_router" "routers_trusted" {
      [31m-[0m [0m[1m[0mcreation_timestamp[0m[0m            = "2023-02-10T03:15:24.395-08:00" [90m->[0m [0m[90mnull[0m[0m
      [31m-[0m [0m[1m[0mencrypted_interconnect_router[0m[0m = false [90m->[0m [0m[90mnull[0m[0m
      [31m-[0m [0m[1m[0mid[0m[0m                            = "projects/tmp-prod-net-landing-0/regions/europe-west1/routers/prod-trusted-ew1" [90m->[0m [0m[90mnull[0m[0m
      [31m-[0m [0m[1m[0mname[0m[0m                          = "prod-trusted-ew1" [90m->[0m [0m[90mnull[0m[0m
      [31m-[0m [0m[1m[0mnetwork[0m[0m                       = "https://www.googleapis.com/compute/v1/projects/tmp-prod-net-landing-0/global/networks/prod-trusted-landing-0" [90m->[0m [0m[90mnull[0m[0m
      [31m-[0m [0m[1m[0mproject[0m[0m                       = "tmp-prod-net-landing-0" [90m->[0m [0m[90mnull[0m[0m
      [31m-[0m [0m[1m[0mregion[0m[0m                        = "europe-west1" [90m->[0m [0m[90mnull[0m[0m
      [31m-[0m [0m[1m[0mself_link[0m[0m                     = "https://www.googleapis.com/compute/v1/projects/tmp-prod-net-landing-0/regions/europe-west1/routers/prod-trusted-ew1" [90m->[0m [0m[90mnull[0m[0m

      [31m-[0m [0mbgp {
          [31m-[0m [0m[1m[0madvertise_mode[0m[0m     = "DEFAULT" [90m->[0m [0m[90mnull[0m[0m
          [31m-[0m [0m[1m[0madvertised_groups[0m[0m  = [] [90m->[0m [0m[90mnull[0m[0m
          [31m-[0m [0m[1m[0masn[0m[0m                = 64515 [90m->[0m [0m[90mnull[0m[0m
          [31m-[0m [0m[1m[0mkeepalive_interval[0m[0m = 20 [90m->[0m [0m[90mnull[0m[0m
        }
    }

[1m  # google_compute_router.routers_trusted["europe-west4"][0m will be [1m[31mdestroyed[0m
  # (because key ["europe-west4"] is not in for_each map)[0m
[0m  [31m-[0m[0m resource "google_compute_router" "routers_trusted" {
      [31m-[0m [0m[1m[0mcreation_timestamp[0m[0m            = "2023-02-10T03:15:24.779-08:00" [90m->[0m [0m[90mnull[0m[0m
      [31m-[0m [0m[1m[0mencrypted_interconnect_router[0m[0m = false [90m->[0m [0m[90mnull[0m[0m
      [31m-[0m [0m[1m[0mid[0m[0m                            = "projects/tmp-prod-net-landing-0/regions/europe-west4/routers/prod-trusted-ew4" [90m->[0m [0m[90mnull[0m[0m
      [31m-[0m [0m[1m[0mname[0m[0m                          = "prod-trusted-ew4" [90m->[0m [0m[90mnull[0m[0m
      [31m-[0m [0m[1m[0mnetwork[0m[0m                       = "https://www.googleapis.com/compute/v1/projects/tmp-prod-net-landing-0/global/networks/prod-trusted-landing-0" [90m->[0m [0m[90mnull[0m[0m
      [31m-[0m [0m[1m[0mproject[0m[0m                       = "tmp-prod-net-landing-0" [90m->[0m [0m[90mnull[0m[0m
      [31m-[0m [0m[1m[0mregion[0m[0m                        = "europe-west4" [90m->[0m [0m[90mnull[0m[0m
      [31m-[0m [0m[1m[0mself_link[0m[0m                     = "https://www.googleapis.com/compute/v1/projects/tmp-prod-net-landing-0/regions/europe-west4/routers/prod-trusted-ew4" [90m->[0m [0m[90mnull[0m[0m

      [31m-[0m [0mbgp {
          [31m-[0m [0m[1m[0madvertise_mode[0m[0m     = "DEFAULT" [90m->[0m [0m[90mnull[0m[0m
          [31m-[0m [0m[1m[0madvertised_groups[0m[0m  = [] [90m->[0m [0m[90mnull[0m[0m
          [31m-[0m [0m[1m[0masn[0m[0m                = 64515 [90m->[0m [0m[90mnull[0m[0m
          [31m-[0m [0m[1m[0mkeepalive_interval[0m[0m = 20 [90m->[0m [0m[90mnull[0m[0m
        }
    }

[1m  # google_compute_router.routers_trusted["primary"][0m will be created[0m[0m
[0m  [32m+[0m[0m resource "google_compute_router" "routers_trusted" {
      [32m+[0m [0m[1m[0mcreation_timestamp[0m[0m = (known after apply)
      [32m+[0m [0m[1m[0mid[0m[0m                 = (known after apply)
      [32m+[0m [0m[1m[0mname[0m[0m               = "prod-trusted-ew1"
      [32m+[0m [0m[1m[0mnetwork[0m[0m            = "https://www.googleapis.com/compute/v1/projects/tmp-prod-net-landing-0/global/networks/prod-trusted-landing-0"
      [32m+[0m [0m[1m[0mproject[0m[0m            = "tmp-prod-net-landing-0"
      [32m+[0m [0m[1m[0mregion[0m[0m             = "europe-west1"
      [32m+[0m [0m[1m[0mself_link[0m[0m          = (known after apply)

      [32m+[0m [0mbgp {
          [32m+[0m [0m[1m[0madvertise_mode[0m[0m     = "DEFAULT"
          [32m+[0m [0m[1m[0masn[0m[0m                = 64515
          [32m+[0m [0m[1m[0mkeepalive_interval[0m[0m = 20
        }
    }

[1m  # google_compute_router.routers_trusted["secondary"][0m will be created[0m[0m
[0m  [32m+[0m[0m resource "google_compute_router" "routers_trusted" {
      [32m+[0m [0m[1m[0mcreation_timestamp[0m[0m = (known after apply)
      [32m+[0m [0m[1m[0mid[0m[0m                 = (known after apply)
      [32m+[0m [0m[1m[0mname[0m[0m               = "prod-trusted-ew4"
      [32m+[0m [0m[1m[0mnetwork[0m[0m            = "https://www.googleapis.com/compute/v1/projects/tmp-prod-net-landing-0/global/networks/prod-trusted-landing-0"
      [32m+[0m [0m[1m[0mproject[0m[0m            = "tmp-prod-net-landing-0"
      [32m+[0m [0m[1m[0mregion[0m[0m             = "europe-west4"
      [32m+[0m [0m[1m[0mself_link[0m[0m          = (known after apply)

      [32m+[0m [0mbgp {
          [32m+[0m [0m[1m[0madvertise_mode[0m[0m     = "DEFAULT"
          [32m+[0m [0m[1m[0masn[0m[0m                = 64515
          [32m+[0m [0m[1m[0mkeepalive_interval[0m[0m = 20
        }
    }

[1m  # google_compute_router.routers_untrusted["europe-west1"][0m will be [1m[31mdestroyed[0m
  # (because key ["europe-west1"] is not in for_each map)[0m
[0m  [31m-[0m[0m resource "google_compute_router" "routers_untrusted" {
      [31m-[0m [0m[1m[0mcreation_timestamp[0m[0m            = "2023-02-10T03:15:04.203-08:00" [90m->[0m [0m[90mnull[0m[0m
      [31m-[0m [0m[1m[0mencrypted_interconnect_router[0m[0m = false [90m->[0m [0m[90mnull[0m[0m
      [31m-[0m [0m[1m[0mid[0m[0m                            = "projects/tmp-prod-net-landing-0/regions/europe-west1/routers/prod-untrusted-ew1" [90m->[0m [0m[90mnull[0m[0m
      [31m-[0m [0m[1m[0mname[0m[0m                          = "prod-untrusted-ew1" [90m->[0m [0m[90mnull[0m[0m
      [31m-[0m [0m[1m[0mnetwork[0m[0m                       = "https://www.googleapis.com/compute/v1/projects/tmp-prod-net-landing-0/global/networks/prod-untrusted-landing-0" [90m->[0m [0m[90mnull[0m[0m
      [31m-[0m [0m[1m[0mproject[0m[0m                       = "tmp-prod-net-landing-0" [90m->[0m [0m[90mnull[0m[0m
      [31m-[0m [0m[1m[0mregion[0m[0m                        = "europe-west1" [90m->[0m [0m[90mnull[0m[0m
      [31m-[0m [0m[1m[0mself_link[0m[0m                     = "https://www.googleapis.com/compute/v1/projects/tmp-prod-net-landing-0/regions/europe-west1/routers/prod-untrusted-ew1" [90m->[0m [0m[90mnull[0m[0m

      [31m-[0m [0mbgp {
          [31m-[0m [0m[1m[0madvertise_mode[0m[0m     = "DEFAULT" [90m->[0m [0m[90mnull[0m[0m
          [31m-[0m [0m[1m[0madvertised_groups[0m[0m  = [] [90m->[0m [0m[90mnull[0m[0m
          [31m-[0m [0m[1m[0masn[0m[0m                = 64515 [90m->[0m [0m[90mnull[0m[0m
          [31m-[0m [0m[1m[0mkeepalive_interval[0m[0m = 20 [90m->[0m [0m[90mnull[0m[0m
        }
    }

[1m  # google_compute_router.routers_untrusted["europe-west4"][0m will be [1m[31mdestroyed[0m
  # (because key ["europe-west4"] is not in for_each map)[0m
[0m  [31m-[0m[0m resource "google_compute_router" "routers_untrusted" {
      [31m-[0m [0m[1m[0mcreation_timestamp[0m[0m            = "2023-02-10T03:15:03.234-08:00" [90m->[0m [0m[90mnull[0m[0m
      [31m-[0m [0m[1m[0mencrypted_interconnect_router[0m[0m = false [90m->[0m [0m[90mnull[0m[0m
      [31m-[0m [0m[1m[0mid[0m[0m                            = "projects/tmp-prod-net-landing-0/regions/europe-west4/routers/prod-untrusted-ew4" [90m->[0m [0m[90mnull[0m[0m
      [31m-[0m [0m[1m[0mname[0m[0m                          = "prod-untrusted-ew4" [90m->[0m [0m[90mnull[0m[0m
      [31m-[0m [0m[1m[0mnetwork[0m[0m                       = "https://www.googleapis.com/compute/v1/projects/tmp-prod-net-landing-0/global/networks/prod-untrusted-landing-0" [90m->[0m [0m[90mnull[0m[0m
      [31m-[0m [0m[1m[0mproject[0m[0m                       = "tmp-prod-net-landing-0" [90m->[0m [0m[90mnull[0m[0m
      [31m-[0m [0m[1m[0mregion[0m[0m                        = "europe-west4" [90m->[0m [0m[90mnull[0m[0m
      [31m-[0m [0m[1m[0mself_link[0m[0m                     = "https://www.googleapis.com/compute/v1/projects/tmp-prod-net-landing-0/regions/europe-west4/routers/prod-untrusted-ew4" [90m->[0m [0m[90mnull[0m[0m

      [31m-[0m [0mbgp {
          [31m-[0m [0m[1m[0madvertise_mode[0m[0m     = "DEFAULT" [90m->[0m [0m[90mnull[0m[0m
          [31m-[0m [0m[1m[0madvertised_groups[0m[0m  = [] [90m->[0m [0m[90mnull[0m[0m
          [31m-[0m [0m[1m[0masn[0m[0m                = 64515 [90m->[0m [0m[90mnull[0m[0m
          [31m-[0m [0m[1m[0mkeepalive_interval[0m[0m = 20 [90m->[0m [0m[90mnull[0m[0m
        }
    }

[1m  # google_compute_router.routers_untrusted["primary"][0m will be created[0m[0m
[0m  [32m+[0m[0m resource "google_compute_router" "routers_untrusted" {
      [32m+[0m [0m[1m[0mcreation_timestamp[0m[0m = (known after apply)
      [32m+[0m [0m[1m[0mid[0m[0m                 = (known after apply)
      [32m+[0m [0m[1m[0mname[0m[0m               = "prod-untrusted-ew1"
      [32m+[0m [0m[1m[0mnetwork[0m[0m            = "https://www.googleapis.com/compute/v1/projects/tmp-prod-net-landing-0/global/networks/prod-untrusted-landing-0"
      [32m+[0m [0m[1m[0mproject[0m[0m            = "tmp-prod-net-landing-0"
      [32m+[0m [0m[1m[0mregion[0m[0m             = "primary"
      [32m+[0m [0m[1m[0mself_link[0m[0m          = (known after apply)

      [32m+[0m [0mbgp {
          [32m+[0m [0m[1m[0madvertise_mode[0m[0m     = "DEFAULT"
          [32m+[0m [0m[1m[0masn[0m[0m                = 64515
          [32m+[0m [0m[1m[0mkeepalive_interval[0m[0m = 20
        }
    }

[1m  # google_compute_router.routers_untrusted["secondary"][0m will be created[0m[0m
[0m  [32m+[0m[0m resource "google_compute_router" "routers_untrusted" {
      [32m+[0m [0m[1m[0mcreation_timestamp[0m[0m = (known after apply)
      [32m+[0m [0m[1m[0mid[0m[0m                 = (known after apply)
      [32m+[0m [0m[1m[0mname[0m[0m               = "prod-untrusted-ew4"
      [32m+[0m [0m[1m[0mnetwork[0m[0m            = "https://www.googleapis.com/compute/v1/projects/tmp-prod-net-landing-0/global/networks/prod-untrusted-landing-0"
      [32m+[0m [0m[1m[0mproject[0m[0m            = "tmp-prod-net-landing-0"
      [32m+[0m [0m[1m[0mregion[0m[0m             = "secondary"
      [32m+[0m [0m[1m[0mself_link[0m[0m          = (known after apply)

      [32m+[0m [0mbgp {
          [32m+[0m [0m[1m[0madvertise_mode[0m[0m     = "DEFAULT"
          [32m+[0m [0m[1m[0masn[0m[0m                = 64515
          [32m+[0m [0m[1m[0mkeepalive_interval[0m[0m = 20
        }
    }

[1m  # google_network_connectivity_spoke.spoke_trusted["europe-west1"][0m will be [1m[31mdestroyed[0m
  # (because key ["europe-west1"] is not in for_each map)[0m
[0m  [31m-[0m[0m resource "google_network_connectivity_spoke" "spoke_trusted" {
      [31m-[0m [0m[1m[0mcreate_time[0m[0m = "2023-02-10T11:17:35.979055590Z" [90m->[0m [0m[90mnull[0m[0m
      [31m-[0m [0m[1m[0mdescription[0m[0m = "Connectivity to trusted network - region europe-west1" [90m->[0m [0m[90mnull[0m[0m
      [31m-[0m [0m[1m[0mhub[0m[0m         = "projects/tmp-prod-net-landing-0/locations/global/hubs/prod-hub" [90m->[0m [0m[90mnull[0m[0m
      [31m-[0m [0m[1m[0mid[0m[0m          = "projects/tmp-prod-net-landing-0/locations/europe-west1/spokes/prod-spoke-trusted-europe-west1" [90m->[0m [0m[90mnull[0m[0m
      [31m-[0m [0m[1m[0mlabels[0m[0m      = {} [90m->[0m [0m[90mnull[0m[0m
      [31m-[0m [0m[1m[0mlocation[0m[0m    = "europe-west1" [90m->[0m [0m[90mnull[0m[0m
      [31m-[0m [0m[1m[0mname[0m[0m        = "prod-spoke-trusted-europe-west1" [90m->[0m [0m[90mnull[0m[0m
      [31m-[0m [0m[1m[0mproject[0m[0m     = "tmp-prod-net-landing-0" [90m->[0m [0m[90mnull[0m[0m
      [31m-[0m [0m[1m[0mstate[0m[0m       = "ACTIVE" [90m->[0m [0m[90mnull[0m[0m
      [31m-[0m [0m[1m[0munique_id[0m[0m   = "96b5fff5-2dde-461b-9492-55228f574866" [90m->[0m [0m[90mnull[0m[0m
      [31m-[0m [0m[1m[0mupdate_time[0m[0m = "2023-02-10T11:17:53.019919137Z" [90m->[0m [0m[90mnull[0m[0m

      [31m-[0m [0mlinked_router_appliance_instances {
          [31m-[0m [0m[1m[0msite_to_site_data_transfer[0m[0m = false [90m->[0m [0m[90mnull[0m[0m

          [31m-[0m [0minstances {
              [31m-[0m [0m[1m[0mip_address[0m[0m      = "10.128.64.101" [90m->[0m [0m[90mnull[0m[0m
              [31m-[0m [0m[1m[0mvirtual_machine[0m[0m = "https://www.googleapis.com/compute/v1/projects/tmp-prod-net-landing-0/zones/europe-west1-b/instances/nva-ew1-b" [90m->[0m [0m[90mnull[0m[0m
            }
          [31m-[0m [0minstances {
              [31m-[0m [0m[1m[0mip_address[0m[0m      = "10.128.64.102" [90m->[0m [0m[90mnull[0m[0m
              [31m-[0m [0m[1m[0mvirtual_machine[0m[0m = "https://www.googleapis.com/compute/v1/projects/tmp-prod-net-landing-0/zones/europe-west1-c/instances/nva-ew1-c" [90m->[0m [0m[90mnull[0m[0m
            }
        }
    }

[1m  # google_network_connectivity_spoke.spoke_trusted["europe-west4"][0m will be [1m[31mdestroyed[0m
  # (because key ["europe-west4"] is not in for_each map)[0m
[0m  [31m-[0m[0m resource "google_network_connectivity_spoke" "spoke_trusted" {
      [31m-[0m [0m[1m[0mcreate_time[0m[0m = "2023-02-10T11:17:14.821968338Z" [90m->[0m [0m[90mnull[0m[0m
      [31m-[0m [0m[1m[0mdescription[0m[0m = "Connectivity to trusted network - region europe-west4" [90m->[0m [0m[90mnull[0m[0m
      [31m-[0m [0m[1m[0mhub[0m[0m         = "projects/tmp-prod-net-landing-0/locations/global/hubs/prod-hub" [90m->[0m [0m[90mnull[0m[0m
      [31m-[0m [0m[1m[0mid[0m[0m          = "projects/tmp-prod-net-landing-0/locations/europe-west4/spokes/prod-spoke-trusted-europe-west4" [90m->[0m [0m[90mnull[0m[0m
      [31m-[0m [0m[1m[0mlabels[0m[0m      = {} [90m->[0m [0m[90mnull[0m[0m
      [31m-[0m [0m[1m[0mlocation[0m[0m    = "europe-west4" [90m->[0m [0m[90mnull[0m[0m
      [31m-[0m [0m[1m[0mname[0m[0m        = "prod-spoke-trusted-europe-west4" [90m->[0m [0m[90mnull[0m[0m
      [31m-[0m [0m[1m[0mproject[0m[0m     = "tmp-prod-net-landing-0" [90m->[0m [0m[90mnull[0m[0m
      [31m-[0m [0m[1m[0mstate[0m[0m       = "ACTIVE" [90m->[0m [0m[90mnull[0m[0m
      [31m-[0m [0m[1m[0munique_id[0m[0m   = "29397291-6c35-4110-8715-137a161c5c71" [90m->[0m [0m[90mnull[0m[0m
      [31m-[0m [0m[1m[0mupdate_time[0m[0m = "2023-02-10T11:17:31.524328239Z" [90m->[0m [0m[90mnull[0m[0m

      [31m-[0m [0mlinked_router_appliance_instances {
          [31m-[0m [0m[1m[0msite_to_site_data_transfer[0m[0m = false [90m->[0m [0m[90mnull[0m[0m

          [31m-[0m [0minstances {
              [31m-[0m [0m[1m[0mip_address[0m[0m      = "10.128.96.101" [90m->[0m [0m[90mnull[0m[0m
              [31m-[0m [0m[1m[0mvirtual_machine[0m[0m = "https://www.googleapis.com/compute/v1/projects/tmp-prod-net-landing-0/zones/europe-west4-b/instances/nva-ew4-b" [90m->[0m [0m[90mnull[0m[0m
            }
          [31m-[0m [0minstances {
              [31m-[0m [0m[1m[0mip_address[0m[0m      = "10.128.96.102" [90m->[0m [0m[90mnull[0m[0m
              [31m-[0m [0m[1m[0mvirtual_machine[0m[0m = "https://www.googleapis.com/compute/v1/projects/tmp-prod-net-landing-0/zones/europe-west4-c/instances/nva-ew4-c" [90m->[0m [0m[90mnull[0m[0m
            }
        }
    }

[1m  # google_network_connectivity_spoke.spoke_trusted["primary"][0m will be created[0m[0m
[0m  [32m+[0m[0m resource "google_network_connectivity_spoke" "spoke_trusted" {
      [32m+[0m [0m[1m[0mcreate_time[0m[0m = (known after apply)
      [32m+[0m [0m[1m[0mdescription[0m[0m = "Connectivity to trusted network - region ew1"
      [32m+[0m [0m[1m[0mhub[0m[0m         = "projects/tmp-prod-net-landing-0/locations/global/hubs/prod-hub"
      [32m+[0m [0m[1m[0mid[0m[0m          = (known after apply)
      [32m+[0m [0m[1m[0mlocation[0m[0m    = "europe-west1"
      [32m+[0m [0m[1m[0mname[0m[0m        = "prod-spoke-trusted-ew1"
      [32m+[0m [0m[1m[0mproject[0m[0m     = "tmp-prod-net-landing-0"
      [32m+[0m [0m[1m[0mstate[0m[0m       = (known after apply)
      [32m+[0m [0m[1m[0munique_id[0m[0m   = (known after apply)
      [32m+[0m [0m[1m[0mupdate_time[0m[0m = (known after apply)

      [32m+[0m [0mlinked_router_appliance_instances {
          [32m+[0m [0m[1m[0msite_to_site_data_transfer[0m[0m = false

          [32m+[0m [0minstances {
              [32m+[0m [0m[1m[0mip_address[0m[0m      = "10.128.64.101"
              [32m+[0m [0m[1m[0mvirtual_machine[0m[0m = "https://www.googleapis.com/compute/v1/projects/tmp-prod-net-landing-0/zones/europe-west1-b/instances/nva-ew1-b"
            }
          [32m+[0m [0minstances {
              [32m+[0m [0m[1m[0mip_address[0m[0m      = "10.128.64.102"
              [32m+[0m [0m[1m[0mvirtual_machine[0m[0m = "https://www.googleapis.com/compute/v1/projects/tmp-prod-net-landing-0/zones/europe-west1-c/instances/nva-ew1-c"
            }
        }
    }

[1m  # google_network_connectivity_spoke.spoke_trusted["secondary"][0m will be created[0m[0m
[0m  [32m+[0m[0m resource "google_network_connectivity_spoke" "spoke_trusted" {
      [32m+[0m [0m[1m[0mcreate_time[0m[0m = (known after apply)
      [32m+[0m [0m[1m[0mdescription[0m[0m = "Connectivity to trusted network - region ew4"
      [32m+[0m [0m[1m[0mhub[0m[0m         = "projects/tmp-prod-net-landing-0/locations/global/hubs/prod-hub"
      [32m+[0m [0m[1m[0mid[0m[0m          = (known after apply)
      [32m+[0m [0m[1m[0mlocation[0m[0m    = "europe-west4"
      [32m+[0m [0m[1m[0mname[0m[0m        = "prod-spoke-trusted-ew4"
      [32m+[0m [0m[1m[0mproject[0m[0m     = "tmp-prod-net-landing-0"
      [32m+[0m [0m[1m[0mstate[0m[0m       = (known after apply)
      [32m+[0m [0m[1m[0munique_id[0m[0m   = (known after apply)
      [32m+[0m [0m[1m[0mupdate_time[0m[0m = (known after apply)

      [32m+[0m [0mlinked_router_appliance_instances {
          [32m+[0m [0m[1m[0msite_to_site_data_transfer[0m[0m = false

          [32m+[0m [0minstances {
              [32m+[0m [0m[1m[0mip_address[0m[0m      = "10.128.96.101"
              [32m+[0m [0m[1m[0mvirtual_machine[0m[0m = "https://www.googleapis.com/compute/v1/projects/tmp-prod-net-landing-0/zones/europe-west4-b/instances/nva-ew4-b"
            }
          [32m+[0m [0minstances {
              [32m+[0m [0m[1m[0mip_address[0m[0m      = "10.128.96.102"
              [32m+[0m [0m[1m[0mvirtual_machine[0m[0m = "https://www.googleapis.com/compute/v1/projects/tmp-prod-net-landing-0/zones/europe-west4-c/instances/nva-ew4-c"
            }
        }
    }

[1m  # google_network_connectivity_spoke.spoke_untrusted["europe-west1"][0m will be [1m[31mdestroyed[0m
  # (because key ["europe-west1"] is not in for_each map)[0m
[0m  [31m-[0m[0m resource "google_network_connectivity_spoke" "spoke_untrusted" {
      [31m-[0m [0m[1m[0mcreate_time[0m[0m = "2023-02-10T11:17:14.720711784Z" [90m->[0m [0m[90mnull[0m[0m
      [31m-[0m [0m[1m[0mdescription[0m[0m = "Connectivity to untrusted network - region europe-west1" [90m->[0m [0m[90mnull[0m[0m
      [31m-[0m [0m[1m[0mhub[0m[0m         = "projects/tmp-prod-net-landing-0/locations/global/hubs/prod-hub" [90m->[0m [0m[90mnull[0m[0m
      [31m-[0m [0m[1m[0mid[0m[0m          = "projects/tmp-prod-net-landing-0/locations/europe-west1/spokes/prod-spoke-untrusted-europe-west1" [90m->[0m [0m[90mnull[0m[0m
      [31m-[0m [0m[1m[0mlabels[0m[0m      = {} [90m->[0m [0m[90mnull[0m[0m
      [31m-[0m [0m[1m[0mlocation[0m[0m    = "europe-west1" [90m->[0m [0m[90mnull[0m[0m
      [31m-[0m [0m[1m[0mname[0m[0m        = "prod-spoke-untrusted-europe-west1" [90m->[0m [0m[90mnull[0m[0m
      [31m-[0m [0m[1m[0mproject[0m[0m     = "tmp-prod-net-landing-0" [90m->[0m [0m[90mnull[0m[0m
      [31m-[0m [0m[1m[0mstate[0m[0m       = "ACTIVE" [90m->[0m [0m[90mnull[0m[0m
      [31m-[0m [0m[1m[0munique_id[0m[0m   = "14fcb26a-616e-442e-b8cd-f0e4c411f7f1" [90m->[0m [0m[90mnull[0m[0m
      [31m-[0m [0m[1m[0mupdate_time[0m[0m = "2023-02-10T11:17:30.628016572Z" [90m->[0m [0m[90mnull[0m[0m

      [31m-[0m [0mlinked_router_appliance_instances {
          [31m-[0m [0m[1m[0msite_to_site_data_transfer[0m[0m = false [90m->[0m [0m[90mnull[0m[0m

          [31m-[0m [0minstances {
              [31m-[0m [0m[1m[0mip_address[0m[0m      = "10.128.0.101" [90m->[0m [0m[90mnull[0m[0m
              [31m-[0m [0m[1m[0mvirtual_machine[0m[0m = "https://www.googleapis.com/compute/v1/projects/tmp-prod-net-landing-0/zones/europe-west1-b/instances/nva-ew1-b" [90m->[0m [0m[90mnull[0m[0m
            }
          [31m-[0m [0minstances {
              [31m-[0m [0m[1m[0mip_address[0m[0m      = "10.128.0.102" [90m->[0m [0m[90mnull[0m[0m
              [31m-[0m [0m[1m[0mvirtual_machine[0m[0m = "https://www.googleapis.com/compute/v1/projects/tmp-prod-net-landing-0/zones/europe-west1-c/instances/nva-ew1-c" [90m->[0m [0m[90mnull[0m[0m
            }
        }
    }

[1m  # google_network_connectivity_spoke.spoke_untrusted["europe-west4"][0m will be [1m[31mdestroyed[0m
  # (because key ["europe-west4"] is not in for_each map)[0m
[0m  [31m-[0m[0m resource "google_network_connectivity_spoke" "spoke_untrusted" {
      [31m-[0m [0m[1m[0mcreate_time[0m[0m = "2023-02-10T11:17:19.379107019Z" [90m->[0m [0m[90mnull[0m[0m
      [31m-[0m [0m[1m[0mdescription[0m[0m = "Connectivity to untrusted network - region europe-west4" [90m->[0m [0m[90mnull[0m[0m
      [31m-[0m [0m[1m[0mhub[0m[0m         = "projects/tmp-prod-net-landing-0/locations/global/hubs/prod-hub" [90m->[0m [0m[90mnull[0m[0m
      [31m-[0m [0m[1m[0mid[0m[0m          = "projects/tmp-prod-net-landing-0/locations/europe-west4/spokes/prod-spoke-untrusted-europe-west4" [90m->[0m [0m[90mnull[0m[0m
      [31m-[0m [0m[1m[0mlabels[0m[0m      = {} [90m->[0m [0m[90mnull[0m[0m
      [31m-[0m [0m[1m[0mlocation[0m[0m    = "europe-west4" [90m->[0m [0m[90mnull[0m[0m
      [31m-[0m [0m[1m[0mname[0m[0m        = "prod-spoke-untrusted-europe-west4" [90m->[0m [0m[90mnull[0m[0m
      [31m-[0m [0m[1m[0mproject[0m[0m     = "tmp-prod-net-landing-0" [90m->[0m [0m[90mnull[0m[0m
      [31m-[0m [0m[1m[0mstate[0m[0m       = "ACTIVE" [90m->[0m [0m[90mnull[0m[0m
      [31m-[0m [0m[1m[0munique_id[0m[0m   = "8794a2d4-7b7f-4523-bbe8-e71e4a9146e7" [90m->[0m [0m[90mnull[0m[0m
      [31m-[0m [0m[1m[0mupdate_time[0m[0m = "2023-02-10T11:17:41.455324143Z" [90m->[0m [0m[90mnull[0m[0m

      [31m-[0m [0mlinked_router_appliance_instances {
          [31m-[0m [0m[1m[0msite_to_site_data_transfer[0m[0m = false [90m->[0m [0m[90mnull[0m[0m

          [31m-[0m [0minstances {
              [31m-[0m [0m[1m[0mip_address[0m[0m      = "10.128.32.101" [90m->[0m [0m[90mnull[0m[0m
              [31m-[0m [0m[1m[0mvirtual_machine[0m[0m = "https://www.googleapis.com/compute/v1/projects/tmp-prod-net-landing-0/zones/europe-west4-b/instances/nva-ew4-b" [90m->[0m [0m[90mnull[0m[0m
            }
          [31m-[0m [0minstances {
              [31m-[0m [0m[1m[0mip_address[0m[0m      = "10.128.32.102" [90m->[0m [0m[90mnull[0m[0m
              [31m-[0m [0m[1m[0mvirtual_machine[0m[0m = "https://www.googleapis.com/compute/v1/projects/tmp-prod-net-landing-0/zones/europe-west4-c/instances/nva-ew4-c" [90m->[0m [0m[90mnull[0m[0m
            }
        }
    }

[1m  # google_network_connectivity_spoke.spoke_untrusted["primary"][0m will be created[0m[0m
[0m  [32m+[0m[0m resource "google_network_connectivity_spoke" "spoke_untrusted" {
      [32m+[0m [0m[1m[0mcreate_time[0m[0m = (known after apply)
      [32m+[0m [0m[1m[0mdescription[0m[0m = "Connectivity to untrusted network - region europe-west1"
      [32m+[0m [0m[1m[0mhub[0m[0m         = "projects/tmp-prod-net-landing-0/locations/global/hubs/prod-hub"
      [32m+[0m [0m[1m[0mid[0m[0m          = (known after apply)
      [32m+[0m [0m[1m[0mlocation[0m[0m    = "europe-west1"
      [32m+[0m [0m[1m[0mname[0m[0m        = "prod-spoke-untrusted-europe-west1"
      [32m+[0m [0m[1m[0mproject[0m[0m     = "tmp-prod-net-landing-0"
      [32m+[0m [0m[1m[0mstate[0m[0m       = (known after apply)
      [32m+[0m [0m[1m[0munique_id[0m[0m   = (known after apply)
      [32m+[0m [0m[1m[0mupdate_time[0m[0m = (known after apply)

      [32m+[0m [0mlinked_router_appliance_instances {
          [32m+[0m [0m[1m[0msite_to_site_data_transfer[0m[0m = false

          [32m+[0m [0minstances {
              [32m+[0m [0m[1m[0mip_address[0m[0m      = "10.128.0.101"
              [32m+[0m [0m[1m[0mvirtual_machine[0m[0m = "https://www.googleapis.com/compute/v1/projects/tmp-prod-net-landing-0/zones/europe-west1-b/instances/nva-ew1-b"
            }
          [32m+[0m [0minstances {
              [32m+[0m [0m[1m[0mip_address[0m[0m      = "10.128.0.102"
              [32m+[0m [0m[1m[0mvirtual_machine[0m[0m = "https://www.googleapis.com/compute/v1/projects/tmp-prod-net-landing-0/zones/europe-west1-c/instances/nva-ew1-c"
            }
        }
    }

[1m  # google_network_connectivity_spoke.spoke_untrusted["secondary"][0m will be created[0m[0m
[0m  [32m+[0m[0m resource "google_network_connectivity_spoke" "spoke_untrusted" {
      [32m+[0m [0m[1m[0mcreate_time[0m[0m = (known after apply)
      [32m+[0m [0m[1m[0mdescription[0m[0m = "Connectivity to untrusted network - region europe-west4"
      [32m+[0m [0m[1m[0mhub[0m[0m         = "projects/tmp-prod-net-landing-0/locations/global/hubs/prod-hub"
      [32m+[0m [0m[1m[0mid[0m[0m          = (known after apply)
      [32m+[0m [0m[1m[0mlocation[0m[0m    = "europe-west4"
      [32m+[0m [0m[1m[0mname[0m[0m        = "prod-spoke-untrusted-europe-west4"
      [32m+[0m [0m[1m[0mproject[0m[0m     = "tmp-prod-net-landing-0"
      [32m+[0m [0m[1m[0mstate[0m[0m       = (known after apply)
      [32m+[0m [0m[1m[0munique_id[0m[0m   = (known after apply)
      [32m+[0m [0m[1m[0mupdate_time[0m[0m = (known after apply)

      [32m+[0m [0mlinked_router_appliance_instances {
          [32m+[0m [0m[1m[0msite_to_site_data_transfer[0m[0m = false

          [32m+[0m [0minstances {
              [32m+[0m [0m[1m[0mip_address[0m[0m      = "10.128.32.101"
              [32m+[0m [0m[1m[0mvirtual_machine[0m[0m = "https://www.googleapis.com/compute/v1/projects/tmp-prod-net-landing-0/zones/europe-west4-b/instances/nva-ew4-b"
            }
          [32m+[0m [0minstances {
              [32m+[0m [0m[1m[0mip_address[0m[0m      = "10.128.32.102"
              [32m+[0m [0m[1m[0mvirtual_machine[0m[0m = "https://www.googleapis.com/compute/v1/projects/tmp-prod-net-landing-0/zones/europe-west4-c/instances/nva-ew4-c"
            }
        }
    }

[1m  # module.folder.google_compute_firewall_policy.policy["factory"][0m will be created[0m[0m
[0m  [32m+[0m[0m resource "google_compute_firewall_policy" "policy" {
      [32m+[0m [0m[1m[0mcreation_timestamp[0m[0m = (known after apply)
      [32m+[0m [0m[1m[0mfingerprint[0m[0m        = (known after apply)
      [32m+[0m [0m[1m[0mfirewall_policy_id[0m[0m = (known after apply)
      [32m+[0m [0m[1m[0mid[0m[0m                 = (known after apply)
      [32m+[0m [0m[1m[0mname[0m[0m               = (known after apply)
      [32m+[0m [0m[1m[0mparent[0m[0m             = "folders/66594781877"
      [32m+[0m [0m[1m[0mrule_tuple_count[0m[0m   = (known after apply)
      [32m+[0m [0m[1m[0mself_link[0m[0m          = (known after apply)
      [32m+[0m [0m[1m[0mself_link_with_id[0m[0m  = (known after apply)
      [32m+[0m [0m[1m[0mshort_name[0m[0m         = "factory"
    }

[1m  # module.folder.google_compute_firewall_policy_association.association["factory-policy"][0m will be created[0m[0m
[0m  [32m+[0m[0m resource "google_compute_firewall_policy_association" "association" {
      [32m+[0m [0m[1m[0mattachment_target[0m[0m = "folders/66594781877"
      [32m+[0m [0m[1m[0mfirewall_policy[0m[0m   = (known after apply)
      [32m+[0m [0m[1m[0mid[0m[0m                = (known after apply)
      [32m+[0m [0m[1m[0mname[0m[0m              = "folders-66594781877"
      [32m+[0m [0m[1m[0mshort_name[0m[0m        = (known after apply)
    }

[1m  # module.folder.google_compute_firewall_policy_rule.rule["factory-allow-admins"][0m will be created[0m[0m
[0m  [32m+[0m[0m resource "google_compute_firewall_policy_rule" "rule" {
      [32m+[0m [0m[1m[0maction[0m[0m           = "allow"
      [32m+[0m [0m[1m[0mdescription[0m[0m      = "Access from the admin subnet to all subnets"
      [32m+[0m [0m[1m[0mdirection[0m[0m        = "INGRESS"
      [32m+[0m [0m[1m[0mfirewall_policy[0m[0m  = (known after apply)
      [32m+[0m [0m[1m[0mid[0m[0m               = (known after apply)
      [32m+[0m [0m[1m[0mkind[0m[0m             = (known after apply)
      [32m+[0m [0m[1m[0mpriority[0m[0m         = 1000
      [32m+[0m [0m[1m[0mrule_tuple_count[0m[0m = (known after apply)

      [32m+[0m [0mmatch {
          [32m+[0m [0m[1m[0msrc_ip_ranges[0m[0m = [
              [32m+[0m [0m"10.0.0.0/8",
              [32m+[0m [0m"172.16.0.0/12",
              [32m+[0m [0m"192.168.0.0/16",
            ]

          [32m+[0m [0mlayer4_configs {
              [32m+[0m [0m[1m[0mip_protocol[0m[0m = "all"
              [32m+[0m [0m[1m[0mports[0m[0m       = []
            }
        }
    }

[1m  # module.folder.google_compute_firewall_policy_rule.rule["factory-allow-healthchecks"][0m will be created[0m[0m
[0m  [32m+[0m[0m resource "google_compute_firewall_policy_rule" "rule" {
      [32m+[0m [0m[1m[0maction[0m[0m           = "allow"
      [32m+[0m [0m[1m[0mdescription[0m[0m      = "Enable HTTP and HTTPS healthchecks"
      [32m+[0m [0m[1m[0mdirection[0m[0m        = "INGRESS"
      [32m+[0m [0m[1m[0mfirewall_policy[0m[0m  = (known after apply)
      [32m+[0m [0m[1m[0mid[0m[0m               = (known after apply)
      [32m+[0m [0m[1m[0mkind[0m[0m             = (known after apply)
      [32m+[0m [0m[1m[0mpriority[0m[0m         = 1001
      [32m+[0m [0m[1m[0mrule_tuple_count[0m[0m = (known after apply)

      [32m+[0m [0mmatch {
          [32m+[0m [0m[1m[0msrc_ip_ranges[0m[0m = [
              [32m+[0m [0m"35.191.0.0/16",
              [32m+[0m [0m"130.211.0.0/22",
              [32m+[0m [0m"209.85.152.0/22",
              [32m+[0m [0m"209.85.204.0/22",
            ]

          [32m+[0m [0mlayer4_configs {
              [32m+[0m [0m[1m[0mip_protocol[0m[0m = "tcp"
              [32m+[0m [0m[1m[0mports[0m[0m       = [
                  [32m+[0m [0m"80",
                  [32m+[0m [0m"443",
                ]
            }
        }
    }

[1m  # module.folder.google_compute_firewall_policy_rule.rule["factory-allow-icmp"][0m will be created[0m[0m
[0m  [32m+[0m[0m resource "google_compute_firewall_policy_rule" "rule" {
      [32m+[0m [0m[1m[0maction[0m[0m           = "allow"
      [32m+[0m [0m[1m[0mdescription[0m[0m      = "Enable ICMP"
      [32m+[0m [0m[1m[0mdirection[0m[0m        = "INGRESS"
      [32m+[0m [0m[1m[0mfirewall_policy[0m[0m  = (known after apply)
      [32m+[0m [0m[1m[0mid[0m[0m               = (known after apply)
      [32m+[0m [0m[1m[0mkind[0m[0m             = (known after apply)
      [32m+[0m [0m[1m[0mpriority[0m[0m         = 1003
      [32m+[0m [0m[1m[0mrule_tuple_count[0m[0m = (known after apply)

      [32m+[0m [0mmatch {
          [32m+[0m [0m[1m[0msrc_ip_ranges[0m[0m = [
              [32m+[0m [0m"0.0.0.0/0",
            ]

          [32m+[0m [0mlayer4_configs {
              [32m+[0m [0m[1m[0mip_protocol[0m[0m = "icmp"
              [32m+[0m [0m[1m[0mports[0m[0m       = []
            }
        }
    }

[1m  # module.folder.google_compute_firewall_policy_rule.rule["factory-allow-ssh-from-iap"][0m will be created[0m[0m
[0m  [32m+[0m[0m resource "google_compute_firewall_policy_rule" "rule" {
      [32m+[0m [0m[1m[0maction[0m[0m           = "allow"
      [32m+[0m [0m[1m[0mdescription[0m[0m      = "Enable SSH from IAP"
      [32m+[0m [0m[1m[0mdirection[0m[0m        = "INGRESS"
      [32m+[0m [0m[1m[0mfirewall_policy[0m[0m  = (known after apply)
      [32m+[0m [0m[1m[0mid[0m[0m               = (known after apply)
      [32m+[0m [0m[1m[0mkind[0m[0m             = (known after apply)
      [32m+[0m [0m[1m[0mpriority[0m[0m         = 1002
      [32m+[0m [0m[1m[0mrule_tuple_count[0m[0m = (known after apply)

      [32m+[0m [0mmatch {
          [32m+[0m [0m[1m[0msrc_ip_ranges[0m[0m = [
              [32m+[0m [0m"35.235.240.0/20",
            ]

          [32m+[0m [0mlayer4_configs {
              [32m+[0m [0m[1m[0mip_protocol[0m[0m = "tcp"
              [32m+[0m [0m[1m[0mports[0m[0m       = [
                  [32m+[0m [0m"22",
                ]
            }
        }
    }

[1m  # module.ilb-nva-trusted["europe-west1"].google_compute_forwarding_rule.default[0m will be [1m[31mdestroyed[0m
  # (because module.ilb-nva-trusted["europe-west1"] is not in configuration)[0m
[0m  [31m-[0m[0m resource "google_compute_forwarding_rule" "default" {
      [31m-[0m [0m[1m[0mall_ports[0m[0m              = true [90m->[0m [0m[90mnull[0m[0m
      [31m-[0m [0m[1m[0mallow_global_access[0m[0m    = true [90m->[0m [0m[90mnull[0m[0m
      [31m-[0m [0m[1m[0mbackend_service[0m[0m        = "https://www.googleapis.com/compute/v1/projects/tmp-prod-net-landing-0/regions/europe-west1/backendServices/nva-trusted-ew1" [90m->[0m [0m[90mnull[0m[0m
      [31m-[0m [0m[1m[0mcreation_timestamp[0m[0m     = "2023-02-10T05:42:17.987-08:00" [90m->[0m [0m[90mnull[0m[0m
      [31m-[0m [0m[1m[0mdescription[0m[0m            = "Terraform managed." [90m->[0m [0m[90mnull[0m[0m
      [31m-[0m [0m[1m[0mid[0m[0m                     = "projects/tmp-prod-net-landing-0/regions/europe-west1/forwardingRules/nva-trusted-ew1" [90m->[0m [0m[90mnull[0m[0m
      [31m-[0m [0m[1m[0mip_address[0m[0m             = "10.128.64.6" [90m->[0m [0m[90mnull[0m[0m
      [31m-[0m [0m[1m[0mip_protocol[0m[0m            = "TCP" [90m->[0m [0m[90mnull[0m[0m
      [31m-[0m [0m[1m[0mis_mirroring_collector[0m[0m = false [90m->[0m [0m[90mnull[0m[0m
      [31m-[0m [0m[1m[0mlabel_fingerprint[0m[0m      = "42WmSpB8rSM=" [90m->[0m [0m[90mnull[0m[0m
      [31m-[0m [0m[1m[0mlabels[0m[0m                 = {} [90m->[0m [0m[90mnull[0m[0m
      [31m-[0m [0m[1m[0mload_balancing_scheme[0m[0m  = "INTERNAL" [90m->[0m [0m[90mnull[0m[0m
      [31m-[0m [0m[1m[0mname[0m[0m                   = "nva-trusted-ew1" [90m->[0m [0m[90mnull[0m[0m
      [31m-[0m [0m[1m[0mnetwork[0m[0m                = "https://www.googleapis.com/compute/v1/projects/tmp-prod-net-landing-0/global/networks/prod-trusted-landing-0" [90m->[0m [0m[90mnull[0m[0m
      [31m-[0m [0m[1m[0mnetwork_tier[0m[0m           = "PREMIUM" [90m->[0m [0m[90mnull[0m[0m
      [31m-[0m [0m[1m[0mports[0m[0m                  = [] [90m->[0m [0m[90mnull[0m[0m
      [31m-[0m [0m[1m[0mproject[0m[0m                = "tmp-prod-net-landing-0" [90m->[0m [0m[90mnull[0m[0m
      [31m-[0m [0m[1m[0mregion[0m[0m                 = "europe-west1" [90m->[0m [0m[90mnull[0m[0m
      [31m-[0m [0m[1m[0mself_link[0m[0m              = "https://www.googleapis.com/compute/beta/projects/tmp-prod-net-landing-0/regions/europe-west1/forwardingRules/nva-trusted-ew1" [90m->[0m [0m[90mnull[0m[0m
      [31m-[0m [0m[1m[0mservice_label[0m[0m          = "tmp" [90m->[0m [0m[90mnull[0m[0m
      [31m-[0m [0m[1m[0mservice_name[0m[0m           = "tmp.nva-trusted-ew1.il4.europe-west1.lb.tmp-prod-net-landing-0.internal" [90m->[0m [0m[90mnull[0m[0m
      [31m-[0m [0m[1m[0msubnetwork[0m[0m             = "https://www.googleapis.com/compute/v1/projects/tmp-prod-net-landing-0/regions/europe-west1/subnetworks/landing-trusted-default-ew1" [90m->[0m [0m[90mnull[0m[0m
    }

[1m  # module.ilb-nva-trusted["europe-west1"].google_compute_health_check.default[0][0m will be [1m[31mdestroyed[0m
  # (because module.ilb-nva-trusted["europe-west1"] is not in configuration)[0m
[0m  [31m-[0m[0m resource "google_compute_health_check" "default" {
      [31m-[0m [0m[1m[0mcheck_interval_sec[0m[0m  = 5 [90m->[0m [0m[90mnull[0m[0m
      [31m-[0m [0m[1m[0mcreation_timestamp[0m[0m  = "2023-02-10T03:14:24.517-08:00" [90m->[0m [0m[90mnull[0m[0m
      [31m-[0m [0m[1m[0mdescription[0m[0m         = "Terraform managed." [90m->[0m [0m[90mnull[0m[0m
      [31m-[0m [0m[1m[0mhealthy_threshold[0m[0m   = 2 [90m->[0m [0m[90mnull[0m[0m
      [31m-[0m [0m[1m[0mid[0m[0m                  = "projects/tmp-prod-net-landing-0/global/healthChecks/nva-trusted-ew1" [90m->[0m [0m[90mnull[0m[0m
      [31m-[0m [0m[1m[0mname[0m[0m                = "nva-trusted-ew1" [90m->[0m [0m[90mnull[0m[0m
      [31m-[0m [0m[1m[0mproject[0m[0m             = "tmp-prod-net-landing-0" [90m->[0m [0m[90mnull[0m[0m
      [31m-[0m [0m[1m[0mself_link[0m[0m           = "https://www.googleapis.com/compute/v1/projects/tmp-prod-net-landing-0/global/healthChecks/nva-trusted-ew1" [90m->[0m [0m[90mnull[0m[0m
      [31m-[0m [0m[1m[0mtimeout_sec[0m[0m         = 5 [90m->[0m [0m[90mnull[0m[0m
      [31m-[0m [0m[1m[0mtype[0m[0m                = "TCP" [90m->[0m [0m[90mnull[0m[0m
      [31m-[0m [0m[1m[0munhealthy_threshold[0m[0m = 2 [90m->[0m [0m[90mnull[0m[0m

      [31m-[0m [0mlog_config {
          [31m-[0m [0m[1m[0menable[0m[0m = true [90m->[0m [0m[90mnull[0m[0m
        }

      [31m-[0m [0mtcp_health_check {
          [31m-[0m [0m[1m[0mport[0m[0m         = 22 [90m->[0m [0m[90mnull[0m[0m
          [31m-[0m [0m[1m[0mproxy_header[0m[0m = "NONE" [90m->[0m [0m[90mnull[0m[0m
        }
    }

[1m  # module.ilb-nva-trusted["europe-west1"].google_compute_region_backend_service.default[0m will be [1m[31mdestroyed[0m
  # (because module.ilb-nva-trusted["europe-west1"] is not in configuration)[0m
[0m  [31m-[0m[0m resource "google_compute_region_backend_service" "default" {
      [31m-[0m [0m[1m[0maffinity_cookie_ttl_sec[0m[0m         = 0 [90m->[0m [0m[90mnull[0m[0m
      [31m-[0m [0m[1m[0mconnection_draining_timeout_sec[0m[0m = 0 [90m->[0m [0m[90mnull[0m[0m
      [31m-[0m [0m[1m[0mcreation_timestamp[0m[0m              = "2023-02-10T05:41:56.654-08:00" [90m->[0m [0m[90mnull[0m[0m
      [31m-[0m [0m[1m[0mdescription[0m[0m                     = "Terraform managed." [90m->[0m [0m[90mnull[0m[0m
      [31m-[0m [0m[1m[0menable_cdn[0m[0m                      = false [90m->[0m [0m[90mnull[0m[0m
      [31m-[0m [0m[1m[0mfingerprint[0m[0m                     = "NCNobi-zNqw=" [90m->[0m [0m[90mnull[0m[0m
      [31m-[0m [0m[1m[0mhealth_checks[0m[0m                   = [
          [31m-[0m [0m"https://www.googleapis.com/compute/v1/projects/tmp-prod-net-landing-0/global/healthChecks/nva-trusted-ew1",
        ] [90m->[0m [0m[90mnull[0m[0m
      [31m-[0m [0m[1m[0mid[0m[0m                              = "projects/tmp-prod-net-landing-0/regions/europe-west1/backendServices/nva-trusted-ew1" [90m->[0m [0m[90mnull[0m[0m
      [31m-[0m [0m[1m[0mload_balancing_scheme[0m[0m           = "INTERNAL" [90m->[0m [0m[90mnull[0m[0m
      [31m-[0m [0m[1m[0mname[0m[0m                            = "nva-trusted-ew1" [90m->[0m [0m[90mnull[0m[0m
      [31m-[0m [0m[1m[0mnetwork[0m[0m                         = "https://www.googleapis.com/compute/v1/projects/tmp-prod-net-landing-0/global/networks/prod-trusted-landing-0" [90m->[0m [0m[90mnull[0m[0m
      [31m-[0m [0m[1m[0mproject[0m[0m                         = "tmp-prod-net-landing-0" [90m->[0m [0m[90mnull[0m[0m
      [31m-[0m [0m[1m[0mprotocol[0m[0m                        = "TCP" [90m->[0m [0m[90mnull[0m[0m
      [31m-[0m [0m[1m[0mregion[0m[0m                          = "europe-west1" [90m->[0m [0m[90mnull[0m[0m
      [31m-[0m [0m[1m[0mself_link[0m[0m                       = "https://www.googleapis.com/compute/v1/projects/tmp-prod-net-landing-0/regions/europe-west1/backendServices/nva-trusted-ew1" [90m->[0m [0m[90mnull[0m[0m
      [31m-[0m [0m[1m[0msession_affinity[0m[0m                = "NONE" [90m->[0m [0m[90mnull[0m[0m
      [31m-[0m [0m[1m[0mtimeout_sec[0m[0m                     = 30 [90m->[0m [0m[90mnull[0m[0m

      [31m-[0m [0mbackend {
          [31m-[0m [0m[1m[0mbalancing_mode[0m[0m               = "CONNECTION" [90m->[0m [0m[90mnull[0m[0m
          [31m-[0m [0m[1m[0mcapacity_scaler[0m[0m              = 0 [90m->[0m [0m[90mnull[0m[0m
          [31m-[0m [0m[1m[0mdescription[0m[0m                  = "Terraform managed." [90m->[0m [0m[90mnull[0m[0m
          [31m-[0m [0m[1m[0mfailover[0m[0m                     = false [90m->[0m [0m[90mnull[0m[0m
          [31m-[0m [0m[1m[0mgroup[0m[0m                        = "https://www.googleapis.com/compute/v1/projects/tmp-prod-net-landing-0/zones/europe-west1-b/instanceGroups/nva-cos-ew1-b" [90m->[0m [0m[90mnull[0m[0m
          [31m-[0m [0m[1m[0mmax_connections[0m[0m              = 0 [90m->[0m [0m[90mnull[0m[0m
          [31m-[0m [0m[1m[0mmax_connections_per_endpoint[0m[0m = 0 [90m->[0m [0m[90mnull[0m[0m
          [31m-[0m [0m[1m[0mmax_connections_per_instance[0m[0m = 0 [90m->[0m [0m[90mnull[0m[0m
          [31m-[0m [0m[1m[0mmax_rate[0m[0m                     = 0 [90m->[0m [0m[90mnull[0m[0m
          [31m-[0m [0m[1m[0mmax_rate_per_endpoint[0m[0m        = 0 [90m->[0m [0m[90mnull[0m[0m
          [31m-[0m [0m[1m[0mmax_rate_per_instance[0m[0m        = 0 [90m->[0m [0m[90mnull[0m[0m
          [31m-[0m [0m[1m[0mmax_utilization[0m[0m              = 0 [90m->[0m [0m[90mnull[0m[0m
        }
      [31m-[0m [0mbackend {
          [31m-[0m [0m[1m[0mbalancing_mode[0m[0m               = "CONNECTION" [90m->[0m [0m[90mnull[0m[0m
          [31m-[0m [0m[1m[0mcapacity_scaler[0m[0m              = 0 [90m->[0m [0m[90mnull[0m[0m
          [31m-[0m [0m[1m[0mdescription[0m[0m                  = "Terraform managed." [90m->[0m [0m[90mnull[0m[0m
          [31m-[0m [0m[1m[0mfailover[0m[0m                     = false [90m->[0m [0m[90mnull[0m[0m
          [31m-[0m [0m[1m[0mgroup[0m[0m                        = "https://www.googleapis.com/compute/v1/projects/tmp-prod-net-landing-0/zones/europe-west1-c/instanceGroups/nva-cos-ew1-c" [90m->[0m [0m[90mnull[0m[0m
          [31m-[0m [0m[1m[0mmax_connections[0m[0m              = 0 [90m->[0m [0m[90mnull[0m[0m
          [31m-[0m [0m[1m[0mmax_connections_per_endpoint[0m[0m = 0 [90m->[0m [0m[90mnull[0m[0m
          [31m-[0m [0m[1m[0mmax_connections_per_instance[0m[0m = 0 [90m->[0m [0m[90mnull[0m[0m
          [31m-[0m [0m[1m[0mmax_rate[0m[0m                     = 0 [90m->[0m [0m[90mnull[0m[0m
          [31m-[0m [0m[1m[0mmax_rate_per_endpoint[0m[0m        = 0 [90m->[0m [0m[90mnull[0m[0m
          [31m-[0m [0m[1m[0mmax_rate_per_instance[0m[0m        = 0 [90m->[0m [0m[90mnull[0m[0m
          [31m-[0m [0m[1m[0mmax_utilization[0m[0m              = 0 [90m->[0m [0m[90mnull[0m[0m
        }
    }

[1m  # module.ilb-nva-trusted["europe-west4"].google_compute_forwarding_rule.default[0m will be [1m[31mdestroyed[0m
  # (because module.ilb-nva-trusted["europe-west4"] is not in configuration)[0m
[0m  [31m-[0m[0m resource "google_compute_forwarding_rule" "default" {
      [31m-[0m [0m[1m[0mall_ports[0m[0m              = true [90m->[0m [0m[90mnull[0m[0m
      [31m-[0m [0m[1m[0mallow_global_access[0m[0m    = true [90m->[0m [0m[90mnull[0m[0m
      [31m-[0m [0m[1m[0mbackend_service[0m[0m        = "https://www.googleapis.com/compute/v1/projects/tmp-prod-net-landing-0/regions/europe-west4/backendServices/nva-trusted-ew4" [90m->[0m [0m[90mnull[0m[0m
      [31m-[0m [0m[1m[0mcreation_timestamp[0m[0m     = "2023-02-10T05:42:18.481-08:00" [90m->[0m [0m[90mnull[0m[0m
      [31m-[0m [0m[1m[0mdescription[0m[0m            = "Terraform managed." [90m->[0m [0m[90mnull[0m[0m
      [31m-[0m [0m[1m[0mid[0m[0m                     = "projects/tmp-prod-net-landing-0/regions/europe-west4/forwardingRules/nva-trusted-ew4" [90m->[0m [0m[90mnull[0m[0m
      [31m-[0m [0m[1m[0mip_address[0m[0m             = "10.128.96.6" [90m->[0m [0m[90mnull[0m[0m
      [31m-[0m [0m[1m[0mip_protocol[0m[0m            = "TCP" [90m->[0m [0m[90mnull[0m[0m
      [31m-[0m [0m[1m[0mis_mirroring_collector[0m[0m = false [90m->[0m [0m[90mnull[0m[0m
      [31m-[0m [0m[1m[0mlabel_fingerprint[0m[0m      = "42WmSpB8rSM=" [90m->[0m [0m[90mnull[0m[0m
      [31m-[0m [0m[1m[0mlabels[0m[0m                 = {} [90m->[0m [0m[90mnull[0m[0m
      [31m-[0m [0m[1m[0mload_balancing_scheme[0m[0m  = "INTERNAL" [90m->[0m [0m[90mnull[0m[0m
      [31m-[0m [0m[1m[0mname[0m[0m                   = "nva-trusted-ew4" [90m->[0m [0m[90mnull[0m[0m
      [31m-[0m [0m[1m[0mnetwork[0m[0m                = "https://www.googleapis.com/compute/v1/projects/tmp-prod-net-landing-0/global/networks/prod-trusted-landing-0" [90m->[0m [0m[90mnull[0m[0m
      [31m-[0m [0m[1m[0mnetwork_tier[0m[0m           = "PREMIUM" [90m->[0m [0m[90mnull[0m[0m
      [31m-[0m [0m[1m[0mports[0m[0m                  = [] [90m->[0m [0m[90mnull[0m[0m
      [31m-[0m [0m[1m[0mproject[0m[0m                = "tmp-prod-net-landing-0" [90m->[0m [0m[90mnull[0m[0m
      [31m-[0m [0m[1m[0mregion[0m[0m                 = "europe-west4" [90m->[0m [0m[90mnull[0m[0m
      [31m-[0m [0m[1m[0mself_link[0m[0m              = "https://www.googleapis.com/compute/beta/projects/tmp-prod-net-landing-0/regions/europe-west4/forwardingRules/nva-trusted-ew4" [90m->[0m [0m[90mnull[0m[0m
      [31m-[0m [0m[1m[0mservice_label[0m[0m          = "tmp" [90m->[0m [0m[90mnull[0m[0m
      [31m-[0m [0m[1m[0mservice_name[0m[0m           = "tmp.nva-trusted-ew4.il4.europe-west4.lb.tmp-prod-net-landing-0.internal" [90m->[0m [0m[90mnull[0m[0m
      [31m-[0m [0m[1m[0msubnetwork[0m[0m             = "https://www.googleapis.com/compute/v1/projects/tmp-prod-net-landing-0/regions/europe-west4/subnetworks/landing-trusted-default-ew4" [90m->[0m [0m[90mnull[0m[0m
    }

[1m  # module.ilb-nva-trusted["europe-west4"].google_compute_health_check.default[0][0m will be [1m[31mdestroyed[0m
  # (because module.ilb-nva-trusted["europe-west4"] is not in configuration)[0m
[0m  [31m-[0m[0m resource "google_compute_health_check" "default" {
      [31m-[0m [0m[1m[0mcheck_interval_sec[0m[0m  = 5 [90m->[0m [0m[90mnull[0m[0m
      [31m-[0m [0m[1m[0mcreation_timestamp[0m[0m  = "2023-02-10T03:14:24.654-08:00" [90m->[0m [0m[90mnull[0m[0m
      [31m-[0m [0m[1m[0mdescription[0m[0m         = "Terraform managed." [90m->[0m [0m[90mnull[0m[0m
      [31m-[0m [0m[1m[0mhealthy_threshold[0m[0m   = 2 [90m->[0m [0m[90mnull[0m[0m
      [31m-[0m [0m[1m[0mid[0m[0m                  = "projects/tmp-prod-net-landing-0/global/healthChecks/nva-trusted-ew4" [90m->[0m [0m[90mnull[0m[0m
      [31m-[0m [0m[1m[0mname[0m[0m                = "nva-trusted-ew4" [90m->[0m [0m[90mnull[0m[0m
      [31m-[0m [0m[1m[0mproject[0m[0m             = "tmp-prod-net-landing-0" [90m->[0m [0m[90mnull[0m[0m
      [31m-[0m [0m[1m[0mself_link[0m[0m           = "https://www.googleapis.com/compute/v1/projects/tmp-prod-net-landing-0/global/healthChecks/nva-trusted-ew4" [90m->[0m [0m[90mnull[0m[0m
      [31m-[0m [0m[1m[0mtimeout_sec[0m[0m         = 5 [90m->[0m [0m[90mnull[0m[0m
      [31m-[0m [0m[1m[0mtype[0m[0m                = "TCP" [90m->[0m [0m[90mnull[0m[0m
      [31m-[0m [0m[1m[0munhealthy_threshold[0m[0m = 2 [90m->[0m [0m[90mnull[0m[0m

      [31m-[0m [0mlog_config {
          [31m-[0m [0m[1m[0menable[0m[0m = true [90m->[0m [0m[90mnull[0m[0m
        }

      [31m-[0m [0mtcp_health_check {
          [31m-[0m [0m[1m[0mport[0m[0m         = 22 [90m->[0m [0m[90mnull[0m[0m
          [31m-[0m [0m[1m[0mproxy_header[0m[0m = "NONE" [90m->[0m [0m[90mnull[0m[0m
        }
    }

[1m  # module.ilb-nva-trusted["europe-west4"].google_compute_region_backend_service.default[0m will be [1m[31mdestroyed[0m
  # (because module.ilb-nva-trusted["europe-west4"] is not in configuration)[0m
[0m  [31m-[0m[0m resource "google_compute_region_backend_service" "default" {
      [31m-[0m [0m[1m[0maffinity_cookie_ttl_sec[0m[0m         = 0 [90m->[0m [0m[90mnull[0m[0m
      [31m-[0m [0m[1m[0mconnection_draining_timeout_sec[0m[0m = 0 [90m->[0m [0m[90mnull[0m[0m
      [31m-[0m [0m[1m[0mcreation_timestamp[0m[0m              = "2023-02-10T05:41:56.806-08:00" [90m->[0m [0m[90mnull[0m[0m
      [31m-[0m [0m[1m[0mdescription[0m[0m                     = "Terraform managed." [90m->[0m [0m[90mnull[0m[0m
      [31m-[0m [0m[1m[0menable_cdn[0m[0m                      = false [90m->[0m [0m[90mnull[0m[0m
      [31m-[0m [0m[1m[0mfingerprint[0m[0m                     = "anIETS1upko=" [90m->[0m [0m[90mnull[0m[0m
      [31m-[0m [0m[1m[0mhealth_checks[0m[0m                   = [
          [31m-[0m [0m"https://www.googleapis.com/compute/v1/projects/tmp-prod-net-landing-0/global/healthChecks/nva-trusted-ew4",
        ] [90m->[0m [0m[90mnull[0m[0m
      [31m-[0m [0m[1m[0mid[0m[0m                              = "projects/tmp-prod-net-landing-0/regions/europe-west4/backendServices/nva-trusted-ew4" [90m->[0m [0m[90mnull[0m[0m
      [31m-[0m [0m[1m[0mload_balancing_scheme[0m[0m           = "INTERNAL" [90m->[0m [0m[90mnull[0m[0m
      [31m-[0m [0m[1m[0mname[0m[0m                            = "nva-trusted-ew4" [90m->[0m [0m[90mnull[0m[0m
      [31m-[0m [0m[1m[0mnetwork[0m[0m                         = "https://www.googleapis.com/compute/v1/projects/tmp-prod-net-landing-0/global/networks/prod-trusted-landing-0" [90m->[0m [0m[90mnull[0m[0m
      [31m-[0m [0m[1m[0mproject[0m[0m                         = "tmp-prod-net-landing-0" [90m->[0m [0m[90mnull[0m[0m
      [31m-[0m [0m[1m[0mprotocol[0m[0m                        = "TCP" [90m->[0m [0m[90mnull[0m[0m
      [31m-[0m [0m[1m[0mregion[0m[0m                          = "europe-west4" [90m->[0m [0m[90mnull[0m[0m
      [31m-[0m [0m[1m[0mself_link[0m[0m                       = "https://www.googleapis.com/compute/v1/projects/tmp-prod-net-landing-0/regions/europe-west4/backendServices/nva-trusted-ew4" [90m->[0m [0m[90mnull[0m[0m
      [31m-[0m [0m[1m[0msession_affinity[0m[0m                = "NONE" [90m->[0m [0m[90mnull[0m[0m
      [31m-[0m [0m[1m[0mtimeout_sec[0m[0m                     = 30 [90m->[0m [0m[90mnull[0m[0m

      [31m-[0m [0mbackend {
          [31m-[0m [0m[1m[0mbalancing_mode[0m[0m               = "CONNECTION" [90m->[0m [0m[90mnull[0m[0m
          [31m-[0m [0m[1m[0mcapacity_scaler[0m[0m              = 0 [90m->[0m [0m[90mnull[0m[0m
          [31m-[0m [0m[1m[0mdescription[0m[0m                  = "Terraform managed." [90m->[0m [0m[90mnull[0m[0m
          [31m-[0m [0m[1m[0mfailover[0m[0m                     = false [90m->[0m [0m[90mnull[0m[0m
          [31m-[0m [0m[1m[0mgroup[0m[0m                        = "https://www.googleapis.com/compute/v1/projects/tmp-prod-net-landing-0/zones/europe-west4-b/instanceGroups/nva-cos-ew4-b" [90m->[0m [0m[90mnull[0m[0m
          [31m-[0m [0m[1m[0mmax_connections[0m[0m              = 0 [90m->[0m [0m[90mnull[0m[0m
          [31m-[0m [0m[1m[0mmax_connections_per_endpoint[0m[0m = 0 [90m->[0m [0m[90mnull[0m[0m
          [31m-[0m [0m[1m[0mmax_connections_per_instance[0m[0m = 0 [90m->[0m [0m[90mnull[0m[0m
          [31m-[0m [0m[1m[0mmax_rate[0m[0m                     = 0 [90m->[0m [0m[90mnull[0m[0m
          [31m-[0m [0m[1m[0mmax_rate_per_endpoint[0m[0m        = 0 [90m->[0m [0m[90mnull[0m[0m
          [31m-[0m [0m[1m[0mmax_rate_per_instance[0m[0m        = 0 [90m->[0m [0m[90mnull[0m[0m
          [31m-[0m [0m[1m[0mmax_utilization[0m[0m              = 0 [90m->[0m [0m[90mnull[0m[0m
        }
      [31m-[0m [0mbackend {
          [31m-[0m [0m[1m[0mbalancing_mode[0m[0m               = "CONNECTION" [90m->[0m [0m[90mnull[0m[0m
          [31m-[0m [0m[1m[0mcapacity_scaler[0m[0m              = 0 [90m->[0m [0m[90mnull[0m[0m
          [31m-[0m [0m[1m[0mdescription[0m[0m                  = "Terraform managed." [90m->[0m [0m[90mnull[0m[0m
          [31m-[0m [0m[1m[0mfailover[0m[0m                     = false [90m->[0m [0m[90mnull[0m[0m
          [31m-[0m [0m[1m[0mgroup[0m[0m                        = "https://www.googleapis.com/compute/v1/projects/tmp-prod-net-landing-0/zones/europe-west4-c/instanceGroups/nva-cos-ew4-c" [90m->[0m [0m[90mnull[0m[0m
          [31m-[0m [0m[1m[0mmax_connections[0m[0m              = 0 [90m->[0m [0m[90mnull[0m[0m
          [31m-[0m [0m[1m[0mmax_connections_per_endpoint[0m[0m = 0 [90m->[0m [0m[90mnull[0m[0m
          [31m-[0m [0m[1m[0mmax_connections_per_instance[0m[0m = 0 [90m->[0m [0m[90mnull[0m[0m
          [31m-[0m [0m[1m[0mmax_rate[0m[0m                     = 0 [90m->[0m [0m[90mnull[0m[0m
          [31m-[0m [0m[1m[0mmax_rate_per_endpoint[0m[0m        = 0 [90m->[0m [0m[90mnull[0m[0m
          [31m-[0m [0m[1m[0mmax_rate_per_instance[0m[0m        = 0 [90m->[0m [0m[90mnull[0m[0m
          [31m-[0m [0m[1m[0mmax_utilization[0m[0m              = 0 [90m->[0m [0m[90mnull[0m[0m
        }
    }

[1m  # module.ilb-nva-trusted["primary"].google_compute_forwarding_rule.default[0m will be created[0m[0m
[0m  [32m+[0m[0m resource "google_compute_forwarding_rule" "default" {
      [32m+[0m [0m[1m[0mall_ports[0m[0m             = true
      [32m+[0m [0m[1m[0mallow_global_access[0m[0m   = true
      [32m+[0m [0m[1m[0mbackend_service[0m[0m       = (known after apply)
      [32m+[0m [0m[1m[0mcreation_timestamp[0m[0m    = (known after apply)
      [32m+[0m [0m[1m[0mdescription[0m[0m           = "Terraform managed."
      [32m+[0m [0m[1m[0mid[0m[0m                    = (known after apply)
      [32m+[0m [0m[1m[0mip_address[0m[0m            = (known after apply)
      [32m+[0m [0m[1m[0mip_protocol[0m[0m           = "TCP"
      [32m+[0m [0m[1m[0mlabel_fingerprint[0m[0m     = (known after apply)
      [32m+[0m [0m[1m[0mload_balancing_scheme[0m[0m = "INTERNAL"
      [32m+[0m [0m[1m[0mname[0m[0m                  = "nva-trusted-primary"
      [32m+[0m [0m[1m[0mnetwork[0m[0m               = "https://www.googleapis.com/compute/v1/projects/tmp-prod-net-landing-0/global/networks/prod-trusted-landing-0"
      [32m+[0m [0m[1m[0mnetwork_tier[0m[0m          = (known after apply)
      [32m+[0m [0m[1m[0mproject[0m[0m               = "tmp-prod-net-landing-0"
      [32m+[0m [0m[1m[0mpsc_connection_id[0m[0m     = (known after apply)
      [32m+[0m [0m[1m[0mpsc_connection_status[0m[0m = (known after apply)
      [32m+[0m [0m[1m[0mregion[0m[0m                = "europe-west1"
      [32m+[0m [0m[1m[0mself_link[0m[0m             = (known after apply)
      [32m+[0m [0m[1m[0mservice_label[0m[0m         = "tmp"
      [32m+[0m [0m[1m[0mservice_name[0m[0m          = (known after apply)
      [32m+[0m [0m[1m[0msubnetwork[0m[0m            = "https://www.googleapis.com/compute/v1/projects/tmp-prod-net-landing-0/regions/europe-west1/subnetworks/landing-trusted-default-ew1"

      [32m+[0m [0mservice_directory_registrations {
          [32m+[0m [0m[1m[0mnamespace[0m[0m = (known after apply)
          [32m+[0m [0m[1m[0mservice[0m[0m   = (known after apply)
        }
    }

[1m  # module.ilb-nva-trusted["primary"].google_compute_health_check.default[0][0m will be created[0m[0m
[0m  [32m+[0m[0m resource "google_compute_health_check" "default" {
      [32m+[0m [0m[1m[0mcheck_interval_sec[0m[0m  = 5
      [32m+[0m [0m[1m[0mcreation_timestamp[0m[0m  = (known after apply)
      [32m+[0m [0m[1m[0mdescription[0m[0m         = "Terraform managed."
      [32m+[0m [0m[1m[0mhealthy_threshold[0m[0m   = 2
      [32m+[0m [0m[1m[0mid[0m[0m                  = (known after apply)
      [32m+[0m [0m[1m[0mname[0m[0m                = "nva-trusted-primary"
      [32m+[0m [0m[1m[0mproject[0m[0m             = "tmp-prod-net-landing-0"
      [32m+[0m [0m[1m[0mself_link[0m[0m           = (known after apply)
      [32m+[0m [0m[1m[0mtimeout_sec[0m[0m         = 5
      [32m+[0m [0m[1m[0mtype[0m[0m                = (known after apply)
      [32m+[0m [0m[1m[0munhealthy_threshold[0m[0m = 2

      [32m+[0m [0mlog_config {
          [32m+[0m [0m[1m[0menable[0m[0m = true
        }

      [32m+[0m [0mtcp_health_check {
          [32m+[0m [0m[1m[0mport[0m[0m         = 22
          [32m+[0m [0m[1m[0mproxy_header[0m[0m = "NONE"
        }
    }

[1m  # module.ilb-nva-trusted["primary"].google_compute_region_backend_service.default[0m will be created[0m[0m
[0m  [32m+[0m[0m resource "google_compute_region_backend_service" "default" {
      [32m+[0m [0m[1m[0mconnection_draining_timeout_sec[0m[0m = 0
      [32m+[0m [0m[1m[0mcreation_timestamp[0m[0m              = (known after apply)
      [32m+[0m [0m[1m[0mdescription[0m[0m                     = "Terraform managed."
      [32m+[0m [0m[1m[0mfingerprint[0m[0m                     = (known after apply)
      [32m+[0m [0m[1m[0mhealth_checks[0m[0m                   = (known after apply)
      [32m+[0m [0m[1m[0mid[0m[0m                              = (known after apply)
      [32m+[0m [0m[1m[0mload_balancing_scheme[0m[0m           = "INTERNAL"
      [32m+[0m [0m[1m[0mname[0m[0m                            = "nva-trusted-primary"
      [32m+[0m [0m[1m[0mnetwork[0m[0m                         = "https://www.googleapis.com/compute/v1/projects/tmp-prod-net-landing-0/global/networks/prod-trusted-landing-0"
      [32m+[0m [0m[1m[0mport_name[0m[0m                       = (known after apply)
      [32m+[0m [0m[1m[0mproject[0m[0m                         = "tmp-prod-net-landing-0"
      [32m+[0m [0m[1m[0mprotocol[0m[0m                        = "TCP"
      [32m+[0m [0m[1m[0mregion[0m[0m                          = "europe-west1"
      [32m+[0m [0m[1m[0mself_link[0m[0m                       = (known after apply)
      [32m+[0m [0m[1m[0msession_affinity[0m[0m                = (known after apply)
      [32m+[0m [0m[1m[0mtimeout_sec[0m[0m                     = (known after apply)

      [32m+[0m [0mcdn_policy {
          [32m+[0m [0m[1m[0mcache_mode[0m[0m                   = (known after apply)
          [32m+[0m [0m[1m[0mclient_ttl[0m[0m                   = (known after apply)
          [32m+[0m [0m[1m[0mdefault_ttl[0m[0m                  = (known after apply)
          [32m+[0m [0m[1m[0mmax_ttl[0m[0m                      = (known after apply)
          [32m+[0m [0m[1m[0mnegative_caching[0m[0m             = (known after apply)
          [32m+[0m [0m[1m[0mserve_while_stale[0m[0m            = (known after apply)
          [32m+[0m [0m[1m[0msigned_url_cache_max_age_sec[0m[0m = (known after apply)

          [32m+[0m [0mcache_key_policy {
              [32m+[0m [0m[1m[0minclude_host[0m[0m           = (known after apply)
              [32m+[0m [0m[1m[0minclude_named_cookies[0m[0m  = (known after apply)
              [32m+[0m [0m[1m[0minclude_protocol[0m[0m       = (known after apply)
              [32m+[0m [0m[1m[0minclude_query_string[0m[0m   = (known after apply)
              [32m+[0m [0m[1m[0mquery_string_blacklist[0m[0m = (known after apply)
              [32m+[0m [0m[1m[0mquery_string_whitelist[0m[0m = (known after apply)
            }

          [32m+[0m [0mnegative_caching_policy {
              [32m+[0m [0m[1m[0mcode[0m[0m = (known after apply)
              [32m+[0m [0m[1m[0mttl[0m[0m  = (known after apply)
            }
        }

      [32m+[0m [0mlog_config {
          [32m+[0m [0m[1m[0menable[0m[0m      = (known after apply)
          [32m+[0m [0m[1m[0msample_rate[0m[0m = (known after apply)
        }
    }

[1m  # module.ilb-nva-trusted["secondary"].google_compute_forwarding_rule.default[0m will be created[0m[0m
[0m  [32m+[0m[0m resource "google_compute_forwarding_rule" "default" {
      [32m+[0m [0m[1m[0mall_ports[0m[0m             = true
      [32m+[0m [0m[1m[0mallow_global_access[0m[0m   = true
      [32m+[0m [0m[1m[0mbackend_service[0m[0m       = (known after apply)
      [32m+[0m [0m[1m[0mcreation_timestamp[0m[0m    = (known after apply)
      [32m+[0m [0m[1m[0mdescription[0m[0m           = "Terraform managed."
      [32m+[0m [0m[1m[0mid[0m[0m                    = (known after apply)
      [32m+[0m [0m[1m[0mip_address[0m[0m            = (known after apply)
      [32m+[0m [0m[1m[0mip_protocol[0m[0m           = "TCP"
      [32m+[0m [0m[1m[0mlabel_fingerprint[0m[0m     = (known after apply)
      [32m+[0m [0m[1m[0mload_balancing_scheme[0m[0m = "INTERNAL"
      [32m+[0m [0m[1m[0mname[0m[0m                  = "nva-trusted-secondary"
      [32m+[0m [0m[1m[0mnetwork[0m[0m               = "https://www.googleapis.com/compute/v1/projects/tmp-prod-net-landing-0/global/networks/prod-trusted-landing-0"
      [32m+[0m [0m[1m[0mnetwork_tier[0m[0m          = (known after apply)
      [32m+[0m [0m[1m[0mproject[0m[0m               = "tmp-prod-net-landing-0"
      [32m+[0m [0m[1m[0mpsc_connection_id[0m[0m     = (known after apply)
      [32m+[0m [0m[1m[0mpsc_connection_status[0m[0m = (known after apply)
      [32m+[0m [0m[1m[0mregion[0m[0m                = "europe-west4"
      [32m+[0m [0m[1m[0mself_link[0m[0m             = (known after apply)
      [32m+[0m [0m[1m[0mservice_label[0m[0m         = "tmp"
      [32m+[0m [0m[1m[0mservice_name[0m[0m          = (known after apply)
      [32m+[0m [0m[1m[0msubnetwork[0m[0m            = "https://www.googleapis.com/compute/v1/projects/tmp-prod-net-landing-0/regions/europe-west4/subnetworks/landing-trusted-default-ew4"

      [32m+[0m [0mservice_directory_registrations {
          [32m+[0m [0m[1m[0mnamespace[0m[0m = (known after apply)
          [32m+[0m [0m[1m[0mservice[0m[0m   = (known after apply)
        }
    }

[1m  # module.ilb-nva-trusted["secondary"].google_compute_health_check.default[0][0m will be created[0m[0m
[0m  [32m+[0m[0m resource "google_compute_health_check" "default" {
      [32m+[0m [0m[1m[0mcheck_interval_sec[0m[0m  = 5
      [32m+[0m [0m[1m[0mcreation_timestamp[0m[0m  = (known after apply)
      [32m+[0m [0m[1m[0mdescription[0m[0m         = "Terraform managed."
      [32m+[0m [0m[1m[0mhealthy_threshold[0m[0m   = 2
      [32m+[0m [0m[1m[0mid[0m[0m                  = (known after apply)
      [32m+[0m [0m[1m[0mname[0m[0m                = "nva-trusted-secondary"
      [32m+[0m [0m[1m[0mproject[0m[0m             = "tmp-prod-net-landing-0"
      [32m+[0m [0m[1m[0mself_link[0m[0m           = (known after apply)
      [32m+[0m [0m[1m[0mtimeout_sec[0m[0m         = 5
      [32m+[0m [0m[1m[0mtype[0m[0m                = (known after apply)
      [32m+[0m [0m[1m[0munhealthy_threshold[0m[0m = 2

      [32m+[0m [0mlog_config {
          [32m+[0m [0m[1m[0menable[0m[0m = true
        }

      [32m+[0m [0mtcp_health_check {
          [32m+[0m [0m[1m[0mport[0m[0m         = 22
          [32m+[0m [0m[1m[0mproxy_header[0m[0m = "NONE"
        }
    }

[1m  # module.ilb-nva-trusted["secondary"].google_compute_region_backend_service.default[0m will be created[0m[0m
[0m  [32m+[0m[0m resource "google_compute_region_backend_service" "default" {
      [32m+[0m [0m[1m[0mconnection_draining_timeout_sec[0m[0m = 0
      [32m+[0m [0m[1m[0mcreation_timestamp[0m[0m              = (known after apply)
      [32m+[0m [0m[1m[0mdescription[0m[0m                     = "Terraform managed."
      [32m+[0m [0m[1m[0mfingerprint[0m[0m                     = (known after apply)
      [32m+[0m [0m[1m[0mhealth_checks[0m[0m                   = (known after apply)
      [32m+[0m [0m[1m[0mid[0m[0m                              = (known after apply)
      [32m+[0m [0m[1m[0mload_balancing_scheme[0m[0m           = "INTERNAL"
      [32m+[0m [0m[1m[0mname[0m[0m                            = "nva-trusted-secondary"
      [32m+[0m [0m[1m[0mnetwork[0m[0m                         = "https://www.googleapis.com/compute/v1/projects/tmp-prod-net-landing-0/global/networks/prod-trusted-landing-0"
      [32m+[0m [0m[1m[0mport_name[0m[0m                       = (known after apply)
      [32m+[0m [0m[1m[0mproject[0m[0m                         = "tmp-prod-net-landing-0"
      [32m+[0m [0m[1m[0mprotocol[0m[0m                        = "TCP"
      [32m+[0m [0m[1m[0mregion[0m[0m                          = "europe-west4"
      [32m+[0m [0m[1m[0mself_link[0m[0m                       = (known after apply)
      [32m+[0m [0m[1m[0msession_affinity[0m[0m                = (known after apply)
      [32m+[0m [0m[1m[0mtimeout_sec[0m[0m                     = (known after apply)

      [32m+[0m [0mcdn_policy {
          [32m+[0m [0m[1m[0mcache_mode[0m[0m                   = (known after apply)
          [32m+[0m [0m[1m[0mclient_ttl[0m[0m                   = (known after apply)
          [32m+[0m [0m[1m[0mdefault_ttl[0m[0m                  = (known after apply)
          [32m+[0m [0m[1m[0mmax_ttl[0m[0m                      = (known after apply)
          [32m+[0m [0m[1m[0mnegative_caching[0m[0m             = (known after apply)
          [32m+[0m [0m[1m[0mserve_while_stale[0m[0m            = (known after apply)
          [32m+[0m [0m[1m[0msigned_url_cache_max_age_sec[0m[0m = (known after apply)

          [32m+[0m [0mcache_key_policy {
              [32m+[0m [0m[1m[0minclude_host[0m[0m           = (known after apply)
              [32m+[0m [0m[1m[0minclude_named_cookies[0m[0m  = (known after apply)
              [32m+[0m [0m[1m[0minclude_protocol[0m[0m       = (known after apply)
              [32m+[0m [0m[1m[0minclude_query_string[0m[0m   = (known after apply)
              [32m+[0m [0m[1m[0mquery_string_blacklist[0m[0m = (known after apply)
              [32m+[0m [0m[1m[0mquery_string_whitelist[0m[0m = (known after apply)
            }

          [32m+[0m [0mnegative_caching_policy {
              [32m+[0m [0m[1m[0mcode[0m[0m = (known after apply)
              [32m+[0m [0m[1m[0mttl[0m[0m  = (known after apply)
            }
        }

      [32m+[0m [0mlog_config {
          [32m+[0m [0m[1m[0menable[0m[0m      = (known after apply)
          [32m+[0m [0m[1m[0msample_rate[0m[0m = (known after apply)
        }
    }

[1m  # module.ilb-nva-untrusted["europe-west1"].google_compute_forwarding_rule.default[0m will be [1m[31mdestroyed[0m
  # (because module.ilb-nva-untrusted["europe-west1"] is not in configuration)[0m
[0m  [31m-[0m[0m resource "google_compute_forwarding_rule" "default" {
      [31m-[0m [0m[1m[0mall_ports[0m[0m              = true [90m->[0m [0m[90mnull[0m[0m
      [31m-[0m [0m[1m[0mallow_global_access[0m[0m    = true [90m->[0m [0m[90mnull[0m[0m
      [31m-[0m [0m[1m[0mbackend_service[0m[0m        = "https://www.googleapis.com/compute/v1/projects/tmp-prod-net-landing-0/regions/europe-west1/backendServices/nva-untrusted-ew1" [90m->[0m [0m[90mnull[0m[0m
      [31m-[0m [0m[1m[0mcreation_timestamp[0m[0m     = "2023-02-10T05:42:18.083-08:00" [90m->[0m [0m[90mnull[0m[0m
      [31m-[0m [0m[1m[0mdescription[0m[0m            = "Terraform managed." [90m->[0m [0m[90mnull[0m[0m
      [31m-[0m [0m[1m[0mid[0m[0m                     = "projects/tmp-prod-net-landing-0/regions/europe-west1/forwardingRules/nva-untrusted-ew1" [90m->[0m [0m[90mnull[0m[0m
      [31m-[0m [0m[1m[0mip_address[0m[0m             = "10.128.0.5" [90m->[0m [0m[90mnull[0m[0m
      [31m-[0m [0m[1m[0mip_protocol[0m[0m            = "TCP" [90m->[0m [0m[90mnull[0m[0m
      [31m-[0m [0m[1m[0mis_mirroring_collector[0m[0m = false [90m->[0m [0m[90mnull[0m[0m
      [31m-[0m [0m[1m[0mlabel_fingerprint[0m[0m      = "42WmSpB8rSM=" [90m->[0m [0m[90mnull[0m[0m
      [31m-[0m [0m[1m[0mlabels[0m[0m                 = {} [90m->[0m [0m[90mnull[0m[0m
      [31m-[0m [0m[1m[0mload_balancing_scheme[0m[0m  = "INTERNAL" [90m->[0m [0m[90mnull[0m[0m
      [31m-[0m [0m[1m[0mname[0m[0m                   = "nva-untrusted-ew1" [90m->[0m [0m[90mnull[0m[0m
      [31m-[0m [0m[1m[0mnetwork[0m[0m                = "https://www.googleapis.com/compute/v1/projects/tmp-prod-net-landing-0/global/networks/prod-untrusted-landing-0" [90m->[0m [0m[90mnull[0m[0m
      [31m-[0m [0m[1m[0mnetwork_tier[0m[0m           = "PREMIUM" [90m->[0m [0m[90mnull[0m[0m
      [31m-[0m [0m[1m[0mports[0m[0m                  = [] [90m->[0m [0m[90mnull[0m[0m
      [31m-[0m [0m[1m[0mproject[0m[0m                = "tmp-prod-net-landing-0" [90m->[0m [0m[90mnull[0m[0m
      [31m-[0m [0m[1m[0mregion[0m[0m                 = "europe-west1" [90m->[0m [0m[90mnull[0m[0m
      [31m-[0m [0m[1m[0mself_link[0m[0m              = "https://www.googleapis.com/compute/beta/projects/tmp-prod-net-landing-0/regions/europe-west1/forwardingRules/nva-untrusted-ew1" [90m->[0m [0m[90mnull[0m[0m
      [31m-[0m [0m[1m[0mservice_label[0m[0m          = "tmp" [90m->[0m [0m[90mnull[0m[0m
      [31m-[0m [0m[1m[0mservice_name[0m[0m           = "tmp.nva-untrusted-ew1.il4.europe-west1.lb.tmp-prod-net-landing-0.internal" [90m->[0m [0m[90mnull[0m[0m
      [31m-[0m [0m[1m[0msubnetwork[0m[0m             = "https://www.googleapis.com/compute/v1/projects/tmp-prod-net-landing-0/regions/europe-west1/subnetworks/landing-untrusted-default-ew1" [90m->[0m [0m[90mnull[0m[0m
    }

[1m  # module.ilb-nva-untrusted["europe-west1"].google_compute_health_check.default[0][0m will be [1m[31mdestroyed[0m
  # (because module.ilb-nva-untrusted["europe-west1"] is not in configuration)[0m
[0m  [31m-[0m[0m resource "google_compute_health_check" "default" {
      [31m-[0m [0m[1m[0mcheck_interval_sec[0m[0m  = 5 [90m->[0m [0m[90mnull[0m[0m
      [31m-[0m [0m[1m[0mcreation_timestamp[0m[0m  = "2023-02-10T03:14:24.716-08:00" [90m->[0m [0m[90mnull[0m[0m
      [31m-[0m [0m[1m[0mdescription[0m[0m         = "Terraform managed." [90m->[0m [0m[90mnull[0m[0m
      [31m-[0m [0m[1m[0mhealthy_threshold[0m[0m   = 2 [90m->[0m [0m[90mnull[0m[0m
      [31m-[0m [0m[1m[0mid[0m[0m                  = "projects/tmp-prod-net-landing-0/global/healthChecks/nva-untrusted-ew1" [90m->[0m [0m[90mnull[0m[0m
      [31m-[0m [0m[1m[0mname[0m[0m                = "nva-untrusted-ew1" [90m->[0m [0m[90mnull[0m[0m
      [31m-[0m [0m[1m[0mproject[0m[0m             = "tmp-prod-net-landing-0" [90m->[0m [0m[90mnull[0m[0m
      [31m-[0m [0m[1m[0mself_link[0m[0m           = "https://www.googleapis.com/compute/v1/projects/tmp-prod-net-landing-0/global/healthChecks/nva-untrusted-ew1" [90m->[0m [0m[90mnull[0m[0m
      [31m-[0m [0m[1m[0mtimeout_sec[0m[0m         = 5 [90m->[0m [0m[90mnull[0m[0m
      [31m-[0m [0m[1m[0mtype[0m[0m                = "TCP" [90m->[0m [0m[90mnull[0m[0m
      [31m-[0m [0m[1m[0munhealthy_threshold[0m[0m = 2 [90m->[0m [0m[90mnull[0m[0m

      [31m-[0m [0mlog_config {
          [31m-[0m [0m[1m[0menable[0m[0m = true [90m->[0m [0m[90mnull[0m[0m
        }

      [31m-[0m [0mtcp_health_check {
          [31m-[0m [0m[1m[0mport[0m[0m         = 22 [90m->[0m [0m[90mnull[0m[0m
          [31m-[0m [0m[1m[0mproxy_header[0m[0m = "NONE" [90m->[0m [0m[90mnull[0m[0m
        }
    }

[1m  # module.ilb-nva-untrusted["europe-west1"].google_compute_region_backend_service.default[0m will be [1m[31mdestroyed[0m
  # (because module.ilb-nva-untrusted["europe-west1"] is not in configuration)[0m
[0m  [31m-[0m[0m resource "google_compute_region_backend_service" "default" {
      [31m-[0m [0m[1m[0maffinity_cookie_ttl_sec[0m[0m         = 0 [90m->[0m [0m[90mnull[0m[0m
      [31m-[0m [0m[1m[0mconnection_draining_timeout_sec[0m[0m = 0 [90m->[0m [0m[90mnull[0m[0m
      [31m-[0m [0m[1m[0mcreation_timestamp[0m[0m              = "2023-02-10T05:41:56.683-08:00" [90m->[0m [0m[90mnull[0m[0m
      [31m-[0m [0m[1m[0mdescription[0m[0m                     = "Terraform managed." [90m->[0m [0m[90mnull[0m[0m
      [31m-[0m [0m[1m[0menable_cdn[0m[0m                      = false [90m->[0m [0m[90mnull[0m[0m
      [31m-[0m [0m[1m[0mfingerprint[0m[0m                     = "WIaiD9eAFZU=" [90m->[0m [0m[90mnull[0m[0m
      [31m-[0m [0m[1m[0mhealth_checks[0m[0m                   = [
          [31m-[0m [0m"https://www.googleapis.com/compute/v1/projects/tmp-prod-net-landing-0/global/healthChecks/nva-untrusted-ew1",
        ] [90m->[0m [0m[90mnull[0m[0m
      [31m-[0m [0m[1m[0mid[0m[0m                              = "projects/tmp-prod-net-landing-0/regions/europe-west1/backendServices/nva-untrusted-ew1" [90m->[0m [0m[90mnull[0m[0m
      [31m-[0m [0m[1m[0mload_balancing_scheme[0m[0m           = "INTERNAL" [90m->[0m [0m[90mnull[0m[0m
      [31m-[0m [0m[1m[0mname[0m[0m                            = "nva-untrusted-ew1" [90m->[0m [0m[90mnull[0m[0m
      [31m-[0m [0m[1m[0mnetwork[0m[0m                         = "https://www.googleapis.com/compute/v1/projects/tmp-prod-net-landing-0/global/networks/prod-untrusted-landing-0" [90m->[0m [0m[90mnull[0m[0m
      [31m-[0m [0m[1m[0mproject[0m[0m                         = "tmp-prod-net-landing-0" [90m->[0m [0m[90mnull[0m[0m
      [31m-[0m [0m[1m[0mprotocol[0m[0m                        = "TCP" [90m->[0m [0m[90mnull[0m[0m
      [31m-[0m [0m[1m[0mregion[0m[0m                          = "europe-west1" [90m->[0m [0m[90mnull[0m[0m
      [31m-[0m [0m[1m[0mself_link[0m[0m                       = "https://www.googleapis.com/compute/v1/projects/tmp-prod-net-landing-0/regions/europe-west1/backendServices/nva-untrusted-ew1" [90m->[0m [0m[90mnull[0m[0m
      [31m-[0m [0m[1m[0msession_affinity[0m[0m                = "NONE" [90m->[0m [0m[90mnull[0m[0m
      [31m-[0m [0m[1m[0mtimeout_sec[0m[0m                     = 30 [90m->[0m [0m[90mnull[0m[0m

      [31m-[0m [0mbackend {
          [31m-[0m [0m[1m[0mbalancing_mode[0m[0m               = "CONNECTION" [90m->[0m [0m[90mnull[0m[0m
          [31m-[0m [0m[1m[0mcapacity_scaler[0m[0m              = 0 [90m->[0m [0m[90mnull[0m[0m
          [31m-[0m [0m[1m[0mdescription[0m[0m                  = "Terraform managed." [90m->[0m [0m[90mnull[0m[0m
          [31m-[0m [0m[1m[0mfailover[0m[0m                     = false [90m->[0m [0m[90mnull[0m[0m
          [31m-[0m [0m[1m[0mgroup[0m[0m                        = "https://www.googleapis.com/compute/v1/projects/tmp-prod-net-landing-0/zones/europe-west1-b/instanceGroups/nva-cos-ew1-b" [90m->[0m [0m[90mnull[0m[0m
          [31m-[0m [0m[1m[0mmax_connections[0m[0m              = 0 [90m->[0m [0m[90mnull[0m[0m
          [31m-[0m [0m[1m[0mmax_connections_per_endpoint[0m[0m = 0 [90m->[0m [0m[90mnull[0m[0m
          [31m-[0m [0m[1m[0mmax_connections_per_instance[0m[0m = 0 [90m->[0m [0m[90mnull[0m[0m
          [31m-[0m [0m[1m[0mmax_rate[0m[0m                     = 0 [90m->[0m [0m[90mnull[0m[0m
          [31m-[0m [0m[1m[0mmax_rate_per_endpoint[0m[0m        = 0 [90m->[0m [0m[90mnull[0m[0m
          [31m-[0m [0m[1m[0mmax_rate_per_instance[0m[0m        = 0 [90m->[0m [0m[90mnull[0m[0m
          [31m-[0m [0m[1m[0mmax_utilization[0m[0m              = 0 [90m->[0m [0m[90mnull[0m[0m
        }
      [31m-[0m [0mbackend {
          [31m-[0m [0m[1m[0mbalancing_mode[0m[0m               = "CONNECTION" [90m->[0m [0m[90mnull[0m[0m
          [31m-[0m [0m[1m[0mcapacity_scaler[0m[0m              = 0 [90m->[0m [0m[90mnull[0m[0m
          [31m-[0m [0m[1m[0mdescription[0m[0m                  = "Terraform managed." [90m->[0m [0m[90mnull[0m[0m
          [31m-[0m [0m[1m[0mfailover[0m[0m                     = false [90m->[0m [0m[90mnull[0m[0m
          [31m-[0m [0m[1m[0mgroup[0m[0m                        = "https://www.googleapis.com/compute/v1/projects/tmp-prod-net-landing-0/zones/europe-west1-c/instanceGroups/nva-cos-ew1-c" [90m->[0m [0m[90mnull[0m[0m
          [31m-[0m [0m[1m[0mmax_connections[0m[0m              = 0 [90m->[0m [0m[90mnull[0m[0m
          [31m-[0m [0m[1m[0mmax_connections_per_endpoint[0m[0m = 0 [90m->[0m [0m[90mnull[0m[0m
          [31m-[0m [0m[1m[0mmax_connections_per_instance[0m[0m = 0 [90m->[0m [0m[90mnull[0m[0m
          [31m-[0m [0m[1m[0mmax_rate[0m[0m                     = 0 [90m->[0m [0m[90mnull[0m[0m
          [31m-[0m [0m[1m[0mmax_rate_per_endpoint[0m[0m        = 0 [90m->[0m [0m[90mnull[0m[0m
          [31m-[0m [0m[1m[0mmax_rate_per_instance[0m[0m        = 0 [90m->[0m [0m[90mnull[0m[0m
          [31m-[0m [0m[1m[0mmax_utilization[0m[0m              = 0 [90m->[0m [0m[90mnull[0m[0m
        }
    }

[1m  # module.ilb-nva-untrusted["europe-west4"].google_compute_forwarding_rule.default[0m will be [1m[31mdestroyed[0m
  # (because module.ilb-nva-untrusted["europe-west4"] is not in configuration)[0m
[0m  [31m-[0m[0m resource "google_compute_forwarding_rule" "default" {
      [31m-[0m [0m[1m[0mall_ports[0m[0m              = true [90m->[0m [0m[90mnull[0m[0m
      [31m-[0m [0m[1m[0mallow_global_access[0m[0m    = true [90m->[0m [0m[90mnull[0m[0m
      [31m-[0m [0m[1m[0mbackend_service[0m[0m        = "https://www.googleapis.com/compute/v1/projects/tmp-prod-net-landing-0/regions/europe-west4/backendServices/nva-untrusted-ew4" [90m->[0m [0m[90mnull[0m[0m
      [31m-[0m [0m[1m[0mcreation_timestamp[0m[0m     = "2023-02-10T05:42:18.482-08:00" [90m->[0m [0m[90mnull[0m[0m
      [31m-[0m [0m[1m[0mdescription[0m[0m            = "Terraform managed." [90m->[0m [0m[90mnull[0m[0m
      [31m-[0m [0m[1m[0mid[0m[0m                     = "projects/tmp-prod-net-landing-0/regions/europe-west4/forwardingRules/nva-untrusted-ew4" [90m->[0m [0m[90mnull[0m[0m
      [31m-[0m [0m[1m[0mip_address[0m[0m             = "10.128.32.5" [90m->[0m [0m[90mnull[0m[0m
      [31m-[0m [0m[1m[0mip_protocol[0m[0m            = "TCP" [90m->[0m [0m[90mnull[0m[0m
      [31m-[0m [0m[1m[0mis_mirroring_collector[0m[0m = false [90m->[0m [0m[90mnull[0m[0m
      [31m-[0m [0m[1m[0mlabel_fingerprint[0m[0m      = "42WmSpB8rSM=" [90m->[0m [0m[90mnull[0m[0m
      [31m-[0m [0m[1m[0mlabels[0m[0m                 = {} [90m->[0m [0m[90mnull[0m[0m
      [31m-[0m [0m[1m[0mload_balancing_scheme[0m[0m  = "INTERNAL" [90m->[0m [0m[90mnull[0m[0m
      [31m-[0m [0m[1m[0mname[0m[0m                   = "nva-untrusted-ew4" [90m->[0m [0m[90mnull[0m[0m
      [31m-[0m [0m[1m[0mnetwork[0m[0m                = "https://www.googleapis.com/compute/v1/projects/tmp-prod-net-landing-0/global/networks/prod-untrusted-landing-0" [90m->[0m [0m[90mnull[0m[0m
      [31m-[0m [0m[1m[0mnetwork_tier[0m[0m           = "PREMIUM" [90m->[0m [0m[90mnull[0m[0m
      [31m-[0m [0m[1m[0mports[0m[0m                  = [] [90m->[0m [0m[90mnull[0m[0m
      [31m-[0m [0m[1m[0mproject[0m[0m                = "tmp-prod-net-landing-0" [90m->[0m [0m[90mnull[0m[0m
      [31m-[0m [0m[1m[0mregion[0m[0m                 = "europe-west4" [90m->[0m [0m[90mnull[0m[0m
      [31m-[0m [0m[1m[0mself_link[0m[0m              = "https://www.googleapis.com/compute/beta/projects/tmp-prod-net-landing-0/regions/europe-west4/forwardingRules/nva-untrusted-ew4" [90m->[0m [0m[90mnull[0m[0m
      [31m-[0m [0m[1m[0mservice_label[0m[0m          = "tmp" [90m->[0m [0m[90mnull[0m[0m
      [31m-[0m [0m[1m[0mservice_name[0m[0m           = "tmp.nva-untrusted-ew4.il4.europe-west4.lb.tmp-prod-net-landing-0.internal" [90m->[0m [0m[90mnull[0m[0m
      [31m-[0m [0m[1m[0msubnetwork[0m[0m             = "https://www.googleapis.com/compute/v1/projects/tmp-prod-net-landing-0/regions/europe-west4/subnetworks/landing-untrusted-default-ew4" [90m->[0m [0m[90mnull[0m[0m
    }

[1m  # module.ilb-nva-untrusted["europe-west4"].google_compute_health_check.default[0][0m will be [1m[31mdestroyed[0m
  # (because module.ilb-nva-untrusted["europe-west4"] is not in configuration)[0m
[0m  [31m-[0m[0m resource "google_compute_health_check" "default" {
      [31m-[0m [0m[1m[0mcheck_interval_sec[0m[0m  = 5 [90m->[0m [0m[90mnull[0m[0m
      [31m-[0m [0m[1m[0mcreation_timestamp[0m[0m  = "2023-02-10T03:14:24.117-08:00" [90m->[0m [0m[90mnull[0m[0m
      [31m-[0m [0m[1m[0mdescription[0m[0m         = "Terraform managed." [90m->[0m [0m[90mnull[0m[0m
      [31m-[0m [0m[1m[0mhealthy_threshold[0m[0m   = 2 [90m->[0m [0m[90mnull[0m[0m
      [31m-[0m [0m[1m[0mid[0m[0m                  = "projects/tmp-prod-net-landing-0/global/healthChecks/nva-untrusted-ew4" [90m->[0m [0m[90mnull[0m[0m
      [31m-[0m [0m[1m[0mname[0m[0m                = "nva-untrusted-ew4" [90m->[0m [0m[90mnull[0m[0m
      [31m-[0m [0m[1m[0mproject[0m[0m             = "tmp-prod-net-landing-0" [90m->[0m [0m[90mnull[0m[0m
      [31m-[0m [0m[1m[0mself_link[0m[0m           = "https://www.googleapis.com/compute/v1/projects/tmp-prod-net-landing-0/global/healthChecks/nva-untrusted-ew4" [90m->[0m [0m[90mnull[0m[0m
      [31m-[0m [0m[1m[0mtimeout_sec[0m[0m         = 5 [90m->[0m [0m[90mnull[0m[0m
      [31m-[0m [0m[1m[0mtype[0m[0m                = "TCP" [90m->[0m [0m[90mnull[0m[0m
      [31m-[0m [0m[1m[0munhealthy_threshold[0m[0m = 2 [90m->[0m [0m[90mnull[0m[0m

      [31m-[0m [0mlog_config {
          [31m-[0m [0m[1m[0menable[0m[0m = true [90m->[0m [0m[90mnull[0m[0m
        }

      [31m-[0m [0mtcp_health_check {
          [31m-[0m [0m[1m[0mport[0m[0m         = 22 [90m->[0m [0m[90mnull[0m[0m
          [31m-[0m [0m[1m[0mproxy_header[0m[0m = "NONE" [90m->[0m [0m[90mnull[0m[0m
        }
    }

[1m  # module.ilb-nva-untrusted["europe-west4"].google_compute_region_backend_service.default[0m will be [1m[31mdestroyed[0m
  # (because module.ilb-nva-untrusted["europe-west4"] is not in configuration)[0m
[0m  [31m-[0m[0m resource "google_compute_region_backend_service" "default" {
      [31m-[0m [0m[1m[0maffinity_cookie_ttl_sec[0m[0m         = 0 [90m->[0m [0m[90mnull[0m[0m
      [31m-[0m [0m[1m[0mconnection_draining_timeout_sec[0m[0m = 0 [90m->[0m [0m[90mnull[0m[0m
      [31m-[0m [0m[1m[0mcreation_timestamp[0m[0m              = "2023-02-10T05:41:56.785-08:00" [90m->[0m [0m[90mnull[0m[0m
      [31m-[0m [0m[1m[0mdescription[0m[0m                     = "Terraform managed." [90m->[0m [0m[90mnull[0m[0m
      [31m-[0m [0m[1m[0menable_cdn[0m[0m                      = false [90m->[0m [0m[90mnull[0m[0m
      [31m-[0m [0m[1m[0mfingerprint[0m[0m                     = "1SwfxETLnfw=" [90m->[0m [0m[90mnull[0m[0m
      [31m-[0m [0m[1m[0mhealth_checks[0m[0m                   = [
          [31m-[0m [0m"https://www.googleapis.com/compute/v1/projects/tmp-prod-net-landing-0/global/healthChecks/nva-untrusted-ew4",
        ] [90m->[0m [0m[90mnull[0m[0m
      [31m-[0m [0m[1m[0mid[0m[0m                              = "projects/tmp-prod-net-landing-0/regions/europe-west4/backendServices/nva-untrusted-ew4" [90m->[0m [0m[90mnull[0m[0m
      [31m-[0m [0m[1m[0mload_balancing_scheme[0m[0m           = "INTERNAL" [90m->[0m [0m[90mnull[0m[0m
      [31m-[0m [0m[1m[0mname[0m[0m                            = "nva-untrusted-ew4" [90m->[0m [0m[90mnull[0m[0m
      [31m-[0m [0m[1m[0mnetwork[0m[0m                         = "https://www.googleapis.com/compute/v1/projects/tmp-prod-net-landing-0/global/networks/prod-untrusted-landing-0" [90m->[0m [0m[90mnull[0m[0m
      [31m-[0m [0m[1m[0mproject[0m[0m                         = "tmp-prod-net-landing-0" [90m->[0m [0m[90mnull[0m[0m
      [31m-[0m [0m[1m[0mprotocol[0m[0m                        = "TCP" [90m->[0m [0m[90mnull[0m[0m
      [31m-[0m [0m[1m[0mregion[0m[0m                          = "europe-west4" [90m->[0m [0m[90mnull[0m[0m
      [31m-[0m [0m[1m[0mself_link[0m[0m                       = "https://www.googleapis.com/compute/v1/projects/tmp-prod-net-landing-0/regions/europe-west4/backendServices/nva-untrusted-ew4" [90m->[0m [0m[90mnull[0m[0m
      [31m-[0m [0m[1m[0msession_affinity[0m[0m                = "NONE" [90m->[0m [0m[90mnull[0m[0m
      [31m-[0m [0m[1m[0mtimeout_sec[0m[0m                     = 30 [90m->[0m [0m[90mnull[0m[0m

      [31m-[0m [0mbackend {
          [31m-[0m [0m[1m[0mbalancing_mode[0m[0m               = "CONNECTION" [90m->[0m [0m[90mnull[0m[0m
          [31m-[0m [0m[1m[0mcapacity_scaler[0m[0m              = 0 [90m->[0m [0m[90mnull[0m[0m
          [31m-[0m [0m[1m[0mdescription[0m[0m                  = "Terraform managed." [90m->[0m [0m[90mnull[0m[0m
          [31m-[0m [0m[1m[0mfailover[0m[0m                     = false [90m->[0m [0m[90mnull[0m[0m
          [31m-[0m [0m[1m[0mgroup[0m[0m                        = "https://www.googleapis.com/compute/v1/projects/tmp-prod-net-landing-0/zones/europe-west4-b/instanceGroups/nva-cos-ew4-b" [90m->[0m [0m[90mnull[0m[0m
          [31m-[0m [0m[1m[0mmax_connections[0m[0m              = 0 [90m->[0m [0m[90mnull[0m[0m
          [31m-[0m [0m[1m[0mmax_connections_per_endpoint[0m[0m = 0 [90m->[0m [0m[90mnull[0m[0m
          [31m-[0m [0m[1m[0mmax_connections_per_instance[0m[0m = 0 [90m->[0m [0m[90mnull[0m[0m
          [31m-[0m [0m[1m[0mmax_rate[0m[0m                     = 0 [90m->[0m [0m[90mnull[0m[0m
          [31m-[0m [0m[1m[0mmax_rate_per_endpoint[0m[0m        = 0 [90m->[0m [0m[90mnull[0m[0m
          [31m-[0m [0m[1m[0mmax_rate_per_instance[0m[0m        = 0 [90m->[0m [0m[90mnull[0m[0m
          [31m-[0m [0m[1m[0mmax_utilization[0m[0m              = 0 [90m->[0m [0m[90mnull[0m[0m
        }
      [31m-[0m [0mbackend {
          [31m-[0m [0m[1m[0mbalancing_mode[0m[0m               = "CONNECTION" [90m->[0m [0m[90mnull[0m[0m
          [31m-[0m [0m[1m[0mcapacity_scaler[0m[0m              = 0 [90m->[0m [0m[90mnull[0m[0m
          [31m-[0m [0m[1m[0mdescription[0m[0m                  = "Terraform managed." [90m->[0m [0m[90mnull[0m[0m
          [31m-[0m [0m[1m[0mfailover[0m[0m                     = false [90m->[0m [0m[90mnull[0m[0m
          [31m-[0m [0m[1m[0mgroup[0m[0m                        = "https://www.googleapis.com/compute/v1/projects/tmp-prod-net-landing-0/zones/europe-west4-c/instanceGroups/nva-cos-ew4-c" [90m->[0m [0m[90mnull[0m[0m
          [31m-[0m [0m[1m[0mmax_connections[0m[0m              = 0 [90m->[0m [0m[90mnull[0m[0m
          [31m-[0m [0m[1m[0mmax_connections_per_endpoint[0m[0m = 0 [90m->[0m [0m[90mnull[0m[0m
          [31m-[0m [0m[1m[0mmax_connections_per_instance[0m[0m = 0 [90m->[0m [0m[90mnull[0m[0m
          [31m-[0m [0m[1m[0mmax_rate[0m[0m                     = 0 [90m->[0m [0m[90mnull[0m[0m
          [31m-[0m [0m[1m[0mmax_rate_per_endpoint[0m[0m        = 0 [90m->[0m [0m[90mnull[0m[0m
          [31m-[0m [0m[1m[0mmax_rate_per_instance[0m[0m        = 0 [90m->[0m [0m[90mnull[0m[0m
          [31m-[0m [0m[1m[0mmax_utilization[0m[0m              = 0 [90m->[0m [0m[90mnull[0m[0m
        }
    }

[1m  # module.ilb-nva-untrusted["primary"].google_compute_forwarding_rule.default[0m will be created[0m[0m
[0m  [32m+[0m[0m resource "google_compute_forwarding_rule" "default" {
      [32m+[0m [0m[1m[0mall_ports[0m[0m             = true
      [32m+[0m [0m[1m[0mallow_global_access[0m[0m   = true
      [32m+[0m [0m[1m[0mbackend_service[0m[0m       = (known after apply)
      [32m+[0m [0m[1m[0mcreation_timestamp[0m[0m    = (known after apply)
      [32m+[0m [0m[1m[0mdescription[0m[0m           = "Terraform managed."
      [32m+[0m [0m[1m[0mid[0m[0m                    = (known after apply)
      [32m+[0m [0m[1m[0mip_address[0m[0m            = (known after apply)
      [32m+[0m [0m[1m[0mip_protocol[0m[0m           = "TCP"
      [32m+[0m [0m[1m[0mlabel_fingerprint[0m[0m     = (known after apply)
      [32m+[0m [0m[1m[0mload_balancing_scheme[0m[0m = "INTERNAL"
      [32m+[0m [0m[1m[0mname[0m[0m                  = "nva-untrusted-primary"
      [32m+[0m [0m[1m[0mnetwork[0m[0m               = "https://www.googleapis.com/compute/v1/projects/tmp-prod-net-landing-0/global/networks/prod-untrusted-landing-0"
      [32m+[0m [0m[1m[0mnetwork_tier[0m[0m          = (known after apply)
      [32m+[0m [0m[1m[0mproject[0m[0m               = "tmp-prod-net-landing-0"
      [32m+[0m [0m[1m[0mpsc_connection_id[0m[0m     = (known after apply)
      [32m+[0m [0m[1m[0mpsc_connection_status[0m[0m = (known after apply)
      [32m+[0m [0m[1m[0mregion[0m[0m                = "europe-west1"
      [32m+[0m [0m[1m[0mself_link[0m[0m             = (known after apply)
      [32m+[0m [0m[1m[0mservice_label[0m[0m         = "tmp"
      [32m+[0m [0m[1m[0mservice_name[0m[0m          = (known after apply)
      [32m+[0m [0m[1m[0msubnetwork[0m[0m            = "https://www.googleapis.com/compute/v1/projects/tmp-prod-net-landing-0/regions/europe-west1/subnetworks/landing-untrusted-default-ew1"

      [32m+[0m [0mservice_directory_registrations {
          [32m+[0m [0m[1m[0mnamespace[0m[0m = (known after apply)
          [32m+[0m [0m[1m[0mservice[0m[0m   = (known after apply)
        }
    }

[1m  # module.ilb-nva-untrusted["primary"].google_compute_health_check.default[0][0m will be created[0m[0m
[0m  [32m+[0m[0m resource "google_compute_health_check" "default" {
      [32m+[0m [0m[1m[0mcheck_interval_sec[0m[0m  = 5
      [32m+[0m [0m[1m[0mcreation_timestamp[0m[0m  = (known after apply)
      [32m+[0m [0m[1m[0mdescription[0m[0m         = "Terraform managed."
      [32m+[0m [0m[1m[0mhealthy_threshold[0m[0m   = 2
      [32m+[0m [0m[1m[0mid[0m[0m                  = (known after apply)
      [32m+[0m [0m[1m[0mname[0m[0m                = "nva-untrusted-primary"
      [32m+[0m [0m[1m[0mproject[0m[0m             = "tmp-prod-net-landing-0"
      [32m+[0m [0m[1m[0mself_link[0m[0m           = (known after apply)
      [32m+[0m [0m[1m[0mtimeout_sec[0m[0m         = 5
      [32m+[0m [0m[1m[0mtype[0m[0m                = (known after apply)
      [32m+[0m [0m[1m[0munhealthy_threshold[0m[0m = 2

      [32m+[0m [0mlog_config {
          [32m+[0m [0m[1m[0menable[0m[0m = true
        }

      [32m+[0m [0mtcp_health_check {
          [32m+[0m [0m[1m[0mport[0m[0m         = 22
          [32m+[0m [0m[1m[0mproxy_header[0m[0m = "NONE"
        }
    }

[1m  # module.ilb-nva-untrusted["primary"].google_compute_region_backend_service.default[0m will be created[0m[0m
[0m  [32m+[0m[0m resource "google_compute_region_backend_service" "default" {
      [32m+[0m [0m[1m[0mconnection_draining_timeout_sec[0m[0m = 0
      [32m+[0m [0m[1m[0mcreation_timestamp[0m[0m              = (known after apply)
      [32m+[0m [0m[1m[0mdescription[0m[0m                     = "Terraform managed."
      [32m+[0m [0m[1m[0mfingerprint[0m[0m                     = (known after apply)
      [32m+[0m [0m[1m[0mhealth_checks[0m[0m                   = (known after apply)
      [32m+[0m [0m[1m[0mid[0m[0m                              = (known after apply)
      [32m+[0m [0m[1m[0mload_balancing_scheme[0m[0m           = "INTERNAL"
      [32m+[0m [0m[1m[0mname[0m[0m                            = "nva-untrusted-primary"
      [32m+[0m [0m[1m[0mnetwork[0m[0m                         = "https://www.googleapis.com/compute/v1/projects/tmp-prod-net-landing-0/global/networks/prod-untrusted-landing-0"
      [32m+[0m [0m[1m[0mport_name[0m[0m                       = (known after apply)
      [32m+[0m [0m[1m[0mproject[0m[0m                         = "tmp-prod-net-landing-0"
      [32m+[0m [0m[1m[0mprotocol[0m[0m                        = "TCP"
      [32m+[0m [0m[1m[0mregion[0m[0m                          = "europe-west1"
      [32m+[0m [0m[1m[0mself_link[0m[0m                       = (known after apply)
      [32m+[0m [0m[1m[0msession_affinity[0m[0m                = (known after apply)
      [32m+[0m [0m[1m[0mtimeout_sec[0m[0m                     = (known after apply)

      [32m+[0m [0mcdn_policy {
          [32m+[0m [0m[1m[0mcache_mode[0m[0m                   = (known after apply)
          [32m+[0m [0m[1m[0mclient_ttl[0m[0m                   = (known after apply)
          [32m+[0m [0m[1m[0mdefault_ttl[0m[0m                  = (known after apply)
          [32m+[0m [0m[1m[0mmax_ttl[0m[0m                      = (known after apply)
          [32m+[0m [0m[1m[0mnegative_caching[0m[0m             = (known after apply)
          [32m+[0m [0m[1m[0mserve_while_stale[0m[0m            = (known after apply)
          [32m+[0m [0m[1m[0msigned_url_cache_max_age_sec[0m[0m = (known after apply)

          [32m+[0m [0mcache_key_policy {
              [32m+[0m [0m[1m[0minclude_host[0m[0m           = (known after apply)
              [32m+[0m [0m[1m[0minclude_named_cookies[0m[0m  = (known after apply)
              [32m+[0m [0m[1m[0minclude_protocol[0m[0m       = (known after apply)
              [32m+[0m [0m[1m[0minclude_query_string[0m[0m   = (known after apply)
              [32m+[0m [0m[1m[0mquery_string_blacklist[0m[0m = (known after apply)
              [32m+[0m [0m[1m[0mquery_string_whitelist[0m[0m = (known after apply)
            }

          [32m+[0m [0mnegative_caching_policy {
              [32m+[0m [0m[1m[0mcode[0m[0m = (known after apply)
              [32m+[0m [0m[1m[0mttl[0m[0m  = (known after apply)
            }
        }

      [32m+[0m [0mlog_config {
          [32m+[0m [0m[1m[0menable[0m[0m      = (known after apply)
          [32m+[0m [0m[1m[0msample_rate[0m[0m = (known after apply)
        }
    }

[1m  # module.ilb-nva-untrusted["secondary"].google_compute_forwarding_rule.default[0m will be created[0m[0m
[0m  [32m+[0m[0m resource "google_compute_forwarding_rule" "default" {
      [32m+[0m [0m[1m[0mall_ports[0m[0m             = true
      [32m+[0m [0m[1m[0mallow_global_access[0m[0m   = true
      [32m+[0m [0m[1m[0mbackend_service[0m[0m       = (known after apply)
      [32m+[0m [0m[1m[0mcreation_timestamp[0m[0m    = (known after apply)
      [32m+[0m [0m[1m[0mdescription[0m[0m           = "Terraform managed."
      [32m+[0m [0m[1m[0mid[0m[0m                    = (known after apply)
      [32m+[0m [0m[1m[0mip_address[0m[0m            = (known after apply)
      [32m+[0m [0m[1m[0mip_protocol[0m[0m           = "TCP"
      [32m+[0m [0m[1m[0mlabel_fingerprint[0m[0m     = (known after apply)
      [32m+[0m [0m[1m[0mload_balancing_scheme[0m[0m = "INTERNAL"
      [32m+[0m [0m[1m[0mname[0m[0m                  = "nva-untrusted-secondary"
      [32m+[0m [0m[1m[0mnetwork[0m[0m               = "https://www.googleapis.com/compute/v1/projects/tmp-prod-net-landing-0/global/networks/prod-untrusted-landing-0"
      [32m+[0m [0m[1m[0mnetwork_tier[0m[0m          = (known after apply)
      [32m+[0m [0m[1m[0mproject[0m[0m               = "tmp-prod-net-landing-0"
      [32m+[0m [0m[1m[0mpsc_connection_id[0m[0m     = (known after apply)
      [32m+[0m [0m[1m[0mpsc_connection_status[0m[0m = (known after apply)
      [32m+[0m [0m[1m[0mregion[0m[0m                = "europe-west4"
      [32m+[0m [0m[1m[0mself_link[0m[0m             = (known after apply)
      [32m+[0m [0m[1m[0mservice_label[0m[0m         = "tmp"
      [32m+[0m [0m[1m[0mservice_name[0m[0m          = (known after apply)
      [32m+[0m [0m[1m[0msubnetwork[0m[0m            = "https://www.googleapis.com/compute/v1/projects/tmp-prod-net-landing-0/regions/europe-west4/subnetworks/landing-untrusted-default-ew4"

      [32m+[0m [0mservice_directory_registrations {
          [32m+[0m [0m[1m[0mnamespace[0m[0m = (known after apply)
          [32m+[0m [0m[1m[0mservice[0m[0m   = (known after apply)
        }
    }

[1m  # module.ilb-nva-untrusted["secondary"].google_compute_health_check.default[0][0m will be created[0m[0m
[0m  [32m+[0m[0m resource "google_compute_health_check" "default" {
      [32m+[0m [0m[1m[0mcheck_interval_sec[0m[0m  = 5
      [32m+[0m [0m[1m[0mcreation_timestamp[0m[0m  = (known after apply)
      [32m+[0m [0m[1m[0mdescription[0m[0m         = "Terraform managed."
      [32m+[0m [0m[1m[0mhealthy_threshold[0m[0m   = 2
      [32m+[0m [0m[1m[0mid[0m[0m                  = (known after apply)
      [32m+[0m [0m[1m[0mname[0m[0m                = "nva-untrusted-secondary"
      [32m+[0m [0m[1m[0mproject[0m[0m             = "tmp-prod-net-landing-0"
      [32m+[0m [0m[1m[0mself_link[0m[0m           = (known after apply)
      [32m+[0m [0m[1m[0mtimeout_sec[0m[0m         = 5
      [32m+[0m [0m[1m[0mtype[0m[0m                = (known after apply)
      [32m+[0m [0m[1m[0munhealthy_threshold[0m[0m = 2

      [32m+[0m [0mlog_config {
          [32m+[0m [0m[1m[0menable[0m[0m = true
        }

      [32m+[0m [0mtcp_health_check {
          [32m+[0m [0m[1m[0mport[0m[0m         = 22
          [32m+[0m [0m[1m[0mproxy_header[0m[0m = "NONE"
        }
    }

[1m  # module.ilb-nva-untrusted["secondary"].google_compute_region_backend_service.default[0m will be created[0m[0m
[0m  [32m+[0m[0m resource "google_compute_region_backend_service" "default" {
      [32m+[0m [0m[1m[0mconnection_draining_timeout_sec[0m[0m = 0
      [32m+[0m [0m[1m[0mcreation_timestamp[0m[0m              = (known after apply)
      [32m+[0m [0m[1m[0mdescription[0m[0m                     = "Terraform managed."
      [32m+[0m [0m[1m[0mfingerprint[0m[0m                     = (known after apply)
      [32m+[0m [0m[1m[0mhealth_checks[0m[0m                   = (known after apply)
      [32m+[0m [0m[1m[0mid[0m[0m                              = (known after apply)
      [32m+[0m [0m[1m[0mload_balancing_scheme[0m[0m           = "INTERNAL"
      [32m+[0m [0m[1m[0mname[0m[0m                            = "nva-untrusted-secondary"
      [32m+[0m [0m[1m[0mnetwork[0m[0m                         = "https://www.googleapis.com/compute/v1/projects/tmp-prod-net-landing-0/global/networks/prod-untrusted-landing-0"
      [32m+[0m [0m[1m[0mport_name[0m[0m                       = (known after apply)
      [32m+[0m [0m[1m[0mproject[0m[0m                         = "tmp-prod-net-landing-0"
      [32m+[0m [0m[1m[0mprotocol[0m[0m                        = "TCP"
      [32m+[0m [0m[1m[0mregion[0m[0m                          = "europe-west4"
      [32m+[0m [0m[1m[0mself_link[0m[0m                       = (known after apply)
      [32m+[0m [0m[1m[0msession_affinity[0m[0m                = (known after apply)
      [32m+[0m [0m[1m[0mtimeout_sec[0m[0m                     = (known after apply)

      [32m+[0m [0mcdn_policy {
          [32m+[0m [0m[1m[0mcache_mode[0m[0m                   = (known after apply)
          [32m+[0m [0m[1m[0mclient_ttl[0m[0m                   = (known after apply)
          [32m+[0m [0m[1m[0mdefault_ttl[0m[0m                  = (known after apply)
          [32m+[0m [0m[1m[0mmax_ttl[0m[0m                      = (known after apply)
          [32m+[0m [0m[1m[0mnegative_caching[0m[0m             = (known after apply)
          [32m+[0m [0m[1m[0mserve_while_stale[0m[0m            = (known after apply)
          [32m+[0m [0m[1m[0msigned_url_cache_max_age_sec[0m[0m = (known after apply)

          [32m+[0m [0mcache_key_policy {
              [32m+[0m [0m[1m[0minclude_host[0m[0m           = (known after apply)
              [32m+[0m [0m[1m[0minclude_named_cookies[0m[0m  = (known after apply)
              [32m+[0m [0m[1m[0minclude_protocol[0m[0m       = (known after apply)
              [32m+[0m [0m[1m[0minclude_query_string[0m[0m   = (known after apply)
              [32m+[0m [0m[1m[0mquery_string_blacklist[0m[0m = (known after apply)
              [32m+[0m [0m[1m[0mquery_string_whitelist[0m[0m = (known after apply)
            }

          [32m+[0m [0mnegative_caching_policy {
              [32m+[0m [0m[1m[0mcode[0m[0m = (known after apply)
              [32m+[0m [0m[1m[0mttl[0m[0m  = (known after apply)
            }
        }

      [32m+[0m [0mlog_config {
          [32m+[0m [0m[1m[0menable[0m[0m      = (known after apply)
          [32m+[0m [0m[1m[0msample_rate[0m[0m = (known after apply)
        }
    }

[1m  # module.landing-nat-ew1.google_compute_router.router[0][0m has moved to [1mmodule.landing-nat-primary.google_compute_router.router[0][0m[0m[0m
[0m    resource "google_compute_router" "router" {
        [1m[0mid[0m[0m                            = "projects/tmp-prod-net-landing-0/regions/europe-west1/routers/prod-nat-ew1"
        [1m[0mname[0m[0m                          = "prod-nat-ew1"
        [90m# (6 unchanged attributes hidden)[0m[0m

        [90m# (1 unchanged block hidden)[0m[0m
    }

[1m  # module.landing-nat-ew1.google_compute_router_nat.nat[0m has moved to [1mmodule.landing-nat-primary.google_compute_router_nat.nat[0m[0m[0m
[0m    resource "google_compute_router_nat" "nat" {
        [1m[0mid[0m[0m                                  = "tmp-prod-net-landing-0/europe-west1/prod-nat-ew1/ew1"
        [1m[0mname[0m[0m                                = "ew1"
        [90m# (16 unchanged attributes hidden)[0m[0m

        [90m# (1 unchanged block hidden)[0m[0m
    }

[1m  # module.landing-nat-ew4.google_compute_router.router[0][0m has moved to [1mmodule.landing-nat-secondary.google_compute_router.router[0][0m[0m[0m
[0m    resource "google_compute_router" "router" {
        [1m[0mid[0m[0m                            = "projects/tmp-prod-net-landing-0/regions/europe-west4/routers/prod-nat-ew4"
        [1m[0mname[0m[0m                          = "prod-nat-ew4"
        [90m# (6 unchanged attributes hidden)[0m[0m

        [90m# (1 unchanged block hidden)[0m[0m
    }

[1m  # module.landing-nat-ew4.google_compute_router_nat.nat[0m has moved to [1mmodule.landing-nat-secondary.google_compute_router_nat.nat[0m[0m[0m
[0m    resource "google_compute_router_nat" "nat" {
        [1m[0mid[0m[0m                                  = "tmp-prod-net-landing-0/europe-west4/prod-nat-ew4/ew4"
        [1m[0mname[0m[0m                                = "ew4"
        [90m# (16 unchanged attributes hidden)[0m[0m

        [90m# (1 unchanged block hidden)[0m[0m
    }

[1m  # module.landing-to-onprem-ew1-vpn[0].google_compute_external_vpn_gateway.external_gateway[0][0m has moved to [1mmodule.landing-to-onprem-primary-vpn[0].google_compute_external_vpn_gateway.external_gateway[0][0m[0m[0m
[0m    resource "google_compute_external_vpn_gateway" "external_gateway" {
        [1m[0mid[0m[0m              = "projects/tmp-prod-net-landing-0/global/externalVpnGateways/external-vpn-to-onprem-ew1"
        [1m[0mname[0m[0m            = "external-vpn-to-onprem-ew1"
        [90m# (5 unchanged attributes hidden)[0m[0m

        [90m# (1 unchanged block hidden)[0m[0m
    }

[1m  # module.landing-to-onprem-ew1-vpn[0].google_compute_ha_vpn_gateway.ha_gateway[0][0m has moved to [1mmodule.landing-to-onprem-primary-vpn[0].google_compute_ha_vpn_gateway.ha_gateway[0][0m[0m[0m
[0m    resource "google_compute_ha_vpn_gateway" "ha_gateway" {
        [1m[0mid[0m[0m        = "projects/tmp-prod-net-landing-0/regions/europe-west1/vpnGateways/vpn-to-onprem-ew1"
        [1m[0mname[0m[0m      = "vpn-to-onprem-ew1"
        [90m# (4 unchanged attributes hidden)[0m[0m

        [90m# (2 unchanged blocks hidden)[0m[0m
    }

[1m  # module.landing-to-onprem-ew1-vpn[0].google_compute_router.router[0][0m has moved to [1mmodule.landing-to-onprem-primary-vpn[0].google_compute_router.router[0][0m[0m[0m
[0m    resource "google_compute_router" "router" {
        [1m[0mid[0m[0m                            = "projects/tmp-prod-net-landing-0/regions/europe-west1/routers/landing-onprem-vpn-ew1"
        [1m[0mname[0m[0m                          = "landing-onprem-vpn-ew1"
        [90m# (6 unchanged attributes hidden)[0m[0m

        [90m# (1 unchanged block hidden)[0m[0m
    }

[1m  # module.landing-to-onprem-ew1-vpn[0].google_compute_router_interface.router_interface["remote-0-0"][0m has moved to [1mmodule.landing-to-onprem-primary-vpn[0].google_compute_router_interface.router_interface["remote-0-0"][0m[0m[0m
[0m    resource "google_compute_router_interface" "router_interface" {
        [1m[0mid[0m[0m         = "europe-west1/landing-onprem-vpn-ew1/vpn-to-onprem-ew1-remote-0-0"
        [1m[0mname[0m[0m       = "vpn-to-onprem-ew1-remote-0-0"
        [90m# (5 unchanged attributes hidden)[0m[0m
    }

[1m  # module.landing-to-onprem-ew1-vpn[0].google_compute_router_interface.router_interface["remote-1-0"][0m has moved to [1mmodule.landing-to-onprem-primary-vpn[0].google_compute_router_interface.router_interface["remote-1-0"][0m[0m[0m
[0m    resource "google_compute_router_interface" "router_interface" {
        [1m[0mid[0m[0m         = "europe-west1/landing-onprem-vpn-ew1/vpn-to-onprem-ew1-remote-1-0"
        [1m[0mname[0m[0m       = "vpn-to-onprem-ew1-remote-1-0"
        [90m# (5 unchanged attributes hidden)[0m[0m
    }

[1m  # module.landing-to-onprem-primary-vpn[0].google_compute_router_peer.bgp_peer["remote-0-0"][0m will be updated in-place[0m[0m
[0m  # [0m(moved from module.landing-to-onprem-ew1-vpn[0].google_compute_router_peer.bgp_peer["remote-0-0"])
[0m  [33m~[0m[0m resource "google_compute_router_peer" "bgp_peer" {
      [33m~[0m [0m[1m[0madvertise_mode[0m[0m            = "DEFAULT" [33m->[0m [0m"CUSTOM"
        [1m[0mid[0m[0m                        = "projects/tmp-prod-net-landing-0/regions/europe-west1/routers/landing-onprem-vpn-ew1/vpn-to-onprem-ew1-remote-0-0"
        [1m[0mname[0m[0m                      = "vpn-to-onprem-ew1-remote-0-0"
        [90m# (10 unchanged attributes hidden)[0m[0m

      [32m+[0m [0madvertised_ip_ranges {
          [32m+[0m [0m[1m[0mdescription[0m[0m = "gcp_all"
          [32m+[0m [0m[1m[0mrange[0m[0m       = "10.128.0.0/16"
        }
      [32m+[0m [0madvertised_ip_ranges {
          [32m+[0m [0m[1m[0mdescription[0m[0m = "googleapis_restricted"
          [32m+[0m [0m[1m[0mrange[0m[0m       = "199.36.153.4/30"
        }
      [32m+[0m [0madvertised_ip_ranges {
          [32m+[0m [0m[1m[0mdescription[0m[0m = "googleapis_private"
          [32m+[0m [0m[1m[0mrange[0m[0m       = "199.36.153.8/30"
        }
      [32m+[0m [0madvertised_ip_ranges {
          [32m+[0m [0m[1m[0mdescription[0m[0m = "cloud_dns"
          [32m+[0m [0m[1m[0mrange[0m[0m       = "35.199.192.0/19"
        }

        [90m# (1 unchanged block hidden)[0m[0m
    }

[1m  # module.landing-to-onprem-primary-vpn[0].google_compute_router_peer.bgp_peer["remote-1-0"][0m will be updated in-place[0m[0m
[0m  # [0m(moved from module.landing-to-onprem-ew1-vpn[0].google_compute_router_peer.bgp_peer["remote-1-0"])
[0m  [33m~[0m[0m resource "google_compute_router_peer" "bgp_peer" {
      [33m~[0m [0m[1m[0madvertise_mode[0m[0m            = "DEFAULT" [33m->[0m [0m"CUSTOM"
        [1m[0mid[0m[0m                        = "projects/tmp-prod-net-landing-0/regions/europe-west1/routers/landing-onprem-vpn-ew1/vpn-to-onprem-ew1-remote-1-0"
        [1m[0mname[0m[0m                      = "vpn-to-onprem-ew1-remote-1-0"
        [90m# (10 unchanged attributes hidden)[0m[0m

      [32m+[0m [0madvertised_ip_ranges {
          [32m+[0m [0m[1m[0mdescription[0m[0m = "gcp_all"
          [32m+[0m [0m[1m[0mrange[0m[0m       = "10.128.0.0/16"
        }
      [32m+[0m [0madvertised_ip_ranges {
          [32m+[0m [0m[1m[0mdescription[0m[0m = "googleapis_restricted"
          [32m+[0m [0m[1m[0mrange[0m[0m       = "199.36.153.4/30"
        }
      [32m+[0m [0madvertised_ip_ranges {
          [32m+[0m [0m[1m[0mdescription[0m[0m = "googleapis_private"
          [32m+[0m [0m[1m[0mrange[0m[0m       = "199.36.153.8/30"
        }
      [32m+[0m [0madvertised_ip_ranges {
          [32m+[0m [0m[1m[0mdescription[0m[0m = "cloud_dns"
          [32m+[0m [0m[1m[0mrange[0m[0m       = "35.199.192.0/19"
        }

        [90m# (1 unchanged block hidden)[0m[0m
    }

[1m  # module.landing-to-onprem-ew1-vpn[0].google_compute_vpn_tunnel.tunnels["remote-0-0"][0m has moved to [1mmodule.landing-to-onprem-primary-vpn[0].google_compute_vpn_tunnel.tunnels["remote-0-0"][0m[0m[0m
[0m    resource "google_compute_vpn_tunnel" "tunnels" {
        [1m[0mid[0m[0m                              = "projects/tmp-prod-net-landing-0/regions/europe-west1/vpnTunnels/vpn-to-onprem-ew1-remote-0-0"
        [1m[0mname[0m[0m                            = "vpn-to-onprem-ew1-remote-0-0"
        [90m# (17 unchanged attributes hidden)[0m[0m
    }

[1m  # module.landing-to-onprem-ew1-vpn[0].google_compute_vpn_tunnel.tunnels["remote-1-0"][0m has moved to [1mmodule.landing-to-onprem-primary-vpn[0].google_compute_vpn_tunnel.tunnels["remote-1-0"][0m[0m[0m
[0m    resource "google_compute_vpn_tunnel" "tunnels" {
        [1m[0mid[0m[0m                              = "projects/tmp-prod-net-landing-0/regions/europe-west1/vpnTunnels/vpn-to-onprem-ew1-remote-1-0"
        [1m[0mname[0m[0m                            = "vpn-to-onprem-ew1-remote-1-0"
        [90m# (17 unchanged attributes hidden)[0m[0m
    }

[1m  # module.landing-to-onprem-ew1-vpn[0].random_id.secret[0m has moved to [1mmodule.landing-to-onprem-primary-vpn[0].random_id.secret[0m[0m[0m
[0m    resource "random_id" "secret" {
        [1m[0mid[0m[0m          = "U5Flgt7pVbk"
        [90m# (5 unchanged attributes hidden)[0m[0m
    }

[1m  # module.landing-to-onprem-ew4-vpn[0].google_compute_external_vpn_gateway.external_gateway[0][0m has moved to [1mmodule.landing-to-onprem-secondary-vpn[0].google_compute_external_vpn_gateway.external_gateway[0][0m[0m[0m
[0m    resource "google_compute_external_vpn_gateway" "external_gateway" {
        [1m[0mid[0m[0m              = "projects/tmp-prod-net-landing-0/global/externalVpnGateways/external-vpn-to-onprem-ew4"
        [1m[0mname[0m[0m            = "external-vpn-to-onprem-ew4"
        [90m# (5 unchanged attributes hidden)[0m[0m

        [90m# (1 unchanged block hidden)[0m[0m
    }

[1m  # module.landing-to-onprem-ew4-vpn[0].google_compute_ha_vpn_gateway.ha_gateway[0][0m has moved to [1mmodule.landing-to-onprem-secondary-vpn[0].google_compute_ha_vpn_gateway.ha_gateway[0][0m[0m[0m
[0m    resource "google_compute_ha_vpn_gateway" "ha_gateway" {
        [1m[0mid[0m[0m        = "projects/tmp-prod-net-landing-0/regions/europe-west4/vpnGateways/vpn-to-onprem-ew4"
        [1m[0mname[0m[0m      = "vpn-to-onprem-ew4"
        [90m# (4 unchanged attributes hidden)[0m[0m

        [90m# (2 unchanged blocks hidden)[0m[0m
    }

[1m  # module.landing-to-onprem-ew4-vpn[0].google_compute_router.router[0][0m has moved to [1mmodule.landing-to-onprem-secondary-vpn[0].google_compute_router.router[0][0m[0m[0m
[0m    resource "google_compute_router" "router" {
        [1m[0mid[0m[0m                            = "projects/tmp-prod-net-landing-0/regions/europe-west4/routers/landing-onprem-vpn-ew4"
        [1m[0mname[0m[0m                          = "landing-onprem-vpn-ew4"
        [90m# (6 unchanged attributes hidden)[0m[0m

        [90m# (1 unchanged block hidden)[0m[0m
    }

[1m  # module.landing-to-onprem-ew4-vpn[0].google_compute_router_interface.router_interface["remote-0-0"][0m has moved to [1mmodule.landing-to-onprem-secondary-vpn[0].google_compute_router_interface.router_interface["remote-0-0"][0m[0m[0m
[0m    resource "google_compute_router_interface" "router_interface" {
        [1m[0mid[0m[0m         = "europe-west4/landing-onprem-vpn-ew4/vpn-to-onprem-ew4-remote-0-0"
        [1m[0mname[0m[0m       = "vpn-to-onprem-ew4-remote-0-0"
        [90m# (5 unchanged attributes hidden)[0m[0m
    }

[1m  # module.landing-to-onprem-ew4-vpn[0].google_compute_router_interface.router_interface["remote-1-0"][0m has moved to [1mmodule.landing-to-onprem-secondary-vpn[0].google_compute_router_interface.router_interface["remote-1-0"][0m[0m[0m
[0m    resource "google_compute_router_interface" "router_interface" {
        [1m[0mid[0m[0m         = "europe-west4/landing-onprem-vpn-ew4/vpn-to-onprem-ew4-remote-1-0"
        [1m[0mname[0m[0m       = "vpn-to-onprem-ew4-remote-1-0"
        [90m# (5 unchanged attributes hidden)[0m[0m
    }

[1m  # module.landing-to-onprem-secondary-vpn[0].google_compute_router_peer.bgp_peer["remote-0-0"][0m will be updated in-place[0m[0m
[0m  # [0m(moved from module.landing-to-onprem-ew4-vpn[0].google_compute_router_peer.bgp_peer["remote-0-0"])
[0m  [33m~[0m[0m resource "google_compute_router_peer" "bgp_peer" {
      [33m~[0m [0m[1m[0madvertise_mode[0m[0m            = "DEFAULT" [33m->[0m [0m"CUSTOM"
        [1m[0mid[0m[0m                        = "projects/tmp-prod-net-landing-0/regions/europe-west4/routers/landing-onprem-vpn-ew4/vpn-to-onprem-ew4-remote-0-0"
        [1m[0mname[0m[0m                      = "vpn-to-onprem-ew4-remote-0-0"
        [90m# (10 unchanged attributes hidden)[0m[0m

      [32m+[0m [0madvertised_ip_ranges {
          [32m+[0m [0m[1m[0mdescription[0m[0m = "gcp_all"
          [32m+[0m [0m[1m[0mrange[0m[0m       = "10.128.0.0/16"
        }
      [32m+[0m [0madvertised_ip_ranges {
          [32m+[0m [0m[1m[0mdescription[0m[0m = "googleapis_restricted"
          [32m+[0m [0m[1m[0mrange[0m[0m       = "199.36.153.4/30"
        }
      [32m+[0m [0madvertised_ip_ranges {
          [32m+[0m [0m[1m[0mdescription[0m[0m = "googleapis_private"
          [32m+[0m [0m[1m[0mrange[0m[0m       = "199.36.153.8/30"
        }
      [32m+[0m [0madvertised_ip_ranges {
          [32m+[0m [0m[1m[0mdescription[0m[0m = "cloud_dns"
          [32m+[0m [0m[1m[0mrange[0m[0m       = "35.199.192.0/19"
        }

        [90m# (1 unchanged block hidden)[0m[0m
    }

[1m  # module.landing-to-onprem-secondary-vpn[0].google_compute_router_peer.bgp_peer["remote-1-0"][0m will be updated in-place[0m[0m
[0m  # [0m(moved from module.landing-to-onprem-ew4-vpn[0].google_compute_router_peer.bgp_peer["remote-1-0"])
[0m  [33m~[0m[0m resource "google_compute_router_peer" "bgp_peer" {
      [33m~[0m [0m[1m[0madvertise_mode[0m[0m            = "DEFAULT" [33m->[0m [0m"CUSTOM"
        [1m[0mid[0m[0m                        = "projects/tmp-prod-net-landing-0/regions/europe-west4/routers/landing-onprem-vpn-ew4/vpn-to-onprem-ew4-remote-1-0"
        [1m[0mname[0m[0m                      = "vpn-to-onprem-ew4-remote-1-0"
        [90m# (10 unchanged attributes hidden)[0m[0m

      [32m+[0m [0madvertised_ip_ranges {
          [32m+[0m [0m[1m[0mdescription[0m[0m = "gcp_all"
          [32m+[0m [0m[1m[0mrange[0m[0m       = "10.128.0.0/16"
        }
      [32m+[0m [0madvertised_ip_ranges {
          [32m+[0m [0m[1m[0mdescription[0m[0m = "googleapis_restricted"
          [32m+[0m [0m[1m[0mrange[0m[0m       = "199.36.153.4/30"
        }
      [32m+[0m [0madvertised_ip_ranges {
          [32m+[0m [0m[1m[0mdescription[0m[0m = "googleapis_private"
          [32m+[0m [0m[1m[0mrange[0m[0m       = "199.36.153.8/30"
        }
      [32m+[0m [0madvertised_ip_ranges {
          [32m+[0m [0m[1m[0mdescription[0m[0m = "cloud_dns"
          [32m+[0m [0m[1m[0mrange[0m[0m       = "35.199.192.0/19"
        }

        [90m# (1 unchanged block hidden)[0m[0m
    }

[1m  # module.landing-to-onprem-ew4-vpn[0].google_compute_vpn_tunnel.tunnels["remote-0-0"][0m has moved to [1mmodule.landing-to-onprem-secondary-vpn[0].google_compute_vpn_tunnel.tunnels["remote-0-0"][0m[0m[0m
[0m    resource "google_compute_vpn_tunnel" "tunnels" {
        [1m[0mid[0m[0m                              = "projects/tmp-prod-net-landing-0/regions/europe-west4/vpnTunnels/vpn-to-onprem-ew4-remote-0-0"
        [1m[0mname[0m[0m                            = "vpn-to-onprem-ew4-remote-0-0"
        [90m# (17 unchanged attributes hidden)[0m[0m
    }

[1m  # module.landing-to-onprem-ew4-vpn[0].google_compute_vpn_tunnel.tunnels["remote-1-0"][0m has moved to [1mmodule.landing-to-onprem-secondary-vpn[0].google_compute_vpn_tunnel.tunnels["remote-1-0"][0m[0m[0m
[0m    resource "google_compute_vpn_tunnel" "tunnels" {
        [1m[0mid[0m[0m                              = "projects/tmp-prod-net-landing-0/regions/europe-west4/vpnTunnels/vpn-to-onprem-ew4-remote-1-0"
        [1m[0mname[0m[0m                            = "vpn-to-onprem-ew4-remote-1-0"
        [90m# (17 unchanged attributes hidden)[0m[0m
    }

[1m  # module.landing-to-onprem-ew4-vpn[0].random_id.secret[0m has moved to [1mmodule.landing-to-onprem-secondary-vpn[0].random_id.secret[0m[0m[0m
[0m    resource "random_id" "secret" {
        [1m[0mid[0m[0m          = "iHnm8cZxUy4"
        [90m# (5 unchanged attributes hidden)[0m[0m
    }

[1m  # module.nva["europe-west1-b"].google_compute_instance.default[0][0m will be updated in-place[0m[0m
[0m  [33m~[0m[0m resource "google_compute_instance" "default" {
        [1m[0mid[0m[0m                        = "projects/tmp-prod-net-landing-0/zones/europe-west1-b/instances/nva-ew1-b"
      [33m~[0m [0m[1m[0mmetadata[0m[0m                  = {
          [33m~[0m [0m"user-data" = <<-EOT
                #cloud-config
                
                # Copyright 2022 Google LLC
                #
                # Licensed under the Apache License, Version 2.0 (the "License");
                # you may not use this file except in compliance with the License.
                # You may obtain a copy of the License at
                #
                #     https://www.apache.org/licenses/LICENSE-2.0
                #
                # Unless required by applicable law or agreed to in writing, software
                # distributed under the License is distributed on an "AS IS" BASIS,
                # WITHOUT WARRANTIES OR CONDITIONS OF ANY KIND, either express or implied.
                # See the License for the specific language governing permissions and
                # limitations under the License.
                
                users:
                - name: frr
                  uid: 2000
                
                write_files:
                
                  - path: /var/run/nva/ipprefix_by_netmask.sh
                    owner: root
                    permissions: 0744
                    content: |
                      #!/bin/bash
                      
                      # Copyright 2022 Google LLC
                      #
                      # Licensed under the Apache License, Version 2.0 (the "License");
                      # you may not use this file except in compliance with the License.
                      # You may obtain a copy of the License at
                      #
                      #      http://www.apache.org/licenses/LICENSE-2.0
                      #
                      # Unless required by applicable law or agreed to in writing, software
                      # distributed under the License is distributed on an "AS IS" BASIS,
                      # WITHOUT WARRANTIES OR CONDITIONS OF ANY KIND, either express or implied.
                      # See the License for the specific language governing permissions and
                      # limitations under the License.
                      
                      # https://stackoverflow.com/questions/50413579/bash-convert-netmask-in-cidr-notation
                      c=0 x=0$(printf '%o' ${1//./ })
                      while [ $x -gt 0 ]; do
                        let c+=$((x % 2)) 'x>>=1'
                      done
                      echo $c
                      
                
                  - path: /var/run/nva/policy_based_routing.sh
                    owner: root
                    permissions: 0744
                    content: |
                      #!/bin/bash
                      
                      # Copyright 2022 Google LLC
                      #
                      # Licensed under the Apache License, Version 2.0 (the "License");
                      # you may not use this file except in compliance with the License.
                      # You may obtain a copy of the License at
                      #
                      #      http://www.apache.org/licenses/LICENSE-2.0
                      #
                      # Unless required by applicable law or agreed to in writing, software
                      # distributed under the License is distributed on an "AS IS" BASIS,
                      # WITHOUT WARRANTIES OR CONDITIONS OF ANY KIND, either express or implied.
                      # See the License for the specific language governing permissions and
                      # limitations under the License.
                      
                      IF_NAME=$1
                      IP_LB=$(ip r show table local | grep "$IF_NAME proto 66" | cut -f 2 -d " ")
                      
                      # If there's a load balancer for this IF...
                      if [ ! -z $IP_LB ] 
                      then
                        IF_NUMBER=$(echo $IF_NAME | sed -e s/eth//)
                        IF_GW=$(curl http://metadata.google.internal/computeMetadata/v1/instance/network-interfaces/$IF_NUMBER/gateway -H "Metadata-Flavor: Google")
                        IF_IP=$(curl http://metadata.google.internal/computeMetadata/v1/instance/network-interfaces/$IF_NUMBER/ip -H "Metadata-Flavor: Google")
                        IF_NETMASK=$(curl http://metadata.google.internal/computeMetadata/v1/instance/network-interfaces/$IF_NUMBER/subnetmask -H "Metadata-Flavor: Google")
                        IF_IP_PREFIX=$(/var/run/nva/ipprefix_by_netmask.sh $IF_NETMASK)
                        grep -qxF "$((200 + $IF_NUMBER)) hc-$IF_NAME" /etc/iproute2/rt_tables || echo "$((200 + $IF_NUMBER)) hc-$IF_NAME" >>/etc/iproute2/rt_tables
                        ip route add $IF_GW src $IF_IP dev $IF_NAME table hc-$IF_NAME
                        ip route add default via $IF_GW dev $IF_NAME table hc-$IF_NAME
                        ip rule add from $IP_LB/32 table hc-$IF_NAME
                      fi
                      
                
                  - path: /etc/systemd/system/routing.service
                    permissions: 0644
                    owner: root
                    content: |
                      [Install]
                      WantedBy=multi-user.target
                      [Unit]
                      Description=Start routing
                      After=network-online.target
                      Wants=network-online.target
                      [Service]
                      ExecStart=/bin/sh -c "/var/run/nva/start-routing.sh"
                  - path: /var/run/nva/start-routing.sh
                    permissions: 0744
                    owner: root
                    content: |
                      iptables --policy FORWARD ACCEPT
                      /var/run/nva/policy_based_routing.sh eth0
                      ip route add 10.128.0.0/19 via `curl http://metadata.google.internal/computeMetadata/v1/instance/network-interfaces/0/gateway -H "Metadata-Flavor:Google"` dev eth0
                      ip route add 10.128.32.0/19 via `curl http://metadata.google.internal/computeMetadata/v1/instance/network-interfaces/0/gateway -H "Metadata-Flavor:Google"` dev eth0
                      /var/run/nva/policy_based_routing.sh eth1
              [31m-[0m [0m      ip route add 192.168.0.0/16 via `curl http://metadata.google.internal/computeMetadata/v1/instance/network-interfaces/1/gateway -H "Metadata-Flavor:Google"` dev eth1
              [32m+[0m [0m      ip route add 10.0.0.0/8 via `curl http://metadata.google.internal/computeMetadata/v1/instance/network-interfaces/1/gateway -H "Metadata-Flavor:Google"` dev eth1
                      ip route add 172.16.0.0/12 via `curl http://metadata.google.internal/computeMetadata/v1/instance/network-interfaces/1/gateway -H "Metadata-Flavor:Google"` dev eth1
              [32m+[0m [0m      ip route add 192.168.0.0/16 via `curl http://metadata.google.internal/computeMetadata/v1/instance/network-interfaces/1/gateway -H "Metadata-Flavor:Google"` dev eth1
                      ip route add 10.128.64.0/19 via `curl http://metadata.google.internal/computeMetadata/v1/instance/network-interfaces/1/gateway -H "Metadata-Flavor:Google"` dev eth1
                      ip route add 10.128.96.0/19 via `curl http://metadata.google.internal/computeMetadata/v1/instance/network-interfaces/1/gateway -H "Metadata-Flavor:Google"` dev eth1
              [31m-[0m [0m      ip route add 10.0.0.0/8 via `curl http://metadata.google.internal/computeMetadata/v1/instance/network-interfaces/1/gateway -H "Metadata-Flavor:Google"` dev eth1
                  - path: /var/lib/docker/daemon.json
                    permissions: 0644
                    owner: root
                    content: |
                      {
                        "live-restore": true,
                        "storage-driver": "overlay2",
                        "log-opts": {
                          "max-size": "1024m"
                        }
                      }
                  - path: /etc/frr/frr.conf
                    permissions: 0644
                    owner: root
                    content: |
                      log syslog informational
                      no ipv6 forwarding
                      service integrated-vtysh-config
                      interface lo
                       ip address 10.128.0.101/32
                      route-map ALLOW-ALL permit 100
                      route-map PRIMARY permit 10
                        set metric 100
                      route-map SECONDARY permit 20
                        set metric 10100
                      route-map NVA-TO-NVA permit 30
                        set metric 50
                      router bgp 65514 view trusted
                       no bgp ebgp-requires-policy
                       no bgp network import-check
                       neighbor 10.128.64.201 remote-as 64515
                       neighbor 10.128.64.202 remote-as 64515
                       address-family ipv4 unicast
                        neighbor 10.128.64.201 activate
                        neighbor 10.128.64.201 soft-reconfiguration inbound
                        neighbor 10.128.64.202 activate
                        neighbor 10.128.64.202 soft-reconfiguration inbound
                        network 10.128.0.0/24 route-map PRIMARY
                        network 0.0.0.0/0 route-map PRIMARY
                        network 10.128.32.0/24 route-map SECONDARY
                       exit-address-family
                      router bgp 65514
                       bgp router-id 10.128.0.101
                       no bgp ebgp-requires-policy
                       no bgp network import-check
                       neighbor 10.128.32.101 remote-as 65513
                       neighbor 10.128.32.101 update-source lo
                       neighbor 10.128.32.101 ebgp-multihop 2
                       neighbor 10.128.32.101 next-hop-self
                       neighbor 10.128.32.102 remote-as 65513
                       neighbor 10.128.32.102 update-source lo
                       neighbor 10.128.32.102 ebgp-multihop 2
                       neighbor 10.128.32.102 next-hop-self
                       address-family ipv4 unicast
                        neighbor 10.128.32.101 activate
                        neighbor 10.128.32.101 soft-reconfiguration inbound
                        neighbor 10.128.32.102 activate
                        neighbor 10.128.32.102 soft-reconfiguration inbound
                        network 10.128.192.0/24 route-map NVA-TO-NVA
                        network 10.128.128.0/24 route-map NVA-TO-NVA
                        network 10.128.48.0/24 route-map NVA-TO-NVA
                       exit-address-family
                      router bgp 65514 view untrusted
                       no bgp ebgp-requires-policy
                       no bgp network import-check
                       neighbor 10.128.0.201 remote-as 64515
                       neighbor 10.128.0.202 remote-as 64515
                       address-family ipv4 unicast
                        neighbor 10.128.0.201 activate
                        neighbor 10.128.0.201 soft-reconfiguration inbound
                        neighbor 10.128.0.202 activate
                        neighbor 10.128.0.202 soft-reconfiguration inbound
                        network 10.128.64.0/24 route-map PRIMARY
                        network 10.0.0.0/8 route-map PRIMARY
                        network 172.16.0.0/12 route-map PRIMARY
                        network 192.168.0.0/16 route-map PRIMARY
                        network 10.128.96.0/24 route-map SECONDARY
                        network 10.128.128.0/24 route-map PRIMARY
                        network 10.128.48.0/24 route-map PRIMARY
                        network 10.128.192.0/24 route-map PRIMARY
                       exit-address-family
                      line vty
                  - path: /etc/frr/daemons
                    permissions: 0644
                    owner: root
                    content: |
                      zebra=no
                      bgpd=yes
                      ospfd=no
                      ospf6d=no
                      ripd=no
                      ripngd=no
                      isisd=no
                      pimd=no
                      ldpd=no
                      nhrpd=no
                      eigrpd=no
                      babeld=no
                      sharpd=no
                      staticd=no
                      pbrd=no
                      bfdd=no
                      fabricd=no
                      
                      #
                      # If this option is set the /etc/init.d/frr script automatically loads
                      # the config via "vtysh -b" when the servers are started.
                      # Check /etc/pam.d/frr if you intend to use "vtysh"!
                      #
                      vtysh_enable=yes
                      zebra_options="  -A 127.0.0.1 -s 90000000"
                      bgpd_options="   -A 127.0.0.1"
                      ospfd_options="  --daemon -A 127.0.0.1"
                      ospf6d_options=" --daemon -A ::1"
                      ripd_options="   --daemon -A 127.0.0.1"
                      ripngd_options=" --daemon -A ::1"
                      isisd_options="  --daemon -A 127.0.0.1"
                      pimd_options="  --daemon -A 127.0.0.1"
                      ldpd_options="  --daemon -A 127.0.0.1"
                      nhrpd_options="  --daemon -A 127.0.0.1"
                      eigrpd_options="  --daemon -A 127.0.0.1"
                      babeld_options="  --daemon -A 127.0.0.1"
                      sharpd_options="  --daemon -A 127.0.0.1"
                      staticd_options="  --daemon -A 127.0.0.1"
                      pbrd_options="  --daemon -A 127.0.0.1"
                      bfdd_options="  --daemon -A 127.0.0.1"
                      fabricd_options="  --daemon -A 127.0.0.1"
                      
                      #MAX_FDS=1024
                      # The list of daemons to watch is automatically generated by the init script.
                      #watchfrr_options=""
                      
                      # for debugging purposes, you can specify a "wrap" command to start instead
                      # of starting the daemon directly, e.g. to use valgrind on ospfd:
                      #   ospfd_wrap="/usr/bin/valgrind"
                      # or you can use "all_wrap" for all daemons, e.g. to use perf record:
                      #   all_wrap="/usr/bin/perf record --call-graph -"
                      # the normal daemon command is added to this at the end.
                  # squid container service
                  - path: /etc/systemd/system/frr.service
                    permissions: 0644
                    owner: root
                    content: |
                      [Unit]
                      Description=Start FRR container
                      After=gcr-online.target docker.socket
                      Wants=gcr-online.target docker.socket docker-events-collector.service
                
                      [Service]
                      Environment="HOME=/home/frr"
                      ExecStart=/usr/bin/docker run --rm --name=frr \
                        --privileged \
                        --network host \
                        -v /etc/frr:/etc/frr \
                        frrouting/frr
                      ExecStop=/usr/bin/docker stop frr
                      ExecStopPost=/usr/bin/docker rm frr
                
                bootcmd:
                  - systemctl start node-problem-detector
                
                runcmd:
                  - iptables -I INPUT 1 -p tcp -m tcp --dport 179 -m state --state NEW,ESTABLISHED -j ACCEPT
                  - systemctl daemon-reload
                  - systemctl start frr
                  - systemctl enable routing
                  - systemctl start routing
            EOT
        }
        [1m[0mname[0m[0m                      = "nva-ew1-b"
        [1m[0mtags[0m[0m                      = [
            "nva",
        ]
        [90m# (18 unchanged attributes hidden)[0m[0m

        [90m# (6 unchanged blocks hidden)[0m[0m
    }

[1m  # module.nva["europe-west1-c"].google_compute_instance.default[0][0m will be updated in-place[0m[0m
[0m  [33m~[0m[0m resource "google_compute_instance" "default" {
        [1m[0mid[0m[0m                        = "projects/tmp-prod-net-landing-0/zones/europe-west1-c/instances/nva-ew1-c"
      [33m~[0m [0m[1m[0mmetadata[0m[0m                  = {
          [33m~[0m [0m"user-data" = <<-EOT
                #cloud-config
                
                # Copyright 2022 Google LLC
                #
                # Licensed under the Apache License, Version 2.0 (the "License");
                # you may not use this file except in compliance with the License.
                # You may obtain a copy of the License at
                #
                #     https://www.apache.org/licenses/LICENSE-2.0
                #
                # Unless required by applicable law or agreed to in writing, software
                # distributed under the License is distributed on an "AS IS" BASIS,
                # WITHOUT WARRANTIES OR CONDITIONS OF ANY KIND, either express or implied.
                # See the License for the specific language governing permissions and
                # limitations under the License.
                
                users:
                - name: frr
                  uid: 2000
                
                write_files:
                
                  - path: /var/run/nva/ipprefix_by_netmask.sh
                    owner: root
                    permissions: 0744
                    content: |
                      #!/bin/bash
                      
                      # Copyright 2022 Google LLC
                      #
                      # Licensed under the Apache License, Version 2.0 (the "License");
                      # you may not use this file except in compliance with the License.
                      # You may obtain a copy of the License at
                      #
                      #      http://www.apache.org/licenses/LICENSE-2.0
                      #
                      # Unless required by applicable law or agreed to in writing, software
                      # distributed under the License is distributed on an "AS IS" BASIS,
                      # WITHOUT WARRANTIES OR CONDITIONS OF ANY KIND, either express or implied.
                      # See the License for the specific language governing permissions and
                      # limitations under the License.
                      
                      # https://stackoverflow.com/questions/50413579/bash-convert-netmask-in-cidr-notation
                      c=0 x=0$(printf '%o' ${1//./ })
                      while [ $x -gt 0 ]; do
                        let c+=$((x % 2)) 'x>>=1'
                      done
                      echo $c
                      
                
                  - path: /var/run/nva/policy_based_routing.sh
                    owner: root
                    permissions: 0744
                    content: |
                      #!/bin/bash
                      
                      # Copyright 2022 Google LLC
                      #
                      # Licensed under the Apache License, Version 2.0 (the "License");
                      # you may not use this file except in compliance with the License.
                      # You may obtain a copy of the License at
                      #
                      #      http://www.apache.org/licenses/LICENSE-2.0
                      #
                      # Unless required by applicable law or agreed to in writing, software
                      # distributed under the License is distributed on an "AS IS" BASIS,
                      # WITHOUT WARRANTIES OR CONDITIONS OF ANY KIND, either express or implied.
                      # See the License for the specific language governing permissions and
                      # limitations under the License.
                      
                      IF_NAME=$1
                      IP_LB=$(ip r show table local | grep "$IF_NAME proto 66" | cut -f 2 -d " ")
                      
                      # If there's a load balancer for this IF...
                      if [ ! -z $IP_LB ] 
                      then
                        IF_NUMBER=$(echo $IF_NAME | sed -e s/eth//)
                        IF_GW=$(curl http://metadata.google.internal/computeMetadata/v1/instance/network-interfaces/$IF_NUMBER/gateway -H "Metadata-Flavor: Google")
                        IF_IP=$(curl http://metadata.google.internal/computeMetadata/v1/instance/network-interfaces/$IF_NUMBER/ip -H "Metadata-Flavor: Google")
                        IF_NETMASK=$(curl http://metadata.google.internal/computeMetadata/v1/instance/network-interfaces/$IF_NUMBER/subnetmask -H "Metadata-Flavor: Google")
                        IF_IP_PREFIX=$(/var/run/nva/ipprefix_by_netmask.sh $IF_NETMASK)
                        grep -qxF "$((200 + $IF_NUMBER)) hc-$IF_NAME" /etc/iproute2/rt_tables || echo "$((200 + $IF_NUMBER)) hc-$IF_NAME" >>/etc/iproute2/rt_tables
                        ip route add $IF_GW src $IF_IP dev $IF_NAME table hc-$IF_NAME
                        ip route add default via $IF_GW dev $IF_NAME table hc-$IF_NAME
                        ip rule add from $IP_LB/32 table hc-$IF_NAME
                      fi
                      
                
                  - path: /etc/systemd/system/routing.service
                    permissions: 0644
                    owner: root
                    content: |
                      [Install]
                      WantedBy=multi-user.target
                      [Unit]
                      Description=Start routing
                      After=network-online.target
                      Wants=network-online.target
                      [Service]
                      ExecStart=/bin/sh -c "/var/run/nva/start-routing.sh"
                  - path: /var/run/nva/start-routing.sh
                    permissions: 0744
                    owner: root
                    content: |
                      iptables --policy FORWARD ACCEPT
                      /var/run/nva/policy_based_routing.sh eth0
                      ip route add 10.128.0.0/19 via `curl http://metadata.google.internal/computeMetadata/v1/instance/network-interfaces/0/gateway -H "Metadata-Flavor:Google"` dev eth0
                      ip route add 10.128.32.0/19 via `curl http://metadata.google.internal/computeMetadata/v1/instance/network-interfaces/0/gateway -H "Metadata-Flavor:Google"` dev eth0
                      /var/run/nva/policy_based_routing.sh eth1
              [31m-[0m [0m      ip route add 192.168.0.0/16 via `curl http://metadata.google.internal/computeMetadata/v1/instance/network-interfaces/1/gateway -H "Metadata-Flavor:Google"` dev eth1
              [32m+[0m [0m      ip route add 10.0.0.0/8 via `curl http://metadata.google.internal/computeMetadata/v1/instance/network-interfaces/1/gateway -H "Metadata-Flavor:Google"` dev eth1
                      ip route add 172.16.0.0/12 via `curl http://metadata.google.internal/computeMetadata/v1/instance/network-interfaces/1/gateway -H "Metadata-Flavor:Google"` dev eth1
              [32m+[0m [0m      ip route add 192.168.0.0/16 via `curl http://metadata.google.internal/computeMetadata/v1/instance/network-interfaces/1/gateway -H "Metadata-Flavor:Google"` dev eth1
                      ip route add 10.128.64.0/19 via `curl http://metadata.google.internal/computeMetadata/v1/instance/network-interfaces/1/gateway -H "Metadata-Flavor:Google"` dev eth1
                      ip route add 10.128.96.0/19 via `curl http://metadata.google.internal/computeMetadata/v1/instance/network-interfaces/1/gateway -H "Metadata-Flavor:Google"` dev eth1
              [31m-[0m [0m      ip route add 10.0.0.0/8 via `curl http://metadata.google.internal/computeMetadata/v1/instance/network-interfaces/1/gateway -H "Metadata-Flavor:Google"` dev eth1
                  - path: /var/lib/docker/daemon.json
                    permissions: 0644
                    owner: root
                    content: |
                      {
                        "live-restore": true,
                        "storage-driver": "overlay2",
                        "log-opts": {
                          "max-size": "1024m"
                        }
                      }
                  - path: /etc/frr/frr.conf
                    permissions: 0644
                    owner: root
                    content: |
                      log syslog informational
                      no ipv6 forwarding
                      service integrated-vtysh-config
                      interface lo
                       ip address 10.128.0.102/32
                      route-map ALLOW-ALL permit 100
                      route-map PRIMARY permit 10
                        set metric 100
                      route-map SECONDARY permit 20
                        set metric 10100
                      route-map NVA-TO-NVA permit 30
                        set metric 50
                      router bgp 65514 view trusted
                       no bgp ebgp-requires-policy
                       no bgp network import-check
                       neighbor 10.128.64.201 remote-as 64515
                       neighbor 10.128.64.202 remote-as 64515
                       address-family ipv4 unicast
                        neighbor 10.128.64.201 activate
                        neighbor 10.128.64.201 soft-reconfiguration inbound
                        neighbor 10.128.64.202 activate
                        neighbor 10.128.64.202 soft-reconfiguration inbound
                        network 10.128.0.0/24 route-map PRIMARY
                        network 0.0.0.0/0 route-map PRIMARY
                        network 10.128.32.0/24 route-map SECONDARY
                       exit-address-family
                      router bgp 65514
                       bgp router-id 10.128.0.102
                       no bgp ebgp-requires-policy
                       no bgp network import-check
                       neighbor 10.128.32.101 remote-as 65513
                       neighbor 10.128.32.101 update-source lo
                       neighbor 10.128.32.101 ebgp-multihop 2
                       neighbor 10.128.32.101 next-hop-self
                       neighbor 10.128.32.102 remote-as 65513
                       neighbor 10.128.32.102 update-source lo
                       neighbor 10.128.32.102 ebgp-multihop 2
                       neighbor 10.128.32.102 next-hop-self
                       address-family ipv4 unicast
                        neighbor 10.128.32.101 activate
                        neighbor 10.128.32.101 soft-reconfiguration inbound
                        neighbor 10.128.32.102 activate
                        neighbor 10.128.32.102 soft-reconfiguration inbound
                        network 10.128.192.0/24 route-map NVA-TO-NVA
                        network 10.128.128.0/24 route-map NVA-TO-NVA
                        network 10.128.48.0/24 route-map NVA-TO-NVA
                       exit-address-family
                      router bgp 65514 view untrusted
                       no bgp ebgp-requires-policy
                       no bgp network import-check
                       neighbor 10.128.0.201 remote-as 64515
                       neighbor 10.128.0.202 remote-as 64515
                       address-family ipv4 unicast
                        neighbor 10.128.0.201 activate
                        neighbor 10.128.0.201 soft-reconfiguration inbound
                        neighbor 10.128.0.202 activate
                        neighbor 10.128.0.202 soft-reconfiguration inbound
                        network 10.128.64.0/24 route-map PRIMARY
                        network 10.0.0.0/8 route-map PRIMARY
                        network 172.16.0.0/12 route-map PRIMARY
                        network 192.168.0.0/16 route-map PRIMARY
                        network 10.128.96.0/24 route-map SECONDARY
                        network 10.128.128.0/24 route-map PRIMARY
                        network 10.128.48.0/24 route-map PRIMARY
                        network 10.128.192.0/24 route-map PRIMARY
                       exit-address-family
                      line vty
                  - path: /etc/frr/daemons
                    permissions: 0644
                    owner: root
                    content: |
                      zebra=no
                      bgpd=yes
                      ospfd=no
                      ospf6d=no
                      ripd=no
                      ripngd=no
                      isisd=no
                      pimd=no
                      ldpd=no
                      nhrpd=no
                      eigrpd=no
                      babeld=no
                      sharpd=no
                      staticd=no
                      pbrd=no
                      bfdd=no
                      fabricd=no
                      
                      #
                      # If this option is set the /etc/init.d/frr script automatically loads
                      # the config via "vtysh -b" when the servers are started.
                      # Check /etc/pam.d/frr if you intend to use "vtysh"!
                      #
                      vtysh_enable=yes
                      zebra_options="  -A 127.0.0.1 -s 90000000"
                      bgpd_options="   -A 127.0.0.1"
                      ospfd_options="  --daemon -A 127.0.0.1"
                      ospf6d_options=" --daemon -A ::1"
                      ripd_options="   --daemon -A 127.0.0.1"
                      ripngd_options=" --daemon -A ::1"
                      isisd_options="  --daemon -A 127.0.0.1"
                      pimd_options="  --daemon -A 127.0.0.1"
                      ldpd_options="  --daemon -A 127.0.0.1"
                      nhrpd_options="  --daemon -A 127.0.0.1"
                      eigrpd_options="  --daemon -A 127.0.0.1"
                      babeld_options="  --daemon -A 127.0.0.1"
                      sharpd_options="  --daemon -A 127.0.0.1"
                      staticd_options="  --daemon -A 127.0.0.1"
                      pbrd_options="  --daemon -A 127.0.0.1"
                      bfdd_options="  --daemon -A 127.0.0.1"
                      fabricd_options="  --daemon -A 127.0.0.1"
                      
                      #MAX_FDS=1024
                      # The list of daemons to watch is automatically generated by the init script.
                      #watchfrr_options=""
                      
                      # for debugging purposes, you can specify a "wrap" command to start instead
                      # of starting the daemon directly, e.g. to use valgrind on ospfd:
                      #   ospfd_wrap="/usr/bin/valgrind"
                      # or you can use "all_wrap" for all daemons, e.g. to use perf record:
                      #   all_wrap="/usr/bin/perf record --call-graph -"
                      # the normal daemon command is added to this at the end.
                  # squid container service
                  - path: /etc/systemd/system/frr.service
                    permissions: 0644
                    owner: root
                    content: |
                      [Unit]
                      Description=Start FRR container
                      After=gcr-online.target docker.socket
                      Wants=gcr-online.target docker.socket docker-events-collector.service
                
                      [Service]
                      Environment="HOME=/home/frr"
                      ExecStart=/usr/bin/docker run --rm --name=frr \
                        --privileged \
                        --network host \
                        -v /etc/frr:/etc/frr \
                        frrouting/frr
                      ExecStop=/usr/bin/docker stop frr
                      ExecStopPost=/usr/bin/docker rm frr
                
                bootcmd:
                  - systemctl start node-problem-detector
                
                runcmd:
                  - iptables -I INPUT 1 -p tcp -m tcp --dport 179 -m state --state NEW,ESTABLISHED -j ACCEPT
                  - systemctl daemon-reload
                  - systemctl start frr
                  - systemctl enable routing
                  - systemctl start routing
            EOT
        }
        [1m[0mname[0m[0m                      = "nva-ew1-c"
        [1m[0mtags[0m[0m                      = [
            "nva",
        ]
        [90m# (18 unchanged attributes hidden)[0m[0m

        [90m# (6 unchanged blocks hidden)[0m[0m
    }

[1m  # module.nva["europe-west4-b"].google_compute_instance.default[0][0m will be updated in-place[0m[0m
[0m  [33m~[0m[0m resource "google_compute_instance" "default" {
        [1m[0mid[0m[0m                        = "projects/tmp-prod-net-landing-0/zones/europe-west4-b/instances/nva-ew4-b"
      [33m~[0m [0m[1m[0mmetadata[0m[0m                  = {
          [33m~[0m [0m"user-data" = <<-EOT
                #cloud-config
                
                # Copyright 2022 Google LLC
                #
                # Licensed under the Apache License, Version 2.0 (the "License");
                # you may not use this file except in compliance with the License.
                # You may obtain a copy of the License at
                #
                #     https://www.apache.org/licenses/LICENSE-2.0
                #
                # Unless required by applicable law or agreed to in writing, software
                # distributed under the License is distributed on an "AS IS" BASIS,
                # WITHOUT WARRANTIES OR CONDITIONS OF ANY KIND, either express or implied.
                # See the License for the specific language governing permissions and
                # limitations under the License.
                
                users:
                - name: frr
                  uid: 2000
                
                write_files:
                
                  - path: /var/run/nva/ipprefix_by_netmask.sh
                    owner: root
                    permissions: 0744
                    content: |
                      #!/bin/bash
                      
                      # Copyright 2022 Google LLC
                      #
                      # Licensed under the Apache License, Version 2.0 (the "License");
                      # you may not use this file except in compliance with the License.
                      # You may obtain a copy of the License at
                      #
                      #      http://www.apache.org/licenses/LICENSE-2.0
                      #
                      # Unless required by applicable law or agreed to in writing, software
                      # distributed under the License is distributed on an "AS IS" BASIS,
                      # WITHOUT WARRANTIES OR CONDITIONS OF ANY KIND, either express or implied.
                      # See the License for the specific language governing permissions and
                      # limitations under the License.
                      
                      # https://stackoverflow.com/questions/50413579/bash-convert-netmask-in-cidr-notation
                      c=0 x=0$(printf '%o' ${1//./ })
                      while [ $x -gt 0 ]; do
                        let c+=$((x % 2)) 'x>>=1'
                      done
                      echo $c
                      
                
                  - path: /var/run/nva/policy_based_routing.sh
                    owner: root
                    permissions: 0744
                    content: |
                      #!/bin/bash
                      
                      # Copyright 2022 Google LLC
                      #
                      # Licensed under the Apache License, Version 2.0 (the "License");
                      # you may not use this file except in compliance with the License.
                      # You may obtain a copy of the License at
                      #
                      #      http://www.apache.org/licenses/LICENSE-2.0
                      #
                      # Unless required by applicable law or agreed to in writing, software
                      # distributed under the License is distributed on an "AS IS" BASIS,
                      # WITHOUT WARRANTIES OR CONDITIONS OF ANY KIND, either express or implied.
                      # See the License for the specific language governing permissions and
                      # limitations under the License.
                      
                      IF_NAME=$1
                      IP_LB=$(ip r show table local | grep "$IF_NAME proto 66" | cut -f 2 -d " ")
                      
                      # If there's a load balancer for this IF...
                      if [ ! -z $IP_LB ] 
                      then
                        IF_NUMBER=$(echo $IF_NAME | sed -e s/eth//)
                        IF_GW=$(curl http://metadata.google.internal/computeMetadata/v1/instance/network-interfaces/$IF_NUMBER/gateway -H "Metadata-Flavor: Google")
                        IF_IP=$(curl http://metadata.google.internal/computeMetadata/v1/instance/network-interfaces/$IF_NUMBER/ip -H "Metadata-Flavor: Google")
                        IF_NETMASK=$(curl http://metadata.google.internal/computeMetadata/v1/instance/network-interfaces/$IF_NUMBER/subnetmask -H "Metadata-Flavor: Google")
                        IF_IP_PREFIX=$(/var/run/nva/ipprefix_by_netmask.sh $IF_NETMASK)
                        grep -qxF "$((200 + $IF_NUMBER)) hc-$IF_NAME" /etc/iproute2/rt_tables || echo "$((200 + $IF_NUMBER)) hc-$IF_NAME" >>/etc/iproute2/rt_tables
                        ip route add $IF_GW src $IF_IP dev $IF_NAME table hc-$IF_NAME
                        ip route add default via $IF_GW dev $IF_NAME table hc-$IF_NAME
                        ip rule add from $IP_LB/32 table hc-$IF_NAME
                      fi
                      
                
                  - path: /etc/systemd/system/routing.service
                    permissions: 0644
                    owner: root
                    content: |
                      [Install]
                      WantedBy=multi-user.target
                      [Unit]
                      Description=Start routing
                      After=network-online.target
                      Wants=network-online.target
                      [Service]
                      ExecStart=/bin/sh -c "/var/run/nva/start-routing.sh"
                  - path: /var/run/nva/start-routing.sh
                    permissions: 0744
                    owner: root
                    content: |
                      iptables --policy FORWARD ACCEPT
                      /var/run/nva/policy_based_routing.sh eth0
                      ip route add 10.128.0.0/19 via `curl http://metadata.google.internal/computeMetadata/v1/instance/network-interfaces/0/gateway -H "Metadata-Flavor:Google"` dev eth0
                      ip route add 10.128.32.0/19 via `curl http://metadata.google.internal/computeMetadata/v1/instance/network-interfaces/0/gateway -H "Metadata-Flavor:Google"` dev eth0
                      /var/run/nva/policy_based_routing.sh eth1
              [31m-[0m [0m      ip route add 192.168.0.0/16 via `curl http://metadata.google.internal/computeMetadata/v1/instance/network-interfaces/1/gateway -H "Metadata-Flavor:Google"` dev eth1
              [32m+[0m [0m      ip route add 10.0.0.0/8 via `curl http://metadata.google.internal/computeMetadata/v1/instance/network-interfaces/1/gateway -H "Metadata-Flavor:Google"` dev eth1
                      ip route add 172.16.0.0/12 via `curl http://metadata.google.internal/computeMetadata/v1/instance/network-interfaces/1/gateway -H "Metadata-Flavor:Google"` dev eth1
              [32m+[0m [0m      ip route add 192.168.0.0/16 via `curl http://metadata.google.internal/computeMetadata/v1/instance/network-interfaces/1/gateway -H "Metadata-Flavor:Google"` dev eth1
                      ip route add 10.128.64.0/19 via `curl http://metadata.google.internal/computeMetadata/v1/instance/network-interfaces/1/gateway -H "Metadata-Flavor:Google"` dev eth1
                      ip route add 10.128.96.0/19 via `curl http://metadata.google.internal/computeMetadata/v1/instance/network-interfaces/1/gateway -H "Metadata-Flavor:Google"` dev eth1
              [31m-[0m [0m      ip route add 10.0.0.0/8 via `curl http://metadata.google.internal/computeMetadata/v1/instance/network-interfaces/1/gateway -H "Metadata-Flavor:Google"` dev eth1
                  - path: /var/lib/docker/daemon.json
                    permissions: 0644
                    owner: root
                    content: |
                      {
                        "live-restore": true,
                        "storage-driver": "overlay2",
                        "log-opts": {
                          "max-size": "1024m"
                        }
                      }
                  - path: /etc/frr/frr.conf
                    permissions: 0644
                    owner: root
                    content: |
                      log syslog informational
                      no ipv6 forwarding
                      service integrated-vtysh-config
                      interface lo
                       ip address 10.128.32.101/32
                      route-map ALLOW-ALL permit 100
                      route-map PRIMARY permit 10
                        set metric 100
                      route-map SECONDARY permit 10
                        set metric 10100
                      route-map NVA-TO-NVA permit 30
                        set metric 50
                      router bgp 65513 view trusted
                       no bgp ebgp-requires-policy
                       no bgp network import-check
                       neighbor 10.128.96.201 remote-as 64515
                       neighbor 10.128.96.202 remote-as 64515
                       neighbor 10.128.64.101 remote-as 64514
                       neighbor 10.128.64.102 remote-as 64514
                       address-family ipv4 unicast
                        neighbor 10.128.96.201 soft-reconfiguration inbound 
                        neighbor 10.128.96.202 soft-reconfiguration inbound
                        network 10.128.0.0/24 route-map SECONDARY
                        network 10.128.32.0/24 route-map PRIMARY
                        network 0.0.0.0/0 route-map PRIMARY
                       exit-address-family
                      router bgp 65513
                       bgp router-id 10.128.32.101
                       no bgp ebgp-requires-policy
                       no bgp network import-check
                       neighbor 10.128.0.101 remote-as 65514
                       neighbor 10.128.0.101 update-source lo
                       neighbor 10.128.0.101 ebgp-multihop 2
                       neighbor 10.128.0.101 next-hop-self
                       neighbor 10.128.0.102 remote-as 65514
                       neighbor 10.128.0.102 update-source lo
                       neighbor 10.128.0.102 ebgp-multihop 2
                       neighbor 10.128.0.102 next-hop-self
                       address-family ipv4 unicast
                        neighbor 10.128.0.101 activate
                        neighbor 10.128.0.101 soft-reconfiguration inbound
                        neighbor 10.128.0.102 activate
                        neighbor 10.128.0.102 soft-reconfiguration inbound
                        network 10.128.224.0/24 route-map NVA-TO-NVA
                        network 10.128.160.0/24 route-map NVA-TO-NVA
                       exit-address-family
                      router bgp 65513 view untrusted
                       no bgp ebgp-requires-policy
                       no bgp network import-check
                       neighbor 10.128.32.201 remote-as 64515
                       neighbor 10.128.32.202 remote-as 64515
                       address-family ipv4 unicast
                        neighbor 10.128.32.201 soft-reconfiguration inbound
                        neighbor 10.128.32.202 soft-reconfiguration inbound
                        network 10.128.64.0/24 route-map SECONDARY
                        network 10.128.96.0/24 route-map PRIMARY
                        network 10.0.0.0/8 route-map PRIMARY
                        network 172.16.0.0/12 route-map PRIMARY
                        network 192.168.0.0/16 route-map PRIMARY
                        network 10.128.224.0/24 route-map PRIMARY
                        network 10.128.160.0/24 route-map PRIMARY
                       exit-address-family
                      line vty
                  - path: /etc/frr/daemons
                    permissions: 0644
                    owner: root
                    content: |
                      zebra=no
                      bgpd=yes
                      ospfd=no
                      ospf6d=no
                      ripd=no
                      ripngd=no
                      isisd=no
                      pimd=no
                      ldpd=no
                      nhrpd=no
                      eigrpd=no
                      babeld=no
                      sharpd=no
                      staticd=no
                      pbrd=no
                      bfdd=no
                      fabricd=no
                      
                      #
                      # If this option is set the /etc/init.d/frr script automatically loads
                      # the config via "vtysh -b" when the servers are started.
                      # Check /etc/pam.d/frr if you intend to use "vtysh"!
                      #
                      vtysh_enable=yes
                      zebra_options="  -A 127.0.0.1 -s 90000000"
                      bgpd_options="   -A 127.0.0.1"
                      ospfd_options="  --daemon -A 127.0.0.1"
                      ospf6d_options=" --daemon -A ::1"
                      ripd_options="   --daemon -A 127.0.0.1"
                      ripngd_options=" --daemon -A ::1"
                      isisd_options="  --daemon -A 127.0.0.1"
                      pimd_options="  --daemon -A 127.0.0.1"
                      ldpd_options="  --daemon -A 127.0.0.1"
                      nhrpd_options="  --daemon -A 127.0.0.1"
                      eigrpd_options="  --daemon -A 127.0.0.1"
                      babeld_options="  --daemon -A 127.0.0.1"
                      sharpd_options="  --daemon -A 127.0.0.1"
                      staticd_options="  --daemon -A 127.0.0.1"
                      pbrd_options="  --daemon -A 127.0.0.1"
                      bfdd_options="  --daemon -A 127.0.0.1"
                      fabricd_options="  --daemon -A 127.0.0.1"
                      
                      #MAX_FDS=1024
                      # The list of daemons to watch is automatically generated by the init script.
                      #watchfrr_options=""
                      
                      # for debugging purposes, you can specify a "wrap" command to start instead
                      # of starting the daemon directly, e.g. to use valgrind on ospfd:
                      #   ospfd_wrap="/usr/bin/valgrind"
                      # or you can use "all_wrap" for all daemons, e.g. to use perf record:
                      #   all_wrap="/usr/bin/perf record --call-graph -"
                      # the normal daemon command is added to this at the end.
                  # squid container service
                  - path: /etc/systemd/system/frr.service
                    permissions: 0644
                    owner: root
                    content: |
                      [Unit]
                      Description=Start FRR container
                      After=gcr-online.target docker.socket
                      Wants=gcr-online.target docker.socket docker-events-collector.service
                
                      [Service]
                      Environment="HOME=/home/frr"
                      ExecStart=/usr/bin/docker run --rm --name=frr \
                        --privileged \
                        --network host \
                        -v /etc/frr:/etc/frr \
                        frrouting/frr
                      ExecStop=/usr/bin/docker stop frr
                      ExecStopPost=/usr/bin/docker rm frr
                
                bootcmd:
                  - systemctl start node-problem-detector
                
                runcmd:
                  - iptables -I INPUT 1 -p tcp -m tcp --dport 179 -m state --state NEW,ESTABLISHED -j ACCEPT
                  - systemctl daemon-reload
                  - systemctl start frr
                  - systemctl enable routing
                  - systemctl start routing
            EOT
        }
        [1m[0mname[0m[0m                      = "nva-ew4-b"
        [1m[0mtags[0m[0m                      = [
            "nva",
        ]
        [90m# (18 unchanged attributes hidden)[0m[0m

        [90m# (6 unchanged blocks hidden)[0m[0m
    }

[1m  # module.nva["europe-west4-c"].google_compute_instance.default[0][0m will be updated in-place[0m[0m
[0m  [33m~[0m[0m resource "google_compute_instance" "default" {
        [1m[0mid[0m[0m                        = "projects/tmp-prod-net-landing-0/zones/europe-west4-c/instances/nva-ew4-c"
      [33m~[0m [0m[1m[0mmetadata[0m[0m                  = {
          [33m~[0m [0m"user-data" = <<-EOT
                #cloud-config
                
                # Copyright 2022 Google LLC
                #
                # Licensed under the Apache License, Version 2.0 (the "License");
                # you may not use this file except in compliance with the License.
                # You may obtain a copy of the License at
                #
                #     https://www.apache.org/licenses/LICENSE-2.0
                #
                # Unless required by applicable law or agreed to in writing, software
                # distributed under the License is distributed on an "AS IS" BASIS,
                # WITHOUT WARRANTIES OR CONDITIONS OF ANY KIND, either express or implied.
                # See the License for the specific language governing permissions and
                # limitations under the License.
                
                users:
                - name: frr
                  uid: 2000
                
                write_files:
                
                  - path: /var/run/nva/ipprefix_by_netmask.sh
                    owner: root
                    permissions: 0744
                    content: |
                      #!/bin/bash
                      
                      # Copyright 2022 Google LLC
                      #
                      # Licensed under the Apache License, Version 2.0 (the "License");
                      # you may not use this file except in compliance with the License.
                      # You may obtain a copy of the License at
                      #
                      #      http://www.apache.org/licenses/LICENSE-2.0
                      #
                      # Unless required by applicable law or agreed to in writing, software
                      # distributed under the License is distributed on an "AS IS" BASIS,
                      # WITHOUT WARRANTIES OR CONDITIONS OF ANY KIND, either express or implied.
                      # See the License for the specific language governing permissions and
                      # limitations under the License.
                      
                      # https://stackoverflow.com/questions/50413579/bash-convert-netmask-in-cidr-notation
                      c=0 x=0$(printf '%o' ${1//./ })
                      while [ $x -gt 0 ]; do
                        let c+=$((x % 2)) 'x>>=1'
                      done
                      echo $c
                      
                
                  - path: /var/run/nva/policy_based_routing.sh
                    owner: root
                    permissions: 0744
                    content: |
                      #!/bin/bash
                      
                      # Copyright 2022 Google LLC
                      #
                      # Licensed under the Apache License, Version 2.0 (the "License");
                      # you may not use this file except in compliance with the License.
                      # You may obtain a copy of the License at
                      #
                      #      http://www.apache.org/licenses/LICENSE-2.0
                      #
                      # Unless required by applicable law or agreed to in writing, software
                      # distributed under the License is distributed on an "AS IS" BASIS,
                      # WITHOUT WARRANTIES OR CONDITIONS OF ANY KIND, either express or implied.
                      # See the License for the specific language governing permissions and
                      # limitations under the License.
                      
                      IF_NAME=$1
                      IP_LB=$(ip r show table local | grep "$IF_NAME proto 66" | cut -f 2 -d " ")
                      
                      # If there's a load balancer for this IF...
                      if [ ! -z $IP_LB ] 
                      then
                        IF_NUMBER=$(echo $IF_NAME | sed -e s/eth//)
                        IF_GW=$(curl http://metadata.google.internal/computeMetadata/v1/instance/network-interfaces/$IF_NUMBER/gateway -H "Metadata-Flavor: Google")
                        IF_IP=$(curl http://metadata.google.internal/computeMetadata/v1/instance/network-interfaces/$IF_NUMBER/ip -H "Metadata-Flavor: Google")
                        IF_NETMASK=$(curl http://metadata.google.internal/computeMetadata/v1/instance/network-interfaces/$IF_NUMBER/subnetmask -H "Metadata-Flavor: Google")
                        IF_IP_PREFIX=$(/var/run/nva/ipprefix_by_netmask.sh $IF_NETMASK)
                        grep -qxF "$((200 + $IF_NUMBER)) hc-$IF_NAME" /etc/iproute2/rt_tables || echo "$((200 + $IF_NUMBER)) hc-$IF_NAME" >>/etc/iproute2/rt_tables
                        ip route add $IF_GW src $IF_IP dev $IF_NAME table hc-$IF_NAME
                        ip route add default via $IF_GW dev $IF_NAME table hc-$IF_NAME
                        ip rule add from $IP_LB/32 table hc-$IF_NAME
                      fi
                      
                
                  - path: /etc/systemd/system/routing.service
                    permissions: 0644
                    owner: root
                    content: |
                      [Install]
                      WantedBy=multi-user.target
                      [Unit]
                      Description=Start routing
                      After=network-online.target
                      Wants=network-online.target
                      [Service]
                      ExecStart=/bin/sh -c "/var/run/nva/start-routing.sh"
                  - path: /var/run/nva/start-routing.sh
                    permissions: 0744
                    owner: root
                    content: |
                      iptables --policy FORWARD ACCEPT
                      /var/run/nva/policy_based_routing.sh eth0
                      ip route add 10.128.0.0/19 via `curl http://metadata.google.internal/computeMetadata/v1/instance/network-interfaces/0/gateway -H "Metadata-Flavor:Google"` dev eth0
                      ip route add 10.128.32.0/19 via `curl http://metadata.google.internal/computeMetadata/v1/instance/network-interfaces/0/gateway -H "Metadata-Flavor:Google"` dev eth0
                      /var/run/nva/policy_based_routing.sh eth1
              [31m-[0m [0m      ip route add 192.168.0.0/16 via `curl http://metadata.google.internal/computeMetadata/v1/instance/network-interfaces/1/gateway -H "Metadata-Flavor:Google"` dev eth1
              [32m+[0m [0m      ip route add 10.0.0.0/8 via `curl http://metadata.google.internal/computeMetadata/v1/instance/network-interfaces/1/gateway -H "Metadata-Flavor:Google"` dev eth1
                      ip route add 172.16.0.0/12 via `curl http://metadata.google.internal/computeMetadata/v1/instance/network-interfaces/1/gateway -H "Metadata-Flavor:Google"` dev eth1
              [32m+[0m [0m      ip route add 192.168.0.0/16 via `curl http://metadata.google.internal/computeMetadata/v1/instance/network-interfaces/1/gateway -H "Metadata-Flavor:Google"` dev eth1
                      ip route add 10.128.64.0/19 via `curl http://metadata.google.internal/computeMetadata/v1/instance/network-interfaces/1/gateway -H "Metadata-Flavor:Google"` dev eth1
                      ip route add 10.128.96.0/19 via `curl http://metadata.google.internal/computeMetadata/v1/instance/network-interfaces/1/gateway -H "Metadata-Flavor:Google"` dev eth1
              [31m-[0m [0m      ip route add 10.0.0.0/8 via `curl http://metadata.google.internal/computeMetadata/v1/instance/network-interfaces/1/gateway -H "Metadata-Flavor:Google"` dev eth1
                  - path: /var/lib/docker/daemon.json
                    permissions: 0644
                    owner: root
                    content: |
                      {
                        "live-restore": true,
                        "storage-driver": "overlay2",
                        "log-opts": {
                          "max-size": "1024m"
                        }
                      }
                  - path: /etc/frr/frr.conf
                    permissions: 0644
                    owner: root
                    content: |
                      log syslog informational
                      no ipv6 forwarding
                      service integrated-vtysh-config
                      interface lo
                       ip address 10.128.32.102/32
                      route-map ALLOW-ALL permit 100
                      route-map PRIMARY permit 10
                        set metric 100
                      route-map SECONDARY permit 10
                        set metric 10100
                      route-map NVA-TO-NVA permit 30
                        set metric 50
                      router bgp 65513 view trusted
                       no bgp ebgp-requires-policy
                       no bgp network import-check
                       neighbor 10.128.96.201 remote-as 64515
                       neighbor 10.128.96.202 remote-as 64515
                       neighbor 10.128.64.101 remote-as 64514
                       neighbor 10.128.64.102 remote-as 64514
                       address-family ipv4 unicast
                        neighbor 10.128.96.201 soft-reconfiguration inbound 
                        neighbor 10.128.96.202 soft-reconfiguration inbound
                        network 10.128.0.0/24 route-map SECONDARY
                        network 10.128.32.0/24 route-map PRIMARY
                        network 0.0.0.0/0 route-map PRIMARY
                       exit-address-family
                      router bgp 65513
                       bgp router-id 10.128.32.102
                       no bgp ebgp-requires-policy
                       no bgp network import-check
                       neighbor 10.128.0.101 remote-as 65514
                       neighbor 10.128.0.101 update-source lo
                       neighbor 10.128.0.101 ebgp-multihop 2
                       neighbor 10.128.0.101 next-hop-self
                       neighbor 10.128.0.102 remote-as 65514
                       neighbor 10.128.0.102 update-source lo
                       neighbor 10.128.0.102 ebgp-multihop 2
                       neighbor 10.128.0.102 next-hop-self
                       address-family ipv4 unicast
                        neighbor 10.128.0.101 activate
                        neighbor 10.128.0.101 soft-reconfiguration inbound
                        neighbor 10.128.0.102 activate
                        neighbor 10.128.0.102 soft-reconfiguration inbound
                        network 10.128.224.0/24 route-map NVA-TO-NVA
                        network 10.128.160.0/24 route-map NVA-TO-NVA
                       exit-address-family
                      router bgp 65513 view untrusted
                       no bgp ebgp-requires-policy
                       no bgp network import-check
                       neighbor 10.128.32.201 remote-as 64515
                       neighbor 10.128.32.202 remote-as 64515
                       address-family ipv4 unicast
                        neighbor 10.128.32.201 soft-reconfiguration inbound
                        neighbor 10.128.32.202 soft-reconfiguration inbound
                        network 10.128.64.0/24 route-map SECONDARY
                        network 10.128.96.0/24 route-map PRIMARY
                        network 10.0.0.0/8 route-map PRIMARY
                        network 172.16.0.0/12 route-map PRIMARY
                        network 192.168.0.0/16 route-map PRIMARY
                        network 10.128.224.0/24 route-map PRIMARY
                        network 10.128.160.0/24 route-map PRIMARY
                       exit-address-family
                      line vty
                  - path: /etc/frr/daemons
                    permissions: 0644
                    owner: root
                    content: |
                      zebra=no
                      bgpd=yes
                      ospfd=no
                      ospf6d=no
                      ripd=no
                      ripngd=no
                      isisd=no
                      pimd=no
                      ldpd=no
                      nhrpd=no
                      eigrpd=no
                      babeld=no
                      sharpd=no
                      staticd=no
                      pbrd=no
                      bfdd=no
                      fabricd=no
                      
                      #
                      # If this option is set the /etc/init.d/frr script automatically loads
                      # the config via "vtysh -b" when the servers are started.
                      # Check /etc/pam.d/frr if you intend to use "vtysh"!
                      #
                      vtysh_enable=yes
                      zebra_options="  -A 127.0.0.1 -s 90000000"
                      bgpd_options="   -A 127.0.0.1"
                      ospfd_options="  --daemon -A 127.0.0.1"
                      ospf6d_options=" --daemon -A ::1"
                      ripd_options="   --daemon -A 127.0.0.1"
                      ripngd_options=" --daemon -A ::1"
                      isisd_options="  --daemon -A 127.0.0.1"
                      pimd_options="  --daemon -A 127.0.0.1"
                      ldpd_options="  --daemon -A 127.0.0.1"
                      nhrpd_options="  --daemon -A 127.0.0.1"
                      eigrpd_options="  --daemon -A 127.0.0.1"
                      babeld_options="  --daemon -A 127.0.0.1"
                      sharpd_options="  --daemon -A 127.0.0.1"
                      staticd_options="  --daemon -A 127.0.0.1"
                      pbrd_options="  --daemon -A 127.0.0.1"
                      bfdd_options="  --daemon -A 127.0.0.1"
                      fabricd_options="  --daemon -A 127.0.0.1"
                      
                      #MAX_FDS=1024
                      # The list of daemons to watch is automatically generated by the init script.
                      #watchfrr_options=""
                      
                      # for debugging purposes, you can specify a "wrap" command to start instead
                      # of starting the daemon directly, e.g. to use valgrind on ospfd:
                      #   ospfd_wrap="/usr/bin/valgrind"
                      # or you can use "all_wrap" for all daemons, e.g. to use perf record:
                      #   all_wrap="/usr/bin/perf record --call-graph -"
                      # the normal daemon command is added to this at the end.
                  # squid container service
                  - path: /etc/systemd/system/frr.service
                    permissions: 0644
                    owner: root
                    content: |
                      [Unit]
                      Description=Start FRR container
                      After=gcr-online.target docker.socket
                      Wants=gcr-online.target docker.socket docker-events-collector.service
                
                      [Service]
                      Environment="HOME=/home/frr"
                      ExecStart=/usr/bin/docker run --rm --name=frr \
                        --privileged \
                        --network host \
                        -v /etc/frr:/etc/frr \
                        frrouting/frr
                      ExecStop=/usr/bin/docker stop frr
                      ExecStopPost=/usr/bin/docker rm frr
                
                bootcmd:
                  - systemctl start node-problem-detector
                
                runcmd:
                  - iptables -I INPUT 1 -p tcp -m tcp --dport 179 -m state --state NEW,ESTABLISHED -j ACCEPT
                  - systemctl daemon-reload
                  - systemctl start frr
                  - systemctl enable routing
                  - systemctl start routing
            EOT
        }
        [1m[0mname[0m[0m                      = "nva-ew4-c"
        [1m[0mtags[0m[0m                      = [
            "nva",
        ]
        [90m# (18 unchanged attributes hidden)[0m[0m

        [90m# (6 unchanged blocks hidden)[0m[0m
    }

[0m[1mPlan:[0m 26 to add, 8 to change, 20 to destroy.
[0m[0m
[1mChanges to Outputs:[0m[0m
  [33m~[0m [0m[1m[0mvpn_gateway_endpoints[0m[0m = {
      [31m-[0m [0monprem-ew1       = {
          [31m-[0m [0m"0" = "35.242.81.177"
          [31m-[0m [0m"1" = "35.220.114.221"
        } [90m->[0m [0m[90mnull[0m[0m
      [31m-[0m [0monprem-ew4       = {
          [31m-[0m [0m"0" = "34.157.81.181"
          [31m-[0m [0m"1" = "34.157.222.31"
        } [90m->[0m [0m[90mnull[0m[0m
      [32m+[0m [0monprem-primary   = {
          [32m+[0m [0m"0" = "35.242.81.177"
          [32m+[0m [0m"1" = "35.220.114.221"
        }
      [32m+[0m [0monprem-secondary = {
          [32m+[0m [0m"0" = "34.157.81.181"
          [32m+[0m [0m"1" = "34.157.222.31"
        }
    }
[33m╷[0m[0m
[33m│[0m [0m[1m[33mWarning: [0m[0m[1mValue for undeclared variable[0m
[33m│[0m [0m
[33m│[0m [0m[0mThe root module does not declare a variable named "locations" but a value was found in file "globals.auto.tfvars.json". If you meant to use this value, add a "variable" block to the
[33m│[0m [0mconfiguration.
[33m│[0m [0m
[33m│[0m [0mTo silence these warnings, use TF_VAR_... environment variables to provide certain "global" settings to all configurations in your organization. To reduce the verbosity of these
[33m│[0m [0mwarnings, use the -compact-warnings option.
[33m╵[0m[0m
[33m╷[0m[0m
[33m│[0m [0m[1m[33mWarning: [0m[0m[1mValue for undeclared variable[0m
[33m│[0m [0m
[33m│[0m [0m[0mThe root module does not declare a variable named "groups" but a value was found in file "globals.auto.tfvars.json". If you meant to use this value, add a "variable" block to the
[33m│[0m [0mconfiguration.
[33m│[0m [0m
[33m│[0m [0mTo silence these warnings, use TF_VAR_... environment variables to provide certain "global" settings to all configurations in your organization. To reduce the verbosity of these
[33m│[0m [0mwarnings, use the -compact-warnings option.
[33m╵[0m[0m
[33m╷[0m[0m
[33m│[0m [0m[1m[33mWarning: [0m[0m[1mValues for undeclared variables[0m
[33m│[0m [0m
[33m│[0m [0m[0mIn addition to the other similar warnings shown, 2 other variable(s) defined without being declared.
[33m╵[0m[0m
[90m
─────────────────────────────────────────────────────────────────────────────[0m

Saved the plan to: state.out

To perform exactly these actions, run the following command to apply:
    terraform apply "state.out"
